{
  "version": 4,
  "terraform_version": "0.14.7",
  "serial": 2900,
  "lineage": "8c3850ff-1fe3-3cab-273e-6d078c57db8e",
  "outputs": {
    "project": {
      "value": "jk-mlops-dev",
      "type": "string"
    },
    "server_cluster_name": {
      "value": "tff-server",
      "type": "string"
    }
  },
  "resources": [
    {
      "mode": "data",
      "type": "google_client_config",
      "name": "current",
      "provider": "provider[\"registry.terraform.io/hashicorp/google\"]",
      "instances": [
        {
          "schema_version": 0,
          "attributes": {
            "access_token": "ya29.A0AfH6SMC7kno7ALprv77YGBaAUeri-1BPfM5yJjpB3iwSivnBSgLlUOEL84bfdxI1LZbJSt-ZDUtpLUbm-fazPqk6IkKxxdP_jIsgXWdtS4gX0JJNtFIhYmXSLfWS1T4oTZpyYhnno-ykmSbQ8vzRjzATb1sxAt3AT17tpvYi7Sqax5Jy87RD3Q73IJS5RjOqpG1QdBex-GiSJb2LbyhxdZgHhtxIETirzptAaZG5LnwQioFx4PjHLi7d-kiey7jHcA8gGnM",
            "id": "projects/jk-mlops-dev/regions/us-west1/zones/",
            "project": "jk-mlops-dev",
            "region": "us-west1",
            "zone": ""
          },
          "sensitive_attributes": []
        }
      ]
    },
    {
      "mode": "data",
      "type": "google_project",
      "name": "project",
      "provider": "provider[\"registry.terraform.io/hashicorp/google\"]",
      "instances": [
        {
          "schema_version": 0,
          "attributes": {
            "auto_create_network": null,
            "billing_account": "010FB8-631655-447437",
            "folder_id": "",
            "id": "projects/jk-mlops-dev",
            "labels": {},
            "name": "jk-mlops-dev",
            "number": "895222332033",
            "org_id": "29428042487",
            "project_id": "jk-mlops-dev",
            "skip_delete": null
          },
          "sensitive_attributes": []
        }
      ]
    },
    {
      "module": "module.acm-clients[0].module.acm_operator",
      "mode": "data",
      "type": "template_file",
      "name": "k8sop_config",
      "provider": "provider[\"registry.terraform.io/hashicorp/template\"]",
      "instances": [
        {
          "schema_version": 0,
          "attributes": {
            "filename": null,
            "id": "dcf4b8b7128482a7e541479671e3ac081be540abc14c7f542a6221774e1ca311",
            "rendered": "apiVersion: configmanagement.gke.io/v1\nkind: ConfigManagement\nmetadata:\n  name: config-management\nspec:\n  # clusterName is required and must be unique among all managed clusters\n  clusterName: tff-client-0\n  policyController:\n    enabled: true\n    templateLibraryInstalled: true\n    logDeniesEnabled: false\n  git:\n    syncRepo: https://github.com/jarokaz/tff/\n    secretType: none\n    policyDir: acm-dir\n    syncBranch: main\n  \n  \n",
            "template": "apiVersion: configmanagement.gke.io/v1\nkind: ConfigManagement\nmetadata:\n  name: config-management\nspec:\n  # clusterName is required and must be unique among all managed clusters\n  clusterName: ${cluster_name}\n  policyController:\n    enabled: ${enable_policy_controller}\n    templateLibraryInstalled: ${install_template_library}\n    logDeniesEnabled: ${enable_log_denies}\n  git:\n    syncRepo: ${sync_repo}\n    secretType: ${secret_type}\n    ${policy_dir_node}\n    ${sync_branch_node}\n  ${source_format_node}\n  ${hierarchy_controller_map_node}\n",
            "vars": {
              "cluster_name": "tff-client-0",
              "enable_log_denies": "false",
              "enable_policy_controller": "true",
              "hierarchy_controller_map_node": "",
              "install_template_library": "true",
              "policy_dir_node": "policyDir: acm-dir",
              "secret_type": "none",
              "source_format_node": "",
              "sync_branch_node": "syncBranch: main",
              "sync_repo": "https://github.com/jarokaz/tff/"
            }
          },
          "sensitive_attributes": []
        }
      ]
    },
    {
      "module": "module.acm-clients[0].module.acm_operator.module.k8s_operator.module.gcloud_kubectl",
      "mode": "data",
      "type": "external",
      "name": "env_override",
      "provider": "provider[\"registry.terraform.io/hashicorp/external\"]",
      "instances": [
        {
          "index_key": 0,
          "schema_version": 0,
          "attributes": {
            "id": "-",
            "program": [
              ".terraform/modules/acm-clients.acm_operator.k8s_operator/terraform-google-gcloud-2.0.3/scripts/check_env.sh"
            ],
            "query": null,
            "result": {
              "download": ""
            },
            "working_dir": null
          },
          "sensitive_attributes": []
        }
      ]
    },
    {
      "module": "module.acm-clients[0].module.acm_operator.module.k8s_operator.module.gcloud_kubectl",
      "mode": "managed",
      "type": "null_resource",
      "name": "additional_components",
      "provider": "provider[\"registry.terraform.io/hashicorp/null\"]",
      "instances": [
        {
          "index_key": 0,
          "schema_version": 0,
          "attributes": {
            "id": "6317245442886363566",
            "triggers": {
              "additional_components_command": ".terraform/modules/acm-clients.acm_operator.k8s_operator/terraform-google-gcloud-2.0.3/scripts/check_components.sh gcloud kubectl",
              "arguments": "0d19ba55102a64afc7b1f562fde94021",
              "md5": "352ffea85252263f4f6b54fa4bb8ffb3"
            }
          },
          "sensitive_attributes": [],
          "private": "bnVsbA==",
          "dependencies": [
            "data.google_client_config.current",
            "data.google_project.project",
            "module.acm-clients.module.acm_operator.module.k8s_operator.module.gcloud_kubectl.data.external.env_override",
            "module.acm-clients.module.acm_operator.module.k8s_operator.module.gcloud_kubectl.null_resource.upgrade",
            "module.acm-clients.module.acm_operator.module.k8s_operator.module.gcloud_kubectl.random_id.cache",
            "module.client-clusters.data.google_client_config.default",
            "module.client-clusters.data.google_compute_subnetwork.gke_subnetwork",
            "module.client-clusters.data.google_compute_zones.available",
            "module.client-clusters.data.google_container_engine_versions.region",
            "module.client-clusters.data.google_container_engine_versions.zone",
            "module.client-clusters.google_compute_firewall.intra_egress",
            "module.client-clusters.google_compute_firewall.master_webhooks",
            "module.client-clusters.google_compute_firewall.shadow_allow_master",
            "module.client-clusters.google_compute_firewall.shadow_allow_nodes",
            "module.client-clusters.google_compute_firewall.shadow_allow_pods",
            "module.client-clusters.google_container_cluster.primary",
            "module.client-clusters.google_container_node_pool.pools",
            "module.client-clusters.google_project_iam_member.cluster_service_account-artifact-registry",
            "module.client-clusters.google_project_iam_member.cluster_service_account-gcr",
            "module.client-clusters.google_project_iam_member.cluster_service_account-log_writer",
            "module.client-clusters.google_project_iam_member.cluster_service_account-metric_writer",
            "module.client-clusters.google_project_iam_member.cluster_service_account-monitoring_viewer",
            "module.client-clusters.google_project_iam_member.cluster_service_account-resourceMetadata-writer",
            "module.client-clusters.google_service_account.cluster_service_account",
            "module.client-clusters.kubernetes_config_map.ip-masq-agent",
            "module.client-clusters.kubernetes_config_map.kube-dns",
            "module.client-clusters.kubernetes_config_map.kube-dns-upstream-nameservers-and-stub-domains",
            "module.client-clusters.kubernetes_config_map.kube-dns-upstream-namservers",
            "module.client-clusters.module.gcloud_delete_default_kube_dns_configmap.module.gcloud_kubectl.data.external.env_override",
            "module.client-clusters.module.gcloud_delete_default_kube_dns_configmap.module.gcloud_kubectl.null_resource.additional_components",
            "module.client-clusters.module.gcloud_delete_default_kube_dns_configmap.module.gcloud_kubectl.null_resource.additional_components_destroy",
            "module.client-clusters.module.gcloud_delete_default_kube_dns_configmap.module.gcloud_kubectl.null_resource.decompress",
            "module.client-clusters.module.gcloud_delete_default_kube_dns_configmap.module.gcloud_kubectl.null_resource.decompress_destroy",
            "module.client-clusters.module.gcloud_delete_default_kube_dns_configmap.module.gcloud_kubectl.null_resource.download_gcloud",
            "module.client-clusters.module.gcloud_delete_default_kube_dns_configmap.module.gcloud_kubectl.null_resource.download_jq",
            "module.client-clusters.module.gcloud_delete_default_kube_dns_configmap.module.gcloud_kubectl.null_resource.gcloud_auth_google_credentials",
            "module.client-clusters.module.gcloud_delete_default_kube_dns_configmap.module.gcloud_kubectl.null_resource.gcloud_auth_google_credentials_destroy",
            "module.client-clusters.module.gcloud_delete_default_kube_dns_configmap.module.gcloud_kubectl.null_resource.gcloud_auth_service_account_key_file",
            "module.client-clusters.module.gcloud_delete_default_kube_dns_configmap.module.gcloud_kubectl.null_resource.gcloud_auth_service_account_key_file_destroy",
            "module.client-clusters.module.gcloud_delete_default_kube_dns_configmap.module.gcloud_kubectl.null_resource.module_depends_on",
            "module.client-clusters.module.gcloud_delete_default_kube_dns_configmap.module.gcloud_kubectl.null_resource.prepare_cache",
            "module.client-clusters.module.gcloud_delete_default_kube_dns_configmap.module.gcloud_kubectl.null_resource.run_command",
            "module.client-clusters.module.gcloud_delete_default_kube_dns_configmap.module.gcloud_kubectl.null_resource.run_destroy_command",
            "module.client-clusters.module.gcloud_delete_default_kube_dns_configmap.module.gcloud_kubectl.null_resource.upgrade",
            "module.client-clusters.module.gcloud_delete_default_kube_dns_configmap.module.gcloud_kubectl.null_resource.upgrade_destroy",
            "module.client-clusters.module.gcloud_delete_default_kube_dns_configmap.module.gcloud_kubectl.random_id.cache",
            "module.client-clusters.random_shuffle.available_zones",
            "module.client-clusters.random_string.cluster_service_account_suffix",
            "module.project-services.google_project_service.project_services"
          ]
        }
      ]
    },
    {
      "module": "module.acm-clients[0].module.acm_operator.module.k8s_operator.module.gcloud_kubectl",
      "mode": "managed",
      "type": "null_resource",
      "name": "additional_components_destroy",
      "provider": "provider[\"registry.terraform.io/hashicorp/null\"]",
      "instances": [
        {
          "index_key": 0,
          "schema_version": 0,
          "attributes": {
            "id": "3667576052288084171",
            "triggers": {
              "additional_components_command": ".terraform/modules/acm-clients.acm_operator.k8s_operator/terraform-google-gcloud-2.0.3/scripts/check_components.sh gcloud kubectl"
            }
          },
          "sensitive_attributes": [],
          "private": "bnVsbA==",
          "dependencies": [
            "data.google_client_config.current",
            "data.google_project.project",
            "module.acm-clients.module.acm_operator.module.k8s_operator.module.gcloud_kubectl.data.external.env_override",
            "module.acm-clients.module.acm_operator.module.k8s_operator.module.gcloud_kubectl.null_resource.additional_components",
            "module.acm-clients.module.acm_operator.module.k8s_operator.module.gcloud_kubectl.null_resource.decompress",
            "module.acm-clients.module.acm_operator.module.k8s_operator.module.gcloud_kubectl.null_resource.gcloud_auth_google_credentials",
            "module.acm-clients.module.acm_operator.module.k8s_operator.module.gcloud_kubectl.null_resource.gcloud_auth_service_account_key_file",
            "module.acm-clients.module.acm_operator.module.k8s_operator.module.gcloud_kubectl.null_resource.module_depends_on",
            "module.acm-clients.module.acm_operator.module.k8s_operator.module.gcloud_kubectl.null_resource.run_destroy_command",
            "module.acm-clients.module.acm_operator.module.k8s_operator.module.gcloud_kubectl.null_resource.upgrade",
            "module.acm-clients.module.acm_operator.module.k8s_operator.module.gcloud_kubectl.random_id.cache",
            "module.acm-clients.module.acm_operator.module.k8sop_manifest.null_resource.additional_components",
            "module.acm-clients.module.acm_operator.module.k8sop_manifest.null_resource.gcloud_auth_google_credentials",
            "module.acm-clients.module.acm_operator.module.k8sop_manifest.null_resource.gcloud_auth_service_account_key_file",
            "module.acm-clients.module.acm_operator.module.k8sop_manifest.null_resource.run_command",
            "module.acm-clients.module.acm_operator.module.k8sop_manifest.null_resource.run_destroy_command",
            "module.client-clusters.data.google_client_config.default",
            "module.client-clusters.data.google_compute_subnetwork.gke_subnetwork",
            "module.client-clusters.data.google_compute_zones.available",
            "module.client-clusters.data.google_container_engine_versions.region",
            "module.client-clusters.data.google_container_engine_versions.zone",
            "module.client-clusters.google_compute_firewall.intra_egress",
            "module.client-clusters.google_compute_firewall.master_webhooks",
            "module.client-clusters.google_compute_firewall.shadow_allow_master",
            "module.client-clusters.google_compute_firewall.shadow_allow_nodes",
            "module.client-clusters.google_compute_firewall.shadow_allow_pods",
            "module.client-clusters.google_container_cluster.primary",
            "module.client-clusters.google_container_node_pool.pools",
            "module.client-clusters.google_project_iam_member.cluster_service_account-artifact-registry",
            "module.client-clusters.google_project_iam_member.cluster_service_account-gcr",
            "module.client-clusters.google_project_iam_member.cluster_service_account-log_writer",
            "module.client-clusters.google_project_iam_member.cluster_service_account-metric_writer",
            "module.client-clusters.google_project_iam_member.cluster_service_account-monitoring_viewer",
            "module.client-clusters.google_project_iam_member.cluster_service_account-resourceMetadata-writer",
            "module.client-clusters.google_service_account.cluster_service_account",
            "module.client-clusters.kubernetes_config_map.ip-masq-agent",
            "module.client-clusters.kubernetes_config_map.kube-dns",
            "module.client-clusters.kubernetes_config_map.kube-dns-upstream-nameservers-and-stub-domains",
            "module.client-clusters.kubernetes_config_map.kube-dns-upstream-namservers",
            "module.client-clusters.module.gcloud_delete_default_kube_dns_configmap.module.gcloud_kubectl.data.external.env_override",
            "module.client-clusters.module.gcloud_delete_default_kube_dns_configmap.module.gcloud_kubectl.null_resource.additional_components",
            "module.client-clusters.module.gcloud_delete_default_kube_dns_configmap.module.gcloud_kubectl.null_resource.additional_components_destroy",
            "module.client-clusters.module.gcloud_delete_default_kube_dns_configmap.module.gcloud_kubectl.null_resource.decompress",
            "module.client-clusters.module.gcloud_delete_default_kube_dns_configmap.module.gcloud_kubectl.null_resource.decompress_destroy",
            "module.client-clusters.module.gcloud_delete_default_kube_dns_configmap.module.gcloud_kubectl.null_resource.download_gcloud",
            "module.client-clusters.module.gcloud_delete_default_kube_dns_configmap.module.gcloud_kubectl.null_resource.download_jq",
            "module.client-clusters.module.gcloud_delete_default_kube_dns_configmap.module.gcloud_kubectl.null_resource.gcloud_auth_google_credentials",
            "module.client-clusters.module.gcloud_delete_default_kube_dns_configmap.module.gcloud_kubectl.null_resource.gcloud_auth_google_credentials_destroy",
            "module.client-clusters.module.gcloud_delete_default_kube_dns_configmap.module.gcloud_kubectl.null_resource.gcloud_auth_service_account_key_file",
            "module.client-clusters.module.gcloud_delete_default_kube_dns_configmap.module.gcloud_kubectl.null_resource.gcloud_auth_service_account_key_file_destroy",
            "module.client-clusters.module.gcloud_delete_default_kube_dns_configmap.module.gcloud_kubectl.null_resource.module_depends_on",
            "module.client-clusters.module.gcloud_delete_default_kube_dns_configmap.module.gcloud_kubectl.null_resource.prepare_cache",
            "module.client-clusters.module.gcloud_delete_default_kube_dns_configmap.module.gcloud_kubectl.null_resource.run_command",
            "module.client-clusters.module.gcloud_delete_default_kube_dns_configmap.module.gcloud_kubectl.null_resource.run_destroy_command",
            "module.client-clusters.module.gcloud_delete_default_kube_dns_configmap.module.gcloud_kubectl.null_resource.upgrade",
            "module.client-clusters.module.gcloud_delete_default_kube_dns_configmap.module.gcloud_kubectl.null_resource.upgrade_destroy",
            "module.client-clusters.module.gcloud_delete_default_kube_dns_configmap.module.gcloud_kubectl.random_id.cache",
            "module.client-clusters.random_shuffle.available_zones",
            "module.client-clusters.random_string.cluster_service_account_suffix",
            "module.project-services.google_project_service.project_services"
          ]
        }
      ]
    },
    {
      "module": "module.acm-clients[0].module.acm_operator.module.k8s_operator.module.gcloud_kubectl",
      "mode": "managed",
      "type": "null_resource",
      "name": "module_depends_on",
      "provider": "provider[\"registry.terraform.io/hashicorp/null\"]",
      "instances": [
        {
          "index_key": 0,
          "schema_version": 0,
          "attributes": {
            "id": "3769493926088825521",
            "triggers": {
              "value": "2"
            }
          },
          "sensitive_attributes": [
            [
              {
                "type": "get_attr",
                "value": "triggers"
              },
              {
                "type": "index",
                "value": {
                  "value": "value",
                  "type": "string"
                }
              }
            ]
          ],
          "private": "bnVsbA==",
          "dependencies": [
            "data.google_client_config.current",
            "data.google_project.project",
            "module.acm-clients.module.acm_operator.module.k8sop_manifest.null_resource.additional_components",
            "module.acm-clients.module.acm_operator.module.k8sop_manifest.null_resource.gcloud_auth_google_credentials",
            "module.acm-clients.module.acm_operator.module.k8sop_manifest.null_resource.gcloud_auth_service_account_key_file",
            "module.acm-clients.module.acm_operator.module.k8sop_manifest.null_resource.run_command",
            "module.acm-clients.module.acm_operator.module.k8sop_manifest.null_resource.run_destroy_command",
            "module.client-clusters.data.google_client_config.default",
            "module.client-clusters.data.google_compute_subnetwork.gke_subnetwork",
            "module.client-clusters.data.google_compute_zones.available",
            "module.client-clusters.data.google_container_engine_versions.region",
            "module.client-clusters.data.google_container_engine_versions.zone",
            "module.client-clusters.google_compute_firewall.intra_egress",
            "module.client-clusters.google_compute_firewall.master_webhooks",
            "module.client-clusters.google_compute_firewall.shadow_allow_master",
            "module.client-clusters.google_compute_firewall.shadow_allow_nodes",
            "module.client-clusters.google_compute_firewall.shadow_allow_pods",
            "module.client-clusters.google_container_cluster.primary",
            "module.client-clusters.google_container_node_pool.pools",
            "module.client-clusters.google_project_iam_member.cluster_service_account-artifact-registry",
            "module.client-clusters.google_project_iam_member.cluster_service_account-gcr",
            "module.client-clusters.google_project_iam_member.cluster_service_account-log_writer",
            "module.client-clusters.google_project_iam_member.cluster_service_account-metric_writer",
            "module.client-clusters.google_project_iam_member.cluster_service_account-monitoring_viewer",
            "module.client-clusters.google_project_iam_member.cluster_service_account-resourceMetadata-writer",
            "module.client-clusters.google_service_account.cluster_service_account",
            "module.client-clusters.kubernetes_config_map.ip-masq-agent",
            "module.client-clusters.kubernetes_config_map.kube-dns",
            "module.client-clusters.kubernetes_config_map.kube-dns-upstream-nameservers-and-stub-domains",
            "module.client-clusters.kubernetes_config_map.kube-dns-upstream-namservers",
            "module.client-clusters.module.gcloud_delete_default_kube_dns_configmap.module.gcloud_kubectl.data.external.env_override",
            "module.client-clusters.module.gcloud_delete_default_kube_dns_configmap.module.gcloud_kubectl.null_resource.additional_components",
            "module.client-clusters.module.gcloud_delete_default_kube_dns_configmap.module.gcloud_kubectl.null_resource.additional_components_destroy",
            "module.client-clusters.module.gcloud_delete_default_kube_dns_configmap.module.gcloud_kubectl.null_resource.decompress",
            "module.client-clusters.module.gcloud_delete_default_kube_dns_configmap.module.gcloud_kubectl.null_resource.decompress_destroy",
            "module.client-clusters.module.gcloud_delete_default_kube_dns_configmap.module.gcloud_kubectl.null_resource.download_gcloud",
            "module.client-clusters.module.gcloud_delete_default_kube_dns_configmap.module.gcloud_kubectl.null_resource.download_jq",
            "module.client-clusters.module.gcloud_delete_default_kube_dns_configmap.module.gcloud_kubectl.null_resource.gcloud_auth_google_credentials",
            "module.client-clusters.module.gcloud_delete_default_kube_dns_configmap.module.gcloud_kubectl.null_resource.gcloud_auth_google_credentials_destroy",
            "module.client-clusters.module.gcloud_delete_default_kube_dns_configmap.module.gcloud_kubectl.null_resource.gcloud_auth_service_account_key_file",
            "module.client-clusters.module.gcloud_delete_default_kube_dns_configmap.module.gcloud_kubectl.null_resource.gcloud_auth_service_account_key_file_destroy",
            "module.client-clusters.module.gcloud_delete_default_kube_dns_configmap.module.gcloud_kubectl.null_resource.module_depends_on",
            "module.client-clusters.module.gcloud_delete_default_kube_dns_configmap.module.gcloud_kubectl.null_resource.prepare_cache",
            "module.client-clusters.module.gcloud_delete_default_kube_dns_configmap.module.gcloud_kubectl.null_resource.run_command",
            "module.client-clusters.module.gcloud_delete_default_kube_dns_configmap.module.gcloud_kubectl.null_resource.run_destroy_command",
            "module.client-clusters.module.gcloud_delete_default_kube_dns_configmap.module.gcloud_kubectl.null_resource.upgrade",
            "module.client-clusters.module.gcloud_delete_default_kube_dns_configmap.module.gcloud_kubectl.null_resource.upgrade_destroy",
            "module.client-clusters.module.gcloud_delete_default_kube_dns_configmap.module.gcloud_kubectl.random_id.cache",
            "module.client-clusters.random_shuffle.available_zones",
            "module.client-clusters.random_string.cluster_service_account_suffix",
            "module.project-services.google_project_service.project_services"
          ]
        }
      ]
    },
    {
      "module": "module.acm-clients[0].module.acm_operator.module.k8s_operator.module.gcloud_kubectl",
      "mode": "managed",
      "type": "null_resource",
      "name": "run_command",
      "provider": "provider[\"registry.terraform.io/hashicorp/null\"]",
      "instances": [
        {
          "index_key": 0,
          "schema_version": 0,
          "attributes": {
            "id": "631704151754565927",
            "triggers": {
              "arguments": "0d19ba55102a64afc7b1f562fde94021",
              "create_cmd_body": "tff-client-0 us-west1-a jk-mlops-dev false false kubectl apply -f config-management-operator.yaml",
              "create_cmd_entrypoint": ".terraform/modules/acm-clients.acm_operator.k8s_operator/terraform-google-gcloud-2.0.3/modules/kubectl-wrapper/scripts/kubectl_wrapper.sh",
              "gcloud_bin_abs_path": "/google-cloud-sdk/bin",
              "md5": "352ffea85252263f4f6b54fa4bb8ffb3"
            }
          },
          "sensitive_attributes": [],
          "private": "bnVsbA==",
          "dependencies": [
            "data.google_client_config.current",
            "data.google_project.project",
            "module.acm-clients.module.acm_operator.module.k8s_operator.module.gcloud_kubectl.data.external.env_override",
            "module.acm-clients.module.acm_operator.module.k8s_operator.module.gcloud_kubectl.null_resource.additional_components",
            "module.acm-clients.module.acm_operator.module.k8s_operator.module.gcloud_kubectl.null_resource.decompress",
            "module.acm-clients.module.acm_operator.module.k8s_operator.module.gcloud_kubectl.null_resource.gcloud_auth_google_credentials",
            "module.acm-clients.module.acm_operator.module.k8s_operator.module.gcloud_kubectl.null_resource.gcloud_auth_service_account_key_file",
            "module.acm-clients.module.acm_operator.module.k8s_operator.module.gcloud_kubectl.null_resource.module_depends_on",
            "module.acm-clients.module.acm_operator.module.k8s_operator.module.gcloud_kubectl.null_resource.upgrade",
            "module.acm-clients.module.acm_operator.module.k8s_operator.module.gcloud_kubectl.random_id.cache",
            "module.acm-clients.module.acm_operator.module.k8sop_manifest.null_resource.additional_components",
            "module.acm-clients.module.acm_operator.module.k8sop_manifest.null_resource.gcloud_auth_google_credentials",
            "module.acm-clients.module.acm_operator.module.k8sop_manifest.null_resource.gcloud_auth_service_account_key_file",
            "module.acm-clients.module.acm_operator.module.k8sop_manifest.null_resource.run_command",
            "module.acm-clients.module.acm_operator.module.k8sop_manifest.null_resource.run_destroy_command",
            "module.client-clusters.data.google_client_config.default",
            "module.client-clusters.data.google_compute_subnetwork.gke_subnetwork",
            "module.client-clusters.data.google_compute_zones.available",
            "module.client-clusters.data.google_container_engine_versions.region",
            "module.client-clusters.data.google_container_engine_versions.zone",
            "module.client-clusters.google_compute_firewall.intra_egress",
            "module.client-clusters.google_compute_firewall.master_webhooks",
            "module.client-clusters.google_compute_firewall.shadow_allow_master",
            "module.client-clusters.google_compute_firewall.shadow_allow_nodes",
            "module.client-clusters.google_compute_firewall.shadow_allow_pods",
            "module.client-clusters.google_container_cluster.primary",
            "module.client-clusters.google_container_node_pool.pools",
            "module.client-clusters.google_project_iam_member.cluster_service_account-artifact-registry",
            "module.client-clusters.google_project_iam_member.cluster_service_account-gcr",
            "module.client-clusters.google_project_iam_member.cluster_service_account-log_writer",
            "module.client-clusters.google_project_iam_member.cluster_service_account-metric_writer",
            "module.client-clusters.google_project_iam_member.cluster_service_account-monitoring_viewer",
            "module.client-clusters.google_project_iam_member.cluster_service_account-resourceMetadata-writer",
            "module.client-clusters.google_service_account.cluster_service_account",
            "module.client-clusters.kubernetes_config_map.ip-masq-agent",
            "module.client-clusters.kubernetes_config_map.kube-dns",
            "module.client-clusters.kubernetes_config_map.kube-dns-upstream-nameservers-and-stub-domains",
            "module.client-clusters.kubernetes_config_map.kube-dns-upstream-namservers",
            "module.client-clusters.module.gcloud_delete_default_kube_dns_configmap.module.gcloud_kubectl.data.external.env_override",
            "module.client-clusters.module.gcloud_delete_default_kube_dns_configmap.module.gcloud_kubectl.null_resource.additional_components",
            "module.client-clusters.module.gcloud_delete_default_kube_dns_configmap.module.gcloud_kubectl.null_resource.additional_components_destroy",
            "module.client-clusters.module.gcloud_delete_default_kube_dns_configmap.module.gcloud_kubectl.null_resource.decompress",
            "module.client-clusters.module.gcloud_delete_default_kube_dns_configmap.module.gcloud_kubectl.null_resource.decompress_destroy",
            "module.client-clusters.module.gcloud_delete_default_kube_dns_configmap.module.gcloud_kubectl.null_resource.download_gcloud",
            "module.client-clusters.module.gcloud_delete_default_kube_dns_configmap.module.gcloud_kubectl.null_resource.download_jq",
            "module.client-clusters.module.gcloud_delete_default_kube_dns_configmap.module.gcloud_kubectl.null_resource.gcloud_auth_google_credentials",
            "module.client-clusters.module.gcloud_delete_default_kube_dns_configmap.module.gcloud_kubectl.null_resource.gcloud_auth_google_credentials_destroy",
            "module.client-clusters.module.gcloud_delete_default_kube_dns_configmap.module.gcloud_kubectl.null_resource.gcloud_auth_service_account_key_file",
            "module.client-clusters.module.gcloud_delete_default_kube_dns_configmap.module.gcloud_kubectl.null_resource.gcloud_auth_service_account_key_file_destroy",
            "module.client-clusters.module.gcloud_delete_default_kube_dns_configmap.module.gcloud_kubectl.null_resource.module_depends_on",
            "module.client-clusters.module.gcloud_delete_default_kube_dns_configmap.module.gcloud_kubectl.null_resource.prepare_cache",
            "module.client-clusters.module.gcloud_delete_default_kube_dns_configmap.module.gcloud_kubectl.null_resource.run_command",
            "module.client-clusters.module.gcloud_delete_default_kube_dns_configmap.module.gcloud_kubectl.null_resource.run_destroy_command",
            "module.client-clusters.module.gcloud_delete_default_kube_dns_configmap.module.gcloud_kubectl.null_resource.upgrade",
            "module.client-clusters.module.gcloud_delete_default_kube_dns_configmap.module.gcloud_kubectl.null_resource.upgrade_destroy",
            "module.client-clusters.module.gcloud_delete_default_kube_dns_configmap.module.gcloud_kubectl.random_id.cache",
            "module.client-clusters.random_shuffle.available_zones",
            "module.client-clusters.random_string.cluster_service_account_suffix",
            "module.project-services.google_project_service.project_services"
          ]
        }
      ]
    },
    {
      "module": "module.acm-clients[0].module.acm_operator.module.k8s_operator.module.gcloud_kubectl",
      "mode": "managed",
      "type": "null_resource",
      "name": "run_destroy_command",
      "provider": "provider[\"registry.terraform.io/hashicorp/null\"]",
      "instances": [
        {
          "index_key": 0,
          "schema_version": 0,
          "attributes": {
            "id": "7654002863034409053",
            "triggers": {
              "destroy_cmd_body": "tff-client-0 us-west1-a jk-mlops-dev false false kubectl delete -f config-management-operator.yaml",
              "destroy_cmd_entrypoint": ".terraform/modules/acm-clients.acm_operator.k8s_operator/terraform-google-gcloud-2.0.3/modules/kubectl-wrapper/scripts/kubectl_wrapper.sh",
              "gcloud_bin_abs_path": "/google-cloud-sdk/bin"
            }
          },
          "sensitive_attributes": [],
          "private": "bnVsbA==",
          "dependencies": [
            "data.google_client_config.current",
            "data.google_project.project",
            "module.acm-clients.module.acm_operator.module.k8s_operator.module.gcloud_kubectl.data.external.env_override",
            "module.acm-clients.module.acm_operator.module.k8s_operator.module.gcloud_kubectl.null_resource.additional_components",
            "module.acm-clients.module.acm_operator.module.k8s_operator.module.gcloud_kubectl.null_resource.decompress",
            "module.acm-clients.module.acm_operator.module.k8s_operator.module.gcloud_kubectl.null_resource.gcloud_auth_google_credentials",
            "module.acm-clients.module.acm_operator.module.k8s_operator.module.gcloud_kubectl.null_resource.gcloud_auth_service_account_key_file",
            "module.acm-clients.module.acm_operator.module.k8s_operator.module.gcloud_kubectl.null_resource.module_depends_on",
            "module.acm-clients.module.acm_operator.module.k8s_operator.module.gcloud_kubectl.null_resource.upgrade",
            "module.acm-clients.module.acm_operator.module.k8s_operator.module.gcloud_kubectl.random_id.cache",
            "module.acm-clients.module.acm_operator.module.k8sop_manifest.null_resource.additional_components",
            "module.acm-clients.module.acm_operator.module.k8sop_manifest.null_resource.gcloud_auth_google_credentials",
            "module.acm-clients.module.acm_operator.module.k8sop_manifest.null_resource.gcloud_auth_service_account_key_file",
            "module.acm-clients.module.acm_operator.module.k8sop_manifest.null_resource.run_command",
            "module.acm-clients.module.acm_operator.module.k8sop_manifest.null_resource.run_destroy_command",
            "module.client-clusters.data.google_client_config.default",
            "module.client-clusters.data.google_compute_subnetwork.gke_subnetwork",
            "module.client-clusters.data.google_compute_zones.available",
            "module.client-clusters.data.google_container_engine_versions.region",
            "module.client-clusters.data.google_container_engine_versions.zone",
            "module.client-clusters.google_compute_firewall.intra_egress",
            "module.client-clusters.google_compute_firewall.master_webhooks",
            "module.client-clusters.google_compute_firewall.shadow_allow_master",
            "module.client-clusters.google_compute_firewall.shadow_allow_nodes",
            "module.client-clusters.google_compute_firewall.shadow_allow_pods",
            "module.client-clusters.google_container_cluster.primary",
            "module.client-clusters.google_container_node_pool.pools",
            "module.client-clusters.google_project_iam_member.cluster_service_account-artifact-registry",
            "module.client-clusters.google_project_iam_member.cluster_service_account-gcr",
            "module.client-clusters.google_project_iam_member.cluster_service_account-log_writer",
            "module.client-clusters.google_project_iam_member.cluster_service_account-metric_writer",
            "module.client-clusters.google_project_iam_member.cluster_service_account-monitoring_viewer",
            "module.client-clusters.google_project_iam_member.cluster_service_account-resourceMetadata-writer",
            "module.client-clusters.google_service_account.cluster_service_account",
            "module.client-clusters.kubernetes_config_map.ip-masq-agent",
            "module.client-clusters.kubernetes_config_map.kube-dns",
            "module.client-clusters.kubernetes_config_map.kube-dns-upstream-nameservers-and-stub-domains",
            "module.client-clusters.kubernetes_config_map.kube-dns-upstream-namservers",
            "module.client-clusters.module.gcloud_delete_default_kube_dns_configmap.module.gcloud_kubectl.data.external.env_override",
            "module.client-clusters.module.gcloud_delete_default_kube_dns_configmap.module.gcloud_kubectl.null_resource.additional_components",
            "module.client-clusters.module.gcloud_delete_default_kube_dns_configmap.module.gcloud_kubectl.null_resource.additional_components_destroy",
            "module.client-clusters.module.gcloud_delete_default_kube_dns_configmap.module.gcloud_kubectl.null_resource.decompress",
            "module.client-clusters.module.gcloud_delete_default_kube_dns_configmap.module.gcloud_kubectl.null_resource.decompress_destroy",
            "module.client-clusters.module.gcloud_delete_default_kube_dns_configmap.module.gcloud_kubectl.null_resource.download_gcloud",
            "module.client-clusters.module.gcloud_delete_default_kube_dns_configmap.module.gcloud_kubectl.null_resource.download_jq",
            "module.client-clusters.module.gcloud_delete_default_kube_dns_configmap.module.gcloud_kubectl.null_resource.gcloud_auth_google_credentials",
            "module.client-clusters.module.gcloud_delete_default_kube_dns_configmap.module.gcloud_kubectl.null_resource.gcloud_auth_google_credentials_destroy",
            "module.client-clusters.module.gcloud_delete_default_kube_dns_configmap.module.gcloud_kubectl.null_resource.gcloud_auth_service_account_key_file",
            "module.client-clusters.module.gcloud_delete_default_kube_dns_configmap.module.gcloud_kubectl.null_resource.gcloud_auth_service_account_key_file_destroy",
            "module.client-clusters.module.gcloud_delete_default_kube_dns_configmap.module.gcloud_kubectl.null_resource.module_depends_on",
            "module.client-clusters.module.gcloud_delete_default_kube_dns_configmap.module.gcloud_kubectl.null_resource.prepare_cache",
            "module.client-clusters.module.gcloud_delete_default_kube_dns_configmap.module.gcloud_kubectl.null_resource.run_command",
            "module.client-clusters.module.gcloud_delete_default_kube_dns_configmap.module.gcloud_kubectl.null_resource.run_destroy_command",
            "module.client-clusters.module.gcloud_delete_default_kube_dns_configmap.module.gcloud_kubectl.null_resource.upgrade",
            "module.client-clusters.module.gcloud_delete_default_kube_dns_configmap.module.gcloud_kubectl.null_resource.upgrade_destroy",
            "module.client-clusters.module.gcloud_delete_default_kube_dns_configmap.module.gcloud_kubectl.random_id.cache",
            "module.client-clusters.random_shuffle.available_zones",
            "module.client-clusters.random_string.cluster_service_account_suffix",
            "module.project-services.google_project_service.project_services"
          ]
        }
      ]
    },
    {
      "module": "module.acm-clients[0].module.acm_operator.module.k8sop_config.module.gcloud_kubectl",
      "mode": "data",
      "type": "external",
      "name": "env_override",
      "provider": "provider[\"registry.terraform.io/hashicorp/external\"]",
      "instances": [
        {
          "index_key": 0,
          "schema_version": 0,
          "attributes": {
            "id": "-",
            "program": [
              ".terraform/modules/acm-clients.acm_operator.k8sop_config/terraform-google-gcloud-2.0.3/scripts/check_env.sh"
            ],
            "query": null,
            "result": {
              "download": ""
            },
            "working_dir": null
          },
          "sensitive_attributes": []
        }
      ]
    },
    {
      "module": "module.acm-clients[0].module.acm_operator.module.k8sop_config.module.gcloud_kubectl",
      "mode": "managed",
      "type": "null_resource",
      "name": "additional_components",
      "provider": "provider[\"registry.terraform.io/hashicorp/null\"]",
      "instances": [
        {
          "index_key": 0,
          "schema_version": 0,
          "attributes": {
            "id": "8378970831931887678",
            "triggers": {
              "additional_components_command": ".terraform/modules/acm-clients.acm_operator.k8sop_config/terraform-google-gcloud-2.0.3/scripts/check_components.sh gcloud kubectl",
              "arguments": "c7926a413e4efc8b3d2c0ef451531e71",
              "configmanagement": "apiVersion: configmanagement.gke.io/v1\nkind: ConfigManagement\nmetadata:\n  name: config-management\nspec:\n  # clusterName is required and must be unique among all managed clusters\n  clusterName: tff-client-0\n  policyController:\n    enabled: true\n    templateLibraryInstalled: true\n    logDeniesEnabled: false\n  git:\n    syncRepo: https://github.com/jarokaz/tff/\n    secretType: none\n    policyDir: acm-dir\n    syncBranch: main\n  \n  \n",
              "md5": "695569ed0c115609fca6ac38234ed814"
            }
          },
          "sensitive_attributes": [],
          "private": "bnVsbA==",
          "dependencies": [
            "data.google_client_config.current",
            "data.google_project.project",
            "module.acm-clients.module.acm_operator.data.template_file.k8sop_config",
            "module.acm-clients.module.acm_operator.module.k8sop_config.module.gcloud_kubectl.data.external.env_override",
            "module.acm-clients.module.acm_operator.module.k8sop_config.module.gcloud_kubectl.null_resource.upgrade",
            "module.acm-clients.module.acm_operator.module.k8sop_config.module.gcloud_kubectl.random_id.cache",
            "module.client-clusters.data.google_client_config.default",
            "module.client-clusters.data.google_compute_subnetwork.gke_subnetwork",
            "module.client-clusters.data.google_compute_zones.available",
            "module.client-clusters.data.google_container_engine_versions.region",
            "module.client-clusters.data.google_container_engine_versions.zone",
            "module.client-clusters.google_compute_firewall.intra_egress",
            "module.client-clusters.google_compute_firewall.master_webhooks",
            "module.client-clusters.google_compute_firewall.shadow_allow_master",
            "module.client-clusters.google_compute_firewall.shadow_allow_nodes",
            "module.client-clusters.google_compute_firewall.shadow_allow_pods",
            "module.client-clusters.google_container_cluster.primary",
            "module.client-clusters.google_container_node_pool.pools",
            "module.client-clusters.google_project_iam_member.cluster_service_account-artifact-registry",
            "module.client-clusters.google_project_iam_member.cluster_service_account-gcr",
            "module.client-clusters.google_project_iam_member.cluster_service_account-log_writer",
            "module.client-clusters.google_project_iam_member.cluster_service_account-metric_writer",
            "module.client-clusters.google_project_iam_member.cluster_service_account-monitoring_viewer",
            "module.client-clusters.google_project_iam_member.cluster_service_account-resourceMetadata-writer",
            "module.client-clusters.google_service_account.cluster_service_account",
            "module.client-clusters.kubernetes_config_map.ip-masq-agent",
            "module.client-clusters.kubernetes_config_map.kube-dns",
            "module.client-clusters.kubernetes_config_map.kube-dns-upstream-nameservers-and-stub-domains",
            "module.client-clusters.kubernetes_config_map.kube-dns-upstream-namservers",
            "module.client-clusters.module.gcloud_delete_default_kube_dns_configmap.module.gcloud_kubectl.data.external.env_override",
            "module.client-clusters.module.gcloud_delete_default_kube_dns_configmap.module.gcloud_kubectl.null_resource.additional_components",
            "module.client-clusters.module.gcloud_delete_default_kube_dns_configmap.module.gcloud_kubectl.null_resource.additional_components_destroy",
            "module.client-clusters.module.gcloud_delete_default_kube_dns_configmap.module.gcloud_kubectl.null_resource.decompress",
            "module.client-clusters.module.gcloud_delete_default_kube_dns_configmap.module.gcloud_kubectl.null_resource.decompress_destroy",
            "module.client-clusters.module.gcloud_delete_default_kube_dns_configmap.module.gcloud_kubectl.null_resource.download_gcloud",
            "module.client-clusters.module.gcloud_delete_default_kube_dns_configmap.module.gcloud_kubectl.null_resource.download_jq",
            "module.client-clusters.module.gcloud_delete_default_kube_dns_configmap.module.gcloud_kubectl.null_resource.gcloud_auth_google_credentials",
            "module.client-clusters.module.gcloud_delete_default_kube_dns_configmap.module.gcloud_kubectl.null_resource.gcloud_auth_google_credentials_destroy",
            "module.client-clusters.module.gcloud_delete_default_kube_dns_configmap.module.gcloud_kubectl.null_resource.gcloud_auth_service_account_key_file",
            "module.client-clusters.module.gcloud_delete_default_kube_dns_configmap.module.gcloud_kubectl.null_resource.gcloud_auth_service_account_key_file_destroy",
            "module.client-clusters.module.gcloud_delete_default_kube_dns_configmap.module.gcloud_kubectl.null_resource.module_depends_on",
            "module.client-clusters.module.gcloud_delete_default_kube_dns_configmap.module.gcloud_kubectl.null_resource.prepare_cache",
            "module.client-clusters.module.gcloud_delete_default_kube_dns_configmap.module.gcloud_kubectl.null_resource.run_command",
            "module.client-clusters.module.gcloud_delete_default_kube_dns_configmap.module.gcloud_kubectl.null_resource.run_destroy_command",
            "module.client-clusters.module.gcloud_delete_default_kube_dns_configmap.module.gcloud_kubectl.null_resource.upgrade",
            "module.client-clusters.module.gcloud_delete_default_kube_dns_configmap.module.gcloud_kubectl.null_resource.upgrade_destroy",
            "module.client-clusters.module.gcloud_delete_default_kube_dns_configmap.module.gcloud_kubectl.random_id.cache",
            "module.client-clusters.random_shuffle.available_zones",
            "module.client-clusters.random_string.cluster_service_account_suffix",
            "module.project-services.google_project_service.project_services"
          ]
        }
      ]
    },
    {
      "module": "module.acm-clients[0].module.acm_operator.module.k8sop_config.module.gcloud_kubectl",
      "mode": "managed",
      "type": "null_resource",
      "name": "additional_components_destroy",
      "provider": "provider[\"registry.terraform.io/hashicorp/null\"]",
      "instances": [
        {
          "index_key": 0,
          "schema_version": 0,
          "attributes": {
            "id": "6339400275673520171",
            "triggers": {
              "additional_components_command": ".terraform/modules/acm-clients.acm_operator.k8sop_config/terraform-google-gcloud-2.0.3/scripts/check_components.sh gcloud kubectl"
            }
          },
          "sensitive_attributes": [],
          "private": "bnVsbA==",
          "dependencies": [
            "data.google_client_config.current",
            "data.google_project.project",
            "module.acm-clients.module.acm_operator.data.template_file.k8sop_config",
            "module.acm-clients.module.acm_operator.module.k8s_operator.module.gcloud_kubectl.data.external.env_override",
            "module.acm-clients.module.acm_operator.module.k8s_operator.module.gcloud_kubectl.null_resource.additional_components",
            "module.acm-clients.module.acm_operator.module.k8s_operator.module.gcloud_kubectl.null_resource.decompress",
            "module.acm-clients.module.acm_operator.module.k8s_operator.module.gcloud_kubectl.null_resource.gcloud_auth_google_credentials",
            "module.acm-clients.module.acm_operator.module.k8s_operator.module.gcloud_kubectl.null_resource.gcloud_auth_service_account_key_file",
            "module.acm-clients.module.acm_operator.module.k8s_operator.module.gcloud_kubectl.null_resource.module_depends_on",
            "module.acm-clients.module.acm_operator.module.k8s_operator.module.gcloud_kubectl.null_resource.run_command",
            "module.acm-clients.module.acm_operator.module.k8s_operator.module.gcloud_kubectl.null_resource.run_destroy_command",
            "module.acm-clients.module.acm_operator.module.k8s_operator.module.gcloud_kubectl.null_resource.upgrade",
            "module.acm-clients.module.acm_operator.module.k8s_operator.module.gcloud_kubectl.random_id.cache",
            "module.acm-clients.module.acm_operator.module.k8sop_config.module.gcloud_kubectl.data.external.env_override",
            "module.acm-clients.module.acm_operator.module.k8sop_config.module.gcloud_kubectl.null_resource.additional_components",
            "module.acm-clients.module.acm_operator.module.k8sop_config.module.gcloud_kubectl.null_resource.decompress",
            "module.acm-clients.module.acm_operator.module.k8sop_config.module.gcloud_kubectl.null_resource.gcloud_auth_google_credentials",
            "module.acm-clients.module.acm_operator.module.k8sop_config.module.gcloud_kubectl.null_resource.gcloud_auth_service_account_key_file",
            "module.acm-clients.module.acm_operator.module.k8sop_config.module.gcloud_kubectl.null_resource.module_depends_on",
            "module.acm-clients.module.acm_operator.module.k8sop_config.module.gcloud_kubectl.null_resource.run_destroy_command",
            "module.acm-clients.module.acm_operator.module.k8sop_config.module.gcloud_kubectl.null_resource.upgrade",
            "module.acm-clients.module.acm_operator.module.k8sop_config.module.gcloud_kubectl.random_id.cache",
            "module.acm-clients.module.acm_operator.module.k8sop_creds_secret.module.gcloud_kubectl.null_resource.additional_components",
            "module.acm-clients.module.acm_operator.module.k8sop_creds_secret.module.gcloud_kubectl.null_resource.gcloud_auth_google_credentials",
            "module.acm-clients.module.acm_operator.module.k8sop_creds_secret.module.gcloud_kubectl.null_resource.gcloud_auth_service_account_key_file",
            "module.acm-clients.module.acm_operator.module.k8sop_creds_secret.module.gcloud_kubectl.null_resource.run_command",
            "module.acm-clients.module.acm_operator.module.k8sop_creds_secret.module.gcloud_kubectl.null_resource.run_destroy_command",
            "module.acm-clients.module.acm_operator.module.k8sop_manifest.null_resource.additional_components",
            "module.acm-clients.module.acm_operator.module.k8sop_manifest.null_resource.gcloud_auth_google_credentials",
            "module.acm-clients.module.acm_operator.module.k8sop_manifest.null_resource.gcloud_auth_service_account_key_file",
            "module.acm-clients.module.acm_operator.module.k8sop_manifest.null_resource.run_command",
            "module.acm-clients.module.acm_operator.module.k8sop_manifest.null_resource.run_destroy_command",
            "module.client-clusters.data.google_client_config.default",
            "module.client-clusters.data.google_compute_subnetwork.gke_subnetwork",
            "module.client-clusters.data.google_compute_zones.available",
            "module.client-clusters.data.google_container_engine_versions.region",
            "module.client-clusters.data.google_container_engine_versions.zone",
            "module.client-clusters.google_compute_firewall.intra_egress",
            "module.client-clusters.google_compute_firewall.master_webhooks",
            "module.client-clusters.google_compute_firewall.shadow_allow_master",
            "module.client-clusters.google_compute_firewall.shadow_allow_nodes",
            "module.client-clusters.google_compute_firewall.shadow_allow_pods",
            "module.client-clusters.google_container_cluster.primary",
            "module.client-clusters.google_container_node_pool.pools",
            "module.client-clusters.google_project_iam_member.cluster_service_account-artifact-registry",
            "module.client-clusters.google_project_iam_member.cluster_service_account-gcr",
            "module.client-clusters.google_project_iam_member.cluster_service_account-log_writer",
            "module.client-clusters.google_project_iam_member.cluster_service_account-metric_writer",
            "module.client-clusters.google_project_iam_member.cluster_service_account-monitoring_viewer",
            "module.client-clusters.google_project_iam_member.cluster_service_account-resourceMetadata-writer",
            "module.client-clusters.google_service_account.cluster_service_account",
            "module.client-clusters.kubernetes_config_map.ip-masq-agent",
            "module.client-clusters.kubernetes_config_map.kube-dns",
            "module.client-clusters.kubernetes_config_map.kube-dns-upstream-nameservers-and-stub-domains",
            "module.client-clusters.kubernetes_config_map.kube-dns-upstream-namservers",
            "module.client-clusters.module.gcloud_delete_default_kube_dns_configmap.module.gcloud_kubectl.data.external.env_override",
            "module.client-clusters.module.gcloud_delete_default_kube_dns_configmap.module.gcloud_kubectl.null_resource.additional_components",
            "module.client-clusters.module.gcloud_delete_default_kube_dns_configmap.module.gcloud_kubectl.null_resource.additional_components_destroy",
            "module.client-clusters.module.gcloud_delete_default_kube_dns_configmap.module.gcloud_kubectl.null_resource.decompress",
            "module.client-clusters.module.gcloud_delete_default_kube_dns_configmap.module.gcloud_kubectl.null_resource.decompress_destroy",
            "module.client-clusters.module.gcloud_delete_default_kube_dns_configmap.module.gcloud_kubectl.null_resource.download_gcloud",
            "module.client-clusters.module.gcloud_delete_default_kube_dns_configmap.module.gcloud_kubectl.null_resource.download_jq",
            "module.client-clusters.module.gcloud_delete_default_kube_dns_configmap.module.gcloud_kubectl.null_resource.gcloud_auth_google_credentials",
            "module.client-clusters.module.gcloud_delete_default_kube_dns_configmap.module.gcloud_kubectl.null_resource.gcloud_auth_google_credentials_destroy",
            "module.client-clusters.module.gcloud_delete_default_kube_dns_configmap.module.gcloud_kubectl.null_resource.gcloud_auth_service_account_key_file",
            "module.client-clusters.module.gcloud_delete_default_kube_dns_configmap.module.gcloud_kubectl.null_resource.gcloud_auth_service_account_key_file_destroy",
            "module.client-clusters.module.gcloud_delete_default_kube_dns_configmap.module.gcloud_kubectl.null_resource.module_depends_on",
            "module.client-clusters.module.gcloud_delete_default_kube_dns_configmap.module.gcloud_kubectl.null_resource.prepare_cache",
            "module.client-clusters.module.gcloud_delete_default_kube_dns_configmap.module.gcloud_kubectl.null_resource.run_command",
            "module.client-clusters.module.gcloud_delete_default_kube_dns_configmap.module.gcloud_kubectl.null_resource.run_destroy_command",
            "module.client-clusters.module.gcloud_delete_default_kube_dns_configmap.module.gcloud_kubectl.null_resource.upgrade",
            "module.client-clusters.module.gcloud_delete_default_kube_dns_configmap.module.gcloud_kubectl.null_resource.upgrade_destroy",
            "module.client-clusters.module.gcloud_delete_default_kube_dns_configmap.module.gcloud_kubectl.random_id.cache",
            "module.client-clusters.random_shuffle.available_zones",
            "module.client-clusters.random_string.cluster_service_account_suffix",
            "module.project-services.google_project_service.project_services"
          ]
        }
      ]
    },
    {
      "module": "module.acm-clients[0].module.acm_operator.module.k8sop_config.module.gcloud_kubectl",
      "mode": "managed",
      "type": "null_resource",
      "name": "module_depends_on",
      "provider": "provider[\"registry.terraform.io/hashicorp/null\"]",
      "instances": [
        {
          "index_key": 0,
          "schema_version": 0,
          "attributes": {
            "id": "8636774523059005191",
            "triggers": {
              "value": "2"
            }
          },
          "sensitive_attributes": [],
          "private": "bnVsbA==",
          "dependencies": [
            "data.google_client_config.current",
            "data.google_project.project",
            "module.acm-clients.module.acm_operator.module.k8s_operator.module.gcloud_kubectl.data.external.env_override",
            "module.acm-clients.module.acm_operator.module.k8s_operator.module.gcloud_kubectl.null_resource.additional_components",
            "module.acm-clients.module.acm_operator.module.k8s_operator.module.gcloud_kubectl.null_resource.decompress",
            "module.acm-clients.module.acm_operator.module.k8s_operator.module.gcloud_kubectl.null_resource.gcloud_auth_google_credentials",
            "module.acm-clients.module.acm_operator.module.k8s_operator.module.gcloud_kubectl.null_resource.gcloud_auth_service_account_key_file",
            "module.acm-clients.module.acm_operator.module.k8s_operator.module.gcloud_kubectl.null_resource.module_depends_on",
            "module.acm-clients.module.acm_operator.module.k8s_operator.module.gcloud_kubectl.null_resource.run_command",
            "module.acm-clients.module.acm_operator.module.k8s_operator.module.gcloud_kubectl.null_resource.run_destroy_command",
            "module.acm-clients.module.acm_operator.module.k8s_operator.module.gcloud_kubectl.null_resource.upgrade",
            "module.acm-clients.module.acm_operator.module.k8s_operator.module.gcloud_kubectl.random_id.cache",
            "module.acm-clients.module.acm_operator.module.k8sop_creds_secret.module.gcloud_kubectl.null_resource.additional_components",
            "module.acm-clients.module.acm_operator.module.k8sop_creds_secret.module.gcloud_kubectl.null_resource.gcloud_auth_google_credentials",
            "module.acm-clients.module.acm_operator.module.k8sop_creds_secret.module.gcloud_kubectl.null_resource.gcloud_auth_service_account_key_file",
            "module.acm-clients.module.acm_operator.module.k8sop_creds_secret.module.gcloud_kubectl.null_resource.run_command",
            "module.acm-clients.module.acm_operator.module.k8sop_creds_secret.module.gcloud_kubectl.null_resource.run_destroy_command",
            "module.acm-clients.module.acm_operator.module.k8sop_manifest.null_resource.additional_components",
            "module.acm-clients.module.acm_operator.module.k8sop_manifest.null_resource.gcloud_auth_google_credentials",
            "module.acm-clients.module.acm_operator.module.k8sop_manifest.null_resource.gcloud_auth_service_account_key_file",
            "module.acm-clients.module.acm_operator.module.k8sop_manifest.null_resource.run_command",
            "module.acm-clients.module.acm_operator.module.k8sop_manifest.null_resource.run_destroy_command",
            "module.client-clusters.data.google_client_config.default",
            "module.client-clusters.data.google_compute_subnetwork.gke_subnetwork",
            "module.client-clusters.data.google_compute_zones.available",
            "module.client-clusters.data.google_container_engine_versions.region",
            "module.client-clusters.data.google_container_engine_versions.zone",
            "module.client-clusters.google_compute_firewall.intra_egress",
            "module.client-clusters.google_compute_firewall.master_webhooks",
            "module.client-clusters.google_compute_firewall.shadow_allow_master",
            "module.client-clusters.google_compute_firewall.shadow_allow_nodes",
            "module.client-clusters.google_compute_firewall.shadow_allow_pods",
            "module.client-clusters.google_container_cluster.primary",
            "module.client-clusters.google_container_node_pool.pools",
            "module.client-clusters.google_project_iam_member.cluster_service_account-artifact-registry",
            "module.client-clusters.google_project_iam_member.cluster_service_account-gcr",
            "module.client-clusters.google_project_iam_member.cluster_service_account-log_writer",
            "module.client-clusters.google_project_iam_member.cluster_service_account-metric_writer",
            "module.client-clusters.google_project_iam_member.cluster_service_account-monitoring_viewer",
            "module.client-clusters.google_project_iam_member.cluster_service_account-resourceMetadata-writer",
            "module.client-clusters.google_service_account.cluster_service_account",
            "module.client-clusters.kubernetes_config_map.ip-masq-agent",
            "module.client-clusters.kubernetes_config_map.kube-dns",
            "module.client-clusters.kubernetes_config_map.kube-dns-upstream-nameservers-and-stub-domains",
            "module.client-clusters.kubernetes_config_map.kube-dns-upstream-namservers",
            "module.client-clusters.module.gcloud_delete_default_kube_dns_configmap.module.gcloud_kubectl.data.external.env_override",
            "module.client-clusters.module.gcloud_delete_default_kube_dns_configmap.module.gcloud_kubectl.null_resource.additional_components",
            "module.client-clusters.module.gcloud_delete_default_kube_dns_configmap.module.gcloud_kubectl.null_resource.additional_components_destroy",
            "module.client-clusters.module.gcloud_delete_default_kube_dns_configmap.module.gcloud_kubectl.null_resource.decompress",
            "module.client-clusters.module.gcloud_delete_default_kube_dns_configmap.module.gcloud_kubectl.null_resource.decompress_destroy",
            "module.client-clusters.module.gcloud_delete_default_kube_dns_configmap.module.gcloud_kubectl.null_resource.download_gcloud",
            "module.client-clusters.module.gcloud_delete_default_kube_dns_configmap.module.gcloud_kubectl.null_resource.download_jq",
            "module.client-clusters.module.gcloud_delete_default_kube_dns_configmap.module.gcloud_kubectl.null_resource.gcloud_auth_google_credentials",
            "module.client-clusters.module.gcloud_delete_default_kube_dns_configmap.module.gcloud_kubectl.null_resource.gcloud_auth_google_credentials_destroy",
            "module.client-clusters.module.gcloud_delete_default_kube_dns_configmap.module.gcloud_kubectl.null_resource.gcloud_auth_service_account_key_file",
            "module.client-clusters.module.gcloud_delete_default_kube_dns_configmap.module.gcloud_kubectl.null_resource.gcloud_auth_service_account_key_file_destroy",
            "module.client-clusters.module.gcloud_delete_default_kube_dns_configmap.module.gcloud_kubectl.null_resource.module_depends_on",
            "module.client-clusters.module.gcloud_delete_default_kube_dns_configmap.module.gcloud_kubectl.null_resource.prepare_cache",
            "module.client-clusters.module.gcloud_delete_default_kube_dns_configmap.module.gcloud_kubectl.null_resource.run_command",
            "module.client-clusters.module.gcloud_delete_default_kube_dns_configmap.module.gcloud_kubectl.null_resource.run_destroy_command",
            "module.client-clusters.module.gcloud_delete_default_kube_dns_configmap.module.gcloud_kubectl.null_resource.upgrade",
            "module.client-clusters.module.gcloud_delete_default_kube_dns_configmap.module.gcloud_kubectl.null_resource.upgrade_destroy",
            "module.client-clusters.module.gcloud_delete_default_kube_dns_configmap.module.gcloud_kubectl.random_id.cache",
            "module.client-clusters.random_shuffle.available_zones",
            "module.client-clusters.random_string.cluster_service_account_suffix",
            "module.project-services.google_project_service.project_services"
          ]
        }
      ]
    },
    {
      "module": "module.acm-clients[0].module.acm_operator.module.k8sop_config.module.gcloud_kubectl",
      "mode": "managed",
      "type": "null_resource",
      "name": "run_command",
      "provider": "provider[\"registry.terraform.io/hashicorp/null\"]",
      "instances": [
        {
          "index_key": 0,
          "schema_version": 0,
          "attributes": {
            "id": "6716269817714044271",
            "triggers": {
              "arguments": "c7926a413e4efc8b3d2c0ef451531e71",
              "configmanagement": "apiVersion: configmanagement.gke.io/v1\nkind: ConfigManagement\nmetadata:\n  name: config-management\nspec:\n  # clusterName is required and must be unique among all managed clusters\n  clusterName: tff-client-0\n  policyController:\n    enabled: true\n    templateLibraryInstalled: true\n    logDeniesEnabled: false\n  git:\n    syncRepo: https://github.com/jarokaz/tff/\n    secretType: none\n    policyDir: acm-dir\n    syncBranch: main\n  \n  \n",
              "create_cmd_body": "tff-client-0 us-west1-a jk-mlops-dev false false kubectl apply -f - \u003c\u003cEOF\napiVersion: configmanagement.gke.io/v1\nkind: ConfigManagement\nmetadata:\n  name: config-management\nspec:\n  # clusterName is required and must be unique among all managed clusters\n  clusterName: tff-client-0\n  policyController:\n    enabled: true\n    templateLibraryInstalled: true\n    logDeniesEnabled: false\n  git:\n    syncRepo: https://github.com/jarokaz/tff/\n    secretType: none\n    policyDir: acm-dir\n    syncBranch: main\n  \n  \nEOF",
              "create_cmd_entrypoint": ".terraform/modules/acm-clients.acm_operator.k8sop_config/terraform-google-gcloud-2.0.3/modules/kubectl-wrapper/scripts/kubectl_wrapper.sh",
              "gcloud_bin_abs_path": "/google-cloud-sdk/bin",
              "md5": "695569ed0c115609fca6ac38234ed814"
            }
          },
          "sensitive_attributes": [],
          "private": "bnVsbA==",
          "dependencies": [
            "data.google_client_config.current",
            "data.google_project.project",
            "module.acm-clients.module.acm_operator.data.template_file.k8sop_config",
            "module.acm-clients.module.acm_operator.module.k8s_operator.module.gcloud_kubectl.data.external.env_override",
            "module.acm-clients.module.acm_operator.module.k8s_operator.module.gcloud_kubectl.null_resource.additional_components",
            "module.acm-clients.module.acm_operator.module.k8s_operator.module.gcloud_kubectl.null_resource.decompress",
            "module.acm-clients.module.acm_operator.module.k8s_operator.module.gcloud_kubectl.null_resource.gcloud_auth_google_credentials",
            "module.acm-clients.module.acm_operator.module.k8s_operator.module.gcloud_kubectl.null_resource.gcloud_auth_service_account_key_file",
            "module.acm-clients.module.acm_operator.module.k8s_operator.module.gcloud_kubectl.null_resource.module_depends_on",
            "module.acm-clients.module.acm_operator.module.k8s_operator.module.gcloud_kubectl.null_resource.run_command",
            "module.acm-clients.module.acm_operator.module.k8s_operator.module.gcloud_kubectl.null_resource.run_destroy_command",
            "module.acm-clients.module.acm_operator.module.k8s_operator.module.gcloud_kubectl.null_resource.upgrade",
            "module.acm-clients.module.acm_operator.module.k8s_operator.module.gcloud_kubectl.random_id.cache",
            "module.acm-clients.module.acm_operator.module.k8sop_config.module.gcloud_kubectl.data.external.env_override",
            "module.acm-clients.module.acm_operator.module.k8sop_config.module.gcloud_kubectl.null_resource.additional_components",
            "module.acm-clients.module.acm_operator.module.k8sop_config.module.gcloud_kubectl.null_resource.decompress",
            "module.acm-clients.module.acm_operator.module.k8sop_config.module.gcloud_kubectl.null_resource.gcloud_auth_google_credentials",
            "module.acm-clients.module.acm_operator.module.k8sop_config.module.gcloud_kubectl.null_resource.gcloud_auth_service_account_key_file",
            "module.acm-clients.module.acm_operator.module.k8sop_config.module.gcloud_kubectl.null_resource.module_depends_on",
            "module.acm-clients.module.acm_operator.module.k8sop_config.module.gcloud_kubectl.null_resource.upgrade",
            "module.acm-clients.module.acm_operator.module.k8sop_config.module.gcloud_kubectl.random_id.cache",
            "module.acm-clients.module.acm_operator.module.k8sop_creds_secret.module.gcloud_kubectl.null_resource.additional_components",
            "module.acm-clients.module.acm_operator.module.k8sop_creds_secret.module.gcloud_kubectl.null_resource.gcloud_auth_google_credentials",
            "module.acm-clients.module.acm_operator.module.k8sop_creds_secret.module.gcloud_kubectl.null_resource.gcloud_auth_service_account_key_file",
            "module.acm-clients.module.acm_operator.module.k8sop_creds_secret.module.gcloud_kubectl.null_resource.run_command",
            "module.acm-clients.module.acm_operator.module.k8sop_creds_secret.module.gcloud_kubectl.null_resource.run_destroy_command",
            "module.acm-clients.module.acm_operator.module.k8sop_manifest.null_resource.additional_components",
            "module.acm-clients.module.acm_operator.module.k8sop_manifest.null_resource.gcloud_auth_google_credentials",
            "module.acm-clients.module.acm_operator.module.k8sop_manifest.null_resource.gcloud_auth_service_account_key_file",
            "module.acm-clients.module.acm_operator.module.k8sop_manifest.null_resource.run_command",
            "module.acm-clients.module.acm_operator.module.k8sop_manifest.null_resource.run_destroy_command",
            "module.client-clusters.data.google_client_config.default",
            "module.client-clusters.data.google_compute_subnetwork.gke_subnetwork",
            "module.client-clusters.data.google_compute_zones.available",
            "module.client-clusters.data.google_container_engine_versions.region",
            "module.client-clusters.data.google_container_engine_versions.zone",
            "module.client-clusters.google_compute_firewall.intra_egress",
            "module.client-clusters.google_compute_firewall.master_webhooks",
            "module.client-clusters.google_compute_firewall.shadow_allow_master",
            "module.client-clusters.google_compute_firewall.shadow_allow_nodes",
            "module.client-clusters.google_compute_firewall.shadow_allow_pods",
            "module.client-clusters.google_container_cluster.primary",
            "module.client-clusters.google_container_node_pool.pools",
            "module.client-clusters.google_project_iam_member.cluster_service_account-artifact-registry",
            "module.client-clusters.google_project_iam_member.cluster_service_account-gcr",
            "module.client-clusters.google_project_iam_member.cluster_service_account-log_writer",
            "module.client-clusters.google_project_iam_member.cluster_service_account-metric_writer",
            "module.client-clusters.google_project_iam_member.cluster_service_account-monitoring_viewer",
            "module.client-clusters.google_project_iam_member.cluster_service_account-resourceMetadata-writer",
            "module.client-clusters.google_service_account.cluster_service_account",
            "module.client-clusters.kubernetes_config_map.ip-masq-agent",
            "module.client-clusters.kubernetes_config_map.kube-dns",
            "module.client-clusters.kubernetes_config_map.kube-dns-upstream-nameservers-and-stub-domains",
            "module.client-clusters.kubernetes_config_map.kube-dns-upstream-namservers",
            "module.client-clusters.module.gcloud_delete_default_kube_dns_configmap.module.gcloud_kubectl.data.external.env_override",
            "module.client-clusters.module.gcloud_delete_default_kube_dns_configmap.module.gcloud_kubectl.null_resource.additional_components",
            "module.client-clusters.module.gcloud_delete_default_kube_dns_configmap.module.gcloud_kubectl.null_resource.additional_components_destroy",
            "module.client-clusters.module.gcloud_delete_default_kube_dns_configmap.module.gcloud_kubectl.null_resource.decompress",
            "module.client-clusters.module.gcloud_delete_default_kube_dns_configmap.module.gcloud_kubectl.null_resource.decompress_destroy",
            "module.client-clusters.module.gcloud_delete_default_kube_dns_configmap.module.gcloud_kubectl.null_resource.download_gcloud",
            "module.client-clusters.module.gcloud_delete_default_kube_dns_configmap.module.gcloud_kubectl.null_resource.download_jq",
            "module.client-clusters.module.gcloud_delete_default_kube_dns_configmap.module.gcloud_kubectl.null_resource.gcloud_auth_google_credentials",
            "module.client-clusters.module.gcloud_delete_default_kube_dns_configmap.module.gcloud_kubectl.null_resource.gcloud_auth_google_credentials_destroy",
            "module.client-clusters.module.gcloud_delete_default_kube_dns_configmap.module.gcloud_kubectl.null_resource.gcloud_auth_service_account_key_file",
            "module.client-clusters.module.gcloud_delete_default_kube_dns_configmap.module.gcloud_kubectl.null_resource.gcloud_auth_service_account_key_file_destroy",
            "module.client-clusters.module.gcloud_delete_default_kube_dns_configmap.module.gcloud_kubectl.null_resource.module_depends_on",
            "module.client-clusters.module.gcloud_delete_default_kube_dns_configmap.module.gcloud_kubectl.null_resource.prepare_cache",
            "module.client-clusters.module.gcloud_delete_default_kube_dns_configmap.module.gcloud_kubectl.null_resource.run_command",
            "module.client-clusters.module.gcloud_delete_default_kube_dns_configmap.module.gcloud_kubectl.null_resource.run_destroy_command",
            "module.client-clusters.module.gcloud_delete_default_kube_dns_configmap.module.gcloud_kubectl.null_resource.upgrade",
            "module.client-clusters.module.gcloud_delete_default_kube_dns_configmap.module.gcloud_kubectl.null_resource.upgrade_destroy",
            "module.client-clusters.module.gcloud_delete_default_kube_dns_configmap.module.gcloud_kubectl.random_id.cache",
            "module.client-clusters.random_shuffle.available_zones",
            "module.client-clusters.random_string.cluster_service_account_suffix",
            "module.project-services.google_project_service.project_services"
          ]
        }
      ]
    },
    {
      "module": "module.acm-clients[0].module.acm_operator.module.k8sop_config.module.gcloud_kubectl",
      "mode": "managed",
      "type": "null_resource",
      "name": "run_destroy_command",
      "provider": "provider[\"registry.terraform.io/hashicorp/null\"]",
      "instances": [
        {
          "index_key": 0,
          "schema_version": 0,
          "attributes": {
            "id": "5537765971875643284",
            "triggers": {
              "configmanagement": "apiVersion: configmanagement.gke.io/v1\nkind: ConfigManagement\nmetadata:\n  name: config-management\nspec:\n  # clusterName is required and must be unique among all managed clusters\n  clusterName: tff-client-0\n  policyController:\n    enabled: true\n    templateLibraryInstalled: true\n    logDeniesEnabled: false\n  git:\n    syncRepo: https://github.com/jarokaz/tff/\n    secretType: none\n    policyDir: acm-dir\n    syncBranch: main\n  \n  \n",
              "destroy_cmd_body": "tff-client-0 us-west1-a jk-mlops-dev false false kubectl delete -f - \u003c\u003cEOF\napiVersion: configmanagement.gke.io/v1\nkind: ConfigManagement\nmetadata:\n  name: config-management\nspec:\n  # clusterName is required and must be unique among all managed clusters\n  clusterName: tff-client-0\n  policyController:\n    enabled: true\n    templateLibraryInstalled: true\n    logDeniesEnabled: false\n  git:\n    syncRepo: https://github.com/jarokaz/tff/\n    secretType: none\n    policyDir: acm-dir\n    syncBranch: main\n  \n  \nEOF",
              "destroy_cmd_entrypoint": ".terraform/modules/acm-clients.acm_operator.k8sop_config/terraform-google-gcloud-2.0.3/modules/kubectl-wrapper/scripts/kubectl_wrapper.sh",
              "gcloud_bin_abs_path": "/google-cloud-sdk/bin"
            }
          },
          "sensitive_attributes": [],
          "private": "bnVsbA==",
          "dependencies": [
            "data.google_client_config.current",
            "data.google_project.project",
            "module.acm-clients.module.acm_operator.data.template_file.k8sop_config",
            "module.acm-clients.module.acm_operator.module.k8s_operator.module.gcloud_kubectl.data.external.env_override",
            "module.acm-clients.module.acm_operator.module.k8s_operator.module.gcloud_kubectl.null_resource.additional_components",
            "module.acm-clients.module.acm_operator.module.k8s_operator.module.gcloud_kubectl.null_resource.decompress",
            "module.acm-clients.module.acm_operator.module.k8s_operator.module.gcloud_kubectl.null_resource.gcloud_auth_google_credentials",
            "module.acm-clients.module.acm_operator.module.k8s_operator.module.gcloud_kubectl.null_resource.gcloud_auth_service_account_key_file",
            "module.acm-clients.module.acm_operator.module.k8s_operator.module.gcloud_kubectl.null_resource.module_depends_on",
            "module.acm-clients.module.acm_operator.module.k8s_operator.module.gcloud_kubectl.null_resource.run_command",
            "module.acm-clients.module.acm_operator.module.k8s_operator.module.gcloud_kubectl.null_resource.run_destroy_command",
            "module.acm-clients.module.acm_operator.module.k8s_operator.module.gcloud_kubectl.null_resource.upgrade",
            "module.acm-clients.module.acm_operator.module.k8s_operator.module.gcloud_kubectl.random_id.cache",
            "module.acm-clients.module.acm_operator.module.k8sop_config.module.gcloud_kubectl.data.external.env_override",
            "module.acm-clients.module.acm_operator.module.k8sop_config.module.gcloud_kubectl.null_resource.additional_components",
            "module.acm-clients.module.acm_operator.module.k8sop_config.module.gcloud_kubectl.null_resource.decompress",
            "module.acm-clients.module.acm_operator.module.k8sop_config.module.gcloud_kubectl.null_resource.gcloud_auth_google_credentials",
            "module.acm-clients.module.acm_operator.module.k8sop_config.module.gcloud_kubectl.null_resource.gcloud_auth_service_account_key_file",
            "module.acm-clients.module.acm_operator.module.k8sop_config.module.gcloud_kubectl.null_resource.module_depends_on",
            "module.acm-clients.module.acm_operator.module.k8sop_config.module.gcloud_kubectl.null_resource.upgrade",
            "module.acm-clients.module.acm_operator.module.k8sop_config.module.gcloud_kubectl.random_id.cache",
            "module.acm-clients.module.acm_operator.module.k8sop_creds_secret.module.gcloud_kubectl.null_resource.additional_components",
            "module.acm-clients.module.acm_operator.module.k8sop_creds_secret.module.gcloud_kubectl.null_resource.gcloud_auth_google_credentials",
            "module.acm-clients.module.acm_operator.module.k8sop_creds_secret.module.gcloud_kubectl.null_resource.gcloud_auth_service_account_key_file",
            "module.acm-clients.module.acm_operator.module.k8sop_creds_secret.module.gcloud_kubectl.null_resource.run_command",
            "module.acm-clients.module.acm_operator.module.k8sop_creds_secret.module.gcloud_kubectl.null_resource.run_destroy_command",
            "module.acm-clients.module.acm_operator.module.k8sop_manifest.null_resource.additional_components",
            "module.acm-clients.module.acm_operator.module.k8sop_manifest.null_resource.gcloud_auth_google_credentials",
            "module.acm-clients.module.acm_operator.module.k8sop_manifest.null_resource.gcloud_auth_service_account_key_file",
            "module.acm-clients.module.acm_operator.module.k8sop_manifest.null_resource.run_command",
            "module.acm-clients.module.acm_operator.module.k8sop_manifest.null_resource.run_destroy_command",
            "module.client-clusters.data.google_client_config.default",
            "module.client-clusters.data.google_compute_subnetwork.gke_subnetwork",
            "module.client-clusters.data.google_compute_zones.available",
            "module.client-clusters.data.google_container_engine_versions.region",
            "module.client-clusters.data.google_container_engine_versions.zone",
            "module.client-clusters.google_compute_firewall.intra_egress",
            "module.client-clusters.google_compute_firewall.master_webhooks",
            "module.client-clusters.google_compute_firewall.shadow_allow_master",
            "module.client-clusters.google_compute_firewall.shadow_allow_nodes",
            "module.client-clusters.google_compute_firewall.shadow_allow_pods",
            "module.client-clusters.google_container_cluster.primary",
            "module.client-clusters.google_container_node_pool.pools",
            "module.client-clusters.google_project_iam_member.cluster_service_account-artifact-registry",
            "module.client-clusters.google_project_iam_member.cluster_service_account-gcr",
            "module.client-clusters.google_project_iam_member.cluster_service_account-log_writer",
            "module.client-clusters.google_project_iam_member.cluster_service_account-metric_writer",
            "module.client-clusters.google_project_iam_member.cluster_service_account-monitoring_viewer",
            "module.client-clusters.google_project_iam_member.cluster_service_account-resourceMetadata-writer",
            "module.client-clusters.google_service_account.cluster_service_account",
            "module.client-clusters.kubernetes_config_map.ip-masq-agent",
            "module.client-clusters.kubernetes_config_map.kube-dns",
            "module.client-clusters.kubernetes_config_map.kube-dns-upstream-nameservers-and-stub-domains",
            "module.client-clusters.kubernetes_config_map.kube-dns-upstream-namservers",
            "module.client-clusters.module.gcloud_delete_default_kube_dns_configmap.module.gcloud_kubectl.data.external.env_override",
            "module.client-clusters.module.gcloud_delete_default_kube_dns_configmap.module.gcloud_kubectl.null_resource.additional_components",
            "module.client-clusters.module.gcloud_delete_default_kube_dns_configmap.module.gcloud_kubectl.null_resource.additional_components_destroy",
            "module.client-clusters.module.gcloud_delete_default_kube_dns_configmap.module.gcloud_kubectl.null_resource.decompress",
            "module.client-clusters.module.gcloud_delete_default_kube_dns_configmap.module.gcloud_kubectl.null_resource.decompress_destroy",
            "module.client-clusters.module.gcloud_delete_default_kube_dns_configmap.module.gcloud_kubectl.null_resource.download_gcloud",
            "module.client-clusters.module.gcloud_delete_default_kube_dns_configmap.module.gcloud_kubectl.null_resource.download_jq",
            "module.client-clusters.module.gcloud_delete_default_kube_dns_configmap.module.gcloud_kubectl.null_resource.gcloud_auth_google_credentials",
            "module.client-clusters.module.gcloud_delete_default_kube_dns_configmap.module.gcloud_kubectl.null_resource.gcloud_auth_google_credentials_destroy",
            "module.client-clusters.module.gcloud_delete_default_kube_dns_configmap.module.gcloud_kubectl.null_resource.gcloud_auth_service_account_key_file",
            "module.client-clusters.module.gcloud_delete_default_kube_dns_configmap.module.gcloud_kubectl.null_resource.gcloud_auth_service_account_key_file_destroy",
            "module.client-clusters.module.gcloud_delete_default_kube_dns_configmap.module.gcloud_kubectl.null_resource.module_depends_on",
            "module.client-clusters.module.gcloud_delete_default_kube_dns_configmap.module.gcloud_kubectl.null_resource.prepare_cache",
            "module.client-clusters.module.gcloud_delete_default_kube_dns_configmap.module.gcloud_kubectl.null_resource.run_command",
            "module.client-clusters.module.gcloud_delete_default_kube_dns_configmap.module.gcloud_kubectl.null_resource.run_destroy_command",
            "module.client-clusters.module.gcloud_delete_default_kube_dns_configmap.module.gcloud_kubectl.null_resource.upgrade",
            "module.client-clusters.module.gcloud_delete_default_kube_dns_configmap.module.gcloud_kubectl.null_resource.upgrade_destroy",
            "module.client-clusters.module.gcloud_delete_default_kube_dns_configmap.module.gcloud_kubectl.random_id.cache",
            "module.client-clusters.random_shuffle.available_zones",
            "module.client-clusters.random_string.cluster_service_account_suffix",
            "module.project-services.google_project_service.project_services"
          ]
        }
      ]
    },
    {
      "module": "module.acm-clients[0].module.acm_operator.module.k8sop_creds_secret.module.gcloud_kubectl",
      "mode": "managed",
      "type": "null_resource",
      "name": "module_depends_on",
      "provider": "provider[\"registry.terraform.io/hashicorp/null\"]",
      "instances": [
        {
          "index_key": 0,
          "schema_version": 0,
          "attributes": {
            "id": "5210102881446609384",
            "triggers": {
              "value": "1"
            }
          },
          "sensitive_attributes": [],
          "private": "bnVsbA==",
          "dependencies": [
            "data.google_client_config.current",
            "data.google_project.project",
            "module.acm-clients.module.acm_operator.module.k8s_operator.module.gcloud_kubectl.data.external.env_override",
            "module.acm-clients.module.acm_operator.module.k8s_operator.module.gcloud_kubectl.null_resource.additional_components",
            "module.acm-clients.module.acm_operator.module.k8s_operator.module.gcloud_kubectl.null_resource.decompress",
            "module.acm-clients.module.acm_operator.module.k8s_operator.module.gcloud_kubectl.null_resource.gcloud_auth_google_credentials",
            "module.acm-clients.module.acm_operator.module.k8s_operator.module.gcloud_kubectl.null_resource.gcloud_auth_service_account_key_file",
            "module.acm-clients.module.acm_operator.module.k8s_operator.module.gcloud_kubectl.null_resource.module_depends_on",
            "module.acm-clients.module.acm_operator.module.k8s_operator.module.gcloud_kubectl.null_resource.run_command",
            "module.acm-clients.module.acm_operator.module.k8s_operator.module.gcloud_kubectl.null_resource.run_destroy_command",
            "module.acm-clients.module.acm_operator.module.k8s_operator.module.gcloud_kubectl.null_resource.upgrade",
            "module.acm-clients.module.acm_operator.module.k8s_operator.module.gcloud_kubectl.random_id.cache",
            "module.acm-clients.module.acm_operator.module.k8sop_manifest.null_resource.additional_components",
            "module.acm-clients.module.acm_operator.module.k8sop_manifest.null_resource.gcloud_auth_google_credentials",
            "module.acm-clients.module.acm_operator.module.k8sop_manifest.null_resource.gcloud_auth_service_account_key_file",
            "module.acm-clients.module.acm_operator.module.k8sop_manifest.null_resource.run_command",
            "module.acm-clients.module.acm_operator.module.k8sop_manifest.null_resource.run_destroy_command",
            "module.client-clusters.data.google_client_config.default",
            "module.client-clusters.data.google_compute_subnetwork.gke_subnetwork",
            "module.client-clusters.data.google_compute_zones.available",
            "module.client-clusters.data.google_container_engine_versions.region",
            "module.client-clusters.data.google_container_engine_versions.zone",
            "module.client-clusters.google_compute_firewall.intra_egress",
            "module.client-clusters.google_compute_firewall.master_webhooks",
            "module.client-clusters.google_compute_firewall.shadow_allow_master",
            "module.client-clusters.google_compute_firewall.shadow_allow_nodes",
            "module.client-clusters.google_compute_firewall.shadow_allow_pods",
            "module.client-clusters.google_container_cluster.primary",
            "module.client-clusters.google_container_node_pool.pools",
            "module.client-clusters.google_project_iam_member.cluster_service_account-artifact-registry",
            "module.client-clusters.google_project_iam_member.cluster_service_account-gcr",
            "module.client-clusters.google_project_iam_member.cluster_service_account-log_writer",
            "module.client-clusters.google_project_iam_member.cluster_service_account-metric_writer",
            "module.client-clusters.google_project_iam_member.cluster_service_account-monitoring_viewer",
            "module.client-clusters.google_project_iam_member.cluster_service_account-resourceMetadata-writer",
            "module.client-clusters.google_service_account.cluster_service_account",
            "module.client-clusters.kubernetes_config_map.ip-masq-agent",
            "module.client-clusters.kubernetes_config_map.kube-dns",
            "module.client-clusters.kubernetes_config_map.kube-dns-upstream-nameservers-and-stub-domains",
            "module.client-clusters.kubernetes_config_map.kube-dns-upstream-namservers",
            "module.client-clusters.module.gcloud_delete_default_kube_dns_configmap.module.gcloud_kubectl.data.external.env_override",
            "module.client-clusters.module.gcloud_delete_default_kube_dns_configmap.module.gcloud_kubectl.null_resource.additional_components",
            "module.client-clusters.module.gcloud_delete_default_kube_dns_configmap.module.gcloud_kubectl.null_resource.additional_components_destroy",
            "module.client-clusters.module.gcloud_delete_default_kube_dns_configmap.module.gcloud_kubectl.null_resource.decompress",
            "module.client-clusters.module.gcloud_delete_default_kube_dns_configmap.module.gcloud_kubectl.null_resource.decompress_destroy",
            "module.client-clusters.module.gcloud_delete_default_kube_dns_configmap.module.gcloud_kubectl.null_resource.download_gcloud",
            "module.client-clusters.module.gcloud_delete_default_kube_dns_configmap.module.gcloud_kubectl.null_resource.download_jq",
            "module.client-clusters.module.gcloud_delete_default_kube_dns_configmap.module.gcloud_kubectl.null_resource.gcloud_auth_google_credentials",
            "module.client-clusters.module.gcloud_delete_default_kube_dns_configmap.module.gcloud_kubectl.null_resource.gcloud_auth_google_credentials_destroy",
            "module.client-clusters.module.gcloud_delete_default_kube_dns_configmap.module.gcloud_kubectl.null_resource.gcloud_auth_service_account_key_file",
            "module.client-clusters.module.gcloud_delete_default_kube_dns_configmap.module.gcloud_kubectl.null_resource.gcloud_auth_service_account_key_file_destroy",
            "module.client-clusters.module.gcloud_delete_default_kube_dns_configmap.module.gcloud_kubectl.null_resource.module_depends_on",
            "module.client-clusters.module.gcloud_delete_default_kube_dns_configmap.module.gcloud_kubectl.null_resource.prepare_cache",
            "module.client-clusters.module.gcloud_delete_default_kube_dns_configmap.module.gcloud_kubectl.null_resource.run_command",
            "module.client-clusters.module.gcloud_delete_default_kube_dns_configmap.module.gcloud_kubectl.null_resource.run_destroy_command",
            "module.client-clusters.module.gcloud_delete_default_kube_dns_configmap.module.gcloud_kubectl.null_resource.upgrade",
            "module.client-clusters.module.gcloud_delete_default_kube_dns_configmap.module.gcloud_kubectl.null_resource.upgrade_destroy",
            "module.client-clusters.module.gcloud_delete_default_kube_dns_configmap.module.gcloud_kubectl.random_id.cache",
            "module.client-clusters.random_shuffle.available_zones",
            "module.client-clusters.random_string.cluster_service_account_suffix",
            "module.project-services.google_project_service.project_services"
          ]
        }
      ]
    },
    {
      "module": "module.acm-clients[0].module.acm_operator.module.wait_for_gatekeeper.module.gcloud_kubectl",
      "mode": "data",
      "type": "external",
      "name": "env_override",
      "provider": "provider[\"registry.terraform.io/hashicorp/external\"]",
      "instances": [
        {
          "index_key": 0,
          "schema_version": 0,
          "attributes": {
            "id": "-",
            "program": [
              ".terraform/modules/acm-clients.acm_operator.wait_for_gatekeeper/terraform-google-gcloud-2.0.3/scripts/check_env.sh"
            ],
            "query": null,
            "result": {
              "download": ""
            },
            "working_dir": null
          },
          "sensitive_attributes": []
        }
      ]
    },
    {
      "module": "module.acm-clients[0].module.acm_operator.module.wait_for_gatekeeper.module.gcloud_kubectl",
      "mode": "managed",
      "type": "null_resource",
      "name": "additional_components",
      "provider": "provider[\"registry.terraform.io/hashicorp/null\"]",
      "instances": [
        {
          "index_key": 0,
          "schema_version": 0,
          "attributes": {
            "id": "5221701420975550979",
            "triggers": {
              "additional_components_command": ".terraform/modules/acm-clients.acm_operator.wait_for_gatekeeper/terraform-google-gcloud-2.0.3/scripts/check_components.sh gcloud kubectl",
              "arguments": "8ab2c1aa1e8b238b172e5becbb8a6b39",
              "md5": "f7bf1e982384a57b30dd825d33b979ca",
              "script_sha1": "e1780a62dcd319cb88616007c9c22324f63a6375"
            }
          },
          "sensitive_attributes": [],
          "private": "bnVsbA==",
          "dependencies": [
            "data.google_client_config.current",
            "data.google_project.project",
            "module.acm-clients.module.acm_operator.module.wait_for_gatekeeper.module.gcloud_kubectl.data.external.env_override",
            "module.acm-clients.module.acm_operator.module.wait_for_gatekeeper.module.gcloud_kubectl.null_resource.upgrade",
            "module.acm-clients.module.acm_operator.module.wait_for_gatekeeper.module.gcloud_kubectl.random_id.cache",
            "module.client-clusters.data.google_client_config.default",
            "module.client-clusters.data.google_compute_subnetwork.gke_subnetwork",
            "module.client-clusters.data.google_compute_zones.available",
            "module.client-clusters.data.google_container_engine_versions.region",
            "module.client-clusters.data.google_container_engine_versions.zone",
            "module.client-clusters.google_compute_firewall.intra_egress",
            "module.client-clusters.google_compute_firewall.master_webhooks",
            "module.client-clusters.google_compute_firewall.shadow_allow_master",
            "module.client-clusters.google_compute_firewall.shadow_allow_nodes",
            "module.client-clusters.google_compute_firewall.shadow_allow_pods",
            "module.client-clusters.google_container_cluster.primary",
            "module.client-clusters.google_container_node_pool.pools",
            "module.client-clusters.google_project_iam_member.cluster_service_account-artifact-registry",
            "module.client-clusters.google_project_iam_member.cluster_service_account-gcr",
            "module.client-clusters.google_project_iam_member.cluster_service_account-log_writer",
            "module.client-clusters.google_project_iam_member.cluster_service_account-metric_writer",
            "module.client-clusters.google_project_iam_member.cluster_service_account-monitoring_viewer",
            "module.client-clusters.google_project_iam_member.cluster_service_account-resourceMetadata-writer",
            "module.client-clusters.google_service_account.cluster_service_account",
            "module.client-clusters.kubernetes_config_map.ip-masq-agent",
            "module.client-clusters.kubernetes_config_map.kube-dns",
            "module.client-clusters.kubernetes_config_map.kube-dns-upstream-nameservers-and-stub-domains",
            "module.client-clusters.kubernetes_config_map.kube-dns-upstream-namservers",
            "module.client-clusters.module.gcloud_delete_default_kube_dns_configmap.module.gcloud_kubectl.data.external.env_override",
            "module.client-clusters.module.gcloud_delete_default_kube_dns_configmap.module.gcloud_kubectl.null_resource.additional_components",
            "module.client-clusters.module.gcloud_delete_default_kube_dns_configmap.module.gcloud_kubectl.null_resource.additional_components_destroy",
            "module.client-clusters.module.gcloud_delete_default_kube_dns_configmap.module.gcloud_kubectl.null_resource.decompress",
            "module.client-clusters.module.gcloud_delete_default_kube_dns_configmap.module.gcloud_kubectl.null_resource.decompress_destroy",
            "module.client-clusters.module.gcloud_delete_default_kube_dns_configmap.module.gcloud_kubectl.null_resource.download_gcloud",
            "module.client-clusters.module.gcloud_delete_default_kube_dns_configmap.module.gcloud_kubectl.null_resource.download_jq",
            "module.client-clusters.module.gcloud_delete_default_kube_dns_configmap.module.gcloud_kubectl.null_resource.gcloud_auth_google_credentials",
            "module.client-clusters.module.gcloud_delete_default_kube_dns_configmap.module.gcloud_kubectl.null_resource.gcloud_auth_google_credentials_destroy",
            "module.client-clusters.module.gcloud_delete_default_kube_dns_configmap.module.gcloud_kubectl.null_resource.gcloud_auth_service_account_key_file",
            "module.client-clusters.module.gcloud_delete_default_kube_dns_configmap.module.gcloud_kubectl.null_resource.gcloud_auth_service_account_key_file_destroy",
            "module.client-clusters.module.gcloud_delete_default_kube_dns_configmap.module.gcloud_kubectl.null_resource.module_depends_on",
            "module.client-clusters.module.gcloud_delete_default_kube_dns_configmap.module.gcloud_kubectl.null_resource.prepare_cache",
            "module.client-clusters.module.gcloud_delete_default_kube_dns_configmap.module.gcloud_kubectl.null_resource.run_command",
            "module.client-clusters.module.gcloud_delete_default_kube_dns_configmap.module.gcloud_kubectl.null_resource.run_destroy_command",
            "module.client-clusters.module.gcloud_delete_default_kube_dns_configmap.module.gcloud_kubectl.null_resource.upgrade",
            "module.client-clusters.module.gcloud_delete_default_kube_dns_configmap.module.gcloud_kubectl.null_resource.upgrade_destroy",
            "module.client-clusters.module.gcloud_delete_default_kube_dns_configmap.module.gcloud_kubectl.random_id.cache",
            "module.client-clusters.random_shuffle.available_zones",
            "module.client-clusters.random_string.cluster_service_account_suffix",
            "module.project-services.google_project_service.project_services"
          ]
        }
      ]
    },
    {
      "module": "module.acm-clients[0].module.acm_operator.module.wait_for_gatekeeper.module.gcloud_kubectl",
      "mode": "managed",
      "type": "null_resource",
      "name": "additional_components_destroy",
      "provider": "provider[\"registry.terraform.io/hashicorp/null\"]",
      "instances": [
        {
          "index_key": 0,
          "schema_version": 0,
          "attributes": {
            "id": "6391358944482729868",
            "triggers": {
              "additional_components_command": ".terraform/modules/acm-clients.acm_operator.wait_for_gatekeeper/terraform-google-gcloud-2.0.3/scripts/check_components.sh gcloud kubectl"
            }
          },
          "sensitive_attributes": [],
          "private": "bnVsbA==",
          "dependencies": [
            "data.google_client_config.current",
            "data.google_project.project",
            "module.acm-clients.module.acm_operator.data.template_file.k8sop_config",
            "module.acm-clients.module.acm_operator.module.k8s_operator.module.gcloud_kubectl.data.external.env_override",
            "module.acm-clients.module.acm_operator.module.k8s_operator.module.gcloud_kubectl.null_resource.additional_components",
            "module.acm-clients.module.acm_operator.module.k8s_operator.module.gcloud_kubectl.null_resource.decompress",
            "module.acm-clients.module.acm_operator.module.k8s_operator.module.gcloud_kubectl.null_resource.gcloud_auth_google_credentials",
            "module.acm-clients.module.acm_operator.module.k8s_operator.module.gcloud_kubectl.null_resource.gcloud_auth_service_account_key_file",
            "module.acm-clients.module.acm_operator.module.k8s_operator.module.gcloud_kubectl.null_resource.module_depends_on",
            "module.acm-clients.module.acm_operator.module.k8s_operator.module.gcloud_kubectl.null_resource.run_command",
            "module.acm-clients.module.acm_operator.module.k8s_operator.module.gcloud_kubectl.null_resource.run_destroy_command",
            "module.acm-clients.module.acm_operator.module.k8s_operator.module.gcloud_kubectl.null_resource.upgrade",
            "module.acm-clients.module.acm_operator.module.k8s_operator.module.gcloud_kubectl.random_id.cache",
            "module.acm-clients.module.acm_operator.module.k8sop_config.module.gcloud_kubectl.data.external.env_override",
            "module.acm-clients.module.acm_operator.module.k8sop_config.module.gcloud_kubectl.null_resource.additional_components",
            "module.acm-clients.module.acm_operator.module.k8sop_config.module.gcloud_kubectl.null_resource.decompress",
            "module.acm-clients.module.acm_operator.module.k8sop_config.module.gcloud_kubectl.null_resource.gcloud_auth_google_credentials",
            "module.acm-clients.module.acm_operator.module.k8sop_config.module.gcloud_kubectl.null_resource.gcloud_auth_service_account_key_file",
            "module.acm-clients.module.acm_operator.module.k8sop_config.module.gcloud_kubectl.null_resource.module_depends_on",
            "module.acm-clients.module.acm_operator.module.k8sop_config.module.gcloud_kubectl.null_resource.run_command",
            "module.acm-clients.module.acm_operator.module.k8sop_config.module.gcloud_kubectl.null_resource.run_destroy_command",
            "module.acm-clients.module.acm_operator.module.k8sop_config.module.gcloud_kubectl.null_resource.upgrade",
            "module.acm-clients.module.acm_operator.module.k8sop_config.module.gcloud_kubectl.random_id.cache",
            "module.acm-clients.module.acm_operator.module.k8sop_creds_secret.module.gcloud_kubectl.null_resource.additional_components",
            "module.acm-clients.module.acm_operator.module.k8sop_creds_secret.module.gcloud_kubectl.null_resource.gcloud_auth_google_credentials",
            "module.acm-clients.module.acm_operator.module.k8sop_creds_secret.module.gcloud_kubectl.null_resource.gcloud_auth_service_account_key_file",
            "module.acm-clients.module.acm_operator.module.k8sop_creds_secret.module.gcloud_kubectl.null_resource.run_command",
            "module.acm-clients.module.acm_operator.module.k8sop_creds_secret.module.gcloud_kubectl.null_resource.run_destroy_command",
            "module.acm-clients.module.acm_operator.module.k8sop_manifest.null_resource.additional_components",
            "module.acm-clients.module.acm_operator.module.k8sop_manifest.null_resource.gcloud_auth_google_credentials",
            "module.acm-clients.module.acm_operator.module.k8sop_manifest.null_resource.gcloud_auth_service_account_key_file",
            "module.acm-clients.module.acm_operator.module.k8sop_manifest.null_resource.run_command",
            "module.acm-clients.module.acm_operator.module.k8sop_manifest.null_resource.run_destroy_command",
            "module.acm-clients.module.acm_operator.module.wait_for_gatekeeper.module.gcloud_kubectl.data.external.env_override",
            "module.acm-clients.module.acm_operator.module.wait_for_gatekeeper.module.gcloud_kubectl.null_resource.additional_components",
            "module.acm-clients.module.acm_operator.module.wait_for_gatekeeper.module.gcloud_kubectl.null_resource.decompress",
            "module.acm-clients.module.acm_operator.module.wait_for_gatekeeper.module.gcloud_kubectl.null_resource.gcloud_auth_google_credentials",
            "module.acm-clients.module.acm_operator.module.wait_for_gatekeeper.module.gcloud_kubectl.null_resource.gcloud_auth_service_account_key_file",
            "module.acm-clients.module.acm_operator.module.wait_for_gatekeeper.module.gcloud_kubectl.null_resource.module_depends_on",
            "module.acm-clients.module.acm_operator.module.wait_for_gatekeeper.module.gcloud_kubectl.null_resource.run_destroy_command",
            "module.acm-clients.module.acm_operator.module.wait_for_gatekeeper.module.gcloud_kubectl.null_resource.upgrade",
            "module.acm-clients.module.acm_operator.module.wait_for_gatekeeper.module.gcloud_kubectl.random_id.cache",
            "module.client-clusters.data.google_client_config.default",
            "module.client-clusters.data.google_compute_subnetwork.gke_subnetwork",
            "module.client-clusters.data.google_compute_zones.available",
            "module.client-clusters.data.google_container_engine_versions.region",
            "module.client-clusters.data.google_container_engine_versions.zone",
            "module.client-clusters.google_compute_firewall.intra_egress",
            "module.client-clusters.google_compute_firewall.master_webhooks",
            "module.client-clusters.google_compute_firewall.shadow_allow_master",
            "module.client-clusters.google_compute_firewall.shadow_allow_nodes",
            "module.client-clusters.google_compute_firewall.shadow_allow_pods",
            "module.client-clusters.google_container_cluster.primary",
            "module.client-clusters.google_container_node_pool.pools",
            "module.client-clusters.google_project_iam_member.cluster_service_account-artifact-registry",
            "module.client-clusters.google_project_iam_member.cluster_service_account-gcr",
            "module.client-clusters.google_project_iam_member.cluster_service_account-log_writer",
            "module.client-clusters.google_project_iam_member.cluster_service_account-metric_writer",
            "module.client-clusters.google_project_iam_member.cluster_service_account-monitoring_viewer",
            "module.client-clusters.google_project_iam_member.cluster_service_account-resourceMetadata-writer",
            "module.client-clusters.google_service_account.cluster_service_account",
            "module.client-clusters.kubernetes_config_map.ip-masq-agent",
            "module.client-clusters.kubernetes_config_map.kube-dns",
            "module.client-clusters.kubernetes_config_map.kube-dns-upstream-nameservers-and-stub-domains",
            "module.client-clusters.kubernetes_config_map.kube-dns-upstream-namservers",
            "module.client-clusters.module.gcloud_delete_default_kube_dns_configmap.module.gcloud_kubectl.data.external.env_override",
            "module.client-clusters.module.gcloud_delete_default_kube_dns_configmap.module.gcloud_kubectl.null_resource.additional_components",
            "module.client-clusters.module.gcloud_delete_default_kube_dns_configmap.module.gcloud_kubectl.null_resource.additional_components_destroy",
            "module.client-clusters.module.gcloud_delete_default_kube_dns_configmap.module.gcloud_kubectl.null_resource.decompress",
            "module.client-clusters.module.gcloud_delete_default_kube_dns_configmap.module.gcloud_kubectl.null_resource.decompress_destroy",
            "module.client-clusters.module.gcloud_delete_default_kube_dns_configmap.module.gcloud_kubectl.null_resource.download_gcloud",
            "module.client-clusters.module.gcloud_delete_default_kube_dns_configmap.module.gcloud_kubectl.null_resource.download_jq",
            "module.client-clusters.module.gcloud_delete_default_kube_dns_configmap.module.gcloud_kubectl.null_resource.gcloud_auth_google_credentials",
            "module.client-clusters.module.gcloud_delete_default_kube_dns_configmap.module.gcloud_kubectl.null_resource.gcloud_auth_google_credentials_destroy",
            "module.client-clusters.module.gcloud_delete_default_kube_dns_configmap.module.gcloud_kubectl.null_resource.gcloud_auth_service_account_key_file",
            "module.client-clusters.module.gcloud_delete_default_kube_dns_configmap.module.gcloud_kubectl.null_resource.gcloud_auth_service_account_key_file_destroy",
            "module.client-clusters.module.gcloud_delete_default_kube_dns_configmap.module.gcloud_kubectl.null_resource.module_depends_on",
            "module.client-clusters.module.gcloud_delete_default_kube_dns_configmap.module.gcloud_kubectl.null_resource.prepare_cache",
            "module.client-clusters.module.gcloud_delete_default_kube_dns_configmap.module.gcloud_kubectl.null_resource.run_command",
            "module.client-clusters.module.gcloud_delete_default_kube_dns_configmap.module.gcloud_kubectl.null_resource.run_destroy_command",
            "module.client-clusters.module.gcloud_delete_default_kube_dns_configmap.module.gcloud_kubectl.null_resource.upgrade",
            "module.client-clusters.module.gcloud_delete_default_kube_dns_configmap.module.gcloud_kubectl.null_resource.upgrade_destroy",
            "module.client-clusters.module.gcloud_delete_default_kube_dns_configmap.module.gcloud_kubectl.random_id.cache",
            "module.client-clusters.random_shuffle.available_zones",
            "module.client-clusters.random_string.cluster_service_account_suffix",
            "module.project-services.google_project_service.project_services"
          ]
        }
      ]
    },
    {
      "module": "module.acm-clients[0].module.acm_operator.module.wait_for_gatekeeper.module.gcloud_kubectl",
      "mode": "managed",
      "type": "null_resource",
      "name": "module_depends_on",
      "provider": "provider[\"registry.terraform.io/hashicorp/null\"]",
      "instances": [
        {
          "index_key": 0,
          "schema_version": 0,
          "attributes": {
            "id": "8045689524774769632",
            "triggers": {
              "value": "1"
            }
          },
          "sensitive_attributes": [],
          "private": "bnVsbA==",
          "dependencies": [
            "data.google_client_config.current",
            "data.google_project.project",
            "module.acm-clients.module.acm_operator.data.template_file.k8sop_config",
            "module.acm-clients.module.acm_operator.module.k8s_operator.module.gcloud_kubectl.data.external.env_override",
            "module.acm-clients.module.acm_operator.module.k8s_operator.module.gcloud_kubectl.null_resource.additional_components",
            "module.acm-clients.module.acm_operator.module.k8s_operator.module.gcloud_kubectl.null_resource.decompress",
            "module.acm-clients.module.acm_operator.module.k8s_operator.module.gcloud_kubectl.null_resource.gcloud_auth_google_credentials",
            "module.acm-clients.module.acm_operator.module.k8s_operator.module.gcloud_kubectl.null_resource.gcloud_auth_service_account_key_file",
            "module.acm-clients.module.acm_operator.module.k8s_operator.module.gcloud_kubectl.null_resource.module_depends_on",
            "module.acm-clients.module.acm_operator.module.k8s_operator.module.gcloud_kubectl.null_resource.run_command",
            "module.acm-clients.module.acm_operator.module.k8s_operator.module.gcloud_kubectl.null_resource.run_destroy_command",
            "module.acm-clients.module.acm_operator.module.k8s_operator.module.gcloud_kubectl.null_resource.upgrade",
            "module.acm-clients.module.acm_operator.module.k8s_operator.module.gcloud_kubectl.random_id.cache",
            "module.acm-clients.module.acm_operator.module.k8sop_config.module.gcloud_kubectl.data.external.env_override",
            "module.acm-clients.module.acm_operator.module.k8sop_config.module.gcloud_kubectl.null_resource.additional_components",
            "module.acm-clients.module.acm_operator.module.k8sop_config.module.gcloud_kubectl.null_resource.decompress",
            "module.acm-clients.module.acm_operator.module.k8sop_config.module.gcloud_kubectl.null_resource.gcloud_auth_google_credentials",
            "module.acm-clients.module.acm_operator.module.k8sop_config.module.gcloud_kubectl.null_resource.gcloud_auth_service_account_key_file",
            "module.acm-clients.module.acm_operator.module.k8sop_config.module.gcloud_kubectl.null_resource.module_depends_on",
            "module.acm-clients.module.acm_operator.module.k8sop_config.module.gcloud_kubectl.null_resource.run_command",
            "module.acm-clients.module.acm_operator.module.k8sop_config.module.gcloud_kubectl.null_resource.run_destroy_command",
            "module.acm-clients.module.acm_operator.module.k8sop_config.module.gcloud_kubectl.null_resource.upgrade",
            "module.acm-clients.module.acm_operator.module.k8sop_config.module.gcloud_kubectl.random_id.cache",
            "module.acm-clients.module.acm_operator.module.k8sop_creds_secret.module.gcloud_kubectl.null_resource.additional_components",
            "module.acm-clients.module.acm_operator.module.k8sop_creds_secret.module.gcloud_kubectl.null_resource.gcloud_auth_google_credentials",
            "module.acm-clients.module.acm_operator.module.k8sop_creds_secret.module.gcloud_kubectl.null_resource.gcloud_auth_service_account_key_file",
            "module.acm-clients.module.acm_operator.module.k8sop_creds_secret.module.gcloud_kubectl.null_resource.run_command",
            "module.acm-clients.module.acm_operator.module.k8sop_creds_secret.module.gcloud_kubectl.null_resource.run_destroy_command",
            "module.acm-clients.module.acm_operator.module.k8sop_manifest.null_resource.additional_components",
            "module.acm-clients.module.acm_operator.module.k8sop_manifest.null_resource.gcloud_auth_google_credentials",
            "module.acm-clients.module.acm_operator.module.k8sop_manifest.null_resource.gcloud_auth_service_account_key_file",
            "module.acm-clients.module.acm_operator.module.k8sop_manifest.null_resource.run_command",
            "module.acm-clients.module.acm_operator.module.k8sop_manifest.null_resource.run_destroy_command",
            "module.client-clusters.data.google_client_config.default",
            "module.client-clusters.data.google_compute_subnetwork.gke_subnetwork",
            "module.client-clusters.data.google_compute_zones.available",
            "module.client-clusters.data.google_container_engine_versions.region",
            "module.client-clusters.data.google_container_engine_versions.zone",
            "module.client-clusters.google_compute_firewall.intra_egress",
            "module.client-clusters.google_compute_firewall.master_webhooks",
            "module.client-clusters.google_compute_firewall.shadow_allow_master",
            "module.client-clusters.google_compute_firewall.shadow_allow_nodes",
            "module.client-clusters.google_compute_firewall.shadow_allow_pods",
            "module.client-clusters.google_container_cluster.primary",
            "module.client-clusters.google_container_node_pool.pools",
            "module.client-clusters.google_project_iam_member.cluster_service_account-artifact-registry",
            "module.client-clusters.google_project_iam_member.cluster_service_account-gcr",
            "module.client-clusters.google_project_iam_member.cluster_service_account-log_writer",
            "module.client-clusters.google_project_iam_member.cluster_service_account-metric_writer",
            "module.client-clusters.google_project_iam_member.cluster_service_account-monitoring_viewer",
            "module.client-clusters.google_project_iam_member.cluster_service_account-resourceMetadata-writer",
            "module.client-clusters.google_service_account.cluster_service_account",
            "module.client-clusters.kubernetes_config_map.ip-masq-agent",
            "module.client-clusters.kubernetes_config_map.kube-dns",
            "module.client-clusters.kubernetes_config_map.kube-dns-upstream-nameservers-and-stub-domains",
            "module.client-clusters.kubernetes_config_map.kube-dns-upstream-namservers",
            "module.client-clusters.module.gcloud_delete_default_kube_dns_configmap.module.gcloud_kubectl.data.external.env_override",
            "module.client-clusters.module.gcloud_delete_default_kube_dns_configmap.module.gcloud_kubectl.null_resource.additional_components",
            "module.client-clusters.module.gcloud_delete_default_kube_dns_configmap.module.gcloud_kubectl.null_resource.additional_components_destroy",
            "module.client-clusters.module.gcloud_delete_default_kube_dns_configmap.module.gcloud_kubectl.null_resource.decompress",
            "module.client-clusters.module.gcloud_delete_default_kube_dns_configmap.module.gcloud_kubectl.null_resource.decompress_destroy",
            "module.client-clusters.module.gcloud_delete_default_kube_dns_configmap.module.gcloud_kubectl.null_resource.download_gcloud",
            "module.client-clusters.module.gcloud_delete_default_kube_dns_configmap.module.gcloud_kubectl.null_resource.download_jq",
            "module.client-clusters.module.gcloud_delete_default_kube_dns_configmap.module.gcloud_kubectl.null_resource.gcloud_auth_google_credentials",
            "module.client-clusters.module.gcloud_delete_default_kube_dns_configmap.module.gcloud_kubectl.null_resource.gcloud_auth_google_credentials_destroy",
            "module.client-clusters.module.gcloud_delete_default_kube_dns_configmap.module.gcloud_kubectl.null_resource.gcloud_auth_service_account_key_file",
            "module.client-clusters.module.gcloud_delete_default_kube_dns_configmap.module.gcloud_kubectl.null_resource.gcloud_auth_service_account_key_file_destroy",
            "module.client-clusters.module.gcloud_delete_default_kube_dns_configmap.module.gcloud_kubectl.null_resource.module_depends_on",
            "module.client-clusters.module.gcloud_delete_default_kube_dns_configmap.module.gcloud_kubectl.null_resource.prepare_cache",
            "module.client-clusters.module.gcloud_delete_default_kube_dns_configmap.module.gcloud_kubectl.null_resource.run_command",
            "module.client-clusters.module.gcloud_delete_default_kube_dns_configmap.module.gcloud_kubectl.null_resource.run_destroy_command",
            "module.client-clusters.module.gcloud_delete_default_kube_dns_configmap.module.gcloud_kubectl.null_resource.upgrade",
            "module.client-clusters.module.gcloud_delete_default_kube_dns_configmap.module.gcloud_kubectl.null_resource.upgrade_destroy",
            "module.client-clusters.module.gcloud_delete_default_kube_dns_configmap.module.gcloud_kubectl.random_id.cache",
            "module.client-clusters.random_shuffle.available_zones",
            "module.client-clusters.random_string.cluster_service_account_suffix",
            "module.project-services.google_project_service.project_services"
          ]
        }
      ]
    },
    {
      "module": "module.acm-clients[0].module.acm_operator.module.wait_for_gatekeeper.module.gcloud_kubectl",
      "mode": "managed",
      "type": "null_resource",
      "name": "run_command",
      "provider": "provider[\"registry.terraform.io/hashicorp/null\"]",
      "instances": [
        {
          "index_key": 0,
          "schema_version": 0,
          "attributes": {
            "id": "6263525455161994874",
            "triggers": {
              "arguments": "8ab2c1aa1e8b238b172e5becbb8a6b39",
              "create_cmd_body": "tff-client-0 us-west1-a jk-mlops-dev false false .terraform/modules/acm-clients/modules/k8s-operator-crd-support/scripts/wait_for_gatekeeper.sh jk-mlops-dev tff-client-0 us-west1-a ",
              "create_cmd_entrypoint": ".terraform/modules/acm-clients.acm_operator.wait_for_gatekeeper/terraform-google-gcloud-2.0.3/modules/kubectl-wrapper/scripts/kubectl_wrapper.sh",
              "gcloud_bin_abs_path": "/google-cloud-sdk/bin",
              "md5": "f7bf1e982384a57b30dd825d33b979ca",
              "script_sha1": "e1780a62dcd319cb88616007c9c22324f63a6375"
            }
          },
          "sensitive_attributes": [],
          "private": "bnVsbA==",
          "dependencies": [
            "data.google_client_config.current",
            "data.google_project.project",
            "module.acm-clients.module.acm_operator.data.template_file.k8sop_config",
            "module.acm-clients.module.acm_operator.module.k8s_operator.module.gcloud_kubectl.data.external.env_override",
            "module.acm-clients.module.acm_operator.module.k8s_operator.module.gcloud_kubectl.null_resource.additional_components",
            "module.acm-clients.module.acm_operator.module.k8s_operator.module.gcloud_kubectl.null_resource.decompress",
            "module.acm-clients.module.acm_operator.module.k8s_operator.module.gcloud_kubectl.null_resource.gcloud_auth_google_credentials",
            "module.acm-clients.module.acm_operator.module.k8s_operator.module.gcloud_kubectl.null_resource.gcloud_auth_service_account_key_file",
            "module.acm-clients.module.acm_operator.module.k8s_operator.module.gcloud_kubectl.null_resource.module_depends_on",
            "module.acm-clients.module.acm_operator.module.k8s_operator.module.gcloud_kubectl.null_resource.run_command",
            "module.acm-clients.module.acm_operator.module.k8s_operator.module.gcloud_kubectl.null_resource.run_destroy_command",
            "module.acm-clients.module.acm_operator.module.k8s_operator.module.gcloud_kubectl.null_resource.upgrade",
            "module.acm-clients.module.acm_operator.module.k8s_operator.module.gcloud_kubectl.random_id.cache",
            "module.acm-clients.module.acm_operator.module.k8sop_config.module.gcloud_kubectl.data.external.env_override",
            "module.acm-clients.module.acm_operator.module.k8sop_config.module.gcloud_kubectl.null_resource.additional_components",
            "module.acm-clients.module.acm_operator.module.k8sop_config.module.gcloud_kubectl.null_resource.decompress",
            "module.acm-clients.module.acm_operator.module.k8sop_config.module.gcloud_kubectl.null_resource.gcloud_auth_google_credentials",
            "module.acm-clients.module.acm_operator.module.k8sop_config.module.gcloud_kubectl.null_resource.gcloud_auth_service_account_key_file",
            "module.acm-clients.module.acm_operator.module.k8sop_config.module.gcloud_kubectl.null_resource.module_depends_on",
            "module.acm-clients.module.acm_operator.module.k8sop_config.module.gcloud_kubectl.null_resource.run_command",
            "module.acm-clients.module.acm_operator.module.k8sop_config.module.gcloud_kubectl.null_resource.run_destroy_command",
            "module.acm-clients.module.acm_operator.module.k8sop_config.module.gcloud_kubectl.null_resource.upgrade",
            "module.acm-clients.module.acm_operator.module.k8sop_config.module.gcloud_kubectl.random_id.cache",
            "module.acm-clients.module.acm_operator.module.k8sop_creds_secret.module.gcloud_kubectl.null_resource.additional_components",
            "module.acm-clients.module.acm_operator.module.k8sop_creds_secret.module.gcloud_kubectl.null_resource.gcloud_auth_google_credentials",
            "module.acm-clients.module.acm_operator.module.k8sop_creds_secret.module.gcloud_kubectl.null_resource.gcloud_auth_service_account_key_file",
            "module.acm-clients.module.acm_operator.module.k8sop_creds_secret.module.gcloud_kubectl.null_resource.run_command",
            "module.acm-clients.module.acm_operator.module.k8sop_creds_secret.module.gcloud_kubectl.null_resource.run_destroy_command",
            "module.acm-clients.module.acm_operator.module.k8sop_manifest.null_resource.additional_components",
            "module.acm-clients.module.acm_operator.module.k8sop_manifest.null_resource.gcloud_auth_google_credentials",
            "module.acm-clients.module.acm_operator.module.k8sop_manifest.null_resource.gcloud_auth_service_account_key_file",
            "module.acm-clients.module.acm_operator.module.k8sop_manifest.null_resource.run_command",
            "module.acm-clients.module.acm_operator.module.k8sop_manifest.null_resource.run_destroy_command",
            "module.acm-clients.module.acm_operator.module.wait_for_gatekeeper.module.gcloud_kubectl.data.external.env_override",
            "module.acm-clients.module.acm_operator.module.wait_for_gatekeeper.module.gcloud_kubectl.null_resource.additional_components",
            "module.acm-clients.module.acm_operator.module.wait_for_gatekeeper.module.gcloud_kubectl.null_resource.decompress",
            "module.acm-clients.module.acm_operator.module.wait_for_gatekeeper.module.gcloud_kubectl.null_resource.gcloud_auth_google_credentials",
            "module.acm-clients.module.acm_operator.module.wait_for_gatekeeper.module.gcloud_kubectl.null_resource.gcloud_auth_service_account_key_file",
            "module.acm-clients.module.acm_operator.module.wait_for_gatekeeper.module.gcloud_kubectl.null_resource.module_depends_on",
            "module.acm-clients.module.acm_operator.module.wait_for_gatekeeper.module.gcloud_kubectl.null_resource.upgrade",
            "module.acm-clients.module.acm_operator.module.wait_for_gatekeeper.module.gcloud_kubectl.random_id.cache",
            "module.client-clusters.data.google_client_config.default",
            "module.client-clusters.data.google_compute_subnetwork.gke_subnetwork",
            "module.client-clusters.data.google_compute_zones.available",
            "module.client-clusters.data.google_container_engine_versions.region",
            "module.client-clusters.data.google_container_engine_versions.zone",
            "module.client-clusters.google_compute_firewall.intra_egress",
            "module.client-clusters.google_compute_firewall.master_webhooks",
            "module.client-clusters.google_compute_firewall.shadow_allow_master",
            "module.client-clusters.google_compute_firewall.shadow_allow_nodes",
            "module.client-clusters.google_compute_firewall.shadow_allow_pods",
            "module.client-clusters.google_container_cluster.primary",
            "module.client-clusters.google_container_node_pool.pools",
            "module.client-clusters.google_project_iam_member.cluster_service_account-artifact-registry",
            "module.client-clusters.google_project_iam_member.cluster_service_account-gcr",
            "module.client-clusters.google_project_iam_member.cluster_service_account-log_writer",
            "module.client-clusters.google_project_iam_member.cluster_service_account-metric_writer",
            "module.client-clusters.google_project_iam_member.cluster_service_account-monitoring_viewer",
            "module.client-clusters.google_project_iam_member.cluster_service_account-resourceMetadata-writer",
            "module.client-clusters.google_service_account.cluster_service_account",
            "module.client-clusters.kubernetes_config_map.ip-masq-agent",
            "module.client-clusters.kubernetes_config_map.kube-dns",
            "module.client-clusters.kubernetes_config_map.kube-dns-upstream-nameservers-and-stub-domains",
            "module.client-clusters.kubernetes_config_map.kube-dns-upstream-namservers",
            "module.client-clusters.module.gcloud_delete_default_kube_dns_configmap.module.gcloud_kubectl.data.external.env_override",
            "module.client-clusters.module.gcloud_delete_default_kube_dns_configmap.module.gcloud_kubectl.null_resource.additional_components",
            "module.client-clusters.module.gcloud_delete_default_kube_dns_configmap.module.gcloud_kubectl.null_resource.additional_components_destroy",
            "module.client-clusters.module.gcloud_delete_default_kube_dns_configmap.module.gcloud_kubectl.null_resource.decompress",
            "module.client-clusters.module.gcloud_delete_default_kube_dns_configmap.module.gcloud_kubectl.null_resource.decompress_destroy",
            "module.client-clusters.module.gcloud_delete_default_kube_dns_configmap.module.gcloud_kubectl.null_resource.download_gcloud",
            "module.client-clusters.module.gcloud_delete_default_kube_dns_configmap.module.gcloud_kubectl.null_resource.download_jq",
            "module.client-clusters.module.gcloud_delete_default_kube_dns_configmap.module.gcloud_kubectl.null_resource.gcloud_auth_google_credentials",
            "module.client-clusters.module.gcloud_delete_default_kube_dns_configmap.module.gcloud_kubectl.null_resource.gcloud_auth_google_credentials_destroy",
            "module.client-clusters.module.gcloud_delete_default_kube_dns_configmap.module.gcloud_kubectl.null_resource.gcloud_auth_service_account_key_file",
            "module.client-clusters.module.gcloud_delete_default_kube_dns_configmap.module.gcloud_kubectl.null_resource.gcloud_auth_service_account_key_file_destroy",
            "module.client-clusters.module.gcloud_delete_default_kube_dns_configmap.module.gcloud_kubectl.null_resource.module_depends_on",
            "module.client-clusters.module.gcloud_delete_default_kube_dns_configmap.module.gcloud_kubectl.null_resource.prepare_cache",
            "module.client-clusters.module.gcloud_delete_default_kube_dns_configmap.module.gcloud_kubectl.null_resource.run_command",
            "module.client-clusters.module.gcloud_delete_default_kube_dns_configmap.module.gcloud_kubectl.null_resource.run_destroy_command",
            "module.client-clusters.module.gcloud_delete_default_kube_dns_configmap.module.gcloud_kubectl.null_resource.upgrade",
            "module.client-clusters.module.gcloud_delete_default_kube_dns_configmap.module.gcloud_kubectl.null_resource.upgrade_destroy",
            "module.client-clusters.module.gcloud_delete_default_kube_dns_configmap.module.gcloud_kubectl.random_id.cache",
            "module.client-clusters.random_shuffle.available_zones",
            "module.client-clusters.random_string.cluster_service_account_suffix",
            "module.project-services.google_project_service.project_services"
          ]
        }
      ]
    },
    {
      "module": "module.acm-clients[0].module.acm_operator.module.wait_for_gatekeeper.module.gcloud_kubectl",
      "mode": "managed",
      "type": "null_resource",
      "name": "run_destroy_command",
      "provider": "provider[\"registry.terraform.io/hashicorp/null\"]",
      "instances": [
        {
          "index_key": 0,
          "schema_version": 0,
          "attributes": {
            "id": "704340789630730621",
            "triggers": {
              "destroy_cmd_body": "tff-client-0 us-west1-a jk-mlops-dev false false ",
              "destroy_cmd_entrypoint": ".terraform/modules/acm-clients.acm_operator.wait_for_gatekeeper/terraform-google-gcloud-2.0.3/modules/kubectl-wrapper/scripts/kubectl_wrapper.sh",
              "gcloud_bin_abs_path": "/google-cloud-sdk/bin",
              "script_sha1": "e1780a62dcd319cb88616007c9c22324f63a6375"
            }
          },
          "sensitive_attributes": [],
          "private": "bnVsbA==",
          "dependencies": [
            "data.google_client_config.current",
            "data.google_project.project",
            "module.acm-clients.module.acm_operator.data.template_file.k8sop_config",
            "module.acm-clients.module.acm_operator.module.k8s_operator.module.gcloud_kubectl.data.external.env_override",
            "module.acm-clients.module.acm_operator.module.k8s_operator.module.gcloud_kubectl.null_resource.additional_components",
            "module.acm-clients.module.acm_operator.module.k8s_operator.module.gcloud_kubectl.null_resource.decompress",
            "module.acm-clients.module.acm_operator.module.k8s_operator.module.gcloud_kubectl.null_resource.gcloud_auth_google_credentials",
            "module.acm-clients.module.acm_operator.module.k8s_operator.module.gcloud_kubectl.null_resource.gcloud_auth_service_account_key_file",
            "module.acm-clients.module.acm_operator.module.k8s_operator.module.gcloud_kubectl.null_resource.module_depends_on",
            "module.acm-clients.module.acm_operator.module.k8s_operator.module.gcloud_kubectl.null_resource.run_command",
            "module.acm-clients.module.acm_operator.module.k8s_operator.module.gcloud_kubectl.null_resource.run_destroy_command",
            "module.acm-clients.module.acm_operator.module.k8s_operator.module.gcloud_kubectl.null_resource.upgrade",
            "module.acm-clients.module.acm_operator.module.k8s_operator.module.gcloud_kubectl.random_id.cache",
            "module.acm-clients.module.acm_operator.module.k8sop_config.module.gcloud_kubectl.data.external.env_override",
            "module.acm-clients.module.acm_operator.module.k8sop_config.module.gcloud_kubectl.null_resource.additional_components",
            "module.acm-clients.module.acm_operator.module.k8sop_config.module.gcloud_kubectl.null_resource.decompress",
            "module.acm-clients.module.acm_operator.module.k8sop_config.module.gcloud_kubectl.null_resource.gcloud_auth_google_credentials",
            "module.acm-clients.module.acm_operator.module.k8sop_config.module.gcloud_kubectl.null_resource.gcloud_auth_service_account_key_file",
            "module.acm-clients.module.acm_operator.module.k8sop_config.module.gcloud_kubectl.null_resource.module_depends_on",
            "module.acm-clients.module.acm_operator.module.k8sop_config.module.gcloud_kubectl.null_resource.run_command",
            "module.acm-clients.module.acm_operator.module.k8sop_config.module.gcloud_kubectl.null_resource.run_destroy_command",
            "module.acm-clients.module.acm_operator.module.k8sop_config.module.gcloud_kubectl.null_resource.upgrade",
            "module.acm-clients.module.acm_operator.module.k8sop_config.module.gcloud_kubectl.random_id.cache",
            "module.acm-clients.module.acm_operator.module.k8sop_creds_secret.module.gcloud_kubectl.null_resource.additional_components",
            "module.acm-clients.module.acm_operator.module.k8sop_creds_secret.module.gcloud_kubectl.null_resource.gcloud_auth_google_credentials",
            "module.acm-clients.module.acm_operator.module.k8sop_creds_secret.module.gcloud_kubectl.null_resource.gcloud_auth_service_account_key_file",
            "module.acm-clients.module.acm_operator.module.k8sop_creds_secret.module.gcloud_kubectl.null_resource.run_command",
            "module.acm-clients.module.acm_operator.module.k8sop_creds_secret.module.gcloud_kubectl.null_resource.run_destroy_command",
            "module.acm-clients.module.acm_operator.module.k8sop_manifest.null_resource.additional_components",
            "module.acm-clients.module.acm_operator.module.k8sop_manifest.null_resource.gcloud_auth_google_credentials",
            "module.acm-clients.module.acm_operator.module.k8sop_manifest.null_resource.gcloud_auth_service_account_key_file",
            "module.acm-clients.module.acm_operator.module.k8sop_manifest.null_resource.run_command",
            "module.acm-clients.module.acm_operator.module.k8sop_manifest.null_resource.run_destroy_command",
            "module.acm-clients.module.acm_operator.module.wait_for_gatekeeper.module.gcloud_kubectl.data.external.env_override",
            "module.acm-clients.module.acm_operator.module.wait_for_gatekeeper.module.gcloud_kubectl.null_resource.additional_components",
            "module.acm-clients.module.acm_operator.module.wait_for_gatekeeper.module.gcloud_kubectl.null_resource.decompress",
            "module.acm-clients.module.acm_operator.module.wait_for_gatekeeper.module.gcloud_kubectl.null_resource.gcloud_auth_google_credentials",
            "module.acm-clients.module.acm_operator.module.wait_for_gatekeeper.module.gcloud_kubectl.null_resource.gcloud_auth_service_account_key_file",
            "module.acm-clients.module.acm_operator.module.wait_for_gatekeeper.module.gcloud_kubectl.null_resource.module_depends_on",
            "module.acm-clients.module.acm_operator.module.wait_for_gatekeeper.module.gcloud_kubectl.null_resource.upgrade",
            "module.acm-clients.module.acm_operator.module.wait_for_gatekeeper.module.gcloud_kubectl.random_id.cache",
            "module.client-clusters.data.google_client_config.default",
            "module.client-clusters.data.google_compute_subnetwork.gke_subnetwork",
            "module.client-clusters.data.google_compute_zones.available",
            "module.client-clusters.data.google_container_engine_versions.region",
            "module.client-clusters.data.google_container_engine_versions.zone",
            "module.client-clusters.google_compute_firewall.intra_egress",
            "module.client-clusters.google_compute_firewall.master_webhooks",
            "module.client-clusters.google_compute_firewall.shadow_allow_master",
            "module.client-clusters.google_compute_firewall.shadow_allow_nodes",
            "module.client-clusters.google_compute_firewall.shadow_allow_pods",
            "module.client-clusters.google_container_cluster.primary",
            "module.client-clusters.google_container_node_pool.pools",
            "module.client-clusters.google_project_iam_member.cluster_service_account-artifact-registry",
            "module.client-clusters.google_project_iam_member.cluster_service_account-gcr",
            "module.client-clusters.google_project_iam_member.cluster_service_account-log_writer",
            "module.client-clusters.google_project_iam_member.cluster_service_account-metric_writer",
            "module.client-clusters.google_project_iam_member.cluster_service_account-monitoring_viewer",
            "module.client-clusters.google_project_iam_member.cluster_service_account-resourceMetadata-writer",
            "module.client-clusters.google_service_account.cluster_service_account",
            "module.client-clusters.kubernetes_config_map.ip-masq-agent",
            "module.client-clusters.kubernetes_config_map.kube-dns",
            "module.client-clusters.kubernetes_config_map.kube-dns-upstream-nameservers-and-stub-domains",
            "module.client-clusters.kubernetes_config_map.kube-dns-upstream-namservers",
            "module.client-clusters.module.gcloud_delete_default_kube_dns_configmap.module.gcloud_kubectl.data.external.env_override",
            "module.client-clusters.module.gcloud_delete_default_kube_dns_configmap.module.gcloud_kubectl.null_resource.additional_components",
            "module.client-clusters.module.gcloud_delete_default_kube_dns_configmap.module.gcloud_kubectl.null_resource.additional_components_destroy",
            "module.client-clusters.module.gcloud_delete_default_kube_dns_configmap.module.gcloud_kubectl.null_resource.decompress",
            "module.client-clusters.module.gcloud_delete_default_kube_dns_configmap.module.gcloud_kubectl.null_resource.decompress_destroy",
            "module.client-clusters.module.gcloud_delete_default_kube_dns_configmap.module.gcloud_kubectl.null_resource.download_gcloud",
            "module.client-clusters.module.gcloud_delete_default_kube_dns_configmap.module.gcloud_kubectl.null_resource.download_jq",
            "module.client-clusters.module.gcloud_delete_default_kube_dns_configmap.module.gcloud_kubectl.null_resource.gcloud_auth_google_credentials",
            "module.client-clusters.module.gcloud_delete_default_kube_dns_configmap.module.gcloud_kubectl.null_resource.gcloud_auth_google_credentials_destroy",
            "module.client-clusters.module.gcloud_delete_default_kube_dns_configmap.module.gcloud_kubectl.null_resource.gcloud_auth_service_account_key_file",
            "module.client-clusters.module.gcloud_delete_default_kube_dns_configmap.module.gcloud_kubectl.null_resource.gcloud_auth_service_account_key_file_destroy",
            "module.client-clusters.module.gcloud_delete_default_kube_dns_configmap.module.gcloud_kubectl.null_resource.module_depends_on",
            "module.client-clusters.module.gcloud_delete_default_kube_dns_configmap.module.gcloud_kubectl.null_resource.prepare_cache",
            "module.client-clusters.module.gcloud_delete_default_kube_dns_configmap.module.gcloud_kubectl.null_resource.run_command",
            "module.client-clusters.module.gcloud_delete_default_kube_dns_configmap.module.gcloud_kubectl.null_resource.run_destroy_command",
            "module.client-clusters.module.gcloud_delete_default_kube_dns_configmap.module.gcloud_kubectl.null_resource.upgrade",
            "module.client-clusters.module.gcloud_delete_default_kube_dns_configmap.module.gcloud_kubectl.null_resource.upgrade_destroy",
            "module.client-clusters.module.gcloud_delete_default_kube_dns_configmap.module.gcloud_kubectl.random_id.cache",
            "module.client-clusters.random_shuffle.available_zones",
            "module.client-clusters.random_string.cluster_service_account_suffix",
            "module.project-services.google_project_service.project_services"
          ]
        }
      ]
    },
    {
      "module": "module.acm-clients[0].module.enable_acm",
      "mode": "data",
      "type": "external",
      "name": "env_override",
      "provider": "provider[\"registry.terraform.io/hashicorp/external\"]",
      "instances": [
        {
          "index_key": 0,
          "schema_version": 0,
          "attributes": {
            "id": "-",
            "program": [
              ".terraform/modules/acm-clients.enable_acm/terraform-google-gcloud-2.0.3/scripts/check_env.sh"
            ],
            "query": null,
            "result": {
              "download": ""
            },
            "working_dir": null
          },
          "sensitive_attributes": []
        }
      ]
    },
    {
      "module": "module.acm-clients[0].module.enable_acm",
      "mode": "managed",
      "type": "null_resource",
      "name": "additional_components",
      "provider": "provider[\"registry.terraform.io/hashicorp/null\"]",
      "instances": [
        {
          "index_key": 0,
          "schema_version": 0,
          "attributes": {
            "id": "8573407440205322248",
            "triggers": {
              "additional_components_command": ".terraform/modules/acm-clients.enable_acm/terraform-google-gcloud-2.0.3/scripts/check_components.sh gcloud alpha",
              "arguments": "49423d0060e3cf05de8cce2caa496a4e",
              "md5": "7f22bf39aaf5ce5980111c3587bef5b5"
            }
          },
          "sensitive_attributes": [],
          "private": "bnVsbA==",
          "dependencies": [
            "data.google_client_config.current",
            "module.acm-clients.module.enable_acm.data.external.env_override",
            "module.acm-clients.module.enable_acm.null_resource.decompress",
            "module.acm-clients.module.enable_acm.null_resource.download_gcloud",
            "module.acm-clients.module.enable_acm.null_resource.download_jq",
            "module.acm-clients.module.enable_acm.null_resource.module_depends_on",
            "module.acm-clients.module.enable_acm.null_resource.prepare_cache",
            "module.acm-clients.module.enable_acm.null_resource.upgrade",
            "module.acm-clients.module.enable_acm.random_id.cache"
          ]
        }
      ]
    },
    {
      "module": "module.acm-clients[0].module.enable_acm",
      "mode": "managed",
      "type": "null_resource",
      "name": "additional_components_destroy",
      "provider": "provider[\"registry.terraform.io/hashicorp/null\"]",
      "instances": [
        {
          "index_key": 0,
          "schema_version": 0,
          "attributes": {
            "id": "7774039028042083489",
            "triggers": {
              "additional_components_command": ".terraform/modules/acm-clients.enable_acm/terraform-google-gcloud-2.0.3/scripts/check_components.sh gcloud alpha"
            }
          },
          "sensitive_attributes": [],
          "private": "bnVsbA==",
          "dependencies": [
            "module.acm-clients.module.enable_acm.data.external.env_override",
            "module.acm-clients.module.enable_acm.null_resource.run_destroy_command",
            "module.acm-clients.module.enable_acm.random_id.cache"
          ]
        }
      ]
    },
    {
      "module": "module.acm-clients[0].module.enable_acm",
      "mode": "managed",
      "type": "null_resource",
      "name": "run_command",
      "provider": "provider[\"registry.terraform.io/hashicorp/null\"]",
      "instances": [
        {
          "index_key": 0,
          "schema_version": 0,
          "attributes": {
            "id": "884911518207770823",
            "triggers": {
              "arguments": "49423d0060e3cf05de8cce2caa496a4e",
              "create_cmd_body": "alpha container hub config-management enable --project jk-mlops-dev",
              "create_cmd_entrypoint": "gcloud",
              "gcloud_bin_abs_path": "/google-cloud-sdk/bin",
              "md5": "7f22bf39aaf5ce5980111c3587bef5b5"
            }
          },
          "sensitive_attributes": [],
          "private": "bnVsbA==",
          "dependencies": [
            "data.google_client_config.current",
            "module.acm-clients.module.enable_acm.data.external.env_override",
            "module.acm-clients.module.enable_acm.null_resource.additional_components",
            "module.acm-clients.module.enable_acm.null_resource.decompress",
            "module.acm-clients.module.enable_acm.null_resource.gcloud_auth_google_credentials",
            "module.acm-clients.module.enable_acm.null_resource.gcloud_auth_service_account_key_file",
            "module.acm-clients.module.enable_acm.null_resource.module_depends_on",
            "module.acm-clients.module.enable_acm.random_id.cache"
          ]
        }
      ]
    },
    {
      "module": "module.acm-clients[0].module.enable_acm",
      "mode": "managed",
      "type": "null_resource",
      "name": "run_destroy_command",
      "provider": "provider[\"registry.terraform.io/hashicorp/null\"]",
      "instances": [
        {
          "index_key": 0,
          "schema_version": 0,
          "attributes": {
            "id": "1170019709033420445",
            "triggers": {
              "destroy_cmd_body": "alpha container hub config-management disable --force --project jk-mlops-dev",
              "destroy_cmd_entrypoint": "gcloud",
              "gcloud_bin_abs_path": "/google-cloud-sdk/bin"
            }
          },
          "sensitive_attributes": [],
          "private": "bnVsbA==",
          "dependencies": [
            "data.google_client_config.current",
            "module.acm-clients.module.enable_acm.data.external.env_override",
            "module.acm-clients.module.enable_acm.null_resource.additional_components",
            "module.acm-clients.module.enable_acm.null_resource.decompress",
            "module.acm-clients.module.enable_acm.null_resource.download_gcloud",
            "module.acm-clients.module.enable_acm.null_resource.download_jq",
            "module.acm-clients.module.enable_acm.null_resource.gcloud_auth_google_credentials",
            "module.acm-clients.module.enable_acm.null_resource.gcloud_auth_service_account_key_file",
            "module.acm-clients.module.enable_acm.null_resource.module_depends_on",
            "module.acm-clients.module.enable_acm.null_resource.prepare_cache",
            "module.acm-clients.module.enable_acm.null_resource.upgrade",
            "module.acm-clients.module.enable_acm.random_id.cache"
          ]
        }
      ]
    },
    {
      "module": "module.acm-clients[1].module.acm_operator",
      "mode": "data",
      "type": "template_file",
      "name": "k8sop_config",
      "provider": "provider[\"registry.terraform.io/hashicorp/template\"]",
      "instances": [
        {
          "schema_version": 0,
          "attributes": {
            "filename": null,
            "id": "62d99dd690cb71467ffd370809a7d30d723fcd46b3a970b9e63c31c18109ea22",
            "rendered": "apiVersion: configmanagement.gke.io/v1\nkind: ConfigManagement\nmetadata:\n  name: config-management\nspec:\n  # clusterName is required and must be unique among all managed clusters\n  clusterName: tff-client-1\n  policyController:\n    enabled: true\n    templateLibraryInstalled: true\n    logDeniesEnabled: false\n  git:\n    syncRepo: https://github.com/jarokaz/tff/\n    secretType: none\n    policyDir: acm-dir\n    syncBranch: main\n  \n  \n",
            "template": "apiVersion: configmanagement.gke.io/v1\nkind: ConfigManagement\nmetadata:\n  name: config-management\nspec:\n  # clusterName is required and must be unique among all managed clusters\n  clusterName: ${cluster_name}\n  policyController:\n    enabled: ${enable_policy_controller}\n    templateLibraryInstalled: ${install_template_library}\n    logDeniesEnabled: ${enable_log_denies}\n  git:\n    syncRepo: ${sync_repo}\n    secretType: ${secret_type}\n    ${policy_dir_node}\n    ${sync_branch_node}\n  ${source_format_node}\n  ${hierarchy_controller_map_node}\n",
            "vars": {
              "cluster_name": "tff-client-1",
              "enable_log_denies": "false",
              "enable_policy_controller": "true",
              "hierarchy_controller_map_node": "",
              "install_template_library": "true",
              "policy_dir_node": "policyDir: acm-dir",
              "secret_type": "none",
              "source_format_node": "",
              "sync_branch_node": "syncBranch: main",
              "sync_repo": "https://github.com/jarokaz/tff/"
            }
          },
          "sensitive_attributes": []
        }
      ]
    },
    {
      "module": "module.acm-clients[1].module.acm_operator.module.k8s_operator.module.gcloud_kubectl",
      "mode": "data",
      "type": "external",
      "name": "env_override",
      "provider": "provider[\"registry.terraform.io/hashicorp/external\"]",
      "instances": [
        {
          "index_key": 0,
          "schema_version": 0,
          "attributes": {
            "id": "-",
            "program": [
              ".terraform/modules/acm-clients.acm_operator.k8s_operator/terraform-google-gcloud-2.0.3/scripts/check_env.sh"
            ],
            "query": null,
            "result": {
              "download": ""
            },
            "working_dir": null
          },
          "sensitive_attributes": []
        }
      ]
    },
    {
      "module": "module.acm-clients[1].module.acm_operator.module.k8s_operator.module.gcloud_kubectl",
      "mode": "managed",
      "type": "null_resource",
      "name": "additional_components",
      "provider": "provider[\"registry.terraform.io/hashicorp/null\"]",
      "instances": [
        {
          "index_key": 0,
          "schema_version": 0,
          "attributes": {
            "id": "2223395764781044493",
            "triggers": {
              "additional_components_command": ".terraform/modules/acm-clients.acm_operator.k8s_operator/terraform-google-gcloud-2.0.3/scripts/check_components.sh gcloud kubectl",
              "arguments": "ffbbe926a96d72e804bc55d79011e3ad",
              "md5": "352ffea85252263f4f6b54fa4bb8ffb3"
            }
          },
          "sensitive_attributes": [],
          "private": "bnVsbA==",
          "dependencies": [
            "data.google_client_config.current",
            "data.google_project.project",
            "module.acm-clients.module.acm_operator.module.k8s_operator.module.gcloud_kubectl.data.external.env_override",
            "module.acm-clients.module.acm_operator.module.k8s_operator.module.gcloud_kubectl.null_resource.upgrade",
            "module.acm-clients.module.acm_operator.module.k8s_operator.module.gcloud_kubectl.random_id.cache",
            "module.client-clusters.data.google_client_config.default",
            "module.client-clusters.data.google_compute_subnetwork.gke_subnetwork",
            "module.client-clusters.data.google_compute_zones.available",
            "module.client-clusters.data.google_container_engine_versions.region",
            "module.client-clusters.data.google_container_engine_versions.zone",
            "module.client-clusters.google_compute_firewall.intra_egress",
            "module.client-clusters.google_compute_firewall.master_webhooks",
            "module.client-clusters.google_compute_firewall.shadow_allow_master",
            "module.client-clusters.google_compute_firewall.shadow_allow_nodes",
            "module.client-clusters.google_compute_firewall.shadow_allow_pods",
            "module.client-clusters.google_container_cluster.primary",
            "module.client-clusters.google_container_node_pool.pools",
            "module.client-clusters.google_project_iam_member.cluster_service_account-artifact-registry",
            "module.client-clusters.google_project_iam_member.cluster_service_account-gcr",
            "module.client-clusters.google_project_iam_member.cluster_service_account-log_writer",
            "module.client-clusters.google_project_iam_member.cluster_service_account-metric_writer",
            "module.client-clusters.google_project_iam_member.cluster_service_account-monitoring_viewer",
            "module.client-clusters.google_project_iam_member.cluster_service_account-resourceMetadata-writer",
            "module.client-clusters.google_service_account.cluster_service_account",
            "module.client-clusters.kubernetes_config_map.ip-masq-agent",
            "module.client-clusters.kubernetes_config_map.kube-dns",
            "module.client-clusters.kubernetes_config_map.kube-dns-upstream-nameservers-and-stub-domains",
            "module.client-clusters.kubernetes_config_map.kube-dns-upstream-namservers",
            "module.client-clusters.module.gcloud_delete_default_kube_dns_configmap.module.gcloud_kubectl.data.external.env_override",
            "module.client-clusters.module.gcloud_delete_default_kube_dns_configmap.module.gcloud_kubectl.null_resource.additional_components",
            "module.client-clusters.module.gcloud_delete_default_kube_dns_configmap.module.gcloud_kubectl.null_resource.additional_components_destroy",
            "module.client-clusters.module.gcloud_delete_default_kube_dns_configmap.module.gcloud_kubectl.null_resource.decompress",
            "module.client-clusters.module.gcloud_delete_default_kube_dns_configmap.module.gcloud_kubectl.null_resource.decompress_destroy",
            "module.client-clusters.module.gcloud_delete_default_kube_dns_configmap.module.gcloud_kubectl.null_resource.download_gcloud",
            "module.client-clusters.module.gcloud_delete_default_kube_dns_configmap.module.gcloud_kubectl.null_resource.download_jq",
            "module.client-clusters.module.gcloud_delete_default_kube_dns_configmap.module.gcloud_kubectl.null_resource.gcloud_auth_google_credentials",
            "module.client-clusters.module.gcloud_delete_default_kube_dns_configmap.module.gcloud_kubectl.null_resource.gcloud_auth_google_credentials_destroy",
            "module.client-clusters.module.gcloud_delete_default_kube_dns_configmap.module.gcloud_kubectl.null_resource.gcloud_auth_service_account_key_file",
            "module.client-clusters.module.gcloud_delete_default_kube_dns_configmap.module.gcloud_kubectl.null_resource.gcloud_auth_service_account_key_file_destroy",
            "module.client-clusters.module.gcloud_delete_default_kube_dns_configmap.module.gcloud_kubectl.null_resource.module_depends_on",
            "module.client-clusters.module.gcloud_delete_default_kube_dns_configmap.module.gcloud_kubectl.null_resource.prepare_cache",
            "module.client-clusters.module.gcloud_delete_default_kube_dns_configmap.module.gcloud_kubectl.null_resource.run_command",
            "module.client-clusters.module.gcloud_delete_default_kube_dns_configmap.module.gcloud_kubectl.null_resource.run_destroy_command",
            "module.client-clusters.module.gcloud_delete_default_kube_dns_configmap.module.gcloud_kubectl.null_resource.upgrade",
            "module.client-clusters.module.gcloud_delete_default_kube_dns_configmap.module.gcloud_kubectl.null_resource.upgrade_destroy",
            "module.client-clusters.module.gcloud_delete_default_kube_dns_configmap.module.gcloud_kubectl.random_id.cache",
            "module.client-clusters.random_shuffle.available_zones",
            "module.client-clusters.random_string.cluster_service_account_suffix",
            "module.project-services.google_project_service.project_services"
          ]
        }
      ]
    },
    {
      "module": "module.acm-clients[1].module.acm_operator.module.k8s_operator.module.gcloud_kubectl",
      "mode": "managed",
      "type": "null_resource",
      "name": "additional_components_destroy",
      "provider": "provider[\"registry.terraform.io/hashicorp/null\"]",
      "instances": [
        {
          "index_key": 0,
          "schema_version": 0,
          "attributes": {
            "id": "2014229743726723311",
            "triggers": {
              "additional_components_command": ".terraform/modules/acm-clients.acm_operator.k8s_operator/terraform-google-gcloud-2.0.3/scripts/check_components.sh gcloud kubectl"
            }
          },
          "sensitive_attributes": [],
          "private": "bnVsbA==",
          "dependencies": [
            "data.google_client_config.current",
            "data.google_project.project",
            "module.acm-clients.module.acm_operator.module.k8s_operator.module.gcloud_kubectl.data.external.env_override",
            "module.acm-clients.module.acm_operator.module.k8s_operator.module.gcloud_kubectl.null_resource.additional_components",
            "module.acm-clients.module.acm_operator.module.k8s_operator.module.gcloud_kubectl.null_resource.decompress",
            "module.acm-clients.module.acm_operator.module.k8s_operator.module.gcloud_kubectl.null_resource.gcloud_auth_google_credentials",
            "module.acm-clients.module.acm_operator.module.k8s_operator.module.gcloud_kubectl.null_resource.gcloud_auth_service_account_key_file",
            "module.acm-clients.module.acm_operator.module.k8s_operator.module.gcloud_kubectl.null_resource.module_depends_on",
            "module.acm-clients.module.acm_operator.module.k8s_operator.module.gcloud_kubectl.null_resource.run_destroy_command",
            "module.acm-clients.module.acm_operator.module.k8s_operator.module.gcloud_kubectl.null_resource.upgrade",
            "module.acm-clients.module.acm_operator.module.k8s_operator.module.gcloud_kubectl.random_id.cache",
            "module.acm-clients.module.acm_operator.module.k8sop_manifest.null_resource.additional_components",
            "module.acm-clients.module.acm_operator.module.k8sop_manifest.null_resource.gcloud_auth_google_credentials",
            "module.acm-clients.module.acm_operator.module.k8sop_manifest.null_resource.gcloud_auth_service_account_key_file",
            "module.acm-clients.module.acm_operator.module.k8sop_manifest.null_resource.run_command",
            "module.acm-clients.module.acm_operator.module.k8sop_manifest.null_resource.run_destroy_command",
            "module.client-clusters.data.google_client_config.default",
            "module.client-clusters.data.google_compute_subnetwork.gke_subnetwork",
            "module.client-clusters.data.google_compute_zones.available",
            "module.client-clusters.data.google_container_engine_versions.region",
            "module.client-clusters.data.google_container_engine_versions.zone",
            "module.client-clusters.google_compute_firewall.intra_egress",
            "module.client-clusters.google_compute_firewall.master_webhooks",
            "module.client-clusters.google_compute_firewall.shadow_allow_master",
            "module.client-clusters.google_compute_firewall.shadow_allow_nodes",
            "module.client-clusters.google_compute_firewall.shadow_allow_pods",
            "module.client-clusters.google_container_cluster.primary",
            "module.client-clusters.google_container_node_pool.pools",
            "module.client-clusters.google_project_iam_member.cluster_service_account-artifact-registry",
            "module.client-clusters.google_project_iam_member.cluster_service_account-gcr",
            "module.client-clusters.google_project_iam_member.cluster_service_account-log_writer",
            "module.client-clusters.google_project_iam_member.cluster_service_account-metric_writer",
            "module.client-clusters.google_project_iam_member.cluster_service_account-monitoring_viewer",
            "module.client-clusters.google_project_iam_member.cluster_service_account-resourceMetadata-writer",
            "module.client-clusters.google_service_account.cluster_service_account",
            "module.client-clusters.kubernetes_config_map.ip-masq-agent",
            "module.client-clusters.kubernetes_config_map.kube-dns",
            "module.client-clusters.kubernetes_config_map.kube-dns-upstream-nameservers-and-stub-domains",
            "module.client-clusters.kubernetes_config_map.kube-dns-upstream-namservers",
            "module.client-clusters.module.gcloud_delete_default_kube_dns_configmap.module.gcloud_kubectl.data.external.env_override",
            "module.client-clusters.module.gcloud_delete_default_kube_dns_configmap.module.gcloud_kubectl.null_resource.additional_components",
            "module.client-clusters.module.gcloud_delete_default_kube_dns_configmap.module.gcloud_kubectl.null_resource.additional_components_destroy",
            "module.client-clusters.module.gcloud_delete_default_kube_dns_configmap.module.gcloud_kubectl.null_resource.decompress",
            "module.client-clusters.module.gcloud_delete_default_kube_dns_configmap.module.gcloud_kubectl.null_resource.decompress_destroy",
            "module.client-clusters.module.gcloud_delete_default_kube_dns_configmap.module.gcloud_kubectl.null_resource.download_gcloud",
            "module.client-clusters.module.gcloud_delete_default_kube_dns_configmap.module.gcloud_kubectl.null_resource.download_jq",
            "module.client-clusters.module.gcloud_delete_default_kube_dns_configmap.module.gcloud_kubectl.null_resource.gcloud_auth_google_credentials",
            "module.client-clusters.module.gcloud_delete_default_kube_dns_configmap.module.gcloud_kubectl.null_resource.gcloud_auth_google_credentials_destroy",
            "module.client-clusters.module.gcloud_delete_default_kube_dns_configmap.module.gcloud_kubectl.null_resource.gcloud_auth_service_account_key_file",
            "module.client-clusters.module.gcloud_delete_default_kube_dns_configmap.module.gcloud_kubectl.null_resource.gcloud_auth_service_account_key_file_destroy",
            "module.client-clusters.module.gcloud_delete_default_kube_dns_configmap.module.gcloud_kubectl.null_resource.module_depends_on",
            "module.client-clusters.module.gcloud_delete_default_kube_dns_configmap.module.gcloud_kubectl.null_resource.prepare_cache",
            "module.client-clusters.module.gcloud_delete_default_kube_dns_configmap.module.gcloud_kubectl.null_resource.run_command",
            "module.client-clusters.module.gcloud_delete_default_kube_dns_configmap.module.gcloud_kubectl.null_resource.run_destroy_command",
            "module.client-clusters.module.gcloud_delete_default_kube_dns_configmap.module.gcloud_kubectl.null_resource.upgrade",
            "module.client-clusters.module.gcloud_delete_default_kube_dns_configmap.module.gcloud_kubectl.null_resource.upgrade_destroy",
            "module.client-clusters.module.gcloud_delete_default_kube_dns_configmap.module.gcloud_kubectl.random_id.cache",
            "module.client-clusters.random_shuffle.available_zones",
            "module.client-clusters.random_string.cluster_service_account_suffix",
            "module.project-services.google_project_service.project_services"
          ]
        }
      ]
    },
    {
      "module": "module.acm-clients[1].module.acm_operator.module.k8s_operator.module.gcloud_kubectl",
      "mode": "managed",
      "type": "null_resource",
      "name": "module_depends_on",
      "provider": "provider[\"registry.terraform.io/hashicorp/null\"]",
      "instances": [
        {
          "index_key": 0,
          "schema_version": 0,
          "attributes": {
            "id": "3728159263801104965",
            "triggers": {
              "value": "2"
            }
          },
          "sensitive_attributes": [
            [
              {
                "type": "get_attr",
                "value": "triggers"
              },
              {
                "type": "index",
                "value": {
                  "value": "value",
                  "type": "string"
                }
              }
            ]
          ],
          "private": "bnVsbA==",
          "dependencies": [
            "data.google_client_config.current",
            "data.google_project.project",
            "module.acm-clients.module.acm_operator.module.k8sop_manifest.null_resource.additional_components",
            "module.acm-clients.module.acm_operator.module.k8sop_manifest.null_resource.gcloud_auth_google_credentials",
            "module.acm-clients.module.acm_operator.module.k8sop_manifest.null_resource.gcloud_auth_service_account_key_file",
            "module.acm-clients.module.acm_operator.module.k8sop_manifest.null_resource.run_command",
            "module.acm-clients.module.acm_operator.module.k8sop_manifest.null_resource.run_destroy_command",
            "module.client-clusters.data.google_client_config.default",
            "module.client-clusters.data.google_compute_subnetwork.gke_subnetwork",
            "module.client-clusters.data.google_compute_zones.available",
            "module.client-clusters.data.google_container_engine_versions.region",
            "module.client-clusters.data.google_container_engine_versions.zone",
            "module.client-clusters.google_compute_firewall.intra_egress",
            "module.client-clusters.google_compute_firewall.master_webhooks",
            "module.client-clusters.google_compute_firewall.shadow_allow_master",
            "module.client-clusters.google_compute_firewall.shadow_allow_nodes",
            "module.client-clusters.google_compute_firewall.shadow_allow_pods",
            "module.client-clusters.google_container_cluster.primary",
            "module.client-clusters.google_container_node_pool.pools",
            "module.client-clusters.google_project_iam_member.cluster_service_account-artifact-registry",
            "module.client-clusters.google_project_iam_member.cluster_service_account-gcr",
            "module.client-clusters.google_project_iam_member.cluster_service_account-log_writer",
            "module.client-clusters.google_project_iam_member.cluster_service_account-metric_writer",
            "module.client-clusters.google_project_iam_member.cluster_service_account-monitoring_viewer",
            "module.client-clusters.google_project_iam_member.cluster_service_account-resourceMetadata-writer",
            "module.client-clusters.google_service_account.cluster_service_account",
            "module.client-clusters.kubernetes_config_map.ip-masq-agent",
            "module.client-clusters.kubernetes_config_map.kube-dns",
            "module.client-clusters.kubernetes_config_map.kube-dns-upstream-nameservers-and-stub-domains",
            "module.client-clusters.kubernetes_config_map.kube-dns-upstream-namservers",
            "module.client-clusters.module.gcloud_delete_default_kube_dns_configmap.module.gcloud_kubectl.data.external.env_override",
            "module.client-clusters.module.gcloud_delete_default_kube_dns_configmap.module.gcloud_kubectl.null_resource.additional_components",
            "module.client-clusters.module.gcloud_delete_default_kube_dns_configmap.module.gcloud_kubectl.null_resource.additional_components_destroy",
            "module.client-clusters.module.gcloud_delete_default_kube_dns_configmap.module.gcloud_kubectl.null_resource.decompress",
            "module.client-clusters.module.gcloud_delete_default_kube_dns_configmap.module.gcloud_kubectl.null_resource.decompress_destroy",
            "module.client-clusters.module.gcloud_delete_default_kube_dns_configmap.module.gcloud_kubectl.null_resource.download_gcloud",
            "module.client-clusters.module.gcloud_delete_default_kube_dns_configmap.module.gcloud_kubectl.null_resource.download_jq",
            "module.client-clusters.module.gcloud_delete_default_kube_dns_configmap.module.gcloud_kubectl.null_resource.gcloud_auth_google_credentials",
            "module.client-clusters.module.gcloud_delete_default_kube_dns_configmap.module.gcloud_kubectl.null_resource.gcloud_auth_google_credentials_destroy",
            "module.client-clusters.module.gcloud_delete_default_kube_dns_configmap.module.gcloud_kubectl.null_resource.gcloud_auth_service_account_key_file",
            "module.client-clusters.module.gcloud_delete_default_kube_dns_configmap.module.gcloud_kubectl.null_resource.gcloud_auth_service_account_key_file_destroy",
            "module.client-clusters.module.gcloud_delete_default_kube_dns_configmap.module.gcloud_kubectl.null_resource.module_depends_on",
            "module.client-clusters.module.gcloud_delete_default_kube_dns_configmap.module.gcloud_kubectl.null_resource.prepare_cache",
            "module.client-clusters.module.gcloud_delete_default_kube_dns_configmap.module.gcloud_kubectl.null_resource.run_command",
            "module.client-clusters.module.gcloud_delete_default_kube_dns_configmap.module.gcloud_kubectl.null_resource.run_destroy_command",
            "module.client-clusters.module.gcloud_delete_default_kube_dns_configmap.module.gcloud_kubectl.null_resource.upgrade",
            "module.client-clusters.module.gcloud_delete_default_kube_dns_configmap.module.gcloud_kubectl.null_resource.upgrade_destroy",
            "module.client-clusters.module.gcloud_delete_default_kube_dns_configmap.module.gcloud_kubectl.random_id.cache",
            "module.client-clusters.random_shuffle.available_zones",
            "module.client-clusters.random_string.cluster_service_account_suffix",
            "module.project-services.google_project_service.project_services"
          ]
        }
      ]
    },
    {
      "module": "module.acm-clients[1].module.acm_operator.module.k8s_operator.module.gcloud_kubectl",
      "mode": "managed",
      "type": "null_resource",
      "name": "run_command",
      "provider": "provider[\"registry.terraform.io/hashicorp/null\"]",
      "instances": [
        {
          "index_key": 0,
          "schema_version": 0,
          "attributes": {
            "id": "5154394937863341966",
            "triggers": {
              "arguments": "ffbbe926a96d72e804bc55d79011e3ad",
              "create_cmd_body": "tff-client-1 us-west1-a jk-mlops-dev false false kubectl apply -f config-management-operator.yaml",
              "create_cmd_entrypoint": ".terraform/modules/acm-clients.acm_operator.k8s_operator/terraform-google-gcloud-2.0.3/modules/kubectl-wrapper/scripts/kubectl_wrapper.sh",
              "gcloud_bin_abs_path": "/google-cloud-sdk/bin",
              "md5": "352ffea85252263f4f6b54fa4bb8ffb3"
            }
          },
          "sensitive_attributes": [],
          "private": "bnVsbA==",
          "dependencies": [
            "data.google_client_config.current",
            "data.google_project.project",
            "module.acm-clients.module.acm_operator.module.k8s_operator.module.gcloud_kubectl.data.external.env_override",
            "module.acm-clients.module.acm_operator.module.k8s_operator.module.gcloud_kubectl.null_resource.additional_components",
            "module.acm-clients.module.acm_operator.module.k8s_operator.module.gcloud_kubectl.null_resource.decompress",
            "module.acm-clients.module.acm_operator.module.k8s_operator.module.gcloud_kubectl.null_resource.gcloud_auth_google_credentials",
            "module.acm-clients.module.acm_operator.module.k8s_operator.module.gcloud_kubectl.null_resource.gcloud_auth_service_account_key_file",
            "module.acm-clients.module.acm_operator.module.k8s_operator.module.gcloud_kubectl.null_resource.module_depends_on",
            "module.acm-clients.module.acm_operator.module.k8s_operator.module.gcloud_kubectl.null_resource.upgrade",
            "module.acm-clients.module.acm_operator.module.k8s_operator.module.gcloud_kubectl.random_id.cache",
            "module.acm-clients.module.acm_operator.module.k8sop_manifest.null_resource.additional_components",
            "module.acm-clients.module.acm_operator.module.k8sop_manifest.null_resource.gcloud_auth_google_credentials",
            "module.acm-clients.module.acm_operator.module.k8sop_manifest.null_resource.gcloud_auth_service_account_key_file",
            "module.acm-clients.module.acm_operator.module.k8sop_manifest.null_resource.run_command",
            "module.acm-clients.module.acm_operator.module.k8sop_manifest.null_resource.run_destroy_command",
            "module.client-clusters.data.google_client_config.default",
            "module.client-clusters.data.google_compute_subnetwork.gke_subnetwork",
            "module.client-clusters.data.google_compute_zones.available",
            "module.client-clusters.data.google_container_engine_versions.region",
            "module.client-clusters.data.google_container_engine_versions.zone",
            "module.client-clusters.google_compute_firewall.intra_egress",
            "module.client-clusters.google_compute_firewall.master_webhooks",
            "module.client-clusters.google_compute_firewall.shadow_allow_master",
            "module.client-clusters.google_compute_firewall.shadow_allow_nodes",
            "module.client-clusters.google_compute_firewall.shadow_allow_pods",
            "module.client-clusters.google_container_cluster.primary",
            "module.client-clusters.google_container_node_pool.pools",
            "module.client-clusters.google_project_iam_member.cluster_service_account-artifact-registry",
            "module.client-clusters.google_project_iam_member.cluster_service_account-gcr",
            "module.client-clusters.google_project_iam_member.cluster_service_account-log_writer",
            "module.client-clusters.google_project_iam_member.cluster_service_account-metric_writer",
            "module.client-clusters.google_project_iam_member.cluster_service_account-monitoring_viewer",
            "module.client-clusters.google_project_iam_member.cluster_service_account-resourceMetadata-writer",
            "module.client-clusters.google_service_account.cluster_service_account",
            "module.client-clusters.kubernetes_config_map.ip-masq-agent",
            "module.client-clusters.kubernetes_config_map.kube-dns",
            "module.client-clusters.kubernetes_config_map.kube-dns-upstream-nameservers-and-stub-domains",
            "module.client-clusters.kubernetes_config_map.kube-dns-upstream-namservers",
            "module.client-clusters.module.gcloud_delete_default_kube_dns_configmap.module.gcloud_kubectl.data.external.env_override",
            "module.client-clusters.module.gcloud_delete_default_kube_dns_configmap.module.gcloud_kubectl.null_resource.additional_components",
            "module.client-clusters.module.gcloud_delete_default_kube_dns_configmap.module.gcloud_kubectl.null_resource.additional_components_destroy",
            "module.client-clusters.module.gcloud_delete_default_kube_dns_configmap.module.gcloud_kubectl.null_resource.decompress",
            "module.client-clusters.module.gcloud_delete_default_kube_dns_configmap.module.gcloud_kubectl.null_resource.decompress_destroy",
            "module.client-clusters.module.gcloud_delete_default_kube_dns_configmap.module.gcloud_kubectl.null_resource.download_gcloud",
            "module.client-clusters.module.gcloud_delete_default_kube_dns_configmap.module.gcloud_kubectl.null_resource.download_jq",
            "module.client-clusters.module.gcloud_delete_default_kube_dns_configmap.module.gcloud_kubectl.null_resource.gcloud_auth_google_credentials",
            "module.client-clusters.module.gcloud_delete_default_kube_dns_configmap.module.gcloud_kubectl.null_resource.gcloud_auth_google_credentials_destroy",
            "module.client-clusters.module.gcloud_delete_default_kube_dns_configmap.module.gcloud_kubectl.null_resource.gcloud_auth_service_account_key_file",
            "module.client-clusters.module.gcloud_delete_default_kube_dns_configmap.module.gcloud_kubectl.null_resource.gcloud_auth_service_account_key_file_destroy",
            "module.client-clusters.module.gcloud_delete_default_kube_dns_configmap.module.gcloud_kubectl.null_resource.module_depends_on",
            "module.client-clusters.module.gcloud_delete_default_kube_dns_configmap.module.gcloud_kubectl.null_resource.prepare_cache",
            "module.client-clusters.module.gcloud_delete_default_kube_dns_configmap.module.gcloud_kubectl.null_resource.run_command",
            "module.client-clusters.module.gcloud_delete_default_kube_dns_configmap.module.gcloud_kubectl.null_resource.run_destroy_command",
            "module.client-clusters.module.gcloud_delete_default_kube_dns_configmap.module.gcloud_kubectl.null_resource.upgrade",
            "module.client-clusters.module.gcloud_delete_default_kube_dns_configmap.module.gcloud_kubectl.null_resource.upgrade_destroy",
            "module.client-clusters.module.gcloud_delete_default_kube_dns_configmap.module.gcloud_kubectl.random_id.cache",
            "module.client-clusters.random_shuffle.available_zones",
            "module.client-clusters.random_string.cluster_service_account_suffix",
            "module.project-services.google_project_service.project_services"
          ]
        }
      ]
    },
    {
      "module": "module.acm-clients[1].module.acm_operator.module.k8s_operator.module.gcloud_kubectl",
      "mode": "managed",
      "type": "null_resource",
      "name": "run_destroy_command",
      "provider": "provider[\"registry.terraform.io/hashicorp/null\"]",
      "instances": [
        {
          "index_key": 0,
          "schema_version": 0,
          "attributes": {
            "id": "1171805982316402409",
            "triggers": {
              "destroy_cmd_body": "tff-client-1 us-west1-a jk-mlops-dev false false kubectl delete -f config-management-operator.yaml",
              "destroy_cmd_entrypoint": ".terraform/modules/acm-clients.acm_operator.k8s_operator/terraform-google-gcloud-2.0.3/modules/kubectl-wrapper/scripts/kubectl_wrapper.sh",
              "gcloud_bin_abs_path": "/google-cloud-sdk/bin"
            }
          },
          "sensitive_attributes": [],
          "private": "bnVsbA==",
          "dependencies": [
            "data.google_client_config.current",
            "data.google_project.project",
            "module.acm-clients.module.acm_operator.module.k8s_operator.module.gcloud_kubectl.data.external.env_override",
            "module.acm-clients.module.acm_operator.module.k8s_operator.module.gcloud_kubectl.null_resource.additional_components",
            "module.acm-clients.module.acm_operator.module.k8s_operator.module.gcloud_kubectl.null_resource.decompress",
            "module.acm-clients.module.acm_operator.module.k8s_operator.module.gcloud_kubectl.null_resource.gcloud_auth_google_credentials",
            "module.acm-clients.module.acm_operator.module.k8s_operator.module.gcloud_kubectl.null_resource.gcloud_auth_service_account_key_file",
            "module.acm-clients.module.acm_operator.module.k8s_operator.module.gcloud_kubectl.null_resource.module_depends_on",
            "module.acm-clients.module.acm_operator.module.k8s_operator.module.gcloud_kubectl.null_resource.upgrade",
            "module.acm-clients.module.acm_operator.module.k8s_operator.module.gcloud_kubectl.random_id.cache",
            "module.acm-clients.module.acm_operator.module.k8sop_manifest.null_resource.additional_components",
            "module.acm-clients.module.acm_operator.module.k8sop_manifest.null_resource.gcloud_auth_google_credentials",
            "module.acm-clients.module.acm_operator.module.k8sop_manifest.null_resource.gcloud_auth_service_account_key_file",
            "module.acm-clients.module.acm_operator.module.k8sop_manifest.null_resource.run_command",
            "module.acm-clients.module.acm_operator.module.k8sop_manifest.null_resource.run_destroy_command",
            "module.client-clusters.data.google_client_config.default",
            "module.client-clusters.data.google_compute_subnetwork.gke_subnetwork",
            "module.client-clusters.data.google_compute_zones.available",
            "module.client-clusters.data.google_container_engine_versions.region",
            "module.client-clusters.data.google_container_engine_versions.zone",
            "module.client-clusters.google_compute_firewall.intra_egress",
            "module.client-clusters.google_compute_firewall.master_webhooks",
            "module.client-clusters.google_compute_firewall.shadow_allow_master",
            "module.client-clusters.google_compute_firewall.shadow_allow_nodes",
            "module.client-clusters.google_compute_firewall.shadow_allow_pods",
            "module.client-clusters.google_container_cluster.primary",
            "module.client-clusters.google_container_node_pool.pools",
            "module.client-clusters.google_project_iam_member.cluster_service_account-artifact-registry",
            "module.client-clusters.google_project_iam_member.cluster_service_account-gcr",
            "module.client-clusters.google_project_iam_member.cluster_service_account-log_writer",
            "module.client-clusters.google_project_iam_member.cluster_service_account-metric_writer",
            "module.client-clusters.google_project_iam_member.cluster_service_account-monitoring_viewer",
            "module.client-clusters.google_project_iam_member.cluster_service_account-resourceMetadata-writer",
            "module.client-clusters.google_service_account.cluster_service_account",
            "module.client-clusters.kubernetes_config_map.ip-masq-agent",
            "module.client-clusters.kubernetes_config_map.kube-dns",
            "module.client-clusters.kubernetes_config_map.kube-dns-upstream-nameservers-and-stub-domains",
            "module.client-clusters.kubernetes_config_map.kube-dns-upstream-namservers",
            "module.client-clusters.module.gcloud_delete_default_kube_dns_configmap.module.gcloud_kubectl.data.external.env_override",
            "module.client-clusters.module.gcloud_delete_default_kube_dns_configmap.module.gcloud_kubectl.null_resource.additional_components",
            "module.client-clusters.module.gcloud_delete_default_kube_dns_configmap.module.gcloud_kubectl.null_resource.additional_components_destroy",
            "module.client-clusters.module.gcloud_delete_default_kube_dns_configmap.module.gcloud_kubectl.null_resource.decompress",
            "module.client-clusters.module.gcloud_delete_default_kube_dns_configmap.module.gcloud_kubectl.null_resource.decompress_destroy",
            "module.client-clusters.module.gcloud_delete_default_kube_dns_configmap.module.gcloud_kubectl.null_resource.download_gcloud",
            "module.client-clusters.module.gcloud_delete_default_kube_dns_configmap.module.gcloud_kubectl.null_resource.download_jq",
            "module.client-clusters.module.gcloud_delete_default_kube_dns_configmap.module.gcloud_kubectl.null_resource.gcloud_auth_google_credentials",
            "module.client-clusters.module.gcloud_delete_default_kube_dns_configmap.module.gcloud_kubectl.null_resource.gcloud_auth_google_credentials_destroy",
            "module.client-clusters.module.gcloud_delete_default_kube_dns_configmap.module.gcloud_kubectl.null_resource.gcloud_auth_service_account_key_file",
            "module.client-clusters.module.gcloud_delete_default_kube_dns_configmap.module.gcloud_kubectl.null_resource.gcloud_auth_service_account_key_file_destroy",
            "module.client-clusters.module.gcloud_delete_default_kube_dns_configmap.module.gcloud_kubectl.null_resource.module_depends_on",
            "module.client-clusters.module.gcloud_delete_default_kube_dns_configmap.module.gcloud_kubectl.null_resource.prepare_cache",
            "module.client-clusters.module.gcloud_delete_default_kube_dns_configmap.module.gcloud_kubectl.null_resource.run_command",
            "module.client-clusters.module.gcloud_delete_default_kube_dns_configmap.module.gcloud_kubectl.null_resource.run_destroy_command",
            "module.client-clusters.module.gcloud_delete_default_kube_dns_configmap.module.gcloud_kubectl.null_resource.upgrade",
            "module.client-clusters.module.gcloud_delete_default_kube_dns_configmap.module.gcloud_kubectl.null_resource.upgrade_destroy",
            "module.client-clusters.module.gcloud_delete_default_kube_dns_configmap.module.gcloud_kubectl.random_id.cache",
            "module.client-clusters.random_shuffle.available_zones",
            "module.client-clusters.random_string.cluster_service_account_suffix",
            "module.project-services.google_project_service.project_services"
          ]
        }
      ]
    },
    {
      "module": "module.acm-clients[1].module.acm_operator.module.k8sop_config.module.gcloud_kubectl",
      "mode": "data",
      "type": "external",
      "name": "env_override",
      "provider": "provider[\"registry.terraform.io/hashicorp/external\"]",
      "instances": [
        {
          "index_key": 0,
          "schema_version": 0,
          "attributes": {
            "id": "-",
            "program": [
              ".terraform/modules/acm-clients.acm_operator.k8sop_config/terraform-google-gcloud-2.0.3/scripts/check_env.sh"
            ],
            "query": null,
            "result": {
              "download": ""
            },
            "working_dir": null
          },
          "sensitive_attributes": []
        }
      ]
    },
    {
      "module": "module.acm-clients[1].module.acm_operator.module.k8sop_config.module.gcloud_kubectl",
      "mode": "managed",
      "type": "null_resource",
      "name": "additional_components",
      "provider": "provider[\"registry.terraform.io/hashicorp/null\"]",
      "instances": [
        {
          "index_key": 0,
          "schema_version": 0,
          "attributes": {
            "id": "3069089340521656230",
            "triggers": {
              "additional_components_command": ".terraform/modules/acm-clients.acm_operator.k8sop_config/terraform-google-gcloud-2.0.3/scripts/check_components.sh gcloud kubectl",
              "arguments": "c64d6d443826e761051c20a18b72994f",
              "configmanagement": "apiVersion: configmanagement.gke.io/v1\nkind: ConfigManagement\nmetadata:\n  name: config-management\nspec:\n  # clusterName is required and must be unique among all managed clusters\n  clusterName: tff-client-1\n  policyController:\n    enabled: true\n    templateLibraryInstalled: true\n    logDeniesEnabled: false\n  git:\n    syncRepo: https://github.com/jarokaz/tff/\n    secretType: none\n    policyDir: acm-dir\n    syncBranch: main\n  \n  \n",
              "md5": "695569ed0c115609fca6ac38234ed814"
            }
          },
          "sensitive_attributes": [],
          "private": "bnVsbA==",
          "dependencies": [
            "data.google_client_config.current",
            "data.google_project.project",
            "module.acm-clients.module.acm_operator.data.template_file.k8sop_config",
            "module.acm-clients.module.acm_operator.module.k8sop_config.module.gcloud_kubectl.data.external.env_override",
            "module.acm-clients.module.acm_operator.module.k8sop_config.module.gcloud_kubectl.null_resource.upgrade",
            "module.acm-clients.module.acm_operator.module.k8sop_config.module.gcloud_kubectl.random_id.cache",
            "module.client-clusters.data.google_client_config.default",
            "module.client-clusters.data.google_compute_subnetwork.gke_subnetwork",
            "module.client-clusters.data.google_compute_zones.available",
            "module.client-clusters.data.google_container_engine_versions.region",
            "module.client-clusters.data.google_container_engine_versions.zone",
            "module.client-clusters.google_compute_firewall.intra_egress",
            "module.client-clusters.google_compute_firewall.master_webhooks",
            "module.client-clusters.google_compute_firewall.shadow_allow_master",
            "module.client-clusters.google_compute_firewall.shadow_allow_nodes",
            "module.client-clusters.google_compute_firewall.shadow_allow_pods",
            "module.client-clusters.google_container_cluster.primary",
            "module.client-clusters.google_container_node_pool.pools",
            "module.client-clusters.google_project_iam_member.cluster_service_account-artifact-registry",
            "module.client-clusters.google_project_iam_member.cluster_service_account-gcr",
            "module.client-clusters.google_project_iam_member.cluster_service_account-log_writer",
            "module.client-clusters.google_project_iam_member.cluster_service_account-metric_writer",
            "module.client-clusters.google_project_iam_member.cluster_service_account-monitoring_viewer",
            "module.client-clusters.google_project_iam_member.cluster_service_account-resourceMetadata-writer",
            "module.client-clusters.google_service_account.cluster_service_account",
            "module.client-clusters.kubernetes_config_map.ip-masq-agent",
            "module.client-clusters.kubernetes_config_map.kube-dns",
            "module.client-clusters.kubernetes_config_map.kube-dns-upstream-nameservers-and-stub-domains",
            "module.client-clusters.kubernetes_config_map.kube-dns-upstream-namservers",
            "module.client-clusters.module.gcloud_delete_default_kube_dns_configmap.module.gcloud_kubectl.data.external.env_override",
            "module.client-clusters.module.gcloud_delete_default_kube_dns_configmap.module.gcloud_kubectl.null_resource.additional_components",
            "module.client-clusters.module.gcloud_delete_default_kube_dns_configmap.module.gcloud_kubectl.null_resource.additional_components_destroy",
            "module.client-clusters.module.gcloud_delete_default_kube_dns_configmap.module.gcloud_kubectl.null_resource.decompress",
            "module.client-clusters.module.gcloud_delete_default_kube_dns_configmap.module.gcloud_kubectl.null_resource.decompress_destroy",
            "module.client-clusters.module.gcloud_delete_default_kube_dns_configmap.module.gcloud_kubectl.null_resource.download_gcloud",
            "module.client-clusters.module.gcloud_delete_default_kube_dns_configmap.module.gcloud_kubectl.null_resource.download_jq",
            "module.client-clusters.module.gcloud_delete_default_kube_dns_configmap.module.gcloud_kubectl.null_resource.gcloud_auth_google_credentials",
            "module.client-clusters.module.gcloud_delete_default_kube_dns_configmap.module.gcloud_kubectl.null_resource.gcloud_auth_google_credentials_destroy",
            "module.client-clusters.module.gcloud_delete_default_kube_dns_configmap.module.gcloud_kubectl.null_resource.gcloud_auth_service_account_key_file",
            "module.client-clusters.module.gcloud_delete_default_kube_dns_configmap.module.gcloud_kubectl.null_resource.gcloud_auth_service_account_key_file_destroy",
            "module.client-clusters.module.gcloud_delete_default_kube_dns_configmap.module.gcloud_kubectl.null_resource.module_depends_on",
            "module.client-clusters.module.gcloud_delete_default_kube_dns_configmap.module.gcloud_kubectl.null_resource.prepare_cache",
            "module.client-clusters.module.gcloud_delete_default_kube_dns_configmap.module.gcloud_kubectl.null_resource.run_command",
            "module.client-clusters.module.gcloud_delete_default_kube_dns_configmap.module.gcloud_kubectl.null_resource.run_destroy_command",
            "module.client-clusters.module.gcloud_delete_default_kube_dns_configmap.module.gcloud_kubectl.null_resource.upgrade",
            "module.client-clusters.module.gcloud_delete_default_kube_dns_configmap.module.gcloud_kubectl.null_resource.upgrade_destroy",
            "module.client-clusters.module.gcloud_delete_default_kube_dns_configmap.module.gcloud_kubectl.random_id.cache",
            "module.client-clusters.random_shuffle.available_zones",
            "module.client-clusters.random_string.cluster_service_account_suffix",
            "module.project-services.google_project_service.project_services"
          ]
        }
      ]
    },
    {
      "module": "module.acm-clients[1].module.acm_operator.module.k8sop_config.module.gcloud_kubectl",
      "mode": "managed",
      "type": "null_resource",
      "name": "additional_components_destroy",
      "provider": "provider[\"registry.terraform.io/hashicorp/null\"]",
      "instances": [
        {
          "index_key": 0,
          "schema_version": 0,
          "attributes": {
            "id": "2151706982983229008",
            "triggers": {
              "additional_components_command": ".terraform/modules/acm-clients.acm_operator.k8sop_config/terraform-google-gcloud-2.0.3/scripts/check_components.sh gcloud kubectl"
            }
          },
          "sensitive_attributes": [],
          "private": "bnVsbA==",
          "dependencies": [
            "data.google_client_config.current",
            "data.google_project.project",
            "module.acm-clients.module.acm_operator.data.template_file.k8sop_config",
            "module.acm-clients.module.acm_operator.module.k8s_operator.module.gcloud_kubectl.data.external.env_override",
            "module.acm-clients.module.acm_operator.module.k8s_operator.module.gcloud_kubectl.null_resource.additional_components",
            "module.acm-clients.module.acm_operator.module.k8s_operator.module.gcloud_kubectl.null_resource.decompress",
            "module.acm-clients.module.acm_operator.module.k8s_operator.module.gcloud_kubectl.null_resource.gcloud_auth_google_credentials",
            "module.acm-clients.module.acm_operator.module.k8s_operator.module.gcloud_kubectl.null_resource.gcloud_auth_service_account_key_file",
            "module.acm-clients.module.acm_operator.module.k8s_operator.module.gcloud_kubectl.null_resource.module_depends_on",
            "module.acm-clients.module.acm_operator.module.k8s_operator.module.gcloud_kubectl.null_resource.run_command",
            "module.acm-clients.module.acm_operator.module.k8s_operator.module.gcloud_kubectl.null_resource.run_destroy_command",
            "module.acm-clients.module.acm_operator.module.k8s_operator.module.gcloud_kubectl.null_resource.upgrade",
            "module.acm-clients.module.acm_operator.module.k8s_operator.module.gcloud_kubectl.random_id.cache",
            "module.acm-clients.module.acm_operator.module.k8sop_config.module.gcloud_kubectl.data.external.env_override",
            "module.acm-clients.module.acm_operator.module.k8sop_config.module.gcloud_kubectl.null_resource.additional_components",
            "module.acm-clients.module.acm_operator.module.k8sop_config.module.gcloud_kubectl.null_resource.decompress",
            "module.acm-clients.module.acm_operator.module.k8sop_config.module.gcloud_kubectl.null_resource.gcloud_auth_google_credentials",
            "module.acm-clients.module.acm_operator.module.k8sop_config.module.gcloud_kubectl.null_resource.gcloud_auth_service_account_key_file",
            "module.acm-clients.module.acm_operator.module.k8sop_config.module.gcloud_kubectl.null_resource.module_depends_on",
            "module.acm-clients.module.acm_operator.module.k8sop_config.module.gcloud_kubectl.null_resource.run_destroy_command",
            "module.acm-clients.module.acm_operator.module.k8sop_config.module.gcloud_kubectl.null_resource.upgrade",
            "module.acm-clients.module.acm_operator.module.k8sop_config.module.gcloud_kubectl.random_id.cache",
            "module.acm-clients.module.acm_operator.module.k8sop_creds_secret.module.gcloud_kubectl.null_resource.additional_components",
            "module.acm-clients.module.acm_operator.module.k8sop_creds_secret.module.gcloud_kubectl.null_resource.gcloud_auth_google_credentials",
            "module.acm-clients.module.acm_operator.module.k8sop_creds_secret.module.gcloud_kubectl.null_resource.gcloud_auth_service_account_key_file",
            "module.acm-clients.module.acm_operator.module.k8sop_creds_secret.module.gcloud_kubectl.null_resource.run_command",
            "module.acm-clients.module.acm_operator.module.k8sop_creds_secret.module.gcloud_kubectl.null_resource.run_destroy_command",
            "module.acm-clients.module.acm_operator.module.k8sop_manifest.null_resource.additional_components",
            "module.acm-clients.module.acm_operator.module.k8sop_manifest.null_resource.gcloud_auth_google_credentials",
            "module.acm-clients.module.acm_operator.module.k8sop_manifest.null_resource.gcloud_auth_service_account_key_file",
            "module.acm-clients.module.acm_operator.module.k8sop_manifest.null_resource.run_command",
            "module.acm-clients.module.acm_operator.module.k8sop_manifest.null_resource.run_destroy_command",
            "module.client-clusters.data.google_client_config.default",
            "module.client-clusters.data.google_compute_subnetwork.gke_subnetwork",
            "module.client-clusters.data.google_compute_zones.available",
            "module.client-clusters.data.google_container_engine_versions.region",
            "module.client-clusters.data.google_container_engine_versions.zone",
            "module.client-clusters.google_compute_firewall.intra_egress",
            "module.client-clusters.google_compute_firewall.master_webhooks",
            "module.client-clusters.google_compute_firewall.shadow_allow_master",
            "module.client-clusters.google_compute_firewall.shadow_allow_nodes",
            "module.client-clusters.google_compute_firewall.shadow_allow_pods",
            "module.client-clusters.google_container_cluster.primary",
            "module.client-clusters.google_container_node_pool.pools",
            "module.client-clusters.google_project_iam_member.cluster_service_account-artifact-registry",
            "module.client-clusters.google_project_iam_member.cluster_service_account-gcr",
            "module.client-clusters.google_project_iam_member.cluster_service_account-log_writer",
            "module.client-clusters.google_project_iam_member.cluster_service_account-metric_writer",
            "module.client-clusters.google_project_iam_member.cluster_service_account-monitoring_viewer",
            "module.client-clusters.google_project_iam_member.cluster_service_account-resourceMetadata-writer",
            "module.client-clusters.google_service_account.cluster_service_account",
            "module.client-clusters.kubernetes_config_map.ip-masq-agent",
            "module.client-clusters.kubernetes_config_map.kube-dns",
            "module.client-clusters.kubernetes_config_map.kube-dns-upstream-nameservers-and-stub-domains",
            "module.client-clusters.kubernetes_config_map.kube-dns-upstream-namservers",
            "module.client-clusters.module.gcloud_delete_default_kube_dns_configmap.module.gcloud_kubectl.data.external.env_override",
            "module.client-clusters.module.gcloud_delete_default_kube_dns_configmap.module.gcloud_kubectl.null_resource.additional_components",
            "module.client-clusters.module.gcloud_delete_default_kube_dns_configmap.module.gcloud_kubectl.null_resource.additional_components_destroy",
            "module.client-clusters.module.gcloud_delete_default_kube_dns_configmap.module.gcloud_kubectl.null_resource.decompress",
            "module.client-clusters.module.gcloud_delete_default_kube_dns_configmap.module.gcloud_kubectl.null_resource.decompress_destroy",
            "module.client-clusters.module.gcloud_delete_default_kube_dns_configmap.module.gcloud_kubectl.null_resource.download_gcloud",
            "module.client-clusters.module.gcloud_delete_default_kube_dns_configmap.module.gcloud_kubectl.null_resource.download_jq",
            "module.client-clusters.module.gcloud_delete_default_kube_dns_configmap.module.gcloud_kubectl.null_resource.gcloud_auth_google_credentials",
            "module.client-clusters.module.gcloud_delete_default_kube_dns_configmap.module.gcloud_kubectl.null_resource.gcloud_auth_google_credentials_destroy",
            "module.client-clusters.module.gcloud_delete_default_kube_dns_configmap.module.gcloud_kubectl.null_resource.gcloud_auth_service_account_key_file",
            "module.client-clusters.module.gcloud_delete_default_kube_dns_configmap.module.gcloud_kubectl.null_resource.gcloud_auth_service_account_key_file_destroy",
            "module.client-clusters.module.gcloud_delete_default_kube_dns_configmap.module.gcloud_kubectl.null_resource.module_depends_on",
            "module.client-clusters.module.gcloud_delete_default_kube_dns_configmap.module.gcloud_kubectl.null_resource.prepare_cache",
            "module.client-clusters.module.gcloud_delete_default_kube_dns_configmap.module.gcloud_kubectl.null_resource.run_command",
            "module.client-clusters.module.gcloud_delete_default_kube_dns_configmap.module.gcloud_kubectl.null_resource.run_destroy_command",
            "module.client-clusters.module.gcloud_delete_default_kube_dns_configmap.module.gcloud_kubectl.null_resource.upgrade",
            "module.client-clusters.module.gcloud_delete_default_kube_dns_configmap.module.gcloud_kubectl.null_resource.upgrade_destroy",
            "module.client-clusters.module.gcloud_delete_default_kube_dns_configmap.module.gcloud_kubectl.random_id.cache",
            "module.client-clusters.random_shuffle.available_zones",
            "module.client-clusters.random_string.cluster_service_account_suffix",
            "module.project-services.google_project_service.project_services"
          ]
        }
      ]
    },
    {
      "module": "module.acm-clients[1].module.acm_operator.module.k8sop_config.module.gcloud_kubectl",
      "mode": "managed",
      "type": "null_resource",
      "name": "module_depends_on",
      "provider": "provider[\"registry.terraform.io/hashicorp/null\"]",
      "instances": [
        {
          "index_key": 0,
          "schema_version": 0,
          "attributes": {
            "id": "1061852507194763981",
            "triggers": {
              "value": "2"
            }
          },
          "sensitive_attributes": [],
          "private": "bnVsbA==",
          "dependencies": [
            "data.google_client_config.current",
            "data.google_project.project",
            "module.acm-clients.module.acm_operator.module.k8s_operator.module.gcloud_kubectl.data.external.env_override",
            "module.acm-clients.module.acm_operator.module.k8s_operator.module.gcloud_kubectl.null_resource.additional_components",
            "module.acm-clients.module.acm_operator.module.k8s_operator.module.gcloud_kubectl.null_resource.decompress",
            "module.acm-clients.module.acm_operator.module.k8s_operator.module.gcloud_kubectl.null_resource.gcloud_auth_google_credentials",
            "module.acm-clients.module.acm_operator.module.k8s_operator.module.gcloud_kubectl.null_resource.gcloud_auth_service_account_key_file",
            "module.acm-clients.module.acm_operator.module.k8s_operator.module.gcloud_kubectl.null_resource.module_depends_on",
            "module.acm-clients.module.acm_operator.module.k8s_operator.module.gcloud_kubectl.null_resource.run_command",
            "module.acm-clients.module.acm_operator.module.k8s_operator.module.gcloud_kubectl.null_resource.run_destroy_command",
            "module.acm-clients.module.acm_operator.module.k8s_operator.module.gcloud_kubectl.null_resource.upgrade",
            "module.acm-clients.module.acm_operator.module.k8s_operator.module.gcloud_kubectl.random_id.cache",
            "module.acm-clients.module.acm_operator.module.k8sop_creds_secret.module.gcloud_kubectl.null_resource.additional_components",
            "module.acm-clients.module.acm_operator.module.k8sop_creds_secret.module.gcloud_kubectl.null_resource.gcloud_auth_google_credentials",
            "module.acm-clients.module.acm_operator.module.k8sop_creds_secret.module.gcloud_kubectl.null_resource.gcloud_auth_service_account_key_file",
            "module.acm-clients.module.acm_operator.module.k8sop_creds_secret.module.gcloud_kubectl.null_resource.run_command",
            "module.acm-clients.module.acm_operator.module.k8sop_creds_secret.module.gcloud_kubectl.null_resource.run_destroy_command",
            "module.acm-clients.module.acm_operator.module.k8sop_manifest.null_resource.additional_components",
            "module.acm-clients.module.acm_operator.module.k8sop_manifest.null_resource.gcloud_auth_google_credentials",
            "module.acm-clients.module.acm_operator.module.k8sop_manifest.null_resource.gcloud_auth_service_account_key_file",
            "module.acm-clients.module.acm_operator.module.k8sop_manifest.null_resource.run_command",
            "module.acm-clients.module.acm_operator.module.k8sop_manifest.null_resource.run_destroy_command",
            "module.client-clusters.data.google_client_config.default",
            "module.client-clusters.data.google_compute_subnetwork.gke_subnetwork",
            "module.client-clusters.data.google_compute_zones.available",
            "module.client-clusters.data.google_container_engine_versions.region",
            "module.client-clusters.data.google_container_engine_versions.zone",
            "module.client-clusters.google_compute_firewall.intra_egress",
            "module.client-clusters.google_compute_firewall.master_webhooks",
            "module.client-clusters.google_compute_firewall.shadow_allow_master",
            "module.client-clusters.google_compute_firewall.shadow_allow_nodes",
            "module.client-clusters.google_compute_firewall.shadow_allow_pods",
            "module.client-clusters.google_container_cluster.primary",
            "module.client-clusters.google_container_node_pool.pools",
            "module.client-clusters.google_project_iam_member.cluster_service_account-artifact-registry",
            "module.client-clusters.google_project_iam_member.cluster_service_account-gcr",
            "module.client-clusters.google_project_iam_member.cluster_service_account-log_writer",
            "module.client-clusters.google_project_iam_member.cluster_service_account-metric_writer",
            "module.client-clusters.google_project_iam_member.cluster_service_account-monitoring_viewer",
            "module.client-clusters.google_project_iam_member.cluster_service_account-resourceMetadata-writer",
            "module.client-clusters.google_service_account.cluster_service_account",
            "module.client-clusters.kubernetes_config_map.ip-masq-agent",
            "module.client-clusters.kubernetes_config_map.kube-dns",
            "module.client-clusters.kubernetes_config_map.kube-dns-upstream-nameservers-and-stub-domains",
            "module.client-clusters.kubernetes_config_map.kube-dns-upstream-namservers",
            "module.client-clusters.module.gcloud_delete_default_kube_dns_configmap.module.gcloud_kubectl.data.external.env_override",
            "module.client-clusters.module.gcloud_delete_default_kube_dns_configmap.module.gcloud_kubectl.null_resource.additional_components",
            "module.client-clusters.module.gcloud_delete_default_kube_dns_configmap.module.gcloud_kubectl.null_resource.additional_components_destroy",
            "module.client-clusters.module.gcloud_delete_default_kube_dns_configmap.module.gcloud_kubectl.null_resource.decompress",
            "module.client-clusters.module.gcloud_delete_default_kube_dns_configmap.module.gcloud_kubectl.null_resource.decompress_destroy",
            "module.client-clusters.module.gcloud_delete_default_kube_dns_configmap.module.gcloud_kubectl.null_resource.download_gcloud",
            "module.client-clusters.module.gcloud_delete_default_kube_dns_configmap.module.gcloud_kubectl.null_resource.download_jq",
            "module.client-clusters.module.gcloud_delete_default_kube_dns_configmap.module.gcloud_kubectl.null_resource.gcloud_auth_google_credentials",
            "module.client-clusters.module.gcloud_delete_default_kube_dns_configmap.module.gcloud_kubectl.null_resource.gcloud_auth_google_credentials_destroy",
            "module.client-clusters.module.gcloud_delete_default_kube_dns_configmap.module.gcloud_kubectl.null_resource.gcloud_auth_service_account_key_file",
            "module.client-clusters.module.gcloud_delete_default_kube_dns_configmap.module.gcloud_kubectl.null_resource.gcloud_auth_service_account_key_file_destroy",
            "module.client-clusters.module.gcloud_delete_default_kube_dns_configmap.module.gcloud_kubectl.null_resource.module_depends_on",
            "module.client-clusters.module.gcloud_delete_default_kube_dns_configmap.module.gcloud_kubectl.null_resource.prepare_cache",
            "module.client-clusters.module.gcloud_delete_default_kube_dns_configmap.module.gcloud_kubectl.null_resource.run_command",
            "module.client-clusters.module.gcloud_delete_default_kube_dns_configmap.module.gcloud_kubectl.null_resource.run_destroy_command",
            "module.client-clusters.module.gcloud_delete_default_kube_dns_configmap.module.gcloud_kubectl.null_resource.upgrade",
            "module.client-clusters.module.gcloud_delete_default_kube_dns_configmap.module.gcloud_kubectl.null_resource.upgrade_destroy",
            "module.client-clusters.module.gcloud_delete_default_kube_dns_configmap.module.gcloud_kubectl.random_id.cache",
            "module.client-clusters.random_shuffle.available_zones",
            "module.client-clusters.random_string.cluster_service_account_suffix",
            "module.project-services.google_project_service.project_services"
          ]
        }
      ]
    },
    {
      "module": "module.acm-clients[1].module.acm_operator.module.k8sop_config.module.gcloud_kubectl",
      "mode": "managed",
      "type": "null_resource",
      "name": "run_command",
      "provider": "provider[\"registry.terraform.io/hashicorp/null\"]",
      "instances": [
        {
          "index_key": 0,
          "schema_version": 0,
          "attributes": {
            "id": "291590740913572157",
            "triggers": {
              "arguments": "c64d6d443826e761051c20a18b72994f",
              "configmanagement": "apiVersion: configmanagement.gke.io/v1\nkind: ConfigManagement\nmetadata:\n  name: config-management\nspec:\n  # clusterName is required and must be unique among all managed clusters\n  clusterName: tff-client-1\n  policyController:\n    enabled: true\n    templateLibraryInstalled: true\n    logDeniesEnabled: false\n  git:\n    syncRepo: https://github.com/jarokaz/tff/\n    secretType: none\n    policyDir: acm-dir\n    syncBranch: main\n  \n  \n",
              "create_cmd_body": "tff-client-1 us-west1-a jk-mlops-dev false false kubectl apply -f - \u003c\u003cEOF\napiVersion: configmanagement.gke.io/v1\nkind: ConfigManagement\nmetadata:\n  name: config-management\nspec:\n  # clusterName is required and must be unique among all managed clusters\n  clusterName: tff-client-1\n  policyController:\n    enabled: true\n    templateLibraryInstalled: true\n    logDeniesEnabled: false\n  git:\n    syncRepo: https://github.com/jarokaz/tff/\n    secretType: none\n    policyDir: acm-dir\n    syncBranch: main\n  \n  \nEOF",
              "create_cmd_entrypoint": ".terraform/modules/acm-clients.acm_operator.k8sop_config/terraform-google-gcloud-2.0.3/modules/kubectl-wrapper/scripts/kubectl_wrapper.sh",
              "gcloud_bin_abs_path": "/google-cloud-sdk/bin",
              "md5": "695569ed0c115609fca6ac38234ed814"
            }
          },
          "sensitive_attributes": [],
          "private": "bnVsbA==",
          "dependencies": [
            "data.google_client_config.current",
            "data.google_project.project",
            "module.acm-clients.module.acm_operator.data.template_file.k8sop_config",
            "module.acm-clients.module.acm_operator.module.k8s_operator.module.gcloud_kubectl.data.external.env_override",
            "module.acm-clients.module.acm_operator.module.k8s_operator.module.gcloud_kubectl.null_resource.additional_components",
            "module.acm-clients.module.acm_operator.module.k8s_operator.module.gcloud_kubectl.null_resource.decompress",
            "module.acm-clients.module.acm_operator.module.k8s_operator.module.gcloud_kubectl.null_resource.gcloud_auth_google_credentials",
            "module.acm-clients.module.acm_operator.module.k8s_operator.module.gcloud_kubectl.null_resource.gcloud_auth_service_account_key_file",
            "module.acm-clients.module.acm_operator.module.k8s_operator.module.gcloud_kubectl.null_resource.module_depends_on",
            "module.acm-clients.module.acm_operator.module.k8s_operator.module.gcloud_kubectl.null_resource.run_command",
            "module.acm-clients.module.acm_operator.module.k8s_operator.module.gcloud_kubectl.null_resource.run_destroy_command",
            "module.acm-clients.module.acm_operator.module.k8s_operator.module.gcloud_kubectl.null_resource.upgrade",
            "module.acm-clients.module.acm_operator.module.k8s_operator.module.gcloud_kubectl.random_id.cache",
            "module.acm-clients.module.acm_operator.module.k8sop_config.module.gcloud_kubectl.data.external.env_override",
            "module.acm-clients.module.acm_operator.module.k8sop_config.module.gcloud_kubectl.null_resource.additional_components",
            "module.acm-clients.module.acm_operator.module.k8sop_config.module.gcloud_kubectl.null_resource.decompress",
            "module.acm-clients.module.acm_operator.module.k8sop_config.module.gcloud_kubectl.null_resource.gcloud_auth_google_credentials",
            "module.acm-clients.module.acm_operator.module.k8sop_config.module.gcloud_kubectl.null_resource.gcloud_auth_service_account_key_file",
            "module.acm-clients.module.acm_operator.module.k8sop_config.module.gcloud_kubectl.null_resource.module_depends_on",
            "module.acm-clients.module.acm_operator.module.k8sop_config.module.gcloud_kubectl.null_resource.upgrade",
            "module.acm-clients.module.acm_operator.module.k8sop_config.module.gcloud_kubectl.random_id.cache",
            "module.acm-clients.module.acm_operator.module.k8sop_creds_secret.module.gcloud_kubectl.null_resource.additional_components",
            "module.acm-clients.module.acm_operator.module.k8sop_creds_secret.module.gcloud_kubectl.null_resource.gcloud_auth_google_credentials",
            "module.acm-clients.module.acm_operator.module.k8sop_creds_secret.module.gcloud_kubectl.null_resource.gcloud_auth_service_account_key_file",
            "module.acm-clients.module.acm_operator.module.k8sop_creds_secret.module.gcloud_kubectl.null_resource.run_command",
            "module.acm-clients.module.acm_operator.module.k8sop_creds_secret.module.gcloud_kubectl.null_resource.run_destroy_command",
            "module.acm-clients.module.acm_operator.module.k8sop_manifest.null_resource.additional_components",
            "module.acm-clients.module.acm_operator.module.k8sop_manifest.null_resource.gcloud_auth_google_credentials",
            "module.acm-clients.module.acm_operator.module.k8sop_manifest.null_resource.gcloud_auth_service_account_key_file",
            "module.acm-clients.module.acm_operator.module.k8sop_manifest.null_resource.run_command",
            "module.acm-clients.module.acm_operator.module.k8sop_manifest.null_resource.run_destroy_command",
            "module.client-clusters.data.google_client_config.default",
            "module.client-clusters.data.google_compute_subnetwork.gke_subnetwork",
            "module.client-clusters.data.google_compute_zones.available",
            "module.client-clusters.data.google_container_engine_versions.region",
            "module.client-clusters.data.google_container_engine_versions.zone",
            "module.client-clusters.google_compute_firewall.intra_egress",
            "module.client-clusters.google_compute_firewall.master_webhooks",
            "module.client-clusters.google_compute_firewall.shadow_allow_master",
            "module.client-clusters.google_compute_firewall.shadow_allow_nodes",
            "module.client-clusters.google_compute_firewall.shadow_allow_pods",
            "module.client-clusters.google_container_cluster.primary",
            "module.client-clusters.google_container_node_pool.pools",
            "module.client-clusters.google_project_iam_member.cluster_service_account-artifact-registry",
            "module.client-clusters.google_project_iam_member.cluster_service_account-gcr",
            "module.client-clusters.google_project_iam_member.cluster_service_account-log_writer",
            "module.client-clusters.google_project_iam_member.cluster_service_account-metric_writer",
            "module.client-clusters.google_project_iam_member.cluster_service_account-monitoring_viewer",
            "module.client-clusters.google_project_iam_member.cluster_service_account-resourceMetadata-writer",
            "module.client-clusters.google_service_account.cluster_service_account",
            "module.client-clusters.kubernetes_config_map.ip-masq-agent",
            "module.client-clusters.kubernetes_config_map.kube-dns",
            "module.client-clusters.kubernetes_config_map.kube-dns-upstream-nameservers-and-stub-domains",
            "module.client-clusters.kubernetes_config_map.kube-dns-upstream-namservers",
            "module.client-clusters.module.gcloud_delete_default_kube_dns_configmap.module.gcloud_kubectl.data.external.env_override",
            "module.client-clusters.module.gcloud_delete_default_kube_dns_configmap.module.gcloud_kubectl.null_resource.additional_components",
            "module.client-clusters.module.gcloud_delete_default_kube_dns_configmap.module.gcloud_kubectl.null_resource.additional_components_destroy",
            "module.client-clusters.module.gcloud_delete_default_kube_dns_configmap.module.gcloud_kubectl.null_resource.decompress",
            "module.client-clusters.module.gcloud_delete_default_kube_dns_configmap.module.gcloud_kubectl.null_resource.decompress_destroy",
            "module.client-clusters.module.gcloud_delete_default_kube_dns_configmap.module.gcloud_kubectl.null_resource.download_gcloud",
            "module.client-clusters.module.gcloud_delete_default_kube_dns_configmap.module.gcloud_kubectl.null_resource.download_jq",
            "module.client-clusters.module.gcloud_delete_default_kube_dns_configmap.module.gcloud_kubectl.null_resource.gcloud_auth_google_credentials",
            "module.client-clusters.module.gcloud_delete_default_kube_dns_configmap.module.gcloud_kubectl.null_resource.gcloud_auth_google_credentials_destroy",
            "module.client-clusters.module.gcloud_delete_default_kube_dns_configmap.module.gcloud_kubectl.null_resource.gcloud_auth_service_account_key_file",
            "module.client-clusters.module.gcloud_delete_default_kube_dns_configmap.module.gcloud_kubectl.null_resource.gcloud_auth_service_account_key_file_destroy",
            "module.client-clusters.module.gcloud_delete_default_kube_dns_configmap.module.gcloud_kubectl.null_resource.module_depends_on",
            "module.client-clusters.module.gcloud_delete_default_kube_dns_configmap.module.gcloud_kubectl.null_resource.prepare_cache",
            "module.client-clusters.module.gcloud_delete_default_kube_dns_configmap.module.gcloud_kubectl.null_resource.run_command",
            "module.client-clusters.module.gcloud_delete_default_kube_dns_configmap.module.gcloud_kubectl.null_resource.run_destroy_command",
            "module.client-clusters.module.gcloud_delete_default_kube_dns_configmap.module.gcloud_kubectl.null_resource.upgrade",
            "module.client-clusters.module.gcloud_delete_default_kube_dns_configmap.module.gcloud_kubectl.null_resource.upgrade_destroy",
            "module.client-clusters.module.gcloud_delete_default_kube_dns_configmap.module.gcloud_kubectl.random_id.cache",
            "module.client-clusters.random_shuffle.available_zones",
            "module.client-clusters.random_string.cluster_service_account_suffix",
            "module.project-services.google_project_service.project_services"
          ]
        }
      ]
    },
    {
      "module": "module.acm-clients[1].module.acm_operator.module.k8sop_config.module.gcloud_kubectl",
      "mode": "managed",
      "type": "null_resource",
      "name": "run_destroy_command",
      "provider": "provider[\"registry.terraform.io/hashicorp/null\"]",
      "instances": [
        {
          "index_key": 0,
          "schema_version": 0,
          "attributes": {
            "id": "5240027491519470403",
            "triggers": {
              "configmanagement": "apiVersion: configmanagement.gke.io/v1\nkind: ConfigManagement\nmetadata:\n  name: config-management\nspec:\n  # clusterName is required and must be unique among all managed clusters\n  clusterName: tff-client-1\n  policyController:\n    enabled: true\n    templateLibraryInstalled: true\n    logDeniesEnabled: false\n  git:\n    syncRepo: https://github.com/jarokaz/tff/\n    secretType: none\n    policyDir: acm-dir\n    syncBranch: main\n  \n  \n",
              "destroy_cmd_body": "tff-client-1 us-west1-a jk-mlops-dev false false kubectl delete -f - \u003c\u003cEOF\napiVersion: configmanagement.gke.io/v1\nkind: ConfigManagement\nmetadata:\n  name: config-management\nspec:\n  # clusterName is required and must be unique among all managed clusters\n  clusterName: tff-client-1\n  policyController:\n    enabled: true\n    templateLibraryInstalled: true\n    logDeniesEnabled: false\n  git:\n    syncRepo: https://github.com/jarokaz/tff/\n    secretType: none\n    policyDir: acm-dir\n    syncBranch: main\n  \n  \nEOF",
              "destroy_cmd_entrypoint": ".terraform/modules/acm-clients.acm_operator.k8sop_config/terraform-google-gcloud-2.0.3/modules/kubectl-wrapper/scripts/kubectl_wrapper.sh",
              "gcloud_bin_abs_path": "/google-cloud-sdk/bin"
            }
          },
          "sensitive_attributes": [],
          "private": "bnVsbA==",
          "dependencies": [
            "data.google_client_config.current",
            "data.google_project.project",
            "module.acm-clients.module.acm_operator.data.template_file.k8sop_config",
            "module.acm-clients.module.acm_operator.module.k8s_operator.module.gcloud_kubectl.data.external.env_override",
            "module.acm-clients.module.acm_operator.module.k8s_operator.module.gcloud_kubectl.null_resource.additional_components",
            "module.acm-clients.module.acm_operator.module.k8s_operator.module.gcloud_kubectl.null_resource.decompress",
            "module.acm-clients.module.acm_operator.module.k8s_operator.module.gcloud_kubectl.null_resource.gcloud_auth_google_credentials",
            "module.acm-clients.module.acm_operator.module.k8s_operator.module.gcloud_kubectl.null_resource.gcloud_auth_service_account_key_file",
            "module.acm-clients.module.acm_operator.module.k8s_operator.module.gcloud_kubectl.null_resource.module_depends_on",
            "module.acm-clients.module.acm_operator.module.k8s_operator.module.gcloud_kubectl.null_resource.run_command",
            "module.acm-clients.module.acm_operator.module.k8s_operator.module.gcloud_kubectl.null_resource.run_destroy_command",
            "module.acm-clients.module.acm_operator.module.k8s_operator.module.gcloud_kubectl.null_resource.upgrade",
            "module.acm-clients.module.acm_operator.module.k8s_operator.module.gcloud_kubectl.random_id.cache",
            "module.acm-clients.module.acm_operator.module.k8sop_config.module.gcloud_kubectl.data.external.env_override",
            "module.acm-clients.module.acm_operator.module.k8sop_config.module.gcloud_kubectl.null_resource.additional_components",
            "module.acm-clients.module.acm_operator.module.k8sop_config.module.gcloud_kubectl.null_resource.decompress",
            "module.acm-clients.module.acm_operator.module.k8sop_config.module.gcloud_kubectl.null_resource.gcloud_auth_google_credentials",
            "module.acm-clients.module.acm_operator.module.k8sop_config.module.gcloud_kubectl.null_resource.gcloud_auth_service_account_key_file",
            "module.acm-clients.module.acm_operator.module.k8sop_config.module.gcloud_kubectl.null_resource.module_depends_on",
            "module.acm-clients.module.acm_operator.module.k8sop_config.module.gcloud_kubectl.null_resource.upgrade",
            "module.acm-clients.module.acm_operator.module.k8sop_config.module.gcloud_kubectl.random_id.cache",
            "module.acm-clients.module.acm_operator.module.k8sop_creds_secret.module.gcloud_kubectl.null_resource.additional_components",
            "module.acm-clients.module.acm_operator.module.k8sop_creds_secret.module.gcloud_kubectl.null_resource.gcloud_auth_google_credentials",
            "module.acm-clients.module.acm_operator.module.k8sop_creds_secret.module.gcloud_kubectl.null_resource.gcloud_auth_service_account_key_file",
            "module.acm-clients.module.acm_operator.module.k8sop_creds_secret.module.gcloud_kubectl.null_resource.run_command",
            "module.acm-clients.module.acm_operator.module.k8sop_creds_secret.module.gcloud_kubectl.null_resource.run_destroy_command",
            "module.acm-clients.module.acm_operator.module.k8sop_manifest.null_resource.additional_components",
            "module.acm-clients.module.acm_operator.module.k8sop_manifest.null_resource.gcloud_auth_google_credentials",
            "module.acm-clients.module.acm_operator.module.k8sop_manifest.null_resource.gcloud_auth_service_account_key_file",
            "module.acm-clients.module.acm_operator.module.k8sop_manifest.null_resource.run_command",
            "module.acm-clients.module.acm_operator.module.k8sop_manifest.null_resource.run_destroy_command",
            "module.client-clusters.data.google_client_config.default",
            "module.client-clusters.data.google_compute_subnetwork.gke_subnetwork",
            "module.client-clusters.data.google_compute_zones.available",
            "module.client-clusters.data.google_container_engine_versions.region",
            "module.client-clusters.data.google_container_engine_versions.zone",
            "module.client-clusters.google_compute_firewall.intra_egress",
            "module.client-clusters.google_compute_firewall.master_webhooks",
            "module.client-clusters.google_compute_firewall.shadow_allow_master",
            "module.client-clusters.google_compute_firewall.shadow_allow_nodes",
            "module.client-clusters.google_compute_firewall.shadow_allow_pods",
            "module.client-clusters.google_container_cluster.primary",
            "module.client-clusters.google_container_node_pool.pools",
            "module.client-clusters.google_project_iam_member.cluster_service_account-artifact-registry",
            "module.client-clusters.google_project_iam_member.cluster_service_account-gcr",
            "module.client-clusters.google_project_iam_member.cluster_service_account-log_writer",
            "module.client-clusters.google_project_iam_member.cluster_service_account-metric_writer",
            "module.client-clusters.google_project_iam_member.cluster_service_account-monitoring_viewer",
            "module.client-clusters.google_project_iam_member.cluster_service_account-resourceMetadata-writer",
            "module.client-clusters.google_service_account.cluster_service_account",
            "module.client-clusters.kubernetes_config_map.ip-masq-agent",
            "module.client-clusters.kubernetes_config_map.kube-dns",
            "module.client-clusters.kubernetes_config_map.kube-dns-upstream-nameservers-and-stub-domains",
            "module.client-clusters.kubernetes_config_map.kube-dns-upstream-namservers",
            "module.client-clusters.module.gcloud_delete_default_kube_dns_configmap.module.gcloud_kubectl.data.external.env_override",
            "module.client-clusters.module.gcloud_delete_default_kube_dns_configmap.module.gcloud_kubectl.null_resource.additional_components",
            "module.client-clusters.module.gcloud_delete_default_kube_dns_configmap.module.gcloud_kubectl.null_resource.additional_components_destroy",
            "module.client-clusters.module.gcloud_delete_default_kube_dns_configmap.module.gcloud_kubectl.null_resource.decompress",
            "module.client-clusters.module.gcloud_delete_default_kube_dns_configmap.module.gcloud_kubectl.null_resource.decompress_destroy",
            "module.client-clusters.module.gcloud_delete_default_kube_dns_configmap.module.gcloud_kubectl.null_resource.download_gcloud",
            "module.client-clusters.module.gcloud_delete_default_kube_dns_configmap.module.gcloud_kubectl.null_resource.download_jq",
            "module.client-clusters.module.gcloud_delete_default_kube_dns_configmap.module.gcloud_kubectl.null_resource.gcloud_auth_google_credentials",
            "module.client-clusters.module.gcloud_delete_default_kube_dns_configmap.module.gcloud_kubectl.null_resource.gcloud_auth_google_credentials_destroy",
            "module.client-clusters.module.gcloud_delete_default_kube_dns_configmap.module.gcloud_kubectl.null_resource.gcloud_auth_service_account_key_file",
            "module.client-clusters.module.gcloud_delete_default_kube_dns_configmap.module.gcloud_kubectl.null_resource.gcloud_auth_service_account_key_file_destroy",
            "module.client-clusters.module.gcloud_delete_default_kube_dns_configmap.module.gcloud_kubectl.null_resource.module_depends_on",
            "module.client-clusters.module.gcloud_delete_default_kube_dns_configmap.module.gcloud_kubectl.null_resource.prepare_cache",
            "module.client-clusters.module.gcloud_delete_default_kube_dns_configmap.module.gcloud_kubectl.null_resource.run_command",
            "module.client-clusters.module.gcloud_delete_default_kube_dns_configmap.module.gcloud_kubectl.null_resource.run_destroy_command",
            "module.client-clusters.module.gcloud_delete_default_kube_dns_configmap.module.gcloud_kubectl.null_resource.upgrade",
            "module.client-clusters.module.gcloud_delete_default_kube_dns_configmap.module.gcloud_kubectl.null_resource.upgrade_destroy",
            "module.client-clusters.module.gcloud_delete_default_kube_dns_configmap.module.gcloud_kubectl.random_id.cache",
            "module.client-clusters.random_shuffle.available_zones",
            "module.client-clusters.random_string.cluster_service_account_suffix",
            "module.project-services.google_project_service.project_services"
          ]
        }
      ]
    },
    {
      "module": "module.acm-clients[1].module.acm_operator.module.k8sop_creds_secret.module.gcloud_kubectl",
      "mode": "managed",
      "type": "null_resource",
      "name": "module_depends_on",
      "provider": "provider[\"registry.terraform.io/hashicorp/null\"]",
      "instances": [
        {
          "index_key": 0,
          "schema_version": 0,
          "attributes": {
            "id": "8567859403444058090",
            "triggers": {
              "value": "1"
            }
          },
          "sensitive_attributes": [],
          "private": "bnVsbA==",
          "dependencies": [
            "data.google_client_config.current",
            "data.google_project.project",
            "module.acm-clients.module.acm_operator.module.k8s_operator.module.gcloud_kubectl.data.external.env_override",
            "module.acm-clients.module.acm_operator.module.k8s_operator.module.gcloud_kubectl.null_resource.additional_components",
            "module.acm-clients.module.acm_operator.module.k8s_operator.module.gcloud_kubectl.null_resource.decompress",
            "module.acm-clients.module.acm_operator.module.k8s_operator.module.gcloud_kubectl.null_resource.gcloud_auth_google_credentials",
            "module.acm-clients.module.acm_operator.module.k8s_operator.module.gcloud_kubectl.null_resource.gcloud_auth_service_account_key_file",
            "module.acm-clients.module.acm_operator.module.k8s_operator.module.gcloud_kubectl.null_resource.module_depends_on",
            "module.acm-clients.module.acm_operator.module.k8s_operator.module.gcloud_kubectl.null_resource.run_command",
            "module.acm-clients.module.acm_operator.module.k8s_operator.module.gcloud_kubectl.null_resource.run_destroy_command",
            "module.acm-clients.module.acm_operator.module.k8s_operator.module.gcloud_kubectl.null_resource.upgrade",
            "module.acm-clients.module.acm_operator.module.k8s_operator.module.gcloud_kubectl.random_id.cache",
            "module.acm-clients.module.acm_operator.module.k8sop_manifest.null_resource.additional_components",
            "module.acm-clients.module.acm_operator.module.k8sop_manifest.null_resource.gcloud_auth_google_credentials",
            "module.acm-clients.module.acm_operator.module.k8sop_manifest.null_resource.gcloud_auth_service_account_key_file",
            "module.acm-clients.module.acm_operator.module.k8sop_manifest.null_resource.run_command",
            "module.acm-clients.module.acm_operator.module.k8sop_manifest.null_resource.run_destroy_command",
            "module.client-clusters.data.google_client_config.default",
            "module.client-clusters.data.google_compute_subnetwork.gke_subnetwork",
            "module.client-clusters.data.google_compute_zones.available",
            "module.client-clusters.data.google_container_engine_versions.region",
            "module.client-clusters.data.google_container_engine_versions.zone",
            "module.client-clusters.google_compute_firewall.intra_egress",
            "module.client-clusters.google_compute_firewall.master_webhooks",
            "module.client-clusters.google_compute_firewall.shadow_allow_master",
            "module.client-clusters.google_compute_firewall.shadow_allow_nodes",
            "module.client-clusters.google_compute_firewall.shadow_allow_pods",
            "module.client-clusters.google_container_cluster.primary",
            "module.client-clusters.google_container_node_pool.pools",
            "module.client-clusters.google_project_iam_member.cluster_service_account-artifact-registry",
            "module.client-clusters.google_project_iam_member.cluster_service_account-gcr",
            "module.client-clusters.google_project_iam_member.cluster_service_account-log_writer",
            "module.client-clusters.google_project_iam_member.cluster_service_account-metric_writer",
            "module.client-clusters.google_project_iam_member.cluster_service_account-monitoring_viewer",
            "module.client-clusters.google_project_iam_member.cluster_service_account-resourceMetadata-writer",
            "module.client-clusters.google_service_account.cluster_service_account",
            "module.client-clusters.kubernetes_config_map.ip-masq-agent",
            "module.client-clusters.kubernetes_config_map.kube-dns",
            "module.client-clusters.kubernetes_config_map.kube-dns-upstream-nameservers-and-stub-domains",
            "module.client-clusters.kubernetes_config_map.kube-dns-upstream-namservers",
            "module.client-clusters.module.gcloud_delete_default_kube_dns_configmap.module.gcloud_kubectl.data.external.env_override",
            "module.client-clusters.module.gcloud_delete_default_kube_dns_configmap.module.gcloud_kubectl.null_resource.additional_components",
            "module.client-clusters.module.gcloud_delete_default_kube_dns_configmap.module.gcloud_kubectl.null_resource.additional_components_destroy",
            "module.client-clusters.module.gcloud_delete_default_kube_dns_configmap.module.gcloud_kubectl.null_resource.decompress",
            "module.client-clusters.module.gcloud_delete_default_kube_dns_configmap.module.gcloud_kubectl.null_resource.decompress_destroy",
            "module.client-clusters.module.gcloud_delete_default_kube_dns_configmap.module.gcloud_kubectl.null_resource.download_gcloud",
            "module.client-clusters.module.gcloud_delete_default_kube_dns_configmap.module.gcloud_kubectl.null_resource.download_jq",
            "module.client-clusters.module.gcloud_delete_default_kube_dns_configmap.module.gcloud_kubectl.null_resource.gcloud_auth_google_credentials",
            "module.client-clusters.module.gcloud_delete_default_kube_dns_configmap.module.gcloud_kubectl.null_resource.gcloud_auth_google_credentials_destroy",
            "module.client-clusters.module.gcloud_delete_default_kube_dns_configmap.module.gcloud_kubectl.null_resource.gcloud_auth_service_account_key_file",
            "module.client-clusters.module.gcloud_delete_default_kube_dns_configmap.module.gcloud_kubectl.null_resource.gcloud_auth_service_account_key_file_destroy",
            "module.client-clusters.module.gcloud_delete_default_kube_dns_configmap.module.gcloud_kubectl.null_resource.module_depends_on",
            "module.client-clusters.module.gcloud_delete_default_kube_dns_configmap.module.gcloud_kubectl.null_resource.prepare_cache",
            "module.client-clusters.module.gcloud_delete_default_kube_dns_configmap.module.gcloud_kubectl.null_resource.run_command",
            "module.client-clusters.module.gcloud_delete_default_kube_dns_configmap.module.gcloud_kubectl.null_resource.run_destroy_command",
            "module.client-clusters.module.gcloud_delete_default_kube_dns_configmap.module.gcloud_kubectl.null_resource.upgrade",
            "module.client-clusters.module.gcloud_delete_default_kube_dns_configmap.module.gcloud_kubectl.null_resource.upgrade_destroy",
            "module.client-clusters.module.gcloud_delete_default_kube_dns_configmap.module.gcloud_kubectl.random_id.cache",
            "module.client-clusters.random_shuffle.available_zones",
            "module.client-clusters.random_string.cluster_service_account_suffix",
            "module.project-services.google_project_service.project_services"
          ]
        }
      ]
    },
    {
      "module": "module.acm-clients[1].module.acm_operator.module.wait_for_gatekeeper.module.gcloud_kubectl",
      "mode": "data",
      "type": "external",
      "name": "env_override",
      "provider": "provider[\"registry.terraform.io/hashicorp/external\"]",
      "instances": [
        {
          "index_key": 0,
          "schema_version": 0,
          "attributes": {
            "id": "-",
            "program": [
              ".terraform/modules/acm-clients.acm_operator.wait_for_gatekeeper/terraform-google-gcloud-2.0.3/scripts/check_env.sh"
            ],
            "query": null,
            "result": {
              "download": ""
            },
            "working_dir": null
          },
          "sensitive_attributes": []
        }
      ]
    },
    {
      "module": "module.acm-clients[1].module.acm_operator.module.wait_for_gatekeeper.module.gcloud_kubectl",
      "mode": "managed",
      "type": "null_resource",
      "name": "additional_components",
      "provider": "provider[\"registry.terraform.io/hashicorp/null\"]",
      "instances": [
        {
          "index_key": 0,
          "schema_version": 0,
          "attributes": {
            "id": "2893683603079210537",
            "triggers": {
              "additional_components_command": ".terraform/modules/acm-clients.acm_operator.wait_for_gatekeeper/terraform-google-gcloud-2.0.3/scripts/check_components.sh gcloud kubectl",
              "arguments": "2ab4394521c006565204ef60bc883970",
              "md5": "f7bf1e982384a57b30dd825d33b979ca",
              "script_sha1": "e1780a62dcd319cb88616007c9c22324f63a6375"
            }
          },
          "sensitive_attributes": [],
          "private": "bnVsbA==",
          "dependencies": [
            "data.google_client_config.current",
            "data.google_project.project",
            "module.acm-clients.module.acm_operator.module.wait_for_gatekeeper.module.gcloud_kubectl.data.external.env_override",
            "module.acm-clients.module.acm_operator.module.wait_for_gatekeeper.module.gcloud_kubectl.null_resource.upgrade",
            "module.acm-clients.module.acm_operator.module.wait_for_gatekeeper.module.gcloud_kubectl.random_id.cache",
            "module.client-clusters.data.google_client_config.default",
            "module.client-clusters.data.google_compute_subnetwork.gke_subnetwork",
            "module.client-clusters.data.google_compute_zones.available",
            "module.client-clusters.data.google_container_engine_versions.region",
            "module.client-clusters.data.google_container_engine_versions.zone",
            "module.client-clusters.google_compute_firewall.intra_egress",
            "module.client-clusters.google_compute_firewall.master_webhooks",
            "module.client-clusters.google_compute_firewall.shadow_allow_master",
            "module.client-clusters.google_compute_firewall.shadow_allow_nodes",
            "module.client-clusters.google_compute_firewall.shadow_allow_pods",
            "module.client-clusters.google_container_cluster.primary",
            "module.client-clusters.google_container_node_pool.pools",
            "module.client-clusters.google_project_iam_member.cluster_service_account-artifact-registry",
            "module.client-clusters.google_project_iam_member.cluster_service_account-gcr",
            "module.client-clusters.google_project_iam_member.cluster_service_account-log_writer",
            "module.client-clusters.google_project_iam_member.cluster_service_account-metric_writer",
            "module.client-clusters.google_project_iam_member.cluster_service_account-monitoring_viewer",
            "module.client-clusters.google_project_iam_member.cluster_service_account-resourceMetadata-writer",
            "module.client-clusters.google_service_account.cluster_service_account",
            "module.client-clusters.kubernetes_config_map.ip-masq-agent",
            "module.client-clusters.kubernetes_config_map.kube-dns",
            "module.client-clusters.kubernetes_config_map.kube-dns-upstream-nameservers-and-stub-domains",
            "module.client-clusters.kubernetes_config_map.kube-dns-upstream-namservers",
            "module.client-clusters.module.gcloud_delete_default_kube_dns_configmap.module.gcloud_kubectl.data.external.env_override",
            "module.client-clusters.module.gcloud_delete_default_kube_dns_configmap.module.gcloud_kubectl.null_resource.additional_components",
            "module.client-clusters.module.gcloud_delete_default_kube_dns_configmap.module.gcloud_kubectl.null_resource.additional_components_destroy",
            "module.client-clusters.module.gcloud_delete_default_kube_dns_configmap.module.gcloud_kubectl.null_resource.decompress",
            "module.client-clusters.module.gcloud_delete_default_kube_dns_configmap.module.gcloud_kubectl.null_resource.decompress_destroy",
            "module.client-clusters.module.gcloud_delete_default_kube_dns_configmap.module.gcloud_kubectl.null_resource.download_gcloud",
            "module.client-clusters.module.gcloud_delete_default_kube_dns_configmap.module.gcloud_kubectl.null_resource.download_jq",
            "module.client-clusters.module.gcloud_delete_default_kube_dns_configmap.module.gcloud_kubectl.null_resource.gcloud_auth_google_credentials",
            "module.client-clusters.module.gcloud_delete_default_kube_dns_configmap.module.gcloud_kubectl.null_resource.gcloud_auth_google_credentials_destroy",
            "module.client-clusters.module.gcloud_delete_default_kube_dns_configmap.module.gcloud_kubectl.null_resource.gcloud_auth_service_account_key_file",
            "module.client-clusters.module.gcloud_delete_default_kube_dns_configmap.module.gcloud_kubectl.null_resource.gcloud_auth_service_account_key_file_destroy",
            "module.client-clusters.module.gcloud_delete_default_kube_dns_configmap.module.gcloud_kubectl.null_resource.module_depends_on",
            "module.client-clusters.module.gcloud_delete_default_kube_dns_configmap.module.gcloud_kubectl.null_resource.prepare_cache",
            "module.client-clusters.module.gcloud_delete_default_kube_dns_configmap.module.gcloud_kubectl.null_resource.run_command",
            "module.client-clusters.module.gcloud_delete_default_kube_dns_configmap.module.gcloud_kubectl.null_resource.run_destroy_command",
            "module.client-clusters.module.gcloud_delete_default_kube_dns_configmap.module.gcloud_kubectl.null_resource.upgrade",
            "module.client-clusters.module.gcloud_delete_default_kube_dns_configmap.module.gcloud_kubectl.null_resource.upgrade_destroy",
            "module.client-clusters.module.gcloud_delete_default_kube_dns_configmap.module.gcloud_kubectl.random_id.cache",
            "module.client-clusters.random_shuffle.available_zones",
            "module.client-clusters.random_string.cluster_service_account_suffix",
            "module.project-services.google_project_service.project_services"
          ]
        }
      ]
    },
    {
      "module": "module.acm-clients[1].module.acm_operator.module.wait_for_gatekeeper.module.gcloud_kubectl",
      "mode": "managed",
      "type": "null_resource",
      "name": "additional_components_destroy",
      "provider": "provider[\"registry.terraform.io/hashicorp/null\"]",
      "instances": [
        {
          "index_key": 0,
          "schema_version": 0,
          "attributes": {
            "id": "4997479067910409667",
            "triggers": {
              "additional_components_command": ".terraform/modules/acm-clients.acm_operator.wait_for_gatekeeper/terraform-google-gcloud-2.0.3/scripts/check_components.sh gcloud kubectl"
            }
          },
          "sensitive_attributes": [],
          "private": "bnVsbA==",
          "dependencies": [
            "data.google_client_config.current",
            "data.google_project.project",
            "module.acm-clients.module.acm_operator.data.template_file.k8sop_config",
            "module.acm-clients.module.acm_operator.module.k8s_operator.module.gcloud_kubectl.data.external.env_override",
            "module.acm-clients.module.acm_operator.module.k8s_operator.module.gcloud_kubectl.null_resource.additional_components",
            "module.acm-clients.module.acm_operator.module.k8s_operator.module.gcloud_kubectl.null_resource.decompress",
            "module.acm-clients.module.acm_operator.module.k8s_operator.module.gcloud_kubectl.null_resource.gcloud_auth_google_credentials",
            "module.acm-clients.module.acm_operator.module.k8s_operator.module.gcloud_kubectl.null_resource.gcloud_auth_service_account_key_file",
            "module.acm-clients.module.acm_operator.module.k8s_operator.module.gcloud_kubectl.null_resource.module_depends_on",
            "module.acm-clients.module.acm_operator.module.k8s_operator.module.gcloud_kubectl.null_resource.run_command",
            "module.acm-clients.module.acm_operator.module.k8s_operator.module.gcloud_kubectl.null_resource.run_destroy_command",
            "module.acm-clients.module.acm_operator.module.k8s_operator.module.gcloud_kubectl.null_resource.upgrade",
            "module.acm-clients.module.acm_operator.module.k8s_operator.module.gcloud_kubectl.random_id.cache",
            "module.acm-clients.module.acm_operator.module.k8sop_config.module.gcloud_kubectl.data.external.env_override",
            "module.acm-clients.module.acm_operator.module.k8sop_config.module.gcloud_kubectl.null_resource.additional_components",
            "module.acm-clients.module.acm_operator.module.k8sop_config.module.gcloud_kubectl.null_resource.decompress",
            "module.acm-clients.module.acm_operator.module.k8sop_config.module.gcloud_kubectl.null_resource.gcloud_auth_google_credentials",
            "module.acm-clients.module.acm_operator.module.k8sop_config.module.gcloud_kubectl.null_resource.gcloud_auth_service_account_key_file",
            "module.acm-clients.module.acm_operator.module.k8sop_config.module.gcloud_kubectl.null_resource.module_depends_on",
            "module.acm-clients.module.acm_operator.module.k8sop_config.module.gcloud_kubectl.null_resource.run_command",
            "module.acm-clients.module.acm_operator.module.k8sop_config.module.gcloud_kubectl.null_resource.run_destroy_command",
            "module.acm-clients.module.acm_operator.module.k8sop_config.module.gcloud_kubectl.null_resource.upgrade",
            "module.acm-clients.module.acm_operator.module.k8sop_config.module.gcloud_kubectl.random_id.cache",
            "module.acm-clients.module.acm_operator.module.k8sop_creds_secret.module.gcloud_kubectl.null_resource.additional_components",
            "module.acm-clients.module.acm_operator.module.k8sop_creds_secret.module.gcloud_kubectl.null_resource.gcloud_auth_google_credentials",
            "module.acm-clients.module.acm_operator.module.k8sop_creds_secret.module.gcloud_kubectl.null_resource.gcloud_auth_service_account_key_file",
            "module.acm-clients.module.acm_operator.module.k8sop_creds_secret.module.gcloud_kubectl.null_resource.run_command",
            "module.acm-clients.module.acm_operator.module.k8sop_creds_secret.module.gcloud_kubectl.null_resource.run_destroy_command",
            "module.acm-clients.module.acm_operator.module.k8sop_manifest.null_resource.additional_components",
            "module.acm-clients.module.acm_operator.module.k8sop_manifest.null_resource.gcloud_auth_google_credentials",
            "module.acm-clients.module.acm_operator.module.k8sop_manifest.null_resource.gcloud_auth_service_account_key_file",
            "module.acm-clients.module.acm_operator.module.k8sop_manifest.null_resource.run_command",
            "module.acm-clients.module.acm_operator.module.k8sop_manifest.null_resource.run_destroy_command",
            "module.acm-clients.module.acm_operator.module.wait_for_gatekeeper.module.gcloud_kubectl.data.external.env_override",
            "module.acm-clients.module.acm_operator.module.wait_for_gatekeeper.module.gcloud_kubectl.null_resource.additional_components",
            "module.acm-clients.module.acm_operator.module.wait_for_gatekeeper.module.gcloud_kubectl.null_resource.decompress",
            "module.acm-clients.module.acm_operator.module.wait_for_gatekeeper.module.gcloud_kubectl.null_resource.gcloud_auth_google_credentials",
            "module.acm-clients.module.acm_operator.module.wait_for_gatekeeper.module.gcloud_kubectl.null_resource.gcloud_auth_service_account_key_file",
            "module.acm-clients.module.acm_operator.module.wait_for_gatekeeper.module.gcloud_kubectl.null_resource.module_depends_on",
            "module.acm-clients.module.acm_operator.module.wait_for_gatekeeper.module.gcloud_kubectl.null_resource.run_destroy_command",
            "module.acm-clients.module.acm_operator.module.wait_for_gatekeeper.module.gcloud_kubectl.null_resource.upgrade",
            "module.acm-clients.module.acm_operator.module.wait_for_gatekeeper.module.gcloud_kubectl.random_id.cache",
            "module.client-clusters.data.google_client_config.default",
            "module.client-clusters.data.google_compute_subnetwork.gke_subnetwork",
            "module.client-clusters.data.google_compute_zones.available",
            "module.client-clusters.data.google_container_engine_versions.region",
            "module.client-clusters.data.google_container_engine_versions.zone",
            "module.client-clusters.google_compute_firewall.intra_egress",
            "module.client-clusters.google_compute_firewall.master_webhooks",
            "module.client-clusters.google_compute_firewall.shadow_allow_master",
            "module.client-clusters.google_compute_firewall.shadow_allow_nodes",
            "module.client-clusters.google_compute_firewall.shadow_allow_pods",
            "module.client-clusters.google_container_cluster.primary",
            "module.client-clusters.google_container_node_pool.pools",
            "module.client-clusters.google_project_iam_member.cluster_service_account-artifact-registry",
            "module.client-clusters.google_project_iam_member.cluster_service_account-gcr",
            "module.client-clusters.google_project_iam_member.cluster_service_account-log_writer",
            "module.client-clusters.google_project_iam_member.cluster_service_account-metric_writer",
            "module.client-clusters.google_project_iam_member.cluster_service_account-monitoring_viewer",
            "module.client-clusters.google_project_iam_member.cluster_service_account-resourceMetadata-writer",
            "module.client-clusters.google_service_account.cluster_service_account",
            "module.client-clusters.kubernetes_config_map.ip-masq-agent",
            "module.client-clusters.kubernetes_config_map.kube-dns",
            "module.client-clusters.kubernetes_config_map.kube-dns-upstream-nameservers-and-stub-domains",
            "module.client-clusters.kubernetes_config_map.kube-dns-upstream-namservers",
            "module.client-clusters.module.gcloud_delete_default_kube_dns_configmap.module.gcloud_kubectl.data.external.env_override",
            "module.client-clusters.module.gcloud_delete_default_kube_dns_configmap.module.gcloud_kubectl.null_resource.additional_components",
            "module.client-clusters.module.gcloud_delete_default_kube_dns_configmap.module.gcloud_kubectl.null_resource.additional_components_destroy",
            "module.client-clusters.module.gcloud_delete_default_kube_dns_configmap.module.gcloud_kubectl.null_resource.decompress",
            "module.client-clusters.module.gcloud_delete_default_kube_dns_configmap.module.gcloud_kubectl.null_resource.decompress_destroy",
            "module.client-clusters.module.gcloud_delete_default_kube_dns_configmap.module.gcloud_kubectl.null_resource.download_gcloud",
            "module.client-clusters.module.gcloud_delete_default_kube_dns_configmap.module.gcloud_kubectl.null_resource.download_jq",
            "module.client-clusters.module.gcloud_delete_default_kube_dns_configmap.module.gcloud_kubectl.null_resource.gcloud_auth_google_credentials",
            "module.client-clusters.module.gcloud_delete_default_kube_dns_configmap.module.gcloud_kubectl.null_resource.gcloud_auth_google_credentials_destroy",
            "module.client-clusters.module.gcloud_delete_default_kube_dns_configmap.module.gcloud_kubectl.null_resource.gcloud_auth_service_account_key_file",
            "module.client-clusters.module.gcloud_delete_default_kube_dns_configmap.module.gcloud_kubectl.null_resource.gcloud_auth_service_account_key_file_destroy",
            "module.client-clusters.module.gcloud_delete_default_kube_dns_configmap.module.gcloud_kubectl.null_resource.module_depends_on",
            "module.client-clusters.module.gcloud_delete_default_kube_dns_configmap.module.gcloud_kubectl.null_resource.prepare_cache",
            "module.client-clusters.module.gcloud_delete_default_kube_dns_configmap.module.gcloud_kubectl.null_resource.run_command",
            "module.client-clusters.module.gcloud_delete_default_kube_dns_configmap.module.gcloud_kubectl.null_resource.run_destroy_command",
            "module.client-clusters.module.gcloud_delete_default_kube_dns_configmap.module.gcloud_kubectl.null_resource.upgrade",
            "module.client-clusters.module.gcloud_delete_default_kube_dns_configmap.module.gcloud_kubectl.null_resource.upgrade_destroy",
            "module.client-clusters.module.gcloud_delete_default_kube_dns_configmap.module.gcloud_kubectl.random_id.cache",
            "module.client-clusters.random_shuffle.available_zones",
            "module.client-clusters.random_string.cluster_service_account_suffix",
            "module.project-services.google_project_service.project_services"
          ]
        }
      ]
    },
    {
      "module": "module.acm-clients[1].module.acm_operator.module.wait_for_gatekeeper.module.gcloud_kubectl",
      "mode": "managed",
      "type": "null_resource",
      "name": "module_depends_on",
      "provider": "provider[\"registry.terraform.io/hashicorp/null\"]",
      "instances": [
        {
          "index_key": 0,
          "schema_version": 0,
          "attributes": {
            "id": "7261388527156523151",
            "triggers": {
              "value": "1"
            }
          },
          "sensitive_attributes": [],
          "private": "bnVsbA==",
          "dependencies": [
            "data.google_client_config.current",
            "data.google_project.project",
            "module.acm-clients.module.acm_operator.data.template_file.k8sop_config",
            "module.acm-clients.module.acm_operator.module.k8s_operator.module.gcloud_kubectl.data.external.env_override",
            "module.acm-clients.module.acm_operator.module.k8s_operator.module.gcloud_kubectl.null_resource.additional_components",
            "module.acm-clients.module.acm_operator.module.k8s_operator.module.gcloud_kubectl.null_resource.decompress",
            "module.acm-clients.module.acm_operator.module.k8s_operator.module.gcloud_kubectl.null_resource.gcloud_auth_google_credentials",
            "module.acm-clients.module.acm_operator.module.k8s_operator.module.gcloud_kubectl.null_resource.gcloud_auth_service_account_key_file",
            "module.acm-clients.module.acm_operator.module.k8s_operator.module.gcloud_kubectl.null_resource.module_depends_on",
            "module.acm-clients.module.acm_operator.module.k8s_operator.module.gcloud_kubectl.null_resource.run_command",
            "module.acm-clients.module.acm_operator.module.k8s_operator.module.gcloud_kubectl.null_resource.run_destroy_command",
            "module.acm-clients.module.acm_operator.module.k8s_operator.module.gcloud_kubectl.null_resource.upgrade",
            "module.acm-clients.module.acm_operator.module.k8s_operator.module.gcloud_kubectl.random_id.cache",
            "module.acm-clients.module.acm_operator.module.k8sop_config.module.gcloud_kubectl.data.external.env_override",
            "module.acm-clients.module.acm_operator.module.k8sop_config.module.gcloud_kubectl.null_resource.additional_components",
            "module.acm-clients.module.acm_operator.module.k8sop_config.module.gcloud_kubectl.null_resource.decompress",
            "module.acm-clients.module.acm_operator.module.k8sop_config.module.gcloud_kubectl.null_resource.gcloud_auth_google_credentials",
            "module.acm-clients.module.acm_operator.module.k8sop_config.module.gcloud_kubectl.null_resource.gcloud_auth_service_account_key_file",
            "module.acm-clients.module.acm_operator.module.k8sop_config.module.gcloud_kubectl.null_resource.module_depends_on",
            "module.acm-clients.module.acm_operator.module.k8sop_config.module.gcloud_kubectl.null_resource.run_command",
            "module.acm-clients.module.acm_operator.module.k8sop_config.module.gcloud_kubectl.null_resource.run_destroy_command",
            "module.acm-clients.module.acm_operator.module.k8sop_config.module.gcloud_kubectl.null_resource.upgrade",
            "module.acm-clients.module.acm_operator.module.k8sop_config.module.gcloud_kubectl.random_id.cache",
            "module.acm-clients.module.acm_operator.module.k8sop_creds_secret.module.gcloud_kubectl.null_resource.additional_components",
            "module.acm-clients.module.acm_operator.module.k8sop_creds_secret.module.gcloud_kubectl.null_resource.gcloud_auth_google_credentials",
            "module.acm-clients.module.acm_operator.module.k8sop_creds_secret.module.gcloud_kubectl.null_resource.gcloud_auth_service_account_key_file",
            "module.acm-clients.module.acm_operator.module.k8sop_creds_secret.module.gcloud_kubectl.null_resource.run_command",
            "module.acm-clients.module.acm_operator.module.k8sop_creds_secret.module.gcloud_kubectl.null_resource.run_destroy_command",
            "module.acm-clients.module.acm_operator.module.k8sop_manifest.null_resource.additional_components",
            "module.acm-clients.module.acm_operator.module.k8sop_manifest.null_resource.gcloud_auth_google_credentials",
            "module.acm-clients.module.acm_operator.module.k8sop_manifest.null_resource.gcloud_auth_service_account_key_file",
            "module.acm-clients.module.acm_operator.module.k8sop_manifest.null_resource.run_command",
            "module.acm-clients.module.acm_operator.module.k8sop_manifest.null_resource.run_destroy_command",
            "module.client-clusters.data.google_client_config.default",
            "module.client-clusters.data.google_compute_subnetwork.gke_subnetwork",
            "module.client-clusters.data.google_compute_zones.available",
            "module.client-clusters.data.google_container_engine_versions.region",
            "module.client-clusters.data.google_container_engine_versions.zone",
            "module.client-clusters.google_compute_firewall.intra_egress",
            "module.client-clusters.google_compute_firewall.master_webhooks",
            "module.client-clusters.google_compute_firewall.shadow_allow_master",
            "module.client-clusters.google_compute_firewall.shadow_allow_nodes",
            "module.client-clusters.google_compute_firewall.shadow_allow_pods",
            "module.client-clusters.google_container_cluster.primary",
            "module.client-clusters.google_container_node_pool.pools",
            "module.client-clusters.google_project_iam_member.cluster_service_account-artifact-registry",
            "module.client-clusters.google_project_iam_member.cluster_service_account-gcr",
            "module.client-clusters.google_project_iam_member.cluster_service_account-log_writer",
            "module.client-clusters.google_project_iam_member.cluster_service_account-metric_writer",
            "module.client-clusters.google_project_iam_member.cluster_service_account-monitoring_viewer",
            "module.client-clusters.google_project_iam_member.cluster_service_account-resourceMetadata-writer",
            "module.client-clusters.google_service_account.cluster_service_account",
            "module.client-clusters.kubernetes_config_map.ip-masq-agent",
            "module.client-clusters.kubernetes_config_map.kube-dns",
            "module.client-clusters.kubernetes_config_map.kube-dns-upstream-nameservers-and-stub-domains",
            "module.client-clusters.kubernetes_config_map.kube-dns-upstream-namservers",
            "module.client-clusters.module.gcloud_delete_default_kube_dns_configmap.module.gcloud_kubectl.data.external.env_override",
            "module.client-clusters.module.gcloud_delete_default_kube_dns_configmap.module.gcloud_kubectl.null_resource.additional_components",
            "module.client-clusters.module.gcloud_delete_default_kube_dns_configmap.module.gcloud_kubectl.null_resource.additional_components_destroy",
            "module.client-clusters.module.gcloud_delete_default_kube_dns_configmap.module.gcloud_kubectl.null_resource.decompress",
            "module.client-clusters.module.gcloud_delete_default_kube_dns_configmap.module.gcloud_kubectl.null_resource.decompress_destroy",
            "module.client-clusters.module.gcloud_delete_default_kube_dns_configmap.module.gcloud_kubectl.null_resource.download_gcloud",
            "module.client-clusters.module.gcloud_delete_default_kube_dns_configmap.module.gcloud_kubectl.null_resource.download_jq",
            "module.client-clusters.module.gcloud_delete_default_kube_dns_configmap.module.gcloud_kubectl.null_resource.gcloud_auth_google_credentials",
            "module.client-clusters.module.gcloud_delete_default_kube_dns_configmap.module.gcloud_kubectl.null_resource.gcloud_auth_google_credentials_destroy",
            "module.client-clusters.module.gcloud_delete_default_kube_dns_configmap.module.gcloud_kubectl.null_resource.gcloud_auth_service_account_key_file",
            "module.client-clusters.module.gcloud_delete_default_kube_dns_configmap.module.gcloud_kubectl.null_resource.gcloud_auth_service_account_key_file_destroy",
            "module.client-clusters.module.gcloud_delete_default_kube_dns_configmap.module.gcloud_kubectl.null_resource.module_depends_on",
            "module.client-clusters.module.gcloud_delete_default_kube_dns_configmap.module.gcloud_kubectl.null_resource.prepare_cache",
            "module.client-clusters.module.gcloud_delete_default_kube_dns_configmap.module.gcloud_kubectl.null_resource.run_command",
            "module.client-clusters.module.gcloud_delete_default_kube_dns_configmap.module.gcloud_kubectl.null_resource.run_destroy_command",
            "module.client-clusters.module.gcloud_delete_default_kube_dns_configmap.module.gcloud_kubectl.null_resource.upgrade",
            "module.client-clusters.module.gcloud_delete_default_kube_dns_configmap.module.gcloud_kubectl.null_resource.upgrade_destroy",
            "module.client-clusters.module.gcloud_delete_default_kube_dns_configmap.module.gcloud_kubectl.random_id.cache",
            "module.client-clusters.random_shuffle.available_zones",
            "module.client-clusters.random_string.cluster_service_account_suffix",
            "module.project-services.google_project_service.project_services"
          ]
        }
      ]
    },
    {
      "module": "module.acm-clients[1].module.acm_operator.module.wait_for_gatekeeper.module.gcloud_kubectl",
      "mode": "managed",
      "type": "null_resource",
      "name": "run_command",
      "provider": "provider[\"registry.terraform.io/hashicorp/null\"]",
      "instances": [
        {
          "index_key": 0,
          "schema_version": 0,
          "attributes": {
            "id": "4754377019582389791",
            "triggers": {
              "arguments": "2ab4394521c006565204ef60bc883970",
              "create_cmd_body": "tff-client-1 us-west1-a jk-mlops-dev false false .terraform/modules/acm-clients/modules/k8s-operator-crd-support/scripts/wait_for_gatekeeper.sh jk-mlops-dev tff-client-1 us-west1-a ",
              "create_cmd_entrypoint": ".terraform/modules/acm-clients.acm_operator.wait_for_gatekeeper/terraform-google-gcloud-2.0.3/modules/kubectl-wrapper/scripts/kubectl_wrapper.sh",
              "gcloud_bin_abs_path": "/google-cloud-sdk/bin",
              "md5": "f7bf1e982384a57b30dd825d33b979ca",
              "script_sha1": "e1780a62dcd319cb88616007c9c22324f63a6375"
            }
          },
          "sensitive_attributes": [],
          "private": "bnVsbA==",
          "dependencies": [
            "data.google_client_config.current",
            "data.google_project.project",
            "module.acm-clients.module.acm_operator.data.template_file.k8sop_config",
            "module.acm-clients.module.acm_operator.module.k8s_operator.module.gcloud_kubectl.data.external.env_override",
            "module.acm-clients.module.acm_operator.module.k8s_operator.module.gcloud_kubectl.null_resource.additional_components",
            "module.acm-clients.module.acm_operator.module.k8s_operator.module.gcloud_kubectl.null_resource.decompress",
            "module.acm-clients.module.acm_operator.module.k8s_operator.module.gcloud_kubectl.null_resource.gcloud_auth_google_credentials",
            "module.acm-clients.module.acm_operator.module.k8s_operator.module.gcloud_kubectl.null_resource.gcloud_auth_service_account_key_file",
            "module.acm-clients.module.acm_operator.module.k8s_operator.module.gcloud_kubectl.null_resource.module_depends_on",
            "module.acm-clients.module.acm_operator.module.k8s_operator.module.gcloud_kubectl.null_resource.run_command",
            "module.acm-clients.module.acm_operator.module.k8s_operator.module.gcloud_kubectl.null_resource.run_destroy_command",
            "module.acm-clients.module.acm_operator.module.k8s_operator.module.gcloud_kubectl.null_resource.upgrade",
            "module.acm-clients.module.acm_operator.module.k8s_operator.module.gcloud_kubectl.random_id.cache",
            "module.acm-clients.module.acm_operator.module.k8sop_config.module.gcloud_kubectl.data.external.env_override",
            "module.acm-clients.module.acm_operator.module.k8sop_config.module.gcloud_kubectl.null_resource.additional_components",
            "module.acm-clients.module.acm_operator.module.k8sop_config.module.gcloud_kubectl.null_resource.decompress",
            "module.acm-clients.module.acm_operator.module.k8sop_config.module.gcloud_kubectl.null_resource.gcloud_auth_google_credentials",
            "module.acm-clients.module.acm_operator.module.k8sop_config.module.gcloud_kubectl.null_resource.gcloud_auth_service_account_key_file",
            "module.acm-clients.module.acm_operator.module.k8sop_config.module.gcloud_kubectl.null_resource.module_depends_on",
            "module.acm-clients.module.acm_operator.module.k8sop_config.module.gcloud_kubectl.null_resource.run_command",
            "module.acm-clients.module.acm_operator.module.k8sop_config.module.gcloud_kubectl.null_resource.run_destroy_command",
            "module.acm-clients.module.acm_operator.module.k8sop_config.module.gcloud_kubectl.null_resource.upgrade",
            "module.acm-clients.module.acm_operator.module.k8sop_config.module.gcloud_kubectl.random_id.cache",
            "module.acm-clients.module.acm_operator.module.k8sop_creds_secret.module.gcloud_kubectl.null_resource.additional_components",
            "module.acm-clients.module.acm_operator.module.k8sop_creds_secret.module.gcloud_kubectl.null_resource.gcloud_auth_google_credentials",
            "module.acm-clients.module.acm_operator.module.k8sop_creds_secret.module.gcloud_kubectl.null_resource.gcloud_auth_service_account_key_file",
            "module.acm-clients.module.acm_operator.module.k8sop_creds_secret.module.gcloud_kubectl.null_resource.run_command",
            "module.acm-clients.module.acm_operator.module.k8sop_creds_secret.module.gcloud_kubectl.null_resource.run_destroy_command",
            "module.acm-clients.module.acm_operator.module.k8sop_manifest.null_resource.additional_components",
            "module.acm-clients.module.acm_operator.module.k8sop_manifest.null_resource.gcloud_auth_google_credentials",
            "module.acm-clients.module.acm_operator.module.k8sop_manifest.null_resource.gcloud_auth_service_account_key_file",
            "module.acm-clients.module.acm_operator.module.k8sop_manifest.null_resource.run_command",
            "module.acm-clients.module.acm_operator.module.k8sop_manifest.null_resource.run_destroy_command",
            "module.acm-clients.module.acm_operator.module.wait_for_gatekeeper.module.gcloud_kubectl.data.external.env_override",
            "module.acm-clients.module.acm_operator.module.wait_for_gatekeeper.module.gcloud_kubectl.null_resource.additional_components",
            "module.acm-clients.module.acm_operator.module.wait_for_gatekeeper.module.gcloud_kubectl.null_resource.decompress",
            "module.acm-clients.module.acm_operator.module.wait_for_gatekeeper.module.gcloud_kubectl.null_resource.gcloud_auth_google_credentials",
            "module.acm-clients.module.acm_operator.module.wait_for_gatekeeper.module.gcloud_kubectl.null_resource.gcloud_auth_service_account_key_file",
            "module.acm-clients.module.acm_operator.module.wait_for_gatekeeper.module.gcloud_kubectl.null_resource.module_depends_on",
            "module.acm-clients.module.acm_operator.module.wait_for_gatekeeper.module.gcloud_kubectl.null_resource.upgrade",
            "module.acm-clients.module.acm_operator.module.wait_for_gatekeeper.module.gcloud_kubectl.random_id.cache",
            "module.client-clusters.data.google_client_config.default",
            "module.client-clusters.data.google_compute_subnetwork.gke_subnetwork",
            "module.client-clusters.data.google_compute_zones.available",
            "module.client-clusters.data.google_container_engine_versions.region",
            "module.client-clusters.data.google_container_engine_versions.zone",
            "module.client-clusters.google_compute_firewall.intra_egress",
            "module.client-clusters.google_compute_firewall.master_webhooks",
            "module.client-clusters.google_compute_firewall.shadow_allow_master",
            "module.client-clusters.google_compute_firewall.shadow_allow_nodes",
            "module.client-clusters.google_compute_firewall.shadow_allow_pods",
            "module.client-clusters.google_container_cluster.primary",
            "module.client-clusters.google_container_node_pool.pools",
            "module.client-clusters.google_project_iam_member.cluster_service_account-artifact-registry",
            "module.client-clusters.google_project_iam_member.cluster_service_account-gcr",
            "module.client-clusters.google_project_iam_member.cluster_service_account-log_writer",
            "module.client-clusters.google_project_iam_member.cluster_service_account-metric_writer",
            "module.client-clusters.google_project_iam_member.cluster_service_account-monitoring_viewer",
            "module.client-clusters.google_project_iam_member.cluster_service_account-resourceMetadata-writer",
            "module.client-clusters.google_service_account.cluster_service_account",
            "module.client-clusters.kubernetes_config_map.ip-masq-agent",
            "module.client-clusters.kubernetes_config_map.kube-dns",
            "module.client-clusters.kubernetes_config_map.kube-dns-upstream-nameservers-and-stub-domains",
            "module.client-clusters.kubernetes_config_map.kube-dns-upstream-namservers",
            "module.client-clusters.module.gcloud_delete_default_kube_dns_configmap.module.gcloud_kubectl.data.external.env_override",
            "module.client-clusters.module.gcloud_delete_default_kube_dns_configmap.module.gcloud_kubectl.null_resource.additional_components",
            "module.client-clusters.module.gcloud_delete_default_kube_dns_configmap.module.gcloud_kubectl.null_resource.additional_components_destroy",
            "module.client-clusters.module.gcloud_delete_default_kube_dns_configmap.module.gcloud_kubectl.null_resource.decompress",
            "module.client-clusters.module.gcloud_delete_default_kube_dns_configmap.module.gcloud_kubectl.null_resource.decompress_destroy",
            "module.client-clusters.module.gcloud_delete_default_kube_dns_configmap.module.gcloud_kubectl.null_resource.download_gcloud",
            "module.client-clusters.module.gcloud_delete_default_kube_dns_configmap.module.gcloud_kubectl.null_resource.download_jq",
            "module.client-clusters.module.gcloud_delete_default_kube_dns_configmap.module.gcloud_kubectl.null_resource.gcloud_auth_google_credentials",
            "module.client-clusters.module.gcloud_delete_default_kube_dns_configmap.module.gcloud_kubectl.null_resource.gcloud_auth_google_credentials_destroy",
            "module.client-clusters.module.gcloud_delete_default_kube_dns_configmap.module.gcloud_kubectl.null_resource.gcloud_auth_service_account_key_file",
            "module.client-clusters.module.gcloud_delete_default_kube_dns_configmap.module.gcloud_kubectl.null_resource.gcloud_auth_service_account_key_file_destroy",
            "module.client-clusters.module.gcloud_delete_default_kube_dns_configmap.module.gcloud_kubectl.null_resource.module_depends_on",
            "module.client-clusters.module.gcloud_delete_default_kube_dns_configmap.module.gcloud_kubectl.null_resource.prepare_cache",
            "module.client-clusters.module.gcloud_delete_default_kube_dns_configmap.module.gcloud_kubectl.null_resource.run_command",
            "module.client-clusters.module.gcloud_delete_default_kube_dns_configmap.module.gcloud_kubectl.null_resource.run_destroy_command",
            "module.client-clusters.module.gcloud_delete_default_kube_dns_configmap.module.gcloud_kubectl.null_resource.upgrade",
            "module.client-clusters.module.gcloud_delete_default_kube_dns_configmap.module.gcloud_kubectl.null_resource.upgrade_destroy",
            "module.client-clusters.module.gcloud_delete_default_kube_dns_configmap.module.gcloud_kubectl.random_id.cache",
            "module.client-clusters.random_shuffle.available_zones",
            "module.client-clusters.random_string.cluster_service_account_suffix",
            "module.project-services.google_project_service.project_services"
          ]
        }
      ]
    },
    {
      "module": "module.acm-clients[1].module.acm_operator.module.wait_for_gatekeeper.module.gcloud_kubectl",
      "mode": "managed",
      "type": "null_resource",
      "name": "run_destroy_command",
      "provider": "provider[\"registry.terraform.io/hashicorp/null\"]",
      "instances": [
        {
          "index_key": 0,
          "schema_version": 0,
          "attributes": {
            "id": "528855252789439324",
            "triggers": {
              "destroy_cmd_body": "tff-client-1 us-west1-a jk-mlops-dev false false ",
              "destroy_cmd_entrypoint": ".terraform/modules/acm-clients.acm_operator.wait_for_gatekeeper/terraform-google-gcloud-2.0.3/modules/kubectl-wrapper/scripts/kubectl_wrapper.sh",
              "gcloud_bin_abs_path": "/google-cloud-sdk/bin",
              "script_sha1": "e1780a62dcd319cb88616007c9c22324f63a6375"
            }
          },
          "sensitive_attributes": [],
          "private": "bnVsbA==",
          "dependencies": [
            "data.google_client_config.current",
            "data.google_project.project",
            "module.acm-clients.module.acm_operator.data.template_file.k8sop_config",
            "module.acm-clients.module.acm_operator.module.k8s_operator.module.gcloud_kubectl.data.external.env_override",
            "module.acm-clients.module.acm_operator.module.k8s_operator.module.gcloud_kubectl.null_resource.additional_components",
            "module.acm-clients.module.acm_operator.module.k8s_operator.module.gcloud_kubectl.null_resource.decompress",
            "module.acm-clients.module.acm_operator.module.k8s_operator.module.gcloud_kubectl.null_resource.gcloud_auth_google_credentials",
            "module.acm-clients.module.acm_operator.module.k8s_operator.module.gcloud_kubectl.null_resource.gcloud_auth_service_account_key_file",
            "module.acm-clients.module.acm_operator.module.k8s_operator.module.gcloud_kubectl.null_resource.module_depends_on",
            "module.acm-clients.module.acm_operator.module.k8s_operator.module.gcloud_kubectl.null_resource.run_command",
            "module.acm-clients.module.acm_operator.module.k8s_operator.module.gcloud_kubectl.null_resource.run_destroy_command",
            "module.acm-clients.module.acm_operator.module.k8s_operator.module.gcloud_kubectl.null_resource.upgrade",
            "module.acm-clients.module.acm_operator.module.k8s_operator.module.gcloud_kubectl.random_id.cache",
            "module.acm-clients.module.acm_operator.module.k8sop_config.module.gcloud_kubectl.data.external.env_override",
            "module.acm-clients.module.acm_operator.module.k8sop_config.module.gcloud_kubectl.null_resource.additional_components",
            "module.acm-clients.module.acm_operator.module.k8sop_config.module.gcloud_kubectl.null_resource.decompress",
            "module.acm-clients.module.acm_operator.module.k8sop_config.module.gcloud_kubectl.null_resource.gcloud_auth_google_credentials",
            "module.acm-clients.module.acm_operator.module.k8sop_config.module.gcloud_kubectl.null_resource.gcloud_auth_service_account_key_file",
            "module.acm-clients.module.acm_operator.module.k8sop_config.module.gcloud_kubectl.null_resource.module_depends_on",
            "module.acm-clients.module.acm_operator.module.k8sop_config.module.gcloud_kubectl.null_resource.run_command",
            "module.acm-clients.module.acm_operator.module.k8sop_config.module.gcloud_kubectl.null_resource.run_destroy_command",
            "module.acm-clients.module.acm_operator.module.k8sop_config.module.gcloud_kubectl.null_resource.upgrade",
            "module.acm-clients.module.acm_operator.module.k8sop_config.module.gcloud_kubectl.random_id.cache",
            "module.acm-clients.module.acm_operator.module.k8sop_creds_secret.module.gcloud_kubectl.null_resource.additional_components",
            "module.acm-clients.module.acm_operator.module.k8sop_creds_secret.module.gcloud_kubectl.null_resource.gcloud_auth_google_credentials",
            "module.acm-clients.module.acm_operator.module.k8sop_creds_secret.module.gcloud_kubectl.null_resource.gcloud_auth_service_account_key_file",
            "module.acm-clients.module.acm_operator.module.k8sop_creds_secret.module.gcloud_kubectl.null_resource.run_command",
            "module.acm-clients.module.acm_operator.module.k8sop_creds_secret.module.gcloud_kubectl.null_resource.run_destroy_command",
            "module.acm-clients.module.acm_operator.module.k8sop_manifest.null_resource.additional_components",
            "module.acm-clients.module.acm_operator.module.k8sop_manifest.null_resource.gcloud_auth_google_credentials",
            "module.acm-clients.module.acm_operator.module.k8sop_manifest.null_resource.gcloud_auth_service_account_key_file",
            "module.acm-clients.module.acm_operator.module.k8sop_manifest.null_resource.run_command",
            "module.acm-clients.module.acm_operator.module.k8sop_manifest.null_resource.run_destroy_command",
            "module.acm-clients.module.acm_operator.module.wait_for_gatekeeper.module.gcloud_kubectl.data.external.env_override",
            "module.acm-clients.module.acm_operator.module.wait_for_gatekeeper.module.gcloud_kubectl.null_resource.additional_components",
            "module.acm-clients.module.acm_operator.module.wait_for_gatekeeper.module.gcloud_kubectl.null_resource.decompress",
            "module.acm-clients.module.acm_operator.module.wait_for_gatekeeper.module.gcloud_kubectl.null_resource.gcloud_auth_google_credentials",
            "module.acm-clients.module.acm_operator.module.wait_for_gatekeeper.module.gcloud_kubectl.null_resource.gcloud_auth_service_account_key_file",
            "module.acm-clients.module.acm_operator.module.wait_for_gatekeeper.module.gcloud_kubectl.null_resource.module_depends_on",
            "module.acm-clients.module.acm_operator.module.wait_for_gatekeeper.module.gcloud_kubectl.null_resource.upgrade",
            "module.acm-clients.module.acm_operator.module.wait_for_gatekeeper.module.gcloud_kubectl.random_id.cache",
            "module.client-clusters.data.google_client_config.default",
            "module.client-clusters.data.google_compute_subnetwork.gke_subnetwork",
            "module.client-clusters.data.google_compute_zones.available",
            "module.client-clusters.data.google_container_engine_versions.region",
            "module.client-clusters.data.google_container_engine_versions.zone",
            "module.client-clusters.google_compute_firewall.intra_egress",
            "module.client-clusters.google_compute_firewall.master_webhooks",
            "module.client-clusters.google_compute_firewall.shadow_allow_master",
            "module.client-clusters.google_compute_firewall.shadow_allow_nodes",
            "module.client-clusters.google_compute_firewall.shadow_allow_pods",
            "module.client-clusters.google_container_cluster.primary",
            "module.client-clusters.google_container_node_pool.pools",
            "module.client-clusters.google_project_iam_member.cluster_service_account-artifact-registry",
            "module.client-clusters.google_project_iam_member.cluster_service_account-gcr",
            "module.client-clusters.google_project_iam_member.cluster_service_account-log_writer",
            "module.client-clusters.google_project_iam_member.cluster_service_account-metric_writer",
            "module.client-clusters.google_project_iam_member.cluster_service_account-monitoring_viewer",
            "module.client-clusters.google_project_iam_member.cluster_service_account-resourceMetadata-writer",
            "module.client-clusters.google_service_account.cluster_service_account",
            "module.client-clusters.kubernetes_config_map.ip-masq-agent",
            "module.client-clusters.kubernetes_config_map.kube-dns",
            "module.client-clusters.kubernetes_config_map.kube-dns-upstream-nameservers-and-stub-domains",
            "module.client-clusters.kubernetes_config_map.kube-dns-upstream-namservers",
            "module.client-clusters.module.gcloud_delete_default_kube_dns_configmap.module.gcloud_kubectl.data.external.env_override",
            "module.client-clusters.module.gcloud_delete_default_kube_dns_configmap.module.gcloud_kubectl.null_resource.additional_components",
            "module.client-clusters.module.gcloud_delete_default_kube_dns_configmap.module.gcloud_kubectl.null_resource.additional_components_destroy",
            "module.client-clusters.module.gcloud_delete_default_kube_dns_configmap.module.gcloud_kubectl.null_resource.decompress",
            "module.client-clusters.module.gcloud_delete_default_kube_dns_configmap.module.gcloud_kubectl.null_resource.decompress_destroy",
            "module.client-clusters.module.gcloud_delete_default_kube_dns_configmap.module.gcloud_kubectl.null_resource.download_gcloud",
            "module.client-clusters.module.gcloud_delete_default_kube_dns_configmap.module.gcloud_kubectl.null_resource.download_jq",
            "module.client-clusters.module.gcloud_delete_default_kube_dns_configmap.module.gcloud_kubectl.null_resource.gcloud_auth_google_credentials",
            "module.client-clusters.module.gcloud_delete_default_kube_dns_configmap.module.gcloud_kubectl.null_resource.gcloud_auth_google_credentials_destroy",
            "module.client-clusters.module.gcloud_delete_default_kube_dns_configmap.module.gcloud_kubectl.null_resource.gcloud_auth_service_account_key_file",
            "module.client-clusters.module.gcloud_delete_default_kube_dns_configmap.module.gcloud_kubectl.null_resource.gcloud_auth_service_account_key_file_destroy",
            "module.client-clusters.module.gcloud_delete_default_kube_dns_configmap.module.gcloud_kubectl.null_resource.module_depends_on",
            "module.client-clusters.module.gcloud_delete_default_kube_dns_configmap.module.gcloud_kubectl.null_resource.prepare_cache",
            "module.client-clusters.module.gcloud_delete_default_kube_dns_configmap.module.gcloud_kubectl.null_resource.run_command",
            "module.client-clusters.module.gcloud_delete_default_kube_dns_configmap.module.gcloud_kubectl.null_resource.run_destroy_command",
            "module.client-clusters.module.gcloud_delete_default_kube_dns_configmap.module.gcloud_kubectl.null_resource.upgrade",
            "module.client-clusters.module.gcloud_delete_default_kube_dns_configmap.module.gcloud_kubectl.null_resource.upgrade_destroy",
            "module.client-clusters.module.gcloud_delete_default_kube_dns_configmap.module.gcloud_kubectl.random_id.cache",
            "module.client-clusters.random_shuffle.available_zones",
            "module.client-clusters.random_string.cluster_service_account_suffix",
            "module.project-services.google_project_service.project_services"
          ]
        }
      ]
    },
    {
      "module": "module.acm-clients[1].module.enable_acm",
      "mode": "data",
      "type": "external",
      "name": "env_override",
      "provider": "provider[\"registry.terraform.io/hashicorp/external\"]",
      "instances": [
        {
          "index_key": 0,
          "schema_version": 0,
          "attributes": {
            "id": "-",
            "program": [
              ".terraform/modules/acm-clients.enable_acm/terraform-google-gcloud-2.0.3/scripts/check_env.sh"
            ],
            "query": null,
            "result": {
              "download": ""
            },
            "working_dir": null
          },
          "sensitive_attributes": []
        }
      ]
    },
    {
      "module": "module.acm-clients[1].module.enable_acm",
      "mode": "managed",
      "type": "null_resource",
      "name": "additional_components",
      "provider": "provider[\"registry.terraform.io/hashicorp/null\"]",
      "instances": [
        {
          "index_key": 0,
          "schema_version": 0,
          "attributes": {
            "id": "5303041314849814316",
            "triggers": {
              "additional_components_command": ".terraform/modules/acm-clients.enable_acm/terraform-google-gcloud-2.0.3/scripts/check_components.sh gcloud alpha",
              "arguments": "49423d0060e3cf05de8cce2caa496a4e",
              "md5": "7f22bf39aaf5ce5980111c3587bef5b5"
            }
          },
          "sensitive_attributes": [],
          "private": "bnVsbA==",
          "dependencies": [
            "data.google_client_config.current",
            "module.acm-clients.module.enable_acm.data.external.env_override",
            "module.acm-clients.module.enable_acm.null_resource.decompress",
            "module.acm-clients.module.enable_acm.null_resource.download_gcloud",
            "module.acm-clients.module.enable_acm.null_resource.download_jq",
            "module.acm-clients.module.enable_acm.null_resource.module_depends_on",
            "module.acm-clients.module.enable_acm.null_resource.prepare_cache",
            "module.acm-clients.module.enable_acm.null_resource.upgrade",
            "module.acm-clients.module.enable_acm.random_id.cache"
          ]
        }
      ]
    },
    {
      "module": "module.acm-clients[1].module.enable_acm",
      "mode": "managed",
      "type": "null_resource",
      "name": "additional_components_destroy",
      "provider": "provider[\"registry.terraform.io/hashicorp/null\"]",
      "instances": [
        {
          "index_key": 0,
          "schema_version": 0,
          "attributes": {
            "id": "7344550993064929606",
            "triggers": {
              "additional_components_command": ".terraform/modules/acm-clients.enable_acm/terraform-google-gcloud-2.0.3/scripts/check_components.sh gcloud alpha"
            }
          },
          "sensitive_attributes": [],
          "private": "bnVsbA==",
          "dependencies": [
            "module.acm-clients.module.enable_acm.data.external.env_override",
            "module.acm-clients.module.enable_acm.null_resource.run_destroy_command",
            "module.acm-clients.module.enable_acm.random_id.cache"
          ]
        }
      ]
    },
    {
      "module": "module.acm-clients[1].module.enable_acm",
      "mode": "managed",
      "type": "null_resource",
      "name": "run_command",
      "provider": "provider[\"registry.terraform.io/hashicorp/null\"]",
      "instances": [
        {
          "index_key": 0,
          "schema_version": 0,
          "attributes": {
            "id": "5544997826093579003",
            "triggers": {
              "arguments": "49423d0060e3cf05de8cce2caa496a4e",
              "create_cmd_body": "alpha container hub config-management enable --project jk-mlops-dev",
              "create_cmd_entrypoint": "gcloud",
              "gcloud_bin_abs_path": "/google-cloud-sdk/bin",
              "md5": "7f22bf39aaf5ce5980111c3587bef5b5"
            }
          },
          "sensitive_attributes": [],
          "private": "bnVsbA==",
          "dependencies": [
            "data.google_client_config.current",
            "module.acm-clients.module.enable_acm.data.external.env_override",
            "module.acm-clients.module.enable_acm.null_resource.additional_components",
            "module.acm-clients.module.enable_acm.null_resource.decompress",
            "module.acm-clients.module.enable_acm.null_resource.gcloud_auth_google_credentials",
            "module.acm-clients.module.enable_acm.null_resource.gcloud_auth_service_account_key_file",
            "module.acm-clients.module.enable_acm.null_resource.module_depends_on",
            "module.acm-clients.module.enable_acm.random_id.cache"
          ]
        }
      ]
    },
    {
      "module": "module.acm-clients[1].module.enable_acm",
      "mode": "managed",
      "type": "null_resource",
      "name": "run_destroy_command",
      "provider": "provider[\"registry.terraform.io/hashicorp/null\"]",
      "instances": [
        {
          "index_key": 0,
          "schema_version": 0,
          "attributes": {
            "id": "5125508747537705987",
            "triggers": {
              "destroy_cmd_body": "alpha container hub config-management disable --force --project jk-mlops-dev",
              "destroy_cmd_entrypoint": "gcloud",
              "gcloud_bin_abs_path": "/google-cloud-sdk/bin"
            }
          },
          "sensitive_attributes": [],
          "private": "bnVsbA==",
          "dependencies": [
            "data.google_client_config.current",
            "module.acm-clients.module.enable_acm.data.external.env_override",
            "module.acm-clients.module.enable_acm.null_resource.additional_components",
            "module.acm-clients.module.enable_acm.null_resource.decompress",
            "module.acm-clients.module.enable_acm.null_resource.download_gcloud",
            "module.acm-clients.module.enable_acm.null_resource.download_jq",
            "module.acm-clients.module.enable_acm.null_resource.gcloud_auth_google_credentials",
            "module.acm-clients.module.enable_acm.null_resource.gcloud_auth_service_account_key_file",
            "module.acm-clients.module.enable_acm.null_resource.module_depends_on",
            "module.acm-clients.module.enable_acm.null_resource.prepare_cache",
            "module.acm-clients.module.enable_acm.null_resource.upgrade",
            "module.acm-clients.module.enable_acm.random_id.cache"
          ]
        }
      ]
    },
    {
      "module": "module.acm-server.module.acm_operator",
      "mode": "data",
      "type": "template_file",
      "name": "k8sop_config",
      "provider": "provider[\"registry.terraform.io/hashicorp/template\"]",
      "instances": [
        {
          "schema_version": 0,
          "attributes": {
            "filename": null,
            "id": "cebeccbe0d45d0ba51a26b99f9e64dbdc8246464a02e29ea9718b7dd441d0449",
            "rendered": "apiVersion: configmanagement.gke.io/v1\nkind: ConfigManagement\nmetadata:\n  name: config-management\nspec:\n  # clusterName is required and must be unique among all managed clusters\n  clusterName: tff-server\n  policyController:\n    enabled: true\n    templateLibraryInstalled: true\n    logDeniesEnabled: false\n  git:\n    syncRepo: https://github.com/jarokaz/tff/\n    secretType: none\n    policyDir: acm-dir\n    syncBranch: main\n  \n  \n",
            "template": "apiVersion: configmanagement.gke.io/v1\nkind: ConfigManagement\nmetadata:\n  name: config-management\nspec:\n  # clusterName is required and must be unique among all managed clusters\n  clusterName: ${cluster_name}\n  policyController:\n    enabled: ${enable_policy_controller}\n    templateLibraryInstalled: ${install_template_library}\n    logDeniesEnabled: ${enable_log_denies}\n  git:\n    syncRepo: ${sync_repo}\n    secretType: ${secret_type}\n    ${policy_dir_node}\n    ${sync_branch_node}\n  ${source_format_node}\n  ${hierarchy_controller_map_node}\n",
            "vars": {
              "cluster_name": "tff-server",
              "enable_log_denies": "false",
              "enable_policy_controller": "true",
              "hierarchy_controller_map_node": "",
              "install_template_library": "true",
              "policy_dir_node": "policyDir: acm-dir",
              "secret_type": "none",
              "source_format_node": "",
              "sync_branch_node": "syncBranch: main",
              "sync_repo": "https://github.com/jarokaz/tff/"
            }
          },
          "sensitive_attributes": []
        }
      ]
    },
    {
      "module": "module.acm-server.module.acm_operator.module.k8s_operator.module.gcloud_kubectl",
      "mode": "data",
      "type": "external",
      "name": "env_override",
      "provider": "provider[\"registry.terraform.io/hashicorp/external\"]",
      "instances": [
        {
          "index_key": 0,
          "schema_version": 0,
          "attributes": {
            "id": "-",
            "program": [
              ".terraform/modules/acm-server.acm_operator.k8s_operator/terraform-google-gcloud-2.0.3/scripts/check_env.sh"
            ],
            "query": null,
            "result": {
              "download": ""
            },
            "working_dir": null
          },
          "sensitive_attributes": []
        }
      ]
    },
    {
      "module": "module.acm-server.module.acm_operator.module.k8s_operator.module.gcloud_kubectl",
      "mode": "managed",
      "type": "null_resource",
      "name": "additional_components",
      "provider": "provider[\"registry.terraform.io/hashicorp/null\"]",
      "instances": [
        {
          "index_key": 0,
          "schema_version": 0,
          "attributes": {
            "id": "1099758472065011026",
            "triggers": {
              "additional_components_command": ".terraform/modules/acm-server.acm_operator.k8s_operator/terraform-google-gcloud-2.0.3/scripts/check_components.sh gcloud kubectl",
              "arguments": "a51573fca75b0b73125a705d7e51141d",
              "md5": "45876297bd52ae80f2797e941b00f3de"
            }
          },
          "sensitive_attributes": [],
          "private": "bnVsbA==",
          "dependencies": [
            "data.google_client_config.current",
            "data.google_project.project",
            "module.acm-server.module.acm_operator.module.k8s_operator.module.gcloud_kubectl.data.external.env_override",
            "module.acm-server.module.acm_operator.module.k8s_operator.module.gcloud_kubectl.null_resource.upgrade",
            "module.acm-server.module.acm_operator.module.k8s_operator.module.gcloud_kubectl.random_id.cache",
            "module.project-services.google_project_service.project_services",
            "module.server-cluster.data.google_compute_zones.available",
            "module.server-cluster.data.google_container_engine_versions.region",
            "module.server-cluster.data.google_container_engine_versions.zone",
            "module.server-cluster.google_container_cluster.primary",
            "module.server-cluster.google_service_account.cluster_service_account",
            "module.server-cluster.random_shuffle.available_zones",
            "module.server-cluster.random_string.cluster_service_account_suffix"
          ]
        }
      ]
    },
    {
      "module": "module.acm-server.module.acm_operator.module.k8s_operator.module.gcloud_kubectl",
      "mode": "managed",
      "type": "null_resource",
      "name": "additional_components_destroy",
      "provider": "provider[\"registry.terraform.io/hashicorp/null\"]",
      "instances": [
        {
          "index_key": 0,
          "schema_version": 0,
          "attributes": {
            "id": "4449047289201144158",
            "triggers": {
              "additional_components_command": ".terraform/modules/acm-server.acm_operator.k8s_operator/terraform-google-gcloud-2.0.3/scripts/check_components.sh gcloud kubectl"
            }
          },
          "sensitive_attributes": [],
          "private": "bnVsbA==",
          "dependencies": [
            "data.google_client_config.current",
            "data.google_project.project",
            "module.acm-server.module.acm_operator.module.k8s_operator.module.gcloud_kubectl.data.external.env_override",
            "module.acm-server.module.acm_operator.module.k8s_operator.module.gcloud_kubectl.null_resource.additional_components",
            "module.acm-server.module.acm_operator.module.k8s_operator.module.gcloud_kubectl.null_resource.decompress",
            "module.acm-server.module.acm_operator.module.k8s_operator.module.gcloud_kubectl.null_resource.gcloud_auth_google_credentials",
            "module.acm-server.module.acm_operator.module.k8s_operator.module.gcloud_kubectl.null_resource.gcloud_auth_service_account_key_file",
            "module.acm-server.module.acm_operator.module.k8s_operator.module.gcloud_kubectl.null_resource.module_depends_on",
            "module.acm-server.module.acm_operator.module.k8s_operator.module.gcloud_kubectl.null_resource.run_destroy_command",
            "module.acm-server.module.acm_operator.module.k8s_operator.module.gcloud_kubectl.null_resource.upgrade",
            "module.acm-server.module.acm_operator.module.k8s_operator.module.gcloud_kubectl.random_id.cache",
            "module.acm-server.module.acm_operator.module.k8sop_manifest.null_resource.additional_components",
            "module.acm-server.module.acm_operator.module.k8sop_manifest.null_resource.gcloud_auth_google_credentials",
            "module.acm-server.module.acm_operator.module.k8sop_manifest.null_resource.gcloud_auth_service_account_key_file",
            "module.acm-server.module.acm_operator.module.k8sop_manifest.null_resource.run_command",
            "module.acm-server.module.acm_operator.module.k8sop_manifest.null_resource.run_destroy_command",
            "module.project-services.google_project_service.project_services",
            "module.server-cluster.data.google_compute_zones.available",
            "module.server-cluster.data.google_container_engine_versions.region",
            "module.server-cluster.data.google_container_engine_versions.zone",
            "module.server-cluster.google_container_cluster.primary",
            "module.server-cluster.google_container_node_pool.pools",
            "module.server-cluster.google_service_account.cluster_service_account",
            "module.server-cluster.random_shuffle.available_zones",
            "module.server-cluster.random_string.cluster_service_account_suffix"
          ]
        }
      ]
    },
    {
      "module": "module.acm-server.module.acm_operator.module.k8s_operator.module.gcloud_kubectl",
      "mode": "managed",
      "type": "null_resource",
      "name": "module_depends_on",
      "provider": "provider[\"registry.terraform.io/hashicorp/null\"]",
      "instances": [
        {
          "index_key": 0,
          "schema_version": 0,
          "attributes": {
            "id": "2208333601989534908",
            "triggers": {
              "value": "2"
            }
          },
          "sensitive_attributes": [
            [
              {
                "type": "get_attr",
                "value": "triggers"
              },
              {
                "type": "index",
                "value": {
                  "value": "value",
                  "type": "string"
                }
              }
            ]
          ],
          "private": "bnVsbA==",
          "dependencies": [
            "data.google_client_config.current",
            "data.google_project.project",
            "module.acm-server.module.acm_operator.module.k8sop_manifest.null_resource.additional_components",
            "module.acm-server.module.acm_operator.module.k8sop_manifest.null_resource.gcloud_auth_google_credentials",
            "module.acm-server.module.acm_operator.module.k8sop_manifest.null_resource.gcloud_auth_service_account_key_file",
            "module.acm-server.module.acm_operator.module.k8sop_manifest.null_resource.run_command",
            "module.acm-server.module.acm_operator.module.k8sop_manifest.null_resource.run_destroy_command",
            "module.project-services.google_project_service.project_services",
            "module.server-cluster.data.google_compute_zones.available",
            "module.server-cluster.data.google_container_engine_versions.region",
            "module.server-cluster.data.google_container_engine_versions.zone",
            "module.server-cluster.google_container_cluster.primary",
            "module.server-cluster.google_container_node_pool.pools",
            "module.server-cluster.google_service_account.cluster_service_account",
            "module.server-cluster.random_shuffle.available_zones",
            "module.server-cluster.random_string.cluster_service_account_suffix"
          ]
        }
      ]
    },
    {
      "module": "module.acm-server.module.acm_operator.module.k8s_operator.module.gcloud_kubectl",
      "mode": "managed",
      "type": "null_resource",
      "name": "run_command",
      "provider": "provider[\"registry.terraform.io/hashicorp/null\"]",
      "instances": [
        {
          "index_key": 0,
          "schema_version": 0,
          "attributes": {
            "id": "945524149032053385",
            "triggers": {
              "arguments": "a51573fca75b0b73125a705d7e51141d",
              "create_cmd_body": "tff-server us-west1-a jk-mlops-dev false false kubectl apply -f config-management-operator.yaml",
              "create_cmd_entrypoint": ".terraform/modules/acm-server.acm_operator.k8s_operator/terraform-google-gcloud-2.0.3/modules/kubectl-wrapper/scripts/kubectl_wrapper.sh",
              "gcloud_bin_abs_path": "/google-cloud-sdk/bin",
              "md5": "45876297bd52ae80f2797e941b00f3de"
            }
          },
          "sensitive_attributes": [],
          "private": "bnVsbA==",
          "dependencies": [
            "data.google_client_config.current",
            "data.google_project.project",
            "module.acm-server.module.acm_operator.module.k8s_operator.module.gcloud_kubectl.data.external.env_override",
            "module.acm-server.module.acm_operator.module.k8s_operator.module.gcloud_kubectl.null_resource.additional_components",
            "module.acm-server.module.acm_operator.module.k8s_operator.module.gcloud_kubectl.null_resource.decompress",
            "module.acm-server.module.acm_operator.module.k8s_operator.module.gcloud_kubectl.null_resource.gcloud_auth_google_credentials",
            "module.acm-server.module.acm_operator.module.k8s_operator.module.gcloud_kubectl.null_resource.gcloud_auth_service_account_key_file",
            "module.acm-server.module.acm_operator.module.k8s_operator.module.gcloud_kubectl.null_resource.module_depends_on",
            "module.acm-server.module.acm_operator.module.k8s_operator.module.gcloud_kubectl.null_resource.upgrade",
            "module.acm-server.module.acm_operator.module.k8s_operator.module.gcloud_kubectl.random_id.cache",
            "module.acm-server.module.acm_operator.module.k8sop_manifest.null_resource.additional_components",
            "module.acm-server.module.acm_operator.module.k8sop_manifest.null_resource.gcloud_auth_google_credentials",
            "module.acm-server.module.acm_operator.module.k8sop_manifest.null_resource.gcloud_auth_service_account_key_file",
            "module.acm-server.module.acm_operator.module.k8sop_manifest.null_resource.run_command",
            "module.acm-server.module.acm_operator.module.k8sop_manifest.null_resource.run_destroy_command",
            "module.project-services.google_project_service.project_services",
            "module.server-cluster.data.google_compute_zones.available",
            "module.server-cluster.data.google_container_engine_versions.region",
            "module.server-cluster.data.google_container_engine_versions.zone",
            "module.server-cluster.google_container_cluster.primary",
            "module.server-cluster.google_container_node_pool.pools",
            "module.server-cluster.google_service_account.cluster_service_account",
            "module.server-cluster.random_shuffle.available_zones",
            "module.server-cluster.random_string.cluster_service_account_suffix"
          ]
        }
      ]
    },
    {
      "module": "module.acm-server.module.acm_operator.module.k8s_operator.module.gcloud_kubectl",
      "mode": "managed",
      "type": "null_resource",
      "name": "run_destroy_command",
      "provider": "provider[\"registry.terraform.io/hashicorp/null\"]",
      "instances": [
        {
          "index_key": 0,
          "schema_version": 0,
          "attributes": {
            "id": "117738025109499345",
            "triggers": {
              "destroy_cmd_body": "tff-server us-west1-a jk-mlops-dev false false kubectl delete -f config-management-operator.yaml",
              "destroy_cmd_entrypoint": ".terraform/modules/acm-server.acm_operator.k8s_operator/terraform-google-gcloud-2.0.3/modules/kubectl-wrapper/scripts/kubectl_wrapper.sh",
              "gcloud_bin_abs_path": "/google-cloud-sdk/bin"
            }
          },
          "sensitive_attributes": [],
          "private": "bnVsbA==",
          "dependencies": [
            "data.google_client_config.current",
            "data.google_project.project",
            "module.acm-server.module.acm_operator.module.k8s_operator.module.gcloud_kubectl.data.external.env_override",
            "module.acm-server.module.acm_operator.module.k8s_operator.module.gcloud_kubectl.null_resource.additional_components",
            "module.acm-server.module.acm_operator.module.k8s_operator.module.gcloud_kubectl.null_resource.decompress",
            "module.acm-server.module.acm_operator.module.k8s_operator.module.gcloud_kubectl.null_resource.gcloud_auth_google_credentials",
            "module.acm-server.module.acm_operator.module.k8s_operator.module.gcloud_kubectl.null_resource.gcloud_auth_service_account_key_file",
            "module.acm-server.module.acm_operator.module.k8s_operator.module.gcloud_kubectl.null_resource.module_depends_on",
            "module.acm-server.module.acm_operator.module.k8s_operator.module.gcloud_kubectl.null_resource.upgrade",
            "module.acm-server.module.acm_operator.module.k8s_operator.module.gcloud_kubectl.random_id.cache",
            "module.acm-server.module.acm_operator.module.k8sop_manifest.null_resource.additional_components",
            "module.acm-server.module.acm_operator.module.k8sop_manifest.null_resource.gcloud_auth_google_credentials",
            "module.acm-server.module.acm_operator.module.k8sop_manifest.null_resource.gcloud_auth_service_account_key_file",
            "module.acm-server.module.acm_operator.module.k8sop_manifest.null_resource.run_command",
            "module.acm-server.module.acm_operator.module.k8sop_manifest.null_resource.run_destroy_command",
            "module.project-services.google_project_service.project_services",
            "module.server-cluster.data.google_compute_zones.available",
            "module.server-cluster.data.google_container_engine_versions.region",
            "module.server-cluster.data.google_container_engine_versions.zone",
            "module.server-cluster.google_container_cluster.primary",
            "module.server-cluster.google_container_node_pool.pools",
            "module.server-cluster.google_service_account.cluster_service_account",
            "module.server-cluster.random_shuffle.available_zones",
            "module.server-cluster.random_string.cluster_service_account_suffix"
          ]
        }
      ]
    },
    {
      "module": "module.acm-server.module.acm_operator.module.k8sop_config.module.gcloud_kubectl",
      "mode": "data",
      "type": "external",
      "name": "env_override",
      "provider": "provider[\"registry.terraform.io/hashicorp/external\"]",
      "instances": [
        {
          "index_key": 0,
          "schema_version": 0,
          "attributes": {
            "id": "-",
            "program": [
              ".terraform/modules/acm-server.acm_operator.k8sop_config/terraform-google-gcloud-2.0.3/scripts/check_env.sh"
            ],
            "query": null,
            "result": {
              "download": ""
            },
            "working_dir": null
          },
          "sensitive_attributes": []
        }
      ]
    },
    {
      "module": "module.acm-server.module.acm_operator.module.k8sop_config.module.gcloud_kubectl",
      "mode": "managed",
      "type": "null_resource",
      "name": "additional_components",
      "provider": "provider[\"registry.terraform.io/hashicorp/null\"]",
      "instances": [
        {
          "index_key": 0,
          "schema_version": 0,
          "attributes": {
            "id": "4518657540330789831",
            "triggers": {
              "additional_components_command": ".terraform/modules/acm-server.acm_operator.k8sop_config/terraform-google-gcloud-2.0.3/scripts/check_components.sh gcloud kubectl",
              "arguments": "9dbd409ac7104a12d608326e3ab5e5e0",
              "configmanagement": "apiVersion: configmanagement.gke.io/v1\nkind: ConfigManagement\nmetadata:\n  name: config-management\nspec:\n  # clusterName is required and must be unique among all managed clusters\n  clusterName: tff-server\n  policyController:\n    enabled: true\n    templateLibraryInstalled: true\n    logDeniesEnabled: false\n  git:\n    syncRepo: https://github.com/jarokaz/tff/\n    secretType: none\n    policyDir: acm-dir\n    syncBranch: main\n  \n  \n",
              "md5": "dda3f07bbd8f7b8c12d39a6d5efbdef3"
            }
          },
          "sensitive_attributes": [],
          "private": "bnVsbA==",
          "dependencies": [
            "data.google_client_config.current",
            "data.google_project.project",
            "module.acm-server.module.acm_operator.data.template_file.k8sop_config",
            "module.acm-server.module.acm_operator.module.k8sop_config.module.gcloud_kubectl.data.external.env_override",
            "module.acm-server.module.acm_operator.module.k8sop_config.module.gcloud_kubectl.null_resource.upgrade",
            "module.acm-server.module.acm_operator.module.k8sop_config.module.gcloud_kubectl.random_id.cache",
            "module.project-services.google_project_service.project_services",
            "module.server-cluster.data.google_compute_zones.available",
            "module.server-cluster.data.google_container_engine_versions.region",
            "module.server-cluster.data.google_container_engine_versions.zone",
            "module.server-cluster.google_container_cluster.primary",
            "module.server-cluster.google_service_account.cluster_service_account",
            "module.server-cluster.random_shuffle.available_zones",
            "module.server-cluster.random_string.cluster_service_account_suffix"
          ]
        }
      ]
    },
    {
      "module": "module.acm-server.module.acm_operator.module.k8sop_config.module.gcloud_kubectl",
      "mode": "managed",
      "type": "null_resource",
      "name": "additional_components_destroy",
      "provider": "provider[\"registry.terraform.io/hashicorp/null\"]",
      "instances": [
        {
          "index_key": 0,
          "schema_version": 0,
          "attributes": {
            "id": "837417771651239342",
            "triggers": {
              "additional_components_command": ".terraform/modules/acm-server.acm_operator.k8sop_config/terraform-google-gcloud-2.0.3/scripts/check_components.sh gcloud kubectl"
            }
          },
          "sensitive_attributes": [],
          "private": "bnVsbA==",
          "dependencies": [
            "data.google_client_config.current",
            "data.google_project.project",
            "module.acm-server.module.acm_operator.data.template_file.k8sop_config",
            "module.acm-server.module.acm_operator.module.k8s_operator.module.gcloud_kubectl.data.external.env_override",
            "module.acm-server.module.acm_operator.module.k8s_operator.module.gcloud_kubectl.null_resource.additional_components",
            "module.acm-server.module.acm_operator.module.k8s_operator.module.gcloud_kubectl.null_resource.decompress",
            "module.acm-server.module.acm_operator.module.k8s_operator.module.gcloud_kubectl.null_resource.gcloud_auth_google_credentials",
            "module.acm-server.module.acm_operator.module.k8s_operator.module.gcloud_kubectl.null_resource.gcloud_auth_service_account_key_file",
            "module.acm-server.module.acm_operator.module.k8s_operator.module.gcloud_kubectl.null_resource.module_depends_on",
            "module.acm-server.module.acm_operator.module.k8s_operator.module.gcloud_kubectl.null_resource.run_command",
            "module.acm-server.module.acm_operator.module.k8s_operator.module.gcloud_kubectl.null_resource.run_destroy_command",
            "module.acm-server.module.acm_operator.module.k8s_operator.module.gcloud_kubectl.null_resource.upgrade",
            "module.acm-server.module.acm_operator.module.k8s_operator.module.gcloud_kubectl.random_id.cache",
            "module.acm-server.module.acm_operator.module.k8sop_config.module.gcloud_kubectl.data.external.env_override",
            "module.acm-server.module.acm_operator.module.k8sop_config.module.gcloud_kubectl.null_resource.additional_components",
            "module.acm-server.module.acm_operator.module.k8sop_config.module.gcloud_kubectl.null_resource.decompress",
            "module.acm-server.module.acm_operator.module.k8sop_config.module.gcloud_kubectl.null_resource.gcloud_auth_google_credentials",
            "module.acm-server.module.acm_operator.module.k8sop_config.module.gcloud_kubectl.null_resource.gcloud_auth_service_account_key_file",
            "module.acm-server.module.acm_operator.module.k8sop_config.module.gcloud_kubectl.null_resource.module_depends_on",
            "module.acm-server.module.acm_operator.module.k8sop_config.module.gcloud_kubectl.null_resource.run_destroy_command",
            "module.acm-server.module.acm_operator.module.k8sop_config.module.gcloud_kubectl.null_resource.upgrade",
            "module.acm-server.module.acm_operator.module.k8sop_config.module.gcloud_kubectl.random_id.cache",
            "module.acm-server.module.acm_operator.module.k8sop_creds_secret.module.gcloud_kubectl.null_resource.additional_components",
            "module.acm-server.module.acm_operator.module.k8sop_creds_secret.module.gcloud_kubectl.null_resource.gcloud_auth_google_credentials",
            "module.acm-server.module.acm_operator.module.k8sop_creds_secret.module.gcloud_kubectl.null_resource.gcloud_auth_service_account_key_file",
            "module.acm-server.module.acm_operator.module.k8sop_creds_secret.module.gcloud_kubectl.null_resource.run_command",
            "module.acm-server.module.acm_operator.module.k8sop_creds_secret.module.gcloud_kubectl.null_resource.run_destroy_command",
            "module.acm-server.module.acm_operator.module.k8sop_manifest.null_resource.additional_components",
            "module.acm-server.module.acm_operator.module.k8sop_manifest.null_resource.gcloud_auth_google_credentials",
            "module.acm-server.module.acm_operator.module.k8sop_manifest.null_resource.gcloud_auth_service_account_key_file",
            "module.acm-server.module.acm_operator.module.k8sop_manifest.null_resource.run_command",
            "module.acm-server.module.acm_operator.module.k8sop_manifest.null_resource.run_destroy_command",
            "module.project-services.google_project_service.project_services",
            "module.server-cluster.data.google_compute_zones.available",
            "module.server-cluster.data.google_container_engine_versions.region",
            "module.server-cluster.data.google_container_engine_versions.zone",
            "module.server-cluster.google_container_cluster.primary",
            "module.server-cluster.google_container_node_pool.pools",
            "module.server-cluster.google_service_account.cluster_service_account",
            "module.server-cluster.random_shuffle.available_zones",
            "module.server-cluster.random_string.cluster_service_account_suffix"
          ]
        }
      ]
    },
    {
      "module": "module.acm-server.module.acm_operator.module.k8sop_config.module.gcloud_kubectl",
      "mode": "managed",
      "type": "null_resource",
      "name": "module_depends_on",
      "provider": "provider[\"registry.terraform.io/hashicorp/null\"]",
      "instances": [
        {
          "index_key": 0,
          "schema_version": 0,
          "attributes": {
            "id": "2006604971528004249",
            "triggers": {
              "value": "2"
            }
          },
          "sensitive_attributes": [],
          "private": "bnVsbA==",
          "dependencies": [
            "data.google_client_config.current",
            "data.google_project.project",
            "module.acm-server.module.acm_operator.module.k8s_operator.module.gcloud_kubectl.data.external.env_override",
            "module.acm-server.module.acm_operator.module.k8s_operator.module.gcloud_kubectl.null_resource.additional_components",
            "module.acm-server.module.acm_operator.module.k8s_operator.module.gcloud_kubectl.null_resource.decompress",
            "module.acm-server.module.acm_operator.module.k8s_operator.module.gcloud_kubectl.null_resource.gcloud_auth_google_credentials",
            "module.acm-server.module.acm_operator.module.k8s_operator.module.gcloud_kubectl.null_resource.gcloud_auth_service_account_key_file",
            "module.acm-server.module.acm_operator.module.k8s_operator.module.gcloud_kubectl.null_resource.module_depends_on",
            "module.acm-server.module.acm_operator.module.k8s_operator.module.gcloud_kubectl.null_resource.run_command",
            "module.acm-server.module.acm_operator.module.k8s_operator.module.gcloud_kubectl.null_resource.run_destroy_command",
            "module.acm-server.module.acm_operator.module.k8s_operator.module.gcloud_kubectl.null_resource.upgrade",
            "module.acm-server.module.acm_operator.module.k8s_operator.module.gcloud_kubectl.random_id.cache",
            "module.acm-server.module.acm_operator.module.k8sop_creds_secret.module.gcloud_kubectl.null_resource.additional_components",
            "module.acm-server.module.acm_operator.module.k8sop_creds_secret.module.gcloud_kubectl.null_resource.gcloud_auth_google_credentials",
            "module.acm-server.module.acm_operator.module.k8sop_creds_secret.module.gcloud_kubectl.null_resource.gcloud_auth_service_account_key_file",
            "module.acm-server.module.acm_operator.module.k8sop_creds_secret.module.gcloud_kubectl.null_resource.run_command",
            "module.acm-server.module.acm_operator.module.k8sop_creds_secret.module.gcloud_kubectl.null_resource.run_destroy_command",
            "module.acm-server.module.acm_operator.module.k8sop_manifest.null_resource.additional_components",
            "module.acm-server.module.acm_operator.module.k8sop_manifest.null_resource.gcloud_auth_google_credentials",
            "module.acm-server.module.acm_operator.module.k8sop_manifest.null_resource.gcloud_auth_service_account_key_file",
            "module.acm-server.module.acm_operator.module.k8sop_manifest.null_resource.run_command",
            "module.acm-server.module.acm_operator.module.k8sop_manifest.null_resource.run_destroy_command",
            "module.project-services.google_project_service.project_services",
            "module.server-cluster.data.google_compute_zones.available",
            "module.server-cluster.data.google_container_engine_versions.region",
            "module.server-cluster.data.google_container_engine_versions.zone",
            "module.server-cluster.google_container_cluster.primary",
            "module.server-cluster.google_container_node_pool.pools",
            "module.server-cluster.google_service_account.cluster_service_account",
            "module.server-cluster.random_shuffle.available_zones",
            "module.server-cluster.random_string.cluster_service_account_suffix"
          ]
        }
      ]
    },
    {
      "module": "module.acm-server.module.acm_operator.module.k8sop_config.module.gcloud_kubectl",
      "mode": "managed",
      "type": "null_resource",
      "name": "run_command",
      "provider": "provider[\"registry.terraform.io/hashicorp/null\"]",
      "instances": [
        {
          "index_key": 0,
          "schema_version": 0,
          "attributes": {
            "id": "7502502708977797166",
            "triggers": {
              "arguments": "9dbd409ac7104a12d608326e3ab5e5e0",
              "configmanagement": "apiVersion: configmanagement.gke.io/v1\nkind: ConfigManagement\nmetadata:\n  name: config-management\nspec:\n  # clusterName is required and must be unique among all managed clusters\n  clusterName: tff-server\n  policyController:\n    enabled: true\n    templateLibraryInstalled: true\n    logDeniesEnabled: false\n  git:\n    syncRepo: https://github.com/jarokaz/tff/\n    secretType: none\n    policyDir: acm-dir\n    syncBranch: main\n  \n  \n",
              "create_cmd_body": "tff-server us-west1-a jk-mlops-dev false false kubectl apply -f - \u003c\u003cEOF\napiVersion: configmanagement.gke.io/v1\nkind: ConfigManagement\nmetadata:\n  name: config-management\nspec:\n  # clusterName is required and must be unique among all managed clusters\n  clusterName: tff-server\n  policyController:\n    enabled: true\n    templateLibraryInstalled: true\n    logDeniesEnabled: false\n  git:\n    syncRepo: https://github.com/jarokaz/tff/\n    secretType: none\n    policyDir: acm-dir\n    syncBranch: main\n  \n  \nEOF",
              "create_cmd_entrypoint": ".terraform/modules/acm-server.acm_operator.k8sop_config/terraform-google-gcloud-2.0.3/modules/kubectl-wrapper/scripts/kubectl_wrapper.sh",
              "gcloud_bin_abs_path": "/google-cloud-sdk/bin",
              "md5": "dda3f07bbd8f7b8c12d39a6d5efbdef3"
            }
          },
          "sensitive_attributes": [],
          "private": "bnVsbA==",
          "dependencies": [
            "data.google_client_config.current",
            "data.google_project.project",
            "module.acm-server.module.acm_operator.data.template_file.k8sop_config",
            "module.acm-server.module.acm_operator.module.k8s_operator.module.gcloud_kubectl.data.external.env_override",
            "module.acm-server.module.acm_operator.module.k8s_operator.module.gcloud_kubectl.null_resource.additional_components",
            "module.acm-server.module.acm_operator.module.k8s_operator.module.gcloud_kubectl.null_resource.decompress",
            "module.acm-server.module.acm_operator.module.k8s_operator.module.gcloud_kubectl.null_resource.gcloud_auth_google_credentials",
            "module.acm-server.module.acm_operator.module.k8s_operator.module.gcloud_kubectl.null_resource.gcloud_auth_service_account_key_file",
            "module.acm-server.module.acm_operator.module.k8s_operator.module.gcloud_kubectl.null_resource.module_depends_on",
            "module.acm-server.module.acm_operator.module.k8s_operator.module.gcloud_kubectl.null_resource.run_command",
            "module.acm-server.module.acm_operator.module.k8s_operator.module.gcloud_kubectl.null_resource.run_destroy_command",
            "module.acm-server.module.acm_operator.module.k8s_operator.module.gcloud_kubectl.null_resource.upgrade",
            "module.acm-server.module.acm_operator.module.k8s_operator.module.gcloud_kubectl.random_id.cache",
            "module.acm-server.module.acm_operator.module.k8sop_config.module.gcloud_kubectl.data.external.env_override",
            "module.acm-server.module.acm_operator.module.k8sop_config.module.gcloud_kubectl.null_resource.additional_components",
            "module.acm-server.module.acm_operator.module.k8sop_config.module.gcloud_kubectl.null_resource.decompress",
            "module.acm-server.module.acm_operator.module.k8sop_config.module.gcloud_kubectl.null_resource.gcloud_auth_google_credentials",
            "module.acm-server.module.acm_operator.module.k8sop_config.module.gcloud_kubectl.null_resource.gcloud_auth_service_account_key_file",
            "module.acm-server.module.acm_operator.module.k8sop_config.module.gcloud_kubectl.null_resource.module_depends_on",
            "module.acm-server.module.acm_operator.module.k8sop_config.module.gcloud_kubectl.null_resource.upgrade",
            "module.acm-server.module.acm_operator.module.k8sop_config.module.gcloud_kubectl.random_id.cache",
            "module.acm-server.module.acm_operator.module.k8sop_creds_secret.module.gcloud_kubectl.null_resource.additional_components",
            "module.acm-server.module.acm_operator.module.k8sop_creds_secret.module.gcloud_kubectl.null_resource.gcloud_auth_google_credentials",
            "module.acm-server.module.acm_operator.module.k8sop_creds_secret.module.gcloud_kubectl.null_resource.gcloud_auth_service_account_key_file",
            "module.acm-server.module.acm_operator.module.k8sop_creds_secret.module.gcloud_kubectl.null_resource.run_command",
            "module.acm-server.module.acm_operator.module.k8sop_creds_secret.module.gcloud_kubectl.null_resource.run_destroy_command",
            "module.acm-server.module.acm_operator.module.k8sop_manifest.null_resource.additional_components",
            "module.acm-server.module.acm_operator.module.k8sop_manifest.null_resource.gcloud_auth_google_credentials",
            "module.acm-server.module.acm_operator.module.k8sop_manifest.null_resource.gcloud_auth_service_account_key_file",
            "module.acm-server.module.acm_operator.module.k8sop_manifest.null_resource.run_command",
            "module.acm-server.module.acm_operator.module.k8sop_manifest.null_resource.run_destroy_command",
            "module.project-services.google_project_service.project_services",
            "module.server-cluster.data.google_compute_zones.available",
            "module.server-cluster.data.google_container_engine_versions.region",
            "module.server-cluster.data.google_container_engine_versions.zone",
            "module.server-cluster.google_container_cluster.primary",
            "module.server-cluster.google_container_node_pool.pools",
            "module.server-cluster.google_service_account.cluster_service_account",
            "module.server-cluster.random_shuffle.available_zones",
            "module.server-cluster.random_string.cluster_service_account_suffix"
          ]
        }
      ]
    },
    {
      "module": "module.acm-server.module.acm_operator.module.k8sop_config.module.gcloud_kubectl",
      "mode": "managed",
      "type": "null_resource",
      "name": "run_destroy_command",
      "provider": "provider[\"registry.terraform.io/hashicorp/null\"]",
      "instances": [
        {
          "index_key": 0,
          "schema_version": 0,
          "attributes": {
            "id": "1642537725697688789",
            "triggers": {
              "configmanagement": "apiVersion: configmanagement.gke.io/v1\nkind: ConfigManagement\nmetadata:\n  name: config-management\nspec:\n  # clusterName is required and must be unique among all managed clusters\n  clusterName: tff-server\n  policyController:\n    enabled: true\n    templateLibraryInstalled: true\n    logDeniesEnabled: false\n  git:\n    syncRepo: https://github.com/jarokaz/tff/\n    secretType: none\n    policyDir: acm-dir\n    syncBranch: main\n  \n  \n",
              "destroy_cmd_body": "tff-server us-west1-a jk-mlops-dev false false kubectl delete -f - \u003c\u003cEOF\napiVersion: configmanagement.gke.io/v1\nkind: ConfigManagement\nmetadata:\n  name: config-management\nspec:\n  # clusterName is required and must be unique among all managed clusters\n  clusterName: tff-server\n  policyController:\n    enabled: true\n    templateLibraryInstalled: true\n    logDeniesEnabled: false\n  git:\n    syncRepo: https://github.com/jarokaz/tff/\n    secretType: none\n    policyDir: acm-dir\n    syncBranch: main\n  \n  \nEOF",
              "destroy_cmd_entrypoint": ".terraform/modules/acm-server.acm_operator.k8sop_config/terraform-google-gcloud-2.0.3/modules/kubectl-wrapper/scripts/kubectl_wrapper.sh",
              "gcloud_bin_abs_path": "/google-cloud-sdk/bin"
            }
          },
          "sensitive_attributes": [],
          "private": "bnVsbA==",
          "dependencies": [
            "data.google_client_config.current",
            "data.google_project.project",
            "module.acm-server.module.acm_operator.data.template_file.k8sop_config",
            "module.acm-server.module.acm_operator.module.k8s_operator.module.gcloud_kubectl.data.external.env_override",
            "module.acm-server.module.acm_operator.module.k8s_operator.module.gcloud_kubectl.null_resource.additional_components",
            "module.acm-server.module.acm_operator.module.k8s_operator.module.gcloud_kubectl.null_resource.decompress",
            "module.acm-server.module.acm_operator.module.k8s_operator.module.gcloud_kubectl.null_resource.gcloud_auth_google_credentials",
            "module.acm-server.module.acm_operator.module.k8s_operator.module.gcloud_kubectl.null_resource.gcloud_auth_service_account_key_file",
            "module.acm-server.module.acm_operator.module.k8s_operator.module.gcloud_kubectl.null_resource.module_depends_on",
            "module.acm-server.module.acm_operator.module.k8s_operator.module.gcloud_kubectl.null_resource.run_command",
            "module.acm-server.module.acm_operator.module.k8s_operator.module.gcloud_kubectl.null_resource.run_destroy_command",
            "module.acm-server.module.acm_operator.module.k8s_operator.module.gcloud_kubectl.null_resource.upgrade",
            "module.acm-server.module.acm_operator.module.k8s_operator.module.gcloud_kubectl.random_id.cache",
            "module.acm-server.module.acm_operator.module.k8sop_config.module.gcloud_kubectl.data.external.env_override",
            "module.acm-server.module.acm_operator.module.k8sop_config.module.gcloud_kubectl.null_resource.additional_components",
            "module.acm-server.module.acm_operator.module.k8sop_config.module.gcloud_kubectl.null_resource.decompress",
            "module.acm-server.module.acm_operator.module.k8sop_config.module.gcloud_kubectl.null_resource.gcloud_auth_google_credentials",
            "module.acm-server.module.acm_operator.module.k8sop_config.module.gcloud_kubectl.null_resource.gcloud_auth_service_account_key_file",
            "module.acm-server.module.acm_operator.module.k8sop_config.module.gcloud_kubectl.null_resource.module_depends_on",
            "module.acm-server.module.acm_operator.module.k8sop_config.module.gcloud_kubectl.null_resource.upgrade",
            "module.acm-server.module.acm_operator.module.k8sop_config.module.gcloud_kubectl.random_id.cache",
            "module.acm-server.module.acm_operator.module.k8sop_creds_secret.module.gcloud_kubectl.null_resource.additional_components",
            "module.acm-server.module.acm_operator.module.k8sop_creds_secret.module.gcloud_kubectl.null_resource.gcloud_auth_google_credentials",
            "module.acm-server.module.acm_operator.module.k8sop_creds_secret.module.gcloud_kubectl.null_resource.gcloud_auth_service_account_key_file",
            "module.acm-server.module.acm_operator.module.k8sop_creds_secret.module.gcloud_kubectl.null_resource.run_command",
            "module.acm-server.module.acm_operator.module.k8sop_creds_secret.module.gcloud_kubectl.null_resource.run_destroy_command",
            "module.acm-server.module.acm_operator.module.k8sop_manifest.null_resource.additional_components",
            "module.acm-server.module.acm_operator.module.k8sop_manifest.null_resource.gcloud_auth_google_credentials",
            "module.acm-server.module.acm_operator.module.k8sop_manifest.null_resource.gcloud_auth_service_account_key_file",
            "module.acm-server.module.acm_operator.module.k8sop_manifest.null_resource.run_command",
            "module.acm-server.module.acm_operator.module.k8sop_manifest.null_resource.run_destroy_command",
            "module.project-services.google_project_service.project_services",
            "module.server-cluster.data.google_compute_zones.available",
            "module.server-cluster.data.google_container_engine_versions.region",
            "module.server-cluster.data.google_container_engine_versions.zone",
            "module.server-cluster.google_container_cluster.primary",
            "module.server-cluster.google_container_node_pool.pools",
            "module.server-cluster.google_service_account.cluster_service_account",
            "module.server-cluster.random_shuffle.available_zones",
            "module.server-cluster.random_string.cluster_service_account_suffix"
          ]
        }
      ]
    },
    {
      "module": "module.acm-server.module.acm_operator.module.k8sop_creds_secret.module.gcloud_kubectl",
      "mode": "managed",
      "type": "null_resource",
      "name": "module_depends_on",
      "provider": "provider[\"registry.terraform.io/hashicorp/null\"]",
      "instances": [
        {
          "index_key": 0,
          "schema_version": 0,
          "attributes": {
            "id": "6296087832383668322",
            "triggers": {
              "value": "1"
            }
          },
          "sensitive_attributes": [],
          "private": "bnVsbA==",
          "dependencies": [
            "data.google_client_config.current",
            "data.google_project.project",
            "module.acm-server.module.acm_operator.module.k8s_operator.module.gcloud_kubectl.data.external.env_override",
            "module.acm-server.module.acm_operator.module.k8s_operator.module.gcloud_kubectl.null_resource.additional_components",
            "module.acm-server.module.acm_operator.module.k8s_operator.module.gcloud_kubectl.null_resource.decompress",
            "module.acm-server.module.acm_operator.module.k8s_operator.module.gcloud_kubectl.null_resource.gcloud_auth_google_credentials",
            "module.acm-server.module.acm_operator.module.k8s_operator.module.gcloud_kubectl.null_resource.gcloud_auth_service_account_key_file",
            "module.acm-server.module.acm_operator.module.k8s_operator.module.gcloud_kubectl.null_resource.module_depends_on",
            "module.acm-server.module.acm_operator.module.k8s_operator.module.gcloud_kubectl.null_resource.run_command",
            "module.acm-server.module.acm_operator.module.k8s_operator.module.gcloud_kubectl.null_resource.run_destroy_command",
            "module.acm-server.module.acm_operator.module.k8s_operator.module.gcloud_kubectl.null_resource.upgrade",
            "module.acm-server.module.acm_operator.module.k8s_operator.module.gcloud_kubectl.random_id.cache",
            "module.acm-server.module.acm_operator.module.k8sop_manifest.null_resource.additional_components",
            "module.acm-server.module.acm_operator.module.k8sop_manifest.null_resource.gcloud_auth_google_credentials",
            "module.acm-server.module.acm_operator.module.k8sop_manifest.null_resource.gcloud_auth_service_account_key_file",
            "module.acm-server.module.acm_operator.module.k8sop_manifest.null_resource.run_command",
            "module.acm-server.module.acm_operator.module.k8sop_manifest.null_resource.run_destroy_command",
            "module.project-services.google_project_service.project_services",
            "module.server-cluster.data.google_compute_zones.available",
            "module.server-cluster.data.google_container_engine_versions.region",
            "module.server-cluster.data.google_container_engine_versions.zone",
            "module.server-cluster.google_container_cluster.primary",
            "module.server-cluster.google_container_node_pool.pools",
            "module.server-cluster.google_service_account.cluster_service_account",
            "module.server-cluster.random_shuffle.available_zones",
            "module.server-cluster.random_string.cluster_service_account_suffix"
          ]
        }
      ]
    },
    {
      "module": "module.acm-server.module.acm_operator.module.wait_for_gatekeeper.module.gcloud_kubectl",
      "mode": "data",
      "type": "external",
      "name": "env_override",
      "provider": "provider[\"registry.terraform.io/hashicorp/external\"]",
      "instances": [
        {
          "index_key": 0,
          "schema_version": 0,
          "attributes": {
            "id": "-",
            "program": [
              ".terraform/modules/acm-server.acm_operator.wait_for_gatekeeper/terraform-google-gcloud-2.0.3/scripts/check_env.sh"
            ],
            "query": null,
            "result": {
              "download": ""
            },
            "working_dir": null
          },
          "sensitive_attributes": []
        }
      ]
    },
    {
      "module": "module.acm-server.module.acm_operator.module.wait_for_gatekeeper.module.gcloud_kubectl",
      "mode": "managed",
      "type": "null_resource",
      "name": "additional_components",
      "provider": "provider[\"registry.terraform.io/hashicorp/null\"]",
      "instances": [
        {
          "index_key": 0,
          "schema_version": 0,
          "attributes": {
            "id": "3993126188112472797",
            "triggers": {
              "additional_components_command": ".terraform/modules/acm-server.acm_operator.wait_for_gatekeeper/terraform-google-gcloud-2.0.3/scripts/check_components.sh gcloud kubectl",
              "arguments": "9cf9825c7d1fdc966e02a5d144fbc683",
              "md5": "1e09762adc225405f3a0dd9dcf25d370",
              "script_sha1": "e1780a62dcd319cb88616007c9c22324f63a6375"
            }
          },
          "sensitive_attributes": [],
          "private": "bnVsbA==",
          "dependencies": [
            "data.google_client_config.current",
            "data.google_project.project",
            "module.acm-server.module.acm_operator.module.wait_for_gatekeeper.module.gcloud_kubectl.data.external.env_override",
            "module.acm-server.module.acm_operator.module.wait_for_gatekeeper.module.gcloud_kubectl.null_resource.upgrade",
            "module.acm-server.module.acm_operator.module.wait_for_gatekeeper.module.gcloud_kubectl.random_id.cache",
            "module.project-services.google_project_service.project_services",
            "module.server-cluster.data.google_compute_zones.available",
            "module.server-cluster.data.google_container_engine_versions.region",
            "module.server-cluster.data.google_container_engine_versions.zone",
            "module.server-cluster.google_container_cluster.primary",
            "module.server-cluster.google_service_account.cluster_service_account",
            "module.server-cluster.random_shuffle.available_zones",
            "module.server-cluster.random_string.cluster_service_account_suffix"
          ]
        }
      ]
    },
    {
      "module": "module.acm-server.module.acm_operator.module.wait_for_gatekeeper.module.gcloud_kubectl",
      "mode": "managed",
      "type": "null_resource",
      "name": "additional_components_destroy",
      "provider": "provider[\"registry.terraform.io/hashicorp/null\"]",
      "instances": [
        {
          "index_key": 0,
          "schema_version": 0,
          "attributes": {
            "id": "6898653567096772600",
            "triggers": {
              "additional_components_command": ".terraform/modules/acm-server.acm_operator.wait_for_gatekeeper/terraform-google-gcloud-2.0.3/scripts/check_components.sh gcloud kubectl"
            }
          },
          "sensitive_attributes": [],
          "private": "bnVsbA==",
          "dependencies": [
            "data.google_client_config.current",
            "data.google_project.project",
            "module.acm-server.module.acm_operator.data.template_file.k8sop_config",
            "module.acm-server.module.acm_operator.module.k8s_operator.module.gcloud_kubectl.data.external.env_override",
            "module.acm-server.module.acm_operator.module.k8s_operator.module.gcloud_kubectl.null_resource.additional_components",
            "module.acm-server.module.acm_operator.module.k8s_operator.module.gcloud_kubectl.null_resource.decompress",
            "module.acm-server.module.acm_operator.module.k8s_operator.module.gcloud_kubectl.null_resource.gcloud_auth_google_credentials",
            "module.acm-server.module.acm_operator.module.k8s_operator.module.gcloud_kubectl.null_resource.gcloud_auth_service_account_key_file",
            "module.acm-server.module.acm_operator.module.k8s_operator.module.gcloud_kubectl.null_resource.module_depends_on",
            "module.acm-server.module.acm_operator.module.k8s_operator.module.gcloud_kubectl.null_resource.run_command",
            "module.acm-server.module.acm_operator.module.k8s_operator.module.gcloud_kubectl.null_resource.run_destroy_command",
            "module.acm-server.module.acm_operator.module.k8s_operator.module.gcloud_kubectl.null_resource.upgrade",
            "module.acm-server.module.acm_operator.module.k8s_operator.module.gcloud_kubectl.random_id.cache",
            "module.acm-server.module.acm_operator.module.k8sop_config.module.gcloud_kubectl.data.external.env_override",
            "module.acm-server.module.acm_operator.module.k8sop_config.module.gcloud_kubectl.null_resource.additional_components",
            "module.acm-server.module.acm_operator.module.k8sop_config.module.gcloud_kubectl.null_resource.decompress",
            "module.acm-server.module.acm_operator.module.k8sop_config.module.gcloud_kubectl.null_resource.gcloud_auth_google_credentials",
            "module.acm-server.module.acm_operator.module.k8sop_config.module.gcloud_kubectl.null_resource.gcloud_auth_service_account_key_file",
            "module.acm-server.module.acm_operator.module.k8sop_config.module.gcloud_kubectl.null_resource.module_depends_on",
            "module.acm-server.module.acm_operator.module.k8sop_config.module.gcloud_kubectl.null_resource.run_command",
            "module.acm-server.module.acm_operator.module.k8sop_config.module.gcloud_kubectl.null_resource.run_destroy_command",
            "module.acm-server.module.acm_operator.module.k8sop_config.module.gcloud_kubectl.null_resource.upgrade",
            "module.acm-server.module.acm_operator.module.k8sop_config.module.gcloud_kubectl.random_id.cache",
            "module.acm-server.module.acm_operator.module.k8sop_creds_secret.module.gcloud_kubectl.null_resource.additional_components",
            "module.acm-server.module.acm_operator.module.k8sop_creds_secret.module.gcloud_kubectl.null_resource.gcloud_auth_google_credentials",
            "module.acm-server.module.acm_operator.module.k8sop_creds_secret.module.gcloud_kubectl.null_resource.gcloud_auth_service_account_key_file",
            "module.acm-server.module.acm_operator.module.k8sop_creds_secret.module.gcloud_kubectl.null_resource.run_command",
            "module.acm-server.module.acm_operator.module.k8sop_creds_secret.module.gcloud_kubectl.null_resource.run_destroy_command",
            "module.acm-server.module.acm_operator.module.k8sop_manifest.null_resource.additional_components",
            "module.acm-server.module.acm_operator.module.k8sop_manifest.null_resource.gcloud_auth_google_credentials",
            "module.acm-server.module.acm_operator.module.k8sop_manifest.null_resource.gcloud_auth_service_account_key_file",
            "module.acm-server.module.acm_operator.module.k8sop_manifest.null_resource.run_command",
            "module.acm-server.module.acm_operator.module.k8sop_manifest.null_resource.run_destroy_command",
            "module.acm-server.module.acm_operator.module.wait_for_gatekeeper.module.gcloud_kubectl.data.external.env_override",
            "module.acm-server.module.acm_operator.module.wait_for_gatekeeper.module.gcloud_kubectl.null_resource.additional_components",
            "module.acm-server.module.acm_operator.module.wait_for_gatekeeper.module.gcloud_kubectl.null_resource.decompress",
            "module.acm-server.module.acm_operator.module.wait_for_gatekeeper.module.gcloud_kubectl.null_resource.gcloud_auth_google_credentials",
            "module.acm-server.module.acm_operator.module.wait_for_gatekeeper.module.gcloud_kubectl.null_resource.gcloud_auth_service_account_key_file",
            "module.acm-server.module.acm_operator.module.wait_for_gatekeeper.module.gcloud_kubectl.null_resource.module_depends_on",
            "module.acm-server.module.acm_operator.module.wait_for_gatekeeper.module.gcloud_kubectl.null_resource.run_destroy_command",
            "module.acm-server.module.acm_operator.module.wait_for_gatekeeper.module.gcloud_kubectl.null_resource.upgrade",
            "module.acm-server.module.acm_operator.module.wait_for_gatekeeper.module.gcloud_kubectl.random_id.cache",
            "module.project-services.google_project_service.project_services",
            "module.server-cluster.data.google_compute_zones.available",
            "module.server-cluster.data.google_container_engine_versions.region",
            "module.server-cluster.data.google_container_engine_versions.zone",
            "module.server-cluster.google_container_cluster.primary",
            "module.server-cluster.google_container_node_pool.pools",
            "module.server-cluster.google_service_account.cluster_service_account",
            "module.server-cluster.random_shuffle.available_zones",
            "module.server-cluster.random_string.cluster_service_account_suffix"
          ]
        }
      ]
    },
    {
      "module": "module.acm-server.module.acm_operator.module.wait_for_gatekeeper.module.gcloud_kubectl",
      "mode": "managed",
      "type": "null_resource",
      "name": "module_depends_on",
      "provider": "provider[\"registry.terraform.io/hashicorp/null\"]",
      "instances": [
        {
          "index_key": 0,
          "schema_version": 0,
          "attributes": {
            "id": "6357268130049378285",
            "triggers": {
              "value": "1"
            }
          },
          "sensitive_attributes": [],
          "private": "bnVsbA==",
          "dependencies": [
            "data.google_client_config.current",
            "data.google_project.project",
            "module.acm-server.module.acm_operator.data.template_file.k8sop_config",
            "module.acm-server.module.acm_operator.module.k8s_operator.module.gcloud_kubectl.data.external.env_override",
            "module.acm-server.module.acm_operator.module.k8s_operator.module.gcloud_kubectl.null_resource.additional_components",
            "module.acm-server.module.acm_operator.module.k8s_operator.module.gcloud_kubectl.null_resource.decompress",
            "module.acm-server.module.acm_operator.module.k8s_operator.module.gcloud_kubectl.null_resource.gcloud_auth_google_credentials",
            "module.acm-server.module.acm_operator.module.k8s_operator.module.gcloud_kubectl.null_resource.gcloud_auth_service_account_key_file",
            "module.acm-server.module.acm_operator.module.k8s_operator.module.gcloud_kubectl.null_resource.module_depends_on",
            "module.acm-server.module.acm_operator.module.k8s_operator.module.gcloud_kubectl.null_resource.run_command",
            "module.acm-server.module.acm_operator.module.k8s_operator.module.gcloud_kubectl.null_resource.run_destroy_command",
            "module.acm-server.module.acm_operator.module.k8s_operator.module.gcloud_kubectl.null_resource.upgrade",
            "module.acm-server.module.acm_operator.module.k8s_operator.module.gcloud_kubectl.random_id.cache",
            "module.acm-server.module.acm_operator.module.k8sop_config.module.gcloud_kubectl.data.external.env_override",
            "module.acm-server.module.acm_operator.module.k8sop_config.module.gcloud_kubectl.null_resource.additional_components",
            "module.acm-server.module.acm_operator.module.k8sop_config.module.gcloud_kubectl.null_resource.decompress",
            "module.acm-server.module.acm_operator.module.k8sop_config.module.gcloud_kubectl.null_resource.gcloud_auth_google_credentials",
            "module.acm-server.module.acm_operator.module.k8sop_config.module.gcloud_kubectl.null_resource.gcloud_auth_service_account_key_file",
            "module.acm-server.module.acm_operator.module.k8sop_config.module.gcloud_kubectl.null_resource.module_depends_on",
            "module.acm-server.module.acm_operator.module.k8sop_config.module.gcloud_kubectl.null_resource.run_command",
            "module.acm-server.module.acm_operator.module.k8sop_config.module.gcloud_kubectl.null_resource.run_destroy_command",
            "module.acm-server.module.acm_operator.module.k8sop_config.module.gcloud_kubectl.null_resource.upgrade",
            "module.acm-server.module.acm_operator.module.k8sop_config.module.gcloud_kubectl.random_id.cache",
            "module.acm-server.module.acm_operator.module.k8sop_creds_secret.module.gcloud_kubectl.null_resource.additional_components",
            "module.acm-server.module.acm_operator.module.k8sop_creds_secret.module.gcloud_kubectl.null_resource.gcloud_auth_google_credentials",
            "module.acm-server.module.acm_operator.module.k8sop_creds_secret.module.gcloud_kubectl.null_resource.gcloud_auth_service_account_key_file",
            "module.acm-server.module.acm_operator.module.k8sop_creds_secret.module.gcloud_kubectl.null_resource.run_command",
            "module.acm-server.module.acm_operator.module.k8sop_creds_secret.module.gcloud_kubectl.null_resource.run_destroy_command",
            "module.acm-server.module.acm_operator.module.k8sop_manifest.null_resource.additional_components",
            "module.acm-server.module.acm_operator.module.k8sop_manifest.null_resource.gcloud_auth_google_credentials",
            "module.acm-server.module.acm_operator.module.k8sop_manifest.null_resource.gcloud_auth_service_account_key_file",
            "module.acm-server.module.acm_operator.module.k8sop_manifest.null_resource.run_command",
            "module.acm-server.module.acm_operator.module.k8sop_manifest.null_resource.run_destroy_command",
            "module.project-services.google_project_service.project_services",
            "module.server-cluster.data.google_compute_zones.available",
            "module.server-cluster.data.google_container_engine_versions.region",
            "module.server-cluster.data.google_container_engine_versions.zone",
            "module.server-cluster.google_container_cluster.primary",
            "module.server-cluster.google_container_node_pool.pools",
            "module.server-cluster.google_service_account.cluster_service_account",
            "module.server-cluster.random_shuffle.available_zones",
            "module.server-cluster.random_string.cluster_service_account_suffix"
          ]
        }
      ]
    },
    {
      "module": "module.acm-server.module.acm_operator.module.wait_for_gatekeeper.module.gcloud_kubectl",
      "mode": "managed",
      "type": "null_resource",
      "name": "run_command",
      "provider": "provider[\"registry.terraform.io/hashicorp/null\"]",
      "instances": [
        {
          "index_key": 0,
          "schema_version": 0,
          "attributes": {
            "id": "4323623813108598629",
            "triggers": {
              "arguments": "9cf9825c7d1fdc966e02a5d144fbc683",
              "create_cmd_body": "tff-server us-west1-a jk-mlops-dev false false .terraform/modules/acm-server/modules/k8s-operator-crd-support/scripts/wait_for_gatekeeper.sh jk-mlops-dev tff-server us-west1-a ",
              "create_cmd_entrypoint": ".terraform/modules/acm-server.acm_operator.wait_for_gatekeeper/terraform-google-gcloud-2.0.3/modules/kubectl-wrapper/scripts/kubectl_wrapper.sh",
              "gcloud_bin_abs_path": "/google-cloud-sdk/bin",
              "md5": "1e09762adc225405f3a0dd9dcf25d370",
              "script_sha1": "e1780a62dcd319cb88616007c9c22324f63a6375"
            }
          },
          "sensitive_attributes": [],
          "private": "bnVsbA==",
          "dependencies": [
            "data.google_client_config.current",
            "data.google_project.project",
            "module.acm-server.module.acm_operator.data.template_file.k8sop_config",
            "module.acm-server.module.acm_operator.module.k8s_operator.module.gcloud_kubectl.data.external.env_override",
            "module.acm-server.module.acm_operator.module.k8s_operator.module.gcloud_kubectl.null_resource.additional_components",
            "module.acm-server.module.acm_operator.module.k8s_operator.module.gcloud_kubectl.null_resource.decompress",
            "module.acm-server.module.acm_operator.module.k8s_operator.module.gcloud_kubectl.null_resource.gcloud_auth_google_credentials",
            "module.acm-server.module.acm_operator.module.k8s_operator.module.gcloud_kubectl.null_resource.gcloud_auth_service_account_key_file",
            "module.acm-server.module.acm_operator.module.k8s_operator.module.gcloud_kubectl.null_resource.module_depends_on",
            "module.acm-server.module.acm_operator.module.k8s_operator.module.gcloud_kubectl.null_resource.run_command",
            "module.acm-server.module.acm_operator.module.k8s_operator.module.gcloud_kubectl.null_resource.run_destroy_command",
            "module.acm-server.module.acm_operator.module.k8s_operator.module.gcloud_kubectl.null_resource.upgrade",
            "module.acm-server.module.acm_operator.module.k8s_operator.module.gcloud_kubectl.random_id.cache",
            "module.acm-server.module.acm_operator.module.k8sop_config.module.gcloud_kubectl.data.external.env_override",
            "module.acm-server.module.acm_operator.module.k8sop_config.module.gcloud_kubectl.null_resource.additional_components",
            "module.acm-server.module.acm_operator.module.k8sop_config.module.gcloud_kubectl.null_resource.decompress",
            "module.acm-server.module.acm_operator.module.k8sop_config.module.gcloud_kubectl.null_resource.gcloud_auth_google_credentials",
            "module.acm-server.module.acm_operator.module.k8sop_config.module.gcloud_kubectl.null_resource.gcloud_auth_service_account_key_file",
            "module.acm-server.module.acm_operator.module.k8sop_config.module.gcloud_kubectl.null_resource.module_depends_on",
            "module.acm-server.module.acm_operator.module.k8sop_config.module.gcloud_kubectl.null_resource.run_command",
            "module.acm-server.module.acm_operator.module.k8sop_config.module.gcloud_kubectl.null_resource.run_destroy_command",
            "module.acm-server.module.acm_operator.module.k8sop_config.module.gcloud_kubectl.null_resource.upgrade",
            "module.acm-server.module.acm_operator.module.k8sop_config.module.gcloud_kubectl.random_id.cache",
            "module.acm-server.module.acm_operator.module.k8sop_creds_secret.module.gcloud_kubectl.null_resource.additional_components",
            "module.acm-server.module.acm_operator.module.k8sop_creds_secret.module.gcloud_kubectl.null_resource.gcloud_auth_google_credentials",
            "module.acm-server.module.acm_operator.module.k8sop_creds_secret.module.gcloud_kubectl.null_resource.gcloud_auth_service_account_key_file",
            "module.acm-server.module.acm_operator.module.k8sop_creds_secret.module.gcloud_kubectl.null_resource.run_command",
            "module.acm-server.module.acm_operator.module.k8sop_creds_secret.module.gcloud_kubectl.null_resource.run_destroy_command",
            "module.acm-server.module.acm_operator.module.k8sop_manifest.null_resource.additional_components",
            "module.acm-server.module.acm_operator.module.k8sop_manifest.null_resource.gcloud_auth_google_credentials",
            "module.acm-server.module.acm_operator.module.k8sop_manifest.null_resource.gcloud_auth_service_account_key_file",
            "module.acm-server.module.acm_operator.module.k8sop_manifest.null_resource.run_command",
            "module.acm-server.module.acm_operator.module.k8sop_manifest.null_resource.run_destroy_command",
            "module.acm-server.module.acm_operator.module.wait_for_gatekeeper.module.gcloud_kubectl.data.external.env_override",
            "module.acm-server.module.acm_operator.module.wait_for_gatekeeper.module.gcloud_kubectl.null_resource.additional_components",
            "module.acm-server.module.acm_operator.module.wait_for_gatekeeper.module.gcloud_kubectl.null_resource.decompress",
            "module.acm-server.module.acm_operator.module.wait_for_gatekeeper.module.gcloud_kubectl.null_resource.gcloud_auth_google_credentials",
            "module.acm-server.module.acm_operator.module.wait_for_gatekeeper.module.gcloud_kubectl.null_resource.gcloud_auth_service_account_key_file",
            "module.acm-server.module.acm_operator.module.wait_for_gatekeeper.module.gcloud_kubectl.null_resource.module_depends_on",
            "module.acm-server.module.acm_operator.module.wait_for_gatekeeper.module.gcloud_kubectl.null_resource.upgrade",
            "module.acm-server.module.acm_operator.module.wait_for_gatekeeper.module.gcloud_kubectl.random_id.cache",
            "module.project-services.google_project_service.project_services",
            "module.server-cluster.data.google_compute_zones.available",
            "module.server-cluster.data.google_container_engine_versions.region",
            "module.server-cluster.data.google_container_engine_versions.zone",
            "module.server-cluster.google_container_cluster.primary",
            "module.server-cluster.google_container_node_pool.pools",
            "module.server-cluster.google_service_account.cluster_service_account",
            "module.server-cluster.random_shuffle.available_zones",
            "module.server-cluster.random_string.cluster_service_account_suffix"
          ]
        }
      ]
    },
    {
      "module": "module.acm-server.module.acm_operator.module.wait_for_gatekeeper.module.gcloud_kubectl",
      "mode": "managed",
      "type": "null_resource",
      "name": "run_destroy_command",
      "provider": "provider[\"registry.terraform.io/hashicorp/null\"]",
      "instances": [
        {
          "index_key": 0,
          "schema_version": 0,
          "attributes": {
            "id": "5507801480525033386",
            "triggers": {
              "destroy_cmd_body": "tff-server us-west1-a jk-mlops-dev false false ",
              "destroy_cmd_entrypoint": ".terraform/modules/acm-server.acm_operator.wait_for_gatekeeper/terraform-google-gcloud-2.0.3/modules/kubectl-wrapper/scripts/kubectl_wrapper.sh",
              "gcloud_bin_abs_path": "/google-cloud-sdk/bin",
              "script_sha1": "e1780a62dcd319cb88616007c9c22324f63a6375"
            }
          },
          "sensitive_attributes": [],
          "private": "bnVsbA==",
          "dependencies": [
            "data.google_client_config.current",
            "data.google_project.project",
            "module.acm-server.module.acm_operator.data.template_file.k8sop_config",
            "module.acm-server.module.acm_operator.module.k8s_operator.module.gcloud_kubectl.data.external.env_override",
            "module.acm-server.module.acm_operator.module.k8s_operator.module.gcloud_kubectl.null_resource.additional_components",
            "module.acm-server.module.acm_operator.module.k8s_operator.module.gcloud_kubectl.null_resource.decompress",
            "module.acm-server.module.acm_operator.module.k8s_operator.module.gcloud_kubectl.null_resource.gcloud_auth_google_credentials",
            "module.acm-server.module.acm_operator.module.k8s_operator.module.gcloud_kubectl.null_resource.gcloud_auth_service_account_key_file",
            "module.acm-server.module.acm_operator.module.k8s_operator.module.gcloud_kubectl.null_resource.module_depends_on",
            "module.acm-server.module.acm_operator.module.k8s_operator.module.gcloud_kubectl.null_resource.run_command",
            "module.acm-server.module.acm_operator.module.k8s_operator.module.gcloud_kubectl.null_resource.run_destroy_command",
            "module.acm-server.module.acm_operator.module.k8s_operator.module.gcloud_kubectl.null_resource.upgrade",
            "module.acm-server.module.acm_operator.module.k8s_operator.module.gcloud_kubectl.random_id.cache",
            "module.acm-server.module.acm_operator.module.k8sop_config.module.gcloud_kubectl.data.external.env_override",
            "module.acm-server.module.acm_operator.module.k8sop_config.module.gcloud_kubectl.null_resource.additional_components",
            "module.acm-server.module.acm_operator.module.k8sop_config.module.gcloud_kubectl.null_resource.decompress",
            "module.acm-server.module.acm_operator.module.k8sop_config.module.gcloud_kubectl.null_resource.gcloud_auth_google_credentials",
            "module.acm-server.module.acm_operator.module.k8sop_config.module.gcloud_kubectl.null_resource.gcloud_auth_service_account_key_file",
            "module.acm-server.module.acm_operator.module.k8sop_config.module.gcloud_kubectl.null_resource.module_depends_on",
            "module.acm-server.module.acm_operator.module.k8sop_config.module.gcloud_kubectl.null_resource.run_command",
            "module.acm-server.module.acm_operator.module.k8sop_config.module.gcloud_kubectl.null_resource.run_destroy_command",
            "module.acm-server.module.acm_operator.module.k8sop_config.module.gcloud_kubectl.null_resource.upgrade",
            "module.acm-server.module.acm_operator.module.k8sop_config.module.gcloud_kubectl.random_id.cache",
            "module.acm-server.module.acm_operator.module.k8sop_creds_secret.module.gcloud_kubectl.null_resource.additional_components",
            "module.acm-server.module.acm_operator.module.k8sop_creds_secret.module.gcloud_kubectl.null_resource.gcloud_auth_google_credentials",
            "module.acm-server.module.acm_operator.module.k8sop_creds_secret.module.gcloud_kubectl.null_resource.gcloud_auth_service_account_key_file",
            "module.acm-server.module.acm_operator.module.k8sop_creds_secret.module.gcloud_kubectl.null_resource.run_command",
            "module.acm-server.module.acm_operator.module.k8sop_creds_secret.module.gcloud_kubectl.null_resource.run_destroy_command",
            "module.acm-server.module.acm_operator.module.k8sop_manifest.null_resource.additional_components",
            "module.acm-server.module.acm_operator.module.k8sop_manifest.null_resource.gcloud_auth_google_credentials",
            "module.acm-server.module.acm_operator.module.k8sop_manifest.null_resource.gcloud_auth_service_account_key_file",
            "module.acm-server.module.acm_operator.module.k8sop_manifest.null_resource.run_command",
            "module.acm-server.module.acm_operator.module.k8sop_manifest.null_resource.run_destroy_command",
            "module.acm-server.module.acm_operator.module.wait_for_gatekeeper.module.gcloud_kubectl.data.external.env_override",
            "module.acm-server.module.acm_operator.module.wait_for_gatekeeper.module.gcloud_kubectl.null_resource.additional_components",
            "module.acm-server.module.acm_operator.module.wait_for_gatekeeper.module.gcloud_kubectl.null_resource.decompress",
            "module.acm-server.module.acm_operator.module.wait_for_gatekeeper.module.gcloud_kubectl.null_resource.gcloud_auth_google_credentials",
            "module.acm-server.module.acm_operator.module.wait_for_gatekeeper.module.gcloud_kubectl.null_resource.gcloud_auth_service_account_key_file",
            "module.acm-server.module.acm_operator.module.wait_for_gatekeeper.module.gcloud_kubectl.null_resource.module_depends_on",
            "module.acm-server.module.acm_operator.module.wait_for_gatekeeper.module.gcloud_kubectl.null_resource.upgrade",
            "module.acm-server.module.acm_operator.module.wait_for_gatekeeper.module.gcloud_kubectl.random_id.cache",
            "module.project-services.google_project_service.project_services",
            "module.server-cluster.data.google_compute_zones.available",
            "module.server-cluster.data.google_container_engine_versions.region",
            "module.server-cluster.data.google_container_engine_versions.zone",
            "module.server-cluster.google_container_cluster.primary",
            "module.server-cluster.google_container_node_pool.pools",
            "module.server-cluster.google_service_account.cluster_service_account",
            "module.server-cluster.random_shuffle.available_zones",
            "module.server-cluster.random_string.cluster_service_account_suffix"
          ]
        }
      ]
    },
    {
      "module": "module.acm-server.module.enable_acm",
      "mode": "data",
      "type": "external",
      "name": "env_override",
      "provider": "provider[\"registry.terraform.io/hashicorp/external\"]",
      "instances": [
        {
          "index_key": 0,
          "schema_version": 0,
          "attributes": {
            "id": "-",
            "program": [
              ".terraform/modules/acm-server.enable_acm/terraform-google-gcloud-2.0.3/scripts/check_env.sh"
            ],
            "query": null,
            "result": {
              "download": ""
            },
            "working_dir": null
          },
          "sensitive_attributes": []
        }
      ]
    },
    {
      "module": "module.acm-server.module.enable_acm",
      "mode": "managed",
      "type": "null_resource",
      "name": "additional_components",
      "provider": "provider[\"registry.terraform.io/hashicorp/null\"]",
      "instances": [
        {
          "index_key": 0,
          "schema_version": 0,
          "attributes": {
            "id": "7555100903866081661",
            "triggers": {
              "additional_components_command": ".terraform/modules/acm-server.enable_acm/terraform-google-gcloud-2.0.3/scripts/check_components.sh gcloud alpha",
              "arguments": "49423d0060e3cf05de8cce2caa496a4e",
              "md5": "7f22bf39aaf5ce5980111c3587bef5b5"
            }
          },
          "sensitive_attributes": [],
          "private": "bnVsbA==",
          "dependencies": [
            "data.google_client_config.current",
            "module.acm-server.module.enable_acm.data.external.env_override",
            "module.acm-server.module.enable_acm.null_resource.upgrade",
            "module.acm-server.module.enable_acm.random_id.cache"
          ]
        }
      ]
    },
    {
      "module": "module.acm-server.module.enable_acm",
      "mode": "managed",
      "type": "null_resource",
      "name": "additional_components_destroy",
      "provider": "provider[\"registry.terraform.io/hashicorp/null\"]",
      "instances": [
        {
          "index_key": 0,
          "schema_version": 0,
          "attributes": {
            "id": "8270877008739379225",
            "triggers": {
              "additional_components_command": ".terraform/modules/acm-server.enable_acm/terraform-google-gcloud-2.0.3/scripts/check_components.sh gcloud alpha"
            }
          },
          "sensitive_attributes": [],
          "private": "bnVsbA==",
          "dependencies": [
            "data.google_client_config.current",
            "module.acm-server.module.enable_acm.data.external.env_override",
            "module.acm-server.module.enable_acm.null_resource.additional_components",
            "module.acm-server.module.enable_acm.null_resource.decompress",
            "module.acm-server.module.enable_acm.null_resource.gcloud_auth_google_credentials",
            "module.acm-server.module.enable_acm.null_resource.gcloud_auth_service_account_key_file",
            "module.acm-server.module.enable_acm.null_resource.module_depends_on",
            "module.acm-server.module.enable_acm.null_resource.run_destroy_command",
            "module.acm-server.module.enable_acm.null_resource.upgrade",
            "module.acm-server.module.enable_acm.random_id.cache"
          ]
        }
      ]
    },
    {
      "module": "module.acm-server.module.enable_acm",
      "mode": "managed",
      "type": "null_resource",
      "name": "run_command",
      "provider": "provider[\"registry.terraform.io/hashicorp/null\"]",
      "instances": [
        {
          "index_key": 0,
          "schema_version": 0,
          "attributes": {
            "id": "5605499905467400400",
            "triggers": {
              "arguments": "49423d0060e3cf05de8cce2caa496a4e",
              "create_cmd_body": "alpha container hub config-management enable --project jk-mlops-dev",
              "create_cmd_entrypoint": "gcloud",
              "gcloud_bin_abs_path": "/google-cloud-sdk/bin",
              "md5": "7f22bf39aaf5ce5980111c3587bef5b5"
            }
          },
          "sensitive_attributes": [],
          "private": "bnVsbA==",
          "dependencies": [
            "data.google_client_config.current",
            "module.acm-server.module.enable_acm.data.external.env_override",
            "module.acm-server.module.enable_acm.null_resource.additional_components",
            "module.acm-server.module.enable_acm.null_resource.decompress",
            "module.acm-server.module.enable_acm.null_resource.gcloud_auth_google_credentials",
            "module.acm-server.module.enable_acm.null_resource.gcloud_auth_service_account_key_file",
            "module.acm-server.module.enable_acm.null_resource.module_depends_on",
            "module.acm-server.module.enable_acm.null_resource.upgrade",
            "module.acm-server.module.enable_acm.random_id.cache"
          ]
        }
      ]
    },
    {
      "module": "module.acm-server.module.enable_acm",
      "mode": "managed",
      "type": "null_resource",
      "name": "run_destroy_command",
      "provider": "provider[\"registry.terraform.io/hashicorp/null\"]",
      "instances": [
        {
          "index_key": 0,
          "schema_version": 0,
          "attributes": {
            "id": "1118797474012509539",
            "triggers": {
              "destroy_cmd_body": "alpha container hub config-management disable --force --project jk-mlops-dev",
              "destroy_cmd_entrypoint": "gcloud",
              "gcloud_bin_abs_path": "/google-cloud-sdk/bin"
            }
          },
          "sensitive_attributes": [],
          "private": "bnVsbA==",
          "dependencies": [
            "data.google_client_config.current",
            "module.acm-server.module.enable_acm.data.external.env_override",
            "module.acm-server.module.enable_acm.null_resource.additional_components",
            "module.acm-server.module.enable_acm.null_resource.decompress",
            "module.acm-server.module.enable_acm.null_resource.gcloud_auth_google_credentials",
            "module.acm-server.module.enable_acm.null_resource.gcloud_auth_service_account_key_file",
            "module.acm-server.module.enable_acm.null_resource.module_depends_on",
            "module.acm-server.module.enable_acm.null_resource.upgrade",
            "module.acm-server.module.enable_acm.random_id.cache"
          ]
        }
      ]
    },
    {
      "module": "module.client-clusters[0]",
      "mode": "data",
      "type": "google_client_config",
      "name": "default",
      "provider": "provider[\"registry.terraform.io/hashicorp/google-beta\"]",
      "instances": [
        {
          "schema_version": 0,
          "attributes": {
            "access_token": "ya29.A0AfH6SMC7kno7ALprv77YGBaAUeri-1BPfM5yJjpB3iwSivnBSgLlUOEL84bfdxI1LZbJSt-ZDUtpLUbm-fazPqk6IkKxxdP_jIsgXWdtS4gX0JJNtFIhYmXSLfWS1T4oTZpyYhnno-ykmSbQ8vzRjzATb1sxAt3AT17tpvYi7Sqax5Jy87RD3Q73IJS5RjOqpG1QdBex-GiSJb2LbyhxdZgHhtxIETirzptAaZG5LnwQioFx4PjHLi7d-kiey7jHcA8gGnM",
            "id": "projects//regions//zones/",
            "project": "",
            "region": "",
            "zone": ""
          },
          "sensitive_attributes": []
        }
      ]
    },
    {
      "module": "module.client-clusters[0]",
      "mode": "data",
      "type": "google_compute_zones",
      "name": "available",
      "provider": "provider[\"registry.terraform.io/hashicorp/google-beta\"]",
      "instances": [
        {
          "schema_version": 0,
          "attributes": {
            "id": "projects/jk-mlops-dev/regions/us-west1",
            "names": [
              "us-west1-a",
              "us-west1-b",
              "us-west1-c"
            ],
            "project": "jk-mlops-dev",
            "region": "us-west1",
            "status": null
          },
          "sensitive_attributes": []
        }
      ]
    },
    {
      "module": "module.client-clusters[0]",
      "mode": "data",
      "type": "google_container_engine_versions",
      "name": "region",
      "provider": "provider[\"registry.terraform.io/hashicorp/google\"]",
      "instances": [
        {
          "schema_version": 0,
          "attributes": {
            "default_cluster_version": "1.17.15-gke.800",
            "id": "2021-02-22 22:33:08.600440315 +0000 UTC",
            "latest_master_version": "1.18.15-gke.1500",
            "latest_node_version": "1.18.15-gke.1500",
            "location": "us-west1-a",
            "project": "jk-mlops-dev",
            "release_channel_default_version": {
              "RAPID": "1.19.7-gke.1302",
              "REGULAR": "1.18.12-gke.1210",
              "STABLE": "1.17.15-gke.800"
            },
            "valid_master_versions": [
              "1.18.15-gke.1500",
              "1.18.15-gke.1100",
              "1.18.14-gke.1600",
              "1.18.14-gke.1200",
              "1.18.12-gke.1210",
              "1.18.12-gke.1206",
              "1.17.17-gke.1500",
              "1.17.17-gke.1100",
              "1.17.17-gke.600",
              "1.17.16-gke.1600",
              "1.17.16-gke.1300",
              "1.17.15-gke.800",
              "1.16.15-gke.11800",
              "1.16.15-gke.10600",
              "1.16.15-gke.7800",
              "1.15.12-gke.6002"
            ],
            "valid_node_versions": [
              "1.18.15-gke.1500",
              "1.18.15-gke.1100",
              "1.18.15-gke.800",
              "1.18.14-gke.1600",
              "1.18.14-gke.1200",
              "1.18.12-gke.1210",
              "1.18.12-gke.1206",
              "1.18.12-gke.1205",
              "1.18.12-gke.1201",
              "1.18.12-gke.1200",
              "1.18.12-gke.300",
              "1.18.10-gke.2701",
              "1.18.10-gke.2101",
              "1.18.10-gke.1500",
              "1.18.10-gke.601",
              "1.18.9-gke.2501",
              "1.18.9-gke.1501",
              "1.18.9-gke.801",
              "1.18.6-gke.4801",
              "1.18.6-gke.3504",
              "1.18.6-gke.3503",
              "1.17.17-gke.1500",
              "1.17.17-gke.1100",
              "1.17.17-gke.600",
              "1.17.16-gke.1600",
              "1.17.16-gke.1300",
              "1.17.15-gke.800",
              "1.17.15-gke.300",
              "1.17.14-gke.1600",
              "1.17.14-gke.1200",
              "1.17.14-gke.400",
              "1.17.13-gke.2600",
              "1.17.13-gke.2001",
              "1.17.13-gke.1401",
              "1.17.13-gke.1400",
              "1.17.13-gke.600",
              "1.17.12-gke.2502",
              "1.17.12-gke.1504",
              "1.17.12-gke.1501",
              "1.17.12-gke.500",
              "1.17.9-gke.6300",
              "1.17.9-gke.1504",
              "1.16.15-gke.11800",
              "1.16.15-gke.10600",
              "1.16.15-gke.7800",
              "1.16.15-gke.7300",
              "1.16.15-gke.6900",
              "1.16.15-gke.6000",
              "1.16.15-gke.5500",
              "1.16.15-gke.4901",
              "1.16.15-gke.4301",
              "1.16.15-gke.4300",
              "1.16.15-gke.3500",
              "1.16.15-gke.2601",
              "1.16.15-gke.1600",
              "1.16.15-gke.500",
              "1.16.13-gke.404",
              "1.16.13-gke.403",
              "1.16.13-gke.401",
              "1.16.13-gke.400",
              "1.16.13-gke.1",
              "1.16.11-gke.5",
              "1.16.10-gke.8",
              "1.16.9-gke.6",
              "1.16.9-gke.2",
              "1.16.8-gke.15",
              "1.16.8-gke.12",
              "1.16.8-gke.9",
              "1.15.12-gke.6002",
              "1.15.12-gke.6001",
              "1.15.12-gke.5000",
              "1.15.12-gke.4002",
              "1.15.12-gke.4000",
              "1.15.12-gke.20",
              "1.15.12-gke.17",
              "1.15.12-gke.16",
              "1.15.12-gke.13",
              "1.15.12-gke.9",
              "1.15.12-gke.6",
              "1.15.12-gke.3",
              "1.15.12-gke.2",
              "1.15.11-gke.17",
              "1.15.11-gke.15",
              "1.15.11-gke.13",
              "1.15.11-gke.12",
              "1.15.11-gke.11",
              "1.15.11-gke.9",
              "1.15.11-gke.5",
              "1.15.11-gke.3",
              "1.15.11-gke.1",
              "1.15.9-gke.26",
              "1.15.9-gke.24",
              "1.15.9-gke.22",
              "1.15.9-gke.12",
              "1.15.9-gke.9",
              "1.15.9-gke.8",
              "1.15.8-gke.3",
              "1.15.8-gke.2",
              "1.15.7-gke.23",
              "1.15.7-gke.2",
              "1.15.4-gke.22",
              "1.14.10-gke.1504",
              "1.14.10-gke.902",
              "1.14.10-gke.50",
              "1.14.10-gke.46",
              "1.14.10-gke.45",
              "1.14.10-gke.42",
              "1.14.10-gke.41",
              "1.14.10-gke.40",
              "1.14.10-gke.37",
              "1.14.10-gke.36",
              "1.14.10-gke.34",
              "1.14.10-gke.32",
              "1.14.10-gke.31",
              "1.14.10-gke.27",
              "1.14.10-gke.24",
              "1.14.10-gke.22",
              "1.14.10-gke.21",
              "1.14.10-gke.17",
              "1.14.10-gke.0",
              "1.14.9-gke.23",
              "1.14.9-gke.2",
              "1.14.9-gke.0",
              "1.14.8-gke.33",
              "1.14.8-gke.21",
              "1.14.8-gke.18",
              "1.14.8-gke.17",
              "1.14.8-gke.14",
              "1.14.8-gke.12",
              "1.14.8-gke.7",
              "1.14.8-gke.2",
              "1.14.7-gke.40",
              "1.14.7-gke.25",
              "1.14.7-gke.23",
              "1.14.7-gke.17",
              "1.14.7-gke.14",
              "1.14.7-gke.10",
              "1.14.6-gke.13",
              "1.14.6-gke.2",
              "1.14.6-gke.1",
              "1.14.3-gke.11",
              "1.14.3-gke.10",
              "1.14.3-gke.9",
              "1.14.2-gke.9",
              "1.14.1-gke.5",
              "1.13.12-gke.30",
              "1.13.12-gke.25",
              "1.13.12-gke.17",
              "1.13.12-gke.16",
              "1.13.12-gke.14",
              "1.13.12-gke.13",
              "1.13.12-gke.10",
              "1.13.12-gke.8",
              "1.13.12-gke.4",
              "1.13.12-gke.2",
              "1.13.11-gke.23",
              "1.13.11-gke.15",
              "1.13.11-gke.14",
              "1.13.11-gke.12",
              "1.13.11-gke.11",
              "1.13.11-gke.9",
              "1.13.11-gke.5",
              "1.13.10-gke.7",
              "1.13.10-gke.0",
              "1.13.9-gke.11",
              "1.13.9-gke.3",
              "1.13.7-gke.24",
              "1.13.7-gke.19",
              "1.13.7-gke.15",
              "1.13.7-gke.8",
              "1.13.7-gke.0",
              "1.13.6-gke.13",
              "1.13.6-gke.6",
              "1.13.6-gke.5",
              "1.13.6-gke.0",
              "1.13.5-gke.10",
              "1.12.10-gke.22",
              "1.12.10-gke.20",
              "1.12.10-gke.19",
              "1.12.10-gke.18",
              "1.12.10-gke.17",
              "1.12.10-gke.15",
              "1.12.10-gke.13",
              "1.12.10-gke.11",
              "1.12.10-gke.5",
              "1.12.9-gke.16",
              "1.12.9-gke.15",
              "1.12.9-gke.13",
              "1.12.9-gke.10",
              "1.12.9-gke.7",
              "1.12.9-gke.3",
              "1.12.8-gke.12",
              "1.12.8-gke.10",
              "1.12.8-gke.7",
              "1.12.8-gke.6",
              "1.12.7-gke.26",
              "1.12.7-gke.25",
              "1.12.7-gke.24",
              "1.12.7-gke.22",
              "1.12.7-gke.21",
              "1.12.7-gke.17",
              "1.12.7-gke.10",
              "1.12.7-gke.7",
              "1.12.6-gke.11",
              "1.12.6-gke.10",
              "1.12.6-gke.7",
              "1.12.5-gke.10",
              "1.12.5-gke.5",
              "1.11.10-gke.6",
              "1.11.10-gke.5"
            ],
            "version_prefix": null
          },
          "sensitive_attributes": []
        }
      ]
    },
    {
      "module": "module.client-clusters[0]",
      "mode": "data",
      "type": "google_container_engine_versions",
      "name": "zone",
      "provider": "provider[\"registry.terraform.io/hashicorp/google\"]",
      "instances": [
        {
          "schema_version": 0,
          "attributes": {
            "default_cluster_version": "1.17.15-gke.800",
            "id": "2021-02-22 22:33:08.966586777 +0000 UTC",
            "latest_master_version": "1.18.15-gke.1500",
            "latest_node_version": "1.18.15-gke.1500",
            "location": "us-west1-a",
            "project": "jk-mlops-dev",
            "release_channel_default_version": {
              "RAPID": "1.19.7-gke.1302",
              "REGULAR": "1.18.12-gke.1210",
              "STABLE": "1.17.15-gke.800"
            },
            "valid_master_versions": [
              "1.18.15-gke.1500",
              "1.18.15-gke.1100",
              "1.18.14-gke.1600",
              "1.18.14-gke.1200",
              "1.18.12-gke.1210",
              "1.18.12-gke.1206",
              "1.17.17-gke.1500",
              "1.17.17-gke.1100",
              "1.17.17-gke.600",
              "1.17.16-gke.1600",
              "1.17.16-gke.1300",
              "1.17.15-gke.800",
              "1.16.15-gke.11800",
              "1.16.15-gke.10600",
              "1.16.15-gke.7800",
              "1.15.12-gke.6002"
            ],
            "valid_node_versions": [
              "1.18.15-gke.1500",
              "1.18.15-gke.1100",
              "1.18.15-gke.800",
              "1.18.14-gke.1600",
              "1.18.14-gke.1200",
              "1.18.12-gke.1210",
              "1.18.12-gke.1206",
              "1.18.12-gke.1205",
              "1.18.12-gke.1201",
              "1.18.12-gke.1200",
              "1.18.12-gke.300",
              "1.18.10-gke.2701",
              "1.18.10-gke.2101",
              "1.18.10-gke.1500",
              "1.18.10-gke.601",
              "1.18.9-gke.2501",
              "1.18.9-gke.1501",
              "1.18.9-gke.801",
              "1.18.6-gke.4801",
              "1.18.6-gke.3504",
              "1.18.6-gke.3503",
              "1.17.17-gke.1500",
              "1.17.17-gke.1100",
              "1.17.17-gke.600",
              "1.17.16-gke.1600",
              "1.17.16-gke.1300",
              "1.17.15-gke.800",
              "1.17.15-gke.300",
              "1.17.14-gke.1600",
              "1.17.14-gke.1200",
              "1.17.14-gke.400",
              "1.17.13-gke.2600",
              "1.17.13-gke.2001",
              "1.17.13-gke.1401",
              "1.17.13-gke.1400",
              "1.17.13-gke.600",
              "1.17.12-gke.2502",
              "1.17.12-gke.1504",
              "1.17.12-gke.1501",
              "1.17.12-gke.500",
              "1.17.9-gke.6300",
              "1.17.9-gke.1504",
              "1.16.15-gke.11800",
              "1.16.15-gke.10600",
              "1.16.15-gke.7800",
              "1.16.15-gke.7300",
              "1.16.15-gke.6900",
              "1.16.15-gke.6000",
              "1.16.15-gke.5500",
              "1.16.15-gke.4901",
              "1.16.15-gke.4301",
              "1.16.15-gke.4300",
              "1.16.15-gke.3500",
              "1.16.15-gke.2601",
              "1.16.15-gke.1600",
              "1.16.15-gke.500",
              "1.16.13-gke.404",
              "1.16.13-gke.403",
              "1.16.13-gke.401",
              "1.16.13-gke.400",
              "1.16.13-gke.1",
              "1.16.11-gke.5",
              "1.16.10-gke.8",
              "1.16.9-gke.6",
              "1.16.9-gke.2",
              "1.16.8-gke.15",
              "1.16.8-gke.12",
              "1.16.8-gke.9",
              "1.15.12-gke.6002",
              "1.15.12-gke.6001",
              "1.15.12-gke.5000",
              "1.15.12-gke.4002",
              "1.15.12-gke.4000",
              "1.15.12-gke.20",
              "1.15.12-gke.17",
              "1.15.12-gke.16",
              "1.15.12-gke.13",
              "1.15.12-gke.9",
              "1.15.12-gke.6",
              "1.15.12-gke.3",
              "1.15.12-gke.2",
              "1.15.11-gke.17",
              "1.15.11-gke.15",
              "1.15.11-gke.13",
              "1.15.11-gke.12",
              "1.15.11-gke.11",
              "1.15.11-gke.9",
              "1.15.11-gke.5",
              "1.15.11-gke.3",
              "1.15.11-gke.1",
              "1.15.9-gke.26",
              "1.15.9-gke.24",
              "1.15.9-gke.22",
              "1.15.9-gke.12",
              "1.15.9-gke.9",
              "1.15.9-gke.8",
              "1.15.8-gke.3",
              "1.15.8-gke.2",
              "1.15.7-gke.23",
              "1.15.7-gke.2",
              "1.15.4-gke.22",
              "1.14.10-gke.1504",
              "1.14.10-gke.902",
              "1.14.10-gke.50",
              "1.14.10-gke.46",
              "1.14.10-gke.45",
              "1.14.10-gke.42",
              "1.14.10-gke.41",
              "1.14.10-gke.40",
              "1.14.10-gke.37",
              "1.14.10-gke.36",
              "1.14.10-gke.34",
              "1.14.10-gke.32",
              "1.14.10-gke.31",
              "1.14.10-gke.27",
              "1.14.10-gke.24",
              "1.14.10-gke.22",
              "1.14.10-gke.21",
              "1.14.10-gke.17",
              "1.14.10-gke.0",
              "1.14.9-gke.23",
              "1.14.9-gke.2",
              "1.14.9-gke.0",
              "1.14.8-gke.33",
              "1.14.8-gke.21",
              "1.14.8-gke.18",
              "1.14.8-gke.17",
              "1.14.8-gke.14",
              "1.14.8-gke.12",
              "1.14.8-gke.7",
              "1.14.8-gke.2",
              "1.14.7-gke.40",
              "1.14.7-gke.25",
              "1.14.7-gke.23",
              "1.14.7-gke.17",
              "1.14.7-gke.14",
              "1.14.7-gke.10",
              "1.14.6-gke.13",
              "1.14.6-gke.2",
              "1.14.6-gke.1",
              "1.14.3-gke.11",
              "1.14.3-gke.10",
              "1.14.3-gke.9",
              "1.14.2-gke.9",
              "1.14.1-gke.5",
              "1.13.12-gke.30",
              "1.13.12-gke.25",
              "1.13.12-gke.17",
              "1.13.12-gke.16",
              "1.13.12-gke.14",
              "1.13.12-gke.13",
              "1.13.12-gke.10",
              "1.13.12-gke.8",
              "1.13.12-gke.4",
              "1.13.12-gke.2",
              "1.13.11-gke.23",
              "1.13.11-gke.15",
              "1.13.11-gke.14",
              "1.13.11-gke.12",
              "1.13.11-gke.11",
              "1.13.11-gke.9",
              "1.13.11-gke.5",
              "1.13.10-gke.7",
              "1.13.10-gke.0",
              "1.13.9-gke.11",
              "1.13.9-gke.3",
              "1.13.7-gke.24",
              "1.13.7-gke.19",
              "1.13.7-gke.15",
              "1.13.7-gke.8",
              "1.13.7-gke.0",
              "1.13.6-gke.13",
              "1.13.6-gke.6",
              "1.13.6-gke.5",
              "1.13.6-gke.0",
              "1.13.5-gke.10",
              "1.12.10-gke.22",
              "1.12.10-gke.20",
              "1.12.10-gke.19",
              "1.12.10-gke.18",
              "1.12.10-gke.17",
              "1.12.10-gke.15",
              "1.12.10-gke.13",
              "1.12.10-gke.11",
              "1.12.10-gke.5",
              "1.12.9-gke.16",
              "1.12.9-gke.15",
              "1.12.9-gke.13",
              "1.12.9-gke.10",
              "1.12.9-gke.7",
              "1.12.9-gke.3",
              "1.12.8-gke.12",
              "1.12.8-gke.10",
              "1.12.8-gke.7",
              "1.12.8-gke.6",
              "1.12.7-gke.26",
              "1.12.7-gke.25",
              "1.12.7-gke.24",
              "1.12.7-gke.22",
              "1.12.7-gke.21",
              "1.12.7-gke.17",
              "1.12.7-gke.10",
              "1.12.7-gke.7",
              "1.12.6-gke.11",
              "1.12.6-gke.10",
              "1.12.6-gke.7",
              "1.12.5-gke.10",
              "1.12.5-gke.5",
              "1.11.10-gke.6",
              "1.11.10-gke.5"
            ],
            "version_prefix": null
          },
          "sensitive_attributes": []
        }
      ]
    },
    {
      "module": "module.client-clusters[0]",
      "mode": "managed",
      "type": "google_container_cluster",
      "name": "primary",
      "provider": "provider[\"registry.terraform.io/hashicorp/google-beta\"]",
      "instances": [
        {
          "schema_version": 1,
          "attributes": {
            "addons_config": [
              {
                "cloudrun_config": [],
                "config_connector_config": [
                  {
                    "enabled": false
                  }
                ],
                "dns_cache_config": [
                  {
                    "enabled": false
                  }
                ],
                "gce_persistent_disk_csi_driver_config": [
                  {
                    "enabled": false
                  }
                ],
                "horizontal_pod_autoscaling": [
                  {
                    "disabled": false
                  }
                ],
                "http_load_balancing": [
                  {
                    "disabled": false
                  }
                ],
                "istio_config": [
                  {
                    "auth": "AUTH_MUTUAL_TLS",
                    "disabled": true
                  }
                ],
                "kalm_config": [
                  {
                    "enabled": false
                  }
                ],
                "network_policy_config": [
                  {
                    "disabled": false
                  }
                ]
              }
            ],
            "authenticator_groups_config": [],
            "cluster_autoscaling": [
              {
                "auto_provisioning_defaults": [],
                "autoscaling_profile": "BALANCED",
                "enabled": false,
                "resource_limits": []
              }
            ],
            "cluster_ipv4_cidr": "10.96.0.0/14",
            "cluster_telemetry": [
              {
                "type": "ENABLED"
              }
            ],
            "confidential_nodes": [],
            "database_encryption": [
              {
                "key_name": "",
                "state": "DECRYPTED"
              }
            ],
            "datapath_provider": "",
            "default_max_pods_per_node": 110,
            "default_snat_status": [
              {
                "disabled": false
              }
            ],
            "description": "",
            "enable_binary_authorization": false,
            "enable_intranode_visibility": false,
            "enable_kubernetes_alpha": false,
            "enable_legacy_abac": false,
            "enable_shielded_nodes": true,
            "enable_tpu": false,
            "endpoint": "35.230.27.124",
            "id": "projects/jk-mlops-dev/locations/us-west1-a/clusters/tff-client-0",
            "initial_node_count": 0,
            "instance_group_urls": [],
            "ip_allocation_policy": [
              {
                "cluster_ipv4_cidr_block": "10.96.0.0/14",
                "cluster_secondary_range_name": "gke-tff-client-0-pods-0acf7e36",
                "services_ipv4_cidr_block": "10.100.0.0/20",
                "services_secondary_range_name": "gke-tff-client-0-services-0acf7e36"
              }
            ],
            "label_fingerprint": "6affcf98",
            "location": "us-west1-a",
            "logging_service": "logging.googleapis.com/kubernetes",
            "maintenance_policy": [
              {
                "daily_maintenance_window": [
                  {
                    "duration": "PT4H0M0S",
                    "start_time": "05:00"
                  }
                ],
                "maintenance_exclusion": [],
                "recurring_window": []
              }
            ],
            "master_auth": [
              {
                "client_certificate": "",
                "client_certificate_config": [
                  {
                    "issue_client_certificate": false
                  }
                ],
                "client_key": "",
                "cluster_ca_certificate": "LS0tLS1CRUdJTiBDRVJUSUZJQ0FURS0tLS0tCk1JSURLekNDQWhPZ0F3SUJBZ0lSQVBJaThveVRxQ0VQN3Byc1pkaGUrMVV3RFFZSktvWklodmNOQVFFTEJRQXcKTHpFdE1Dc0dBMVVFQXhNa1pUa3hPRFkwTkdJdE9HUmhaUzAwT0dObExUazFZV1F0TlRFeU5HRTRNR1EzTjJZeApNQjRYRFRJeE1ESXlNakl4TXpNek1sb1hEVEkyTURJeU1USXlNek16TWxvd0x6RXRNQ3NHQTFVRUF4TWtaVGt4Ck9EWTBOR0l0T0dSaFpTMDBPR05sTFRrMVlXUXROVEV5TkdFNE1HUTNOMll4TUlJQklqQU5CZ2txaGtpRzl3MEIKQVFFRkFBT0NBUThBTUlJQkNnS0NBUUVBbGtSUDJVd213Z1hIdUVsSDEwTXpmVmxSTmRGQVZrTEtyYU9IeVhGeAp3ZW5mbXdNNXlVTnM3RUt2eEk5NldDU2NXNm5NVUdhYnRVT0dBaVU0ODlPa2JybytXVUlvWlFYb2REWWlnc00vCkVxbzFVZm53RStydGI5RDJKREZlNThpODJiWHVRdzNzYUNNK2R1K1hqS1hSaW53aktxcXo4Q2hIMnI0RDBlYkIKQ3Z3S0dkalphb3BQekloYWRrdkJ0aHNhQWlUYWl4VFNwK2dPd3BtcFRoUE13dnY2MHBSeWNwRDVnZGtiOFBzSQplekhxVXBqNUlueHN0UVlpZUl4bXRkMzE4NkxtdnlOeVdBdG5UTFBVVUl4TTlzcWZNVm5pS2pEV01rbGowRk5mCk1LclNWRnB6ZVNmQTU0czR2Z0FnV3N3b0lrOUoxQy9tVnpyYjZuc3gyc2xPTndJREFRQUJvMEl3UURBT0JnTlYKSFE4QkFmOEVCQU1DQWdRd0R3WURWUjBUQVFIL0JBVXdBd0VCL3pBZEJnTlZIUTRFRmdRVU1wUFFCd2ZMZjBPbgpyOGlNc1hkWXNQVUZUWU13RFFZSktvWklodmNOQVFFTEJRQURnZ0VCQUlObmVKdUpQN3pmRGI2ck9vSkplTGdkCmp6SUZLSXJYUVAzTXE0SituVE1EQkFOWHgwdjEyaHRobnFSMkFoZ1RTeEJyV2IraHpUaXZTb1o4K1p1MUVkdkEKWm1XZy9xMVFTQ1Z5YWJJbFgzNVZjcjQ5cGdFWU13ekEyeEhnQ2tMcGxoQmRJUTRNZGNESXR5N1F6TE10aWd1NQpIclpjME5pRS9HaUFPYnFZbDNqYkdaUVFZQTJ2dHVxRHVveEtlNUpaOHNOb0tWUDVWUmNybi9jSGRRQ3NLYnFLCmlpYjZGNFFGSFJ4Q3hSN0JSdkZlS1BvdlFFRzZqVGhsOEJyT0U5TnI3eEZSa0t2OWlVUUxZb0hBUkx2Z1lQTzIKKzVIUXV6T2hRQUM3VXhBVW13bGFpcDFnL2t3NUo0a0lkU25Yd0xBQzhJTWxhZzdNcEZtVnh5bzV1eFBsZVJ3PQotLS0tLUVORCBDRVJUSUZJQ0FURS0tLS0tCg==",
                "password": "",
                "username": ""
              }
            ],
            "master_authorized_networks_config": [],
            "master_version": "1.18.12-gke.1210",
            "min_master_version": null,
            "monitoring_service": "monitoring.googleapis.com/kubernetes",
            "name": "tff-client-0",
            "network": "projects/jk-mlops-dev/global/networks/default",
            "network_policy": [
              {
                "enabled": true,
                "provider": "CALICO"
              }
            ],
            "networking_mode": "VPC_NATIVE",
            "node_config": [],
            "node_locations": [],
            "node_pool": [],
            "node_version": "1.18.12-gke.1210",
            "notification_config": [
              {
                "pubsub": [
                  {
                    "enabled": false,
                    "topic": ""
                  }
                ]
              }
            ],
            "operation": null,
            "pod_security_policy_config": [
              {
                "enabled": false
              }
            ],
            "private_cluster_config": [],
            "project": "jk-mlops-dev",
            "release_channel": [
              {
                "channel": "REGULAR"
              }
            ],
            "remove_default_node_pool": true,
            "resource_labels": {
              "mesh_id": "proj-895222332033"
            },
            "resource_usage_export_config": [],
            "self_link": "https://container.googleapis.com/v1beta1/projects/jk-mlops-dev/zones/us-west1-a/clusters/tff-client-0",
            "services_ipv4_cidr": "10.100.0.0/20",
            "subnetwork": "projects/jk-mlops-dev/regions/us-west1/subnetworks/default",
            "timeouts": {
              "create": "45m",
              "delete": "45m",
              "read": null,
              "update": "45m"
            },
            "tpu_ipv4_cidr_block": "",
            "vertical_pod_autoscaling": [
              {
                "enabled": false
              }
            ],
            "workload_identity_config": [
              {
                "identity_namespace": "jk-mlops-dev.svc.id.goog"
              }
            ]
          },
          "sensitive_attributes": [],
          "private": "eyJlMmJmYjczMC1lY2FhLTExZTYtOGY4OC0zNDM2M2JjN2M0YzAiOnsiY3JlYXRlIjoyNzAwMDAwMDAwMDAwLCJkZWxldGUiOjI3MDAwMDAwMDAwMDAsInJlYWQiOjI0MDAwMDAwMDAwMDAsInVwZGF0ZSI6MjcwMDAwMDAwMDAwMH0sInNjaGVtYV92ZXJzaW9uIjoiMSJ9",
          "dependencies": [
            "data.google_client_config.current",
            "data.google_project.project",
            "module.client-clusters.data.google_compute_zones.available",
            "module.client-clusters.data.google_container_engine_versions.region",
            "module.client-clusters.data.google_container_engine_versions.zone",
            "module.client-clusters.google_service_account.cluster_service_account",
            "module.client-clusters.random_shuffle.available_zones",
            "module.client-clusters.random_string.cluster_service_account_suffix",
            "module.project-services.google_project_service.project_services"
          ]
        }
      ]
    },
    {
      "module": "module.client-clusters[0]",
      "mode": "managed",
      "type": "google_container_node_pool",
      "name": "pools",
      "provider": "provider[\"registry.terraform.io/hashicorp/google-beta\"]",
      "instances": [
        {
          "index_key": "default-node-pool",
          "schema_version": 1,
          "attributes": {
            "autoscaling": [],
            "cluster": "tff-client-0",
            "id": "projects/jk-mlops-dev/locations/us-west1-a/clusters/tff-client-0/nodePools/default-node-pool",
            "initial_node_count": 1,
            "instance_group_urls": [
              "https://www.googleapis.com/compute/v1/projects/jk-mlops-dev/zones/us-west1-a/instanceGroupManagers/gke-tff-client-0-default-node-pool-a5becb02-grp"
            ],
            "location": "us-west1-a",
            "management": [
              {
                "auto_repair": true,
                "auto_upgrade": true
              }
            ],
            "max_pods_per_node": 110,
            "name": "default-node-pool",
            "name_prefix": "",
            "node_config": [
              {
                "boot_disk_kms_key": "",
                "disk_size_gb": 100,
                "disk_type": "pd-standard",
                "guest_accelerator": [],
                "image_type": "COS",
                "kubelet_config": [],
                "labels": {
                  "cluster_name": "tff-client-0",
                  "node_pool": "default-node-pool"
                },
                "linux_node_config": [],
                "local_ssd_count": 0,
                "machine_type": "n1-standard-4",
                "metadata": {
                  "cluster_name": "tff-client-0",
                  "disable-legacy-endpoints": "true",
                  "node_pool": "default-node-pool"
                },
                "min_cpu_platform": "",
                "oauth_scopes": [
                  "https://www.googleapis.com/auth/cloud-platform"
                ],
                "preemptible": false,
                "sandbox_config": [],
                "service_account": "tf-gke-tff-client-0-mtbs@jk-mlops-dev.iam.gserviceaccount.com",
                "shielded_instance_config": [
                  {
                    "enable_integrity_monitoring": true,
                    "enable_secure_boot": false
                  }
                ],
                "tags": [
                  "gke-tff-client-0",
                  "gke-tff-client-0-default-node-pool"
                ],
                "taint": [],
                "workload_metadata_config": [
                  {
                    "node_metadata": "GKE_METADATA_SERVER"
                  }
                ]
              }
            ],
            "node_count": 1,
            "node_locations": [
              "us-west1-a"
            ],
            "project": "jk-mlops-dev",
            "timeouts": {
              "create": "45m",
              "delete": "45m",
              "update": "45m"
            },
            "upgrade_settings": [
              {
                "max_surge": 1,
                "max_unavailable": 0
              }
            ],
            "version": "1.18.12-gke.1210"
          },
          "sensitive_attributes": [],
          "private": "eyJlMmJmYjczMC1lY2FhLTExZTYtOGY4OC0zNDM2M2JjN2M0YzAiOnsiY3JlYXRlIjoyNzAwMDAwMDAwMDAwLCJkZWxldGUiOjI3MDAwMDAwMDAwMDAsInVwZGF0ZSI6MjcwMDAwMDAwMDAwMH0sInNjaGVtYV92ZXJzaW9uIjoiMSJ9",
          "dependencies": [
            "data.google_client_config.current",
            "data.google_project.project",
            "module.client-clusters.data.google_compute_zones.available",
            "module.client-clusters.data.google_container_engine_versions.region",
            "module.client-clusters.data.google_container_engine_versions.zone",
            "module.client-clusters.google_container_cluster.primary",
            "module.client-clusters.google_service_account.cluster_service_account",
            "module.client-clusters.random_shuffle.available_zones",
            "module.client-clusters.random_string.cluster_service_account_suffix",
            "module.project-services.google_project_service.project_services"
          ]
        }
      ]
    },
    {
      "module": "module.client-clusters[0]",
      "mode": "managed",
      "type": "google_project_iam_member",
      "name": "cluster_service_account-artifact-registry",
      "provider": "provider[\"registry.terraform.io/hashicorp/google\"]",
      "instances": [
        {
          "index_key": "jk-mlops-dev",
          "schema_version": 0,
          "attributes": {
            "condition": [],
            "etag": "BwW79GQCuos=",
            "id": "jk-mlops-dev/roles/artifactregistry.reader/serviceaccount:tf-gke-tff-client-0-mtbs@jk-mlops-dev.iam.gserviceaccount.com",
            "member": "serviceAccount:tf-gke-tff-client-0-mtbs@jk-mlops-dev.iam.gserviceaccount.com",
            "project": "jk-mlops-dev",
            "role": "roles/artifactregistry.reader"
          },
          "sensitive_attributes": [],
          "private": "bnVsbA==",
          "dependencies": [
            "data.google_client_config.current",
            "module.client-clusters.google_service_account.cluster_service_account",
            "module.client-clusters.random_string.cluster_service_account_suffix",
            "module.project-services.google_project_service.project_services"
          ]
        }
      ]
    },
    {
      "module": "module.client-clusters[0]",
      "mode": "managed",
      "type": "google_project_iam_member",
      "name": "cluster_service_account-gcr",
      "provider": "provider[\"registry.terraform.io/hashicorp/google\"]",
      "instances": [
        {
          "index_key": "jk-mlops-dev",
          "schema_version": 0,
          "attributes": {
            "condition": [],
            "etag": "BwW79GQCuos=",
            "id": "jk-mlops-dev/roles/storage.objectViewer/serviceaccount:tf-gke-tff-client-0-mtbs@jk-mlops-dev.iam.gserviceaccount.com",
            "member": "serviceAccount:tf-gke-tff-client-0-mtbs@jk-mlops-dev.iam.gserviceaccount.com",
            "project": "jk-mlops-dev",
            "role": "roles/storage.objectViewer"
          },
          "sensitive_attributes": [],
          "private": "bnVsbA==",
          "dependencies": [
            "data.google_client_config.current",
            "module.client-clusters.google_service_account.cluster_service_account",
            "module.client-clusters.random_string.cluster_service_account_suffix",
            "module.project-services.google_project_service.project_services"
          ]
        }
      ]
    },
    {
      "module": "module.client-clusters[0]",
      "mode": "managed",
      "type": "google_project_iam_member",
      "name": "cluster_service_account-log_writer",
      "provider": "provider[\"registry.terraform.io/hashicorp/google\"]",
      "instances": [
        {
          "index_key": 0,
          "schema_version": 0,
          "attributes": {
            "condition": [],
            "etag": "BwW79GQCuos=",
            "id": "jk-mlops-dev/roles/logging.logWriter/serviceaccount:tf-gke-tff-client-0-mtbs@jk-mlops-dev.iam.gserviceaccount.com",
            "member": "serviceAccount:tf-gke-tff-client-0-mtbs@jk-mlops-dev.iam.gserviceaccount.com",
            "project": "jk-mlops-dev",
            "role": "roles/logging.logWriter"
          },
          "sensitive_attributes": [],
          "private": "bnVsbA==",
          "dependencies": [
            "data.google_client_config.current",
            "module.client-clusters.google_service_account.cluster_service_account",
            "module.client-clusters.random_string.cluster_service_account_suffix",
            "module.project-services.google_project_service.project_services"
          ]
        }
      ]
    },
    {
      "module": "module.client-clusters[0]",
      "mode": "managed",
      "type": "google_project_iam_member",
      "name": "cluster_service_account-metric_writer",
      "provider": "provider[\"registry.terraform.io/hashicorp/google\"]",
      "instances": [
        {
          "index_key": 0,
          "schema_version": 0,
          "attributes": {
            "condition": [],
            "etag": "BwW79GR4DCA=",
            "id": "jk-mlops-dev/roles/monitoring.metricWriter/serviceaccount:tf-gke-tff-client-0-mtbs@jk-mlops-dev.iam.gserviceaccount.com",
            "member": "serviceAccount:tf-gke-tff-client-0-mtbs@jk-mlops-dev.iam.gserviceaccount.com",
            "project": "jk-mlops-dev",
            "role": "roles/monitoring.metricWriter"
          },
          "sensitive_attributes": [],
          "private": "bnVsbA==",
          "dependencies": [
            "data.google_client_config.current",
            "module.client-clusters.google_project_iam_member.cluster_service_account-log_writer",
            "module.client-clusters.google_service_account.cluster_service_account",
            "module.client-clusters.random_string.cluster_service_account_suffix",
            "module.project-services.google_project_service.project_services"
          ]
        }
      ]
    },
    {
      "module": "module.client-clusters[0]",
      "mode": "managed",
      "type": "google_project_iam_member",
      "name": "cluster_service_account-monitoring_viewer",
      "provider": "provider[\"registry.terraform.io/hashicorp/google\"]",
      "instances": [
        {
          "index_key": 0,
          "schema_version": 0,
          "attributes": {
            "condition": [],
            "etag": "BwW79GTtSUk=",
            "id": "jk-mlops-dev/roles/monitoring.viewer/serviceaccount:tf-gke-tff-client-0-mtbs@jk-mlops-dev.iam.gserviceaccount.com",
            "member": "serviceAccount:tf-gke-tff-client-0-mtbs@jk-mlops-dev.iam.gserviceaccount.com",
            "project": "jk-mlops-dev",
            "role": "roles/monitoring.viewer"
          },
          "sensitive_attributes": [],
          "private": "bnVsbA==",
          "dependencies": [
            "data.google_client_config.current",
            "module.client-clusters.google_project_iam_member.cluster_service_account-log_writer",
            "module.client-clusters.google_project_iam_member.cluster_service_account-metric_writer",
            "module.client-clusters.google_service_account.cluster_service_account",
            "module.client-clusters.random_string.cluster_service_account_suffix",
            "module.project-services.google_project_service.project_services"
          ]
        }
      ]
    },
    {
      "module": "module.client-clusters[0]",
      "mode": "managed",
      "type": "google_project_iam_member",
      "name": "cluster_service_account-resourceMetadata-writer",
      "provider": "provider[\"registry.terraform.io/hashicorp/google\"]",
      "instances": [
        {
          "index_key": 0,
          "schema_version": 0,
          "attributes": {
            "condition": [],
            "etag": "BwW79GVh2Nw=",
            "id": "jk-mlops-dev/roles/stackdriver.resourceMetadata.writer/serviceaccount:tf-gke-tff-client-0-mtbs@jk-mlops-dev.iam.gserviceaccount.com",
            "member": "serviceAccount:tf-gke-tff-client-0-mtbs@jk-mlops-dev.iam.gserviceaccount.com",
            "project": "jk-mlops-dev",
            "role": "roles/stackdriver.resourceMetadata.writer"
          },
          "sensitive_attributes": [],
          "private": "bnVsbA==",
          "dependencies": [
            "data.google_client_config.current",
            "module.client-clusters.google_project_iam_member.cluster_service_account-log_writer",
            "module.client-clusters.google_project_iam_member.cluster_service_account-metric_writer",
            "module.client-clusters.google_project_iam_member.cluster_service_account-monitoring_viewer",
            "module.client-clusters.google_service_account.cluster_service_account",
            "module.client-clusters.random_string.cluster_service_account_suffix",
            "module.project-services.google_project_service.project_services"
          ]
        }
      ]
    },
    {
      "module": "module.client-clusters[0]",
      "mode": "managed",
      "type": "google_service_account",
      "name": "cluster_service_account",
      "provider": "provider[\"registry.terraform.io/hashicorp/google\"]",
      "instances": [
        {
          "index_key": 0,
          "schema_version": 0,
          "attributes": {
            "account_id": "tf-gke-tff-client-0-mtbs",
            "description": "",
            "display_name": "Terraform-managed service account for cluster tff-client-0",
            "email": "tf-gke-tff-client-0-mtbs@jk-mlops-dev.iam.gserviceaccount.com",
            "id": "projects/jk-mlops-dev/serviceAccounts/tf-gke-tff-client-0-mtbs@jk-mlops-dev.iam.gserviceaccount.com",
            "name": "projects/jk-mlops-dev/serviceAccounts/tf-gke-tff-client-0-mtbs@jk-mlops-dev.iam.gserviceaccount.com",
            "project": "jk-mlops-dev",
            "timeouts": null,
            "unique_id": "117818079080444032507"
          },
          "sensitive_attributes": [],
          "private": "eyJlMmJmYjczMC1lY2FhLTExZTYtOGY4OC0zNDM2M2JjN2M0YzAiOnsiY3JlYXRlIjozMDAwMDAwMDAwMDB9fQ==",
          "dependencies": [
            "data.google_client_config.current",
            "module.client-clusters.random_string.cluster_service_account_suffix",
            "module.project-services.google_project_service.project_services"
          ]
        }
      ]
    },
    {
      "module": "module.client-clusters[0]",
      "mode": "managed",
      "type": "random_shuffle",
      "name": "available_zones",
      "provider": "provider[\"registry.terraform.io/hashicorp/random\"]",
      "instances": [
        {
          "schema_version": 0,
          "attributes": {
            "id": "-",
            "input": [
              "us-west1-a",
              "us-west1-b",
              "us-west1-c"
            ],
            "keepers": null,
            "result": [
              "us-west1-a",
              "us-west1-c",
              "us-west1-b"
            ],
            "result_count": 3,
            "seed": null
          },
          "sensitive_attributes": [],
          "private": "bnVsbA==",
          "dependencies": [
            "module.client-clusters.data.google_compute_zones.available"
          ]
        }
      ]
    },
    {
      "module": "module.client-clusters[0]",
      "mode": "managed",
      "type": "random_string",
      "name": "cluster_service_account_suffix",
      "provider": "provider[\"registry.terraform.io/hashicorp/random\"]",
      "instances": [
        {
          "schema_version": 1,
          "attributes": {
            "id": "mtbs",
            "keepers": null,
            "length": 4,
            "lower": true,
            "min_lower": 0,
            "min_numeric": 0,
            "min_special": 0,
            "min_upper": 0,
            "number": true,
            "override_special": null,
            "result": "mtbs",
            "special": false,
            "upper": false
          },
          "sensitive_attributes": [],
          "private": "eyJzY2hlbWFfdmVyc2lvbiI6IjEifQ=="
        }
      ]
    },
    {
      "module": "module.client-clusters[0].module.gcloud_delete_default_kube_dns_configmap.module.gcloud_kubectl",
      "mode": "managed",
      "type": "null_resource",
      "name": "module_depends_on",
      "provider": "provider[\"registry.terraform.io/hashicorp/null\"]",
      "instances": [
        {
          "index_key": 0,
          "schema_version": 0,
          "attributes": {
            "id": "4071700200974394205",
            "triggers": {
              "value": "3"
            }
          },
          "sensitive_attributes": [],
          "private": "bnVsbA==",
          "dependencies": [
            "data.google_client_config.current",
            "data.google_project.project",
            "module.client-clusters.data.google_client_config.default",
            "module.client-clusters.data.google_compute_zones.available",
            "module.client-clusters.data.google_container_engine_versions.region",
            "module.client-clusters.data.google_container_engine_versions.zone",
            "module.client-clusters.google_container_cluster.primary",
            "module.client-clusters.google_container_node_pool.pools",
            "module.client-clusters.google_service_account.cluster_service_account",
            "module.client-clusters.random_shuffle.available_zones",
            "module.client-clusters.random_string.cluster_service_account_suffix",
            "module.project-services.google_project_service.project_services"
          ]
        }
      ]
    },
    {
      "module": "module.client-clusters[1]",
      "mode": "data",
      "type": "google_client_config",
      "name": "default",
      "provider": "provider[\"registry.terraform.io/hashicorp/google-beta\"]",
      "instances": [
        {
          "schema_version": 0,
          "attributes": {
            "access_token": "ya29.A0AfH6SMC7kno7ALprv77YGBaAUeri-1BPfM5yJjpB3iwSivnBSgLlUOEL84bfdxI1LZbJSt-ZDUtpLUbm-fazPqk6IkKxxdP_jIsgXWdtS4gX0JJNtFIhYmXSLfWS1T4oTZpyYhnno-ykmSbQ8vzRjzATb1sxAt3AT17tpvYi7Sqax5Jy87RD3Q73IJS5RjOqpG1QdBex-GiSJb2LbyhxdZgHhtxIETirzptAaZG5LnwQioFx4PjHLi7d-kiey7jHcA8gGnM",
            "id": "projects//regions//zones/",
            "project": "",
            "region": "",
            "zone": ""
          },
          "sensitive_attributes": []
        }
      ]
    },
    {
      "module": "module.client-clusters[1]",
      "mode": "data",
      "type": "google_compute_zones",
      "name": "available",
      "provider": "provider[\"registry.terraform.io/hashicorp/google-beta\"]",
      "instances": [
        {
          "schema_version": 0,
          "attributes": {
            "id": "projects/jk-mlops-dev/regions/us-west1",
            "names": [
              "us-west1-a",
              "us-west1-b",
              "us-west1-c"
            ],
            "project": "jk-mlops-dev",
            "region": "us-west1",
            "status": null
          },
          "sensitive_attributes": []
        }
      ]
    },
    {
      "module": "module.client-clusters[1]",
      "mode": "data",
      "type": "google_container_engine_versions",
      "name": "region",
      "provider": "provider[\"registry.terraform.io/hashicorp/google\"]",
      "instances": [
        {
          "schema_version": 0,
          "attributes": {
            "default_cluster_version": "1.17.15-gke.800",
            "id": "2021-02-22 22:33:08.604897497 +0000 UTC",
            "latest_master_version": "1.18.15-gke.1500",
            "latest_node_version": "1.18.15-gke.1500",
            "location": "us-west1-a",
            "project": "jk-mlops-dev",
            "release_channel_default_version": {
              "RAPID": "1.19.7-gke.1302",
              "REGULAR": "1.18.12-gke.1210",
              "STABLE": "1.17.15-gke.800"
            },
            "valid_master_versions": [
              "1.18.15-gke.1500",
              "1.18.15-gke.1100",
              "1.18.14-gke.1600",
              "1.18.14-gke.1200",
              "1.18.12-gke.1210",
              "1.18.12-gke.1206",
              "1.17.17-gke.1500",
              "1.17.17-gke.1100",
              "1.17.17-gke.600",
              "1.17.16-gke.1600",
              "1.17.16-gke.1300",
              "1.17.15-gke.800",
              "1.16.15-gke.11800",
              "1.16.15-gke.10600",
              "1.16.15-gke.7800",
              "1.15.12-gke.6002"
            ],
            "valid_node_versions": [
              "1.18.15-gke.1500",
              "1.18.15-gke.1100",
              "1.18.15-gke.800",
              "1.18.14-gke.1600",
              "1.18.14-gke.1200",
              "1.18.12-gke.1210",
              "1.18.12-gke.1206",
              "1.18.12-gke.1205",
              "1.18.12-gke.1201",
              "1.18.12-gke.1200",
              "1.18.12-gke.300",
              "1.18.10-gke.2701",
              "1.18.10-gke.2101",
              "1.18.10-gke.1500",
              "1.18.10-gke.601",
              "1.18.9-gke.2501",
              "1.18.9-gke.1501",
              "1.18.9-gke.801",
              "1.18.6-gke.4801",
              "1.18.6-gke.3504",
              "1.18.6-gke.3503",
              "1.17.17-gke.1500",
              "1.17.17-gke.1100",
              "1.17.17-gke.600",
              "1.17.16-gke.1600",
              "1.17.16-gke.1300",
              "1.17.15-gke.800",
              "1.17.15-gke.300",
              "1.17.14-gke.1600",
              "1.17.14-gke.1200",
              "1.17.14-gke.400",
              "1.17.13-gke.2600",
              "1.17.13-gke.2001",
              "1.17.13-gke.1401",
              "1.17.13-gke.1400",
              "1.17.13-gke.600",
              "1.17.12-gke.2502",
              "1.17.12-gke.1504",
              "1.17.12-gke.1501",
              "1.17.12-gke.500",
              "1.17.9-gke.6300",
              "1.17.9-gke.1504",
              "1.16.15-gke.11800",
              "1.16.15-gke.10600",
              "1.16.15-gke.7800",
              "1.16.15-gke.7300",
              "1.16.15-gke.6900",
              "1.16.15-gke.6000",
              "1.16.15-gke.5500",
              "1.16.15-gke.4901",
              "1.16.15-gke.4301",
              "1.16.15-gke.4300",
              "1.16.15-gke.3500",
              "1.16.15-gke.2601",
              "1.16.15-gke.1600",
              "1.16.15-gke.500",
              "1.16.13-gke.404",
              "1.16.13-gke.403",
              "1.16.13-gke.401",
              "1.16.13-gke.400",
              "1.16.13-gke.1",
              "1.16.11-gke.5",
              "1.16.10-gke.8",
              "1.16.9-gke.6",
              "1.16.9-gke.2",
              "1.16.8-gke.15",
              "1.16.8-gke.12",
              "1.16.8-gke.9",
              "1.15.12-gke.6002",
              "1.15.12-gke.6001",
              "1.15.12-gke.5000",
              "1.15.12-gke.4002",
              "1.15.12-gke.4000",
              "1.15.12-gke.20",
              "1.15.12-gke.17",
              "1.15.12-gke.16",
              "1.15.12-gke.13",
              "1.15.12-gke.9",
              "1.15.12-gke.6",
              "1.15.12-gke.3",
              "1.15.12-gke.2",
              "1.15.11-gke.17",
              "1.15.11-gke.15",
              "1.15.11-gke.13",
              "1.15.11-gke.12",
              "1.15.11-gke.11",
              "1.15.11-gke.9",
              "1.15.11-gke.5",
              "1.15.11-gke.3",
              "1.15.11-gke.1",
              "1.15.9-gke.26",
              "1.15.9-gke.24",
              "1.15.9-gke.22",
              "1.15.9-gke.12",
              "1.15.9-gke.9",
              "1.15.9-gke.8",
              "1.15.8-gke.3",
              "1.15.8-gke.2",
              "1.15.7-gke.23",
              "1.15.7-gke.2",
              "1.15.4-gke.22",
              "1.14.10-gke.1504",
              "1.14.10-gke.902",
              "1.14.10-gke.50",
              "1.14.10-gke.46",
              "1.14.10-gke.45",
              "1.14.10-gke.42",
              "1.14.10-gke.41",
              "1.14.10-gke.40",
              "1.14.10-gke.37",
              "1.14.10-gke.36",
              "1.14.10-gke.34",
              "1.14.10-gke.32",
              "1.14.10-gke.31",
              "1.14.10-gke.27",
              "1.14.10-gke.24",
              "1.14.10-gke.22",
              "1.14.10-gke.21",
              "1.14.10-gke.17",
              "1.14.10-gke.0",
              "1.14.9-gke.23",
              "1.14.9-gke.2",
              "1.14.9-gke.0",
              "1.14.8-gke.33",
              "1.14.8-gke.21",
              "1.14.8-gke.18",
              "1.14.8-gke.17",
              "1.14.8-gke.14",
              "1.14.8-gke.12",
              "1.14.8-gke.7",
              "1.14.8-gke.2",
              "1.14.7-gke.40",
              "1.14.7-gke.25",
              "1.14.7-gke.23",
              "1.14.7-gke.17",
              "1.14.7-gke.14",
              "1.14.7-gke.10",
              "1.14.6-gke.13",
              "1.14.6-gke.2",
              "1.14.6-gke.1",
              "1.14.3-gke.11",
              "1.14.3-gke.10",
              "1.14.3-gke.9",
              "1.14.2-gke.9",
              "1.14.1-gke.5",
              "1.13.12-gke.30",
              "1.13.12-gke.25",
              "1.13.12-gke.17",
              "1.13.12-gke.16",
              "1.13.12-gke.14",
              "1.13.12-gke.13",
              "1.13.12-gke.10",
              "1.13.12-gke.8",
              "1.13.12-gke.4",
              "1.13.12-gke.2",
              "1.13.11-gke.23",
              "1.13.11-gke.15",
              "1.13.11-gke.14",
              "1.13.11-gke.12",
              "1.13.11-gke.11",
              "1.13.11-gke.9",
              "1.13.11-gke.5",
              "1.13.10-gke.7",
              "1.13.10-gke.0",
              "1.13.9-gke.11",
              "1.13.9-gke.3",
              "1.13.7-gke.24",
              "1.13.7-gke.19",
              "1.13.7-gke.15",
              "1.13.7-gke.8",
              "1.13.7-gke.0",
              "1.13.6-gke.13",
              "1.13.6-gke.6",
              "1.13.6-gke.5",
              "1.13.6-gke.0",
              "1.13.5-gke.10",
              "1.12.10-gke.22",
              "1.12.10-gke.20",
              "1.12.10-gke.19",
              "1.12.10-gke.18",
              "1.12.10-gke.17",
              "1.12.10-gke.15",
              "1.12.10-gke.13",
              "1.12.10-gke.11",
              "1.12.10-gke.5",
              "1.12.9-gke.16",
              "1.12.9-gke.15",
              "1.12.9-gke.13",
              "1.12.9-gke.10",
              "1.12.9-gke.7",
              "1.12.9-gke.3",
              "1.12.8-gke.12",
              "1.12.8-gke.10",
              "1.12.8-gke.7",
              "1.12.8-gke.6",
              "1.12.7-gke.26",
              "1.12.7-gke.25",
              "1.12.7-gke.24",
              "1.12.7-gke.22",
              "1.12.7-gke.21",
              "1.12.7-gke.17",
              "1.12.7-gke.10",
              "1.12.7-gke.7",
              "1.12.6-gke.11",
              "1.12.6-gke.10",
              "1.12.6-gke.7",
              "1.12.5-gke.10",
              "1.12.5-gke.5",
              "1.11.10-gke.6",
              "1.11.10-gke.5"
            ],
            "version_prefix": null
          },
          "sensitive_attributes": []
        }
      ]
    },
    {
      "module": "module.client-clusters[1]",
      "mode": "data",
      "type": "google_container_engine_versions",
      "name": "zone",
      "provider": "provider[\"registry.terraform.io/hashicorp/google\"]",
      "instances": [
        {
          "schema_version": 0,
          "attributes": {
            "default_cluster_version": "1.17.15-gke.800",
            "id": "2021-02-22 22:33:08.963783801 +0000 UTC",
            "latest_master_version": "1.18.15-gke.1500",
            "latest_node_version": "1.18.15-gke.1500",
            "location": "us-west1-a",
            "project": "jk-mlops-dev",
            "release_channel_default_version": {
              "RAPID": "1.19.7-gke.1302",
              "REGULAR": "1.18.12-gke.1210",
              "STABLE": "1.17.15-gke.800"
            },
            "valid_master_versions": [
              "1.18.15-gke.1500",
              "1.18.15-gke.1100",
              "1.18.14-gke.1600",
              "1.18.14-gke.1200",
              "1.18.12-gke.1210",
              "1.18.12-gke.1206",
              "1.17.17-gke.1500",
              "1.17.17-gke.1100",
              "1.17.17-gke.600",
              "1.17.16-gke.1600",
              "1.17.16-gke.1300",
              "1.17.15-gke.800",
              "1.16.15-gke.11800",
              "1.16.15-gke.10600",
              "1.16.15-gke.7800",
              "1.15.12-gke.6002"
            ],
            "valid_node_versions": [
              "1.18.15-gke.1500",
              "1.18.15-gke.1100",
              "1.18.15-gke.800",
              "1.18.14-gke.1600",
              "1.18.14-gke.1200",
              "1.18.12-gke.1210",
              "1.18.12-gke.1206",
              "1.18.12-gke.1205",
              "1.18.12-gke.1201",
              "1.18.12-gke.1200",
              "1.18.12-gke.300",
              "1.18.10-gke.2701",
              "1.18.10-gke.2101",
              "1.18.10-gke.1500",
              "1.18.10-gke.601",
              "1.18.9-gke.2501",
              "1.18.9-gke.1501",
              "1.18.9-gke.801",
              "1.18.6-gke.4801",
              "1.18.6-gke.3504",
              "1.18.6-gke.3503",
              "1.17.17-gke.1500",
              "1.17.17-gke.1100",
              "1.17.17-gke.600",
              "1.17.16-gke.1600",
              "1.17.16-gke.1300",
              "1.17.15-gke.800",
              "1.17.15-gke.300",
              "1.17.14-gke.1600",
              "1.17.14-gke.1200",
              "1.17.14-gke.400",
              "1.17.13-gke.2600",
              "1.17.13-gke.2001",
              "1.17.13-gke.1401",
              "1.17.13-gke.1400",
              "1.17.13-gke.600",
              "1.17.12-gke.2502",
              "1.17.12-gke.1504",
              "1.17.12-gke.1501",
              "1.17.12-gke.500",
              "1.17.9-gke.6300",
              "1.17.9-gke.1504",
              "1.16.15-gke.11800",
              "1.16.15-gke.10600",
              "1.16.15-gke.7800",
              "1.16.15-gke.7300",
              "1.16.15-gke.6900",
              "1.16.15-gke.6000",
              "1.16.15-gke.5500",
              "1.16.15-gke.4901",
              "1.16.15-gke.4301",
              "1.16.15-gke.4300",
              "1.16.15-gke.3500",
              "1.16.15-gke.2601",
              "1.16.15-gke.1600",
              "1.16.15-gke.500",
              "1.16.13-gke.404",
              "1.16.13-gke.403",
              "1.16.13-gke.401",
              "1.16.13-gke.400",
              "1.16.13-gke.1",
              "1.16.11-gke.5",
              "1.16.10-gke.8",
              "1.16.9-gke.6",
              "1.16.9-gke.2",
              "1.16.8-gke.15",
              "1.16.8-gke.12",
              "1.16.8-gke.9",
              "1.15.12-gke.6002",
              "1.15.12-gke.6001",
              "1.15.12-gke.5000",
              "1.15.12-gke.4002",
              "1.15.12-gke.4000",
              "1.15.12-gke.20",
              "1.15.12-gke.17",
              "1.15.12-gke.16",
              "1.15.12-gke.13",
              "1.15.12-gke.9",
              "1.15.12-gke.6",
              "1.15.12-gke.3",
              "1.15.12-gke.2",
              "1.15.11-gke.17",
              "1.15.11-gke.15",
              "1.15.11-gke.13",
              "1.15.11-gke.12",
              "1.15.11-gke.11",
              "1.15.11-gke.9",
              "1.15.11-gke.5",
              "1.15.11-gke.3",
              "1.15.11-gke.1",
              "1.15.9-gke.26",
              "1.15.9-gke.24",
              "1.15.9-gke.22",
              "1.15.9-gke.12",
              "1.15.9-gke.9",
              "1.15.9-gke.8",
              "1.15.8-gke.3",
              "1.15.8-gke.2",
              "1.15.7-gke.23",
              "1.15.7-gke.2",
              "1.15.4-gke.22",
              "1.14.10-gke.1504",
              "1.14.10-gke.902",
              "1.14.10-gke.50",
              "1.14.10-gke.46",
              "1.14.10-gke.45",
              "1.14.10-gke.42",
              "1.14.10-gke.41",
              "1.14.10-gke.40",
              "1.14.10-gke.37",
              "1.14.10-gke.36",
              "1.14.10-gke.34",
              "1.14.10-gke.32",
              "1.14.10-gke.31",
              "1.14.10-gke.27",
              "1.14.10-gke.24",
              "1.14.10-gke.22",
              "1.14.10-gke.21",
              "1.14.10-gke.17",
              "1.14.10-gke.0",
              "1.14.9-gke.23",
              "1.14.9-gke.2",
              "1.14.9-gke.0",
              "1.14.8-gke.33",
              "1.14.8-gke.21",
              "1.14.8-gke.18",
              "1.14.8-gke.17",
              "1.14.8-gke.14",
              "1.14.8-gke.12",
              "1.14.8-gke.7",
              "1.14.8-gke.2",
              "1.14.7-gke.40",
              "1.14.7-gke.25",
              "1.14.7-gke.23",
              "1.14.7-gke.17",
              "1.14.7-gke.14",
              "1.14.7-gke.10",
              "1.14.6-gke.13",
              "1.14.6-gke.2",
              "1.14.6-gke.1",
              "1.14.3-gke.11",
              "1.14.3-gke.10",
              "1.14.3-gke.9",
              "1.14.2-gke.9",
              "1.14.1-gke.5",
              "1.13.12-gke.30",
              "1.13.12-gke.25",
              "1.13.12-gke.17",
              "1.13.12-gke.16",
              "1.13.12-gke.14",
              "1.13.12-gke.13",
              "1.13.12-gke.10",
              "1.13.12-gke.8",
              "1.13.12-gke.4",
              "1.13.12-gke.2",
              "1.13.11-gke.23",
              "1.13.11-gke.15",
              "1.13.11-gke.14",
              "1.13.11-gke.12",
              "1.13.11-gke.11",
              "1.13.11-gke.9",
              "1.13.11-gke.5",
              "1.13.10-gke.7",
              "1.13.10-gke.0",
              "1.13.9-gke.11",
              "1.13.9-gke.3",
              "1.13.7-gke.24",
              "1.13.7-gke.19",
              "1.13.7-gke.15",
              "1.13.7-gke.8",
              "1.13.7-gke.0",
              "1.13.6-gke.13",
              "1.13.6-gke.6",
              "1.13.6-gke.5",
              "1.13.6-gke.0",
              "1.13.5-gke.10",
              "1.12.10-gke.22",
              "1.12.10-gke.20",
              "1.12.10-gke.19",
              "1.12.10-gke.18",
              "1.12.10-gke.17",
              "1.12.10-gke.15",
              "1.12.10-gke.13",
              "1.12.10-gke.11",
              "1.12.10-gke.5",
              "1.12.9-gke.16",
              "1.12.9-gke.15",
              "1.12.9-gke.13",
              "1.12.9-gke.10",
              "1.12.9-gke.7",
              "1.12.9-gke.3",
              "1.12.8-gke.12",
              "1.12.8-gke.10",
              "1.12.8-gke.7",
              "1.12.8-gke.6",
              "1.12.7-gke.26",
              "1.12.7-gke.25",
              "1.12.7-gke.24",
              "1.12.7-gke.22",
              "1.12.7-gke.21",
              "1.12.7-gke.17",
              "1.12.7-gke.10",
              "1.12.7-gke.7",
              "1.12.6-gke.11",
              "1.12.6-gke.10",
              "1.12.6-gke.7",
              "1.12.5-gke.10",
              "1.12.5-gke.5",
              "1.11.10-gke.6",
              "1.11.10-gke.5"
            ],
            "version_prefix": null
          },
          "sensitive_attributes": []
        }
      ]
    },
    {
      "module": "module.client-clusters[1]",
      "mode": "managed",
      "type": "google_container_cluster",
      "name": "primary",
      "provider": "provider[\"registry.terraform.io/hashicorp/google-beta\"]",
      "instances": [
        {
          "schema_version": 1,
          "attributes": {
            "addons_config": [
              {
                "cloudrun_config": [],
                "config_connector_config": [
                  {
                    "enabled": false
                  }
                ],
                "dns_cache_config": [
                  {
                    "enabled": false
                  }
                ],
                "gce_persistent_disk_csi_driver_config": [
                  {
                    "enabled": false
                  }
                ],
                "horizontal_pod_autoscaling": [
                  {
                    "disabled": false
                  }
                ],
                "http_load_balancing": [
                  {
                    "disabled": false
                  }
                ],
                "istio_config": [
                  {
                    "auth": "AUTH_MUTUAL_TLS",
                    "disabled": true
                  }
                ],
                "kalm_config": [
                  {
                    "enabled": false
                  }
                ],
                "network_policy_config": [
                  {
                    "disabled": false
                  }
                ]
              }
            ],
            "authenticator_groups_config": [],
            "cluster_autoscaling": [
              {
                "auto_provisioning_defaults": [],
                "autoscaling_profile": "BALANCED",
                "enabled": false,
                "resource_limits": []
              }
            ],
            "cluster_ipv4_cidr": "10.24.0.0/14",
            "cluster_telemetry": [
              {
                "type": "ENABLED"
              }
            ],
            "confidential_nodes": [],
            "database_encryption": [
              {
                "key_name": "",
                "state": "DECRYPTED"
              }
            ],
            "datapath_provider": "",
            "default_max_pods_per_node": 110,
            "default_snat_status": [
              {
                "disabled": false
              }
            ],
            "description": "",
            "enable_binary_authorization": false,
            "enable_intranode_visibility": false,
            "enable_kubernetes_alpha": false,
            "enable_legacy_abac": false,
            "enable_shielded_nodes": true,
            "enable_tpu": false,
            "endpoint": "35.203.178.96",
            "id": "projects/jk-mlops-dev/locations/us-west1-a/clusters/tff-client-1",
            "initial_node_count": 0,
            "instance_group_urls": [],
            "ip_allocation_policy": [
              {
                "cluster_ipv4_cidr_block": "10.24.0.0/14",
                "cluster_secondary_range_name": "gke-tff-client-1-pods-b91a142d",
                "services_ipv4_cidr_block": "10.28.0.0/20",
                "services_secondary_range_name": "gke-tff-client-1-services-b91a142d"
              }
            ],
            "label_fingerprint": "6affcf98",
            "location": "us-west1-a",
            "logging_service": "logging.googleapis.com/kubernetes",
            "maintenance_policy": [
              {
                "daily_maintenance_window": [
                  {
                    "duration": "PT4H0M0S",
                    "start_time": "05:00"
                  }
                ],
                "maintenance_exclusion": [],
                "recurring_window": []
              }
            ],
            "master_auth": [
              {
                "client_certificate": "",
                "client_certificate_config": [
                  {
                    "issue_client_certificate": false
                  }
                ],
                "client_key": "",
                "cluster_ca_certificate": "LS0tLS1CRUdJTiBDRVJUSUZJQ0FURS0tLS0tCk1JSURLekNDQWhPZ0F3SUJBZ0lSQU1Sb0lrV2hjL1RPUDhuWFdod1VvdVV3RFFZSktvWklodmNOQVFFTEJRQXcKTHpFdE1Dc0dBMVVFQXhNa1pqUTFaV0kxWkdVdFpXRTJNeTAwTVRNNExUazNaV010TXpRd1pqSTNNV1V6WVdJdwpNQjRYRFRJeE1ESXlNakl4TXpNek1sb1hEVEkyTURJeU1USXlNek16TWxvd0x6RXRNQ3NHQTFVRUF4TWtaalExClpXSTFaR1V0WldFMk15MDBNVE00TFRrM1pXTXRNelF3WmpJM01XVXpZV0l3TUlJQklqQU5CZ2txaGtpRzl3MEIKQVFFRkFBT0NBUThBTUlJQkNnS0NBUUVBdnA1cGUrcUxacUZZdyt3ajFVb2R4UW8rdVN0VENYRUhrRHFsVXdEbgpBYktOV3doTzdSYm5OY3ZWQXRMYnZrTVdVdm41aEZXU09WQk4yTGkxTWJkRktVcjdGY1FuT292TzF5Qmt1bzBuCkZJNzlNMVBOcld0dGdDd2xaQTZpS1FDOUI4V0ZBR0NraE5scE5Zc1FiZ2JQN3g5Vk1nYmxGdUo0UzlBNE1mYmQKRTUzZFFXQmFoajhUbXVST2JDZFVrTExRNTdGR3BoL0s1Nk8zcGtwalBTL0hNRDYvWDEyOG14ZnNndjlWT1dpVgpWeVg0VDhvT1hraDRhVGE0S2xuaXNhZ2VsOHlrc0ljWjlhbDg0TTRMN2tWVzNLZkNJYndvdVk5R1NJdGhFY2hNClpLWjk1Y1BndU9WN0lCUTMvc1A1WGhzYjIrYmtVanVwZU9NMTB2SmZaaDIwU3dJREFRQUJvMEl3UURBT0JnTlYKSFE4QkFmOEVCQU1DQWdRd0R3WURWUjBUQVFIL0JBVXdBd0VCL3pBZEJnTlZIUTRFRmdRVU9nWFdIT29ML0hsVgpaSkpLNWV1K0FLV3l1YW93RFFZSktvWklodmNOQVFFTEJRQURnZ0VCQUhranRRWHh3Uy9CTlZjSDlmQkc3a1E4Ck96dE5GQllwYjlPWHozWER0d2RVV3E3R1UxRHBrbDFPYjA1aW5hN204Yk9kSUtJZWdqaFlHYzRjY3l5VW9RNGoKbnAxbk0wcU40V2RSTHVlVUdhN2V3Z1ZUb1pLQ1I5Q2ZUYk82UURqeHhMRlV4U09rWGdVRFg3YitKRGwya3JyYQpPSWw1a29lMGtpaW9NeGc1RFJGV0F6MnlPaDhNT1lNaEJOc2RHS1N2WXVTeHhtekRtVFFvZHFJTzBVTkl3SE55CjlxaFY4Y0ZJRDFlSEtmSUtPZXlHeFd3TU5wcTFLV3VVTkdlc0lNT2svb3pTS1RUbXFoRkV0a3hycHJOL1NJWTEKVElrY0ZLVWhQWjhrKzhzNHZadWQ2OE9HUE4wUGdQaUd4ZmRMcU42a25KTWpSeENmU1hqOHh0M0FLQlpJSnhzPQotLS0tLUVORCBDRVJUSUZJQ0FURS0tLS0tCg==",
                "password": "",
                "username": ""
              }
            ],
            "master_authorized_networks_config": [],
            "master_version": "1.18.12-gke.1210",
            "min_master_version": null,
            "monitoring_service": "monitoring.googleapis.com/kubernetes",
            "name": "tff-client-1",
            "network": "projects/jk-mlops-dev/global/networks/default",
            "network_policy": [
              {
                "enabled": true,
                "provider": "CALICO"
              }
            ],
            "networking_mode": "VPC_NATIVE",
            "node_config": [],
            "node_locations": [],
            "node_pool": [],
            "node_version": "1.18.12-gke.1210",
            "notification_config": [
              {
                "pubsub": [
                  {
                    "enabled": false,
                    "topic": ""
                  }
                ]
              }
            ],
            "operation": null,
            "pod_security_policy_config": [
              {
                "enabled": false
              }
            ],
            "private_cluster_config": [],
            "project": "jk-mlops-dev",
            "release_channel": [
              {
                "channel": "REGULAR"
              }
            ],
            "remove_default_node_pool": true,
            "resource_labels": {
              "mesh_id": "proj-895222332033"
            },
            "resource_usage_export_config": [],
            "self_link": "https://container.googleapis.com/v1beta1/projects/jk-mlops-dev/zones/us-west1-a/clusters/tff-client-1",
            "services_ipv4_cidr": "10.28.0.0/20",
            "subnetwork": "projects/jk-mlops-dev/regions/us-west1/subnetworks/default",
            "timeouts": {
              "create": "45m",
              "delete": "45m",
              "read": null,
              "update": "45m"
            },
            "tpu_ipv4_cidr_block": "",
            "vertical_pod_autoscaling": [
              {
                "enabled": false
              }
            ],
            "workload_identity_config": [
              {
                "identity_namespace": "jk-mlops-dev.svc.id.goog"
              }
            ]
          },
          "sensitive_attributes": [],
          "private": "eyJlMmJmYjczMC1lY2FhLTExZTYtOGY4OC0zNDM2M2JjN2M0YzAiOnsiY3JlYXRlIjoyNzAwMDAwMDAwMDAwLCJkZWxldGUiOjI3MDAwMDAwMDAwMDAsInJlYWQiOjI0MDAwMDAwMDAwMDAsInVwZGF0ZSI6MjcwMDAwMDAwMDAwMH0sInNjaGVtYV92ZXJzaW9uIjoiMSJ9",
          "dependencies": [
            "data.google_client_config.current",
            "data.google_project.project",
            "module.client-clusters.data.google_compute_zones.available",
            "module.client-clusters.data.google_container_engine_versions.region",
            "module.client-clusters.data.google_container_engine_versions.zone",
            "module.client-clusters.google_service_account.cluster_service_account",
            "module.client-clusters.random_shuffle.available_zones",
            "module.client-clusters.random_string.cluster_service_account_suffix",
            "module.project-services.google_project_service.project_services"
          ]
        }
      ]
    },
    {
      "module": "module.client-clusters[1]",
      "mode": "managed",
      "type": "google_container_node_pool",
      "name": "pools",
      "provider": "provider[\"registry.terraform.io/hashicorp/google-beta\"]",
      "instances": [
        {
          "index_key": "default-node-pool",
          "schema_version": 1,
          "attributes": {
            "autoscaling": [],
            "cluster": "tff-client-1",
            "id": "projects/jk-mlops-dev/locations/us-west1-a/clusters/tff-client-1/nodePools/default-node-pool",
            "initial_node_count": 1,
            "instance_group_urls": [
              "https://www.googleapis.com/compute/v1/projects/jk-mlops-dev/zones/us-west1-a/instanceGroupManagers/gke-tff-client-1-default-node-pool-09be49cd-grp"
            ],
            "location": "us-west1-a",
            "management": [
              {
                "auto_repair": true,
                "auto_upgrade": true
              }
            ],
            "max_pods_per_node": 110,
            "name": "default-node-pool",
            "name_prefix": "",
            "node_config": [
              {
                "boot_disk_kms_key": "",
                "disk_size_gb": 100,
                "disk_type": "pd-standard",
                "guest_accelerator": [],
                "image_type": "COS",
                "kubelet_config": [],
                "labels": {
                  "cluster_name": "tff-client-1",
                  "node_pool": "default-node-pool"
                },
                "linux_node_config": [],
                "local_ssd_count": 0,
                "machine_type": "n1-standard-4",
                "metadata": {
                  "cluster_name": "tff-client-1",
                  "disable-legacy-endpoints": "true",
                  "node_pool": "default-node-pool"
                },
                "min_cpu_platform": "",
                "oauth_scopes": [
                  "https://www.googleapis.com/auth/cloud-platform"
                ],
                "preemptible": false,
                "sandbox_config": [],
                "service_account": "tf-gke-tff-client-1-eqd2@jk-mlops-dev.iam.gserviceaccount.com",
                "shielded_instance_config": [
                  {
                    "enable_integrity_monitoring": true,
                    "enable_secure_boot": false
                  }
                ],
                "tags": [
                  "gke-tff-client-1",
                  "gke-tff-client-1-default-node-pool"
                ],
                "taint": [],
                "workload_metadata_config": [
                  {
                    "node_metadata": "GKE_METADATA_SERVER"
                  }
                ]
              }
            ],
            "node_count": 1,
            "node_locations": [
              "us-west1-a"
            ],
            "project": "jk-mlops-dev",
            "timeouts": {
              "create": "45m",
              "delete": "45m",
              "update": "45m"
            },
            "upgrade_settings": [
              {
                "max_surge": 1,
                "max_unavailable": 0
              }
            ],
            "version": "1.18.12-gke.1210"
          },
          "sensitive_attributes": [],
          "private": "eyJlMmJmYjczMC1lY2FhLTExZTYtOGY4OC0zNDM2M2JjN2M0YzAiOnsiY3JlYXRlIjoyNzAwMDAwMDAwMDAwLCJkZWxldGUiOjI3MDAwMDAwMDAwMDAsInVwZGF0ZSI6MjcwMDAwMDAwMDAwMH0sInNjaGVtYV92ZXJzaW9uIjoiMSJ9",
          "dependencies": [
            "data.google_client_config.current",
            "data.google_project.project",
            "module.client-clusters.data.google_compute_zones.available",
            "module.client-clusters.data.google_container_engine_versions.region",
            "module.client-clusters.data.google_container_engine_versions.zone",
            "module.client-clusters.google_container_cluster.primary",
            "module.client-clusters.google_service_account.cluster_service_account",
            "module.client-clusters.random_shuffle.available_zones",
            "module.client-clusters.random_string.cluster_service_account_suffix",
            "module.project-services.google_project_service.project_services"
          ]
        }
      ]
    },
    {
      "module": "module.client-clusters[1]",
      "mode": "managed",
      "type": "google_project_iam_member",
      "name": "cluster_service_account-artifact-registry",
      "provider": "provider[\"registry.terraform.io/hashicorp/google\"]",
      "instances": [
        {
          "index_key": "jk-mlops-dev",
          "schema_version": 0,
          "attributes": {
            "condition": [],
            "etag": "BwW79GQCuos=",
            "id": "jk-mlops-dev/roles/artifactregistry.reader/serviceaccount:tf-gke-tff-client-1-eqd2@jk-mlops-dev.iam.gserviceaccount.com",
            "member": "serviceAccount:tf-gke-tff-client-1-eqd2@jk-mlops-dev.iam.gserviceaccount.com",
            "project": "jk-mlops-dev",
            "role": "roles/artifactregistry.reader"
          },
          "sensitive_attributes": [],
          "private": "bnVsbA==",
          "dependencies": [
            "data.google_client_config.current",
            "module.client-clusters.google_service_account.cluster_service_account",
            "module.client-clusters.random_string.cluster_service_account_suffix",
            "module.project-services.google_project_service.project_services"
          ]
        }
      ]
    },
    {
      "module": "module.client-clusters[1]",
      "mode": "managed",
      "type": "google_project_iam_member",
      "name": "cluster_service_account-gcr",
      "provider": "provider[\"registry.terraform.io/hashicorp/google\"]",
      "instances": [
        {
          "index_key": "jk-mlops-dev",
          "schema_version": 0,
          "attributes": {
            "condition": [],
            "etag": "BwW79GQCuos=",
            "id": "jk-mlops-dev/roles/storage.objectViewer/serviceaccount:tf-gke-tff-client-1-eqd2@jk-mlops-dev.iam.gserviceaccount.com",
            "member": "serviceAccount:tf-gke-tff-client-1-eqd2@jk-mlops-dev.iam.gserviceaccount.com",
            "project": "jk-mlops-dev",
            "role": "roles/storage.objectViewer"
          },
          "sensitive_attributes": [],
          "private": "bnVsbA==",
          "dependencies": [
            "data.google_client_config.current",
            "module.client-clusters.google_service_account.cluster_service_account",
            "module.client-clusters.random_string.cluster_service_account_suffix",
            "module.project-services.google_project_service.project_services"
          ]
        }
      ]
    },
    {
      "module": "module.client-clusters[1]",
      "mode": "managed",
      "type": "google_project_iam_member",
      "name": "cluster_service_account-log_writer",
      "provider": "provider[\"registry.terraform.io/hashicorp/google\"]",
      "instances": [
        {
          "index_key": 0,
          "schema_version": 0,
          "attributes": {
            "condition": [],
            "etag": "BwW79GQCuos=",
            "id": "jk-mlops-dev/roles/logging.logWriter/serviceaccount:tf-gke-tff-client-1-eqd2@jk-mlops-dev.iam.gserviceaccount.com",
            "member": "serviceAccount:tf-gke-tff-client-1-eqd2@jk-mlops-dev.iam.gserviceaccount.com",
            "project": "jk-mlops-dev",
            "role": "roles/logging.logWriter"
          },
          "sensitive_attributes": [],
          "private": "bnVsbA==",
          "dependencies": [
            "data.google_client_config.current",
            "module.client-clusters.google_service_account.cluster_service_account",
            "module.client-clusters.random_string.cluster_service_account_suffix",
            "module.project-services.google_project_service.project_services"
          ]
        }
      ]
    },
    {
      "module": "module.client-clusters[1]",
      "mode": "managed",
      "type": "google_project_iam_member",
      "name": "cluster_service_account-metric_writer",
      "provider": "provider[\"registry.terraform.io/hashicorp/google\"]",
      "instances": [
        {
          "index_key": 0,
          "schema_version": 0,
          "attributes": {
            "condition": [],
            "etag": "BwW79GR4DCA=",
            "id": "jk-mlops-dev/roles/monitoring.metricWriter/serviceaccount:tf-gke-tff-client-1-eqd2@jk-mlops-dev.iam.gserviceaccount.com",
            "member": "serviceAccount:tf-gke-tff-client-1-eqd2@jk-mlops-dev.iam.gserviceaccount.com",
            "project": "jk-mlops-dev",
            "role": "roles/monitoring.metricWriter"
          },
          "sensitive_attributes": [],
          "private": "bnVsbA==",
          "dependencies": [
            "data.google_client_config.current",
            "module.client-clusters.google_project_iam_member.cluster_service_account-log_writer",
            "module.client-clusters.google_service_account.cluster_service_account",
            "module.client-clusters.random_string.cluster_service_account_suffix",
            "module.project-services.google_project_service.project_services"
          ]
        }
      ]
    },
    {
      "module": "module.client-clusters[1]",
      "mode": "managed",
      "type": "google_project_iam_member",
      "name": "cluster_service_account-monitoring_viewer",
      "provider": "provider[\"registry.terraform.io/hashicorp/google\"]",
      "instances": [
        {
          "index_key": 0,
          "schema_version": 0,
          "attributes": {
            "condition": [],
            "etag": "BwW79GTtSUk=",
            "id": "jk-mlops-dev/roles/monitoring.viewer/serviceaccount:tf-gke-tff-client-1-eqd2@jk-mlops-dev.iam.gserviceaccount.com",
            "member": "serviceAccount:tf-gke-tff-client-1-eqd2@jk-mlops-dev.iam.gserviceaccount.com",
            "project": "jk-mlops-dev",
            "role": "roles/monitoring.viewer"
          },
          "sensitive_attributes": [],
          "private": "bnVsbA==",
          "dependencies": [
            "data.google_client_config.current",
            "module.client-clusters.google_project_iam_member.cluster_service_account-log_writer",
            "module.client-clusters.google_project_iam_member.cluster_service_account-metric_writer",
            "module.client-clusters.google_service_account.cluster_service_account",
            "module.client-clusters.random_string.cluster_service_account_suffix",
            "module.project-services.google_project_service.project_services"
          ]
        }
      ]
    },
    {
      "module": "module.client-clusters[1]",
      "mode": "managed",
      "type": "google_project_iam_member",
      "name": "cluster_service_account-resourceMetadata-writer",
      "provider": "provider[\"registry.terraform.io/hashicorp/google\"]",
      "instances": [
        {
          "index_key": 0,
          "schema_version": 0,
          "attributes": {
            "condition": [],
            "etag": "BwW79GVh2Nw=",
            "id": "jk-mlops-dev/roles/stackdriver.resourceMetadata.writer/serviceaccount:tf-gke-tff-client-1-eqd2@jk-mlops-dev.iam.gserviceaccount.com",
            "member": "serviceAccount:tf-gke-tff-client-1-eqd2@jk-mlops-dev.iam.gserviceaccount.com",
            "project": "jk-mlops-dev",
            "role": "roles/stackdriver.resourceMetadata.writer"
          },
          "sensitive_attributes": [],
          "private": "bnVsbA==",
          "dependencies": [
            "data.google_client_config.current",
            "module.client-clusters.google_project_iam_member.cluster_service_account-log_writer",
            "module.client-clusters.google_project_iam_member.cluster_service_account-metric_writer",
            "module.client-clusters.google_project_iam_member.cluster_service_account-monitoring_viewer",
            "module.client-clusters.google_service_account.cluster_service_account",
            "module.client-clusters.random_string.cluster_service_account_suffix",
            "module.project-services.google_project_service.project_services"
          ]
        }
      ]
    },
    {
      "module": "module.client-clusters[1]",
      "mode": "managed",
      "type": "google_service_account",
      "name": "cluster_service_account",
      "provider": "provider[\"registry.terraform.io/hashicorp/google\"]",
      "instances": [
        {
          "index_key": 0,
          "schema_version": 0,
          "attributes": {
            "account_id": "tf-gke-tff-client-1-eqd2",
            "description": "",
            "display_name": "Terraform-managed service account for cluster tff-client-1",
            "email": "tf-gke-tff-client-1-eqd2@jk-mlops-dev.iam.gserviceaccount.com",
            "id": "projects/jk-mlops-dev/serviceAccounts/tf-gke-tff-client-1-eqd2@jk-mlops-dev.iam.gserviceaccount.com",
            "name": "projects/jk-mlops-dev/serviceAccounts/tf-gke-tff-client-1-eqd2@jk-mlops-dev.iam.gserviceaccount.com",
            "project": "jk-mlops-dev",
            "timeouts": null,
            "unique_id": "100242641312489404233"
          },
          "sensitive_attributes": [],
          "private": "eyJlMmJmYjczMC1lY2FhLTExZTYtOGY4OC0zNDM2M2JjN2M0YzAiOnsiY3JlYXRlIjozMDAwMDAwMDAwMDB9fQ==",
          "dependencies": [
            "data.google_client_config.current",
            "module.client-clusters.random_string.cluster_service_account_suffix",
            "module.project-services.google_project_service.project_services"
          ]
        }
      ]
    },
    {
      "module": "module.client-clusters[1]",
      "mode": "managed",
      "type": "random_shuffle",
      "name": "available_zones",
      "provider": "provider[\"registry.terraform.io/hashicorp/random\"]",
      "instances": [
        {
          "schema_version": 0,
          "attributes": {
            "id": "-",
            "input": [
              "us-west1-a",
              "us-west1-b",
              "us-west1-c"
            ],
            "keepers": null,
            "result": [
              "us-west1-a",
              "us-west1-b",
              "us-west1-c"
            ],
            "result_count": 3,
            "seed": null
          },
          "sensitive_attributes": [],
          "private": "bnVsbA==",
          "dependencies": [
            "module.client-clusters.data.google_compute_zones.available"
          ]
        }
      ]
    },
    {
      "module": "module.client-clusters[1]",
      "mode": "managed",
      "type": "random_string",
      "name": "cluster_service_account_suffix",
      "provider": "provider[\"registry.terraform.io/hashicorp/random\"]",
      "instances": [
        {
          "schema_version": 1,
          "attributes": {
            "id": "eqd2",
            "keepers": null,
            "length": 4,
            "lower": true,
            "min_lower": 0,
            "min_numeric": 0,
            "min_special": 0,
            "min_upper": 0,
            "number": true,
            "override_special": null,
            "result": "eqd2",
            "special": false,
            "upper": false
          },
          "sensitive_attributes": [],
          "private": "eyJzY2hlbWFfdmVyc2lvbiI6IjEifQ=="
        }
      ]
    },
    {
      "module": "module.client-clusters[1].module.gcloud_delete_default_kube_dns_configmap.module.gcloud_kubectl",
      "mode": "managed",
      "type": "null_resource",
      "name": "module_depends_on",
      "provider": "provider[\"registry.terraform.io/hashicorp/null\"]",
      "instances": [
        {
          "index_key": 0,
          "schema_version": 0,
          "attributes": {
            "id": "4027931075942502332",
            "triggers": {
              "value": "3"
            }
          },
          "sensitive_attributes": [],
          "private": "bnVsbA==",
          "dependencies": [
            "data.google_client_config.current",
            "data.google_project.project",
            "module.client-clusters.data.google_client_config.default",
            "module.client-clusters.data.google_compute_zones.available",
            "module.client-clusters.data.google_container_engine_versions.region",
            "module.client-clusters.data.google_container_engine_versions.zone",
            "module.client-clusters.google_container_cluster.primary",
            "module.client-clusters.google_container_node_pool.pools",
            "module.client-clusters.google_service_account.cluster_service_account",
            "module.client-clusters.random_shuffle.available_zones",
            "module.client-clusters.random_string.cluster_service_account_suffix",
            "module.project-services.google_project_service.project_services"
          ]
        }
      ]
    },
    {
      "module": "module.hub-clients[0]",
      "mode": "data",
      "type": "google_client_config",
      "name": "default",
      "provider": "provider[\"registry.terraform.io/hashicorp/google\"]",
      "instances": [
        {
          "schema_version": 0,
          "attributes": {
            "access_token": "ya29.A0AfH6SMC7kno7ALprv77YGBaAUeri-1BPfM5yJjpB3iwSivnBSgLlUOEL84bfdxI1LZbJSt-ZDUtpLUbm-fazPqk6IkKxxdP_jIsgXWdtS4gX0JJNtFIhYmXSLfWS1T4oTZpyYhnno-ykmSbQ8vzRjzATb1sxAt3AT17tpvYi7Sqax5Jy87RD3Q73IJS5RjOqpG1QdBex-GiSJb2LbyhxdZgHhtxIETirzptAaZG5LnwQioFx4PjHLi7d-kiey7jHcA8gGnM",
            "id": "projects/jk-mlops-dev/regions/us-west1/zones/",
            "project": "jk-mlops-dev",
            "region": "us-west1",
            "zone": ""
          },
          "sensitive_attributes": []
        }
      ]
    },
    {
      "module": "module.hub-clients[0]",
      "mode": "managed",
      "type": "google_project_iam_member",
      "name": "gke_hub_member",
      "provider": "provider[\"registry.terraform.io/hashicorp/google\"]",
      "instances": [
        {
          "index_key": 0,
          "schema_version": 0,
          "attributes": {
            "condition": [],
            "etag": "BwW79GQCuos=",
            "id": "jk-mlops-dev/roles/gkehub.connect/serviceaccount:client-0@jk-mlops-dev.iam.gserviceaccount.com",
            "member": "serviceAccount:client-0@jk-mlops-dev.iam.gserviceaccount.com",
            "project": "jk-mlops-dev",
            "role": "roles/gkehub.connect"
          },
          "sensitive_attributes": [],
          "private": "bnVsbA==",
          "dependencies": [
            "data.google_client_config.current",
            "module.hub-clients.google_service_account.gke_hub_sa"
          ]
        }
      ]
    },
    {
      "module": "module.hub-clients[0]",
      "mode": "managed",
      "type": "google_service_account",
      "name": "gke_hub_sa",
      "provider": "provider[\"registry.terraform.io/hashicorp/google\"]",
      "instances": [
        {
          "index_key": 0,
          "schema_version": 0,
          "attributes": {
            "account_id": "client-0",
            "description": "",
            "display_name": "Service Account for GKE Hub Registration",
            "email": "client-0@jk-mlops-dev.iam.gserviceaccount.com",
            "id": "projects/jk-mlops-dev/serviceAccounts/client-0@jk-mlops-dev.iam.gserviceaccount.com",
            "name": "projects/jk-mlops-dev/serviceAccounts/client-0@jk-mlops-dev.iam.gserviceaccount.com",
            "project": "jk-mlops-dev",
            "timeouts": null,
            "unique_id": "116253673896522932370"
          },
          "sensitive_attributes": [],
          "private": "eyJlMmJmYjczMC1lY2FhLTExZTYtOGY4OC0zNDM2M2JjN2M0YzAiOnsiY3JlYXRlIjozMDAwMDAwMDAwMDB9fQ==",
          "dependencies": [
            "data.google_client_config.current"
          ]
        }
      ]
    },
    {
      "module": "module.hub-clients[0]",
      "mode": "managed",
      "type": "google_service_account_key",
      "name": "gke_hub_key",
      "provider": "provider[\"registry.terraform.io/hashicorp/google\"]",
      "instances": [
        {
          "index_key": 0,
          "schema_version": 0,
          "attributes": {
            "id": "projects/jk-mlops-dev/serviceAccounts/client-0@jk-mlops-dev.iam.gserviceaccount.com/keys/acaf121a81a2f95fa4c286e9c188d0eb4867e4ee",
            "keepers": null,
            "key_algorithm": "KEY_ALG_RSA_2048",
            "name": "projects/jk-mlops-dev/serviceAccounts/client-0@jk-mlops-dev.iam.gserviceaccount.com/keys/acaf121a81a2f95fa4c286e9c188d0eb4867e4ee",
            "private_key": "ewogICJ0eXBlIjogInNlcnZpY2VfYWNjb3VudCIsCiAgInByb2plY3RfaWQiOiAiamstbWxvcHMtZGV2IiwKICAicHJpdmF0ZV9rZXlfaWQiOiAiYWNhZjEyMWE4MWEyZjk1ZmE0YzI4NmU5YzE4OGQwZWI0ODY3ZTRlZSIsCiAgInByaXZhdGVfa2V5IjogIi0tLS0tQkVHSU4gUFJJVkFURSBLRVktLS0tLVxuTUlJRXZBSUJBREFOQmdrcWhraUc5dzBCQVFFRkFBU0NCS1l3Z2dTaUFnRUFBb0lCQVFDamRLZGI3c3N1dmxMbFxuREFoa09DN1RETE9qY1ljNkEwa0J5YlBLMmJOZGhBSkNKQm1CaWJCSFpiVHl1MFdEMi9XRGNYbStaVE0veWJpWlxuK3d2VmppTFdmaUFldEFZZFh0UkE1KzkzOEdJdjdwaVdIaTR1ZE5FTTZBa0plWUJuWWNSU0xuR28yRTVIWnVHZFxuaHZpc3V5VStVQjdBNldZbkNnL09pNlBmZEhOV3RWYVV4WExBazhldGFkYjFSYnNUVjJQaXM3cHZwM2RoUUxCVlxuM3VXdlkwTFJxY3Z5bkVCRHNCendBdmJ3YTNmWjBzNmtUdm9BSVJhOTdiL2UvaFppcSs1eHV4M1FhYVhhSkNUWlxuQjF1WDVjRURuUk41YWVVR2IzMUdTVGhIcGs5SlNSL0NoN2FKTEFkUmV1eENGQTY0Tisva1hkd294dXhRNDd6UFxuWTlLYTJwZWhBZ01CQUFFQ2dnRUFJWWpOeXlVbkoweGh5bDhaRzZLUkxMaDI1R25td2VhcHBFWEM3ck9TUW5YU1xuVnNwOE55RE4reC9wSzBGemhoVnEvZEFhbDQ3QW9HNGN3dTZINDRUWkxlTkxhTEVyYmZ3bUZMamczdDBBNysrRlxuKzRwdWxCWmdTME1SazVHTFgrcGxjaXpZSWJsYStmZ29BbjhONXJZd2NtUFNvMlpmRUZSV29OdnlQMlp2UVZMM1xuUnRSekk0QnpzNHlLaStiNTcwWXhPYVNDd1gvTkc0bkVmOGE0YTFzVUI0cTUyckdDa1RtekJjN2pzdnZNZlQ3OVxuS2FKb0wyN3JFMTkrTS9FVlVMZFg1QndWb1VNWnoxNW42bnFkMmdXZ2JabWNySkI2cEk2bDdLQ1BBVzUwdUl1b1xuN3hiVzh1NWtYSGovOFVyaTVVcWhTKzZlV1FITDh1ZlpRODV1OGV1OWJ3S0JnUURtMzZoa3piWnVkTHlyTnNRK1xudnpRUkVSRGF0M29nWFI1VFN1SHBZZTRPZ2F3cmpTYVMzNXV1N3dmSnJ3aHhBUmsyejBmcGdSbVc4d0NOL1IwQlxuazJIYnlPMkR2L1hKNTNGeFZIUDJLWTJsR2kzRjNzTklrbTNZL2EycUVVMjJTaG1pSjIyYjVOeU5aY3F0SkVERFxubHllNGkrdTVZbzNINjZmemFhRzJjTU9MWXdLQmdRQzFQcXdFQUZWbWVSeTBVV05idFd0b2h3WXdCUXlnb0k3dFxuaHB3UnNUN2dXcU4rZFprNFBuRklQMm9YMlBqeVpaNi9xVDZEQ0lodnpaNlBGV0xTdzY1Nk5WaVk5bjgwbmZucVxuRDBWUkxmWWZHekhSZlZoNkxrYnJJcFhlbmgrVzZYUXRYZ2JKbFluZ0YwaGxPb3BxT2pJSGZOb0RCZU8vMTU2QlxuUll4eEJLZDZLd0tCZ0RyTHBxVFZScXBtakUzR0NzQTREVmh6VWltQkpGYnRuL1Z5VW9vTzZJTkZQc1Z3a3V4QVxuaWZOSTZHRFNkSUhpMTdyL21yNjZvL3V2TXVyMkZOYjc0NllIUzRXTDgxcFIyTEFWNDlwQ3h0SFBFdTBiUi94SlxuWGpRdWxuV0RKcGxQMGF0Y0F5djZZcmlYdmIvT1JiZ0ozSkhCQUcwYnppT2x2Z1hkVnRPUmNCc2xBb0dBTUZhNVxudkF0MnUzRGJ4Zi9hOXcrb3lPVVNNbVoyV3JUWHllUFg1aVFXdC9HVW4xcXY5Yjg1cVdJNFlvbmN3NUYweUh0VVxuRDlDTHl2M1ZKeVkyQ0M1bWIzT2c0Sk1GbER2NTlvSUNJOGVWVi9DQjFmU1BUMjdlUFVJcEpJbVp0VDhvWEIweVxueERyYzNlWjN5WC9XZ01ScXFYS1VGckJRY004S0dFSTdWYjAvQ2FjQ2dZQW5ZdlNGSDNybU9WTHZLeldlVnVvS1xuV2ZwaVhJSHlOUlBtb2RJM2RDNEhLLzQ4YnpSOFFjTlZxV1FDNEdpb0FjVktVaCtDeUtOUkY3eGIzU0p5VlVuM1xuTWM4TEJOL1JrMHRhOUxGY0JGYzl1d01RVlh6MHNROHZBOHdHVC9QVWZEWDJyekZjTEdHQzd6TzNVaTlOQUVyeVxudGNSQU5XbG1nSU1jWUM3Y05rbGRXQT09XG4tLS0tLUVORCBQUklWQVRFIEtFWS0tLS0tXG4iLAogICJjbGllbnRfZW1haWwiOiAiY2xpZW50LTBAamstbWxvcHMtZGV2LmlhbS5nc2VydmljZWFjY291bnQuY29tIiwKICAiY2xpZW50X2lkIjogIjExNjI1MzY3Mzg5NjUyMjkzMjM3MCIsCiAgImF1dGhfdXJpIjogImh0dHBzOi8vYWNjb3VudHMuZ29vZ2xlLmNvbS9vL29hdXRoMi9hdXRoIiwKICAidG9rZW5fdXJpIjogImh0dHBzOi8vb2F1dGgyLmdvb2dsZWFwaXMuY29tL3Rva2VuIiwKICAiYXV0aF9wcm92aWRlcl94NTA5X2NlcnRfdXJsIjogImh0dHBzOi8vd3d3Lmdvb2dsZWFwaXMuY29tL29hdXRoMi92MS9jZXJ0cyIsCiAgImNsaWVudF94NTA5X2NlcnRfdXJsIjogImh0dHBzOi8vd3d3Lmdvb2dsZWFwaXMuY29tL3JvYm90L3YxL21ldGFkYXRhL3g1MDkvY2xpZW50LTAlNDBqay1tbG9wcy1kZXYuaWFtLmdzZXJ2aWNlYWNjb3VudC5jb20iCn0K",
            "private_key_type": "TYPE_GOOGLE_CREDENTIALS_FILE",
            "public_key": "LS0tLS1CRUdJTiBDRVJUSUZJQ0FURS0tLS0tCk1JSUMvRENDQWVTZ0F3SUJBZ0lJYWVmTEVIQW9xa2t3RFFZSktvWklodmNOQVFFRkJRQXdJREVlTUJ3R0ExVUUKQXhNVk1URTJNalV6Tmpjek9EazJOVEl5T1RNeU16Y3dNQ0FYRFRJeE1ESXlNakl5TXpNeU1Wb1lEems1T1RreApNak14TWpNMU9UVTVXakFnTVI0d0hBWURWUVFERXhVeE1UWXlOVE0yTnpNNE9UWTFNakk1TXpJek56QXdnZ0VpCk1BMEdDU3FHU0liM0RRRUJBUVVBQTRJQkR3QXdnZ0VLQW9JQkFRQ2pkS2RiN3NzdXZsTGxEQWhrT0M3VERMT2oKY1ljNkEwa0J5YlBLMmJOZGhBSkNKQm1CaWJCSFpiVHl1MFdEMi9XRGNYbStaVE0veWJpWit3dlZqaUxXZmlBZQp0QVlkWHRSQTUrOTM4R0l2N3BpV0hpNHVkTkVNNkFrSmVZQm5ZY1JTTG5HbzJFNUhadUdkaHZpc3V5VStVQjdBCjZXWW5DZy9PaTZQZmRITld0VmFVeFhMQWs4ZXRhZGIxUmJzVFYyUGlzN3B2cDNkaFFMQlYzdVd2WTBMUnFjdnkKbkVCRHNCendBdmJ3YTNmWjBzNmtUdm9BSVJhOTdiL2UvaFppcSs1eHV4M1FhYVhhSkNUWkIxdVg1Y0VEblJONQphZVVHYjMxR1NUaEhwazlKU1IvQ2g3YUpMQWRSZXV4Q0ZBNjROKy9rWGR3b3h1eFE0N3pQWTlLYTJwZWhBZ01CCkFBR2pPREEyTUF3R0ExVWRFd0VCL3dRQ01BQXdEZ1lEVlIwUEFRSC9CQVFEQWdlQU1CWUdBMVVkSlFFQi93UU0KTUFvR0NDc0dBUVVGQndNQ01BMEdDU3FHU0liM0RRRUJCUVVBQTRJQkFRQ2RKRHdCdmRVNXNsNUJRZkdHMEZPQQpiRGVZR3RmR0p6R2VwY0VhWDBJYWtQSVJCSmxPQzJ3VTJ6VFhTS2F5RjBJV1B2eWpkNExQRGxsQWRtZENHR0dzCnBaMUs2SnZsWTh4UytSZDk2MXBuU0RIdzg0QzZQRXU0VEdBZk8wOE51bStBMUg2SEFDUU5YYkNCVHpaL0pGYXYKVEE2eUZDMHJ4Rmx2SXg0Rzl1NDlybVUycjNuYzlrb00rNG5VL3Fnek9XUlVHVmNwNlFiZFJDMlFCVVlWM1IvUApMRUtrakRuSUQ2MDRXdTlzMmVVV08vaGhrbDVtdHJVblV0UHZRWmJUNi9zU0c0WmpCU29iMTRybFhhdkp3NzlCCkNIUnV3SGtPMTl3d2JtTEZ5bzQwZnRuWUJ1Y05EMmFiaE5JQ0VFYnNuSnRvMWFEMGxXRHRTT0NObXp2SzVFWnMKLS0tLS1FTkQgQ0VSVElGSUNBVEUtLS0tLQo=",
            "public_key_data": null,
            "public_key_type": "TYPE_X509_PEM_FILE",
            "service_account_id": "projects/jk-mlops-dev/serviceAccounts/client-0@jk-mlops-dev.iam.gserviceaccount.com",
            "valid_after": "2021-02-22T22:33:21Z",
            "valid_before": "9999-12-31T23:59:59Z"
          },
          "sensitive_attributes": [],
          "private": "bnVsbA==",
          "dependencies": [
            "data.google_client_config.current",
            "module.hub-clients.google_service_account.gke_hub_sa"
          ]
        }
      ]
    },
    {
      "module": "module.hub-clients[0].module.gke_hub_registration",
      "mode": "data",
      "type": "external",
      "name": "env_override",
      "provider": "provider[\"registry.terraform.io/hashicorp/external\"]",
      "instances": [
        {
          "index_key": 0,
          "schema_version": 0,
          "attributes": {
            "id": "-",
            "program": [
              ".terraform/modules/hub-clients.gke_hub_registration/terraform-google-gcloud-2.0.3/scripts/check_env.sh"
            ],
            "query": null,
            "result": {
              "download": ""
            },
            "working_dir": null
          },
          "sensitive_attributes": []
        }
      ]
    },
    {
      "module": "module.hub-clients[0].module.gke_hub_registration",
      "mode": "managed",
      "type": "null_resource",
      "name": "module_depends_on",
      "provider": "provider[\"registry.terraform.io/hashicorp/null\"]",
      "instances": [
        {
          "index_key": 0,
          "schema_version": 0,
          "attributes": {
            "id": "1024975258696783990",
            "triggers": {
              "value": "1"
            }
          },
          "sensitive_attributes": [
            [
              {
                "type": "get_attr",
                "value": "triggers"
              },
              {
                "type": "index",
                "value": {
                  "value": "value",
                  "type": "string"
                }
              }
            ]
          ],
          "private": "bnVsbA==",
          "dependencies": [
            "data.google_client_config.current",
            "data.google_project.project",
            "module.client-clusters.data.google_client_config.default",
            "module.client-clusters.data.google_compute_subnetwork.gke_subnetwork",
            "module.client-clusters.data.google_compute_zones.available",
            "module.client-clusters.data.google_container_engine_versions.region",
            "module.client-clusters.data.google_container_engine_versions.zone",
            "module.client-clusters.google_compute_firewall.intra_egress",
            "module.client-clusters.google_compute_firewall.master_webhooks",
            "module.client-clusters.google_compute_firewall.shadow_allow_master",
            "module.client-clusters.google_compute_firewall.shadow_allow_nodes",
            "module.client-clusters.google_compute_firewall.shadow_allow_pods",
            "module.client-clusters.google_container_cluster.primary",
            "module.client-clusters.google_container_node_pool.pools",
            "module.client-clusters.google_project_iam_member.cluster_service_account-artifact-registry",
            "module.client-clusters.google_project_iam_member.cluster_service_account-gcr",
            "module.client-clusters.google_project_iam_member.cluster_service_account-log_writer",
            "module.client-clusters.google_project_iam_member.cluster_service_account-metric_writer",
            "module.client-clusters.google_project_iam_member.cluster_service_account-monitoring_viewer",
            "module.client-clusters.google_project_iam_member.cluster_service_account-resourceMetadata-writer",
            "module.client-clusters.google_service_account.cluster_service_account",
            "module.client-clusters.kubernetes_config_map.ip-masq-agent",
            "module.client-clusters.kubernetes_config_map.kube-dns",
            "module.client-clusters.kubernetes_config_map.kube-dns-upstream-nameservers-and-stub-domains",
            "module.client-clusters.kubernetes_config_map.kube-dns-upstream-namservers",
            "module.client-clusters.module.gcloud_delete_default_kube_dns_configmap.module.gcloud_kubectl.data.external.env_override",
            "module.client-clusters.module.gcloud_delete_default_kube_dns_configmap.module.gcloud_kubectl.null_resource.additional_components",
            "module.client-clusters.module.gcloud_delete_default_kube_dns_configmap.module.gcloud_kubectl.null_resource.additional_components_destroy",
            "module.client-clusters.module.gcloud_delete_default_kube_dns_configmap.module.gcloud_kubectl.null_resource.decompress",
            "module.client-clusters.module.gcloud_delete_default_kube_dns_configmap.module.gcloud_kubectl.null_resource.decompress_destroy",
            "module.client-clusters.module.gcloud_delete_default_kube_dns_configmap.module.gcloud_kubectl.null_resource.download_gcloud",
            "module.client-clusters.module.gcloud_delete_default_kube_dns_configmap.module.gcloud_kubectl.null_resource.download_jq",
            "module.client-clusters.module.gcloud_delete_default_kube_dns_configmap.module.gcloud_kubectl.null_resource.gcloud_auth_google_credentials",
            "module.client-clusters.module.gcloud_delete_default_kube_dns_configmap.module.gcloud_kubectl.null_resource.gcloud_auth_google_credentials_destroy",
            "module.client-clusters.module.gcloud_delete_default_kube_dns_configmap.module.gcloud_kubectl.null_resource.gcloud_auth_service_account_key_file",
            "module.client-clusters.module.gcloud_delete_default_kube_dns_configmap.module.gcloud_kubectl.null_resource.gcloud_auth_service_account_key_file_destroy",
            "module.client-clusters.module.gcloud_delete_default_kube_dns_configmap.module.gcloud_kubectl.null_resource.module_depends_on",
            "module.client-clusters.module.gcloud_delete_default_kube_dns_configmap.module.gcloud_kubectl.null_resource.prepare_cache",
            "module.client-clusters.module.gcloud_delete_default_kube_dns_configmap.module.gcloud_kubectl.null_resource.run_command",
            "module.client-clusters.module.gcloud_delete_default_kube_dns_configmap.module.gcloud_kubectl.null_resource.run_destroy_command",
            "module.client-clusters.module.gcloud_delete_default_kube_dns_configmap.module.gcloud_kubectl.null_resource.upgrade",
            "module.client-clusters.module.gcloud_delete_default_kube_dns_configmap.module.gcloud_kubectl.null_resource.upgrade_destroy",
            "module.client-clusters.module.gcloud_delete_default_kube_dns_configmap.module.gcloud_kubectl.random_id.cache",
            "module.client-clusters.random_shuffle.available_zones",
            "module.client-clusters.random_string.cluster_service_account_suffix",
            "module.project-services.google_project_service.project_services"
          ]
        }
      ]
    },
    {
      "module": "module.hub-clients[0].module.gke_hub_registration",
      "mode": "managed",
      "type": "null_resource",
      "name": "run_command",
      "provider": "provider[\"registry.terraform.io/hashicorp/null\"]",
      "instances": [
        {
          "index_key": 0,
          "schema_version": 0,
          "attributes": {
            "id": "4632190922586681140",
            "triggers": {
              "arguments": "9292647a8e97e7f0d7a8991c9bd5410d",
              "create_cmd_body": "1 client-0 us-west1-a tff-client-0 ewogICJ0eXBlIjogInNlcnZpY2VfYWNjb3VudCIsCiAgInByb2plY3RfaWQiOiAiamstbWxvcHMtZGV2IiwKICAicHJpdmF0ZV9rZXlfaWQiOiAiYWNhZjEyMWE4MWEyZjk1ZmE0YzI4NmU5YzE4OGQwZWI0ODY3ZTRlZSIsCiAgInByaXZhdGVfa2V5IjogIi0tLS0tQkVHSU4gUFJJVkFURSBLRVktLS0tLVxuTUlJRXZBSUJBREFOQmdrcWhraUc5dzBCQVFFRkFBU0NCS1l3Z2dTaUFnRUFBb0lCQVFDamRLZGI3c3N1dmxMbFxuREFoa09DN1RETE9qY1ljNkEwa0J5YlBLMmJOZGhBSkNKQm1CaWJCSFpiVHl1MFdEMi9XRGNYbStaVE0veWJpWlxuK3d2VmppTFdmaUFldEFZZFh0UkE1KzkzOEdJdjdwaVdIaTR1ZE5FTTZBa0plWUJuWWNSU0xuR28yRTVIWnVHZFxuaHZpc3V5VStVQjdBNldZbkNnL09pNlBmZEhOV3RWYVV4WExBazhldGFkYjFSYnNUVjJQaXM3cHZwM2RoUUxCVlxuM3VXdlkwTFJxY3Z5bkVCRHNCendBdmJ3YTNmWjBzNmtUdm9BSVJhOTdiL2UvaFppcSs1eHV4M1FhYVhhSkNUWlxuQjF1WDVjRURuUk41YWVVR2IzMUdTVGhIcGs5SlNSL0NoN2FKTEFkUmV1eENGQTY0Tisva1hkd294dXhRNDd6UFxuWTlLYTJwZWhBZ01CQUFFQ2dnRUFJWWpOeXlVbkoweGh5bDhaRzZLUkxMaDI1R25td2VhcHBFWEM3ck9TUW5YU1xuVnNwOE55RE4reC9wSzBGemhoVnEvZEFhbDQ3QW9HNGN3dTZINDRUWkxlTkxhTEVyYmZ3bUZMamczdDBBNysrRlxuKzRwdWxCWmdTME1SazVHTFgrcGxjaXpZSWJsYStmZ29BbjhONXJZd2NtUFNvMlpmRUZSV29OdnlQMlp2UVZMM1xuUnRSekk0QnpzNHlLaStiNTcwWXhPYVNDd1gvTkc0bkVmOGE0YTFzVUI0cTUyckdDa1RtekJjN2pzdnZNZlQ3OVxuS2FKb0wyN3JFMTkrTS9FVlVMZFg1QndWb1VNWnoxNW42bnFkMmdXZ2JabWNySkI2cEk2bDdLQ1BBVzUwdUl1b1xuN3hiVzh1NWtYSGovOFVyaTVVcWhTKzZlV1FITDh1ZlpRODV1OGV1OWJ3S0JnUURtMzZoa3piWnVkTHlyTnNRK1xudnpRUkVSRGF0M29nWFI1VFN1SHBZZTRPZ2F3cmpTYVMzNXV1N3dmSnJ3aHhBUmsyejBmcGdSbVc4d0NOL1IwQlxuazJIYnlPMkR2L1hKNTNGeFZIUDJLWTJsR2kzRjNzTklrbTNZL2EycUVVMjJTaG1pSjIyYjVOeU5aY3F0SkVERFxubHllNGkrdTVZbzNINjZmemFhRzJjTU9MWXdLQmdRQzFQcXdFQUZWbWVSeTBVV05idFd0b2h3WXdCUXlnb0k3dFxuaHB3UnNUN2dXcU4rZFprNFBuRklQMm9YMlBqeVpaNi9xVDZEQ0lodnpaNlBGV0xTdzY1Nk5WaVk5bjgwbmZucVxuRDBWUkxmWWZHekhSZlZoNkxrYnJJcFhlbmgrVzZYUXRYZ2JKbFluZ0YwaGxPb3BxT2pJSGZOb0RCZU8vMTU2QlxuUll4eEJLZDZLd0tCZ0RyTHBxVFZScXBtakUzR0NzQTREVmh6VWltQkpGYnRuL1Z5VW9vTzZJTkZQc1Z3a3V4QVxuaWZOSTZHRFNkSUhpMTdyL21yNjZvL3V2TXVyMkZOYjc0NllIUzRXTDgxcFIyTEFWNDlwQ3h0SFBFdTBiUi94SlxuWGpRdWxuV0RKcGxQMGF0Y0F5djZZcmlYdmIvT1JiZ0ozSkhCQUcwYnppT2x2Z1hkVnRPUmNCc2xBb0dBTUZhNVxudkF0MnUzRGJ4Zi9hOXcrb3lPVVNNbVoyV3JUWHllUFg1aVFXdC9HVW4xcXY5Yjg1cVdJNFlvbmN3NUYweUh0VVxuRDlDTHl2M1ZKeVkyQ0M1bWIzT2c0Sk1GbER2NTlvSUNJOGVWVi9DQjFmU1BUMjdlUFVJcEpJbVp0VDhvWEIweVxueERyYzNlWjN5WC9XZ01ScXFYS1VGckJRY004S0dFSTdWYjAvQ2FjQ2dZQW5ZdlNGSDNybU9WTHZLeldlVnVvS1xuV2ZwaVhJSHlOUlBtb2RJM2RDNEhLLzQ4YnpSOFFjTlZxV1FDNEdpb0FjVktVaCtDeUtOUkY3eGIzU0p5VlVuM1xuTWM4TEJOL1JrMHRhOUxGY0JGYzl1d01RVlh6MHNROHZBOHdHVC9QVWZEWDJyekZjTEdHQzd6TzNVaTlOQUVyeVxudGNSQU5XbG1nSU1jWUM3Y05rbGRXQT09XG4tLS0tLUVORCBQUklWQVRFIEtFWS0tLS0tXG4iLAogICJjbGllbnRfZW1haWwiOiAiY2xpZW50LTBAamstbWxvcHMtZGV2LmlhbS5nc2VydmljZWFjY291bnQuY29tIiwKICAiY2xpZW50X2lkIjogIjExNjI1MzY3Mzg5NjUyMjkzMjM3MCIsCiAgImF1dGhfdXJpIjogImh0dHBzOi8vYWNjb3VudHMuZ29vZ2xlLmNvbS9vL29hdXRoMi9hdXRoIiwKICAidG9rZW5fdXJpIjogImh0dHBzOi8vb2F1dGgyLmdvb2dsZWFwaXMuY29tL3Rva2VuIiwKICAiYXV0aF9wcm92aWRlcl94NTA5X2NlcnRfdXJsIjogImh0dHBzOi8vd3d3Lmdvb2dsZWFwaXMuY29tL29hdXRoMi92MS9jZXJ0cyIsCiAgImNsaWVudF94NTA5X2NlcnRfdXJsIjogImh0dHBzOi8vd3d3Lmdvb2dsZWFwaXMuY29tL3JvYm90L3YxL21ldGFkYXRhL3g1MDkvY2xpZW50LTAlNDBqay1tbG9wcy1kZXYuaWFtLmdzZXJ2aWNlYWNjb3VudC5jb20iCn0K jk-mlops-dev ",
              "create_cmd_entrypoint": ".terraform/modules/hub-clients/modules/hub/scripts/gke_hub_registration.sh",
              "gcloud_bin_abs_path": "/google-cloud-sdk/bin",
              "md5": "c7f8d676e78d2980d877f39f691b8824"
            }
          },
          "sensitive_attributes": [],
          "private": "bnVsbA==",
          "dependencies": [
            "data.google_client_config.current",
            "data.google_project.project",
            "module.client-clusters.data.google_client_config.default",
            "module.client-clusters.data.google_compute_subnetwork.gke_subnetwork",
            "module.client-clusters.data.google_compute_zones.available",
            "module.client-clusters.data.google_container_engine_versions.region",
            "module.client-clusters.data.google_container_engine_versions.zone",
            "module.client-clusters.google_compute_firewall.intra_egress",
            "module.client-clusters.google_compute_firewall.master_webhooks",
            "module.client-clusters.google_compute_firewall.shadow_allow_master",
            "module.client-clusters.google_compute_firewall.shadow_allow_nodes",
            "module.client-clusters.google_compute_firewall.shadow_allow_pods",
            "module.client-clusters.google_container_cluster.primary",
            "module.client-clusters.google_container_node_pool.pools",
            "module.client-clusters.google_project_iam_member.cluster_service_account-artifact-registry",
            "module.client-clusters.google_project_iam_member.cluster_service_account-gcr",
            "module.client-clusters.google_project_iam_member.cluster_service_account-log_writer",
            "module.client-clusters.google_project_iam_member.cluster_service_account-metric_writer",
            "module.client-clusters.google_project_iam_member.cluster_service_account-monitoring_viewer",
            "module.client-clusters.google_project_iam_member.cluster_service_account-resourceMetadata-writer",
            "module.client-clusters.google_service_account.cluster_service_account",
            "module.client-clusters.kubernetes_config_map.ip-masq-agent",
            "module.client-clusters.kubernetes_config_map.kube-dns",
            "module.client-clusters.kubernetes_config_map.kube-dns-upstream-nameservers-and-stub-domains",
            "module.client-clusters.kubernetes_config_map.kube-dns-upstream-namservers",
            "module.client-clusters.module.gcloud_delete_default_kube_dns_configmap.module.gcloud_kubectl.data.external.env_override",
            "module.client-clusters.module.gcloud_delete_default_kube_dns_configmap.module.gcloud_kubectl.null_resource.additional_components",
            "module.client-clusters.module.gcloud_delete_default_kube_dns_configmap.module.gcloud_kubectl.null_resource.additional_components_destroy",
            "module.client-clusters.module.gcloud_delete_default_kube_dns_configmap.module.gcloud_kubectl.null_resource.decompress",
            "module.client-clusters.module.gcloud_delete_default_kube_dns_configmap.module.gcloud_kubectl.null_resource.decompress_destroy",
            "module.client-clusters.module.gcloud_delete_default_kube_dns_configmap.module.gcloud_kubectl.null_resource.download_gcloud",
            "module.client-clusters.module.gcloud_delete_default_kube_dns_configmap.module.gcloud_kubectl.null_resource.download_jq",
            "module.client-clusters.module.gcloud_delete_default_kube_dns_configmap.module.gcloud_kubectl.null_resource.gcloud_auth_google_credentials",
            "module.client-clusters.module.gcloud_delete_default_kube_dns_configmap.module.gcloud_kubectl.null_resource.gcloud_auth_google_credentials_destroy",
            "module.client-clusters.module.gcloud_delete_default_kube_dns_configmap.module.gcloud_kubectl.null_resource.gcloud_auth_service_account_key_file",
            "module.client-clusters.module.gcloud_delete_default_kube_dns_configmap.module.gcloud_kubectl.null_resource.gcloud_auth_service_account_key_file_destroy",
            "module.client-clusters.module.gcloud_delete_default_kube_dns_configmap.module.gcloud_kubectl.null_resource.module_depends_on",
            "module.client-clusters.module.gcloud_delete_default_kube_dns_configmap.module.gcloud_kubectl.null_resource.prepare_cache",
            "module.client-clusters.module.gcloud_delete_default_kube_dns_configmap.module.gcloud_kubectl.null_resource.run_command",
            "module.client-clusters.module.gcloud_delete_default_kube_dns_configmap.module.gcloud_kubectl.null_resource.run_destroy_command",
            "module.client-clusters.module.gcloud_delete_default_kube_dns_configmap.module.gcloud_kubectl.null_resource.upgrade",
            "module.client-clusters.module.gcloud_delete_default_kube_dns_configmap.module.gcloud_kubectl.null_resource.upgrade_destroy",
            "module.client-clusters.module.gcloud_delete_default_kube_dns_configmap.module.gcloud_kubectl.random_id.cache",
            "module.client-clusters.random_shuffle.available_zones",
            "module.client-clusters.random_string.cluster_service_account_suffix",
            "module.hub-clients.google_service_account.gke_hub_sa",
            "module.hub-clients.google_service_account_key.gke_hub_key",
            "module.hub-clients.module.gke_hub_registration.data.external.env_override",
            "module.hub-clients.module.gke_hub_registration.null_resource.additional_components",
            "module.hub-clients.module.gke_hub_registration.null_resource.decompress",
            "module.hub-clients.module.gke_hub_registration.null_resource.gcloud_auth_google_credentials",
            "module.hub-clients.module.gke_hub_registration.null_resource.gcloud_auth_service_account_key_file",
            "module.hub-clients.module.gke_hub_registration.null_resource.module_depends_on",
            "module.hub-clients.module.gke_hub_registration.random_id.cache",
            "module.project-services.google_project_service.project_services"
          ]
        }
      ]
    },
    {
      "module": "module.hub-clients[0].module.gke_hub_registration",
      "mode": "managed",
      "type": "null_resource",
      "name": "run_destroy_command",
      "provider": "provider[\"registry.terraform.io/hashicorp/null\"]",
      "instances": [
        {
          "index_key": 0,
          "schema_version": 0,
          "attributes": {
            "id": "7899368193839949638",
            "triggers": {
              "destroy_cmd_body": "1 client-0 us-west1-a tff-client-0 jk-mlops-dev",
              "destroy_cmd_entrypoint": ".terraform/modules/hub-clients/modules/hub/scripts/gke_hub_unregister.sh",
              "gcloud_bin_abs_path": "/google-cloud-sdk/bin"
            }
          },
          "sensitive_attributes": [],
          "private": "bnVsbA==",
          "dependencies": [
            "data.google_client_config.current",
            "data.google_project.project",
            "module.client-clusters.data.google_client_config.default",
            "module.client-clusters.data.google_compute_subnetwork.gke_subnetwork",
            "module.client-clusters.data.google_compute_zones.available",
            "module.client-clusters.data.google_container_engine_versions.region",
            "module.client-clusters.data.google_container_engine_versions.zone",
            "module.client-clusters.google_compute_firewall.intra_egress",
            "module.client-clusters.google_compute_firewall.master_webhooks",
            "module.client-clusters.google_compute_firewall.shadow_allow_master",
            "module.client-clusters.google_compute_firewall.shadow_allow_nodes",
            "module.client-clusters.google_compute_firewall.shadow_allow_pods",
            "module.client-clusters.google_container_cluster.primary",
            "module.client-clusters.google_container_node_pool.pools",
            "module.client-clusters.google_project_iam_member.cluster_service_account-artifact-registry",
            "module.client-clusters.google_project_iam_member.cluster_service_account-gcr",
            "module.client-clusters.google_project_iam_member.cluster_service_account-log_writer",
            "module.client-clusters.google_project_iam_member.cluster_service_account-metric_writer",
            "module.client-clusters.google_project_iam_member.cluster_service_account-monitoring_viewer",
            "module.client-clusters.google_project_iam_member.cluster_service_account-resourceMetadata-writer",
            "module.client-clusters.google_service_account.cluster_service_account",
            "module.client-clusters.kubernetes_config_map.ip-masq-agent",
            "module.client-clusters.kubernetes_config_map.kube-dns",
            "module.client-clusters.kubernetes_config_map.kube-dns-upstream-nameservers-and-stub-domains",
            "module.client-clusters.kubernetes_config_map.kube-dns-upstream-namservers",
            "module.client-clusters.module.gcloud_delete_default_kube_dns_configmap.module.gcloud_kubectl.data.external.env_override",
            "module.client-clusters.module.gcloud_delete_default_kube_dns_configmap.module.gcloud_kubectl.null_resource.additional_components",
            "module.client-clusters.module.gcloud_delete_default_kube_dns_configmap.module.gcloud_kubectl.null_resource.additional_components_destroy",
            "module.client-clusters.module.gcloud_delete_default_kube_dns_configmap.module.gcloud_kubectl.null_resource.decompress",
            "module.client-clusters.module.gcloud_delete_default_kube_dns_configmap.module.gcloud_kubectl.null_resource.decompress_destroy",
            "module.client-clusters.module.gcloud_delete_default_kube_dns_configmap.module.gcloud_kubectl.null_resource.download_gcloud",
            "module.client-clusters.module.gcloud_delete_default_kube_dns_configmap.module.gcloud_kubectl.null_resource.download_jq",
            "module.client-clusters.module.gcloud_delete_default_kube_dns_configmap.module.gcloud_kubectl.null_resource.gcloud_auth_google_credentials",
            "module.client-clusters.module.gcloud_delete_default_kube_dns_configmap.module.gcloud_kubectl.null_resource.gcloud_auth_google_credentials_destroy",
            "module.client-clusters.module.gcloud_delete_default_kube_dns_configmap.module.gcloud_kubectl.null_resource.gcloud_auth_service_account_key_file",
            "module.client-clusters.module.gcloud_delete_default_kube_dns_configmap.module.gcloud_kubectl.null_resource.gcloud_auth_service_account_key_file_destroy",
            "module.client-clusters.module.gcloud_delete_default_kube_dns_configmap.module.gcloud_kubectl.null_resource.module_depends_on",
            "module.client-clusters.module.gcloud_delete_default_kube_dns_configmap.module.gcloud_kubectl.null_resource.prepare_cache",
            "module.client-clusters.module.gcloud_delete_default_kube_dns_configmap.module.gcloud_kubectl.null_resource.run_command",
            "module.client-clusters.module.gcloud_delete_default_kube_dns_configmap.module.gcloud_kubectl.null_resource.run_destroy_command",
            "module.client-clusters.module.gcloud_delete_default_kube_dns_configmap.module.gcloud_kubectl.null_resource.upgrade",
            "module.client-clusters.module.gcloud_delete_default_kube_dns_configmap.module.gcloud_kubectl.null_resource.upgrade_destroy",
            "module.client-clusters.module.gcloud_delete_default_kube_dns_configmap.module.gcloud_kubectl.random_id.cache",
            "module.client-clusters.random_shuffle.available_zones",
            "module.client-clusters.random_string.cluster_service_account_suffix",
            "module.hub-clients.module.gke_hub_registration.data.external.env_override",
            "module.hub-clients.module.gke_hub_registration.null_resource.additional_components",
            "module.hub-clients.module.gke_hub_registration.null_resource.decompress",
            "module.hub-clients.module.gke_hub_registration.null_resource.gcloud_auth_google_credentials",
            "module.hub-clients.module.gke_hub_registration.null_resource.gcloud_auth_service_account_key_file",
            "module.hub-clients.module.gke_hub_registration.null_resource.module_depends_on",
            "module.hub-clients.module.gke_hub_registration.random_id.cache",
            "module.project-services.google_project_service.project_services"
          ]
        }
      ]
    },
    {
      "module": "module.hub-clients[1]",
      "mode": "data",
      "type": "google_client_config",
      "name": "default",
      "provider": "provider[\"registry.terraform.io/hashicorp/google\"]",
      "instances": [
        {
          "schema_version": 0,
          "attributes": {
            "access_token": "ya29.A0AfH6SMC7kno7ALprv77YGBaAUeri-1BPfM5yJjpB3iwSivnBSgLlUOEL84bfdxI1LZbJSt-ZDUtpLUbm-fazPqk6IkKxxdP_jIsgXWdtS4gX0JJNtFIhYmXSLfWS1T4oTZpyYhnno-ykmSbQ8vzRjzATb1sxAt3AT17tpvYi7Sqax5Jy87RD3Q73IJS5RjOqpG1QdBex-GiSJb2LbyhxdZgHhtxIETirzptAaZG5LnwQioFx4PjHLi7d-kiey7jHcA8gGnM",
            "id": "projects/jk-mlops-dev/regions/us-west1/zones/",
            "project": "jk-mlops-dev",
            "region": "us-west1",
            "zone": ""
          },
          "sensitive_attributes": []
        }
      ]
    },
    {
      "module": "module.hub-clients[1]",
      "mode": "managed",
      "type": "google_project_iam_member",
      "name": "gke_hub_member",
      "provider": "provider[\"registry.terraform.io/hashicorp/google\"]",
      "instances": [
        {
          "index_key": 0,
          "schema_version": 0,
          "attributes": {
            "condition": [],
            "etag": "BwW79GQCuos=",
            "id": "jk-mlops-dev/roles/gkehub.connect/serviceaccount:client-1@jk-mlops-dev.iam.gserviceaccount.com",
            "member": "serviceAccount:client-1@jk-mlops-dev.iam.gserviceaccount.com",
            "project": "jk-mlops-dev",
            "role": "roles/gkehub.connect"
          },
          "sensitive_attributes": [],
          "private": "bnVsbA==",
          "dependencies": [
            "data.google_client_config.current",
            "module.hub-clients.google_service_account.gke_hub_sa"
          ]
        }
      ]
    },
    {
      "module": "module.hub-clients[1]",
      "mode": "managed",
      "type": "google_service_account",
      "name": "gke_hub_sa",
      "provider": "provider[\"registry.terraform.io/hashicorp/google\"]",
      "instances": [
        {
          "index_key": 0,
          "schema_version": 0,
          "attributes": {
            "account_id": "client-1",
            "description": "",
            "display_name": "Service Account for GKE Hub Registration",
            "email": "client-1@jk-mlops-dev.iam.gserviceaccount.com",
            "id": "projects/jk-mlops-dev/serviceAccounts/client-1@jk-mlops-dev.iam.gserviceaccount.com",
            "name": "projects/jk-mlops-dev/serviceAccounts/client-1@jk-mlops-dev.iam.gserviceaccount.com",
            "project": "jk-mlops-dev",
            "timeouts": null,
            "unique_id": "105038204486024882849"
          },
          "sensitive_attributes": [],
          "private": "eyJlMmJmYjczMC1lY2FhLTExZTYtOGY4OC0zNDM2M2JjN2M0YzAiOnsiY3JlYXRlIjozMDAwMDAwMDAwMDB9fQ==",
          "dependencies": [
            "data.google_client_config.current"
          ]
        }
      ]
    },
    {
      "module": "module.hub-clients[1]",
      "mode": "managed",
      "type": "google_service_account_key",
      "name": "gke_hub_key",
      "provider": "provider[\"registry.terraform.io/hashicorp/google\"]",
      "instances": [
        {
          "index_key": 0,
          "schema_version": 0,
          "attributes": {
            "id": "projects/jk-mlops-dev/serviceAccounts/client-1@jk-mlops-dev.iam.gserviceaccount.com/keys/db9f691158ede0dd0ce3da2532d5a44d0f9d647f",
            "keepers": null,
            "key_algorithm": "KEY_ALG_RSA_2048",
            "name": "projects/jk-mlops-dev/serviceAccounts/client-1@jk-mlops-dev.iam.gserviceaccount.com/keys/db9f691158ede0dd0ce3da2532d5a44d0f9d647f",
            "private_key": "ewogICJ0eXBlIjogInNlcnZpY2VfYWNjb3VudCIsCiAgInByb2plY3RfaWQiOiAiamstbWxvcHMtZGV2IiwKICAicHJpdmF0ZV9rZXlfaWQiOiAiZGI5ZjY5MTE1OGVkZTBkZDBjZTNkYTI1MzJkNWE0NGQwZjlkNjQ3ZiIsCiAgInByaXZhdGVfa2V5IjogIi0tLS0tQkVHSU4gUFJJVkFURSBLRVktLS0tLVxuTUlJRXZ3SUJBREFOQmdrcWhraUc5dzBCQVFFRkFBU0NCS2t3Z2dTbEFnRUFBb0lCQVFEUmx5eDNNQ2Y2b2tiRVxud1JGVTc5UnZ6UlRxdWo5ZzBHL3NCTkozaGdCcnd6ejVMdWNsYVNzd1p2akgvbXZiSUs0ckc5SHRsQ01Kc3ZPWlxuY2RIMTJCaWdXSnVOUTJicUpzWHRxdFNOUFN3UTZrbmcvaklsakFQRHNlSHU5S05YYit6ZlQ0RnFnRzBjQ2R4RVxucHV5emZ4WENRa0x0TEJrRXpuNEJXQzZtUTVpRFNDSnlWVjdFYWF0OWtVL0lhQVJ3R25VSUJOTWczOVBsdnVNVlxubXhJUTg1WndORzg1Q01hV3NjNFI0L2lRL0lkMGNhckRQd0x0R3pTL1EzK1NjOTZDbXc3WlAvRWJ6cVdSVTk2L1xuU3lWNDVURWtDUUh2QnVRNDNla1BPNFk4NnFTS1BSbjVLcGRSdlNWODFpT0ZHSENPWmErMGRRRmZXd3ZKT2FqZFxuWEYyRmZKUURBZ01CQUFFQ2dnRUFIS01Oc2NsVUpSUW9IRGtPLzY1M05jRnRNcmM0OHFiNEsrVHF4dWI1eHIrWlxuNUtncWIvdWpLWTFnUDU4OUtHY2FOUXlyamMwWVRucHplMHRJZDFGTDZCakRSRFZwNmVOYlZ1SnBBVlZTNElyS1xuaG1IbEF5bFMyRm5GTjR1WWg5bGtvWXh3NzliVlVhZnRQem9aakZyNFk1Ny9HdjNUKzBxbGY5U0hKek9FTXFlWVxubTEwdVdWUGRFTHoxUUgxdUxCT1RGRWxFckhQcFlrUUZNMWYwR04yd0pDOERGdW5UOENxc3g4WTN1NW1nUENHclxuUE5mbVBiaUgxbFRTWG00cDBWY2Z0VTB0WGRXL2lTd2VqMmg5QWg2QnBSeVZobWJaelhMMkttZ1dENkNteUQwSVxuT1FHL09qTGszYzhwbW1DRWxoVmxueC80Nkw5TXg3U1VnTnVlQlpRSkRRS0JnUUQwOTJQek0valJMWm5vNS9weVxudVZNVS9lbW5oRlc3U1FBWWp5cFFuZnlvZndvN3I5SmFaandoT3dQb01naFFkaDJCdjYzMjNlU0xVRW1WajZyMFxuNnR4MmIzdHZORFlTOWNPN0kxR0Irb0J6N3V4a0c0WGhYMTRIVWNyZkE5N203N0dUNlBIVFV4U09LVzV0RnhVSlxuVjBKZ3J6Mzd5cnE3UEVjQkQvb09kYURaVlFLQmdRRGJCK0Rqd0lWN21Cd3E1Z01PYXoxYmYzQ05iOGZzcW53cVxuVy9zK0M0V0Fvc0ZVUWhtUStCdUpIbTc2NURtN3ozMEwwd0VaWklzNTlHa2w2WENVYVdyeFVBNGEzcUZMeDk4Y1xuQ0V3aWNLUk1rK3VyRTl4OWNlS3lRZW9IVlRiWFVwZUVrMXc1T2JTanRwdXBTcjdPRTF2Ni95cHB3QVN3bEs5b1xuZ2hBYXk3Tlg5d0tCZ1FEQXlVV2U3Q01BdEt1dzhZaFg2MlBvWEdBYmx2bEZtSkQ3d3dnaFJBVElzcHBpR09BcVxuaHRVQnJnbElIc0FPV3Jha0d5OFUzdEp6bFc4anhscGJ2ODViWXljNGdGV2lIRXE3SjNPSklKVWhLRUpnRW8wTlxucmxrNDEzVWFpRmhQVlFwakJtdnl6U3FiS3g0ZHVwR3l0VHFuRHFOd1dyOFVoYjYzcGxROE52U3N0UUtCZ1FDV1xuOWwwb1hKOGp5bmxQait6M1dTNlhDOFVWbHIraS9QWkxjODQ4dTFBdWt2N1JCaVg4NXlTRFkzaDJjQ3JpcVdXMFxuYXFCTlVpRXJ0cXRxTi9VaU5XNUNHRDFBZzhXRUo2UTgrL01Ob2JsOEZrL09RQWd1WmZvcmhvYTR1eURyVTcrZVxuM3JvbnJ3QXovajVYZG04QU5oT2xjWTFZQ2NLeHVpa1R6T0V3dHNsTGpRS0JnUURtWWpHYnp4MnNEODcyem5ZdVxuK1dnUGIwS0JKd0xVbmFNM3JRdXVaUmZhMmQ3NFh4R0l2RzZ3VTlldnpSUHNrMWFjcjN2ZC9odjNXTDlSbFJxZ1xudU5Fdk1NS0hCOE5xdTg2eG9OTDdXNGpydnJLRGNXeW9mN2dvV0h3QVY0YWRObjZwQzlVbU5PNGxOL1pwME01NlxuN0t6cUp0NW1lUElKQ1JFUEt5d2xKTGJBTWc9PVxuLS0tLS1FTkQgUFJJVkFURSBLRVktLS0tLVxuIiwKICAiY2xpZW50X2VtYWlsIjogImNsaWVudC0xQGprLW1sb3BzLWRldi5pYW0uZ3NlcnZpY2VhY2NvdW50LmNvbSIsCiAgImNsaWVudF9pZCI6ICIxMDUwMzgyMDQ0ODYwMjQ4ODI4NDkiLAogICJhdXRoX3VyaSI6ICJodHRwczovL2FjY291bnRzLmdvb2dsZS5jb20vby9vYXV0aDIvYXV0aCIsCiAgInRva2VuX3VyaSI6ICJodHRwczovL29hdXRoMi5nb29nbGVhcGlzLmNvbS90b2tlbiIsCiAgImF1dGhfcHJvdmlkZXJfeDUwOV9jZXJ0X3VybCI6ICJodHRwczovL3d3dy5nb29nbGVhcGlzLmNvbS9vYXV0aDIvdjEvY2VydHMiLAogICJjbGllbnRfeDUwOV9jZXJ0X3VybCI6ICJodHRwczovL3d3dy5nb29nbGVhcGlzLmNvbS9yb2JvdC92MS9tZXRhZGF0YS94NTA5L2NsaWVudC0xJTQwamstbWxvcHMtZGV2LmlhbS5nc2VydmljZWFjY291bnQuY29tIgp9Cg==",
            "private_key_type": "TYPE_GOOGLE_CREDENTIALS_FILE",
            "public_key": "LS0tLS1CRUdJTiBDRVJUSUZJQ0FURS0tLS0tCk1JSUMvRENDQWVTZ0F3SUJBZ0lJWHk3ZDk3b2ZhNjR3RFFZSktvWklodmNOQVFFRkJRQXdJREVlTUJ3R0ExVUUKQXhNVk1UQTFNRE00TWpBME5EZzJNREkwT0RneU9EUTVNQ0FYRFRJeE1ESXlNakl5TXpNeU1Gb1lEems1T1RreApNak14TWpNMU9UVTVXakFnTVI0d0hBWURWUVFERXhVeE1EVXdNemd5TURRME9EWXdNalE0T0RJNE5Ea3dnZ0VpCk1BMEdDU3FHU0liM0RRRUJBUVVBQTRJQkR3QXdnZ0VLQW9JQkFRRFJseXgzTUNmNm9rYkV3UkZVNzlSdnpSVHEKdWo5ZzBHL3NCTkozaGdCcnd6ejVMdWNsYVNzd1p2akgvbXZiSUs0ckc5SHRsQ01Kc3ZPWmNkSDEyQmlnV0p1TgpRMmJxSnNYdHF0U05QU3dRNmtuZy9qSWxqQVBEc2VIdTlLTlhiK3pmVDRGcWdHMGNDZHhFcHV5emZ4WENRa0x0CkxCa0V6bjRCV0M2bVE1aURTQ0p5VlY3RWFhdDlrVS9JYUFSd0duVUlCTk1nMzlQbHZ1TVZteElRODVad05HODUKQ01hV3NjNFI0L2lRL0lkMGNhckRQd0x0R3pTL1EzK1NjOTZDbXc3WlAvRWJ6cVdSVTk2L1N5VjQ1VEVrQ1FIdgpCdVE0M2VrUE80WTg2cVNLUFJuNUtwZFJ2U1Y4MWlPRkdIQ09aYSswZFFGZld3dkpPYWpkWEYyRmZKUURBZ01CCkFBR2pPREEyTUF3R0ExVWRFd0VCL3dRQ01BQXdEZ1lEVlIwUEFRSC9CQVFEQWdlQU1CWUdBMVVkSlFFQi93UU0KTUFvR0NDc0dBUVVGQndNQ01BMEdDU3FHU0liM0RRRUJCUVVBQTRJQkFRREY0SnBZYkdDL1pPRDRIN1c5MlhWSgpUa0JDOWJnZEp6NjFGNHpDS2p6dXVya2dPTGYwa3RhNm9vRzl0WHFkMDAvYklRdEd1QkRJc2hiK2R1T0V0RjJUCmxoRW9MSFVIUGJqMnR0Y0krSXZTNytocnQrREVKaTRTMDI1ZHpnMTlIZUdqQk5PNm81UXBUZy83ejVqRGJmbk0KSGNVMTdHd2xwc3JKNjhGRXRtQTJNVk55UWo3S2hJMVZQR2dYZU05Z3NBWlhXOVJnQk9zOWVJZ0ZMeVZ3cUVFcAp0T29oNDZwL1ZIbzFpVXpidVpjbm5XU3pxUGFqaGQxNFBMN0pSWVlnMWVyV3pqWXdDY1NtZEd5YXNUa3RWaUFICmpBQzcxakY1T2pYajFwNEduQTJ2RWJuL0t6bWlqK0R2VnN0V1pMcnJDb21DVkdtdmZqY3pGZnpLSDJFVjltdmkKLS0tLS1FTkQgQ0VSVElGSUNBVEUtLS0tLQo=",
            "public_key_data": null,
            "public_key_type": "TYPE_X509_PEM_FILE",
            "service_account_id": "projects/jk-mlops-dev/serviceAccounts/client-1@jk-mlops-dev.iam.gserviceaccount.com",
            "valid_after": "2021-02-22T22:33:20Z",
            "valid_before": "9999-12-31T23:59:59Z"
          },
          "sensitive_attributes": [],
          "private": "bnVsbA==",
          "dependencies": [
            "data.google_client_config.current",
            "module.hub-clients.google_service_account.gke_hub_sa"
          ]
        }
      ]
    },
    {
      "module": "module.hub-clients[1].module.gke_hub_registration",
      "mode": "data",
      "type": "external",
      "name": "env_override",
      "provider": "provider[\"registry.terraform.io/hashicorp/external\"]",
      "instances": [
        {
          "index_key": 0,
          "schema_version": 0,
          "attributes": {
            "id": "-",
            "program": [
              ".terraform/modules/hub-clients.gke_hub_registration/terraform-google-gcloud-2.0.3/scripts/check_env.sh"
            ],
            "query": null,
            "result": {
              "download": ""
            },
            "working_dir": null
          },
          "sensitive_attributes": []
        }
      ]
    },
    {
      "module": "module.hub-clients[1].module.gke_hub_registration",
      "mode": "managed",
      "type": "null_resource",
      "name": "module_depends_on",
      "provider": "provider[\"registry.terraform.io/hashicorp/null\"]",
      "instances": [
        {
          "index_key": 0,
          "schema_version": 0,
          "attributes": {
            "id": "5939514427502567980",
            "triggers": {
              "value": "1"
            }
          },
          "sensitive_attributes": [
            [
              {
                "type": "get_attr",
                "value": "triggers"
              },
              {
                "type": "index",
                "value": {
                  "value": "value",
                  "type": "string"
                }
              }
            ]
          ],
          "private": "bnVsbA==",
          "dependencies": [
            "data.google_client_config.current",
            "data.google_project.project",
            "module.client-clusters.data.google_client_config.default",
            "module.client-clusters.data.google_compute_subnetwork.gke_subnetwork",
            "module.client-clusters.data.google_compute_zones.available",
            "module.client-clusters.data.google_container_engine_versions.region",
            "module.client-clusters.data.google_container_engine_versions.zone",
            "module.client-clusters.google_compute_firewall.intra_egress",
            "module.client-clusters.google_compute_firewall.master_webhooks",
            "module.client-clusters.google_compute_firewall.shadow_allow_master",
            "module.client-clusters.google_compute_firewall.shadow_allow_nodes",
            "module.client-clusters.google_compute_firewall.shadow_allow_pods",
            "module.client-clusters.google_container_cluster.primary",
            "module.client-clusters.google_container_node_pool.pools",
            "module.client-clusters.google_project_iam_member.cluster_service_account-artifact-registry",
            "module.client-clusters.google_project_iam_member.cluster_service_account-gcr",
            "module.client-clusters.google_project_iam_member.cluster_service_account-log_writer",
            "module.client-clusters.google_project_iam_member.cluster_service_account-metric_writer",
            "module.client-clusters.google_project_iam_member.cluster_service_account-monitoring_viewer",
            "module.client-clusters.google_project_iam_member.cluster_service_account-resourceMetadata-writer",
            "module.client-clusters.google_service_account.cluster_service_account",
            "module.client-clusters.kubernetes_config_map.ip-masq-agent",
            "module.client-clusters.kubernetes_config_map.kube-dns",
            "module.client-clusters.kubernetes_config_map.kube-dns-upstream-nameservers-and-stub-domains",
            "module.client-clusters.kubernetes_config_map.kube-dns-upstream-namservers",
            "module.client-clusters.module.gcloud_delete_default_kube_dns_configmap.module.gcloud_kubectl.data.external.env_override",
            "module.client-clusters.module.gcloud_delete_default_kube_dns_configmap.module.gcloud_kubectl.null_resource.additional_components",
            "module.client-clusters.module.gcloud_delete_default_kube_dns_configmap.module.gcloud_kubectl.null_resource.additional_components_destroy",
            "module.client-clusters.module.gcloud_delete_default_kube_dns_configmap.module.gcloud_kubectl.null_resource.decompress",
            "module.client-clusters.module.gcloud_delete_default_kube_dns_configmap.module.gcloud_kubectl.null_resource.decompress_destroy",
            "module.client-clusters.module.gcloud_delete_default_kube_dns_configmap.module.gcloud_kubectl.null_resource.download_gcloud",
            "module.client-clusters.module.gcloud_delete_default_kube_dns_configmap.module.gcloud_kubectl.null_resource.download_jq",
            "module.client-clusters.module.gcloud_delete_default_kube_dns_configmap.module.gcloud_kubectl.null_resource.gcloud_auth_google_credentials",
            "module.client-clusters.module.gcloud_delete_default_kube_dns_configmap.module.gcloud_kubectl.null_resource.gcloud_auth_google_credentials_destroy",
            "module.client-clusters.module.gcloud_delete_default_kube_dns_configmap.module.gcloud_kubectl.null_resource.gcloud_auth_service_account_key_file",
            "module.client-clusters.module.gcloud_delete_default_kube_dns_configmap.module.gcloud_kubectl.null_resource.gcloud_auth_service_account_key_file_destroy",
            "module.client-clusters.module.gcloud_delete_default_kube_dns_configmap.module.gcloud_kubectl.null_resource.module_depends_on",
            "module.client-clusters.module.gcloud_delete_default_kube_dns_configmap.module.gcloud_kubectl.null_resource.prepare_cache",
            "module.client-clusters.module.gcloud_delete_default_kube_dns_configmap.module.gcloud_kubectl.null_resource.run_command",
            "module.client-clusters.module.gcloud_delete_default_kube_dns_configmap.module.gcloud_kubectl.null_resource.run_destroy_command",
            "module.client-clusters.module.gcloud_delete_default_kube_dns_configmap.module.gcloud_kubectl.null_resource.upgrade",
            "module.client-clusters.module.gcloud_delete_default_kube_dns_configmap.module.gcloud_kubectl.null_resource.upgrade_destroy",
            "module.client-clusters.module.gcloud_delete_default_kube_dns_configmap.module.gcloud_kubectl.random_id.cache",
            "module.client-clusters.random_shuffle.available_zones",
            "module.client-clusters.random_string.cluster_service_account_suffix",
            "module.project-services.google_project_service.project_services"
          ]
        }
      ]
    },
    {
      "module": "module.hub-clients[1].module.gke_hub_registration",
      "mode": "managed",
      "type": "null_resource",
      "name": "run_command",
      "provider": "provider[\"registry.terraform.io/hashicorp/null\"]",
      "instances": [
        {
          "index_key": 0,
          "schema_version": 0,
          "attributes": {
            "id": "296386944322219262",
            "triggers": {
              "arguments": "a1fe319a503e1cf4960d502287a30202",
              "create_cmd_body": "1 client-1 us-west1-a tff-client-1 ewogICJ0eXBlIjogInNlcnZpY2VfYWNjb3VudCIsCiAgInByb2plY3RfaWQiOiAiamstbWxvcHMtZGV2IiwKICAicHJpdmF0ZV9rZXlfaWQiOiAiZGI5ZjY5MTE1OGVkZTBkZDBjZTNkYTI1MzJkNWE0NGQwZjlkNjQ3ZiIsCiAgInByaXZhdGVfa2V5IjogIi0tLS0tQkVHSU4gUFJJVkFURSBLRVktLS0tLVxuTUlJRXZ3SUJBREFOQmdrcWhraUc5dzBCQVFFRkFBU0NCS2t3Z2dTbEFnRUFBb0lCQVFEUmx5eDNNQ2Y2b2tiRVxud1JGVTc5UnZ6UlRxdWo5ZzBHL3NCTkozaGdCcnd6ejVMdWNsYVNzd1p2akgvbXZiSUs0ckc5SHRsQ01Kc3ZPWlxuY2RIMTJCaWdXSnVOUTJicUpzWHRxdFNOUFN3UTZrbmcvaklsakFQRHNlSHU5S05YYit6ZlQ0RnFnRzBjQ2R4RVxucHV5emZ4WENRa0x0TEJrRXpuNEJXQzZtUTVpRFNDSnlWVjdFYWF0OWtVL0lhQVJ3R25VSUJOTWczOVBsdnVNVlxubXhJUTg1WndORzg1Q01hV3NjNFI0L2lRL0lkMGNhckRQd0x0R3pTL1EzK1NjOTZDbXc3WlAvRWJ6cVdSVTk2L1xuU3lWNDVURWtDUUh2QnVRNDNla1BPNFk4NnFTS1BSbjVLcGRSdlNWODFpT0ZHSENPWmErMGRRRmZXd3ZKT2FqZFxuWEYyRmZKUURBZ01CQUFFQ2dnRUFIS01Oc2NsVUpSUW9IRGtPLzY1M05jRnRNcmM0OHFiNEsrVHF4dWI1eHIrWlxuNUtncWIvdWpLWTFnUDU4OUtHY2FOUXlyamMwWVRucHplMHRJZDFGTDZCakRSRFZwNmVOYlZ1SnBBVlZTNElyS1xuaG1IbEF5bFMyRm5GTjR1WWg5bGtvWXh3NzliVlVhZnRQem9aakZyNFk1Ny9HdjNUKzBxbGY5U0hKek9FTXFlWVxubTEwdVdWUGRFTHoxUUgxdUxCT1RGRWxFckhQcFlrUUZNMWYwR04yd0pDOERGdW5UOENxc3g4WTN1NW1nUENHclxuUE5mbVBiaUgxbFRTWG00cDBWY2Z0VTB0WGRXL2lTd2VqMmg5QWg2QnBSeVZobWJaelhMMkttZ1dENkNteUQwSVxuT1FHL09qTGszYzhwbW1DRWxoVmxueC80Nkw5TXg3U1VnTnVlQlpRSkRRS0JnUUQwOTJQek0valJMWm5vNS9weVxudVZNVS9lbW5oRlc3U1FBWWp5cFFuZnlvZndvN3I5SmFaandoT3dQb01naFFkaDJCdjYzMjNlU0xVRW1WajZyMFxuNnR4MmIzdHZORFlTOWNPN0kxR0Irb0J6N3V4a0c0WGhYMTRIVWNyZkE5N203N0dUNlBIVFV4U09LVzV0RnhVSlxuVjBKZ3J6Mzd5cnE3UEVjQkQvb09kYURaVlFLQmdRRGJCK0Rqd0lWN21Cd3E1Z01PYXoxYmYzQ05iOGZzcW53cVxuVy9zK0M0V0Fvc0ZVUWhtUStCdUpIbTc2NURtN3ozMEwwd0VaWklzNTlHa2w2WENVYVdyeFVBNGEzcUZMeDk4Y1xuQ0V3aWNLUk1rK3VyRTl4OWNlS3lRZW9IVlRiWFVwZUVrMXc1T2JTanRwdXBTcjdPRTF2Ni95cHB3QVN3bEs5b1xuZ2hBYXk3Tlg5d0tCZ1FEQXlVV2U3Q01BdEt1dzhZaFg2MlBvWEdBYmx2bEZtSkQ3d3dnaFJBVElzcHBpR09BcVxuaHRVQnJnbElIc0FPV3Jha0d5OFUzdEp6bFc4anhscGJ2ODViWXljNGdGV2lIRXE3SjNPSklKVWhLRUpnRW8wTlxucmxrNDEzVWFpRmhQVlFwakJtdnl6U3FiS3g0ZHVwR3l0VHFuRHFOd1dyOFVoYjYzcGxROE52U3N0UUtCZ1FDV1xuOWwwb1hKOGp5bmxQait6M1dTNlhDOFVWbHIraS9QWkxjODQ4dTFBdWt2N1JCaVg4NXlTRFkzaDJjQ3JpcVdXMFxuYXFCTlVpRXJ0cXRxTi9VaU5XNUNHRDFBZzhXRUo2UTgrL01Ob2JsOEZrL09RQWd1WmZvcmhvYTR1eURyVTcrZVxuM3JvbnJ3QXovajVYZG04QU5oT2xjWTFZQ2NLeHVpa1R6T0V3dHNsTGpRS0JnUURtWWpHYnp4MnNEODcyem5ZdVxuK1dnUGIwS0JKd0xVbmFNM3JRdXVaUmZhMmQ3NFh4R0l2RzZ3VTlldnpSUHNrMWFjcjN2ZC9odjNXTDlSbFJxZ1xudU5Fdk1NS0hCOE5xdTg2eG9OTDdXNGpydnJLRGNXeW9mN2dvV0h3QVY0YWRObjZwQzlVbU5PNGxOL1pwME01NlxuN0t6cUp0NW1lUElKQ1JFUEt5d2xKTGJBTWc9PVxuLS0tLS1FTkQgUFJJVkFURSBLRVktLS0tLVxuIiwKICAiY2xpZW50X2VtYWlsIjogImNsaWVudC0xQGprLW1sb3BzLWRldi5pYW0uZ3NlcnZpY2VhY2NvdW50LmNvbSIsCiAgImNsaWVudF9pZCI6ICIxMDUwMzgyMDQ0ODYwMjQ4ODI4NDkiLAogICJhdXRoX3VyaSI6ICJodHRwczovL2FjY291bnRzLmdvb2dsZS5jb20vby9vYXV0aDIvYXV0aCIsCiAgInRva2VuX3VyaSI6ICJodHRwczovL29hdXRoMi5nb29nbGVhcGlzLmNvbS90b2tlbiIsCiAgImF1dGhfcHJvdmlkZXJfeDUwOV9jZXJ0X3VybCI6ICJodHRwczovL3d3dy5nb29nbGVhcGlzLmNvbS9vYXV0aDIvdjEvY2VydHMiLAogICJjbGllbnRfeDUwOV9jZXJ0X3VybCI6ICJodHRwczovL3d3dy5nb29nbGVhcGlzLmNvbS9yb2JvdC92MS9tZXRhZGF0YS94NTA5L2NsaWVudC0xJTQwamstbWxvcHMtZGV2LmlhbS5nc2VydmljZWFjY291bnQuY29tIgp9Cg== jk-mlops-dev ",
              "create_cmd_entrypoint": ".terraform/modules/hub-clients/modules/hub/scripts/gke_hub_registration.sh",
              "gcloud_bin_abs_path": "/google-cloud-sdk/bin",
              "md5": "c7f8d676e78d2980d877f39f691b8824"
            }
          },
          "sensitive_attributes": [],
          "private": "bnVsbA==",
          "dependencies": [
            "data.google_client_config.current",
            "data.google_project.project",
            "module.client-clusters.data.google_client_config.default",
            "module.client-clusters.data.google_compute_subnetwork.gke_subnetwork",
            "module.client-clusters.data.google_compute_zones.available",
            "module.client-clusters.data.google_container_engine_versions.region",
            "module.client-clusters.data.google_container_engine_versions.zone",
            "module.client-clusters.google_compute_firewall.intra_egress",
            "module.client-clusters.google_compute_firewall.master_webhooks",
            "module.client-clusters.google_compute_firewall.shadow_allow_master",
            "module.client-clusters.google_compute_firewall.shadow_allow_nodes",
            "module.client-clusters.google_compute_firewall.shadow_allow_pods",
            "module.client-clusters.google_container_cluster.primary",
            "module.client-clusters.google_container_node_pool.pools",
            "module.client-clusters.google_project_iam_member.cluster_service_account-artifact-registry",
            "module.client-clusters.google_project_iam_member.cluster_service_account-gcr",
            "module.client-clusters.google_project_iam_member.cluster_service_account-log_writer",
            "module.client-clusters.google_project_iam_member.cluster_service_account-metric_writer",
            "module.client-clusters.google_project_iam_member.cluster_service_account-monitoring_viewer",
            "module.client-clusters.google_project_iam_member.cluster_service_account-resourceMetadata-writer",
            "module.client-clusters.google_service_account.cluster_service_account",
            "module.client-clusters.kubernetes_config_map.ip-masq-agent",
            "module.client-clusters.kubernetes_config_map.kube-dns",
            "module.client-clusters.kubernetes_config_map.kube-dns-upstream-nameservers-and-stub-domains",
            "module.client-clusters.kubernetes_config_map.kube-dns-upstream-namservers",
            "module.client-clusters.module.gcloud_delete_default_kube_dns_configmap.module.gcloud_kubectl.data.external.env_override",
            "module.client-clusters.module.gcloud_delete_default_kube_dns_configmap.module.gcloud_kubectl.null_resource.additional_components",
            "module.client-clusters.module.gcloud_delete_default_kube_dns_configmap.module.gcloud_kubectl.null_resource.additional_components_destroy",
            "module.client-clusters.module.gcloud_delete_default_kube_dns_configmap.module.gcloud_kubectl.null_resource.decompress",
            "module.client-clusters.module.gcloud_delete_default_kube_dns_configmap.module.gcloud_kubectl.null_resource.decompress_destroy",
            "module.client-clusters.module.gcloud_delete_default_kube_dns_configmap.module.gcloud_kubectl.null_resource.download_gcloud",
            "module.client-clusters.module.gcloud_delete_default_kube_dns_configmap.module.gcloud_kubectl.null_resource.download_jq",
            "module.client-clusters.module.gcloud_delete_default_kube_dns_configmap.module.gcloud_kubectl.null_resource.gcloud_auth_google_credentials",
            "module.client-clusters.module.gcloud_delete_default_kube_dns_configmap.module.gcloud_kubectl.null_resource.gcloud_auth_google_credentials_destroy",
            "module.client-clusters.module.gcloud_delete_default_kube_dns_configmap.module.gcloud_kubectl.null_resource.gcloud_auth_service_account_key_file",
            "module.client-clusters.module.gcloud_delete_default_kube_dns_configmap.module.gcloud_kubectl.null_resource.gcloud_auth_service_account_key_file_destroy",
            "module.client-clusters.module.gcloud_delete_default_kube_dns_configmap.module.gcloud_kubectl.null_resource.module_depends_on",
            "module.client-clusters.module.gcloud_delete_default_kube_dns_configmap.module.gcloud_kubectl.null_resource.prepare_cache",
            "module.client-clusters.module.gcloud_delete_default_kube_dns_configmap.module.gcloud_kubectl.null_resource.run_command",
            "module.client-clusters.module.gcloud_delete_default_kube_dns_configmap.module.gcloud_kubectl.null_resource.run_destroy_command",
            "module.client-clusters.module.gcloud_delete_default_kube_dns_configmap.module.gcloud_kubectl.null_resource.upgrade",
            "module.client-clusters.module.gcloud_delete_default_kube_dns_configmap.module.gcloud_kubectl.null_resource.upgrade_destroy",
            "module.client-clusters.module.gcloud_delete_default_kube_dns_configmap.module.gcloud_kubectl.random_id.cache",
            "module.client-clusters.random_shuffle.available_zones",
            "module.client-clusters.random_string.cluster_service_account_suffix",
            "module.hub-clients.google_service_account.gke_hub_sa",
            "module.hub-clients.google_service_account_key.gke_hub_key",
            "module.hub-clients.module.gke_hub_registration.data.external.env_override",
            "module.hub-clients.module.gke_hub_registration.null_resource.additional_components",
            "module.hub-clients.module.gke_hub_registration.null_resource.decompress",
            "module.hub-clients.module.gke_hub_registration.null_resource.gcloud_auth_google_credentials",
            "module.hub-clients.module.gke_hub_registration.null_resource.gcloud_auth_service_account_key_file",
            "module.hub-clients.module.gke_hub_registration.null_resource.module_depends_on",
            "module.hub-clients.module.gke_hub_registration.random_id.cache",
            "module.project-services.google_project_service.project_services"
          ]
        }
      ]
    },
    {
      "module": "module.hub-clients[1].module.gke_hub_registration",
      "mode": "managed",
      "type": "null_resource",
      "name": "run_destroy_command",
      "provider": "provider[\"registry.terraform.io/hashicorp/null\"]",
      "instances": [
        {
          "index_key": 0,
          "schema_version": 0,
          "attributes": {
            "id": "4287226125750677409",
            "triggers": {
              "destroy_cmd_body": "1 client-1 us-west1-a tff-client-1 jk-mlops-dev",
              "destroy_cmd_entrypoint": ".terraform/modules/hub-clients/modules/hub/scripts/gke_hub_unregister.sh",
              "gcloud_bin_abs_path": "/google-cloud-sdk/bin"
            }
          },
          "sensitive_attributes": [],
          "private": "bnVsbA==",
          "dependencies": [
            "data.google_client_config.current",
            "data.google_project.project",
            "module.client-clusters.data.google_client_config.default",
            "module.client-clusters.data.google_compute_subnetwork.gke_subnetwork",
            "module.client-clusters.data.google_compute_zones.available",
            "module.client-clusters.data.google_container_engine_versions.region",
            "module.client-clusters.data.google_container_engine_versions.zone",
            "module.client-clusters.google_compute_firewall.intra_egress",
            "module.client-clusters.google_compute_firewall.master_webhooks",
            "module.client-clusters.google_compute_firewall.shadow_allow_master",
            "module.client-clusters.google_compute_firewall.shadow_allow_nodes",
            "module.client-clusters.google_compute_firewall.shadow_allow_pods",
            "module.client-clusters.google_container_cluster.primary",
            "module.client-clusters.google_container_node_pool.pools",
            "module.client-clusters.google_project_iam_member.cluster_service_account-artifact-registry",
            "module.client-clusters.google_project_iam_member.cluster_service_account-gcr",
            "module.client-clusters.google_project_iam_member.cluster_service_account-log_writer",
            "module.client-clusters.google_project_iam_member.cluster_service_account-metric_writer",
            "module.client-clusters.google_project_iam_member.cluster_service_account-monitoring_viewer",
            "module.client-clusters.google_project_iam_member.cluster_service_account-resourceMetadata-writer",
            "module.client-clusters.google_service_account.cluster_service_account",
            "module.client-clusters.kubernetes_config_map.ip-masq-agent",
            "module.client-clusters.kubernetes_config_map.kube-dns",
            "module.client-clusters.kubernetes_config_map.kube-dns-upstream-nameservers-and-stub-domains",
            "module.client-clusters.kubernetes_config_map.kube-dns-upstream-namservers",
            "module.client-clusters.module.gcloud_delete_default_kube_dns_configmap.module.gcloud_kubectl.data.external.env_override",
            "module.client-clusters.module.gcloud_delete_default_kube_dns_configmap.module.gcloud_kubectl.null_resource.additional_components",
            "module.client-clusters.module.gcloud_delete_default_kube_dns_configmap.module.gcloud_kubectl.null_resource.additional_components_destroy",
            "module.client-clusters.module.gcloud_delete_default_kube_dns_configmap.module.gcloud_kubectl.null_resource.decompress",
            "module.client-clusters.module.gcloud_delete_default_kube_dns_configmap.module.gcloud_kubectl.null_resource.decompress_destroy",
            "module.client-clusters.module.gcloud_delete_default_kube_dns_configmap.module.gcloud_kubectl.null_resource.download_gcloud",
            "module.client-clusters.module.gcloud_delete_default_kube_dns_configmap.module.gcloud_kubectl.null_resource.download_jq",
            "module.client-clusters.module.gcloud_delete_default_kube_dns_configmap.module.gcloud_kubectl.null_resource.gcloud_auth_google_credentials",
            "module.client-clusters.module.gcloud_delete_default_kube_dns_configmap.module.gcloud_kubectl.null_resource.gcloud_auth_google_credentials_destroy",
            "module.client-clusters.module.gcloud_delete_default_kube_dns_configmap.module.gcloud_kubectl.null_resource.gcloud_auth_service_account_key_file",
            "module.client-clusters.module.gcloud_delete_default_kube_dns_configmap.module.gcloud_kubectl.null_resource.gcloud_auth_service_account_key_file_destroy",
            "module.client-clusters.module.gcloud_delete_default_kube_dns_configmap.module.gcloud_kubectl.null_resource.module_depends_on",
            "module.client-clusters.module.gcloud_delete_default_kube_dns_configmap.module.gcloud_kubectl.null_resource.prepare_cache",
            "module.client-clusters.module.gcloud_delete_default_kube_dns_configmap.module.gcloud_kubectl.null_resource.run_command",
            "module.client-clusters.module.gcloud_delete_default_kube_dns_configmap.module.gcloud_kubectl.null_resource.run_destroy_command",
            "module.client-clusters.module.gcloud_delete_default_kube_dns_configmap.module.gcloud_kubectl.null_resource.upgrade",
            "module.client-clusters.module.gcloud_delete_default_kube_dns_configmap.module.gcloud_kubectl.null_resource.upgrade_destroy",
            "module.client-clusters.module.gcloud_delete_default_kube_dns_configmap.module.gcloud_kubectl.random_id.cache",
            "module.client-clusters.random_shuffle.available_zones",
            "module.client-clusters.random_string.cluster_service_account_suffix",
            "module.hub-clients.module.gke_hub_registration.data.external.env_override",
            "module.hub-clients.module.gke_hub_registration.null_resource.additional_components",
            "module.hub-clients.module.gke_hub_registration.null_resource.decompress",
            "module.hub-clients.module.gke_hub_registration.null_resource.gcloud_auth_google_credentials",
            "module.hub-clients.module.gke_hub_registration.null_resource.gcloud_auth_service_account_key_file",
            "module.hub-clients.module.gke_hub_registration.null_resource.module_depends_on",
            "module.hub-clients.module.gke_hub_registration.random_id.cache",
            "module.project-services.google_project_service.project_services"
          ]
        }
      ]
    },
    {
      "module": "module.hub-server",
      "mode": "data",
      "type": "google_client_config",
      "name": "default",
      "provider": "provider[\"registry.terraform.io/hashicorp/google\"]",
      "instances": [
        {
          "schema_version": 0,
          "attributes": {
            "access_token": "ya29.A0AfH6SMC7kno7ALprv77YGBaAUeri-1BPfM5yJjpB3iwSivnBSgLlUOEL84bfdxI1LZbJSt-ZDUtpLUbm-fazPqk6IkKxxdP_jIsgXWdtS4gX0JJNtFIhYmXSLfWS1T4oTZpyYhnno-ykmSbQ8vzRjzATb1sxAt3AT17tpvYi7Sqax5Jy87RD3Q73IJS5RjOqpG1QdBex-GiSJb2LbyhxdZgHhtxIETirzptAaZG5LnwQioFx4PjHLi7d-kiey7jHcA8gGnM",
            "id": "projects/jk-mlops-dev/regions/us-west1/zones/",
            "project": "jk-mlops-dev",
            "region": "us-west1",
            "zone": ""
          },
          "sensitive_attributes": []
        }
      ]
    },
    {
      "module": "module.hub-server",
      "mode": "managed",
      "type": "google_project_iam_member",
      "name": "gke_hub_member",
      "provider": "provider[\"registry.terraform.io/hashicorp/google\"]",
      "instances": [
        {
          "index_key": 0,
          "schema_version": 0,
          "attributes": {
            "condition": [],
            "etag": "BwW79GQCuos=",
            "id": "jk-mlops-dev/roles/gkehub.connect/serviceaccount:server@jk-mlops-dev.iam.gserviceaccount.com",
            "member": "serviceAccount:server@jk-mlops-dev.iam.gserviceaccount.com",
            "project": "jk-mlops-dev",
            "role": "roles/gkehub.connect"
          },
          "sensitive_attributes": [],
          "private": "bnVsbA==",
          "dependencies": [
            "data.google_client_config.current",
            "module.hub-server.google_service_account.gke_hub_sa"
          ]
        }
      ]
    },
    {
      "module": "module.hub-server",
      "mode": "managed",
      "type": "google_service_account",
      "name": "gke_hub_sa",
      "provider": "provider[\"registry.terraform.io/hashicorp/google\"]",
      "instances": [
        {
          "index_key": 0,
          "schema_version": 0,
          "attributes": {
            "account_id": "server",
            "description": "",
            "display_name": "Service Account for GKE Hub Registration",
            "email": "server@jk-mlops-dev.iam.gserviceaccount.com",
            "id": "projects/jk-mlops-dev/serviceAccounts/server@jk-mlops-dev.iam.gserviceaccount.com",
            "name": "projects/jk-mlops-dev/serviceAccounts/server@jk-mlops-dev.iam.gserviceaccount.com",
            "project": "jk-mlops-dev",
            "timeouts": null,
            "unique_id": "115831087134081598787"
          },
          "sensitive_attributes": [],
          "private": "eyJlMmJmYjczMC1lY2FhLTExZTYtOGY4OC0zNDM2M2JjN2M0YzAiOnsiY3JlYXRlIjozMDAwMDAwMDAwMDB9fQ==",
          "dependencies": [
            "data.google_client_config.current"
          ]
        }
      ]
    },
    {
      "module": "module.hub-server",
      "mode": "managed",
      "type": "google_service_account_key",
      "name": "gke_hub_key",
      "provider": "provider[\"registry.terraform.io/hashicorp/google\"]",
      "instances": [
        {
          "index_key": 0,
          "schema_version": 0,
          "attributes": {
            "id": "projects/jk-mlops-dev/serviceAccounts/server@jk-mlops-dev.iam.gserviceaccount.com/keys/2d1b29b24f18866f339778d89b61218dbd3f2675",
            "keepers": null,
            "key_algorithm": "KEY_ALG_RSA_2048",
            "name": "projects/jk-mlops-dev/serviceAccounts/server@jk-mlops-dev.iam.gserviceaccount.com/keys/2d1b29b24f18866f339778d89b61218dbd3f2675",
            "private_key": "ewogICJ0eXBlIjogInNlcnZpY2VfYWNjb3VudCIsCiAgInByb2plY3RfaWQiOiAiamstbWxvcHMtZGV2IiwKICAicHJpdmF0ZV9rZXlfaWQiOiAiMmQxYjI5YjI0ZjE4ODY2ZjMzOTc3OGQ4OWI2MTIxOGRiZDNmMjY3NSIsCiAgInByaXZhdGVfa2V5IjogIi0tLS0tQkVHSU4gUFJJVkFURSBLRVktLS0tLVxuTUlJRXZnSUJBREFOQmdrcWhraUc5dzBCQVFFRkFBU0NCS2d3Z2dTa0FnRUFBb0lCQVFDZnE4eGVBRzFnT3h0d1xud1R2OHBPa0pXRi81aml0bytweUpWa3JYSzlJRkN1NTR4SVVmb3hqeFRpYXR3RERKVFhGNE4xTXdlR3hFak4zc1xuRERmc0RJTGdHVlpWZ253Y0dHS2I1ZFJTV05LRVVVK1pzS0xFVTFFc2JLOHpjdzhzNjFmanZvYXFvM1Y3NDQwa1xuYXgwa04zSnVZKzdBcFhzYjhKdFZ2Vk9idDFTTzFIVnNWMUt6K3BwNjRsQTBwR05xcEMrV3R6QjNIbnpJcTNlb1xuVWZtL1djMHEvSHFQVDJHZGdLZ1N5SXBSODVBbmc4c0wzZ0V5bmw4YVc2MFh3N2NoaEg2SXVxbzZnZVlRY0dtN1xubEx4MkpQTjEzL1dUamVac3dmSlJFVFl4Y3oweHRFTDY5VEx5NWZTek5TWjBPT3M0NUo5clQvMUJVTmxFQnZuRFxuWWxkMXhsQS9BZ01CQUFFQ2dnRUFEQmZEV1NVNEkyOG1rMklYTEhuQzZvSEdkd3lVN2hUNDhRL1hpRGRaNXliZVxuUzhnNmV0eHI0YTYxRURpN21TdGoyaUo2aXZPNzQyODF5WkJkVmVQV3I2bExtQnRUVWY5b3pIemFHVWgvM1NTWlxuWGo3NS9OdUFqTmhJWnFHaXR4aTE1ZHBDc2I3Q2daa0kwZ2JJeExyc1VEOENVSlhYM3BSWTkyUG81cVM2WXp6R1xuUCs5SG03amF0dmJHaHpCNVR6aGFia1ZFZUhDQWpzWUxKWHo0MTZhY0F4WnNUR1JFVFBSbllxbHQ3RHdQN0FpWFxuVUh5VUd0bUdHdkUxWUEzdE1KSG5RaTZyc2FIcFZ5SGdvSXBXOCtHd1V3ZStZMTZFWWFYWEZQL0R6Tk5ocWpUSVxuZ0xGOXVhaDJGTVM1MEVYcEtCSHlzNHpvMVpmODFKMnY1ME5IU0diLzJRS0JnUURoVUNKeVcyTGNVTDU2NXZGRVxuZXpBTkhUQW1nY1l2Vi8yUVUyK1RDMnhOUTY5QjJMczdBYzg3cjA1VjVnTDFaV3ZJaktDYmg4SmQ2WWFISWRldFxuekxFaUY4L3ZUTUFUSDRHVXVuejFReUU0R3pNamN5RHNudkcxMS9hNzhKcEhVa3N5eHNvVTdNNGRmQ3VuRHlvclxuUkZ2THBmUjVrUW9SNWlhc0NCeWNJdCswdHdLQmdRQzFhdlpkQ0QwTWZpODB6SnFFMXkyeS9GZFJkV0tRL2J4ZlxuL2tGcDhpR3BMaXZPUzJ6Vzc5UmY3Zkd0YVdNNXFSUVpDQzVWQXd4djgvdGdPb0RTZEVHM3gxWkdDbTJnY2dzaVxuV1BTR284NGJnZDZsM2tJR2dsSGNwdlo4elRxNVpRdzlsNkpRbGoxbTNwZmxhY1BxZXlUT2JzNXV6TWdjWEFTOVxuejFPR3JrRUl1UUtCZ1FDbU0yMWxlOEhlRUhXaHhTOWR1NTBEWDIrQVNDUkFFaUVKMEhJeVBxL2lBcmFKMU95dlxucHpNTnJOQVZEdmxKdVVtYmd4aUtBY2UvYko1K21kazE3Qk1SdWd6NVVWMHgvZ0NoRER0VzAvRHlLU1k4MVJVSlxuVm1tb0lLbHhreGJLMjRwNjV5Wno3d1pQdTZPYnROVC9XNHAzRzNET0o4NE15Ly9rMElzQ0pidHMyd0tCZ1FDblxuUTU4eDEwNnlIZ1ZZSU95MlhjNThuN3ZDRndCeHZmL1lZWXZlS3FodVcydDRJSUtSQ1Q0OTFCeG5UaXQyRmpXNVxuZnBsNU4vNVhtaFBDZlM0WTI2ZGIwaVh4SGR4RmVlQmFJcm9SQ1NZV3BuNnBYMnB3cGVia0VleGcxTGU0QnpwcFxuNzB4d0VKVThLeTdSRGRyY2JmMVpkMEJOVi9HSWRDN0s4a1NJZ0ZEbHdRS0JnSE1JcFV0K1JzcDBhbUJvRzZTVVxuMmlSdGV4T0QvNlU4RlpodjQ1VzEvYUxnS2xJZFhrZUVPL3dQbjF4R3dJNHhuY1FPbzU2eXVSb25lZGk1UjlkdlxuQ2FKOWF5TlZYMHNNTE4wNjNlaStSTHRQZGh6Y2FvT0dWMlh1YXY2Tlh1Z0xtV3pvTGRxekRXZ2c1S3VoZlJuVVxub1FwUmh3TmJacjdBZ0xoZEM1UStNZk93XG4tLS0tLUVORCBQUklWQVRFIEtFWS0tLS0tXG4iLAogICJjbGllbnRfZW1haWwiOiAic2VydmVyQGprLW1sb3BzLWRldi5pYW0uZ3NlcnZpY2VhY2NvdW50LmNvbSIsCiAgImNsaWVudF9pZCI6ICIxMTU4MzEwODcxMzQwODE1OTg3ODciLAogICJhdXRoX3VyaSI6ICJodHRwczovL2FjY291bnRzLmdvb2dsZS5jb20vby9vYXV0aDIvYXV0aCIsCiAgInRva2VuX3VyaSI6ICJodHRwczovL29hdXRoMi5nb29nbGVhcGlzLmNvbS90b2tlbiIsCiAgImF1dGhfcHJvdmlkZXJfeDUwOV9jZXJ0X3VybCI6ICJodHRwczovL3d3dy5nb29nbGVhcGlzLmNvbS9vYXV0aDIvdjEvY2VydHMiLAogICJjbGllbnRfeDUwOV9jZXJ0X3VybCI6ICJodHRwczovL3d3dy5nb29nbGVhcGlzLmNvbS9yb2JvdC92MS9tZXRhZGF0YS94NTA5L3NlcnZlciU0MGprLW1sb3BzLWRldi5pYW0uZ3NlcnZpY2VhY2NvdW50LmNvbSIKfQo=",
            "private_key_type": "TYPE_GOOGLE_CREDENTIALS_FILE",
            "public_key": "LS0tLS1CRUdJTiBDRVJUSUZJQ0FURS0tLS0tCk1JSUMvRENDQWVTZ0F3SUJBZ0lJVkJYZVg3UHp1MjR3RFFZSktvWklodmNOQVFFRkJRQXdJREVlTUJ3R0ExVUUKQXhNVk1URTFPRE14TURnM01UTTBNRGd4TlRrNE56ZzNNQ0FYRFRJeE1ESXlNakl5TXpNeU1Gb1lEems1T1RreApNak14TWpNMU9UVTVXakFnTVI0d0hBWURWUVFERXhVeE1UVTRNekV3T0RjeE16UXdPREUxT1RnM09EY3dnZ0VpCk1BMEdDU3FHU0liM0RRRUJBUVVBQTRJQkR3QXdnZ0VLQW9JQkFRQ2ZxOHhlQUcxZ094dHd3VHY4cE9rSldGLzUKaml0bytweUpWa3JYSzlJRkN1NTR4SVVmb3hqeFRpYXR3RERKVFhGNE4xTXdlR3hFak4zc0REZnNESUxnR1ZaVgpnbndjR0dLYjVkUlNXTktFVVUrWnNLTEVVMUVzYks4emN3OHM2MWZqdm9hcW8zVjc0NDBrYXgwa04zSnVZKzdBCnBYc2I4SnRWdlZPYnQxU08xSFZzVjFLeitwcDY0bEEwcEdOcXBDK1d0ekIzSG56SXEzZW9VZm0vV2MwcS9IcVAKVDJHZGdLZ1N5SXBSODVBbmc4c0wzZ0V5bmw4YVc2MFh3N2NoaEg2SXVxbzZnZVlRY0dtN2xMeDJKUE4xMy9XVApqZVpzd2ZKUkVUWXhjejB4dEVMNjlUTHk1ZlN6TlNaME9PczQ1SjlyVC8xQlVObEVCdm5EWWxkMXhsQS9BZ01CCkFBR2pPREEyTUF3R0ExVWRFd0VCL3dRQ01BQXdEZ1lEVlIwUEFRSC9CQVFEQWdlQU1CWUdBMVVkSlFFQi93UU0KTUFvR0NDc0dBUVVGQndNQ01BMEdDU3FHU0liM0RRRUJCUVVBQTRJQkFRQmZEZ2tnRGxna0tCcFZ6TUF2cUVReQpNdllaMXVwdVdJL2JFUmRWSFhSYVdFWG5OQ0hkZzREbmY0V1R6ODB5b2hGc1NFYkZwbXFoeituOGlTOUtkWFI3CjVEN1NmUzAxSmswZUtSK2NCTmY5a2VJMDZ1Y0tpUjBtTDN3NXBSQjlDUjJDY29KK29vMUUrYzZFWlh3djBubUEKU25Xalc2Tnl6NDhtZFhYakdBeGVWeGIwNlVhajNBcUVaalZhbWhHWlY1aytHWXdVVG81MnJFeHM0QWU2aXR5bwplNEUyckVrekgvY0tJWGZrck9MVmRjUi9wNklEdTBDUGFicXNhdlZVY2g0dnJrK1FBbjFYQVpuQUNFRG5PR2kvCkpOTUsyRlcwbG9RL2h5SXgrZS9mWEtGcnBlc0JIQUd2VHlPYkxYZlRIaDhUZmRkSE1HY3FLYVJheEE5QVcwbVIKLS0tLS1FTkQgQ0VSVElGSUNBVEUtLS0tLQo=",
            "public_key_data": null,
            "public_key_type": "TYPE_X509_PEM_FILE",
            "service_account_id": "projects/jk-mlops-dev/serviceAccounts/server@jk-mlops-dev.iam.gserviceaccount.com",
            "valid_after": "2021-02-22T22:33:20Z",
            "valid_before": "9999-12-31T23:59:59Z"
          },
          "sensitive_attributes": [],
          "private": "bnVsbA==",
          "dependencies": [
            "data.google_client_config.current",
            "module.hub-server.google_service_account.gke_hub_sa"
          ]
        }
      ]
    },
    {
      "module": "module.hub-server.module.gke_hub_registration",
      "mode": "data",
      "type": "external",
      "name": "env_override",
      "provider": "provider[\"registry.terraform.io/hashicorp/external\"]",
      "instances": [
        {
          "index_key": 0,
          "schema_version": 0,
          "attributes": {
            "id": "-",
            "program": [
              ".terraform/modules/hub-server.gke_hub_registration/terraform-google-gcloud-2.0.3/scripts/check_env.sh"
            ],
            "query": null,
            "result": {
              "download": ""
            },
            "working_dir": null
          },
          "sensitive_attributes": []
        }
      ]
    },
    {
      "module": "module.hub-server.module.gke_hub_registration",
      "mode": "managed",
      "type": "null_resource",
      "name": "module_depends_on",
      "provider": "provider[\"registry.terraform.io/hashicorp/null\"]",
      "instances": [
        {
          "index_key": 0,
          "schema_version": 0,
          "attributes": {
            "id": "2600048713233115209",
            "triggers": {
              "value": "1"
            }
          },
          "sensitive_attributes": [
            [
              {
                "type": "get_attr",
                "value": "triggers"
              },
              {
                "type": "index",
                "value": {
                  "value": "value",
                  "type": "string"
                }
              }
            ]
          ],
          "private": "bnVsbA==",
          "dependencies": [
            "data.google_client_config.current",
            "data.google_project.project",
            "module.project-services.google_project_service.project_services",
            "module.server-cluster.data.google_compute_zones.available",
            "module.server-cluster.data.google_container_engine_versions.region",
            "module.server-cluster.data.google_container_engine_versions.zone",
            "module.server-cluster.google_container_cluster.primary",
            "module.server-cluster.google_container_node_pool.pools",
            "module.server-cluster.google_service_account.cluster_service_account",
            "module.server-cluster.random_shuffle.available_zones",
            "module.server-cluster.random_string.cluster_service_account_suffix"
          ]
        }
      ]
    },
    {
      "module": "module.hub-server.module.gke_hub_registration",
      "mode": "managed",
      "type": "null_resource",
      "name": "run_command",
      "provider": "provider[\"registry.terraform.io/hashicorp/null\"]",
      "instances": [
        {
          "index_key": 0,
          "schema_version": 0,
          "attributes": {
            "id": "856261413104668746",
            "triggers": {
              "arguments": "36b5335948152b57da8b8ecb2a24a963",
              "create_cmd_body": "1 server us-west1-a tff-server ewogICJ0eXBlIjogInNlcnZpY2VfYWNjb3VudCIsCiAgInByb2plY3RfaWQiOiAiamstbWxvcHMtZGV2IiwKICAicHJpdmF0ZV9rZXlfaWQiOiAiMmQxYjI5YjI0ZjE4ODY2ZjMzOTc3OGQ4OWI2MTIxOGRiZDNmMjY3NSIsCiAgInByaXZhdGVfa2V5IjogIi0tLS0tQkVHSU4gUFJJVkFURSBLRVktLS0tLVxuTUlJRXZnSUJBREFOQmdrcWhraUc5dzBCQVFFRkFBU0NCS2d3Z2dTa0FnRUFBb0lCQVFDZnE4eGVBRzFnT3h0d1xud1R2OHBPa0pXRi81aml0bytweUpWa3JYSzlJRkN1NTR4SVVmb3hqeFRpYXR3RERKVFhGNE4xTXdlR3hFak4zc1xuRERmc0RJTGdHVlpWZ253Y0dHS2I1ZFJTV05LRVVVK1pzS0xFVTFFc2JLOHpjdzhzNjFmanZvYXFvM1Y3NDQwa1xuYXgwa04zSnVZKzdBcFhzYjhKdFZ2Vk9idDFTTzFIVnNWMUt6K3BwNjRsQTBwR05xcEMrV3R6QjNIbnpJcTNlb1xuVWZtL1djMHEvSHFQVDJHZGdLZ1N5SXBSODVBbmc4c0wzZ0V5bmw4YVc2MFh3N2NoaEg2SXVxbzZnZVlRY0dtN1xubEx4MkpQTjEzL1dUamVac3dmSlJFVFl4Y3oweHRFTDY5VEx5NWZTek5TWjBPT3M0NUo5clQvMUJVTmxFQnZuRFxuWWxkMXhsQS9BZ01CQUFFQ2dnRUFEQmZEV1NVNEkyOG1rMklYTEhuQzZvSEdkd3lVN2hUNDhRL1hpRGRaNXliZVxuUzhnNmV0eHI0YTYxRURpN21TdGoyaUo2aXZPNzQyODF5WkJkVmVQV3I2bExtQnRUVWY5b3pIemFHVWgvM1NTWlxuWGo3NS9OdUFqTmhJWnFHaXR4aTE1ZHBDc2I3Q2daa0kwZ2JJeExyc1VEOENVSlhYM3BSWTkyUG81cVM2WXp6R1xuUCs5SG03amF0dmJHaHpCNVR6aGFia1ZFZUhDQWpzWUxKWHo0MTZhY0F4WnNUR1JFVFBSbllxbHQ3RHdQN0FpWFxuVUh5VUd0bUdHdkUxWUEzdE1KSG5RaTZyc2FIcFZ5SGdvSXBXOCtHd1V3ZStZMTZFWWFYWEZQL0R6Tk5ocWpUSVxuZ0xGOXVhaDJGTVM1MEVYcEtCSHlzNHpvMVpmODFKMnY1ME5IU0diLzJRS0JnUURoVUNKeVcyTGNVTDU2NXZGRVxuZXpBTkhUQW1nY1l2Vi8yUVUyK1RDMnhOUTY5QjJMczdBYzg3cjA1VjVnTDFaV3ZJaktDYmg4SmQ2WWFISWRldFxuekxFaUY4L3ZUTUFUSDRHVXVuejFReUU0R3pNamN5RHNudkcxMS9hNzhKcEhVa3N5eHNvVTdNNGRmQ3VuRHlvclxuUkZ2THBmUjVrUW9SNWlhc0NCeWNJdCswdHdLQmdRQzFhdlpkQ0QwTWZpODB6SnFFMXkyeS9GZFJkV0tRL2J4ZlxuL2tGcDhpR3BMaXZPUzJ6Vzc5UmY3Zkd0YVdNNXFSUVpDQzVWQXd4djgvdGdPb0RTZEVHM3gxWkdDbTJnY2dzaVxuV1BTR284NGJnZDZsM2tJR2dsSGNwdlo4elRxNVpRdzlsNkpRbGoxbTNwZmxhY1BxZXlUT2JzNXV6TWdjWEFTOVxuejFPR3JrRUl1UUtCZ1FDbU0yMWxlOEhlRUhXaHhTOWR1NTBEWDIrQVNDUkFFaUVKMEhJeVBxL2lBcmFKMU95dlxucHpNTnJOQVZEdmxKdVVtYmd4aUtBY2UvYko1K21kazE3Qk1SdWd6NVVWMHgvZ0NoRER0VzAvRHlLU1k4MVJVSlxuVm1tb0lLbHhreGJLMjRwNjV5Wno3d1pQdTZPYnROVC9XNHAzRzNET0o4NE15Ly9rMElzQ0pidHMyd0tCZ1FDblxuUTU4eDEwNnlIZ1ZZSU95MlhjNThuN3ZDRndCeHZmL1lZWXZlS3FodVcydDRJSUtSQ1Q0OTFCeG5UaXQyRmpXNVxuZnBsNU4vNVhtaFBDZlM0WTI2ZGIwaVh4SGR4RmVlQmFJcm9SQ1NZV3BuNnBYMnB3cGVia0VleGcxTGU0QnpwcFxuNzB4d0VKVThLeTdSRGRyY2JmMVpkMEJOVi9HSWRDN0s4a1NJZ0ZEbHdRS0JnSE1JcFV0K1JzcDBhbUJvRzZTVVxuMmlSdGV4T0QvNlU4RlpodjQ1VzEvYUxnS2xJZFhrZUVPL3dQbjF4R3dJNHhuY1FPbzU2eXVSb25lZGk1UjlkdlxuQ2FKOWF5TlZYMHNNTE4wNjNlaStSTHRQZGh6Y2FvT0dWMlh1YXY2Tlh1Z0xtV3pvTGRxekRXZ2c1S3VoZlJuVVxub1FwUmh3TmJacjdBZ0xoZEM1UStNZk93XG4tLS0tLUVORCBQUklWQVRFIEtFWS0tLS0tXG4iLAogICJjbGllbnRfZW1haWwiOiAic2VydmVyQGprLW1sb3BzLWRldi5pYW0uZ3NlcnZpY2VhY2NvdW50LmNvbSIsCiAgImNsaWVudF9pZCI6ICIxMTU4MzEwODcxMzQwODE1OTg3ODciLAogICJhdXRoX3VyaSI6ICJodHRwczovL2FjY291bnRzLmdvb2dsZS5jb20vby9vYXV0aDIvYXV0aCIsCiAgInRva2VuX3VyaSI6ICJodHRwczovL29hdXRoMi5nb29nbGVhcGlzLmNvbS90b2tlbiIsCiAgImF1dGhfcHJvdmlkZXJfeDUwOV9jZXJ0X3VybCI6ICJodHRwczovL3d3dy5nb29nbGVhcGlzLmNvbS9vYXV0aDIvdjEvY2VydHMiLAogICJjbGllbnRfeDUwOV9jZXJ0X3VybCI6ICJodHRwczovL3d3dy5nb29nbGVhcGlzLmNvbS9yb2JvdC92MS9tZXRhZGF0YS94NTA5L3NlcnZlciU0MGprLW1sb3BzLWRldi5pYW0uZ3NlcnZpY2VhY2NvdW50LmNvbSIKfQo= jk-mlops-dev ",
              "create_cmd_entrypoint": ".terraform/modules/hub-server/modules/hub/scripts/gke_hub_registration.sh",
              "gcloud_bin_abs_path": "/google-cloud-sdk/bin",
              "md5": "d4192b8475717e029a8a2e7094fabb99"
            }
          },
          "sensitive_attributes": [],
          "private": "bnVsbA==",
          "dependencies": [
            "data.google_client_config.current",
            "data.google_project.project",
            "module.hub-server.google_service_account.gke_hub_sa",
            "module.hub-server.google_service_account_key.gke_hub_key",
            "module.hub-server.module.gke_hub_registration.data.external.env_override",
            "module.hub-server.module.gke_hub_registration.null_resource.additional_components",
            "module.hub-server.module.gke_hub_registration.null_resource.decompress",
            "module.hub-server.module.gke_hub_registration.null_resource.gcloud_auth_google_credentials",
            "module.hub-server.module.gke_hub_registration.null_resource.gcloud_auth_service_account_key_file",
            "module.hub-server.module.gke_hub_registration.null_resource.module_depends_on",
            "module.hub-server.module.gke_hub_registration.random_id.cache",
            "module.project-services.google_project_service.project_services",
            "module.server-cluster.data.google_compute_zones.available",
            "module.server-cluster.data.google_container_engine_versions.region",
            "module.server-cluster.data.google_container_engine_versions.zone",
            "module.server-cluster.google_container_cluster.primary",
            "module.server-cluster.google_container_node_pool.pools",
            "module.server-cluster.google_service_account.cluster_service_account",
            "module.server-cluster.random_shuffle.available_zones",
            "module.server-cluster.random_string.cluster_service_account_suffix"
          ]
        }
      ]
    },
    {
      "module": "module.hub-server.module.gke_hub_registration",
      "mode": "managed",
      "type": "null_resource",
      "name": "run_destroy_command",
      "provider": "provider[\"registry.terraform.io/hashicorp/null\"]",
      "instances": [
        {
          "index_key": 0,
          "schema_version": 0,
          "attributes": {
            "id": "8659463252464229508",
            "triggers": {
              "destroy_cmd_body": "1 server us-west1-a tff-server jk-mlops-dev",
              "destroy_cmd_entrypoint": ".terraform/modules/hub-server/modules/hub/scripts/gke_hub_unregister.sh",
              "gcloud_bin_abs_path": "/google-cloud-sdk/bin"
            }
          },
          "sensitive_attributes": [],
          "private": "bnVsbA==",
          "dependencies": [
            "data.google_client_config.current",
            "data.google_project.project",
            "module.hub-server.module.gke_hub_registration.data.external.env_override",
            "module.hub-server.module.gke_hub_registration.null_resource.additional_components",
            "module.hub-server.module.gke_hub_registration.null_resource.decompress",
            "module.hub-server.module.gke_hub_registration.null_resource.gcloud_auth_google_credentials",
            "module.hub-server.module.gke_hub_registration.null_resource.gcloud_auth_service_account_key_file",
            "module.hub-server.module.gke_hub_registration.null_resource.module_depends_on",
            "module.hub-server.module.gke_hub_registration.random_id.cache",
            "module.project-services.google_project_service.project_services",
            "module.server-cluster.data.google_compute_zones.available",
            "module.server-cluster.data.google_container_engine_versions.region",
            "module.server-cluster.data.google_container_engine_versions.zone",
            "module.server-cluster.google_container_cluster.primary",
            "module.server-cluster.google_container_node_pool.pools",
            "module.server-cluster.google_service_account.cluster_service_account",
            "module.server-cluster.random_shuffle.available_zones",
            "module.server-cluster.random_string.cluster_service_account_suffix"
          ]
        }
      ]
    },
    {
      "module": "module.project-services",
      "mode": "managed",
      "type": "google_project_service",
      "name": "project_services",
      "provider": "provider[\"registry.terraform.io/hashicorp/google\"]",
      "instances": [
        {
          "index_key": "anthos.googleapis.com",
          "schema_version": 0,
          "attributes": {
            "disable_dependent_services": true,
            "disable_on_destroy": false,
            "id": "jk-mlops-dev/anthos.googleapis.com",
            "project": "jk-mlops-dev",
            "service": "anthos.googleapis.com",
            "timeouts": null
          },
          "sensitive_attributes": [],
          "private": "eyJlMmJmYjczMC1lY2FhLTExZTYtOGY4OC0zNDM2M2JjN2M0YzAiOnsiY3JlYXRlIjoxMjAwMDAwMDAwMDAwLCJkZWxldGUiOjEyMDAwMDAwMDAwMDAsInJlYWQiOjYwMDAwMDAwMDAwMCwidXBkYXRlIjoxMjAwMDAwMDAwMDAwfX0=",
          "dependencies": [
            "data.google_client_config.current"
          ]
        },
        {
          "index_key": "cloudresourcemanager.googleapis.com",
          "schema_version": 0,
          "attributes": {
            "disable_dependent_services": true,
            "disable_on_destroy": false,
            "id": "jk-mlops-dev/cloudresourcemanager.googleapis.com",
            "project": "jk-mlops-dev",
            "service": "cloudresourcemanager.googleapis.com",
            "timeouts": null
          },
          "sensitive_attributes": [],
          "private": "eyJlMmJmYjczMC1lY2FhLTExZTYtOGY4OC0zNDM2M2JjN2M0YzAiOnsiY3JlYXRlIjoxMjAwMDAwMDAwMDAwLCJkZWxldGUiOjEyMDAwMDAwMDAwMDAsInJlYWQiOjYwMDAwMDAwMDAwMCwidXBkYXRlIjoxMjAwMDAwMDAwMDAwfX0=",
          "dependencies": [
            "data.google_client_config.current"
          ]
        },
        {
          "index_key": "cloudtrace.googleapis.com",
          "schema_version": 0,
          "attributes": {
            "disable_dependent_services": true,
            "disable_on_destroy": false,
            "id": "jk-mlops-dev/cloudtrace.googleapis.com",
            "project": "jk-mlops-dev",
            "service": "cloudtrace.googleapis.com",
            "timeouts": null
          },
          "sensitive_attributes": [],
          "private": "eyJlMmJmYjczMC1lY2FhLTExZTYtOGY4OC0zNDM2M2JjN2M0YzAiOnsiY3JlYXRlIjoxMjAwMDAwMDAwMDAwLCJkZWxldGUiOjEyMDAwMDAwMDAwMDAsInJlYWQiOjYwMDAwMDAwMDAwMCwidXBkYXRlIjoxMjAwMDAwMDAwMDAwfX0=",
          "dependencies": [
            "data.google_client_config.current"
          ]
        },
        {
          "index_key": "compute.googleapis.com",
          "schema_version": 0,
          "attributes": {
            "disable_dependent_services": true,
            "disable_on_destroy": false,
            "id": "jk-mlops-dev/compute.googleapis.com",
            "project": "jk-mlops-dev",
            "service": "compute.googleapis.com",
            "timeouts": null
          },
          "sensitive_attributes": [],
          "private": "eyJlMmJmYjczMC1lY2FhLTExZTYtOGY4OC0zNDM2M2JjN2M0YzAiOnsiY3JlYXRlIjoxMjAwMDAwMDAwMDAwLCJkZWxldGUiOjEyMDAwMDAwMDAwMDAsInJlYWQiOjYwMDAwMDAwMDAwMCwidXBkYXRlIjoxMjAwMDAwMDAwMDAwfX0=",
          "dependencies": [
            "data.google_client_config.current"
          ]
        },
        {
          "index_key": "container.googleapis.com",
          "schema_version": 0,
          "attributes": {
            "disable_dependent_services": true,
            "disable_on_destroy": false,
            "id": "jk-mlops-dev/container.googleapis.com",
            "project": "jk-mlops-dev",
            "service": "container.googleapis.com",
            "timeouts": null
          },
          "sensitive_attributes": [],
          "private": "eyJlMmJmYjczMC1lY2FhLTExZTYtOGY4OC0zNDM2M2JjN2M0YzAiOnsiY3JlYXRlIjoxMjAwMDAwMDAwMDAwLCJkZWxldGUiOjEyMDAwMDAwMDAwMDAsInJlYWQiOjYwMDAwMDAwMDAwMCwidXBkYXRlIjoxMjAwMDAwMDAwMDAwfX0=",
          "dependencies": [
            "data.google_client_config.current"
          ]
        },
        {
          "index_key": "gkeconnect.googleapis.com",
          "schema_version": 0,
          "attributes": {
            "disable_dependent_services": true,
            "disable_on_destroy": false,
            "id": "jk-mlops-dev/gkeconnect.googleapis.com",
            "project": "jk-mlops-dev",
            "service": "gkeconnect.googleapis.com",
            "timeouts": null
          },
          "sensitive_attributes": [],
          "private": "eyJlMmJmYjczMC1lY2FhLTExZTYtOGY4OC0zNDM2M2JjN2M0YzAiOnsiY3JlYXRlIjoxMjAwMDAwMDAwMDAwLCJkZWxldGUiOjEyMDAwMDAwMDAwMDAsInJlYWQiOjYwMDAwMDAwMDAwMCwidXBkYXRlIjoxMjAwMDAwMDAwMDAwfX0=",
          "dependencies": [
            "data.google_client_config.current"
          ]
        },
        {
          "index_key": "gkehub.googleapis.com",
          "schema_version": 0,
          "attributes": {
            "disable_dependent_services": true,
            "disable_on_destroy": false,
            "id": "jk-mlops-dev/gkehub.googleapis.com",
            "project": "jk-mlops-dev",
            "service": "gkehub.googleapis.com",
            "timeouts": null
          },
          "sensitive_attributes": [],
          "private": "eyJlMmJmYjczMC1lY2FhLTExZTYtOGY4OC0zNDM2M2JjN2M0YzAiOnsiY3JlYXRlIjoxMjAwMDAwMDAwMDAwLCJkZWxldGUiOjEyMDAwMDAwMDAwMDAsInJlYWQiOjYwMDAwMDAwMDAwMCwidXBkYXRlIjoxMjAwMDAwMDAwMDAwfX0=",
          "dependencies": [
            "data.google_client_config.current"
          ]
        },
        {
          "index_key": "iam.googleapis.com",
          "schema_version": 0,
          "attributes": {
            "disable_dependent_services": true,
            "disable_on_destroy": false,
            "id": "jk-mlops-dev/iam.googleapis.com",
            "project": "jk-mlops-dev",
            "service": "iam.googleapis.com",
            "timeouts": null
          },
          "sensitive_attributes": [],
          "private": "eyJlMmJmYjczMC1lY2FhLTExZTYtOGY4OC0zNDM2M2JjN2M0YzAiOnsiY3JlYXRlIjoxMjAwMDAwMDAwMDAwLCJkZWxldGUiOjEyMDAwMDAwMDAwMDAsInJlYWQiOjYwMDAwMDAwMDAwMCwidXBkYXRlIjoxMjAwMDAwMDAwMDAwfX0=",
          "dependencies": [
            "data.google_client_config.current"
          ]
        },
        {
          "index_key": "iamcredentials.googleapis.com",
          "schema_version": 0,
          "attributes": {
            "disable_dependent_services": true,
            "disable_on_destroy": false,
            "id": "jk-mlops-dev/iamcredentials.googleapis.com",
            "project": "jk-mlops-dev",
            "service": "iamcredentials.googleapis.com",
            "timeouts": null
          },
          "sensitive_attributes": [],
          "private": "eyJlMmJmYjczMC1lY2FhLTExZTYtOGY4OC0zNDM2M2JjN2M0YzAiOnsiY3JlYXRlIjoxMjAwMDAwMDAwMDAwLCJkZWxldGUiOjEyMDAwMDAwMDAwMDAsInJlYWQiOjYwMDAwMDAwMDAwMCwidXBkYXRlIjoxMjAwMDAwMDAwMDAwfX0=",
          "dependencies": [
            "data.google_client_config.current"
          ]
        },
        {
          "index_key": "logging.googleapis.com",
          "schema_version": 0,
          "attributes": {
            "disable_dependent_services": true,
            "disable_on_destroy": false,
            "id": "jk-mlops-dev/logging.googleapis.com",
            "project": "jk-mlops-dev",
            "service": "logging.googleapis.com",
            "timeouts": null
          },
          "sensitive_attributes": [],
          "private": "eyJlMmJmYjczMC1lY2FhLTExZTYtOGY4OC0zNDM2M2JjN2M0YzAiOnsiY3JlYXRlIjoxMjAwMDAwMDAwMDAwLCJkZWxldGUiOjEyMDAwMDAwMDAwMDAsInJlYWQiOjYwMDAwMDAwMDAwMCwidXBkYXRlIjoxMjAwMDAwMDAwMDAwfX0=",
          "dependencies": [
            "data.google_client_config.current"
          ]
        },
        {
          "index_key": "meshca.googleapis.com",
          "schema_version": 0,
          "attributes": {
            "disable_dependent_services": true,
            "disable_on_destroy": false,
            "id": "jk-mlops-dev/meshca.googleapis.com",
            "project": "jk-mlops-dev",
            "service": "meshca.googleapis.com",
            "timeouts": null
          },
          "sensitive_attributes": [],
          "private": "eyJlMmJmYjczMC1lY2FhLTExZTYtOGY4OC0zNDM2M2JjN2M0YzAiOnsiY3JlYXRlIjoxMjAwMDAwMDAwMDAwLCJkZWxldGUiOjEyMDAwMDAwMDAwMDAsInJlYWQiOjYwMDAwMDAwMDAwMCwidXBkYXRlIjoxMjAwMDAwMDAwMDAwfX0=",
          "dependencies": [
            "data.google_client_config.current"
          ]
        },
        {
          "index_key": "meshconfig.googleapis.com",
          "schema_version": 0,
          "attributes": {
            "disable_dependent_services": true,
            "disable_on_destroy": false,
            "id": "jk-mlops-dev/meshconfig.googleapis.com",
            "project": "jk-mlops-dev",
            "service": "meshconfig.googleapis.com",
            "timeouts": null
          },
          "sensitive_attributes": [],
          "private": "eyJlMmJmYjczMC1lY2FhLTExZTYtOGY4OC0zNDM2M2JjN2M0YzAiOnsiY3JlYXRlIjoxMjAwMDAwMDAwMDAwLCJkZWxldGUiOjEyMDAwMDAwMDAwMDAsInJlYWQiOjYwMDAwMDAwMDAwMCwidXBkYXRlIjoxMjAwMDAwMDAwMDAwfX0=",
          "dependencies": [
            "data.google_client_config.current"
          ]
        },
        {
          "index_key": "meshtelemetry.googleapis.com",
          "schema_version": 0,
          "attributes": {
            "disable_dependent_services": true,
            "disable_on_destroy": false,
            "id": "jk-mlops-dev/meshtelemetry.googleapis.com",
            "project": "jk-mlops-dev",
            "service": "meshtelemetry.googleapis.com",
            "timeouts": null
          },
          "sensitive_attributes": [],
          "private": "eyJlMmJmYjczMC1lY2FhLTExZTYtOGY4OC0zNDM2M2JjN2M0YzAiOnsiY3JlYXRlIjoxMjAwMDAwMDAwMDAwLCJkZWxldGUiOjEyMDAwMDAwMDAwMDAsInJlYWQiOjYwMDAwMDAwMDAwMCwidXBkYXRlIjoxMjAwMDAwMDAwMDAwfX0=",
          "dependencies": [
            "data.google_client_config.current"
          ]
        },
        {
          "index_key": "monitoring.googleapis.com",
          "schema_version": 0,
          "attributes": {
            "disable_dependent_services": true,
            "disable_on_destroy": false,
            "id": "jk-mlops-dev/monitoring.googleapis.com",
            "project": "jk-mlops-dev",
            "service": "monitoring.googleapis.com",
            "timeouts": null
          },
          "sensitive_attributes": [],
          "private": "eyJlMmJmYjczMC1lY2FhLTExZTYtOGY4OC0zNDM2M2JjN2M0YzAiOnsiY3JlYXRlIjoxMjAwMDAwMDAwMDAwLCJkZWxldGUiOjEyMDAwMDAwMDAwMDAsInJlYWQiOjYwMDAwMDAwMDAwMCwidXBkYXRlIjoxMjAwMDAwMDAwMDAwfX0=",
          "dependencies": [
            "data.google_client_config.current"
          ]
        }
      ]
    },
    {
      "module": "module.server-cluster",
      "mode": "data",
      "type": "google_client_config",
      "name": "default",
      "provider": "provider[\"registry.terraform.io/hashicorp/google-beta\"]",
      "instances": [
        {
          "schema_version": 0,
          "attributes": {
            "access_token": "ya29.A0AfH6SMC7kno7ALprv77YGBaAUeri-1BPfM5yJjpB3iwSivnBSgLlUOEL84bfdxI1LZbJSt-ZDUtpLUbm-fazPqk6IkKxxdP_jIsgXWdtS4gX0JJNtFIhYmXSLfWS1T4oTZpyYhnno-ykmSbQ8vzRjzATb1sxAt3AT17tpvYi7Sqax5Jy87RD3Q73IJS5RjOqpG1QdBex-GiSJb2LbyhxdZgHhtxIETirzptAaZG5LnwQioFx4PjHLi7d-kiey7jHcA8gGnM",
            "id": "projects//regions//zones/",
            "project": "",
            "region": "",
            "zone": ""
          },
          "sensitive_attributes": []
        }
      ]
    },
    {
      "module": "module.server-cluster",
      "mode": "data",
      "type": "google_compute_zones",
      "name": "available",
      "provider": "provider[\"registry.terraform.io/hashicorp/google-beta\"]",
      "instances": [
        {
          "schema_version": 0,
          "attributes": {
            "id": "projects/jk-mlops-dev/regions/us-west1",
            "names": [
              "us-west1-a",
              "us-west1-b",
              "us-west1-c"
            ],
            "project": "jk-mlops-dev",
            "region": "us-west1",
            "status": null
          },
          "sensitive_attributes": []
        }
      ]
    },
    {
      "module": "module.server-cluster",
      "mode": "data",
      "type": "google_container_engine_versions",
      "name": "region",
      "provider": "provider[\"registry.terraform.io/hashicorp/google\"]",
      "instances": [
        {
          "schema_version": 0,
          "attributes": {
            "default_cluster_version": "1.17.15-gke.800",
            "id": "2021-02-22 22:33:08.626974229 +0000 UTC",
            "latest_master_version": "1.18.15-gke.1500",
            "latest_node_version": "1.18.15-gke.1500",
            "location": "us-west1-a",
            "project": "jk-mlops-dev",
            "release_channel_default_version": {
              "RAPID": "1.19.7-gke.1302",
              "REGULAR": "1.18.12-gke.1210",
              "STABLE": "1.17.15-gke.800"
            },
            "valid_master_versions": [
              "1.18.15-gke.1500",
              "1.18.15-gke.1100",
              "1.18.14-gke.1600",
              "1.18.14-gke.1200",
              "1.18.12-gke.1210",
              "1.18.12-gke.1206",
              "1.17.17-gke.1500",
              "1.17.17-gke.1100",
              "1.17.17-gke.600",
              "1.17.16-gke.1600",
              "1.17.16-gke.1300",
              "1.17.15-gke.800",
              "1.16.15-gke.11800",
              "1.16.15-gke.10600",
              "1.16.15-gke.7800",
              "1.15.12-gke.6002"
            ],
            "valid_node_versions": [
              "1.18.15-gke.1500",
              "1.18.15-gke.1100",
              "1.18.15-gke.800",
              "1.18.14-gke.1600",
              "1.18.14-gke.1200",
              "1.18.12-gke.1210",
              "1.18.12-gke.1206",
              "1.18.12-gke.1205",
              "1.18.12-gke.1201",
              "1.18.12-gke.1200",
              "1.18.12-gke.300",
              "1.18.10-gke.2701",
              "1.18.10-gke.2101",
              "1.18.10-gke.1500",
              "1.18.10-gke.601",
              "1.18.9-gke.2501",
              "1.18.9-gke.1501",
              "1.18.9-gke.801",
              "1.18.6-gke.4801",
              "1.18.6-gke.3504",
              "1.18.6-gke.3503",
              "1.17.17-gke.1500",
              "1.17.17-gke.1100",
              "1.17.17-gke.600",
              "1.17.16-gke.1600",
              "1.17.16-gke.1300",
              "1.17.15-gke.800",
              "1.17.15-gke.300",
              "1.17.14-gke.1600",
              "1.17.14-gke.1200",
              "1.17.14-gke.400",
              "1.17.13-gke.2600",
              "1.17.13-gke.2001",
              "1.17.13-gke.1401",
              "1.17.13-gke.1400",
              "1.17.13-gke.600",
              "1.17.12-gke.2502",
              "1.17.12-gke.1504",
              "1.17.12-gke.1501",
              "1.17.12-gke.500",
              "1.17.9-gke.6300",
              "1.17.9-gke.1504",
              "1.16.15-gke.11800",
              "1.16.15-gke.10600",
              "1.16.15-gke.7800",
              "1.16.15-gke.7300",
              "1.16.15-gke.6900",
              "1.16.15-gke.6000",
              "1.16.15-gke.5500",
              "1.16.15-gke.4901",
              "1.16.15-gke.4301",
              "1.16.15-gke.4300",
              "1.16.15-gke.3500",
              "1.16.15-gke.2601",
              "1.16.15-gke.1600",
              "1.16.15-gke.500",
              "1.16.13-gke.404",
              "1.16.13-gke.403",
              "1.16.13-gke.401",
              "1.16.13-gke.400",
              "1.16.13-gke.1",
              "1.16.11-gke.5",
              "1.16.10-gke.8",
              "1.16.9-gke.6",
              "1.16.9-gke.2",
              "1.16.8-gke.15",
              "1.16.8-gke.12",
              "1.16.8-gke.9",
              "1.15.12-gke.6002",
              "1.15.12-gke.6001",
              "1.15.12-gke.5000",
              "1.15.12-gke.4002",
              "1.15.12-gke.4000",
              "1.15.12-gke.20",
              "1.15.12-gke.17",
              "1.15.12-gke.16",
              "1.15.12-gke.13",
              "1.15.12-gke.9",
              "1.15.12-gke.6",
              "1.15.12-gke.3",
              "1.15.12-gke.2",
              "1.15.11-gke.17",
              "1.15.11-gke.15",
              "1.15.11-gke.13",
              "1.15.11-gke.12",
              "1.15.11-gke.11",
              "1.15.11-gke.9",
              "1.15.11-gke.5",
              "1.15.11-gke.3",
              "1.15.11-gke.1",
              "1.15.9-gke.26",
              "1.15.9-gke.24",
              "1.15.9-gke.22",
              "1.15.9-gke.12",
              "1.15.9-gke.9",
              "1.15.9-gke.8",
              "1.15.8-gke.3",
              "1.15.8-gke.2",
              "1.15.7-gke.23",
              "1.15.7-gke.2",
              "1.15.4-gke.22",
              "1.14.10-gke.1504",
              "1.14.10-gke.902",
              "1.14.10-gke.50",
              "1.14.10-gke.46",
              "1.14.10-gke.45",
              "1.14.10-gke.42",
              "1.14.10-gke.41",
              "1.14.10-gke.40",
              "1.14.10-gke.37",
              "1.14.10-gke.36",
              "1.14.10-gke.34",
              "1.14.10-gke.32",
              "1.14.10-gke.31",
              "1.14.10-gke.27",
              "1.14.10-gke.24",
              "1.14.10-gke.22",
              "1.14.10-gke.21",
              "1.14.10-gke.17",
              "1.14.10-gke.0",
              "1.14.9-gke.23",
              "1.14.9-gke.2",
              "1.14.9-gke.0",
              "1.14.8-gke.33",
              "1.14.8-gke.21",
              "1.14.8-gke.18",
              "1.14.8-gke.17",
              "1.14.8-gke.14",
              "1.14.8-gke.12",
              "1.14.8-gke.7",
              "1.14.8-gke.2",
              "1.14.7-gke.40",
              "1.14.7-gke.25",
              "1.14.7-gke.23",
              "1.14.7-gke.17",
              "1.14.7-gke.14",
              "1.14.7-gke.10",
              "1.14.6-gke.13",
              "1.14.6-gke.2",
              "1.14.6-gke.1",
              "1.14.3-gke.11",
              "1.14.3-gke.10",
              "1.14.3-gke.9",
              "1.14.2-gke.9",
              "1.14.1-gke.5",
              "1.13.12-gke.30",
              "1.13.12-gke.25",
              "1.13.12-gke.17",
              "1.13.12-gke.16",
              "1.13.12-gke.14",
              "1.13.12-gke.13",
              "1.13.12-gke.10",
              "1.13.12-gke.8",
              "1.13.12-gke.4",
              "1.13.12-gke.2",
              "1.13.11-gke.23",
              "1.13.11-gke.15",
              "1.13.11-gke.14",
              "1.13.11-gke.12",
              "1.13.11-gke.11",
              "1.13.11-gke.9",
              "1.13.11-gke.5",
              "1.13.10-gke.7",
              "1.13.10-gke.0",
              "1.13.9-gke.11",
              "1.13.9-gke.3",
              "1.13.7-gke.24",
              "1.13.7-gke.19",
              "1.13.7-gke.15",
              "1.13.7-gke.8",
              "1.13.7-gke.0",
              "1.13.6-gke.13",
              "1.13.6-gke.6",
              "1.13.6-gke.5",
              "1.13.6-gke.0",
              "1.13.5-gke.10",
              "1.12.10-gke.22",
              "1.12.10-gke.20",
              "1.12.10-gke.19",
              "1.12.10-gke.18",
              "1.12.10-gke.17",
              "1.12.10-gke.15",
              "1.12.10-gke.13",
              "1.12.10-gke.11",
              "1.12.10-gke.5",
              "1.12.9-gke.16",
              "1.12.9-gke.15",
              "1.12.9-gke.13",
              "1.12.9-gke.10",
              "1.12.9-gke.7",
              "1.12.9-gke.3",
              "1.12.8-gke.12",
              "1.12.8-gke.10",
              "1.12.8-gke.7",
              "1.12.8-gke.6",
              "1.12.7-gke.26",
              "1.12.7-gke.25",
              "1.12.7-gke.24",
              "1.12.7-gke.22",
              "1.12.7-gke.21",
              "1.12.7-gke.17",
              "1.12.7-gke.10",
              "1.12.7-gke.7",
              "1.12.6-gke.11",
              "1.12.6-gke.10",
              "1.12.6-gke.7",
              "1.12.5-gke.10",
              "1.12.5-gke.5",
              "1.11.10-gke.6",
              "1.11.10-gke.5"
            ],
            "version_prefix": null
          },
          "sensitive_attributes": []
        }
      ]
    },
    {
      "module": "module.server-cluster",
      "mode": "data",
      "type": "google_container_engine_versions",
      "name": "zone",
      "provider": "provider[\"registry.terraform.io/hashicorp/google\"]",
      "instances": [
        {
          "schema_version": 0,
          "attributes": {
            "default_cluster_version": "1.17.15-gke.800",
            "id": "2021-02-22 22:33:08.953377159 +0000 UTC",
            "latest_master_version": "1.18.15-gke.1500",
            "latest_node_version": "1.18.15-gke.1500",
            "location": "us-west1-a",
            "project": "jk-mlops-dev",
            "release_channel_default_version": {
              "RAPID": "1.19.7-gke.1302",
              "REGULAR": "1.18.12-gke.1210",
              "STABLE": "1.17.15-gke.800"
            },
            "valid_master_versions": [
              "1.18.15-gke.1500",
              "1.18.15-gke.1100",
              "1.18.14-gke.1600",
              "1.18.14-gke.1200",
              "1.18.12-gke.1210",
              "1.18.12-gke.1206",
              "1.17.17-gke.1500",
              "1.17.17-gke.1100",
              "1.17.17-gke.600",
              "1.17.16-gke.1600",
              "1.17.16-gke.1300",
              "1.17.15-gke.800",
              "1.16.15-gke.11800",
              "1.16.15-gke.10600",
              "1.16.15-gke.7800",
              "1.15.12-gke.6002"
            ],
            "valid_node_versions": [
              "1.18.15-gke.1500",
              "1.18.15-gke.1100",
              "1.18.15-gke.800",
              "1.18.14-gke.1600",
              "1.18.14-gke.1200",
              "1.18.12-gke.1210",
              "1.18.12-gke.1206",
              "1.18.12-gke.1205",
              "1.18.12-gke.1201",
              "1.18.12-gke.1200",
              "1.18.12-gke.300",
              "1.18.10-gke.2701",
              "1.18.10-gke.2101",
              "1.18.10-gke.1500",
              "1.18.10-gke.601",
              "1.18.9-gke.2501",
              "1.18.9-gke.1501",
              "1.18.9-gke.801",
              "1.18.6-gke.4801",
              "1.18.6-gke.3504",
              "1.18.6-gke.3503",
              "1.17.17-gke.1500",
              "1.17.17-gke.1100",
              "1.17.17-gke.600",
              "1.17.16-gke.1600",
              "1.17.16-gke.1300",
              "1.17.15-gke.800",
              "1.17.15-gke.300",
              "1.17.14-gke.1600",
              "1.17.14-gke.1200",
              "1.17.14-gke.400",
              "1.17.13-gke.2600",
              "1.17.13-gke.2001",
              "1.17.13-gke.1401",
              "1.17.13-gke.1400",
              "1.17.13-gke.600",
              "1.17.12-gke.2502",
              "1.17.12-gke.1504",
              "1.17.12-gke.1501",
              "1.17.12-gke.500",
              "1.17.9-gke.6300",
              "1.17.9-gke.1504",
              "1.16.15-gke.11800",
              "1.16.15-gke.10600",
              "1.16.15-gke.7800",
              "1.16.15-gke.7300",
              "1.16.15-gke.6900",
              "1.16.15-gke.6000",
              "1.16.15-gke.5500",
              "1.16.15-gke.4901",
              "1.16.15-gke.4301",
              "1.16.15-gke.4300",
              "1.16.15-gke.3500",
              "1.16.15-gke.2601",
              "1.16.15-gke.1600",
              "1.16.15-gke.500",
              "1.16.13-gke.404",
              "1.16.13-gke.403",
              "1.16.13-gke.401",
              "1.16.13-gke.400",
              "1.16.13-gke.1",
              "1.16.11-gke.5",
              "1.16.10-gke.8",
              "1.16.9-gke.6",
              "1.16.9-gke.2",
              "1.16.8-gke.15",
              "1.16.8-gke.12",
              "1.16.8-gke.9",
              "1.15.12-gke.6002",
              "1.15.12-gke.6001",
              "1.15.12-gke.5000",
              "1.15.12-gke.4002",
              "1.15.12-gke.4000",
              "1.15.12-gke.20",
              "1.15.12-gke.17",
              "1.15.12-gke.16",
              "1.15.12-gke.13",
              "1.15.12-gke.9",
              "1.15.12-gke.6",
              "1.15.12-gke.3",
              "1.15.12-gke.2",
              "1.15.11-gke.17",
              "1.15.11-gke.15",
              "1.15.11-gke.13",
              "1.15.11-gke.12",
              "1.15.11-gke.11",
              "1.15.11-gke.9",
              "1.15.11-gke.5",
              "1.15.11-gke.3",
              "1.15.11-gke.1",
              "1.15.9-gke.26",
              "1.15.9-gke.24",
              "1.15.9-gke.22",
              "1.15.9-gke.12",
              "1.15.9-gke.9",
              "1.15.9-gke.8",
              "1.15.8-gke.3",
              "1.15.8-gke.2",
              "1.15.7-gke.23",
              "1.15.7-gke.2",
              "1.15.4-gke.22",
              "1.14.10-gke.1504",
              "1.14.10-gke.902",
              "1.14.10-gke.50",
              "1.14.10-gke.46",
              "1.14.10-gke.45",
              "1.14.10-gke.42",
              "1.14.10-gke.41",
              "1.14.10-gke.40",
              "1.14.10-gke.37",
              "1.14.10-gke.36",
              "1.14.10-gke.34",
              "1.14.10-gke.32",
              "1.14.10-gke.31",
              "1.14.10-gke.27",
              "1.14.10-gke.24",
              "1.14.10-gke.22",
              "1.14.10-gke.21",
              "1.14.10-gke.17",
              "1.14.10-gke.0",
              "1.14.9-gke.23",
              "1.14.9-gke.2",
              "1.14.9-gke.0",
              "1.14.8-gke.33",
              "1.14.8-gke.21",
              "1.14.8-gke.18",
              "1.14.8-gke.17",
              "1.14.8-gke.14",
              "1.14.8-gke.12",
              "1.14.8-gke.7",
              "1.14.8-gke.2",
              "1.14.7-gke.40",
              "1.14.7-gke.25",
              "1.14.7-gke.23",
              "1.14.7-gke.17",
              "1.14.7-gke.14",
              "1.14.7-gke.10",
              "1.14.6-gke.13",
              "1.14.6-gke.2",
              "1.14.6-gke.1",
              "1.14.3-gke.11",
              "1.14.3-gke.10",
              "1.14.3-gke.9",
              "1.14.2-gke.9",
              "1.14.1-gke.5",
              "1.13.12-gke.30",
              "1.13.12-gke.25",
              "1.13.12-gke.17",
              "1.13.12-gke.16",
              "1.13.12-gke.14",
              "1.13.12-gke.13",
              "1.13.12-gke.10",
              "1.13.12-gke.8",
              "1.13.12-gke.4",
              "1.13.12-gke.2",
              "1.13.11-gke.23",
              "1.13.11-gke.15",
              "1.13.11-gke.14",
              "1.13.11-gke.12",
              "1.13.11-gke.11",
              "1.13.11-gke.9",
              "1.13.11-gke.5",
              "1.13.10-gke.7",
              "1.13.10-gke.0",
              "1.13.9-gke.11",
              "1.13.9-gke.3",
              "1.13.7-gke.24",
              "1.13.7-gke.19",
              "1.13.7-gke.15",
              "1.13.7-gke.8",
              "1.13.7-gke.0",
              "1.13.6-gke.13",
              "1.13.6-gke.6",
              "1.13.6-gke.5",
              "1.13.6-gke.0",
              "1.13.5-gke.10",
              "1.12.10-gke.22",
              "1.12.10-gke.20",
              "1.12.10-gke.19",
              "1.12.10-gke.18",
              "1.12.10-gke.17",
              "1.12.10-gke.15",
              "1.12.10-gke.13",
              "1.12.10-gke.11",
              "1.12.10-gke.5",
              "1.12.9-gke.16",
              "1.12.9-gke.15",
              "1.12.9-gke.13",
              "1.12.9-gke.10",
              "1.12.9-gke.7",
              "1.12.9-gke.3",
              "1.12.8-gke.12",
              "1.12.8-gke.10",
              "1.12.8-gke.7",
              "1.12.8-gke.6",
              "1.12.7-gke.26",
              "1.12.7-gke.25",
              "1.12.7-gke.24",
              "1.12.7-gke.22",
              "1.12.7-gke.21",
              "1.12.7-gke.17",
              "1.12.7-gke.10",
              "1.12.7-gke.7",
              "1.12.6-gke.11",
              "1.12.6-gke.10",
              "1.12.6-gke.7",
              "1.12.5-gke.10",
              "1.12.5-gke.5",
              "1.11.10-gke.6",
              "1.11.10-gke.5"
            ],
            "version_prefix": null
          },
          "sensitive_attributes": []
        }
      ]
    },
    {
      "module": "module.server-cluster",
      "mode": "managed",
      "type": "google_container_cluster",
      "name": "primary",
      "provider": "provider[\"registry.terraform.io/hashicorp/google-beta\"]",
      "instances": [
        {
          "schema_version": 1,
          "attributes": {
            "addons_config": [
              {
                "cloudrun_config": [],
                "config_connector_config": [
                  {
                    "enabled": false
                  }
                ],
                "dns_cache_config": [
                  {
                    "enabled": false
                  }
                ],
                "gce_persistent_disk_csi_driver_config": [
                  {
                    "enabled": false
                  }
                ],
                "horizontal_pod_autoscaling": [
                  {
                    "disabled": false
                  }
                ],
                "http_load_balancing": [
                  {
                    "disabled": false
                  }
                ],
                "istio_config": [
                  {
                    "auth": "AUTH_MUTUAL_TLS",
                    "disabled": true
                  }
                ],
                "kalm_config": [
                  {
                    "enabled": false
                  }
                ],
                "network_policy_config": [
                  {
                    "disabled": false
                  }
                ]
              }
            ],
            "authenticator_groups_config": [],
            "cluster_autoscaling": [
              {
                "auto_provisioning_defaults": [],
                "autoscaling_profile": "BALANCED",
                "enabled": false,
                "resource_limits": []
              }
            ],
            "cluster_ipv4_cidr": "10.104.0.0/14",
            "cluster_telemetry": [
              {
                "type": "ENABLED"
              }
            ],
            "confidential_nodes": [],
            "database_encryption": [
              {
                "key_name": "",
                "state": "DECRYPTED"
              }
            ],
            "datapath_provider": "",
            "default_max_pods_per_node": 110,
            "default_snat_status": [
              {
                "disabled": false
              }
            ],
            "description": "",
            "enable_binary_authorization": false,
            "enable_intranode_visibility": false,
            "enable_kubernetes_alpha": false,
            "enable_legacy_abac": false,
            "enable_shielded_nodes": true,
            "enable_tpu": false,
            "endpoint": "34.82.19.231",
            "id": "projects/jk-mlops-dev/locations/us-west1-a/clusters/tff-server",
            "initial_node_count": 0,
            "instance_group_urls": [],
            "ip_allocation_policy": [
              {
                "cluster_ipv4_cidr_block": "10.104.0.0/14",
                "cluster_secondary_range_name": "gke-tff-server-pods-f21cfaed",
                "services_ipv4_cidr_block": "10.108.0.0/20",
                "services_secondary_range_name": "gke-tff-server-services-f21cfaed"
              }
            ],
            "label_fingerprint": "6affcf98",
            "location": "us-west1-a",
            "logging_service": "logging.googleapis.com/kubernetes",
            "maintenance_policy": [
              {
                "daily_maintenance_window": [
                  {
                    "duration": "PT4H0M0S",
                    "start_time": "05:00"
                  }
                ],
                "maintenance_exclusion": [],
                "recurring_window": []
              }
            ],
            "master_auth": [
              {
                "client_certificate": "",
                "client_certificate_config": [
                  {
                    "issue_client_certificate": false
                  }
                ],
                "client_key": "",
                "cluster_ca_certificate": "LS0tLS1CRUdJTiBDRVJUSUZJQ0FURS0tLS0tCk1JSURLakNDQWhLZ0F3SUJBZ0lRS0RQNGZhMDhBc3NNUE1xWmpsOEdoVEFOQmdrcWhraUc5dzBCQVFzRkFEQXYKTVMwd0t3WURWUVFERXlRellUVmxZbVF4TlMxbU9UQTVMVFJoTldJdFlXVmtZUzFoWVRjNFlUQXlPR1l3WlRrdwpIaGNOTWpFd01qSXlNakV6TXpNeVdoY05Nall3TWpJeE1qSXpNek15V2pBdk1TMHdLd1lEVlFRREV5UXpZVFZsClltUXhOUzFtT1RBNUxUUmhOV0l0WVdWa1lTMWhZVGM0WVRBeU9HWXdaVGt3Z2dFaU1BMEdDU3FHU0liM0RRRUIKQVFVQUE0SUJEd0F3Z2dFS0FvSUJBUUNaZUx0b2o5M3pSQUVOaGdqa1c0RThnWUtGU29oSHpIdkdWbllZakg3UQpCRXp5YjBhek1XdUFYWGh6L2c3d1hqVDhUb0Y5SERlWkNNdW96TmlFN0NwVmlNc014Tlp3aXQwaFFQV3gxUUNDClM3ODRPVVN0dFkzS2c3MklVS2U3cC91QTA2TzZML2V5b1JyUk8zNjJqSTdaTHFUUjJmc2dLU3NqSW9sU2ZzQmYKVnFXZk5seEo4R1hHNWFRd0pHdkNpUmpBUFZoUmRGcjJ0VzJwcE1GbXRWa0JGbGRmVHNtcXh3OVZHQUp3bVJDZgpZS1FuOFRpbnZtZkhVaXVsU0tIRmlIRFlqTWRsbEJTbk84c3U3RnBWaVdmSkhIZHJZZEhzdThvVy9XM29vaXU4Cmd1OEVBaXhROGdVYlVoT0VvVjNtWU5xR2xnWFZxTTNvL29HdlZ2cHJoakN6QWdNQkFBR2pRakJBTUE0R0ExVWQKRHdFQi93UUVBd0lDQkRBUEJnTlZIUk1CQWY4RUJUQURBUUgvTUIwR0ExVWREZ1FXQkJUV3VkT2o0WGhHRUdoMgo1YUozcTlZUmRnQVFqekFOQmdrcWhraUc5dzBCQVFzRkFBT0NBUUVBZURsT0FTMTNtanJLNWtBY2lWOVNWTXBCCllmMHpnUytQMEVOZzBmVmpYczBhN2JWRE1jaHhCY3d2MC8vdGJ1dFBsVTQ5UUx3WVVEVXJVekVJRXlXOStkZC8KZjJBaFBEUHIzUDVkN3M4QjRQNktLT2gxSVkxWkNUOFgwYTlteHVhdTlGTVFDNkQ5bFkvTENRQWY0S2Ywc1RFTApPb0dqazFYOUFBYU4wZlZaTjV5OTlrSnR6bk5zNXZKa0hGQ3lsNVJURVFBUExya1d4Z24vM0ZFZGJDS1I2WG1HCjFYeENEN1lrQTBXWkRUV09XUFZWbWlzYkdwMm9JeTJmUmJPZzZVMVlmTVRlWFY2dExCT29mQkt4STM5bEVsdkMKcmg4MXpzTGdRSWVCaXQ1M3dWZnF2YUhLeTJDN05UMGdLNWNSNi9rbjVKUmpXSVgvOGFLWnh1dDNlSWtvT0E9PQotLS0tLUVORCBDRVJUSUZJQ0FURS0tLS0tCg==",
                "password": "",
                "username": ""
              }
            ],
            "master_authorized_networks_config": [],
            "master_version": "1.18.12-gke.1210",
            "min_master_version": null,
            "monitoring_service": "monitoring.googleapis.com/kubernetes",
            "name": "tff-server",
            "network": "projects/jk-mlops-dev/global/networks/default",
            "network_policy": [
              {
                "enabled": true,
                "provider": "CALICO"
              }
            ],
            "networking_mode": "VPC_NATIVE",
            "node_config": [],
            "node_locations": [],
            "node_pool": [],
            "node_version": "1.18.12-gke.1210",
            "notification_config": [
              {
                "pubsub": [
                  {
                    "enabled": false,
                    "topic": ""
                  }
                ]
              }
            ],
            "operation": null,
            "pod_security_policy_config": [
              {
                "enabled": false
              }
            ],
            "private_cluster_config": [],
            "project": "jk-mlops-dev",
            "release_channel": [
              {
                "channel": "REGULAR"
              }
            ],
            "remove_default_node_pool": true,
            "resource_labels": {
              "mesh_id": "proj-895222332033"
            },
            "resource_usage_export_config": [],
            "self_link": "https://container.googleapis.com/v1beta1/projects/jk-mlops-dev/zones/us-west1-a/clusters/tff-server",
            "services_ipv4_cidr": "10.108.0.0/20",
            "subnetwork": "projects/jk-mlops-dev/regions/us-west1/subnetworks/default",
            "timeouts": {
              "create": "45m",
              "delete": "45m",
              "read": null,
              "update": "45m"
            },
            "tpu_ipv4_cidr_block": "",
            "vertical_pod_autoscaling": [
              {
                "enabled": false
              }
            ],
            "workload_identity_config": [
              {
                "identity_namespace": "jk-mlops-dev.svc.id.goog"
              }
            ]
          },
          "sensitive_attributes": [],
          "private": "eyJlMmJmYjczMC1lY2FhLTExZTYtOGY4OC0zNDM2M2JjN2M0YzAiOnsiY3JlYXRlIjoyNzAwMDAwMDAwMDAwLCJkZWxldGUiOjI3MDAwMDAwMDAwMDAsInJlYWQiOjI0MDAwMDAwMDAwMDAsInVwZGF0ZSI6MjcwMDAwMDAwMDAwMH0sInNjaGVtYV92ZXJzaW9uIjoiMSJ9",
          "dependencies": [
            "data.google_client_config.current",
            "data.google_project.project",
            "module.project-services.google_project_service.project_services",
            "module.server-cluster.data.google_compute_zones.available",
            "module.server-cluster.data.google_container_engine_versions.region",
            "module.server-cluster.data.google_container_engine_versions.zone",
            "module.server-cluster.google_service_account.cluster_service_account",
            "module.server-cluster.random_shuffle.available_zones",
            "module.server-cluster.random_string.cluster_service_account_suffix"
          ]
        }
      ]
    },
    {
      "module": "module.server-cluster",
      "mode": "managed",
      "type": "google_container_node_pool",
      "name": "pools",
      "provider": "provider[\"registry.terraform.io/hashicorp/google-beta\"]",
      "instances": [
        {
          "index_key": "default-node-pool",
          "schema_version": 1,
          "attributes": {
            "autoscaling": [],
            "cluster": "tff-server",
            "id": "projects/jk-mlops-dev/locations/us-west1-a/clusters/tff-server/nodePools/default-node-pool",
            "initial_node_count": 3,
            "instance_group_urls": [
              "https://www.googleapis.com/compute/v1/projects/jk-mlops-dev/zones/us-west1-a/instanceGroupManagers/gke-tff-server-default-node-pool-86b5b3ad-grp"
            ],
            "location": "us-west1-a",
            "management": [
              {
                "auto_repair": true,
                "auto_upgrade": true
              }
            ],
            "max_pods_per_node": 110,
            "name": "default-node-pool",
            "name_prefix": "",
            "node_config": [
              {
                "boot_disk_kms_key": "",
                "disk_size_gb": 100,
                "disk_type": "pd-standard",
                "guest_accelerator": [],
                "image_type": "COS",
                "kubelet_config": [],
                "labels": {
                  "cluster_name": "tff-server",
                  "node_pool": "default-node-pool"
                },
                "linux_node_config": [],
                "local_ssd_count": 0,
                "machine_type": "n1-standard-4",
                "metadata": {
                  "cluster_name": "tff-server",
                  "disable-legacy-endpoints": "true",
                  "node_pool": "default-node-pool"
                },
                "min_cpu_platform": "",
                "oauth_scopes": [
                  "https://www.googleapis.com/auth/cloud-platform"
                ],
                "preemptible": false,
                "sandbox_config": [],
                "service_account": "tf-gke-tff-server-z446@jk-mlops-dev.iam.gserviceaccount.com",
                "shielded_instance_config": [
                  {
                    "enable_integrity_monitoring": true,
                    "enable_secure_boot": false
                  }
                ],
                "tags": [
                  "gke-tff-server",
                  "gke-tff-server-default-node-pool"
                ],
                "taint": [],
                "workload_metadata_config": [
                  {
                    "node_metadata": "GKE_METADATA_SERVER"
                  }
                ]
              }
            ],
            "node_count": 3,
            "node_locations": [
              "us-west1-a"
            ],
            "project": "jk-mlops-dev",
            "timeouts": {
              "create": "45m",
              "delete": "45m",
              "update": "45m"
            },
            "upgrade_settings": [
              {
                "max_surge": 1,
                "max_unavailable": 0
              }
            ],
            "version": "1.18.12-gke.1210"
          },
          "sensitive_attributes": [],
          "private": "eyJlMmJmYjczMC1lY2FhLTExZTYtOGY4OC0zNDM2M2JjN2M0YzAiOnsiY3JlYXRlIjoyNzAwMDAwMDAwMDAwLCJkZWxldGUiOjI3MDAwMDAwMDAwMDAsInVwZGF0ZSI6MjcwMDAwMDAwMDAwMH0sInNjaGVtYV92ZXJzaW9uIjoiMSJ9",
          "dependencies": [
            "data.google_client_config.current",
            "data.google_project.project",
            "module.project-services.google_project_service.project_services",
            "module.server-cluster.data.google_compute_zones.available",
            "module.server-cluster.data.google_container_engine_versions.region",
            "module.server-cluster.data.google_container_engine_versions.zone",
            "module.server-cluster.google_container_cluster.primary",
            "module.server-cluster.google_service_account.cluster_service_account",
            "module.server-cluster.random_shuffle.available_zones",
            "module.server-cluster.random_string.cluster_service_account_suffix"
          ]
        }
      ]
    },
    {
      "module": "module.server-cluster",
      "mode": "managed",
      "type": "google_project_iam_member",
      "name": "cluster_service_account-artifact-registry",
      "provider": "provider[\"registry.terraform.io/hashicorp/google\"]",
      "instances": [
        {
          "index_key": "jk-mlops-dev",
          "schema_version": 0,
          "attributes": {
            "condition": [],
            "etag": "BwW79GQCuos=",
            "id": "jk-mlops-dev/roles/artifactregistry.reader/serviceaccount:tf-gke-tff-server-z446@jk-mlops-dev.iam.gserviceaccount.com",
            "member": "serviceAccount:tf-gke-tff-server-z446@jk-mlops-dev.iam.gserviceaccount.com",
            "project": "jk-mlops-dev",
            "role": "roles/artifactregistry.reader"
          },
          "sensitive_attributes": [],
          "private": "bnVsbA==",
          "dependencies": [
            "data.google_client_config.current",
            "module.project-services.google_project_service.project_services",
            "module.server-cluster.google_service_account.cluster_service_account",
            "module.server-cluster.random_string.cluster_service_account_suffix"
          ]
        }
      ]
    },
    {
      "module": "module.server-cluster",
      "mode": "managed",
      "type": "google_project_iam_member",
      "name": "cluster_service_account-gcr",
      "provider": "provider[\"registry.terraform.io/hashicorp/google\"]",
      "instances": [
        {
          "index_key": "jk-mlops-dev",
          "schema_version": 0,
          "attributes": {
            "condition": [],
            "etag": "BwW79GR4DCA=",
            "id": "jk-mlops-dev/roles/storage.objectViewer/serviceaccount:tf-gke-tff-server-z446@jk-mlops-dev.iam.gserviceaccount.com",
            "member": "serviceAccount:tf-gke-tff-server-z446@jk-mlops-dev.iam.gserviceaccount.com",
            "project": "jk-mlops-dev",
            "role": "roles/storage.objectViewer"
          },
          "sensitive_attributes": [],
          "private": "bnVsbA==",
          "dependencies": [
            "data.google_client_config.current",
            "module.project-services.google_project_service.project_services",
            "module.server-cluster.google_service_account.cluster_service_account",
            "module.server-cluster.random_string.cluster_service_account_suffix"
          ]
        }
      ]
    },
    {
      "module": "module.server-cluster",
      "mode": "managed",
      "type": "google_project_iam_member",
      "name": "cluster_service_account-log_writer",
      "provider": "provider[\"registry.terraform.io/hashicorp/google\"]",
      "instances": [
        {
          "index_key": 0,
          "schema_version": 0,
          "attributes": {
            "condition": [],
            "etag": "BwW79GR4DCA=",
            "id": "jk-mlops-dev/roles/logging.logWriter/serviceaccount:tf-gke-tff-server-z446@jk-mlops-dev.iam.gserviceaccount.com",
            "member": "serviceAccount:tf-gke-tff-server-z446@jk-mlops-dev.iam.gserviceaccount.com",
            "project": "jk-mlops-dev",
            "role": "roles/logging.logWriter"
          },
          "sensitive_attributes": [],
          "private": "bnVsbA==",
          "dependencies": [
            "data.google_client_config.current",
            "module.project-services.google_project_service.project_services",
            "module.server-cluster.google_service_account.cluster_service_account",
            "module.server-cluster.random_string.cluster_service_account_suffix"
          ]
        }
      ]
    },
    {
      "module": "module.server-cluster",
      "mode": "managed",
      "type": "google_project_iam_member",
      "name": "cluster_service_account-metric_writer",
      "provider": "provider[\"registry.terraform.io/hashicorp/google\"]",
      "instances": [
        {
          "index_key": 0,
          "schema_version": 0,
          "attributes": {
            "condition": [],
            "etag": "BwW79GTtSUk=",
            "id": "jk-mlops-dev/roles/monitoring.metricWriter/serviceaccount:tf-gke-tff-server-z446@jk-mlops-dev.iam.gserviceaccount.com",
            "member": "serviceAccount:tf-gke-tff-server-z446@jk-mlops-dev.iam.gserviceaccount.com",
            "project": "jk-mlops-dev",
            "role": "roles/monitoring.metricWriter"
          },
          "sensitive_attributes": [],
          "private": "bnVsbA==",
          "dependencies": [
            "data.google_client_config.current",
            "module.project-services.google_project_service.project_services",
            "module.server-cluster.google_project_iam_member.cluster_service_account-log_writer",
            "module.server-cluster.google_service_account.cluster_service_account",
            "module.server-cluster.random_string.cluster_service_account_suffix"
          ]
        }
      ]
    },
    {
      "module": "module.server-cluster",
      "mode": "managed",
      "type": "google_project_iam_member",
      "name": "cluster_service_account-monitoring_viewer",
      "provider": "provider[\"registry.terraform.io/hashicorp/google\"]",
      "instances": [
        {
          "index_key": 0,
          "schema_version": 0,
          "attributes": {
            "condition": [],
            "etag": "BwW79GVh2Nw=",
            "id": "jk-mlops-dev/roles/monitoring.viewer/serviceaccount:tf-gke-tff-server-z446@jk-mlops-dev.iam.gserviceaccount.com",
            "member": "serviceAccount:tf-gke-tff-server-z446@jk-mlops-dev.iam.gserviceaccount.com",
            "project": "jk-mlops-dev",
            "role": "roles/monitoring.viewer"
          },
          "sensitive_attributes": [],
          "private": "bnVsbA==",
          "dependencies": [
            "data.google_client_config.current",
            "module.project-services.google_project_service.project_services",
            "module.server-cluster.google_project_iam_member.cluster_service_account-log_writer",
            "module.server-cluster.google_project_iam_member.cluster_service_account-metric_writer",
            "module.server-cluster.google_service_account.cluster_service_account",
            "module.server-cluster.random_string.cluster_service_account_suffix"
          ]
        }
      ]
    },
    {
      "module": "module.server-cluster",
      "mode": "managed",
      "type": "google_project_iam_member",
      "name": "cluster_service_account-resourceMetadata-writer",
      "provider": "provider[\"registry.terraform.io/hashicorp/google\"]",
      "instances": [
        {
          "index_key": 0,
          "schema_version": 0,
          "attributes": {
            "condition": [],
            "etag": "BwW79GXZ6Ck=",
            "id": "jk-mlops-dev/roles/stackdriver.resourceMetadata.writer/serviceaccount:tf-gke-tff-server-z446@jk-mlops-dev.iam.gserviceaccount.com",
            "member": "serviceAccount:tf-gke-tff-server-z446@jk-mlops-dev.iam.gserviceaccount.com",
            "project": "jk-mlops-dev",
            "role": "roles/stackdriver.resourceMetadata.writer"
          },
          "sensitive_attributes": [],
          "private": "bnVsbA==",
          "dependencies": [
            "data.google_client_config.current",
            "module.project-services.google_project_service.project_services",
            "module.server-cluster.google_project_iam_member.cluster_service_account-log_writer",
            "module.server-cluster.google_project_iam_member.cluster_service_account-metric_writer",
            "module.server-cluster.google_project_iam_member.cluster_service_account-monitoring_viewer",
            "module.server-cluster.google_service_account.cluster_service_account",
            "module.server-cluster.random_string.cluster_service_account_suffix"
          ]
        }
      ]
    },
    {
      "module": "module.server-cluster",
      "mode": "managed",
      "type": "google_service_account",
      "name": "cluster_service_account",
      "provider": "provider[\"registry.terraform.io/hashicorp/google\"]",
      "instances": [
        {
          "index_key": 0,
          "schema_version": 0,
          "attributes": {
            "account_id": "tf-gke-tff-server-z446",
            "description": "",
            "display_name": "Terraform-managed service account for cluster tff-server",
            "email": "tf-gke-tff-server-z446@jk-mlops-dev.iam.gserviceaccount.com",
            "id": "projects/jk-mlops-dev/serviceAccounts/tf-gke-tff-server-z446@jk-mlops-dev.iam.gserviceaccount.com",
            "name": "projects/jk-mlops-dev/serviceAccounts/tf-gke-tff-server-z446@jk-mlops-dev.iam.gserviceaccount.com",
            "project": "jk-mlops-dev",
            "timeouts": null,
            "unique_id": "102851320410147802608"
          },
          "sensitive_attributes": [],
          "private": "eyJlMmJmYjczMC1lY2FhLTExZTYtOGY4OC0zNDM2M2JjN2M0YzAiOnsiY3JlYXRlIjozMDAwMDAwMDAwMDB9fQ==",
          "dependencies": [
            "data.google_client_config.current",
            "module.project-services.google_project_service.project_services",
            "module.server-cluster.random_string.cluster_service_account_suffix"
          ]
        }
      ]
    },
    {
      "module": "module.server-cluster",
      "mode": "managed",
      "type": "random_shuffle",
      "name": "available_zones",
      "provider": "provider[\"registry.terraform.io/hashicorp/random\"]",
      "instances": [
        {
          "schema_version": 0,
          "attributes": {
            "id": "-",
            "input": [
              "us-west1-a",
              "us-west1-b",
              "us-west1-c"
            ],
            "keepers": null,
            "result": [
              "us-west1-a",
              "us-west1-c",
              "us-west1-b"
            ],
            "result_count": 3,
            "seed": null
          },
          "sensitive_attributes": [],
          "private": "bnVsbA==",
          "dependencies": [
            "module.server-cluster.data.google_compute_zones.available"
          ]
        }
      ]
    },
    {
      "module": "module.server-cluster",
      "mode": "managed",
      "type": "random_string",
      "name": "cluster_service_account_suffix",
      "provider": "provider[\"registry.terraform.io/hashicorp/random\"]",
      "instances": [
        {
          "schema_version": 1,
          "attributes": {
            "id": "z446",
            "keepers": null,
            "length": 4,
            "lower": true,
            "min_lower": 0,
            "min_numeric": 0,
            "min_special": 0,
            "min_upper": 0,
            "number": true,
            "override_special": null,
            "result": "z446",
            "special": false,
            "upper": false
          },
          "sensitive_attributes": [],
          "private": "eyJzY2hlbWFfdmVyc2lvbiI6IjEifQ=="
        }
      ]
    },
    {
      "module": "module.server-cluster.module.gcloud_delete_default_kube_dns_configmap.module.gcloud_kubectl",
      "mode": "managed",
      "type": "null_resource",
      "name": "module_depends_on",
      "provider": "provider[\"registry.terraform.io/hashicorp/null\"]",
      "instances": [
        {
          "index_key": 0,
          "schema_version": 0,
          "attributes": {
            "id": "2467646736587773957",
            "triggers": {
              "value": "3"
            }
          },
          "sensitive_attributes": [],
          "private": "bnVsbA==",
          "dependencies": [
            "data.google_client_config.current",
            "data.google_project.project",
            "module.project-services.google_project_service.project_services",
            "module.server-cluster.data.google_client_config.default",
            "module.server-cluster.data.google_compute_zones.available",
            "module.server-cluster.data.google_container_engine_versions.region",
            "module.server-cluster.data.google_container_engine_versions.zone",
            "module.server-cluster.google_container_cluster.primary",
            "module.server-cluster.google_container_node_pool.pools",
            "module.server-cluster.google_service_account.cluster_service_account",
            "module.server-cluster.random_shuffle.available_zones",
            "module.server-cluster.random_string.cluster_service_account_suffix"
          ]
        }
      ]
    }
  ]
}
