{
  "version": 4,
  "terraform_version": "0.14.7",
  "serial": 2342,
  "lineage": "8c3850ff-1fe3-3cab-273e-6d078c57db8e",
  "outputs": {
    "project": {
      "value": "jk-mlops-dev",
      "type": "string"
    },
    "server_cluster_name": {
      "value": "gke-cluster-server",
      "type": "string"
    }
  },
  "resources": [
    {
      "mode": "data",
      "type": "google_client_config",
      "name": "current",
      "provider": "provider[\"registry.terraform.io/hashicorp/google\"]",
      "instances": [
        {
          "schema_version": 0,
          "attributes": {
            "access_token": "ya29.A0AfH6SMAL6JgD3xxJqlbICNSVI_DH3Xas_rMGQE03tnhucU4bVJcjvW3MSGRFXPuB3m-6LpOYm6TFS40tjwUN9RT7zlHZi5delk2JioySg9xiSUdv-rIevYTbV8AJwhql3GbHkaZW9khSSHHShqeWNSKu1A0u62G0H8er38My5ymwACvdDkiA-IUwFPvP7skn110EI6Cnt03e65MMF5b56aYvnOHkJP4MwzCryVnt00l4s3Zo5VlzL9qABP41Lpr421K4TeEdYw",
            "id": "projects/jk-mlops-dev/regions/us-west1/zones/",
            "project": "jk-mlops-dev",
            "region": "us-west1",
            "zone": ""
          },
          "sensitive_attributes": []
        }
      ]
    },
    {
      "mode": "data",
      "type": "google_project",
      "name": "project",
      "provider": "provider[\"registry.terraform.io/hashicorp/google\"]",
      "instances": [
        {
          "schema_version": 0,
          "attributes": {
            "auto_create_network": null,
            "billing_account": "010FB8-631655-447437",
            "folder_id": "",
            "id": "projects/jk-mlops-dev",
            "labels": {},
            "name": "jk-mlops-dev",
            "number": "895222332033",
            "org_id": "29428042487",
            "project_id": "jk-mlops-dev",
            "skip_delete": null
          },
          "sensitive_attributes": []
        }
      ]
    },
    {
      "module": "module.acm-clients[0].module.acm_operator",
      "mode": "data",
      "type": "template_file",
      "name": "k8sop_config",
      "provider": "provider[\"registry.terraform.io/hashicorp/template\"]",
      "instances": [
        {
          "schema_version": 0,
          "attributes": {
            "filename": null,
            "id": "0a2a4e8b2a26f6b98056858e258a1507169d2092445c3d228cc9c4b474c9542e",
            "rendered": "apiVersion: configmanagement.gke.io/v1\nkind: ConfigManagement\nmetadata:\n  name: config-management\nspec:\n  # clusterName is required and must be unique among all managed clusters\n  clusterName: gke-cluster-client-0\n  policyController:\n    enabled: true\n    templateLibraryInstalled: true\n    logDeniesEnabled: false\n  git:\n    syncRepo: https://github.com/jarokaz/tff/\n    secretType: none\n    policyDir: acm-dir\n    syncBranch: main\n  \n  \n",
            "template": "apiVersion: configmanagement.gke.io/v1\nkind: ConfigManagement\nmetadata:\n  name: config-management\nspec:\n  # clusterName is required and must be unique among all managed clusters\n  clusterName: ${cluster_name}\n  policyController:\n    enabled: ${enable_policy_controller}\n    templateLibraryInstalled: ${install_template_library}\n    logDeniesEnabled: ${enable_log_denies}\n  git:\n    syncRepo: ${sync_repo}\n    secretType: ${secret_type}\n    ${policy_dir_node}\n    ${sync_branch_node}\n  ${source_format_node}\n  ${hierarchy_controller_map_node}\n",
            "vars": {
              "cluster_name": "gke-cluster-client-0",
              "enable_log_denies": "false",
              "enable_policy_controller": "true",
              "hierarchy_controller_map_node": "",
              "install_template_library": "true",
              "policy_dir_node": "policyDir: acm-dir",
              "secret_type": "none",
              "source_format_node": "",
              "sync_branch_node": "syncBranch: main",
              "sync_repo": "https://github.com/jarokaz/tff/"
            }
          },
          "sensitive_attributes": []
        }
      ]
    },
    {
      "module": "module.acm-clients[0].module.acm_operator.module.k8s_operator.module.gcloud_kubectl",
      "mode": "data",
      "type": "external",
      "name": "env_override",
      "provider": "provider[\"registry.terraform.io/hashicorp/external\"]",
      "instances": [
        {
          "index_key": 0,
          "schema_version": 0,
          "attributes": {
            "id": "-",
            "program": [
              ".terraform/modules/acm-clients.acm_operator.k8s_operator/terraform-google-gcloud-2.0.3/scripts/check_env.sh"
            ],
            "query": null,
            "result": {
              "download": ""
            },
            "working_dir": null
          },
          "sensitive_attributes": []
        }
      ]
    },
    {
      "module": "module.acm-clients[0].module.acm_operator.module.k8s_operator.module.gcloud_kubectl",
      "mode": "managed",
      "type": "null_resource",
      "name": "additional_components",
      "provider": "provider[\"registry.terraform.io/hashicorp/null\"]",
      "instances": [
        {
          "index_key": 0,
          "schema_version": 0,
          "attributes": {
            "id": "6812906019389241999",
            "triggers": {
              "additional_components_command": ".terraform/modules/acm-clients.acm_operator.k8s_operator/terraform-google-gcloud-2.0.3/scripts/check_components.sh gcloud kubectl",
              "arguments": "34eb37ff715980fe0fe08cb033488df9",
              "md5": "352ffea85252263f4f6b54fa4bb8ffb3"
            }
          },
          "sensitive_attributes": [],
          "private": "bnVsbA==",
          "dependencies": [
            "data.google_client_config.current",
            "data.google_project.project",
            "module.acm-clients.module.acm_operator.module.k8s_operator.module.gcloud_kubectl.data.external.env_override",
            "module.acm-clients.module.acm_operator.module.k8s_operator.module.gcloud_kubectl.null_resource.upgrade",
            "module.acm-clients.module.acm_operator.module.k8s_operator.module.gcloud_kubectl.random_id.cache",
            "module.client-clusters.data.google_client_config.default",
            "module.client-clusters.data.google_compute_subnetwork.gke_subnetwork",
            "module.client-clusters.data.google_compute_zones.available",
            "module.client-clusters.data.google_container_engine_versions.region",
            "module.client-clusters.data.google_container_engine_versions.zone",
            "module.client-clusters.google_compute_firewall.intra_egress",
            "module.client-clusters.google_compute_firewall.master_webhooks",
            "module.client-clusters.google_compute_firewall.shadow_allow_master",
            "module.client-clusters.google_compute_firewall.shadow_allow_nodes",
            "module.client-clusters.google_compute_firewall.shadow_allow_pods",
            "module.client-clusters.google_container_cluster.primary",
            "module.client-clusters.google_container_node_pool.pools",
            "module.client-clusters.google_project_iam_member.cluster_service_account-artifact-registry",
            "module.client-clusters.google_project_iam_member.cluster_service_account-gcr",
            "module.client-clusters.google_project_iam_member.cluster_service_account-log_writer",
            "module.client-clusters.google_project_iam_member.cluster_service_account-metric_writer",
            "module.client-clusters.google_project_iam_member.cluster_service_account-monitoring_viewer",
            "module.client-clusters.google_project_iam_member.cluster_service_account-resourceMetadata-writer",
            "module.client-clusters.google_service_account.cluster_service_account",
            "module.client-clusters.kubernetes_config_map.ip-masq-agent",
            "module.client-clusters.kubernetes_config_map.kube-dns",
            "module.client-clusters.kubernetes_config_map.kube-dns-upstream-nameservers-and-stub-domains",
            "module.client-clusters.kubernetes_config_map.kube-dns-upstream-namservers",
            "module.client-clusters.module.gcloud_delete_default_kube_dns_configmap.module.gcloud_kubectl.data.external.env_override",
            "module.client-clusters.module.gcloud_delete_default_kube_dns_configmap.module.gcloud_kubectl.null_resource.additional_components",
            "module.client-clusters.module.gcloud_delete_default_kube_dns_configmap.module.gcloud_kubectl.null_resource.additional_components_destroy",
            "module.client-clusters.module.gcloud_delete_default_kube_dns_configmap.module.gcloud_kubectl.null_resource.decompress",
            "module.client-clusters.module.gcloud_delete_default_kube_dns_configmap.module.gcloud_kubectl.null_resource.decompress_destroy",
            "module.client-clusters.module.gcloud_delete_default_kube_dns_configmap.module.gcloud_kubectl.null_resource.download_gcloud",
            "module.client-clusters.module.gcloud_delete_default_kube_dns_configmap.module.gcloud_kubectl.null_resource.download_jq",
            "module.client-clusters.module.gcloud_delete_default_kube_dns_configmap.module.gcloud_kubectl.null_resource.gcloud_auth_google_credentials",
            "module.client-clusters.module.gcloud_delete_default_kube_dns_configmap.module.gcloud_kubectl.null_resource.gcloud_auth_google_credentials_destroy",
            "module.client-clusters.module.gcloud_delete_default_kube_dns_configmap.module.gcloud_kubectl.null_resource.gcloud_auth_service_account_key_file",
            "module.client-clusters.module.gcloud_delete_default_kube_dns_configmap.module.gcloud_kubectl.null_resource.gcloud_auth_service_account_key_file_destroy",
            "module.client-clusters.module.gcloud_delete_default_kube_dns_configmap.module.gcloud_kubectl.null_resource.module_depends_on",
            "module.client-clusters.module.gcloud_delete_default_kube_dns_configmap.module.gcloud_kubectl.null_resource.prepare_cache",
            "module.client-clusters.module.gcloud_delete_default_kube_dns_configmap.module.gcloud_kubectl.null_resource.run_command",
            "module.client-clusters.module.gcloud_delete_default_kube_dns_configmap.module.gcloud_kubectl.null_resource.run_destroy_command",
            "module.client-clusters.module.gcloud_delete_default_kube_dns_configmap.module.gcloud_kubectl.null_resource.upgrade",
            "module.client-clusters.module.gcloud_delete_default_kube_dns_configmap.module.gcloud_kubectl.null_resource.upgrade_destroy",
            "module.client-clusters.module.gcloud_delete_default_kube_dns_configmap.module.gcloud_kubectl.random_id.cache",
            "module.client-clusters.random_shuffle.available_zones",
            "module.client-clusters.random_string.cluster_service_account_suffix",
            "module.project-services.google_project_service.project_services"
          ]
        }
      ]
    },
    {
      "module": "module.acm-clients[0].module.acm_operator.module.k8s_operator.module.gcloud_kubectl",
      "mode": "managed",
      "type": "null_resource",
      "name": "additional_components_destroy",
      "provider": "provider[\"registry.terraform.io/hashicorp/null\"]",
      "instances": [
        {
          "index_key": 0,
          "schema_version": 0,
          "attributes": {
            "id": "8217168627197064015",
            "triggers": {
              "additional_components_command": ".terraform/modules/acm-clients.acm_operator.k8s_operator/terraform-google-gcloud-2.0.3/scripts/check_components.sh gcloud kubectl"
            }
          },
          "sensitive_attributes": [],
          "private": "bnVsbA==",
          "dependencies": [
            "data.google_client_config.current",
            "data.google_project.project",
            "module.acm-clients.module.acm_operator.module.k8s_operator.module.gcloud_kubectl.data.external.env_override",
            "module.acm-clients.module.acm_operator.module.k8s_operator.module.gcloud_kubectl.null_resource.additional_components",
            "module.acm-clients.module.acm_operator.module.k8s_operator.module.gcloud_kubectl.null_resource.decompress",
            "module.acm-clients.module.acm_operator.module.k8s_operator.module.gcloud_kubectl.null_resource.gcloud_auth_google_credentials",
            "module.acm-clients.module.acm_operator.module.k8s_operator.module.gcloud_kubectl.null_resource.gcloud_auth_service_account_key_file",
            "module.acm-clients.module.acm_operator.module.k8s_operator.module.gcloud_kubectl.null_resource.module_depends_on",
            "module.acm-clients.module.acm_operator.module.k8s_operator.module.gcloud_kubectl.null_resource.run_destroy_command",
            "module.acm-clients.module.acm_operator.module.k8s_operator.module.gcloud_kubectl.null_resource.upgrade",
            "module.acm-clients.module.acm_operator.module.k8s_operator.module.gcloud_kubectl.random_id.cache",
            "module.acm-clients.module.acm_operator.module.k8sop_manifest.null_resource.additional_components",
            "module.acm-clients.module.acm_operator.module.k8sop_manifest.null_resource.gcloud_auth_google_credentials",
            "module.acm-clients.module.acm_operator.module.k8sop_manifest.null_resource.gcloud_auth_service_account_key_file",
            "module.acm-clients.module.acm_operator.module.k8sop_manifest.null_resource.run_command",
            "module.acm-clients.module.acm_operator.module.k8sop_manifest.null_resource.run_destroy_command",
            "module.client-clusters.data.google_client_config.default",
            "module.client-clusters.data.google_compute_subnetwork.gke_subnetwork",
            "module.client-clusters.data.google_compute_zones.available",
            "module.client-clusters.data.google_container_engine_versions.region",
            "module.client-clusters.data.google_container_engine_versions.zone",
            "module.client-clusters.google_compute_firewall.intra_egress",
            "module.client-clusters.google_compute_firewall.master_webhooks",
            "module.client-clusters.google_compute_firewall.shadow_allow_master",
            "module.client-clusters.google_compute_firewall.shadow_allow_nodes",
            "module.client-clusters.google_compute_firewall.shadow_allow_pods",
            "module.client-clusters.google_container_cluster.primary",
            "module.client-clusters.google_container_node_pool.pools",
            "module.client-clusters.google_project_iam_member.cluster_service_account-artifact-registry",
            "module.client-clusters.google_project_iam_member.cluster_service_account-gcr",
            "module.client-clusters.google_project_iam_member.cluster_service_account-log_writer",
            "module.client-clusters.google_project_iam_member.cluster_service_account-metric_writer",
            "module.client-clusters.google_project_iam_member.cluster_service_account-monitoring_viewer",
            "module.client-clusters.google_project_iam_member.cluster_service_account-resourceMetadata-writer",
            "module.client-clusters.google_service_account.cluster_service_account",
            "module.client-clusters.kubernetes_config_map.ip-masq-agent",
            "module.client-clusters.kubernetes_config_map.kube-dns",
            "module.client-clusters.kubernetes_config_map.kube-dns-upstream-nameservers-and-stub-domains",
            "module.client-clusters.kubernetes_config_map.kube-dns-upstream-namservers",
            "module.client-clusters.module.gcloud_delete_default_kube_dns_configmap.module.gcloud_kubectl.data.external.env_override",
            "module.client-clusters.module.gcloud_delete_default_kube_dns_configmap.module.gcloud_kubectl.null_resource.additional_components",
            "module.client-clusters.module.gcloud_delete_default_kube_dns_configmap.module.gcloud_kubectl.null_resource.additional_components_destroy",
            "module.client-clusters.module.gcloud_delete_default_kube_dns_configmap.module.gcloud_kubectl.null_resource.decompress",
            "module.client-clusters.module.gcloud_delete_default_kube_dns_configmap.module.gcloud_kubectl.null_resource.decompress_destroy",
            "module.client-clusters.module.gcloud_delete_default_kube_dns_configmap.module.gcloud_kubectl.null_resource.download_gcloud",
            "module.client-clusters.module.gcloud_delete_default_kube_dns_configmap.module.gcloud_kubectl.null_resource.download_jq",
            "module.client-clusters.module.gcloud_delete_default_kube_dns_configmap.module.gcloud_kubectl.null_resource.gcloud_auth_google_credentials",
            "module.client-clusters.module.gcloud_delete_default_kube_dns_configmap.module.gcloud_kubectl.null_resource.gcloud_auth_google_credentials_destroy",
            "module.client-clusters.module.gcloud_delete_default_kube_dns_configmap.module.gcloud_kubectl.null_resource.gcloud_auth_service_account_key_file",
            "module.client-clusters.module.gcloud_delete_default_kube_dns_configmap.module.gcloud_kubectl.null_resource.gcloud_auth_service_account_key_file_destroy",
            "module.client-clusters.module.gcloud_delete_default_kube_dns_configmap.module.gcloud_kubectl.null_resource.module_depends_on",
            "module.client-clusters.module.gcloud_delete_default_kube_dns_configmap.module.gcloud_kubectl.null_resource.prepare_cache",
            "module.client-clusters.module.gcloud_delete_default_kube_dns_configmap.module.gcloud_kubectl.null_resource.run_command",
            "module.client-clusters.module.gcloud_delete_default_kube_dns_configmap.module.gcloud_kubectl.null_resource.run_destroy_command",
            "module.client-clusters.module.gcloud_delete_default_kube_dns_configmap.module.gcloud_kubectl.null_resource.upgrade",
            "module.client-clusters.module.gcloud_delete_default_kube_dns_configmap.module.gcloud_kubectl.null_resource.upgrade_destroy",
            "module.client-clusters.module.gcloud_delete_default_kube_dns_configmap.module.gcloud_kubectl.random_id.cache",
            "module.client-clusters.random_shuffle.available_zones",
            "module.client-clusters.random_string.cluster_service_account_suffix",
            "module.project-services.google_project_service.project_services"
          ]
        }
      ]
    },
    {
      "module": "module.acm-clients[0].module.acm_operator.module.k8s_operator.module.gcloud_kubectl",
      "mode": "managed",
      "type": "null_resource",
      "name": "module_depends_on",
      "provider": "provider[\"registry.terraform.io/hashicorp/null\"]",
      "instances": [
        {
          "index_key": 0,
          "schema_version": 0,
          "attributes": {
            "id": "6634260123741809478",
            "triggers": {
              "value": "2"
            }
          },
          "sensitive_attributes": [
            [
              {
                "type": "get_attr",
                "value": "triggers"
              },
              {
                "type": "index",
                "value": {
                  "value": "value",
                  "type": "string"
                }
              }
            ]
          ],
          "private": "bnVsbA==",
          "dependencies": [
            "data.google_client_config.current",
            "data.google_project.project",
            "module.acm-clients.module.acm_operator.module.k8sop_manifest.null_resource.additional_components",
            "module.acm-clients.module.acm_operator.module.k8sop_manifest.null_resource.gcloud_auth_google_credentials",
            "module.acm-clients.module.acm_operator.module.k8sop_manifest.null_resource.gcloud_auth_service_account_key_file",
            "module.acm-clients.module.acm_operator.module.k8sop_manifest.null_resource.run_command",
            "module.acm-clients.module.acm_operator.module.k8sop_manifest.null_resource.run_destroy_command",
            "module.client-clusters.data.google_client_config.default",
            "module.client-clusters.data.google_compute_subnetwork.gke_subnetwork",
            "module.client-clusters.data.google_compute_zones.available",
            "module.client-clusters.data.google_container_engine_versions.region",
            "module.client-clusters.data.google_container_engine_versions.zone",
            "module.client-clusters.google_compute_firewall.intra_egress",
            "module.client-clusters.google_compute_firewall.master_webhooks",
            "module.client-clusters.google_compute_firewall.shadow_allow_master",
            "module.client-clusters.google_compute_firewall.shadow_allow_nodes",
            "module.client-clusters.google_compute_firewall.shadow_allow_pods",
            "module.client-clusters.google_container_cluster.primary",
            "module.client-clusters.google_container_node_pool.pools",
            "module.client-clusters.google_project_iam_member.cluster_service_account-artifact-registry",
            "module.client-clusters.google_project_iam_member.cluster_service_account-gcr",
            "module.client-clusters.google_project_iam_member.cluster_service_account-log_writer",
            "module.client-clusters.google_project_iam_member.cluster_service_account-metric_writer",
            "module.client-clusters.google_project_iam_member.cluster_service_account-monitoring_viewer",
            "module.client-clusters.google_project_iam_member.cluster_service_account-resourceMetadata-writer",
            "module.client-clusters.google_service_account.cluster_service_account",
            "module.client-clusters.kubernetes_config_map.ip-masq-agent",
            "module.client-clusters.kubernetes_config_map.kube-dns",
            "module.client-clusters.kubernetes_config_map.kube-dns-upstream-nameservers-and-stub-domains",
            "module.client-clusters.kubernetes_config_map.kube-dns-upstream-namservers",
            "module.client-clusters.module.gcloud_delete_default_kube_dns_configmap.module.gcloud_kubectl.data.external.env_override",
            "module.client-clusters.module.gcloud_delete_default_kube_dns_configmap.module.gcloud_kubectl.null_resource.additional_components",
            "module.client-clusters.module.gcloud_delete_default_kube_dns_configmap.module.gcloud_kubectl.null_resource.additional_components_destroy",
            "module.client-clusters.module.gcloud_delete_default_kube_dns_configmap.module.gcloud_kubectl.null_resource.decompress",
            "module.client-clusters.module.gcloud_delete_default_kube_dns_configmap.module.gcloud_kubectl.null_resource.decompress_destroy",
            "module.client-clusters.module.gcloud_delete_default_kube_dns_configmap.module.gcloud_kubectl.null_resource.download_gcloud",
            "module.client-clusters.module.gcloud_delete_default_kube_dns_configmap.module.gcloud_kubectl.null_resource.download_jq",
            "module.client-clusters.module.gcloud_delete_default_kube_dns_configmap.module.gcloud_kubectl.null_resource.gcloud_auth_google_credentials",
            "module.client-clusters.module.gcloud_delete_default_kube_dns_configmap.module.gcloud_kubectl.null_resource.gcloud_auth_google_credentials_destroy",
            "module.client-clusters.module.gcloud_delete_default_kube_dns_configmap.module.gcloud_kubectl.null_resource.gcloud_auth_service_account_key_file",
            "module.client-clusters.module.gcloud_delete_default_kube_dns_configmap.module.gcloud_kubectl.null_resource.gcloud_auth_service_account_key_file_destroy",
            "module.client-clusters.module.gcloud_delete_default_kube_dns_configmap.module.gcloud_kubectl.null_resource.module_depends_on",
            "module.client-clusters.module.gcloud_delete_default_kube_dns_configmap.module.gcloud_kubectl.null_resource.prepare_cache",
            "module.client-clusters.module.gcloud_delete_default_kube_dns_configmap.module.gcloud_kubectl.null_resource.run_command",
            "module.client-clusters.module.gcloud_delete_default_kube_dns_configmap.module.gcloud_kubectl.null_resource.run_destroy_command",
            "module.client-clusters.module.gcloud_delete_default_kube_dns_configmap.module.gcloud_kubectl.null_resource.upgrade",
            "module.client-clusters.module.gcloud_delete_default_kube_dns_configmap.module.gcloud_kubectl.null_resource.upgrade_destroy",
            "module.client-clusters.module.gcloud_delete_default_kube_dns_configmap.module.gcloud_kubectl.random_id.cache",
            "module.client-clusters.random_shuffle.available_zones",
            "module.client-clusters.random_string.cluster_service_account_suffix",
            "module.project-services.google_project_service.project_services"
          ]
        }
      ]
    },
    {
      "module": "module.acm-clients[0].module.acm_operator.module.k8s_operator.module.gcloud_kubectl",
      "mode": "managed",
      "type": "null_resource",
      "name": "run_command",
      "provider": "provider[\"registry.terraform.io/hashicorp/null\"]",
      "instances": [
        {
          "index_key": 0,
          "schema_version": 0,
          "attributes": {
            "id": "8744546268434023083",
            "triggers": {
              "arguments": "34eb37ff715980fe0fe08cb033488df9",
              "create_cmd_body": "gke-cluster-client-0 us-west1-a jk-mlops-dev false false kubectl apply -f config-management-operator.yaml",
              "create_cmd_entrypoint": ".terraform/modules/acm-clients.acm_operator.k8s_operator/terraform-google-gcloud-2.0.3/modules/kubectl-wrapper/scripts/kubectl_wrapper.sh",
              "gcloud_bin_abs_path": "/google-cloud-sdk/bin",
              "md5": "352ffea85252263f4f6b54fa4bb8ffb3"
            }
          },
          "sensitive_attributes": [],
          "private": "bnVsbA==",
          "dependencies": [
            "data.google_client_config.current",
            "data.google_project.project",
            "module.acm-clients.module.acm_operator.module.k8s_operator.module.gcloud_kubectl.data.external.env_override",
            "module.acm-clients.module.acm_operator.module.k8s_operator.module.gcloud_kubectl.null_resource.additional_components",
            "module.acm-clients.module.acm_operator.module.k8s_operator.module.gcloud_kubectl.null_resource.decompress",
            "module.acm-clients.module.acm_operator.module.k8s_operator.module.gcloud_kubectl.null_resource.gcloud_auth_google_credentials",
            "module.acm-clients.module.acm_operator.module.k8s_operator.module.gcloud_kubectl.null_resource.gcloud_auth_service_account_key_file",
            "module.acm-clients.module.acm_operator.module.k8s_operator.module.gcloud_kubectl.null_resource.module_depends_on",
            "module.acm-clients.module.acm_operator.module.k8s_operator.module.gcloud_kubectl.null_resource.upgrade",
            "module.acm-clients.module.acm_operator.module.k8s_operator.module.gcloud_kubectl.random_id.cache",
            "module.acm-clients.module.acm_operator.module.k8sop_manifest.null_resource.additional_components",
            "module.acm-clients.module.acm_operator.module.k8sop_manifest.null_resource.gcloud_auth_google_credentials",
            "module.acm-clients.module.acm_operator.module.k8sop_manifest.null_resource.gcloud_auth_service_account_key_file",
            "module.acm-clients.module.acm_operator.module.k8sop_manifest.null_resource.run_command",
            "module.acm-clients.module.acm_operator.module.k8sop_manifest.null_resource.run_destroy_command",
            "module.client-clusters.data.google_client_config.default",
            "module.client-clusters.data.google_compute_subnetwork.gke_subnetwork",
            "module.client-clusters.data.google_compute_zones.available",
            "module.client-clusters.data.google_container_engine_versions.region",
            "module.client-clusters.data.google_container_engine_versions.zone",
            "module.client-clusters.google_compute_firewall.intra_egress",
            "module.client-clusters.google_compute_firewall.master_webhooks",
            "module.client-clusters.google_compute_firewall.shadow_allow_master",
            "module.client-clusters.google_compute_firewall.shadow_allow_nodes",
            "module.client-clusters.google_compute_firewall.shadow_allow_pods",
            "module.client-clusters.google_container_cluster.primary",
            "module.client-clusters.google_container_node_pool.pools",
            "module.client-clusters.google_project_iam_member.cluster_service_account-artifact-registry",
            "module.client-clusters.google_project_iam_member.cluster_service_account-gcr",
            "module.client-clusters.google_project_iam_member.cluster_service_account-log_writer",
            "module.client-clusters.google_project_iam_member.cluster_service_account-metric_writer",
            "module.client-clusters.google_project_iam_member.cluster_service_account-monitoring_viewer",
            "module.client-clusters.google_project_iam_member.cluster_service_account-resourceMetadata-writer",
            "module.client-clusters.google_service_account.cluster_service_account",
            "module.client-clusters.kubernetes_config_map.ip-masq-agent",
            "module.client-clusters.kubernetes_config_map.kube-dns",
            "module.client-clusters.kubernetes_config_map.kube-dns-upstream-nameservers-and-stub-domains",
            "module.client-clusters.kubernetes_config_map.kube-dns-upstream-namservers",
            "module.client-clusters.module.gcloud_delete_default_kube_dns_configmap.module.gcloud_kubectl.data.external.env_override",
            "module.client-clusters.module.gcloud_delete_default_kube_dns_configmap.module.gcloud_kubectl.null_resource.additional_components",
            "module.client-clusters.module.gcloud_delete_default_kube_dns_configmap.module.gcloud_kubectl.null_resource.additional_components_destroy",
            "module.client-clusters.module.gcloud_delete_default_kube_dns_configmap.module.gcloud_kubectl.null_resource.decompress",
            "module.client-clusters.module.gcloud_delete_default_kube_dns_configmap.module.gcloud_kubectl.null_resource.decompress_destroy",
            "module.client-clusters.module.gcloud_delete_default_kube_dns_configmap.module.gcloud_kubectl.null_resource.download_gcloud",
            "module.client-clusters.module.gcloud_delete_default_kube_dns_configmap.module.gcloud_kubectl.null_resource.download_jq",
            "module.client-clusters.module.gcloud_delete_default_kube_dns_configmap.module.gcloud_kubectl.null_resource.gcloud_auth_google_credentials",
            "module.client-clusters.module.gcloud_delete_default_kube_dns_configmap.module.gcloud_kubectl.null_resource.gcloud_auth_google_credentials_destroy",
            "module.client-clusters.module.gcloud_delete_default_kube_dns_configmap.module.gcloud_kubectl.null_resource.gcloud_auth_service_account_key_file",
            "module.client-clusters.module.gcloud_delete_default_kube_dns_configmap.module.gcloud_kubectl.null_resource.gcloud_auth_service_account_key_file_destroy",
            "module.client-clusters.module.gcloud_delete_default_kube_dns_configmap.module.gcloud_kubectl.null_resource.module_depends_on",
            "module.client-clusters.module.gcloud_delete_default_kube_dns_configmap.module.gcloud_kubectl.null_resource.prepare_cache",
            "module.client-clusters.module.gcloud_delete_default_kube_dns_configmap.module.gcloud_kubectl.null_resource.run_command",
            "module.client-clusters.module.gcloud_delete_default_kube_dns_configmap.module.gcloud_kubectl.null_resource.run_destroy_command",
            "module.client-clusters.module.gcloud_delete_default_kube_dns_configmap.module.gcloud_kubectl.null_resource.upgrade",
            "module.client-clusters.module.gcloud_delete_default_kube_dns_configmap.module.gcloud_kubectl.null_resource.upgrade_destroy",
            "module.client-clusters.module.gcloud_delete_default_kube_dns_configmap.module.gcloud_kubectl.random_id.cache",
            "module.client-clusters.random_shuffle.available_zones",
            "module.client-clusters.random_string.cluster_service_account_suffix",
            "module.project-services.google_project_service.project_services"
          ]
        }
      ]
    },
    {
      "module": "module.acm-clients[0].module.acm_operator.module.k8s_operator.module.gcloud_kubectl",
      "mode": "managed",
      "type": "null_resource",
      "name": "run_destroy_command",
      "provider": "provider[\"registry.terraform.io/hashicorp/null\"]",
      "instances": [
        {
          "index_key": 0,
          "schema_version": 0,
          "attributes": {
            "id": "4381277583763274322",
            "triggers": {
              "destroy_cmd_body": "gke-cluster-client-0 us-west1-a jk-mlops-dev false false kubectl delete -f config-management-operator.yaml",
              "destroy_cmd_entrypoint": ".terraform/modules/acm-clients.acm_operator.k8s_operator/terraform-google-gcloud-2.0.3/modules/kubectl-wrapper/scripts/kubectl_wrapper.sh",
              "gcloud_bin_abs_path": "/google-cloud-sdk/bin"
            }
          },
          "sensitive_attributes": [],
          "private": "bnVsbA==",
          "dependencies": [
            "data.google_client_config.current",
            "data.google_project.project",
            "module.acm-clients.module.acm_operator.module.k8s_operator.module.gcloud_kubectl.data.external.env_override",
            "module.acm-clients.module.acm_operator.module.k8s_operator.module.gcloud_kubectl.null_resource.additional_components",
            "module.acm-clients.module.acm_operator.module.k8s_operator.module.gcloud_kubectl.null_resource.decompress",
            "module.acm-clients.module.acm_operator.module.k8s_operator.module.gcloud_kubectl.null_resource.gcloud_auth_google_credentials",
            "module.acm-clients.module.acm_operator.module.k8s_operator.module.gcloud_kubectl.null_resource.gcloud_auth_service_account_key_file",
            "module.acm-clients.module.acm_operator.module.k8s_operator.module.gcloud_kubectl.null_resource.module_depends_on",
            "module.acm-clients.module.acm_operator.module.k8s_operator.module.gcloud_kubectl.null_resource.upgrade",
            "module.acm-clients.module.acm_operator.module.k8s_operator.module.gcloud_kubectl.random_id.cache",
            "module.acm-clients.module.acm_operator.module.k8sop_manifest.null_resource.additional_components",
            "module.acm-clients.module.acm_operator.module.k8sop_manifest.null_resource.gcloud_auth_google_credentials",
            "module.acm-clients.module.acm_operator.module.k8sop_manifest.null_resource.gcloud_auth_service_account_key_file",
            "module.acm-clients.module.acm_operator.module.k8sop_manifest.null_resource.run_command",
            "module.acm-clients.module.acm_operator.module.k8sop_manifest.null_resource.run_destroy_command",
            "module.client-clusters.data.google_client_config.default",
            "module.client-clusters.data.google_compute_subnetwork.gke_subnetwork",
            "module.client-clusters.data.google_compute_zones.available",
            "module.client-clusters.data.google_container_engine_versions.region",
            "module.client-clusters.data.google_container_engine_versions.zone",
            "module.client-clusters.google_compute_firewall.intra_egress",
            "module.client-clusters.google_compute_firewall.master_webhooks",
            "module.client-clusters.google_compute_firewall.shadow_allow_master",
            "module.client-clusters.google_compute_firewall.shadow_allow_nodes",
            "module.client-clusters.google_compute_firewall.shadow_allow_pods",
            "module.client-clusters.google_container_cluster.primary",
            "module.client-clusters.google_container_node_pool.pools",
            "module.client-clusters.google_project_iam_member.cluster_service_account-artifact-registry",
            "module.client-clusters.google_project_iam_member.cluster_service_account-gcr",
            "module.client-clusters.google_project_iam_member.cluster_service_account-log_writer",
            "module.client-clusters.google_project_iam_member.cluster_service_account-metric_writer",
            "module.client-clusters.google_project_iam_member.cluster_service_account-monitoring_viewer",
            "module.client-clusters.google_project_iam_member.cluster_service_account-resourceMetadata-writer",
            "module.client-clusters.google_service_account.cluster_service_account",
            "module.client-clusters.kubernetes_config_map.ip-masq-agent",
            "module.client-clusters.kubernetes_config_map.kube-dns",
            "module.client-clusters.kubernetes_config_map.kube-dns-upstream-nameservers-and-stub-domains",
            "module.client-clusters.kubernetes_config_map.kube-dns-upstream-namservers",
            "module.client-clusters.module.gcloud_delete_default_kube_dns_configmap.module.gcloud_kubectl.data.external.env_override",
            "module.client-clusters.module.gcloud_delete_default_kube_dns_configmap.module.gcloud_kubectl.null_resource.additional_components",
            "module.client-clusters.module.gcloud_delete_default_kube_dns_configmap.module.gcloud_kubectl.null_resource.additional_components_destroy",
            "module.client-clusters.module.gcloud_delete_default_kube_dns_configmap.module.gcloud_kubectl.null_resource.decompress",
            "module.client-clusters.module.gcloud_delete_default_kube_dns_configmap.module.gcloud_kubectl.null_resource.decompress_destroy",
            "module.client-clusters.module.gcloud_delete_default_kube_dns_configmap.module.gcloud_kubectl.null_resource.download_gcloud",
            "module.client-clusters.module.gcloud_delete_default_kube_dns_configmap.module.gcloud_kubectl.null_resource.download_jq",
            "module.client-clusters.module.gcloud_delete_default_kube_dns_configmap.module.gcloud_kubectl.null_resource.gcloud_auth_google_credentials",
            "module.client-clusters.module.gcloud_delete_default_kube_dns_configmap.module.gcloud_kubectl.null_resource.gcloud_auth_google_credentials_destroy",
            "module.client-clusters.module.gcloud_delete_default_kube_dns_configmap.module.gcloud_kubectl.null_resource.gcloud_auth_service_account_key_file",
            "module.client-clusters.module.gcloud_delete_default_kube_dns_configmap.module.gcloud_kubectl.null_resource.gcloud_auth_service_account_key_file_destroy",
            "module.client-clusters.module.gcloud_delete_default_kube_dns_configmap.module.gcloud_kubectl.null_resource.module_depends_on",
            "module.client-clusters.module.gcloud_delete_default_kube_dns_configmap.module.gcloud_kubectl.null_resource.prepare_cache",
            "module.client-clusters.module.gcloud_delete_default_kube_dns_configmap.module.gcloud_kubectl.null_resource.run_command",
            "module.client-clusters.module.gcloud_delete_default_kube_dns_configmap.module.gcloud_kubectl.null_resource.run_destroy_command",
            "module.client-clusters.module.gcloud_delete_default_kube_dns_configmap.module.gcloud_kubectl.null_resource.upgrade",
            "module.client-clusters.module.gcloud_delete_default_kube_dns_configmap.module.gcloud_kubectl.null_resource.upgrade_destroy",
            "module.client-clusters.module.gcloud_delete_default_kube_dns_configmap.module.gcloud_kubectl.random_id.cache",
            "module.client-clusters.random_shuffle.available_zones",
            "module.client-clusters.random_string.cluster_service_account_suffix",
            "module.project-services.google_project_service.project_services"
          ]
        }
      ]
    },
    {
      "module": "module.acm-clients[0].module.acm_operator.module.k8sop_config.module.gcloud_kubectl",
      "mode": "data",
      "type": "external",
      "name": "env_override",
      "provider": "provider[\"registry.terraform.io/hashicorp/external\"]",
      "instances": [
        {
          "index_key": 0,
          "schema_version": 0,
          "attributes": {
            "id": "-",
            "program": [
              ".terraform/modules/acm-clients.acm_operator.k8sop_config/terraform-google-gcloud-2.0.3/scripts/check_env.sh"
            ],
            "query": null,
            "result": {
              "download": ""
            },
            "working_dir": null
          },
          "sensitive_attributes": []
        }
      ]
    },
    {
      "module": "module.acm-clients[0].module.acm_operator.module.k8sop_config.module.gcloud_kubectl",
      "mode": "managed",
      "type": "null_resource",
      "name": "additional_components",
      "provider": "provider[\"registry.terraform.io/hashicorp/null\"]",
      "instances": [
        {
          "index_key": 0,
          "schema_version": 0,
          "attributes": {
            "id": "4667778089513030653",
            "triggers": {
              "additional_components_command": ".terraform/modules/acm-clients.acm_operator.k8sop_config/terraform-google-gcloud-2.0.3/scripts/check_components.sh gcloud kubectl",
              "arguments": "0362de324203c75af83a87d7d710e63c",
              "configmanagement": "apiVersion: configmanagement.gke.io/v1\nkind: ConfigManagement\nmetadata:\n  name: config-management\nspec:\n  # clusterName is required and must be unique among all managed clusters\n  clusterName: gke-cluster-client-0\n  policyController:\n    enabled: true\n    templateLibraryInstalled: true\n    logDeniesEnabled: false\n  git:\n    syncRepo: https://github.com/jarokaz/tff/\n    secretType: none\n    policyDir: acm-dir\n    syncBranch: main\n  \n  \n",
              "md5": "695569ed0c115609fca6ac38234ed814"
            }
          },
          "sensitive_attributes": [],
          "private": "bnVsbA==",
          "dependencies": [
            "data.google_client_config.current",
            "data.google_project.project",
            "module.acm-clients.module.acm_operator.data.template_file.k8sop_config",
            "module.acm-clients.module.acm_operator.module.k8sop_config.module.gcloud_kubectl.data.external.env_override",
            "module.acm-clients.module.acm_operator.module.k8sop_config.module.gcloud_kubectl.null_resource.upgrade",
            "module.acm-clients.module.acm_operator.module.k8sop_config.module.gcloud_kubectl.random_id.cache",
            "module.client-clusters.data.google_client_config.default",
            "module.client-clusters.data.google_compute_subnetwork.gke_subnetwork",
            "module.client-clusters.data.google_compute_zones.available",
            "module.client-clusters.data.google_container_engine_versions.region",
            "module.client-clusters.data.google_container_engine_versions.zone",
            "module.client-clusters.google_compute_firewall.intra_egress",
            "module.client-clusters.google_compute_firewall.master_webhooks",
            "module.client-clusters.google_compute_firewall.shadow_allow_master",
            "module.client-clusters.google_compute_firewall.shadow_allow_nodes",
            "module.client-clusters.google_compute_firewall.shadow_allow_pods",
            "module.client-clusters.google_container_cluster.primary",
            "module.client-clusters.google_container_node_pool.pools",
            "module.client-clusters.google_project_iam_member.cluster_service_account-artifact-registry",
            "module.client-clusters.google_project_iam_member.cluster_service_account-gcr",
            "module.client-clusters.google_project_iam_member.cluster_service_account-log_writer",
            "module.client-clusters.google_project_iam_member.cluster_service_account-metric_writer",
            "module.client-clusters.google_project_iam_member.cluster_service_account-monitoring_viewer",
            "module.client-clusters.google_project_iam_member.cluster_service_account-resourceMetadata-writer",
            "module.client-clusters.google_service_account.cluster_service_account",
            "module.client-clusters.kubernetes_config_map.ip-masq-agent",
            "module.client-clusters.kubernetes_config_map.kube-dns",
            "module.client-clusters.kubernetes_config_map.kube-dns-upstream-nameservers-and-stub-domains",
            "module.client-clusters.kubernetes_config_map.kube-dns-upstream-namservers",
            "module.client-clusters.module.gcloud_delete_default_kube_dns_configmap.module.gcloud_kubectl.data.external.env_override",
            "module.client-clusters.module.gcloud_delete_default_kube_dns_configmap.module.gcloud_kubectl.null_resource.additional_components",
            "module.client-clusters.module.gcloud_delete_default_kube_dns_configmap.module.gcloud_kubectl.null_resource.additional_components_destroy",
            "module.client-clusters.module.gcloud_delete_default_kube_dns_configmap.module.gcloud_kubectl.null_resource.decompress",
            "module.client-clusters.module.gcloud_delete_default_kube_dns_configmap.module.gcloud_kubectl.null_resource.decompress_destroy",
            "module.client-clusters.module.gcloud_delete_default_kube_dns_configmap.module.gcloud_kubectl.null_resource.download_gcloud",
            "module.client-clusters.module.gcloud_delete_default_kube_dns_configmap.module.gcloud_kubectl.null_resource.download_jq",
            "module.client-clusters.module.gcloud_delete_default_kube_dns_configmap.module.gcloud_kubectl.null_resource.gcloud_auth_google_credentials",
            "module.client-clusters.module.gcloud_delete_default_kube_dns_configmap.module.gcloud_kubectl.null_resource.gcloud_auth_google_credentials_destroy",
            "module.client-clusters.module.gcloud_delete_default_kube_dns_configmap.module.gcloud_kubectl.null_resource.gcloud_auth_service_account_key_file",
            "module.client-clusters.module.gcloud_delete_default_kube_dns_configmap.module.gcloud_kubectl.null_resource.gcloud_auth_service_account_key_file_destroy",
            "module.client-clusters.module.gcloud_delete_default_kube_dns_configmap.module.gcloud_kubectl.null_resource.module_depends_on",
            "module.client-clusters.module.gcloud_delete_default_kube_dns_configmap.module.gcloud_kubectl.null_resource.prepare_cache",
            "module.client-clusters.module.gcloud_delete_default_kube_dns_configmap.module.gcloud_kubectl.null_resource.run_command",
            "module.client-clusters.module.gcloud_delete_default_kube_dns_configmap.module.gcloud_kubectl.null_resource.run_destroy_command",
            "module.client-clusters.module.gcloud_delete_default_kube_dns_configmap.module.gcloud_kubectl.null_resource.upgrade",
            "module.client-clusters.module.gcloud_delete_default_kube_dns_configmap.module.gcloud_kubectl.null_resource.upgrade_destroy",
            "module.client-clusters.module.gcloud_delete_default_kube_dns_configmap.module.gcloud_kubectl.random_id.cache",
            "module.client-clusters.random_shuffle.available_zones",
            "module.client-clusters.random_string.cluster_service_account_suffix",
            "module.project-services.google_project_service.project_services"
          ]
        }
      ]
    },
    {
      "module": "module.acm-clients[0].module.acm_operator.module.k8sop_config.module.gcloud_kubectl",
      "mode": "managed",
      "type": "null_resource",
      "name": "additional_components_destroy",
      "provider": "provider[\"registry.terraform.io/hashicorp/null\"]",
      "instances": [
        {
          "index_key": 0,
          "schema_version": 0,
          "attributes": {
            "id": "4823213095872492496",
            "triggers": {
              "additional_components_command": ".terraform/modules/acm-clients.acm_operator.k8sop_config/terraform-google-gcloud-2.0.3/scripts/check_components.sh gcloud kubectl"
            }
          },
          "sensitive_attributes": [],
          "private": "bnVsbA==",
          "dependencies": [
            "data.google_client_config.current",
            "data.google_project.project",
            "module.acm-clients.module.acm_operator.data.template_file.k8sop_config",
            "module.acm-clients.module.acm_operator.module.k8s_operator.module.gcloud_kubectl.data.external.env_override",
            "module.acm-clients.module.acm_operator.module.k8s_operator.module.gcloud_kubectl.null_resource.additional_components",
            "module.acm-clients.module.acm_operator.module.k8s_operator.module.gcloud_kubectl.null_resource.decompress",
            "module.acm-clients.module.acm_operator.module.k8s_operator.module.gcloud_kubectl.null_resource.gcloud_auth_google_credentials",
            "module.acm-clients.module.acm_operator.module.k8s_operator.module.gcloud_kubectl.null_resource.gcloud_auth_service_account_key_file",
            "module.acm-clients.module.acm_operator.module.k8s_operator.module.gcloud_kubectl.null_resource.module_depends_on",
            "module.acm-clients.module.acm_operator.module.k8s_operator.module.gcloud_kubectl.null_resource.run_command",
            "module.acm-clients.module.acm_operator.module.k8s_operator.module.gcloud_kubectl.null_resource.run_destroy_command",
            "module.acm-clients.module.acm_operator.module.k8s_operator.module.gcloud_kubectl.null_resource.upgrade",
            "module.acm-clients.module.acm_operator.module.k8s_operator.module.gcloud_kubectl.random_id.cache",
            "module.acm-clients.module.acm_operator.module.k8sop_config.module.gcloud_kubectl.data.external.env_override",
            "module.acm-clients.module.acm_operator.module.k8sop_config.module.gcloud_kubectl.null_resource.additional_components",
            "module.acm-clients.module.acm_operator.module.k8sop_config.module.gcloud_kubectl.null_resource.decompress",
            "module.acm-clients.module.acm_operator.module.k8sop_config.module.gcloud_kubectl.null_resource.gcloud_auth_google_credentials",
            "module.acm-clients.module.acm_operator.module.k8sop_config.module.gcloud_kubectl.null_resource.gcloud_auth_service_account_key_file",
            "module.acm-clients.module.acm_operator.module.k8sop_config.module.gcloud_kubectl.null_resource.module_depends_on",
            "module.acm-clients.module.acm_operator.module.k8sop_config.module.gcloud_kubectl.null_resource.run_destroy_command",
            "module.acm-clients.module.acm_operator.module.k8sop_config.module.gcloud_kubectl.null_resource.upgrade",
            "module.acm-clients.module.acm_operator.module.k8sop_config.module.gcloud_kubectl.random_id.cache",
            "module.acm-clients.module.acm_operator.module.k8sop_creds_secret.module.gcloud_kubectl.null_resource.additional_components",
            "module.acm-clients.module.acm_operator.module.k8sop_creds_secret.module.gcloud_kubectl.null_resource.gcloud_auth_google_credentials",
            "module.acm-clients.module.acm_operator.module.k8sop_creds_secret.module.gcloud_kubectl.null_resource.gcloud_auth_service_account_key_file",
            "module.acm-clients.module.acm_operator.module.k8sop_creds_secret.module.gcloud_kubectl.null_resource.run_command",
            "module.acm-clients.module.acm_operator.module.k8sop_creds_secret.module.gcloud_kubectl.null_resource.run_destroy_command",
            "module.acm-clients.module.acm_operator.module.k8sop_manifest.null_resource.additional_components",
            "module.acm-clients.module.acm_operator.module.k8sop_manifest.null_resource.gcloud_auth_google_credentials",
            "module.acm-clients.module.acm_operator.module.k8sop_manifest.null_resource.gcloud_auth_service_account_key_file",
            "module.acm-clients.module.acm_operator.module.k8sop_manifest.null_resource.run_command",
            "module.acm-clients.module.acm_operator.module.k8sop_manifest.null_resource.run_destroy_command",
            "module.client-clusters.data.google_client_config.default",
            "module.client-clusters.data.google_compute_subnetwork.gke_subnetwork",
            "module.client-clusters.data.google_compute_zones.available",
            "module.client-clusters.data.google_container_engine_versions.region",
            "module.client-clusters.data.google_container_engine_versions.zone",
            "module.client-clusters.google_compute_firewall.intra_egress",
            "module.client-clusters.google_compute_firewall.master_webhooks",
            "module.client-clusters.google_compute_firewall.shadow_allow_master",
            "module.client-clusters.google_compute_firewall.shadow_allow_nodes",
            "module.client-clusters.google_compute_firewall.shadow_allow_pods",
            "module.client-clusters.google_container_cluster.primary",
            "module.client-clusters.google_container_node_pool.pools",
            "module.client-clusters.google_project_iam_member.cluster_service_account-artifact-registry",
            "module.client-clusters.google_project_iam_member.cluster_service_account-gcr",
            "module.client-clusters.google_project_iam_member.cluster_service_account-log_writer",
            "module.client-clusters.google_project_iam_member.cluster_service_account-metric_writer",
            "module.client-clusters.google_project_iam_member.cluster_service_account-monitoring_viewer",
            "module.client-clusters.google_project_iam_member.cluster_service_account-resourceMetadata-writer",
            "module.client-clusters.google_service_account.cluster_service_account",
            "module.client-clusters.kubernetes_config_map.ip-masq-agent",
            "module.client-clusters.kubernetes_config_map.kube-dns",
            "module.client-clusters.kubernetes_config_map.kube-dns-upstream-nameservers-and-stub-domains",
            "module.client-clusters.kubernetes_config_map.kube-dns-upstream-namservers",
            "module.client-clusters.module.gcloud_delete_default_kube_dns_configmap.module.gcloud_kubectl.data.external.env_override",
            "module.client-clusters.module.gcloud_delete_default_kube_dns_configmap.module.gcloud_kubectl.null_resource.additional_components",
            "module.client-clusters.module.gcloud_delete_default_kube_dns_configmap.module.gcloud_kubectl.null_resource.additional_components_destroy",
            "module.client-clusters.module.gcloud_delete_default_kube_dns_configmap.module.gcloud_kubectl.null_resource.decompress",
            "module.client-clusters.module.gcloud_delete_default_kube_dns_configmap.module.gcloud_kubectl.null_resource.decompress_destroy",
            "module.client-clusters.module.gcloud_delete_default_kube_dns_configmap.module.gcloud_kubectl.null_resource.download_gcloud",
            "module.client-clusters.module.gcloud_delete_default_kube_dns_configmap.module.gcloud_kubectl.null_resource.download_jq",
            "module.client-clusters.module.gcloud_delete_default_kube_dns_configmap.module.gcloud_kubectl.null_resource.gcloud_auth_google_credentials",
            "module.client-clusters.module.gcloud_delete_default_kube_dns_configmap.module.gcloud_kubectl.null_resource.gcloud_auth_google_credentials_destroy",
            "module.client-clusters.module.gcloud_delete_default_kube_dns_configmap.module.gcloud_kubectl.null_resource.gcloud_auth_service_account_key_file",
            "module.client-clusters.module.gcloud_delete_default_kube_dns_configmap.module.gcloud_kubectl.null_resource.gcloud_auth_service_account_key_file_destroy",
            "module.client-clusters.module.gcloud_delete_default_kube_dns_configmap.module.gcloud_kubectl.null_resource.module_depends_on",
            "module.client-clusters.module.gcloud_delete_default_kube_dns_configmap.module.gcloud_kubectl.null_resource.prepare_cache",
            "module.client-clusters.module.gcloud_delete_default_kube_dns_configmap.module.gcloud_kubectl.null_resource.run_command",
            "module.client-clusters.module.gcloud_delete_default_kube_dns_configmap.module.gcloud_kubectl.null_resource.run_destroy_command",
            "module.client-clusters.module.gcloud_delete_default_kube_dns_configmap.module.gcloud_kubectl.null_resource.upgrade",
            "module.client-clusters.module.gcloud_delete_default_kube_dns_configmap.module.gcloud_kubectl.null_resource.upgrade_destroy",
            "module.client-clusters.module.gcloud_delete_default_kube_dns_configmap.module.gcloud_kubectl.random_id.cache",
            "module.client-clusters.random_shuffle.available_zones",
            "module.client-clusters.random_string.cluster_service_account_suffix",
            "module.project-services.google_project_service.project_services"
          ]
        }
      ]
    },
    {
      "module": "module.acm-clients[0].module.acm_operator.module.k8sop_config.module.gcloud_kubectl",
      "mode": "managed",
      "type": "null_resource",
      "name": "module_depends_on",
      "provider": "provider[\"registry.terraform.io/hashicorp/null\"]",
      "instances": [
        {
          "index_key": 0,
          "schema_version": 0,
          "attributes": {
            "id": "7407122428821725729",
            "triggers": {
              "value": "2"
            }
          },
          "sensitive_attributes": [],
          "private": "bnVsbA==",
          "dependencies": [
            "data.google_client_config.current",
            "data.google_project.project",
            "module.acm-clients.module.acm_operator.module.k8s_operator.module.gcloud_kubectl.data.external.env_override",
            "module.acm-clients.module.acm_operator.module.k8s_operator.module.gcloud_kubectl.null_resource.additional_components",
            "module.acm-clients.module.acm_operator.module.k8s_operator.module.gcloud_kubectl.null_resource.decompress",
            "module.acm-clients.module.acm_operator.module.k8s_operator.module.gcloud_kubectl.null_resource.gcloud_auth_google_credentials",
            "module.acm-clients.module.acm_operator.module.k8s_operator.module.gcloud_kubectl.null_resource.gcloud_auth_service_account_key_file",
            "module.acm-clients.module.acm_operator.module.k8s_operator.module.gcloud_kubectl.null_resource.module_depends_on",
            "module.acm-clients.module.acm_operator.module.k8s_operator.module.gcloud_kubectl.null_resource.run_command",
            "module.acm-clients.module.acm_operator.module.k8s_operator.module.gcloud_kubectl.null_resource.run_destroy_command",
            "module.acm-clients.module.acm_operator.module.k8s_operator.module.gcloud_kubectl.null_resource.upgrade",
            "module.acm-clients.module.acm_operator.module.k8s_operator.module.gcloud_kubectl.random_id.cache",
            "module.acm-clients.module.acm_operator.module.k8sop_creds_secret.module.gcloud_kubectl.null_resource.additional_components",
            "module.acm-clients.module.acm_operator.module.k8sop_creds_secret.module.gcloud_kubectl.null_resource.gcloud_auth_google_credentials",
            "module.acm-clients.module.acm_operator.module.k8sop_creds_secret.module.gcloud_kubectl.null_resource.gcloud_auth_service_account_key_file",
            "module.acm-clients.module.acm_operator.module.k8sop_creds_secret.module.gcloud_kubectl.null_resource.run_command",
            "module.acm-clients.module.acm_operator.module.k8sop_creds_secret.module.gcloud_kubectl.null_resource.run_destroy_command",
            "module.acm-clients.module.acm_operator.module.k8sop_manifest.null_resource.additional_components",
            "module.acm-clients.module.acm_operator.module.k8sop_manifest.null_resource.gcloud_auth_google_credentials",
            "module.acm-clients.module.acm_operator.module.k8sop_manifest.null_resource.gcloud_auth_service_account_key_file",
            "module.acm-clients.module.acm_operator.module.k8sop_manifest.null_resource.run_command",
            "module.acm-clients.module.acm_operator.module.k8sop_manifest.null_resource.run_destroy_command",
            "module.client-clusters.data.google_client_config.default",
            "module.client-clusters.data.google_compute_subnetwork.gke_subnetwork",
            "module.client-clusters.data.google_compute_zones.available",
            "module.client-clusters.data.google_container_engine_versions.region",
            "module.client-clusters.data.google_container_engine_versions.zone",
            "module.client-clusters.google_compute_firewall.intra_egress",
            "module.client-clusters.google_compute_firewall.master_webhooks",
            "module.client-clusters.google_compute_firewall.shadow_allow_master",
            "module.client-clusters.google_compute_firewall.shadow_allow_nodes",
            "module.client-clusters.google_compute_firewall.shadow_allow_pods",
            "module.client-clusters.google_container_cluster.primary",
            "module.client-clusters.google_container_node_pool.pools",
            "module.client-clusters.google_project_iam_member.cluster_service_account-artifact-registry",
            "module.client-clusters.google_project_iam_member.cluster_service_account-gcr",
            "module.client-clusters.google_project_iam_member.cluster_service_account-log_writer",
            "module.client-clusters.google_project_iam_member.cluster_service_account-metric_writer",
            "module.client-clusters.google_project_iam_member.cluster_service_account-monitoring_viewer",
            "module.client-clusters.google_project_iam_member.cluster_service_account-resourceMetadata-writer",
            "module.client-clusters.google_service_account.cluster_service_account",
            "module.client-clusters.kubernetes_config_map.ip-masq-agent",
            "module.client-clusters.kubernetes_config_map.kube-dns",
            "module.client-clusters.kubernetes_config_map.kube-dns-upstream-nameservers-and-stub-domains",
            "module.client-clusters.kubernetes_config_map.kube-dns-upstream-namservers",
            "module.client-clusters.module.gcloud_delete_default_kube_dns_configmap.module.gcloud_kubectl.data.external.env_override",
            "module.client-clusters.module.gcloud_delete_default_kube_dns_configmap.module.gcloud_kubectl.null_resource.additional_components",
            "module.client-clusters.module.gcloud_delete_default_kube_dns_configmap.module.gcloud_kubectl.null_resource.additional_components_destroy",
            "module.client-clusters.module.gcloud_delete_default_kube_dns_configmap.module.gcloud_kubectl.null_resource.decompress",
            "module.client-clusters.module.gcloud_delete_default_kube_dns_configmap.module.gcloud_kubectl.null_resource.decompress_destroy",
            "module.client-clusters.module.gcloud_delete_default_kube_dns_configmap.module.gcloud_kubectl.null_resource.download_gcloud",
            "module.client-clusters.module.gcloud_delete_default_kube_dns_configmap.module.gcloud_kubectl.null_resource.download_jq",
            "module.client-clusters.module.gcloud_delete_default_kube_dns_configmap.module.gcloud_kubectl.null_resource.gcloud_auth_google_credentials",
            "module.client-clusters.module.gcloud_delete_default_kube_dns_configmap.module.gcloud_kubectl.null_resource.gcloud_auth_google_credentials_destroy",
            "module.client-clusters.module.gcloud_delete_default_kube_dns_configmap.module.gcloud_kubectl.null_resource.gcloud_auth_service_account_key_file",
            "module.client-clusters.module.gcloud_delete_default_kube_dns_configmap.module.gcloud_kubectl.null_resource.gcloud_auth_service_account_key_file_destroy",
            "module.client-clusters.module.gcloud_delete_default_kube_dns_configmap.module.gcloud_kubectl.null_resource.module_depends_on",
            "module.client-clusters.module.gcloud_delete_default_kube_dns_configmap.module.gcloud_kubectl.null_resource.prepare_cache",
            "module.client-clusters.module.gcloud_delete_default_kube_dns_configmap.module.gcloud_kubectl.null_resource.run_command",
            "module.client-clusters.module.gcloud_delete_default_kube_dns_configmap.module.gcloud_kubectl.null_resource.run_destroy_command",
            "module.client-clusters.module.gcloud_delete_default_kube_dns_configmap.module.gcloud_kubectl.null_resource.upgrade",
            "module.client-clusters.module.gcloud_delete_default_kube_dns_configmap.module.gcloud_kubectl.null_resource.upgrade_destroy",
            "module.client-clusters.module.gcloud_delete_default_kube_dns_configmap.module.gcloud_kubectl.random_id.cache",
            "module.client-clusters.random_shuffle.available_zones",
            "module.client-clusters.random_string.cluster_service_account_suffix",
            "module.project-services.google_project_service.project_services"
          ]
        }
      ]
    },
    {
      "module": "module.acm-clients[0].module.acm_operator.module.k8sop_config.module.gcloud_kubectl",
      "mode": "managed",
      "type": "null_resource",
      "name": "run_command",
      "provider": "provider[\"registry.terraform.io/hashicorp/null\"]",
      "instances": [
        {
          "index_key": 0,
          "schema_version": 0,
          "attributes": {
            "id": "6760183873528792739",
            "triggers": {
              "arguments": "0362de324203c75af83a87d7d710e63c",
              "configmanagement": "apiVersion: configmanagement.gke.io/v1\nkind: ConfigManagement\nmetadata:\n  name: config-management\nspec:\n  # clusterName is required and must be unique among all managed clusters\n  clusterName: gke-cluster-client-0\n  policyController:\n    enabled: true\n    templateLibraryInstalled: true\n    logDeniesEnabled: false\n  git:\n    syncRepo: https://github.com/jarokaz/tff/\n    secretType: none\n    policyDir: acm-dir\n    syncBranch: main\n  \n  \n",
              "create_cmd_body": "gke-cluster-client-0 us-west1-a jk-mlops-dev false false kubectl apply -f - \u003c\u003cEOF\napiVersion: configmanagement.gke.io/v1\nkind: ConfigManagement\nmetadata:\n  name: config-management\nspec:\n  # clusterName is required and must be unique among all managed clusters\n  clusterName: gke-cluster-client-0\n  policyController:\n    enabled: true\n    templateLibraryInstalled: true\n    logDeniesEnabled: false\n  git:\n    syncRepo: https://github.com/jarokaz/tff/\n    secretType: none\n    policyDir: acm-dir\n    syncBranch: main\n  \n  \nEOF",
              "create_cmd_entrypoint": ".terraform/modules/acm-clients.acm_operator.k8sop_config/terraform-google-gcloud-2.0.3/modules/kubectl-wrapper/scripts/kubectl_wrapper.sh",
              "gcloud_bin_abs_path": "/google-cloud-sdk/bin",
              "md5": "695569ed0c115609fca6ac38234ed814"
            }
          },
          "sensitive_attributes": [],
          "private": "bnVsbA==",
          "dependencies": [
            "data.google_client_config.current",
            "data.google_project.project",
            "module.acm-clients.module.acm_operator.data.template_file.k8sop_config",
            "module.acm-clients.module.acm_operator.module.k8s_operator.module.gcloud_kubectl.data.external.env_override",
            "module.acm-clients.module.acm_operator.module.k8s_operator.module.gcloud_kubectl.null_resource.additional_components",
            "module.acm-clients.module.acm_operator.module.k8s_operator.module.gcloud_kubectl.null_resource.decompress",
            "module.acm-clients.module.acm_operator.module.k8s_operator.module.gcloud_kubectl.null_resource.gcloud_auth_google_credentials",
            "module.acm-clients.module.acm_operator.module.k8s_operator.module.gcloud_kubectl.null_resource.gcloud_auth_service_account_key_file",
            "module.acm-clients.module.acm_operator.module.k8s_operator.module.gcloud_kubectl.null_resource.module_depends_on",
            "module.acm-clients.module.acm_operator.module.k8s_operator.module.gcloud_kubectl.null_resource.run_command",
            "module.acm-clients.module.acm_operator.module.k8s_operator.module.gcloud_kubectl.null_resource.run_destroy_command",
            "module.acm-clients.module.acm_operator.module.k8s_operator.module.gcloud_kubectl.null_resource.upgrade",
            "module.acm-clients.module.acm_operator.module.k8s_operator.module.gcloud_kubectl.random_id.cache",
            "module.acm-clients.module.acm_operator.module.k8sop_config.module.gcloud_kubectl.data.external.env_override",
            "module.acm-clients.module.acm_operator.module.k8sop_config.module.gcloud_kubectl.null_resource.additional_components",
            "module.acm-clients.module.acm_operator.module.k8sop_config.module.gcloud_kubectl.null_resource.decompress",
            "module.acm-clients.module.acm_operator.module.k8sop_config.module.gcloud_kubectl.null_resource.gcloud_auth_google_credentials",
            "module.acm-clients.module.acm_operator.module.k8sop_config.module.gcloud_kubectl.null_resource.gcloud_auth_service_account_key_file",
            "module.acm-clients.module.acm_operator.module.k8sop_config.module.gcloud_kubectl.null_resource.module_depends_on",
            "module.acm-clients.module.acm_operator.module.k8sop_config.module.gcloud_kubectl.null_resource.upgrade",
            "module.acm-clients.module.acm_operator.module.k8sop_config.module.gcloud_kubectl.random_id.cache",
            "module.acm-clients.module.acm_operator.module.k8sop_creds_secret.module.gcloud_kubectl.null_resource.additional_components",
            "module.acm-clients.module.acm_operator.module.k8sop_creds_secret.module.gcloud_kubectl.null_resource.gcloud_auth_google_credentials",
            "module.acm-clients.module.acm_operator.module.k8sop_creds_secret.module.gcloud_kubectl.null_resource.gcloud_auth_service_account_key_file",
            "module.acm-clients.module.acm_operator.module.k8sop_creds_secret.module.gcloud_kubectl.null_resource.run_command",
            "module.acm-clients.module.acm_operator.module.k8sop_creds_secret.module.gcloud_kubectl.null_resource.run_destroy_command",
            "module.acm-clients.module.acm_operator.module.k8sop_manifest.null_resource.additional_components",
            "module.acm-clients.module.acm_operator.module.k8sop_manifest.null_resource.gcloud_auth_google_credentials",
            "module.acm-clients.module.acm_operator.module.k8sop_manifest.null_resource.gcloud_auth_service_account_key_file",
            "module.acm-clients.module.acm_operator.module.k8sop_manifest.null_resource.run_command",
            "module.acm-clients.module.acm_operator.module.k8sop_manifest.null_resource.run_destroy_command",
            "module.client-clusters.data.google_client_config.default",
            "module.client-clusters.data.google_compute_subnetwork.gke_subnetwork",
            "module.client-clusters.data.google_compute_zones.available",
            "module.client-clusters.data.google_container_engine_versions.region",
            "module.client-clusters.data.google_container_engine_versions.zone",
            "module.client-clusters.google_compute_firewall.intra_egress",
            "module.client-clusters.google_compute_firewall.master_webhooks",
            "module.client-clusters.google_compute_firewall.shadow_allow_master",
            "module.client-clusters.google_compute_firewall.shadow_allow_nodes",
            "module.client-clusters.google_compute_firewall.shadow_allow_pods",
            "module.client-clusters.google_container_cluster.primary",
            "module.client-clusters.google_container_node_pool.pools",
            "module.client-clusters.google_project_iam_member.cluster_service_account-artifact-registry",
            "module.client-clusters.google_project_iam_member.cluster_service_account-gcr",
            "module.client-clusters.google_project_iam_member.cluster_service_account-log_writer",
            "module.client-clusters.google_project_iam_member.cluster_service_account-metric_writer",
            "module.client-clusters.google_project_iam_member.cluster_service_account-monitoring_viewer",
            "module.client-clusters.google_project_iam_member.cluster_service_account-resourceMetadata-writer",
            "module.client-clusters.google_service_account.cluster_service_account",
            "module.client-clusters.kubernetes_config_map.ip-masq-agent",
            "module.client-clusters.kubernetes_config_map.kube-dns",
            "module.client-clusters.kubernetes_config_map.kube-dns-upstream-nameservers-and-stub-domains",
            "module.client-clusters.kubernetes_config_map.kube-dns-upstream-namservers",
            "module.client-clusters.module.gcloud_delete_default_kube_dns_configmap.module.gcloud_kubectl.data.external.env_override",
            "module.client-clusters.module.gcloud_delete_default_kube_dns_configmap.module.gcloud_kubectl.null_resource.additional_components",
            "module.client-clusters.module.gcloud_delete_default_kube_dns_configmap.module.gcloud_kubectl.null_resource.additional_components_destroy",
            "module.client-clusters.module.gcloud_delete_default_kube_dns_configmap.module.gcloud_kubectl.null_resource.decompress",
            "module.client-clusters.module.gcloud_delete_default_kube_dns_configmap.module.gcloud_kubectl.null_resource.decompress_destroy",
            "module.client-clusters.module.gcloud_delete_default_kube_dns_configmap.module.gcloud_kubectl.null_resource.download_gcloud",
            "module.client-clusters.module.gcloud_delete_default_kube_dns_configmap.module.gcloud_kubectl.null_resource.download_jq",
            "module.client-clusters.module.gcloud_delete_default_kube_dns_configmap.module.gcloud_kubectl.null_resource.gcloud_auth_google_credentials",
            "module.client-clusters.module.gcloud_delete_default_kube_dns_configmap.module.gcloud_kubectl.null_resource.gcloud_auth_google_credentials_destroy",
            "module.client-clusters.module.gcloud_delete_default_kube_dns_configmap.module.gcloud_kubectl.null_resource.gcloud_auth_service_account_key_file",
            "module.client-clusters.module.gcloud_delete_default_kube_dns_configmap.module.gcloud_kubectl.null_resource.gcloud_auth_service_account_key_file_destroy",
            "module.client-clusters.module.gcloud_delete_default_kube_dns_configmap.module.gcloud_kubectl.null_resource.module_depends_on",
            "module.client-clusters.module.gcloud_delete_default_kube_dns_configmap.module.gcloud_kubectl.null_resource.prepare_cache",
            "module.client-clusters.module.gcloud_delete_default_kube_dns_configmap.module.gcloud_kubectl.null_resource.run_command",
            "module.client-clusters.module.gcloud_delete_default_kube_dns_configmap.module.gcloud_kubectl.null_resource.run_destroy_command",
            "module.client-clusters.module.gcloud_delete_default_kube_dns_configmap.module.gcloud_kubectl.null_resource.upgrade",
            "module.client-clusters.module.gcloud_delete_default_kube_dns_configmap.module.gcloud_kubectl.null_resource.upgrade_destroy",
            "module.client-clusters.module.gcloud_delete_default_kube_dns_configmap.module.gcloud_kubectl.random_id.cache",
            "module.client-clusters.random_shuffle.available_zones",
            "module.client-clusters.random_string.cluster_service_account_suffix",
            "module.project-services.google_project_service.project_services"
          ]
        }
      ]
    },
    {
      "module": "module.acm-clients[0].module.acm_operator.module.k8sop_config.module.gcloud_kubectl",
      "mode": "managed",
      "type": "null_resource",
      "name": "run_destroy_command",
      "provider": "provider[\"registry.terraform.io/hashicorp/null\"]",
      "instances": [
        {
          "index_key": 0,
          "schema_version": 0,
          "attributes": {
            "id": "1368288408243378236",
            "triggers": {
              "configmanagement": "apiVersion: configmanagement.gke.io/v1\nkind: ConfigManagement\nmetadata:\n  name: config-management\nspec:\n  # clusterName is required and must be unique among all managed clusters\n  clusterName: gke-cluster-client-0\n  policyController:\n    enabled: true\n    templateLibraryInstalled: true\n    logDeniesEnabled: false\n  git:\n    syncRepo: https://github.com/jarokaz/tff/\n    secretType: none\n    policyDir: acm-dir\n    syncBranch: main\n  \n  \n",
              "destroy_cmd_body": "gke-cluster-client-0 us-west1-a jk-mlops-dev false false kubectl delete -f - \u003c\u003cEOF\napiVersion: configmanagement.gke.io/v1\nkind: ConfigManagement\nmetadata:\n  name: config-management\nspec:\n  # clusterName is required and must be unique among all managed clusters\n  clusterName: gke-cluster-client-0\n  policyController:\n    enabled: true\n    templateLibraryInstalled: true\n    logDeniesEnabled: false\n  git:\n    syncRepo: https://github.com/jarokaz/tff/\n    secretType: none\n    policyDir: acm-dir\n    syncBranch: main\n  \n  \nEOF",
              "destroy_cmd_entrypoint": ".terraform/modules/acm-clients.acm_operator.k8sop_config/terraform-google-gcloud-2.0.3/modules/kubectl-wrapper/scripts/kubectl_wrapper.sh",
              "gcloud_bin_abs_path": "/google-cloud-sdk/bin"
            }
          },
          "sensitive_attributes": [],
          "private": "bnVsbA==",
          "dependencies": [
            "data.google_client_config.current",
            "data.google_project.project",
            "module.acm-clients.module.acm_operator.data.template_file.k8sop_config",
            "module.acm-clients.module.acm_operator.module.k8s_operator.module.gcloud_kubectl.data.external.env_override",
            "module.acm-clients.module.acm_operator.module.k8s_operator.module.gcloud_kubectl.null_resource.additional_components",
            "module.acm-clients.module.acm_operator.module.k8s_operator.module.gcloud_kubectl.null_resource.decompress",
            "module.acm-clients.module.acm_operator.module.k8s_operator.module.gcloud_kubectl.null_resource.gcloud_auth_google_credentials",
            "module.acm-clients.module.acm_operator.module.k8s_operator.module.gcloud_kubectl.null_resource.gcloud_auth_service_account_key_file",
            "module.acm-clients.module.acm_operator.module.k8s_operator.module.gcloud_kubectl.null_resource.module_depends_on",
            "module.acm-clients.module.acm_operator.module.k8s_operator.module.gcloud_kubectl.null_resource.run_command",
            "module.acm-clients.module.acm_operator.module.k8s_operator.module.gcloud_kubectl.null_resource.run_destroy_command",
            "module.acm-clients.module.acm_operator.module.k8s_operator.module.gcloud_kubectl.null_resource.upgrade",
            "module.acm-clients.module.acm_operator.module.k8s_operator.module.gcloud_kubectl.random_id.cache",
            "module.acm-clients.module.acm_operator.module.k8sop_config.module.gcloud_kubectl.data.external.env_override",
            "module.acm-clients.module.acm_operator.module.k8sop_config.module.gcloud_kubectl.null_resource.additional_components",
            "module.acm-clients.module.acm_operator.module.k8sop_config.module.gcloud_kubectl.null_resource.decompress",
            "module.acm-clients.module.acm_operator.module.k8sop_config.module.gcloud_kubectl.null_resource.gcloud_auth_google_credentials",
            "module.acm-clients.module.acm_operator.module.k8sop_config.module.gcloud_kubectl.null_resource.gcloud_auth_service_account_key_file",
            "module.acm-clients.module.acm_operator.module.k8sop_config.module.gcloud_kubectl.null_resource.module_depends_on",
            "module.acm-clients.module.acm_operator.module.k8sop_config.module.gcloud_kubectl.null_resource.upgrade",
            "module.acm-clients.module.acm_operator.module.k8sop_config.module.gcloud_kubectl.random_id.cache",
            "module.acm-clients.module.acm_operator.module.k8sop_creds_secret.module.gcloud_kubectl.null_resource.additional_components",
            "module.acm-clients.module.acm_operator.module.k8sop_creds_secret.module.gcloud_kubectl.null_resource.gcloud_auth_google_credentials",
            "module.acm-clients.module.acm_operator.module.k8sop_creds_secret.module.gcloud_kubectl.null_resource.gcloud_auth_service_account_key_file",
            "module.acm-clients.module.acm_operator.module.k8sop_creds_secret.module.gcloud_kubectl.null_resource.run_command",
            "module.acm-clients.module.acm_operator.module.k8sop_creds_secret.module.gcloud_kubectl.null_resource.run_destroy_command",
            "module.acm-clients.module.acm_operator.module.k8sop_manifest.null_resource.additional_components",
            "module.acm-clients.module.acm_operator.module.k8sop_manifest.null_resource.gcloud_auth_google_credentials",
            "module.acm-clients.module.acm_operator.module.k8sop_manifest.null_resource.gcloud_auth_service_account_key_file",
            "module.acm-clients.module.acm_operator.module.k8sop_manifest.null_resource.run_command",
            "module.acm-clients.module.acm_operator.module.k8sop_manifest.null_resource.run_destroy_command",
            "module.client-clusters.data.google_client_config.default",
            "module.client-clusters.data.google_compute_subnetwork.gke_subnetwork",
            "module.client-clusters.data.google_compute_zones.available",
            "module.client-clusters.data.google_container_engine_versions.region",
            "module.client-clusters.data.google_container_engine_versions.zone",
            "module.client-clusters.google_compute_firewall.intra_egress",
            "module.client-clusters.google_compute_firewall.master_webhooks",
            "module.client-clusters.google_compute_firewall.shadow_allow_master",
            "module.client-clusters.google_compute_firewall.shadow_allow_nodes",
            "module.client-clusters.google_compute_firewall.shadow_allow_pods",
            "module.client-clusters.google_container_cluster.primary",
            "module.client-clusters.google_container_node_pool.pools",
            "module.client-clusters.google_project_iam_member.cluster_service_account-artifact-registry",
            "module.client-clusters.google_project_iam_member.cluster_service_account-gcr",
            "module.client-clusters.google_project_iam_member.cluster_service_account-log_writer",
            "module.client-clusters.google_project_iam_member.cluster_service_account-metric_writer",
            "module.client-clusters.google_project_iam_member.cluster_service_account-monitoring_viewer",
            "module.client-clusters.google_project_iam_member.cluster_service_account-resourceMetadata-writer",
            "module.client-clusters.google_service_account.cluster_service_account",
            "module.client-clusters.kubernetes_config_map.ip-masq-agent",
            "module.client-clusters.kubernetes_config_map.kube-dns",
            "module.client-clusters.kubernetes_config_map.kube-dns-upstream-nameservers-and-stub-domains",
            "module.client-clusters.kubernetes_config_map.kube-dns-upstream-namservers",
            "module.client-clusters.module.gcloud_delete_default_kube_dns_configmap.module.gcloud_kubectl.data.external.env_override",
            "module.client-clusters.module.gcloud_delete_default_kube_dns_configmap.module.gcloud_kubectl.null_resource.additional_components",
            "module.client-clusters.module.gcloud_delete_default_kube_dns_configmap.module.gcloud_kubectl.null_resource.additional_components_destroy",
            "module.client-clusters.module.gcloud_delete_default_kube_dns_configmap.module.gcloud_kubectl.null_resource.decompress",
            "module.client-clusters.module.gcloud_delete_default_kube_dns_configmap.module.gcloud_kubectl.null_resource.decompress_destroy",
            "module.client-clusters.module.gcloud_delete_default_kube_dns_configmap.module.gcloud_kubectl.null_resource.download_gcloud",
            "module.client-clusters.module.gcloud_delete_default_kube_dns_configmap.module.gcloud_kubectl.null_resource.download_jq",
            "module.client-clusters.module.gcloud_delete_default_kube_dns_configmap.module.gcloud_kubectl.null_resource.gcloud_auth_google_credentials",
            "module.client-clusters.module.gcloud_delete_default_kube_dns_configmap.module.gcloud_kubectl.null_resource.gcloud_auth_google_credentials_destroy",
            "module.client-clusters.module.gcloud_delete_default_kube_dns_configmap.module.gcloud_kubectl.null_resource.gcloud_auth_service_account_key_file",
            "module.client-clusters.module.gcloud_delete_default_kube_dns_configmap.module.gcloud_kubectl.null_resource.gcloud_auth_service_account_key_file_destroy",
            "module.client-clusters.module.gcloud_delete_default_kube_dns_configmap.module.gcloud_kubectl.null_resource.module_depends_on",
            "module.client-clusters.module.gcloud_delete_default_kube_dns_configmap.module.gcloud_kubectl.null_resource.prepare_cache",
            "module.client-clusters.module.gcloud_delete_default_kube_dns_configmap.module.gcloud_kubectl.null_resource.run_command",
            "module.client-clusters.module.gcloud_delete_default_kube_dns_configmap.module.gcloud_kubectl.null_resource.run_destroy_command",
            "module.client-clusters.module.gcloud_delete_default_kube_dns_configmap.module.gcloud_kubectl.null_resource.upgrade",
            "module.client-clusters.module.gcloud_delete_default_kube_dns_configmap.module.gcloud_kubectl.null_resource.upgrade_destroy",
            "module.client-clusters.module.gcloud_delete_default_kube_dns_configmap.module.gcloud_kubectl.random_id.cache",
            "module.client-clusters.random_shuffle.available_zones",
            "module.client-clusters.random_string.cluster_service_account_suffix",
            "module.project-services.google_project_service.project_services"
          ]
        }
      ]
    },
    {
      "module": "module.acm-clients[0].module.acm_operator.module.k8sop_creds_secret.module.gcloud_kubectl",
      "mode": "managed",
      "type": "null_resource",
      "name": "module_depends_on",
      "provider": "provider[\"registry.terraform.io/hashicorp/null\"]",
      "instances": [
        {
          "index_key": 0,
          "schema_version": 0,
          "attributes": {
            "id": "5974307238083576881",
            "triggers": {
              "value": "1"
            }
          },
          "sensitive_attributes": [],
          "private": "bnVsbA==",
          "dependencies": [
            "data.google_client_config.current",
            "data.google_project.project",
            "module.acm-clients.module.acm_operator.module.k8s_operator.module.gcloud_kubectl.data.external.env_override",
            "module.acm-clients.module.acm_operator.module.k8s_operator.module.gcloud_kubectl.null_resource.additional_components",
            "module.acm-clients.module.acm_operator.module.k8s_operator.module.gcloud_kubectl.null_resource.decompress",
            "module.acm-clients.module.acm_operator.module.k8s_operator.module.gcloud_kubectl.null_resource.gcloud_auth_google_credentials",
            "module.acm-clients.module.acm_operator.module.k8s_operator.module.gcloud_kubectl.null_resource.gcloud_auth_service_account_key_file",
            "module.acm-clients.module.acm_operator.module.k8s_operator.module.gcloud_kubectl.null_resource.module_depends_on",
            "module.acm-clients.module.acm_operator.module.k8s_operator.module.gcloud_kubectl.null_resource.run_command",
            "module.acm-clients.module.acm_operator.module.k8s_operator.module.gcloud_kubectl.null_resource.run_destroy_command",
            "module.acm-clients.module.acm_operator.module.k8s_operator.module.gcloud_kubectl.null_resource.upgrade",
            "module.acm-clients.module.acm_operator.module.k8s_operator.module.gcloud_kubectl.random_id.cache",
            "module.acm-clients.module.acm_operator.module.k8sop_manifest.null_resource.additional_components",
            "module.acm-clients.module.acm_operator.module.k8sop_manifest.null_resource.gcloud_auth_google_credentials",
            "module.acm-clients.module.acm_operator.module.k8sop_manifest.null_resource.gcloud_auth_service_account_key_file",
            "module.acm-clients.module.acm_operator.module.k8sop_manifest.null_resource.run_command",
            "module.acm-clients.module.acm_operator.module.k8sop_manifest.null_resource.run_destroy_command",
            "module.client-clusters.data.google_client_config.default",
            "module.client-clusters.data.google_compute_subnetwork.gke_subnetwork",
            "module.client-clusters.data.google_compute_zones.available",
            "module.client-clusters.data.google_container_engine_versions.region",
            "module.client-clusters.data.google_container_engine_versions.zone",
            "module.client-clusters.google_compute_firewall.intra_egress",
            "module.client-clusters.google_compute_firewall.master_webhooks",
            "module.client-clusters.google_compute_firewall.shadow_allow_master",
            "module.client-clusters.google_compute_firewall.shadow_allow_nodes",
            "module.client-clusters.google_compute_firewall.shadow_allow_pods",
            "module.client-clusters.google_container_cluster.primary",
            "module.client-clusters.google_container_node_pool.pools",
            "module.client-clusters.google_project_iam_member.cluster_service_account-artifact-registry",
            "module.client-clusters.google_project_iam_member.cluster_service_account-gcr",
            "module.client-clusters.google_project_iam_member.cluster_service_account-log_writer",
            "module.client-clusters.google_project_iam_member.cluster_service_account-metric_writer",
            "module.client-clusters.google_project_iam_member.cluster_service_account-monitoring_viewer",
            "module.client-clusters.google_project_iam_member.cluster_service_account-resourceMetadata-writer",
            "module.client-clusters.google_service_account.cluster_service_account",
            "module.client-clusters.kubernetes_config_map.ip-masq-agent",
            "module.client-clusters.kubernetes_config_map.kube-dns",
            "module.client-clusters.kubernetes_config_map.kube-dns-upstream-nameservers-and-stub-domains",
            "module.client-clusters.kubernetes_config_map.kube-dns-upstream-namservers",
            "module.client-clusters.module.gcloud_delete_default_kube_dns_configmap.module.gcloud_kubectl.data.external.env_override",
            "module.client-clusters.module.gcloud_delete_default_kube_dns_configmap.module.gcloud_kubectl.null_resource.additional_components",
            "module.client-clusters.module.gcloud_delete_default_kube_dns_configmap.module.gcloud_kubectl.null_resource.additional_components_destroy",
            "module.client-clusters.module.gcloud_delete_default_kube_dns_configmap.module.gcloud_kubectl.null_resource.decompress",
            "module.client-clusters.module.gcloud_delete_default_kube_dns_configmap.module.gcloud_kubectl.null_resource.decompress_destroy",
            "module.client-clusters.module.gcloud_delete_default_kube_dns_configmap.module.gcloud_kubectl.null_resource.download_gcloud",
            "module.client-clusters.module.gcloud_delete_default_kube_dns_configmap.module.gcloud_kubectl.null_resource.download_jq",
            "module.client-clusters.module.gcloud_delete_default_kube_dns_configmap.module.gcloud_kubectl.null_resource.gcloud_auth_google_credentials",
            "module.client-clusters.module.gcloud_delete_default_kube_dns_configmap.module.gcloud_kubectl.null_resource.gcloud_auth_google_credentials_destroy",
            "module.client-clusters.module.gcloud_delete_default_kube_dns_configmap.module.gcloud_kubectl.null_resource.gcloud_auth_service_account_key_file",
            "module.client-clusters.module.gcloud_delete_default_kube_dns_configmap.module.gcloud_kubectl.null_resource.gcloud_auth_service_account_key_file_destroy",
            "module.client-clusters.module.gcloud_delete_default_kube_dns_configmap.module.gcloud_kubectl.null_resource.module_depends_on",
            "module.client-clusters.module.gcloud_delete_default_kube_dns_configmap.module.gcloud_kubectl.null_resource.prepare_cache",
            "module.client-clusters.module.gcloud_delete_default_kube_dns_configmap.module.gcloud_kubectl.null_resource.run_command",
            "module.client-clusters.module.gcloud_delete_default_kube_dns_configmap.module.gcloud_kubectl.null_resource.run_destroy_command",
            "module.client-clusters.module.gcloud_delete_default_kube_dns_configmap.module.gcloud_kubectl.null_resource.upgrade",
            "module.client-clusters.module.gcloud_delete_default_kube_dns_configmap.module.gcloud_kubectl.null_resource.upgrade_destroy",
            "module.client-clusters.module.gcloud_delete_default_kube_dns_configmap.module.gcloud_kubectl.random_id.cache",
            "module.client-clusters.random_shuffle.available_zones",
            "module.client-clusters.random_string.cluster_service_account_suffix",
            "module.project-services.google_project_service.project_services"
          ]
        }
      ]
    },
    {
      "module": "module.acm-clients[0].module.acm_operator.module.wait_for_gatekeeper.module.gcloud_kubectl",
      "mode": "data",
      "type": "external",
      "name": "env_override",
      "provider": "provider[\"registry.terraform.io/hashicorp/external\"]",
      "instances": [
        {
          "index_key": 0,
          "schema_version": 0,
          "attributes": {
            "id": "-",
            "program": [
              ".terraform/modules/acm-clients.acm_operator.wait_for_gatekeeper/terraform-google-gcloud-2.0.3/scripts/check_env.sh"
            ],
            "query": null,
            "result": {
              "download": ""
            },
            "working_dir": null
          },
          "sensitive_attributes": []
        }
      ]
    },
    {
      "module": "module.acm-clients[0].module.acm_operator.module.wait_for_gatekeeper.module.gcloud_kubectl",
      "mode": "managed",
      "type": "null_resource",
      "name": "additional_components",
      "provider": "provider[\"registry.terraform.io/hashicorp/null\"]",
      "instances": [
        {
          "index_key": 0,
          "schema_version": 0,
          "attributes": {
            "id": "8013632872563077037",
            "triggers": {
              "additional_components_command": ".terraform/modules/acm-clients.acm_operator.wait_for_gatekeeper/terraform-google-gcloud-2.0.3/scripts/check_components.sh gcloud kubectl",
              "arguments": "c9d148ad908c3feb9d21157b294174d6",
              "md5": "f7bf1e982384a57b30dd825d33b979ca",
              "script_sha1": "e1780a62dcd319cb88616007c9c22324f63a6375"
            }
          },
          "sensitive_attributes": [],
          "private": "bnVsbA==",
          "dependencies": [
            "data.google_client_config.current",
            "data.google_project.project",
            "module.acm-clients.module.acm_operator.module.wait_for_gatekeeper.module.gcloud_kubectl.data.external.env_override",
            "module.acm-clients.module.acm_operator.module.wait_for_gatekeeper.module.gcloud_kubectl.null_resource.upgrade",
            "module.acm-clients.module.acm_operator.module.wait_for_gatekeeper.module.gcloud_kubectl.random_id.cache",
            "module.client-clusters.data.google_client_config.default",
            "module.client-clusters.data.google_compute_subnetwork.gke_subnetwork",
            "module.client-clusters.data.google_compute_zones.available",
            "module.client-clusters.data.google_container_engine_versions.region",
            "module.client-clusters.data.google_container_engine_versions.zone",
            "module.client-clusters.google_compute_firewall.intra_egress",
            "module.client-clusters.google_compute_firewall.master_webhooks",
            "module.client-clusters.google_compute_firewall.shadow_allow_master",
            "module.client-clusters.google_compute_firewall.shadow_allow_nodes",
            "module.client-clusters.google_compute_firewall.shadow_allow_pods",
            "module.client-clusters.google_container_cluster.primary",
            "module.client-clusters.google_container_node_pool.pools",
            "module.client-clusters.google_project_iam_member.cluster_service_account-artifact-registry",
            "module.client-clusters.google_project_iam_member.cluster_service_account-gcr",
            "module.client-clusters.google_project_iam_member.cluster_service_account-log_writer",
            "module.client-clusters.google_project_iam_member.cluster_service_account-metric_writer",
            "module.client-clusters.google_project_iam_member.cluster_service_account-monitoring_viewer",
            "module.client-clusters.google_project_iam_member.cluster_service_account-resourceMetadata-writer",
            "module.client-clusters.google_service_account.cluster_service_account",
            "module.client-clusters.kubernetes_config_map.ip-masq-agent",
            "module.client-clusters.kubernetes_config_map.kube-dns",
            "module.client-clusters.kubernetes_config_map.kube-dns-upstream-nameservers-and-stub-domains",
            "module.client-clusters.kubernetes_config_map.kube-dns-upstream-namservers",
            "module.client-clusters.module.gcloud_delete_default_kube_dns_configmap.module.gcloud_kubectl.data.external.env_override",
            "module.client-clusters.module.gcloud_delete_default_kube_dns_configmap.module.gcloud_kubectl.null_resource.additional_components",
            "module.client-clusters.module.gcloud_delete_default_kube_dns_configmap.module.gcloud_kubectl.null_resource.additional_components_destroy",
            "module.client-clusters.module.gcloud_delete_default_kube_dns_configmap.module.gcloud_kubectl.null_resource.decompress",
            "module.client-clusters.module.gcloud_delete_default_kube_dns_configmap.module.gcloud_kubectl.null_resource.decompress_destroy",
            "module.client-clusters.module.gcloud_delete_default_kube_dns_configmap.module.gcloud_kubectl.null_resource.download_gcloud",
            "module.client-clusters.module.gcloud_delete_default_kube_dns_configmap.module.gcloud_kubectl.null_resource.download_jq",
            "module.client-clusters.module.gcloud_delete_default_kube_dns_configmap.module.gcloud_kubectl.null_resource.gcloud_auth_google_credentials",
            "module.client-clusters.module.gcloud_delete_default_kube_dns_configmap.module.gcloud_kubectl.null_resource.gcloud_auth_google_credentials_destroy",
            "module.client-clusters.module.gcloud_delete_default_kube_dns_configmap.module.gcloud_kubectl.null_resource.gcloud_auth_service_account_key_file",
            "module.client-clusters.module.gcloud_delete_default_kube_dns_configmap.module.gcloud_kubectl.null_resource.gcloud_auth_service_account_key_file_destroy",
            "module.client-clusters.module.gcloud_delete_default_kube_dns_configmap.module.gcloud_kubectl.null_resource.module_depends_on",
            "module.client-clusters.module.gcloud_delete_default_kube_dns_configmap.module.gcloud_kubectl.null_resource.prepare_cache",
            "module.client-clusters.module.gcloud_delete_default_kube_dns_configmap.module.gcloud_kubectl.null_resource.run_command",
            "module.client-clusters.module.gcloud_delete_default_kube_dns_configmap.module.gcloud_kubectl.null_resource.run_destroy_command",
            "module.client-clusters.module.gcloud_delete_default_kube_dns_configmap.module.gcloud_kubectl.null_resource.upgrade",
            "module.client-clusters.module.gcloud_delete_default_kube_dns_configmap.module.gcloud_kubectl.null_resource.upgrade_destroy",
            "module.client-clusters.module.gcloud_delete_default_kube_dns_configmap.module.gcloud_kubectl.random_id.cache",
            "module.client-clusters.random_shuffle.available_zones",
            "module.client-clusters.random_string.cluster_service_account_suffix",
            "module.project-services.google_project_service.project_services"
          ]
        }
      ]
    },
    {
      "module": "module.acm-clients[0].module.acm_operator.module.wait_for_gatekeeper.module.gcloud_kubectl",
      "mode": "managed",
      "type": "null_resource",
      "name": "additional_components_destroy",
      "provider": "provider[\"registry.terraform.io/hashicorp/null\"]",
      "instances": [
        {
          "index_key": 0,
          "schema_version": 0,
          "attributes": {
            "id": "4814834382072480385",
            "triggers": {
              "additional_components_command": ".terraform/modules/acm-clients.acm_operator.wait_for_gatekeeper/terraform-google-gcloud-2.0.3/scripts/check_components.sh gcloud kubectl"
            }
          },
          "sensitive_attributes": [],
          "private": "bnVsbA==",
          "dependencies": [
            "data.google_client_config.current",
            "data.google_project.project",
            "module.acm-clients.module.acm_operator.data.template_file.k8sop_config",
            "module.acm-clients.module.acm_operator.module.k8s_operator.module.gcloud_kubectl.data.external.env_override",
            "module.acm-clients.module.acm_operator.module.k8s_operator.module.gcloud_kubectl.null_resource.additional_components",
            "module.acm-clients.module.acm_operator.module.k8s_operator.module.gcloud_kubectl.null_resource.decompress",
            "module.acm-clients.module.acm_operator.module.k8s_operator.module.gcloud_kubectl.null_resource.gcloud_auth_google_credentials",
            "module.acm-clients.module.acm_operator.module.k8s_operator.module.gcloud_kubectl.null_resource.gcloud_auth_service_account_key_file",
            "module.acm-clients.module.acm_operator.module.k8s_operator.module.gcloud_kubectl.null_resource.module_depends_on",
            "module.acm-clients.module.acm_operator.module.k8s_operator.module.gcloud_kubectl.null_resource.run_command",
            "module.acm-clients.module.acm_operator.module.k8s_operator.module.gcloud_kubectl.null_resource.run_destroy_command",
            "module.acm-clients.module.acm_operator.module.k8s_operator.module.gcloud_kubectl.null_resource.upgrade",
            "module.acm-clients.module.acm_operator.module.k8s_operator.module.gcloud_kubectl.random_id.cache",
            "module.acm-clients.module.acm_operator.module.k8sop_config.module.gcloud_kubectl.data.external.env_override",
            "module.acm-clients.module.acm_operator.module.k8sop_config.module.gcloud_kubectl.null_resource.additional_components",
            "module.acm-clients.module.acm_operator.module.k8sop_config.module.gcloud_kubectl.null_resource.decompress",
            "module.acm-clients.module.acm_operator.module.k8sop_config.module.gcloud_kubectl.null_resource.gcloud_auth_google_credentials",
            "module.acm-clients.module.acm_operator.module.k8sop_config.module.gcloud_kubectl.null_resource.gcloud_auth_service_account_key_file",
            "module.acm-clients.module.acm_operator.module.k8sop_config.module.gcloud_kubectl.null_resource.module_depends_on",
            "module.acm-clients.module.acm_operator.module.k8sop_config.module.gcloud_kubectl.null_resource.run_command",
            "module.acm-clients.module.acm_operator.module.k8sop_config.module.gcloud_kubectl.null_resource.run_destroy_command",
            "module.acm-clients.module.acm_operator.module.k8sop_config.module.gcloud_kubectl.null_resource.upgrade",
            "module.acm-clients.module.acm_operator.module.k8sop_config.module.gcloud_kubectl.random_id.cache",
            "module.acm-clients.module.acm_operator.module.k8sop_creds_secret.module.gcloud_kubectl.null_resource.additional_components",
            "module.acm-clients.module.acm_operator.module.k8sop_creds_secret.module.gcloud_kubectl.null_resource.gcloud_auth_google_credentials",
            "module.acm-clients.module.acm_operator.module.k8sop_creds_secret.module.gcloud_kubectl.null_resource.gcloud_auth_service_account_key_file",
            "module.acm-clients.module.acm_operator.module.k8sop_creds_secret.module.gcloud_kubectl.null_resource.run_command",
            "module.acm-clients.module.acm_operator.module.k8sop_creds_secret.module.gcloud_kubectl.null_resource.run_destroy_command",
            "module.acm-clients.module.acm_operator.module.k8sop_manifest.null_resource.additional_components",
            "module.acm-clients.module.acm_operator.module.k8sop_manifest.null_resource.gcloud_auth_google_credentials",
            "module.acm-clients.module.acm_operator.module.k8sop_manifest.null_resource.gcloud_auth_service_account_key_file",
            "module.acm-clients.module.acm_operator.module.k8sop_manifest.null_resource.run_command",
            "module.acm-clients.module.acm_operator.module.k8sop_manifest.null_resource.run_destroy_command",
            "module.acm-clients.module.acm_operator.module.wait_for_gatekeeper.module.gcloud_kubectl.data.external.env_override",
            "module.acm-clients.module.acm_operator.module.wait_for_gatekeeper.module.gcloud_kubectl.null_resource.additional_components",
            "module.acm-clients.module.acm_operator.module.wait_for_gatekeeper.module.gcloud_kubectl.null_resource.decompress",
            "module.acm-clients.module.acm_operator.module.wait_for_gatekeeper.module.gcloud_kubectl.null_resource.gcloud_auth_google_credentials",
            "module.acm-clients.module.acm_operator.module.wait_for_gatekeeper.module.gcloud_kubectl.null_resource.gcloud_auth_service_account_key_file",
            "module.acm-clients.module.acm_operator.module.wait_for_gatekeeper.module.gcloud_kubectl.null_resource.module_depends_on",
            "module.acm-clients.module.acm_operator.module.wait_for_gatekeeper.module.gcloud_kubectl.null_resource.run_destroy_command",
            "module.acm-clients.module.acm_operator.module.wait_for_gatekeeper.module.gcloud_kubectl.null_resource.upgrade",
            "module.acm-clients.module.acm_operator.module.wait_for_gatekeeper.module.gcloud_kubectl.random_id.cache",
            "module.client-clusters.data.google_client_config.default",
            "module.client-clusters.data.google_compute_subnetwork.gke_subnetwork",
            "module.client-clusters.data.google_compute_zones.available",
            "module.client-clusters.data.google_container_engine_versions.region",
            "module.client-clusters.data.google_container_engine_versions.zone",
            "module.client-clusters.google_compute_firewall.intra_egress",
            "module.client-clusters.google_compute_firewall.master_webhooks",
            "module.client-clusters.google_compute_firewall.shadow_allow_master",
            "module.client-clusters.google_compute_firewall.shadow_allow_nodes",
            "module.client-clusters.google_compute_firewall.shadow_allow_pods",
            "module.client-clusters.google_container_cluster.primary",
            "module.client-clusters.google_container_node_pool.pools",
            "module.client-clusters.google_project_iam_member.cluster_service_account-artifact-registry",
            "module.client-clusters.google_project_iam_member.cluster_service_account-gcr",
            "module.client-clusters.google_project_iam_member.cluster_service_account-log_writer",
            "module.client-clusters.google_project_iam_member.cluster_service_account-metric_writer",
            "module.client-clusters.google_project_iam_member.cluster_service_account-monitoring_viewer",
            "module.client-clusters.google_project_iam_member.cluster_service_account-resourceMetadata-writer",
            "module.client-clusters.google_service_account.cluster_service_account",
            "module.client-clusters.kubernetes_config_map.ip-masq-agent",
            "module.client-clusters.kubernetes_config_map.kube-dns",
            "module.client-clusters.kubernetes_config_map.kube-dns-upstream-nameservers-and-stub-domains",
            "module.client-clusters.kubernetes_config_map.kube-dns-upstream-namservers",
            "module.client-clusters.module.gcloud_delete_default_kube_dns_configmap.module.gcloud_kubectl.data.external.env_override",
            "module.client-clusters.module.gcloud_delete_default_kube_dns_configmap.module.gcloud_kubectl.null_resource.additional_components",
            "module.client-clusters.module.gcloud_delete_default_kube_dns_configmap.module.gcloud_kubectl.null_resource.additional_components_destroy",
            "module.client-clusters.module.gcloud_delete_default_kube_dns_configmap.module.gcloud_kubectl.null_resource.decompress",
            "module.client-clusters.module.gcloud_delete_default_kube_dns_configmap.module.gcloud_kubectl.null_resource.decompress_destroy",
            "module.client-clusters.module.gcloud_delete_default_kube_dns_configmap.module.gcloud_kubectl.null_resource.download_gcloud",
            "module.client-clusters.module.gcloud_delete_default_kube_dns_configmap.module.gcloud_kubectl.null_resource.download_jq",
            "module.client-clusters.module.gcloud_delete_default_kube_dns_configmap.module.gcloud_kubectl.null_resource.gcloud_auth_google_credentials",
            "module.client-clusters.module.gcloud_delete_default_kube_dns_configmap.module.gcloud_kubectl.null_resource.gcloud_auth_google_credentials_destroy",
            "module.client-clusters.module.gcloud_delete_default_kube_dns_configmap.module.gcloud_kubectl.null_resource.gcloud_auth_service_account_key_file",
            "module.client-clusters.module.gcloud_delete_default_kube_dns_configmap.module.gcloud_kubectl.null_resource.gcloud_auth_service_account_key_file_destroy",
            "module.client-clusters.module.gcloud_delete_default_kube_dns_configmap.module.gcloud_kubectl.null_resource.module_depends_on",
            "module.client-clusters.module.gcloud_delete_default_kube_dns_configmap.module.gcloud_kubectl.null_resource.prepare_cache",
            "module.client-clusters.module.gcloud_delete_default_kube_dns_configmap.module.gcloud_kubectl.null_resource.run_command",
            "module.client-clusters.module.gcloud_delete_default_kube_dns_configmap.module.gcloud_kubectl.null_resource.run_destroy_command",
            "module.client-clusters.module.gcloud_delete_default_kube_dns_configmap.module.gcloud_kubectl.null_resource.upgrade",
            "module.client-clusters.module.gcloud_delete_default_kube_dns_configmap.module.gcloud_kubectl.null_resource.upgrade_destroy",
            "module.client-clusters.module.gcloud_delete_default_kube_dns_configmap.module.gcloud_kubectl.random_id.cache",
            "module.client-clusters.random_shuffle.available_zones",
            "module.client-clusters.random_string.cluster_service_account_suffix",
            "module.project-services.google_project_service.project_services"
          ]
        }
      ]
    },
    {
      "module": "module.acm-clients[0].module.acm_operator.module.wait_for_gatekeeper.module.gcloud_kubectl",
      "mode": "managed",
      "type": "null_resource",
      "name": "module_depends_on",
      "provider": "provider[\"registry.terraform.io/hashicorp/null\"]",
      "instances": [
        {
          "index_key": 0,
          "schema_version": 0,
          "attributes": {
            "id": "7249568637130952811",
            "triggers": {
              "value": "1"
            }
          },
          "sensitive_attributes": [],
          "private": "bnVsbA==",
          "dependencies": [
            "data.google_client_config.current",
            "data.google_project.project",
            "module.acm-clients.module.acm_operator.data.template_file.k8sop_config",
            "module.acm-clients.module.acm_operator.module.k8s_operator.module.gcloud_kubectl.data.external.env_override",
            "module.acm-clients.module.acm_operator.module.k8s_operator.module.gcloud_kubectl.null_resource.additional_components",
            "module.acm-clients.module.acm_operator.module.k8s_operator.module.gcloud_kubectl.null_resource.decompress",
            "module.acm-clients.module.acm_operator.module.k8s_operator.module.gcloud_kubectl.null_resource.gcloud_auth_google_credentials",
            "module.acm-clients.module.acm_operator.module.k8s_operator.module.gcloud_kubectl.null_resource.gcloud_auth_service_account_key_file",
            "module.acm-clients.module.acm_operator.module.k8s_operator.module.gcloud_kubectl.null_resource.module_depends_on",
            "module.acm-clients.module.acm_operator.module.k8s_operator.module.gcloud_kubectl.null_resource.run_command",
            "module.acm-clients.module.acm_operator.module.k8s_operator.module.gcloud_kubectl.null_resource.run_destroy_command",
            "module.acm-clients.module.acm_operator.module.k8s_operator.module.gcloud_kubectl.null_resource.upgrade",
            "module.acm-clients.module.acm_operator.module.k8s_operator.module.gcloud_kubectl.random_id.cache",
            "module.acm-clients.module.acm_operator.module.k8sop_config.module.gcloud_kubectl.data.external.env_override",
            "module.acm-clients.module.acm_operator.module.k8sop_config.module.gcloud_kubectl.null_resource.additional_components",
            "module.acm-clients.module.acm_operator.module.k8sop_config.module.gcloud_kubectl.null_resource.decompress",
            "module.acm-clients.module.acm_operator.module.k8sop_config.module.gcloud_kubectl.null_resource.gcloud_auth_google_credentials",
            "module.acm-clients.module.acm_operator.module.k8sop_config.module.gcloud_kubectl.null_resource.gcloud_auth_service_account_key_file",
            "module.acm-clients.module.acm_operator.module.k8sop_config.module.gcloud_kubectl.null_resource.module_depends_on",
            "module.acm-clients.module.acm_operator.module.k8sop_config.module.gcloud_kubectl.null_resource.run_command",
            "module.acm-clients.module.acm_operator.module.k8sop_config.module.gcloud_kubectl.null_resource.run_destroy_command",
            "module.acm-clients.module.acm_operator.module.k8sop_config.module.gcloud_kubectl.null_resource.upgrade",
            "module.acm-clients.module.acm_operator.module.k8sop_config.module.gcloud_kubectl.random_id.cache",
            "module.acm-clients.module.acm_operator.module.k8sop_creds_secret.module.gcloud_kubectl.null_resource.additional_components",
            "module.acm-clients.module.acm_operator.module.k8sop_creds_secret.module.gcloud_kubectl.null_resource.gcloud_auth_google_credentials",
            "module.acm-clients.module.acm_operator.module.k8sop_creds_secret.module.gcloud_kubectl.null_resource.gcloud_auth_service_account_key_file",
            "module.acm-clients.module.acm_operator.module.k8sop_creds_secret.module.gcloud_kubectl.null_resource.run_command",
            "module.acm-clients.module.acm_operator.module.k8sop_creds_secret.module.gcloud_kubectl.null_resource.run_destroy_command",
            "module.acm-clients.module.acm_operator.module.k8sop_manifest.null_resource.additional_components",
            "module.acm-clients.module.acm_operator.module.k8sop_manifest.null_resource.gcloud_auth_google_credentials",
            "module.acm-clients.module.acm_operator.module.k8sop_manifest.null_resource.gcloud_auth_service_account_key_file",
            "module.acm-clients.module.acm_operator.module.k8sop_manifest.null_resource.run_command",
            "module.acm-clients.module.acm_operator.module.k8sop_manifest.null_resource.run_destroy_command",
            "module.client-clusters.data.google_client_config.default",
            "module.client-clusters.data.google_compute_subnetwork.gke_subnetwork",
            "module.client-clusters.data.google_compute_zones.available",
            "module.client-clusters.data.google_container_engine_versions.region",
            "module.client-clusters.data.google_container_engine_versions.zone",
            "module.client-clusters.google_compute_firewall.intra_egress",
            "module.client-clusters.google_compute_firewall.master_webhooks",
            "module.client-clusters.google_compute_firewall.shadow_allow_master",
            "module.client-clusters.google_compute_firewall.shadow_allow_nodes",
            "module.client-clusters.google_compute_firewall.shadow_allow_pods",
            "module.client-clusters.google_container_cluster.primary",
            "module.client-clusters.google_container_node_pool.pools",
            "module.client-clusters.google_project_iam_member.cluster_service_account-artifact-registry",
            "module.client-clusters.google_project_iam_member.cluster_service_account-gcr",
            "module.client-clusters.google_project_iam_member.cluster_service_account-log_writer",
            "module.client-clusters.google_project_iam_member.cluster_service_account-metric_writer",
            "module.client-clusters.google_project_iam_member.cluster_service_account-monitoring_viewer",
            "module.client-clusters.google_project_iam_member.cluster_service_account-resourceMetadata-writer",
            "module.client-clusters.google_service_account.cluster_service_account",
            "module.client-clusters.kubernetes_config_map.ip-masq-agent",
            "module.client-clusters.kubernetes_config_map.kube-dns",
            "module.client-clusters.kubernetes_config_map.kube-dns-upstream-nameservers-and-stub-domains",
            "module.client-clusters.kubernetes_config_map.kube-dns-upstream-namservers",
            "module.client-clusters.module.gcloud_delete_default_kube_dns_configmap.module.gcloud_kubectl.data.external.env_override",
            "module.client-clusters.module.gcloud_delete_default_kube_dns_configmap.module.gcloud_kubectl.null_resource.additional_components",
            "module.client-clusters.module.gcloud_delete_default_kube_dns_configmap.module.gcloud_kubectl.null_resource.additional_components_destroy",
            "module.client-clusters.module.gcloud_delete_default_kube_dns_configmap.module.gcloud_kubectl.null_resource.decompress",
            "module.client-clusters.module.gcloud_delete_default_kube_dns_configmap.module.gcloud_kubectl.null_resource.decompress_destroy",
            "module.client-clusters.module.gcloud_delete_default_kube_dns_configmap.module.gcloud_kubectl.null_resource.download_gcloud",
            "module.client-clusters.module.gcloud_delete_default_kube_dns_configmap.module.gcloud_kubectl.null_resource.download_jq",
            "module.client-clusters.module.gcloud_delete_default_kube_dns_configmap.module.gcloud_kubectl.null_resource.gcloud_auth_google_credentials",
            "module.client-clusters.module.gcloud_delete_default_kube_dns_configmap.module.gcloud_kubectl.null_resource.gcloud_auth_google_credentials_destroy",
            "module.client-clusters.module.gcloud_delete_default_kube_dns_configmap.module.gcloud_kubectl.null_resource.gcloud_auth_service_account_key_file",
            "module.client-clusters.module.gcloud_delete_default_kube_dns_configmap.module.gcloud_kubectl.null_resource.gcloud_auth_service_account_key_file_destroy",
            "module.client-clusters.module.gcloud_delete_default_kube_dns_configmap.module.gcloud_kubectl.null_resource.module_depends_on",
            "module.client-clusters.module.gcloud_delete_default_kube_dns_configmap.module.gcloud_kubectl.null_resource.prepare_cache",
            "module.client-clusters.module.gcloud_delete_default_kube_dns_configmap.module.gcloud_kubectl.null_resource.run_command",
            "module.client-clusters.module.gcloud_delete_default_kube_dns_configmap.module.gcloud_kubectl.null_resource.run_destroy_command",
            "module.client-clusters.module.gcloud_delete_default_kube_dns_configmap.module.gcloud_kubectl.null_resource.upgrade",
            "module.client-clusters.module.gcloud_delete_default_kube_dns_configmap.module.gcloud_kubectl.null_resource.upgrade_destroy",
            "module.client-clusters.module.gcloud_delete_default_kube_dns_configmap.module.gcloud_kubectl.random_id.cache",
            "module.client-clusters.random_shuffle.available_zones",
            "module.client-clusters.random_string.cluster_service_account_suffix",
            "module.project-services.google_project_service.project_services"
          ]
        }
      ]
    },
    {
      "module": "module.acm-clients[0].module.acm_operator.module.wait_for_gatekeeper.module.gcloud_kubectl",
      "mode": "managed",
      "type": "null_resource",
      "name": "run_command",
      "provider": "provider[\"registry.terraform.io/hashicorp/null\"]",
      "instances": [
        {
          "index_key": 0,
          "schema_version": 0,
          "attributes": {
            "id": "6932770633149332074",
            "triggers": {
              "arguments": "c9d148ad908c3feb9d21157b294174d6",
              "create_cmd_body": "gke-cluster-client-0 us-west1-a jk-mlops-dev false false .terraform/modules/acm-clients/modules/k8s-operator-crd-support/scripts/wait_for_gatekeeper.sh jk-mlops-dev gke-cluster-client-0 us-west1-a ",
              "create_cmd_entrypoint": ".terraform/modules/acm-clients.acm_operator.wait_for_gatekeeper/terraform-google-gcloud-2.0.3/modules/kubectl-wrapper/scripts/kubectl_wrapper.sh",
              "gcloud_bin_abs_path": "/google-cloud-sdk/bin",
              "md5": "f7bf1e982384a57b30dd825d33b979ca",
              "script_sha1": "e1780a62dcd319cb88616007c9c22324f63a6375"
            }
          },
          "sensitive_attributes": [],
          "private": "bnVsbA==",
          "dependencies": [
            "data.google_client_config.current",
            "data.google_project.project",
            "module.acm-clients.module.acm_operator.data.template_file.k8sop_config",
            "module.acm-clients.module.acm_operator.module.k8s_operator.module.gcloud_kubectl.data.external.env_override",
            "module.acm-clients.module.acm_operator.module.k8s_operator.module.gcloud_kubectl.null_resource.additional_components",
            "module.acm-clients.module.acm_operator.module.k8s_operator.module.gcloud_kubectl.null_resource.decompress",
            "module.acm-clients.module.acm_operator.module.k8s_operator.module.gcloud_kubectl.null_resource.gcloud_auth_google_credentials",
            "module.acm-clients.module.acm_operator.module.k8s_operator.module.gcloud_kubectl.null_resource.gcloud_auth_service_account_key_file",
            "module.acm-clients.module.acm_operator.module.k8s_operator.module.gcloud_kubectl.null_resource.module_depends_on",
            "module.acm-clients.module.acm_operator.module.k8s_operator.module.gcloud_kubectl.null_resource.run_command",
            "module.acm-clients.module.acm_operator.module.k8s_operator.module.gcloud_kubectl.null_resource.run_destroy_command",
            "module.acm-clients.module.acm_operator.module.k8s_operator.module.gcloud_kubectl.null_resource.upgrade",
            "module.acm-clients.module.acm_operator.module.k8s_operator.module.gcloud_kubectl.random_id.cache",
            "module.acm-clients.module.acm_operator.module.k8sop_config.module.gcloud_kubectl.data.external.env_override",
            "module.acm-clients.module.acm_operator.module.k8sop_config.module.gcloud_kubectl.null_resource.additional_components",
            "module.acm-clients.module.acm_operator.module.k8sop_config.module.gcloud_kubectl.null_resource.decompress",
            "module.acm-clients.module.acm_operator.module.k8sop_config.module.gcloud_kubectl.null_resource.gcloud_auth_google_credentials",
            "module.acm-clients.module.acm_operator.module.k8sop_config.module.gcloud_kubectl.null_resource.gcloud_auth_service_account_key_file",
            "module.acm-clients.module.acm_operator.module.k8sop_config.module.gcloud_kubectl.null_resource.module_depends_on",
            "module.acm-clients.module.acm_operator.module.k8sop_config.module.gcloud_kubectl.null_resource.run_command",
            "module.acm-clients.module.acm_operator.module.k8sop_config.module.gcloud_kubectl.null_resource.run_destroy_command",
            "module.acm-clients.module.acm_operator.module.k8sop_config.module.gcloud_kubectl.null_resource.upgrade",
            "module.acm-clients.module.acm_operator.module.k8sop_config.module.gcloud_kubectl.random_id.cache",
            "module.acm-clients.module.acm_operator.module.k8sop_creds_secret.module.gcloud_kubectl.null_resource.additional_components",
            "module.acm-clients.module.acm_operator.module.k8sop_creds_secret.module.gcloud_kubectl.null_resource.gcloud_auth_google_credentials",
            "module.acm-clients.module.acm_operator.module.k8sop_creds_secret.module.gcloud_kubectl.null_resource.gcloud_auth_service_account_key_file",
            "module.acm-clients.module.acm_operator.module.k8sop_creds_secret.module.gcloud_kubectl.null_resource.run_command",
            "module.acm-clients.module.acm_operator.module.k8sop_creds_secret.module.gcloud_kubectl.null_resource.run_destroy_command",
            "module.acm-clients.module.acm_operator.module.k8sop_manifest.null_resource.additional_components",
            "module.acm-clients.module.acm_operator.module.k8sop_manifest.null_resource.gcloud_auth_google_credentials",
            "module.acm-clients.module.acm_operator.module.k8sop_manifest.null_resource.gcloud_auth_service_account_key_file",
            "module.acm-clients.module.acm_operator.module.k8sop_manifest.null_resource.run_command",
            "module.acm-clients.module.acm_operator.module.k8sop_manifest.null_resource.run_destroy_command",
            "module.acm-clients.module.acm_operator.module.wait_for_gatekeeper.module.gcloud_kubectl.data.external.env_override",
            "module.acm-clients.module.acm_operator.module.wait_for_gatekeeper.module.gcloud_kubectl.null_resource.additional_components",
            "module.acm-clients.module.acm_operator.module.wait_for_gatekeeper.module.gcloud_kubectl.null_resource.decompress",
            "module.acm-clients.module.acm_operator.module.wait_for_gatekeeper.module.gcloud_kubectl.null_resource.gcloud_auth_google_credentials",
            "module.acm-clients.module.acm_operator.module.wait_for_gatekeeper.module.gcloud_kubectl.null_resource.gcloud_auth_service_account_key_file",
            "module.acm-clients.module.acm_operator.module.wait_for_gatekeeper.module.gcloud_kubectl.null_resource.module_depends_on",
            "module.acm-clients.module.acm_operator.module.wait_for_gatekeeper.module.gcloud_kubectl.null_resource.upgrade",
            "module.acm-clients.module.acm_operator.module.wait_for_gatekeeper.module.gcloud_kubectl.random_id.cache",
            "module.client-clusters.data.google_client_config.default",
            "module.client-clusters.data.google_compute_subnetwork.gke_subnetwork",
            "module.client-clusters.data.google_compute_zones.available",
            "module.client-clusters.data.google_container_engine_versions.region",
            "module.client-clusters.data.google_container_engine_versions.zone",
            "module.client-clusters.google_compute_firewall.intra_egress",
            "module.client-clusters.google_compute_firewall.master_webhooks",
            "module.client-clusters.google_compute_firewall.shadow_allow_master",
            "module.client-clusters.google_compute_firewall.shadow_allow_nodes",
            "module.client-clusters.google_compute_firewall.shadow_allow_pods",
            "module.client-clusters.google_container_cluster.primary",
            "module.client-clusters.google_container_node_pool.pools",
            "module.client-clusters.google_project_iam_member.cluster_service_account-artifact-registry",
            "module.client-clusters.google_project_iam_member.cluster_service_account-gcr",
            "module.client-clusters.google_project_iam_member.cluster_service_account-log_writer",
            "module.client-clusters.google_project_iam_member.cluster_service_account-metric_writer",
            "module.client-clusters.google_project_iam_member.cluster_service_account-monitoring_viewer",
            "module.client-clusters.google_project_iam_member.cluster_service_account-resourceMetadata-writer",
            "module.client-clusters.google_service_account.cluster_service_account",
            "module.client-clusters.kubernetes_config_map.ip-masq-agent",
            "module.client-clusters.kubernetes_config_map.kube-dns",
            "module.client-clusters.kubernetes_config_map.kube-dns-upstream-nameservers-and-stub-domains",
            "module.client-clusters.kubernetes_config_map.kube-dns-upstream-namservers",
            "module.client-clusters.module.gcloud_delete_default_kube_dns_configmap.module.gcloud_kubectl.data.external.env_override",
            "module.client-clusters.module.gcloud_delete_default_kube_dns_configmap.module.gcloud_kubectl.null_resource.additional_components",
            "module.client-clusters.module.gcloud_delete_default_kube_dns_configmap.module.gcloud_kubectl.null_resource.additional_components_destroy",
            "module.client-clusters.module.gcloud_delete_default_kube_dns_configmap.module.gcloud_kubectl.null_resource.decompress",
            "module.client-clusters.module.gcloud_delete_default_kube_dns_configmap.module.gcloud_kubectl.null_resource.decompress_destroy",
            "module.client-clusters.module.gcloud_delete_default_kube_dns_configmap.module.gcloud_kubectl.null_resource.download_gcloud",
            "module.client-clusters.module.gcloud_delete_default_kube_dns_configmap.module.gcloud_kubectl.null_resource.download_jq",
            "module.client-clusters.module.gcloud_delete_default_kube_dns_configmap.module.gcloud_kubectl.null_resource.gcloud_auth_google_credentials",
            "module.client-clusters.module.gcloud_delete_default_kube_dns_configmap.module.gcloud_kubectl.null_resource.gcloud_auth_google_credentials_destroy",
            "module.client-clusters.module.gcloud_delete_default_kube_dns_configmap.module.gcloud_kubectl.null_resource.gcloud_auth_service_account_key_file",
            "module.client-clusters.module.gcloud_delete_default_kube_dns_configmap.module.gcloud_kubectl.null_resource.gcloud_auth_service_account_key_file_destroy",
            "module.client-clusters.module.gcloud_delete_default_kube_dns_configmap.module.gcloud_kubectl.null_resource.module_depends_on",
            "module.client-clusters.module.gcloud_delete_default_kube_dns_configmap.module.gcloud_kubectl.null_resource.prepare_cache",
            "module.client-clusters.module.gcloud_delete_default_kube_dns_configmap.module.gcloud_kubectl.null_resource.run_command",
            "module.client-clusters.module.gcloud_delete_default_kube_dns_configmap.module.gcloud_kubectl.null_resource.run_destroy_command",
            "module.client-clusters.module.gcloud_delete_default_kube_dns_configmap.module.gcloud_kubectl.null_resource.upgrade",
            "module.client-clusters.module.gcloud_delete_default_kube_dns_configmap.module.gcloud_kubectl.null_resource.upgrade_destroy",
            "module.client-clusters.module.gcloud_delete_default_kube_dns_configmap.module.gcloud_kubectl.random_id.cache",
            "module.client-clusters.random_shuffle.available_zones",
            "module.client-clusters.random_string.cluster_service_account_suffix",
            "module.project-services.google_project_service.project_services"
          ]
        }
      ]
    },
    {
      "module": "module.acm-clients[0].module.acm_operator.module.wait_for_gatekeeper.module.gcloud_kubectl",
      "mode": "managed",
      "type": "null_resource",
      "name": "run_destroy_command",
      "provider": "provider[\"registry.terraform.io/hashicorp/null\"]",
      "instances": [
        {
          "index_key": 0,
          "schema_version": 0,
          "attributes": {
            "id": "6907317124306846369",
            "triggers": {
              "destroy_cmd_body": "gke-cluster-client-0 us-west1-a jk-mlops-dev false false ",
              "destroy_cmd_entrypoint": ".terraform/modules/acm-clients.acm_operator.wait_for_gatekeeper/terraform-google-gcloud-2.0.3/modules/kubectl-wrapper/scripts/kubectl_wrapper.sh",
              "gcloud_bin_abs_path": "/google-cloud-sdk/bin",
              "script_sha1": "e1780a62dcd319cb88616007c9c22324f63a6375"
            }
          },
          "sensitive_attributes": [],
          "private": "bnVsbA==",
          "dependencies": [
            "data.google_client_config.current",
            "data.google_project.project",
            "module.acm-clients.module.acm_operator.data.template_file.k8sop_config",
            "module.acm-clients.module.acm_operator.module.k8s_operator.module.gcloud_kubectl.data.external.env_override",
            "module.acm-clients.module.acm_operator.module.k8s_operator.module.gcloud_kubectl.null_resource.additional_components",
            "module.acm-clients.module.acm_operator.module.k8s_operator.module.gcloud_kubectl.null_resource.decompress",
            "module.acm-clients.module.acm_operator.module.k8s_operator.module.gcloud_kubectl.null_resource.gcloud_auth_google_credentials",
            "module.acm-clients.module.acm_operator.module.k8s_operator.module.gcloud_kubectl.null_resource.gcloud_auth_service_account_key_file",
            "module.acm-clients.module.acm_operator.module.k8s_operator.module.gcloud_kubectl.null_resource.module_depends_on",
            "module.acm-clients.module.acm_operator.module.k8s_operator.module.gcloud_kubectl.null_resource.run_command",
            "module.acm-clients.module.acm_operator.module.k8s_operator.module.gcloud_kubectl.null_resource.run_destroy_command",
            "module.acm-clients.module.acm_operator.module.k8s_operator.module.gcloud_kubectl.null_resource.upgrade",
            "module.acm-clients.module.acm_operator.module.k8s_operator.module.gcloud_kubectl.random_id.cache",
            "module.acm-clients.module.acm_operator.module.k8sop_config.module.gcloud_kubectl.data.external.env_override",
            "module.acm-clients.module.acm_operator.module.k8sop_config.module.gcloud_kubectl.null_resource.additional_components",
            "module.acm-clients.module.acm_operator.module.k8sop_config.module.gcloud_kubectl.null_resource.decompress",
            "module.acm-clients.module.acm_operator.module.k8sop_config.module.gcloud_kubectl.null_resource.gcloud_auth_google_credentials",
            "module.acm-clients.module.acm_operator.module.k8sop_config.module.gcloud_kubectl.null_resource.gcloud_auth_service_account_key_file",
            "module.acm-clients.module.acm_operator.module.k8sop_config.module.gcloud_kubectl.null_resource.module_depends_on",
            "module.acm-clients.module.acm_operator.module.k8sop_config.module.gcloud_kubectl.null_resource.run_command",
            "module.acm-clients.module.acm_operator.module.k8sop_config.module.gcloud_kubectl.null_resource.run_destroy_command",
            "module.acm-clients.module.acm_operator.module.k8sop_config.module.gcloud_kubectl.null_resource.upgrade",
            "module.acm-clients.module.acm_operator.module.k8sop_config.module.gcloud_kubectl.random_id.cache",
            "module.acm-clients.module.acm_operator.module.k8sop_creds_secret.module.gcloud_kubectl.null_resource.additional_components",
            "module.acm-clients.module.acm_operator.module.k8sop_creds_secret.module.gcloud_kubectl.null_resource.gcloud_auth_google_credentials",
            "module.acm-clients.module.acm_operator.module.k8sop_creds_secret.module.gcloud_kubectl.null_resource.gcloud_auth_service_account_key_file",
            "module.acm-clients.module.acm_operator.module.k8sop_creds_secret.module.gcloud_kubectl.null_resource.run_command",
            "module.acm-clients.module.acm_operator.module.k8sop_creds_secret.module.gcloud_kubectl.null_resource.run_destroy_command",
            "module.acm-clients.module.acm_operator.module.k8sop_manifest.null_resource.additional_components",
            "module.acm-clients.module.acm_operator.module.k8sop_manifest.null_resource.gcloud_auth_google_credentials",
            "module.acm-clients.module.acm_operator.module.k8sop_manifest.null_resource.gcloud_auth_service_account_key_file",
            "module.acm-clients.module.acm_operator.module.k8sop_manifest.null_resource.run_command",
            "module.acm-clients.module.acm_operator.module.k8sop_manifest.null_resource.run_destroy_command",
            "module.acm-clients.module.acm_operator.module.wait_for_gatekeeper.module.gcloud_kubectl.data.external.env_override",
            "module.acm-clients.module.acm_operator.module.wait_for_gatekeeper.module.gcloud_kubectl.null_resource.additional_components",
            "module.acm-clients.module.acm_operator.module.wait_for_gatekeeper.module.gcloud_kubectl.null_resource.decompress",
            "module.acm-clients.module.acm_operator.module.wait_for_gatekeeper.module.gcloud_kubectl.null_resource.gcloud_auth_google_credentials",
            "module.acm-clients.module.acm_operator.module.wait_for_gatekeeper.module.gcloud_kubectl.null_resource.gcloud_auth_service_account_key_file",
            "module.acm-clients.module.acm_operator.module.wait_for_gatekeeper.module.gcloud_kubectl.null_resource.module_depends_on",
            "module.acm-clients.module.acm_operator.module.wait_for_gatekeeper.module.gcloud_kubectl.null_resource.upgrade",
            "module.acm-clients.module.acm_operator.module.wait_for_gatekeeper.module.gcloud_kubectl.random_id.cache",
            "module.client-clusters.data.google_client_config.default",
            "module.client-clusters.data.google_compute_subnetwork.gke_subnetwork",
            "module.client-clusters.data.google_compute_zones.available",
            "module.client-clusters.data.google_container_engine_versions.region",
            "module.client-clusters.data.google_container_engine_versions.zone",
            "module.client-clusters.google_compute_firewall.intra_egress",
            "module.client-clusters.google_compute_firewall.master_webhooks",
            "module.client-clusters.google_compute_firewall.shadow_allow_master",
            "module.client-clusters.google_compute_firewall.shadow_allow_nodes",
            "module.client-clusters.google_compute_firewall.shadow_allow_pods",
            "module.client-clusters.google_container_cluster.primary",
            "module.client-clusters.google_container_node_pool.pools",
            "module.client-clusters.google_project_iam_member.cluster_service_account-artifact-registry",
            "module.client-clusters.google_project_iam_member.cluster_service_account-gcr",
            "module.client-clusters.google_project_iam_member.cluster_service_account-log_writer",
            "module.client-clusters.google_project_iam_member.cluster_service_account-metric_writer",
            "module.client-clusters.google_project_iam_member.cluster_service_account-monitoring_viewer",
            "module.client-clusters.google_project_iam_member.cluster_service_account-resourceMetadata-writer",
            "module.client-clusters.google_service_account.cluster_service_account",
            "module.client-clusters.kubernetes_config_map.ip-masq-agent",
            "module.client-clusters.kubernetes_config_map.kube-dns",
            "module.client-clusters.kubernetes_config_map.kube-dns-upstream-nameservers-and-stub-domains",
            "module.client-clusters.kubernetes_config_map.kube-dns-upstream-namservers",
            "module.client-clusters.module.gcloud_delete_default_kube_dns_configmap.module.gcloud_kubectl.data.external.env_override",
            "module.client-clusters.module.gcloud_delete_default_kube_dns_configmap.module.gcloud_kubectl.null_resource.additional_components",
            "module.client-clusters.module.gcloud_delete_default_kube_dns_configmap.module.gcloud_kubectl.null_resource.additional_components_destroy",
            "module.client-clusters.module.gcloud_delete_default_kube_dns_configmap.module.gcloud_kubectl.null_resource.decompress",
            "module.client-clusters.module.gcloud_delete_default_kube_dns_configmap.module.gcloud_kubectl.null_resource.decompress_destroy",
            "module.client-clusters.module.gcloud_delete_default_kube_dns_configmap.module.gcloud_kubectl.null_resource.download_gcloud",
            "module.client-clusters.module.gcloud_delete_default_kube_dns_configmap.module.gcloud_kubectl.null_resource.download_jq",
            "module.client-clusters.module.gcloud_delete_default_kube_dns_configmap.module.gcloud_kubectl.null_resource.gcloud_auth_google_credentials",
            "module.client-clusters.module.gcloud_delete_default_kube_dns_configmap.module.gcloud_kubectl.null_resource.gcloud_auth_google_credentials_destroy",
            "module.client-clusters.module.gcloud_delete_default_kube_dns_configmap.module.gcloud_kubectl.null_resource.gcloud_auth_service_account_key_file",
            "module.client-clusters.module.gcloud_delete_default_kube_dns_configmap.module.gcloud_kubectl.null_resource.gcloud_auth_service_account_key_file_destroy",
            "module.client-clusters.module.gcloud_delete_default_kube_dns_configmap.module.gcloud_kubectl.null_resource.module_depends_on",
            "module.client-clusters.module.gcloud_delete_default_kube_dns_configmap.module.gcloud_kubectl.null_resource.prepare_cache",
            "module.client-clusters.module.gcloud_delete_default_kube_dns_configmap.module.gcloud_kubectl.null_resource.run_command",
            "module.client-clusters.module.gcloud_delete_default_kube_dns_configmap.module.gcloud_kubectl.null_resource.run_destroy_command",
            "module.client-clusters.module.gcloud_delete_default_kube_dns_configmap.module.gcloud_kubectl.null_resource.upgrade",
            "module.client-clusters.module.gcloud_delete_default_kube_dns_configmap.module.gcloud_kubectl.null_resource.upgrade_destroy",
            "module.client-clusters.module.gcloud_delete_default_kube_dns_configmap.module.gcloud_kubectl.random_id.cache",
            "module.client-clusters.random_shuffle.available_zones",
            "module.client-clusters.random_string.cluster_service_account_suffix",
            "module.project-services.google_project_service.project_services"
          ]
        }
      ]
    },
    {
      "module": "module.acm-clients[0].module.enable_acm",
      "mode": "data",
      "type": "external",
      "name": "env_override",
      "provider": "provider[\"registry.terraform.io/hashicorp/external\"]",
      "instances": [
        {
          "index_key": 0,
          "schema_version": 0,
          "attributes": {
            "id": "-",
            "program": [
              ".terraform/modules/acm-clients.enable_acm/terraform-google-gcloud-2.0.3/scripts/check_env.sh"
            ],
            "query": null,
            "result": {
              "download": ""
            },
            "working_dir": null
          },
          "sensitive_attributes": []
        }
      ]
    },
    {
      "module": "module.acm-clients[0].module.enable_acm",
      "mode": "managed",
      "type": "null_resource",
      "name": "additional_components",
      "provider": "provider[\"registry.terraform.io/hashicorp/null\"]",
      "instances": [
        {
          "index_key": 0,
          "schema_version": 0,
          "attributes": {
            "id": "1679485599349035835",
            "triggers": {
              "additional_components_command": ".terraform/modules/acm-clients.enable_acm/terraform-google-gcloud-2.0.3/scripts/check_components.sh gcloud alpha",
              "arguments": "49423d0060e3cf05de8cce2caa496a4e",
              "md5": "7f22bf39aaf5ce5980111c3587bef5b5"
            }
          },
          "sensitive_attributes": [],
          "private": "bnVsbA==",
          "dependencies": [
            "data.google_client_config.current",
            "module.acm-clients.module.enable_acm.data.external.env_override",
            "module.acm-clients.module.enable_acm.null_resource.decompress",
            "module.acm-clients.module.enable_acm.null_resource.download_gcloud",
            "module.acm-clients.module.enable_acm.null_resource.download_jq",
            "module.acm-clients.module.enable_acm.null_resource.module_depends_on",
            "module.acm-clients.module.enable_acm.null_resource.prepare_cache",
            "module.acm-clients.module.enable_acm.null_resource.upgrade",
            "module.acm-clients.module.enable_acm.random_id.cache"
          ]
        }
      ]
    },
    {
      "module": "module.acm-clients[0].module.enable_acm",
      "mode": "managed",
      "type": "null_resource",
      "name": "additional_components_destroy",
      "provider": "provider[\"registry.terraform.io/hashicorp/null\"]",
      "instances": [
        {
          "index_key": 0,
          "schema_version": 0,
          "attributes": {
            "id": "1840822444343939561",
            "triggers": {
              "additional_components_command": ".terraform/modules/acm-clients.enable_acm/terraform-google-gcloud-2.0.3/scripts/check_components.sh gcloud alpha"
            }
          },
          "sensitive_attributes": [],
          "private": "bnVsbA==",
          "dependencies": [
            "module.acm-clients.module.enable_acm.data.external.env_override",
            "module.acm-clients.module.enable_acm.null_resource.run_destroy_command",
            "module.acm-clients.module.enable_acm.random_id.cache"
          ]
        }
      ]
    },
    {
      "module": "module.acm-clients[0].module.enable_acm",
      "mode": "managed",
      "type": "null_resource",
      "name": "run_command",
      "provider": "provider[\"registry.terraform.io/hashicorp/null\"]",
      "instances": [
        {
          "index_key": 0,
          "schema_version": 0,
          "attributes": {
            "id": "1654991611805779951",
            "triggers": {
              "arguments": "49423d0060e3cf05de8cce2caa496a4e",
              "create_cmd_body": "alpha container hub config-management enable --project jk-mlops-dev",
              "create_cmd_entrypoint": "gcloud",
              "gcloud_bin_abs_path": "/google-cloud-sdk/bin",
              "md5": "7f22bf39aaf5ce5980111c3587bef5b5"
            }
          },
          "sensitive_attributes": [],
          "private": "bnVsbA==",
          "dependencies": [
            "data.google_client_config.current",
            "module.acm-clients.module.enable_acm.data.external.env_override",
            "module.acm-clients.module.enable_acm.null_resource.additional_components",
            "module.acm-clients.module.enable_acm.null_resource.decompress",
            "module.acm-clients.module.enable_acm.null_resource.gcloud_auth_google_credentials",
            "module.acm-clients.module.enable_acm.null_resource.gcloud_auth_service_account_key_file",
            "module.acm-clients.module.enable_acm.null_resource.module_depends_on",
            "module.acm-clients.module.enable_acm.random_id.cache"
          ]
        }
      ]
    },
    {
      "module": "module.acm-clients[0].module.enable_acm",
      "mode": "managed",
      "type": "null_resource",
      "name": "run_destroy_command",
      "provider": "provider[\"registry.terraform.io/hashicorp/null\"]",
      "instances": [
        {
          "index_key": 0,
          "schema_version": 0,
          "attributes": {
            "id": "4128268666429110293",
            "triggers": {
              "destroy_cmd_body": "alpha container hub config-management disable --force --project jk-mlops-dev",
              "destroy_cmd_entrypoint": "gcloud",
              "gcloud_bin_abs_path": "/google-cloud-sdk/bin"
            }
          },
          "sensitive_attributes": [],
          "private": "bnVsbA==",
          "dependencies": [
            "data.google_client_config.current",
            "module.acm-clients.module.enable_acm.data.external.env_override",
            "module.acm-clients.module.enable_acm.null_resource.additional_components",
            "module.acm-clients.module.enable_acm.null_resource.decompress",
            "module.acm-clients.module.enable_acm.null_resource.download_gcloud",
            "module.acm-clients.module.enable_acm.null_resource.download_jq",
            "module.acm-clients.module.enable_acm.null_resource.gcloud_auth_google_credentials",
            "module.acm-clients.module.enable_acm.null_resource.gcloud_auth_service_account_key_file",
            "module.acm-clients.module.enable_acm.null_resource.module_depends_on",
            "module.acm-clients.module.enable_acm.null_resource.prepare_cache",
            "module.acm-clients.module.enable_acm.null_resource.upgrade",
            "module.acm-clients.module.enable_acm.random_id.cache"
          ]
        }
      ]
    },
    {
      "module": "module.acm-clients[1].module.acm_operator",
      "mode": "data",
      "type": "template_file",
      "name": "k8sop_config",
      "provider": "provider[\"registry.terraform.io/hashicorp/template\"]",
      "instances": [
        {
          "schema_version": 0,
          "attributes": {
            "filename": null,
            "id": "fc0c55f42cda11c50a97fac7d34c4309d349074cb481871636b05fae2463f281",
            "rendered": "apiVersion: configmanagement.gke.io/v1\nkind: ConfigManagement\nmetadata:\n  name: config-management\nspec:\n  # clusterName is required and must be unique among all managed clusters\n  clusterName: gke-cluster-client-1\n  policyController:\n    enabled: true\n    templateLibraryInstalled: true\n    logDeniesEnabled: false\n  git:\n    syncRepo: https://github.com/jarokaz/tff/\n    secretType: none\n    policyDir: acm-dir\n    syncBranch: main\n  \n  \n",
            "template": "apiVersion: configmanagement.gke.io/v1\nkind: ConfigManagement\nmetadata:\n  name: config-management\nspec:\n  # clusterName is required and must be unique among all managed clusters\n  clusterName: ${cluster_name}\n  policyController:\n    enabled: ${enable_policy_controller}\n    templateLibraryInstalled: ${install_template_library}\n    logDeniesEnabled: ${enable_log_denies}\n  git:\n    syncRepo: ${sync_repo}\n    secretType: ${secret_type}\n    ${policy_dir_node}\n    ${sync_branch_node}\n  ${source_format_node}\n  ${hierarchy_controller_map_node}\n",
            "vars": {
              "cluster_name": "gke-cluster-client-1",
              "enable_log_denies": "false",
              "enable_policy_controller": "true",
              "hierarchy_controller_map_node": "",
              "install_template_library": "true",
              "policy_dir_node": "policyDir: acm-dir",
              "secret_type": "none",
              "source_format_node": "",
              "sync_branch_node": "syncBranch: main",
              "sync_repo": "https://github.com/jarokaz/tff/"
            }
          },
          "sensitive_attributes": []
        }
      ]
    },
    {
      "module": "module.acm-clients[1].module.acm_operator.module.k8s_operator.module.gcloud_kubectl",
      "mode": "data",
      "type": "external",
      "name": "env_override",
      "provider": "provider[\"registry.terraform.io/hashicorp/external\"]",
      "instances": [
        {
          "index_key": 0,
          "schema_version": 0,
          "attributes": {
            "id": "-",
            "program": [
              ".terraform/modules/acm-clients.acm_operator.k8s_operator/terraform-google-gcloud-2.0.3/scripts/check_env.sh"
            ],
            "query": null,
            "result": {
              "download": ""
            },
            "working_dir": null
          },
          "sensitive_attributes": []
        }
      ]
    },
    {
      "module": "module.acm-clients[1].module.acm_operator.module.k8s_operator.module.gcloud_kubectl",
      "mode": "managed",
      "type": "null_resource",
      "name": "additional_components",
      "provider": "provider[\"registry.terraform.io/hashicorp/null\"]",
      "instances": [
        {
          "index_key": 0,
          "schema_version": 0,
          "attributes": {
            "id": "1508010021481714175",
            "triggers": {
              "additional_components_command": ".terraform/modules/acm-clients.acm_operator.k8s_operator/terraform-google-gcloud-2.0.3/scripts/check_components.sh gcloud kubectl",
              "arguments": "35c4dad51d21f548519550d1828ca0ee",
              "md5": "352ffea85252263f4f6b54fa4bb8ffb3"
            }
          },
          "sensitive_attributes": [],
          "private": "bnVsbA==",
          "dependencies": [
            "data.google_client_config.current",
            "data.google_project.project",
            "module.acm-clients.module.acm_operator.module.k8s_operator.module.gcloud_kubectl.data.external.env_override",
            "module.acm-clients.module.acm_operator.module.k8s_operator.module.gcloud_kubectl.null_resource.upgrade",
            "module.acm-clients.module.acm_operator.module.k8s_operator.module.gcloud_kubectl.random_id.cache",
            "module.client-clusters.data.google_client_config.default",
            "module.client-clusters.data.google_compute_subnetwork.gke_subnetwork",
            "module.client-clusters.data.google_compute_zones.available",
            "module.client-clusters.data.google_container_engine_versions.region",
            "module.client-clusters.data.google_container_engine_versions.zone",
            "module.client-clusters.google_compute_firewall.intra_egress",
            "module.client-clusters.google_compute_firewall.master_webhooks",
            "module.client-clusters.google_compute_firewall.shadow_allow_master",
            "module.client-clusters.google_compute_firewall.shadow_allow_nodes",
            "module.client-clusters.google_compute_firewall.shadow_allow_pods",
            "module.client-clusters.google_container_cluster.primary",
            "module.client-clusters.google_container_node_pool.pools",
            "module.client-clusters.google_project_iam_member.cluster_service_account-artifact-registry",
            "module.client-clusters.google_project_iam_member.cluster_service_account-gcr",
            "module.client-clusters.google_project_iam_member.cluster_service_account-log_writer",
            "module.client-clusters.google_project_iam_member.cluster_service_account-metric_writer",
            "module.client-clusters.google_project_iam_member.cluster_service_account-monitoring_viewer",
            "module.client-clusters.google_project_iam_member.cluster_service_account-resourceMetadata-writer",
            "module.client-clusters.google_service_account.cluster_service_account",
            "module.client-clusters.kubernetes_config_map.ip-masq-agent",
            "module.client-clusters.kubernetes_config_map.kube-dns",
            "module.client-clusters.kubernetes_config_map.kube-dns-upstream-nameservers-and-stub-domains",
            "module.client-clusters.kubernetes_config_map.kube-dns-upstream-namservers",
            "module.client-clusters.module.gcloud_delete_default_kube_dns_configmap.module.gcloud_kubectl.data.external.env_override",
            "module.client-clusters.module.gcloud_delete_default_kube_dns_configmap.module.gcloud_kubectl.null_resource.additional_components",
            "module.client-clusters.module.gcloud_delete_default_kube_dns_configmap.module.gcloud_kubectl.null_resource.additional_components_destroy",
            "module.client-clusters.module.gcloud_delete_default_kube_dns_configmap.module.gcloud_kubectl.null_resource.decompress",
            "module.client-clusters.module.gcloud_delete_default_kube_dns_configmap.module.gcloud_kubectl.null_resource.decompress_destroy",
            "module.client-clusters.module.gcloud_delete_default_kube_dns_configmap.module.gcloud_kubectl.null_resource.download_gcloud",
            "module.client-clusters.module.gcloud_delete_default_kube_dns_configmap.module.gcloud_kubectl.null_resource.download_jq",
            "module.client-clusters.module.gcloud_delete_default_kube_dns_configmap.module.gcloud_kubectl.null_resource.gcloud_auth_google_credentials",
            "module.client-clusters.module.gcloud_delete_default_kube_dns_configmap.module.gcloud_kubectl.null_resource.gcloud_auth_google_credentials_destroy",
            "module.client-clusters.module.gcloud_delete_default_kube_dns_configmap.module.gcloud_kubectl.null_resource.gcloud_auth_service_account_key_file",
            "module.client-clusters.module.gcloud_delete_default_kube_dns_configmap.module.gcloud_kubectl.null_resource.gcloud_auth_service_account_key_file_destroy",
            "module.client-clusters.module.gcloud_delete_default_kube_dns_configmap.module.gcloud_kubectl.null_resource.module_depends_on",
            "module.client-clusters.module.gcloud_delete_default_kube_dns_configmap.module.gcloud_kubectl.null_resource.prepare_cache",
            "module.client-clusters.module.gcloud_delete_default_kube_dns_configmap.module.gcloud_kubectl.null_resource.run_command",
            "module.client-clusters.module.gcloud_delete_default_kube_dns_configmap.module.gcloud_kubectl.null_resource.run_destroy_command",
            "module.client-clusters.module.gcloud_delete_default_kube_dns_configmap.module.gcloud_kubectl.null_resource.upgrade",
            "module.client-clusters.module.gcloud_delete_default_kube_dns_configmap.module.gcloud_kubectl.null_resource.upgrade_destroy",
            "module.client-clusters.module.gcloud_delete_default_kube_dns_configmap.module.gcloud_kubectl.random_id.cache",
            "module.client-clusters.random_shuffle.available_zones",
            "module.client-clusters.random_string.cluster_service_account_suffix",
            "module.project-services.google_project_service.project_services"
          ]
        }
      ]
    },
    {
      "module": "module.acm-clients[1].module.acm_operator.module.k8s_operator.module.gcloud_kubectl",
      "mode": "managed",
      "type": "null_resource",
      "name": "additional_components_destroy",
      "provider": "provider[\"registry.terraform.io/hashicorp/null\"]",
      "instances": [
        {
          "index_key": 0,
          "schema_version": 0,
          "attributes": {
            "id": "1123336382476495658",
            "triggers": {
              "additional_components_command": ".terraform/modules/acm-clients.acm_operator.k8s_operator/terraform-google-gcloud-2.0.3/scripts/check_components.sh gcloud kubectl"
            }
          },
          "sensitive_attributes": [],
          "private": "bnVsbA==",
          "dependencies": [
            "data.google_client_config.current",
            "data.google_project.project",
            "module.acm-clients.module.acm_operator.module.k8s_operator.module.gcloud_kubectl.data.external.env_override",
            "module.acm-clients.module.acm_operator.module.k8s_operator.module.gcloud_kubectl.null_resource.additional_components",
            "module.acm-clients.module.acm_operator.module.k8s_operator.module.gcloud_kubectl.null_resource.decompress",
            "module.acm-clients.module.acm_operator.module.k8s_operator.module.gcloud_kubectl.null_resource.gcloud_auth_google_credentials",
            "module.acm-clients.module.acm_operator.module.k8s_operator.module.gcloud_kubectl.null_resource.gcloud_auth_service_account_key_file",
            "module.acm-clients.module.acm_operator.module.k8s_operator.module.gcloud_kubectl.null_resource.module_depends_on",
            "module.acm-clients.module.acm_operator.module.k8s_operator.module.gcloud_kubectl.null_resource.run_destroy_command",
            "module.acm-clients.module.acm_operator.module.k8s_operator.module.gcloud_kubectl.null_resource.upgrade",
            "module.acm-clients.module.acm_operator.module.k8s_operator.module.gcloud_kubectl.random_id.cache",
            "module.acm-clients.module.acm_operator.module.k8sop_manifest.null_resource.additional_components",
            "module.acm-clients.module.acm_operator.module.k8sop_manifest.null_resource.gcloud_auth_google_credentials",
            "module.acm-clients.module.acm_operator.module.k8sop_manifest.null_resource.gcloud_auth_service_account_key_file",
            "module.acm-clients.module.acm_operator.module.k8sop_manifest.null_resource.run_command",
            "module.acm-clients.module.acm_operator.module.k8sop_manifest.null_resource.run_destroy_command",
            "module.client-clusters.data.google_client_config.default",
            "module.client-clusters.data.google_compute_subnetwork.gke_subnetwork",
            "module.client-clusters.data.google_compute_zones.available",
            "module.client-clusters.data.google_container_engine_versions.region",
            "module.client-clusters.data.google_container_engine_versions.zone",
            "module.client-clusters.google_compute_firewall.intra_egress",
            "module.client-clusters.google_compute_firewall.master_webhooks",
            "module.client-clusters.google_compute_firewall.shadow_allow_master",
            "module.client-clusters.google_compute_firewall.shadow_allow_nodes",
            "module.client-clusters.google_compute_firewall.shadow_allow_pods",
            "module.client-clusters.google_container_cluster.primary",
            "module.client-clusters.google_container_node_pool.pools",
            "module.client-clusters.google_project_iam_member.cluster_service_account-artifact-registry",
            "module.client-clusters.google_project_iam_member.cluster_service_account-gcr",
            "module.client-clusters.google_project_iam_member.cluster_service_account-log_writer",
            "module.client-clusters.google_project_iam_member.cluster_service_account-metric_writer",
            "module.client-clusters.google_project_iam_member.cluster_service_account-monitoring_viewer",
            "module.client-clusters.google_project_iam_member.cluster_service_account-resourceMetadata-writer",
            "module.client-clusters.google_service_account.cluster_service_account",
            "module.client-clusters.kubernetes_config_map.ip-masq-agent",
            "module.client-clusters.kubernetes_config_map.kube-dns",
            "module.client-clusters.kubernetes_config_map.kube-dns-upstream-nameservers-and-stub-domains",
            "module.client-clusters.kubernetes_config_map.kube-dns-upstream-namservers",
            "module.client-clusters.module.gcloud_delete_default_kube_dns_configmap.module.gcloud_kubectl.data.external.env_override",
            "module.client-clusters.module.gcloud_delete_default_kube_dns_configmap.module.gcloud_kubectl.null_resource.additional_components",
            "module.client-clusters.module.gcloud_delete_default_kube_dns_configmap.module.gcloud_kubectl.null_resource.additional_components_destroy",
            "module.client-clusters.module.gcloud_delete_default_kube_dns_configmap.module.gcloud_kubectl.null_resource.decompress",
            "module.client-clusters.module.gcloud_delete_default_kube_dns_configmap.module.gcloud_kubectl.null_resource.decompress_destroy",
            "module.client-clusters.module.gcloud_delete_default_kube_dns_configmap.module.gcloud_kubectl.null_resource.download_gcloud",
            "module.client-clusters.module.gcloud_delete_default_kube_dns_configmap.module.gcloud_kubectl.null_resource.download_jq",
            "module.client-clusters.module.gcloud_delete_default_kube_dns_configmap.module.gcloud_kubectl.null_resource.gcloud_auth_google_credentials",
            "module.client-clusters.module.gcloud_delete_default_kube_dns_configmap.module.gcloud_kubectl.null_resource.gcloud_auth_google_credentials_destroy",
            "module.client-clusters.module.gcloud_delete_default_kube_dns_configmap.module.gcloud_kubectl.null_resource.gcloud_auth_service_account_key_file",
            "module.client-clusters.module.gcloud_delete_default_kube_dns_configmap.module.gcloud_kubectl.null_resource.gcloud_auth_service_account_key_file_destroy",
            "module.client-clusters.module.gcloud_delete_default_kube_dns_configmap.module.gcloud_kubectl.null_resource.module_depends_on",
            "module.client-clusters.module.gcloud_delete_default_kube_dns_configmap.module.gcloud_kubectl.null_resource.prepare_cache",
            "module.client-clusters.module.gcloud_delete_default_kube_dns_configmap.module.gcloud_kubectl.null_resource.run_command",
            "module.client-clusters.module.gcloud_delete_default_kube_dns_configmap.module.gcloud_kubectl.null_resource.run_destroy_command",
            "module.client-clusters.module.gcloud_delete_default_kube_dns_configmap.module.gcloud_kubectl.null_resource.upgrade",
            "module.client-clusters.module.gcloud_delete_default_kube_dns_configmap.module.gcloud_kubectl.null_resource.upgrade_destroy",
            "module.client-clusters.module.gcloud_delete_default_kube_dns_configmap.module.gcloud_kubectl.random_id.cache",
            "module.client-clusters.random_shuffle.available_zones",
            "module.client-clusters.random_string.cluster_service_account_suffix",
            "module.project-services.google_project_service.project_services"
          ]
        }
      ]
    },
    {
      "module": "module.acm-clients[1].module.acm_operator.module.k8s_operator.module.gcloud_kubectl",
      "mode": "managed",
      "type": "null_resource",
      "name": "module_depends_on",
      "provider": "provider[\"registry.terraform.io/hashicorp/null\"]",
      "instances": [
        {
          "index_key": 0,
          "schema_version": 0,
          "attributes": {
            "id": "5365060233182617707",
            "triggers": {
              "value": "2"
            }
          },
          "sensitive_attributes": [
            [
              {
                "type": "get_attr",
                "value": "triggers"
              },
              {
                "type": "index",
                "value": {
                  "value": "value",
                  "type": "string"
                }
              }
            ]
          ],
          "private": "bnVsbA==",
          "dependencies": [
            "data.google_client_config.current",
            "data.google_project.project",
            "module.acm-clients.module.acm_operator.module.k8sop_manifest.null_resource.additional_components",
            "module.acm-clients.module.acm_operator.module.k8sop_manifest.null_resource.gcloud_auth_google_credentials",
            "module.acm-clients.module.acm_operator.module.k8sop_manifest.null_resource.gcloud_auth_service_account_key_file",
            "module.acm-clients.module.acm_operator.module.k8sop_manifest.null_resource.run_command",
            "module.acm-clients.module.acm_operator.module.k8sop_manifest.null_resource.run_destroy_command",
            "module.client-clusters.data.google_client_config.default",
            "module.client-clusters.data.google_compute_subnetwork.gke_subnetwork",
            "module.client-clusters.data.google_compute_zones.available",
            "module.client-clusters.data.google_container_engine_versions.region",
            "module.client-clusters.data.google_container_engine_versions.zone",
            "module.client-clusters.google_compute_firewall.intra_egress",
            "module.client-clusters.google_compute_firewall.master_webhooks",
            "module.client-clusters.google_compute_firewall.shadow_allow_master",
            "module.client-clusters.google_compute_firewall.shadow_allow_nodes",
            "module.client-clusters.google_compute_firewall.shadow_allow_pods",
            "module.client-clusters.google_container_cluster.primary",
            "module.client-clusters.google_container_node_pool.pools",
            "module.client-clusters.google_project_iam_member.cluster_service_account-artifact-registry",
            "module.client-clusters.google_project_iam_member.cluster_service_account-gcr",
            "module.client-clusters.google_project_iam_member.cluster_service_account-log_writer",
            "module.client-clusters.google_project_iam_member.cluster_service_account-metric_writer",
            "module.client-clusters.google_project_iam_member.cluster_service_account-monitoring_viewer",
            "module.client-clusters.google_project_iam_member.cluster_service_account-resourceMetadata-writer",
            "module.client-clusters.google_service_account.cluster_service_account",
            "module.client-clusters.kubernetes_config_map.ip-masq-agent",
            "module.client-clusters.kubernetes_config_map.kube-dns",
            "module.client-clusters.kubernetes_config_map.kube-dns-upstream-nameservers-and-stub-domains",
            "module.client-clusters.kubernetes_config_map.kube-dns-upstream-namservers",
            "module.client-clusters.module.gcloud_delete_default_kube_dns_configmap.module.gcloud_kubectl.data.external.env_override",
            "module.client-clusters.module.gcloud_delete_default_kube_dns_configmap.module.gcloud_kubectl.null_resource.additional_components",
            "module.client-clusters.module.gcloud_delete_default_kube_dns_configmap.module.gcloud_kubectl.null_resource.additional_components_destroy",
            "module.client-clusters.module.gcloud_delete_default_kube_dns_configmap.module.gcloud_kubectl.null_resource.decompress",
            "module.client-clusters.module.gcloud_delete_default_kube_dns_configmap.module.gcloud_kubectl.null_resource.decompress_destroy",
            "module.client-clusters.module.gcloud_delete_default_kube_dns_configmap.module.gcloud_kubectl.null_resource.download_gcloud",
            "module.client-clusters.module.gcloud_delete_default_kube_dns_configmap.module.gcloud_kubectl.null_resource.download_jq",
            "module.client-clusters.module.gcloud_delete_default_kube_dns_configmap.module.gcloud_kubectl.null_resource.gcloud_auth_google_credentials",
            "module.client-clusters.module.gcloud_delete_default_kube_dns_configmap.module.gcloud_kubectl.null_resource.gcloud_auth_google_credentials_destroy",
            "module.client-clusters.module.gcloud_delete_default_kube_dns_configmap.module.gcloud_kubectl.null_resource.gcloud_auth_service_account_key_file",
            "module.client-clusters.module.gcloud_delete_default_kube_dns_configmap.module.gcloud_kubectl.null_resource.gcloud_auth_service_account_key_file_destroy",
            "module.client-clusters.module.gcloud_delete_default_kube_dns_configmap.module.gcloud_kubectl.null_resource.module_depends_on",
            "module.client-clusters.module.gcloud_delete_default_kube_dns_configmap.module.gcloud_kubectl.null_resource.prepare_cache",
            "module.client-clusters.module.gcloud_delete_default_kube_dns_configmap.module.gcloud_kubectl.null_resource.run_command",
            "module.client-clusters.module.gcloud_delete_default_kube_dns_configmap.module.gcloud_kubectl.null_resource.run_destroy_command",
            "module.client-clusters.module.gcloud_delete_default_kube_dns_configmap.module.gcloud_kubectl.null_resource.upgrade",
            "module.client-clusters.module.gcloud_delete_default_kube_dns_configmap.module.gcloud_kubectl.null_resource.upgrade_destroy",
            "module.client-clusters.module.gcloud_delete_default_kube_dns_configmap.module.gcloud_kubectl.random_id.cache",
            "module.client-clusters.random_shuffle.available_zones",
            "module.client-clusters.random_string.cluster_service_account_suffix",
            "module.project-services.google_project_service.project_services"
          ]
        }
      ]
    },
    {
      "module": "module.acm-clients[1].module.acm_operator.module.k8s_operator.module.gcloud_kubectl",
      "mode": "managed",
      "type": "null_resource",
      "name": "run_command",
      "provider": "provider[\"registry.terraform.io/hashicorp/null\"]",
      "instances": [
        {
          "index_key": 0,
          "schema_version": 0,
          "attributes": {
            "id": "4941584993103536512",
            "triggers": {
              "arguments": "35c4dad51d21f548519550d1828ca0ee",
              "create_cmd_body": "gke-cluster-client-1 us-west1-a jk-mlops-dev false false kubectl apply -f config-management-operator.yaml",
              "create_cmd_entrypoint": ".terraform/modules/acm-clients.acm_operator.k8s_operator/terraform-google-gcloud-2.0.3/modules/kubectl-wrapper/scripts/kubectl_wrapper.sh",
              "gcloud_bin_abs_path": "/google-cloud-sdk/bin",
              "md5": "352ffea85252263f4f6b54fa4bb8ffb3"
            }
          },
          "sensitive_attributes": [],
          "private": "bnVsbA==",
          "dependencies": [
            "data.google_client_config.current",
            "data.google_project.project",
            "module.acm-clients.module.acm_operator.module.k8s_operator.module.gcloud_kubectl.data.external.env_override",
            "module.acm-clients.module.acm_operator.module.k8s_operator.module.gcloud_kubectl.null_resource.additional_components",
            "module.acm-clients.module.acm_operator.module.k8s_operator.module.gcloud_kubectl.null_resource.decompress",
            "module.acm-clients.module.acm_operator.module.k8s_operator.module.gcloud_kubectl.null_resource.gcloud_auth_google_credentials",
            "module.acm-clients.module.acm_operator.module.k8s_operator.module.gcloud_kubectl.null_resource.gcloud_auth_service_account_key_file",
            "module.acm-clients.module.acm_operator.module.k8s_operator.module.gcloud_kubectl.null_resource.module_depends_on",
            "module.acm-clients.module.acm_operator.module.k8s_operator.module.gcloud_kubectl.null_resource.upgrade",
            "module.acm-clients.module.acm_operator.module.k8s_operator.module.gcloud_kubectl.random_id.cache",
            "module.acm-clients.module.acm_operator.module.k8sop_manifest.null_resource.additional_components",
            "module.acm-clients.module.acm_operator.module.k8sop_manifest.null_resource.gcloud_auth_google_credentials",
            "module.acm-clients.module.acm_operator.module.k8sop_manifest.null_resource.gcloud_auth_service_account_key_file",
            "module.acm-clients.module.acm_operator.module.k8sop_manifest.null_resource.run_command",
            "module.acm-clients.module.acm_operator.module.k8sop_manifest.null_resource.run_destroy_command",
            "module.client-clusters.data.google_client_config.default",
            "module.client-clusters.data.google_compute_subnetwork.gke_subnetwork",
            "module.client-clusters.data.google_compute_zones.available",
            "module.client-clusters.data.google_container_engine_versions.region",
            "module.client-clusters.data.google_container_engine_versions.zone",
            "module.client-clusters.google_compute_firewall.intra_egress",
            "module.client-clusters.google_compute_firewall.master_webhooks",
            "module.client-clusters.google_compute_firewall.shadow_allow_master",
            "module.client-clusters.google_compute_firewall.shadow_allow_nodes",
            "module.client-clusters.google_compute_firewall.shadow_allow_pods",
            "module.client-clusters.google_container_cluster.primary",
            "module.client-clusters.google_container_node_pool.pools",
            "module.client-clusters.google_project_iam_member.cluster_service_account-artifact-registry",
            "module.client-clusters.google_project_iam_member.cluster_service_account-gcr",
            "module.client-clusters.google_project_iam_member.cluster_service_account-log_writer",
            "module.client-clusters.google_project_iam_member.cluster_service_account-metric_writer",
            "module.client-clusters.google_project_iam_member.cluster_service_account-monitoring_viewer",
            "module.client-clusters.google_project_iam_member.cluster_service_account-resourceMetadata-writer",
            "module.client-clusters.google_service_account.cluster_service_account",
            "module.client-clusters.kubernetes_config_map.ip-masq-agent",
            "module.client-clusters.kubernetes_config_map.kube-dns",
            "module.client-clusters.kubernetes_config_map.kube-dns-upstream-nameservers-and-stub-domains",
            "module.client-clusters.kubernetes_config_map.kube-dns-upstream-namservers",
            "module.client-clusters.module.gcloud_delete_default_kube_dns_configmap.module.gcloud_kubectl.data.external.env_override",
            "module.client-clusters.module.gcloud_delete_default_kube_dns_configmap.module.gcloud_kubectl.null_resource.additional_components",
            "module.client-clusters.module.gcloud_delete_default_kube_dns_configmap.module.gcloud_kubectl.null_resource.additional_components_destroy",
            "module.client-clusters.module.gcloud_delete_default_kube_dns_configmap.module.gcloud_kubectl.null_resource.decompress",
            "module.client-clusters.module.gcloud_delete_default_kube_dns_configmap.module.gcloud_kubectl.null_resource.decompress_destroy",
            "module.client-clusters.module.gcloud_delete_default_kube_dns_configmap.module.gcloud_kubectl.null_resource.download_gcloud",
            "module.client-clusters.module.gcloud_delete_default_kube_dns_configmap.module.gcloud_kubectl.null_resource.download_jq",
            "module.client-clusters.module.gcloud_delete_default_kube_dns_configmap.module.gcloud_kubectl.null_resource.gcloud_auth_google_credentials",
            "module.client-clusters.module.gcloud_delete_default_kube_dns_configmap.module.gcloud_kubectl.null_resource.gcloud_auth_google_credentials_destroy",
            "module.client-clusters.module.gcloud_delete_default_kube_dns_configmap.module.gcloud_kubectl.null_resource.gcloud_auth_service_account_key_file",
            "module.client-clusters.module.gcloud_delete_default_kube_dns_configmap.module.gcloud_kubectl.null_resource.gcloud_auth_service_account_key_file_destroy",
            "module.client-clusters.module.gcloud_delete_default_kube_dns_configmap.module.gcloud_kubectl.null_resource.module_depends_on",
            "module.client-clusters.module.gcloud_delete_default_kube_dns_configmap.module.gcloud_kubectl.null_resource.prepare_cache",
            "module.client-clusters.module.gcloud_delete_default_kube_dns_configmap.module.gcloud_kubectl.null_resource.run_command",
            "module.client-clusters.module.gcloud_delete_default_kube_dns_configmap.module.gcloud_kubectl.null_resource.run_destroy_command",
            "module.client-clusters.module.gcloud_delete_default_kube_dns_configmap.module.gcloud_kubectl.null_resource.upgrade",
            "module.client-clusters.module.gcloud_delete_default_kube_dns_configmap.module.gcloud_kubectl.null_resource.upgrade_destroy",
            "module.client-clusters.module.gcloud_delete_default_kube_dns_configmap.module.gcloud_kubectl.random_id.cache",
            "module.client-clusters.random_shuffle.available_zones",
            "module.client-clusters.random_string.cluster_service_account_suffix",
            "module.project-services.google_project_service.project_services"
          ]
        }
      ]
    },
    {
      "module": "module.acm-clients[1].module.acm_operator.module.k8s_operator.module.gcloud_kubectl",
      "mode": "managed",
      "type": "null_resource",
      "name": "run_destroy_command",
      "provider": "provider[\"registry.terraform.io/hashicorp/null\"]",
      "instances": [
        {
          "index_key": 0,
          "schema_version": 0,
          "attributes": {
            "id": "462920699021480586",
            "triggers": {
              "destroy_cmd_body": "gke-cluster-client-1 us-west1-a jk-mlops-dev false false kubectl delete -f config-management-operator.yaml",
              "destroy_cmd_entrypoint": ".terraform/modules/acm-clients.acm_operator.k8s_operator/terraform-google-gcloud-2.0.3/modules/kubectl-wrapper/scripts/kubectl_wrapper.sh",
              "gcloud_bin_abs_path": "/google-cloud-sdk/bin"
            }
          },
          "sensitive_attributes": [],
          "private": "bnVsbA==",
          "dependencies": [
            "data.google_client_config.current",
            "data.google_project.project",
            "module.acm-clients.module.acm_operator.module.k8s_operator.module.gcloud_kubectl.data.external.env_override",
            "module.acm-clients.module.acm_operator.module.k8s_operator.module.gcloud_kubectl.null_resource.additional_components",
            "module.acm-clients.module.acm_operator.module.k8s_operator.module.gcloud_kubectl.null_resource.decompress",
            "module.acm-clients.module.acm_operator.module.k8s_operator.module.gcloud_kubectl.null_resource.gcloud_auth_google_credentials",
            "module.acm-clients.module.acm_operator.module.k8s_operator.module.gcloud_kubectl.null_resource.gcloud_auth_service_account_key_file",
            "module.acm-clients.module.acm_operator.module.k8s_operator.module.gcloud_kubectl.null_resource.module_depends_on",
            "module.acm-clients.module.acm_operator.module.k8s_operator.module.gcloud_kubectl.null_resource.upgrade",
            "module.acm-clients.module.acm_operator.module.k8s_operator.module.gcloud_kubectl.random_id.cache",
            "module.acm-clients.module.acm_operator.module.k8sop_manifest.null_resource.additional_components",
            "module.acm-clients.module.acm_operator.module.k8sop_manifest.null_resource.gcloud_auth_google_credentials",
            "module.acm-clients.module.acm_operator.module.k8sop_manifest.null_resource.gcloud_auth_service_account_key_file",
            "module.acm-clients.module.acm_operator.module.k8sop_manifest.null_resource.run_command",
            "module.acm-clients.module.acm_operator.module.k8sop_manifest.null_resource.run_destroy_command",
            "module.client-clusters.data.google_client_config.default",
            "module.client-clusters.data.google_compute_subnetwork.gke_subnetwork",
            "module.client-clusters.data.google_compute_zones.available",
            "module.client-clusters.data.google_container_engine_versions.region",
            "module.client-clusters.data.google_container_engine_versions.zone",
            "module.client-clusters.google_compute_firewall.intra_egress",
            "module.client-clusters.google_compute_firewall.master_webhooks",
            "module.client-clusters.google_compute_firewall.shadow_allow_master",
            "module.client-clusters.google_compute_firewall.shadow_allow_nodes",
            "module.client-clusters.google_compute_firewall.shadow_allow_pods",
            "module.client-clusters.google_container_cluster.primary",
            "module.client-clusters.google_container_node_pool.pools",
            "module.client-clusters.google_project_iam_member.cluster_service_account-artifact-registry",
            "module.client-clusters.google_project_iam_member.cluster_service_account-gcr",
            "module.client-clusters.google_project_iam_member.cluster_service_account-log_writer",
            "module.client-clusters.google_project_iam_member.cluster_service_account-metric_writer",
            "module.client-clusters.google_project_iam_member.cluster_service_account-monitoring_viewer",
            "module.client-clusters.google_project_iam_member.cluster_service_account-resourceMetadata-writer",
            "module.client-clusters.google_service_account.cluster_service_account",
            "module.client-clusters.kubernetes_config_map.ip-masq-agent",
            "module.client-clusters.kubernetes_config_map.kube-dns",
            "module.client-clusters.kubernetes_config_map.kube-dns-upstream-nameservers-and-stub-domains",
            "module.client-clusters.kubernetes_config_map.kube-dns-upstream-namservers",
            "module.client-clusters.module.gcloud_delete_default_kube_dns_configmap.module.gcloud_kubectl.data.external.env_override",
            "module.client-clusters.module.gcloud_delete_default_kube_dns_configmap.module.gcloud_kubectl.null_resource.additional_components",
            "module.client-clusters.module.gcloud_delete_default_kube_dns_configmap.module.gcloud_kubectl.null_resource.additional_components_destroy",
            "module.client-clusters.module.gcloud_delete_default_kube_dns_configmap.module.gcloud_kubectl.null_resource.decompress",
            "module.client-clusters.module.gcloud_delete_default_kube_dns_configmap.module.gcloud_kubectl.null_resource.decompress_destroy",
            "module.client-clusters.module.gcloud_delete_default_kube_dns_configmap.module.gcloud_kubectl.null_resource.download_gcloud",
            "module.client-clusters.module.gcloud_delete_default_kube_dns_configmap.module.gcloud_kubectl.null_resource.download_jq",
            "module.client-clusters.module.gcloud_delete_default_kube_dns_configmap.module.gcloud_kubectl.null_resource.gcloud_auth_google_credentials",
            "module.client-clusters.module.gcloud_delete_default_kube_dns_configmap.module.gcloud_kubectl.null_resource.gcloud_auth_google_credentials_destroy",
            "module.client-clusters.module.gcloud_delete_default_kube_dns_configmap.module.gcloud_kubectl.null_resource.gcloud_auth_service_account_key_file",
            "module.client-clusters.module.gcloud_delete_default_kube_dns_configmap.module.gcloud_kubectl.null_resource.gcloud_auth_service_account_key_file_destroy",
            "module.client-clusters.module.gcloud_delete_default_kube_dns_configmap.module.gcloud_kubectl.null_resource.module_depends_on",
            "module.client-clusters.module.gcloud_delete_default_kube_dns_configmap.module.gcloud_kubectl.null_resource.prepare_cache",
            "module.client-clusters.module.gcloud_delete_default_kube_dns_configmap.module.gcloud_kubectl.null_resource.run_command",
            "module.client-clusters.module.gcloud_delete_default_kube_dns_configmap.module.gcloud_kubectl.null_resource.run_destroy_command",
            "module.client-clusters.module.gcloud_delete_default_kube_dns_configmap.module.gcloud_kubectl.null_resource.upgrade",
            "module.client-clusters.module.gcloud_delete_default_kube_dns_configmap.module.gcloud_kubectl.null_resource.upgrade_destroy",
            "module.client-clusters.module.gcloud_delete_default_kube_dns_configmap.module.gcloud_kubectl.random_id.cache",
            "module.client-clusters.random_shuffle.available_zones",
            "module.client-clusters.random_string.cluster_service_account_suffix",
            "module.project-services.google_project_service.project_services"
          ]
        }
      ]
    },
    {
      "module": "module.acm-clients[1].module.acm_operator.module.k8sop_config.module.gcloud_kubectl",
      "mode": "data",
      "type": "external",
      "name": "env_override",
      "provider": "provider[\"registry.terraform.io/hashicorp/external\"]",
      "instances": [
        {
          "index_key": 0,
          "schema_version": 0,
          "attributes": {
            "id": "-",
            "program": [
              ".terraform/modules/acm-clients.acm_operator.k8sop_config/terraform-google-gcloud-2.0.3/scripts/check_env.sh"
            ],
            "query": null,
            "result": {
              "download": ""
            },
            "working_dir": null
          },
          "sensitive_attributes": []
        }
      ]
    },
    {
      "module": "module.acm-clients[1].module.acm_operator.module.k8sop_config.module.gcloud_kubectl",
      "mode": "managed",
      "type": "null_resource",
      "name": "additional_components",
      "provider": "provider[\"registry.terraform.io/hashicorp/null\"]",
      "instances": [
        {
          "index_key": 0,
          "schema_version": 0,
          "attributes": {
            "id": "7517085819674528575",
            "triggers": {
              "additional_components_command": ".terraform/modules/acm-clients.acm_operator.k8sop_config/terraform-google-gcloud-2.0.3/scripts/check_components.sh gcloud kubectl",
              "arguments": "e67f310dfd999446113a726246ec2734",
              "configmanagement": "apiVersion: configmanagement.gke.io/v1\nkind: ConfigManagement\nmetadata:\n  name: config-management\nspec:\n  # clusterName is required and must be unique among all managed clusters\n  clusterName: gke-cluster-client-1\n  policyController:\n    enabled: true\n    templateLibraryInstalled: true\n    logDeniesEnabled: false\n  git:\n    syncRepo: https://github.com/jarokaz/tff/\n    secretType: none\n    policyDir: acm-dir\n    syncBranch: main\n  \n  \n",
              "md5": "695569ed0c115609fca6ac38234ed814"
            }
          },
          "sensitive_attributes": [],
          "private": "bnVsbA==",
          "dependencies": [
            "data.google_client_config.current",
            "data.google_project.project",
            "module.acm-clients.module.acm_operator.data.template_file.k8sop_config",
            "module.acm-clients.module.acm_operator.module.k8sop_config.module.gcloud_kubectl.data.external.env_override",
            "module.acm-clients.module.acm_operator.module.k8sop_config.module.gcloud_kubectl.null_resource.upgrade",
            "module.acm-clients.module.acm_operator.module.k8sop_config.module.gcloud_kubectl.random_id.cache",
            "module.client-clusters.data.google_client_config.default",
            "module.client-clusters.data.google_compute_subnetwork.gke_subnetwork",
            "module.client-clusters.data.google_compute_zones.available",
            "module.client-clusters.data.google_container_engine_versions.region",
            "module.client-clusters.data.google_container_engine_versions.zone",
            "module.client-clusters.google_compute_firewall.intra_egress",
            "module.client-clusters.google_compute_firewall.master_webhooks",
            "module.client-clusters.google_compute_firewall.shadow_allow_master",
            "module.client-clusters.google_compute_firewall.shadow_allow_nodes",
            "module.client-clusters.google_compute_firewall.shadow_allow_pods",
            "module.client-clusters.google_container_cluster.primary",
            "module.client-clusters.google_container_node_pool.pools",
            "module.client-clusters.google_project_iam_member.cluster_service_account-artifact-registry",
            "module.client-clusters.google_project_iam_member.cluster_service_account-gcr",
            "module.client-clusters.google_project_iam_member.cluster_service_account-log_writer",
            "module.client-clusters.google_project_iam_member.cluster_service_account-metric_writer",
            "module.client-clusters.google_project_iam_member.cluster_service_account-monitoring_viewer",
            "module.client-clusters.google_project_iam_member.cluster_service_account-resourceMetadata-writer",
            "module.client-clusters.google_service_account.cluster_service_account",
            "module.client-clusters.kubernetes_config_map.ip-masq-agent",
            "module.client-clusters.kubernetes_config_map.kube-dns",
            "module.client-clusters.kubernetes_config_map.kube-dns-upstream-nameservers-and-stub-domains",
            "module.client-clusters.kubernetes_config_map.kube-dns-upstream-namservers",
            "module.client-clusters.module.gcloud_delete_default_kube_dns_configmap.module.gcloud_kubectl.data.external.env_override",
            "module.client-clusters.module.gcloud_delete_default_kube_dns_configmap.module.gcloud_kubectl.null_resource.additional_components",
            "module.client-clusters.module.gcloud_delete_default_kube_dns_configmap.module.gcloud_kubectl.null_resource.additional_components_destroy",
            "module.client-clusters.module.gcloud_delete_default_kube_dns_configmap.module.gcloud_kubectl.null_resource.decompress",
            "module.client-clusters.module.gcloud_delete_default_kube_dns_configmap.module.gcloud_kubectl.null_resource.decompress_destroy",
            "module.client-clusters.module.gcloud_delete_default_kube_dns_configmap.module.gcloud_kubectl.null_resource.download_gcloud",
            "module.client-clusters.module.gcloud_delete_default_kube_dns_configmap.module.gcloud_kubectl.null_resource.download_jq",
            "module.client-clusters.module.gcloud_delete_default_kube_dns_configmap.module.gcloud_kubectl.null_resource.gcloud_auth_google_credentials",
            "module.client-clusters.module.gcloud_delete_default_kube_dns_configmap.module.gcloud_kubectl.null_resource.gcloud_auth_google_credentials_destroy",
            "module.client-clusters.module.gcloud_delete_default_kube_dns_configmap.module.gcloud_kubectl.null_resource.gcloud_auth_service_account_key_file",
            "module.client-clusters.module.gcloud_delete_default_kube_dns_configmap.module.gcloud_kubectl.null_resource.gcloud_auth_service_account_key_file_destroy",
            "module.client-clusters.module.gcloud_delete_default_kube_dns_configmap.module.gcloud_kubectl.null_resource.module_depends_on",
            "module.client-clusters.module.gcloud_delete_default_kube_dns_configmap.module.gcloud_kubectl.null_resource.prepare_cache",
            "module.client-clusters.module.gcloud_delete_default_kube_dns_configmap.module.gcloud_kubectl.null_resource.run_command",
            "module.client-clusters.module.gcloud_delete_default_kube_dns_configmap.module.gcloud_kubectl.null_resource.run_destroy_command",
            "module.client-clusters.module.gcloud_delete_default_kube_dns_configmap.module.gcloud_kubectl.null_resource.upgrade",
            "module.client-clusters.module.gcloud_delete_default_kube_dns_configmap.module.gcloud_kubectl.null_resource.upgrade_destroy",
            "module.client-clusters.module.gcloud_delete_default_kube_dns_configmap.module.gcloud_kubectl.random_id.cache",
            "module.client-clusters.random_shuffle.available_zones",
            "module.client-clusters.random_string.cluster_service_account_suffix",
            "module.project-services.google_project_service.project_services"
          ]
        }
      ]
    },
    {
      "module": "module.acm-clients[1].module.acm_operator.module.k8sop_config.module.gcloud_kubectl",
      "mode": "managed",
      "type": "null_resource",
      "name": "additional_components_destroy",
      "provider": "provider[\"registry.terraform.io/hashicorp/null\"]",
      "instances": [
        {
          "index_key": 0,
          "schema_version": 0,
          "attributes": {
            "id": "226639769465441976",
            "triggers": {
              "additional_components_command": ".terraform/modules/acm-clients.acm_operator.k8sop_config/terraform-google-gcloud-2.0.3/scripts/check_components.sh gcloud kubectl"
            }
          },
          "sensitive_attributes": [],
          "private": "bnVsbA==",
          "dependencies": [
            "data.google_client_config.current",
            "data.google_project.project",
            "module.acm-clients.module.acm_operator.data.template_file.k8sop_config",
            "module.acm-clients.module.acm_operator.module.k8s_operator.module.gcloud_kubectl.data.external.env_override",
            "module.acm-clients.module.acm_operator.module.k8s_operator.module.gcloud_kubectl.null_resource.additional_components",
            "module.acm-clients.module.acm_operator.module.k8s_operator.module.gcloud_kubectl.null_resource.decompress",
            "module.acm-clients.module.acm_operator.module.k8s_operator.module.gcloud_kubectl.null_resource.gcloud_auth_google_credentials",
            "module.acm-clients.module.acm_operator.module.k8s_operator.module.gcloud_kubectl.null_resource.gcloud_auth_service_account_key_file",
            "module.acm-clients.module.acm_operator.module.k8s_operator.module.gcloud_kubectl.null_resource.module_depends_on",
            "module.acm-clients.module.acm_operator.module.k8s_operator.module.gcloud_kubectl.null_resource.run_command",
            "module.acm-clients.module.acm_operator.module.k8s_operator.module.gcloud_kubectl.null_resource.run_destroy_command",
            "module.acm-clients.module.acm_operator.module.k8s_operator.module.gcloud_kubectl.null_resource.upgrade",
            "module.acm-clients.module.acm_operator.module.k8s_operator.module.gcloud_kubectl.random_id.cache",
            "module.acm-clients.module.acm_operator.module.k8sop_config.module.gcloud_kubectl.data.external.env_override",
            "module.acm-clients.module.acm_operator.module.k8sop_config.module.gcloud_kubectl.null_resource.additional_components",
            "module.acm-clients.module.acm_operator.module.k8sop_config.module.gcloud_kubectl.null_resource.decompress",
            "module.acm-clients.module.acm_operator.module.k8sop_config.module.gcloud_kubectl.null_resource.gcloud_auth_google_credentials",
            "module.acm-clients.module.acm_operator.module.k8sop_config.module.gcloud_kubectl.null_resource.gcloud_auth_service_account_key_file",
            "module.acm-clients.module.acm_operator.module.k8sop_config.module.gcloud_kubectl.null_resource.module_depends_on",
            "module.acm-clients.module.acm_operator.module.k8sop_config.module.gcloud_kubectl.null_resource.run_destroy_command",
            "module.acm-clients.module.acm_operator.module.k8sop_config.module.gcloud_kubectl.null_resource.upgrade",
            "module.acm-clients.module.acm_operator.module.k8sop_config.module.gcloud_kubectl.random_id.cache",
            "module.acm-clients.module.acm_operator.module.k8sop_creds_secret.module.gcloud_kubectl.null_resource.additional_components",
            "module.acm-clients.module.acm_operator.module.k8sop_creds_secret.module.gcloud_kubectl.null_resource.gcloud_auth_google_credentials",
            "module.acm-clients.module.acm_operator.module.k8sop_creds_secret.module.gcloud_kubectl.null_resource.gcloud_auth_service_account_key_file",
            "module.acm-clients.module.acm_operator.module.k8sop_creds_secret.module.gcloud_kubectl.null_resource.run_command",
            "module.acm-clients.module.acm_operator.module.k8sop_creds_secret.module.gcloud_kubectl.null_resource.run_destroy_command",
            "module.acm-clients.module.acm_operator.module.k8sop_manifest.null_resource.additional_components",
            "module.acm-clients.module.acm_operator.module.k8sop_manifest.null_resource.gcloud_auth_google_credentials",
            "module.acm-clients.module.acm_operator.module.k8sop_manifest.null_resource.gcloud_auth_service_account_key_file",
            "module.acm-clients.module.acm_operator.module.k8sop_manifest.null_resource.run_command",
            "module.acm-clients.module.acm_operator.module.k8sop_manifest.null_resource.run_destroy_command",
            "module.client-clusters.data.google_client_config.default",
            "module.client-clusters.data.google_compute_subnetwork.gke_subnetwork",
            "module.client-clusters.data.google_compute_zones.available",
            "module.client-clusters.data.google_container_engine_versions.region",
            "module.client-clusters.data.google_container_engine_versions.zone",
            "module.client-clusters.google_compute_firewall.intra_egress",
            "module.client-clusters.google_compute_firewall.master_webhooks",
            "module.client-clusters.google_compute_firewall.shadow_allow_master",
            "module.client-clusters.google_compute_firewall.shadow_allow_nodes",
            "module.client-clusters.google_compute_firewall.shadow_allow_pods",
            "module.client-clusters.google_container_cluster.primary",
            "module.client-clusters.google_container_node_pool.pools",
            "module.client-clusters.google_project_iam_member.cluster_service_account-artifact-registry",
            "module.client-clusters.google_project_iam_member.cluster_service_account-gcr",
            "module.client-clusters.google_project_iam_member.cluster_service_account-log_writer",
            "module.client-clusters.google_project_iam_member.cluster_service_account-metric_writer",
            "module.client-clusters.google_project_iam_member.cluster_service_account-monitoring_viewer",
            "module.client-clusters.google_project_iam_member.cluster_service_account-resourceMetadata-writer",
            "module.client-clusters.google_service_account.cluster_service_account",
            "module.client-clusters.kubernetes_config_map.ip-masq-agent",
            "module.client-clusters.kubernetes_config_map.kube-dns",
            "module.client-clusters.kubernetes_config_map.kube-dns-upstream-nameservers-and-stub-domains",
            "module.client-clusters.kubernetes_config_map.kube-dns-upstream-namservers",
            "module.client-clusters.module.gcloud_delete_default_kube_dns_configmap.module.gcloud_kubectl.data.external.env_override",
            "module.client-clusters.module.gcloud_delete_default_kube_dns_configmap.module.gcloud_kubectl.null_resource.additional_components",
            "module.client-clusters.module.gcloud_delete_default_kube_dns_configmap.module.gcloud_kubectl.null_resource.additional_components_destroy",
            "module.client-clusters.module.gcloud_delete_default_kube_dns_configmap.module.gcloud_kubectl.null_resource.decompress",
            "module.client-clusters.module.gcloud_delete_default_kube_dns_configmap.module.gcloud_kubectl.null_resource.decompress_destroy",
            "module.client-clusters.module.gcloud_delete_default_kube_dns_configmap.module.gcloud_kubectl.null_resource.download_gcloud",
            "module.client-clusters.module.gcloud_delete_default_kube_dns_configmap.module.gcloud_kubectl.null_resource.download_jq",
            "module.client-clusters.module.gcloud_delete_default_kube_dns_configmap.module.gcloud_kubectl.null_resource.gcloud_auth_google_credentials",
            "module.client-clusters.module.gcloud_delete_default_kube_dns_configmap.module.gcloud_kubectl.null_resource.gcloud_auth_google_credentials_destroy",
            "module.client-clusters.module.gcloud_delete_default_kube_dns_configmap.module.gcloud_kubectl.null_resource.gcloud_auth_service_account_key_file",
            "module.client-clusters.module.gcloud_delete_default_kube_dns_configmap.module.gcloud_kubectl.null_resource.gcloud_auth_service_account_key_file_destroy",
            "module.client-clusters.module.gcloud_delete_default_kube_dns_configmap.module.gcloud_kubectl.null_resource.module_depends_on",
            "module.client-clusters.module.gcloud_delete_default_kube_dns_configmap.module.gcloud_kubectl.null_resource.prepare_cache",
            "module.client-clusters.module.gcloud_delete_default_kube_dns_configmap.module.gcloud_kubectl.null_resource.run_command",
            "module.client-clusters.module.gcloud_delete_default_kube_dns_configmap.module.gcloud_kubectl.null_resource.run_destroy_command",
            "module.client-clusters.module.gcloud_delete_default_kube_dns_configmap.module.gcloud_kubectl.null_resource.upgrade",
            "module.client-clusters.module.gcloud_delete_default_kube_dns_configmap.module.gcloud_kubectl.null_resource.upgrade_destroy",
            "module.client-clusters.module.gcloud_delete_default_kube_dns_configmap.module.gcloud_kubectl.random_id.cache",
            "module.client-clusters.random_shuffle.available_zones",
            "module.client-clusters.random_string.cluster_service_account_suffix",
            "module.project-services.google_project_service.project_services"
          ]
        }
      ]
    },
    {
      "module": "module.acm-clients[1].module.acm_operator.module.k8sop_config.module.gcloud_kubectl",
      "mode": "managed",
      "type": "null_resource",
      "name": "module_depends_on",
      "provider": "provider[\"registry.terraform.io/hashicorp/null\"]",
      "instances": [
        {
          "index_key": 0,
          "schema_version": 0,
          "attributes": {
            "id": "3209330238927435117",
            "triggers": {
              "value": "2"
            }
          },
          "sensitive_attributes": [],
          "private": "bnVsbA==",
          "dependencies": [
            "data.google_client_config.current",
            "data.google_project.project",
            "module.acm-clients.module.acm_operator.module.k8s_operator.module.gcloud_kubectl.data.external.env_override",
            "module.acm-clients.module.acm_operator.module.k8s_operator.module.gcloud_kubectl.null_resource.additional_components",
            "module.acm-clients.module.acm_operator.module.k8s_operator.module.gcloud_kubectl.null_resource.decompress",
            "module.acm-clients.module.acm_operator.module.k8s_operator.module.gcloud_kubectl.null_resource.gcloud_auth_google_credentials",
            "module.acm-clients.module.acm_operator.module.k8s_operator.module.gcloud_kubectl.null_resource.gcloud_auth_service_account_key_file",
            "module.acm-clients.module.acm_operator.module.k8s_operator.module.gcloud_kubectl.null_resource.module_depends_on",
            "module.acm-clients.module.acm_operator.module.k8s_operator.module.gcloud_kubectl.null_resource.run_command",
            "module.acm-clients.module.acm_operator.module.k8s_operator.module.gcloud_kubectl.null_resource.run_destroy_command",
            "module.acm-clients.module.acm_operator.module.k8s_operator.module.gcloud_kubectl.null_resource.upgrade",
            "module.acm-clients.module.acm_operator.module.k8s_operator.module.gcloud_kubectl.random_id.cache",
            "module.acm-clients.module.acm_operator.module.k8sop_creds_secret.module.gcloud_kubectl.null_resource.additional_components",
            "module.acm-clients.module.acm_operator.module.k8sop_creds_secret.module.gcloud_kubectl.null_resource.gcloud_auth_google_credentials",
            "module.acm-clients.module.acm_operator.module.k8sop_creds_secret.module.gcloud_kubectl.null_resource.gcloud_auth_service_account_key_file",
            "module.acm-clients.module.acm_operator.module.k8sop_creds_secret.module.gcloud_kubectl.null_resource.run_command",
            "module.acm-clients.module.acm_operator.module.k8sop_creds_secret.module.gcloud_kubectl.null_resource.run_destroy_command",
            "module.acm-clients.module.acm_operator.module.k8sop_manifest.null_resource.additional_components",
            "module.acm-clients.module.acm_operator.module.k8sop_manifest.null_resource.gcloud_auth_google_credentials",
            "module.acm-clients.module.acm_operator.module.k8sop_manifest.null_resource.gcloud_auth_service_account_key_file",
            "module.acm-clients.module.acm_operator.module.k8sop_manifest.null_resource.run_command",
            "module.acm-clients.module.acm_operator.module.k8sop_manifest.null_resource.run_destroy_command",
            "module.client-clusters.data.google_client_config.default",
            "module.client-clusters.data.google_compute_subnetwork.gke_subnetwork",
            "module.client-clusters.data.google_compute_zones.available",
            "module.client-clusters.data.google_container_engine_versions.region",
            "module.client-clusters.data.google_container_engine_versions.zone",
            "module.client-clusters.google_compute_firewall.intra_egress",
            "module.client-clusters.google_compute_firewall.master_webhooks",
            "module.client-clusters.google_compute_firewall.shadow_allow_master",
            "module.client-clusters.google_compute_firewall.shadow_allow_nodes",
            "module.client-clusters.google_compute_firewall.shadow_allow_pods",
            "module.client-clusters.google_container_cluster.primary",
            "module.client-clusters.google_container_node_pool.pools",
            "module.client-clusters.google_project_iam_member.cluster_service_account-artifact-registry",
            "module.client-clusters.google_project_iam_member.cluster_service_account-gcr",
            "module.client-clusters.google_project_iam_member.cluster_service_account-log_writer",
            "module.client-clusters.google_project_iam_member.cluster_service_account-metric_writer",
            "module.client-clusters.google_project_iam_member.cluster_service_account-monitoring_viewer",
            "module.client-clusters.google_project_iam_member.cluster_service_account-resourceMetadata-writer",
            "module.client-clusters.google_service_account.cluster_service_account",
            "module.client-clusters.kubernetes_config_map.ip-masq-agent",
            "module.client-clusters.kubernetes_config_map.kube-dns",
            "module.client-clusters.kubernetes_config_map.kube-dns-upstream-nameservers-and-stub-domains",
            "module.client-clusters.kubernetes_config_map.kube-dns-upstream-namservers",
            "module.client-clusters.module.gcloud_delete_default_kube_dns_configmap.module.gcloud_kubectl.data.external.env_override",
            "module.client-clusters.module.gcloud_delete_default_kube_dns_configmap.module.gcloud_kubectl.null_resource.additional_components",
            "module.client-clusters.module.gcloud_delete_default_kube_dns_configmap.module.gcloud_kubectl.null_resource.additional_components_destroy",
            "module.client-clusters.module.gcloud_delete_default_kube_dns_configmap.module.gcloud_kubectl.null_resource.decompress",
            "module.client-clusters.module.gcloud_delete_default_kube_dns_configmap.module.gcloud_kubectl.null_resource.decompress_destroy",
            "module.client-clusters.module.gcloud_delete_default_kube_dns_configmap.module.gcloud_kubectl.null_resource.download_gcloud",
            "module.client-clusters.module.gcloud_delete_default_kube_dns_configmap.module.gcloud_kubectl.null_resource.download_jq",
            "module.client-clusters.module.gcloud_delete_default_kube_dns_configmap.module.gcloud_kubectl.null_resource.gcloud_auth_google_credentials",
            "module.client-clusters.module.gcloud_delete_default_kube_dns_configmap.module.gcloud_kubectl.null_resource.gcloud_auth_google_credentials_destroy",
            "module.client-clusters.module.gcloud_delete_default_kube_dns_configmap.module.gcloud_kubectl.null_resource.gcloud_auth_service_account_key_file",
            "module.client-clusters.module.gcloud_delete_default_kube_dns_configmap.module.gcloud_kubectl.null_resource.gcloud_auth_service_account_key_file_destroy",
            "module.client-clusters.module.gcloud_delete_default_kube_dns_configmap.module.gcloud_kubectl.null_resource.module_depends_on",
            "module.client-clusters.module.gcloud_delete_default_kube_dns_configmap.module.gcloud_kubectl.null_resource.prepare_cache",
            "module.client-clusters.module.gcloud_delete_default_kube_dns_configmap.module.gcloud_kubectl.null_resource.run_command",
            "module.client-clusters.module.gcloud_delete_default_kube_dns_configmap.module.gcloud_kubectl.null_resource.run_destroy_command",
            "module.client-clusters.module.gcloud_delete_default_kube_dns_configmap.module.gcloud_kubectl.null_resource.upgrade",
            "module.client-clusters.module.gcloud_delete_default_kube_dns_configmap.module.gcloud_kubectl.null_resource.upgrade_destroy",
            "module.client-clusters.module.gcloud_delete_default_kube_dns_configmap.module.gcloud_kubectl.random_id.cache",
            "module.client-clusters.random_shuffle.available_zones",
            "module.client-clusters.random_string.cluster_service_account_suffix",
            "module.project-services.google_project_service.project_services"
          ]
        }
      ]
    },
    {
      "module": "module.acm-clients[1].module.acm_operator.module.k8sop_config.module.gcloud_kubectl",
      "mode": "managed",
      "type": "null_resource",
      "name": "run_command",
      "provider": "provider[\"registry.terraform.io/hashicorp/null\"]",
      "instances": [
        {
          "index_key": 0,
          "schema_version": 0,
          "attributes": {
            "id": "4093920094257091672",
            "triggers": {
              "arguments": "e67f310dfd999446113a726246ec2734",
              "configmanagement": "apiVersion: configmanagement.gke.io/v1\nkind: ConfigManagement\nmetadata:\n  name: config-management\nspec:\n  # clusterName is required and must be unique among all managed clusters\n  clusterName: gke-cluster-client-1\n  policyController:\n    enabled: true\n    templateLibraryInstalled: true\n    logDeniesEnabled: false\n  git:\n    syncRepo: https://github.com/jarokaz/tff/\n    secretType: none\n    policyDir: acm-dir\n    syncBranch: main\n  \n  \n",
              "create_cmd_body": "gke-cluster-client-1 us-west1-a jk-mlops-dev false false kubectl apply -f - \u003c\u003cEOF\napiVersion: configmanagement.gke.io/v1\nkind: ConfigManagement\nmetadata:\n  name: config-management\nspec:\n  # clusterName is required and must be unique among all managed clusters\n  clusterName: gke-cluster-client-1\n  policyController:\n    enabled: true\n    templateLibraryInstalled: true\n    logDeniesEnabled: false\n  git:\n    syncRepo: https://github.com/jarokaz/tff/\n    secretType: none\n    policyDir: acm-dir\n    syncBranch: main\n  \n  \nEOF",
              "create_cmd_entrypoint": ".terraform/modules/acm-clients.acm_operator.k8sop_config/terraform-google-gcloud-2.0.3/modules/kubectl-wrapper/scripts/kubectl_wrapper.sh",
              "gcloud_bin_abs_path": "/google-cloud-sdk/bin",
              "md5": "695569ed0c115609fca6ac38234ed814"
            }
          },
          "sensitive_attributes": [],
          "private": "bnVsbA==",
          "dependencies": [
            "data.google_client_config.current",
            "data.google_project.project",
            "module.acm-clients.module.acm_operator.data.template_file.k8sop_config",
            "module.acm-clients.module.acm_operator.module.k8s_operator.module.gcloud_kubectl.data.external.env_override",
            "module.acm-clients.module.acm_operator.module.k8s_operator.module.gcloud_kubectl.null_resource.additional_components",
            "module.acm-clients.module.acm_operator.module.k8s_operator.module.gcloud_kubectl.null_resource.decompress",
            "module.acm-clients.module.acm_operator.module.k8s_operator.module.gcloud_kubectl.null_resource.gcloud_auth_google_credentials",
            "module.acm-clients.module.acm_operator.module.k8s_operator.module.gcloud_kubectl.null_resource.gcloud_auth_service_account_key_file",
            "module.acm-clients.module.acm_operator.module.k8s_operator.module.gcloud_kubectl.null_resource.module_depends_on",
            "module.acm-clients.module.acm_operator.module.k8s_operator.module.gcloud_kubectl.null_resource.run_command",
            "module.acm-clients.module.acm_operator.module.k8s_operator.module.gcloud_kubectl.null_resource.run_destroy_command",
            "module.acm-clients.module.acm_operator.module.k8s_operator.module.gcloud_kubectl.null_resource.upgrade",
            "module.acm-clients.module.acm_operator.module.k8s_operator.module.gcloud_kubectl.random_id.cache",
            "module.acm-clients.module.acm_operator.module.k8sop_config.module.gcloud_kubectl.data.external.env_override",
            "module.acm-clients.module.acm_operator.module.k8sop_config.module.gcloud_kubectl.null_resource.additional_components",
            "module.acm-clients.module.acm_operator.module.k8sop_config.module.gcloud_kubectl.null_resource.decompress",
            "module.acm-clients.module.acm_operator.module.k8sop_config.module.gcloud_kubectl.null_resource.gcloud_auth_google_credentials",
            "module.acm-clients.module.acm_operator.module.k8sop_config.module.gcloud_kubectl.null_resource.gcloud_auth_service_account_key_file",
            "module.acm-clients.module.acm_operator.module.k8sop_config.module.gcloud_kubectl.null_resource.module_depends_on",
            "module.acm-clients.module.acm_operator.module.k8sop_config.module.gcloud_kubectl.null_resource.upgrade",
            "module.acm-clients.module.acm_operator.module.k8sop_config.module.gcloud_kubectl.random_id.cache",
            "module.acm-clients.module.acm_operator.module.k8sop_creds_secret.module.gcloud_kubectl.null_resource.additional_components",
            "module.acm-clients.module.acm_operator.module.k8sop_creds_secret.module.gcloud_kubectl.null_resource.gcloud_auth_google_credentials",
            "module.acm-clients.module.acm_operator.module.k8sop_creds_secret.module.gcloud_kubectl.null_resource.gcloud_auth_service_account_key_file",
            "module.acm-clients.module.acm_operator.module.k8sop_creds_secret.module.gcloud_kubectl.null_resource.run_command",
            "module.acm-clients.module.acm_operator.module.k8sop_creds_secret.module.gcloud_kubectl.null_resource.run_destroy_command",
            "module.acm-clients.module.acm_operator.module.k8sop_manifest.null_resource.additional_components",
            "module.acm-clients.module.acm_operator.module.k8sop_manifest.null_resource.gcloud_auth_google_credentials",
            "module.acm-clients.module.acm_operator.module.k8sop_manifest.null_resource.gcloud_auth_service_account_key_file",
            "module.acm-clients.module.acm_operator.module.k8sop_manifest.null_resource.run_command",
            "module.acm-clients.module.acm_operator.module.k8sop_manifest.null_resource.run_destroy_command",
            "module.client-clusters.data.google_client_config.default",
            "module.client-clusters.data.google_compute_subnetwork.gke_subnetwork",
            "module.client-clusters.data.google_compute_zones.available",
            "module.client-clusters.data.google_container_engine_versions.region",
            "module.client-clusters.data.google_container_engine_versions.zone",
            "module.client-clusters.google_compute_firewall.intra_egress",
            "module.client-clusters.google_compute_firewall.master_webhooks",
            "module.client-clusters.google_compute_firewall.shadow_allow_master",
            "module.client-clusters.google_compute_firewall.shadow_allow_nodes",
            "module.client-clusters.google_compute_firewall.shadow_allow_pods",
            "module.client-clusters.google_container_cluster.primary",
            "module.client-clusters.google_container_node_pool.pools",
            "module.client-clusters.google_project_iam_member.cluster_service_account-artifact-registry",
            "module.client-clusters.google_project_iam_member.cluster_service_account-gcr",
            "module.client-clusters.google_project_iam_member.cluster_service_account-log_writer",
            "module.client-clusters.google_project_iam_member.cluster_service_account-metric_writer",
            "module.client-clusters.google_project_iam_member.cluster_service_account-monitoring_viewer",
            "module.client-clusters.google_project_iam_member.cluster_service_account-resourceMetadata-writer",
            "module.client-clusters.google_service_account.cluster_service_account",
            "module.client-clusters.kubernetes_config_map.ip-masq-agent",
            "module.client-clusters.kubernetes_config_map.kube-dns",
            "module.client-clusters.kubernetes_config_map.kube-dns-upstream-nameservers-and-stub-domains",
            "module.client-clusters.kubernetes_config_map.kube-dns-upstream-namservers",
            "module.client-clusters.module.gcloud_delete_default_kube_dns_configmap.module.gcloud_kubectl.data.external.env_override",
            "module.client-clusters.module.gcloud_delete_default_kube_dns_configmap.module.gcloud_kubectl.null_resource.additional_components",
            "module.client-clusters.module.gcloud_delete_default_kube_dns_configmap.module.gcloud_kubectl.null_resource.additional_components_destroy",
            "module.client-clusters.module.gcloud_delete_default_kube_dns_configmap.module.gcloud_kubectl.null_resource.decompress",
            "module.client-clusters.module.gcloud_delete_default_kube_dns_configmap.module.gcloud_kubectl.null_resource.decompress_destroy",
            "module.client-clusters.module.gcloud_delete_default_kube_dns_configmap.module.gcloud_kubectl.null_resource.download_gcloud",
            "module.client-clusters.module.gcloud_delete_default_kube_dns_configmap.module.gcloud_kubectl.null_resource.download_jq",
            "module.client-clusters.module.gcloud_delete_default_kube_dns_configmap.module.gcloud_kubectl.null_resource.gcloud_auth_google_credentials",
            "module.client-clusters.module.gcloud_delete_default_kube_dns_configmap.module.gcloud_kubectl.null_resource.gcloud_auth_google_credentials_destroy",
            "module.client-clusters.module.gcloud_delete_default_kube_dns_configmap.module.gcloud_kubectl.null_resource.gcloud_auth_service_account_key_file",
            "module.client-clusters.module.gcloud_delete_default_kube_dns_configmap.module.gcloud_kubectl.null_resource.gcloud_auth_service_account_key_file_destroy",
            "module.client-clusters.module.gcloud_delete_default_kube_dns_configmap.module.gcloud_kubectl.null_resource.module_depends_on",
            "module.client-clusters.module.gcloud_delete_default_kube_dns_configmap.module.gcloud_kubectl.null_resource.prepare_cache",
            "module.client-clusters.module.gcloud_delete_default_kube_dns_configmap.module.gcloud_kubectl.null_resource.run_command",
            "module.client-clusters.module.gcloud_delete_default_kube_dns_configmap.module.gcloud_kubectl.null_resource.run_destroy_command",
            "module.client-clusters.module.gcloud_delete_default_kube_dns_configmap.module.gcloud_kubectl.null_resource.upgrade",
            "module.client-clusters.module.gcloud_delete_default_kube_dns_configmap.module.gcloud_kubectl.null_resource.upgrade_destroy",
            "module.client-clusters.module.gcloud_delete_default_kube_dns_configmap.module.gcloud_kubectl.random_id.cache",
            "module.client-clusters.random_shuffle.available_zones",
            "module.client-clusters.random_string.cluster_service_account_suffix",
            "module.project-services.google_project_service.project_services"
          ]
        }
      ]
    },
    {
      "module": "module.acm-clients[1].module.acm_operator.module.k8sop_config.module.gcloud_kubectl",
      "mode": "managed",
      "type": "null_resource",
      "name": "run_destroy_command",
      "provider": "provider[\"registry.terraform.io/hashicorp/null\"]",
      "instances": [
        {
          "index_key": 0,
          "schema_version": 0,
          "attributes": {
            "id": "6575482144480346944",
            "triggers": {
              "configmanagement": "apiVersion: configmanagement.gke.io/v1\nkind: ConfigManagement\nmetadata:\n  name: config-management\nspec:\n  # clusterName is required and must be unique among all managed clusters\n  clusterName: gke-cluster-client-1\n  policyController:\n    enabled: true\n    templateLibraryInstalled: true\n    logDeniesEnabled: false\n  git:\n    syncRepo: https://github.com/jarokaz/tff/\n    secretType: none\n    policyDir: acm-dir\n    syncBranch: main\n  \n  \n",
              "destroy_cmd_body": "gke-cluster-client-1 us-west1-a jk-mlops-dev false false kubectl delete -f - \u003c\u003cEOF\napiVersion: configmanagement.gke.io/v1\nkind: ConfigManagement\nmetadata:\n  name: config-management\nspec:\n  # clusterName is required and must be unique among all managed clusters\n  clusterName: gke-cluster-client-1\n  policyController:\n    enabled: true\n    templateLibraryInstalled: true\n    logDeniesEnabled: false\n  git:\n    syncRepo: https://github.com/jarokaz/tff/\n    secretType: none\n    policyDir: acm-dir\n    syncBranch: main\n  \n  \nEOF",
              "destroy_cmd_entrypoint": ".terraform/modules/acm-clients.acm_operator.k8sop_config/terraform-google-gcloud-2.0.3/modules/kubectl-wrapper/scripts/kubectl_wrapper.sh",
              "gcloud_bin_abs_path": "/google-cloud-sdk/bin"
            }
          },
          "sensitive_attributes": [],
          "private": "bnVsbA==",
          "dependencies": [
            "data.google_client_config.current",
            "data.google_project.project",
            "module.acm-clients.module.acm_operator.data.template_file.k8sop_config",
            "module.acm-clients.module.acm_operator.module.k8s_operator.module.gcloud_kubectl.data.external.env_override",
            "module.acm-clients.module.acm_operator.module.k8s_operator.module.gcloud_kubectl.null_resource.additional_components",
            "module.acm-clients.module.acm_operator.module.k8s_operator.module.gcloud_kubectl.null_resource.decompress",
            "module.acm-clients.module.acm_operator.module.k8s_operator.module.gcloud_kubectl.null_resource.gcloud_auth_google_credentials",
            "module.acm-clients.module.acm_operator.module.k8s_operator.module.gcloud_kubectl.null_resource.gcloud_auth_service_account_key_file",
            "module.acm-clients.module.acm_operator.module.k8s_operator.module.gcloud_kubectl.null_resource.module_depends_on",
            "module.acm-clients.module.acm_operator.module.k8s_operator.module.gcloud_kubectl.null_resource.run_command",
            "module.acm-clients.module.acm_operator.module.k8s_operator.module.gcloud_kubectl.null_resource.run_destroy_command",
            "module.acm-clients.module.acm_operator.module.k8s_operator.module.gcloud_kubectl.null_resource.upgrade",
            "module.acm-clients.module.acm_operator.module.k8s_operator.module.gcloud_kubectl.random_id.cache",
            "module.acm-clients.module.acm_operator.module.k8sop_config.module.gcloud_kubectl.data.external.env_override",
            "module.acm-clients.module.acm_operator.module.k8sop_config.module.gcloud_kubectl.null_resource.additional_components",
            "module.acm-clients.module.acm_operator.module.k8sop_config.module.gcloud_kubectl.null_resource.decompress",
            "module.acm-clients.module.acm_operator.module.k8sop_config.module.gcloud_kubectl.null_resource.gcloud_auth_google_credentials",
            "module.acm-clients.module.acm_operator.module.k8sop_config.module.gcloud_kubectl.null_resource.gcloud_auth_service_account_key_file",
            "module.acm-clients.module.acm_operator.module.k8sop_config.module.gcloud_kubectl.null_resource.module_depends_on",
            "module.acm-clients.module.acm_operator.module.k8sop_config.module.gcloud_kubectl.null_resource.upgrade",
            "module.acm-clients.module.acm_operator.module.k8sop_config.module.gcloud_kubectl.random_id.cache",
            "module.acm-clients.module.acm_operator.module.k8sop_creds_secret.module.gcloud_kubectl.null_resource.additional_components",
            "module.acm-clients.module.acm_operator.module.k8sop_creds_secret.module.gcloud_kubectl.null_resource.gcloud_auth_google_credentials",
            "module.acm-clients.module.acm_operator.module.k8sop_creds_secret.module.gcloud_kubectl.null_resource.gcloud_auth_service_account_key_file",
            "module.acm-clients.module.acm_operator.module.k8sop_creds_secret.module.gcloud_kubectl.null_resource.run_command",
            "module.acm-clients.module.acm_operator.module.k8sop_creds_secret.module.gcloud_kubectl.null_resource.run_destroy_command",
            "module.acm-clients.module.acm_operator.module.k8sop_manifest.null_resource.additional_components",
            "module.acm-clients.module.acm_operator.module.k8sop_manifest.null_resource.gcloud_auth_google_credentials",
            "module.acm-clients.module.acm_operator.module.k8sop_manifest.null_resource.gcloud_auth_service_account_key_file",
            "module.acm-clients.module.acm_operator.module.k8sop_manifest.null_resource.run_command",
            "module.acm-clients.module.acm_operator.module.k8sop_manifest.null_resource.run_destroy_command",
            "module.client-clusters.data.google_client_config.default",
            "module.client-clusters.data.google_compute_subnetwork.gke_subnetwork",
            "module.client-clusters.data.google_compute_zones.available",
            "module.client-clusters.data.google_container_engine_versions.region",
            "module.client-clusters.data.google_container_engine_versions.zone",
            "module.client-clusters.google_compute_firewall.intra_egress",
            "module.client-clusters.google_compute_firewall.master_webhooks",
            "module.client-clusters.google_compute_firewall.shadow_allow_master",
            "module.client-clusters.google_compute_firewall.shadow_allow_nodes",
            "module.client-clusters.google_compute_firewall.shadow_allow_pods",
            "module.client-clusters.google_container_cluster.primary",
            "module.client-clusters.google_container_node_pool.pools",
            "module.client-clusters.google_project_iam_member.cluster_service_account-artifact-registry",
            "module.client-clusters.google_project_iam_member.cluster_service_account-gcr",
            "module.client-clusters.google_project_iam_member.cluster_service_account-log_writer",
            "module.client-clusters.google_project_iam_member.cluster_service_account-metric_writer",
            "module.client-clusters.google_project_iam_member.cluster_service_account-monitoring_viewer",
            "module.client-clusters.google_project_iam_member.cluster_service_account-resourceMetadata-writer",
            "module.client-clusters.google_service_account.cluster_service_account",
            "module.client-clusters.kubernetes_config_map.ip-masq-agent",
            "module.client-clusters.kubernetes_config_map.kube-dns",
            "module.client-clusters.kubernetes_config_map.kube-dns-upstream-nameservers-and-stub-domains",
            "module.client-clusters.kubernetes_config_map.kube-dns-upstream-namservers",
            "module.client-clusters.module.gcloud_delete_default_kube_dns_configmap.module.gcloud_kubectl.data.external.env_override",
            "module.client-clusters.module.gcloud_delete_default_kube_dns_configmap.module.gcloud_kubectl.null_resource.additional_components",
            "module.client-clusters.module.gcloud_delete_default_kube_dns_configmap.module.gcloud_kubectl.null_resource.additional_components_destroy",
            "module.client-clusters.module.gcloud_delete_default_kube_dns_configmap.module.gcloud_kubectl.null_resource.decompress",
            "module.client-clusters.module.gcloud_delete_default_kube_dns_configmap.module.gcloud_kubectl.null_resource.decompress_destroy",
            "module.client-clusters.module.gcloud_delete_default_kube_dns_configmap.module.gcloud_kubectl.null_resource.download_gcloud",
            "module.client-clusters.module.gcloud_delete_default_kube_dns_configmap.module.gcloud_kubectl.null_resource.download_jq",
            "module.client-clusters.module.gcloud_delete_default_kube_dns_configmap.module.gcloud_kubectl.null_resource.gcloud_auth_google_credentials",
            "module.client-clusters.module.gcloud_delete_default_kube_dns_configmap.module.gcloud_kubectl.null_resource.gcloud_auth_google_credentials_destroy",
            "module.client-clusters.module.gcloud_delete_default_kube_dns_configmap.module.gcloud_kubectl.null_resource.gcloud_auth_service_account_key_file",
            "module.client-clusters.module.gcloud_delete_default_kube_dns_configmap.module.gcloud_kubectl.null_resource.gcloud_auth_service_account_key_file_destroy",
            "module.client-clusters.module.gcloud_delete_default_kube_dns_configmap.module.gcloud_kubectl.null_resource.module_depends_on",
            "module.client-clusters.module.gcloud_delete_default_kube_dns_configmap.module.gcloud_kubectl.null_resource.prepare_cache",
            "module.client-clusters.module.gcloud_delete_default_kube_dns_configmap.module.gcloud_kubectl.null_resource.run_command",
            "module.client-clusters.module.gcloud_delete_default_kube_dns_configmap.module.gcloud_kubectl.null_resource.run_destroy_command",
            "module.client-clusters.module.gcloud_delete_default_kube_dns_configmap.module.gcloud_kubectl.null_resource.upgrade",
            "module.client-clusters.module.gcloud_delete_default_kube_dns_configmap.module.gcloud_kubectl.null_resource.upgrade_destroy",
            "module.client-clusters.module.gcloud_delete_default_kube_dns_configmap.module.gcloud_kubectl.random_id.cache",
            "module.client-clusters.random_shuffle.available_zones",
            "module.client-clusters.random_string.cluster_service_account_suffix",
            "module.project-services.google_project_service.project_services"
          ]
        }
      ]
    },
    {
      "module": "module.acm-clients[1].module.acm_operator.module.k8sop_creds_secret.module.gcloud_kubectl",
      "mode": "managed",
      "type": "null_resource",
      "name": "module_depends_on",
      "provider": "provider[\"registry.terraform.io/hashicorp/null\"]",
      "instances": [
        {
          "index_key": 0,
          "schema_version": 0,
          "attributes": {
            "id": "5540522161886322691",
            "triggers": {
              "value": "1"
            }
          },
          "sensitive_attributes": [],
          "private": "bnVsbA==",
          "dependencies": [
            "data.google_client_config.current",
            "data.google_project.project",
            "module.acm-clients.module.acm_operator.module.k8s_operator.module.gcloud_kubectl.data.external.env_override",
            "module.acm-clients.module.acm_operator.module.k8s_operator.module.gcloud_kubectl.null_resource.additional_components",
            "module.acm-clients.module.acm_operator.module.k8s_operator.module.gcloud_kubectl.null_resource.decompress",
            "module.acm-clients.module.acm_operator.module.k8s_operator.module.gcloud_kubectl.null_resource.gcloud_auth_google_credentials",
            "module.acm-clients.module.acm_operator.module.k8s_operator.module.gcloud_kubectl.null_resource.gcloud_auth_service_account_key_file",
            "module.acm-clients.module.acm_operator.module.k8s_operator.module.gcloud_kubectl.null_resource.module_depends_on",
            "module.acm-clients.module.acm_operator.module.k8s_operator.module.gcloud_kubectl.null_resource.run_command",
            "module.acm-clients.module.acm_operator.module.k8s_operator.module.gcloud_kubectl.null_resource.run_destroy_command",
            "module.acm-clients.module.acm_operator.module.k8s_operator.module.gcloud_kubectl.null_resource.upgrade",
            "module.acm-clients.module.acm_operator.module.k8s_operator.module.gcloud_kubectl.random_id.cache",
            "module.acm-clients.module.acm_operator.module.k8sop_manifest.null_resource.additional_components",
            "module.acm-clients.module.acm_operator.module.k8sop_manifest.null_resource.gcloud_auth_google_credentials",
            "module.acm-clients.module.acm_operator.module.k8sop_manifest.null_resource.gcloud_auth_service_account_key_file",
            "module.acm-clients.module.acm_operator.module.k8sop_manifest.null_resource.run_command",
            "module.acm-clients.module.acm_operator.module.k8sop_manifest.null_resource.run_destroy_command",
            "module.client-clusters.data.google_client_config.default",
            "module.client-clusters.data.google_compute_subnetwork.gke_subnetwork",
            "module.client-clusters.data.google_compute_zones.available",
            "module.client-clusters.data.google_container_engine_versions.region",
            "module.client-clusters.data.google_container_engine_versions.zone",
            "module.client-clusters.google_compute_firewall.intra_egress",
            "module.client-clusters.google_compute_firewall.master_webhooks",
            "module.client-clusters.google_compute_firewall.shadow_allow_master",
            "module.client-clusters.google_compute_firewall.shadow_allow_nodes",
            "module.client-clusters.google_compute_firewall.shadow_allow_pods",
            "module.client-clusters.google_container_cluster.primary",
            "module.client-clusters.google_container_node_pool.pools",
            "module.client-clusters.google_project_iam_member.cluster_service_account-artifact-registry",
            "module.client-clusters.google_project_iam_member.cluster_service_account-gcr",
            "module.client-clusters.google_project_iam_member.cluster_service_account-log_writer",
            "module.client-clusters.google_project_iam_member.cluster_service_account-metric_writer",
            "module.client-clusters.google_project_iam_member.cluster_service_account-monitoring_viewer",
            "module.client-clusters.google_project_iam_member.cluster_service_account-resourceMetadata-writer",
            "module.client-clusters.google_service_account.cluster_service_account",
            "module.client-clusters.kubernetes_config_map.ip-masq-agent",
            "module.client-clusters.kubernetes_config_map.kube-dns",
            "module.client-clusters.kubernetes_config_map.kube-dns-upstream-nameservers-and-stub-domains",
            "module.client-clusters.kubernetes_config_map.kube-dns-upstream-namservers",
            "module.client-clusters.module.gcloud_delete_default_kube_dns_configmap.module.gcloud_kubectl.data.external.env_override",
            "module.client-clusters.module.gcloud_delete_default_kube_dns_configmap.module.gcloud_kubectl.null_resource.additional_components",
            "module.client-clusters.module.gcloud_delete_default_kube_dns_configmap.module.gcloud_kubectl.null_resource.additional_components_destroy",
            "module.client-clusters.module.gcloud_delete_default_kube_dns_configmap.module.gcloud_kubectl.null_resource.decompress",
            "module.client-clusters.module.gcloud_delete_default_kube_dns_configmap.module.gcloud_kubectl.null_resource.decompress_destroy",
            "module.client-clusters.module.gcloud_delete_default_kube_dns_configmap.module.gcloud_kubectl.null_resource.download_gcloud",
            "module.client-clusters.module.gcloud_delete_default_kube_dns_configmap.module.gcloud_kubectl.null_resource.download_jq",
            "module.client-clusters.module.gcloud_delete_default_kube_dns_configmap.module.gcloud_kubectl.null_resource.gcloud_auth_google_credentials",
            "module.client-clusters.module.gcloud_delete_default_kube_dns_configmap.module.gcloud_kubectl.null_resource.gcloud_auth_google_credentials_destroy",
            "module.client-clusters.module.gcloud_delete_default_kube_dns_configmap.module.gcloud_kubectl.null_resource.gcloud_auth_service_account_key_file",
            "module.client-clusters.module.gcloud_delete_default_kube_dns_configmap.module.gcloud_kubectl.null_resource.gcloud_auth_service_account_key_file_destroy",
            "module.client-clusters.module.gcloud_delete_default_kube_dns_configmap.module.gcloud_kubectl.null_resource.module_depends_on",
            "module.client-clusters.module.gcloud_delete_default_kube_dns_configmap.module.gcloud_kubectl.null_resource.prepare_cache",
            "module.client-clusters.module.gcloud_delete_default_kube_dns_configmap.module.gcloud_kubectl.null_resource.run_command",
            "module.client-clusters.module.gcloud_delete_default_kube_dns_configmap.module.gcloud_kubectl.null_resource.run_destroy_command",
            "module.client-clusters.module.gcloud_delete_default_kube_dns_configmap.module.gcloud_kubectl.null_resource.upgrade",
            "module.client-clusters.module.gcloud_delete_default_kube_dns_configmap.module.gcloud_kubectl.null_resource.upgrade_destroy",
            "module.client-clusters.module.gcloud_delete_default_kube_dns_configmap.module.gcloud_kubectl.random_id.cache",
            "module.client-clusters.random_shuffle.available_zones",
            "module.client-clusters.random_string.cluster_service_account_suffix",
            "module.project-services.google_project_service.project_services"
          ]
        }
      ]
    },
    {
      "module": "module.acm-clients[1].module.acm_operator.module.wait_for_gatekeeper.module.gcloud_kubectl",
      "mode": "data",
      "type": "external",
      "name": "env_override",
      "provider": "provider[\"registry.terraform.io/hashicorp/external\"]",
      "instances": [
        {
          "index_key": 0,
          "schema_version": 0,
          "attributes": {
            "id": "-",
            "program": [
              ".terraform/modules/acm-clients.acm_operator.wait_for_gatekeeper/terraform-google-gcloud-2.0.3/scripts/check_env.sh"
            ],
            "query": null,
            "result": {
              "download": ""
            },
            "working_dir": null
          },
          "sensitive_attributes": []
        }
      ]
    },
    {
      "module": "module.acm-clients[1].module.acm_operator.module.wait_for_gatekeeper.module.gcloud_kubectl",
      "mode": "managed",
      "type": "null_resource",
      "name": "additional_components",
      "provider": "provider[\"registry.terraform.io/hashicorp/null\"]",
      "instances": [
        {
          "index_key": 0,
          "schema_version": 0,
          "attributes": {
            "id": "5612868013441848905",
            "triggers": {
              "additional_components_command": ".terraform/modules/acm-clients.acm_operator.wait_for_gatekeeper/terraform-google-gcloud-2.0.3/scripts/check_components.sh gcloud kubectl",
              "arguments": "6f3287ba95504d330beb88980eaa06d4",
              "md5": "f7bf1e982384a57b30dd825d33b979ca",
              "script_sha1": "e1780a62dcd319cb88616007c9c22324f63a6375"
            }
          },
          "sensitive_attributes": [],
          "private": "bnVsbA==",
          "dependencies": [
            "data.google_client_config.current",
            "data.google_project.project",
            "module.acm-clients.module.acm_operator.module.wait_for_gatekeeper.module.gcloud_kubectl.data.external.env_override",
            "module.acm-clients.module.acm_operator.module.wait_for_gatekeeper.module.gcloud_kubectl.null_resource.upgrade",
            "module.acm-clients.module.acm_operator.module.wait_for_gatekeeper.module.gcloud_kubectl.random_id.cache",
            "module.client-clusters.data.google_client_config.default",
            "module.client-clusters.data.google_compute_subnetwork.gke_subnetwork",
            "module.client-clusters.data.google_compute_zones.available",
            "module.client-clusters.data.google_container_engine_versions.region",
            "module.client-clusters.data.google_container_engine_versions.zone",
            "module.client-clusters.google_compute_firewall.intra_egress",
            "module.client-clusters.google_compute_firewall.master_webhooks",
            "module.client-clusters.google_compute_firewall.shadow_allow_master",
            "module.client-clusters.google_compute_firewall.shadow_allow_nodes",
            "module.client-clusters.google_compute_firewall.shadow_allow_pods",
            "module.client-clusters.google_container_cluster.primary",
            "module.client-clusters.google_container_node_pool.pools",
            "module.client-clusters.google_project_iam_member.cluster_service_account-artifact-registry",
            "module.client-clusters.google_project_iam_member.cluster_service_account-gcr",
            "module.client-clusters.google_project_iam_member.cluster_service_account-log_writer",
            "module.client-clusters.google_project_iam_member.cluster_service_account-metric_writer",
            "module.client-clusters.google_project_iam_member.cluster_service_account-monitoring_viewer",
            "module.client-clusters.google_project_iam_member.cluster_service_account-resourceMetadata-writer",
            "module.client-clusters.google_service_account.cluster_service_account",
            "module.client-clusters.kubernetes_config_map.ip-masq-agent",
            "module.client-clusters.kubernetes_config_map.kube-dns",
            "module.client-clusters.kubernetes_config_map.kube-dns-upstream-nameservers-and-stub-domains",
            "module.client-clusters.kubernetes_config_map.kube-dns-upstream-namservers",
            "module.client-clusters.module.gcloud_delete_default_kube_dns_configmap.module.gcloud_kubectl.data.external.env_override",
            "module.client-clusters.module.gcloud_delete_default_kube_dns_configmap.module.gcloud_kubectl.null_resource.additional_components",
            "module.client-clusters.module.gcloud_delete_default_kube_dns_configmap.module.gcloud_kubectl.null_resource.additional_components_destroy",
            "module.client-clusters.module.gcloud_delete_default_kube_dns_configmap.module.gcloud_kubectl.null_resource.decompress",
            "module.client-clusters.module.gcloud_delete_default_kube_dns_configmap.module.gcloud_kubectl.null_resource.decompress_destroy",
            "module.client-clusters.module.gcloud_delete_default_kube_dns_configmap.module.gcloud_kubectl.null_resource.download_gcloud",
            "module.client-clusters.module.gcloud_delete_default_kube_dns_configmap.module.gcloud_kubectl.null_resource.download_jq",
            "module.client-clusters.module.gcloud_delete_default_kube_dns_configmap.module.gcloud_kubectl.null_resource.gcloud_auth_google_credentials",
            "module.client-clusters.module.gcloud_delete_default_kube_dns_configmap.module.gcloud_kubectl.null_resource.gcloud_auth_google_credentials_destroy",
            "module.client-clusters.module.gcloud_delete_default_kube_dns_configmap.module.gcloud_kubectl.null_resource.gcloud_auth_service_account_key_file",
            "module.client-clusters.module.gcloud_delete_default_kube_dns_configmap.module.gcloud_kubectl.null_resource.gcloud_auth_service_account_key_file_destroy",
            "module.client-clusters.module.gcloud_delete_default_kube_dns_configmap.module.gcloud_kubectl.null_resource.module_depends_on",
            "module.client-clusters.module.gcloud_delete_default_kube_dns_configmap.module.gcloud_kubectl.null_resource.prepare_cache",
            "module.client-clusters.module.gcloud_delete_default_kube_dns_configmap.module.gcloud_kubectl.null_resource.run_command",
            "module.client-clusters.module.gcloud_delete_default_kube_dns_configmap.module.gcloud_kubectl.null_resource.run_destroy_command",
            "module.client-clusters.module.gcloud_delete_default_kube_dns_configmap.module.gcloud_kubectl.null_resource.upgrade",
            "module.client-clusters.module.gcloud_delete_default_kube_dns_configmap.module.gcloud_kubectl.null_resource.upgrade_destroy",
            "module.client-clusters.module.gcloud_delete_default_kube_dns_configmap.module.gcloud_kubectl.random_id.cache",
            "module.client-clusters.random_shuffle.available_zones",
            "module.client-clusters.random_string.cluster_service_account_suffix",
            "module.project-services.google_project_service.project_services"
          ]
        }
      ]
    },
    {
      "module": "module.acm-clients[1].module.acm_operator.module.wait_for_gatekeeper.module.gcloud_kubectl",
      "mode": "managed",
      "type": "null_resource",
      "name": "additional_components_destroy",
      "provider": "provider[\"registry.terraform.io/hashicorp/null\"]",
      "instances": [
        {
          "index_key": 0,
          "schema_version": 0,
          "attributes": {
            "id": "1135460077016720436",
            "triggers": {
              "additional_components_command": ".terraform/modules/acm-clients.acm_operator.wait_for_gatekeeper/terraform-google-gcloud-2.0.3/scripts/check_components.sh gcloud kubectl"
            }
          },
          "sensitive_attributes": [],
          "private": "bnVsbA==",
          "dependencies": [
            "data.google_client_config.current",
            "data.google_project.project",
            "module.acm-clients.module.acm_operator.data.template_file.k8sop_config",
            "module.acm-clients.module.acm_operator.module.k8s_operator.module.gcloud_kubectl.data.external.env_override",
            "module.acm-clients.module.acm_operator.module.k8s_operator.module.gcloud_kubectl.null_resource.additional_components",
            "module.acm-clients.module.acm_operator.module.k8s_operator.module.gcloud_kubectl.null_resource.decompress",
            "module.acm-clients.module.acm_operator.module.k8s_operator.module.gcloud_kubectl.null_resource.gcloud_auth_google_credentials",
            "module.acm-clients.module.acm_operator.module.k8s_operator.module.gcloud_kubectl.null_resource.gcloud_auth_service_account_key_file",
            "module.acm-clients.module.acm_operator.module.k8s_operator.module.gcloud_kubectl.null_resource.module_depends_on",
            "module.acm-clients.module.acm_operator.module.k8s_operator.module.gcloud_kubectl.null_resource.run_command",
            "module.acm-clients.module.acm_operator.module.k8s_operator.module.gcloud_kubectl.null_resource.run_destroy_command",
            "module.acm-clients.module.acm_operator.module.k8s_operator.module.gcloud_kubectl.null_resource.upgrade",
            "module.acm-clients.module.acm_operator.module.k8s_operator.module.gcloud_kubectl.random_id.cache",
            "module.acm-clients.module.acm_operator.module.k8sop_config.module.gcloud_kubectl.data.external.env_override",
            "module.acm-clients.module.acm_operator.module.k8sop_config.module.gcloud_kubectl.null_resource.additional_components",
            "module.acm-clients.module.acm_operator.module.k8sop_config.module.gcloud_kubectl.null_resource.decompress",
            "module.acm-clients.module.acm_operator.module.k8sop_config.module.gcloud_kubectl.null_resource.gcloud_auth_google_credentials",
            "module.acm-clients.module.acm_operator.module.k8sop_config.module.gcloud_kubectl.null_resource.gcloud_auth_service_account_key_file",
            "module.acm-clients.module.acm_operator.module.k8sop_config.module.gcloud_kubectl.null_resource.module_depends_on",
            "module.acm-clients.module.acm_operator.module.k8sop_config.module.gcloud_kubectl.null_resource.run_command",
            "module.acm-clients.module.acm_operator.module.k8sop_config.module.gcloud_kubectl.null_resource.run_destroy_command",
            "module.acm-clients.module.acm_operator.module.k8sop_config.module.gcloud_kubectl.null_resource.upgrade",
            "module.acm-clients.module.acm_operator.module.k8sop_config.module.gcloud_kubectl.random_id.cache",
            "module.acm-clients.module.acm_operator.module.k8sop_creds_secret.module.gcloud_kubectl.null_resource.additional_components",
            "module.acm-clients.module.acm_operator.module.k8sop_creds_secret.module.gcloud_kubectl.null_resource.gcloud_auth_google_credentials",
            "module.acm-clients.module.acm_operator.module.k8sop_creds_secret.module.gcloud_kubectl.null_resource.gcloud_auth_service_account_key_file",
            "module.acm-clients.module.acm_operator.module.k8sop_creds_secret.module.gcloud_kubectl.null_resource.run_command",
            "module.acm-clients.module.acm_operator.module.k8sop_creds_secret.module.gcloud_kubectl.null_resource.run_destroy_command",
            "module.acm-clients.module.acm_operator.module.k8sop_manifest.null_resource.additional_components",
            "module.acm-clients.module.acm_operator.module.k8sop_manifest.null_resource.gcloud_auth_google_credentials",
            "module.acm-clients.module.acm_operator.module.k8sop_manifest.null_resource.gcloud_auth_service_account_key_file",
            "module.acm-clients.module.acm_operator.module.k8sop_manifest.null_resource.run_command",
            "module.acm-clients.module.acm_operator.module.k8sop_manifest.null_resource.run_destroy_command",
            "module.acm-clients.module.acm_operator.module.wait_for_gatekeeper.module.gcloud_kubectl.data.external.env_override",
            "module.acm-clients.module.acm_operator.module.wait_for_gatekeeper.module.gcloud_kubectl.null_resource.additional_components",
            "module.acm-clients.module.acm_operator.module.wait_for_gatekeeper.module.gcloud_kubectl.null_resource.decompress",
            "module.acm-clients.module.acm_operator.module.wait_for_gatekeeper.module.gcloud_kubectl.null_resource.gcloud_auth_google_credentials",
            "module.acm-clients.module.acm_operator.module.wait_for_gatekeeper.module.gcloud_kubectl.null_resource.gcloud_auth_service_account_key_file",
            "module.acm-clients.module.acm_operator.module.wait_for_gatekeeper.module.gcloud_kubectl.null_resource.module_depends_on",
            "module.acm-clients.module.acm_operator.module.wait_for_gatekeeper.module.gcloud_kubectl.null_resource.run_destroy_command",
            "module.acm-clients.module.acm_operator.module.wait_for_gatekeeper.module.gcloud_kubectl.null_resource.upgrade",
            "module.acm-clients.module.acm_operator.module.wait_for_gatekeeper.module.gcloud_kubectl.random_id.cache",
            "module.client-clusters.data.google_client_config.default",
            "module.client-clusters.data.google_compute_subnetwork.gke_subnetwork",
            "module.client-clusters.data.google_compute_zones.available",
            "module.client-clusters.data.google_container_engine_versions.region",
            "module.client-clusters.data.google_container_engine_versions.zone",
            "module.client-clusters.google_compute_firewall.intra_egress",
            "module.client-clusters.google_compute_firewall.master_webhooks",
            "module.client-clusters.google_compute_firewall.shadow_allow_master",
            "module.client-clusters.google_compute_firewall.shadow_allow_nodes",
            "module.client-clusters.google_compute_firewall.shadow_allow_pods",
            "module.client-clusters.google_container_cluster.primary",
            "module.client-clusters.google_container_node_pool.pools",
            "module.client-clusters.google_project_iam_member.cluster_service_account-artifact-registry",
            "module.client-clusters.google_project_iam_member.cluster_service_account-gcr",
            "module.client-clusters.google_project_iam_member.cluster_service_account-log_writer",
            "module.client-clusters.google_project_iam_member.cluster_service_account-metric_writer",
            "module.client-clusters.google_project_iam_member.cluster_service_account-monitoring_viewer",
            "module.client-clusters.google_project_iam_member.cluster_service_account-resourceMetadata-writer",
            "module.client-clusters.google_service_account.cluster_service_account",
            "module.client-clusters.kubernetes_config_map.ip-masq-agent",
            "module.client-clusters.kubernetes_config_map.kube-dns",
            "module.client-clusters.kubernetes_config_map.kube-dns-upstream-nameservers-and-stub-domains",
            "module.client-clusters.kubernetes_config_map.kube-dns-upstream-namservers",
            "module.client-clusters.module.gcloud_delete_default_kube_dns_configmap.module.gcloud_kubectl.data.external.env_override",
            "module.client-clusters.module.gcloud_delete_default_kube_dns_configmap.module.gcloud_kubectl.null_resource.additional_components",
            "module.client-clusters.module.gcloud_delete_default_kube_dns_configmap.module.gcloud_kubectl.null_resource.additional_components_destroy",
            "module.client-clusters.module.gcloud_delete_default_kube_dns_configmap.module.gcloud_kubectl.null_resource.decompress",
            "module.client-clusters.module.gcloud_delete_default_kube_dns_configmap.module.gcloud_kubectl.null_resource.decompress_destroy",
            "module.client-clusters.module.gcloud_delete_default_kube_dns_configmap.module.gcloud_kubectl.null_resource.download_gcloud",
            "module.client-clusters.module.gcloud_delete_default_kube_dns_configmap.module.gcloud_kubectl.null_resource.download_jq",
            "module.client-clusters.module.gcloud_delete_default_kube_dns_configmap.module.gcloud_kubectl.null_resource.gcloud_auth_google_credentials",
            "module.client-clusters.module.gcloud_delete_default_kube_dns_configmap.module.gcloud_kubectl.null_resource.gcloud_auth_google_credentials_destroy",
            "module.client-clusters.module.gcloud_delete_default_kube_dns_configmap.module.gcloud_kubectl.null_resource.gcloud_auth_service_account_key_file",
            "module.client-clusters.module.gcloud_delete_default_kube_dns_configmap.module.gcloud_kubectl.null_resource.gcloud_auth_service_account_key_file_destroy",
            "module.client-clusters.module.gcloud_delete_default_kube_dns_configmap.module.gcloud_kubectl.null_resource.module_depends_on",
            "module.client-clusters.module.gcloud_delete_default_kube_dns_configmap.module.gcloud_kubectl.null_resource.prepare_cache",
            "module.client-clusters.module.gcloud_delete_default_kube_dns_configmap.module.gcloud_kubectl.null_resource.run_command",
            "module.client-clusters.module.gcloud_delete_default_kube_dns_configmap.module.gcloud_kubectl.null_resource.run_destroy_command",
            "module.client-clusters.module.gcloud_delete_default_kube_dns_configmap.module.gcloud_kubectl.null_resource.upgrade",
            "module.client-clusters.module.gcloud_delete_default_kube_dns_configmap.module.gcloud_kubectl.null_resource.upgrade_destroy",
            "module.client-clusters.module.gcloud_delete_default_kube_dns_configmap.module.gcloud_kubectl.random_id.cache",
            "module.client-clusters.random_shuffle.available_zones",
            "module.client-clusters.random_string.cluster_service_account_suffix",
            "module.project-services.google_project_service.project_services"
          ]
        }
      ]
    },
    {
      "module": "module.acm-clients[1].module.acm_operator.module.wait_for_gatekeeper.module.gcloud_kubectl",
      "mode": "managed",
      "type": "null_resource",
      "name": "module_depends_on",
      "provider": "provider[\"registry.terraform.io/hashicorp/null\"]",
      "instances": [
        {
          "index_key": 0,
          "schema_version": 0,
          "attributes": {
            "id": "6640015048912510295",
            "triggers": {
              "value": "1"
            }
          },
          "sensitive_attributes": [],
          "private": "bnVsbA==",
          "dependencies": [
            "data.google_client_config.current",
            "data.google_project.project",
            "module.acm-clients.module.acm_operator.data.template_file.k8sop_config",
            "module.acm-clients.module.acm_operator.module.k8s_operator.module.gcloud_kubectl.data.external.env_override",
            "module.acm-clients.module.acm_operator.module.k8s_operator.module.gcloud_kubectl.null_resource.additional_components",
            "module.acm-clients.module.acm_operator.module.k8s_operator.module.gcloud_kubectl.null_resource.decompress",
            "module.acm-clients.module.acm_operator.module.k8s_operator.module.gcloud_kubectl.null_resource.gcloud_auth_google_credentials",
            "module.acm-clients.module.acm_operator.module.k8s_operator.module.gcloud_kubectl.null_resource.gcloud_auth_service_account_key_file",
            "module.acm-clients.module.acm_operator.module.k8s_operator.module.gcloud_kubectl.null_resource.module_depends_on",
            "module.acm-clients.module.acm_operator.module.k8s_operator.module.gcloud_kubectl.null_resource.run_command",
            "module.acm-clients.module.acm_operator.module.k8s_operator.module.gcloud_kubectl.null_resource.run_destroy_command",
            "module.acm-clients.module.acm_operator.module.k8s_operator.module.gcloud_kubectl.null_resource.upgrade",
            "module.acm-clients.module.acm_operator.module.k8s_operator.module.gcloud_kubectl.random_id.cache",
            "module.acm-clients.module.acm_operator.module.k8sop_config.module.gcloud_kubectl.data.external.env_override",
            "module.acm-clients.module.acm_operator.module.k8sop_config.module.gcloud_kubectl.null_resource.additional_components",
            "module.acm-clients.module.acm_operator.module.k8sop_config.module.gcloud_kubectl.null_resource.decompress",
            "module.acm-clients.module.acm_operator.module.k8sop_config.module.gcloud_kubectl.null_resource.gcloud_auth_google_credentials",
            "module.acm-clients.module.acm_operator.module.k8sop_config.module.gcloud_kubectl.null_resource.gcloud_auth_service_account_key_file",
            "module.acm-clients.module.acm_operator.module.k8sop_config.module.gcloud_kubectl.null_resource.module_depends_on",
            "module.acm-clients.module.acm_operator.module.k8sop_config.module.gcloud_kubectl.null_resource.run_command",
            "module.acm-clients.module.acm_operator.module.k8sop_config.module.gcloud_kubectl.null_resource.run_destroy_command",
            "module.acm-clients.module.acm_operator.module.k8sop_config.module.gcloud_kubectl.null_resource.upgrade",
            "module.acm-clients.module.acm_operator.module.k8sop_config.module.gcloud_kubectl.random_id.cache",
            "module.acm-clients.module.acm_operator.module.k8sop_creds_secret.module.gcloud_kubectl.null_resource.additional_components",
            "module.acm-clients.module.acm_operator.module.k8sop_creds_secret.module.gcloud_kubectl.null_resource.gcloud_auth_google_credentials",
            "module.acm-clients.module.acm_operator.module.k8sop_creds_secret.module.gcloud_kubectl.null_resource.gcloud_auth_service_account_key_file",
            "module.acm-clients.module.acm_operator.module.k8sop_creds_secret.module.gcloud_kubectl.null_resource.run_command",
            "module.acm-clients.module.acm_operator.module.k8sop_creds_secret.module.gcloud_kubectl.null_resource.run_destroy_command",
            "module.acm-clients.module.acm_operator.module.k8sop_manifest.null_resource.additional_components",
            "module.acm-clients.module.acm_operator.module.k8sop_manifest.null_resource.gcloud_auth_google_credentials",
            "module.acm-clients.module.acm_operator.module.k8sop_manifest.null_resource.gcloud_auth_service_account_key_file",
            "module.acm-clients.module.acm_operator.module.k8sop_manifest.null_resource.run_command",
            "module.acm-clients.module.acm_operator.module.k8sop_manifest.null_resource.run_destroy_command",
            "module.client-clusters.data.google_client_config.default",
            "module.client-clusters.data.google_compute_subnetwork.gke_subnetwork",
            "module.client-clusters.data.google_compute_zones.available",
            "module.client-clusters.data.google_container_engine_versions.region",
            "module.client-clusters.data.google_container_engine_versions.zone",
            "module.client-clusters.google_compute_firewall.intra_egress",
            "module.client-clusters.google_compute_firewall.master_webhooks",
            "module.client-clusters.google_compute_firewall.shadow_allow_master",
            "module.client-clusters.google_compute_firewall.shadow_allow_nodes",
            "module.client-clusters.google_compute_firewall.shadow_allow_pods",
            "module.client-clusters.google_container_cluster.primary",
            "module.client-clusters.google_container_node_pool.pools",
            "module.client-clusters.google_project_iam_member.cluster_service_account-artifact-registry",
            "module.client-clusters.google_project_iam_member.cluster_service_account-gcr",
            "module.client-clusters.google_project_iam_member.cluster_service_account-log_writer",
            "module.client-clusters.google_project_iam_member.cluster_service_account-metric_writer",
            "module.client-clusters.google_project_iam_member.cluster_service_account-monitoring_viewer",
            "module.client-clusters.google_project_iam_member.cluster_service_account-resourceMetadata-writer",
            "module.client-clusters.google_service_account.cluster_service_account",
            "module.client-clusters.kubernetes_config_map.ip-masq-agent",
            "module.client-clusters.kubernetes_config_map.kube-dns",
            "module.client-clusters.kubernetes_config_map.kube-dns-upstream-nameservers-and-stub-domains",
            "module.client-clusters.kubernetes_config_map.kube-dns-upstream-namservers",
            "module.client-clusters.module.gcloud_delete_default_kube_dns_configmap.module.gcloud_kubectl.data.external.env_override",
            "module.client-clusters.module.gcloud_delete_default_kube_dns_configmap.module.gcloud_kubectl.null_resource.additional_components",
            "module.client-clusters.module.gcloud_delete_default_kube_dns_configmap.module.gcloud_kubectl.null_resource.additional_components_destroy",
            "module.client-clusters.module.gcloud_delete_default_kube_dns_configmap.module.gcloud_kubectl.null_resource.decompress",
            "module.client-clusters.module.gcloud_delete_default_kube_dns_configmap.module.gcloud_kubectl.null_resource.decompress_destroy",
            "module.client-clusters.module.gcloud_delete_default_kube_dns_configmap.module.gcloud_kubectl.null_resource.download_gcloud",
            "module.client-clusters.module.gcloud_delete_default_kube_dns_configmap.module.gcloud_kubectl.null_resource.download_jq",
            "module.client-clusters.module.gcloud_delete_default_kube_dns_configmap.module.gcloud_kubectl.null_resource.gcloud_auth_google_credentials",
            "module.client-clusters.module.gcloud_delete_default_kube_dns_configmap.module.gcloud_kubectl.null_resource.gcloud_auth_google_credentials_destroy",
            "module.client-clusters.module.gcloud_delete_default_kube_dns_configmap.module.gcloud_kubectl.null_resource.gcloud_auth_service_account_key_file",
            "module.client-clusters.module.gcloud_delete_default_kube_dns_configmap.module.gcloud_kubectl.null_resource.gcloud_auth_service_account_key_file_destroy",
            "module.client-clusters.module.gcloud_delete_default_kube_dns_configmap.module.gcloud_kubectl.null_resource.module_depends_on",
            "module.client-clusters.module.gcloud_delete_default_kube_dns_configmap.module.gcloud_kubectl.null_resource.prepare_cache",
            "module.client-clusters.module.gcloud_delete_default_kube_dns_configmap.module.gcloud_kubectl.null_resource.run_command",
            "module.client-clusters.module.gcloud_delete_default_kube_dns_configmap.module.gcloud_kubectl.null_resource.run_destroy_command",
            "module.client-clusters.module.gcloud_delete_default_kube_dns_configmap.module.gcloud_kubectl.null_resource.upgrade",
            "module.client-clusters.module.gcloud_delete_default_kube_dns_configmap.module.gcloud_kubectl.null_resource.upgrade_destroy",
            "module.client-clusters.module.gcloud_delete_default_kube_dns_configmap.module.gcloud_kubectl.random_id.cache",
            "module.client-clusters.random_shuffle.available_zones",
            "module.client-clusters.random_string.cluster_service_account_suffix",
            "module.project-services.google_project_service.project_services"
          ]
        }
      ]
    },
    {
      "module": "module.acm-clients[1].module.acm_operator.module.wait_for_gatekeeper.module.gcloud_kubectl",
      "mode": "managed",
      "type": "null_resource",
      "name": "run_command",
      "provider": "provider[\"registry.terraform.io/hashicorp/null\"]",
      "instances": [
        {
          "index_key": 0,
          "schema_version": 0,
          "attributes": {
            "id": "1797915741341440061",
            "triggers": {
              "arguments": "6f3287ba95504d330beb88980eaa06d4",
              "create_cmd_body": "gke-cluster-client-1 us-west1-a jk-mlops-dev false false .terraform/modules/acm-clients/modules/k8s-operator-crd-support/scripts/wait_for_gatekeeper.sh jk-mlops-dev gke-cluster-client-1 us-west1-a ",
              "create_cmd_entrypoint": ".terraform/modules/acm-clients.acm_operator.wait_for_gatekeeper/terraform-google-gcloud-2.0.3/modules/kubectl-wrapper/scripts/kubectl_wrapper.sh",
              "gcloud_bin_abs_path": "/google-cloud-sdk/bin",
              "md5": "f7bf1e982384a57b30dd825d33b979ca",
              "script_sha1": "e1780a62dcd319cb88616007c9c22324f63a6375"
            }
          },
          "sensitive_attributes": [],
          "private": "bnVsbA==",
          "dependencies": [
            "data.google_client_config.current",
            "data.google_project.project",
            "module.acm-clients.module.acm_operator.data.template_file.k8sop_config",
            "module.acm-clients.module.acm_operator.module.k8s_operator.module.gcloud_kubectl.data.external.env_override",
            "module.acm-clients.module.acm_operator.module.k8s_operator.module.gcloud_kubectl.null_resource.additional_components",
            "module.acm-clients.module.acm_operator.module.k8s_operator.module.gcloud_kubectl.null_resource.decompress",
            "module.acm-clients.module.acm_operator.module.k8s_operator.module.gcloud_kubectl.null_resource.gcloud_auth_google_credentials",
            "module.acm-clients.module.acm_operator.module.k8s_operator.module.gcloud_kubectl.null_resource.gcloud_auth_service_account_key_file",
            "module.acm-clients.module.acm_operator.module.k8s_operator.module.gcloud_kubectl.null_resource.module_depends_on",
            "module.acm-clients.module.acm_operator.module.k8s_operator.module.gcloud_kubectl.null_resource.run_command",
            "module.acm-clients.module.acm_operator.module.k8s_operator.module.gcloud_kubectl.null_resource.run_destroy_command",
            "module.acm-clients.module.acm_operator.module.k8s_operator.module.gcloud_kubectl.null_resource.upgrade",
            "module.acm-clients.module.acm_operator.module.k8s_operator.module.gcloud_kubectl.random_id.cache",
            "module.acm-clients.module.acm_operator.module.k8sop_config.module.gcloud_kubectl.data.external.env_override",
            "module.acm-clients.module.acm_operator.module.k8sop_config.module.gcloud_kubectl.null_resource.additional_components",
            "module.acm-clients.module.acm_operator.module.k8sop_config.module.gcloud_kubectl.null_resource.decompress",
            "module.acm-clients.module.acm_operator.module.k8sop_config.module.gcloud_kubectl.null_resource.gcloud_auth_google_credentials",
            "module.acm-clients.module.acm_operator.module.k8sop_config.module.gcloud_kubectl.null_resource.gcloud_auth_service_account_key_file",
            "module.acm-clients.module.acm_operator.module.k8sop_config.module.gcloud_kubectl.null_resource.module_depends_on",
            "module.acm-clients.module.acm_operator.module.k8sop_config.module.gcloud_kubectl.null_resource.run_command",
            "module.acm-clients.module.acm_operator.module.k8sop_config.module.gcloud_kubectl.null_resource.run_destroy_command",
            "module.acm-clients.module.acm_operator.module.k8sop_config.module.gcloud_kubectl.null_resource.upgrade",
            "module.acm-clients.module.acm_operator.module.k8sop_config.module.gcloud_kubectl.random_id.cache",
            "module.acm-clients.module.acm_operator.module.k8sop_creds_secret.module.gcloud_kubectl.null_resource.additional_components",
            "module.acm-clients.module.acm_operator.module.k8sop_creds_secret.module.gcloud_kubectl.null_resource.gcloud_auth_google_credentials",
            "module.acm-clients.module.acm_operator.module.k8sop_creds_secret.module.gcloud_kubectl.null_resource.gcloud_auth_service_account_key_file",
            "module.acm-clients.module.acm_operator.module.k8sop_creds_secret.module.gcloud_kubectl.null_resource.run_command",
            "module.acm-clients.module.acm_operator.module.k8sop_creds_secret.module.gcloud_kubectl.null_resource.run_destroy_command",
            "module.acm-clients.module.acm_operator.module.k8sop_manifest.null_resource.additional_components",
            "module.acm-clients.module.acm_operator.module.k8sop_manifest.null_resource.gcloud_auth_google_credentials",
            "module.acm-clients.module.acm_operator.module.k8sop_manifest.null_resource.gcloud_auth_service_account_key_file",
            "module.acm-clients.module.acm_operator.module.k8sop_manifest.null_resource.run_command",
            "module.acm-clients.module.acm_operator.module.k8sop_manifest.null_resource.run_destroy_command",
            "module.acm-clients.module.acm_operator.module.wait_for_gatekeeper.module.gcloud_kubectl.data.external.env_override",
            "module.acm-clients.module.acm_operator.module.wait_for_gatekeeper.module.gcloud_kubectl.null_resource.additional_components",
            "module.acm-clients.module.acm_operator.module.wait_for_gatekeeper.module.gcloud_kubectl.null_resource.decompress",
            "module.acm-clients.module.acm_operator.module.wait_for_gatekeeper.module.gcloud_kubectl.null_resource.gcloud_auth_google_credentials",
            "module.acm-clients.module.acm_operator.module.wait_for_gatekeeper.module.gcloud_kubectl.null_resource.gcloud_auth_service_account_key_file",
            "module.acm-clients.module.acm_operator.module.wait_for_gatekeeper.module.gcloud_kubectl.null_resource.module_depends_on",
            "module.acm-clients.module.acm_operator.module.wait_for_gatekeeper.module.gcloud_kubectl.null_resource.upgrade",
            "module.acm-clients.module.acm_operator.module.wait_for_gatekeeper.module.gcloud_kubectl.random_id.cache",
            "module.client-clusters.data.google_client_config.default",
            "module.client-clusters.data.google_compute_subnetwork.gke_subnetwork",
            "module.client-clusters.data.google_compute_zones.available",
            "module.client-clusters.data.google_container_engine_versions.region",
            "module.client-clusters.data.google_container_engine_versions.zone",
            "module.client-clusters.google_compute_firewall.intra_egress",
            "module.client-clusters.google_compute_firewall.master_webhooks",
            "module.client-clusters.google_compute_firewall.shadow_allow_master",
            "module.client-clusters.google_compute_firewall.shadow_allow_nodes",
            "module.client-clusters.google_compute_firewall.shadow_allow_pods",
            "module.client-clusters.google_container_cluster.primary",
            "module.client-clusters.google_container_node_pool.pools",
            "module.client-clusters.google_project_iam_member.cluster_service_account-artifact-registry",
            "module.client-clusters.google_project_iam_member.cluster_service_account-gcr",
            "module.client-clusters.google_project_iam_member.cluster_service_account-log_writer",
            "module.client-clusters.google_project_iam_member.cluster_service_account-metric_writer",
            "module.client-clusters.google_project_iam_member.cluster_service_account-monitoring_viewer",
            "module.client-clusters.google_project_iam_member.cluster_service_account-resourceMetadata-writer",
            "module.client-clusters.google_service_account.cluster_service_account",
            "module.client-clusters.kubernetes_config_map.ip-masq-agent",
            "module.client-clusters.kubernetes_config_map.kube-dns",
            "module.client-clusters.kubernetes_config_map.kube-dns-upstream-nameservers-and-stub-domains",
            "module.client-clusters.kubernetes_config_map.kube-dns-upstream-namservers",
            "module.client-clusters.module.gcloud_delete_default_kube_dns_configmap.module.gcloud_kubectl.data.external.env_override",
            "module.client-clusters.module.gcloud_delete_default_kube_dns_configmap.module.gcloud_kubectl.null_resource.additional_components",
            "module.client-clusters.module.gcloud_delete_default_kube_dns_configmap.module.gcloud_kubectl.null_resource.additional_components_destroy",
            "module.client-clusters.module.gcloud_delete_default_kube_dns_configmap.module.gcloud_kubectl.null_resource.decompress",
            "module.client-clusters.module.gcloud_delete_default_kube_dns_configmap.module.gcloud_kubectl.null_resource.decompress_destroy",
            "module.client-clusters.module.gcloud_delete_default_kube_dns_configmap.module.gcloud_kubectl.null_resource.download_gcloud",
            "module.client-clusters.module.gcloud_delete_default_kube_dns_configmap.module.gcloud_kubectl.null_resource.download_jq",
            "module.client-clusters.module.gcloud_delete_default_kube_dns_configmap.module.gcloud_kubectl.null_resource.gcloud_auth_google_credentials",
            "module.client-clusters.module.gcloud_delete_default_kube_dns_configmap.module.gcloud_kubectl.null_resource.gcloud_auth_google_credentials_destroy",
            "module.client-clusters.module.gcloud_delete_default_kube_dns_configmap.module.gcloud_kubectl.null_resource.gcloud_auth_service_account_key_file",
            "module.client-clusters.module.gcloud_delete_default_kube_dns_configmap.module.gcloud_kubectl.null_resource.gcloud_auth_service_account_key_file_destroy",
            "module.client-clusters.module.gcloud_delete_default_kube_dns_configmap.module.gcloud_kubectl.null_resource.module_depends_on",
            "module.client-clusters.module.gcloud_delete_default_kube_dns_configmap.module.gcloud_kubectl.null_resource.prepare_cache",
            "module.client-clusters.module.gcloud_delete_default_kube_dns_configmap.module.gcloud_kubectl.null_resource.run_command",
            "module.client-clusters.module.gcloud_delete_default_kube_dns_configmap.module.gcloud_kubectl.null_resource.run_destroy_command",
            "module.client-clusters.module.gcloud_delete_default_kube_dns_configmap.module.gcloud_kubectl.null_resource.upgrade",
            "module.client-clusters.module.gcloud_delete_default_kube_dns_configmap.module.gcloud_kubectl.null_resource.upgrade_destroy",
            "module.client-clusters.module.gcloud_delete_default_kube_dns_configmap.module.gcloud_kubectl.random_id.cache",
            "module.client-clusters.random_shuffle.available_zones",
            "module.client-clusters.random_string.cluster_service_account_suffix",
            "module.project-services.google_project_service.project_services"
          ]
        }
      ]
    },
    {
      "module": "module.acm-clients[1].module.acm_operator.module.wait_for_gatekeeper.module.gcloud_kubectl",
      "mode": "managed",
      "type": "null_resource",
      "name": "run_destroy_command",
      "provider": "provider[\"registry.terraform.io/hashicorp/null\"]",
      "instances": [
        {
          "index_key": 0,
          "schema_version": 0,
          "attributes": {
            "id": "2300608127228358902",
            "triggers": {
              "destroy_cmd_body": "gke-cluster-client-1 us-west1-a jk-mlops-dev false false ",
              "destroy_cmd_entrypoint": ".terraform/modules/acm-clients.acm_operator.wait_for_gatekeeper/terraform-google-gcloud-2.0.3/modules/kubectl-wrapper/scripts/kubectl_wrapper.sh",
              "gcloud_bin_abs_path": "/google-cloud-sdk/bin",
              "script_sha1": "e1780a62dcd319cb88616007c9c22324f63a6375"
            }
          },
          "sensitive_attributes": [],
          "private": "bnVsbA==",
          "dependencies": [
            "data.google_client_config.current",
            "data.google_project.project",
            "module.acm-clients.module.acm_operator.data.template_file.k8sop_config",
            "module.acm-clients.module.acm_operator.module.k8s_operator.module.gcloud_kubectl.data.external.env_override",
            "module.acm-clients.module.acm_operator.module.k8s_operator.module.gcloud_kubectl.null_resource.additional_components",
            "module.acm-clients.module.acm_operator.module.k8s_operator.module.gcloud_kubectl.null_resource.decompress",
            "module.acm-clients.module.acm_operator.module.k8s_operator.module.gcloud_kubectl.null_resource.gcloud_auth_google_credentials",
            "module.acm-clients.module.acm_operator.module.k8s_operator.module.gcloud_kubectl.null_resource.gcloud_auth_service_account_key_file",
            "module.acm-clients.module.acm_operator.module.k8s_operator.module.gcloud_kubectl.null_resource.module_depends_on",
            "module.acm-clients.module.acm_operator.module.k8s_operator.module.gcloud_kubectl.null_resource.run_command",
            "module.acm-clients.module.acm_operator.module.k8s_operator.module.gcloud_kubectl.null_resource.run_destroy_command",
            "module.acm-clients.module.acm_operator.module.k8s_operator.module.gcloud_kubectl.null_resource.upgrade",
            "module.acm-clients.module.acm_operator.module.k8s_operator.module.gcloud_kubectl.random_id.cache",
            "module.acm-clients.module.acm_operator.module.k8sop_config.module.gcloud_kubectl.data.external.env_override",
            "module.acm-clients.module.acm_operator.module.k8sop_config.module.gcloud_kubectl.null_resource.additional_components",
            "module.acm-clients.module.acm_operator.module.k8sop_config.module.gcloud_kubectl.null_resource.decompress",
            "module.acm-clients.module.acm_operator.module.k8sop_config.module.gcloud_kubectl.null_resource.gcloud_auth_google_credentials",
            "module.acm-clients.module.acm_operator.module.k8sop_config.module.gcloud_kubectl.null_resource.gcloud_auth_service_account_key_file",
            "module.acm-clients.module.acm_operator.module.k8sop_config.module.gcloud_kubectl.null_resource.module_depends_on",
            "module.acm-clients.module.acm_operator.module.k8sop_config.module.gcloud_kubectl.null_resource.run_command",
            "module.acm-clients.module.acm_operator.module.k8sop_config.module.gcloud_kubectl.null_resource.run_destroy_command",
            "module.acm-clients.module.acm_operator.module.k8sop_config.module.gcloud_kubectl.null_resource.upgrade",
            "module.acm-clients.module.acm_operator.module.k8sop_config.module.gcloud_kubectl.random_id.cache",
            "module.acm-clients.module.acm_operator.module.k8sop_creds_secret.module.gcloud_kubectl.null_resource.additional_components",
            "module.acm-clients.module.acm_operator.module.k8sop_creds_secret.module.gcloud_kubectl.null_resource.gcloud_auth_google_credentials",
            "module.acm-clients.module.acm_operator.module.k8sop_creds_secret.module.gcloud_kubectl.null_resource.gcloud_auth_service_account_key_file",
            "module.acm-clients.module.acm_operator.module.k8sop_creds_secret.module.gcloud_kubectl.null_resource.run_command",
            "module.acm-clients.module.acm_operator.module.k8sop_creds_secret.module.gcloud_kubectl.null_resource.run_destroy_command",
            "module.acm-clients.module.acm_operator.module.k8sop_manifest.null_resource.additional_components",
            "module.acm-clients.module.acm_operator.module.k8sop_manifest.null_resource.gcloud_auth_google_credentials",
            "module.acm-clients.module.acm_operator.module.k8sop_manifest.null_resource.gcloud_auth_service_account_key_file",
            "module.acm-clients.module.acm_operator.module.k8sop_manifest.null_resource.run_command",
            "module.acm-clients.module.acm_operator.module.k8sop_manifest.null_resource.run_destroy_command",
            "module.acm-clients.module.acm_operator.module.wait_for_gatekeeper.module.gcloud_kubectl.data.external.env_override",
            "module.acm-clients.module.acm_operator.module.wait_for_gatekeeper.module.gcloud_kubectl.null_resource.additional_components",
            "module.acm-clients.module.acm_operator.module.wait_for_gatekeeper.module.gcloud_kubectl.null_resource.decompress",
            "module.acm-clients.module.acm_operator.module.wait_for_gatekeeper.module.gcloud_kubectl.null_resource.gcloud_auth_google_credentials",
            "module.acm-clients.module.acm_operator.module.wait_for_gatekeeper.module.gcloud_kubectl.null_resource.gcloud_auth_service_account_key_file",
            "module.acm-clients.module.acm_operator.module.wait_for_gatekeeper.module.gcloud_kubectl.null_resource.module_depends_on",
            "module.acm-clients.module.acm_operator.module.wait_for_gatekeeper.module.gcloud_kubectl.null_resource.upgrade",
            "module.acm-clients.module.acm_operator.module.wait_for_gatekeeper.module.gcloud_kubectl.random_id.cache",
            "module.client-clusters.data.google_client_config.default",
            "module.client-clusters.data.google_compute_subnetwork.gke_subnetwork",
            "module.client-clusters.data.google_compute_zones.available",
            "module.client-clusters.data.google_container_engine_versions.region",
            "module.client-clusters.data.google_container_engine_versions.zone",
            "module.client-clusters.google_compute_firewall.intra_egress",
            "module.client-clusters.google_compute_firewall.master_webhooks",
            "module.client-clusters.google_compute_firewall.shadow_allow_master",
            "module.client-clusters.google_compute_firewall.shadow_allow_nodes",
            "module.client-clusters.google_compute_firewall.shadow_allow_pods",
            "module.client-clusters.google_container_cluster.primary",
            "module.client-clusters.google_container_node_pool.pools",
            "module.client-clusters.google_project_iam_member.cluster_service_account-artifact-registry",
            "module.client-clusters.google_project_iam_member.cluster_service_account-gcr",
            "module.client-clusters.google_project_iam_member.cluster_service_account-log_writer",
            "module.client-clusters.google_project_iam_member.cluster_service_account-metric_writer",
            "module.client-clusters.google_project_iam_member.cluster_service_account-monitoring_viewer",
            "module.client-clusters.google_project_iam_member.cluster_service_account-resourceMetadata-writer",
            "module.client-clusters.google_service_account.cluster_service_account",
            "module.client-clusters.kubernetes_config_map.ip-masq-agent",
            "module.client-clusters.kubernetes_config_map.kube-dns",
            "module.client-clusters.kubernetes_config_map.kube-dns-upstream-nameservers-and-stub-domains",
            "module.client-clusters.kubernetes_config_map.kube-dns-upstream-namservers",
            "module.client-clusters.module.gcloud_delete_default_kube_dns_configmap.module.gcloud_kubectl.data.external.env_override",
            "module.client-clusters.module.gcloud_delete_default_kube_dns_configmap.module.gcloud_kubectl.null_resource.additional_components",
            "module.client-clusters.module.gcloud_delete_default_kube_dns_configmap.module.gcloud_kubectl.null_resource.additional_components_destroy",
            "module.client-clusters.module.gcloud_delete_default_kube_dns_configmap.module.gcloud_kubectl.null_resource.decompress",
            "module.client-clusters.module.gcloud_delete_default_kube_dns_configmap.module.gcloud_kubectl.null_resource.decompress_destroy",
            "module.client-clusters.module.gcloud_delete_default_kube_dns_configmap.module.gcloud_kubectl.null_resource.download_gcloud",
            "module.client-clusters.module.gcloud_delete_default_kube_dns_configmap.module.gcloud_kubectl.null_resource.download_jq",
            "module.client-clusters.module.gcloud_delete_default_kube_dns_configmap.module.gcloud_kubectl.null_resource.gcloud_auth_google_credentials",
            "module.client-clusters.module.gcloud_delete_default_kube_dns_configmap.module.gcloud_kubectl.null_resource.gcloud_auth_google_credentials_destroy",
            "module.client-clusters.module.gcloud_delete_default_kube_dns_configmap.module.gcloud_kubectl.null_resource.gcloud_auth_service_account_key_file",
            "module.client-clusters.module.gcloud_delete_default_kube_dns_configmap.module.gcloud_kubectl.null_resource.gcloud_auth_service_account_key_file_destroy",
            "module.client-clusters.module.gcloud_delete_default_kube_dns_configmap.module.gcloud_kubectl.null_resource.module_depends_on",
            "module.client-clusters.module.gcloud_delete_default_kube_dns_configmap.module.gcloud_kubectl.null_resource.prepare_cache",
            "module.client-clusters.module.gcloud_delete_default_kube_dns_configmap.module.gcloud_kubectl.null_resource.run_command",
            "module.client-clusters.module.gcloud_delete_default_kube_dns_configmap.module.gcloud_kubectl.null_resource.run_destroy_command",
            "module.client-clusters.module.gcloud_delete_default_kube_dns_configmap.module.gcloud_kubectl.null_resource.upgrade",
            "module.client-clusters.module.gcloud_delete_default_kube_dns_configmap.module.gcloud_kubectl.null_resource.upgrade_destroy",
            "module.client-clusters.module.gcloud_delete_default_kube_dns_configmap.module.gcloud_kubectl.random_id.cache",
            "module.client-clusters.random_shuffle.available_zones",
            "module.client-clusters.random_string.cluster_service_account_suffix",
            "module.project-services.google_project_service.project_services"
          ]
        }
      ]
    },
    {
      "module": "module.acm-clients[1].module.enable_acm",
      "mode": "data",
      "type": "external",
      "name": "env_override",
      "provider": "provider[\"registry.terraform.io/hashicorp/external\"]",
      "instances": [
        {
          "index_key": 0,
          "schema_version": 0,
          "attributes": {
            "id": "-",
            "program": [
              ".terraform/modules/acm-clients.enable_acm/terraform-google-gcloud-2.0.3/scripts/check_env.sh"
            ],
            "query": null,
            "result": {
              "download": ""
            },
            "working_dir": null
          },
          "sensitive_attributes": []
        }
      ]
    },
    {
      "module": "module.acm-clients[1].module.enable_acm",
      "mode": "managed",
      "type": "null_resource",
      "name": "additional_components",
      "provider": "provider[\"registry.terraform.io/hashicorp/null\"]",
      "instances": [
        {
          "index_key": 0,
          "schema_version": 0,
          "attributes": {
            "id": "5303041314849814316",
            "triggers": {
              "additional_components_command": ".terraform/modules/acm-clients.enable_acm/terraform-google-gcloud-2.0.3/scripts/check_components.sh gcloud alpha",
              "arguments": "49423d0060e3cf05de8cce2caa496a4e",
              "md5": "7f22bf39aaf5ce5980111c3587bef5b5"
            }
          },
          "sensitive_attributes": [],
          "private": "bnVsbA==",
          "dependencies": [
            "data.google_client_config.current",
            "module.acm-clients.module.enable_acm.data.external.env_override",
            "module.acm-clients.module.enable_acm.null_resource.upgrade",
            "module.acm-clients.module.enable_acm.random_id.cache"
          ]
        }
      ]
    },
    {
      "module": "module.acm-clients[1].module.enable_acm",
      "mode": "managed",
      "type": "null_resource",
      "name": "additional_components_destroy",
      "provider": "provider[\"registry.terraform.io/hashicorp/null\"]",
      "instances": [
        {
          "index_key": 0,
          "schema_version": 0,
          "attributes": {
            "id": "274677650764372455",
            "triggers": {
              "additional_components_command": ".terraform/modules/acm-clients.enable_acm/terraform-google-gcloud-2.0.3/scripts/check_components.sh gcloud alpha"
            }
          },
          "sensitive_attributes": [],
          "private": "bnVsbA==",
          "dependencies": [
            "data.google_client_config.current",
            "module.acm-clients.module.enable_acm.data.external.env_override",
            "module.acm-clients.module.enable_acm.null_resource.additional_components",
            "module.acm-clients.module.enable_acm.null_resource.decompress",
            "module.acm-clients.module.enable_acm.null_resource.gcloud_auth_google_credentials",
            "module.acm-clients.module.enable_acm.null_resource.gcloud_auth_service_account_key_file",
            "module.acm-clients.module.enable_acm.null_resource.module_depends_on",
            "module.acm-clients.module.enable_acm.null_resource.run_destroy_command",
            "module.acm-clients.module.enable_acm.null_resource.upgrade",
            "module.acm-clients.module.enable_acm.random_id.cache"
          ]
        }
      ]
    },
    {
      "module": "module.acm-clients[1].module.enable_acm",
      "mode": "managed",
      "type": "null_resource",
      "name": "run_command",
      "provider": "provider[\"registry.terraform.io/hashicorp/null\"]",
      "instances": [
        {
          "index_key": 0,
          "schema_version": 0,
          "attributes": {
            "id": "1764493525913403400",
            "triggers": {
              "arguments": "49423d0060e3cf05de8cce2caa496a4e",
              "create_cmd_body": "alpha container hub config-management enable --project jk-mlops-dev",
              "create_cmd_entrypoint": "gcloud",
              "gcloud_bin_abs_path": "/google-cloud-sdk/bin",
              "md5": "7f22bf39aaf5ce5980111c3587bef5b5"
            }
          },
          "sensitive_attributes": [],
          "private": "bnVsbA==",
          "dependencies": [
            "data.google_client_config.current",
            "module.acm-clients.module.enable_acm.data.external.env_override",
            "module.acm-clients.module.enable_acm.null_resource.additional_components",
            "module.acm-clients.module.enable_acm.null_resource.decompress",
            "module.acm-clients.module.enable_acm.null_resource.gcloud_auth_google_credentials",
            "module.acm-clients.module.enable_acm.null_resource.gcloud_auth_service_account_key_file",
            "module.acm-clients.module.enable_acm.null_resource.module_depends_on",
            "module.acm-clients.module.enable_acm.null_resource.upgrade",
            "module.acm-clients.module.enable_acm.random_id.cache"
          ]
        }
      ]
    },
    {
      "module": "module.acm-clients[1].module.enable_acm",
      "mode": "managed",
      "type": "null_resource",
      "name": "run_destroy_command",
      "provider": "provider[\"registry.terraform.io/hashicorp/null\"]",
      "instances": [
        {
          "index_key": 0,
          "schema_version": 0,
          "attributes": {
            "id": "5125508747537705987",
            "triggers": {
              "destroy_cmd_body": "alpha container hub config-management disable --force --project jk-mlops-dev",
              "destroy_cmd_entrypoint": "gcloud",
              "gcloud_bin_abs_path": "/google-cloud-sdk/bin"
            }
          },
          "sensitive_attributes": [],
          "private": "bnVsbA==",
          "dependencies": [
            "data.google_client_config.current",
            "module.acm-clients.module.enable_acm.data.external.env_override",
            "module.acm-clients.module.enable_acm.null_resource.additional_components",
            "module.acm-clients.module.enable_acm.null_resource.decompress",
            "module.acm-clients.module.enable_acm.null_resource.gcloud_auth_google_credentials",
            "module.acm-clients.module.enable_acm.null_resource.gcloud_auth_service_account_key_file",
            "module.acm-clients.module.enable_acm.null_resource.module_depends_on",
            "module.acm-clients.module.enable_acm.null_resource.upgrade",
            "module.acm-clients.module.enable_acm.random_id.cache"
          ]
        }
      ]
    },
    {
      "module": "module.acm-server.module.acm_operator",
      "mode": "data",
      "type": "template_file",
      "name": "k8sop_config",
      "provider": "provider[\"registry.terraform.io/hashicorp/template\"]",
      "instances": [
        {
          "schema_version": 0,
          "attributes": {
            "filename": null,
            "id": "851a10a8fb7b54893aa0bbad1013965b10f08386e980821e1438c62d0d232ce5",
            "rendered": "apiVersion: configmanagement.gke.io/v1\nkind: ConfigManagement\nmetadata:\n  name: config-management\nspec:\n  # clusterName is required and must be unique among all managed clusters\n  clusterName: gke-cluster-server\n  policyController:\n    enabled: true\n    templateLibraryInstalled: true\n    logDeniesEnabled: false\n  git:\n    syncRepo: https://github.com/jarokaz/tff/\n    secretType: none\n    policyDir: acm-dir\n    syncBranch: main\n  \n  \n",
            "template": "apiVersion: configmanagement.gke.io/v1\nkind: ConfigManagement\nmetadata:\n  name: config-management\nspec:\n  # clusterName is required and must be unique among all managed clusters\n  clusterName: ${cluster_name}\n  policyController:\n    enabled: ${enable_policy_controller}\n    templateLibraryInstalled: ${install_template_library}\n    logDeniesEnabled: ${enable_log_denies}\n  git:\n    syncRepo: ${sync_repo}\n    secretType: ${secret_type}\n    ${policy_dir_node}\n    ${sync_branch_node}\n  ${source_format_node}\n  ${hierarchy_controller_map_node}\n",
            "vars": {
              "cluster_name": "gke-cluster-server",
              "enable_log_denies": "false",
              "enable_policy_controller": "true",
              "hierarchy_controller_map_node": "",
              "install_template_library": "true",
              "policy_dir_node": "policyDir: acm-dir",
              "secret_type": "none",
              "source_format_node": "",
              "sync_branch_node": "syncBranch: main",
              "sync_repo": "https://github.com/jarokaz/tff/"
            }
          },
          "sensitive_attributes": []
        }
      ]
    },
    {
      "module": "module.acm-server.module.acm_operator.module.k8s_operator.module.gcloud_kubectl",
      "mode": "data",
      "type": "external",
      "name": "env_override",
      "provider": "provider[\"registry.terraform.io/hashicorp/external\"]",
      "instances": [
        {
          "index_key": 0,
          "schema_version": 0,
          "attributes": {
            "id": "-",
            "program": [
              ".terraform/modules/acm-server.acm_operator.k8s_operator/terraform-google-gcloud-2.0.3/scripts/check_env.sh"
            ],
            "query": null,
            "result": {
              "download": ""
            },
            "working_dir": null
          },
          "sensitive_attributes": []
        }
      ]
    },
    {
      "module": "module.acm-server.module.acm_operator.module.k8s_operator.module.gcloud_kubectl",
      "mode": "managed",
      "type": "null_resource",
      "name": "additional_components",
      "provider": "provider[\"registry.terraform.io/hashicorp/null\"]",
      "instances": [
        {
          "index_key": 0,
          "schema_version": 0,
          "attributes": {
            "id": "5608688994726044655",
            "triggers": {
              "additional_components_command": ".terraform/modules/acm-server.acm_operator.k8s_operator/terraform-google-gcloud-2.0.3/scripts/check_components.sh gcloud kubectl",
              "arguments": "50e993fe06e446f3059d8e38a3463d84",
              "md5": "45876297bd52ae80f2797e941b00f3de"
            }
          },
          "sensitive_attributes": [],
          "private": "bnVsbA==",
          "dependencies": [
            "data.google_client_config.current",
            "data.google_project.project",
            "module.acm-server.module.acm_operator.module.k8s_operator.module.gcloud_kubectl.data.external.env_override",
            "module.acm-server.module.acm_operator.module.k8s_operator.module.gcloud_kubectl.null_resource.upgrade",
            "module.acm-server.module.acm_operator.module.k8s_operator.module.gcloud_kubectl.random_id.cache",
            "module.project-services.google_project_service.project_services",
            "module.server-cluster.data.google_compute_zones.available",
            "module.server-cluster.data.google_container_engine_versions.region",
            "module.server-cluster.data.google_container_engine_versions.zone",
            "module.server-cluster.google_container_cluster.primary",
            "module.server-cluster.google_service_account.cluster_service_account",
            "module.server-cluster.random_shuffle.available_zones",
            "module.server-cluster.random_string.cluster_service_account_suffix"
          ]
        }
      ]
    },
    {
      "module": "module.acm-server.module.acm_operator.module.k8s_operator.module.gcloud_kubectl",
      "mode": "managed",
      "type": "null_resource",
      "name": "additional_components_destroy",
      "provider": "provider[\"registry.terraform.io/hashicorp/null\"]",
      "instances": [
        {
          "index_key": 0,
          "schema_version": 0,
          "attributes": {
            "id": "6567221862800194904",
            "triggers": {
              "additional_components_command": ".terraform/modules/acm-server.acm_operator.k8s_operator/terraform-google-gcloud-2.0.3/scripts/check_components.sh gcloud kubectl"
            }
          },
          "sensitive_attributes": [],
          "private": "bnVsbA==",
          "dependencies": [
            "data.google_client_config.current",
            "data.google_project.project",
            "module.acm-server.module.acm_operator.module.k8s_operator.module.gcloud_kubectl.data.external.env_override",
            "module.acm-server.module.acm_operator.module.k8s_operator.module.gcloud_kubectl.null_resource.additional_components",
            "module.acm-server.module.acm_operator.module.k8s_operator.module.gcloud_kubectl.null_resource.decompress",
            "module.acm-server.module.acm_operator.module.k8s_operator.module.gcloud_kubectl.null_resource.gcloud_auth_google_credentials",
            "module.acm-server.module.acm_operator.module.k8s_operator.module.gcloud_kubectl.null_resource.gcloud_auth_service_account_key_file",
            "module.acm-server.module.acm_operator.module.k8s_operator.module.gcloud_kubectl.null_resource.module_depends_on",
            "module.acm-server.module.acm_operator.module.k8s_operator.module.gcloud_kubectl.null_resource.run_destroy_command",
            "module.acm-server.module.acm_operator.module.k8s_operator.module.gcloud_kubectl.null_resource.upgrade",
            "module.acm-server.module.acm_operator.module.k8s_operator.module.gcloud_kubectl.random_id.cache",
            "module.acm-server.module.acm_operator.module.k8sop_manifest.null_resource.additional_components",
            "module.acm-server.module.acm_operator.module.k8sop_manifest.null_resource.gcloud_auth_google_credentials",
            "module.acm-server.module.acm_operator.module.k8sop_manifest.null_resource.gcloud_auth_service_account_key_file",
            "module.acm-server.module.acm_operator.module.k8sop_manifest.null_resource.run_command",
            "module.acm-server.module.acm_operator.module.k8sop_manifest.null_resource.run_destroy_command",
            "module.project-services.google_project_service.project_services",
            "module.server-cluster.data.google_compute_zones.available",
            "module.server-cluster.data.google_container_engine_versions.region",
            "module.server-cluster.data.google_container_engine_versions.zone",
            "module.server-cluster.google_container_cluster.primary",
            "module.server-cluster.google_container_node_pool.pools",
            "module.server-cluster.google_service_account.cluster_service_account",
            "module.server-cluster.random_shuffle.available_zones",
            "module.server-cluster.random_string.cluster_service_account_suffix"
          ]
        }
      ]
    },
    {
      "module": "module.acm-server.module.acm_operator.module.k8s_operator.module.gcloud_kubectl",
      "mode": "managed",
      "type": "null_resource",
      "name": "module_depends_on",
      "provider": "provider[\"registry.terraform.io/hashicorp/null\"]",
      "instances": [
        {
          "index_key": 0,
          "schema_version": 0,
          "attributes": {
            "id": "2609079258212619942",
            "triggers": {
              "value": "2"
            }
          },
          "sensitive_attributes": [
            [
              {
                "type": "get_attr",
                "value": "triggers"
              },
              {
                "type": "index",
                "value": {
                  "value": "value",
                  "type": "string"
                }
              }
            ]
          ],
          "private": "bnVsbA==",
          "dependencies": [
            "data.google_client_config.current",
            "data.google_project.project",
            "module.acm-server.module.acm_operator.module.k8sop_manifest.null_resource.additional_components",
            "module.acm-server.module.acm_operator.module.k8sop_manifest.null_resource.gcloud_auth_google_credentials",
            "module.acm-server.module.acm_operator.module.k8sop_manifest.null_resource.gcloud_auth_service_account_key_file",
            "module.acm-server.module.acm_operator.module.k8sop_manifest.null_resource.run_command",
            "module.acm-server.module.acm_operator.module.k8sop_manifest.null_resource.run_destroy_command",
            "module.project-services.google_project_service.project_services",
            "module.server-cluster.data.google_compute_zones.available",
            "module.server-cluster.data.google_container_engine_versions.region",
            "module.server-cluster.data.google_container_engine_versions.zone",
            "module.server-cluster.google_container_cluster.primary",
            "module.server-cluster.google_container_node_pool.pools",
            "module.server-cluster.google_service_account.cluster_service_account",
            "module.server-cluster.random_shuffle.available_zones",
            "module.server-cluster.random_string.cluster_service_account_suffix"
          ]
        }
      ]
    },
    {
      "module": "module.acm-server.module.acm_operator.module.k8s_operator.module.gcloud_kubectl",
      "mode": "managed",
      "type": "null_resource",
      "name": "run_command",
      "provider": "provider[\"registry.terraform.io/hashicorp/null\"]",
      "instances": [
        {
          "index_key": 0,
          "schema_version": 0,
          "attributes": {
            "id": "4031391039363090352",
            "triggers": {
              "arguments": "50e993fe06e446f3059d8e38a3463d84",
              "create_cmd_body": "gke-cluster-server us-west1-a jk-mlops-dev false false kubectl apply -f config-management-operator.yaml",
              "create_cmd_entrypoint": ".terraform/modules/acm-server.acm_operator.k8s_operator/terraform-google-gcloud-2.0.3/modules/kubectl-wrapper/scripts/kubectl_wrapper.sh",
              "gcloud_bin_abs_path": "/google-cloud-sdk/bin",
              "md5": "45876297bd52ae80f2797e941b00f3de"
            }
          },
          "sensitive_attributes": [],
          "private": "bnVsbA==",
          "dependencies": [
            "data.google_client_config.current",
            "data.google_project.project",
            "module.acm-server.module.acm_operator.module.k8s_operator.module.gcloud_kubectl.data.external.env_override",
            "module.acm-server.module.acm_operator.module.k8s_operator.module.gcloud_kubectl.null_resource.additional_components",
            "module.acm-server.module.acm_operator.module.k8s_operator.module.gcloud_kubectl.null_resource.decompress",
            "module.acm-server.module.acm_operator.module.k8s_operator.module.gcloud_kubectl.null_resource.gcloud_auth_google_credentials",
            "module.acm-server.module.acm_operator.module.k8s_operator.module.gcloud_kubectl.null_resource.gcloud_auth_service_account_key_file",
            "module.acm-server.module.acm_operator.module.k8s_operator.module.gcloud_kubectl.null_resource.module_depends_on",
            "module.acm-server.module.acm_operator.module.k8s_operator.module.gcloud_kubectl.null_resource.upgrade",
            "module.acm-server.module.acm_operator.module.k8s_operator.module.gcloud_kubectl.random_id.cache",
            "module.acm-server.module.acm_operator.module.k8sop_manifest.null_resource.additional_components",
            "module.acm-server.module.acm_operator.module.k8sop_manifest.null_resource.gcloud_auth_google_credentials",
            "module.acm-server.module.acm_operator.module.k8sop_manifest.null_resource.gcloud_auth_service_account_key_file",
            "module.acm-server.module.acm_operator.module.k8sop_manifest.null_resource.run_command",
            "module.acm-server.module.acm_operator.module.k8sop_manifest.null_resource.run_destroy_command",
            "module.project-services.google_project_service.project_services",
            "module.server-cluster.data.google_compute_zones.available",
            "module.server-cluster.data.google_container_engine_versions.region",
            "module.server-cluster.data.google_container_engine_versions.zone",
            "module.server-cluster.google_container_cluster.primary",
            "module.server-cluster.google_container_node_pool.pools",
            "module.server-cluster.google_service_account.cluster_service_account",
            "module.server-cluster.random_shuffle.available_zones",
            "module.server-cluster.random_string.cluster_service_account_suffix"
          ]
        }
      ]
    },
    {
      "module": "module.acm-server.module.acm_operator.module.k8s_operator.module.gcloud_kubectl",
      "mode": "managed",
      "type": "null_resource",
      "name": "run_destroy_command",
      "provider": "provider[\"registry.terraform.io/hashicorp/null\"]",
      "instances": [
        {
          "index_key": 0,
          "schema_version": 0,
          "attributes": {
            "id": "8746589239282005570",
            "triggers": {
              "destroy_cmd_body": "gke-cluster-server us-west1-a jk-mlops-dev false false kubectl delete -f config-management-operator.yaml",
              "destroy_cmd_entrypoint": ".terraform/modules/acm-server.acm_operator.k8s_operator/terraform-google-gcloud-2.0.3/modules/kubectl-wrapper/scripts/kubectl_wrapper.sh",
              "gcloud_bin_abs_path": "/google-cloud-sdk/bin"
            }
          },
          "sensitive_attributes": [],
          "private": "bnVsbA==",
          "dependencies": [
            "data.google_client_config.current",
            "data.google_project.project",
            "module.acm-server.module.acm_operator.module.k8s_operator.module.gcloud_kubectl.data.external.env_override",
            "module.acm-server.module.acm_operator.module.k8s_operator.module.gcloud_kubectl.null_resource.additional_components",
            "module.acm-server.module.acm_operator.module.k8s_operator.module.gcloud_kubectl.null_resource.decompress",
            "module.acm-server.module.acm_operator.module.k8s_operator.module.gcloud_kubectl.null_resource.gcloud_auth_google_credentials",
            "module.acm-server.module.acm_operator.module.k8s_operator.module.gcloud_kubectl.null_resource.gcloud_auth_service_account_key_file",
            "module.acm-server.module.acm_operator.module.k8s_operator.module.gcloud_kubectl.null_resource.module_depends_on",
            "module.acm-server.module.acm_operator.module.k8s_operator.module.gcloud_kubectl.null_resource.upgrade",
            "module.acm-server.module.acm_operator.module.k8s_operator.module.gcloud_kubectl.random_id.cache",
            "module.acm-server.module.acm_operator.module.k8sop_manifest.null_resource.additional_components",
            "module.acm-server.module.acm_operator.module.k8sop_manifest.null_resource.gcloud_auth_google_credentials",
            "module.acm-server.module.acm_operator.module.k8sop_manifest.null_resource.gcloud_auth_service_account_key_file",
            "module.acm-server.module.acm_operator.module.k8sop_manifest.null_resource.run_command",
            "module.acm-server.module.acm_operator.module.k8sop_manifest.null_resource.run_destroy_command",
            "module.project-services.google_project_service.project_services",
            "module.server-cluster.data.google_compute_zones.available",
            "module.server-cluster.data.google_container_engine_versions.region",
            "module.server-cluster.data.google_container_engine_versions.zone",
            "module.server-cluster.google_container_cluster.primary",
            "module.server-cluster.google_container_node_pool.pools",
            "module.server-cluster.google_service_account.cluster_service_account",
            "module.server-cluster.random_shuffle.available_zones",
            "module.server-cluster.random_string.cluster_service_account_suffix"
          ]
        }
      ]
    },
    {
      "module": "module.acm-server.module.acm_operator.module.k8sop_config.module.gcloud_kubectl",
      "mode": "data",
      "type": "external",
      "name": "env_override",
      "provider": "provider[\"registry.terraform.io/hashicorp/external\"]",
      "instances": [
        {
          "index_key": 0,
          "schema_version": 0,
          "attributes": {
            "id": "-",
            "program": [
              ".terraform/modules/acm-server.acm_operator.k8sop_config/terraform-google-gcloud-2.0.3/scripts/check_env.sh"
            ],
            "query": null,
            "result": {
              "download": ""
            },
            "working_dir": null
          },
          "sensitive_attributes": []
        }
      ]
    },
    {
      "module": "module.acm-server.module.acm_operator.module.k8sop_config.module.gcloud_kubectl",
      "mode": "managed",
      "type": "null_resource",
      "name": "additional_components",
      "provider": "provider[\"registry.terraform.io/hashicorp/null\"]",
      "instances": [
        {
          "index_key": 0,
          "schema_version": 0,
          "attributes": {
            "id": "4362798064319821328",
            "triggers": {
              "additional_components_command": ".terraform/modules/acm-server.acm_operator.k8sop_config/terraform-google-gcloud-2.0.3/scripts/check_components.sh gcloud kubectl",
              "arguments": "76ac289b6704679d256ba8407ff54c93",
              "configmanagement": "apiVersion: configmanagement.gke.io/v1\nkind: ConfigManagement\nmetadata:\n  name: config-management\nspec:\n  # clusterName is required and must be unique among all managed clusters\n  clusterName: gke-cluster-server\n  policyController:\n    enabled: true\n    templateLibraryInstalled: true\n    logDeniesEnabled: false\n  git:\n    syncRepo: https://github.com/jarokaz/tff/\n    secretType: none\n    policyDir: acm-dir\n    syncBranch: main\n  \n  \n",
              "md5": "dda3f07bbd8f7b8c12d39a6d5efbdef3"
            }
          },
          "sensitive_attributes": [],
          "private": "bnVsbA==",
          "dependencies": [
            "data.google_client_config.current",
            "data.google_project.project",
            "module.acm-server.module.acm_operator.data.template_file.k8sop_config",
            "module.acm-server.module.acm_operator.module.k8sop_config.module.gcloud_kubectl.data.external.env_override",
            "module.acm-server.module.acm_operator.module.k8sop_config.module.gcloud_kubectl.null_resource.upgrade",
            "module.acm-server.module.acm_operator.module.k8sop_config.module.gcloud_kubectl.random_id.cache",
            "module.project-services.google_project_service.project_services",
            "module.server-cluster.data.google_compute_zones.available",
            "module.server-cluster.data.google_container_engine_versions.region",
            "module.server-cluster.data.google_container_engine_versions.zone",
            "module.server-cluster.google_container_cluster.primary",
            "module.server-cluster.google_service_account.cluster_service_account",
            "module.server-cluster.random_shuffle.available_zones",
            "module.server-cluster.random_string.cluster_service_account_suffix"
          ]
        }
      ]
    },
    {
      "module": "module.acm-server.module.acm_operator.module.k8sop_config.module.gcloud_kubectl",
      "mode": "managed",
      "type": "null_resource",
      "name": "additional_components_destroy",
      "provider": "provider[\"registry.terraform.io/hashicorp/null\"]",
      "instances": [
        {
          "index_key": 0,
          "schema_version": 0,
          "attributes": {
            "id": "5455159810601393311",
            "triggers": {
              "additional_components_command": ".terraform/modules/acm-server.acm_operator.k8sop_config/terraform-google-gcloud-2.0.3/scripts/check_components.sh gcloud kubectl"
            }
          },
          "sensitive_attributes": [],
          "private": "bnVsbA==",
          "dependencies": [
            "data.google_client_config.current",
            "data.google_project.project",
            "module.acm-server.module.acm_operator.data.template_file.k8sop_config",
            "module.acm-server.module.acm_operator.module.k8s_operator.module.gcloud_kubectl.data.external.env_override",
            "module.acm-server.module.acm_operator.module.k8s_operator.module.gcloud_kubectl.null_resource.additional_components",
            "module.acm-server.module.acm_operator.module.k8s_operator.module.gcloud_kubectl.null_resource.decompress",
            "module.acm-server.module.acm_operator.module.k8s_operator.module.gcloud_kubectl.null_resource.gcloud_auth_google_credentials",
            "module.acm-server.module.acm_operator.module.k8s_operator.module.gcloud_kubectl.null_resource.gcloud_auth_service_account_key_file",
            "module.acm-server.module.acm_operator.module.k8s_operator.module.gcloud_kubectl.null_resource.module_depends_on",
            "module.acm-server.module.acm_operator.module.k8s_operator.module.gcloud_kubectl.null_resource.run_command",
            "module.acm-server.module.acm_operator.module.k8s_operator.module.gcloud_kubectl.null_resource.run_destroy_command",
            "module.acm-server.module.acm_operator.module.k8s_operator.module.gcloud_kubectl.null_resource.upgrade",
            "module.acm-server.module.acm_operator.module.k8s_operator.module.gcloud_kubectl.random_id.cache",
            "module.acm-server.module.acm_operator.module.k8sop_config.module.gcloud_kubectl.data.external.env_override",
            "module.acm-server.module.acm_operator.module.k8sop_config.module.gcloud_kubectl.null_resource.additional_components",
            "module.acm-server.module.acm_operator.module.k8sop_config.module.gcloud_kubectl.null_resource.decompress",
            "module.acm-server.module.acm_operator.module.k8sop_config.module.gcloud_kubectl.null_resource.gcloud_auth_google_credentials",
            "module.acm-server.module.acm_operator.module.k8sop_config.module.gcloud_kubectl.null_resource.gcloud_auth_service_account_key_file",
            "module.acm-server.module.acm_operator.module.k8sop_config.module.gcloud_kubectl.null_resource.module_depends_on",
            "module.acm-server.module.acm_operator.module.k8sop_config.module.gcloud_kubectl.null_resource.run_destroy_command",
            "module.acm-server.module.acm_operator.module.k8sop_config.module.gcloud_kubectl.null_resource.upgrade",
            "module.acm-server.module.acm_operator.module.k8sop_config.module.gcloud_kubectl.random_id.cache",
            "module.acm-server.module.acm_operator.module.k8sop_creds_secret.module.gcloud_kubectl.null_resource.additional_components",
            "module.acm-server.module.acm_operator.module.k8sop_creds_secret.module.gcloud_kubectl.null_resource.gcloud_auth_google_credentials",
            "module.acm-server.module.acm_operator.module.k8sop_creds_secret.module.gcloud_kubectl.null_resource.gcloud_auth_service_account_key_file",
            "module.acm-server.module.acm_operator.module.k8sop_creds_secret.module.gcloud_kubectl.null_resource.run_command",
            "module.acm-server.module.acm_operator.module.k8sop_creds_secret.module.gcloud_kubectl.null_resource.run_destroy_command",
            "module.acm-server.module.acm_operator.module.k8sop_manifest.null_resource.additional_components",
            "module.acm-server.module.acm_operator.module.k8sop_manifest.null_resource.gcloud_auth_google_credentials",
            "module.acm-server.module.acm_operator.module.k8sop_manifest.null_resource.gcloud_auth_service_account_key_file",
            "module.acm-server.module.acm_operator.module.k8sop_manifest.null_resource.run_command",
            "module.acm-server.module.acm_operator.module.k8sop_manifest.null_resource.run_destroy_command",
            "module.project-services.google_project_service.project_services",
            "module.server-cluster.data.google_compute_zones.available",
            "module.server-cluster.data.google_container_engine_versions.region",
            "module.server-cluster.data.google_container_engine_versions.zone",
            "module.server-cluster.google_container_cluster.primary",
            "module.server-cluster.google_container_node_pool.pools",
            "module.server-cluster.google_service_account.cluster_service_account",
            "module.server-cluster.random_shuffle.available_zones",
            "module.server-cluster.random_string.cluster_service_account_suffix"
          ]
        }
      ]
    },
    {
      "module": "module.acm-server.module.acm_operator.module.k8sop_config.module.gcloud_kubectl",
      "mode": "managed",
      "type": "null_resource",
      "name": "module_depends_on",
      "provider": "provider[\"registry.terraform.io/hashicorp/null\"]",
      "instances": [
        {
          "index_key": 0,
          "schema_version": 0,
          "attributes": {
            "id": "128281234903526143",
            "triggers": {
              "value": "2"
            }
          },
          "sensitive_attributes": [],
          "private": "bnVsbA==",
          "dependencies": [
            "data.google_client_config.current",
            "data.google_project.project",
            "module.acm-server.module.acm_operator.module.k8s_operator.module.gcloud_kubectl.data.external.env_override",
            "module.acm-server.module.acm_operator.module.k8s_operator.module.gcloud_kubectl.null_resource.additional_components",
            "module.acm-server.module.acm_operator.module.k8s_operator.module.gcloud_kubectl.null_resource.decompress",
            "module.acm-server.module.acm_operator.module.k8s_operator.module.gcloud_kubectl.null_resource.gcloud_auth_google_credentials",
            "module.acm-server.module.acm_operator.module.k8s_operator.module.gcloud_kubectl.null_resource.gcloud_auth_service_account_key_file",
            "module.acm-server.module.acm_operator.module.k8s_operator.module.gcloud_kubectl.null_resource.module_depends_on",
            "module.acm-server.module.acm_operator.module.k8s_operator.module.gcloud_kubectl.null_resource.run_command",
            "module.acm-server.module.acm_operator.module.k8s_operator.module.gcloud_kubectl.null_resource.run_destroy_command",
            "module.acm-server.module.acm_operator.module.k8s_operator.module.gcloud_kubectl.null_resource.upgrade",
            "module.acm-server.module.acm_operator.module.k8s_operator.module.gcloud_kubectl.random_id.cache",
            "module.acm-server.module.acm_operator.module.k8sop_creds_secret.module.gcloud_kubectl.null_resource.additional_components",
            "module.acm-server.module.acm_operator.module.k8sop_creds_secret.module.gcloud_kubectl.null_resource.gcloud_auth_google_credentials",
            "module.acm-server.module.acm_operator.module.k8sop_creds_secret.module.gcloud_kubectl.null_resource.gcloud_auth_service_account_key_file",
            "module.acm-server.module.acm_operator.module.k8sop_creds_secret.module.gcloud_kubectl.null_resource.run_command",
            "module.acm-server.module.acm_operator.module.k8sop_creds_secret.module.gcloud_kubectl.null_resource.run_destroy_command",
            "module.acm-server.module.acm_operator.module.k8sop_manifest.null_resource.additional_components",
            "module.acm-server.module.acm_operator.module.k8sop_manifest.null_resource.gcloud_auth_google_credentials",
            "module.acm-server.module.acm_operator.module.k8sop_manifest.null_resource.gcloud_auth_service_account_key_file",
            "module.acm-server.module.acm_operator.module.k8sop_manifest.null_resource.run_command",
            "module.acm-server.module.acm_operator.module.k8sop_manifest.null_resource.run_destroy_command",
            "module.project-services.google_project_service.project_services",
            "module.server-cluster.data.google_compute_zones.available",
            "module.server-cluster.data.google_container_engine_versions.region",
            "module.server-cluster.data.google_container_engine_versions.zone",
            "module.server-cluster.google_container_cluster.primary",
            "module.server-cluster.google_container_node_pool.pools",
            "module.server-cluster.google_service_account.cluster_service_account",
            "module.server-cluster.random_shuffle.available_zones",
            "module.server-cluster.random_string.cluster_service_account_suffix"
          ]
        }
      ]
    },
    {
      "module": "module.acm-server.module.acm_operator.module.k8sop_config.module.gcloud_kubectl",
      "mode": "managed",
      "type": "null_resource",
      "name": "run_command",
      "provider": "provider[\"registry.terraform.io/hashicorp/null\"]",
      "instances": [
        {
          "index_key": 0,
          "schema_version": 0,
          "attributes": {
            "id": "1259110379178592717",
            "triggers": {
              "arguments": "76ac289b6704679d256ba8407ff54c93",
              "configmanagement": "apiVersion: configmanagement.gke.io/v1\nkind: ConfigManagement\nmetadata:\n  name: config-management\nspec:\n  # clusterName is required and must be unique among all managed clusters\n  clusterName: gke-cluster-server\n  policyController:\n    enabled: true\n    templateLibraryInstalled: true\n    logDeniesEnabled: false\n  git:\n    syncRepo: https://github.com/jarokaz/tff/\n    secretType: none\n    policyDir: acm-dir\n    syncBranch: main\n  \n  \n",
              "create_cmd_body": "gke-cluster-server us-west1-a jk-mlops-dev false false kubectl apply -f - \u003c\u003cEOF\napiVersion: configmanagement.gke.io/v1\nkind: ConfigManagement\nmetadata:\n  name: config-management\nspec:\n  # clusterName is required and must be unique among all managed clusters\n  clusterName: gke-cluster-server\n  policyController:\n    enabled: true\n    templateLibraryInstalled: true\n    logDeniesEnabled: false\n  git:\n    syncRepo: https://github.com/jarokaz/tff/\n    secretType: none\n    policyDir: acm-dir\n    syncBranch: main\n  \n  \nEOF",
              "create_cmd_entrypoint": ".terraform/modules/acm-server.acm_operator.k8sop_config/terraform-google-gcloud-2.0.3/modules/kubectl-wrapper/scripts/kubectl_wrapper.sh",
              "gcloud_bin_abs_path": "/google-cloud-sdk/bin",
              "md5": "dda3f07bbd8f7b8c12d39a6d5efbdef3"
            }
          },
          "sensitive_attributes": [],
          "private": "bnVsbA==",
          "dependencies": [
            "data.google_client_config.current",
            "data.google_project.project",
            "module.acm-server.module.acm_operator.data.template_file.k8sop_config",
            "module.acm-server.module.acm_operator.module.k8s_operator.module.gcloud_kubectl.data.external.env_override",
            "module.acm-server.module.acm_operator.module.k8s_operator.module.gcloud_kubectl.null_resource.additional_components",
            "module.acm-server.module.acm_operator.module.k8s_operator.module.gcloud_kubectl.null_resource.decompress",
            "module.acm-server.module.acm_operator.module.k8s_operator.module.gcloud_kubectl.null_resource.gcloud_auth_google_credentials",
            "module.acm-server.module.acm_operator.module.k8s_operator.module.gcloud_kubectl.null_resource.gcloud_auth_service_account_key_file",
            "module.acm-server.module.acm_operator.module.k8s_operator.module.gcloud_kubectl.null_resource.module_depends_on",
            "module.acm-server.module.acm_operator.module.k8s_operator.module.gcloud_kubectl.null_resource.run_command",
            "module.acm-server.module.acm_operator.module.k8s_operator.module.gcloud_kubectl.null_resource.run_destroy_command",
            "module.acm-server.module.acm_operator.module.k8s_operator.module.gcloud_kubectl.null_resource.upgrade",
            "module.acm-server.module.acm_operator.module.k8s_operator.module.gcloud_kubectl.random_id.cache",
            "module.acm-server.module.acm_operator.module.k8sop_config.module.gcloud_kubectl.data.external.env_override",
            "module.acm-server.module.acm_operator.module.k8sop_config.module.gcloud_kubectl.null_resource.additional_components",
            "module.acm-server.module.acm_operator.module.k8sop_config.module.gcloud_kubectl.null_resource.decompress",
            "module.acm-server.module.acm_operator.module.k8sop_config.module.gcloud_kubectl.null_resource.gcloud_auth_google_credentials",
            "module.acm-server.module.acm_operator.module.k8sop_config.module.gcloud_kubectl.null_resource.gcloud_auth_service_account_key_file",
            "module.acm-server.module.acm_operator.module.k8sop_config.module.gcloud_kubectl.null_resource.module_depends_on",
            "module.acm-server.module.acm_operator.module.k8sop_config.module.gcloud_kubectl.null_resource.upgrade",
            "module.acm-server.module.acm_operator.module.k8sop_config.module.gcloud_kubectl.random_id.cache",
            "module.acm-server.module.acm_operator.module.k8sop_creds_secret.module.gcloud_kubectl.null_resource.additional_components",
            "module.acm-server.module.acm_operator.module.k8sop_creds_secret.module.gcloud_kubectl.null_resource.gcloud_auth_google_credentials",
            "module.acm-server.module.acm_operator.module.k8sop_creds_secret.module.gcloud_kubectl.null_resource.gcloud_auth_service_account_key_file",
            "module.acm-server.module.acm_operator.module.k8sop_creds_secret.module.gcloud_kubectl.null_resource.run_command",
            "module.acm-server.module.acm_operator.module.k8sop_creds_secret.module.gcloud_kubectl.null_resource.run_destroy_command",
            "module.acm-server.module.acm_operator.module.k8sop_manifest.null_resource.additional_components",
            "module.acm-server.module.acm_operator.module.k8sop_manifest.null_resource.gcloud_auth_google_credentials",
            "module.acm-server.module.acm_operator.module.k8sop_manifest.null_resource.gcloud_auth_service_account_key_file",
            "module.acm-server.module.acm_operator.module.k8sop_manifest.null_resource.run_command",
            "module.acm-server.module.acm_operator.module.k8sop_manifest.null_resource.run_destroy_command",
            "module.project-services.google_project_service.project_services",
            "module.server-cluster.data.google_compute_zones.available",
            "module.server-cluster.data.google_container_engine_versions.region",
            "module.server-cluster.data.google_container_engine_versions.zone",
            "module.server-cluster.google_container_cluster.primary",
            "module.server-cluster.google_container_node_pool.pools",
            "module.server-cluster.google_service_account.cluster_service_account",
            "module.server-cluster.random_shuffle.available_zones",
            "module.server-cluster.random_string.cluster_service_account_suffix"
          ]
        }
      ]
    },
    {
      "module": "module.acm-server.module.acm_operator.module.k8sop_config.module.gcloud_kubectl",
      "mode": "managed",
      "type": "null_resource",
      "name": "run_destroy_command",
      "provider": "provider[\"registry.terraform.io/hashicorp/null\"]",
      "instances": [
        {
          "index_key": 0,
          "schema_version": 0,
          "attributes": {
            "id": "1866299062053291390",
            "triggers": {
              "configmanagement": "apiVersion: configmanagement.gke.io/v1\nkind: ConfigManagement\nmetadata:\n  name: config-management\nspec:\n  # clusterName is required and must be unique among all managed clusters\n  clusterName: gke-cluster-server\n  policyController:\n    enabled: true\n    templateLibraryInstalled: true\n    logDeniesEnabled: false\n  git:\n    syncRepo: https://github.com/jarokaz/tff/\n    secretType: none\n    policyDir: acm-dir\n    syncBranch: main\n  \n  \n",
              "destroy_cmd_body": "gke-cluster-server us-west1-a jk-mlops-dev false false kubectl delete -f - \u003c\u003cEOF\napiVersion: configmanagement.gke.io/v1\nkind: ConfigManagement\nmetadata:\n  name: config-management\nspec:\n  # clusterName is required and must be unique among all managed clusters\n  clusterName: gke-cluster-server\n  policyController:\n    enabled: true\n    templateLibraryInstalled: true\n    logDeniesEnabled: false\n  git:\n    syncRepo: https://github.com/jarokaz/tff/\n    secretType: none\n    policyDir: acm-dir\n    syncBranch: main\n  \n  \nEOF",
              "destroy_cmd_entrypoint": ".terraform/modules/acm-server.acm_operator.k8sop_config/terraform-google-gcloud-2.0.3/modules/kubectl-wrapper/scripts/kubectl_wrapper.sh",
              "gcloud_bin_abs_path": "/google-cloud-sdk/bin"
            }
          },
          "sensitive_attributes": [],
          "private": "bnVsbA==",
          "dependencies": [
            "data.google_client_config.current",
            "data.google_project.project",
            "module.acm-server.module.acm_operator.data.template_file.k8sop_config",
            "module.acm-server.module.acm_operator.module.k8s_operator.module.gcloud_kubectl.data.external.env_override",
            "module.acm-server.module.acm_operator.module.k8s_operator.module.gcloud_kubectl.null_resource.additional_components",
            "module.acm-server.module.acm_operator.module.k8s_operator.module.gcloud_kubectl.null_resource.decompress",
            "module.acm-server.module.acm_operator.module.k8s_operator.module.gcloud_kubectl.null_resource.gcloud_auth_google_credentials",
            "module.acm-server.module.acm_operator.module.k8s_operator.module.gcloud_kubectl.null_resource.gcloud_auth_service_account_key_file",
            "module.acm-server.module.acm_operator.module.k8s_operator.module.gcloud_kubectl.null_resource.module_depends_on",
            "module.acm-server.module.acm_operator.module.k8s_operator.module.gcloud_kubectl.null_resource.run_command",
            "module.acm-server.module.acm_operator.module.k8s_operator.module.gcloud_kubectl.null_resource.run_destroy_command",
            "module.acm-server.module.acm_operator.module.k8s_operator.module.gcloud_kubectl.null_resource.upgrade",
            "module.acm-server.module.acm_operator.module.k8s_operator.module.gcloud_kubectl.random_id.cache",
            "module.acm-server.module.acm_operator.module.k8sop_config.module.gcloud_kubectl.data.external.env_override",
            "module.acm-server.module.acm_operator.module.k8sop_config.module.gcloud_kubectl.null_resource.additional_components",
            "module.acm-server.module.acm_operator.module.k8sop_config.module.gcloud_kubectl.null_resource.decompress",
            "module.acm-server.module.acm_operator.module.k8sop_config.module.gcloud_kubectl.null_resource.gcloud_auth_google_credentials",
            "module.acm-server.module.acm_operator.module.k8sop_config.module.gcloud_kubectl.null_resource.gcloud_auth_service_account_key_file",
            "module.acm-server.module.acm_operator.module.k8sop_config.module.gcloud_kubectl.null_resource.module_depends_on",
            "module.acm-server.module.acm_operator.module.k8sop_config.module.gcloud_kubectl.null_resource.upgrade",
            "module.acm-server.module.acm_operator.module.k8sop_config.module.gcloud_kubectl.random_id.cache",
            "module.acm-server.module.acm_operator.module.k8sop_creds_secret.module.gcloud_kubectl.null_resource.additional_components",
            "module.acm-server.module.acm_operator.module.k8sop_creds_secret.module.gcloud_kubectl.null_resource.gcloud_auth_google_credentials",
            "module.acm-server.module.acm_operator.module.k8sop_creds_secret.module.gcloud_kubectl.null_resource.gcloud_auth_service_account_key_file",
            "module.acm-server.module.acm_operator.module.k8sop_creds_secret.module.gcloud_kubectl.null_resource.run_command",
            "module.acm-server.module.acm_operator.module.k8sop_creds_secret.module.gcloud_kubectl.null_resource.run_destroy_command",
            "module.acm-server.module.acm_operator.module.k8sop_manifest.null_resource.additional_components",
            "module.acm-server.module.acm_operator.module.k8sop_manifest.null_resource.gcloud_auth_google_credentials",
            "module.acm-server.module.acm_operator.module.k8sop_manifest.null_resource.gcloud_auth_service_account_key_file",
            "module.acm-server.module.acm_operator.module.k8sop_manifest.null_resource.run_command",
            "module.acm-server.module.acm_operator.module.k8sop_manifest.null_resource.run_destroy_command",
            "module.project-services.google_project_service.project_services",
            "module.server-cluster.data.google_compute_zones.available",
            "module.server-cluster.data.google_container_engine_versions.region",
            "module.server-cluster.data.google_container_engine_versions.zone",
            "module.server-cluster.google_container_cluster.primary",
            "module.server-cluster.google_container_node_pool.pools",
            "module.server-cluster.google_service_account.cluster_service_account",
            "module.server-cluster.random_shuffle.available_zones",
            "module.server-cluster.random_string.cluster_service_account_suffix"
          ]
        }
      ]
    },
    {
      "module": "module.acm-server.module.acm_operator.module.k8sop_creds_secret.module.gcloud_kubectl",
      "mode": "managed",
      "type": "null_resource",
      "name": "module_depends_on",
      "provider": "provider[\"registry.terraform.io/hashicorp/null\"]",
      "instances": [
        {
          "index_key": 0,
          "schema_version": 0,
          "attributes": {
            "id": "6431136549470111112",
            "triggers": {
              "value": "1"
            }
          },
          "sensitive_attributes": [],
          "private": "bnVsbA==",
          "dependencies": [
            "data.google_client_config.current",
            "data.google_project.project",
            "module.acm-server.module.acm_operator.module.k8s_operator.module.gcloud_kubectl.data.external.env_override",
            "module.acm-server.module.acm_operator.module.k8s_operator.module.gcloud_kubectl.null_resource.additional_components",
            "module.acm-server.module.acm_operator.module.k8s_operator.module.gcloud_kubectl.null_resource.decompress",
            "module.acm-server.module.acm_operator.module.k8s_operator.module.gcloud_kubectl.null_resource.gcloud_auth_google_credentials",
            "module.acm-server.module.acm_operator.module.k8s_operator.module.gcloud_kubectl.null_resource.gcloud_auth_service_account_key_file",
            "module.acm-server.module.acm_operator.module.k8s_operator.module.gcloud_kubectl.null_resource.module_depends_on",
            "module.acm-server.module.acm_operator.module.k8s_operator.module.gcloud_kubectl.null_resource.run_command",
            "module.acm-server.module.acm_operator.module.k8s_operator.module.gcloud_kubectl.null_resource.run_destroy_command",
            "module.acm-server.module.acm_operator.module.k8s_operator.module.gcloud_kubectl.null_resource.upgrade",
            "module.acm-server.module.acm_operator.module.k8s_operator.module.gcloud_kubectl.random_id.cache",
            "module.acm-server.module.acm_operator.module.k8sop_manifest.null_resource.additional_components",
            "module.acm-server.module.acm_operator.module.k8sop_manifest.null_resource.gcloud_auth_google_credentials",
            "module.acm-server.module.acm_operator.module.k8sop_manifest.null_resource.gcloud_auth_service_account_key_file",
            "module.acm-server.module.acm_operator.module.k8sop_manifest.null_resource.run_command",
            "module.acm-server.module.acm_operator.module.k8sop_manifest.null_resource.run_destroy_command",
            "module.project-services.google_project_service.project_services",
            "module.server-cluster.data.google_compute_zones.available",
            "module.server-cluster.data.google_container_engine_versions.region",
            "module.server-cluster.data.google_container_engine_versions.zone",
            "module.server-cluster.google_container_cluster.primary",
            "module.server-cluster.google_container_node_pool.pools",
            "module.server-cluster.google_service_account.cluster_service_account",
            "module.server-cluster.random_shuffle.available_zones",
            "module.server-cluster.random_string.cluster_service_account_suffix"
          ]
        }
      ]
    },
    {
      "module": "module.acm-server.module.acm_operator.module.wait_for_gatekeeper.module.gcloud_kubectl",
      "mode": "data",
      "type": "external",
      "name": "env_override",
      "provider": "provider[\"registry.terraform.io/hashicorp/external\"]",
      "instances": [
        {
          "index_key": 0,
          "schema_version": 0,
          "attributes": {
            "id": "-",
            "program": [
              ".terraform/modules/acm-server.acm_operator.wait_for_gatekeeper/terraform-google-gcloud-2.0.3/scripts/check_env.sh"
            ],
            "query": null,
            "result": {
              "download": ""
            },
            "working_dir": null
          },
          "sensitive_attributes": []
        }
      ]
    },
    {
      "module": "module.acm-server.module.acm_operator.module.wait_for_gatekeeper.module.gcloud_kubectl",
      "mode": "managed",
      "type": "null_resource",
      "name": "additional_components",
      "provider": "provider[\"registry.terraform.io/hashicorp/null\"]",
      "instances": [
        {
          "index_key": 0,
          "schema_version": 0,
          "attributes": {
            "id": "21172108516927627",
            "triggers": {
              "additional_components_command": ".terraform/modules/acm-server.acm_operator.wait_for_gatekeeper/terraform-google-gcloud-2.0.3/scripts/check_components.sh gcloud kubectl",
              "arguments": "907e77b875e8765a4899e1aefc49435e",
              "md5": "1e09762adc225405f3a0dd9dcf25d370",
              "script_sha1": "e1780a62dcd319cb88616007c9c22324f63a6375"
            }
          },
          "sensitive_attributes": [],
          "private": "bnVsbA==",
          "dependencies": [
            "data.google_client_config.current",
            "data.google_project.project",
            "module.acm-server.module.acm_operator.module.wait_for_gatekeeper.module.gcloud_kubectl.data.external.env_override",
            "module.acm-server.module.acm_operator.module.wait_for_gatekeeper.module.gcloud_kubectl.null_resource.upgrade",
            "module.acm-server.module.acm_operator.module.wait_for_gatekeeper.module.gcloud_kubectl.random_id.cache",
            "module.project-services.google_project_service.project_services",
            "module.server-cluster.data.google_compute_zones.available",
            "module.server-cluster.data.google_container_engine_versions.region",
            "module.server-cluster.data.google_container_engine_versions.zone",
            "module.server-cluster.google_container_cluster.primary",
            "module.server-cluster.google_service_account.cluster_service_account",
            "module.server-cluster.random_shuffle.available_zones",
            "module.server-cluster.random_string.cluster_service_account_suffix"
          ]
        }
      ]
    },
    {
      "module": "module.acm-server.module.acm_operator.module.wait_for_gatekeeper.module.gcloud_kubectl",
      "mode": "managed",
      "type": "null_resource",
      "name": "additional_components_destroy",
      "provider": "provider[\"registry.terraform.io/hashicorp/null\"]",
      "instances": [
        {
          "index_key": 0,
          "schema_version": 0,
          "attributes": {
            "id": "5106170207222737207",
            "triggers": {
              "additional_components_command": ".terraform/modules/acm-server.acm_operator.wait_for_gatekeeper/terraform-google-gcloud-2.0.3/scripts/check_components.sh gcloud kubectl"
            }
          },
          "sensitive_attributes": [],
          "private": "bnVsbA==",
          "dependencies": [
            "data.google_client_config.current",
            "data.google_project.project",
            "module.acm-server.module.acm_operator.data.template_file.k8sop_config",
            "module.acm-server.module.acm_operator.module.k8s_operator.module.gcloud_kubectl.data.external.env_override",
            "module.acm-server.module.acm_operator.module.k8s_operator.module.gcloud_kubectl.null_resource.additional_components",
            "module.acm-server.module.acm_operator.module.k8s_operator.module.gcloud_kubectl.null_resource.decompress",
            "module.acm-server.module.acm_operator.module.k8s_operator.module.gcloud_kubectl.null_resource.gcloud_auth_google_credentials",
            "module.acm-server.module.acm_operator.module.k8s_operator.module.gcloud_kubectl.null_resource.gcloud_auth_service_account_key_file",
            "module.acm-server.module.acm_operator.module.k8s_operator.module.gcloud_kubectl.null_resource.module_depends_on",
            "module.acm-server.module.acm_operator.module.k8s_operator.module.gcloud_kubectl.null_resource.run_command",
            "module.acm-server.module.acm_operator.module.k8s_operator.module.gcloud_kubectl.null_resource.run_destroy_command",
            "module.acm-server.module.acm_operator.module.k8s_operator.module.gcloud_kubectl.null_resource.upgrade",
            "module.acm-server.module.acm_operator.module.k8s_operator.module.gcloud_kubectl.random_id.cache",
            "module.acm-server.module.acm_operator.module.k8sop_config.module.gcloud_kubectl.data.external.env_override",
            "module.acm-server.module.acm_operator.module.k8sop_config.module.gcloud_kubectl.null_resource.additional_components",
            "module.acm-server.module.acm_operator.module.k8sop_config.module.gcloud_kubectl.null_resource.decompress",
            "module.acm-server.module.acm_operator.module.k8sop_config.module.gcloud_kubectl.null_resource.gcloud_auth_google_credentials",
            "module.acm-server.module.acm_operator.module.k8sop_config.module.gcloud_kubectl.null_resource.gcloud_auth_service_account_key_file",
            "module.acm-server.module.acm_operator.module.k8sop_config.module.gcloud_kubectl.null_resource.module_depends_on",
            "module.acm-server.module.acm_operator.module.k8sop_config.module.gcloud_kubectl.null_resource.run_command",
            "module.acm-server.module.acm_operator.module.k8sop_config.module.gcloud_kubectl.null_resource.run_destroy_command",
            "module.acm-server.module.acm_operator.module.k8sop_config.module.gcloud_kubectl.null_resource.upgrade",
            "module.acm-server.module.acm_operator.module.k8sop_config.module.gcloud_kubectl.random_id.cache",
            "module.acm-server.module.acm_operator.module.k8sop_creds_secret.module.gcloud_kubectl.null_resource.additional_components",
            "module.acm-server.module.acm_operator.module.k8sop_creds_secret.module.gcloud_kubectl.null_resource.gcloud_auth_google_credentials",
            "module.acm-server.module.acm_operator.module.k8sop_creds_secret.module.gcloud_kubectl.null_resource.gcloud_auth_service_account_key_file",
            "module.acm-server.module.acm_operator.module.k8sop_creds_secret.module.gcloud_kubectl.null_resource.run_command",
            "module.acm-server.module.acm_operator.module.k8sop_creds_secret.module.gcloud_kubectl.null_resource.run_destroy_command",
            "module.acm-server.module.acm_operator.module.k8sop_manifest.null_resource.additional_components",
            "module.acm-server.module.acm_operator.module.k8sop_manifest.null_resource.gcloud_auth_google_credentials",
            "module.acm-server.module.acm_operator.module.k8sop_manifest.null_resource.gcloud_auth_service_account_key_file",
            "module.acm-server.module.acm_operator.module.k8sop_manifest.null_resource.run_command",
            "module.acm-server.module.acm_operator.module.k8sop_manifest.null_resource.run_destroy_command",
            "module.acm-server.module.acm_operator.module.wait_for_gatekeeper.module.gcloud_kubectl.data.external.env_override",
            "module.acm-server.module.acm_operator.module.wait_for_gatekeeper.module.gcloud_kubectl.null_resource.additional_components",
            "module.acm-server.module.acm_operator.module.wait_for_gatekeeper.module.gcloud_kubectl.null_resource.decompress",
            "module.acm-server.module.acm_operator.module.wait_for_gatekeeper.module.gcloud_kubectl.null_resource.gcloud_auth_google_credentials",
            "module.acm-server.module.acm_operator.module.wait_for_gatekeeper.module.gcloud_kubectl.null_resource.gcloud_auth_service_account_key_file",
            "module.acm-server.module.acm_operator.module.wait_for_gatekeeper.module.gcloud_kubectl.null_resource.module_depends_on",
            "module.acm-server.module.acm_operator.module.wait_for_gatekeeper.module.gcloud_kubectl.null_resource.run_destroy_command",
            "module.acm-server.module.acm_operator.module.wait_for_gatekeeper.module.gcloud_kubectl.null_resource.upgrade",
            "module.acm-server.module.acm_operator.module.wait_for_gatekeeper.module.gcloud_kubectl.random_id.cache",
            "module.project-services.google_project_service.project_services",
            "module.server-cluster.data.google_compute_zones.available",
            "module.server-cluster.data.google_container_engine_versions.region",
            "module.server-cluster.data.google_container_engine_versions.zone",
            "module.server-cluster.google_container_cluster.primary",
            "module.server-cluster.google_container_node_pool.pools",
            "module.server-cluster.google_service_account.cluster_service_account",
            "module.server-cluster.random_shuffle.available_zones",
            "module.server-cluster.random_string.cluster_service_account_suffix"
          ]
        }
      ]
    },
    {
      "module": "module.acm-server.module.acm_operator.module.wait_for_gatekeeper.module.gcloud_kubectl",
      "mode": "managed",
      "type": "null_resource",
      "name": "module_depends_on",
      "provider": "provider[\"registry.terraform.io/hashicorp/null\"]",
      "instances": [
        {
          "index_key": 0,
          "schema_version": 0,
          "attributes": {
            "id": "5803658956621536174",
            "triggers": {
              "value": "1"
            }
          },
          "sensitive_attributes": [],
          "private": "bnVsbA==",
          "dependencies": [
            "data.google_client_config.current",
            "data.google_project.project",
            "module.acm-server.module.acm_operator.data.template_file.k8sop_config",
            "module.acm-server.module.acm_operator.module.k8s_operator.module.gcloud_kubectl.data.external.env_override",
            "module.acm-server.module.acm_operator.module.k8s_operator.module.gcloud_kubectl.null_resource.additional_components",
            "module.acm-server.module.acm_operator.module.k8s_operator.module.gcloud_kubectl.null_resource.decompress",
            "module.acm-server.module.acm_operator.module.k8s_operator.module.gcloud_kubectl.null_resource.gcloud_auth_google_credentials",
            "module.acm-server.module.acm_operator.module.k8s_operator.module.gcloud_kubectl.null_resource.gcloud_auth_service_account_key_file",
            "module.acm-server.module.acm_operator.module.k8s_operator.module.gcloud_kubectl.null_resource.module_depends_on",
            "module.acm-server.module.acm_operator.module.k8s_operator.module.gcloud_kubectl.null_resource.run_command",
            "module.acm-server.module.acm_operator.module.k8s_operator.module.gcloud_kubectl.null_resource.run_destroy_command",
            "module.acm-server.module.acm_operator.module.k8s_operator.module.gcloud_kubectl.null_resource.upgrade",
            "module.acm-server.module.acm_operator.module.k8s_operator.module.gcloud_kubectl.random_id.cache",
            "module.acm-server.module.acm_operator.module.k8sop_config.module.gcloud_kubectl.data.external.env_override",
            "module.acm-server.module.acm_operator.module.k8sop_config.module.gcloud_kubectl.null_resource.additional_components",
            "module.acm-server.module.acm_operator.module.k8sop_config.module.gcloud_kubectl.null_resource.decompress",
            "module.acm-server.module.acm_operator.module.k8sop_config.module.gcloud_kubectl.null_resource.gcloud_auth_google_credentials",
            "module.acm-server.module.acm_operator.module.k8sop_config.module.gcloud_kubectl.null_resource.gcloud_auth_service_account_key_file",
            "module.acm-server.module.acm_operator.module.k8sop_config.module.gcloud_kubectl.null_resource.module_depends_on",
            "module.acm-server.module.acm_operator.module.k8sop_config.module.gcloud_kubectl.null_resource.run_command",
            "module.acm-server.module.acm_operator.module.k8sop_config.module.gcloud_kubectl.null_resource.run_destroy_command",
            "module.acm-server.module.acm_operator.module.k8sop_config.module.gcloud_kubectl.null_resource.upgrade",
            "module.acm-server.module.acm_operator.module.k8sop_config.module.gcloud_kubectl.random_id.cache",
            "module.acm-server.module.acm_operator.module.k8sop_creds_secret.module.gcloud_kubectl.null_resource.additional_components",
            "module.acm-server.module.acm_operator.module.k8sop_creds_secret.module.gcloud_kubectl.null_resource.gcloud_auth_google_credentials",
            "module.acm-server.module.acm_operator.module.k8sop_creds_secret.module.gcloud_kubectl.null_resource.gcloud_auth_service_account_key_file",
            "module.acm-server.module.acm_operator.module.k8sop_creds_secret.module.gcloud_kubectl.null_resource.run_command",
            "module.acm-server.module.acm_operator.module.k8sop_creds_secret.module.gcloud_kubectl.null_resource.run_destroy_command",
            "module.acm-server.module.acm_operator.module.k8sop_manifest.null_resource.additional_components",
            "module.acm-server.module.acm_operator.module.k8sop_manifest.null_resource.gcloud_auth_google_credentials",
            "module.acm-server.module.acm_operator.module.k8sop_manifest.null_resource.gcloud_auth_service_account_key_file",
            "module.acm-server.module.acm_operator.module.k8sop_manifest.null_resource.run_command",
            "module.acm-server.module.acm_operator.module.k8sop_manifest.null_resource.run_destroy_command",
            "module.project-services.google_project_service.project_services",
            "module.server-cluster.data.google_compute_zones.available",
            "module.server-cluster.data.google_container_engine_versions.region",
            "module.server-cluster.data.google_container_engine_versions.zone",
            "module.server-cluster.google_container_cluster.primary",
            "module.server-cluster.google_container_node_pool.pools",
            "module.server-cluster.google_service_account.cluster_service_account",
            "module.server-cluster.random_shuffle.available_zones",
            "module.server-cluster.random_string.cluster_service_account_suffix"
          ]
        }
      ]
    },
    {
      "module": "module.acm-server.module.acm_operator.module.wait_for_gatekeeper.module.gcloud_kubectl",
      "mode": "managed",
      "type": "null_resource",
      "name": "run_command",
      "provider": "provider[\"registry.terraform.io/hashicorp/null\"]",
      "instances": [
        {
          "index_key": 0,
          "schema_version": 0,
          "attributes": {
            "id": "3669947406736030610",
            "triggers": {
              "arguments": "907e77b875e8765a4899e1aefc49435e",
              "create_cmd_body": "gke-cluster-server us-west1-a jk-mlops-dev false false .terraform/modules/acm-server/modules/k8s-operator-crd-support/scripts/wait_for_gatekeeper.sh jk-mlops-dev gke-cluster-server us-west1-a ",
              "create_cmd_entrypoint": ".terraform/modules/acm-server.acm_operator.wait_for_gatekeeper/terraform-google-gcloud-2.0.3/modules/kubectl-wrapper/scripts/kubectl_wrapper.sh",
              "gcloud_bin_abs_path": "/google-cloud-sdk/bin",
              "md5": "1e09762adc225405f3a0dd9dcf25d370",
              "script_sha1": "e1780a62dcd319cb88616007c9c22324f63a6375"
            }
          },
          "sensitive_attributes": [],
          "private": "bnVsbA==",
          "dependencies": [
            "data.google_client_config.current",
            "data.google_project.project",
            "module.acm-server.module.acm_operator.data.template_file.k8sop_config",
            "module.acm-server.module.acm_operator.module.k8s_operator.module.gcloud_kubectl.data.external.env_override",
            "module.acm-server.module.acm_operator.module.k8s_operator.module.gcloud_kubectl.null_resource.additional_components",
            "module.acm-server.module.acm_operator.module.k8s_operator.module.gcloud_kubectl.null_resource.decompress",
            "module.acm-server.module.acm_operator.module.k8s_operator.module.gcloud_kubectl.null_resource.gcloud_auth_google_credentials",
            "module.acm-server.module.acm_operator.module.k8s_operator.module.gcloud_kubectl.null_resource.gcloud_auth_service_account_key_file",
            "module.acm-server.module.acm_operator.module.k8s_operator.module.gcloud_kubectl.null_resource.module_depends_on",
            "module.acm-server.module.acm_operator.module.k8s_operator.module.gcloud_kubectl.null_resource.run_command",
            "module.acm-server.module.acm_operator.module.k8s_operator.module.gcloud_kubectl.null_resource.run_destroy_command",
            "module.acm-server.module.acm_operator.module.k8s_operator.module.gcloud_kubectl.null_resource.upgrade",
            "module.acm-server.module.acm_operator.module.k8s_operator.module.gcloud_kubectl.random_id.cache",
            "module.acm-server.module.acm_operator.module.k8sop_config.module.gcloud_kubectl.data.external.env_override",
            "module.acm-server.module.acm_operator.module.k8sop_config.module.gcloud_kubectl.null_resource.additional_components",
            "module.acm-server.module.acm_operator.module.k8sop_config.module.gcloud_kubectl.null_resource.decompress",
            "module.acm-server.module.acm_operator.module.k8sop_config.module.gcloud_kubectl.null_resource.gcloud_auth_google_credentials",
            "module.acm-server.module.acm_operator.module.k8sop_config.module.gcloud_kubectl.null_resource.gcloud_auth_service_account_key_file",
            "module.acm-server.module.acm_operator.module.k8sop_config.module.gcloud_kubectl.null_resource.module_depends_on",
            "module.acm-server.module.acm_operator.module.k8sop_config.module.gcloud_kubectl.null_resource.run_command",
            "module.acm-server.module.acm_operator.module.k8sop_config.module.gcloud_kubectl.null_resource.run_destroy_command",
            "module.acm-server.module.acm_operator.module.k8sop_config.module.gcloud_kubectl.null_resource.upgrade",
            "module.acm-server.module.acm_operator.module.k8sop_config.module.gcloud_kubectl.random_id.cache",
            "module.acm-server.module.acm_operator.module.k8sop_creds_secret.module.gcloud_kubectl.null_resource.additional_components",
            "module.acm-server.module.acm_operator.module.k8sop_creds_secret.module.gcloud_kubectl.null_resource.gcloud_auth_google_credentials",
            "module.acm-server.module.acm_operator.module.k8sop_creds_secret.module.gcloud_kubectl.null_resource.gcloud_auth_service_account_key_file",
            "module.acm-server.module.acm_operator.module.k8sop_creds_secret.module.gcloud_kubectl.null_resource.run_command",
            "module.acm-server.module.acm_operator.module.k8sop_creds_secret.module.gcloud_kubectl.null_resource.run_destroy_command",
            "module.acm-server.module.acm_operator.module.k8sop_manifest.null_resource.additional_components",
            "module.acm-server.module.acm_operator.module.k8sop_manifest.null_resource.gcloud_auth_google_credentials",
            "module.acm-server.module.acm_operator.module.k8sop_manifest.null_resource.gcloud_auth_service_account_key_file",
            "module.acm-server.module.acm_operator.module.k8sop_manifest.null_resource.run_command",
            "module.acm-server.module.acm_operator.module.k8sop_manifest.null_resource.run_destroy_command",
            "module.acm-server.module.acm_operator.module.wait_for_gatekeeper.module.gcloud_kubectl.data.external.env_override",
            "module.acm-server.module.acm_operator.module.wait_for_gatekeeper.module.gcloud_kubectl.null_resource.additional_components",
            "module.acm-server.module.acm_operator.module.wait_for_gatekeeper.module.gcloud_kubectl.null_resource.decompress",
            "module.acm-server.module.acm_operator.module.wait_for_gatekeeper.module.gcloud_kubectl.null_resource.gcloud_auth_google_credentials",
            "module.acm-server.module.acm_operator.module.wait_for_gatekeeper.module.gcloud_kubectl.null_resource.gcloud_auth_service_account_key_file",
            "module.acm-server.module.acm_operator.module.wait_for_gatekeeper.module.gcloud_kubectl.null_resource.module_depends_on",
            "module.acm-server.module.acm_operator.module.wait_for_gatekeeper.module.gcloud_kubectl.null_resource.upgrade",
            "module.acm-server.module.acm_operator.module.wait_for_gatekeeper.module.gcloud_kubectl.random_id.cache",
            "module.project-services.google_project_service.project_services",
            "module.server-cluster.data.google_compute_zones.available",
            "module.server-cluster.data.google_container_engine_versions.region",
            "module.server-cluster.data.google_container_engine_versions.zone",
            "module.server-cluster.google_container_cluster.primary",
            "module.server-cluster.google_container_node_pool.pools",
            "module.server-cluster.google_service_account.cluster_service_account",
            "module.server-cluster.random_shuffle.available_zones",
            "module.server-cluster.random_string.cluster_service_account_suffix"
          ]
        }
      ]
    },
    {
      "module": "module.acm-server.module.acm_operator.module.wait_for_gatekeeper.module.gcloud_kubectl",
      "mode": "managed",
      "type": "null_resource",
      "name": "run_destroy_command",
      "provider": "provider[\"registry.terraform.io/hashicorp/null\"]",
      "instances": [
        {
          "index_key": 0,
          "schema_version": 0,
          "attributes": {
            "id": "6892036195634240563",
            "triggers": {
              "destroy_cmd_body": "gke-cluster-server us-west1-a jk-mlops-dev false false ",
              "destroy_cmd_entrypoint": ".terraform/modules/acm-server.acm_operator.wait_for_gatekeeper/terraform-google-gcloud-2.0.3/modules/kubectl-wrapper/scripts/kubectl_wrapper.sh",
              "gcloud_bin_abs_path": "/google-cloud-sdk/bin",
              "script_sha1": "e1780a62dcd319cb88616007c9c22324f63a6375"
            }
          },
          "sensitive_attributes": [],
          "private": "bnVsbA==",
          "dependencies": [
            "data.google_client_config.current",
            "data.google_project.project",
            "module.acm-server.module.acm_operator.data.template_file.k8sop_config",
            "module.acm-server.module.acm_operator.module.k8s_operator.module.gcloud_kubectl.data.external.env_override",
            "module.acm-server.module.acm_operator.module.k8s_operator.module.gcloud_kubectl.null_resource.additional_components",
            "module.acm-server.module.acm_operator.module.k8s_operator.module.gcloud_kubectl.null_resource.decompress",
            "module.acm-server.module.acm_operator.module.k8s_operator.module.gcloud_kubectl.null_resource.gcloud_auth_google_credentials",
            "module.acm-server.module.acm_operator.module.k8s_operator.module.gcloud_kubectl.null_resource.gcloud_auth_service_account_key_file",
            "module.acm-server.module.acm_operator.module.k8s_operator.module.gcloud_kubectl.null_resource.module_depends_on",
            "module.acm-server.module.acm_operator.module.k8s_operator.module.gcloud_kubectl.null_resource.run_command",
            "module.acm-server.module.acm_operator.module.k8s_operator.module.gcloud_kubectl.null_resource.run_destroy_command",
            "module.acm-server.module.acm_operator.module.k8s_operator.module.gcloud_kubectl.null_resource.upgrade",
            "module.acm-server.module.acm_operator.module.k8s_operator.module.gcloud_kubectl.random_id.cache",
            "module.acm-server.module.acm_operator.module.k8sop_config.module.gcloud_kubectl.data.external.env_override",
            "module.acm-server.module.acm_operator.module.k8sop_config.module.gcloud_kubectl.null_resource.additional_components",
            "module.acm-server.module.acm_operator.module.k8sop_config.module.gcloud_kubectl.null_resource.decompress",
            "module.acm-server.module.acm_operator.module.k8sop_config.module.gcloud_kubectl.null_resource.gcloud_auth_google_credentials",
            "module.acm-server.module.acm_operator.module.k8sop_config.module.gcloud_kubectl.null_resource.gcloud_auth_service_account_key_file",
            "module.acm-server.module.acm_operator.module.k8sop_config.module.gcloud_kubectl.null_resource.module_depends_on",
            "module.acm-server.module.acm_operator.module.k8sop_config.module.gcloud_kubectl.null_resource.run_command",
            "module.acm-server.module.acm_operator.module.k8sop_config.module.gcloud_kubectl.null_resource.run_destroy_command",
            "module.acm-server.module.acm_operator.module.k8sop_config.module.gcloud_kubectl.null_resource.upgrade",
            "module.acm-server.module.acm_operator.module.k8sop_config.module.gcloud_kubectl.random_id.cache",
            "module.acm-server.module.acm_operator.module.k8sop_creds_secret.module.gcloud_kubectl.null_resource.additional_components",
            "module.acm-server.module.acm_operator.module.k8sop_creds_secret.module.gcloud_kubectl.null_resource.gcloud_auth_google_credentials",
            "module.acm-server.module.acm_operator.module.k8sop_creds_secret.module.gcloud_kubectl.null_resource.gcloud_auth_service_account_key_file",
            "module.acm-server.module.acm_operator.module.k8sop_creds_secret.module.gcloud_kubectl.null_resource.run_command",
            "module.acm-server.module.acm_operator.module.k8sop_creds_secret.module.gcloud_kubectl.null_resource.run_destroy_command",
            "module.acm-server.module.acm_operator.module.k8sop_manifest.null_resource.additional_components",
            "module.acm-server.module.acm_operator.module.k8sop_manifest.null_resource.gcloud_auth_google_credentials",
            "module.acm-server.module.acm_operator.module.k8sop_manifest.null_resource.gcloud_auth_service_account_key_file",
            "module.acm-server.module.acm_operator.module.k8sop_manifest.null_resource.run_command",
            "module.acm-server.module.acm_operator.module.k8sop_manifest.null_resource.run_destroy_command",
            "module.acm-server.module.acm_operator.module.wait_for_gatekeeper.module.gcloud_kubectl.data.external.env_override",
            "module.acm-server.module.acm_operator.module.wait_for_gatekeeper.module.gcloud_kubectl.null_resource.additional_components",
            "module.acm-server.module.acm_operator.module.wait_for_gatekeeper.module.gcloud_kubectl.null_resource.decompress",
            "module.acm-server.module.acm_operator.module.wait_for_gatekeeper.module.gcloud_kubectl.null_resource.gcloud_auth_google_credentials",
            "module.acm-server.module.acm_operator.module.wait_for_gatekeeper.module.gcloud_kubectl.null_resource.gcloud_auth_service_account_key_file",
            "module.acm-server.module.acm_operator.module.wait_for_gatekeeper.module.gcloud_kubectl.null_resource.module_depends_on",
            "module.acm-server.module.acm_operator.module.wait_for_gatekeeper.module.gcloud_kubectl.null_resource.upgrade",
            "module.acm-server.module.acm_operator.module.wait_for_gatekeeper.module.gcloud_kubectl.random_id.cache",
            "module.project-services.google_project_service.project_services",
            "module.server-cluster.data.google_compute_zones.available",
            "module.server-cluster.data.google_container_engine_versions.region",
            "module.server-cluster.data.google_container_engine_versions.zone",
            "module.server-cluster.google_container_cluster.primary",
            "module.server-cluster.google_container_node_pool.pools",
            "module.server-cluster.google_service_account.cluster_service_account",
            "module.server-cluster.random_shuffle.available_zones",
            "module.server-cluster.random_string.cluster_service_account_suffix"
          ]
        }
      ]
    },
    {
      "module": "module.acm-server.module.enable_acm",
      "mode": "data",
      "type": "external",
      "name": "env_override",
      "provider": "provider[\"registry.terraform.io/hashicorp/external\"]",
      "instances": [
        {
          "index_key": 0,
          "schema_version": 0,
          "attributes": {
            "id": "-",
            "program": [
              ".terraform/modules/acm-server.enable_acm/terraform-google-gcloud-2.0.3/scripts/check_env.sh"
            ],
            "query": null,
            "result": {
              "download": ""
            },
            "working_dir": null
          },
          "sensitive_attributes": []
        }
      ]
    },
    {
      "module": "module.acm-server.module.enable_acm",
      "mode": "managed",
      "type": "null_resource",
      "name": "additional_components",
      "provider": "provider[\"registry.terraform.io/hashicorp/null\"]",
      "instances": [
        {
          "index_key": 0,
          "schema_version": 0,
          "attributes": {
            "id": "2052628767513249115",
            "triggers": {
              "additional_components_command": ".terraform/modules/acm-server.enable_acm/terraform-google-gcloud-2.0.3/scripts/check_components.sh gcloud alpha",
              "arguments": "49423d0060e3cf05de8cce2caa496a4e",
              "md5": "7f22bf39aaf5ce5980111c3587bef5b5"
            }
          },
          "sensitive_attributes": [],
          "private": "bnVsbA==",
          "dependencies": [
            "data.google_client_config.current",
            "module.acm-server.module.enable_acm.data.external.env_override",
            "module.acm-server.module.enable_acm.null_resource.decompress",
            "module.acm-server.module.enable_acm.null_resource.download_gcloud",
            "module.acm-server.module.enable_acm.null_resource.download_jq",
            "module.acm-server.module.enable_acm.null_resource.module_depends_on",
            "module.acm-server.module.enable_acm.null_resource.prepare_cache",
            "module.acm-server.module.enable_acm.null_resource.upgrade",
            "module.acm-server.module.enable_acm.random_id.cache"
          ]
        }
      ]
    },
    {
      "module": "module.acm-server.module.enable_acm",
      "mode": "managed",
      "type": "null_resource",
      "name": "additional_components_destroy",
      "provider": "provider[\"registry.terraform.io/hashicorp/null\"]",
      "instances": [
        {
          "index_key": 0,
          "schema_version": 0,
          "attributes": {
            "id": "594736243575760103",
            "triggers": {
              "additional_components_command": ".terraform/modules/acm-server.enable_acm/terraform-google-gcloud-2.0.3/scripts/check_components.sh gcloud alpha"
            }
          },
          "sensitive_attributes": [],
          "private": "bnVsbA==",
          "dependencies": [
            "module.acm-server.module.enable_acm.data.external.env_override",
            "module.acm-server.module.enable_acm.null_resource.run_destroy_command",
            "module.acm-server.module.enable_acm.random_id.cache"
          ]
        }
      ]
    },
    {
      "module": "module.acm-server.module.enable_acm",
      "mode": "managed",
      "type": "null_resource",
      "name": "run_command",
      "provider": "provider[\"registry.terraform.io/hashicorp/null\"]",
      "instances": [
        {
          "index_key": 0,
          "schema_version": 0,
          "attributes": {
            "id": "3580123265795793902",
            "triggers": {
              "arguments": "49423d0060e3cf05de8cce2caa496a4e",
              "create_cmd_body": "alpha container hub config-management enable --project jk-mlops-dev",
              "create_cmd_entrypoint": "gcloud",
              "gcloud_bin_abs_path": "/google-cloud-sdk/bin",
              "md5": "7f22bf39aaf5ce5980111c3587bef5b5"
            }
          },
          "sensitive_attributes": [],
          "private": "bnVsbA==",
          "dependencies": [
            "data.google_client_config.current",
            "module.acm-server.module.enable_acm.data.external.env_override",
            "module.acm-server.module.enable_acm.null_resource.additional_components",
            "module.acm-server.module.enable_acm.null_resource.decompress",
            "module.acm-server.module.enable_acm.null_resource.gcloud_auth_google_credentials",
            "module.acm-server.module.enable_acm.null_resource.gcloud_auth_service_account_key_file",
            "module.acm-server.module.enable_acm.null_resource.module_depends_on",
            "module.acm-server.module.enable_acm.random_id.cache"
          ]
        }
      ]
    },
    {
      "module": "module.acm-server.module.enable_acm",
      "mode": "managed",
      "type": "null_resource",
      "name": "run_destroy_command",
      "provider": "provider[\"registry.terraform.io/hashicorp/null\"]",
      "instances": [
        {
          "index_key": 0,
          "schema_version": 0,
          "attributes": {
            "id": "7479184471786647110",
            "triggers": {
              "destroy_cmd_body": "alpha container hub config-management disable --force --project jk-mlops-dev",
              "destroy_cmd_entrypoint": "gcloud",
              "gcloud_bin_abs_path": "/google-cloud-sdk/bin"
            }
          },
          "sensitive_attributes": [],
          "private": "bnVsbA==",
          "dependencies": [
            "data.google_client_config.current",
            "module.acm-server.module.enable_acm.data.external.env_override",
            "module.acm-server.module.enable_acm.null_resource.additional_components",
            "module.acm-server.module.enable_acm.null_resource.decompress",
            "module.acm-server.module.enable_acm.null_resource.download_gcloud",
            "module.acm-server.module.enable_acm.null_resource.download_jq",
            "module.acm-server.module.enable_acm.null_resource.gcloud_auth_google_credentials",
            "module.acm-server.module.enable_acm.null_resource.gcloud_auth_service_account_key_file",
            "module.acm-server.module.enable_acm.null_resource.module_depends_on",
            "module.acm-server.module.enable_acm.null_resource.prepare_cache",
            "module.acm-server.module.enable_acm.null_resource.upgrade",
            "module.acm-server.module.enable_acm.random_id.cache"
          ]
        }
      ]
    },
    {
      "module": "module.client-clusters[0]",
      "mode": "data",
      "type": "google_client_config",
      "name": "default",
      "provider": "provider[\"registry.terraform.io/hashicorp/google-beta\"]",
      "instances": [
        {
          "schema_version": 0,
          "attributes": {
            "access_token": "ya29.A0AfH6SMAL6JgD3xxJqlbICNSVI_DH3Xas_rMGQE03tnhucU4bVJcjvW3MSGRFXPuB3m-6LpOYm6TFS40tjwUN9RT7zlHZi5delk2JioySg9xiSUdv-rIevYTbV8AJwhql3GbHkaZW9khSSHHShqeWNSKu1A0u62G0H8er38My5ymwACvdDkiA-IUwFPvP7skn110EI6Cnt03e65MMF5b56aYvnOHkJP4MwzCryVnt00l4s3Zo5VlzL9qABP41Lpr421K4TeEdYw",
            "id": "projects//regions//zones/",
            "project": "",
            "region": "",
            "zone": ""
          },
          "sensitive_attributes": []
        }
      ]
    },
    {
      "module": "module.client-clusters[0]",
      "mode": "data",
      "type": "google_compute_zones",
      "name": "available",
      "provider": "provider[\"registry.terraform.io/hashicorp/google-beta\"]",
      "instances": [
        {
          "schema_version": 0,
          "attributes": {
            "id": "projects/jk-mlops-dev/regions/us-west1",
            "names": [
              "us-west1-a",
              "us-west1-b",
              "us-west1-c"
            ],
            "project": "jk-mlops-dev",
            "region": "us-west1",
            "status": null
          },
          "sensitive_attributes": []
        }
      ]
    },
    {
      "module": "module.client-clusters[0]",
      "mode": "data",
      "type": "google_container_engine_versions",
      "name": "region",
      "provider": "provider[\"registry.terraform.io/hashicorp/google\"]",
      "instances": [
        {
          "schema_version": 0,
          "attributes": {
            "default_cluster_version": "1.17.15-gke.800",
            "id": "2021-02-22 16:04:08.576617454 +0000 UTC",
            "latest_master_version": "1.18.15-gke.1500",
            "latest_node_version": "1.18.15-gke.1500",
            "location": "us-west1-a",
            "project": "jk-mlops-dev",
            "release_channel_default_version": {
              "RAPID": "1.19.7-gke.1302",
              "REGULAR": "1.18.12-gke.1210",
              "STABLE": "1.17.15-gke.800"
            },
            "valid_master_versions": [
              "1.18.15-gke.1500",
              "1.18.15-gke.1100",
              "1.18.14-gke.1600",
              "1.18.14-gke.1200",
              "1.18.12-gke.1210",
              "1.18.12-gke.1206",
              "1.17.17-gke.1500",
              "1.17.17-gke.1100",
              "1.17.17-gke.600",
              "1.17.16-gke.1600",
              "1.17.16-gke.1300",
              "1.17.15-gke.800",
              "1.16.15-gke.11800",
              "1.16.15-gke.10600",
              "1.16.15-gke.7800",
              "1.15.12-gke.6002"
            ],
            "valid_node_versions": [
              "1.18.15-gke.1500",
              "1.18.15-gke.1100",
              "1.18.15-gke.800",
              "1.18.14-gke.1600",
              "1.18.14-gke.1200",
              "1.18.12-gke.1210",
              "1.18.12-gke.1206",
              "1.18.12-gke.1205",
              "1.18.12-gke.1201",
              "1.18.12-gke.1200",
              "1.18.12-gke.300",
              "1.18.10-gke.2701",
              "1.18.10-gke.2101",
              "1.18.10-gke.1500",
              "1.18.10-gke.601",
              "1.18.9-gke.2501",
              "1.18.9-gke.1501",
              "1.18.9-gke.801",
              "1.18.6-gke.4801",
              "1.18.6-gke.3504",
              "1.18.6-gke.3503",
              "1.17.17-gke.1500",
              "1.17.17-gke.1100",
              "1.17.17-gke.600",
              "1.17.16-gke.1600",
              "1.17.16-gke.1300",
              "1.17.15-gke.800",
              "1.17.15-gke.300",
              "1.17.14-gke.1600",
              "1.17.14-gke.1200",
              "1.17.14-gke.400",
              "1.17.13-gke.2600",
              "1.17.13-gke.2001",
              "1.17.13-gke.1401",
              "1.17.13-gke.1400",
              "1.17.13-gke.600",
              "1.17.12-gke.2502",
              "1.17.12-gke.1504",
              "1.17.12-gke.1501",
              "1.17.12-gke.500",
              "1.17.9-gke.6300",
              "1.17.9-gke.1504",
              "1.16.15-gke.11800",
              "1.16.15-gke.10600",
              "1.16.15-gke.7800",
              "1.16.15-gke.7300",
              "1.16.15-gke.6900",
              "1.16.15-gke.6000",
              "1.16.15-gke.5500",
              "1.16.15-gke.4901",
              "1.16.15-gke.4301",
              "1.16.15-gke.4300",
              "1.16.15-gke.3500",
              "1.16.15-gke.2601",
              "1.16.15-gke.1600",
              "1.16.15-gke.500",
              "1.16.13-gke.404",
              "1.16.13-gke.403",
              "1.16.13-gke.401",
              "1.16.13-gke.400",
              "1.16.13-gke.1",
              "1.16.11-gke.5",
              "1.16.10-gke.8",
              "1.16.9-gke.6",
              "1.16.9-gke.2",
              "1.16.8-gke.15",
              "1.16.8-gke.12",
              "1.16.8-gke.9",
              "1.15.12-gke.6002",
              "1.15.12-gke.6001",
              "1.15.12-gke.5000",
              "1.15.12-gke.4002",
              "1.15.12-gke.4000",
              "1.15.12-gke.20",
              "1.15.12-gke.17",
              "1.15.12-gke.16",
              "1.15.12-gke.13",
              "1.15.12-gke.9",
              "1.15.12-gke.6",
              "1.15.12-gke.3",
              "1.15.12-gke.2",
              "1.15.11-gke.17",
              "1.15.11-gke.15",
              "1.15.11-gke.13",
              "1.15.11-gke.12",
              "1.15.11-gke.11",
              "1.15.11-gke.9",
              "1.15.11-gke.5",
              "1.15.11-gke.3",
              "1.15.11-gke.1",
              "1.15.9-gke.26",
              "1.15.9-gke.24",
              "1.15.9-gke.22",
              "1.15.9-gke.12",
              "1.15.9-gke.9",
              "1.15.9-gke.8",
              "1.15.8-gke.3",
              "1.15.8-gke.2",
              "1.15.7-gke.23",
              "1.15.7-gke.2",
              "1.15.4-gke.22",
              "1.14.10-gke.1504",
              "1.14.10-gke.902",
              "1.14.10-gke.50",
              "1.14.10-gke.46",
              "1.14.10-gke.45",
              "1.14.10-gke.42",
              "1.14.10-gke.41",
              "1.14.10-gke.40",
              "1.14.10-gke.37",
              "1.14.10-gke.36",
              "1.14.10-gke.34",
              "1.14.10-gke.32",
              "1.14.10-gke.31",
              "1.14.10-gke.27",
              "1.14.10-gke.24",
              "1.14.10-gke.22",
              "1.14.10-gke.21",
              "1.14.10-gke.17",
              "1.14.10-gke.0",
              "1.14.9-gke.23",
              "1.14.9-gke.2",
              "1.14.9-gke.0",
              "1.14.8-gke.33",
              "1.14.8-gke.21",
              "1.14.8-gke.18",
              "1.14.8-gke.17",
              "1.14.8-gke.14",
              "1.14.8-gke.12",
              "1.14.8-gke.7",
              "1.14.8-gke.2",
              "1.14.7-gke.40",
              "1.14.7-gke.25",
              "1.14.7-gke.23",
              "1.14.7-gke.17",
              "1.14.7-gke.14",
              "1.14.7-gke.10",
              "1.14.6-gke.13",
              "1.14.6-gke.2",
              "1.14.6-gke.1",
              "1.14.3-gke.11",
              "1.14.3-gke.10",
              "1.14.3-gke.9",
              "1.14.2-gke.9",
              "1.14.1-gke.5",
              "1.13.12-gke.30",
              "1.13.12-gke.25",
              "1.13.12-gke.17",
              "1.13.12-gke.16",
              "1.13.12-gke.14",
              "1.13.12-gke.13",
              "1.13.12-gke.10",
              "1.13.12-gke.8",
              "1.13.12-gke.4",
              "1.13.12-gke.2",
              "1.13.11-gke.23",
              "1.13.11-gke.15",
              "1.13.11-gke.14",
              "1.13.11-gke.12",
              "1.13.11-gke.11",
              "1.13.11-gke.9",
              "1.13.11-gke.5",
              "1.13.10-gke.7",
              "1.13.10-gke.0",
              "1.13.9-gke.11",
              "1.13.9-gke.3",
              "1.13.7-gke.24",
              "1.13.7-gke.19",
              "1.13.7-gke.15",
              "1.13.7-gke.8",
              "1.13.7-gke.0",
              "1.13.6-gke.13",
              "1.13.6-gke.6",
              "1.13.6-gke.5",
              "1.13.6-gke.0",
              "1.13.5-gke.10",
              "1.12.10-gke.22",
              "1.12.10-gke.20",
              "1.12.10-gke.19",
              "1.12.10-gke.18",
              "1.12.10-gke.17",
              "1.12.10-gke.15",
              "1.12.10-gke.13",
              "1.12.10-gke.11",
              "1.12.10-gke.5",
              "1.12.9-gke.16",
              "1.12.9-gke.15",
              "1.12.9-gke.13",
              "1.12.9-gke.10",
              "1.12.9-gke.7",
              "1.12.9-gke.3",
              "1.12.8-gke.12",
              "1.12.8-gke.10",
              "1.12.8-gke.7",
              "1.12.8-gke.6",
              "1.12.7-gke.26",
              "1.12.7-gke.25",
              "1.12.7-gke.24",
              "1.12.7-gke.22",
              "1.12.7-gke.21",
              "1.12.7-gke.17",
              "1.12.7-gke.10",
              "1.12.7-gke.7",
              "1.12.6-gke.11",
              "1.12.6-gke.10",
              "1.12.6-gke.7",
              "1.12.5-gke.10",
              "1.12.5-gke.5",
              "1.11.10-gke.6",
              "1.11.10-gke.5"
            ],
            "version_prefix": null
          },
          "sensitive_attributes": []
        }
      ]
    },
    {
      "module": "module.client-clusters[0]",
      "mode": "data",
      "type": "google_container_engine_versions",
      "name": "zone",
      "provider": "provider[\"registry.terraform.io/hashicorp/google\"]",
      "instances": [
        {
          "schema_version": 0,
          "attributes": {
            "default_cluster_version": "1.17.15-gke.800",
            "id": "2021-02-22 16:04:08.937050664 +0000 UTC",
            "latest_master_version": "1.18.15-gke.1500",
            "latest_node_version": "1.18.15-gke.1500",
            "location": "us-west1-a",
            "project": "jk-mlops-dev",
            "release_channel_default_version": {
              "RAPID": "1.19.7-gke.1302",
              "REGULAR": "1.18.12-gke.1210",
              "STABLE": "1.17.15-gke.800"
            },
            "valid_master_versions": [
              "1.18.15-gke.1500",
              "1.18.15-gke.1100",
              "1.18.14-gke.1600",
              "1.18.14-gke.1200",
              "1.18.12-gke.1210",
              "1.18.12-gke.1206",
              "1.17.17-gke.1500",
              "1.17.17-gke.1100",
              "1.17.17-gke.600",
              "1.17.16-gke.1600",
              "1.17.16-gke.1300",
              "1.17.15-gke.800",
              "1.16.15-gke.11800",
              "1.16.15-gke.10600",
              "1.16.15-gke.7800",
              "1.15.12-gke.6002"
            ],
            "valid_node_versions": [
              "1.18.15-gke.1500",
              "1.18.15-gke.1100",
              "1.18.15-gke.800",
              "1.18.14-gke.1600",
              "1.18.14-gke.1200",
              "1.18.12-gke.1210",
              "1.18.12-gke.1206",
              "1.18.12-gke.1205",
              "1.18.12-gke.1201",
              "1.18.12-gke.1200",
              "1.18.12-gke.300",
              "1.18.10-gke.2701",
              "1.18.10-gke.2101",
              "1.18.10-gke.1500",
              "1.18.10-gke.601",
              "1.18.9-gke.2501",
              "1.18.9-gke.1501",
              "1.18.9-gke.801",
              "1.18.6-gke.4801",
              "1.18.6-gke.3504",
              "1.18.6-gke.3503",
              "1.17.17-gke.1500",
              "1.17.17-gke.1100",
              "1.17.17-gke.600",
              "1.17.16-gke.1600",
              "1.17.16-gke.1300",
              "1.17.15-gke.800",
              "1.17.15-gke.300",
              "1.17.14-gke.1600",
              "1.17.14-gke.1200",
              "1.17.14-gke.400",
              "1.17.13-gke.2600",
              "1.17.13-gke.2001",
              "1.17.13-gke.1401",
              "1.17.13-gke.1400",
              "1.17.13-gke.600",
              "1.17.12-gke.2502",
              "1.17.12-gke.1504",
              "1.17.12-gke.1501",
              "1.17.12-gke.500",
              "1.17.9-gke.6300",
              "1.17.9-gke.1504",
              "1.16.15-gke.11800",
              "1.16.15-gke.10600",
              "1.16.15-gke.7800",
              "1.16.15-gke.7300",
              "1.16.15-gke.6900",
              "1.16.15-gke.6000",
              "1.16.15-gke.5500",
              "1.16.15-gke.4901",
              "1.16.15-gke.4301",
              "1.16.15-gke.4300",
              "1.16.15-gke.3500",
              "1.16.15-gke.2601",
              "1.16.15-gke.1600",
              "1.16.15-gke.500",
              "1.16.13-gke.404",
              "1.16.13-gke.403",
              "1.16.13-gke.401",
              "1.16.13-gke.400",
              "1.16.13-gke.1",
              "1.16.11-gke.5",
              "1.16.10-gke.8",
              "1.16.9-gke.6",
              "1.16.9-gke.2",
              "1.16.8-gke.15",
              "1.16.8-gke.12",
              "1.16.8-gke.9",
              "1.15.12-gke.6002",
              "1.15.12-gke.6001",
              "1.15.12-gke.5000",
              "1.15.12-gke.4002",
              "1.15.12-gke.4000",
              "1.15.12-gke.20",
              "1.15.12-gke.17",
              "1.15.12-gke.16",
              "1.15.12-gke.13",
              "1.15.12-gke.9",
              "1.15.12-gke.6",
              "1.15.12-gke.3",
              "1.15.12-gke.2",
              "1.15.11-gke.17",
              "1.15.11-gke.15",
              "1.15.11-gke.13",
              "1.15.11-gke.12",
              "1.15.11-gke.11",
              "1.15.11-gke.9",
              "1.15.11-gke.5",
              "1.15.11-gke.3",
              "1.15.11-gke.1",
              "1.15.9-gke.26",
              "1.15.9-gke.24",
              "1.15.9-gke.22",
              "1.15.9-gke.12",
              "1.15.9-gke.9",
              "1.15.9-gke.8",
              "1.15.8-gke.3",
              "1.15.8-gke.2",
              "1.15.7-gke.23",
              "1.15.7-gke.2",
              "1.15.4-gke.22",
              "1.14.10-gke.1504",
              "1.14.10-gke.902",
              "1.14.10-gke.50",
              "1.14.10-gke.46",
              "1.14.10-gke.45",
              "1.14.10-gke.42",
              "1.14.10-gke.41",
              "1.14.10-gke.40",
              "1.14.10-gke.37",
              "1.14.10-gke.36",
              "1.14.10-gke.34",
              "1.14.10-gke.32",
              "1.14.10-gke.31",
              "1.14.10-gke.27",
              "1.14.10-gke.24",
              "1.14.10-gke.22",
              "1.14.10-gke.21",
              "1.14.10-gke.17",
              "1.14.10-gke.0",
              "1.14.9-gke.23",
              "1.14.9-gke.2",
              "1.14.9-gke.0",
              "1.14.8-gke.33",
              "1.14.8-gke.21",
              "1.14.8-gke.18",
              "1.14.8-gke.17",
              "1.14.8-gke.14",
              "1.14.8-gke.12",
              "1.14.8-gke.7",
              "1.14.8-gke.2",
              "1.14.7-gke.40",
              "1.14.7-gke.25",
              "1.14.7-gke.23",
              "1.14.7-gke.17",
              "1.14.7-gke.14",
              "1.14.7-gke.10",
              "1.14.6-gke.13",
              "1.14.6-gke.2",
              "1.14.6-gke.1",
              "1.14.3-gke.11",
              "1.14.3-gke.10",
              "1.14.3-gke.9",
              "1.14.2-gke.9",
              "1.14.1-gke.5",
              "1.13.12-gke.30",
              "1.13.12-gke.25",
              "1.13.12-gke.17",
              "1.13.12-gke.16",
              "1.13.12-gke.14",
              "1.13.12-gke.13",
              "1.13.12-gke.10",
              "1.13.12-gke.8",
              "1.13.12-gke.4",
              "1.13.12-gke.2",
              "1.13.11-gke.23",
              "1.13.11-gke.15",
              "1.13.11-gke.14",
              "1.13.11-gke.12",
              "1.13.11-gke.11",
              "1.13.11-gke.9",
              "1.13.11-gke.5",
              "1.13.10-gke.7",
              "1.13.10-gke.0",
              "1.13.9-gke.11",
              "1.13.9-gke.3",
              "1.13.7-gke.24",
              "1.13.7-gke.19",
              "1.13.7-gke.15",
              "1.13.7-gke.8",
              "1.13.7-gke.0",
              "1.13.6-gke.13",
              "1.13.6-gke.6",
              "1.13.6-gke.5",
              "1.13.6-gke.0",
              "1.13.5-gke.10",
              "1.12.10-gke.22",
              "1.12.10-gke.20",
              "1.12.10-gke.19",
              "1.12.10-gke.18",
              "1.12.10-gke.17",
              "1.12.10-gke.15",
              "1.12.10-gke.13",
              "1.12.10-gke.11",
              "1.12.10-gke.5",
              "1.12.9-gke.16",
              "1.12.9-gke.15",
              "1.12.9-gke.13",
              "1.12.9-gke.10",
              "1.12.9-gke.7",
              "1.12.9-gke.3",
              "1.12.8-gke.12",
              "1.12.8-gke.10",
              "1.12.8-gke.7",
              "1.12.8-gke.6",
              "1.12.7-gke.26",
              "1.12.7-gke.25",
              "1.12.7-gke.24",
              "1.12.7-gke.22",
              "1.12.7-gke.21",
              "1.12.7-gke.17",
              "1.12.7-gke.10",
              "1.12.7-gke.7",
              "1.12.6-gke.11",
              "1.12.6-gke.10",
              "1.12.6-gke.7",
              "1.12.5-gke.10",
              "1.12.5-gke.5",
              "1.11.10-gke.6",
              "1.11.10-gke.5"
            ],
            "version_prefix": null
          },
          "sensitive_attributes": []
        }
      ]
    },
    {
      "module": "module.client-clusters[0]",
      "mode": "managed",
      "type": "google_container_cluster",
      "name": "primary",
      "provider": "provider[\"registry.terraform.io/hashicorp/google-beta\"]",
      "instances": [
        {
          "schema_version": 1,
          "attributes": {
            "addons_config": [
              {
                "cloudrun_config": [],
                "config_connector_config": [
                  {
                    "enabled": false
                  }
                ],
                "dns_cache_config": [
                  {
                    "enabled": false
                  }
                ],
                "gce_persistent_disk_csi_driver_config": [
                  {
                    "enabled": false
                  }
                ],
                "horizontal_pod_autoscaling": [
                  {
                    "disabled": false
                  }
                ],
                "http_load_balancing": [
                  {
                    "disabled": false
                  }
                ],
                "istio_config": [
                  {
                    "auth": "AUTH_MUTUAL_TLS",
                    "disabled": true
                  }
                ],
                "kalm_config": [
                  {
                    "enabled": false
                  }
                ],
                "network_policy_config": [
                  {
                    "disabled": false
                  }
                ]
              }
            ],
            "authenticator_groups_config": [],
            "cluster_autoscaling": [
              {
                "auto_provisioning_defaults": [],
                "autoscaling_profile": "BALANCED",
                "enabled": false,
                "resource_limits": []
              }
            ],
            "cluster_ipv4_cidr": "10.88.0.0/14",
            "cluster_telemetry": [
              {
                "type": "ENABLED"
              }
            ],
            "confidential_nodes": [],
            "database_encryption": [
              {
                "key_name": "",
                "state": "DECRYPTED"
              }
            ],
            "datapath_provider": "",
            "default_max_pods_per_node": 110,
            "default_snat_status": [
              {
                "disabled": false
              }
            ],
            "description": "",
            "enable_binary_authorization": false,
            "enable_intranode_visibility": false,
            "enable_kubernetes_alpha": false,
            "enable_legacy_abac": false,
            "enable_shielded_nodes": true,
            "enable_tpu": false,
            "endpoint": "34.83.249.36",
            "id": "projects/jk-mlops-dev/locations/us-west1-a/clusters/gke-cluster-client-0",
            "initial_node_count": 0,
            "instance_group_urls": [
              "https://www.googleapis.com/compute/beta/projects/jk-mlops-dev/zones/us-west1-a/instanceGroups/gke-gke-cluster-client-0-default-pool-2cb27b34-grp"
            ],
            "ip_allocation_policy": [
              {
                "cluster_ipv4_cidr_block": "10.88.0.0/14",
                "cluster_secondary_range_name": "gke-gke-cluster-client-0-pods-c4e94a3d",
                "services_ipv4_cidr_block": "10.92.0.0/20",
                "services_secondary_range_name": "gke-gke-cluster-client-0-services-c4e94a3d"
              }
            ],
            "label_fingerprint": "6affcf98",
            "location": "us-west1-a",
            "logging_service": "logging.googleapis.com/kubernetes",
            "maintenance_policy": [
              {
                "daily_maintenance_window": [
                  {
                    "duration": "PT4H0M0S",
                    "start_time": "05:00"
                  }
                ],
                "maintenance_exclusion": [],
                "recurring_window": []
              }
            ],
            "master_auth": [
              {
                "client_certificate": "",
                "client_certificate_config": [
                  {
                    "issue_client_certificate": false
                  }
                ],
                "client_key": "",
                "cluster_ca_certificate": "LS0tLS1CRUdJTiBDRVJUSUZJQ0FURS0tLS0tCk1JSURLekNDQWhPZ0F3SUJBZ0lSQU1LUE1xRnRCYXNnZ255c2E2eW1hNDh3RFFZSktvWklodmNOQVFFTEJRQXcKTHpFdE1Dc0dBMVVFQXhNa1lUSTVPRFJqTWpVdE1HSTBPQzAwTlRCakxUZzNOVGt0WkdKbE9ETm1NMk5tTURGawpNQjRYRFRJeE1ESXlNakUxTURReU4xb1hEVEkyTURJeU1URTJNRFF5TjFvd0x6RXRNQ3NHQTFVRUF4TWtZVEk1Ck9EUmpNalV0TUdJME9DMDBOVEJqTFRnM05Ua3RaR0psT0RObU0yTm1NREZrTUlJQklqQU5CZ2txaGtpRzl3MEIKQVFFRkFBT0NBUThBTUlJQkNnS0NBUUVBdi9lRkswMkF6N3VYcm1zU1RUWkJHcmNrY1JGbnBtWjM2emQ5Z0hpNQpzZHBZem1UYkVMTXU4VHJnWHBHSXdodTV1VHlkcEVKcExqVWhvUnQrb1ZNKzFGWExJWDh5L0pxckpQaW5hTWtPCnZleTkxQ3RoTis3aDR2N0RvdlNiUWVTeDdPSmhZeWFHNEIrNThCNTMzQXF6ZlVHQkxqcG5qUHVZUGoyOWI0cEcKSWxORUVMNk1tQVhkSTZ4WWZMV2VLUDhPMXFpVjdkaytuVUM4cDU2UmhVUXY0S1MxQW1YWkFkOFpPR0djQ1hFegp2YVc0TVc3UzVIQnJGVGRuTmtBRnNnd2s0TnFNRnFGRWdvd1pFalg3MjAySk5sVmFxMnJqWWY3eWwvamJZa0F1CklqWXVIeERmc0JuNitCOHF5K3lEbWh3QjJCeEM5RXlJK0JFTlczelRxdUc5M3dJREFRQUJvMEl3UURBT0JnTlYKSFE4QkFmOEVCQU1DQWdRd0R3WURWUjBUQVFIL0JBVXdBd0VCL3pBZEJnTlZIUTRFRmdRVVJka2gxd3JxRVQ4YgpheWlhdlFmdGY2NUxHNmN3RFFZSktvWklodmNOQVFFTEJRQURnZ0VCQUFjdTZ2VmdZY3NPaUxQd3dVd0l2T1l4Cm1wWHh4dGpBS1JZNERkM3lsTmgvMWl1OGUrSjlwNDlaV1B5bVc4UGRYUTVteUtjdGdVY1QvWDZLemYxZlhrRGMKOGpKU2IxYzNmYzRuNzYvRlJuVWpIdjBldHZMME5vbnI3TFJlRXVVcVA1RzRLYjI1Z3pUa05XUThBSzEzUytPaAp4UWp1SzVSUzlwUHJwTVpJaUFMa1p0R3NMR3dQdlBBeHo0UWJHR3BjU3lGcmMxeFFqQ1NsSm0wdGdkdjErMFhGCmtNMXR3eWRIVXArRUQ2QVl3ZENwWEFwaERuVnUrUk9abklJbVNNTnBpVmIycGFNMmR0ZmZQLzU1QzhJa3NsMlYKOEcrVjlOcEVWZEFNM1ZKS21oWjQ2OE5GSDRGOHFLUExBamtvOFNtUXY5alJPa1ZnWjRjOHNFajdySFQ3MDFjPQotLS0tLUVORCBDRVJUSUZJQ0FURS0tLS0tCg==",
                "password": "",
                "username": ""
              }
            ],
            "master_authorized_networks_config": [],
            "master_version": "1.18.12-gke.1210",
            "min_master_version": null,
            "monitoring_service": "monitoring.googleapis.com/kubernetes",
            "name": "gke-cluster-client-0",
            "network": "projects/jk-mlops-dev/global/networks/default",
            "network_policy": [
              {
                "enabled": true,
                "provider": "CALICO"
              }
            ],
            "networking_mode": "VPC_NATIVE",
            "node_config": [
              {
                "boot_disk_kms_key": "",
                "disk_size_gb": 100,
                "disk_type": "pd-standard",
                "guest_accelerator": [],
                "image_type": "COS",
                "kubelet_config": [],
                "labels": {},
                "linux_node_config": [],
                "local_ssd_count": 0,
                "machine_type": "e2-medium",
                "metadata": {
                  "disable-legacy-endpoints": "true"
                },
                "min_cpu_platform": "",
                "oauth_scopes": [
                  "https://www.googleapis.com/auth/logging.write",
                  "https://www.googleapis.com/auth/monitoring"
                ],
                "preemptible": false,
                "sandbox_config": [],
                "service_account": "tf-gke-gke-cluster-cli-7fw2@jk-mlops-dev.iam.gserviceaccount.com",
                "shielded_instance_config": [
                  {
                    "enable_integrity_monitoring": true,
                    "enable_secure_boot": false
                  }
                ],
                "tags": [],
                "taint": [],
                "workload_metadata_config": [
                  {
                    "node_metadata": "GKE_METADATA_SERVER"
                  }
                ]
              }
            ],
            "node_locations": [],
            "node_pool": [
              {
                "autoscaling": [],
                "initial_node_count": 0,
                "instance_group_urls": [
                  "https://www.googleapis.com/compute/v1/projects/jk-mlops-dev/zones/us-west1-a/instanceGroupManagers/gke-gke-cluster-client-0-default-pool-2cb27b34-grp"
                ],
                "management": [
                  {
                    "auto_repair": true,
                    "auto_upgrade": true
                  }
                ],
                "max_pods_per_node": 110,
                "name": "default-pool",
                "name_prefix": "",
                "node_config": [
                  {
                    "boot_disk_kms_key": "",
                    "disk_size_gb": 100,
                    "disk_type": "pd-standard",
                    "guest_accelerator": [],
                    "image_type": "COS",
                    "kubelet_config": [],
                    "labels": {},
                    "linux_node_config": [],
                    "local_ssd_count": 0,
                    "machine_type": "e2-medium",
                    "metadata": {
                      "disable-legacy-endpoints": "true"
                    },
                    "min_cpu_platform": "",
                    "oauth_scopes": [
                      "https://www.googleapis.com/auth/logging.write",
                      "https://www.googleapis.com/auth/monitoring"
                    ],
                    "preemptible": false,
                    "sandbox_config": [],
                    "service_account": "tf-gke-gke-cluster-cli-7fw2@jk-mlops-dev.iam.gserviceaccount.com",
                    "shielded_instance_config": [
                      {
                        "enable_integrity_monitoring": true,
                        "enable_secure_boot": false
                      }
                    ],
                    "tags": null,
                    "taint": [],
                    "workload_metadata_config": [
                      {
                        "node_metadata": "GKE_METADATA_SERVER"
                      }
                    ]
                  }
                ],
                "node_count": 0,
                "node_locations": [
                  "us-west1-a"
                ],
                "upgrade_settings": [
                  {
                    "max_surge": 1,
                    "max_unavailable": 0
                  }
                ],
                "version": "1.18.12-gke.1210"
              }
            ],
            "node_version": "1.18.12-gke.1210",
            "notification_config": [
              {
                "pubsub": [
                  {
                    "enabled": false,
                    "topic": ""
                  }
                ]
              }
            ],
            "operation": null,
            "pod_security_policy_config": [
              {
                "enabled": false
              }
            ],
            "private_cluster_config": [],
            "project": "jk-mlops-dev",
            "release_channel": [
              {
                "channel": "REGULAR"
              }
            ],
            "remove_default_node_pool": false,
            "resource_labels": {
              "mesh_id": "proj-895222332033"
            },
            "resource_usage_export_config": [],
            "self_link": "https://container.googleapis.com/v1beta1/projects/jk-mlops-dev/zones/us-west1-a/clusters/gke-cluster-client-0",
            "services_ipv4_cidr": "10.92.0.0/20",
            "subnetwork": "projects/jk-mlops-dev/regions/us-west1/subnetworks/default",
            "timeouts": {
              "create": "45m",
              "delete": "45m",
              "read": null,
              "update": "45m"
            },
            "tpu_ipv4_cidr_block": "",
            "vertical_pod_autoscaling": [
              {
                "enabled": false
              }
            ],
            "workload_identity_config": [
              {
                "identity_namespace": "jk-mlops-dev.svc.id.goog"
              }
            ]
          },
          "sensitive_attributes": [],
          "private": "eyJlMmJmYjczMC1lY2FhLTExZTYtOGY4OC0zNDM2M2JjN2M0YzAiOnsiY3JlYXRlIjoyNzAwMDAwMDAwMDAwLCJkZWxldGUiOjI3MDAwMDAwMDAwMDAsInJlYWQiOjI0MDAwMDAwMDAwMDAsInVwZGF0ZSI6MjcwMDAwMDAwMDAwMH0sInNjaGVtYV92ZXJzaW9uIjoiMSJ9",
          "dependencies": [
            "data.google_client_config.current",
            "data.google_project.project",
            "module.client-clusters.data.google_compute_zones.available",
            "module.client-clusters.data.google_container_engine_versions.region",
            "module.client-clusters.data.google_container_engine_versions.zone",
            "module.client-clusters.google_service_account.cluster_service_account",
            "module.client-clusters.random_shuffle.available_zones",
            "module.client-clusters.random_string.cluster_service_account_suffix",
            "module.project-services.google_project_service.project_services"
          ]
        }
      ]
    },
    {
      "module": "module.client-clusters[0]",
      "mode": "managed",
      "type": "google_container_node_pool",
      "name": "pools",
      "provider": "provider[\"registry.terraform.io/hashicorp/google-beta\"]",
      "instances": [
        {
          "index_key": "default-node-pool",
          "schema_version": 1,
          "attributes": {
            "autoscaling": [],
            "cluster": "gke-cluster-client-0",
            "id": "projects/jk-mlops-dev/locations/us-west1-a/clusters/gke-cluster-client-0/nodePools/default-node-pool",
            "initial_node_count": 1,
            "instance_group_urls": [
              "https://www.googleapis.com/compute/v1/projects/jk-mlops-dev/zones/us-west1-a/instanceGroupManagers/gke-gke-cluster-clie-default-node-poo-da65d6e7-grp"
            ],
            "location": "us-west1-a",
            "management": [
              {
                "auto_repair": true,
                "auto_upgrade": true
              }
            ],
            "max_pods_per_node": 110,
            "name": "default-node-pool",
            "name_prefix": "",
            "node_config": [
              {
                "boot_disk_kms_key": "",
                "disk_size_gb": 100,
                "disk_type": "pd-standard",
                "guest_accelerator": [],
                "image_type": "COS",
                "kubelet_config": [],
                "labels": {
                  "cluster_name": "gke-cluster-client-0",
                  "node_pool": "default-node-pool"
                },
                "linux_node_config": [],
                "local_ssd_count": 0,
                "machine_type": "n1-standard-4",
                "metadata": {
                  "cluster_name": "gke-cluster-client-0",
                  "disable-legacy-endpoints": "true",
                  "node_pool": "default-node-pool"
                },
                "min_cpu_platform": "",
                "oauth_scopes": [
                  "https://www.googleapis.com/auth/cloud-platform"
                ],
                "preemptible": false,
                "sandbox_config": [],
                "service_account": "tf-gke-gke-cluster-cli-7fw2@jk-mlops-dev.iam.gserviceaccount.com",
                "shielded_instance_config": [
                  {
                    "enable_integrity_monitoring": true,
                    "enable_secure_boot": false
                  }
                ],
                "tags": [
                  "gke-gke-cluster-client-0",
                  "gke-gke-cluster-client-0-default-node-pool"
                ],
                "taint": [],
                "workload_metadata_config": [
                  {
                    "node_metadata": "GKE_METADATA_SERVER"
                  }
                ]
              }
            ],
            "node_count": 1,
            "node_locations": [
              "us-west1-a"
            ],
            "project": "jk-mlops-dev",
            "timeouts": {
              "create": "45m",
              "delete": "45m",
              "update": "45m"
            },
            "upgrade_settings": [
              {
                "max_surge": 1,
                "max_unavailable": 0
              }
            ],
            "version": "1.18.12-gke.1210"
          },
          "sensitive_attributes": [],
          "private": "eyJlMmJmYjczMC1lY2FhLTExZTYtOGY4OC0zNDM2M2JjN2M0YzAiOnsiY3JlYXRlIjoyNzAwMDAwMDAwMDAwLCJkZWxldGUiOjI3MDAwMDAwMDAwMDAsInVwZGF0ZSI6MjcwMDAwMDAwMDAwMH0sInNjaGVtYV92ZXJzaW9uIjoiMSJ9",
          "dependencies": [
            "data.google_client_config.current",
            "data.google_project.project",
            "module.client-clusters.data.google_compute_zones.available",
            "module.client-clusters.data.google_container_engine_versions.region",
            "module.client-clusters.data.google_container_engine_versions.zone",
            "module.client-clusters.google_container_cluster.primary",
            "module.client-clusters.google_service_account.cluster_service_account",
            "module.client-clusters.random_shuffle.available_zones",
            "module.client-clusters.random_string.cluster_service_account_suffix",
            "module.project-services.google_project_service.project_services"
          ]
        }
      ]
    },
    {
      "module": "module.client-clusters[0]",
      "mode": "managed",
      "type": "google_project_iam_member",
      "name": "cluster_service_account-log_writer",
      "provider": "provider[\"registry.terraform.io/hashicorp/google\"]",
      "instances": [
        {
          "index_key": 0,
          "schema_version": 0,
          "attributes": {
            "condition": [],
            "etag": "BwW77vUTIBY=",
            "id": "jk-mlops-dev/roles/logging.logWriter/serviceaccount:tf-gke-gke-cluster-cli-7fw2@jk-mlops-dev.iam.gserviceaccount.com",
            "member": "serviceAccount:tf-gke-gke-cluster-cli-7fw2@jk-mlops-dev.iam.gserviceaccount.com",
            "project": "jk-mlops-dev",
            "role": "roles/logging.logWriter"
          },
          "sensitive_attributes": [],
          "private": "bnVsbA==",
          "dependencies": [
            "data.google_client_config.current",
            "module.client-clusters.google_service_account.cluster_service_account",
            "module.client-clusters.random_string.cluster_service_account_suffix",
            "module.project-services.google_project_service.project_services"
          ]
        }
      ]
    },
    {
      "module": "module.client-clusters[0]",
      "mode": "managed",
      "type": "google_project_iam_member",
      "name": "cluster_service_account-metric_writer",
      "provider": "provider[\"registry.terraform.io/hashicorp/google\"]",
      "instances": [
        {
          "index_key": 0,
          "schema_version": 0,
          "attributes": {
            "condition": [],
            "etag": "BwW77vWO1e4=",
            "id": "jk-mlops-dev/roles/monitoring.metricWriter/serviceaccount:tf-gke-gke-cluster-cli-7fw2@jk-mlops-dev.iam.gserviceaccount.com",
            "member": "serviceAccount:tf-gke-gke-cluster-cli-7fw2@jk-mlops-dev.iam.gserviceaccount.com",
            "project": "jk-mlops-dev",
            "role": "roles/monitoring.metricWriter"
          },
          "sensitive_attributes": [],
          "private": "bnVsbA==",
          "dependencies": [
            "data.google_client_config.current",
            "module.client-clusters.google_project_iam_member.cluster_service_account-log_writer",
            "module.client-clusters.google_service_account.cluster_service_account",
            "module.client-clusters.random_string.cluster_service_account_suffix",
            "module.project-services.google_project_service.project_services"
          ]
        }
      ]
    },
    {
      "module": "module.client-clusters[0]",
      "mode": "managed",
      "type": "google_project_iam_member",
      "name": "cluster_service_account-monitoring_viewer",
      "provider": "provider[\"registry.terraform.io/hashicorp/google\"]",
      "instances": [
        {
          "index_key": 0,
          "schema_version": 0,
          "attributes": {
            "condition": [],
            "etag": "BwW77vYENyQ=",
            "id": "jk-mlops-dev/roles/monitoring.viewer/serviceaccount:tf-gke-gke-cluster-cli-7fw2@jk-mlops-dev.iam.gserviceaccount.com",
            "member": "serviceAccount:tf-gke-gke-cluster-cli-7fw2@jk-mlops-dev.iam.gserviceaccount.com",
            "project": "jk-mlops-dev",
            "role": "roles/monitoring.viewer"
          },
          "sensitive_attributes": [],
          "private": "bnVsbA==",
          "dependencies": [
            "data.google_client_config.current",
            "module.client-clusters.google_project_iam_member.cluster_service_account-log_writer",
            "module.client-clusters.google_project_iam_member.cluster_service_account-metric_writer",
            "module.client-clusters.google_service_account.cluster_service_account",
            "module.client-clusters.random_string.cluster_service_account_suffix",
            "module.project-services.google_project_service.project_services"
          ]
        }
      ]
    },
    {
      "module": "module.client-clusters[0]",
      "mode": "managed",
      "type": "google_project_iam_member",
      "name": "cluster_service_account-resourceMetadata-writer",
      "provider": "provider[\"registry.terraform.io/hashicorp/google\"]",
      "instances": [
        {
          "index_key": 0,
          "schema_version": 0,
          "attributes": {
            "condition": [],
            "etag": "BwW77vZ54eQ=",
            "id": "jk-mlops-dev/roles/stackdriver.resourceMetadata.writer/serviceaccount:tf-gke-gke-cluster-cli-7fw2@jk-mlops-dev.iam.gserviceaccount.com",
            "member": "serviceAccount:tf-gke-gke-cluster-cli-7fw2@jk-mlops-dev.iam.gserviceaccount.com",
            "project": "jk-mlops-dev",
            "role": "roles/stackdriver.resourceMetadata.writer"
          },
          "sensitive_attributes": [],
          "private": "bnVsbA==",
          "dependencies": [
            "data.google_client_config.current",
            "module.client-clusters.google_project_iam_member.cluster_service_account-log_writer",
            "module.client-clusters.google_project_iam_member.cluster_service_account-metric_writer",
            "module.client-clusters.google_project_iam_member.cluster_service_account-monitoring_viewer",
            "module.client-clusters.google_service_account.cluster_service_account",
            "module.client-clusters.random_string.cluster_service_account_suffix",
            "module.project-services.google_project_service.project_services"
          ]
        }
      ]
    },
    {
      "module": "module.client-clusters[0]",
      "mode": "managed",
      "type": "google_service_account",
      "name": "cluster_service_account",
      "provider": "provider[\"registry.terraform.io/hashicorp/google\"]",
      "instances": [
        {
          "index_key": 0,
          "schema_version": 0,
          "attributes": {
            "account_id": "tf-gke-gke-cluster-cli-7fw2",
            "description": "",
            "display_name": "Terraform-managed service account for cluster gke-cluster-client-0",
            "email": "tf-gke-gke-cluster-cli-7fw2@jk-mlops-dev.iam.gserviceaccount.com",
            "id": "projects/jk-mlops-dev/serviceAccounts/tf-gke-gke-cluster-cli-7fw2@jk-mlops-dev.iam.gserviceaccount.com",
            "name": "projects/jk-mlops-dev/serviceAccounts/tf-gke-gke-cluster-cli-7fw2@jk-mlops-dev.iam.gserviceaccount.com",
            "project": "jk-mlops-dev",
            "timeouts": null,
            "unique_id": "100018296720887860092"
          },
          "sensitive_attributes": [],
          "private": "eyJlMmJmYjczMC1lY2FhLTExZTYtOGY4OC0zNDM2M2JjN2M0YzAiOnsiY3JlYXRlIjozMDAwMDAwMDAwMDB9fQ==",
          "dependencies": [
            "data.google_client_config.current",
            "module.client-clusters.random_string.cluster_service_account_suffix",
            "module.project-services.google_project_service.project_services"
          ]
        }
      ]
    },
    {
      "module": "module.client-clusters[0]",
      "mode": "managed",
      "type": "random_shuffle",
      "name": "available_zones",
      "provider": "provider[\"registry.terraform.io/hashicorp/random\"]",
      "instances": [
        {
          "schema_version": 0,
          "attributes": {
            "id": "-",
            "input": [
              "us-west1-a",
              "us-west1-b",
              "us-west1-c"
            ],
            "keepers": null,
            "result": [
              "us-west1-a",
              "us-west1-b",
              "us-west1-c"
            ],
            "result_count": 3,
            "seed": null
          },
          "sensitive_attributes": [],
          "private": "bnVsbA==",
          "dependencies": [
            "module.client-clusters.data.google_compute_zones.available"
          ]
        }
      ]
    },
    {
      "module": "module.client-clusters[0]",
      "mode": "managed",
      "type": "random_string",
      "name": "cluster_service_account_suffix",
      "provider": "provider[\"registry.terraform.io/hashicorp/random\"]",
      "instances": [
        {
          "schema_version": 1,
          "attributes": {
            "id": "7fw2",
            "keepers": null,
            "length": 4,
            "lower": true,
            "min_lower": 0,
            "min_numeric": 0,
            "min_special": 0,
            "min_upper": 0,
            "number": true,
            "override_special": null,
            "result": "7fw2",
            "special": false,
            "upper": false
          },
          "sensitive_attributes": [],
          "private": "eyJzY2hlbWFfdmVyc2lvbiI6IjEifQ=="
        }
      ]
    },
    {
      "module": "module.client-clusters[0].module.gcloud_delete_default_kube_dns_configmap.module.gcloud_kubectl",
      "mode": "managed",
      "type": "null_resource",
      "name": "module_depends_on",
      "provider": "provider[\"registry.terraform.io/hashicorp/null\"]",
      "instances": [
        {
          "index_key": 0,
          "schema_version": 0,
          "attributes": {
            "id": "1269197477690274415",
            "triggers": {
              "value": "3"
            }
          },
          "sensitive_attributes": [],
          "private": "bnVsbA==",
          "dependencies": [
            "data.google_client_config.current",
            "data.google_project.project",
            "module.client-clusters.data.google_client_config.default",
            "module.client-clusters.data.google_compute_zones.available",
            "module.client-clusters.data.google_container_engine_versions.region",
            "module.client-clusters.data.google_container_engine_versions.zone",
            "module.client-clusters.google_container_cluster.primary",
            "module.client-clusters.google_container_node_pool.pools",
            "module.client-clusters.google_service_account.cluster_service_account",
            "module.client-clusters.random_shuffle.available_zones",
            "module.client-clusters.random_string.cluster_service_account_suffix",
            "module.project-services.google_project_service.project_services"
          ]
        }
      ]
    },
    {
      "module": "module.client-clusters[1]",
      "mode": "data",
      "type": "google_client_config",
      "name": "default",
      "provider": "provider[\"registry.terraform.io/hashicorp/google-beta\"]",
      "instances": [
        {
          "schema_version": 0,
          "attributes": {
            "access_token": "ya29.A0AfH6SMAL6JgD3xxJqlbICNSVI_DH3Xas_rMGQE03tnhucU4bVJcjvW3MSGRFXPuB3m-6LpOYm6TFS40tjwUN9RT7zlHZi5delk2JioySg9xiSUdv-rIevYTbV8AJwhql3GbHkaZW9khSSHHShqeWNSKu1A0u62G0H8er38My5ymwACvdDkiA-IUwFPvP7skn110EI6Cnt03e65MMF5b56aYvnOHkJP4MwzCryVnt00l4s3Zo5VlzL9qABP41Lpr421K4TeEdYw",
            "id": "projects//regions//zones/",
            "project": "",
            "region": "",
            "zone": ""
          },
          "sensitive_attributes": []
        }
      ]
    },
    {
      "module": "module.client-clusters[1]",
      "mode": "data",
      "type": "google_compute_zones",
      "name": "available",
      "provider": "provider[\"registry.terraform.io/hashicorp/google-beta\"]",
      "instances": [
        {
          "schema_version": 0,
          "attributes": {
            "id": "projects/jk-mlops-dev/regions/us-west1",
            "names": [
              "us-west1-a",
              "us-west1-b",
              "us-west1-c"
            ],
            "project": "jk-mlops-dev",
            "region": "us-west1",
            "status": null
          },
          "sensitive_attributes": []
        }
      ]
    },
    {
      "module": "module.client-clusters[1]",
      "mode": "data",
      "type": "google_container_engine_versions",
      "name": "region",
      "provider": "provider[\"registry.terraform.io/hashicorp/google\"]",
      "instances": [
        {
          "schema_version": 0,
          "attributes": {
            "default_cluster_version": "1.17.15-gke.800",
            "id": "2021-02-22 16:04:08.569967359 +0000 UTC",
            "latest_master_version": "1.18.15-gke.1500",
            "latest_node_version": "1.18.15-gke.1500",
            "location": "us-west1-a",
            "project": "jk-mlops-dev",
            "release_channel_default_version": {
              "RAPID": "1.19.7-gke.1302",
              "REGULAR": "1.18.12-gke.1210",
              "STABLE": "1.17.15-gke.800"
            },
            "valid_master_versions": [
              "1.18.15-gke.1500",
              "1.18.15-gke.1100",
              "1.18.14-gke.1600",
              "1.18.14-gke.1200",
              "1.18.12-gke.1210",
              "1.18.12-gke.1206",
              "1.17.17-gke.1500",
              "1.17.17-gke.1100",
              "1.17.17-gke.600",
              "1.17.16-gke.1600",
              "1.17.16-gke.1300",
              "1.17.15-gke.800",
              "1.16.15-gke.11800",
              "1.16.15-gke.10600",
              "1.16.15-gke.7800",
              "1.15.12-gke.6002"
            ],
            "valid_node_versions": [
              "1.18.15-gke.1500",
              "1.18.15-gke.1100",
              "1.18.15-gke.800",
              "1.18.14-gke.1600",
              "1.18.14-gke.1200",
              "1.18.12-gke.1210",
              "1.18.12-gke.1206",
              "1.18.12-gke.1205",
              "1.18.12-gke.1201",
              "1.18.12-gke.1200",
              "1.18.12-gke.300",
              "1.18.10-gke.2701",
              "1.18.10-gke.2101",
              "1.18.10-gke.1500",
              "1.18.10-gke.601",
              "1.18.9-gke.2501",
              "1.18.9-gke.1501",
              "1.18.9-gke.801",
              "1.18.6-gke.4801",
              "1.18.6-gke.3504",
              "1.18.6-gke.3503",
              "1.17.17-gke.1500",
              "1.17.17-gke.1100",
              "1.17.17-gke.600",
              "1.17.16-gke.1600",
              "1.17.16-gke.1300",
              "1.17.15-gke.800",
              "1.17.15-gke.300",
              "1.17.14-gke.1600",
              "1.17.14-gke.1200",
              "1.17.14-gke.400",
              "1.17.13-gke.2600",
              "1.17.13-gke.2001",
              "1.17.13-gke.1401",
              "1.17.13-gke.1400",
              "1.17.13-gke.600",
              "1.17.12-gke.2502",
              "1.17.12-gke.1504",
              "1.17.12-gke.1501",
              "1.17.12-gke.500",
              "1.17.9-gke.6300",
              "1.17.9-gke.1504",
              "1.16.15-gke.11800",
              "1.16.15-gke.10600",
              "1.16.15-gke.7800",
              "1.16.15-gke.7300",
              "1.16.15-gke.6900",
              "1.16.15-gke.6000",
              "1.16.15-gke.5500",
              "1.16.15-gke.4901",
              "1.16.15-gke.4301",
              "1.16.15-gke.4300",
              "1.16.15-gke.3500",
              "1.16.15-gke.2601",
              "1.16.15-gke.1600",
              "1.16.15-gke.500",
              "1.16.13-gke.404",
              "1.16.13-gke.403",
              "1.16.13-gke.401",
              "1.16.13-gke.400",
              "1.16.13-gke.1",
              "1.16.11-gke.5",
              "1.16.10-gke.8",
              "1.16.9-gke.6",
              "1.16.9-gke.2",
              "1.16.8-gke.15",
              "1.16.8-gke.12",
              "1.16.8-gke.9",
              "1.15.12-gke.6002",
              "1.15.12-gke.6001",
              "1.15.12-gke.5000",
              "1.15.12-gke.4002",
              "1.15.12-gke.4000",
              "1.15.12-gke.20",
              "1.15.12-gke.17",
              "1.15.12-gke.16",
              "1.15.12-gke.13",
              "1.15.12-gke.9",
              "1.15.12-gke.6",
              "1.15.12-gke.3",
              "1.15.12-gke.2",
              "1.15.11-gke.17",
              "1.15.11-gke.15",
              "1.15.11-gke.13",
              "1.15.11-gke.12",
              "1.15.11-gke.11",
              "1.15.11-gke.9",
              "1.15.11-gke.5",
              "1.15.11-gke.3",
              "1.15.11-gke.1",
              "1.15.9-gke.26",
              "1.15.9-gke.24",
              "1.15.9-gke.22",
              "1.15.9-gke.12",
              "1.15.9-gke.9",
              "1.15.9-gke.8",
              "1.15.8-gke.3",
              "1.15.8-gke.2",
              "1.15.7-gke.23",
              "1.15.7-gke.2",
              "1.15.4-gke.22",
              "1.14.10-gke.1504",
              "1.14.10-gke.902",
              "1.14.10-gke.50",
              "1.14.10-gke.46",
              "1.14.10-gke.45",
              "1.14.10-gke.42",
              "1.14.10-gke.41",
              "1.14.10-gke.40",
              "1.14.10-gke.37",
              "1.14.10-gke.36",
              "1.14.10-gke.34",
              "1.14.10-gke.32",
              "1.14.10-gke.31",
              "1.14.10-gke.27",
              "1.14.10-gke.24",
              "1.14.10-gke.22",
              "1.14.10-gke.21",
              "1.14.10-gke.17",
              "1.14.10-gke.0",
              "1.14.9-gke.23",
              "1.14.9-gke.2",
              "1.14.9-gke.0",
              "1.14.8-gke.33",
              "1.14.8-gke.21",
              "1.14.8-gke.18",
              "1.14.8-gke.17",
              "1.14.8-gke.14",
              "1.14.8-gke.12",
              "1.14.8-gke.7",
              "1.14.8-gke.2",
              "1.14.7-gke.40",
              "1.14.7-gke.25",
              "1.14.7-gke.23",
              "1.14.7-gke.17",
              "1.14.7-gke.14",
              "1.14.7-gke.10",
              "1.14.6-gke.13",
              "1.14.6-gke.2",
              "1.14.6-gke.1",
              "1.14.3-gke.11",
              "1.14.3-gke.10",
              "1.14.3-gke.9",
              "1.14.2-gke.9",
              "1.14.1-gke.5",
              "1.13.12-gke.30",
              "1.13.12-gke.25",
              "1.13.12-gke.17",
              "1.13.12-gke.16",
              "1.13.12-gke.14",
              "1.13.12-gke.13",
              "1.13.12-gke.10",
              "1.13.12-gke.8",
              "1.13.12-gke.4",
              "1.13.12-gke.2",
              "1.13.11-gke.23",
              "1.13.11-gke.15",
              "1.13.11-gke.14",
              "1.13.11-gke.12",
              "1.13.11-gke.11",
              "1.13.11-gke.9",
              "1.13.11-gke.5",
              "1.13.10-gke.7",
              "1.13.10-gke.0",
              "1.13.9-gke.11",
              "1.13.9-gke.3",
              "1.13.7-gke.24",
              "1.13.7-gke.19",
              "1.13.7-gke.15",
              "1.13.7-gke.8",
              "1.13.7-gke.0",
              "1.13.6-gke.13",
              "1.13.6-gke.6",
              "1.13.6-gke.5",
              "1.13.6-gke.0",
              "1.13.5-gke.10",
              "1.12.10-gke.22",
              "1.12.10-gke.20",
              "1.12.10-gke.19",
              "1.12.10-gke.18",
              "1.12.10-gke.17",
              "1.12.10-gke.15",
              "1.12.10-gke.13",
              "1.12.10-gke.11",
              "1.12.10-gke.5",
              "1.12.9-gke.16",
              "1.12.9-gke.15",
              "1.12.9-gke.13",
              "1.12.9-gke.10",
              "1.12.9-gke.7",
              "1.12.9-gke.3",
              "1.12.8-gke.12",
              "1.12.8-gke.10",
              "1.12.8-gke.7",
              "1.12.8-gke.6",
              "1.12.7-gke.26",
              "1.12.7-gke.25",
              "1.12.7-gke.24",
              "1.12.7-gke.22",
              "1.12.7-gke.21",
              "1.12.7-gke.17",
              "1.12.7-gke.10",
              "1.12.7-gke.7",
              "1.12.6-gke.11",
              "1.12.6-gke.10",
              "1.12.6-gke.7",
              "1.12.5-gke.10",
              "1.12.5-gke.5",
              "1.11.10-gke.6",
              "1.11.10-gke.5"
            ],
            "version_prefix": null
          },
          "sensitive_attributes": []
        }
      ]
    },
    {
      "module": "module.client-clusters[1]",
      "mode": "data",
      "type": "google_container_engine_versions",
      "name": "zone",
      "provider": "provider[\"registry.terraform.io/hashicorp/google\"]",
      "instances": [
        {
          "schema_version": 0,
          "attributes": {
            "default_cluster_version": "1.17.15-gke.800",
            "id": "2021-02-22 16:04:08.929562483 +0000 UTC",
            "latest_master_version": "1.18.15-gke.1500",
            "latest_node_version": "1.18.15-gke.1500",
            "location": "us-west1-a",
            "project": "jk-mlops-dev",
            "release_channel_default_version": {
              "RAPID": "1.19.7-gke.1302",
              "REGULAR": "1.18.12-gke.1210",
              "STABLE": "1.17.15-gke.800"
            },
            "valid_master_versions": [
              "1.18.15-gke.1500",
              "1.18.15-gke.1100",
              "1.18.14-gke.1600",
              "1.18.14-gke.1200",
              "1.18.12-gke.1210",
              "1.18.12-gke.1206",
              "1.17.17-gke.1500",
              "1.17.17-gke.1100",
              "1.17.17-gke.600",
              "1.17.16-gke.1600",
              "1.17.16-gke.1300",
              "1.17.15-gke.800",
              "1.16.15-gke.11800",
              "1.16.15-gke.10600",
              "1.16.15-gke.7800",
              "1.15.12-gke.6002"
            ],
            "valid_node_versions": [
              "1.18.15-gke.1500",
              "1.18.15-gke.1100",
              "1.18.15-gke.800",
              "1.18.14-gke.1600",
              "1.18.14-gke.1200",
              "1.18.12-gke.1210",
              "1.18.12-gke.1206",
              "1.18.12-gke.1205",
              "1.18.12-gke.1201",
              "1.18.12-gke.1200",
              "1.18.12-gke.300",
              "1.18.10-gke.2701",
              "1.18.10-gke.2101",
              "1.18.10-gke.1500",
              "1.18.10-gke.601",
              "1.18.9-gke.2501",
              "1.18.9-gke.1501",
              "1.18.9-gke.801",
              "1.18.6-gke.4801",
              "1.18.6-gke.3504",
              "1.18.6-gke.3503",
              "1.17.17-gke.1500",
              "1.17.17-gke.1100",
              "1.17.17-gke.600",
              "1.17.16-gke.1600",
              "1.17.16-gke.1300",
              "1.17.15-gke.800",
              "1.17.15-gke.300",
              "1.17.14-gke.1600",
              "1.17.14-gke.1200",
              "1.17.14-gke.400",
              "1.17.13-gke.2600",
              "1.17.13-gke.2001",
              "1.17.13-gke.1401",
              "1.17.13-gke.1400",
              "1.17.13-gke.600",
              "1.17.12-gke.2502",
              "1.17.12-gke.1504",
              "1.17.12-gke.1501",
              "1.17.12-gke.500",
              "1.17.9-gke.6300",
              "1.17.9-gke.1504",
              "1.16.15-gke.11800",
              "1.16.15-gke.10600",
              "1.16.15-gke.7800",
              "1.16.15-gke.7300",
              "1.16.15-gke.6900",
              "1.16.15-gke.6000",
              "1.16.15-gke.5500",
              "1.16.15-gke.4901",
              "1.16.15-gke.4301",
              "1.16.15-gke.4300",
              "1.16.15-gke.3500",
              "1.16.15-gke.2601",
              "1.16.15-gke.1600",
              "1.16.15-gke.500",
              "1.16.13-gke.404",
              "1.16.13-gke.403",
              "1.16.13-gke.401",
              "1.16.13-gke.400",
              "1.16.13-gke.1",
              "1.16.11-gke.5",
              "1.16.10-gke.8",
              "1.16.9-gke.6",
              "1.16.9-gke.2",
              "1.16.8-gke.15",
              "1.16.8-gke.12",
              "1.16.8-gke.9",
              "1.15.12-gke.6002",
              "1.15.12-gke.6001",
              "1.15.12-gke.5000",
              "1.15.12-gke.4002",
              "1.15.12-gke.4000",
              "1.15.12-gke.20",
              "1.15.12-gke.17",
              "1.15.12-gke.16",
              "1.15.12-gke.13",
              "1.15.12-gke.9",
              "1.15.12-gke.6",
              "1.15.12-gke.3",
              "1.15.12-gke.2",
              "1.15.11-gke.17",
              "1.15.11-gke.15",
              "1.15.11-gke.13",
              "1.15.11-gke.12",
              "1.15.11-gke.11",
              "1.15.11-gke.9",
              "1.15.11-gke.5",
              "1.15.11-gke.3",
              "1.15.11-gke.1",
              "1.15.9-gke.26",
              "1.15.9-gke.24",
              "1.15.9-gke.22",
              "1.15.9-gke.12",
              "1.15.9-gke.9",
              "1.15.9-gke.8",
              "1.15.8-gke.3",
              "1.15.8-gke.2",
              "1.15.7-gke.23",
              "1.15.7-gke.2",
              "1.15.4-gke.22",
              "1.14.10-gke.1504",
              "1.14.10-gke.902",
              "1.14.10-gke.50",
              "1.14.10-gke.46",
              "1.14.10-gke.45",
              "1.14.10-gke.42",
              "1.14.10-gke.41",
              "1.14.10-gke.40",
              "1.14.10-gke.37",
              "1.14.10-gke.36",
              "1.14.10-gke.34",
              "1.14.10-gke.32",
              "1.14.10-gke.31",
              "1.14.10-gke.27",
              "1.14.10-gke.24",
              "1.14.10-gke.22",
              "1.14.10-gke.21",
              "1.14.10-gke.17",
              "1.14.10-gke.0",
              "1.14.9-gke.23",
              "1.14.9-gke.2",
              "1.14.9-gke.0",
              "1.14.8-gke.33",
              "1.14.8-gke.21",
              "1.14.8-gke.18",
              "1.14.8-gke.17",
              "1.14.8-gke.14",
              "1.14.8-gke.12",
              "1.14.8-gke.7",
              "1.14.8-gke.2",
              "1.14.7-gke.40",
              "1.14.7-gke.25",
              "1.14.7-gke.23",
              "1.14.7-gke.17",
              "1.14.7-gke.14",
              "1.14.7-gke.10",
              "1.14.6-gke.13",
              "1.14.6-gke.2",
              "1.14.6-gke.1",
              "1.14.3-gke.11",
              "1.14.3-gke.10",
              "1.14.3-gke.9",
              "1.14.2-gke.9",
              "1.14.1-gke.5",
              "1.13.12-gke.30",
              "1.13.12-gke.25",
              "1.13.12-gke.17",
              "1.13.12-gke.16",
              "1.13.12-gke.14",
              "1.13.12-gke.13",
              "1.13.12-gke.10",
              "1.13.12-gke.8",
              "1.13.12-gke.4",
              "1.13.12-gke.2",
              "1.13.11-gke.23",
              "1.13.11-gke.15",
              "1.13.11-gke.14",
              "1.13.11-gke.12",
              "1.13.11-gke.11",
              "1.13.11-gke.9",
              "1.13.11-gke.5",
              "1.13.10-gke.7",
              "1.13.10-gke.0",
              "1.13.9-gke.11",
              "1.13.9-gke.3",
              "1.13.7-gke.24",
              "1.13.7-gke.19",
              "1.13.7-gke.15",
              "1.13.7-gke.8",
              "1.13.7-gke.0",
              "1.13.6-gke.13",
              "1.13.6-gke.6",
              "1.13.6-gke.5",
              "1.13.6-gke.0",
              "1.13.5-gke.10",
              "1.12.10-gke.22",
              "1.12.10-gke.20",
              "1.12.10-gke.19",
              "1.12.10-gke.18",
              "1.12.10-gke.17",
              "1.12.10-gke.15",
              "1.12.10-gke.13",
              "1.12.10-gke.11",
              "1.12.10-gke.5",
              "1.12.9-gke.16",
              "1.12.9-gke.15",
              "1.12.9-gke.13",
              "1.12.9-gke.10",
              "1.12.9-gke.7",
              "1.12.9-gke.3",
              "1.12.8-gke.12",
              "1.12.8-gke.10",
              "1.12.8-gke.7",
              "1.12.8-gke.6",
              "1.12.7-gke.26",
              "1.12.7-gke.25",
              "1.12.7-gke.24",
              "1.12.7-gke.22",
              "1.12.7-gke.21",
              "1.12.7-gke.17",
              "1.12.7-gke.10",
              "1.12.7-gke.7",
              "1.12.6-gke.11",
              "1.12.6-gke.10",
              "1.12.6-gke.7",
              "1.12.5-gke.10",
              "1.12.5-gke.5",
              "1.11.10-gke.6",
              "1.11.10-gke.5"
            ],
            "version_prefix": null
          },
          "sensitive_attributes": []
        }
      ]
    },
    {
      "module": "module.client-clusters[1]",
      "mode": "managed",
      "type": "google_container_cluster",
      "name": "primary",
      "provider": "provider[\"registry.terraform.io/hashicorp/google-beta\"]",
      "instances": [
        {
          "schema_version": 1,
          "attributes": {
            "addons_config": [
              {
                "cloudrun_config": [],
                "config_connector_config": [
                  {
                    "enabled": false
                  }
                ],
                "dns_cache_config": [
                  {
                    "enabled": false
                  }
                ],
                "gce_persistent_disk_csi_driver_config": [
                  {
                    "enabled": false
                  }
                ],
                "horizontal_pod_autoscaling": [
                  {
                    "disabled": false
                  }
                ],
                "http_load_balancing": [
                  {
                    "disabled": false
                  }
                ],
                "istio_config": [
                  {
                    "auth": "AUTH_MUTUAL_TLS",
                    "disabled": true
                  }
                ],
                "kalm_config": [
                  {
                    "enabled": false
                  }
                ],
                "network_policy_config": [
                  {
                    "disabled": false
                  }
                ]
              }
            ],
            "authenticator_groups_config": [],
            "cluster_autoscaling": [
              {
                "auto_provisioning_defaults": [],
                "autoscaling_profile": "BALANCED",
                "enabled": false,
                "resource_limits": []
              }
            ],
            "cluster_ipv4_cidr": "10.56.0.0/14",
            "cluster_telemetry": [
              {
                "type": "ENABLED"
              }
            ],
            "confidential_nodes": [],
            "database_encryption": [
              {
                "key_name": "",
                "state": "DECRYPTED"
              }
            ],
            "datapath_provider": "",
            "default_max_pods_per_node": 110,
            "default_snat_status": [
              {
                "disabled": false
              }
            ],
            "description": "",
            "enable_binary_authorization": false,
            "enable_intranode_visibility": false,
            "enable_kubernetes_alpha": false,
            "enable_legacy_abac": false,
            "enable_shielded_nodes": true,
            "enable_tpu": false,
            "endpoint": "34.83.222.40",
            "id": "projects/jk-mlops-dev/locations/us-west1-a/clusters/gke-cluster-client-1",
            "initial_node_count": 0,
            "instance_group_urls": [
              "https://www.googleapis.com/compute/beta/projects/jk-mlops-dev/zones/us-west1-a/instanceGroups/gke-gke-cluster-client-1-default-pool-40397279-grp"
            ],
            "ip_allocation_policy": [
              {
                "cluster_ipv4_cidr_block": "10.56.0.0/14",
                "cluster_secondary_range_name": "gke-gke-cluster-client-1-pods-49341a1c",
                "services_ipv4_cidr_block": "10.60.0.0/20",
                "services_secondary_range_name": "gke-gke-cluster-client-1-services-49341a1c"
              }
            ],
            "label_fingerprint": "6affcf98",
            "location": "us-west1-a",
            "logging_service": "logging.googleapis.com/kubernetes",
            "maintenance_policy": [
              {
                "daily_maintenance_window": [
                  {
                    "duration": "PT4H0M0S",
                    "start_time": "05:00"
                  }
                ],
                "maintenance_exclusion": [],
                "recurring_window": []
              }
            ],
            "master_auth": [
              {
                "client_certificate": "",
                "client_certificate_config": [
                  {
                    "issue_client_certificate": false
                  }
                ],
                "client_key": "",
                "cluster_ca_certificate": "LS0tLS1CRUdJTiBDRVJUSUZJQ0FURS0tLS0tCk1JSURLekNDQWhPZ0F3SUJBZ0lSQU0zTm1oSW9abEp3QkN6WE1nRmo3dmt3RFFZSktvWklodmNOQVFFTEJRQXcKTHpFdE1Dc0dBMVVFQXhNa01XVXhOamRrWkRNdE9EUXdaaTAwTmpVMkxXRTNNR010WXpNMFpUaG1ZVEkyT0RjMgpNQjRYRFRJeE1ESXlNakUxTURReU4xb1hEVEkyTURJeU1URTJNRFF5TjFvd0x6RXRNQ3NHQTFVRUF4TWtNV1V4Ck5qZGtaRE10T0RRd1ppMDBOalUyTFdFM01HTXRZek0wWlRobVlUSTJPRGMyTUlJQklqQU5CZ2txaGtpRzl3MEIKQVFFRkFBT0NBUThBTUlJQkNnS0NBUUVBcmtxNU90QjNHdDE4VXl0QTROdFZzRTVnajZKTTdaYjlIQWlXOW9iego3SUQrek5ZMUx5Lzk5MkJyekhDaTVwY2FHWW1XSTd6cVdCdWFZMytYVUYwN3FTdHZNbVA3OGwvdXFFTFNReWtICms1N3F4N1ZTaDFrR3dRL1V0YVMxT2c2ZnJCREhrWjJPbm5GdDNFTnVFdlN3dmthcFdGaVU1aHRKenlBUXJva3UKVjlpL1lWWjB2cnlQTU9wNHlFZXpzcnRwNnNTZjRNQVFDaXluRDljZldkTTVlcTJZekZCaHNjREFBenVKSEhFQQpZM2xzWGMrSVRqLzA5ZmxmRXZ5MjBWM1VZZ1YrY2J0eHk3MUg1Q0s0S1J0d24wVktIVXZDT1VraVFOVUtTQ2NlClFXMEp1eDlhamVpU01aUGR0c1FLNkV4VFArRFdTSUkzUGF4Ym1BUUt0TlVXUndJREFRQUJvMEl3UURBT0JnTlYKSFE4QkFmOEVCQU1DQWdRd0R3WURWUjBUQVFIL0JBVXdBd0VCL3pBZEJnTlZIUTRFRmdRVXRvckVhN0FsSDV4bwptRk13UkNudkpjVjVWdjB3RFFZSktvWklodmNOQVFFTEJRQURnZ0VCQURMK3JxQWZHbVJhRDRuazk2MDJYSWdCCkJ4R3MyVFZ4SXFIQTRXV3NWWGNOVi9kV0ZjQWFTK0pWUHZwQUxuR0RPK3YzUDk3dldUMmR3RTRIUElaMlhwZ28KeGl3N3I3R051WFJINUpDbWZVNjQ5S3RVbzVFaDVZU09YZXJqZVQ0ZzhFdEwra0VHS2tVcDUzVUZYQkEzbzM4cgpUNGRaQ3BMU2RtenVUb1U4NWlkU0hMZ0RFYldYcllJZDBUS0lMS3loTWFkMjNIbGl3L1g4b1A0UEdWdnhtQ3VOCkxVSnRVWTg3c1dHWnJFdnFQc2Nid1gvUC9qYWIrSzlEaElDcDVZYkRzd1cybVNCY3Y4MUdYZFkrUjNKeUdPNnoKcXF5UDNSU3N1Z045eHQwRTZuOENLT1kyTkpQaHJ1OUZ0TjFma0JlcnJ1Z2kyak9XMlZQWTRWN2ZnSHhHTytZPQotLS0tLUVORCBDRVJUSUZJQ0FURS0tLS0tCg==",
                "password": "",
                "username": ""
              }
            ],
            "master_authorized_networks_config": [],
            "master_version": "1.18.12-gke.1210",
            "min_master_version": null,
            "monitoring_service": "monitoring.googleapis.com/kubernetes",
            "name": "gke-cluster-client-1",
            "network": "projects/jk-mlops-dev/global/networks/default",
            "network_policy": [
              {
                "enabled": true,
                "provider": "CALICO"
              }
            ],
            "networking_mode": "VPC_NATIVE",
            "node_config": [
              {
                "boot_disk_kms_key": "",
                "disk_size_gb": 100,
                "disk_type": "pd-standard",
                "guest_accelerator": [],
                "image_type": "COS",
                "kubelet_config": [],
                "labels": {},
                "linux_node_config": [],
                "local_ssd_count": 0,
                "machine_type": "e2-medium",
                "metadata": {
                  "disable-legacy-endpoints": "true"
                },
                "min_cpu_platform": "",
                "oauth_scopes": [
                  "https://www.googleapis.com/auth/logging.write",
                  "https://www.googleapis.com/auth/monitoring"
                ],
                "preemptible": false,
                "sandbox_config": [],
                "service_account": "tf-gke-gke-cluster-cli-3j3p@jk-mlops-dev.iam.gserviceaccount.com",
                "shielded_instance_config": [
                  {
                    "enable_integrity_monitoring": true,
                    "enable_secure_boot": false
                  }
                ],
                "tags": [],
                "taint": [],
                "workload_metadata_config": [
                  {
                    "node_metadata": "GKE_METADATA_SERVER"
                  }
                ]
              }
            ],
            "node_locations": [],
            "node_pool": [
              {
                "autoscaling": [],
                "initial_node_count": 0,
                "instance_group_urls": [
                  "https://www.googleapis.com/compute/v1/projects/jk-mlops-dev/zones/us-west1-a/instanceGroupManagers/gke-gke-cluster-client-1-default-pool-40397279-grp"
                ],
                "management": [
                  {
                    "auto_repair": true,
                    "auto_upgrade": true
                  }
                ],
                "max_pods_per_node": 110,
                "name": "default-pool",
                "name_prefix": "",
                "node_config": [
                  {
                    "boot_disk_kms_key": "",
                    "disk_size_gb": 100,
                    "disk_type": "pd-standard",
                    "guest_accelerator": [],
                    "image_type": "COS",
                    "kubelet_config": [],
                    "labels": {},
                    "linux_node_config": [],
                    "local_ssd_count": 0,
                    "machine_type": "e2-medium",
                    "metadata": {
                      "disable-legacy-endpoints": "true"
                    },
                    "min_cpu_platform": "",
                    "oauth_scopes": [
                      "https://www.googleapis.com/auth/logging.write",
                      "https://www.googleapis.com/auth/monitoring"
                    ],
                    "preemptible": false,
                    "sandbox_config": [],
                    "service_account": "tf-gke-gke-cluster-cli-3j3p@jk-mlops-dev.iam.gserviceaccount.com",
                    "shielded_instance_config": [
                      {
                        "enable_integrity_monitoring": true,
                        "enable_secure_boot": false
                      }
                    ],
                    "tags": null,
                    "taint": [],
                    "workload_metadata_config": [
                      {
                        "node_metadata": "GKE_METADATA_SERVER"
                      }
                    ]
                  }
                ],
                "node_count": 0,
                "node_locations": [
                  "us-west1-a"
                ],
                "upgrade_settings": [
                  {
                    "max_surge": 1,
                    "max_unavailable": 0
                  }
                ],
                "version": "1.18.12-gke.1210"
              }
            ],
            "node_version": "1.18.12-gke.1210",
            "notification_config": [
              {
                "pubsub": [
                  {
                    "enabled": false,
                    "topic": ""
                  }
                ]
              }
            ],
            "operation": null,
            "pod_security_policy_config": [
              {
                "enabled": false
              }
            ],
            "private_cluster_config": [],
            "project": "jk-mlops-dev",
            "release_channel": [
              {
                "channel": "REGULAR"
              }
            ],
            "remove_default_node_pool": false,
            "resource_labels": {
              "mesh_id": "proj-895222332033"
            },
            "resource_usage_export_config": [],
            "self_link": "https://container.googleapis.com/v1beta1/projects/jk-mlops-dev/zones/us-west1-a/clusters/gke-cluster-client-1",
            "services_ipv4_cidr": "10.60.0.0/20",
            "subnetwork": "projects/jk-mlops-dev/regions/us-west1/subnetworks/default",
            "timeouts": {
              "create": "45m",
              "delete": "45m",
              "read": null,
              "update": "45m"
            },
            "tpu_ipv4_cidr_block": "",
            "vertical_pod_autoscaling": [
              {
                "enabled": false
              }
            ],
            "workload_identity_config": [
              {
                "identity_namespace": "jk-mlops-dev.svc.id.goog"
              }
            ]
          },
          "sensitive_attributes": [],
          "private": "eyJlMmJmYjczMC1lY2FhLTExZTYtOGY4OC0zNDM2M2JjN2M0YzAiOnsiY3JlYXRlIjoyNzAwMDAwMDAwMDAwLCJkZWxldGUiOjI3MDAwMDAwMDAwMDAsInJlYWQiOjI0MDAwMDAwMDAwMDAsInVwZGF0ZSI6MjcwMDAwMDAwMDAwMH0sInNjaGVtYV92ZXJzaW9uIjoiMSJ9",
          "dependencies": [
            "data.google_client_config.current",
            "data.google_project.project",
            "module.client-clusters.data.google_compute_zones.available",
            "module.client-clusters.data.google_container_engine_versions.region",
            "module.client-clusters.data.google_container_engine_versions.zone",
            "module.client-clusters.google_service_account.cluster_service_account",
            "module.client-clusters.random_shuffle.available_zones",
            "module.client-clusters.random_string.cluster_service_account_suffix",
            "module.project-services.google_project_service.project_services"
          ]
        }
      ]
    },
    {
      "module": "module.client-clusters[1]",
      "mode": "managed",
      "type": "google_container_node_pool",
      "name": "pools",
      "provider": "provider[\"registry.terraform.io/hashicorp/google-beta\"]",
      "instances": [
        {
          "index_key": "default-node-pool",
          "schema_version": 1,
          "attributes": {
            "autoscaling": [],
            "cluster": "gke-cluster-client-1",
            "id": "projects/jk-mlops-dev/locations/us-west1-a/clusters/gke-cluster-client-1/nodePools/default-node-pool",
            "initial_node_count": 1,
            "instance_group_urls": [
              "https://www.googleapis.com/compute/v1/projects/jk-mlops-dev/zones/us-west1-a/instanceGroupManagers/gke-gke-cluster-clie-default-node-poo-7a1ac9e0-grp"
            ],
            "location": "us-west1-a",
            "management": [
              {
                "auto_repair": true,
                "auto_upgrade": true
              }
            ],
            "max_pods_per_node": 110,
            "name": "default-node-pool",
            "name_prefix": "",
            "node_config": [
              {
                "boot_disk_kms_key": "",
                "disk_size_gb": 100,
                "disk_type": "pd-standard",
                "guest_accelerator": [],
                "image_type": "COS",
                "kubelet_config": [],
                "labels": {
                  "cluster_name": "gke-cluster-client-1",
                  "node_pool": "default-node-pool"
                },
                "linux_node_config": [],
                "local_ssd_count": 0,
                "machine_type": "n1-standard-4",
                "metadata": {
                  "cluster_name": "gke-cluster-client-1",
                  "disable-legacy-endpoints": "true",
                  "node_pool": "default-node-pool"
                },
                "min_cpu_platform": "",
                "oauth_scopes": [
                  "https://www.googleapis.com/auth/cloud-platform"
                ],
                "preemptible": false,
                "sandbox_config": [],
                "service_account": "tf-gke-gke-cluster-cli-3j3p@jk-mlops-dev.iam.gserviceaccount.com",
                "shielded_instance_config": [
                  {
                    "enable_integrity_monitoring": true,
                    "enable_secure_boot": false
                  }
                ],
                "tags": [
                  "gke-gke-cluster-client-1",
                  "gke-gke-cluster-client-1-default-node-pool"
                ],
                "taint": [],
                "workload_metadata_config": [
                  {
                    "node_metadata": "GKE_METADATA_SERVER"
                  }
                ]
              }
            ],
            "node_count": 1,
            "node_locations": [
              "us-west1-a"
            ],
            "project": "jk-mlops-dev",
            "timeouts": {
              "create": "45m",
              "delete": "45m",
              "update": "45m"
            },
            "upgrade_settings": [
              {
                "max_surge": 1,
                "max_unavailable": 0
              }
            ],
            "version": "1.18.12-gke.1210"
          },
          "sensitive_attributes": [],
          "private": "eyJlMmJmYjczMC1lY2FhLTExZTYtOGY4OC0zNDM2M2JjN2M0YzAiOnsiY3JlYXRlIjoyNzAwMDAwMDAwMDAwLCJkZWxldGUiOjI3MDAwMDAwMDAwMDAsInVwZGF0ZSI6MjcwMDAwMDAwMDAwMH0sInNjaGVtYV92ZXJzaW9uIjoiMSJ9",
          "dependencies": [
            "data.google_client_config.current",
            "data.google_project.project",
            "module.client-clusters.data.google_compute_zones.available",
            "module.client-clusters.data.google_container_engine_versions.region",
            "module.client-clusters.data.google_container_engine_versions.zone",
            "module.client-clusters.google_container_cluster.primary",
            "module.client-clusters.google_service_account.cluster_service_account",
            "module.client-clusters.random_shuffle.available_zones",
            "module.client-clusters.random_string.cluster_service_account_suffix",
            "module.project-services.google_project_service.project_services"
          ]
        }
      ]
    },
    {
      "module": "module.client-clusters[1]",
      "mode": "managed",
      "type": "google_project_iam_member",
      "name": "cluster_service_account-log_writer",
      "provider": "provider[\"registry.terraform.io/hashicorp/google\"]",
      "instances": [
        {
          "index_key": 0,
          "schema_version": 0,
          "attributes": {
            "condition": [],
            "etag": "BwW77vUTIBY=",
            "id": "jk-mlops-dev/roles/logging.logWriter/serviceaccount:tf-gke-gke-cluster-cli-3j3p@jk-mlops-dev.iam.gserviceaccount.com",
            "member": "serviceAccount:tf-gke-gke-cluster-cli-3j3p@jk-mlops-dev.iam.gserviceaccount.com",
            "project": "jk-mlops-dev",
            "role": "roles/logging.logWriter"
          },
          "sensitive_attributes": [],
          "private": "bnVsbA==",
          "dependencies": [
            "data.google_client_config.current",
            "module.client-clusters.google_service_account.cluster_service_account",
            "module.client-clusters.random_string.cluster_service_account_suffix",
            "module.project-services.google_project_service.project_services"
          ]
        }
      ]
    },
    {
      "module": "module.client-clusters[1]",
      "mode": "managed",
      "type": "google_project_iam_member",
      "name": "cluster_service_account-metric_writer",
      "provider": "provider[\"registry.terraform.io/hashicorp/google\"]",
      "instances": [
        {
          "index_key": 0,
          "schema_version": 0,
          "attributes": {
            "condition": [],
            "etag": "BwW77vWO1e4=",
            "id": "jk-mlops-dev/roles/monitoring.metricWriter/serviceaccount:tf-gke-gke-cluster-cli-3j3p@jk-mlops-dev.iam.gserviceaccount.com",
            "member": "serviceAccount:tf-gke-gke-cluster-cli-3j3p@jk-mlops-dev.iam.gserviceaccount.com",
            "project": "jk-mlops-dev",
            "role": "roles/monitoring.metricWriter"
          },
          "sensitive_attributes": [],
          "private": "bnVsbA==",
          "dependencies": [
            "data.google_client_config.current",
            "module.client-clusters.google_project_iam_member.cluster_service_account-log_writer",
            "module.client-clusters.google_service_account.cluster_service_account",
            "module.client-clusters.random_string.cluster_service_account_suffix",
            "module.project-services.google_project_service.project_services"
          ]
        }
      ]
    },
    {
      "module": "module.client-clusters[1]",
      "mode": "managed",
      "type": "google_project_iam_member",
      "name": "cluster_service_account-monitoring_viewer",
      "provider": "provider[\"registry.terraform.io/hashicorp/google\"]",
      "instances": [
        {
          "index_key": 0,
          "schema_version": 0,
          "attributes": {
            "condition": [],
            "etag": "BwW77vYENyQ=",
            "id": "jk-mlops-dev/roles/monitoring.viewer/serviceaccount:tf-gke-gke-cluster-cli-3j3p@jk-mlops-dev.iam.gserviceaccount.com",
            "member": "serviceAccount:tf-gke-gke-cluster-cli-3j3p@jk-mlops-dev.iam.gserviceaccount.com",
            "project": "jk-mlops-dev",
            "role": "roles/monitoring.viewer"
          },
          "sensitive_attributes": [],
          "private": "bnVsbA==",
          "dependencies": [
            "data.google_client_config.current",
            "module.client-clusters.google_project_iam_member.cluster_service_account-log_writer",
            "module.client-clusters.google_project_iam_member.cluster_service_account-metric_writer",
            "module.client-clusters.google_service_account.cluster_service_account",
            "module.client-clusters.random_string.cluster_service_account_suffix",
            "module.project-services.google_project_service.project_services"
          ]
        }
      ]
    },
    {
      "module": "module.client-clusters[1]",
      "mode": "managed",
      "type": "google_project_iam_member",
      "name": "cluster_service_account-resourceMetadata-writer",
      "provider": "provider[\"registry.terraform.io/hashicorp/google\"]",
      "instances": [
        {
          "index_key": 0,
          "schema_version": 0,
          "attributes": {
            "condition": [],
            "etag": "BwW77vZ54eQ=",
            "id": "jk-mlops-dev/roles/stackdriver.resourceMetadata.writer/serviceaccount:tf-gke-gke-cluster-cli-3j3p@jk-mlops-dev.iam.gserviceaccount.com",
            "member": "serviceAccount:tf-gke-gke-cluster-cli-3j3p@jk-mlops-dev.iam.gserviceaccount.com",
            "project": "jk-mlops-dev",
            "role": "roles/stackdriver.resourceMetadata.writer"
          },
          "sensitive_attributes": [],
          "private": "bnVsbA==",
          "dependencies": [
            "data.google_client_config.current",
            "module.client-clusters.google_project_iam_member.cluster_service_account-log_writer",
            "module.client-clusters.google_project_iam_member.cluster_service_account-metric_writer",
            "module.client-clusters.google_project_iam_member.cluster_service_account-monitoring_viewer",
            "module.client-clusters.google_service_account.cluster_service_account",
            "module.client-clusters.random_string.cluster_service_account_suffix",
            "module.project-services.google_project_service.project_services"
          ]
        }
      ]
    },
    {
      "module": "module.client-clusters[1]",
      "mode": "managed",
      "type": "google_service_account",
      "name": "cluster_service_account",
      "provider": "provider[\"registry.terraform.io/hashicorp/google\"]",
      "instances": [
        {
          "index_key": 0,
          "schema_version": 0,
          "attributes": {
            "account_id": "tf-gke-gke-cluster-cli-3j3p",
            "description": "",
            "display_name": "Terraform-managed service account for cluster gke-cluster-client-1",
            "email": "tf-gke-gke-cluster-cli-3j3p@jk-mlops-dev.iam.gserviceaccount.com",
            "id": "projects/jk-mlops-dev/serviceAccounts/tf-gke-gke-cluster-cli-3j3p@jk-mlops-dev.iam.gserviceaccount.com",
            "name": "projects/jk-mlops-dev/serviceAccounts/tf-gke-gke-cluster-cli-3j3p@jk-mlops-dev.iam.gserviceaccount.com",
            "project": "jk-mlops-dev",
            "timeouts": null,
            "unique_id": "116586040521928748815"
          },
          "sensitive_attributes": [],
          "private": "eyJlMmJmYjczMC1lY2FhLTExZTYtOGY4OC0zNDM2M2JjN2M0YzAiOnsiY3JlYXRlIjozMDAwMDAwMDAwMDB9fQ==",
          "dependencies": [
            "data.google_client_config.current",
            "module.client-clusters.random_string.cluster_service_account_suffix",
            "module.project-services.google_project_service.project_services"
          ]
        }
      ]
    },
    {
      "module": "module.client-clusters[1]",
      "mode": "managed",
      "type": "random_shuffle",
      "name": "available_zones",
      "provider": "provider[\"registry.terraform.io/hashicorp/random\"]",
      "instances": [
        {
          "schema_version": 0,
          "attributes": {
            "id": "-",
            "input": [
              "us-west1-a",
              "us-west1-b",
              "us-west1-c"
            ],
            "keepers": null,
            "result": [
              "us-west1-b",
              "us-west1-c",
              "us-west1-a"
            ],
            "result_count": 3,
            "seed": null
          },
          "sensitive_attributes": [],
          "private": "bnVsbA==",
          "dependencies": [
            "module.client-clusters.data.google_compute_zones.available"
          ]
        }
      ]
    },
    {
      "module": "module.client-clusters[1]",
      "mode": "managed",
      "type": "random_string",
      "name": "cluster_service_account_suffix",
      "provider": "provider[\"registry.terraform.io/hashicorp/random\"]",
      "instances": [
        {
          "schema_version": 1,
          "attributes": {
            "id": "3j3p",
            "keepers": null,
            "length": 4,
            "lower": true,
            "min_lower": 0,
            "min_numeric": 0,
            "min_special": 0,
            "min_upper": 0,
            "number": true,
            "override_special": null,
            "result": "3j3p",
            "special": false,
            "upper": false
          },
          "sensitive_attributes": [],
          "private": "eyJzY2hlbWFfdmVyc2lvbiI6IjEifQ=="
        }
      ]
    },
    {
      "module": "module.client-clusters[1].module.gcloud_delete_default_kube_dns_configmap.module.gcloud_kubectl",
      "mode": "managed",
      "type": "null_resource",
      "name": "module_depends_on",
      "provider": "provider[\"registry.terraform.io/hashicorp/null\"]",
      "instances": [
        {
          "index_key": 0,
          "schema_version": 0,
          "attributes": {
            "id": "426462858426381068",
            "triggers": {
              "value": "3"
            }
          },
          "sensitive_attributes": [],
          "private": "bnVsbA==",
          "dependencies": [
            "data.google_client_config.current",
            "data.google_project.project",
            "module.client-clusters.data.google_client_config.default",
            "module.client-clusters.data.google_compute_zones.available",
            "module.client-clusters.data.google_container_engine_versions.region",
            "module.client-clusters.data.google_container_engine_versions.zone",
            "module.client-clusters.google_container_cluster.primary",
            "module.client-clusters.google_container_node_pool.pools",
            "module.client-clusters.google_service_account.cluster_service_account",
            "module.client-clusters.random_shuffle.available_zones",
            "module.client-clusters.random_string.cluster_service_account_suffix",
            "module.project-services.google_project_service.project_services"
          ]
        }
      ]
    },
    {
      "module": "module.hub-clients[0]",
      "mode": "data",
      "type": "google_client_config",
      "name": "default",
      "provider": "provider[\"registry.terraform.io/hashicorp/google\"]",
      "instances": [
        {
          "schema_version": 0,
          "attributes": {
            "access_token": "ya29.A0AfH6SMAL6JgD3xxJqlbICNSVI_DH3Xas_rMGQE03tnhucU4bVJcjvW3MSGRFXPuB3m-6LpOYm6TFS40tjwUN9RT7zlHZi5delk2JioySg9xiSUdv-rIevYTbV8AJwhql3GbHkaZW9khSSHHShqeWNSKu1A0u62G0H8er38My5ymwACvdDkiA-IUwFPvP7skn110EI6Cnt03e65MMF5b56aYvnOHkJP4MwzCryVnt00l4s3Zo5VlzL9qABP41Lpr421K4TeEdYw",
            "id": "projects/jk-mlops-dev/regions/us-west1/zones/",
            "project": "jk-mlops-dev",
            "region": "us-west1",
            "zone": ""
          },
          "sensitive_attributes": []
        }
      ]
    },
    {
      "module": "module.hub-clients[0]",
      "mode": "managed",
      "type": "google_project_iam_member",
      "name": "gke_hub_member",
      "provider": "provider[\"registry.terraform.io/hashicorp/google\"]",
      "instances": [
        {
          "index_key": 0,
          "schema_version": 0,
          "attributes": {
            "condition": [],
            "etag": "BwW77vTLlus=",
            "id": "jk-mlops-dev/roles/gkehub.connect/serviceaccount:client-0@jk-mlops-dev.iam.gserviceaccount.com",
            "member": "serviceAccount:client-0@jk-mlops-dev.iam.gserviceaccount.com",
            "project": "jk-mlops-dev",
            "role": "roles/gkehub.connect"
          },
          "sensitive_attributes": [],
          "private": "bnVsbA==",
          "dependencies": [
            "data.google_client_config.current",
            "module.hub-clients.google_service_account.gke_hub_sa"
          ]
        }
      ]
    },
    {
      "module": "module.hub-clients[0]",
      "mode": "managed",
      "type": "google_service_account",
      "name": "gke_hub_sa",
      "provider": "provider[\"registry.terraform.io/hashicorp/google\"]",
      "instances": [
        {
          "index_key": 0,
          "schema_version": 0,
          "attributes": {
            "account_id": "client-0",
            "description": "",
            "display_name": "Service Account for GKE Hub Registration",
            "email": "client-0@jk-mlops-dev.iam.gserviceaccount.com",
            "id": "projects/jk-mlops-dev/serviceAccounts/client-0@jk-mlops-dev.iam.gserviceaccount.com",
            "name": "projects/jk-mlops-dev/serviceAccounts/client-0@jk-mlops-dev.iam.gserviceaccount.com",
            "project": "jk-mlops-dev",
            "timeouts": null,
            "unique_id": "112448597931545141109"
          },
          "sensitive_attributes": [],
          "private": "eyJlMmJmYjczMC1lY2FhLTExZTYtOGY4OC0zNDM2M2JjN2M0YzAiOnsiY3JlYXRlIjozMDAwMDAwMDAwMDB9fQ==",
          "dependencies": [
            "data.google_client_config.current"
          ]
        }
      ]
    },
    {
      "module": "module.hub-clients[0]",
      "mode": "managed",
      "type": "google_service_account_key",
      "name": "gke_hub_key",
      "provider": "provider[\"registry.terraform.io/hashicorp/google\"]",
      "instances": [
        {
          "index_key": 0,
          "schema_version": 0,
          "attributes": {
            "id": "projects/jk-mlops-dev/serviceAccounts/client-0@jk-mlops-dev.iam.gserviceaccount.com/keys/46a6cc6f3c2b4f23d684b2c4d0e41dd8e0e7b5de",
            "keepers": null,
            "key_algorithm": "KEY_ALG_RSA_2048",
            "name": "projects/jk-mlops-dev/serviceAccounts/client-0@jk-mlops-dev.iam.gserviceaccount.com/keys/46a6cc6f3c2b4f23d684b2c4d0e41dd8e0e7b5de",
            "private_key": "ewogICJ0eXBlIjogInNlcnZpY2VfYWNjb3VudCIsCiAgInByb2plY3RfaWQiOiAiamstbWxvcHMtZGV2IiwKICAicHJpdmF0ZV9rZXlfaWQiOiAiNDZhNmNjNmYzYzJiNGYyM2Q2ODRiMmM0ZDBlNDFkZDhlMGU3YjVkZSIsCiAgInByaXZhdGVfa2V5IjogIi0tLS0tQkVHSU4gUFJJVkFURSBLRVktLS0tLVxuTUlJRXZRSUJBREFOQmdrcWhraUc5dzBCQVFFRkFBU0NCS2N3Z2dTakFnRUFBb0lCQVFDUjZFR1c2NDYrNEFxMVxuQWhuT0RZOTJPVnVIVTN3Q3duL3R3cVdqNmhRVFQ0K2cyN1Z1dU92N2Z2bjUyRmtvN1VWMTl5YWFyQ0FwN09aUlxuemxtTDdpV0xsQXlMa0RmQmVnUHZsWFhMcG5QNTBPK0s1ZVN5K1crRVNzSmF0R0hOdDZpazhDaWVmbmxSU1ZaV1xuVWZ1Q0dpb0xLMFZIRTdqaUpFUEJSTVd2VlA4Vks3TVE3ZGpXUkR6UTZZblFlUG1Hc00zb1FqKzlIbUhJWG9GNVxudHhEVm9BSUJsbnJMTFBscllENjV2SXk5MUJyNFpZZnduZ1NITyttdVEvTy9RdkJNSmNYRzI3dUQ3RnF6YytPcFxuQWpLTkpDSjZKbDNqenQxVzExNkg1K09MN2xVK0R4emZzemJLQkltLzFTODBTTm5CQ1pockp1VzJxVE1JYnpNSFxuUVVRaTQ4Tk5BZ01CQUFFQ2dnRUFCQ0hlVU9HZE5Bd2R2bEJ2MFVJL1FtZzJEclVDZk5FZkxweVN3V0l3RTVFaVxuWWJvMEMvUUltaUdLekVmNkIwUm9QaHhhVkQ0YklyR2owa1JOOHlTekExRjcvcXhMUXlnNEFJU1RCc29FWEVETlxuNlpLbkN6U1hHYVplWWkwUGR0cVJQbmc0eGtoZWdLRmJNWVdwZTVJYjdoK21UaVB1V25JUDR6QVY4QUhKd0ErYVxuVXU5QXA0MFhDTE45TlU3Ykd2MVZ6RVBxSGM4dnJMU0dablBCcExHa0RTdWRodmpOQWhkY09nYlFlZW8xWlRpaVxub3N2Z0Z1TWF2OUR6Y3k2VnZyTlVlSTYzQzZhL25Jakx6cE5hL25yS0U5YW5HMUxrQlNuTVdud2x5b2tSY1RKc1xuUnhweTMrdlo4dHhMcUZ3dENDendrSlVudGplSWs5MTF0NW1WSis3ak1RS0JnUURIeFRzZjJRbkp6UmtLSDJFWFxuR1JQRmswTURXNUFQQWw2MTJ2b09qMXA2dm9Db0YwSDBVY09HenNVRzBQNUl3ZXpHRDk5SGxxMGQvYjF4Nk5XZ1xuRU1VNEpXVEhQQjhvdXh0bEo1dU9SeE9iQ2JOZGtEOStZNFRsbXVRdi9laWtTT2E0OGhBQlpQYWRYNFAvQzlSeVxuNHhOYWlEN1J4K3dBNldHaVgyR2hiSjliVlFLQmdRQzYrZFIxMGVMM1pTdnB5L3JFVnp5U0RIWVdUNVdKK0wzSVxuejBDRkNHM0lNZWVRVmZKalJuOHpSMDBUcHNJalZkaFlKQ3lqTlZQTSs3R1pZL0lUTUYvVGdTbzJqckh5VmFMYlxuWEFycHN4aHdJRmJLSnp0VDl0MC9zSnFReGRUc3J2SVg0eXBjNmZ0SHZEV2thNEl1ZG9YcFJHTmg0SWJUdWdGSFxuVEx2U3FuUjRHUUtCZ0RkbmUvNVpNMTNFaEMxS2hxTGhVWnA2UFJ1eFNVTGdaV1FLVjAreWNtV1ljQll1WFJ4bFxua05UU2c5SmdKQ1lKb3FGTHhhRVZLTzRvY1dJbU1Sa3pqWDhFMys1aHZrS05vZ3RyOExpRS9lc0J4YjB0Ukc3SlxuS3hLQzRzWnNwUmpySHhJc0VFUlN2QkxwYXJKUmxacEhZQmE3c3JCN3dmaCt3WlZHM3N6bVUwd0JBb0dBYjhxUFxuelNJQW9ncExoeTMrY1FYM29ScnlQOFMxbEJpMDRDdUtXQUFDSTRBekE0bGZzeHVqVWZWL2tCQlVZdXdndmhKaVxuM2ZJMGVJckVWUUg4NnB3eHJ6TzdHWU9Yd1Z5U1VyVmxrUFVUMTNaK2JiK25LVHlnYkVRYkpoUWlpcURPL3BsRFxuNnVtNjQ5a1QrWXFOKzFuQ0Z3WmNwVmlwUkU0aUZZODdmV21NMllFQ2dZRUFoeGJKNU5hNUV4eUF2WXJRQmphNFxuczU1SHptdlZ2bHVuRXhYdHhVcHgzdDJvSUNrSVlpUXFpZkRWQUZpVnNsaExHM2lHSXFvV3VOc2ZqTDdSLy9lalxuS2lKTmpwVXFyMHdQbk54Z1FnWFRTZ0EvYm50TENkUERjV1IyUFY4TmsrUnh4WUY5dUNuYjN0Y0tzSFhnUGhOM1xuQTNxa2N6WDkrRk9WWFVDUjdNaWxobUE9XG4tLS0tLUVORCBQUklWQVRFIEtFWS0tLS0tXG4iLAogICJjbGllbnRfZW1haWwiOiAiY2xpZW50LTBAamstbWxvcHMtZGV2LmlhbS5nc2VydmljZWFjY291bnQuY29tIiwKICAiY2xpZW50X2lkIjogIjExMjQ0ODU5NzkzMTU0NTE0MTEwOSIsCiAgImF1dGhfdXJpIjogImh0dHBzOi8vYWNjb3VudHMuZ29vZ2xlLmNvbS9vL29hdXRoMi9hdXRoIiwKICAidG9rZW5fdXJpIjogImh0dHBzOi8vb2F1dGgyLmdvb2dsZWFwaXMuY29tL3Rva2VuIiwKICAiYXV0aF9wcm92aWRlcl94NTA5X2NlcnRfdXJsIjogImh0dHBzOi8vd3d3Lmdvb2dsZWFwaXMuY29tL29hdXRoMi92MS9jZXJ0cyIsCiAgImNsaWVudF94NTA5X2NlcnRfdXJsIjogImh0dHBzOi8vd3d3Lmdvb2dsZWFwaXMuY29tL3JvYm90L3YxL21ldGFkYXRhL3g1MDkvY2xpZW50LTAlNDBqay1tbG9wcy1kZXYuaWFtLmdzZXJ2aWNlYWNjb3VudC5jb20iCn0K",
            "private_key_type": "TYPE_GOOGLE_CREDENTIALS_FILE",
            "public_key": "LS0tLS1CRUdJTiBDRVJUSUZJQ0FURS0tLS0tCk1JSUMvRENDQWVTZ0F3SUJBZ0lJWFRDNjFXaEI4L0l3RFFZSktvWklodmNOQVFFRkJRQXdJREVlTUJ3R0ExVUUKQXhNVk1URXlORFE0TlRrM09UTXhOVFExTVRReE1UQTVNQ0FYRFRJeE1ESXlNakUyTURReU5Gb1lEems1T1RreApNak14TWpNMU9UVTVXakFnTVI0d0hBWURWUVFERXhVeE1USTBORGcxT1RjNU16RTFORFV4TkRFeE1Ea3dnZ0VpCk1BMEdDU3FHU0liM0RRRUJBUVVBQTRJQkR3QXdnZ0VLQW9JQkFRQ1I2RUdXNjQ2KzRBcTFBaG5PRFk5Mk9WdUgKVTN3Q3duL3R3cVdqNmhRVFQ0K2cyN1Z1dU92N2Z2bjUyRmtvN1VWMTl5YWFyQ0FwN09aUnpsbUw3aVdMbEF5TAprRGZCZWdQdmxYWExwblA1ME8rSzVlU3krVytFU3NKYXRHSE50NmlrOENpZWZubFJTVlpXVWZ1Q0dpb0xLMFZICkU3amlKRVBCUk1XdlZQOFZLN01RN2RqV1JEelE2WW5RZVBtR3NNM29Rais5SG1ISVhvRjV0eERWb0FJQmxuckwKTFBscllENjV2SXk5MUJyNFpZZnduZ1NITyttdVEvTy9RdkJNSmNYRzI3dUQ3RnF6YytPcEFqS05KQ0o2Smwzagp6dDFXMTE2SDUrT0w3bFUrRHh6ZnN6YktCSW0vMVM4MFNObkJDWmhySnVXMnFUTUliek1IUVVRaTQ4Tk5BZ01CCkFBR2pPREEyTUF3R0ExVWRFd0VCL3dRQ01BQXdEZ1lEVlIwUEFRSC9CQVFEQWdlQU1CWUdBMVVkSlFFQi93UU0KTUFvR0NDc0dBUVVGQndNQ01BMEdDU3FHU0liM0RRRUJCUVVBQTRJQkFRQmx5cmJ6ZlZGcmhjSmdWUEx1MnAvYwp2d2kxaVViUE95eVNTS2tId1B4OEVUNUVJNzRvUE5pRXJ2c2tVUS9XY1FwcUFFTUlQNlJYV2RzVWxpd1lXRWt5CkNFQnFaSE5IN1d3MDRCZ3pKaTQvQmhrdWQwQm54YzFaWW5qSGZSMW5raHhRZmFXTnhsVnFOZjh2OXdOZCswN2sKc0xHVGY5b3N4dGd3UjNMOTFoTVdBWTlDV3czT0VpZ3NSbXBuallaSmEwbkRYV1VWYmZycHQrT20xcjM1THZncApROTg3V0JuRnpJMnJ5M3JETThwYllzNWlPSWhGSEtibFdNVUR6K0JFS1o3Y3FqbFczZTNFMW5vUkZZenhaQkJ5CkR3VWtwSjFSWGdiclB1aEV4L245am80aXdoK3VvUW5xWnJKbFk4cGEyTzdSaUtBK2g4WGp2enlibEFVNGdnYloKLS0tLS1FTkQgQ0VSVElGSUNBVEUtLS0tLQo=",
            "public_key_data": null,
            "public_key_type": "TYPE_X509_PEM_FILE",
            "service_account_id": "projects/jk-mlops-dev/serviceAccounts/client-0@jk-mlops-dev.iam.gserviceaccount.com",
            "valid_after": "2021-02-22T16:04:24Z",
            "valid_before": "9999-12-31T23:59:59Z"
          },
          "sensitive_attributes": [],
          "private": "bnVsbA==",
          "dependencies": [
            "data.google_client_config.current",
            "module.hub-clients.google_service_account.gke_hub_sa"
          ]
        }
      ]
    },
    {
      "module": "module.hub-clients[0].module.gke_hub_registration",
      "mode": "data",
      "type": "external",
      "name": "env_override",
      "provider": "provider[\"registry.terraform.io/hashicorp/external\"]",
      "instances": [
        {
          "index_key": 0,
          "schema_version": 0,
          "attributes": {
            "id": "-",
            "program": [
              ".terraform/modules/hub-clients.gke_hub_registration/terraform-google-gcloud-2.0.3/scripts/check_env.sh"
            ],
            "query": null,
            "result": {
              "download": ""
            },
            "working_dir": null
          },
          "sensitive_attributes": []
        }
      ]
    },
    {
      "module": "module.hub-clients[0].module.gke_hub_registration",
      "mode": "managed",
      "type": "null_resource",
      "name": "module_depends_on",
      "provider": "provider[\"registry.terraform.io/hashicorp/null\"]",
      "instances": [
        {
          "index_key": 0,
          "schema_version": 0,
          "attributes": {
            "id": "2826743596970212173",
            "triggers": {
              "value": "1"
            }
          },
          "sensitive_attributes": [
            [
              {
                "type": "get_attr",
                "value": "triggers"
              },
              {
                "type": "index",
                "value": {
                  "value": "value",
                  "type": "string"
                }
              }
            ]
          ],
          "private": "bnVsbA==",
          "dependencies": [
            "data.google_client_config.current",
            "data.google_project.project",
            "module.client-clusters.data.google_client_config.default",
            "module.client-clusters.data.google_compute_subnetwork.gke_subnetwork",
            "module.client-clusters.data.google_compute_zones.available",
            "module.client-clusters.data.google_container_engine_versions.region",
            "module.client-clusters.data.google_container_engine_versions.zone",
            "module.client-clusters.google_compute_firewall.intra_egress",
            "module.client-clusters.google_compute_firewall.master_webhooks",
            "module.client-clusters.google_compute_firewall.shadow_allow_master",
            "module.client-clusters.google_compute_firewall.shadow_allow_nodes",
            "module.client-clusters.google_compute_firewall.shadow_allow_pods",
            "module.client-clusters.google_container_cluster.primary",
            "module.client-clusters.google_container_node_pool.pools",
            "module.client-clusters.google_project_iam_member.cluster_service_account-artifact-registry",
            "module.client-clusters.google_project_iam_member.cluster_service_account-gcr",
            "module.client-clusters.google_project_iam_member.cluster_service_account-log_writer",
            "module.client-clusters.google_project_iam_member.cluster_service_account-metric_writer",
            "module.client-clusters.google_project_iam_member.cluster_service_account-monitoring_viewer",
            "module.client-clusters.google_project_iam_member.cluster_service_account-resourceMetadata-writer",
            "module.client-clusters.google_service_account.cluster_service_account",
            "module.client-clusters.kubernetes_config_map.ip-masq-agent",
            "module.client-clusters.kubernetes_config_map.kube-dns",
            "module.client-clusters.kubernetes_config_map.kube-dns-upstream-nameservers-and-stub-domains",
            "module.client-clusters.kubernetes_config_map.kube-dns-upstream-namservers",
            "module.client-clusters.module.gcloud_delete_default_kube_dns_configmap.module.gcloud_kubectl.data.external.env_override",
            "module.client-clusters.module.gcloud_delete_default_kube_dns_configmap.module.gcloud_kubectl.null_resource.additional_components",
            "module.client-clusters.module.gcloud_delete_default_kube_dns_configmap.module.gcloud_kubectl.null_resource.additional_components_destroy",
            "module.client-clusters.module.gcloud_delete_default_kube_dns_configmap.module.gcloud_kubectl.null_resource.decompress",
            "module.client-clusters.module.gcloud_delete_default_kube_dns_configmap.module.gcloud_kubectl.null_resource.decompress_destroy",
            "module.client-clusters.module.gcloud_delete_default_kube_dns_configmap.module.gcloud_kubectl.null_resource.download_gcloud",
            "module.client-clusters.module.gcloud_delete_default_kube_dns_configmap.module.gcloud_kubectl.null_resource.download_jq",
            "module.client-clusters.module.gcloud_delete_default_kube_dns_configmap.module.gcloud_kubectl.null_resource.gcloud_auth_google_credentials",
            "module.client-clusters.module.gcloud_delete_default_kube_dns_configmap.module.gcloud_kubectl.null_resource.gcloud_auth_google_credentials_destroy",
            "module.client-clusters.module.gcloud_delete_default_kube_dns_configmap.module.gcloud_kubectl.null_resource.gcloud_auth_service_account_key_file",
            "module.client-clusters.module.gcloud_delete_default_kube_dns_configmap.module.gcloud_kubectl.null_resource.gcloud_auth_service_account_key_file_destroy",
            "module.client-clusters.module.gcloud_delete_default_kube_dns_configmap.module.gcloud_kubectl.null_resource.module_depends_on",
            "module.client-clusters.module.gcloud_delete_default_kube_dns_configmap.module.gcloud_kubectl.null_resource.prepare_cache",
            "module.client-clusters.module.gcloud_delete_default_kube_dns_configmap.module.gcloud_kubectl.null_resource.run_command",
            "module.client-clusters.module.gcloud_delete_default_kube_dns_configmap.module.gcloud_kubectl.null_resource.run_destroy_command",
            "module.client-clusters.module.gcloud_delete_default_kube_dns_configmap.module.gcloud_kubectl.null_resource.upgrade",
            "module.client-clusters.module.gcloud_delete_default_kube_dns_configmap.module.gcloud_kubectl.null_resource.upgrade_destroy",
            "module.client-clusters.module.gcloud_delete_default_kube_dns_configmap.module.gcloud_kubectl.random_id.cache",
            "module.client-clusters.random_shuffle.available_zones",
            "module.client-clusters.random_string.cluster_service_account_suffix",
            "module.project-services.google_project_service.project_services"
          ]
        }
      ]
    },
    {
      "module": "module.hub-clients[0].module.gke_hub_registration",
      "mode": "managed",
      "type": "null_resource",
      "name": "run_command",
      "provider": "provider[\"registry.terraform.io/hashicorp/null\"]",
      "instances": [
        {
          "index_key": 0,
          "schema_version": 0,
          "attributes": {
            "id": "194253434587555691",
            "triggers": {
              "arguments": "73b6f2bee54a288ae8ec9eab57ef9c2b",
              "create_cmd_body": "1 client-0 us-west1-a gke-cluster-client-0 ewogICJ0eXBlIjogInNlcnZpY2VfYWNjb3VudCIsCiAgInByb2plY3RfaWQiOiAiamstbWxvcHMtZGV2IiwKICAicHJpdmF0ZV9rZXlfaWQiOiAiNDZhNmNjNmYzYzJiNGYyM2Q2ODRiMmM0ZDBlNDFkZDhlMGU3YjVkZSIsCiAgInByaXZhdGVfa2V5IjogIi0tLS0tQkVHSU4gUFJJVkFURSBLRVktLS0tLVxuTUlJRXZRSUJBREFOQmdrcWhraUc5dzBCQVFFRkFBU0NCS2N3Z2dTakFnRUFBb0lCQVFDUjZFR1c2NDYrNEFxMVxuQWhuT0RZOTJPVnVIVTN3Q3duL3R3cVdqNmhRVFQ0K2cyN1Z1dU92N2Z2bjUyRmtvN1VWMTl5YWFyQ0FwN09aUlxuemxtTDdpV0xsQXlMa0RmQmVnUHZsWFhMcG5QNTBPK0s1ZVN5K1crRVNzSmF0R0hOdDZpazhDaWVmbmxSU1ZaV1xuVWZ1Q0dpb0xLMFZIRTdqaUpFUEJSTVd2VlA4Vks3TVE3ZGpXUkR6UTZZblFlUG1Hc00zb1FqKzlIbUhJWG9GNVxudHhEVm9BSUJsbnJMTFBscllENjV2SXk5MUJyNFpZZnduZ1NITyttdVEvTy9RdkJNSmNYRzI3dUQ3RnF6YytPcFxuQWpLTkpDSjZKbDNqenQxVzExNkg1K09MN2xVK0R4emZzemJLQkltLzFTODBTTm5CQ1pockp1VzJxVE1JYnpNSFxuUVVRaTQ4Tk5BZ01CQUFFQ2dnRUFCQ0hlVU9HZE5Bd2R2bEJ2MFVJL1FtZzJEclVDZk5FZkxweVN3V0l3RTVFaVxuWWJvMEMvUUltaUdLekVmNkIwUm9QaHhhVkQ0YklyR2owa1JOOHlTekExRjcvcXhMUXlnNEFJU1RCc29FWEVETlxuNlpLbkN6U1hHYVplWWkwUGR0cVJQbmc0eGtoZWdLRmJNWVdwZTVJYjdoK21UaVB1V25JUDR6QVY4QUhKd0ErYVxuVXU5QXA0MFhDTE45TlU3Ykd2MVZ6RVBxSGM4dnJMU0dablBCcExHa0RTdWRodmpOQWhkY09nYlFlZW8xWlRpaVxub3N2Z0Z1TWF2OUR6Y3k2VnZyTlVlSTYzQzZhL25Jakx6cE5hL25yS0U5YW5HMUxrQlNuTVdud2x5b2tSY1RKc1xuUnhweTMrdlo4dHhMcUZ3dENDendrSlVudGplSWs5MTF0NW1WSis3ak1RS0JnUURIeFRzZjJRbkp6UmtLSDJFWFxuR1JQRmswTURXNUFQQWw2MTJ2b09qMXA2dm9Db0YwSDBVY09HenNVRzBQNUl3ZXpHRDk5SGxxMGQvYjF4Nk5XZ1xuRU1VNEpXVEhQQjhvdXh0bEo1dU9SeE9iQ2JOZGtEOStZNFRsbXVRdi9laWtTT2E0OGhBQlpQYWRYNFAvQzlSeVxuNHhOYWlEN1J4K3dBNldHaVgyR2hiSjliVlFLQmdRQzYrZFIxMGVMM1pTdnB5L3JFVnp5U0RIWVdUNVdKK0wzSVxuejBDRkNHM0lNZWVRVmZKalJuOHpSMDBUcHNJalZkaFlKQ3lqTlZQTSs3R1pZL0lUTUYvVGdTbzJqckh5VmFMYlxuWEFycHN4aHdJRmJLSnp0VDl0MC9zSnFReGRUc3J2SVg0eXBjNmZ0SHZEV2thNEl1ZG9YcFJHTmg0SWJUdWdGSFxuVEx2U3FuUjRHUUtCZ0RkbmUvNVpNMTNFaEMxS2hxTGhVWnA2UFJ1eFNVTGdaV1FLVjAreWNtV1ljQll1WFJ4bFxua05UU2c5SmdKQ1lKb3FGTHhhRVZLTzRvY1dJbU1Sa3pqWDhFMys1aHZrS05vZ3RyOExpRS9lc0J4YjB0Ukc3SlxuS3hLQzRzWnNwUmpySHhJc0VFUlN2QkxwYXJKUmxacEhZQmE3c3JCN3dmaCt3WlZHM3N6bVUwd0JBb0dBYjhxUFxuelNJQW9ncExoeTMrY1FYM29ScnlQOFMxbEJpMDRDdUtXQUFDSTRBekE0bGZzeHVqVWZWL2tCQlVZdXdndmhKaVxuM2ZJMGVJckVWUUg4NnB3eHJ6TzdHWU9Yd1Z5U1VyVmxrUFVUMTNaK2JiK25LVHlnYkVRYkpoUWlpcURPL3BsRFxuNnVtNjQ5a1QrWXFOKzFuQ0Z3WmNwVmlwUkU0aUZZODdmV21NMllFQ2dZRUFoeGJKNU5hNUV4eUF2WXJRQmphNFxuczU1SHptdlZ2bHVuRXhYdHhVcHgzdDJvSUNrSVlpUXFpZkRWQUZpVnNsaExHM2lHSXFvV3VOc2ZqTDdSLy9lalxuS2lKTmpwVXFyMHdQbk54Z1FnWFRTZ0EvYm50TENkUERjV1IyUFY4TmsrUnh4WUY5dUNuYjN0Y0tzSFhnUGhOM1xuQTNxa2N6WDkrRk9WWFVDUjdNaWxobUE9XG4tLS0tLUVORCBQUklWQVRFIEtFWS0tLS0tXG4iLAogICJjbGllbnRfZW1haWwiOiAiY2xpZW50LTBAamstbWxvcHMtZGV2LmlhbS5nc2VydmljZWFjY291bnQuY29tIiwKICAiY2xpZW50X2lkIjogIjExMjQ0ODU5NzkzMTU0NTE0MTEwOSIsCiAgImF1dGhfdXJpIjogImh0dHBzOi8vYWNjb3VudHMuZ29vZ2xlLmNvbS9vL29hdXRoMi9hdXRoIiwKICAidG9rZW5fdXJpIjogImh0dHBzOi8vb2F1dGgyLmdvb2dsZWFwaXMuY29tL3Rva2VuIiwKICAiYXV0aF9wcm92aWRlcl94NTA5X2NlcnRfdXJsIjogImh0dHBzOi8vd3d3Lmdvb2dsZWFwaXMuY29tL29hdXRoMi92MS9jZXJ0cyIsCiAgImNsaWVudF94NTA5X2NlcnRfdXJsIjogImh0dHBzOi8vd3d3Lmdvb2dsZWFwaXMuY29tL3JvYm90L3YxL21ldGFkYXRhL3g1MDkvY2xpZW50LTAlNDBqay1tbG9wcy1kZXYuaWFtLmdzZXJ2aWNlYWNjb3VudC5jb20iCn0K jk-mlops-dev ",
              "create_cmd_entrypoint": ".terraform/modules/hub-clients/modules/hub/scripts/gke_hub_registration.sh",
              "gcloud_bin_abs_path": "/google-cloud-sdk/bin",
              "md5": "c7f8d676e78d2980d877f39f691b8824"
            }
          },
          "sensitive_attributes": [],
          "private": "bnVsbA==",
          "dependencies": [
            "data.google_client_config.current",
            "data.google_project.project",
            "module.client-clusters.data.google_client_config.default",
            "module.client-clusters.data.google_compute_subnetwork.gke_subnetwork",
            "module.client-clusters.data.google_compute_zones.available",
            "module.client-clusters.data.google_container_engine_versions.region",
            "module.client-clusters.data.google_container_engine_versions.zone",
            "module.client-clusters.google_compute_firewall.intra_egress",
            "module.client-clusters.google_compute_firewall.master_webhooks",
            "module.client-clusters.google_compute_firewall.shadow_allow_master",
            "module.client-clusters.google_compute_firewall.shadow_allow_nodes",
            "module.client-clusters.google_compute_firewall.shadow_allow_pods",
            "module.client-clusters.google_container_cluster.primary",
            "module.client-clusters.google_container_node_pool.pools",
            "module.client-clusters.google_project_iam_member.cluster_service_account-artifact-registry",
            "module.client-clusters.google_project_iam_member.cluster_service_account-gcr",
            "module.client-clusters.google_project_iam_member.cluster_service_account-log_writer",
            "module.client-clusters.google_project_iam_member.cluster_service_account-metric_writer",
            "module.client-clusters.google_project_iam_member.cluster_service_account-monitoring_viewer",
            "module.client-clusters.google_project_iam_member.cluster_service_account-resourceMetadata-writer",
            "module.client-clusters.google_service_account.cluster_service_account",
            "module.client-clusters.kubernetes_config_map.ip-masq-agent",
            "module.client-clusters.kubernetes_config_map.kube-dns",
            "module.client-clusters.kubernetes_config_map.kube-dns-upstream-nameservers-and-stub-domains",
            "module.client-clusters.kubernetes_config_map.kube-dns-upstream-namservers",
            "module.client-clusters.module.gcloud_delete_default_kube_dns_configmap.module.gcloud_kubectl.data.external.env_override",
            "module.client-clusters.module.gcloud_delete_default_kube_dns_configmap.module.gcloud_kubectl.null_resource.additional_components",
            "module.client-clusters.module.gcloud_delete_default_kube_dns_configmap.module.gcloud_kubectl.null_resource.additional_components_destroy",
            "module.client-clusters.module.gcloud_delete_default_kube_dns_configmap.module.gcloud_kubectl.null_resource.decompress",
            "module.client-clusters.module.gcloud_delete_default_kube_dns_configmap.module.gcloud_kubectl.null_resource.decompress_destroy",
            "module.client-clusters.module.gcloud_delete_default_kube_dns_configmap.module.gcloud_kubectl.null_resource.download_gcloud",
            "module.client-clusters.module.gcloud_delete_default_kube_dns_configmap.module.gcloud_kubectl.null_resource.download_jq",
            "module.client-clusters.module.gcloud_delete_default_kube_dns_configmap.module.gcloud_kubectl.null_resource.gcloud_auth_google_credentials",
            "module.client-clusters.module.gcloud_delete_default_kube_dns_configmap.module.gcloud_kubectl.null_resource.gcloud_auth_google_credentials_destroy",
            "module.client-clusters.module.gcloud_delete_default_kube_dns_configmap.module.gcloud_kubectl.null_resource.gcloud_auth_service_account_key_file",
            "module.client-clusters.module.gcloud_delete_default_kube_dns_configmap.module.gcloud_kubectl.null_resource.gcloud_auth_service_account_key_file_destroy",
            "module.client-clusters.module.gcloud_delete_default_kube_dns_configmap.module.gcloud_kubectl.null_resource.module_depends_on",
            "module.client-clusters.module.gcloud_delete_default_kube_dns_configmap.module.gcloud_kubectl.null_resource.prepare_cache",
            "module.client-clusters.module.gcloud_delete_default_kube_dns_configmap.module.gcloud_kubectl.null_resource.run_command",
            "module.client-clusters.module.gcloud_delete_default_kube_dns_configmap.module.gcloud_kubectl.null_resource.run_destroy_command",
            "module.client-clusters.module.gcloud_delete_default_kube_dns_configmap.module.gcloud_kubectl.null_resource.upgrade",
            "module.client-clusters.module.gcloud_delete_default_kube_dns_configmap.module.gcloud_kubectl.null_resource.upgrade_destroy",
            "module.client-clusters.module.gcloud_delete_default_kube_dns_configmap.module.gcloud_kubectl.random_id.cache",
            "module.client-clusters.random_shuffle.available_zones",
            "module.client-clusters.random_string.cluster_service_account_suffix",
            "module.hub-clients.google_service_account.gke_hub_sa",
            "module.hub-clients.google_service_account_key.gke_hub_key",
            "module.hub-clients.module.gke_hub_registration.data.external.env_override",
            "module.hub-clients.module.gke_hub_registration.null_resource.additional_components",
            "module.hub-clients.module.gke_hub_registration.null_resource.decompress",
            "module.hub-clients.module.gke_hub_registration.null_resource.gcloud_auth_google_credentials",
            "module.hub-clients.module.gke_hub_registration.null_resource.gcloud_auth_service_account_key_file",
            "module.hub-clients.module.gke_hub_registration.null_resource.module_depends_on",
            "module.hub-clients.module.gke_hub_registration.random_id.cache",
            "module.project-services.google_project_service.project_services"
          ]
        }
      ]
    },
    {
      "module": "module.hub-clients[0].module.gke_hub_registration",
      "mode": "managed",
      "type": "null_resource",
      "name": "run_destroy_command",
      "provider": "provider[\"registry.terraform.io/hashicorp/null\"]",
      "instances": [
        {
          "index_key": 0,
          "schema_version": 0,
          "attributes": {
            "id": "3078944026998220510",
            "triggers": {
              "destroy_cmd_body": "1 client-0 us-west1-a gke-cluster-client-0 jk-mlops-dev",
              "destroy_cmd_entrypoint": ".terraform/modules/hub-clients/modules/hub/scripts/gke_hub_unregister.sh",
              "gcloud_bin_abs_path": "/google-cloud-sdk/bin"
            }
          },
          "sensitive_attributes": [],
          "private": "bnVsbA==",
          "dependencies": [
            "data.google_client_config.current",
            "data.google_project.project",
            "module.client-clusters.data.google_client_config.default",
            "module.client-clusters.data.google_compute_subnetwork.gke_subnetwork",
            "module.client-clusters.data.google_compute_zones.available",
            "module.client-clusters.data.google_container_engine_versions.region",
            "module.client-clusters.data.google_container_engine_versions.zone",
            "module.client-clusters.google_compute_firewall.intra_egress",
            "module.client-clusters.google_compute_firewall.master_webhooks",
            "module.client-clusters.google_compute_firewall.shadow_allow_master",
            "module.client-clusters.google_compute_firewall.shadow_allow_nodes",
            "module.client-clusters.google_compute_firewall.shadow_allow_pods",
            "module.client-clusters.google_container_cluster.primary",
            "module.client-clusters.google_container_node_pool.pools",
            "module.client-clusters.google_project_iam_member.cluster_service_account-artifact-registry",
            "module.client-clusters.google_project_iam_member.cluster_service_account-gcr",
            "module.client-clusters.google_project_iam_member.cluster_service_account-log_writer",
            "module.client-clusters.google_project_iam_member.cluster_service_account-metric_writer",
            "module.client-clusters.google_project_iam_member.cluster_service_account-monitoring_viewer",
            "module.client-clusters.google_project_iam_member.cluster_service_account-resourceMetadata-writer",
            "module.client-clusters.google_service_account.cluster_service_account",
            "module.client-clusters.kubernetes_config_map.ip-masq-agent",
            "module.client-clusters.kubernetes_config_map.kube-dns",
            "module.client-clusters.kubernetes_config_map.kube-dns-upstream-nameservers-and-stub-domains",
            "module.client-clusters.kubernetes_config_map.kube-dns-upstream-namservers",
            "module.client-clusters.module.gcloud_delete_default_kube_dns_configmap.module.gcloud_kubectl.data.external.env_override",
            "module.client-clusters.module.gcloud_delete_default_kube_dns_configmap.module.gcloud_kubectl.null_resource.additional_components",
            "module.client-clusters.module.gcloud_delete_default_kube_dns_configmap.module.gcloud_kubectl.null_resource.additional_components_destroy",
            "module.client-clusters.module.gcloud_delete_default_kube_dns_configmap.module.gcloud_kubectl.null_resource.decompress",
            "module.client-clusters.module.gcloud_delete_default_kube_dns_configmap.module.gcloud_kubectl.null_resource.decompress_destroy",
            "module.client-clusters.module.gcloud_delete_default_kube_dns_configmap.module.gcloud_kubectl.null_resource.download_gcloud",
            "module.client-clusters.module.gcloud_delete_default_kube_dns_configmap.module.gcloud_kubectl.null_resource.download_jq",
            "module.client-clusters.module.gcloud_delete_default_kube_dns_configmap.module.gcloud_kubectl.null_resource.gcloud_auth_google_credentials",
            "module.client-clusters.module.gcloud_delete_default_kube_dns_configmap.module.gcloud_kubectl.null_resource.gcloud_auth_google_credentials_destroy",
            "module.client-clusters.module.gcloud_delete_default_kube_dns_configmap.module.gcloud_kubectl.null_resource.gcloud_auth_service_account_key_file",
            "module.client-clusters.module.gcloud_delete_default_kube_dns_configmap.module.gcloud_kubectl.null_resource.gcloud_auth_service_account_key_file_destroy",
            "module.client-clusters.module.gcloud_delete_default_kube_dns_configmap.module.gcloud_kubectl.null_resource.module_depends_on",
            "module.client-clusters.module.gcloud_delete_default_kube_dns_configmap.module.gcloud_kubectl.null_resource.prepare_cache",
            "module.client-clusters.module.gcloud_delete_default_kube_dns_configmap.module.gcloud_kubectl.null_resource.run_command",
            "module.client-clusters.module.gcloud_delete_default_kube_dns_configmap.module.gcloud_kubectl.null_resource.run_destroy_command",
            "module.client-clusters.module.gcloud_delete_default_kube_dns_configmap.module.gcloud_kubectl.null_resource.upgrade",
            "module.client-clusters.module.gcloud_delete_default_kube_dns_configmap.module.gcloud_kubectl.null_resource.upgrade_destroy",
            "module.client-clusters.module.gcloud_delete_default_kube_dns_configmap.module.gcloud_kubectl.random_id.cache",
            "module.client-clusters.random_shuffle.available_zones",
            "module.client-clusters.random_string.cluster_service_account_suffix",
            "module.hub-clients.module.gke_hub_registration.data.external.env_override",
            "module.hub-clients.module.gke_hub_registration.null_resource.additional_components",
            "module.hub-clients.module.gke_hub_registration.null_resource.decompress",
            "module.hub-clients.module.gke_hub_registration.null_resource.gcloud_auth_google_credentials",
            "module.hub-clients.module.gke_hub_registration.null_resource.gcloud_auth_service_account_key_file",
            "module.hub-clients.module.gke_hub_registration.null_resource.module_depends_on",
            "module.hub-clients.module.gke_hub_registration.random_id.cache",
            "module.project-services.google_project_service.project_services"
          ]
        }
      ]
    },
    {
      "module": "module.hub-clients[1]",
      "mode": "data",
      "type": "google_client_config",
      "name": "default",
      "provider": "provider[\"registry.terraform.io/hashicorp/google\"]",
      "instances": [
        {
          "schema_version": 0,
          "attributes": {
            "access_token": "ya29.A0AfH6SMAL6JgD3xxJqlbICNSVI_DH3Xas_rMGQE03tnhucU4bVJcjvW3MSGRFXPuB3m-6LpOYm6TFS40tjwUN9RT7zlHZi5delk2JioySg9xiSUdv-rIevYTbV8AJwhql3GbHkaZW9khSSHHShqeWNSKu1A0u62G0H8er38My5ymwACvdDkiA-IUwFPvP7skn110EI6Cnt03e65MMF5b56aYvnOHkJP4MwzCryVnt00l4s3Zo5VlzL9qABP41Lpr421K4TeEdYw",
            "id": "projects/jk-mlops-dev/regions/us-west1/zones/",
            "project": "jk-mlops-dev",
            "region": "us-west1",
            "zone": ""
          },
          "sensitive_attributes": []
        }
      ]
    },
    {
      "module": "module.hub-clients[1]",
      "mode": "managed",
      "type": "google_project_iam_member",
      "name": "gke_hub_member",
      "provider": "provider[\"registry.terraform.io/hashicorp/google\"]",
      "instances": [
        {
          "index_key": 0,
          "schema_version": 0,
          "attributes": {
            "condition": [],
            "etag": "BwW77vUTIBY=",
            "id": "jk-mlops-dev/roles/gkehub.connect/serviceaccount:client-1@jk-mlops-dev.iam.gserviceaccount.com",
            "member": "serviceAccount:client-1@jk-mlops-dev.iam.gserviceaccount.com",
            "project": "jk-mlops-dev",
            "role": "roles/gkehub.connect"
          },
          "sensitive_attributes": [],
          "private": "bnVsbA==",
          "dependencies": [
            "data.google_client_config.current",
            "module.hub-clients.google_service_account.gke_hub_sa"
          ]
        }
      ]
    },
    {
      "module": "module.hub-clients[1]",
      "mode": "managed",
      "type": "google_service_account",
      "name": "gke_hub_sa",
      "provider": "provider[\"registry.terraform.io/hashicorp/google\"]",
      "instances": [
        {
          "index_key": 0,
          "schema_version": 0,
          "attributes": {
            "account_id": "client-1",
            "description": "",
            "display_name": "Service Account for GKE Hub Registration",
            "email": "client-1@jk-mlops-dev.iam.gserviceaccount.com",
            "id": "projects/jk-mlops-dev/serviceAccounts/client-1@jk-mlops-dev.iam.gserviceaccount.com",
            "name": "projects/jk-mlops-dev/serviceAccounts/client-1@jk-mlops-dev.iam.gserviceaccount.com",
            "project": "jk-mlops-dev",
            "timeouts": null,
            "unique_id": "116728041698302135508"
          },
          "sensitive_attributes": [],
          "private": "eyJlMmJmYjczMC1lY2FhLTExZTYtOGY4OC0zNDM2M2JjN2M0YzAiOnsiY3JlYXRlIjozMDAwMDAwMDAwMDB9fQ==",
          "dependencies": [
            "data.google_client_config.current"
          ]
        }
      ]
    },
    {
      "module": "module.hub-clients[1]",
      "mode": "managed",
      "type": "google_service_account_key",
      "name": "gke_hub_key",
      "provider": "provider[\"registry.terraform.io/hashicorp/google\"]",
      "instances": [
        {
          "index_key": 0,
          "schema_version": 0,
          "attributes": {
            "id": "projects/jk-mlops-dev/serviceAccounts/client-1@jk-mlops-dev.iam.gserviceaccount.com/keys/81dac3b3b6bdf05fafd0757a1aad5af664436729",
            "keepers": null,
            "key_algorithm": "KEY_ALG_RSA_2048",
            "name": "projects/jk-mlops-dev/serviceAccounts/client-1@jk-mlops-dev.iam.gserviceaccount.com/keys/81dac3b3b6bdf05fafd0757a1aad5af664436729",
            "private_key": "ewogICJ0eXBlIjogInNlcnZpY2VfYWNjb3VudCIsCiAgInByb2plY3RfaWQiOiAiamstbWxvcHMtZGV2IiwKICAicHJpdmF0ZV9rZXlfaWQiOiAiODFkYWMzYjNiNmJkZjA1ZmFmZDA3NTdhMWFhZDVhZjY2NDQzNjcyOSIsCiAgInByaXZhdGVfa2V5IjogIi0tLS0tQkVHSU4gUFJJVkFURSBLRVktLS0tLVxuTUlJRXZnSUJBREFOQmdrcWhraUc5dzBCQVFFRkFBU0NCS2d3Z2dTa0FnRUFBb0lCQVFEaVc3czAwRkFVNG9EdFxuTUhkdno2VitVc0syNDU4ZzdYU1hSLzZ3Q1ZQY1pLY01tNlV4d2xCYlhVSWZ6T2hmb0g3UFVuMzFxbGNISmNYaVxuUEJSWkJvcHBDU0Y2MDVEcmtZVEEyeVBoWkliVVdBRjcwdnc3UWJEbE1aeE5yV0dYck1zN29nMUJSVmI5VVQ2L1xuSUpndlBQbGovQ3FRU3FwMVNBazFoT0V5VzQySi9TMU9hQS84VjlsN3hPOXA0d0liek9XYi9ZQ0hvbXRlaHRJN1xuSWk2ek9mcGdNMnBwY3ZGV2xTWGI3ZmlJOWR6RGRTWnY3ekt6Sm56eGVwb0xXTDZpQlRkOFN4OVNhSDdJT3ZWalxuQWt6Q3lzaEpaT1dzVmRLd0hOT1ZKcU5XOXBTVnRvQ3h1aEdsZFVBa0swdU0zUHh1WFJ6MUN2dmlVNkFoRTVYUlxuMEVPdGNSazFBZ01CQUFFQ2dnRUFDWEE0YVhGWTJ0QysvaVRoTmd1bHpqMzJoSU1QNVkyV2Zrc0ZqRTJNbVBTbVxueW9NZ1FPZVFvTjZqUjk3V3Z2WUZrNXQ2ODcxbDRqOFVTem42RnptTFFwU2JqWEE0NjJSUlJzRmNjNlRVd21jN1xucmZBVU9GeFFNSjVWblhUaDl0M0E4NmJ1MVRrN25BQnI2Z2hGT3VNRFVHOU9wRjd0KzBudnFGMmhZNDk4WXJQVVxuYVhwZFdnQjUyUmtUSVFaVWV3SndRWU9ra2FyVWNNVm1jSWVtSmhac3Y2bWlGdlU5NE5ObFk0azNWakVmaXhNU1xuVERkNWVzbFhDUTlUdjFwZi9Ga01vN2FHTFVOV3VES1ZCUUxMb0RTS0hETUVtQTRpQXdPaGxNMjhjRFpHNGdjd1xuM2pNUzRjTFNOQWc5NU9GamNhd3RqK01tSmp0dHZtVk1sY0lzc3dwVGdRS0JnUUQ0UnlWaVpMcjJqMXg2NFdValxuTE56OHh2VVZ0bE54ZHZnc3J4UmN3cTFiSldYS0lURlcvOU52T0IwYXRNQWJ0RkVMa0haZ0FyY1UyQVNjWFFzNlxuYlNKV3lNeUhmZHRLUE9ZQ3AwUysyNmxNS0orNzBwc0Q4ZDMwRHV4aDR2Z0VEc2RkRUNkZUE4My9jY0hCL2s0UlxuYUR0ZE9tWkYzcnJ0UHc3TUtKbjdkQ1ZPY1FLQmdRRHBaZzVEZ3JUeUE4M3NEN0dCSUdDVlZkS3k1Rm5WU0FCalxuS2k0TG5BNnl4UXFLemhpTjkzVC8zN2NkdG5CTWNFTWtIdEpwTGZRemViczlVZ3ZnWWtHSFFmZnp1RzRheTBtM1xub0pjVjFhRE1yKzgrN0FYdkRLaTlZakZsVG9SdEpqOS9EdytTUTkvMjY4UWFXSHBIRzJiVkpRK3hFMS9lSGlCOFxuN2pjZEZEb2hCUUtCZ0dxZHFya2hCb1NBdGJieStZcHNabzJLSm83blY5ZmV2ZDM2WlNVY1dITk9rUEtHNUhnMlxucmFZU0U3VjNMeFAyaitNR2F6NzVpNE5BN0dIMU5yQWxVMXl2SjkxN04yTWUyYXNFQjJwcVM3NHZwOEJ4UlM0aFxuZkMybEJ1OVdGeWt1NjMvVVF3T0ZZTDIwTFA5UVpGZm5TYTdVT0QwQzA0U3owbmZyYTR4bXFPcVJBb0dCQUxMMlxudWtFeDNDVW1uYU5BZFU4WjBIVXhsWm51VnFPZnpndzdyNHJmWXJYWk9MZ3VSODJ6elZiVjU4YzB1TzhqdFpmZ1xudWw1RUNsZmVJNkJsWlEzc3lXbzVQekwyWEJiWGdmTDNoR0lOcUhySy9KdzJ4bVlDUXZEVWRpUEVETzdVd1NOZ1xuSFFSK1h5RXFydmUwbUM0bDZMZk83elZNTWRwVEozNGorc2FsVjkweEFvR0JBT2tYTUpFTlRNRjlMZ3NwNWxkUVxucDI2dXAwMDdkOFE1b3RLYTZSY2RuMmpsSlFtNUtzSjd3Z25yRjZuTEZ4L1FjakV4MHpKTTA4MlIrZ1VZckdCQVxuU2NmQzdGR3hPdzh1SURCay9yQkZlQXIvODNMMll1cCtvaVFrSk9RaEtzQml5cDBSdDFYcDF6QkhoMlF4Vm01M1xueEE4azdheUJLS01JejJhMFBwbFBCdnZ1XG4tLS0tLUVORCBQUklWQVRFIEtFWS0tLS0tXG4iLAogICJjbGllbnRfZW1haWwiOiAiY2xpZW50LTFAamstbWxvcHMtZGV2LmlhbS5nc2VydmljZWFjY291bnQuY29tIiwKICAiY2xpZW50X2lkIjogIjExNjcyODA0MTY5ODMwMjEzNTUwOCIsCiAgImF1dGhfdXJpIjogImh0dHBzOi8vYWNjb3VudHMuZ29vZ2xlLmNvbS9vL29hdXRoMi9hdXRoIiwKICAidG9rZW5fdXJpIjogImh0dHBzOi8vb2F1dGgyLmdvb2dsZWFwaXMuY29tL3Rva2VuIiwKICAiYXV0aF9wcm92aWRlcl94NTA5X2NlcnRfdXJsIjogImh0dHBzOi8vd3d3Lmdvb2dsZWFwaXMuY29tL29hdXRoMi92MS9jZXJ0cyIsCiAgImNsaWVudF94NTA5X2NlcnRfdXJsIjogImh0dHBzOi8vd3d3Lmdvb2dsZWFwaXMuY29tL3JvYm90L3YxL21ldGFkYXRhL3g1MDkvY2xpZW50LTElNDBqay1tbG9wcy1kZXYuaWFtLmdzZXJ2aWNlYWNjb3VudC5jb20iCn0K",
            "private_key_type": "TYPE_GOOGLE_CREDENTIALS_FILE",
            "public_key": "LS0tLS1CRUdJTiBDRVJUSUZJQ0FURS0tLS0tCk1JSUMvRENDQWVTZ0F3SUJBZ0lJWU4rRURkdXp0YVl3RFFZSktvWklodmNOQVFFRkJRQXdJREVlTUJ3R0ExVUUKQXhNVk1URTJOekk0TURReE5qazRNekF5TVRNMU5UQTRNQ0FYRFRJeE1ESXlNakUyTURReU5Gb1lEems1T1RreApNak14TWpNMU9UVTVXakFnTVI0d0hBWURWUVFERXhVeE1UWTNNamd3TkRFMk9UZ3pNREl4TXpVMU1EZ3dnZ0VpCk1BMEdDU3FHU0liM0RRRUJBUVVBQTRJQkR3QXdnZ0VLQW9JQkFRRGlXN3MwMEZBVTRvRHRNSGR2ejZWK1VzSzIKNDU4ZzdYU1hSLzZ3Q1ZQY1pLY01tNlV4d2xCYlhVSWZ6T2hmb0g3UFVuMzFxbGNISmNYaVBCUlpCb3BwQ1NGNgowNURya1lUQTJ5UGhaSWJVV0FGNzB2dzdRYkRsTVp4TnJXR1hyTXM3b2cxQlJWYjlVVDYvSUpndlBQbGovQ3FRClNxcDFTQWsxaE9FeVc0MkovUzFPYUEvOFY5bDd4TzlwNHdJYnpPV2IvWUNIb210ZWh0STdJaTZ6T2ZwZ00ycHAKY3ZGV2xTWGI3ZmlJOWR6RGRTWnY3ekt6Sm56eGVwb0xXTDZpQlRkOFN4OVNhSDdJT3ZWakFrekN5c2hKWk9XcwpWZEt3SE5PVkpxTlc5cFNWdG9DeHVoR2xkVUFrSzB1TTNQeHVYUnoxQ3Z2aVU2QWhFNVhSMEVPdGNSazFBZ01CCkFBR2pPREEyTUF3R0ExVWRFd0VCL3dRQ01BQXdEZ1lEVlIwUEFRSC9CQVFEQWdlQU1CWUdBMVVkSlFFQi93UU0KTUFvR0NDc0dBUVVGQndNQ01BMEdDU3FHU0liM0RRRUJCUVVBQTRJQkFRRGQra1AzZk0vRy9NamVjNlRCYnN2SgpCQUxjUHRnREpHS09JL21VMFhrMGNMT0xEWlc3cXd5L1RaRWNtcWtvV2thQjNkc3MzYWdsa0E1aGJsZlV2WXFHCm9FdVlkUVJEMkkzakkvaFgxUWt0bFplTFNqdVFpZmNvcDlGek5SUkJIL2svc1cyVmxGRXM5WEQrMVBBeWh4YXIKTFp5QjExZHJSM01nYTNEWXp0ZGlEQy93SUIxdEFzMGFka1VuNTRxOEpwYVh1TFlUakNpQlJ4YkJSUG9Za2paNwpLV29xbTJ3Q1RtcTdwSGFwUytjcEFpaFZsNGlyUldNZWd0ZlBkN3pnMU1keG5ZV3dvVW9GR2pZcllkZ1Q1d3VJCmJKbXY5VTVnTExTSW1Tbzc5bFB1TDlQM0JOU0lncTIvSlFhRmtIR0gyczhtTWxLTFJ1NHRRWm5OSFBBZDZvRHMKLS0tLS1FTkQgQ0VSVElGSUNBVEUtLS0tLQo=",
            "public_key_data": null,
            "public_key_type": "TYPE_X509_PEM_FILE",
            "service_account_id": "projects/jk-mlops-dev/serviceAccounts/client-1@jk-mlops-dev.iam.gserviceaccount.com",
            "valid_after": "2021-02-22T16:04:24Z",
            "valid_before": "9999-12-31T23:59:59Z"
          },
          "sensitive_attributes": [],
          "private": "bnVsbA==",
          "dependencies": [
            "data.google_client_config.current",
            "module.hub-clients.google_service_account.gke_hub_sa"
          ]
        }
      ]
    },
    {
      "module": "module.hub-clients[1].module.gke_hub_registration",
      "mode": "data",
      "type": "external",
      "name": "env_override",
      "provider": "provider[\"registry.terraform.io/hashicorp/external\"]",
      "instances": [
        {
          "index_key": 0,
          "schema_version": 0,
          "attributes": {
            "id": "-",
            "program": [
              ".terraform/modules/hub-clients.gke_hub_registration/terraform-google-gcloud-2.0.3/scripts/check_env.sh"
            ],
            "query": null,
            "result": {
              "download": ""
            },
            "working_dir": null
          },
          "sensitive_attributes": []
        }
      ]
    },
    {
      "module": "module.hub-clients[1].module.gke_hub_registration",
      "mode": "managed",
      "type": "null_resource",
      "name": "module_depends_on",
      "provider": "provider[\"registry.terraform.io/hashicorp/null\"]",
      "instances": [
        {
          "index_key": 0,
          "schema_version": 0,
          "attributes": {
            "id": "5337662895299491936",
            "triggers": {
              "value": "1"
            }
          },
          "sensitive_attributes": [
            [
              {
                "type": "get_attr",
                "value": "triggers"
              },
              {
                "type": "index",
                "value": {
                  "value": "value",
                  "type": "string"
                }
              }
            ]
          ],
          "private": "bnVsbA==",
          "dependencies": [
            "data.google_client_config.current",
            "data.google_project.project",
            "module.client-clusters.data.google_client_config.default",
            "module.client-clusters.data.google_compute_subnetwork.gke_subnetwork",
            "module.client-clusters.data.google_compute_zones.available",
            "module.client-clusters.data.google_container_engine_versions.region",
            "module.client-clusters.data.google_container_engine_versions.zone",
            "module.client-clusters.google_compute_firewall.intra_egress",
            "module.client-clusters.google_compute_firewall.master_webhooks",
            "module.client-clusters.google_compute_firewall.shadow_allow_master",
            "module.client-clusters.google_compute_firewall.shadow_allow_nodes",
            "module.client-clusters.google_compute_firewall.shadow_allow_pods",
            "module.client-clusters.google_container_cluster.primary",
            "module.client-clusters.google_container_node_pool.pools",
            "module.client-clusters.google_project_iam_member.cluster_service_account-artifact-registry",
            "module.client-clusters.google_project_iam_member.cluster_service_account-gcr",
            "module.client-clusters.google_project_iam_member.cluster_service_account-log_writer",
            "module.client-clusters.google_project_iam_member.cluster_service_account-metric_writer",
            "module.client-clusters.google_project_iam_member.cluster_service_account-monitoring_viewer",
            "module.client-clusters.google_project_iam_member.cluster_service_account-resourceMetadata-writer",
            "module.client-clusters.google_service_account.cluster_service_account",
            "module.client-clusters.kubernetes_config_map.ip-masq-agent",
            "module.client-clusters.kubernetes_config_map.kube-dns",
            "module.client-clusters.kubernetes_config_map.kube-dns-upstream-nameservers-and-stub-domains",
            "module.client-clusters.kubernetes_config_map.kube-dns-upstream-namservers",
            "module.client-clusters.module.gcloud_delete_default_kube_dns_configmap.module.gcloud_kubectl.data.external.env_override",
            "module.client-clusters.module.gcloud_delete_default_kube_dns_configmap.module.gcloud_kubectl.null_resource.additional_components",
            "module.client-clusters.module.gcloud_delete_default_kube_dns_configmap.module.gcloud_kubectl.null_resource.additional_components_destroy",
            "module.client-clusters.module.gcloud_delete_default_kube_dns_configmap.module.gcloud_kubectl.null_resource.decompress",
            "module.client-clusters.module.gcloud_delete_default_kube_dns_configmap.module.gcloud_kubectl.null_resource.decompress_destroy",
            "module.client-clusters.module.gcloud_delete_default_kube_dns_configmap.module.gcloud_kubectl.null_resource.download_gcloud",
            "module.client-clusters.module.gcloud_delete_default_kube_dns_configmap.module.gcloud_kubectl.null_resource.download_jq",
            "module.client-clusters.module.gcloud_delete_default_kube_dns_configmap.module.gcloud_kubectl.null_resource.gcloud_auth_google_credentials",
            "module.client-clusters.module.gcloud_delete_default_kube_dns_configmap.module.gcloud_kubectl.null_resource.gcloud_auth_google_credentials_destroy",
            "module.client-clusters.module.gcloud_delete_default_kube_dns_configmap.module.gcloud_kubectl.null_resource.gcloud_auth_service_account_key_file",
            "module.client-clusters.module.gcloud_delete_default_kube_dns_configmap.module.gcloud_kubectl.null_resource.gcloud_auth_service_account_key_file_destroy",
            "module.client-clusters.module.gcloud_delete_default_kube_dns_configmap.module.gcloud_kubectl.null_resource.module_depends_on",
            "module.client-clusters.module.gcloud_delete_default_kube_dns_configmap.module.gcloud_kubectl.null_resource.prepare_cache",
            "module.client-clusters.module.gcloud_delete_default_kube_dns_configmap.module.gcloud_kubectl.null_resource.run_command",
            "module.client-clusters.module.gcloud_delete_default_kube_dns_configmap.module.gcloud_kubectl.null_resource.run_destroy_command",
            "module.client-clusters.module.gcloud_delete_default_kube_dns_configmap.module.gcloud_kubectl.null_resource.upgrade",
            "module.client-clusters.module.gcloud_delete_default_kube_dns_configmap.module.gcloud_kubectl.null_resource.upgrade_destroy",
            "module.client-clusters.module.gcloud_delete_default_kube_dns_configmap.module.gcloud_kubectl.random_id.cache",
            "module.client-clusters.random_shuffle.available_zones",
            "module.client-clusters.random_string.cluster_service_account_suffix",
            "module.project-services.google_project_service.project_services"
          ]
        }
      ]
    },
    {
      "module": "module.hub-clients[1].module.gke_hub_registration",
      "mode": "managed",
      "type": "null_resource",
      "name": "run_command",
      "provider": "provider[\"registry.terraform.io/hashicorp/null\"]",
      "instances": [
        {
          "index_key": 0,
          "schema_version": 0,
          "attributes": {
            "id": "5624729008840517114",
            "triggers": {
              "arguments": "c52edc5b1941f5324c67635ae1d659c3",
              "create_cmd_body": "1 client-1 us-west1-a gke-cluster-client-1 ewogICJ0eXBlIjogInNlcnZpY2VfYWNjb3VudCIsCiAgInByb2plY3RfaWQiOiAiamstbWxvcHMtZGV2IiwKICAicHJpdmF0ZV9rZXlfaWQiOiAiODFkYWMzYjNiNmJkZjA1ZmFmZDA3NTdhMWFhZDVhZjY2NDQzNjcyOSIsCiAgInByaXZhdGVfa2V5IjogIi0tLS0tQkVHSU4gUFJJVkFURSBLRVktLS0tLVxuTUlJRXZnSUJBREFOQmdrcWhraUc5dzBCQVFFRkFBU0NCS2d3Z2dTa0FnRUFBb0lCQVFEaVc3czAwRkFVNG9EdFxuTUhkdno2VitVc0syNDU4ZzdYU1hSLzZ3Q1ZQY1pLY01tNlV4d2xCYlhVSWZ6T2hmb0g3UFVuMzFxbGNISmNYaVxuUEJSWkJvcHBDU0Y2MDVEcmtZVEEyeVBoWkliVVdBRjcwdnc3UWJEbE1aeE5yV0dYck1zN29nMUJSVmI5VVQ2L1xuSUpndlBQbGovQ3FRU3FwMVNBazFoT0V5VzQySi9TMU9hQS84VjlsN3hPOXA0d0liek9XYi9ZQ0hvbXRlaHRJN1xuSWk2ek9mcGdNMnBwY3ZGV2xTWGI3ZmlJOWR6RGRTWnY3ekt6Sm56eGVwb0xXTDZpQlRkOFN4OVNhSDdJT3ZWalxuQWt6Q3lzaEpaT1dzVmRLd0hOT1ZKcU5XOXBTVnRvQ3h1aEdsZFVBa0swdU0zUHh1WFJ6MUN2dmlVNkFoRTVYUlxuMEVPdGNSazFBZ01CQUFFQ2dnRUFDWEE0YVhGWTJ0QysvaVRoTmd1bHpqMzJoSU1QNVkyV2Zrc0ZqRTJNbVBTbVxueW9NZ1FPZVFvTjZqUjk3V3Z2WUZrNXQ2ODcxbDRqOFVTem42RnptTFFwU2JqWEE0NjJSUlJzRmNjNlRVd21jN1xucmZBVU9GeFFNSjVWblhUaDl0M0E4NmJ1MVRrN25BQnI2Z2hGT3VNRFVHOU9wRjd0KzBudnFGMmhZNDk4WXJQVVxuYVhwZFdnQjUyUmtUSVFaVWV3SndRWU9ra2FyVWNNVm1jSWVtSmhac3Y2bWlGdlU5NE5ObFk0azNWakVmaXhNU1xuVERkNWVzbFhDUTlUdjFwZi9Ga01vN2FHTFVOV3VES1ZCUUxMb0RTS0hETUVtQTRpQXdPaGxNMjhjRFpHNGdjd1xuM2pNUzRjTFNOQWc5NU9GamNhd3RqK01tSmp0dHZtVk1sY0lzc3dwVGdRS0JnUUQ0UnlWaVpMcjJqMXg2NFdValxuTE56OHh2VVZ0bE54ZHZnc3J4UmN3cTFiSldYS0lURlcvOU52T0IwYXRNQWJ0RkVMa0haZ0FyY1UyQVNjWFFzNlxuYlNKV3lNeUhmZHRLUE9ZQ3AwUysyNmxNS0orNzBwc0Q4ZDMwRHV4aDR2Z0VEc2RkRUNkZUE4My9jY0hCL2s0UlxuYUR0ZE9tWkYzcnJ0UHc3TUtKbjdkQ1ZPY1FLQmdRRHBaZzVEZ3JUeUE4M3NEN0dCSUdDVlZkS3k1Rm5WU0FCalxuS2k0TG5BNnl4UXFLemhpTjkzVC8zN2NkdG5CTWNFTWtIdEpwTGZRemViczlVZ3ZnWWtHSFFmZnp1RzRheTBtM1xub0pjVjFhRE1yKzgrN0FYdkRLaTlZakZsVG9SdEpqOS9EdytTUTkvMjY4UWFXSHBIRzJiVkpRK3hFMS9lSGlCOFxuN2pjZEZEb2hCUUtCZ0dxZHFya2hCb1NBdGJieStZcHNabzJLSm83blY5ZmV2ZDM2WlNVY1dITk9rUEtHNUhnMlxucmFZU0U3VjNMeFAyaitNR2F6NzVpNE5BN0dIMU5yQWxVMXl2SjkxN04yTWUyYXNFQjJwcVM3NHZwOEJ4UlM0aFxuZkMybEJ1OVdGeWt1NjMvVVF3T0ZZTDIwTFA5UVpGZm5TYTdVT0QwQzA0U3owbmZyYTR4bXFPcVJBb0dCQUxMMlxudWtFeDNDVW1uYU5BZFU4WjBIVXhsWm51VnFPZnpndzdyNHJmWXJYWk9MZ3VSODJ6elZiVjU4YzB1TzhqdFpmZ1xudWw1RUNsZmVJNkJsWlEzc3lXbzVQekwyWEJiWGdmTDNoR0lOcUhySy9KdzJ4bVlDUXZEVWRpUEVETzdVd1NOZ1xuSFFSK1h5RXFydmUwbUM0bDZMZk83elZNTWRwVEozNGorc2FsVjkweEFvR0JBT2tYTUpFTlRNRjlMZ3NwNWxkUVxucDI2dXAwMDdkOFE1b3RLYTZSY2RuMmpsSlFtNUtzSjd3Z25yRjZuTEZ4L1FjakV4MHpKTTA4MlIrZ1VZckdCQVxuU2NmQzdGR3hPdzh1SURCay9yQkZlQXIvODNMMll1cCtvaVFrSk9RaEtzQml5cDBSdDFYcDF6QkhoMlF4Vm01M1xueEE4azdheUJLS01JejJhMFBwbFBCdnZ1XG4tLS0tLUVORCBQUklWQVRFIEtFWS0tLS0tXG4iLAogICJjbGllbnRfZW1haWwiOiAiY2xpZW50LTFAamstbWxvcHMtZGV2LmlhbS5nc2VydmljZWFjY291bnQuY29tIiwKICAiY2xpZW50X2lkIjogIjExNjcyODA0MTY5ODMwMjEzNTUwOCIsCiAgImF1dGhfdXJpIjogImh0dHBzOi8vYWNjb3VudHMuZ29vZ2xlLmNvbS9vL29hdXRoMi9hdXRoIiwKICAidG9rZW5fdXJpIjogImh0dHBzOi8vb2F1dGgyLmdvb2dsZWFwaXMuY29tL3Rva2VuIiwKICAiYXV0aF9wcm92aWRlcl94NTA5X2NlcnRfdXJsIjogImh0dHBzOi8vd3d3Lmdvb2dsZWFwaXMuY29tL29hdXRoMi92MS9jZXJ0cyIsCiAgImNsaWVudF94NTA5X2NlcnRfdXJsIjogImh0dHBzOi8vd3d3Lmdvb2dsZWFwaXMuY29tL3JvYm90L3YxL21ldGFkYXRhL3g1MDkvY2xpZW50LTElNDBqay1tbG9wcy1kZXYuaWFtLmdzZXJ2aWNlYWNjb3VudC5jb20iCn0K jk-mlops-dev ",
              "create_cmd_entrypoint": ".terraform/modules/hub-clients/modules/hub/scripts/gke_hub_registration.sh",
              "gcloud_bin_abs_path": "/google-cloud-sdk/bin",
              "md5": "c7f8d676e78d2980d877f39f691b8824"
            }
          },
          "sensitive_attributes": [],
          "private": "bnVsbA==",
          "dependencies": [
            "data.google_client_config.current",
            "data.google_project.project",
            "module.client-clusters.data.google_client_config.default",
            "module.client-clusters.data.google_compute_subnetwork.gke_subnetwork",
            "module.client-clusters.data.google_compute_zones.available",
            "module.client-clusters.data.google_container_engine_versions.region",
            "module.client-clusters.data.google_container_engine_versions.zone",
            "module.client-clusters.google_compute_firewall.intra_egress",
            "module.client-clusters.google_compute_firewall.master_webhooks",
            "module.client-clusters.google_compute_firewall.shadow_allow_master",
            "module.client-clusters.google_compute_firewall.shadow_allow_nodes",
            "module.client-clusters.google_compute_firewall.shadow_allow_pods",
            "module.client-clusters.google_container_cluster.primary",
            "module.client-clusters.google_container_node_pool.pools",
            "module.client-clusters.google_project_iam_member.cluster_service_account-artifact-registry",
            "module.client-clusters.google_project_iam_member.cluster_service_account-gcr",
            "module.client-clusters.google_project_iam_member.cluster_service_account-log_writer",
            "module.client-clusters.google_project_iam_member.cluster_service_account-metric_writer",
            "module.client-clusters.google_project_iam_member.cluster_service_account-monitoring_viewer",
            "module.client-clusters.google_project_iam_member.cluster_service_account-resourceMetadata-writer",
            "module.client-clusters.google_service_account.cluster_service_account",
            "module.client-clusters.kubernetes_config_map.ip-masq-agent",
            "module.client-clusters.kubernetes_config_map.kube-dns",
            "module.client-clusters.kubernetes_config_map.kube-dns-upstream-nameservers-and-stub-domains",
            "module.client-clusters.kubernetes_config_map.kube-dns-upstream-namservers",
            "module.client-clusters.module.gcloud_delete_default_kube_dns_configmap.module.gcloud_kubectl.data.external.env_override",
            "module.client-clusters.module.gcloud_delete_default_kube_dns_configmap.module.gcloud_kubectl.null_resource.additional_components",
            "module.client-clusters.module.gcloud_delete_default_kube_dns_configmap.module.gcloud_kubectl.null_resource.additional_components_destroy",
            "module.client-clusters.module.gcloud_delete_default_kube_dns_configmap.module.gcloud_kubectl.null_resource.decompress",
            "module.client-clusters.module.gcloud_delete_default_kube_dns_configmap.module.gcloud_kubectl.null_resource.decompress_destroy",
            "module.client-clusters.module.gcloud_delete_default_kube_dns_configmap.module.gcloud_kubectl.null_resource.download_gcloud",
            "module.client-clusters.module.gcloud_delete_default_kube_dns_configmap.module.gcloud_kubectl.null_resource.download_jq",
            "module.client-clusters.module.gcloud_delete_default_kube_dns_configmap.module.gcloud_kubectl.null_resource.gcloud_auth_google_credentials",
            "module.client-clusters.module.gcloud_delete_default_kube_dns_configmap.module.gcloud_kubectl.null_resource.gcloud_auth_google_credentials_destroy",
            "module.client-clusters.module.gcloud_delete_default_kube_dns_configmap.module.gcloud_kubectl.null_resource.gcloud_auth_service_account_key_file",
            "module.client-clusters.module.gcloud_delete_default_kube_dns_configmap.module.gcloud_kubectl.null_resource.gcloud_auth_service_account_key_file_destroy",
            "module.client-clusters.module.gcloud_delete_default_kube_dns_configmap.module.gcloud_kubectl.null_resource.module_depends_on",
            "module.client-clusters.module.gcloud_delete_default_kube_dns_configmap.module.gcloud_kubectl.null_resource.prepare_cache",
            "module.client-clusters.module.gcloud_delete_default_kube_dns_configmap.module.gcloud_kubectl.null_resource.run_command",
            "module.client-clusters.module.gcloud_delete_default_kube_dns_configmap.module.gcloud_kubectl.null_resource.run_destroy_command",
            "module.client-clusters.module.gcloud_delete_default_kube_dns_configmap.module.gcloud_kubectl.null_resource.upgrade",
            "module.client-clusters.module.gcloud_delete_default_kube_dns_configmap.module.gcloud_kubectl.null_resource.upgrade_destroy",
            "module.client-clusters.module.gcloud_delete_default_kube_dns_configmap.module.gcloud_kubectl.random_id.cache",
            "module.client-clusters.random_shuffle.available_zones",
            "module.client-clusters.random_string.cluster_service_account_suffix",
            "module.hub-clients.google_service_account.gke_hub_sa",
            "module.hub-clients.google_service_account_key.gke_hub_key",
            "module.hub-clients.module.gke_hub_registration.data.external.env_override",
            "module.hub-clients.module.gke_hub_registration.null_resource.additional_components",
            "module.hub-clients.module.gke_hub_registration.null_resource.decompress",
            "module.hub-clients.module.gke_hub_registration.null_resource.gcloud_auth_google_credentials",
            "module.hub-clients.module.gke_hub_registration.null_resource.gcloud_auth_service_account_key_file",
            "module.hub-clients.module.gke_hub_registration.null_resource.module_depends_on",
            "module.hub-clients.module.gke_hub_registration.random_id.cache",
            "module.project-services.google_project_service.project_services"
          ]
        }
      ]
    },
    {
      "module": "module.hub-clients[1].module.gke_hub_registration",
      "mode": "managed",
      "type": "null_resource",
      "name": "run_destroy_command",
      "provider": "provider[\"registry.terraform.io/hashicorp/null\"]",
      "instances": [
        {
          "index_key": 0,
          "schema_version": 0,
          "attributes": {
            "id": "7711512240910105180",
            "triggers": {
              "destroy_cmd_body": "1 client-1 us-west1-a gke-cluster-client-1 jk-mlops-dev",
              "destroy_cmd_entrypoint": ".terraform/modules/hub-clients/modules/hub/scripts/gke_hub_unregister.sh",
              "gcloud_bin_abs_path": "/google-cloud-sdk/bin"
            }
          },
          "sensitive_attributes": [],
          "private": "bnVsbA==",
          "dependencies": [
            "data.google_client_config.current",
            "data.google_project.project",
            "module.client-clusters.data.google_client_config.default",
            "module.client-clusters.data.google_compute_subnetwork.gke_subnetwork",
            "module.client-clusters.data.google_compute_zones.available",
            "module.client-clusters.data.google_container_engine_versions.region",
            "module.client-clusters.data.google_container_engine_versions.zone",
            "module.client-clusters.google_compute_firewall.intra_egress",
            "module.client-clusters.google_compute_firewall.master_webhooks",
            "module.client-clusters.google_compute_firewall.shadow_allow_master",
            "module.client-clusters.google_compute_firewall.shadow_allow_nodes",
            "module.client-clusters.google_compute_firewall.shadow_allow_pods",
            "module.client-clusters.google_container_cluster.primary",
            "module.client-clusters.google_container_node_pool.pools",
            "module.client-clusters.google_project_iam_member.cluster_service_account-artifact-registry",
            "module.client-clusters.google_project_iam_member.cluster_service_account-gcr",
            "module.client-clusters.google_project_iam_member.cluster_service_account-log_writer",
            "module.client-clusters.google_project_iam_member.cluster_service_account-metric_writer",
            "module.client-clusters.google_project_iam_member.cluster_service_account-monitoring_viewer",
            "module.client-clusters.google_project_iam_member.cluster_service_account-resourceMetadata-writer",
            "module.client-clusters.google_service_account.cluster_service_account",
            "module.client-clusters.kubernetes_config_map.ip-masq-agent",
            "module.client-clusters.kubernetes_config_map.kube-dns",
            "module.client-clusters.kubernetes_config_map.kube-dns-upstream-nameservers-and-stub-domains",
            "module.client-clusters.kubernetes_config_map.kube-dns-upstream-namservers",
            "module.client-clusters.module.gcloud_delete_default_kube_dns_configmap.module.gcloud_kubectl.data.external.env_override",
            "module.client-clusters.module.gcloud_delete_default_kube_dns_configmap.module.gcloud_kubectl.null_resource.additional_components",
            "module.client-clusters.module.gcloud_delete_default_kube_dns_configmap.module.gcloud_kubectl.null_resource.additional_components_destroy",
            "module.client-clusters.module.gcloud_delete_default_kube_dns_configmap.module.gcloud_kubectl.null_resource.decompress",
            "module.client-clusters.module.gcloud_delete_default_kube_dns_configmap.module.gcloud_kubectl.null_resource.decompress_destroy",
            "module.client-clusters.module.gcloud_delete_default_kube_dns_configmap.module.gcloud_kubectl.null_resource.download_gcloud",
            "module.client-clusters.module.gcloud_delete_default_kube_dns_configmap.module.gcloud_kubectl.null_resource.download_jq",
            "module.client-clusters.module.gcloud_delete_default_kube_dns_configmap.module.gcloud_kubectl.null_resource.gcloud_auth_google_credentials",
            "module.client-clusters.module.gcloud_delete_default_kube_dns_configmap.module.gcloud_kubectl.null_resource.gcloud_auth_google_credentials_destroy",
            "module.client-clusters.module.gcloud_delete_default_kube_dns_configmap.module.gcloud_kubectl.null_resource.gcloud_auth_service_account_key_file",
            "module.client-clusters.module.gcloud_delete_default_kube_dns_configmap.module.gcloud_kubectl.null_resource.gcloud_auth_service_account_key_file_destroy",
            "module.client-clusters.module.gcloud_delete_default_kube_dns_configmap.module.gcloud_kubectl.null_resource.module_depends_on",
            "module.client-clusters.module.gcloud_delete_default_kube_dns_configmap.module.gcloud_kubectl.null_resource.prepare_cache",
            "module.client-clusters.module.gcloud_delete_default_kube_dns_configmap.module.gcloud_kubectl.null_resource.run_command",
            "module.client-clusters.module.gcloud_delete_default_kube_dns_configmap.module.gcloud_kubectl.null_resource.run_destroy_command",
            "module.client-clusters.module.gcloud_delete_default_kube_dns_configmap.module.gcloud_kubectl.null_resource.upgrade",
            "module.client-clusters.module.gcloud_delete_default_kube_dns_configmap.module.gcloud_kubectl.null_resource.upgrade_destroy",
            "module.client-clusters.module.gcloud_delete_default_kube_dns_configmap.module.gcloud_kubectl.random_id.cache",
            "module.client-clusters.random_shuffle.available_zones",
            "module.client-clusters.random_string.cluster_service_account_suffix",
            "module.hub-clients.module.gke_hub_registration.data.external.env_override",
            "module.hub-clients.module.gke_hub_registration.null_resource.additional_components",
            "module.hub-clients.module.gke_hub_registration.null_resource.decompress",
            "module.hub-clients.module.gke_hub_registration.null_resource.gcloud_auth_google_credentials",
            "module.hub-clients.module.gke_hub_registration.null_resource.gcloud_auth_service_account_key_file",
            "module.hub-clients.module.gke_hub_registration.null_resource.module_depends_on",
            "module.hub-clients.module.gke_hub_registration.random_id.cache",
            "module.project-services.google_project_service.project_services"
          ]
        }
      ]
    },
    {
      "module": "module.hub-server",
      "mode": "data",
      "type": "google_client_config",
      "name": "default",
      "provider": "provider[\"registry.terraform.io/hashicorp/google\"]",
      "instances": [
        {
          "schema_version": 0,
          "attributes": {
            "access_token": "ya29.A0AfH6SMAL6JgD3xxJqlbICNSVI_DH3Xas_rMGQE03tnhucU4bVJcjvW3MSGRFXPuB3m-6LpOYm6TFS40tjwUN9RT7zlHZi5delk2JioySg9xiSUdv-rIevYTbV8AJwhql3GbHkaZW9khSSHHShqeWNSKu1A0u62G0H8er38My5ymwACvdDkiA-IUwFPvP7skn110EI6Cnt03e65MMF5b56aYvnOHkJP4MwzCryVnt00l4s3Zo5VlzL9qABP41Lpr421K4TeEdYw",
            "id": "projects/jk-mlops-dev/regions/us-west1/zones/",
            "project": "jk-mlops-dev",
            "region": "us-west1",
            "zone": ""
          },
          "sensitive_attributes": []
        }
      ]
    },
    {
      "module": "module.hub-server",
      "mode": "managed",
      "type": "google_project_iam_member",
      "name": "gke_hub_member",
      "provider": "provider[\"registry.terraform.io/hashicorp/google\"]",
      "instances": [
        {
          "index_key": 0,
          "schema_version": 0,
          "attributes": {
            "condition": [],
            "etag": "BwW77vUTIBY=",
            "id": "jk-mlops-dev/roles/gkehub.connect/serviceaccount:server@jk-mlops-dev.iam.gserviceaccount.com",
            "member": "serviceAccount:server@jk-mlops-dev.iam.gserviceaccount.com",
            "project": "jk-mlops-dev",
            "role": "roles/gkehub.connect"
          },
          "sensitive_attributes": [],
          "private": "bnVsbA==",
          "dependencies": [
            "data.google_client_config.current",
            "module.hub-server.google_service_account.gke_hub_sa"
          ]
        }
      ]
    },
    {
      "module": "module.hub-server",
      "mode": "managed",
      "type": "google_service_account",
      "name": "gke_hub_sa",
      "provider": "provider[\"registry.terraform.io/hashicorp/google\"]",
      "instances": [
        {
          "index_key": 0,
          "schema_version": 0,
          "attributes": {
            "account_id": "server",
            "description": "",
            "display_name": "Service Account for GKE Hub Registration",
            "email": "server@jk-mlops-dev.iam.gserviceaccount.com",
            "id": "projects/jk-mlops-dev/serviceAccounts/server@jk-mlops-dev.iam.gserviceaccount.com",
            "name": "projects/jk-mlops-dev/serviceAccounts/server@jk-mlops-dev.iam.gserviceaccount.com",
            "project": "jk-mlops-dev",
            "timeouts": null,
            "unique_id": "108074027959508459877"
          },
          "sensitive_attributes": [],
          "private": "eyJlMmJmYjczMC1lY2FhLTExZTYtOGY4OC0zNDM2M2JjN2M0YzAiOnsiY3JlYXRlIjozMDAwMDAwMDAwMDB9fQ==",
          "dependencies": [
            "data.google_client_config.current"
          ]
        }
      ]
    },
    {
      "module": "module.hub-server",
      "mode": "managed",
      "type": "google_service_account_key",
      "name": "gke_hub_key",
      "provider": "provider[\"registry.terraform.io/hashicorp/google\"]",
      "instances": [
        {
          "index_key": 0,
          "schema_version": 0,
          "attributes": {
            "id": "projects/jk-mlops-dev/serviceAccounts/server@jk-mlops-dev.iam.gserviceaccount.com/keys/935c88459927d4270c8f7fd0335f55d60d815288",
            "keepers": null,
            "key_algorithm": "KEY_ALG_RSA_2048",
            "name": "projects/jk-mlops-dev/serviceAccounts/server@jk-mlops-dev.iam.gserviceaccount.com/keys/935c88459927d4270c8f7fd0335f55d60d815288",
            "private_key": "ewogICJ0eXBlIjogInNlcnZpY2VfYWNjb3VudCIsCiAgInByb2plY3RfaWQiOiAiamstbWxvcHMtZGV2IiwKICAicHJpdmF0ZV9rZXlfaWQiOiAiOTM1Yzg4NDU5OTI3ZDQyNzBjOGY3ZmQwMzM1ZjU1ZDYwZDgxNTI4OCIsCiAgInByaXZhdGVfa2V5IjogIi0tLS0tQkVHSU4gUFJJVkFURSBLRVktLS0tLVxuTUlJRXZ3SUJBREFOQmdrcWhraUc5dzBCQVFFRkFBU0NCS2t3Z2dTbEFnRUFBb0lCQVFETkZ3NGdpOWxzbUd6WlxuMlpBTUVIZEY3Y1lVbFFvanR0b0VYU1hUQUdNd21kOXd5VjhUcmE2M0gzUDRJVW1sY04rWFovRUUwV2NObjB0YVxuQ0lNdnNLMDdIRTUyeVdIMlFZeTM4VnFJbWRTai9KOFNoNzBCZ2Q3NVZndFF5V0RCWkNaMHZ3UlpUSklJMVdkWVxubldveHhtbEFnUWFpMWh0bkRGaGFkVC9DOFZNSDZxeVVnQTcrdnJNOWh3QXBDcWhUM2lpYXhTOTh0RGI3OU9tUFxuSUd0bk1QbWJtbEdGc0k5Sjk2dXh3SHI2OVBhSEhSa1NBZk9VOE85Y0UrT2tVejdSRUxmbHJPYmZFLzE5VHJuaVxuV0VyaXlndGw1RG1YMituZkRXK0hCK0pJek4wUDJrV3NVR2xmeEduQUk0RlFsZE8yalNVS2dpQkFNd1JjYk4xUFxuZGwvRVMyaVhBZ01CQUFFQ2dnRUFXdlhIUDdzVzV2bWhpV3RiWG1adEovZ2htcDVSZlc2TE9sVS93ZG9ScEF3U1xuMUJpVDBRditpZHhxMkZtWEtzZXBleUxQL0RXTmtiYWRPbVM5SGtrclE2UzF6aXhhQk5pa3V5NVIyM1R5b1BxWlxuYUtRSU9XTnF5OFlVUmJQUzlHTGhSWFUwemhCT1VwbW5lTjkwS25oWDFSS0VxWEx4ZTE0M3o0TGlFU2xzREgyR1xuaDZidFFVUGlCNFF6L2ppNFE0emk2SExaWDdRN1FBVVI2ajRxblpMOFI4ME4zRTkvZStoZk9FRFVWNVFVNjZablxuUmN1VXBHZG5XTU0vc2VrelFaMGNFRkRlSi9uQldVb2hyc0pNTDBhVG13dzZmOXVaYnFQTDVHUTRMeVpyLzZQRlxudnRzNW5Jejk2bTFwVVRsQ3VxM2RuMzVDZW53V1hzYXNzZW1ZUHQ4a0ZRS0JnUUR6V0JIbDRtYTg3UlRhdmNhQlxuODhhZHVxVkRva3prV1dxTm81alBQcnNVOXNGR1gycmgzb1p1aS9zb01odmQrNXYxcjhlNVNobUxZYWppb3dleFxuMDF4ZkgrRUNaSHRZR3lFVGRDUUFFOTZaNW9ROTBydUg4V0FaVXJMLzg4WTFIdzE5SW1oTE03UUNwdFBESDVlS1xublJOY05LRzRlNWZuSnh6QWpMUEFoNGVsK3dLQmdRRFh3YW9iNFYwYmhIMjVNS2ZTd1hCUUFpTDJIMEVqaGFDY1xuaThESHJwcmdiRFJkcjB0ZFNWZGxtQ2ttWDhXcXNuY3FIcDVxcmljeExQcjVhNlV3M2d3b3h3Vnk4L2pBK2diV1xuRVBPbzRSNHN5ajVkZ1Q4LytDeHA5QTNrTjlMOGRLOE9GY3BUdjl3bk54WWVVWVhRWjFDSmJxc1FTblNsQ3BzQ1xudWJIa0dBVnhGUUtCZ1FDdU9LcXZ4TFU3cEIzZk1pblNWbjhuNUQ1NE90WUVVd1JYbmY1RXVxdmtxWG5jOFdtclxuaHM4R2pJL255bUJyUUwzN1c3dUpyRVMzcHRic1ZENnBFU004TTYyOE1jYWhZT01BYzVGbXdOTUpxcUdaUmF2ZlxuKzIrTEVjdDROc2I4dDF2SDhIOXMvL3BzUDVhelI0WU94c0RhcmcvdTdnWG1oL2tzM2srL2t3a0tTd0tCZ1FDQlxuT2VDK1JEUTFLQno1VDVnbEZuRkRxcFB3SUhZdVpYbjJhWW8wejNLNkduVWU2OEJUQm51UFFSemNmQjV6aCtMeFxuMmxiK0JJTTY0L3NLYXh3TThlSU1obS9RRXlxWnd1ZFhUZDN5OTZyUUh1NU5xUDBPUG9HemtGYkZxMTMya1pqTFxuOGVjMlZFTHpSZjQ4ZUkyU2JsOEJnY1I1eEc2cTczZzZvS2hZdXI1L3BRS0JnUUNlRUlxZFRaU1IxK0VwdGVmQlxuN3d6dzh5b1NVUXpXeVZacUg3ZTkzRkVJL25LWlE3TDZhNkFtamZXTWViOGJpbG1rL3dQekxDZVRCMlFqbGdtUFxuV3kwN3NUcjRkejBMZFdzUUpJNjlzVDlYY2xpZUNZWlRQM25LUVZkQk43TU9EMmJWR2Z6VTlPZmVZbVI5MnRPM1xuL0lJTVdxdmg3WXNDQTZtandpeTR0NXcyK1E9PVxuLS0tLS1FTkQgUFJJVkFURSBLRVktLS0tLVxuIiwKICAiY2xpZW50X2VtYWlsIjogInNlcnZlckBqay1tbG9wcy1kZXYuaWFtLmdzZXJ2aWNlYWNjb3VudC5jb20iLAogICJjbGllbnRfaWQiOiAiMTA4MDc0MDI3OTU5NTA4NDU5ODc3IiwKICAiYXV0aF91cmkiOiAiaHR0cHM6Ly9hY2NvdW50cy5nb29nbGUuY29tL28vb2F1dGgyL2F1dGgiLAogICJ0b2tlbl91cmkiOiAiaHR0cHM6Ly9vYXV0aDIuZ29vZ2xlYXBpcy5jb20vdG9rZW4iLAogICJhdXRoX3Byb3ZpZGVyX3g1MDlfY2VydF91cmwiOiAiaHR0cHM6Ly93d3cuZ29vZ2xlYXBpcy5jb20vb2F1dGgyL3YxL2NlcnRzIiwKICAiY2xpZW50X3g1MDlfY2VydF91cmwiOiAiaHR0cHM6Ly93d3cuZ29vZ2xlYXBpcy5jb20vcm9ib3QvdjEvbWV0YWRhdGEveDUwOS9zZXJ2ZXIlNDBqay1tbG9wcy1kZXYuaWFtLmdzZXJ2aWNlYWNjb3VudC5jb20iCn0K",
            "private_key_type": "TYPE_GOOGLE_CREDENTIALS_FILE",
            "public_key": "LS0tLS1CRUdJTiBDRVJUSUZJQ0FURS0tLS0tCk1JSUMvRENDQWVTZ0F3SUJBZ0lJQVcyRUZvNDFXYXd3RFFZSktvWklodmNOQVFFRkJRQXdJREVlTUJ3R0ExVUUKQXhNVk1UQTRNRGMwTURJM09UVTVOVEE0TkRVNU9EYzNNQ0FYRFRJeE1ESXlNakUyTURReU0xb1lEems1T1RreApNak14TWpNMU9UVTVXakFnTVI0d0hBWURWUVFERXhVeE1EZ3dOelF3TWpjNU5UazFNRGcwTlRrNE56Y3dnZ0VpCk1BMEdDU3FHU0liM0RRRUJBUVVBQTRJQkR3QXdnZ0VLQW9JQkFRRE5GdzRnaTlsc21HeloyWkFNRUhkRjdjWVUKbFFvanR0b0VYU1hUQUdNd21kOXd5VjhUcmE2M0gzUDRJVW1sY04rWFovRUUwV2NObjB0YUNJTXZzSzA3SEU1Mgp5V0gyUVl5MzhWcUltZFNqL0o4U2g3MEJnZDc1Vmd0UXlXREJaQ1owdndSWlRKSUkxV2RZbldveHhtbEFnUWFpCjFodG5ERmhhZFQvQzhWTUg2cXlVZ0E3K3ZyTTlod0FwQ3FoVDNpaWF4Uzk4dERiNzlPbVBJR3RuTVBtYm1sR0YKc0k5Sjk2dXh3SHI2OVBhSEhSa1NBZk9VOE85Y0UrT2tVejdSRUxmbHJPYmZFLzE5VHJuaVdFcml5Z3RsNURtWAoyK25mRFcrSEIrSkl6TjBQMmtXc1VHbGZ4R25BSTRGUWxkTzJqU1VLZ2lCQU13UmNiTjFQZGwvRVMyaVhBZ01CCkFBR2pPREEyTUF3R0ExVWRFd0VCL3dRQ01BQXdEZ1lEVlIwUEFRSC9CQVFEQWdlQU1CWUdBMVVkSlFFQi93UU0KTUFvR0NDc0dBUVVGQndNQ01BMEdDU3FHU0liM0RRRUJCUVVBQTRJQkFRREJSU3VSQXZsSGRZZHIyQ0NCaWp4cQp6eWJLTjJjamZPZnFobEhjcjVkdWNLdDFpcUpveW5rQkpFUzdJeEozYlNydVRvZHZDRFV6bXlqai9WeDh3UGxECkZrQU52QnZXaVVTV2Q5azdzRXNEYUI5WHhsSGVBcDVhYlRCRTF5bDBVUzZsZEpnSFVqTW04cVJTYWpWKzFld00KdXdyUUpJbUpYNWQ0TVNhL0lxZTdLNnR4cTNoMlJ1TXRITVBKdk5WY0lvMnpsYjJBWkRjZTJSN29kdXJmczJ3YQoyczlVTW51aUp3dDhZckdPbGlLR1pyMWdCOGMwMzJoaU0xZTdwZGtkZDB1UEpmK0hhbnJhSUltVXI0Wm91di9CClJMcUZyN2YzTDZVbGIvRDNnOUlMV0xtQXBiRUNsOTJqcytNczVtdklhQ0Fja0lXWWN2b2JzUTBLbVhEK3Vic20KLS0tLS1FTkQgQ0VSVElGSUNBVEUtLS0tLQo=",
            "public_key_data": null,
            "public_key_type": "TYPE_X509_PEM_FILE",
            "service_account_id": "projects/jk-mlops-dev/serviceAccounts/server@jk-mlops-dev.iam.gserviceaccount.com",
            "valid_after": "2021-02-22T16:04:23Z",
            "valid_before": "9999-12-31T23:59:59Z"
          },
          "sensitive_attributes": [],
          "private": "bnVsbA==",
          "dependencies": [
            "data.google_client_config.current",
            "module.hub-server.google_service_account.gke_hub_sa"
          ]
        }
      ]
    },
    {
      "module": "module.hub-server.module.gke_hub_registration",
      "mode": "data",
      "type": "external",
      "name": "env_override",
      "provider": "provider[\"registry.terraform.io/hashicorp/external\"]",
      "instances": [
        {
          "index_key": 0,
          "schema_version": 0,
          "attributes": {
            "id": "-",
            "program": [
              ".terraform/modules/hub-server.gke_hub_registration/terraform-google-gcloud-2.0.3/scripts/check_env.sh"
            ],
            "query": null,
            "result": {
              "download": ""
            },
            "working_dir": null
          },
          "sensitive_attributes": []
        }
      ]
    },
    {
      "module": "module.hub-server.module.gke_hub_registration",
      "mode": "managed",
      "type": "null_resource",
      "name": "module_depends_on",
      "provider": "provider[\"registry.terraform.io/hashicorp/null\"]",
      "instances": [
        {
          "index_key": 0,
          "schema_version": 0,
          "attributes": {
            "id": "6982081375636038128",
            "triggers": {
              "value": "1"
            }
          },
          "sensitive_attributes": [
            [
              {
                "type": "get_attr",
                "value": "triggers"
              },
              {
                "type": "index",
                "value": {
                  "value": "value",
                  "type": "string"
                }
              }
            ]
          ],
          "private": "bnVsbA==",
          "dependencies": [
            "data.google_client_config.current",
            "data.google_project.project",
            "module.project-services.google_project_service.project_services",
            "module.server-cluster.data.google_compute_zones.available",
            "module.server-cluster.data.google_container_engine_versions.region",
            "module.server-cluster.data.google_container_engine_versions.zone",
            "module.server-cluster.google_container_cluster.primary",
            "module.server-cluster.google_container_node_pool.pools",
            "module.server-cluster.google_service_account.cluster_service_account",
            "module.server-cluster.random_shuffle.available_zones",
            "module.server-cluster.random_string.cluster_service_account_suffix"
          ]
        }
      ]
    },
    {
      "module": "module.hub-server.module.gke_hub_registration",
      "mode": "managed",
      "type": "null_resource",
      "name": "run_command",
      "provider": "provider[\"registry.terraform.io/hashicorp/null\"]",
      "instances": [
        {
          "index_key": 0,
          "schema_version": 0,
          "attributes": {
            "id": "2950642022167763540",
            "triggers": {
              "arguments": "2f4a3221886d797d5cb42e17cfb78aa5",
              "create_cmd_body": "1 server us-west1-a gke-cluster-server ewogICJ0eXBlIjogInNlcnZpY2VfYWNjb3VudCIsCiAgInByb2plY3RfaWQiOiAiamstbWxvcHMtZGV2IiwKICAicHJpdmF0ZV9rZXlfaWQiOiAiOTM1Yzg4NDU5OTI3ZDQyNzBjOGY3ZmQwMzM1ZjU1ZDYwZDgxNTI4OCIsCiAgInByaXZhdGVfa2V5IjogIi0tLS0tQkVHSU4gUFJJVkFURSBLRVktLS0tLVxuTUlJRXZ3SUJBREFOQmdrcWhraUc5dzBCQVFFRkFBU0NCS2t3Z2dTbEFnRUFBb0lCQVFETkZ3NGdpOWxzbUd6WlxuMlpBTUVIZEY3Y1lVbFFvanR0b0VYU1hUQUdNd21kOXd5VjhUcmE2M0gzUDRJVW1sY04rWFovRUUwV2NObjB0YVxuQ0lNdnNLMDdIRTUyeVdIMlFZeTM4VnFJbWRTai9KOFNoNzBCZ2Q3NVZndFF5V0RCWkNaMHZ3UlpUSklJMVdkWVxubldveHhtbEFnUWFpMWh0bkRGaGFkVC9DOFZNSDZxeVVnQTcrdnJNOWh3QXBDcWhUM2lpYXhTOTh0RGI3OU9tUFxuSUd0bk1QbWJtbEdGc0k5Sjk2dXh3SHI2OVBhSEhSa1NBZk9VOE85Y0UrT2tVejdSRUxmbHJPYmZFLzE5VHJuaVxuV0VyaXlndGw1RG1YMituZkRXK0hCK0pJek4wUDJrV3NVR2xmeEduQUk0RlFsZE8yalNVS2dpQkFNd1JjYk4xUFxuZGwvRVMyaVhBZ01CQUFFQ2dnRUFXdlhIUDdzVzV2bWhpV3RiWG1adEovZ2htcDVSZlc2TE9sVS93ZG9ScEF3U1xuMUJpVDBRditpZHhxMkZtWEtzZXBleUxQL0RXTmtiYWRPbVM5SGtrclE2UzF6aXhhQk5pa3V5NVIyM1R5b1BxWlxuYUtRSU9XTnF5OFlVUmJQUzlHTGhSWFUwemhCT1VwbW5lTjkwS25oWDFSS0VxWEx4ZTE0M3o0TGlFU2xzREgyR1xuaDZidFFVUGlCNFF6L2ppNFE0emk2SExaWDdRN1FBVVI2ajRxblpMOFI4ME4zRTkvZStoZk9FRFVWNVFVNjZablxuUmN1VXBHZG5XTU0vc2VrelFaMGNFRkRlSi9uQldVb2hyc0pNTDBhVG13dzZmOXVaYnFQTDVHUTRMeVpyLzZQRlxudnRzNW5Jejk2bTFwVVRsQ3VxM2RuMzVDZW53V1hzYXNzZW1ZUHQ4a0ZRS0JnUUR6V0JIbDRtYTg3UlRhdmNhQlxuODhhZHVxVkRva3prV1dxTm81alBQcnNVOXNGR1gycmgzb1p1aS9zb01odmQrNXYxcjhlNVNobUxZYWppb3dleFxuMDF4ZkgrRUNaSHRZR3lFVGRDUUFFOTZaNW9ROTBydUg4V0FaVXJMLzg4WTFIdzE5SW1oTE03UUNwdFBESDVlS1xublJOY05LRzRlNWZuSnh6QWpMUEFoNGVsK3dLQmdRRFh3YW9iNFYwYmhIMjVNS2ZTd1hCUUFpTDJIMEVqaGFDY1xuaThESHJwcmdiRFJkcjB0ZFNWZGxtQ2ttWDhXcXNuY3FIcDVxcmljeExQcjVhNlV3M2d3b3h3Vnk4L2pBK2diV1xuRVBPbzRSNHN5ajVkZ1Q4LytDeHA5QTNrTjlMOGRLOE9GY3BUdjl3bk54WWVVWVhRWjFDSmJxc1FTblNsQ3BzQ1xudWJIa0dBVnhGUUtCZ1FDdU9LcXZ4TFU3cEIzZk1pblNWbjhuNUQ1NE90WUVVd1JYbmY1RXVxdmtxWG5jOFdtclxuaHM4R2pJL255bUJyUUwzN1c3dUpyRVMzcHRic1ZENnBFU004TTYyOE1jYWhZT01BYzVGbXdOTUpxcUdaUmF2ZlxuKzIrTEVjdDROc2I4dDF2SDhIOXMvL3BzUDVhelI0WU94c0RhcmcvdTdnWG1oL2tzM2srL2t3a0tTd0tCZ1FDQlxuT2VDK1JEUTFLQno1VDVnbEZuRkRxcFB3SUhZdVpYbjJhWW8wejNLNkduVWU2OEJUQm51UFFSemNmQjV6aCtMeFxuMmxiK0JJTTY0L3NLYXh3TThlSU1obS9RRXlxWnd1ZFhUZDN5OTZyUUh1NU5xUDBPUG9HemtGYkZxMTMya1pqTFxuOGVjMlZFTHpSZjQ4ZUkyU2JsOEJnY1I1eEc2cTczZzZvS2hZdXI1L3BRS0JnUUNlRUlxZFRaU1IxK0VwdGVmQlxuN3d6dzh5b1NVUXpXeVZacUg3ZTkzRkVJL25LWlE3TDZhNkFtamZXTWViOGJpbG1rL3dQekxDZVRCMlFqbGdtUFxuV3kwN3NUcjRkejBMZFdzUUpJNjlzVDlYY2xpZUNZWlRQM25LUVZkQk43TU9EMmJWR2Z6VTlPZmVZbVI5MnRPM1xuL0lJTVdxdmg3WXNDQTZtandpeTR0NXcyK1E9PVxuLS0tLS1FTkQgUFJJVkFURSBLRVktLS0tLVxuIiwKICAiY2xpZW50X2VtYWlsIjogInNlcnZlckBqay1tbG9wcy1kZXYuaWFtLmdzZXJ2aWNlYWNjb3VudC5jb20iLAogICJjbGllbnRfaWQiOiAiMTA4MDc0MDI3OTU5NTA4NDU5ODc3IiwKICAiYXV0aF91cmkiOiAiaHR0cHM6Ly9hY2NvdW50cy5nb29nbGUuY29tL28vb2F1dGgyL2F1dGgiLAogICJ0b2tlbl91cmkiOiAiaHR0cHM6Ly9vYXV0aDIuZ29vZ2xlYXBpcy5jb20vdG9rZW4iLAogICJhdXRoX3Byb3ZpZGVyX3g1MDlfY2VydF91cmwiOiAiaHR0cHM6Ly93d3cuZ29vZ2xlYXBpcy5jb20vb2F1dGgyL3YxL2NlcnRzIiwKICAiY2xpZW50X3g1MDlfY2VydF91cmwiOiAiaHR0cHM6Ly93d3cuZ29vZ2xlYXBpcy5jb20vcm9ib3QvdjEvbWV0YWRhdGEveDUwOS9zZXJ2ZXIlNDBqay1tbG9wcy1kZXYuaWFtLmdzZXJ2aWNlYWNjb3VudC5jb20iCn0K jk-mlops-dev ",
              "create_cmd_entrypoint": ".terraform/modules/hub-server/modules/hub/scripts/gke_hub_registration.sh",
              "gcloud_bin_abs_path": "/google-cloud-sdk/bin",
              "md5": "d4192b8475717e029a8a2e7094fabb99"
            }
          },
          "sensitive_attributes": [],
          "private": "bnVsbA==",
          "dependencies": [
            "data.google_client_config.current",
            "data.google_project.project",
            "module.hub-server.google_service_account.gke_hub_sa",
            "module.hub-server.google_service_account_key.gke_hub_key",
            "module.hub-server.module.gke_hub_registration.data.external.env_override",
            "module.hub-server.module.gke_hub_registration.null_resource.additional_components",
            "module.hub-server.module.gke_hub_registration.null_resource.decompress",
            "module.hub-server.module.gke_hub_registration.null_resource.gcloud_auth_google_credentials",
            "module.hub-server.module.gke_hub_registration.null_resource.gcloud_auth_service_account_key_file",
            "module.hub-server.module.gke_hub_registration.null_resource.module_depends_on",
            "module.hub-server.module.gke_hub_registration.random_id.cache",
            "module.project-services.google_project_service.project_services",
            "module.server-cluster.data.google_compute_zones.available",
            "module.server-cluster.data.google_container_engine_versions.region",
            "module.server-cluster.data.google_container_engine_versions.zone",
            "module.server-cluster.google_container_cluster.primary",
            "module.server-cluster.google_container_node_pool.pools",
            "module.server-cluster.google_service_account.cluster_service_account",
            "module.server-cluster.random_shuffle.available_zones",
            "module.server-cluster.random_string.cluster_service_account_suffix"
          ]
        }
      ]
    },
    {
      "module": "module.hub-server.module.gke_hub_registration",
      "mode": "managed",
      "type": "null_resource",
      "name": "run_destroy_command",
      "provider": "provider[\"registry.terraform.io/hashicorp/null\"]",
      "instances": [
        {
          "index_key": 0,
          "schema_version": 0,
          "attributes": {
            "id": "2311600539180311455",
            "triggers": {
              "destroy_cmd_body": "1 server us-west1-a gke-cluster-server jk-mlops-dev",
              "destroy_cmd_entrypoint": ".terraform/modules/hub-server/modules/hub/scripts/gke_hub_unregister.sh",
              "gcloud_bin_abs_path": "/google-cloud-sdk/bin"
            }
          },
          "sensitive_attributes": [],
          "private": "bnVsbA==",
          "dependencies": [
            "data.google_client_config.current",
            "data.google_project.project",
            "module.hub-server.module.gke_hub_registration.data.external.env_override",
            "module.hub-server.module.gke_hub_registration.null_resource.additional_components",
            "module.hub-server.module.gke_hub_registration.null_resource.decompress",
            "module.hub-server.module.gke_hub_registration.null_resource.gcloud_auth_google_credentials",
            "module.hub-server.module.gke_hub_registration.null_resource.gcloud_auth_service_account_key_file",
            "module.hub-server.module.gke_hub_registration.null_resource.module_depends_on",
            "module.hub-server.module.gke_hub_registration.random_id.cache",
            "module.project-services.google_project_service.project_services",
            "module.server-cluster.data.google_compute_zones.available",
            "module.server-cluster.data.google_container_engine_versions.region",
            "module.server-cluster.data.google_container_engine_versions.zone",
            "module.server-cluster.google_container_cluster.primary",
            "module.server-cluster.google_container_node_pool.pools",
            "module.server-cluster.google_service_account.cluster_service_account",
            "module.server-cluster.random_shuffle.available_zones",
            "module.server-cluster.random_string.cluster_service_account_suffix"
          ]
        }
      ]
    },
    {
      "module": "module.project-services",
      "mode": "managed",
      "type": "google_project_service",
      "name": "project_services",
      "provider": "provider[\"registry.terraform.io/hashicorp/google\"]",
      "instances": [
        {
          "index_key": "anthos.googleapis.com",
          "schema_version": 0,
          "attributes": {
            "disable_dependent_services": true,
            "disable_on_destroy": false,
            "id": "jk-mlops-dev/anthos.googleapis.com",
            "project": "jk-mlops-dev",
            "service": "anthos.googleapis.com",
            "timeouts": null
          },
          "sensitive_attributes": [],
          "private": "eyJlMmJmYjczMC1lY2FhLTExZTYtOGY4OC0zNDM2M2JjN2M0YzAiOnsiY3JlYXRlIjoxMjAwMDAwMDAwMDAwLCJkZWxldGUiOjEyMDAwMDAwMDAwMDAsInJlYWQiOjYwMDAwMDAwMDAwMCwidXBkYXRlIjoxMjAwMDAwMDAwMDAwfX0=",
          "dependencies": [
            "data.google_client_config.current"
          ]
        },
        {
          "index_key": "cloudresourcemanager.googleapis.com",
          "schema_version": 0,
          "attributes": {
            "disable_dependent_services": true,
            "disable_on_destroy": false,
            "id": "jk-mlops-dev/cloudresourcemanager.googleapis.com",
            "project": "jk-mlops-dev",
            "service": "cloudresourcemanager.googleapis.com",
            "timeouts": null
          },
          "sensitive_attributes": [],
          "private": "eyJlMmJmYjczMC1lY2FhLTExZTYtOGY4OC0zNDM2M2JjN2M0YzAiOnsiY3JlYXRlIjoxMjAwMDAwMDAwMDAwLCJkZWxldGUiOjEyMDAwMDAwMDAwMDAsInJlYWQiOjYwMDAwMDAwMDAwMCwidXBkYXRlIjoxMjAwMDAwMDAwMDAwfX0=",
          "dependencies": [
            "data.google_client_config.current"
          ]
        },
        {
          "index_key": "cloudtrace.googleapis.com",
          "schema_version": 0,
          "attributes": {
            "disable_dependent_services": true,
            "disable_on_destroy": false,
            "id": "jk-mlops-dev/cloudtrace.googleapis.com",
            "project": "jk-mlops-dev",
            "service": "cloudtrace.googleapis.com",
            "timeouts": null
          },
          "sensitive_attributes": [],
          "private": "eyJlMmJmYjczMC1lY2FhLTExZTYtOGY4OC0zNDM2M2JjN2M0YzAiOnsiY3JlYXRlIjoxMjAwMDAwMDAwMDAwLCJkZWxldGUiOjEyMDAwMDAwMDAwMDAsInJlYWQiOjYwMDAwMDAwMDAwMCwidXBkYXRlIjoxMjAwMDAwMDAwMDAwfX0=",
          "dependencies": [
            "data.google_client_config.current"
          ]
        },
        {
          "index_key": "compute.googleapis.com",
          "schema_version": 0,
          "attributes": {
            "disable_dependent_services": true,
            "disable_on_destroy": false,
            "id": "jk-mlops-dev/compute.googleapis.com",
            "project": "jk-mlops-dev",
            "service": "compute.googleapis.com",
            "timeouts": null
          },
          "sensitive_attributes": [],
          "private": "eyJlMmJmYjczMC1lY2FhLTExZTYtOGY4OC0zNDM2M2JjN2M0YzAiOnsiY3JlYXRlIjoxMjAwMDAwMDAwMDAwLCJkZWxldGUiOjEyMDAwMDAwMDAwMDAsInJlYWQiOjYwMDAwMDAwMDAwMCwidXBkYXRlIjoxMjAwMDAwMDAwMDAwfX0=",
          "dependencies": [
            "data.google_client_config.current"
          ]
        },
        {
          "index_key": "container.googleapis.com",
          "schema_version": 0,
          "attributes": {
            "disable_dependent_services": true,
            "disable_on_destroy": false,
            "id": "jk-mlops-dev/container.googleapis.com",
            "project": "jk-mlops-dev",
            "service": "container.googleapis.com",
            "timeouts": null
          },
          "sensitive_attributes": [],
          "private": "eyJlMmJmYjczMC1lY2FhLTExZTYtOGY4OC0zNDM2M2JjN2M0YzAiOnsiY3JlYXRlIjoxMjAwMDAwMDAwMDAwLCJkZWxldGUiOjEyMDAwMDAwMDAwMDAsInJlYWQiOjYwMDAwMDAwMDAwMCwidXBkYXRlIjoxMjAwMDAwMDAwMDAwfX0=",
          "dependencies": [
            "data.google_client_config.current"
          ]
        },
        {
          "index_key": "gkeconnect.googleapis.com",
          "schema_version": 0,
          "attributes": {
            "disable_dependent_services": true,
            "disable_on_destroy": false,
            "id": "jk-mlops-dev/gkeconnect.googleapis.com",
            "project": "jk-mlops-dev",
            "service": "gkeconnect.googleapis.com",
            "timeouts": null
          },
          "sensitive_attributes": [],
          "private": "eyJlMmJmYjczMC1lY2FhLTExZTYtOGY4OC0zNDM2M2JjN2M0YzAiOnsiY3JlYXRlIjoxMjAwMDAwMDAwMDAwLCJkZWxldGUiOjEyMDAwMDAwMDAwMDAsInJlYWQiOjYwMDAwMDAwMDAwMCwidXBkYXRlIjoxMjAwMDAwMDAwMDAwfX0=",
          "dependencies": [
            "data.google_client_config.current"
          ]
        },
        {
          "index_key": "gkehub.googleapis.com",
          "schema_version": 0,
          "attributes": {
            "disable_dependent_services": true,
            "disable_on_destroy": false,
            "id": "jk-mlops-dev/gkehub.googleapis.com",
            "project": "jk-mlops-dev",
            "service": "gkehub.googleapis.com",
            "timeouts": null
          },
          "sensitive_attributes": [],
          "private": "eyJlMmJmYjczMC1lY2FhLTExZTYtOGY4OC0zNDM2M2JjN2M0YzAiOnsiY3JlYXRlIjoxMjAwMDAwMDAwMDAwLCJkZWxldGUiOjEyMDAwMDAwMDAwMDAsInJlYWQiOjYwMDAwMDAwMDAwMCwidXBkYXRlIjoxMjAwMDAwMDAwMDAwfX0=",
          "dependencies": [
            "data.google_client_config.current"
          ]
        },
        {
          "index_key": "iam.googleapis.com",
          "schema_version": 0,
          "attributes": {
            "disable_dependent_services": true,
            "disable_on_destroy": false,
            "id": "jk-mlops-dev/iam.googleapis.com",
            "project": "jk-mlops-dev",
            "service": "iam.googleapis.com",
            "timeouts": null
          },
          "sensitive_attributes": [],
          "private": "eyJlMmJmYjczMC1lY2FhLTExZTYtOGY4OC0zNDM2M2JjN2M0YzAiOnsiY3JlYXRlIjoxMjAwMDAwMDAwMDAwLCJkZWxldGUiOjEyMDAwMDAwMDAwMDAsInJlYWQiOjYwMDAwMDAwMDAwMCwidXBkYXRlIjoxMjAwMDAwMDAwMDAwfX0=",
          "dependencies": [
            "data.google_client_config.current"
          ]
        },
        {
          "index_key": "iamcredentials.googleapis.com",
          "schema_version": 0,
          "attributes": {
            "disable_dependent_services": true,
            "disable_on_destroy": false,
            "id": "jk-mlops-dev/iamcredentials.googleapis.com",
            "project": "jk-mlops-dev",
            "service": "iamcredentials.googleapis.com",
            "timeouts": null
          },
          "sensitive_attributes": [],
          "private": "eyJlMmJmYjczMC1lY2FhLTExZTYtOGY4OC0zNDM2M2JjN2M0YzAiOnsiY3JlYXRlIjoxMjAwMDAwMDAwMDAwLCJkZWxldGUiOjEyMDAwMDAwMDAwMDAsInJlYWQiOjYwMDAwMDAwMDAwMCwidXBkYXRlIjoxMjAwMDAwMDAwMDAwfX0=",
          "dependencies": [
            "data.google_client_config.current"
          ]
        },
        {
          "index_key": "logging.googleapis.com",
          "schema_version": 0,
          "attributes": {
            "disable_dependent_services": true,
            "disable_on_destroy": false,
            "id": "jk-mlops-dev/logging.googleapis.com",
            "project": "jk-mlops-dev",
            "service": "logging.googleapis.com",
            "timeouts": null
          },
          "sensitive_attributes": [],
          "private": "eyJlMmJmYjczMC1lY2FhLTExZTYtOGY4OC0zNDM2M2JjN2M0YzAiOnsiY3JlYXRlIjoxMjAwMDAwMDAwMDAwLCJkZWxldGUiOjEyMDAwMDAwMDAwMDAsInJlYWQiOjYwMDAwMDAwMDAwMCwidXBkYXRlIjoxMjAwMDAwMDAwMDAwfX0=",
          "dependencies": [
            "data.google_client_config.current"
          ]
        },
        {
          "index_key": "meshca.googleapis.com",
          "schema_version": 0,
          "attributes": {
            "disable_dependent_services": true,
            "disable_on_destroy": false,
            "id": "jk-mlops-dev/meshca.googleapis.com",
            "project": "jk-mlops-dev",
            "service": "meshca.googleapis.com",
            "timeouts": null
          },
          "sensitive_attributes": [],
          "private": "eyJlMmJmYjczMC1lY2FhLTExZTYtOGY4OC0zNDM2M2JjN2M0YzAiOnsiY3JlYXRlIjoxMjAwMDAwMDAwMDAwLCJkZWxldGUiOjEyMDAwMDAwMDAwMDAsInJlYWQiOjYwMDAwMDAwMDAwMCwidXBkYXRlIjoxMjAwMDAwMDAwMDAwfX0=",
          "dependencies": [
            "data.google_client_config.current"
          ]
        },
        {
          "index_key": "meshconfig.googleapis.com",
          "schema_version": 0,
          "attributes": {
            "disable_dependent_services": true,
            "disable_on_destroy": false,
            "id": "jk-mlops-dev/meshconfig.googleapis.com",
            "project": "jk-mlops-dev",
            "service": "meshconfig.googleapis.com",
            "timeouts": null
          },
          "sensitive_attributes": [],
          "private": "eyJlMmJmYjczMC1lY2FhLTExZTYtOGY4OC0zNDM2M2JjN2M0YzAiOnsiY3JlYXRlIjoxMjAwMDAwMDAwMDAwLCJkZWxldGUiOjEyMDAwMDAwMDAwMDAsInJlYWQiOjYwMDAwMDAwMDAwMCwidXBkYXRlIjoxMjAwMDAwMDAwMDAwfX0=",
          "dependencies": [
            "data.google_client_config.current"
          ]
        },
        {
          "index_key": "meshtelemetry.googleapis.com",
          "schema_version": 0,
          "attributes": {
            "disable_dependent_services": true,
            "disable_on_destroy": false,
            "id": "jk-mlops-dev/meshtelemetry.googleapis.com",
            "project": "jk-mlops-dev",
            "service": "meshtelemetry.googleapis.com",
            "timeouts": null
          },
          "sensitive_attributes": [],
          "private": "eyJlMmJmYjczMC1lY2FhLTExZTYtOGY4OC0zNDM2M2JjN2M0YzAiOnsiY3JlYXRlIjoxMjAwMDAwMDAwMDAwLCJkZWxldGUiOjEyMDAwMDAwMDAwMDAsInJlYWQiOjYwMDAwMDAwMDAwMCwidXBkYXRlIjoxMjAwMDAwMDAwMDAwfX0=",
          "dependencies": [
            "data.google_client_config.current"
          ]
        },
        {
          "index_key": "monitoring.googleapis.com",
          "schema_version": 0,
          "attributes": {
            "disable_dependent_services": true,
            "disable_on_destroy": false,
            "id": "jk-mlops-dev/monitoring.googleapis.com",
            "project": "jk-mlops-dev",
            "service": "monitoring.googleapis.com",
            "timeouts": null
          },
          "sensitive_attributes": [],
          "private": "eyJlMmJmYjczMC1lY2FhLTExZTYtOGY4OC0zNDM2M2JjN2M0YzAiOnsiY3JlYXRlIjoxMjAwMDAwMDAwMDAwLCJkZWxldGUiOjEyMDAwMDAwMDAwMDAsInJlYWQiOjYwMDAwMDAwMDAwMCwidXBkYXRlIjoxMjAwMDAwMDAwMDAwfX0=",
          "dependencies": [
            "data.google_client_config.current"
          ]
        }
      ]
    },
    {
      "module": "module.server-cluster",
      "mode": "data",
      "type": "google_client_config",
      "name": "default",
      "provider": "provider[\"registry.terraform.io/hashicorp/google-beta\"]",
      "instances": [
        {
          "schema_version": 0,
          "attributes": {
            "access_token": "ya29.A0AfH6SMAL6JgD3xxJqlbICNSVI_DH3Xas_rMGQE03tnhucU4bVJcjvW3MSGRFXPuB3m-6LpOYm6TFS40tjwUN9RT7zlHZi5delk2JioySg9xiSUdv-rIevYTbV8AJwhql3GbHkaZW9khSSHHShqeWNSKu1A0u62G0H8er38My5ymwACvdDkiA-IUwFPvP7skn110EI6Cnt03e65MMF5b56aYvnOHkJP4MwzCryVnt00l4s3Zo5VlzL9qABP41Lpr421K4TeEdYw",
            "id": "projects//regions//zones/",
            "project": "",
            "region": "",
            "zone": ""
          },
          "sensitive_attributes": []
        }
      ]
    },
    {
      "module": "module.server-cluster",
      "mode": "data",
      "type": "google_compute_zones",
      "name": "available",
      "provider": "provider[\"registry.terraform.io/hashicorp/google-beta\"]",
      "instances": [
        {
          "schema_version": 0,
          "attributes": {
            "id": "projects/jk-mlops-dev/regions/us-west1",
            "names": [
              "us-west1-a",
              "us-west1-b",
              "us-west1-c"
            ],
            "project": "jk-mlops-dev",
            "region": "us-west1",
            "status": null
          },
          "sensitive_attributes": []
        }
      ]
    },
    {
      "module": "module.server-cluster",
      "mode": "data",
      "type": "google_container_engine_versions",
      "name": "region",
      "provider": "provider[\"registry.terraform.io/hashicorp/google\"]",
      "instances": [
        {
          "schema_version": 0,
          "attributes": {
            "default_cluster_version": "1.17.15-gke.800",
            "id": "2021-02-22 16:04:08.589861696 +0000 UTC",
            "latest_master_version": "1.18.15-gke.1500",
            "latest_node_version": "1.18.15-gke.1500",
            "location": "us-west1-a",
            "project": "jk-mlops-dev",
            "release_channel_default_version": {
              "RAPID": "1.19.7-gke.1302",
              "REGULAR": "1.18.12-gke.1210",
              "STABLE": "1.17.15-gke.800"
            },
            "valid_master_versions": [
              "1.18.15-gke.1500",
              "1.18.15-gke.1100",
              "1.18.14-gke.1600",
              "1.18.14-gke.1200",
              "1.18.12-gke.1210",
              "1.18.12-gke.1206",
              "1.17.17-gke.1500",
              "1.17.17-gke.1100",
              "1.17.17-gke.600",
              "1.17.16-gke.1600",
              "1.17.16-gke.1300",
              "1.17.15-gke.800",
              "1.16.15-gke.11800",
              "1.16.15-gke.10600",
              "1.16.15-gke.7800",
              "1.15.12-gke.6002"
            ],
            "valid_node_versions": [
              "1.18.15-gke.1500",
              "1.18.15-gke.1100",
              "1.18.15-gke.800",
              "1.18.14-gke.1600",
              "1.18.14-gke.1200",
              "1.18.12-gke.1210",
              "1.18.12-gke.1206",
              "1.18.12-gke.1205",
              "1.18.12-gke.1201",
              "1.18.12-gke.1200",
              "1.18.12-gke.300",
              "1.18.10-gke.2701",
              "1.18.10-gke.2101",
              "1.18.10-gke.1500",
              "1.18.10-gke.601",
              "1.18.9-gke.2501",
              "1.18.9-gke.1501",
              "1.18.9-gke.801",
              "1.18.6-gke.4801",
              "1.18.6-gke.3504",
              "1.18.6-gke.3503",
              "1.17.17-gke.1500",
              "1.17.17-gke.1100",
              "1.17.17-gke.600",
              "1.17.16-gke.1600",
              "1.17.16-gke.1300",
              "1.17.15-gke.800",
              "1.17.15-gke.300",
              "1.17.14-gke.1600",
              "1.17.14-gke.1200",
              "1.17.14-gke.400",
              "1.17.13-gke.2600",
              "1.17.13-gke.2001",
              "1.17.13-gke.1401",
              "1.17.13-gke.1400",
              "1.17.13-gke.600",
              "1.17.12-gke.2502",
              "1.17.12-gke.1504",
              "1.17.12-gke.1501",
              "1.17.12-gke.500",
              "1.17.9-gke.6300",
              "1.17.9-gke.1504",
              "1.16.15-gke.11800",
              "1.16.15-gke.10600",
              "1.16.15-gke.7800",
              "1.16.15-gke.7300",
              "1.16.15-gke.6900",
              "1.16.15-gke.6000",
              "1.16.15-gke.5500",
              "1.16.15-gke.4901",
              "1.16.15-gke.4301",
              "1.16.15-gke.4300",
              "1.16.15-gke.3500",
              "1.16.15-gke.2601",
              "1.16.15-gke.1600",
              "1.16.15-gke.500",
              "1.16.13-gke.404",
              "1.16.13-gke.403",
              "1.16.13-gke.401",
              "1.16.13-gke.400",
              "1.16.13-gke.1",
              "1.16.11-gke.5",
              "1.16.10-gke.8",
              "1.16.9-gke.6",
              "1.16.9-gke.2",
              "1.16.8-gke.15",
              "1.16.8-gke.12",
              "1.16.8-gke.9",
              "1.15.12-gke.6002",
              "1.15.12-gke.6001",
              "1.15.12-gke.5000",
              "1.15.12-gke.4002",
              "1.15.12-gke.4000",
              "1.15.12-gke.20",
              "1.15.12-gke.17",
              "1.15.12-gke.16",
              "1.15.12-gke.13",
              "1.15.12-gke.9",
              "1.15.12-gke.6",
              "1.15.12-gke.3",
              "1.15.12-gke.2",
              "1.15.11-gke.17",
              "1.15.11-gke.15",
              "1.15.11-gke.13",
              "1.15.11-gke.12",
              "1.15.11-gke.11",
              "1.15.11-gke.9",
              "1.15.11-gke.5",
              "1.15.11-gke.3",
              "1.15.11-gke.1",
              "1.15.9-gke.26",
              "1.15.9-gke.24",
              "1.15.9-gke.22",
              "1.15.9-gke.12",
              "1.15.9-gke.9",
              "1.15.9-gke.8",
              "1.15.8-gke.3",
              "1.15.8-gke.2",
              "1.15.7-gke.23",
              "1.15.7-gke.2",
              "1.15.4-gke.22",
              "1.14.10-gke.1504",
              "1.14.10-gke.902",
              "1.14.10-gke.50",
              "1.14.10-gke.46",
              "1.14.10-gke.45",
              "1.14.10-gke.42",
              "1.14.10-gke.41",
              "1.14.10-gke.40",
              "1.14.10-gke.37",
              "1.14.10-gke.36",
              "1.14.10-gke.34",
              "1.14.10-gke.32",
              "1.14.10-gke.31",
              "1.14.10-gke.27",
              "1.14.10-gke.24",
              "1.14.10-gke.22",
              "1.14.10-gke.21",
              "1.14.10-gke.17",
              "1.14.10-gke.0",
              "1.14.9-gke.23",
              "1.14.9-gke.2",
              "1.14.9-gke.0",
              "1.14.8-gke.33",
              "1.14.8-gke.21",
              "1.14.8-gke.18",
              "1.14.8-gke.17",
              "1.14.8-gke.14",
              "1.14.8-gke.12",
              "1.14.8-gke.7",
              "1.14.8-gke.2",
              "1.14.7-gke.40",
              "1.14.7-gke.25",
              "1.14.7-gke.23",
              "1.14.7-gke.17",
              "1.14.7-gke.14",
              "1.14.7-gke.10",
              "1.14.6-gke.13",
              "1.14.6-gke.2",
              "1.14.6-gke.1",
              "1.14.3-gke.11",
              "1.14.3-gke.10",
              "1.14.3-gke.9",
              "1.14.2-gke.9",
              "1.14.1-gke.5",
              "1.13.12-gke.30",
              "1.13.12-gke.25",
              "1.13.12-gke.17",
              "1.13.12-gke.16",
              "1.13.12-gke.14",
              "1.13.12-gke.13",
              "1.13.12-gke.10",
              "1.13.12-gke.8",
              "1.13.12-gke.4",
              "1.13.12-gke.2",
              "1.13.11-gke.23",
              "1.13.11-gke.15",
              "1.13.11-gke.14",
              "1.13.11-gke.12",
              "1.13.11-gke.11",
              "1.13.11-gke.9",
              "1.13.11-gke.5",
              "1.13.10-gke.7",
              "1.13.10-gke.0",
              "1.13.9-gke.11",
              "1.13.9-gke.3",
              "1.13.7-gke.24",
              "1.13.7-gke.19",
              "1.13.7-gke.15",
              "1.13.7-gke.8",
              "1.13.7-gke.0",
              "1.13.6-gke.13",
              "1.13.6-gke.6",
              "1.13.6-gke.5",
              "1.13.6-gke.0",
              "1.13.5-gke.10",
              "1.12.10-gke.22",
              "1.12.10-gke.20",
              "1.12.10-gke.19",
              "1.12.10-gke.18",
              "1.12.10-gke.17",
              "1.12.10-gke.15",
              "1.12.10-gke.13",
              "1.12.10-gke.11",
              "1.12.10-gke.5",
              "1.12.9-gke.16",
              "1.12.9-gke.15",
              "1.12.9-gke.13",
              "1.12.9-gke.10",
              "1.12.9-gke.7",
              "1.12.9-gke.3",
              "1.12.8-gke.12",
              "1.12.8-gke.10",
              "1.12.8-gke.7",
              "1.12.8-gke.6",
              "1.12.7-gke.26",
              "1.12.7-gke.25",
              "1.12.7-gke.24",
              "1.12.7-gke.22",
              "1.12.7-gke.21",
              "1.12.7-gke.17",
              "1.12.7-gke.10",
              "1.12.7-gke.7",
              "1.12.6-gke.11",
              "1.12.6-gke.10",
              "1.12.6-gke.7",
              "1.12.5-gke.10",
              "1.12.5-gke.5",
              "1.11.10-gke.6",
              "1.11.10-gke.5"
            ],
            "version_prefix": null
          },
          "sensitive_attributes": []
        }
      ]
    },
    {
      "module": "module.server-cluster",
      "mode": "data",
      "type": "google_container_engine_versions",
      "name": "zone",
      "provider": "provider[\"registry.terraform.io/hashicorp/google\"]",
      "instances": [
        {
          "schema_version": 0,
          "attributes": {
            "default_cluster_version": "1.17.15-gke.800",
            "id": "2021-02-22 16:04:08.963257094 +0000 UTC",
            "latest_master_version": "1.18.15-gke.1500",
            "latest_node_version": "1.18.15-gke.1500",
            "location": "us-west1-a",
            "project": "jk-mlops-dev",
            "release_channel_default_version": {
              "RAPID": "1.19.7-gke.1302",
              "REGULAR": "1.18.12-gke.1210",
              "STABLE": "1.17.15-gke.800"
            },
            "valid_master_versions": [
              "1.18.15-gke.1500",
              "1.18.15-gke.1100",
              "1.18.14-gke.1600",
              "1.18.14-gke.1200",
              "1.18.12-gke.1210",
              "1.18.12-gke.1206",
              "1.17.17-gke.1500",
              "1.17.17-gke.1100",
              "1.17.17-gke.600",
              "1.17.16-gke.1600",
              "1.17.16-gke.1300",
              "1.17.15-gke.800",
              "1.16.15-gke.11800",
              "1.16.15-gke.10600",
              "1.16.15-gke.7800",
              "1.15.12-gke.6002"
            ],
            "valid_node_versions": [
              "1.18.15-gke.1500",
              "1.18.15-gke.1100",
              "1.18.15-gke.800",
              "1.18.14-gke.1600",
              "1.18.14-gke.1200",
              "1.18.12-gke.1210",
              "1.18.12-gke.1206",
              "1.18.12-gke.1205",
              "1.18.12-gke.1201",
              "1.18.12-gke.1200",
              "1.18.12-gke.300",
              "1.18.10-gke.2701",
              "1.18.10-gke.2101",
              "1.18.10-gke.1500",
              "1.18.10-gke.601",
              "1.18.9-gke.2501",
              "1.18.9-gke.1501",
              "1.18.9-gke.801",
              "1.18.6-gke.4801",
              "1.18.6-gke.3504",
              "1.18.6-gke.3503",
              "1.17.17-gke.1500",
              "1.17.17-gke.1100",
              "1.17.17-gke.600",
              "1.17.16-gke.1600",
              "1.17.16-gke.1300",
              "1.17.15-gke.800",
              "1.17.15-gke.300",
              "1.17.14-gke.1600",
              "1.17.14-gke.1200",
              "1.17.14-gke.400",
              "1.17.13-gke.2600",
              "1.17.13-gke.2001",
              "1.17.13-gke.1401",
              "1.17.13-gke.1400",
              "1.17.13-gke.600",
              "1.17.12-gke.2502",
              "1.17.12-gke.1504",
              "1.17.12-gke.1501",
              "1.17.12-gke.500",
              "1.17.9-gke.6300",
              "1.17.9-gke.1504",
              "1.16.15-gke.11800",
              "1.16.15-gke.10600",
              "1.16.15-gke.7800",
              "1.16.15-gke.7300",
              "1.16.15-gke.6900",
              "1.16.15-gke.6000",
              "1.16.15-gke.5500",
              "1.16.15-gke.4901",
              "1.16.15-gke.4301",
              "1.16.15-gke.4300",
              "1.16.15-gke.3500",
              "1.16.15-gke.2601",
              "1.16.15-gke.1600",
              "1.16.15-gke.500",
              "1.16.13-gke.404",
              "1.16.13-gke.403",
              "1.16.13-gke.401",
              "1.16.13-gke.400",
              "1.16.13-gke.1",
              "1.16.11-gke.5",
              "1.16.10-gke.8",
              "1.16.9-gke.6",
              "1.16.9-gke.2",
              "1.16.8-gke.15",
              "1.16.8-gke.12",
              "1.16.8-gke.9",
              "1.15.12-gke.6002",
              "1.15.12-gke.6001",
              "1.15.12-gke.5000",
              "1.15.12-gke.4002",
              "1.15.12-gke.4000",
              "1.15.12-gke.20",
              "1.15.12-gke.17",
              "1.15.12-gke.16",
              "1.15.12-gke.13",
              "1.15.12-gke.9",
              "1.15.12-gke.6",
              "1.15.12-gke.3",
              "1.15.12-gke.2",
              "1.15.11-gke.17",
              "1.15.11-gke.15",
              "1.15.11-gke.13",
              "1.15.11-gke.12",
              "1.15.11-gke.11",
              "1.15.11-gke.9",
              "1.15.11-gke.5",
              "1.15.11-gke.3",
              "1.15.11-gke.1",
              "1.15.9-gke.26",
              "1.15.9-gke.24",
              "1.15.9-gke.22",
              "1.15.9-gke.12",
              "1.15.9-gke.9",
              "1.15.9-gke.8",
              "1.15.8-gke.3",
              "1.15.8-gke.2",
              "1.15.7-gke.23",
              "1.15.7-gke.2",
              "1.15.4-gke.22",
              "1.14.10-gke.1504",
              "1.14.10-gke.902",
              "1.14.10-gke.50",
              "1.14.10-gke.46",
              "1.14.10-gke.45",
              "1.14.10-gke.42",
              "1.14.10-gke.41",
              "1.14.10-gke.40",
              "1.14.10-gke.37",
              "1.14.10-gke.36",
              "1.14.10-gke.34",
              "1.14.10-gke.32",
              "1.14.10-gke.31",
              "1.14.10-gke.27",
              "1.14.10-gke.24",
              "1.14.10-gke.22",
              "1.14.10-gke.21",
              "1.14.10-gke.17",
              "1.14.10-gke.0",
              "1.14.9-gke.23",
              "1.14.9-gke.2",
              "1.14.9-gke.0",
              "1.14.8-gke.33",
              "1.14.8-gke.21",
              "1.14.8-gke.18",
              "1.14.8-gke.17",
              "1.14.8-gke.14",
              "1.14.8-gke.12",
              "1.14.8-gke.7",
              "1.14.8-gke.2",
              "1.14.7-gke.40",
              "1.14.7-gke.25",
              "1.14.7-gke.23",
              "1.14.7-gke.17",
              "1.14.7-gke.14",
              "1.14.7-gke.10",
              "1.14.6-gke.13",
              "1.14.6-gke.2",
              "1.14.6-gke.1",
              "1.14.3-gke.11",
              "1.14.3-gke.10",
              "1.14.3-gke.9",
              "1.14.2-gke.9",
              "1.14.1-gke.5",
              "1.13.12-gke.30",
              "1.13.12-gke.25",
              "1.13.12-gke.17",
              "1.13.12-gke.16",
              "1.13.12-gke.14",
              "1.13.12-gke.13",
              "1.13.12-gke.10",
              "1.13.12-gke.8",
              "1.13.12-gke.4",
              "1.13.12-gke.2",
              "1.13.11-gke.23",
              "1.13.11-gke.15",
              "1.13.11-gke.14",
              "1.13.11-gke.12",
              "1.13.11-gke.11",
              "1.13.11-gke.9",
              "1.13.11-gke.5",
              "1.13.10-gke.7",
              "1.13.10-gke.0",
              "1.13.9-gke.11",
              "1.13.9-gke.3",
              "1.13.7-gke.24",
              "1.13.7-gke.19",
              "1.13.7-gke.15",
              "1.13.7-gke.8",
              "1.13.7-gke.0",
              "1.13.6-gke.13",
              "1.13.6-gke.6",
              "1.13.6-gke.5",
              "1.13.6-gke.0",
              "1.13.5-gke.10",
              "1.12.10-gke.22",
              "1.12.10-gke.20",
              "1.12.10-gke.19",
              "1.12.10-gke.18",
              "1.12.10-gke.17",
              "1.12.10-gke.15",
              "1.12.10-gke.13",
              "1.12.10-gke.11",
              "1.12.10-gke.5",
              "1.12.9-gke.16",
              "1.12.9-gke.15",
              "1.12.9-gke.13",
              "1.12.9-gke.10",
              "1.12.9-gke.7",
              "1.12.9-gke.3",
              "1.12.8-gke.12",
              "1.12.8-gke.10",
              "1.12.8-gke.7",
              "1.12.8-gke.6",
              "1.12.7-gke.26",
              "1.12.7-gke.25",
              "1.12.7-gke.24",
              "1.12.7-gke.22",
              "1.12.7-gke.21",
              "1.12.7-gke.17",
              "1.12.7-gke.10",
              "1.12.7-gke.7",
              "1.12.6-gke.11",
              "1.12.6-gke.10",
              "1.12.6-gke.7",
              "1.12.5-gke.10",
              "1.12.5-gke.5",
              "1.11.10-gke.6",
              "1.11.10-gke.5"
            ],
            "version_prefix": null
          },
          "sensitive_attributes": []
        }
      ]
    },
    {
      "module": "module.server-cluster",
      "mode": "managed",
      "type": "google_container_cluster",
      "name": "primary",
      "provider": "provider[\"registry.terraform.io/hashicorp/google-beta\"]",
      "instances": [
        {
          "schema_version": 1,
          "attributes": {
            "addons_config": [
              {
                "cloudrun_config": [],
                "config_connector_config": [
                  {
                    "enabled": false
                  }
                ],
                "dns_cache_config": [
                  {
                    "enabled": false
                  }
                ],
                "gce_persistent_disk_csi_driver_config": [
                  {
                    "enabled": false
                  }
                ],
                "horizontal_pod_autoscaling": [
                  {
                    "disabled": false
                  }
                ],
                "http_load_balancing": [
                  {
                    "disabled": false
                  }
                ],
                "istio_config": [
                  {
                    "auth": "AUTH_MUTUAL_TLS",
                    "disabled": true
                  }
                ],
                "kalm_config": [
                  {
                    "enabled": false
                  }
                ],
                "network_policy_config": [
                  {
                    "disabled": false
                  }
                ]
              }
            ],
            "authenticator_groups_config": [],
            "cluster_autoscaling": [
              {
                "auto_provisioning_defaults": [],
                "autoscaling_profile": "BALANCED",
                "enabled": false,
                "resource_limits": []
              }
            ],
            "cluster_ipv4_cidr": "10.12.0.0/14",
            "cluster_telemetry": [
              {
                "type": "ENABLED"
              }
            ],
            "confidential_nodes": [],
            "database_encryption": [
              {
                "key_name": "",
                "state": "DECRYPTED"
              }
            ],
            "datapath_provider": "",
            "default_max_pods_per_node": 110,
            "default_snat_status": [
              {
                "disabled": false
              }
            ],
            "description": "",
            "enable_binary_authorization": false,
            "enable_intranode_visibility": false,
            "enable_kubernetes_alpha": false,
            "enable_legacy_abac": false,
            "enable_shielded_nodes": true,
            "enable_tpu": false,
            "endpoint": "35.247.81.102",
            "id": "projects/jk-mlops-dev/locations/us-west1-a/clusters/gke-cluster-server",
            "initial_node_count": 0,
            "instance_group_urls": [
              "https://www.googleapis.com/compute/beta/projects/jk-mlops-dev/zones/us-west1-a/instanceGroups/gke-gke-cluster-server-default-pool-32574af0-grp"
            ],
            "ip_allocation_policy": [
              {
                "cluster_ipv4_cidr_block": "10.12.0.0/14",
                "cluster_secondary_range_name": "gke-gke-cluster-server-pods-8ce2ad2e",
                "services_ipv4_cidr_block": "10.16.0.0/20",
                "services_secondary_range_name": "gke-gke-cluster-server-services-8ce2ad2e"
              }
            ],
            "label_fingerprint": "6affcf98",
            "location": "us-west1-a",
            "logging_service": "logging.googleapis.com/kubernetes",
            "maintenance_policy": [
              {
                "daily_maintenance_window": [
                  {
                    "duration": "PT4H0M0S",
                    "start_time": "05:00"
                  }
                ],
                "maintenance_exclusion": [],
                "recurring_window": []
              }
            ],
            "master_auth": [
              {
                "client_certificate": "",
                "client_certificate_config": [
                  {
                    "issue_client_certificate": false
                  }
                ],
                "client_key": "",
                "cluster_ca_certificate": "LS0tLS1CRUdJTiBDRVJUSUZJQ0FURS0tLS0tCk1JSURLekNDQWhPZ0F3SUJBZ0lSQU5ZSkEwd2dFQkxVRUlzdWRRRGRGWGN3RFFZSktvWklodmNOQVFFTEJRQXcKTHpFdE1Dc0dBMVVFQXhNa01tSTJabU14Wm1RdE1tUTVOQzAwWm1ReUxUazVNRE10WTJNNU9XWmtZV0kxWlRNegpNQjRYRFRJeE1ESXlNakUxTURReU4xb1hEVEkyTURJeU1URTJNRFF5TjFvd0x6RXRNQ3NHQTFVRUF4TWtNbUkyClptTXhabVF0TW1RNU5DMDBabVF5TFRrNU1ETXRZMk01T1daa1lXSTFaVE16TUlJQklqQU5CZ2txaGtpRzl3MEIKQVFFRkFBT0NBUThBTUlJQkNnS0NBUUVBd0ZsRUt2SC9Ja1NPdzdFRjZhdmpYY1pXVHl4R3Nkd2JuUEg0dGxNeQpDSEQ2WTBRdGp1aHFxbmFwNkhDMDRYbXgxZDl4Z2dRaCttWGpXUTdzczdGbkIwY29raDUyL1R3SmF0TmFrSUdECnAzcE0zbEdBdWkzT0xQeDRjaUJUQ3owZXdYTzE4MjhDVFdwYUpldm5ITFB0Zi85clc4QndhYXpXM29oUzk4ZVMKcW5Mcng4R1N6TkxSYk1xeDQ0VUdFUzJmUjUrVXJYL3p4RWNNTXA2NVNDNDRBYU1aY1dpTFpHR1RNRVk0cGExeQpkVjMwa1NBK0kreWkvcHZEejY2KytGWXdjMlBsUWNSSmExeFJkZENpczlSRlNINzcxR3ZIM0RZYWdKcTNsTlV5CjUrczF6NXhrN09xMXM5dHJCVndTTlphU2tMSkRDY0F2cGJkV0dYMEw3YnBWUVFJREFRQUJvMEl3UURBT0JnTlYKSFE4QkFmOEVCQU1DQWdRd0R3WURWUjBUQVFIL0JBVXdBd0VCL3pBZEJnTlZIUTRFRmdRVXFDU1dQOEZ1bzZETgpUcGpORHI4bldHS0JJUW93RFFZSktvWklodmNOQVFFTEJRQURnZ0VCQUJpZHI5a2V5MHdFOXpNUG4yTDFMbTBvClZWaFZIbm9Qbk9MMFRTZVpPT0gwNnFHVkxmQ1d5andnK3hkVkswRkNiZFhWYTBXRFVpRy9LeTBHaHZhSDN0cmQKYXJ5bHRuYVFzRXMxL1VtWlRkLzdXZnZVeEtWKzBnaU5vV3ZqZVljWEF2NU9mZDhFMEI4ZjlWWThyaG9zeEk0aQpUOEQvUGhCMmpkSDFFQWVFdGFWaC9TYWIyL2ZKQ0FlQ1pIcm80cWV6Qi9nbVM4SXkraUlkOVMvenBXdlVYOVh6CjViR0hSOGJxQ0RmUGxYUUdsMk5Oc2JMb0lGMGxUNjBMdVZoSjdPQ25jV2VuazhLMytndTFPMExCMStMRUpHcG0KUzRTb2dKL1l6RDJsQStXSHIxRnY2Zmk5SnNqYXJJd3ozM3JBcUVRbGc2cHI5azZXVmxSKzdzZWxwT1p4RGxVPQotLS0tLUVORCBDRVJUSUZJQ0FURS0tLS0tCg==",
                "password": "",
                "username": ""
              }
            ],
            "master_authorized_networks_config": [],
            "master_version": "1.18.12-gke.1210",
            "min_master_version": null,
            "monitoring_service": "monitoring.googleapis.com/kubernetes",
            "name": "gke-cluster-server",
            "network": "projects/jk-mlops-dev/global/networks/default",
            "network_policy": [
              {
                "enabled": true,
                "provider": "CALICO"
              }
            ],
            "networking_mode": "VPC_NATIVE",
            "node_config": [
              {
                "boot_disk_kms_key": "",
                "disk_size_gb": 100,
                "disk_type": "pd-standard",
                "guest_accelerator": [],
                "image_type": "COS",
                "kubelet_config": [],
                "labels": {},
                "linux_node_config": [],
                "local_ssd_count": 0,
                "machine_type": "e2-medium",
                "metadata": {
                  "disable-legacy-endpoints": "true"
                },
                "min_cpu_platform": "",
                "oauth_scopes": [
                  "https://www.googleapis.com/auth/logging.write",
                  "https://www.googleapis.com/auth/monitoring"
                ],
                "preemptible": false,
                "sandbox_config": [],
                "service_account": "tf-gke-gke-cluster-ser-7mfa@jk-mlops-dev.iam.gserviceaccount.com",
                "shielded_instance_config": [
                  {
                    "enable_integrity_monitoring": true,
                    "enable_secure_boot": false
                  }
                ],
                "tags": [],
                "taint": [],
                "workload_metadata_config": [
                  {
                    "node_metadata": "GKE_METADATA_SERVER"
                  }
                ]
              }
            ],
            "node_locations": [],
            "node_pool": [
              {
                "autoscaling": [],
                "initial_node_count": 0,
                "instance_group_urls": [
                  "https://www.googleapis.com/compute/v1/projects/jk-mlops-dev/zones/us-west1-a/instanceGroupManagers/gke-gke-cluster-server-default-pool-32574af0-grp"
                ],
                "management": [
                  {
                    "auto_repair": true,
                    "auto_upgrade": true
                  }
                ],
                "max_pods_per_node": 110,
                "name": "default-pool",
                "name_prefix": "",
                "node_config": [
                  {
                    "boot_disk_kms_key": "",
                    "disk_size_gb": 100,
                    "disk_type": "pd-standard",
                    "guest_accelerator": [],
                    "image_type": "COS",
                    "kubelet_config": [],
                    "labels": {},
                    "linux_node_config": [],
                    "local_ssd_count": 0,
                    "machine_type": "e2-medium",
                    "metadata": {
                      "disable-legacy-endpoints": "true"
                    },
                    "min_cpu_platform": "",
                    "oauth_scopes": [
                      "https://www.googleapis.com/auth/logging.write",
                      "https://www.googleapis.com/auth/monitoring"
                    ],
                    "preemptible": false,
                    "sandbox_config": [],
                    "service_account": "tf-gke-gke-cluster-ser-7mfa@jk-mlops-dev.iam.gserviceaccount.com",
                    "shielded_instance_config": [
                      {
                        "enable_integrity_monitoring": true,
                        "enable_secure_boot": false
                      }
                    ],
                    "tags": null,
                    "taint": [],
                    "workload_metadata_config": [
                      {
                        "node_metadata": "GKE_METADATA_SERVER"
                      }
                    ]
                  }
                ],
                "node_count": 0,
                "node_locations": [
                  "us-west1-a"
                ],
                "upgrade_settings": [
                  {
                    "max_surge": 1,
                    "max_unavailable": 0
                  }
                ],
                "version": "1.18.12-gke.1210"
              }
            ],
            "node_version": "1.18.12-gke.1210",
            "notification_config": [
              {
                "pubsub": [
                  {
                    "enabled": false,
                    "topic": ""
                  }
                ]
              }
            ],
            "operation": null,
            "pod_security_policy_config": [
              {
                "enabled": false
              }
            ],
            "private_cluster_config": [],
            "project": "jk-mlops-dev",
            "release_channel": [
              {
                "channel": "REGULAR"
              }
            ],
            "remove_default_node_pool": false,
            "resource_labels": {
              "mesh_id": "proj-895222332033"
            },
            "resource_usage_export_config": [],
            "self_link": "https://container.googleapis.com/v1beta1/projects/jk-mlops-dev/zones/us-west1-a/clusters/gke-cluster-server",
            "services_ipv4_cidr": "10.16.0.0/20",
            "subnetwork": "projects/jk-mlops-dev/regions/us-west1/subnetworks/default",
            "timeouts": {
              "create": "45m",
              "delete": "45m",
              "read": null,
              "update": "45m"
            },
            "tpu_ipv4_cidr_block": "",
            "vertical_pod_autoscaling": [
              {
                "enabled": false
              }
            ],
            "workload_identity_config": [
              {
                "identity_namespace": "jk-mlops-dev.svc.id.goog"
              }
            ]
          },
          "sensitive_attributes": [],
          "private": "eyJlMmJmYjczMC1lY2FhLTExZTYtOGY4OC0zNDM2M2JjN2M0YzAiOnsiY3JlYXRlIjoyNzAwMDAwMDAwMDAwLCJkZWxldGUiOjI3MDAwMDAwMDAwMDAsInJlYWQiOjI0MDAwMDAwMDAwMDAsInVwZGF0ZSI6MjcwMDAwMDAwMDAwMH0sInNjaGVtYV92ZXJzaW9uIjoiMSJ9",
          "dependencies": [
            "data.google_client_config.current",
            "data.google_project.project",
            "module.project-services.google_project_service.project_services",
            "module.server-cluster.data.google_compute_zones.available",
            "module.server-cluster.data.google_container_engine_versions.region",
            "module.server-cluster.data.google_container_engine_versions.zone",
            "module.server-cluster.google_service_account.cluster_service_account",
            "module.server-cluster.random_shuffle.available_zones",
            "module.server-cluster.random_string.cluster_service_account_suffix"
          ]
        }
      ]
    },
    {
      "module": "module.server-cluster",
      "mode": "managed",
      "type": "google_container_node_pool",
      "name": "pools",
      "provider": "provider[\"registry.terraform.io/hashicorp/google-beta\"]",
      "instances": [
        {
          "index_key": "default-node-pool",
          "schema_version": 1,
          "attributes": {
            "autoscaling": [],
            "cluster": "gke-cluster-server",
            "id": "projects/jk-mlops-dev/locations/us-west1-a/clusters/gke-cluster-server/nodePools/default-node-pool",
            "initial_node_count": 1,
            "instance_group_urls": [
              "https://www.googleapis.com/compute/v1/projects/jk-mlops-dev/zones/us-west1-a/instanceGroupManagers/gke-gke-cluster-serv-default-node-poo-e03a3bb8-grp"
            ],
            "location": "us-west1-a",
            "management": [
              {
                "auto_repair": true,
                "auto_upgrade": true
              }
            ],
            "max_pods_per_node": 110,
            "name": "default-node-pool",
            "name_prefix": "",
            "node_config": [
              {
                "boot_disk_kms_key": "",
                "disk_size_gb": 100,
                "disk_type": "pd-standard",
                "guest_accelerator": [],
                "image_type": "COS",
                "kubelet_config": [],
                "labels": {
                  "cluster_name": "gke-cluster-server",
                  "node_pool": "default-node-pool"
                },
                "linux_node_config": [],
                "local_ssd_count": 0,
                "machine_type": "n1-standard-4",
                "metadata": {
                  "cluster_name": "gke-cluster-server",
                  "disable-legacy-endpoints": "true",
                  "node_pool": "default-node-pool"
                },
                "min_cpu_platform": "",
                "oauth_scopes": [
                  "https://www.googleapis.com/auth/cloud-platform"
                ],
                "preemptible": false,
                "sandbox_config": [],
                "service_account": "tf-gke-gke-cluster-ser-7mfa@jk-mlops-dev.iam.gserviceaccount.com",
                "shielded_instance_config": [
                  {
                    "enable_integrity_monitoring": true,
                    "enable_secure_boot": false
                  }
                ],
                "tags": [
                  "gke-gke-cluster-server",
                  "gke-gke-cluster-server-default-node-pool"
                ],
                "taint": [],
                "workload_metadata_config": [
                  {
                    "node_metadata": "GKE_METADATA_SERVER"
                  }
                ]
              }
            ],
            "node_count": 1,
            "node_locations": [
              "us-west1-a"
            ],
            "project": "jk-mlops-dev",
            "timeouts": {
              "create": "45m",
              "delete": "45m",
              "update": "45m"
            },
            "upgrade_settings": [
              {
                "max_surge": 1,
                "max_unavailable": 0
              }
            ],
            "version": "1.18.12-gke.1210"
          },
          "sensitive_attributes": [],
          "private": "eyJlMmJmYjczMC1lY2FhLTExZTYtOGY4OC0zNDM2M2JjN2M0YzAiOnsiY3JlYXRlIjoyNzAwMDAwMDAwMDAwLCJkZWxldGUiOjI3MDAwMDAwMDAwMDAsInVwZGF0ZSI6MjcwMDAwMDAwMDAwMH0sInNjaGVtYV92ZXJzaW9uIjoiMSJ9",
          "dependencies": [
            "data.google_client_config.current",
            "data.google_project.project",
            "module.project-services.google_project_service.project_services",
            "module.server-cluster.data.google_compute_zones.available",
            "module.server-cluster.data.google_container_engine_versions.region",
            "module.server-cluster.data.google_container_engine_versions.zone",
            "module.server-cluster.google_container_cluster.primary",
            "module.server-cluster.google_service_account.cluster_service_account",
            "module.server-cluster.random_shuffle.available_zones",
            "module.server-cluster.random_string.cluster_service_account_suffix"
          ]
        }
      ]
    },
    {
      "module": "module.server-cluster",
      "mode": "managed",
      "type": "google_project_iam_member",
      "name": "cluster_service_account-log_writer",
      "provider": "provider[\"registry.terraform.io/hashicorp/google\"]",
      "instances": [
        {
          "index_key": 0,
          "schema_version": 0,
          "attributes": {
            "condition": [],
            "etag": "BwW77vUTIBY=",
            "id": "jk-mlops-dev/roles/logging.logWriter/serviceaccount:tf-gke-gke-cluster-ser-7mfa@jk-mlops-dev.iam.gserviceaccount.com",
            "member": "serviceAccount:tf-gke-gke-cluster-ser-7mfa@jk-mlops-dev.iam.gserviceaccount.com",
            "project": "jk-mlops-dev",
            "role": "roles/logging.logWriter"
          },
          "sensitive_attributes": [],
          "private": "bnVsbA==",
          "dependencies": [
            "data.google_client_config.current",
            "module.project-services.google_project_service.project_services",
            "module.server-cluster.google_service_account.cluster_service_account",
            "module.server-cluster.random_string.cluster_service_account_suffix"
          ]
        }
      ]
    },
    {
      "module": "module.server-cluster",
      "mode": "managed",
      "type": "google_project_iam_member",
      "name": "cluster_service_account-metric_writer",
      "provider": "provider[\"registry.terraform.io/hashicorp/google\"]",
      "instances": [
        {
          "index_key": 0,
          "schema_version": 0,
          "attributes": {
            "condition": [],
            "etag": "BwW77vWO1e4=",
            "id": "jk-mlops-dev/roles/monitoring.metricWriter/serviceaccount:tf-gke-gke-cluster-ser-7mfa@jk-mlops-dev.iam.gserviceaccount.com",
            "member": "serviceAccount:tf-gke-gke-cluster-ser-7mfa@jk-mlops-dev.iam.gserviceaccount.com",
            "project": "jk-mlops-dev",
            "role": "roles/monitoring.metricWriter"
          },
          "sensitive_attributes": [],
          "private": "bnVsbA==",
          "dependencies": [
            "data.google_client_config.current",
            "module.project-services.google_project_service.project_services",
            "module.server-cluster.google_project_iam_member.cluster_service_account-log_writer",
            "module.server-cluster.google_service_account.cluster_service_account",
            "module.server-cluster.random_string.cluster_service_account_suffix"
          ]
        }
      ]
    },
    {
      "module": "module.server-cluster",
      "mode": "managed",
      "type": "google_project_iam_member",
      "name": "cluster_service_account-monitoring_viewer",
      "provider": "provider[\"registry.terraform.io/hashicorp/google\"]",
      "instances": [
        {
          "index_key": 0,
          "schema_version": 0,
          "attributes": {
            "condition": [],
            "etag": "BwW77vYENyQ=",
            "id": "jk-mlops-dev/roles/monitoring.viewer/serviceaccount:tf-gke-gke-cluster-ser-7mfa@jk-mlops-dev.iam.gserviceaccount.com",
            "member": "serviceAccount:tf-gke-gke-cluster-ser-7mfa@jk-mlops-dev.iam.gserviceaccount.com",
            "project": "jk-mlops-dev",
            "role": "roles/monitoring.viewer"
          },
          "sensitive_attributes": [],
          "private": "bnVsbA==",
          "dependencies": [
            "data.google_client_config.current",
            "module.project-services.google_project_service.project_services",
            "module.server-cluster.google_project_iam_member.cluster_service_account-log_writer",
            "module.server-cluster.google_project_iam_member.cluster_service_account-metric_writer",
            "module.server-cluster.google_service_account.cluster_service_account",
            "module.server-cluster.random_string.cluster_service_account_suffix"
          ]
        }
      ]
    },
    {
      "module": "module.server-cluster",
      "mode": "managed",
      "type": "google_project_iam_member",
      "name": "cluster_service_account-resourceMetadata-writer",
      "provider": "provider[\"registry.terraform.io/hashicorp/google\"]",
      "instances": [
        {
          "index_key": 0,
          "schema_version": 0,
          "attributes": {
            "condition": [],
            "etag": "BwW77vZ54eQ=",
            "id": "jk-mlops-dev/roles/stackdriver.resourceMetadata.writer/serviceaccount:tf-gke-gke-cluster-ser-7mfa@jk-mlops-dev.iam.gserviceaccount.com",
            "member": "serviceAccount:tf-gke-gke-cluster-ser-7mfa@jk-mlops-dev.iam.gserviceaccount.com",
            "project": "jk-mlops-dev",
            "role": "roles/stackdriver.resourceMetadata.writer"
          },
          "sensitive_attributes": [],
          "private": "bnVsbA==",
          "dependencies": [
            "data.google_client_config.current",
            "module.project-services.google_project_service.project_services",
            "module.server-cluster.google_project_iam_member.cluster_service_account-log_writer",
            "module.server-cluster.google_project_iam_member.cluster_service_account-metric_writer",
            "module.server-cluster.google_project_iam_member.cluster_service_account-monitoring_viewer",
            "module.server-cluster.google_service_account.cluster_service_account",
            "module.server-cluster.random_string.cluster_service_account_suffix"
          ]
        }
      ]
    },
    {
      "module": "module.server-cluster",
      "mode": "managed",
      "type": "google_service_account",
      "name": "cluster_service_account",
      "provider": "provider[\"registry.terraform.io/hashicorp/google\"]",
      "instances": [
        {
          "index_key": 0,
          "schema_version": 0,
          "attributes": {
            "account_id": "tf-gke-gke-cluster-ser-7mfa",
            "description": "",
            "display_name": "Terraform-managed service account for cluster gke-cluster-server",
            "email": "tf-gke-gke-cluster-ser-7mfa@jk-mlops-dev.iam.gserviceaccount.com",
            "id": "projects/jk-mlops-dev/serviceAccounts/tf-gke-gke-cluster-ser-7mfa@jk-mlops-dev.iam.gserviceaccount.com",
            "name": "projects/jk-mlops-dev/serviceAccounts/tf-gke-gke-cluster-ser-7mfa@jk-mlops-dev.iam.gserviceaccount.com",
            "project": "jk-mlops-dev",
            "timeouts": null,
            "unique_id": "106598050891632439197"
          },
          "sensitive_attributes": [],
          "private": "eyJlMmJmYjczMC1lY2FhLTExZTYtOGY4OC0zNDM2M2JjN2M0YzAiOnsiY3JlYXRlIjozMDAwMDAwMDAwMDB9fQ==",
          "dependencies": [
            "data.google_client_config.current",
            "module.project-services.google_project_service.project_services",
            "module.server-cluster.random_string.cluster_service_account_suffix"
          ]
        }
      ]
    },
    {
      "module": "module.server-cluster",
      "mode": "managed",
      "type": "random_shuffle",
      "name": "available_zones",
      "provider": "provider[\"registry.terraform.io/hashicorp/random\"]",
      "instances": [
        {
          "schema_version": 0,
          "attributes": {
            "id": "-",
            "input": [
              "us-west1-a",
              "us-west1-b",
              "us-west1-c"
            ],
            "keepers": null,
            "result": [
              "us-west1-b",
              "us-west1-c",
              "us-west1-a"
            ],
            "result_count": 3,
            "seed": null
          },
          "sensitive_attributes": [],
          "private": "bnVsbA==",
          "dependencies": [
            "module.server-cluster.data.google_compute_zones.available"
          ]
        }
      ]
    },
    {
      "module": "module.server-cluster",
      "mode": "managed",
      "type": "random_string",
      "name": "cluster_service_account_suffix",
      "provider": "provider[\"registry.terraform.io/hashicorp/random\"]",
      "instances": [
        {
          "schema_version": 1,
          "attributes": {
            "id": "7mfa",
            "keepers": null,
            "length": 4,
            "lower": true,
            "min_lower": 0,
            "min_numeric": 0,
            "min_special": 0,
            "min_upper": 0,
            "number": true,
            "override_special": null,
            "result": "7mfa",
            "special": false,
            "upper": false
          },
          "sensitive_attributes": [],
          "private": "eyJzY2hlbWFfdmVyc2lvbiI6IjEifQ=="
        }
      ]
    },
    {
      "module": "module.server-cluster.module.gcloud_delete_default_kube_dns_configmap.module.gcloud_kubectl",
      "mode": "managed",
      "type": "null_resource",
      "name": "module_depends_on",
      "provider": "provider[\"registry.terraform.io/hashicorp/null\"]",
      "instances": [
        {
          "index_key": 0,
          "schema_version": 0,
          "attributes": {
            "id": "2220928991543204542",
            "triggers": {
              "value": "3"
            }
          },
          "sensitive_attributes": [],
          "private": "bnVsbA==",
          "dependencies": [
            "data.google_client_config.current",
            "data.google_project.project",
            "module.project-services.google_project_service.project_services",
            "module.server-cluster.data.google_client_config.default",
            "module.server-cluster.data.google_compute_zones.available",
            "module.server-cluster.data.google_container_engine_versions.region",
            "module.server-cluster.data.google_container_engine_versions.zone",
            "module.server-cluster.google_container_cluster.primary",
            "module.server-cluster.google_container_node_pool.pools",
            "module.server-cluster.google_service_account.cluster_service_account",
            "module.server-cluster.random_shuffle.available_zones",
            "module.server-cluster.random_string.cluster_service_account_suffix"
          ]
        }
      ]
    }
  ]
}
