{
  "version": 4,
  "terraform_version": "0.14.7",
  "serial": 1218,
  "lineage": "8c3850ff-1fe3-3cab-273e-6d078c57db8e",
  "outputs": {},
  "resources": [
    {
      "mode": "data",
      "type": "google_client_config",
      "name": "current",
      "provider": "provider[\"registry.terraform.io/hashicorp/google\"]",
      "instances": [
        {
          "schema_version": 0,
          "attributes": {
            "access_token": "ya29.A0AfH6SMBkdixgQBtxi48yzgIej-R8JscPh9xaRGPi_w0kiQMP3HzZkjSSNX-m5Y8TaCICGbeD6dAgi21l6_1EjWjXtWpVHDXuq2QDr96HGiT7no-9AT-I-OLwJNGnPPqeFc8tTvjj0xZzvmdyFLRlQsHyFvyktUAmQivf1n0O5JLgxsexFyOlFIkDoqYPi8r2XYEIKgaRc3uItKVNeH8J254P5p034U1yQBCQtYbxZcPTOrE2YruVcK9PJyjcl57CZNeKRdQ7tg",
            "id": "projects/jk-mlops-dev/regions/us-west1/zones/",
            "project": "jk-mlops-dev",
            "region": "us-west1",
            "zone": ""
          },
          "sensitive_attributes": []
        }
      ]
    },
    {
      "mode": "data",
      "type": "google_project",
      "name": "project",
      "provider": "provider[\"registry.terraform.io/hashicorp/google\"]",
      "instances": [
        {
          "schema_version": 0,
          "attributes": {
            "auto_create_network": null,
            "billing_account": "010FB8-631655-447437",
            "folder_id": "",
            "id": "projects/jk-mlops-dev",
            "labels": {},
            "name": "jk-mlops-dev",
            "number": "895222332033",
            "org_id": "29428042487",
            "project_id": "jk-mlops-dev",
            "skip_delete": null
          },
          "sensitive_attributes": []
        }
      ]
    },
    {
      "module": "module.acm-clients[0].module.acm_operator",
      "mode": "data",
      "type": "template_file",
      "name": "k8sop_config",
      "provider": "provider[\"registry.terraform.io/hashicorp/template\"]",
      "instances": [
        {
          "schema_version": 0,
          "attributes": {
            "filename": null,
            "id": "9bdf5439569903e49d124fea0e563a6f873defc2a34c9f94ec990a61368227ab",
            "rendered": "apiVersion: configmanagement.gke.io/v1\nkind: ConfigManagement\nmetadata:\n  name: config-management\nspec:\n  # clusterName is required and must be unique among all managed clusters\n  clusterName: gke-cluster-client-0\n  policyController:\n    enabled: true\n    templateLibraryInstalled: true\n    logDeniesEnabled: false\n  git:\n    syncRepo: https://github.com/jarokaz/tff/\n    secretType: ssh\n    policyDir: acm-configs\n    syncBranch: master\n  \n  \n",
            "template": "apiVersion: configmanagement.gke.io/v1\nkind: ConfigManagement\nmetadata:\n  name: config-management\nspec:\n  # clusterName is required and must be unique among all managed clusters\n  clusterName: ${cluster_name}\n  policyController:\n    enabled: ${enable_policy_controller}\n    templateLibraryInstalled: ${install_template_library}\n    logDeniesEnabled: ${enable_log_denies}\n  git:\n    syncRepo: ${sync_repo}\n    secretType: ${secret_type}\n    ${policy_dir_node}\n    ${sync_branch_node}\n  ${source_format_node}\n  ${hierarchy_controller_map_node}\n",
            "vars": {
              "cluster_name": "gke-cluster-client-0",
              "enable_log_denies": "false",
              "enable_policy_controller": "true",
              "hierarchy_controller_map_node": "",
              "install_template_library": "true",
              "policy_dir_node": "policyDir: acm-configs",
              "secret_type": "ssh",
              "source_format_node": "",
              "sync_branch_node": "syncBranch: master",
              "sync_repo": "https://github.com/jarokaz/tff/"
            }
          },
          "sensitive_attributes": []
        }
      ]
    },
    {
      "module": "module.acm-clients[0].module.acm_operator",
      "mode": "managed",
      "type": "tls_private_key",
      "name": "k8sop_creds",
      "provider": "provider[\"registry.terraform.io/hashicorp/tls\"]",
      "instances": [
        {
          "index_key": 0,
          "schema_version": 0,
          "attributes": {
            "algorithm": "RSA",
            "ecdsa_curve": "P224",
            "id": "0d0cbab069227c8e8b472aee6d3e036af7baf33e",
            "private_key_pem": "-----BEGIN RSA PRIVATE KEY-----\nMIIJKwIBAAKCAgEAxyg0vTN7+4i474nE9UAjyrv7vPuxae/caHbRTgH0njNWCs/+\nHyu7xkDam4iZtoKp4RbsXk4rc8k+uBlX2XSIA4STWho6jnIrWxPlYzLI2tpvcH4y\nlVEVQ1CKrKcs+0ThEepAVPNEcbJ5wQ64dZGI/bSpKE0ExDdO4nPQkdIMovkdhWWj\n9M52k+PyHhzPSIT+R2CNBxbBkI4WdvQSVWNPrsQRNQIVin15gZJUZPnQLiSeOOdF\nliZ5FHbjMzrVdBSa0OdwrUbSZ8pzEKVsKvsSp9AiKbDhOmEPhdwH05vR1O7JggLN\nqIwpLXHYQE7KdyLAdCpNg9UAIG7qBkhRKm8sgBSzYKm1xepMGc26ftFzXQBpeuYn\nTLvFghYcf/k4lhaYGaD5utNCJHrmWpC5FoUv5XMbhs52AvTrs+oRzfLIMIxzuMiZ\nqdOvv/L3XlldzYrptRJzcahKdqx07KP3/3OoNqS8Wn4NmiuWvc6eI6levVGHgtdI\nXvSt2LrJT8oToUNm3vmpafowVvB3317h8VXTQbBFKJw6DodQFtus0X2VcgatQwJ6\nnOPa3WOC7GZLyna5giledkEO9JRkTbOHZ7TK3OBY49SUIfmmJysNrcEaEMRjDzii\n27COr08pcpIediQWo6KFUbr34AUoJdAIU99JYLNn1EEutvVaSxdmx714G3UCAwEA\nAQKCAgEAuXqsg3krgvu2oQCCOpbdvraMoVkXxj3p3DCshiY0GBJfk/paBdXJL76+\n2hPCdMQESun6gWnz9gX7L6IKuy9YbU5PnZ7H4lpaHpzNCjIF9i1xlCc0HPRDBUpB\nnMKlle50Xyb3eyaFHA7IbhCzomtEVmSnFi2EvulzwltyaBxkQHQaFl6u8BRJQzsM\nBxd1xWh3GSrGrU94PpTWPzrYyEWRtIZOMDwcq7poK1CI4PH3/MGFyiE6Ibj7EyAW\nQWQN3+pAtUaXHgnTc26M83fc4bqriTbCWmmtmZ1Dw7tEXsPEDLfHXBoYR10iDHz2\nlg3LamEnNAkh4CHD2HDz6532WbroiUpq22aLstZZ4S/oAE6v7yLcKwtul74HdDei\nGbChAy/TCs04p21aVM9lQVgAOV42yjps0B8CQgzOtomXqljAckDD6d9u10RsDQCH\ni0ct27V6px8yFJb8BSUDVJhQrSFvNXFXyOEXyfI73pzfswo4xJcF1E0XhwC+cEUT\nf8cCP3mBH7vSHNYN4QAk5NIVuMIDi6BFB+j2qfcj6G2PdBeZ2ST2o5h4s3pbs1v7\nDt1A3uvL0/JTpe7kzmCfK6AMZ7HfMoisRlHU6sYI10t3psMRGgE72Y/BXKaWe/mU\n7ZRSPcUGrZsvsczTPPioduUUUYidOQC1DEEXnU7VdKaAXarpbYECggEBAPdLPrPb\nAZHZrZR7lC6yTBbBm/RAvi0cNyy2/uyVIksPBKHZqmQ0lZnOeGjMYo2xlKhllidE\ndgs8n5yMvOrplTl6NqudaBCGGNHsVtrAXUYVF3moyImJBnwby1Fn17NMKL9WU0zk\naiEKJ01VZB56WvfGBZ+IBH7SkIt/h7UtjY+RETaf9E3Z1o0NOexdpruDLBTc4/W8\nZZa0dqg0efEXWFLYwUSs2zw7utLD8TFSB0yUikVctuLjritNRtjPnYAwj/nEK0S2\n48s8lev3hwwt63kDpBV3TT2IabGUO+Gj7tRHCmGjNHuImh5LmJ4woCuhUcApgkxq\nJK2ogyqR1UfndrkCggEBAM4rH7kgKuUEr7oJphLfrSltkBhDQM9j6Q4tv6ZN6EHj\nQ5oYtpFfDTgw0+PndnxVOhZlTJd69ksBBVYiSK2hl9AJuHTkzuBstFjOt4Hdbj3b\nsWcX2jjOxoCKR60aaIkHFWShSrc5FFnHfQSFVIwzl+MIH4GN1mQM1kEW7UybSqGh\nL5ns8+tXQqyStKbMyiR8ntOoY5h0WmqAalLxt27oGCFifPJqROeyRTYStAmkTLdg\n2LF1oASNOwNQdA8cwTytVy9/q4jBBX8LTwbA+1xBtCyYkOMjDH64wGOl7VGBP1Ml\nzfV7ZsMpxnbaNGM8wWvjxxYUpF9aQyqTJfoht8bArJ0CggEBAM48co6Ml0KLx7eN\nWIeZKtvPm8CYPgJhBaLE+tVTisYOQE66uN/Y+urKxqCf05FYCCJollEpR0kXxgVJ\nWkSPiWPmCLIXFDKzov9vmv/UbfWEoY9Us+n/3OikRWwerkVZvqHT3KTD2b60ORLF\npDnG0RbSjt39EcKy2Nl+Ai+XTfftg+2KeLR0d/oqjaQSdnrralf74CGQfSiyWELv\ngMMQNRjirEwZ3LzfE2+y+fOn9W5ocuhl6iBOwXJbgDpQ64l89pXWhD9KR6+3V1Dz\nni0KHtdNsgo09LXcjkkK1uXXUda3aHEFKz/bLK0XXrCO3QWGBCe+dmxEGVK6tqlJ\n9hWBdAECggEBAKIm5r963mHb6r4+goELra0MwC1lD99NrGp7buXFFqxjq7LSRx1V\nDheox67TSKyHd7VPnQrzKi1ZszHIqzLtCnMUgiBmKZP3y2yhwVEBsIg0d3YnG3pc\nn2FP4Qnz4E4N5TSNay9qVGg8b0aT+yh+F7L3m5gQz5NHSWhOOPtslClFliPRaxMp\nQYZrqGwcW8yQu3arVRH+SXLEZ1uvQ1+Wagwv4yfijylQXAEoerOupqwAHs6MPfv2\nfHih2XZdXlpz10PDfU2EyubeJRyhwdEQ2D3PDP2oflZYxvBY+6uEJSMnc7LkiLFs\n9OxbuKJokZRixR3HxHQ+kN82dsMhq+JFfj0CggEBANkaPlbe8Uy3jmBWsKfbZKhy\nAmDv/uk80rR2Mj/Ah9uaiN15CkXdu9tOCTadmhsKqjSqC98BwBMZzNAvc5XMFmLd\nVG7zMEumE7dxm60PBtMrW6ufo0riN66fuXvrbMBu8qNqPx9Url7Yr83JatqGfECV\nuYDe1IJ+aVtUVIDmzOw6licxnB5YEisqfAlLTvQL5x/8xHNF3L6IA2TEdP9nH3cn\nd8rwocPpTVJnJ2JlvbwKqXL4aRIetLOIETr9zQOhF54TsHl0dxypF/onO28h7Mml\nhqB+cKIaGwJ54EvDZdu3JD33aVcBd6pjNXSj7Mmk724WTaGT0UVPIjmB4vyOQbA=\n-----END RSA PRIVATE KEY-----\n",
            "public_key_fingerprint_md5": "29:ba:a0:67:83:84:53:5e:95:2c:20:75:2b:90:3a:b7",
            "public_key_openssh": "ssh-rsa AAAAB3NzaC1yc2EAAAADAQABAAACAQDHKDS9M3v7iLjvicT1QCPKu/u8+7Fp79xodtFOAfSeM1YKz/4fK7vGQNqbiJm2gqnhFuxeTitzyT64GVfZdIgDhJNaGjqOcitbE+VjMsja2m9wfjKVURVDUIqspyz7ROER6kBU80RxsnnBDrh1kYj9tKkoTQTEN07ic9CR0gyi+R2FZaP0znaT4/IeHM9IhP5HYI0HFsGQjhZ29BJVY0+uxBE1AhWKfXmBklRk+dAuJJ4450WWJnkUduMzOtV0FJrQ53CtRtJnynMQpWwq+xKn0CIpsOE6YQ+F3AfTm9HU7smCAs2ojCktcdhATsp3IsB0Kk2D1QAgbuoGSFEqbyyAFLNgqbXF6kwZzbp+0XNdAGl65idMu8WCFhx/+TiWFpgZoPm600IkeuZakLkWhS/lcxuGznYC9Ouz6hHN8sgwjHO4yJmp06+/8vdeWV3Nium1EnNxqEp2rHTso/f/c6g2pLxafg2aK5a9zp4jqV69UYeC10he9K3YuslPyhOhQ2be+alp+jBW8HffXuHxVdNBsEUonDoOh1AW26zRfZVyBq1DAnqc49rdY4LsZkvKdrmCKV52QQ70lGRNs4dntMrc4Fjj1JQh+aYnKw2twRoQxGMPOKLbsI6vTylykh52JBajooVRuvfgBSgl0AhT30lgs2fUQS629VpLF2bHvXgbdQ==\n",
            "public_key_pem": "-----BEGIN PUBLIC KEY-----\nMIICIjANBgkqhkiG9w0BAQEFAAOCAg8AMIICCgKCAgEAxyg0vTN7+4i474nE9UAj\nyrv7vPuxae/caHbRTgH0njNWCs/+Hyu7xkDam4iZtoKp4RbsXk4rc8k+uBlX2XSI\nA4STWho6jnIrWxPlYzLI2tpvcH4ylVEVQ1CKrKcs+0ThEepAVPNEcbJ5wQ64dZGI\n/bSpKE0ExDdO4nPQkdIMovkdhWWj9M52k+PyHhzPSIT+R2CNBxbBkI4WdvQSVWNP\nrsQRNQIVin15gZJUZPnQLiSeOOdFliZ5FHbjMzrVdBSa0OdwrUbSZ8pzEKVsKvsS\np9AiKbDhOmEPhdwH05vR1O7JggLNqIwpLXHYQE7KdyLAdCpNg9UAIG7qBkhRKm8s\ngBSzYKm1xepMGc26ftFzXQBpeuYnTLvFghYcf/k4lhaYGaD5utNCJHrmWpC5FoUv\n5XMbhs52AvTrs+oRzfLIMIxzuMiZqdOvv/L3XlldzYrptRJzcahKdqx07KP3/3Oo\nNqS8Wn4NmiuWvc6eI6levVGHgtdIXvSt2LrJT8oToUNm3vmpafowVvB3317h8VXT\nQbBFKJw6DodQFtus0X2VcgatQwJ6nOPa3WOC7GZLyna5giledkEO9JRkTbOHZ7TK\n3OBY49SUIfmmJysNrcEaEMRjDzii27COr08pcpIediQWo6KFUbr34AUoJdAIU99J\nYLNn1EEutvVaSxdmx714G3UCAwEAAQ==\n-----END PUBLIC KEY-----\n",
            "rsa_bits": 4096
          },
          "sensitive_attributes": [],
          "private": "bnVsbA=="
        }
      ]
    },
    {
      "module": "module.acm-clients[0].module.acm_operator.module.k8s_operator.module.gcloud_kubectl",
      "mode": "data",
      "type": "external",
      "name": "env_override",
      "provider": "provider[\"registry.terraform.io/hashicorp/external\"]",
      "instances": [
        {
          "index_key": 0,
          "schema_version": 0,
          "attributes": {
            "id": "-",
            "program": [
              ".terraform/modules/acm-clients.acm_operator.k8s_operator/terraform-google-gcloud-2.0.3/scripts/check_env.sh"
            ],
            "query": null,
            "result": {
              "download": ""
            },
            "working_dir": null
          },
          "sensitive_attributes": []
        }
      ]
    },
    {
      "module": "module.acm-clients[0].module.acm_operator.module.k8s_operator.module.gcloud_kubectl",
      "mode": "managed",
      "type": "null_resource",
      "name": "additional_components",
      "provider": "provider[\"registry.terraform.io/hashicorp/null\"]",
      "instances": [
        {
          "index_key": 0,
          "schema_version": 0,
          "attributes": {
            "id": "962522193672000415",
            "triggers": {
              "additional_components_command": ".terraform/modules/acm-clients.acm_operator.k8s_operator/terraform-google-gcloud-2.0.3/scripts/check_components.sh gcloud kubectl",
              "arguments": "34eb37ff715980fe0fe08cb033488df9",
              "md5": "352ffea85252263f4f6b54fa4bb8ffb3"
            }
          },
          "sensitive_attributes": [],
          "private": "bnVsbA==",
          "dependencies": [
            "data.google_client_config.current",
            "data.google_project.project",
            "module.acm-clients.module.acm_operator.module.k8s_operator.module.gcloud_kubectl.data.external.env_override",
            "module.acm-clients.module.acm_operator.module.k8s_operator.module.gcloud_kubectl.null_resource.upgrade",
            "module.acm-clients.module.acm_operator.module.k8s_operator.module.gcloud_kubectl.random_id.cache",
            "module.client-clusters.data.google_client_config.default",
            "module.client-clusters.data.google_compute_subnetwork.gke_subnetwork",
            "module.client-clusters.data.google_compute_zones.available",
            "module.client-clusters.data.google_container_engine_versions.region",
            "module.client-clusters.data.google_container_engine_versions.zone",
            "module.client-clusters.google_compute_firewall.intra_egress",
            "module.client-clusters.google_compute_firewall.master_webhooks",
            "module.client-clusters.google_compute_firewall.shadow_allow_master",
            "module.client-clusters.google_compute_firewall.shadow_allow_nodes",
            "module.client-clusters.google_compute_firewall.shadow_allow_pods",
            "module.client-clusters.google_container_cluster.primary",
            "module.client-clusters.google_container_node_pool.pools",
            "module.client-clusters.google_project_iam_member.cluster_service_account-artifact-registry",
            "module.client-clusters.google_project_iam_member.cluster_service_account-gcr",
            "module.client-clusters.google_project_iam_member.cluster_service_account-log_writer",
            "module.client-clusters.google_project_iam_member.cluster_service_account-metric_writer",
            "module.client-clusters.google_project_iam_member.cluster_service_account-monitoring_viewer",
            "module.client-clusters.google_project_iam_member.cluster_service_account-resourceMetadata-writer",
            "module.client-clusters.google_service_account.cluster_service_account",
            "module.client-clusters.kubernetes_config_map.ip-masq-agent",
            "module.client-clusters.kubernetes_config_map.kube-dns",
            "module.client-clusters.kubernetes_config_map.kube-dns-upstream-nameservers-and-stub-domains",
            "module.client-clusters.kubernetes_config_map.kube-dns-upstream-namservers",
            "module.client-clusters.module.gcloud_delete_default_kube_dns_configmap.module.gcloud_kubectl.data.external.env_override",
            "module.client-clusters.module.gcloud_delete_default_kube_dns_configmap.module.gcloud_kubectl.null_resource.additional_components",
            "module.client-clusters.module.gcloud_delete_default_kube_dns_configmap.module.gcloud_kubectl.null_resource.additional_components_destroy",
            "module.client-clusters.module.gcloud_delete_default_kube_dns_configmap.module.gcloud_kubectl.null_resource.decompress",
            "module.client-clusters.module.gcloud_delete_default_kube_dns_configmap.module.gcloud_kubectl.null_resource.decompress_destroy",
            "module.client-clusters.module.gcloud_delete_default_kube_dns_configmap.module.gcloud_kubectl.null_resource.download_gcloud",
            "module.client-clusters.module.gcloud_delete_default_kube_dns_configmap.module.gcloud_kubectl.null_resource.download_jq",
            "module.client-clusters.module.gcloud_delete_default_kube_dns_configmap.module.gcloud_kubectl.null_resource.gcloud_auth_google_credentials",
            "module.client-clusters.module.gcloud_delete_default_kube_dns_configmap.module.gcloud_kubectl.null_resource.gcloud_auth_google_credentials_destroy",
            "module.client-clusters.module.gcloud_delete_default_kube_dns_configmap.module.gcloud_kubectl.null_resource.gcloud_auth_service_account_key_file",
            "module.client-clusters.module.gcloud_delete_default_kube_dns_configmap.module.gcloud_kubectl.null_resource.gcloud_auth_service_account_key_file_destroy",
            "module.client-clusters.module.gcloud_delete_default_kube_dns_configmap.module.gcloud_kubectl.null_resource.module_depends_on",
            "module.client-clusters.module.gcloud_delete_default_kube_dns_configmap.module.gcloud_kubectl.null_resource.prepare_cache",
            "module.client-clusters.module.gcloud_delete_default_kube_dns_configmap.module.gcloud_kubectl.null_resource.run_command",
            "module.client-clusters.module.gcloud_delete_default_kube_dns_configmap.module.gcloud_kubectl.null_resource.run_destroy_command",
            "module.client-clusters.module.gcloud_delete_default_kube_dns_configmap.module.gcloud_kubectl.null_resource.upgrade",
            "module.client-clusters.module.gcloud_delete_default_kube_dns_configmap.module.gcloud_kubectl.null_resource.upgrade_destroy",
            "module.client-clusters.module.gcloud_delete_default_kube_dns_configmap.module.gcloud_kubectl.random_id.cache",
            "module.client-clusters.random_shuffle.available_zones",
            "module.client-clusters.random_string.cluster_service_account_suffix",
            "module.project-services.google_project_service.project_services"
          ]
        }
      ]
    },
    {
      "module": "module.acm-clients[0].module.acm_operator.module.k8s_operator.module.gcloud_kubectl",
      "mode": "managed",
      "type": "null_resource",
      "name": "module_depends_on",
      "provider": "provider[\"registry.terraform.io/hashicorp/null\"]",
      "instances": [
        {
          "index_key": 0,
          "schema_version": 0,
          "attributes": {
            "id": "4957774382220356649",
            "triggers": {
              "value": "2"
            }
          },
          "sensitive_attributes": [
            [
              {
                "type": "get_attr",
                "value": "triggers"
              },
              {
                "type": "index",
                "value": {
                  "value": "value",
                  "type": "string"
                }
              }
            ]
          ],
          "private": "bnVsbA==",
          "dependencies": [
            "data.google_client_config.current",
            "data.google_project.project",
            "module.acm-clients.module.acm_operator.module.k8sop_manifest.null_resource.additional_components",
            "module.acm-clients.module.acm_operator.module.k8sop_manifest.null_resource.gcloud_auth_google_credentials",
            "module.acm-clients.module.acm_operator.module.k8sop_manifest.null_resource.gcloud_auth_service_account_key_file",
            "module.acm-clients.module.acm_operator.module.k8sop_manifest.null_resource.run_command",
            "module.acm-clients.module.acm_operator.module.k8sop_manifest.null_resource.run_destroy_command",
            "module.client-clusters.data.google_client_config.default",
            "module.client-clusters.data.google_compute_subnetwork.gke_subnetwork",
            "module.client-clusters.data.google_compute_zones.available",
            "module.client-clusters.data.google_container_engine_versions.region",
            "module.client-clusters.data.google_container_engine_versions.zone",
            "module.client-clusters.google_compute_firewall.intra_egress",
            "module.client-clusters.google_compute_firewall.master_webhooks",
            "module.client-clusters.google_compute_firewall.shadow_allow_master",
            "module.client-clusters.google_compute_firewall.shadow_allow_nodes",
            "module.client-clusters.google_compute_firewall.shadow_allow_pods",
            "module.client-clusters.google_container_cluster.primary",
            "module.client-clusters.google_container_node_pool.pools",
            "module.client-clusters.google_project_iam_member.cluster_service_account-artifact-registry",
            "module.client-clusters.google_project_iam_member.cluster_service_account-gcr",
            "module.client-clusters.google_project_iam_member.cluster_service_account-log_writer",
            "module.client-clusters.google_project_iam_member.cluster_service_account-metric_writer",
            "module.client-clusters.google_project_iam_member.cluster_service_account-monitoring_viewer",
            "module.client-clusters.google_project_iam_member.cluster_service_account-resourceMetadata-writer",
            "module.client-clusters.google_service_account.cluster_service_account",
            "module.client-clusters.kubernetes_config_map.ip-masq-agent",
            "module.client-clusters.kubernetes_config_map.kube-dns",
            "module.client-clusters.kubernetes_config_map.kube-dns-upstream-nameservers-and-stub-domains",
            "module.client-clusters.kubernetes_config_map.kube-dns-upstream-namservers",
            "module.client-clusters.module.gcloud_delete_default_kube_dns_configmap.module.gcloud_kubectl.data.external.env_override",
            "module.client-clusters.module.gcloud_delete_default_kube_dns_configmap.module.gcloud_kubectl.null_resource.additional_components",
            "module.client-clusters.module.gcloud_delete_default_kube_dns_configmap.module.gcloud_kubectl.null_resource.additional_components_destroy",
            "module.client-clusters.module.gcloud_delete_default_kube_dns_configmap.module.gcloud_kubectl.null_resource.decompress",
            "module.client-clusters.module.gcloud_delete_default_kube_dns_configmap.module.gcloud_kubectl.null_resource.decompress_destroy",
            "module.client-clusters.module.gcloud_delete_default_kube_dns_configmap.module.gcloud_kubectl.null_resource.download_gcloud",
            "module.client-clusters.module.gcloud_delete_default_kube_dns_configmap.module.gcloud_kubectl.null_resource.download_jq",
            "module.client-clusters.module.gcloud_delete_default_kube_dns_configmap.module.gcloud_kubectl.null_resource.gcloud_auth_google_credentials",
            "module.client-clusters.module.gcloud_delete_default_kube_dns_configmap.module.gcloud_kubectl.null_resource.gcloud_auth_google_credentials_destroy",
            "module.client-clusters.module.gcloud_delete_default_kube_dns_configmap.module.gcloud_kubectl.null_resource.gcloud_auth_service_account_key_file",
            "module.client-clusters.module.gcloud_delete_default_kube_dns_configmap.module.gcloud_kubectl.null_resource.gcloud_auth_service_account_key_file_destroy",
            "module.client-clusters.module.gcloud_delete_default_kube_dns_configmap.module.gcloud_kubectl.null_resource.module_depends_on",
            "module.client-clusters.module.gcloud_delete_default_kube_dns_configmap.module.gcloud_kubectl.null_resource.prepare_cache",
            "module.client-clusters.module.gcloud_delete_default_kube_dns_configmap.module.gcloud_kubectl.null_resource.run_command",
            "module.client-clusters.module.gcloud_delete_default_kube_dns_configmap.module.gcloud_kubectl.null_resource.run_destroy_command",
            "module.client-clusters.module.gcloud_delete_default_kube_dns_configmap.module.gcloud_kubectl.null_resource.upgrade",
            "module.client-clusters.module.gcloud_delete_default_kube_dns_configmap.module.gcloud_kubectl.null_resource.upgrade_destroy",
            "module.client-clusters.module.gcloud_delete_default_kube_dns_configmap.module.gcloud_kubectl.random_id.cache",
            "module.client-clusters.random_shuffle.available_zones",
            "module.client-clusters.random_string.cluster_service_account_suffix",
            "module.project-services.google_project_service.project_services"
          ]
        }
      ]
    },
    {
      "module": "module.acm-clients[0].module.acm_operator.module.k8s_operator.module.gcloud_kubectl",
      "mode": "managed",
      "type": "null_resource",
      "name": "run_command",
      "provider": "provider[\"registry.terraform.io/hashicorp/null\"]",
      "instances": [
        {
          "index_key": 0,
          "schema_version": 0,
          "attributes": {
            "id": "4372283101515244870",
            "triggers": {
              "arguments": "34eb37ff715980fe0fe08cb033488df9",
              "create_cmd_body": "gke-cluster-client-0 us-west1-a jk-mlops-dev false false kubectl apply -f config-management-operator.yaml",
              "create_cmd_entrypoint": ".terraform/modules/acm-clients.acm_operator.k8s_operator/terraform-google-gcloud-2.0.3/modules/kubectl-wrapper/scripts/kubectl_wrapper.sh",
              "gcloud_bin_abs_path": "/google-cloud-sdk/bin",
              "md5": "352ffea85252263f4f6b54fa4bb8ffb3"
            }
          },
          "sensitive_attributes": [],
          "private": "bnVsbA==",
          "dependencies": [
            "data.google_client_config.current",
            "data.google_project.project",
            "module.acm-clients.module.acm_operator.module.k8s_operator.module.gcloud_kubectl.data.external.env_override",
            "module.acm-clients.module.acm_operator.module.k8s_operator.module.gcloud_kubectl.null_resource.additional_components",
            "module.acm-clients.module.acm_operator.module.k8s_operator.module.gcloud_kubectl.null_resource.decompress",
            "module.acm-clients.module.acm_operator.module.k8s_operator.module.gcloud_kubectl.null_resource.gcloud_auth_google_credentials",
            "module.acm-clients.module.acm_operator.module.k8s_operator.module.gcloud_kubectl.null_resource.gcloud_auth_service_account_key_file",
            "module.acm-clients.module.acm_operator.module.k8s_operator.module.gcloud_kubectl.null_resource.module_depends_on",
            "module.acm-clients.module.acm_operator.module.k8s_operator.module.gcloud_kubectl.null_resource.upgrade",
            "module.acm-clients.module.acm_operator.module.k8s_operator.module.gcloud_kubectl.random_id.cache",
            "module.acm-clients.module.acm_operator.module.k8sop_manifest.null_resource.additional_components",
            "module.acm-clients.module.acm_operator.module.k8sop_manifest.null_resource.gcloud_auth_google_credentials",
            "module.acm-clients.module.acm_operator.module.k8sop_manifest.null_resource.gcloud_auth_service_account_key_file",
            "module.acm-clients.module.acm_operator.module.k8sop_manifest.null_resource.run_command",
            "module.acm-clients.module.acm_operator.module.k8sop_manifest.null_resource.run_destroy_command",
            "module.client-clusters.data.google_client_config.default",
            "module.client-clusters.data.google_compute_subnetwork.gke_subnetwork",
            "module.client-clusters.data.google_compute_zones.available",
            "module.client-clusters.data.google_container_engine_versions.region",
            "module.client-clusters.data.google_container_engine_versions.zone",
            "module.client-clusters.google_compute_firewall.intra_egress",
            "module.client-clusters.google_compute_firewall.master_webhooks",
            "module.client-clusters.google_compute_firewall.shadow_allow_master",
            "module.client-clusters.google_compute_firewall.shadow_allow_nodes",
            "module.client-clusters.google_compute_firewall.shadow_allow_pods",
            "module.client-clusters.google_container_cluster.primary",
            "module.client-clusters.google_container_node_pool.pools",
            "module.client-clusters.google_project_iam_member.cluster_service_account-artifact-registry",
            "module.client-clusters.google_project_iam_member.cluster_service_account-gcr",
            "module.client-clusters.google_project_iam_member.cluster_service_account-log_writer",
            "module.client-clusters.google_project_iam_member.cluster_service_account-metric_writer",
            "module.client-clusters.google_project_iam_member.cluster_service_account-monitoring_viewer",
            "module.client-clusters.google_project_iam_member.cluster_service_account-resourceMetadata-writer",
            "module.client-clusters.google_service_account.cluster_service_account",
            "module.client-clusters.kubernetes_config_map.ip-masq-agent",
            "module.client-clusters.kubernetes_config_map.kube-dns",
            "module.client-clusters.kubernetes_config_map.kube-dns-upstream-nameservers-and-stub-domains",
            "module.client-clusters.kubernetes_config_map.kube-dns-upstream-namservers",
            "module.client-clusters.module.gcloud_delete_default_kube_dns_configmap.module.gcloud_kubectl.data.external.env_override",
            "module.client-clusters.module.gcloud_delete_default_kube_dns_configmap.module.gcloud_kubectl.null_resource.additional_components",
            "module.client-clusters.module.gcloud_delete_default_kube_dns_configmap.module.gcloud_kubectl.null_resource.additional_components_destroy",
            "module.client-clusters.module.gcloud_delete_default_kube_dns_configmap.module.gcloud_kubectl.null_resource.decompress",
            "module.client-clusters.module.gcloud_delete_default_kube_dns_configmap.module.gcloud_kubectl.null_resource.decompress_destroy",
            "module.client-clusters.module.gcloud_delete_default_kube_dns_configmap.module.gcloud_kubectl.null_resource.download_gcloud",
            "module.client-clusters.module.gcloud_delete_default_kube_dns_configmap.module.gcloud_kubectl.null_resource.download_jq",
            "module.client-clusters.module.gcloud_delete_default_kube_dns_configmap.module.gcloud_kubectl.null_resource.gcloud_auth_google_credentials",
            "module.client-clusters.module.gcloud_delete_default_kube_dns_configmap.module.gcloud_kubectl.null_resource.gcloud_auth_google_credentials_destroy",
            "module.client-clusters.module.gcloud_delete_default_kube_dns_configmap.module.gcloud_kubectl.null_resource.gcloud_auth_service_account_key_file",
            "module.client-clusters.module.gcloud_delete_default_kube_dns_configmap.module.gcloud_kubectl.null_resource.gcloud_auth_service_account_key_file_destroy",
            "module.client-clusters.module.gcloud_delete_default_kube_dns_configmap.module.gcloud_kubectl.null_resource.module_depends_on",
            "module.client-clusters.module.gcloud_delete_default_kube_dns_configmap.module.gcloud_kubectl.null_resource.prepare_cache",
            "module.client-clusters.module.gcloud_delete_default_kube_dns_configmap.module.gcloud_kubectl.null_resource.run_command",
            "module.client-clusters.module.gcloud_delete_default_kube_dns_configmap.module.gcloud_kubectl.null_resource.run_destroy_command",
            "module.client-clusters.module.gcloud_delete_default_kube_dns_configmap.module.gcloud_kubectl.null_resource.upgrade",
            "module.client-clusters.module.gcloud_delete_default_kube_dns_configmap.module.gcloud_kubectl.null_resource.upgrade_destroy",
            "module.client-clusters.module.gcloud_delete_default_kube_dns_configmap.module.gcloud_kubectl.random_id.cache",
            "module.client-clusters.random_shuffle.available_zones",
            "module.client-clusters.random_string.cluster_service_account_suffix",
            "module.project-services.google_project_service.project_services"
          ]
        }
      ]
    },
    {
      "module": "module.acm-clients[0].module.acm_operator.module.k8s_operator.module.gcloud_kubectl",
      "mode": "managed",
      "type": "null_resource",
      "name": "run_destroy_command",
      "provider": "provider[\"registry.terraform.io/hashicorp/null\"]",
      "instances": [
        {
          "index_key": 0,
          "schema_version": 0,
          "attributes": {
            "id": "2721319531713286559",
            "triggers": {
              "destroy_cmd_body": "gke-cluster-client-0 us-west1-a jk-mlops-dev false false kubectl delete -f config-management-operator.yaml",
              "destroy_cmd_entrypoint": ".terraform/modules/acm-clients.acm_operator.k8s_operator/terraform-google-gcloud-2.0.3/modules/kubectl-wrapper/scripts/kubectl_wrapper.sh",
              "gcloud_bin_abs_path": "/google-cloud-sdk/bin"
            }
          },
          "sensitive_attributes": [],
          "private": "bnVsbA==",
          "dependencies": [
            "data.google_client_config.current",
            "data.google_project.project",
            "module.acm-clients.module.acm_operator.module.k8s_operator.module.gcloud_kubectl.data.external.env_override",
            "module.acm-clients.module.acm_operator.module.k8s_operator.module.gcloud_kubectl.null_resource.additional_components",
            "module.acm-clients.module.acm_operator.module.k8s_operator.module.gcloud_kubectl.null_resource.decompress",
            "module.acm-clients.module.acm_operator.module.k8s_operator.module.gcloud_kubectl.null_resource.gcloud_auth_google_credentials",
            "module.acm-clients.module.acm_operator.module.k8s_operator.module.gcloud_kubectl.null_resource.gcloud_auth_service_account_key_file",
            "module.acm-clients.module.acm_operator.module.k8s_operator.module.gcloud_kubectl.null_resource.module_depends_on",
            "module.acm-clients.module.acm_operator.module.k8s_operator.module.gcloud_kubectl.null_resource.upgrade",
            "module.acm-clients.module.acm_operator.module.k8s_operator.module.gcloud_kubectl.random_id.cache",
            "module.acm-clients.module.acm_operator.module.k8sop_manifest.null_resource.additional_components",
            "module.acm-clients.module.acm_operator.module.k8sop_manifest.null_resource.gcloud_auth_google_credentials",
            "module.acm-clients.module.acm_operator.module.k8sop_manifest.null_resource.gcloud_auth_service_account_key_file",
            "module.acm-clients.module.acm_operator.module.k8sop_manifest.null_resource.run_command",
            "module.acm-clients.module.acm_operator.module.k8sop_manifest.null_resource.run_destroy_command",
            "module.client-clusters.data.google_client_config.default",
            "module.client-clusters.data.google_compute_subnetwork.gke_subnetwork",
            "module.client-clusters.data.google_compute_zones.available",
            "module.client-clusters.data.google_container_engine_versions.region",
            "module.client-clusters.data.google_container_engine_versions.zone",
            "module.client-clusters.google_compute_firewall.intra_egress",
            "module.client-clusters.google_compute_firewall.master_webhooks",
            "module.client-clusters.google_compute_firewall.shadow_allow_master",
            "module.client-clusters.google_compute_firewall.shadow_allow_nodes",
            "module.client-clusters.google_compute_firewall.shadow_allow_pods",
            "module.client-clusters.google_container_cluster.primary",
            "module.client-clusters.google_container_node_pool.pools",
            "module.client-clusters.google_project_iam_member.cluster_service_account-artifact-registry",
            "module.client-clusters.google_project_iam_member.cluster_service_account-gcr",
            "module.client-clusters.google_project_iam_member.cluster_service_account-log_writer",
            "module.client-clusters.google_project_iam_member.cluster_service_account-metric_writer",
            "module.client-clusters.google_project_iam_member.cluster_service_account-monitoring_viewer",
            "module.client-clusters.google_project_iam_member.cluster_service_account-resourceMetadata-writer",
            "module.client-clusters.google_service_account.cluster_service_account",
            "module.client-clusters.kubernetes_config_map.ip-masq-agent",
            "module.client-clusters.kubernetes_config_map.kube-dns",
            "module.client-clusters.kubernetes_config_map.kube-dns-upstream-nameservers-and-stub-domains",
            "module.client-clusters.kubernetes_config_map.kube-dns-upstream-namservers",
            "module.client-clusters.module.gcloud_delete_default_kube_dns_configmap.module.gcloud_kubectl.data.external.env_override",
            "module.client-clusters.module.gcloud_delete_default_kube_dns_configmap.module.gcloud_kubectl.null_resource.additional_components",
            "module.client-clusters.module.gcloud_delete_default_kube_dns_configmap.module.gcloud_kubectl.null_resource.additional_components_destroy",
            "module.client-clusters.module.gcloud_delete_default_kube_dns_configmap.module.gcloud_kubectl.null_resource.decompress",
            "module.client-clusters.module.gcloud_delete_default_kube_dns_configmap.module.gcloud_kubectl.null_resource.decompress_destroy",
            "module.client-clusters.module.gcloud_delete_default_kube_dns_configmap.module.gcloud_kubectl.null_resource.download_gcloud",
            "module.client-clusters.module.gcloud_delete_default_kube_dns_configmap.module.gcloud_kubectl.null_resource.download_jq",
            "module.client-clusters.module.gcloud_delete_default_kube_dns_configmap.module.gcloud_kubectl.null_resource.gcloud_auth_google_credentials",
            "module.client-clusters.module.gcloud_delete_default_kube_dns_configmap.module.gcloud_kubectl.null_resource.gcloud_auth_google_credentials_destroy",
            "module.client-clusters.module.gcloud_delete_default_kube_dns_configmap.module.gcloud_kubectl.null_resource.gcloud_auth_service_account_key_file",
            "module.client-clusters.module.gcloud_delete_default_kube_dns_configmap.module.gcloud_kubectl.null_resource.gcloud_auth_service_account_key_file_destroy",
            "module.client-clusters.module.gcloud_delete_default_kube_dns_configmap.module.gcloud_kubectl.null_resource.module_depends_on",
            "module.client-clusters.module.gcloud_delete_default_kube_dns_configmap.module.gcloud_kubectl.null_resource.prepare_cache",
            "module.client-clusters.module.gcloud_delete_default_kube_dns_configmap.module.gcloud_kubectl.null_resource.run_command",
            "module.client-clusters.module.gcloud_delete_default_kube_dns_configmap.module.gcloud_kubectl.null_resource.run_destroy_command",
            "module.client-clusters.module.gcloud_delete_default_kube_dns_configmap.module.gcloud_kubectl.null_resource.upgrade",
            "module.client-clusters.module.gcloud_delete_default_kube_dns_configmap.module.gcloud_kubectl.null_resource.upgrade_destroy",
            "module.client-clusters.module.gcloud_delete_default_kube_dns_configmap.module.gcloud_kubectl.random_id.cache",
            "module.client-clusters.random_shuffle.available_zones",
            "module.client-clusters.random_string.cluster_service_account_suffix",
            "module.project-services.google_project_service.project_services"
          ]
        }
      ]
    },
    {
      "module": "module.acm-clients[0].module.acm_operator.module.k8sop_config.module.gcloud_kubectl",
      "mode": "data",
      "type": "external",
      "name": "env_override",
      "provider": "provider[\"registry.terraform.io/hashicorp/external\"]",
      "instances": [
        {
          "index_key": 0,
          "schema_version": 0,
          "attributes": {
            "id": "-",
            "program": [
              ".terraform/modules/acm-clients.acm_operator.k8sop_config/terraform-google-gcloud-2.0.3/scripts/check_env.sh"
            ],
            "query": null,
            "result": {
              "download": ""
            },
            "working_dir": null
          },
          "sensitive_attributes": []
        }
      ]
    },
    {
      "module": "module.acm-clients[0].module.acm_operator.module.k8sop_config.module.gcloud_kubectl",
      "mode": "managed",
      "type": "null_resource",
      "name": "additional_components",
      "provider": "provider[\"registry.terraform.io/hashicorp/null\"]",
      "instances": [
        {
          "index_key": 0,
          "schema_version": 0,
          "attributes": {
            "id": "2099352693781128818",
            "triggers": {
              "additional_components_command": ".terraform/modules/acm-clients.acm_operator.k8sop_config/terraform-google-gcloud-2.0.3/scripts/check_components.sh gcloud kubectl",
              "arguments": "e1553bb415b019dca8ab25e53f5f6a38",
              "configmanagement": "apiVersion: configmanagement.gke.io/v1\nkind: ConfigManagement\nmetadata:\n  name: config-management\nspec:\n  # clusterName is required and must be unique among all managed clusters\n  clusterName: gke-cluster-client-0\n  policyController:\n    enabled: true\n    templateLibraryInstalled: true\n    logDeniesEnabled: false\n  git:\n    syncRepo: https://github.com/jarokaz/tff/\n    secretType: ssh\n    policyDir: acm-configs\n    syncBranch: master\n  \n  \n",
              "md5": "695569ed0c115609fca6ac38234ed814"
            }
          },
          "sensitive_attributes": [],
          "private": "bnVsbA==",
          "dependencies": [
            "data.google_client_config.current",
            "data.google_project.project",
            "module.acm-clients.module.acm_operator.data.template_file.k8sop_config",
            "module.acm-clients.module.acm_operator.module.k8sop_config.module.gcloud_kubectl.data.external.env_override",
            "module.acm-clients.module.acm_operator.module.k8sop_config.module.gcloud_kubectl.null_resource.upgrade",
            "module.acm-clients.module.acm_operator.module.k8sop_config.module.gcloud_kubectl.random_id.cache",
            "module.client-clusters.data.google_client_config.default",
            "module.client-clusters.data.google_compute_subnetwork.gke_subnetwork",
            "module.client-clusters.data.google_compute_zones.available",
            "module.client-clusters.data.google_container_engine_versions.region",
            "module.client-clusters.data.google_container_engine_versions.zone",
            "module.client-clusters.google_compute_firewall.intra_egress",
            "module.client-clusters.google_compute_firewall.master_webhooks",
            "module.client-clusters.google_compute_firewall.shadow_allow_master",
            "module.client-clusters.google_compute_firewall.shadow_allow_nodes",
            "module.client-clusters.google_compute_firewall.shadow_allow_pods",
            "module.client-clusters.google_container_cluster.primary",
            "module.client-clusters.google_container_node_pool.pools",
            "module.client-clusters.google_project_iam_member.cluster_service_account-artifact-registry",
            "module.client-clusters.google_project_iam_member.cluster_service_account-gcr",
            "module.client-clusters.google_project_iam_member.cluster_service_account-log_writer",
            "module.client-clusters.google_project_iam_member.cluster_service_account-metric_writer",
            "module.client-clusters.google_project_iam_member.cluster_service_account-monitoring_viewer",
            "module.client-clusters.google_project_iam_member.cluster_service_account-resourceMetadata-writer",
            "module.client-clusters.google_service_account.cluster_service_account",
            "module.client-clusters.kubernetes_config_map.ip-masq-agent",
            "module.client-clusters.kubernetes_config_map.kube-dns",
            "module.client-clusters.kubernetes_config_map.kube-dns-upstream-nameservers-and-stub-domains",
            "module.client-clusters.kubernetes_config_map.kube-dns-upstream-namservers",
            "module.client-clusters.module.gcloud_delete_default_kube_dns_configmap.module.gcloud_kubectl.data.external.env_override",
            "module.client-clusters.module.gcloud_delete_default_kube_dns_configmap.module.gcloud_kubectl.null_resource.additional_components",
            "module.client-clusters.module.gcloud_delete_default_kube_dns_configmap.module.gcloud_kubectl.null_resource.additional_components_destroy",
            "module.client-clusters.module.gcloud_delete_default_kube_dns_configmap.module.gcloud_kubectl.null_resource.decompress",
            "module.client-clusters.module.gcloud_delete_default_kube_dns_configmap.module.gcloud_kubectl.null_resource.decompress_destroy",
            "module.client-clusters.module.gcloud_delete_default_kube_dns_configmap.module.gcloud_kubectl.null_resource.download_gcloud",
            "module.client-clusters.module.gcloud_delete_default_kube_dns_configmap.module.gcloud_kubectl.null_resource.download_jq",
            "module.client-clusters.module.gcloud_delete_default_kube_dns_configmap.module.gcloud_kubectl.null_resource.gcloud_auth_google_credentials",
            "module.client-clusters.module.gcloud_delete_default_kube_dns_configmap.module.gcloud_kubectl.null_resource.gcloud_auth_google_credentials_destroy",
            "module.client-clusters.module.gcloud_delete_default_kube_dns_configmap.module.gcloud_kubectl.null_resource.gcloud_auth_service_account_key_file",
            "module.client-clusters.module.gcloud_delete_default_kube_dns_configmap.module.gcloud_kubectl.null_resource.gcloud_auth_service_account_key_file_destroy",
            "module.client-clusters.module.gcloud_delete_default_kube_dns_configmap.module.gcloud_kubectl.null_resource.module_depends_on",
            "module.client-clusters.module.gcloud_delete_default_kube_dns_configmap.module.gcloud_kubectl.null_resource.prepare_cache",
            "module.client-clusters.module.gcloud_delete_default_kube_dns_configmap.module.gcloud_kubectl.null_resource.run_command",
            "module.client-clusters.module.gcloud_delete_default_kube_dns_configmap.module.gcloud_kubectl.null_resource.run_destroy_command",
            "module.client-clusters.module.gcloud_delete_default_kube_dns_configmap.module.gcloud_kubectl.null_resource.upgrade",
            "module.client-clusters.module.gcloud_delete_default_kube_dns_configmap.module.gcloud_kubectl.null_resource.upgrade_destroy",
            "module.client-clusters.module.gcloud_delete_default_kube_dns_configmap.module.gcloud_kubectl.random_id.cache",
            "module.client-clusters.random_shuffle.available_zones",
            "module.client-clusters.random_string.cluster_service_account_suffix",
            "module.project-services.google_project_service.project_services"
          ]
        }
      ]
    },
    {
      "module": "module.acm-clients[0].module.acm_operator.module.k8sop_config.module.gcloud_kubectl",
      "mode": "managed",
      "type": "null_resource",
      "name": "module_depends_on",
      "provider": "provider[\"registry.terraform.io/hashicorp/null\"]",
      "instances": [
        {
          "index_key": 0,
          "schema_version": 0,
          "attributes": {
            "id": "8392687064389960021",
            "triggers": {
              "value": "2"
            }
          },
          "sensitive_attributes": [],
          "private": "bnVsbA==",
          "dependencies": [
            "data.google_client_config.current",
            "data.google_project.project",
            "module.acm-clients.module.acm_operator.module.k8s_operator.module.gcloud_kubectl.data.external.env_override",
            "module.acm-clients.module.acm_operator.module.k8s_operator.module.gcloud_kubectl.null_resource.additional_components",
            "module.acm-clients.module.acm_operator.module.k8s_operator.module.gcloud_kubectl.null_resource.decompress",
            "module.acm-clients.module.acm_operator.module.k8s_operator.module.gcloud_kubectl.null_resource.gcloud_auth_google_credentials",
            "module.acm-clients.module.acm_operator.module.k8s_operator.module.gcloud_kubectl.null_resource.gcloud_auth_service_account_key_file",
            "module.acm-clients.module.acm_operator.module.k8s_operator.module.gcloud_kubectl.null_resource.module_depends_on",
            "module.acm-clients.module.acm_operator.module.k8s_operator.module.gcloud_kubectl.null_resource.run_command",
            "module.acm-clients.module.acm_operator.module.k8s_operator.module.gcloud_kubectl.null_resource.run_destroy_command",
            "module.acm-clients.module.acm_operator.module.k8s_operator.module.gcloud_kubectl.null_resource.upgrade",
            "module.acm-clients.module.acm_operator.module.k8s_operator.module.gcloud_kubectl.random_id.cache",
            "module.acm-clients.module.acm_operator.module.k8sop_creds_secret.module.gcloud_kubectl.data.external.env_override",
            "module.acm-clients.module.acm_operator.module.k8sop_creds_secret.module.gcloud_kubectl.null_resource.additional_components",
            "module.acm-clients.module.acm_operator.module.k8sop_creds_secret.module.gcloud_kubectl.null_resource.decompress",
            "module.acm-clients.module.acm_operator.module.k8sop_creds_secret.module.gcloud_kubectl.null_resource.gcloud_auth_google_credentials",
            "module.acm-clients.module.acm_operator.module.k8sop_creds_secret.module.gcloud_kubectl.null_resource.gcloud_auth_service_account_key_file",
            "module.acm-clients.module.acm_operator.module.k8sop_creds_secret.module.gcloud_kubectl.null_resource.module_depends_on",
            "module.acm-clients.module.acm_operator.module.k8sop_creds_secret.module.gcloud_kubectl.null_resource.run_command",
            "module.acm-clients.module.acm_operator.module.k8sop_creds_secret.module.gcloud_kubectl.null_resource.run_destroy_command",
            "module.acm-clients.module.acm_operator.module.k8sop_creds_secret.module.gcloud_kubectl.null_resource.upgrade",
            "module.acm-clients.module.acm_operator.module.k8sop_creds_secret.module.gcloud_kubectl.random_id.cache",
            "module.acm-clients.module.acm_operator.module.k8sop_manifest.null_resource.additional_components",
            "module.acm-clients.module.acm_operator.module.k8sop_manifest.null_resource.gcloud_auth_google_credentials",
            "module.acm-clients.module.acm_operator.module.k8sop_manifest.null_resource.gcloud_auth_service_account_key_file",
            "module.acm-clients.module.acm_operator.module.k8sop_manifest.null_resource.run_command",
            "module.acm-clients.module.acm_operator.module.k8sop_manifest.null_resource.run_destroy_command",
            "module.acm-clients.module.acm_operator.tls_private_key.k8sop_creds",
            "module.client-clusters.data.google_client_config.default",
            "module.client-clusters.data.google_compute_subnetwork.gke_subnetwork",
            "module.client-clusters.data.google_compute_zones.available",
            "module.client-clusters.data.google_container_engine_versions.region",
            "module.client-clusters.data.google_container_engine_versions.zone",
            "module.client-clusters.google_compute_firewall.intra_egress",
            "module.client-clusters.google_compute_firewall.master_webhooks",
            "module.client-clusters.google_compute_firewall.shadow_allow_master",
            "module.client-clusters.google_compute_firewall.shadow_allow_nodes",
            "module.client-clusters.google_compute_firewall.shadow_allow_pods",
            "module.client-clusters.google_container_cluster.primary",
            "module.client-clusters.google_container_node_pool.pools",
            "module.client-clusters.google_project_iam_member.cluster_service_account-artifact-registry",
            "module.client-clusters.google_project_iam_member.cluster_service_account-gcr",
            "module.client-clusters.google_project_iam_member.cluster_service_account-log_writer",
            "module.client-clusters.google_project_iam_member.cluster_service_account-metric_writer",
            "module.client-clusters.google_project_iam_member.cluster_service_account-monitoring_viewer",
            "module.client-clusters.google_project_iam_member.cluster_service_account-resourceMetadata-writer",
            "module.client-clusters.google_service_account.cluster_service_account",
            "module.client-clusters.kubernetes_config_map.ip-masq-agent",
            "module.client-clusters.kubernetes_config_map.kube-dns",
            "module.client-clusters.kubernetes_config_map.kube-dns-upstream-nameservers-and-stub-domains",
            "module.client-clusters.kubernetes_config_map.kube-dns-upstream-namservers",
            "module.client-clusters.module.gcloud_delete_default_kube_dns_configmap.module.gcloud_kubectl.data.external.env_override",
            "module.client-clusters.module.gcloud_delete_default_kube_dns_configmap.module.gcloud_kubectl.null_resource.additional_components",
            "module.client-clusters.module.gcloud_delete_default_kube_dns_configmap.module.gcloud_kubectl.null_resource.additional_components_destroy",
            "module.client-clusters.module.gcloud_delete_default_kube_dns_configmap.module.gcloud_kubectl.null_resource.decompress",
            "module.client-clusters.module.gcloud_delete_default_kube_dns_configmap.module.gcloud_kubectl.null_resource.decompress_destroy",
            "module.client-clusters.module.gcloud_delete_default_kube_dns_configmap.module.gcloud_kubectl.null_resource.download_gcloud",
            "module.client-clusters.module.gcloud_delete_default_kube_dns_configmap.module.gcloud_kubectl.null_resource.download_jq",
            "module.client-clusters.module.gcloud_delete_default_kube_dns_configmap.module.gcloud_kubectl.null_resource.gcloud_auth_google_credentials",
            "module.client-clusters.module.gcloud_delete_default_kube_dns_configmap.module.gcloud_kubectl.null_resource.gcloud_auth_google_credentials_destroy",
            "module.client-clusters.module.gcloud_delete_default_kube_dns_configmap.module.gcloud_kubectl.null_resource.gcloud_auth_service_account_key_file",
            "module.client-clusters.module.gcloud_delete_default_kube_dns_configmap.module.gcloud_kubectl.null_resource.gcloud_auth_service_account_key_file_destroy",
            "module.client-clusters.module.gcloud_delete_default_kube_dns_configmap.module.gcloud_kubectl.null_resource.module_depends_on",
            "module.client-clusters.module.gcloud_delete_default_kube_dns_configmap.module.gcloud_kubectl.null_resource.prepare_cache",
            "module.client-clusters.module.gcloud_delete_default_kube_dns_configmap.module.gcloud_kubectl.null_resource.run_command",
            "module.client-clusters.module.gcloud_delete_default_kube_dns_configmap.module.gcloud_kubectl.null_resource.run_destroy_command",
            "module.client-clusters.module.gcloud_delete_default_kube_dns_configmap.module.gcloud_kubectl.null_resource.upgrade",
            "module.client-clusters.module.gcloud_delete_default_kube_dns_configmap.module.gcloud_kubectl.null_resource.upgrade_destroy",
            "module.client-clusters.module.gcloud_delete_default_kube_dns_configmap.module.gcloud_kubectl.random_id.cache",
            "module.client-clusters.random_shuffle.available_zones",
            "module.client-clusters.random_string.cluster_service_account_suffix",
            "module.project-services.google_project_service.project_services"
          ]
        }
      ]
    },
    {
      "module": "module.acm-clients[0].module.acm_operator.module.k8sop_config.module.gcloud_kubectl",
      "mode": "managed",
      "type": "null_resource",
      "name": "run_destroy_command",
      "provider": "provider[\"registry.terraform.io/hashicorp/null\"]",
      "instances": [
        {
          "index_key": 0,
          "schema_version": 0,
          "attributes": {
            "id": "6993727502704133162",
            "triggers": {
              "configmanagement": "apiVersion: configmanagement.gke.io/v1\nkind: ConfigManagement\nmetadata:\n  name: config-management\nspec:\n  # clusterName is required and must be unique among all managed clusters\n  clusterName: gke-cluster-client-0\n  policyController:\n    enabled: true\n    templateLibraryInstalled: true\n    logDeniesEnabled: false\n  git:\n    syncRepo: https://github.com/jarokaz/tff/\n    secretType: ssh\n    policyDir: acm-configs\n    syncBranch: master\n  \n  \n",
              "destroy_cmd_body": "gke-cluster-client-0 us-west1-a jk-mlops-dev false false kubectl delete -f - \u003c\u003cEOF\napiVersion: configmanagement.gke.io/v1\nkind: ConfigManagement\nmetadata:\n  name: config-management\nspec:\n  # clusterName is required and must be unique among all managed clusters\n  clusterName: gke-cluster-client-0\n  policyController:\n    enabled: true\n    templateLibraryInstalled: true\n    logDeniesEnabled: false\n  git:\n    syncRepo: https://github.com/jarokaz/tff/\n    secretType: ssh\n    policyDir: acm-configs\n    syncBranch: master\n  \n  \nEOF",
              "destroy_cmd_entrypoint": ".terraform/modules/acm-clients.acm_operator.k8sop_config/terraform-google-gcloud-2.0.3/modules/kubectl-wrapper/scripts/kubectl_wrapper.sh",
              "gcloud_bin_abs_path": "/google-cloud-sdk/bin"
            }
          },
          "sensitive_attributes": [],
          "private": "bnVsbA==",
          "dependencies": [
            "data.google_client_config.current",
            "data.google_project.project",
            "module.acm-clients.module.acm_operator.data.template_file.k8sop_config",
            "module.acm-clients.module.acm_operator.module.k8s_operator.module.gcloud_kubectl.data.external.env_override",
            "module.acm-clients.module.acm_operator.module.k8s_operator.module.gcloud_kubectl.null_resource.additional_components",
            "module.acm-clients.module.acm_operator.module.k8s_operator.module.gcloud_kubectl.null_resource.decompress",
            "module.acm-clients.module.acm_operator.module.k8s_operator.module.gcloud_kubectl.null_resource.gcloud_auth_google_credentials",
            "module.acm-clients.module.acm_operator.module.k8s_operator.module.gcloud_kubectl.null_resource.gcloud_auth_service_account_key_file",
            "module.acm-clients.module.acm_operator.module.k8s_operator.module.gcloud_kubectl.null_resource.module_depends_on",
            "module.acm-clients.module.acm_operator.module.k8s_operator.module.gcloud_kubectl.null_resource.run_command",
            "module.acm-clients.module.acm_operator.module.k8s_operator.module.gcloud_kubectl.null_resource.run_destroy_command",
            "module.acm-clients.module.acm_operator.module.k8s_operator.module.gcloud_kubectl.null_resource.upgrade",
            "module.acm-clients.module.acm_operator.module.k8s_operator.module.gcloud_kubectl.random_id.cache",
            "module.acm-clients.module.acm_operator.module.k8sop_config.module.gcloud_kubectl.data.external.env_override",
            "module.acm-clients.module.acm_operator.module.k8sop_config.module.gcloud_kubectl.null_resource.additional_components",
            "module.acm-clients.module.acm_operator.module.k8sop_config.module.gcloud_kubectl.null_resource.decompress",
            "module.acm-clients.module.acm_operator.module.k8sop_config.module.gcloud_kubectl.null_resource.gcloud_auth_google_credentials",
            "module.acm-clients.module.acm_operator.module.k8sop_config.module.gcloud_kubectl.null_resource.gcloud_auth_service_account_key_file",
            "module.acm-clients.module.acm_operator.module.k8sop_config.module.gcloud_kubectl.null_resource.module_depends_on",
            "module.acm-clients.module.acm_operator.module.k8sop_config.module.gcloud_kubectl.null_resource.upgrade",
            "module.acm-clients.module.acm_operator.module.k8sop_config.module.gcloud_kubectl.random_id.cache",
            "module.acm-clients.module.acm_operator.module.k8sop_creds_secret.module.gcloud_kubectl.data.external.env_override",
            "module.acm-clients.module.acm_operator.module.k8sop_creds_secret.module.gcloud_kubectl.null_resource.additional_components",
            "module.acm-clients.module.acm_operator.module.k8sop_creds_secret.module.gcloud_kubectl.null_resource.decompress",
            "module.acm-clients.module.acm_operator.module.k8sop_creds_secret.module.gcloud_kubectl.null_resource.gcloud_auth_google_credentials",
            "module.acm-clients.module.acm_operator.module.k8sop_creds_secret.module.gcloud_kubectl.null_resource.gcloud_auth_service_account_key_file",
            "module.acm-clients.module.acm_operator.module.k8sop_creds_secret.module.gcloud_kubectl.null_resource.module_depends_on",
            "module.acm-clients.module.acm_operator.module.k8sop_creds_secret.module.gcloud_kubectl.null_resource.run_command",
            "module.acm-clients.module.acm_operator.module.k8sop_creds_secret.module.gcloud_kubectl.null_resource.run_destroy_command",
            "module.acm-clients.module.acm_operator.module.k8sop_creds_secret.module.gcloud_kubectl.null_resource.upgrade",
            "module.acm-clients.module.acm_operator.module.k8sop_creds_secret.module.gcloud_kubectl.random_id.cache",
            "module.acm-clients.module.acm_operator.module.k8sop_manifest.null_resource.additional_components",
            "module.acm-clients.module.acm_operator.module.k8sop_manifest.null_resource.gcloud_auth_google_credentials",
            "module.acm-clients.module.acm_operator.module.k8sop_manifest.null_resource.gcloud_auth_service_account_key_file",
            "module.acm-clients.module.acm_operator.module.k8sop_manifest.null_resource.run_command",
            "module.acm-clients.module.acm_operator.module.k8sop_manifest.null_resource.run_destroy_command",
            "module.acm-clients.module.acm_operator.tls_private_key.k8sop_creds",
            "module.client-clusters.data.google_client_config.default",
            "module.client-clusters.data.google_compute_subnetwork.gke_subnetwork",
            "module.client-clusters.data.google_compute_zones.available",
            "module.client-clusters.data.google_container_engine_versions.region",
            "module.client-clusters.data.google_container_engine_versions.zone",
            "module.client-clusters.google_compute_firewall.intra_egress",
            "module.client-clusters.google_compute_firewall.master_webhooks",
            "module.client-clusters.google_compute_firewall.shadow_allow_master",
            "module.client-clusters.google_compute_firewall.shadow_allow_nodes",
            "module.client-clusters.google_compute_firewall.shadow_allow_pods",
            "module.client-clusters.google_container_cluster.primary",
            "module.client-clusters.google_container_node_pool.pools",
            "module.client-clusters.google_project_iam_member.cluster_service_account-artifact-registry",
            "module.client-clusters.google_project_iam_member.cluster_service_account-gcr",
            "module.client-clusters.google_project_iam_member.cluster_service_account-log_writer",
            "module.client-clusters.google_project_iam_member.cluster_service_account-metric_writer",
            "module.client-clusters.google_project_iam_member.cluster_service_account-monitoring_viewer",
            "module.client-clusters.google_project_iam_member.cluster_service_account-resourceMetadata-writer",
            "module.client-clusters.google_service_account.cluster_service_account",
            "module.client-clusters.kubernetes_config_map.ip-masq-agent",
            "module.client-clusters.kubernetes_config_map.kube-dns",
            "module.client-clusters.kubernetes_config_map.kube-dns-upstream-nameservers-and-stub-domains",
            "module.client-clusters.kubernetes_config_map.kube-dns-upstream-namservers",
            "module.client-clusters.module.gcloud_delete_default_kube_dns_configmap.module.gcloud_kubectl.data.external.env_override",
            "module.client-clusters.module.gcloud_delete_default_kube_dns_configmap.module.gcloud_kubectl.null_resource.additional_components",
            "module.client-clusters.module.gcloud_delete_default_kube_dns_configmap.module.gcloud_kubectl.null_resource.additional_components_destroy",
            "module.client-clusters.module.gcloud_delete_default_kube_dns_configmap.module.gcloud_kubectl.null_resource.decompress",
            "module.client-clusters.module.gcloud_delete_default_kube_dns_configmap.module.gcloud_kubectl.null_resource.decompress_destroy",
            "module.client-clusters.module.gcloud_delete_default_kube_dns_configmap.module.gcloud_kubectl.null_resource.download_gcloud",
            "module.client-clusters.module.gcloud_delete_default_kube_dns_configmap.module.gcloud_kubectl.null_resource.download_jq",
            "module.client-clusters.module.gcloud_delete_default_kube_dns_configmap.module.gcloud_kubectl.null_resource.gcloud_auth_google_credentials",
            "module.client-clusters.module.gcloud_delete_default_kube_dns_configmap.module.gcloud_kubectl.null_resource.gcloud_auth_google_credentials_destroy",
            "module.client-clusters.module.gcloud_delete_default_kube_dns_configmap.module.gcloud_kubectl.null_resource.gcloud_auth_service_account_key_file",
            "module.client-clusters.module.gcloud_delete_default_kube_dns_configmap.module.gcloud_kubectl.null_resource.gcloud_auth_service_account_key_file_destroy",
            "module.client-clusters.module.gcloud_delete_default_kube_dns_configmap.module.gcloud_kubectl.null_resource.module_depends_on",
            "module.client-clusters.module.gcloud_delete_default_kube_dns_configmap.module.gcloud_kubectl.null_resource.prepare_cache",
            "module.client-clusters.module.gcloud_delete_default_kube_dns_configmap.module.gcloud_kubectl.null_resource.run_command",
            "module.client-clusters.module.gcloud_delete_default_kube_dns_configmap.module.gcloud_kubectl.null_resource.run_destroy_command",
            "module.client-clusters.module.gcloud_delete_default_kube_dns_configmap.module.gcloud_kubectl.null_resource.upgrade",
            "module.client-clusters.module.gcloud_delete_default_kube_dns_configmap.module.gcloud_kubectl.null_resource.upgrade_destroy",
            "module.client-clusters.module.gcloud_delete_default_kube_dns_configmap.module.gcloud_kubectl.random_id.cache",
            "module.client-clusters.random_shuffle.available_zones",
            "module.client-clusters.random_string.cluster_service_account_suffix",
            "module.project-services.google_project_service.project_services"
          ]
        }
      ]
    },
    {
      "module": "module.acm-clients[0].module.acm_operator.module.k8sop_creds_secret.module.gcloud_kubectl",
      "mode": "data",
      "type": "external",
      "name": "env_override",
      "provider": "provider[\"registry.terraform.io/hashicorp/external\"]",
      "instances": [
        {
          "index_key": 0,
          "schema_version": 0,
          "attributes": {
            "id": "-",
            "program": [
              ".terraform/modules/acm-clients.acm_operator.k8sop_creds_secret/terraform-google-gcloud-2.0.3/scripts/check_env.sh"
            ],
            "query": null,
            "result": {
              "download": ""
            },
            "working_dir": null
          },
          "sensitive_attributes": []
        }
      ]
    },
    {
      "module": "module.acm-clients[0].module.acm_operator.module.k8sop_creds_secret.module.gcloud_kubectl",
      "mode": "managed",
      "type": "null_resource",
      "name": "additional_components",
      "provider": "provider[\"registry.terraform.io/hashicorp/null\"]",
      "instances": [
        {
          "index_key": 0,
          "schema_version": 0,
          "attributes": {
            "id": "2111792198618577390",
            "triggers": {
              "additional_components_command": ".terraform/modules/acm-clients.acm_operator.k8sop_creds_secret/terraform-google-gcloud-2.0.3/scripts/check_components.sh gcloud kubectl",
              "arguments": "db2dd05a2d0e6f8fe83972f331795442",
              "md5": "f41e9e4bce1f16c5a7b5479198a8093d"
            }
          },
          "sensitive_attributes": [],
          "private": "bnVsbA==",
          "dependencies": [
            "data.google_client_config.current",
            "data.google_project.project",
            "module.acm-clients.module.acm_operator.module.k8sop_creds_secret.module.gcloud_kubectl.data.external.env_override",
            "module.acm-clients.module.acm_operator.module.k8sop_creds_secret.module.gcloud_kubectl.null_resource.upgrade",
            "module.acm-clients.module.acm_operator.module.k8sop_creds_secret.module.gcloud_kubectl.random_id.cache",
            "module.acm-clients.module.acm_operator.tls_private_key.k8sop_creds",
            "module.client-clusters.data.google_client_config.default",
            "module.client-clusters.data.google_compute_subnetwork.gke_subnetwork",
            "module.client-clusters.data.google_compute_zones.available",
            "module.client-clusters.data.google_container_engine_versions.region",
            "module.client-clusters.data.google_container_engine_versions.zone",
            "module.client-clusters.google_compute_firewall.intra_egress",
            "module.client-clusters.google_compute_firewall.master_webhooks",
            "module.client-clusters.google_compute_firewall.shadow_allow_master",
            "module.client-clusters.google_compute_firewall.shadow_allow_nodes",
            "module.client-clusters.google_compute_firewall.shadow_allow_pods",
            "module.client-clusters.google_container_cluster.primary",
            "module.client-clusters.google_container_node_pool.pools",
            "module.client-clusters.google_project_iam_member.cluster_service_account-artifact-registry",
            "module.client-clusters.google_project_iam_member.cluster_service_account-gcr",
            "module.client-clusters.google_project_iam_member.cluster_service_account-log_writer",
            "module.client-clusters.google_project_iam_member.cluster_service_account-metric_writer",
            "module.client-clusters.google_project_iam_member.cluster_service_account-monitoring_viewer",
            "module.client-clusters.google_project_iam_member.cluster_service_account-resourceMetadata-writer",
            "module.client-clusters.google_service_account.cluster_service_account",
            "module.client-clusters.kubernetes_config_map.ip-masq-agent",
            "module.client-clusters.kubernetes_config_map.kube-dns",
            "module.client-clusters.kubernetes_config_map.kube-dns-upstream-nameservers-and-stub-domains",
            "module.client-clusters.kubernetes_config_map.kube-dns-upstream-namservers",
            "module.client-clusters.module.gcloud_delete_default_kube_dns_configmap.module.gcloud_kubectl.data.external.env_override",
            "module.client-clusters.module.gcloud_delete_default_kube_dns_configmap.module.gcloud_kubectl.null_resource.additional_components",
            "module.client-clusters.module.gcloud_delete_default_kube_dns_configmap.module.gcloud_kubectl.null_resource.additional_components_destroy",
            "module.client-clusters.module.gcloud_delete_default_kube_dns_configmap.module.gcloud_kubectl.null_resource.decompress",
            "module.client-clusters.module.gcloud_delete_default_kube_dns_configmap.module.gcloud_kubectl.null_resource.decompress_destroy",
            "module.client-clusters.module.gcloud_delete_default_kube_dns_configmap.module.gcloud_kubectl.null_resource.download_gcloud",
            "module.client-clusters.module.gcloud_delete_default_kube_dns_configmap.module.gcloud_kubectl.null_resource.download_jq",
            "module.client-clusters.module.gcloud_delete_default_kube_dns_configmap.module.gcloud_kubectl.null_resource.gcloud_auth_google_credentials",
            "module.client-clusters.module.gcloud_delete_default_kube_dns_configmap.module.gcloud_kubectl.null_resource.gcloud_auth_google_credentials_destroy",
            "module.client-clusters.module.gcloud_delete_default_kube_dns_configmap.module.gcloud_kubectl.null_resource.gcloud_auth_service_account_key_file",
            "module.client-clusters.module.gcloud_delete_default_kube_dns_configmap.module.gcloud_kubectl.null_resource.gcloud_auth_service_account_key_file_destroy",
            "module.client-clusters.module.gcloud_delete_default_kube_dns_configmap.module.gcloud_kubectl.null_resource.module_depends_on",
            "module.client-clusters.module.gcloud_delete_default_kube_dns_configmap.module.gcloud_kubectl.null_resource.prepare_cache",
            "module.client-clusters.module.gcloud_delete_default_kube_dns_configmap.module.gcloud_kubectl.null_resource.run_command",
            "module.client-clusters.module.gcloud_delete_default_kube_dns_configmap.module.gcloud_kubectl.null_resource.run_destroy_command",
            "module.client-clusters.module.gcloud_delete_default_kube_dns_configmap.module.gcloud_kubectl.null_resource.upgrade",
            "module.client-clusters.module.gcloud_delete_default_kube_dns_configmap.module.gcloud_kubectl.null_resource.upgrade_destroy",
            "module.client-clusters.module.gcloud_delete_default_kube_dns_configmap.module.gcloud_kubectl.random_id.cache",
            "module.client-clusters.random_shuffle.available_zones",
            "module.client-clusters.random_string.cluster_service_account_suffix",
            "module.project-services.google_project_service.project_services"
          ]
        }
      ]
    },
    {
      "module": "module.acm-clients[0].module.acm_operator.module.k8sop_creds_secret.module.gcloud_kubectl",
      "mode": "managed",
      "type": "null_resource",
      "name": "module_depends_on",
      "provider": "provider[\"registry.terraform.io/hashicorp/null\"]",
      "instances": [
        {
          "index_key": 0,
          "schema_version": 0,
          "attributes": {
            "id": "381166067860588560",
            "triggers": {
              "value": "1"
            }
          },
          "sensitive_attributes": [],
          "private": "bnVsbA==",
          "dependencies": [
            "data.google_client_config.current",
            "data.google_project.project",
            "module.acm-clients.module.acm_operator.module.k8s_operator.module.gcloud_kubectl.data.external.env_override",
            "module.acm-clients.module.acm_operator.module.k8s_operator.module.gcloud_kubectl.null_resource.additional_components",
            "module.acm-clients.module.acm_operator.module.k8s_operator.module.gcloud_kubectl.null_resource.decompress",
            "module.acm-clients.module.acm_operator.module.k8s_operator.module.gcloud_kubectl.null_resource.gcloud_auth_google_credentials",
            "module.acm-clients.module.acm_operator.module.k8s_operator.module.gcloud_kubectl.null_resource.gcloud_auth_service_account_key_file",
            "module.acm-clients.module.acm_operator.module.k8s_operator.module.gcloud_kubectl.null_resource.module_depends_on",
            "module.acm-clients.module.acm_operator.module.k8s_operator.module.gcloud_kubectl.null_resource.run_command",
            "module.acm-clients.module.acm_operator.module.k8s_operator.module.gcloud_kubectl.null_resource.run_destroy_command",
            "module.acm-clients.module.acm_operator.module.k8s_operator.module.gcloud_kubectl.null_resource.upgrade",
            "module.acm-clients.module.acm_operator.module.k8s_operator.module.gcloud_kubectl.random_id.cache",
            "module.acm-clients.module.acm_operator.module.k8sop_manifest.null_resource.additional_components",
            "module.acm-clients.module.acm_operator.module.k8sop_manifest.null_resource.gcloud_auth_google_credentials",
            "module.acm-clients.module.acm_operator.module.k8sop_manifest.null_resource.gcloud_auth_service_account_key_file",
            "module.acm-clients.module.acm_operator.module.k8sop_manifest.null_resource.run_command",
            "module.acm-clients.module.acm_operator.module.k8sop_manifest.null_resource.run_destroy_command",
            "module.client-clusters.data.google_client_config.default",
            "module.client-clusters.data.google_compute_subnetwork.gke_subnetwork",
            "module.client-clusters.data.google_compute_zones.available",
            "module.client-clusters.data.google_container_engine_versions.region",
            "module.client-clusters.data.google_container_engine_versions.zone",
            "module.client-clusters.google_compute_firewall.intra_egress",
            "module.client-clusters.google_compute_firewall.master_webhooks",
            "module.client-clusters.google_compute_firewall.shadow_allow_master",
            "module.client-clusters.google_compute_firewall.shadow_allow_nodes",
            "module.client-clusters.google_compute_firewall.shadow_allow_pods",
            "module.client-clusters.google_container_cluster.primary",
            "module.client-clusters.google_container_node_pool.pools",
            "module.client-clusters.google_project_iam_member.cluster_service_account-artifact-registry",
            "module.client-clusters.google_project_iam_member.cluster_service_account-gcr",
            "module.client-clusters.google_project_iam_member.cluster_service_account-log_writer",
            "module.client-clusters.google_project_iam_member.cluster_service_account-metric_writer",
            "module.client-clusters.google_project_iam_member.cluster_service_account-monitoring_viewer",
            "module.client-clusters.google_project_iam_member.cluster_service_account-resourceMetadata-writer",
            "module.client-clusters.google_service_account.cluster_service_account",
            "module.client-clusters.kubernetes_config_map.ip-masq-agent",
            "module.client-clusters.kubernetes_config_map.kube-dns",
            "module.client-clusters.kubernetes_config_map.kube-dns-upstream-nameservers-and-stub-domains",
            "module.client-clusters.kubernetes_config_map.kube-dns-upstream-namservers",
            "module.client-clusters.module.gcloud_delete_default_kube_dns_configmap.module.gcloud_kubectl.data.external.env_override",
            "module.client-clusters.module.gcloud_delete_default_kube_dns_configmap.module.gcloud_kubectl.null_resource.additional_components",
            "module.client-clusters.module.gcloud_delete_default_kube_dns_configmap.module.gcloud_kubectl.null_resource.additional_components_destroy",
            "module.client-clusters.module.gcloud_delete_default_kube_dns_configmap.module.gcloud_kubectl.null_resource.decompress",
            "module.client-clusters.module.gcloud_delete_default_kube_dns_configmap.module.gcloud_kubectl.null_resource.decompress_destroy",
            "module.client-clusters.module.gcloud_delete_default_kube_dns_configmap.module.gcloud_kubectl.null_resource.download_gcloud",
            "module.client-clusters.module.gcloud_delete_default_kube_dns_configmap.module.gcloud_kubectl.null_resource.download_jq",
            "module.client-clusters.module.gcloud_delete_default_kube_dns_configmap.module.gcloud_kubectl.null_resource.gcloud_auth_google_credentials",
            "module.client-clusters.module.gcloud_delete_default_kube_dns_configmap.module.gcloud_kubectl.null_resource.gcloud_auth_google_credentials_destroy",
            "module.client-clusters.module.gcloud_delete_default_kube_dns_configmap.module.gcloud_kubectl.null_resource.gcloud_auth_service_account_key_file",
            "module.client-clusters.module.gcloud_delete_default_kube_dns_configmap.module.gcloud_kubectl.null_resource.gcloud_auth_service_account_key_file_destroy",
            "module.client-clusters.module.gcloud_delete_default_kube_dns_configmap.module.gcloud_kubectl.null_resource.module_depends_on",
            "module.client-clusters.module.gcloud_delete_default_kube_dns_configmap.module.gcloud_kubectl.null_resource.prepare_cache",
            "module.client-clusters.module.gcloud_delete_default_kube_dns_configmap.module.gcloud_kubectl.null_resource.run_command",
            "module.client-clusters.module.gcloud_delete_default_kube_dns_configmap.module.gcloud_kubectl.null_resource.run_destroy_command",
            "module.client-clusters.module.gcloud_delete_default_kube_dns_configmap.module.gcloud_kubectl.null_resource.upgrade",
            "module.client-clusters.module.gcloud_delete_default_kube_dns_configmap.module.gcloud_kubectl.null_resource.upgrade_destroy",
            "module.client-clusters.module.gcloud_delete_default_kube_dns_configmap.module.gcloud_kubectl.random_id.cache",
            "module.client-clusters.random_shuffle.available_zones",
            "module.client-clusters.random_string.cluster_service_account_suffix",
            "module.project-services.google_project_service.project_services"
          ]
        }
      ]
    },
    {
      "module": "module.acm-clients[0].module.acm_operator.module.k8sop_creds_secret.module.gcloud_kubectl",
      "mode": "managed",
      "type": "null_resource",
      "name": "run_command",
      "provider": "provider[\"registry.terraform.io/hashicorp/null\"]",
      "instances": [
        {
          "index_key": 0,
          "schema_version": 0,
          "attributes": {
            "id": "571368736451225162",
            "triggers": {
              "arguments": "db2dd05a2d0e6f8fe83972f331795442",
              "create_cmd_body": "gke-cluster-client-0 us-west1-a jk-mlops-dev false false kubectl create secret generic git-creds -n=config-management-system --from-literal=ssh='-----BEGIN RSA PRIVATE KEY-----\nMIIJKwIBAAKCAgEAxyg0vTN7+4i474nE9UAjyrv7vPuxae/caHbRTgH0njNWCs/+\nHyu7xkDam4iZtoKp4RbsXk4rc8k+uBlX2XSIA4STWho6jnIrWxPlYzLI2tpvcH4y\nlVEVQ1CKrKcs+0ThEepAVPNEcbJ5wQ64dZGI/bSpKE0ExDdO4nPQkdIMovkdhWWj\n9M52k+PyHhzPSIT+R2CNBxbBkI4WdvQSVWNPrsQRNQIVin15gZJUZPnQLiSeOOdF\nliZ5FHbjMzrVdBSa0OdwrUbSZ8pzEKVsKvsSp9AiKbDhOmEPhdwH05vR1O7JggLN\nqIwpLXHYQE7KdyLAdCpNg9UAIG7qBkhRKm8sgBSzYKm1xepMGc26ftFzXQBpeuYn\nTLvFghYcf/k4lhaYGaD5utNCJHrmWpC5FoUv5XMbhs52AvTrs+oRzfLIMIxzuMiZ\nqdOvv/L3XlldzYrptRJzcahKdqx07KP3/3OoNqS8Wn4NmiuWvc6eI6levVGHgtdI\nXvSt2LrJT8oToUNm3vmpafowVvB3317h8VXTQbBFKJw6DodQFtus0X2VcgatQwJ6\nnOPa3WOC7GZLyna5giledkEO9JRkTbOHZ7TK3OBY49SUIfmmJysNrcEaEMRjDzii\n27COr08pcpIediQWo6KFUbr34AUoJdAIU99JYLNn1EEutvVaSxdmx714G3UCAwEA\nAQKCAgEAuXqsg3krgvu2oQCCOpbdvraMoVkXxj3p3DCshiY0GBJfk/paBdXJL76+\n2hPCdMQESun6gWnz9gX7L6IKuy9YbU5PnZ7H4lpaHpzNCjIF9i1xlCc0HPRDBUpB\nnMKlle50Xyb3eyaFHA7IbhCzomtEVmSnFi2EvulzwltyaBxkQHQaFl6u8BRJQzsM\nBxd1xWh3GSrGrU94PpTWPzrYyEWRtIZOMDwcq7poK1CI4PH3/MGFyiE6Ibj7EyAW\nQWQN3+pAtUaXHgnTc26M83fc4bqriTbCWmmtmZ1Dw7tEXsPEDLfHXBoYR10iDHz2\nlg3LamEnNAkh4CHD2HDz6532WbroiUpq22aLstZZ4S/oAE6v7yLcKwtul74HdDei\nGbChAy/TCs04p21aVM9lQVgAOV42yjps0B8CQgzOtomXqljAckDD6d9u10RsDQCH\ni0ct27V6px8yFJb8BSUDVJhQrSFvNXFXyOEXyfI73pzfswo4xJcF1E0XhwC+cEUT\nf8cCP3mBH7vSHNYN4QAk5NIVuMIDi6BFB+j2qfcj6G2PdBeZ2ST2o5h4s3pbs1v7\nDt1A3uvL0/JTpe7kzmCfK6AMZ7HfMoisRlHU6sYI10t3psMRGgE72Y/BXKaWe/mU\n7ZRSPcUGrZsvsczTPPioduUUUYidOQC1DEEXnU7VdKaAXarpbYECggEBAPdLPrPb\nAZHZrZR7lC6yTBbBm/RAvi0cNyy2/uyVIksPBKHZqmQ0lZnOeGjMYo2xlKhllidE\ndgs8n5yMvOrplTl6NqudaBCGGNHsVtrAXUYVF3moyImJBnwby1Fn17NMKL9WU0zk\naiEKJ01VZB56WvfGBZ+IBH7SkIt/h7UtjY+RETaf9E3Z1o0NOexdpruDLBTc4/W8\nZZa0dqg0efEXWFLYwUSs2zw7utLD8TFSB0yUikVctuLjritNRtjPnYAwj/nEK0S2\n48s8lev3hwwt63kDpBV3TT2IabGUO+Gj7tRHCmGjNHuImh5LmJ4woCuhUcApgkxq\nJK2ogyqR1UfndrkCggEBAM4rH7kgKuUEr7oJphLfrSltkBhDQM9j6Q4tv6ZN6EHj\nQ5oYtpFfDTgw0+PndnxVOhZlTJd69ksBBVYiSK2hl9AJuHTkzuBstFjOt4Hdbj3b\nsWcX2jjOxoCKR60aaIkHFWShSrc5FFnHfQSFVIwzl+MIH4GN1mQM1kEW7UybSqGh\nL5ns8+tXQqyStKbMyiR8ntOoY5h0WmqAalLxt27oGCFifPJqROeyRTYStAmkTLdg\n2LF1oASNOwNQdA8cwTytVy9/q4jBBX8LTwbA+1xBtCyYkOMjDH64wGOl7VGBP1Ml\nzfV7ZsMpxnbaNGM8wWvjxxYUpF9aQyqTJfoht8bArJ0CggEBAM48co6Ml0KLx7eN\nWIeZKtvPm8CYPgJhBaLE+tVTisYOQE66uN/Y+urKxqCf05FYCCJollEpR0kXxgVJ\nWkSPiWPmCLIXFDKzov9vmv/UbfWEoY9Us+n/3OikRWwerkVZvqHT3KTD2b60ORLF\npDnG0RbSjt39EcKy2Nl+Ai+XTfftg+2KeLR0d/oqjaQSdnrralf74CGQfSiyWELv\ngMMQNRjirEwZ3LzfE2+y+fOn9W5ocuhl6iBOwXJbgDpQ64l89pXWhD9KR6+3V1Dz\nni0KHtdNsgo09LXcjkkK1uXXUda3aHEFKz/bLK0XXrCO3QWGBCe+dmxEGVK6tqlJ\n9hWBdAECggEBAKIm5r963mHb6r4+goELra0MwC1lD99NrGp7buXFFqxjq7LSRx1V\nDheox67TSKyHd7VPnQrzKi1ZszHIqzLtCnMUgiBmKZP3y2yhwVEBsIg0d3YnG3pc\nn2FP4Qnz4E4N5TSNay9qVGg8b0aT+yh+F7L3m5gQz5NHSWhOOPtslClFliPRaxMp\nQYZrqGwcW8yQu3arVRH+SXLEZ1uvQ1+Wagwv4yfijylQXAEoerOupqwAHs6MPfv2\nfHih2XZdXlpz10PDfU2EyubeJRyhwdEQ2D3PDP2oflZYxvBY+6uEJSMnc7LkiLFs\n9OxbuKJokZRixR3HxHQ+kN82dsMhq+JFfj0CggEBANkaPlbe8Uy3jmBWsKfbZKhy\nAmDv/uk80rR2Mj/Ah9uaiN15CkXdu9tOCTadmhsKqjSqC98BwBMZzNAvc5XMFmLd\nVG7zMEumE7dxm60PBtMrW6ufo0riN66fuXvrbMBu8qNqPx9Url7Yr83JatqGfECV\nuYDe1IJ+aVtUVIDmzOw6licxnB5YEisqfAlLTvQL5x/8xHNF3L6IA2TEdP9nH3cn\nd8rwocPpTVJnJ2JlvbwKqXL4aRIetLOIETr9zQOhF54TsHl0dxypF/onO28h7Mml\nhqB+cKIaGwJ54EvDZdu3JD33aVcBd6pjNXSj7Mmk724WTaGT0UVPIjmB4vyOQbA=\n-----END RSA PRIVATE KEY-----\n'",
              "create_cmd_entrypoint": ".terraform/modules/acm-clients.acm_operator.k8sop_creds_secret/terraform-google-gcloud-2.0.3/modules/kubectl-wrapper/scripts/kubectl_wrapper.sh",
              "gcloud_bin_abs_path": "/google-cloud-sdk/bin",
              "md5": "f41e9e4bce1f16c5a7b5479198a8093d"
            }
          },
          "sensitive_attributes": [],
          "private": "bnVsbA==",
          "dependencies": [
            "data.google_client_config.current",
            "data.google_project.project",
            "module.acm-clients.module.acm_operator.module.k8s_operator.module.gcloud_kubectl.data.external.env_override",
            "module.acm-clients.module.acm_operator.module.k8s_operator.module.gcloud_kubectl.null_resource.additional_components",
            "module.acm-clients.module.acm_operator.module.k8s_operator.module.gcloud_kubectl.null_resource.decompress",
            "module.acm-clients.module.acm_operator.module.k8s_operator.module.gcloud_kubectl.null_resource.gcloud_auth_google_credentials",
            "module.acm-clients.module.acm_operator.module.k8s_operator.module.gcloud_kubectl.null_resource.gcloud_auth_service_account_key_file",
            "module.acm-clients.module.acm_operator.module.k8s_operator.module.gcloud_kubectl.null_resource.module_depends_on",
            "module.acm-clients.module.acm_operator.module.k8s_operator.module.gcloud_kubectl.null_resource.run_command",
            "module.acm-clients.module.acm_operator.module.k8s_operator.module.gcloud_kubectl.null_resource.run_destroy_command",
            "module.acm-clients.module.acm_operator.module.k8s_operator.module.gcloud_kubectl.null_resource.upgrade",
            "module.acm-clients.module.acm_operator.module.k8s_operator.module.gcloud_kubectl.random_id.cache",
            "module.acm-clients.module.acm_operator.module.k8sop_creds_secret.module.gcloud_kubectl.data.external.env_override",
            "module.acm-clients.module.acm_operator.module.k8sop_creds_secret.module.gcloud_kubectl.null_resource.additional_components",
            "module.acm-clients.module.acm_operator.module.k8sop_creds_secret.module.gcloud_kubectl.null_resource.decompress",
            "module.acm-clients.module.acm_operator.module.k8sop_creds_secret.module.gcloud_kubectl.null_resource.gcloud_auth_google_credentials",
            "module.acm-clients.module.acm_operator.module.k8sop_creds_secret.module.gcloud_kubectl.null_resource.gcloud_auth_service_account_key_file",
            "module.acm-clients.module.acm_operator.module.k8sop_creds_secret.module.gcloud_kubectl.null_resource.module_depends_on",
            "module.acm-clients.module.acm_operator.module.k8sop_creds_secret.module.gcloud_kubectl.null_resource.upgrade",
            "module.acm-clients.module.acm_operator.module.k8sop_creds_secret.module.gcloud_kubectl.random_id.cache",
            "module.acm-clients.module.acm_operator.module.k8sop_manifest.null_resource.additional_components",
            "module.acm-clients.module.acm_operator.module.k8sop_manifest.null_resource.gcloud_auth_google_credentials",
            "module.acm-clients.module.acm_operator.module.k8sop_manifest.null_resource.gcloud_auth_service_account_key_file",
            "module.acm-clients.module.acm_operator.module.k8sop_manifest.null_resource.run_command",
            "module.acm-clients.module.acm_operator.module.k8sop_manifest.null_resource.run_destroy_command",
            "module.acm-clients.module.acm_operator.tls_private_key.k8sop_creds",
            "module.client-clusters.data.google_client_config.default",
            "module.client-clusters.data.google_compute_subnetwork.gke_subnetwork",
            "module.client-clusters.data.google_compute_zones.available",
            "module.client-clusters.data.google_container_engine_versions.region",
            "module.client-clusters.data.google_container_engine_versions.zone",
            "module.client-clusters.google_compute_firewall.intra_egress",
            "module.client-clusters.google_compute_firewall.master_webhooks",
            "module.client-clusters.google_compute_firewall.shadow_allow_master",
            "module.client-clusters.google_compute_firewall.shadow_allow_nodes",
            "module.client-clusters.google_compute_firewall.shadow_allow_pods",
            "module.client-clusters.google_container_cluster.primary",
            "module.client-clusters.google_container_node_pool.pools",
            "module.client-clusters.google_project_iam_member.cluster_service_account-artifact-registry",
            "module.client-clusters.google_project_iam_member.cluster_service_account-gcr",
            "module.client-clusters.google_project_iam_member.cluster_service_account-log_writer",
            "module.client-clusters.google_project_iam_member.cluster_service_account-metric_writer",
            "module.client-clusters.google_project_iam_member.cluster_service_account-monitoring_viewer",
            "module.client-clusters.google_project_iam_member.cluster_service_account-resourceMetadata-writer",
            "module.client-clusters.google_service_account.cluster_service_account",
            "module.client-clusters.kubernetes_config_map.ip-masq-agent",
            "module.client-clusters.kubernetes_config_map.kube-dns",
            "module.client-clusters.kubernetes_config_map.kube-dns-upstream-nameservers-and-stub-domains",
            "module.client-clusters.kubernetes_config_map.kube-dns-upstream-namservers",
            "module.client-clusters.module.gcloud_delete_default_kube_dns_configmap.module.gcloud_kubectl.data.external.env_override",
            "module.client-clusters.module.gcloud_delete_default_kube_dns_configmap.module.gcloud_kubectl.null_resource.additional_components",
            "module.client-clusters.module.gcloud_delete_default_kube_dns_configmap.module.gcloud_kubectl.null_resource.additional_components_destroy",
            "module.client-clusters.module.gcloud_delete_default_kube_dns_configmap.module.gcloud_kubectl.null_resource.decompress",
            "module.client-clusters.module.gcloud_delete_default_kube_dns_configmap.module.gcloud_kubectl.null_resource.decompress_destroy",
            "module.client-clusters.module.gcloud_delete_default_kube_dns_configmap.module.gcloud_kubectl.null_resource.download_gcloud",
            "module.client-clusters.module.gcloud_delete_default_kube_dns_configmap.module.gcloud_kubectl.null_resource.download_jq",
            "module.client-clusters.module.gcloud_delete_default_kube_dns_configmap.module.gcloud_kubectl.null_resource.gcloud_auth_google_credentials",
            "module.client-clusters.module.gcloud_delete_default_kube_dns_configmap.module.gcloud_kubectl.null_resource.gcloud_auth_google_credentials_destroy",
            "module.client-clusters.module.gcloud_delete_default_kube_dns_configmap.module.gcloud_kubectl.null_resource.gcloud_auth_service_account_key_file",
            "module.client-clusters.module.gcloud_delete_default_kube_dns_configmap.module.gcloud_kubectl.null_resource.gcloud_auth_service_account_key_file_destroy",
            "module.client-clusters.module.gcloud_delete_default_kube_dns_configmap.module.gcloud_kubectl.null_resource.module_depends_on",
            "module.client-clusters.module.gcloud_delete_default_kube_dns_configmap.module.gcloud_kubectl.null_resource.prepare_cache",
            "module.client-clusters.module.gcloud_delete_default_kube_dns_configmap.module.gcloud_kubectl.null_resource.run_command",
            "module.client-clusters.module.gcloud_delete_default_kube_dns_configmap.module.gcloud_kubectl.null_resource.run_destroy_command",
            "module.client-clusters.module.gcloud_delete_default_kube_dns_configmap.module.gcloud_kubectl.null_resource.upgrade",
            "module.client-clusters.module.gcloud_delete_default_kube_dns_configmap.module.gcloud_kubectl.null_resource.upgrade_destroy",
            "module.client-clusters.module.gcloud_delete_default_kube_dns_configmap.module.gcloud_kubectl.random_id.cache",
            "module.client-clusters.random_shuffle.available_zones",
            "module.client-clusters.random_string.cluster_service_account_suffix",
            "module.project-services.google_project_service.project_services"
          ]
        }
      ]
    },
    {
      "module": "module.acm-clients[0].module.acm_operator.module.k8sop_creds_secret.module.gcloud_kubectl",
      "mode": "managed",
      "type": "null_resource",
      "name": "run_destroy_command",
      "provider": "provider[\"registry.terraform.io/hashicorp/null\"]",
      "instances": [
        {
          "index_key": 0,
          "schema_version": 0,
          "attributes": {
            "id": "7919659668706382780",
            "triggers": {
              "destroy_cmd_body": "gke-cluster-client-0 us-west1-a jk-mlops-dev false false kubectl delete secret git-creds -n=config-management-system",
              "destroy_cmd_entrypoint": ".terraform/modules/acm-clients.acm_operator.k8sop_creds_secret/terraform-google-gcloud-2.0.3/modules/kubectl-wrapper/scripts/kubectl_wrapper.sh",
              "gcloud_bin_abs_path": "/google-cloud-sdk/bin"
            }
          },
          "sensitive_attributes": [],
          "private": "bnVsbA==",
          "dependencies": [
            "data.google_client_config.current",
            "data.google_project.project",
            "module.acm-clients.module.acm_operator.module.k8s_operator.module.gcloud_kubectl.data.external.env_override",
            "module.acm-clients.module.acm_operator.module.k8s_operator.module.gcloud_kubectl.null_resource.additional_components",
            "module.acm-clients.module.acm_operator.module.k8s_operator.module.gcloud_kubectl.null_resource.decompress",
            "module.acm-clients.module.acm_operator.module.k8s_operator.module.gcloud_kubectl.null_resource.gcloud_auth_google_credentials",
            "module.acm-clients.module.acm_operator.module.k8s_operator.module.gcloud_kubectl.null_resource.gcloud_auth_service_account_key_file",
            "module.acm-clients.module.acm_operator.module.k8s_operator.module.gcloud_kubectl.null_resource.module_depends_on",
            "module.acm-clients.module.acm_operator.module.k8s_operator.module.gcloud_kubectl.null_resource.run_command",
            "module.acm-clients.module.acm_operator.module.k8s_operator.module.gcloud_kubectl.null_resource.run_destroy_command",
            "module.acm-clients.module.acm_operator.module.k8s_operator.module.gcloud_kubectl.null_resource.upgrade",
            "module.acm-clients.module.acm_operator.module.k8s_operator.module.gcloud_kubectl.random_id.cache",
            "module.acm-clients.module.acm_operator.module.k8sop_creds_secret.module.gcloud_kubectl.data.external.env_override",
            "module.acm-clients.module.acm_operator.module.k8sop_creds_secret.module.gcloud_kubectl.null_resource.additional_components",
            "module.acm-clients.module.acm_operator.module.k8sop_creds_secret.module.gcloud_kubectl.null_resource.decompress",
            "module.acm-clients.module.acm_operator.module.k8sop_creds_secret.module.gcloud_kubectl.null_resource.gcloud_auth_google_credentials",
            "module.acm-clients.module.acm_operator.module.k8sop_creds_secret.module.gcloud_kubectl.null_resource.gcloud_auth_service_account_key_file",
            "module.acm-clients.module.acm_operator.module.k8sop_creds_secret.module.gcloud_kubectl.null_resource.module_depends_on",
            "module.acm-clients.module.acm_operator.module.k8sop_creds_secret.module.gcloud_kubectl.null_resource.upgrade",
            "module.acm-clients.module.acm_operator.module.k8sop_creds_secret.module.gcloud_kubectl.random_id.cache",
            "module.acm-clients.module.acm_operator.module.k8sop_manifest.null_resource.additional_components",
            "module.acm-clients.module.acm_operator.module.k8sop_manifest.null_resource.gcloud_auth_google_credentials",
            "module.acm-clients.module.acm_operator.module.k8sop_manifest.null_resource.gcloud_auth_service_account_key_file",
            "module.acm-clients.module.acm_operator.module.k8sop_manifest.null_resource.run_command",
            "module.acm-clients.module.acm_operator.module.k8sop_manifest.null_resource.run_destroy_command",
            "module.acm-clients.module.acm_operator.tls_private_key.k8sop_creds",
            "module.client-clusters.data.google_client_config.default",
            "module.client-clusters.data.google_compute_subnetwork.gke_subnetwork",
            "module.client-clusters.data.google_compute_zones.available",
            "module.client-clusters.data.google_container_engine_versions.region",
            "module.client-clusters.data.google_container_engine_versions.zone",
            "module.client-clusters.google_compute_firewall.intra_egress",
            "module.client-clusters.google_compute_firewall.master_webhooks",
            "module.client-clusters.google_compute_firewall.shadow_allow_master",
            "module.client-clusters.google_compute_firewall.shadow_allow_nodes",
            "module.client-clusters.google_compute_firewall.shadow_allow_pods",
            "module.client-clusters.google_container_cluster.primary",
            "module.client-clusters.google_container_node_pool.pools",
            "module.client-clusters.google_project_iam_member.cluster_service_account-artifact-registry",
            "module.client-clusters.google_project_iam_member.cluster_service_account-gcr",
            "module.client-clusters.google_project_iam_member.cluster_service_account-log_writer",
            "module.client-clusters.google_project_iam_member.cluster_service_account-metric_writer",
            "module.client-clusters.google_project_iam_member.cluster_service_account-monitoring_viewer",
            "module.client-clusters.google_project_iam_member.cluster_service_account-resourceMetadata-writer",
            "module.client-clusters.google_service_account.cluster_service_account",
            "module.client-clusters.kubernetes_config_map.ip-masq-agent",
            "module.client-clusters.kubernetes_config_map.kube-dns",
            "module.client-clusters.kubernetes_config_map.kube-dns-upstream-nameservers-and-stub-domains",
            "module.client-clusters.kubernetes_config_map.kube-dns-upstream-namservers",
            "module.client-clusters.module.gcloud_delete_default_kube_dns_configmap.module.gcloud_kubectl.data.external.env_override",
            "module.client-clusters.module.gcloud_delete_default_kube_dns_configmap.module.gcloud_kubectl.null_resource.additional_components",
            "module.client-clusters.module.gcloud_delete_default_kube_dns_configmap.module.gcloud_kubectl.null_resource.additional_components_destroy",
            "module.client-clusters.module.gcloud_delete_default_kube_dns_configmap.module.gcloud_kubectl.null_resource.decompress",
            "module.client-clusters.module.gcloud_delete_default_kube_dns_configmap.module.gcloud_kubectl.null_resource.decompress_destroy",
            "module.client-clusters.module.gcloud_delete_default_kube_dns_configmap.module.gcloud_kubectl.null_resource.download_gcloud",
            "module.client-clusters.module.gcloud_delete_default_kube_dns_configmap.module.gcloud_kubectl.null_resource.download_jq",
            "module.client-clusters.module.gcloud_delete_default_kube_dns_configmap.module.gcloud_kubectl.null_resource.gcloud_auth_google_credentials",
            "module.client-clusters.module.gcloud_delete_default_kube_dns_configmap.module.gcloud_kubectl.null_resource.gcloud_auth_google_credentials_destroy",
            "module.client-clusters.module.gcloud_delete_default_kube_dns_configmap.module.gcloud_kubectl.null_resource.gcloud_auth_service_account_key_file",
            "module.client-clusters.module.gcloud_delete_default_kube_dns_configmap.module.gcloud_kubectl.null_resource.gcloud_auth_service_account_key_file_destroy",
            "module.client-clusters.module.gcloud_delete_default_kube_dns_configmap.module.gcloud_kubectl.null_resource.module_depends_on",
            "module.client-clusters.module.gcloud_delete_default_kube_dns_configmap.module.gcloud_kubectl.null_resource.prepare_cache",
            "module.client-clusters.module.gcloud_delete_default_kube_dns_configmap.module.gcloud_kubectl.null_resource.run_command",
            "module.client-clusters.module.gcloud_delete_default_kube_dns_configmap.module.gcloud_kubectl.null_resource.run_destroy_command",
            "module.client-clusters.module.gcloud_delete_default_kube_dns_configmap.module.gcloud_kubectl.null_resource.upgrade",
            "module.client-clusters.module.gcloud_delete_default_kube_dns_configmap.module.gcloud_kubectl.null_resource.upgrade_destroy",
            "module.client-clusters.module.gcloud_delete_default_kube_dns_configmap.module.gcloud_kubectl.random_id.cache",
            "module.client-clusters.random_shuffle.available_zones",
            "module.client-clusters.random_string.cluster_service_account_suffix",
            "module.project-services.google_project_service.project_services"
          ]
        }
      ]
    },
    {
      "module": "module.acm-clients[1].module.acm_operator",
      "mode": "data",
      "type": "template_file",
      "name": "k8sop_config",
      "provider": "provider[\"registry.terraform.io/hashicorp/template\"]",
      "instances": [
        {
          "schema_version": 0,
          "attributes": {
            "filename": null,
            "id": "df29c10758f0de4b835a81bb5a80722aac6e5ae431afb8c646096c4182ae0457",
            "rendered": "apiVersion: configmanagement.gke.io/v1\nkind: ConfigManagement\nmetadata:\n  name: config-management\nspec:\n  # clusterName is required and must be unique among all managed clusters\n  clusterName: gke-cluster-client-1\n  policyController:\n    enabled: true\n    templateLibraryInstalled: true\n    logDeniesEnabled: false\n  git:\n    syncRepo: https://github.com/jarokaz/tff/\n    secretType: ssh\n    policyDir: acm-configs\n    syncBranch: master\n  \n  \n",
            "template": "apiVersion: configmanagement.gke.io/v1\nkind: ConfigManagement\nmetadata:\n  name: config-management\nspec:\n  # clusterName is required and must be unique among all managed clusters\n  clusterName: ${cluster_name}\n  policyController:\n    enabled: ${enable_policy_controller}\n    templateLibraryInstalled: ${install_template_library}\n    logDeniesEnabled: ${enable_log_denies}\n  git:\n    syncRepo: ${sync_repo}\n    secretType: ${secret_type}\n    ${policy_dir_node}\n    ${sync_branch_node}\n  ${source_format_node}\n  ${hierarchy_controller_map_node}\n",
            "vars": {
              "cluster_name": "gke-cluster-client-1",
              "enable_log_denies": "false",
              "enable_policy_controller": "true",
              "hierarchy_controller_map_node": "",
              "install_template_library": "true",
              "policy_dir_node": "policyDir: acm-configs",
              "secret_type": "ssh",
              "source_format_node": "",
              "sync_branch_node": "syncBranch: master",
              "sync_repo": "https://github.com/jarokaz/tff/"
            }
          },
          "sensitive_attributes": []
        }
      ]
    },
    {
      "module": "module.acm-clients[1].module.acm_operator",
      "mode": "managed",
      "type": "tls_private_key",
      "name": "k8sop_creds",
      "provider": "provider[\"registry.terraform.io/hashicorp/tls\"]",
      "instances": [
        {
          "index_key": 0,
          "schema_version": 0,
          "attributes": {
            "algorithm": "RSA",
            "ecdsa_curve": "P224",
            "id": "8b1d4587f639d21882669aedd3bb5971162e7db6",
            "private_key_pem": "-----BEGIN RSA PRIVATE KEY-----\nMIIJKQIBAAKCAgEA3P/BOXl2jZ0P1M2Fzck95sL6EKAiQh5pMhly7RdDpH4jrKwQ\nsAFeV7PUIb87Wugqq9G5J0wr343lDTS/BuPn/zHQBDKncxP5nAmiEKShlJy1GG0R\nPkOScn7hHDiBTjkNTpw74l5nbz4feTIS1JPxQkuNAFoBNAACCO0RmcTBFaooeJyl\nUNO9N8lYZ8Xii6T3f7mav9rHn14PVAGFt7blszQXTRDQpchmcdtx3ZPXMoOPKyXt\nukVvQAbzA8LkWfB1bZvwYx0/cKSqBCvA5p2v3skTDrXsuporVKETaWq33sGRLDpb\nxBSjPqVX/KZScElt0Fb+ocnfkPokMIUVOr3/mXERDgxgGpqcMDMSr/ebWUggLAyo\nU2BHgIj0/Y/7cqWJRW/uXOgwh1GdrwZxXyRgGgQ2pGNDnbZ2BwbQ45yw4UrIb7z1\nm2SDqlAH8snvs6MGDqY9Svh292HIOp4iSUeS6YjRJP9pLy8ZLACETXYzTVKkD8cB\nNB54230Grhn3Ij/8LLy27S/XPNl4yZ/z5NbNsKMFSI+h7vN04E12QK6ARZ+aEtPp\npXBhBDMHG46drbjRKf617q5HLx6do6XXBp84nrC7s5YVZwG5J+hJ1nH3mvyxJ2Ul\ne4LVAEYZGWRszrNZMyFBhx65UBiVzqQlitf4lQXPk5pfHxtPd2+ENBj6PmMCAwEA\nAQKCAgBM6Hg+3yVBvRHgVbGl3s26+8l4dbHWXqzvMWoMVldE7FzP34VjKubBEKTX\nJayrQzZuWurbYSe3gbLfeKat6Cw5ZAVnIJWjd6UbB0MuFYzhofNnz7T7fRp+2+bN\nImDlbvdRjw9MBNxsGytqyuFAt0dzccVdBPV8OjB7GL1STOWA+5lf9+uUCEvGGTy5\nyGTBgiRbf6T59VIZBOvCqVD2kSC4z3z4ZcymlOoJ33ttx+BRBPWS530moLlJh+GU\nQoOjRQooneb3JxuHwNYl43AbEW890a3fJbJ/cd14cyHFQs1AKQ6zXI/I2gHBcFsB\nYoQ37WXY5h1xAkbaNiLX+8hai/phrwdDmUq4MevcGkvsKq0YNUHNqx66E8vXJsVi\nZvpdVccm7V/3KA71mzY+I4luZJq7NJuERZw3/cD07scVD+5kXdpGVZe4SacUKTzE\nb0eBQvI28KPdRLNrFARxmjMM5CI7ci8DD4z5jFX/tL9r7m4Ct/xQDqRIvskdv0cf\nGNvJjiXhPF7l+8Ywy27F5B5Imi80/C2VzMfZym6E+nqI0NV13XhZ3HLceRzpm7RD\nNp+tZzq0hTi1+ZnNLCWTOnoOITZx4e2JcH3/Z9ShfYFcFctAtZLnrJKIHYkJavSL\neqkJkEgSEZ5MrZAnL7O8vL34/GG6QUp46c6XolI/Y6l01IsEmQKCAQEA5IcRn42V\nSyiZZWddfrFvz+VXmu1NFust/Xu89u3iXkvtZ1w/02Gzb+2rFiqsuExXvHekjN4c\n1INLSVUhqZWw0A1vElG7jq0U1JqOn1r1/Sef+cbiLxKtDbCK6jt5U8LiZBDpcds0\nDeBs382urEdJpkdzxND9fHAkmnaTR4J7hdb3Cupmxetcg8Nyn4lYlwTzzdaOLpcu\nTHUHx4Oy0LufNPTOtSr9HaE4cN5gevB46ATVxt/kBXeJaa0h38lbj0YztdLjHfjL\nHh3+2sEN5Ajm1rwZfE4vGqrMT9w2ACzu6JeT2CE36j1vqZf/aVruentP5R/i4k60\nbRRS9Vr2VcNKrwKCAQEA95D+kBBoaTYfbYHxaAGqIulLhvOvKphI876P/E3A8lei\noFzQKJ46kuGUUsnNJcmFeQC7bAbFp/wcBEnGso88x2MwtZ4BVi0sOaycronTDFgn\nRoXPfzNUvXPEJZPIYorJtN60adOEM4561CvU1kUJAUly0I948n5jKtb5DCPrTJDQ\n30S0ACk5RY+cOaBLY1WsDw+/kmxMoacqqkDddLmbwQRBoWcJ+k5aDqrnVjqGJnl4\nu43xlIIfEWkn/L9v3zEj2HHz4e6/C+nOxY1vXKFN5NYYEt0a59IftnW/UDgPMKV3\niBHcJ3cZCnytLhPDxVfADF9ulJPRhYVIzRRBxQ6kjQKCAQEAiCEJV3DgcM/zaFtF\nb1XFFCM6pzgaRr+7Opb9/l3ADYnPFlX2UzWMzOzXkDHFh1c6oDLo21zn8ZNwQnOq\nxLk9hQGrm08Cmb/ye57BvJ1TkQSMoB5f18iZO2FhrpvU7xdVAmSsmr0H6gg48qw0\nE723WoyPorsXdIvc0gI2Q0+vww9FQ8RTiixkhLzlR7FqCzPRA1l+grRdyP+hrbB+\n0SYidUoq4/KCqqbB10IwWKtsalGPApOV4cfOHBwc5JCusM8RuIqx7cWpQPx/NtHv\nM1o2H84WpFxyZME/SYcUx8/8VKMOV52aEDeej3jSlXCsRFu2QPdYkJRvl9aWgD86\nI+ZcUwKCAQEAuc3d8PwPkR9o2QSUzW2qZsdXwzJzfnGLFz0nzcIBlSFG0jq2lDWl\nWoXpj3Ub/kdQYK+2+u3ePSTPVjyU34D3qeH9NeIfuLDwp1ywv6J7fqFO4PQe9qXs\n7L/NMDLJS4REvPYEzARPDW7bKxC2jhaEGq4oePWlXcKT5RwxEPaIbA+oZFmpCxHl\nhRqysuFmk2hCWY+FRXz4yr6vG9bRHwELMANkyqGN8IoLt0R3mdUUyB2VCpcPAFnk\nvWmB9IUtjoLQF2v3EdPhGSzi3ow3T3tU/fHdYZMG1YRz/rpC2w8n/2fA3aQh6pDN\nf3xxccqtvRgN8HtTgDmtIBwXtquEbUR/JQKCAQBRW5nCP2kNd09xpYm7DetiwIZJ\nRNLPBe7fl8BdY2ZVEYm1GsCHTJAkv0B1+jw0fzX2aLM08NWOhZRzmYiq8pLzKC2u\nQ06e60cT0G5tc+fQ+hGcAWMu0C0M8kzlx3K4Xj73WgLKm3N2sd5nW3hytSbviZSU\nF5URD1N3PzFQVGRvpkb3wV7fvPxp//wQ2JowQgxmo7I2/x4O3e9NXx0Dm+T1/5Wo\n59Y8Laiv6/ofSqhnmPw6Hiq24i7QAVsDE8qTOp3/5Yn1xh6wDmfTt2bcSlHsAT7G\nm2p2+pXnWJLYdaL0HdaGkw/wZC49pzgbnrDMJ3/7gnC8ykez/PcB9++bfXc6\n-----END RSA PRIVATE KEY-----\n",
            "public_key_fingerprint_md5": "b8:1f:2b:f8:98:11:84:5b:0a:ee:b2:53:8e:dc:50:99",
            "public_key_openssh": "ssh-rsa AAAAB3NzaC1yc2EAAAADAQABAAACAQDc/8E5eXaNnQ/UzYXNyT3mwvoQoCJCHmkyGXLtF0OkfiOsrBCwAV5Xs9Qhvzta6Cqr0bknTCvfjeUNNL8G4+f/MdAEMqdzE/mcCaIQpKGUnLUYbRE+Q5JyfuEcOIFOOQ1OnDviXmdvPh95MhLUk/FCS40AWgE0AAII7RGZxMEVqih4nKVQ0703yVhnxeKLpPd/uZq/2sefXg9UAYW3tuWzNBdNENClyGZx23Hdk9cyg48rJe26RW9ABvMDwuRZ8HVtm/BjHT9wpKoEK8Dmna/eyRMOtey6mitUoRNparfewZEsOlvEFKM+pVf8plJwSW3QVv6hyd+Q+iQwhRU6vf+ZcREODGAampwwMxKv95tZSCAsDKhTYEeAiPT9j/typYlFb+5c6DCHUZ2vBnFfJGAaBDakY0OdtnYHBtDjnLDhSshvvPWbZIOqUAfyye+zowYOpj1K+Hb3Ycg6niJJR5LpiNEk/2kvLxksAIRNdjNNUqQPxwE0HnjbfQauGfciP/wsvLbtL9c82XjJn/Pk1s2wowVIj6Hu83TgTXZAroBFn5oS0+mlcGEEMwcbjp2tuNEp/rXurkcvHp2jpdcGnziesLuzlhVnAbkn6EnWcfea/LEnZSV7gtUARhkZZGzOs1kzIUGHHrlQGJXOpCWK1/iVBc+Tml8fG093b4Q0GPo+Yw==\n",
            "public_key_pem": "-----BEGIN PUBLIC KEY-----\nMIICIjANBgkqhkiG9w0BAQEFAAOCAg8AMIICCgKCAgEA3P/BOXl2jZ0P1M2Fzck9\n5sL6EKAiQh5pMhly7RdDpH4jrKwQsAFeV7PUIb87Wugqq9G5J0wr343lDTS/BuPn\n/zHQBDKncxP5nAmiEKShlJy1GG0RPkOScn7hHDiBTjkNTpw74l5nbz4feTIS1JPx\nQkuNAFoBNAACCO0RmcTBFaooeJylUNO9N8lYZ8Xii6T3f7mav9rHn14PVAGFt7bl\nszQXTRDQpchmcdtx3ZPXMoOPKyXtukVvQAbzA8LkWfB1bZvwYx0/cKSqBCvA5p2v\n3skTDrXsuporVKETaWq33sGRLDpbxBSjPqVX/KZScElt0Fb+ocnfkPokMIUVOr3/\nmXERDgxgGpqcMDMSr/ebWUggLAyoU2BHgIj0/Y/7cqWJRW/uXOgwh1GdrwZxXyRg\nGgQ2pGNDnbZ2BwbQ45yw4UrIb7z1m2SDqlAH8snvs6MGDqY9Svh292HIOp4iSUeS\n6YjRJP9pLy8ZLACETXYzTVKkD8cBNB54230Grhn3Ij/8LLy27S/XPNl4yZ/z5NbN\nsKMFSI+h7vN04E12QK6ARZ+aEtPppXBhBDMHG46drbjRKf617q5HLx6do6XXBp84\nnrC7s5YVZwG5J+hJ1nH3mvyxJ2Ule4LVAEYZGWRszrNZMyFBhx65UBiVzqQlitf4\nlQXPk5pfHxtPd2+ENBj6PmMCAwEAAQ==\n-----END PUBLIC KEY-----\n",
            "rsa_bits": 4096
          },
          "sensitive_attributes": [],
          "private": "bnVsbA=="
        }
      ]
    },
    {
      "module": "module.acm-clients[1].module.acm_operator.module.k8s_operator.module.gcloud_kubectl",
      "mode": "data",
      "type": "external",
      "name": "env_override",
      "provider": "provider[\"registry.terraform.io/hashicorp/external\"]",
      "instances": [
        {
          "index_key": 0,
          "schema_version": 0,
          "attributes": {
            "id": "-",
            "program": [
              ".terraform/modules/acm-clients.acm_operator.k8s_operator/terraform-google-gcloud-2.0.3/scripts/check_env.sh"
            ],
            "query": null,
            "result": {
              "download": ""
            },
            "working_dir": null
          },
          "sensitive_attributes": []
        }
      ]
    },
    {
      "module": "module.acm-clients[1].module.acm_operator.module.k8s_operator.module.gcloud_kubectl",
      "mode": "managed",
      "type": "null_resource",
      "name": "additional_components",
      "provider": "provider[\"registry.terraform.io/hashicorp/null\"]",
      "instances": [
        {
          "index_key": 0,
          "schema_version": 0,
          "attributes": {
            "id": "164985488990142151",
            "triggers": {
              "additional_components_command": ".terraform/modules/acm-clients.acm_operator.k8s_operator/terraform-google-gcloud-2.0.3/scripts/check_components.sh gcloud kubectl",
              "arguments": "35c4dad51d21f548519550d1828ca0ee",
              "md5": "352ffea85252263f4f6b54fa4bb8ffb3"
            }
          },
          "sensitive_attributes": [],
          "private": "bnVsbA==",
          "dependencies": [
            "data.google_client_config.current",
            "data.google_project.project",
            "module.acm-clients.module.acm_operator.module.k8s_operator.module.gcloud_kubectl.data.external.env_override",
            "module.acm-clients.module.acm_operator.module.k8s_operator.module.gcloud_kubectl.null_resource.upgrade",
            "module.acm-clients.module.acm_operator.module.k8s_operator.module.gcloud_kubectl.random_id.cache",
            "module.client-clusters.data.google_client_config.default",
            "module.client-clusters.data.google_compute_subnetwork.gke_subnetwork",
            "module.client-clusters.data.google_compute_zones.available",
            "module.client-clusters.data.google_container_engine_versions.region",
            "module.client-clusters.data.google_container_engine_versions.zone",
            "module.client-clusters.google_compute_firewall.intra_egress",
            "module.client-clusters.google_compute_firewall.master_webhooks",
            "module.client-clusters.google_compute_firewall.shadow_allow_master",
            "module.client-clusters.google_compute_firewall.shadow_allow_nodes",
            "module.client-clusters.google_compute_firewall.shadow_allow_pods",
            "module.client-clusters.google_container_cluster.primary",
            "module.client-clusters.google_container_node_pool.pools",
            "module.client-clusters.google_project_iam_member.cluster_service_account-artifact-registry",
            "module.client-clusters.google_project_iam_member.cluster_service_account-gcr",
            "module.client-clusters.google_project_iam_member.cluster_service_account-log_writer",
            "module.client-clusters.google_project_iam_member.cluster_service_account-metric_writer",
            "module.client-clusters.google_project_iam_member.cluster_service_account-monitoring_viewer",
            "module.client-clusters.google_project_iam_member.cluster_service_account-resourceMetadata-writer",
            "module.client-clusters.google_service_account.cluster_service_account",
            "module.client-clusters.kubernetes_config_map.ip-masq-agent",
            "module.client-clusters.kubernetes_config_map.kube-dns",
            "module.client-clusters.kubernetes_config_map.kube-dns-upstream-nameservers-and-stub-domains",
            "module.client-clusters.kubernetes_config_map.kube-dns-upstream-namservers",
            "module.client-clusters.module.gcloud_delete_default_kube_dns_configmap.module.gcloud_kubectl.data.external.env_override",
            "module.client-clusters.module.gcloud_delete_default_kube_dns_configmap.module.gcloud_kubectl.null_resource.additional_components",
            "module.client-clusters.module.gcloud_delete_default_kube_dns_configmap.module.gcloud_kubectl.null_resource.additional_components_destroy",
            "module.client-clusters.module.gcloud_delete_default_kube_dns_configmap.module.gcloud_kubectl.null_resource.decompress",
            "module.client-clusters.module.gcloud_delete_default_kube_dns_configmap.module.gcloud_kubectl.null_resource.decompress_destroy",
            "module.client-clusters.module.gcloud_delete_default_kube_dns_configmap.module.gcloud_kubectl.null_resource.download_gcloud",
            "module.client-clusters.module.gcloud_delete_default_kube_dns_configmap.module.gcloud_kubectl.null_resource.download_jq",
            "module.client-clusters.module.gcloud_delete_default_kube_dns_configmap.module.gcloud_kubectl.null_resource.gcloud_auth_google_credentials",
            "module.client-clusters.module.gcloud_delete_default_kube_dns_configmap.module.gcloud_kubectl.null_resource.gcloud_auth_google_credentials_destroy",
            "module.client-clusters.module.gcloud_delete_default_kube_dns_configmap.module.gcloud_kubectl.null_resource.gcloud_auth_service_account_key_file",
            "module.client-clusters.module.gcloud_delete_default_kube_dns_configmap.module.gcloud_kubectl.null_resource.gcloud_auth_service_account_key_file_destroy",
            "module.client-clusters.module.gcloud_delete_default_kube_dns_configmap.module.gcloud_kubectl.null_resource.module_depends_on",
            "module.client-clusters.module.gcloud_delete_default_kube_dns_configmap.module.gcloud_kubectl.null_resource.prepare_cache",
            "module.client-clusters.module.gcloud_delete_default_kube_dns_configmap.module.gcloud_kubectl.null_resource.run_command",
            "module.client-clusters.module.gcloud_delete_default_kube_dns_configmap.module.gcloud_kubectl.null_resource.run_destroy_command",
            "module.client-clusters.module.gcloud_delete_default_kube_dns_configmap.module.gcloud_kubectl.null_resource.upgrade",
            "module.client-clusters.module.gcloud_delete_default_kube_dns_configmap.module.gcloud_kubectl.null_resource.upgrade_destroy",
            "module.client-clusters.module.gcloud_delete_default_kube_dns_configmap.module.gcloud_kubectl.random_id.cache",
            "module.client-clusters.random_shuffle.available_zones",
            "module.client-clusters.random_string.cluster_service_account_suffix",
            "module.project-services.google_project_service.project_services"
          ]
        }
      ]
    },
    {
      "module": "module.acm-clients[1].module.acm_operator.module.k8s_operator.module.gcloud_kubectl",
      "mode": "managed",
      "type": "null_resource",
      "name": "module_depends_on",
      "provider": "provider[\"registry.terraform.io/hashicorp/null\"]",
      "instances": [
        {
          "index_key": 0,
          "schema_version": 0,
          "attributes": {
            "id": "2939919818224164014",
            "triggers": {
              "value": "2"
            }
          },
          "sensitive_attributes": [
            [
              {
                "type": "get_attr",
                "value": "triggers"
              },
              {
                "type": "index",
                "value": {
                  "value": "value",
                  "type": "string"
                }
              }
            ]
          ],
          "private": "bnVsbA==",
          "dependencies": [
            "data.google_client_config.current",
            "data.google_project.project",
            "module.acm-clients.module.acm_operator.module.k8sop_manifest.null_resource.additional_components",
            "module.acm-clients.module.acm_operator.module.k8sop_manifest.null_resource.gcloud_auth_google_credentials",
            "module.acm-clients.module.acm_operator.module.k8sop_manifest.null_resource.gcloud_auth_service_account_key_file",
            "module.acm-clients.module.acm_operator.module.k8sop_manifest.null_resource.run_command",
            "module.acm-clients.module.acm_operator.module.k8sop_manifest.null_resource.run_destroy_command",
            "module.client-clusters.data.google_client_config.default",
            "module.client-clusters.data.google_compute_subnetwork.gke_subnetwork",
            "module.client-clusters.data.google_compute_zones.available",
            "module.client-clusters.data.google_container_engine_versions.region",
            "module.client-clusters.data.google_container_engine_versions.zone",
            "module.client-clusters.google_compute_firewall.intra_egress",
            "module.client-clusters.google_compute_firewall.master_webhooks",
            "module.client-clusters.google_compute_firewall.shadow_allow_master",
            "module.client-clusters.google_compute_firewall.shadow_allow_nodes",
            "module.client-clusters.google_compute_firewall.shadow_allow_pods",
            "module.client-clusters.google_container_cluster.primary",
            "module.client-clusters.google_container_node_pool.pools",
            "module.client-clusters.google_project_iam_member.cluster_service_account-artifact-registry",
            "module.client-clusters.google_project_iam_member.cluster_service_account-gcr",
            "module.client-clusters.google_project_iam_member.cluster_service_account-log_writer",
            "module.client-clusters.google_project_iam_member.cluster_service_account-metric_writer",
            "module.client-clusters.google_project_iam_member.cluster_service_account-monitoring_viewer",
            "module.client-clusters.google_project_iam_member.cluster_service_account-resourceMetadata-writer",
            "module.client-clusters.google_service_account.cluster_service_account",
            "module.client-clusters.kubernetes_config_map.ip-masq-agent",
            "module.client-clusters.kubernetes_config_map.kube-dns",
            "module.client-clusters.kubernetes_config_map.kube-dns-upstream-nameservers-and-stub-domains",
            "module.client-clusters.kubernetes_config_map.kube-dns-upstream-namservers",
            "module.client-clusters.module.gcloud_delete_default_kube_dns_configmap.module.gcloud_kubectl.data.external.env_override",
            "module.client-clusters.module.gcloud_delete_default_kube_dns_configmap.module.gcloud_kubectl.null_resource.additional_components",
            "module.client-clusters.module.gcloud_delete_default_kube_dns_configmap.module.gcloud_kubectl.null_resource.additional_components_destroy",
            "module.client-clusters.module.gcloud_delete_default_kube_dns_configmap.module.gcloud_kubectl.null_resource.decompress",
            "module.client-clusters.module.gcloud_delete_default_kube_dns_configmap.module.gcloud_kubectl.null_resource.decompress_destroy",
            "module.client-clusters.module.gcloud_delete_default_kube_dns_configmap.module.gcloud_kubectl.null_resource.download_gcloud",
            "module.client-clusters.module.gcloud_delete_default_kube_dns_configmap.module.gcloud_kubectl.null_resource.download_jq",
            "module.client-clusters.module.gcloud_delete_default_kube_dns_configmap.module.gcloud_kubectl.null_resource.gcloud_auth_google_credentials",
            "module.client-clusters.module.gcloud_delete_default_kube_dns_configmap.module.gcloud_kubectl.null_resource.gcloud_auth_google_credentials_destroy",
            "module.client-clusters.module.gcloud_delete_default_kube_dns_configmap.module.gcloud_kubectl.null_resource.gcloud_auth_service_account_key_file",
            "module.client-clusters.module.gcloud_delete_default_kube_dns_configmap.module.gcloud_kubectl.null_resource.gcloud_auth_service_account_key_file_destroy",
            "module.client-clusters.module.gcloud_delete_default_kube_dns_configmap.module.gcloud_kubectl.null_resource.module_depends_on",
            "module.client-clusters.module.gcloud_delete_default_kube_dns_configmap.module.gcloud_kubectl.null_resource.prepare_cache",
            "module.client-clusters.module.gcloud_delete_default_kube_dns_configmap.module.gcloud_kubectl.null_resource.run_command",
            "module.client-clusters.module.gcloud_delete_default_kube_dns_configmap.module.gcloud_kubectl.null_resource.run_destroy_command",
            "module.client-clusters.module.gcloud_delete_default_kube_dns_configmap.module.gcloud_kubectl.null_resource.upgrade",
            "module.client-clusters.module.gcloud_delete_default_kube_dns_configmap.module.gcloud_kubectl.null_resource.upgrade_destroy",
            "module.client-clusters.module.gcloud_delete_default_kube_dns_configmap.module.gcloud_kubectl.random_id.cache",
            "module.client-clusters.random_shuffle.available_zones",
            "module.client-clusters.random_string.cluster_service_account_suffix",
            "module.project-services.google_project_service.project_services"
          ]
        }
      ]
    },
    {
      "module": "module.acm-clients[1].module.acm_operator.module.k8s_operator.module.gcloud_kubectl",
      "mode": "managed",
      "type": "null_resource",
      "name": "run_command",
      "provider": "provider[\"registry.terraform.io/hashicorp/null\"]",
      "instances": [
        {
          "index_key": 0,
          "schema_version": 0,
          "attributes": {
            "id": "6306332085764809746",
            "triggers": {
              "arguments": "35c4dad51d21f548519550d1828ca0ee",
              "create_cmd_body": "gke-cluster-client-1 us-west1-a jk-mlops-dev false false kubectl apply -f config-management-operator.yaml",
              "create_cmd_entrypoint": ".terraform/modules/acm-clients.acm_operator.k8s_operator/terraform-google-gcloud-2.0.3/modules/kubectl-wrapper/scripts/kubectl_wrapper.sh",
              "gcloud_bin_abs_path": "/google-cloud-sdk/bin",
              "md5": "352ffea85252263f4f6b54fa4bb8ffb3"
            }
          },
          "sensitive_attributes": [],
          "private": "bnVsbA==",
          "dependencies": [
            "data.google_client_config.current",
            "data.google_project.project",
            "module.acm-clients.module.acm_operator.module.k8s_operator.module.gcloud_kubectl.data.external.env_override",
            "module.acm-clients.module.acm_operator.module.k8s_operator.module.gcloud_kubectl.null_resource.additional_components",
            "module.acm-clients.module.acm_operator.module.k8s_operator.module.gcloud_kubectl.null_resource.decompress",
            "module.acm-clients.module.acm_operator.module.k8s_operator.module.gcloud_kubectl.null_resource.gcloud_auth_google_credentials",
            "module.acm-clients.module.acm_operator.module.k8s_operator.module.gcloud_kubectl.null_resource.gcloud_auth_service_account_key_file",
            "module.acm-clients.module.acm_operator.module.k8s_operator.module.gcloud_kubectl.null_resource.module_depends_on",
            "module.acm-clients.module.acm_operator.module.k8s_operator.module.gcloud_kubectl.null_resource.upgrade",
            "module.acm-clients.module.acm_operator.module.k8s_operator.module.gcloud_kubectl.random_id.cache",
            "module.acm-clients.module.acm_operator.module.k8sop_manifest.null_resource.additional_components",
            "module.acm-clients.module.acm_operator.module.k8sop_manifest.null_resource.gcloud_auth_google_credentials",
            "module.acm-clients.module.acm_operator.module.k8sop_manifest.null_resource.gcloud_auth_service_account_key_file",
            "module.acm-clients.module.acm_operator.module.k8sop_manifest.null_resource.run_command",
            "module.acm-clients.module.acm_operator.module.k8sop_manifest.null_resource.run_destroy_command",
            "module.client-clusters.data.google_client_config.default",
            "module.client-clusters.data.google_compute_subnetwork.gke_subnetwork",
            "module.client-clusters.data.google_compute_zones.available",
            "module.client-clusters.data.google_container_engine_versions.region",
            "module.client-clusters.data.google_container_engine_versions.zone",
            "module.client-clusters.google_compute_firewall.intra_egress",
            "module.client-clusters.google_compute_firewall.master_webhooks",
            "module.client-clusters.google_compute_firewall.shadow_allow_master",
            "module.client-clusters.google_compute_firewall.shadow_allow_nodes",
            "module.client-clusters.google_compute_firewall.shadow_allow_pods",
            "module.client-clusters.google_container_cluster.primary",
            "module.client-clusters.google_container_node_pool.pools",
            "module.client-clusters.google_project_iam_member.cluster_service_account-artifact-registry",
            "module.client-clusters.google_project_iam_member.cluster_service_account-gcr",
            "module.client-clusters.google_project_iam_member.cluster_service_account-log_writer",
            "module.client-clusters.google_project_iam_member.cluster_service_account-metric_writer",
            "module.client-clusters.google_project_iam_member.cluster_service_account-monitoring_viewer",
            "module.client-clusters.google_project_iam_member.cluster_service_account-resourceMetadata-writer",
            "module.client-clusters.google_service_account.cluster_service_account",
            "module.client-clusters.kubernetes_config_map.ip-masq-agent",
            "module.client-clusters.kubernetes_config_map.kube-dns",
            "module.client-clusters.kubernetes_config_map.kube-dns-upstream-nameservers-and-stub-domains",
            "module.client-clusters.kubernetes_config_map.kube-dns-upstream-namservers",
            "module.client-clusters.module.gcloud_delete_default_kube_dns_configmap.module.gcloud_kubectl.data.external.env_override",
            "module.client-clusters.module.gcloud_delete_default_kube_dns_configmap.module.gcloud_kubectl.null_resource.additional_components",
            "module.client-clusters.module.gcloud_delete_default_kube_dns_configmap.module.gcloud_kubectl.null_resource.additional_components_destroy",
            "module.client-clusters.module.gcloud_delete_default_kube_dns_configmap.module.gcloud_kubectl.null_resource.decompress",
            "module.client-clusters.module.gcloud_delete_default_kube_dns_configmap.module.gcloud_kubectl.null_resource.decompress_destroy",
            "module.client-clusters.module.gcloud_delete_default_kube_dns_configmap.module.gcloud_kubectl.null_resource.download_gcloud",
            "module.client-clusters.module.gcloud_delete_default_kube_dns_configmap.module.gcloud_kubectl.null_resource.download_jq",
            "module.client-clusters.module.gcloud_delete_default_kube_dns_configmap.module.gcloud_kubectl.null_resource.gcloud_auth_google_credentials",
            "module.client-clusters.module.gcloud_delete_default_kube_dns_configmap.module.gcloud_kubectl.null_resource.gcloud_auth_google_credentials_destroy",
            "module.client-clusters.module.gcloud_delete_default_kube_dns_configmap.module.gcloud_kubectl.null_resource.gcloud_auth_service_account_key_file",
            "module.client-clusters.module.gcloud_delete_default_kube_dns_configmap.module.gcloud_kubectl.null_resource.gcloud_auth_service_account_key_file_destroy",
            "module.client-clusters.module.gcloud_delete_default_kube_dns_configmap.module.gcloud_kubectl.null_resource.module_depends_on",
            "module.client-clusters.module.gcloud_delete_default_kube_dns_configmap.module.gcloud_kubectl.null_resource.prepare_cache",
            "module.client-clusters.module.gcloud_delete_default_kube_dns_configmap.module.gcloud_kubectl.null_resource.run_command",
            "module.client-clusters.module.gcloud_delete_default_kube_dns_configmap.module.gcloud_kubectl.null_resource.run_destroy_command",
            "module.client-clusters.module.gcloud_delete_default_kube_dns_configmap.module.gcloud_kubectl.null_resource.upgrade",
            "module.client-clusters.module.gcloud_delete_default_kube_dns_configmap.module.gcloud_kubectl.null_resource.upgrade_destroy",
            "module.client-clusters.module.gcloud_delete_default_kube_dns_configmap.module.gcloud_kubectl.random_id.cache",
            "module.client-clusters.random_shuffle.available_zones",
            "module.client-clusters.random_string.cluster_service_account_suffix",
            "module.project-services.google_project_service.project_services"
          ]
        }
      ]
    },
    {
      "module": "module.acm-clients[1].module.acm_operator.module.k8s_operator.module.gcloud_kubectl",
      "mode": "managed",
      "type": "null_resource",
      "name": "run_destroy_command",
      "provider": "provider[\"registry.terraform.io/hashicorp/null\"]",
      "instances": [
        {
          "index_key": 0,
          "schema_version": 0,
          "attributes": {
            "id": "8761516177222870780",
            "triggers": {
              "destroy_cmd_body": "gke-cluster-client-1 us-west1-a jk-mlops-dev false false kubectl delete -f config-management-operator.yaml",
              "destroy_cmd_entrypoint": ".terraform/modules/acm-clients.acm_operator.k8s_operator/terraform-google-gcloud-2.0.3/modules/kubectl-wrapper/scripts/kubectl_wrapper.sh",
              "gcloud_bin_abs_path": "/google-cloud-sdk/bin"
            }
          },
          "sensitive_attributes": [],
          "private": "bnVsbA==",
          "dependencies": [
            "data.google_client_config.current",
            "data.google_project.project",
            "module.acm-clients.module.acm_operator.module.k8s_operator.module.gcloud_kubectl.data.external.env_override",
            "module.acm-clients.module.acm_operator.module.k8s_operator.module.gcloud_kubectl.null_resource.additional_components",
            "module.acm-clients.module.acm_operator.module.k8s_operator.module.gcloud_kubectl.null_resource.decompress",
            "module.acm-clients.module.acm_operator.module.k8s_operator.module.gcloud_kubectl.null_resource.gcloud_auth_google_credentials",
            "module.acm-clients.module.acm_operator.module.k8s_operator.module.gcloud_kubectl.null_resource.gcloud_auth_service_account_key_file",
            "module.acm-clients.module.acm_operator.module.k8s_operator.module.gcloud_kubectl.null_resource.module_depends_on",
            "module.acm-clients.module.acm_operator.module.k8s_operator.module.gcloud_kubectl.null_resource.upgrade",
            "module.acm-clients.module.acm_operator.module.k8s_operator.module.gcloud_kubectl.random_id.cache",
            "module.acm-clients.module.acm_operator.module.k8sop_manifest.null_resource.additional_components",
            "module.acm-clients.module.acm_operator.module.k8sop_manifest.null_resource.gcloud_auth_google_credentials",
            "module.acm-clients.module.acm_operator.module.k8sop_manifest.null_resource.gcloud_auth_service_account_key_file",
            "module.acm-clients.module.acm_operator.module.k8sop_manifest.null_resource.run_command",
            "module.acm-clients.module.acm_operator.module.k8sop_manifest.null_resource.run_destroy_command",
            "module.client-clusters.data.google_client_config.default",
            "module.client-clusters.data.google_compute_subnetwork.gke_subnetwork",
            "module.client-clusters.data.google_compute_zones.available",
            "module.client-clusters.data.google_container_engine_versions.region",
            "module.client-clusters.data.google_container_engine_versions.zone",
            "module.client-clusters.google_compute_firewall.intra_egress",
            "module.client-clusters.google_compute_firewall.master_webhooks",
            "module.client-clusters.google_compute_firewall.shadow_allow_master",
            "module.client-clusters.google_compute_firewall.shadow_allow_nodes",
            "module.client-clusters.google_compute_firewall.shadow_allow_pods",
            "module.client-clusters.google_container_cluster.primary",
            "module.client-clusters.google_container_node_pool.pools",
            "module.client-clusters.google_project_iam_member.cluster_service_account-artifact-registry",
            "module.client-clusters.google_project_iam_member.cluster_service_account-gcr",
            "module.client-clusters.google_project_iam_member.cluster_service_account-log_writer",
            "module.client-clusters.google_project_iam_member.cluster_service_account-metric_writer",
            "module.client-clusters.google_project_iam_member.cluster_service_account-monitoring_viewer",
            "module.client-clusters.google_project_iam_member.cluster_service_account-resourceMetadata-writer",
            "module.client-clusters.google_service_account.cluster_service_account",
            "module.client-clusters.kubernetes_config_map.ip-masq-agent",
            "module.client-clusters.kubernetes_config_map.kube-dns",
            "module.client-clusters.kubernetes_config_map.kube-dns-upstream-nameservers-and-stub-domains",
            "module.client-clusters.kubernetes_config_map.kube-dns-upstream-namservers",
            "module.client-clusters.module.gcloud_delete_default_kube_dns_configmap.module.gcloud_kubectl.data.external.env_override",
            "module.client-clusters.module.gcloud_delete_default_kube_dns_configmap.module.gcloud_kubectl.null_resource.additional_components",
            "module.client-clusters.module.gcloud_delete_default_kube_dns_configmap.module.gcloud_kubectl.null_resource.additional_components_destroy",
            "module.client-clusters.module.gcloud_delete_default_kube_dns_configmap.module.gcloud_kubectl.null_resource.decompress",
            "module.client-clusters.module.gcloud_delete_default_kube_dns_configmap.module.gcloud_kubectl.null_resource.decompress_destroy",
            "module.client-clusters.module.gcloud_delete_default_kube_dns_configmap.module.gcloud_kubectl.null_resource.download_gcloud",
            "module.client-clusters.module.gcloud_delete_default_kube_dns_configmap.module.gcloud_kubectl.null_resource.download_jq",
            "module.client-clusters.module.gcloud_delete_default_kube_dns_configmap.module.gcloud_kubectl.null_resource.gcloud_auth_google_credentials",
            "module.client-clusters.module.gcloud_delete_default_kube_dns_configmap.module.gcloud_kubectl.null_resource.gcloud_auth_google_credentials_destroy",
            "module.client-clusters.module.gcloud_delete_default_kube_dns_configmap.module.gcloud_kubectl.null_resource.gcloud_auth_service_account_key_file",
            "module.client-clusters.module.gcloud_delete_default_kube_dns_configmap.module.gcloud_kubectl.null_resource.gcloud_auth_service_account_key_file_destroy",
            "module.client-clusters.module.gcloud_delete_default_kube_dns_configmap.module.gcloud_kubectl.null_resource.module_depends_on",
            "module.client-clusters.module.gcloud_delete_default_kube_dns_configmap.module.gcloud_kubectl.null_resource.prepare_cache",
            "module.client-clusters.module.gcloud_delete_default_kube_dns_configmap.module.gcloud_kubectl.null_resource.run_command",
            "module.client-clusters.module.gcloud_delete_default_kube_dns_configmap.module.gcloud_kubectl.null_resource.run_destroy_command",
            "module.client-clusters.module.gcloud_delete_default_kube_dns_configmap.module.gcloud_kubectl.null_resource.upgrade",
            "module.client-clusters.module.gcloud_delete_default_kube_dns_configmap.module.gcloud_kubectl.null_resource.upgrade_destroy",
            "module.client-clusters.module.gcloud_delete_default_kube_dns_configmap.module.gcloud_kubectl.random_id.cache",
            "module.client-clusters.random_shuffle.available_zones",
            "module.client-clusters.random_string.cluster_service_account_suffix",
            "module.project-services.google_project_service.project_services"
          ]
        }
      ]
    },
    {
      "module": "module.acm-clients[1].module.acm_operator.module.k8sop_config.module.gcloud_kubectl",
      "mode": "data",
      "type": "external",
      "name": "env_override",
      "provider": "provider[\"registry.terraform.io/hashicorp/external\"]",
      "instances": [
        {
          "index_key": 0,
          "schema_version": 0,
          "attributes": {
            "id": "-",
            "program": [
              ".terraform/modules/acm-clients.acm_operator.k8sop_config/terraform-google-gcloud-2.0.3/scripts/check_env.sh"
            ],
            "query": null,
            "result": {
              "download": ""
            },
            "working_dir": null
          },
          "sensitive_attributes": []
        }
      ]
    },
    {
      "module": "module.acm-clients[1].module.acm_operator.module.k8sop_config.module.gcloud_kubectl",
      "mode": "managed",
      "type": "null_resource",
      "name": "additional_components",
      "provider": "provider[\"registry.terraform.io/hashicorp/null\"]",
      "instances": [
        {
          "index_key": 0,
          "schema_version": 0,
          "attributes": {
            "id": "7120247408742572848",
            "triggers": {
              "additional_components_command": ".terraform/modules/acm-clients.acm_operator.k8sop_config/terraform-google-gcloud-2.0.3/scripts/check_components.sh gcloud kubectl",
              "arguments": "5e0df0269468d83049e5e3fc8f0455c8",
              "configmanagement": "apiVersion: configmanagement.gke.io/v1\nkind: ConfigManagement\nmetadata:\n  name: config-management\nspec:\n  # clusterName is required and must be unique among all managed clusters\n  clusterName: gke-cluster-client-1\n  policyController:\n    enabled: true\n    templateLibraryInstalled: true\n    logDeniesEnabled: false\n  git:\n    syncRepo: https://github.com/jarokaz/tff/\n    secretType: ssh\n    policyDir: acm-configs\n    syncBranch: master\n  \n  \n",
              "md5": "695569ed0c115609fca6ac38234ed814"
            }
          },
          "sensitive_attributes": [],
          "private": "bnVsbA==",
          "dependencies": [
            "data.google_client_config.current",
            "data.google_project.project",
            "module.acm-clients.module.acm_operator.data.template_file.k8sop_config",
            "module.acm-clients.module.acm_operator.module.k8sop_config.module.gcloud_kubectl.data.external.env_override",
            "module.acm-clients.module.acm_operator.module.k8sop_config.module.gcloud_kubectl.null_resource.upgrade",
            "module.acm-clients.module.acm_operator.module.k8sop_config.module.gcloud_kubectl.random_id.cache",
            "module.client-clusters.data.google_client_config.default",
            "module.client-clusters.data.google_compute_subnetwork.gke_subnetwork",
            "module.client-clusters.data.google_compute_zones.available",
            "module.client-clusters.data.google_container_engine_versions.region",
            "module.client-clusters.data.google_container_engine_versions.zone",
            "module.client-clusters.google_compute_firewall.intra_egress",
            "module.client-clusters.google_compute_firewall.master_webhooks",
            "module.client-clusters.google_compute_firewall.shadow_allow_master",
            "module.client-clusters.google_compute_firewall.shadow_allow_nodes",
            "module.client-clusters.google_compute_firewall.shadow_allow_pods",
            "module.client-clusters.google_container_cluster.primary",
            "module.client-clusters.google_container_node_pool.pools",
            "module.client-clusters.google_project_iam_member.cluster_service_account-artifact-registry",
            "module.client-clusters.google_project_iam_member.cluster_service_account-gcr",
            "module.client-clusters.google_project_iam_member.cluster_service_account-log_writer",
            "module.client-clusters.google_project_iam_member.cluster_service_account-metric_writer",
            "module.client-clusters.google_project_iam_member.cluster_service_account-monitoring_viewer",
            "module.client-clusters.google_project_iam_member.cluster_service_account-resourceMetadata-writer",
            "module.client-clusters.google_service_account.cluster_service_account",
            "module.client-clusters.kubernetes_config_map.ip-masq-agent",
            "module.client-clusters.kubernetes_config_map.kube-dns",
            "module.client-clusters.kubernetes_config_map.kube-dns-upstream-nameservers-and-stub-domains",
            "module.client-clusters.kubernetes_config_map.kube-dns-upstream-namservers",
            "module.client-clusters.module.gcloud_delete_default_kube_dns_configmap.module.gcloud_kubectl.data.external.env_override",
            "module.client-clusters.module.gcloud_delete_default_kube_dns_configmap.module.gcloud_kubectl.null_resource.additional_components",
            "module.client-clusters.module.gcloud_delete_default_kube_dns_configmap.module.gcloud_kubectl.null_resource.additional_components_destroy",
            "module.client-clusters.module.gcloud_delete_default_kube_dns_configmap.module.gcloud_kubectl.null_resource.decompress",
            "module.client-clusters.module.gcloud_delete_default_kube_dns_configmap.module.gcloud_kubectl.null_resource.decompress_destroy",
            "module.client-clusters.module.gcloud_delete_default_kube_dns_configmap.module.gcloud_kubectl.null_resource.download_gcloud",
            "module.client-clusters.module.gcloud_delete_default_kube_dns_configmap.module.gcloud_kubectl.null_resource.download_jq",
            "module.client-clusters.module.gcloud_delete_default_kube_dns_configmap.module.gcloud_kubectl.null_resource.gcloud_auth_google_credentials",
            "module.client-clusters.module.gcloud_delete_default_kube_dns_configmap.module.gcloud_kubectl.null_resource.gcloud_auth_google_credentials_destroy",
            "module.client-clusters.module.gcloud_delete_default_kube_dns_configmap.module.gcloud_kubectl.null_resource.gcloud_auth_service_account_key_file",
            "module.client-clusters.module.gcloud_delete_default_kube_dns_configmap.module.gcloud_kubectl.null_resource.gcloud_auth_service_account_key_file_destroy",
            "module.client-clusters.module.gcloud_delete_default_kube_dns_configmap.module.gcloud_kubectl.null_resource.module_depends_on",
            "module.client-clusters.module.gcloud_delete_default_kube_dns_configmap.module.gcloud_kubectl.null_resource.prepare_cache",
            "module.client-clusters.module.gcloud_delete_default_kube_dns_configmap.module.gcloud_kubectl.null_resource.run_command",
            "module.client-clusters.module.gcloud_delete_default_kube_dns_configmap.module.gcloud_kubectl.null_resource.run_destroy_command",
            "module.client-clusters.module.gcloud_delete_default_kube_dns_configmap.module.gcloud_kubectl.null_resource.upgrade",
            "module.client-clusters.module.gcloud_delete_default_kube_dns_configmap.module.gcloud_kubectl.null_resource.upgrade_destroy",
            "module.client-clusters.module.gcloud_delete_default_kube_dns_configmap.module.gcloud_kubectl.random_id.cache",
            "module.client-clusters.random_shuffle.available_zones",
            "module.client-clusters.random_string.cluster_service_account_suffix",
            "module.project-services.google_project_service.project_services"
          ]
        }
      ]
    },
    {
      "module": "module.acm-clients[1].module.acm_operator.module.k8sop_config.module.gcloud_kubectl",
      "mode": "managed",
      "type": "null_resource",
      "name": "module_depends_on",
      "provider": "provider[\"registry.terraform.io/hashicorp/null\"]",
      "instances": [
        {
          "index_key": 0,
          "schema_version": 0,
          "attributes": {
            "id": "5830072327952624813",
            "triggers": {
              "value": "2"
            }
          },
          "sensitive_attributes": [],
          "private": "bnVsbA==",
          "dependencies": [
            "data.google_client_config.current",
            "data.google_project.project",
            "module.acm-clients.module.acm_operator.module.k8s_operator.module.gcloud_kubectl.data.external.env_override",
            "module.acm-clients.module.acm_operator.module.k8s_operator.module.gcloud_kubectl.null_resource.additional_components",
            "module.acm-clients.module.acm_operator.module.k8s_operator.module.gcloud_kubectl.null_resource.decompress",
            "module.acm-clients.module.acm_operator.module.k8s_operator.module.gcloud_kubectl.null_resource.gcloud_auth_google_credentials",
            "module.acm-clients.module.acm_operator.module.k8s_operator.module.gcloud_kubectl.null_resource.gcloud_auth_service_account_key_file",
            "module.acm-clients.module.acm_operator.module.k8s_operator.module.gcloud_kubectl.null_resource.module_depends_on",
            "module.acm-clients.module.acm_operator.module.k8s_operator.module.gcloud_kubectl.null_resource.run_command",
            "module.acm-clients.module.acm_operator.module.k8s_operator.module.gcloud_kubectl.null_resource.run_destroy_command",
            "module.acm-clients.module.acm_operator.module.k8s_operator.module.gcloud_kubectl.null_resource.upgrade",
            "module.acm-clients.module.acm_operator.module.k8s_operator.module.gcloud_kubectl.random_id.cache",
            "module.acm-clients.module.acm_operator.module.k8sop_creds_secret.module.gcloud_kubectl.data.external.env_override",
            "module.acm-clients.module.acm_operator.module.k8sop_creds_secret.module.gcloud_kubectl.null_resource.additional_components",
            "module.acm-clients.module.acm_operator.module.k8sop_creds_secret.module.gcloud_kubectl.null_resource.decompress",
            "module.acm-clients.module.acm_operator.module.k8sop_creds_secret.module.gcloud_kubectl.null_resource.gcloud_auth_google_credentials",
            "module.acm-clients.module.acm_operator.module.k8sop_creds_secret.module.gcloud_kubectl.null_resource.gcloud_auth_service_account_key_file",
            "module.acm-clients.module.acm_operator.module.k8sop_creds_secret.module.gcloud_kubectl.null_resource.module_depends_on",
            "module.acm-clients.module.acm_operator.module.k8sop_creds_secret.module.gcloud_kubectl.null_resource.run_command",
            "module.acm-clients.module.acm_operator.module.k8sop_creds_secret.module.gcloud_kubectl.null_resource.run_destroy_command",
            "module.acm-clients.module.acm_operator.module.k8sop_creds_secret.module.gcloud_kubectl.null_resource.upgrade",
            "module.acm-clients.module.acm_operator.module.k8sop_creds_secret.module.gcloud_kubectl.random_id.cache",
            "module.acm-clients.module.acm_operator.module.k8sop_manifest.null_resource.additional_components",
            "module.acm-clients.module.acm_operator.module.k8sop_manifest.null_resource.gcloud_auth_google_credentials",
            "module.acm-clients.module.acm_operator.module.k8sop_manifest.null_resource.gcloud_auth_service_account_key_file",
            "module.acm-clients.module.acm_operator.module.k8sop_manifest.null_resource.run_command",
            "module.acm-clients.module.acm_operator.module.k8sop_manifest.null_resource.run_destroy_command",
            "module.acm-clients.module.acm_operator.tls_private_key.k8sop_creds",
            "module.client-clusters.data.google_client_config.default",
            "module.client-clusters.data.google_compute_subnetwork.gke_subnetwork",
            "module.client-clusters.data.google_compute_zones.available",
            "module.client-clusters.data.google_container_engine_versions.region",
            "module.client-clusters.data.google_container_engine_versions.zone",
            "module.client-clusters.google_compute_firewall.intra_egress",
            "module.client-clusters.google_compute_firewall.master_webhooks",
            "module.client-clusters.google_compute_firewall.shadow_allow_master",
            "module.client-clusters.google_compute_firewall.shadow_allow_nodes",
            "module.client-clusters.google_compute_firewall.shadow_allow_pods",
            "module.client-clusters.google_container_cluster.primary",
            "module.client-clusters.google_container_node_pool.pools",
            "module.client-clusters.google_project_iam_member.cluster_service_account-artifact-registry",
            "module.client-clusters.google_project_iam_member.cluster_service_account-gcr",
            "module.client-clusters.google_project_iam_member.cluster_service_account-log_writer",
            "module.client-clusters.google_project_iam_member.cluster_service_account-metric_writer",
            "module.client-clusters.google_project_iam_member.cluster_service_account-monitoring_viewer",
            "module.client-clusters.google_project_iam_member.cluster_service_account-resourceMetadata-writer",
            "module.client-clusters.google_service_account.cluster_service_account",
            "module.client-clusters.kubernetes_config_map.ip-masq-agent",
            "module.client-clusters.kubernetes_config_map.kube-dns",
            "module.client-clusters.kubernetes_config_map.kube-dns-upstream-nameservers-and-stub-domains",
            "module.client-clusters.kubernetes_config_map.kube-dns-upstream-namservers",
            "module.client-clusters.module.gcloud_delete_default_kube_dns_configmap.module.gcloud_kubectl.data.external.env_override",
            "module.client-clusters.module.gcloud_delete_default_kube_dns_configmap.module.gcloud_kubectl.null_resource.additional_components",
            "module.client-clusters.module.gcloud_delete_default_kube_dns_configmap.module.gcloud_kubectl.null_resource.additional_components_destroy",
            "module.client-clusters.module.gcloud_delete_default_kube_dns_configmap.module.gcloud_kubectl.null_resource.decompress",
            "module.client-clusters.module.gcloud_delete_default_kube_dns_configmap.module.gcloud_kubectl.null_resource.decompress_destroy",
            "module.client-clusters.module.gcloud_delete_default_kube_dns_configmap.module.gcloud_kubectl.null_resource.download_gcloud",
            "module.client-clusters.module.gcloud_delete_default_kube_dns_configmap.module.gcloud_kubectl.null_resource.download_jq",
            "module.client-clusters.module.gcloud_delete_default_kube_dns_configmap.module.gcloud_kubectl.null_resource.gcloud_auth_google_credentials",
            "module.client-clusters.module.gcloud_delete_default_kube_dns_configmap.module.gcloud_kubectl.null_resource.gcloud_auth_google_credentials_destroy",
            "module.client-clusters.module.gcloud_delete_default_kube_dns_configmap.module.gcloud_kubectl.null_resource.gcloud_auth_service_account_key_file",
            "module.client-clusters.module.gcloud_delete_default_kube_dns_configmap.module.gcloud_kubectl.null_resource.gcloud_auth_service_account_key_file_destroy",
            "module.client-clusters.module.gcloud_delete_default_kube_dns_configmap.module.gcloud_kubectl.null_resource.module_depends_on",
            "module.client-clusters.module.gcloud_delete_default_kube_dns_configmap.module.gcloud_kubectl.null_resource.prepare_cache",
            "module.client-clusters.module.gcloud_delete_default_kube_dns_configmap.module.gcloud_kubectl.null_resource.run_command",
            "module.client-clusters.module.gcloud_delete_default_kube_dns_configmap.module.gcloud_kubectl.null_resource.run_destroy_command",
            "module.client-clusters.module.gcloud_delete_default_kube_dns_configmap.module.gcloud_kubectl.null_resource.upgrade",
            "module.client-clusters.module.gcloud_delete_default_kube_dns_configmap.module.gcloud_kubectl.null_resource.upgrade_destroy",
            "module.client-clusters.module.gcloud_delete_default_kube_dns_configmap.module.gcloud_kubectl.random_id.cache",
            "module.client-clusters.random_shuffle.available_zones",
            "module.client-clusters.random_string.cluster_service_account_suffix",
            "module.project-services.google_project_service.project_services"
          ]
        }
      ]
    },
    {
      "module": "module.acm-clients[1].module.acm_operator.module.k8sop_config.module.gcloud_kubectl",
      "mode": "managed",
      "type": "null_resource",
      "name": "run_destroy_command",
      "provider": "provider[\"registry.terraform.io/hashicorp/null\"]",
      "instances": [
        {
          "index_key": 0,
          "schema_version": 0,
          "attributes": {
            "id": "3841932705322699121",
            "triggers": {
              "configmanagement": "apiVersion: configmanagement.gke.io/v1\nkind: ConfigManagement\nmetadata:\n  name: config-management\nspec:\n  # clusterName is required and must be unique among all managed clusters\n  clusterName: gke-cluster-client-1\n  policyController:\n    enabled: true\n    templateLibraryInstalled: true\n    logDeniesEnabled: false\n  git:\n    syncRepo: https://github.com/jarokaz/tff/\n    secretType: ssh\n    policyDir: acm-configs\n    syncBranch: master\n  \n  \n",
              "destroy_cmd_body": "gke-cluster-client-1 us-west1-a jk-mlops-dev false false kubectl delete -f - \u003c\u003cEOF\napiVersion: configmanagement.gke.io/v1\nkind: ConfigManagement\nmetadata:\n  name: config-management\nspec:\n  # clusterName is required and must be unique among all managed clusters\n  clusterName: gke-cluster-client-1\n  policyController:\n    enabled: true\n    templateLibraryInstalled: true\n    logDeniesEnabled: false\n  git:\n    syncRepo: https://github.com/jarokaz/tff/\n    secretType: ssh\n    policyDir: acm-configs\n    syncBranch: master\n  \n  \nEOF",
              "destroy_cmd_entrypoint": ".terraform/modules/acm-clients.acm_operator.k8sop_config/terraform-google-gcloud-2.0.3/modules/kubectl-wrapper/scripts/kubectl_wrapper.sh",
              "gcloud_bin_abs_path": "/google-cloud-sdk/bin"
            }
          },
          "sensitive_attributes": [],
          "private": "bnVsbA==",
          "dependencies": [
            "data.google_client_config.current",
            "data.google_project.project",
            "module.acm-clients.module.acm_operator.data.template_file.k8sop_config",
            "module.acm-clients.module.acm_operator.module.k8s_operator.module.gcloud_kubectl.data.external.env_override",
            "module.acm-clients.module.acm_operator.module.k8s_operator.module.gcloud_kubectl.null_resource.additional_components",
            "module.acm-clients.module.acm_operator.module.k8s_operator.module.gcloud_kubectl.null_resource.decompress",
            "module.acm-clients.module.acm_operator.module.k8s_operator.module.gcloud_kubectl.null_resource.gcloud_auth_google_credentials",
            "module.acm-clients.module.acm_operator.module.k8s_operator.module.gcloud_kubectl.null_resource.gcloud_auth_service_account_key_file",
            "module.acm-clients.module.acm_operator.module.k8s_operator.module.gcloud_kubectl.null_resource.module_depends_on",
            "module.acm-clients.module.acm_operator.module.k8s_operator.module.gcloud_kubectl.null_resource.run_command",
            "module.acm-clients.module.acm_operator.module.k8s_operator.module.gcloud_kubectl.null_resource.run_destroy_command",
            "module.acm-clients.module.acm_operator.module.k8s_operator.module.gcloud_kubectl.null_resource.upgrade",
            "module.acm-clients.module.acm_operator.module.k8s_operator.module.gcloud_kubectl.random_id.cache",
            "module.acm-clients.module.acm_operator.module.k8sop_config.module.gcloud_kubectl.data.external.env_override",
            "module.acm-clients.module.acm_operator.module.k8sop_config.module.gcloud_kubectl.null_resource.additional_components",
            "module.acm-clients.module.acm_operator.module.k8sop_config.module.gcloud_kubectl.null_resource.decompress",
            "module.acm-clients.module.acm_operator.module.k8sop_config.module.gcloud_kubectl.null_resource.gcloud_auth_google_credentials",
            "module.acm-clients.module.acm_operator.module.k8sop_config.module.gcloud_kubectl.null_resource.gcloud_auth_service_account_key_file",
            "module.acm-clients.module.acm_operator.module.k8sop_config.module.gcloud_kubectl.null_resource.module_depends_on",
            "module.acm-clients.module.acm_operator.module.k8sop_config.module.gcloud_kubectl.null_resource.upgrade",
            "module.acm-clients.module.acm_operator.module.k8sop_config.module.gcloud_kubectl.random_id.cache",
            "module.acm-clients.module.acm_operator.module.k8sop_creds_secret.module.gcloud_kubectl.data.external.env_override",
            "module.acm-clients.module.acm_operator.module.k8sop_creds_secret.module.gcloud_kubectl.null_resource.additional_components",
            "module.acm-clients.module.acm_operator.module.k8sop_creds_secret.module.gcloud_kubectl.null_resource.decompress",
            "module.acm-clients.module.acm_operator.module.k8sop_creds_secret.module.gcloud_kubectl.null_resource.gcloud_auth_google_credentials",
            "module.acm-clients.module.acm_operator.module.k8sop_creds_secret.module.gcloud_kubectl.null_resource.gcloud_auth_service_account_key_file",
            "module.acm-clients.module.acm_operator.module.k8sop_creds_secret.module.gcloud_kubectl.null_resource.module_depends_on",
            "module.acm-clients.module.acm_operator.module.k8sop_creds_secret.module.gcloud_kubectl.null_resource.run_command",
            "module.acm-clients.module.acm_operator.module.k8sop_creds_secret.module.gcloud_kubectl.null_resource.run_destroy_command",
            "module.acm-clients.module.acm_operator.module.k8sop_creds_secret.module.gcloud_kubectl.null_resource.upgrade",
            "module.acm-clients.module.acm_operator.module.k8sop_creds_secret.module.gcloud_kubectl.random_id.cache",
            "module.acm-clients.module.acm_operator.module.k8sop_manifest.null_resource.additional_components",
            "module.acm-clients.module.acm_operator.module.k8sop_manifest.null_resource.gcloud_auth_google_credentials",
            "module.acm-clients.module.acm_operator.module.k8sop_manifest.null_resource.gcloud_auth_service_account_key_file",
            "module.acm-clients.module.acm_operator.module.k8sop_manifest.null_resource.run_command",
            "module.acm-clients.module.acm_operator.module.k8sop_manifest.null_resource.run_destroy_command",
            "module.acm-clients.module.acm_operator.tls_private_key.k8sop_creds",
            "module.client-clusters.data.google_client_config.default",
            "module.client-clusters.data.google_compute_subnetwork.gke_subnetwork",
            "module.client-clusters.data.google_compute_zones.available",
            "module.client-clusters.data.google_container_engine_versions.region",
            "module.client-clusters.data.google_container_engine_versions.zone",
            "module.client-clusters.google_compute_firewall.intra_egress",
            "module.client-clusters.google_compute_firewall.master_webhooks",
            "module.client-clusters.google_compute_firewall.shadow_allow_master",
            "module.client-clusters.google_compute_firewall.shadow_allow_nodes",
            "module.client-clusters.google_compute_firewall.shadow_allow_pods",
            "module.client-clusters.google_container_cluster.primary",
            "module.client-clusters.google_container_node_pool.pools",
            "module.client-clusters.google_project_iam_member.cluster_service_account-artifact-registry",
            "module.client-clusters.google_project_iam_member.cluster_service_account-gcr",
            "module.client-clusters.google_project_iam_member.cluster_service_account-log_writer",
            "module.client-clusters.google_project_iam_member.cluster_service_account-metric_writer",
            "module.client-clusters.google_project_iam_member.cluster_service_account-monitoring_viewer",
            "module.client-clusters.google_project_iam_member.cluster_service_account-resourceMetadata-writer",
            "module.client-clusters.google_service_account.cluster_service_account",
            "module.client-clusters.kubernetes_config_map.ip-masq-agent",
            "module.client-clusters.kubernetes_config_map.kube-dns",
            "module.client-clusters.kubernetes_config_map.kube-dns-upstream-nameservers-and-stub-domains",
            "module.client-clusters.kubernetes_config_map.kube-dns-upstream-namservers",
            "module.client-clusters.module.gcloud_delete_default_kube_dns_configmap.module.gcloud_kubectl.data.external.env_override",
            "module.client-clusters.module.gcloud_delete_default_kube_dns_configmap.module.gcloud_kubectl.null_resource.additional_components",
            "module.client-clusters.module.gcloud_delete_default_kube_dns_configmap.module.gcloud_kubectl.null_resource.additional_components_destroy",
            "module.client-clusters.module.gcloud_delete_default_kube_dns_configmap.module.gcloud_kubectl.null_resource.decompress",
            "module.client-clusters.module.gcloud_delete_default_kube_dns_configmap.module.gcloud_kubectl.null_resource.decompress_destroy",
            "module.client-clusters.module.gcloud_delete_default_kube_dns_configmap.module.gcloud_kubectl.null_resource.download_gcloud",
            "module.client-clusters.module.gcloud_delete_default_kube_dns_configmap.module.gcloud_kubectl.null_resource.download_jq",
            "module.client-clusters.module.gcloud_delete_default_kube_dns_configmap.module.gcloud_kubectl.null_resource.gcloud_auth_google_credentials",
            "module.client-clusters.module.gcloud_delete_default_kube_dns_configmap.module.gcloud_kubectl.null_resource.gcloud_auth_google_credentials_destroy",
            "module.client-clusters.module.gcloud_delete_default_kube_dns_configmap.module.gcloud_kubectl.null_resource.gcloud_auth_service_account_key_file",
            "module.client-clusters.module.gcloud_delete_default_kube_dns_configmap.module.gcloud_kubectl.null_resource.gcloud_auth_service_account_key_file_destroy",
            "module.client-clusters.module.gcloud_delete_default_kube_dns_configmap.module.gcloud_kubectl.null_resource.module_depends_on",
            "module.client-clusters.module.gcloud_delete_default_kube_dns_configmap.module.gcloud_kubectl.null_resource.prepare_cache",
            "module.client-clusters.module.gcloud_delete_default_kube_dns_configmap.module.gcloud_kubectl.null_resource.run_command",
            "module.client-clusters.module.gcloud_delete_default_kube_dns_configmap.module.gcloud_kubectl.null_resource.run_destroy_command",
            "module.client-clusters.module.gcloud_delete_default_kube_dns_configmap.module.gcloud_kubectl.null_resource.upgrade",
            "module.client-clusters.module.gcloud_delete_default_kube_dns_configmap.module.gcloud_kubectl.null_resource.upgrade_destroy",
            "module.client-clusters.module.gcloud_delete_default_kube_dns_configmap.module.gcloud_kubectl.random_id.cache",
            "module.client-clusters.random_shuffle.available_zones",
            "module.client-clusters.random_string.cluster_service_account_suffix",
            "module.project-services.google_project_service.project_services"
          ]
        }
      ]
    },
    {
      "module": "module.acm-clients[1].module.acm_operator.module.k8sop_creds_secret.module.gcloud_kubectl",
      "mode": "data",
      "type": "external",
      "name": "env_override",
      "provider": "provider[\"registry.terraform.io/hashicorp/external\"]",
      "instances": [
        {
          "index_key": 0,
          "schema_version": 0,
          "attributes": {
            "id": "-",
            "program": [
              ".terraform/modules/acm-clients.acm_operator.k8sop_creds_secret/terraform-google-gcloud-2.0.3/scripts/check_env.sh"
            ],
            "query": null,
            "result": {
              "download": ""
            },
            "working_dir": null
          },
          "sensitive_attributes": []
        }
      ]
    },
    {
      "module": "module.acm-clients[1].module.acm_operator.module.k8sop_creds_secret.module.gcloud_kubectl",
      "mode": "managed",
      "type": "null_resource",
      "name": "additional_components",
      "provider": "provider[\"registry.terraform.io/hashicorp/null\"]",
      "instances": [
        {
          "index_key": 0,
          "schema_version": 0,
          "attributes": {
            "id": "5925241304635941023",
            "triggers": {
              "additional_components_command": ".terraform/modules/acm-clients.acm_operator.k8sop_creds_secret/terraform-google-gcloud-2.0.3/scripts/check_components.sh gcloud kubectl",
              "arguments": "a7031107626740e1b8cd2ea339c42b9b",
              "md5": "f41e9e4bce1f16c5a7b5479198a8093d"
            }
          },
          "sensitive_attributes": [],
          "private": "bnVsbA==",
          "dependencies": [
            "data.google_client_config.current",
            "data.google_project.project",
            "module.acm-clients.module.acm_operator.module.k8sop_creds_secret.module.gcloud_kubectl.data.external.env_override",
            "module.acm-clients.module.acm_operator.module.k8sop_creds_secret.module.gcloud_kubectl.null_resource.upgrade",
            "module.acm-clients.module.acm_operator.module.k8sop_creds_secret.module.gcloud_kubectl.random_id.cache",
            "module.acm-clients.module.acm_operator.tls_private_key.k8sop_creds",
            "module.client-clusters.data.google_client_config.default",
            "module.client-clusters.data.google_compute_subnetwork.gke_subnetwork",
            "module.client-clusters.data.google_compute_zones.available",
            "module.client-clusters.data.google_container_engine_versions.region",
            "module.client-clusters.data.google_container_engine_versions.zone",
            "module.client-clusters.google_compute_firewall.intra_egress",
            "module.client-clusters.google_compute_firewall.master_webhooks",
            "module.client-clusters.google_compute_firewall.shadow_allow_master",
            "module.client-clusters.google_compute_firewall.shadow_allow_nodes",
            "module.client-clusters.google_compute_firewall.shadow_allow_pods",
            "module.client-clusters.google_container_cluster.primary",
            "module.client-clusters.google_container_node_pool.pools",
            "module.client-clusters.google_project_iam_member.cluster_service_account-artifact-registry",
            "module.client-clusters.google_project_iam_member.cluster_service_account-gcr",
            "module.client-clusters.google_project_iam_member.cluster_service_account-log_writer",
            "module.client-clusters.google_project_iam_member.cluster_service_account-metric_writer",
            "module.client-clusters.google_project_iam_member.cluster_service_account-monitoring_viewer",
            "module.client-clusters.google_project_iam_member.cluster_service_account-resourceMetadata-writer",
            "module.client-clusters.google_service_account.cluster_service_account",
            "module.client-clusters.kubernetes_config_map.ip-masq-agent",
            "module.client-clusters.kubernetes_config_map.kube-dns",
            "module.client-clusters.kubernetes_config_map.kube-dns-upstream-nameservers-and-stub-domains",
            "module.client-clusters.kubernetes_config_map.kube-dns-upstream-namservers",
            "module.client-clusters.module.gcloud_delete_default_kube_dns_configmap.module.gcloud_kubectl.data.external.env_override",
            "module.client-clusters.module.gcloud_delete_default_kube_dns_configmap.module.gcloud_kubectl.null_resource.additional_components",
            "module.client-clusters.module.gcloud_delete_default_kube_dns_configmap.module.gcloud_kubectl.null_resource.additional_components_destroy",
            "module.client-clusters.module.gcloud_delete_default_kube_dns_configmap.module.gcloud_kubectl.null_resource.decompress",
            "module.client-clusters.module.gcloud_delete_default_kube_dns_configmap.module.gcloud_kubectl.null_resource.decompress_destroy",
            "module.client-clusters.module.gcloud_delete_default_kube_dns_configmap.module.gcloud_kubectl.null_resource.download_gcloud",
            "module.client-clusters.module.gcloud_delete_default_kube_dns_configmap.module.gcloud_kubectl.null_resource.download_jq",
            "module.client-clusters.module.gcloud_delete_default_kube_dns_configmap.module.gcloud_kubectl.null_resource.gcloud_auth_google_credentials",
            "module.client-clusters.module.gcloud_delete_default_kube_dns_configmap.module.gcloud_kubectl.null_resource.gcloud_auth_google_credentials_destroy",
            "module.client-clusters.module.gcloud_delete_default_kube_dns_configmap.module.gcloud_kubectl.null_resource.gcloud_auth_service_account_key_file",
            "module.client-clusters.module.gcloud_delete_default_kube_dns_configmap.module.gcloud_kubectl.null_resource.gcloud_auth_service_account_key_file_destroy",
            "module.client-clusters.module.gcloud_delete_default_kube_dns_configmap.module.gcloud_kubectl.null_resource.module_depends_on",
            "module.client-clusters.module.gcloud_delete_default_kube_dns_configmap.module.gcloud_kubectl.null_resource.prepare_cache",
            "module.client-clusters.module.gcloud_delete_default_kube_dns_configmap.module.gcloud_kubectl.null_resource.run_command",
            "module.client-clusters.module.gcloud_delete_default_kube_dns_configmap.module.gcloud_kubectl.null_resource.run_destroy_command",
            "module.client-clusters.module.gcloud_delete_default_kube_dns_configmap.module.gcloud_kubectl.null_resource.upgrade",
            "module.client-clusters.module.gcloud_delete_default_kube_dns_configmap.module.gcloud_kubectl.null_resource.upgrade_destroy",
            "module.client-clusters.module.gcloud_delete_default_kube_dns_configmap.module.gcloud_kubectl.random_id.cache",
            "module.client-clusters.random_shuffle.available_zones",
            "module.client-clusters.random_string.cluster_service_account_suffix",
            "module.project-services.google_project_service.project_services"
          ]
        }
      ]
    },
    {
      "module": "module.acm-clients[1].module.acm_operator.module.k8sop_creds_secret.module.gcloud_kubectl",
      "mode": "managed",
      "type": "null_resource",
      "name": "module_depends_on",
      "provider": "provider[\"registry.terraform.io/hashicorp/null\"]",
      "instances": [
        {
          "index_key": 0,
          "schema_version": 0,
          "attributes": {
            "id": "7982816111822645323",
            "triggers": {
              "value": "1"
            }
          },
          "sensitive_attributes": [],
          "private": "bnVsbA==",
          "dependencies": [
            "data.google_client_config.current",
            "data.google_project.project",
            "module.acm-clients.module.acm_operator.module.k8s_operator.module.gcloud_kubectl.data.external.env_override",
            "module.acm-clients.module.acm_operator.module.k8s_operator.module.gcloud_kubectl.null_resource.additional_components",
            "module.acm-clients.module.acm_operator.module.k8s_operator.module.gcloud_kubectl.null_resource.decompress",
            "module.acm-clients.module.acm_operator.module.k8s_operator.module.gcloud_kubectl.null_resource.gcloud_auth_google_credentials",
            "module.acm-clients.module.acm_operator.module.k8s_operator.module.gcloud_kubectl.null_resource.gcloud_auth_service_account_key_file",
            "module.acm-clients.module.acm_operator.module.k8s_operator.module.gcloud_kubectl.null_resource.module_depends_on",
            "module.acm-clients.module.acm_operator.module.k8s_operator.module.gcloud_kubectl.null_resource.run_command",
            "module.acm-clients.module.acm_operator.module.k8s_operator.module.gcloud_kubectl.null_resource.run_destroy_command",
            "module.acm-clients.module.acm_operator.module.k8s_operator.module.gcloud_kubectl.null_resource.upgrade",
            "module.acm-clients.module.acm_operator.module.k8s_operator.module.gcloud_kubectl.random_id.cache",
            "module.acm-clients.module.acm_operator.module.k8sop_manifest.null_resource.additional_components",
            "module.acm-clients.module.acm_operator.module.k8sop_manifest.null_resource.gcloud_auth_google_credentials",
            "module.acm-clients.module.acm_operator.module.k8sop_manifest.null_resource.gcloud_auth_service_account_key_file",
            "module.acm-clients.module.acm_operator.module.k8sop_manifest.null_resource.run_command",
            "module.acm-clients.module.acm_operator.module.k8sop_manifest.null_resource.run_destroy_command",
            "module.client-clusters.data.google_client_config.default",
            "module.client-clusters.data.google_compute_subnetwork.gke_subnetwork",
            "module.client-clusters.data.google_compute_zones.available",
            "module.client-clusters.data.google_container_engine_versions.region",
            "module.client-clusters.data.google_container_engine_versions.zone",
            "module.client-clusters.google_compute_firewall.intra_egress",
            "module.client-clusters.google_compute_firewall.master_webhooks",
            "module.client-clusters.google_compute_firewall.shadow_allow_master",
            "module.client-clusters.google_compute_firewall.shadow_allow_nodes",
            "module.client-clusters.google_compute_firewall.shadow_allow_pods",
            "module.client-clusters.google_container_cluster.primary",
            "module.client-clusters.google_container_node_pool.pools",
            "module.client-clusters.google_project_iam_member.cluster_service_account-artifact-registry",
            "module.client-clusters.google_project_iam_member.cluster_service_account-gcr",
            "module.client-clusters.google_project_iam_member.cluster_service_account-log_writer",
            "module.client-clusters.google_project_iam_member.cluster_service_account-metric_writer",
            "module.client-clusters.google_project_iam_member.cluster_service_account-monitoring_viewer",
            "module.client-clusters.google_project_iam_member.cluster_service_account-resourceMetadata-writer",
            "module.client-clusters.google_service_account.cluster_service_account",
            "module.client-clusters.kubernetes_config_map.ip-masq-agent",
            "module.client-clusters.kubernetes_config_map.kube-dns",
            "module.client-clusters.kubernetes_config_map.kube-dns-upstream-nameservers-and-stub-domains",
            "module.client-clusters.kubernetes_config_map.kube-dns-upstream-namservers",
            "module.client-clusters.module.gcloud_delete_default_kube_dns_configmap.module.gcloud_kubectl.data.external.env_override",
            "module.client-clusters.module.gcloud_delete_default_kube_dns_configmap.module.gcloud_kubectl.null_resource.additional_components",
            "module.client-clusters.module.gcloud_delete_default_kube_dns_configmap.module.gcloud_kubectl.null_resource.additional_components_destroy",
            "module.client-clusters.module.gcloud_delete_default_kube_dns_configmap.module.gcloud_kubectl.null_resource.decompress",
            "module.client-clusters.module.gcloud_delete_default_kube_dns_configmap.module.gcloud_kubectl.null_resource.decompress_destroy",
            "module.client-clusters.module.gcloud_delete_default_kube_dns_configmap.module.gcloud_kubectl.null_resource.download_gcloud",
            "module.client-clusters.module.gcloud_delete_default_kube_dns_configmap.module.gcloud_kubectl.null_resource.download_jq",
            "module.client-clusters.module.gcloud_delete_default_kube_dns_configmap.module.gcloud_kubectl.null_resource.gcloud_auth_google_credentials",
            "module.client-clusters.module.gcloud_delete_default_kube_dns_configmap.module.gcloud_kubectl.null_resource.gcloud_auth_google_credentials_destroy",
            "module.client-clusters.module.gcloud_delete_default_kube_dns_configmap.module.gcloud_kubectl.null_resource.gcloud_auth_service_account_key_file",
            "module.client-clusters.module.gcloud_delete_default_kube_dns_configmap.module.gcloud_kubectl.null_resource.gcloud_auth_service_account_key_file_destroy",
            "module.client-clusters.module.gcloud_delete_default_kube_dns_configmap.module.gcloud_kubectl.null_resource.module_depends_on",
            "module.client-clusters.module.gcloud_delete_default_kube_dns_configmap.module.gcloud_kubectl.null_resource.prepare_cache",
            "module.client-clusters.module.gcloud_delete_default_kube_dns_configmap.module.gcloud_kubectl.null_resource.run_command",
            "module.client-clusters.module.gcloud_delete_default_kube_dns_configmap.module.gcloud_kubectl.null_resource.run_destroy_command",
            "module.client-clusters.module.gcloud_delete_default_kube_dns_configmap.module.gcloud_kubectl.null_resource.upgrade",
            "module.client-clusters.module.gcloud_delete_default_kube_dns_configmap.module.gcloud_kubectl.null_resource.upgrade_destroy",
            "module.client-clusters.module.gcloud_delete_default_kube_dns_configmap.module.gcloud_kubectl.random_id.cache",
            "module.client-clusters.random_shuffle.available_zones",
            "module.client-clusters.random_string.cluster_service_account_suffix",
            "module.project-services.google_project_service.project_services"
          ]
        }
      ]
    },
    {
      "module": "module.acm-clients[1].module.acm_operator.module.k8sop_creds_secret.module.gcloud_kubectl",
      "mode": "managed",
      "type": "null_resource",
      "name": "run_command",
      "provider": "provider[\"registry.terraform.io/hashicorp/null\"]",
      "instances": [
        {
          "index_key": 0,
          "schema_version": 0,
          "attributes": {
            "id": "965046846716337532",
            "triggers": {
              "arguments": "a7031107626740e1b8cd2ea339c42b9b",
              "create_cmd_body": "gke-cluster-client-1 us-west1-a jk-mlops-dev false false kubectl create secret generic git-creds -n=config-management-system --from-literal=ssh='-----BEGIN RSA PRIVATE KEY-----\nMIIJKQIBAAKCAgEA3P/BOXl2jZ0P1M2Fzck95sL6EKAiQh5pMhly7RdDpH4jrKwQ\nsAFeV7PUIb87Wugqq9G5J0wr343lDTS/BuPn/zHQBDKncxP5nAmiEKShlJy1GG0R\nPkOScn7hHDiBTjkNTpw74l5nbz4feTIS1JPxQkuNAFoBNAACCO0RmcTBFaooeJyl\nUNO9N8lYZ8Xii6T3f7mav9rHn14PVAGFt7blszQXTRDQpchmcdtx3ZPXMoOPKyXt\nukVvQAbzA8LkWfB1bZvwYx0/cKSqBCvA5p2v3skTDrXsuporVKETaWq33sGRLDpb\nxBSjPqVX/KZScElt0Fb+ocnfkPokMIUVOr3/mXERDgxgGpqcMDMSr/ebWUggLAyo\nU2BHgIj0/Y/7cqWJRW/uXOgwh1GdrwZxXyRgGgQ2pGNDnbZ2BwbQ45yw4UrIb7z1\nm2SDqlAH8snvs6MGDqY9Svh292HIOp4iSUeS6YjRJP9pLy8ZLACETXYzTVKkD8cB\nNB54230Grhn3Ij/8LLy27S/XPNl4yZ/z5NbNsKMFSI+h7vN04E12QK6ARZ+aEtPp\npXBhBDMHG46drbjRKf617q5HLx6do6XXBp84nrC7s5YVZwG5J+hJ1nH3mvyxJ2Ul\ne4LVAEYZGWRszrNZMyFBhx65UBiVzqQlitf4lQXPk5pfHxtPd2+ENBj6PmMCAwEA\nAQKCAgBM6Hg+3yVBvRHgVbGl3s26+8l4dbHWXqzvMWoMVldE7FzP34VjKubBEKTX\nJayrQzZuWurbYSe3gbLfeKat6Cw5ZAVnIJWjd6UbB0MuFYzhofNnz7T7fRp+2+bN\nImDlbvdRjw9MBNxsGytqyuFAt0dzccVdBPV8OjB7GL1STOWA+5lf9+uUCEvGGTy5\nyGTBgiRbf6T59VIZBOvCqVD2kSC4z3z4ZcymlOoJ33ttx+BRBPWS530moLlJh+GU\nQoOjRQooneb3JxuHwNYl43AbEW890a3fJbJ/cd14cyHFQs1AKQ6zXI/I2gHBcFsB\nYoQ37WXY5h1xAkbaNiLX+8hai/phrwdDmUq4MevcGkvsKq0YNUHNqx66E8vXJsVi\nZvpdVccm7V/3KA71mzY+I4luZJq7NJuERZw3/cD07scVD+5kXdpGVZe4SacUKTzE\nb0eBQvI28KPdRLNrFARxmjMM5CI7ci8DD4z5jFX/tL9r7m4Ct/xQDqRIvskdv0cf\nGNvJjiXhPF7l+8Ywy27F5B5Imi80/C2VzMfZym6E+nqI0NV13XhZ3HLceRzpm7RD\nNp+tZzq0hTi1+ZnNLCWTOnoOITZx4e2JcH3/Z9ShfYFcFctAtZLnrJKIHYkJavSL\neqkJkEgSEZ5MrZAnL7O8vL34/GG6QUp46c6XolI/Y6l01IsEmQKCAQEA5IcRn42V\nSyiZZWddfrFvz+VXmu1NFust/Xu89u3iXkvtZ1w/02Gzb+2rFiqsuExXvHekjN4c\n1INLSVUhqZWw0A1vElG7jq0U1JqOn1r1/Sef+cbiLxKtDbCK6jt5U8LiZBDpcds0\nDeBs382urEdJpkdzxND9fHAkmnaTR4J7hdb3Cupmxetcg8Nyn4lYlwTzzdaOLpcu\nTHUHx4Oy0LufNPTOtSr9HaE4cN5gevB46ATVxt/kBXeJaa0h38lbj0YztdLjHfjL\nHh3+2sEN5Ajm1rwZfE4vGqrMT9w2ACzu6JeT2CE36j1vqZf/aVruentP5R/i4k60\nbRRS9Vr2VcNKrwKCAQEA95D+kBBoaTYfbYHxaAGqIulLhvOvKphI876P/E3A8lei\noFzQKJ46kuGUUsnNJcmFeQC7bAbFp/wcBEnGso88x2MwtZ4BVi0sOaycronTDFgn\nRoXPfzNUvXPEJZPIYorJtN60adOEM4561CvU1kUJAUly0I948n5jKtb5DCPrTJDQ\n30S0ACk5RY+cOaBLY1WsDw+/kmxMoacqqkDddLmbwQRBoWcJ+k5aDqrnVjqGJnl4\nu43xlIIfEWkn/L9v3zEj2HHz4e6/C+nOxY1vXKFN5NYYEt0a59IftnW/UDgPMKV3\niBHcJ3cZCnytLhPDxVfADF9ulJPRhYVIzRRBxQ6kjQKCAQEAiCEJV3DgcM/zaFtF\nb1XFFCM6pzgaRr+7Opb9/l3ADYnPFlX2UzWMzOzXkDHFh1c6oDLo21zn8ZNwQnOq\nxLk9hQGrm08Cmb/ye57BvJ1TkQSMoB5f18iZO2FhrpvU7xdVAmSsmr0H6gg48qw0\nE723WoyPorsXdIvc0gI2Q0+vww9FQ8RTiixkhLzlR7FqCzPRA1l+grRdyP+hrbB+\n0SYidUoq4/KCqqbB10IwWKtsalGPApOV4cfOHBwc5JCusM8RuIqx7cWpQPx/NtHv\nM1o2H84WpFxyZME/SYcUx8/8VKMOV52aEDeej3jSlXCsRFu2QPdYkJRvl9aWgD86\nI+ZcUwKCAQEAuc3d8PwPkR9o2QSUzW2qZsdXwzJzfnGLFz0nzcIBlSFG0jq2lDWl\nWoXpj3Ub/kdQYK+2+u3ePSTPVjyU34D3qeH9NeIfuLDwp1ywv6J7fqFO4PQe9qXs\n7L/NMDLJS4REvPYEzARPDW7bKxC2jhaEGq4oePWlXcKT5RwxEPaIbA+oZFmpCxHl\nhRqysuFmk2hCWY+FRXz4yr6vG9bRHwELMANkyqGN8IoLt0R3mdUUyB2VCpcPAFnk\nvWmB9IUtjoLQF2v3EdPhGSzi3ow3T3tU/fHdYZMG1YRz/rpC2w8n/2fA3aQh6pDN\nf3xxccqtvRgN8HtTgDmtIBwXtquEbUR/JQKCAQBRW5nCP2kNd09xpYm7DetiwIZJ\nRNLPBe7fl8BdY2ZVEYm1GsCHTJAkv0B1+jw0fzX2aLM08NWOhZRzmYiq8pLzKC2u\nQ06e60cT0G5tc+fQ+hGcAWMu0C0M8kzlx3K4Xj73WgLKm3N2sd5nW3hytSbviZSU\nF5URD1N3PzFQVGRvpkb3wV7fvPxp//wQ2JowQgxmo7I2/x4O3e9NXx0Dm+T1/5Wo\n59Y8Laiv6/ofSqhnmPw6Hiq24i7QAVsDE8qTOp3/5Yn1xh6wDmfTt2bcSlHsAT7G\nm2p2+pXnWJLYdaL0HdaGkw/wZC49pzgbnrDMJ3/7gnC8ykez/PcB9++bfXc6\n-----END RSA PRIVATE KEY-----\n'",
              "create_cmd_entrypoint": ".terraform/modules/acm-clients.acm_operator.k8sop_creds_secret/terraform-google-gcloud-2.0.3/modules/kubectl-wrapper/scripts/kubectl_wrapper.sh",
              "gcloud_bin_abs_path": "/google-cloud-sdk/bin",
              "md5": "f41e9e4bce1f16c5a7b5479198a8093d"
            }
          },
          "sensitive_attributes": [],
          "private": "bnVsbA==",
          "dependencies": [
            "data.google_client_config.current",
            "data.google_project.project",
            "module.acm-clients.module.acm_operator.module.k8s_operator.module.gcloud_kubectl.data.external.env_override",
            "module.acm-clients.module.acm_operator.module.k8s_operator.module.gcloud_kubectl.null_resource.additional_components",
            "module.acm-clients.module.acm_operator.module.k8s_operator.module.gcloud_kubectl.null_resource.decompress",
            "module.acm-clients.module.acm_operator.module.k8s_operator.module.gcloud_kubectl.null_resource.gcloud_auth_google_credentials",
            "module.acm-clients.module.acm_operator.module.k8s_operator.module.gcloud_kubectl.null_resource.gcloud_auth_service_account_key_file",
            "module.acm-clients.module.acm_operator.module.k8s_operator.module.gcloud_kubectl.null_resource.module_depends_on",
            "module.acm-clients.module.acm_operator.module.k8s_operator.module.gcloud_kubectl.null_resource.run_command",
            "module.acm-clients.module.acm_operator.module.k8s_operator.module.gcloud_kubectl.null_resource.run_destroy_command",
            "module.acm-clients.module.acm_operator.module.k8s_operator.module.gcloud_kubectl.null_resource.upgrade",
            "module.acm-clients.module.acm_operator.module.k8s_operator.module.gcloud_kubectl.random_id.cache",
            "module.acm-clients.module.acm_operator.module.k8sop_creds_secret.module.gcloud_kubectl.data.external.env_override",
            "module.acm-clients.module.acm_operator.module.k8sop_creds_secret.module.gcloud_kubectl.null_resource.additional_components",
            "module.acm-clients.module.acm_operator.module.k8sop_creds_secret.module.gcloud_kubectl.null_resource.decompress",
            "module.acm-clients.module.acm_operator.module.k8sop_creds_secret.module.gcloud_kubectl.null_resource.gcloud_auth_google_credentials",
            "module.acm-clients.module.acm_operator.module.k8sop_creds_secret.module.gcloud_kubectl.null_resource.gcloud_auth_service_account_key_file",
            "module.acm-clients.module.acm_operator.module.k8sop_creds_secret.module.gcloud_kubectl.null_resource.module_depends_on",
            "module.acm-clients.module.acm_operator.module.k8sop_creds_secret.module.gcloud_kubectl.null_resource.upgrade",
            "module.acm-clients.module.acm_operator.module.k8sop_creds_secret.module.gcloud_kubectl.random_id.cache",
            "module.acm-clients.module.acm_operator.module.k8sop_manifest.null_resource.additional_components",
            "module.acm-clients.module.acm_operator.module.k8sop_manifest.null_resource.gcloud_auth_google_credentials",
            "module.acm-clients.module.acm_operator.module.k8sop_manifest.null_resource.gcloud_auth_service_account_key_file",
            "module.acm-clients.module.acm_operator.module.k8sop_manifest.null_resource.run_command",
            "module.acm-clients.module.acm_operator.module.k8sop_manifest.null_resource.run_destroy_command",
            "module.acm-clients.module.acm_operator.tls_private_key.k8sop_creds",
            "module.client-clusters.data.google_client_config.default",
            "module.client-clusters.data.google_compute_subnetwork.gke_subnetwork",
            "module.client-clusters.data.google_compute_zones.available",
            "module.client-clusters.data.google_container_engine_versions.region",
            "module.client-clusters.data.google_container_engine_versions.zone",
            "module.client-clusters.google_compute_firewall.intra_egress",
            "module.client-clusters.google_compute_firewall.master_webhooks",
            "module.client-clusters.google_compute_firewall.shadow_allow_master",
            "module.client-clusters.google_compute_firewall.shadow_allow_nodes",
            "module.client-clusters.google_compute_firewall.shadow_allow_pods",
            "module.client-clusters.google_container_cluster.primary",
            "module.client-clusters.google_container_node_pool.pools",
            "module.client-clusters.google_project_iam_member.cluster_service_account-artifact-registry",
            "module.client-clusters.google_project_iam_member.cluster_service_account-gcr",
            "module.client-clusters.google_project_iam_member.cluster_service_account-log_writer",
            "module.client-clusters.google_project_iam_member.cluster_service_account-metric_writer",
            "module.client-clusters.google_project_iam_member.cluster_service_account-monitoring_viewer",
            "module.client-clusters.google_project_iam_member.cluster_service_account-resourceMetadata-writer",
            "module.client-clusters.google_service_account.cluster_service_account",
            "module.client-clusters.kubernetes_config_map.ip-masq-agent",
            "module.client-clusters.kubernetes_config_map.kube-dns",
            "module.client-clusters.kubernetes_config_map.kube-dns-upstream-nameservers-and-stub-domains",
            "module.client-clusters.kubernetes_config_map.kube-dns-upstream-namservers",
            "module.client-clusters.module.gcloud_delete_default_kube_dns_configmap.module.gcloud_kubectl.data.external.env_override",
            "module.client-clusters.module.gcloud_delete_default_kube_dns_configmap.module.gcloud_kubectl.null_resource.additional_components",
            "module.client-clusters.module.gcloud_delete_default_kube_dns_configmap.module.gcloud_kubectl.null_resource.additional_components_destroy",
            "module.client-clusters.module.gcloud_delete_default_kube_dns_configmap.module.gcloud_kubectl.null_resource.decompress",
            "module.client-clusters.module.gcloud_delete_default_kube_dns_configmap.module.gcloud_kubectl.null_resource.decompress_destroy",
            "module.client-clusters.module.gcloud_delete_default_kube_dns_configmap.module.gcloud_kubectl.null_resource.download_gcloud",
            "module.client-clusters.module.gcloud_delete_default_kube_dns_configmap.module.gcloud_kubectl.null_resource.download_jq",
            "module.client-clusters.module.gcloud_delete_default_kube_dns_configmap.module.gcloud_kubectl.null_resource.gcloud_auth_google_credentials",
            "module.client-clusters.module.gcloud_delete_default_kube_dns_configmap.module.gcloud_kubectl.null_resource.gcloud_auth_google_credentials_destroy",
            "module.client-clusters.module.gcloud_delete_default_kube_dns_configmap.module.gcloud_kubectl.null_resource.gcloud_auth_service_account_key_file",
            "module.client-clusters.module.gcloud_delete_default_kube_dns_configmap.module.gcloud_kubectl.null_resource.gcloud_auth_service_account_key_file_destroy",
            "module.client-clusters.module.gcloud_delete_default_kube_dns_configmap.module.gcloud_kubectl.null_resource.module_depends_on",
            "module.client-clusters.module.gcloud_delete_default_kube_dns_configmap.module.gcloud_kubectl.null_resource.prepare_cache",
            "module.client-clusters.module.gcloud_delete_default_kube_dns_configmap.module.gcloud_kubectl.null_resource.run_command",
            "module.client-clusters.module.gcloud_delete_default_kube_dns_configmap.module.gcloud_kubectl.null_resource.run_destroy_command",
            "module.client-clusters.module.gcloud_delete_default_kube_dns_configmap.module.gcloud_kubectl.null_resource.upgrade",
            "module.client-clusters.module.gcloud_delete_default_kube_dns_configmap.module.gcloud_kubectl.null_resource.upgrade_destroy",
            "module.client-clusters.module.gcloud_delete_default_kube_dns_configmap.module.gcloud_kubectl.random_id.cache",
            "module.client-clusters.random_shuffle.available_zones",
            "module.client-clusters.random_string.cluster_service_account_suffix",
            "module.project-services.google_project_service.project_services"
          ]
        }
      ]
    },
    {
      "module": "module.acm-clients[1].module.acm_operator.module.k8sop_creds_secret.module.gcloud_kubectl",
      "mode": "managed",
      "type": "null_resource",
      "name": "run_destroy_command",
      "provider": "provider[\"registry.terraform.io/hashicorp/null\"]",
      "instances": [
        {
          "index_key": 0,
          "schema_version": 0,
          "attributes": {
            "id": "4434935105043554243",
            "triggers": {
              "destroy_cmd_body": "gke-cluster-client-1 us-west1-a jk-mlops-dev false false kubectl delete secret git-creds -n=config-management-system",
              "destroy_cmd_entrypoint": ".terraform/modules/acm-clients.acm_operator.k8sop_creds_secret/terraform-google-gcloud-2.0.3/modules/kubectl-wrapper/scripts/kubectl_wrapper.sh",
              "gcloud_bin_abs_path": "/google-cloud-sdk/bin"
            }
          },
          "sensitive_attributes": [],
          "private": "bnVsbA==",
          "dependencies": [
            "data.google_client_config.current",
            "data.google_project.project",
            "module.acm-clients.module.acm_operator.module.k8s_operator.module.gcloud_kubectl.data.external.env_override",
            "module.acm-clients.module.acm_operator.module.k8s_operator.module.gcloud_kubectl.null_resource.additional_components",
            "module.acm-clients.module.acm_operator.module.k8s_operator.module.gcloud_kubectl.null_resource.decompress",
            "module.acm-clients.module.acm_operator.module.k8s_operator.module.gcloud_kubectl.null_resource.gcloud_auth_google_credentials",
            "module.acm-clients.module.acm_operator.module.k8s_operator.module.gcloud_kubectl.null_resource.gcloud_auth_service_account_key_file",
            "module.acm-clients.module.acm_operator.module.k8s_operator.module.gcloud_kubectl.null_resource.module_depends_on",
            "module.acm-clients.module.acm_operator.module.k8s_operator.module.gcloud_kubectl.null_resource.run_command",
            "module.acm-clients.module.acm_operator.module.k8s_operator.module.gcloud_kubectl.null_resource.run_destroy_command",
            "module.acm-clients.module.acm_operator.module.k8s_operator.module.gcloud_kubectl.null_resource.upgrade",
            "module.acm-clients.module.acm_operator.module.k8s_operator.module.gcloud_kubectl.random_id.cache",
            "module.acm-clients.module.acm_operator.module.k8sop_creds_secret.module.gcloud_kubectl.data.external.env_override",
            "module.acm-clients.module.acm_operator.module.k8sop_creds_secret.module.gcloud_kubectl.null_resource.additional_components",
            "module.acm-clients.module.acm_operator.module.k8sop_creds_secret.module.gcloud_kubectl.null_resource.decompress",
            "module.acm-clients.module.acm_operator.module.k8sop_creds_secret.module.gcloud_kubectl.null_resource.gcloud_auth_google_credentials",
            "module.acm-clients.module.acm_operator.module.k8sop_creds_secret.module.gcloud_kubectl.null_resource.gcloud_auth_service_account_key_file",
            "module.acm-clients.module.acm_operator.module.k8sop_creds_secret.module.gcloud_kubectl.null_resource.module_depends_on",
            "module.acm-clients.module.acm_operator.module.k8sop_creds_secret.module.gcloud_kubectl.null_resource.upgrade",
            "module.acm-clients.module.acm_operator.module.k8sop_creds_secret.module.gcloud_kubectl.random_id.cache",
            "module.acm-clients.module.acm_operator.module.k8sop_manifest.null_resource.additional_components",
            "module.acm-clients.module.acm_operator.module.k8sop_manifest.null_resource.gcloud_auth_google_credentials",
            "module.acm-clients.module.acm_operator.module.k8sop_manifest.null_resource.gcloud_auth_service_account_key_file",
            "module.acm-clients.module.acm_operator.module.k8sop_manifest.null_resource.run_command",
            "module.acm-clients.module.acm_operator.module.k8sop_manifest.null_resource.run_destroy_command",
            "module.acm-clients.module.acm_operator.tls_private_key.k8sop_creds",
            "module.client-clusters.data.google_client_config.default",
            "module.client-clusters.data.google_compute_subnetwork.gke_subnetwork",
            "module.client-clusters.data.google_compute_zones.available",
            "module.client-clusters.data.google_container_engine_versions.region",
            "module.client-clusters.data.google_container_engine_versions.zone",
            "module.client-clusters.google_compute_firewall.intra_egress",
            "module.client-clusters.google_compute_firewall.master_webhooks",
            "module.client-clusters.google_compute_firewall.shadow_allow_master",
            "module.client-clusters.google_compute_firewall.shadow_allow_nodes",
            "module.client-clusters.google_compute_firewall.shadow_allow_pods",
            "module.client-clusters.google_container_cluster.primary",
            "module.client-clusters.google_container_node_pool.pools",
            "module.client-clusters.google_project_iam_member.cluster_service_account-artifact-registry",
            "module.client-clusters.google_project_iam_member.cluster_service_account-gcr",
            "module.client-clusters.google_project_iam_member.cluster_service_account-log_writer",
            "module.client-clusters.google_project_iam_member.cluster_service_account-metric_writer",
            "module.client-clusters.google_project_iam_member.cluster_service_account-monitoring_viewer",
            "module.client-clusters.google_project_iam_member.cluster_service_account-resourceMetadata-writer",
            "module.client-clusters.google_service_account.cluster_service_account",
            "module.client-clusters.kubernetes_config_map.ip-masq-agent",
            "module.client-clusters.kubernetes_config_map.kube-dns",
            "module.client-clusters.kubernetes_config_map.kube-dns-upstream-nameservers-and-stub-domains",
            "module.client-clusters.kubernetes_config_map.kube-dns-upstream-namservers",
            "module.client-clusters.module.gcloud_delete_default_kube_dns_configmap.module.gcloud_kubectl.data.external.env_override",
            "module.client-clusters.module.gcloud_delete_default_kube_dns_configmap.module.gcloud_kubectl.null_resource.additional_components",
            "module.client-clusters.module.gcloud_delete_default_kube_dns_configmap.module.gcloud_kubectl.null_resource.additional_components_destroy",
            "module.client-clusters.module.gcloud_delete_default_kube_dns_configmap.module.gcloud_kubectl.null_resource.decompress",
            "module.client-clusters.module.gcloud_delete_default_kube_dns_configmap.module.gcloud_kubectl.null_resource.decompress_destroy",
            "module.client-clusters.module.gcloud_delete_default_kube_dns_configmap.module.gcloud_kubectl.null_resource.download_gcloud",
            "module.client-clusters.module.gcloud_delete_default_kube_dns_configmap.module.gcloud_kubectl.null_resource.download_jq",
            "module.client-clusters.module.gcloud_delete_default_kube_dns_configmap.module.gcloud_kubectl.null_resource.gcloud_auth_google_credentials",
            "module.client-clusters.module.gcloud_delete_default_kube_dns_configmap.module.gcloud_kubectl.null_resource.gcloud_auth_google_credentials_destroy",
            "module.client-clusters.module.gcloud_delete_default_kube_dns_configmap.module.gcloud_kubectl.null_resource.gcloud_auth_service_account_key_file",
            "module.client-clusters.module.gcloud_delete_default_kube_dns_configmap.module.gcloud_kubectl.null_resource.gcloud_auth_service_account_key_file_destroy",
            "module.client-clusters.module.gcloud_delete_default_kube_dns_configmap.module.gcloud_kubectl.null_resource.module_depends_on",
            "module.client-clusters.module.gcloud_delete_default_kube_dns_configmap.module.gcloud_kubectl.null_resource.prepare_cache",
            "module.client-clusters.module.gcloud_delete_default_kube_dns_configmap.module.gcloud_kubectl.null_resource.run_command",
            "module.client-clusters.module.gcloud_delete_default_kube_dns_configmap.module.gcloud_kubectl.null_resource.run_destroy_command",
            "module.client-clusters.module.gcloud_delete_default_kube_dns_configmap.module.gcloud_kubectl.null_resource.upgrade",
            "module.client-clusters.module.gcloud_delete_default_kube_dns_configmap.module.gcloud_kubectl.null_resource.upgrade_destroy",
            "module.client-clusters.module.gcloud_delete_default_kube_dns_configmap.module.gcloud_kubectl.random_id.cache",
            "module.client-clusters.random_shuffle.available_zones",
            "module.client-clusters.random_string.cluster_service_account_suffix",
            "module.project-services.google_project_service.project_services"
          ]
        }
      ]
    },
    {
      "module": "module.acm-clients[1].module.enable_acm",
      "mode": "data",
      "type": "external",
      "name": "env_override",
      "provider": "provider[\"registry.terraform.io/hashicorp/external\"]",
      "instances": [
        {
          "index_key": 0,
          "schema_version": 0,
          "attributes": {
            "id": "-",
            "program": [
              ".terraform/modules/acm-clients.enable_acm/terraform-google-gcloud-2.0.3/scripts/check_env.sh"
            ],
            "query": null,
            "result": {
              "download": ""
            },
            "working_dir": null
          },
          "sensitive_attributes": []
        }
      ]
    },
    {
      "module": "module.acm-clients[1].module.enable_acm",
      "mode": "managed",
      "type": "null_resource",
      "name": "additional_components",
      "provider": "provider[\"registry.terraform.io/hashicorp/null\"]",
      "instances": [
        {
          "index_key": 0,
          "schema_version": 0,
          "attributes": {
            "id": "6301112482662778301",
            "triggers": {
              "additional_components_command": ".terraform/modules/acm-clients.enable_acm/terraform-google-gcloud-2.0.3/scripts/check_components.sh gcloud alpha",
              "arguments": "49423d0060e3cf05de8cce2caa496a4e",
              "md5": "7f22bf39aaf5ce5980111c3587bef5b5"
            }
          },
          "sensitive_attributes": [],
          "private": "bnVsbA==",
          "dependencies": [
            "data.google_client_config.current",
            "module.acm-clients.module.enable_acm.data.external.env_override",
            "module.acm-clients.module.enable_acm.null_resource.decompress",
            "module.acm-clients.module.enable_acm.null_resource.download_gcloud",
            "module.acm-clients.module.enable_acm.null_resource.download_jq",
            "module.acm-clients.module.enable_acm.null_resource.module_depends_on",
            "module.acm-clients.module.enable_acm.null_resource.prepare_cache",
            "module.acm-clients.module.enable_acm.null_resource.upgrade",
            "module.acm-clients.module.enable_acm.random_id.cache"
          ]
        }
      ]
    },
    {
      "module": "module.acm-clients[1].module.enable_acm",
      "mode": "managed",
      "type": "null_resource",
      "name": "run_destroy_command",
      "provider": "provider[\"registry.terraform.io/hashicorp/null\"]",
      "instances": [
        {
          "index_key": 0,
          "schema_version": 0,
          "attributes": {
            "id": "8886108389144789389",
            "triggers": {
              "destroy_cmd_body": "alpha container hub config-management disable --force --project jk-mlops-dev",
              "destroy_cmd_entrypoint": "gcloud",
              "gcloud_bin_abs_path": "/google-cloud-sdk/bin"
            }
          },
          "sensitive_attributes": [],
          "private": "bnVsbA==",
          "dependencies": [
            "data.google_client_config.current",
            "module.acm-clients.module.enable_acm.data.external.env_override",
            "module.acm-clients.module.enable_acm.null_resource.additional_components",
            "module.acm-clients.module.enable_acm.null_resource.decompress",
            "module.acm-clients.module.enable_acm.null_resource.download_gcloud",
            "module.acm-clients.module.enable_acm.null_resource.download_jq",
            "module.acm-clients.module.enable_acm.null_resource.gcloud_auth_google_credentials",
            "module.acm-clients.module.enable_acm.null_resource.gcloud_auth_service_account_key_file",
            "module.acm-clients.module.enable_acm.null_resource.module_depends_on",
            "module.acm-clients.module.enable_acm.null_resource.prepare_cache",
            "module.acm-clients.module.enable_acm.null_resource.upgrade",
            "module.acm-clients.module.enable_acm.random_id.cache"
          ]
        }
      ]
    },
    {
      "module": "module.acm-server.module.acm_operator.module.k8s_operator.module.gcloud_kubectl",
      "mode": "data",
      "type": "external",
      "name": "env_override",
      "provider": "provider[\"registry.terraform.io/hashicorp/external\"]",
      "instances": [
        {
          "index_key": 0,
          "schema_version": 0,
          "attributes": {
            "id": "-",
            "program": [
              ".terraform/modules/acm-server.acm_operator.k8s_operator/terraform-google-gcloud-2.0.3/scripts/check_env.sh"
            ],
            "query": null,
            "result": {
              "download": ""
            },
            "working_dir": null
          },
          "sensitive_attributes": []
        }
      ]
    },
    {
      "module": "module.acm-server.module.acm_operator.module.k8s_operator.module.gcloud_kubectl",
      "mode": "managed",
      "type": "null_resource",
      "name": "additional_components",
      "provider": "provider[\"registry.terraform.io/hashicorp/null\"]",
      "instances": [
        {
          "index_key": 0,
          "schema_version": 0,
          "attributes": {
            "id": "1912979923842462947",
            "triggers": {
              "additional_components_command": ".terraform/modules/acm-server.acm_operator.k8s_operator/terraform-google-gcloud-2.0.3/scripts/check_components.sh gcloud kubectl",
              "arguments": "50e993fe06e446f3059d8e38a3463d84",
              "md5": "45876297bd52ae80f2797e941b00f3de"
            }
          },
          "sensitive_attributes": [],
          "private": "bnVsbA==",
          "dependencies": [
            "data.google_client_config.current",
            "data.google_project.project",
            "module.acm-server.module.acm_operator.module.k8s_operator.module.gcloud_kubectl.data.external.env_override",
            "module.acm-server.module.acm_operator.module.k8s_operator.module.gcloud_kubectl.null_resource.upgrade",
            "module.acm-server.module.acm_operator.module.k8s_operator.module.gcloud_kubectl.random_id.cache",
            "module.project-services.google_project_service.project_services",
            "module.server-cluster.data.google_compute_zones.available",
            "module.server-cluster.data.google_container_engine_versions.region",
            "module.server-cluster.data.google_container_engine_versions.zone",
            "module.server-cluster.google_container_cluster.primary",
            "module.server-cluster.google_service_account.cluster_service_account",
            "module.server-cluster.random_shuffle.available_zones",
            "module.server-cluster.random_string.cluster_service_account_suffix"
          ]
        }
      ]
    },
    {
      "module": "module.acm-server.module.acm_operator.module.k8s_operator.module.gcloud_kubectl",
      "mode": "managed",
      "type": "null_resource",
      "name": "module_depends_on",
      "provider": "provider[\"registry.terraform.io/hashicorp/null\"]",
      "instances": [
        {
          "index_key": 0,
          "schema_version": 0,
          "attributes": {
            "id": "3267704493194363792",
            "triggers": {
              "value": "2"
            }
          },
          "sensitive_attributes": [
            [
              {
                "type": "get_attr",
                "value": "triggers"
              },
              {
                "type": "index",
                "value": {
                  "value": "value",
                  "type": "string"
                }
              }
            ]
          ],
          "private": "bnVsbA==",
          "dependencies": [
            "data.google_client_config.current",
            "data.google_project.project",
            "module.acm-server.module.acm_operator.module.k8sop_manifest.null_resource.additional_components",
            "module.acm-server.module.acm_operator.module.k8sop_manifest.null_resource.gcloud_auth_google_credentials",
            "module.acm-server.module.acm_operator.module.k8sop_manifest.null_resource.gcloud_auth_service_account_key_file",
            "module.acm-server.module.acm_operator.module.k8sop_manifest.null_resource.run_command",
            "module.acm-server.module.acm_operator.module.k8sop_manifest.null_resource.run_destroy_command",
            "module.project-services.google_project_service.project_services",
            "module.server-cluster.data.google_compute_zones.available",
            "module.server-cluster.data.google_container_engine_versions.region",
            "module.server-cluster.data.google_container_engine_versions.zone",
            "module.server-cluster.google_container_cluster.primary",
            "module.server-cluster.google_container_node_pool.pools",
            "module.server-cluster.google_service_account.cluster_service_account",
            "module.server-cluster.random_shuffle.available_zones",
            "module.server-cluster.random_string.cluster_service_account_suffix"
          ]
        }
      ]
    },
    {
      "module": "module.acm-server.module.acm_operator.module.k8s_operator.module.gcloud_kubectl",
      "mode": "managed",
      "type": "null_resource",
      "name": "run_destroy_command",
      "provider": "provider[\"registry.terraform.io/hashicorp/null\"]",
      "instances": [
        {
          "index_key": 0,
          "schema_version": 0,
          "attributes": {
            "id": "7048103353737827362",
            "triggers": {
              "destroy_cmd_body": "gke-cluster-server us-west1-a jk-mlops-dev false false kubectl delete -f config-management-operator.yaml",
              "destroy_cmd_entrypoint": ".terraform/modules/acm-server.acm_operator.k8s_operator/terraform-google-gcloud-2.0.3/modules/kubectl-wrapper/scripts/kubectl_wrapper.sh",
              "gcloud_bin_abs_path": "/google-cloud-sdk/bin"
            }
          },
          "sensitive_attributes": [],
          "private": "bnVsbA==",
          "dependencies": [
            "data.google_client_config.current",
            "data.google_project.project",
            "module.acm-server.module.acm_operator.module.k8s_operator.module.gcloud_kubectl.data.external.env_override",
            "module.acm-server.module.acm_operator.module.k8s_operator.module.gcloud_kubectl.null_resource.additional_components",
            "module.acm-server.module.acm_operator.module.k8s_operator.module.gcloud_kubectl.null_resource.decompress",
            "module.acm-server.module.acm_operator.module.k8s_operator.module.gcloud_kubectl.null_resource.gcloud_auth_google_credentials",
            "module.acm-server.module.acm_operator.module.k8s_operator.module.gcloud_kubectl.null_resource.gcloud_auth_service_account_key_file",
            "module.acm-server.module.acm_operator.module.k8s_operator.module.gcloud_kubectl.null_resource.module_depends_on",
            "module.acm-server.module.acm_operator.module.k8s_operator.module.gcloud_kubectl.null_resource.upgrade",
            "module.acm-server.module.acm_operator.module.k8s_operator.module.gcloud_kubectl.random_id.cache",
            "module.acm-server.module.acm_operator.module.k8sop_manifest.null_resource.additional_components",
            "module.acm-server.module.acm_operator.module.k8sop_manifest.null_resource.gcloud_auth_google_credentials",
            "module.acm-server.module.acm_operator.module.k8sop_manifest.null_resource.gcloud_auth_service_account_key_file",
            "module.acm-server.module.acm_operator.module.k8sop_manifest.null_resource.run_command",
            "module.acm-server.module.acm_operator.module.k8sop_manifest.null_resource.run_destroy_command",
            "module.project-services.google_project_service.project_services",
            "module.server-cluster.data.google_compute_zones.available",
            "module.server-cluster.data.google_container_engine_versions.region",
            "module.server-cluster.data.google_container_engine_versions.zone",
            "module.server-cluster.google_container_cluster.primary",
            "module.server-cluster.google_container_node_pool.pools",
            "module.server-cluster.google_service_account.cluster_service_account",
            "module.server-cluster.random_shuffle.available_zones",
            "module.server-cluster.random_string.cluster_service_account_suffix"
          ]
        }
      ]
    },
    {
      "module": "module.client-clusters[0]",
      "mode": "data",
      "type": "google_client_config",
      "name": "default",
      "provider": "provider[\"registry.terraform.io/hashicorp/google-beta\"]",
      "instances": [
        {
          "schema_version": 0,
          "attributes": {
            "access_token": "ya29.A0AfH6SMBkdixgQBtxi48yzgIej-R8JscPh9xaRGPi_w0kiQMP3HzZkjSSNX-m5Y8TaCICGbeD6dAgi21l6_1EjWjXtWpVHDXuq2QDr96HGiT7no-9AT-I-OLwJNGnPPqeFc8tTvjj0xZzvmdyFLRlQsHyFvyktUAmQivf1n0O5JLgxsexFyOlFIkDoqYPi8r2XYEIKgaRc3uItKVNeH8J254P5p034U1yQBCQtYbxZcPTOrE2YruVcK9PJyjcl57CZNeKRdQ7tg",
            "id": "projects//regions//zones/",
            "project": "",
            "region": "",
            "zone": ""
          },
          "sensitive_attributes": []
        }
      ]
    },
    {
      "module": "module.client-clusters[0]",
      "mode": "data",
      "type": "google_compute_zones",
      "name": "available",
      "provider": "provider[\"registry.terraform.io/hashicorp/google-beta\"]",
      "instances": [
        {
          "schema_version": 0,
          "attributes": {
            "id": "projects/jk-mlops-dev/regions/us-west1",
            "names": [
              "us-west1-a",
              "us-west1-b",
              "us-west1-c"
            ],
            "project": "jk-mlops-dev",
            "region": "us-west1",
            "status": null
          },
          "sensitive_attributes": []
        }
      ]
    },
    {
      "module": "module.client-clusters[0]",
      "mode": "data",
      "type": "google_container_engine_versions",
      "name": "region",
      "provider": "provider[\"registry.terraform.io/hashicorp/google\"]",
      "instances": [
        {
          "schema_version": 0,
          "attributes": {
            "default_cluster_version": "1.17.15-gke.800",
            "id": "2021-02-21 06:20:37.157370649 +0000 UTC",
            "latest_master_version": "1.18.15-gke.1500",
            "latest_node_version": "1.18.15-gke.1500",
            "location": "us-west1-a",
            "project": "jk-mlops-dev",
            "release_channel_default_version": {
              "RAPID": "1.19.7-gke.1302",
              "REGULAR": "1.18.12-gke.1210",
              "STABLE": "1.17.15-gke.800"
            },
            "valid_master_versions": [
              "1.18.15-gke.1500",
              "1.18.15-gke.1100",
              "1.18.14-gke.1600",
              "1.18.14-gke.1200",
              "1.18.12-gke.1210",
              "1.18.12-gke.1206",
              "1.17.17-gke.1500",
              "1.17.17-gke.1100",
              "1.17.17-gke.600",
              "1.17.16-gke.1600",
              "1.17.16-gke.1300",
              "1.17.15-gke.800",
              "1.16.15-gke.11800",
              "1.16.15-gke.10600",
              "1.16.15-gke.7800",
              "1.15.12-gke.6002"
            ],
            "valid_node_versions": [
              "1.18.15-gke.1500",
              "1.18.15-gke.1100",
              "1.18.15-gke.800",
              "1.18.14-gke.1600",
              "1.18.14-gke.1200",
              "1.18.12-gke.1210",
              "1.18.12-gke.1206",
              "1.18.12-gke.1205",
              "1.18.12-gke.1201",
              "1.18.12-gke.1200",
              "1.18.12-gke.300",
              "1.18.10-gke.2701",
              "1.18.10-gke.2101",
              "1.18.10-gke.1500",
              "1.18.10-gke.601",
              "1.18.9-gke.2501",
              "1.18.9-gke.1501",
              "1.18.9-gke.801",
              "1.18.6-gke.4801",
              "1.18.6-gke.3504",
              "1.18.6-gke.3503",
              "1.17.17-gke.1500",
              "1.17.17-gke.1100",
              "1.17.17-gke.600",
              "1.17.16-gke.1600",
              "1.17.16-gke.1300",
              "1.17.15-gke.800",
              "1.17.15-gke.300",
              "1.17.14-gke.1600",
              "1.17.14-gke.1200",
              "1.17.14-gke.400",
              "1.17.13-gke.2600",
              "1.17.13-gke.2001",
              "1.17.13-gke.1401",
              "1.17.13-gke.1400",
              "1.17.13-gke.600",
              "1.17.12-gke.2502",
              "1.17.12-gke.1504",
              "1.17.12-gke.1501",
              "1.17.12-gke.500",
              "1.17.9-gke.6300",
              "1.17.9-gke.1504",
              "1.16.15-gke.11800",
              "1.16.15-gke.10600",
              "1.16.15-gke.7800",
              "1.16.15-gke.7300",
              "1.16.15-gke.6900",
              "1.16.15-gke.6000",
              "1.16.15-gke.5500",
              "1.16.15-gke.4901",
              "1.16.15-gke.4301",
              "1.16.15-gke.4300",
              "1.16.15-gke.3500",
              "1.16.15-gke.2601",
              "1.16.15-gke.1600",
              "1.16.15-gke.500",
              "1.16.13-gke.404",
              "1.16.13-gke.403",
              "1.16.13-gke.401",
              "1.16.13-gke.400",
              "1.16.13-gke.1",
              "1.16.11-gke.5",
              "1.16.10-gke.8",
              "1.16.9-gke.6",
              "1.16.9-gke.2",
              "1.16.8-gke.15",
              "1.16.8-gke.12",
              "1.16.8-gke.9",
              "1.15.12-gke.6002",
              "1.15.12-gke.6001",
              "1.15.12-gke.5000",
              "1.15.12-gke.4002",
              "1.15.12-gke.4000",
              "1.15.12-gke.20",
              "1.15.12-gke.17",
              "1.15.12-gke.16",
              "1.15.12-gke.13",
              "1.15.12-gke.9",
              "1.15.12-gke.6",
              "1.15.12-gke.3",
              "1.15.12-gke.2",
              "1.15.11-gke.17",
              "1.15.11-gke.15",
              "1.15.11-gke.13",
              "1.15.11-gke.12",
              "1.15.11-gke.11",
              "1.15.11-gke.9",
              "1.15.11-gke.5",
              "1.15.11-gke.3",
              "1.15.11-gke.1",
              "1.15.9-gke.26",
              "1.15.9-gke.24",
              "1.15.9-gke.22",
              "1.15.9-gke.12",
              "1.15.9-gke.9",
              "1.15.9-gke.8",
              "1.15.8-gke.3",
              "1.15.8-gke.2",
              "1.15.7-gke.23",
              "1.15.7-gke.2",
              "1.15.4-gke.22",
              "1.14.10-gke.1504",
              "1.14.10-gke.902",
              "1.14.10-gke.50",
              "1.14.10-gke.46",
              "1.14.10-gke.45",
              "1.14.10-gke.42",
              "1.14.10-gke.41",
              "1.14.10-gke.40",
              "1.14.10-gke.37",
              "1.14.10-gke.36",
              "1.14.10-gke.34",
              "1.14.10-gke.32",
              "1.14.10-gke.31",
              "1.14.10-gke.27",
              "1.14.10-gke.24",
              "1.14.10-gke.22",
              "1.14.10-gke.21",
              "1.14.10-gke.17",
              "1.14.10-gke.0",
              "1.14.9-gke.23",
              "1.14.9-gke.2",
              "1.14.9-gke.0",
              "1.14.8-gke.33",
              "1.14.8-gke.21",
              "1.14.8-gke.18",
              "1.14.8-gke.17",
              "1.14.8-gke.14",
              "1.14.8-gke.12",
              "1.14.8-gke.7",
              "1.14.8-gke.2",
              "1.14.7-gke.40",
              "1.14.7-gke.25",
              "1.14.7-gke.23",
              "1.14.7-gke.17",
              "1.14.7-gke.14",
              "1.14.7-gke.10",
              "1.14.6-gke.13",
              "1.14.6-gke.2",
              "1.14.6-gke.1",
              "1.14.3-gke.11",
              "1.14.3-gke.10",
              "1.14.3-gke.9",
              "1.14.2-gke.9",
              "1.14.1-gke.5",
              "1.13.12-gke.30",
              "1.13.12-gke.25",
              "1.13.12-gke.17",
              "1.13.12-gke.16",
              "1.13.12-gke.14",
              "1.13.12-gke.13",
              "1.13.12-gke.10",
              "1.13.12-gke.8",
              "1.13.12-gke.4",
              "1.13.12-gke.2",
              "1.13.11-gke.23",
              "1.13.11-gke.15",
              "1.13.11-gke.14",
              "1.13.11-gke.12",
              "1.13.11-gke.11",
              "1.13.11-gke.9",
              "1.13.11-gke.5",
              "1.13.10-gke.7",
              "1.13.10-gke.0",
              "1.13.9-gke.11",
              "1.13.9-gke.3",
              "1.13.7-gke.24",
              "1.13.7-gke.19",
              "1.13.7-gke.15",
              "1.13.7-gke.8",
              "1.13.7-gke.0",
              "1.13.6-gke.13",
              "1.13.6-gke.6",
              "1.13.6-gke.5",
              "1.13.6-gke.0",
              "1.13.5-gke.10",
              "1.12.10-gke.22",
              "1.12.10-gke.20",
              "1.12.10-gke.19",
              "1.12.10-gke.18",
              "1.12.10-gke.17",
              "1.12.10-gke.15",
              "1.12.10-gke.13",
              "1.12.10-gke.11",
              "1.12.10-gke.5",
              "1.12.9-gke.16",
              "1.12.9-gke.15",
              "1.12.9-gke.13",
              "1.12.9-gke.10",
              "1.12.9-gke.7",
              "1.12.9-gke.3",
              "1.12.8-gke.12",
              "1.12.8-gke.10",
              "1.12.8-gke.7",
              "1.12.8-gke.6",
              "1.12.7-gke.26",
              "1.12.7-gke.25",
              "1.12.7-gke.24",
              "1.12.7-gke.22",
              "1.12.7-gke.21",
              "1.12.7-gke.17",
              "1.12.7-gke.10",
              "1.12.7-gke.7",
              "1.12.6-gke.11",
              "1.12.6-gke.10",
              "1.12.6-gke.7",
              "1.12.5-gke.10",
              "1.12.5-gke.5",
              "1.11.10-gke.6",
              "1.11.10-gke.5"
            ],
            "version_prefix": null
          },
          "sensitive_attributes": []
        }
      ]
    },
    {
      "module": "module.client-clusters[0]",
      "mode": "data",
      "type": "google_container_engine_versions",
      "name": "zone",
      "provider": "provider[\"registry.terraform.io/hashicorp/google\"]",
      "instances": [
        {
          "schema_version": 0,
          "attributes": {
            "default_cluster_version": "1.17.15-gke.800",
            "id": "2021-02-21 06:20:37.617004924 +0000 UTC",
            "latest_master_version": "1.18.15-gke.1500",
            "latest_node_version": "1.18.15-gke.1500",
            "location": "us-west1-a",
            "project": "jk-mlops-dev",
            "release_channel_default_version": {
              "RAPID": "1.19.7-gke.1302",
              "REGULAR": "1.18.12-gke.1210",
              "STABLE": "1.17.15-gke.800"
            },
            "valid_master_versions": [
              "1.18.15-gke.1500",
              "1.18.15-gke.1100",
              "1.18.14-gke.1600",
              "1.18.14-gke.1200",
              "1.18.12-gke.1210",
              "1.18.12-gke.1206",
              "1.17.17-gke.1500",
              "1.17.17-gke.1100",
              "1.17.17-gke.600",
              "1.17.16-gke.1600",
              "1.17.16-gke.1300",
              "1.17.15-gke.800",
              "1.16.15-gke.11800",
              "1.16.15-gke.10600",
              "1.16.15-gke.7800",
              "1.15.12-gke.6002"
            ],
            "valid_node_versions": [
              "1.18.15-gke.1500",
              "1.18.15-gke.1100",
              "1.18.15-gke.800",
              "1.18.14-gke.1600",
              "1.18.14-gke.1200",
              "1.18.12-gke.1210",
              "1.18.12-gke.1206",
              "1.18.12-gke.1205",
              "1.18.12-gke.1201",
              "1.18.12-gke.1200",
              "1.18.12-gke.300",
              "1.18.10-gke.2701",
              "1.18.10-gke.2101",
              "1.18.10-gke.1500",
              "1.18.10-gke.601",
              "1.18.9-gke.2501",
              "1.18.9-gke.1501",
              "1.18.9-gke.801",
              "1.18.6-gke.4801",
              "1.18.6-gke.3504",
              "1.18.6-gke.3503",
              "1.17.17-gke.1500",
              "1.17.17-gke.1100",
              "1.17.17-gke.600",
              "1.17.16-gke.1600",
              "1.17.16-gke.1300",
              "1.17.15-gke.800",
              "1.17.15-gke.300",
              "1.17.14-gke.1600",
              "1.17.14-gke.1200",
              "1.17.14-gke.400",
              "1.17.13-gke.2600",
              "1.17.13-gke.2001",
              "1.17.13-gke.1401",
              "1.17.13-gke.1400",
              "1.17.13-gke.600",
              "1.17.12-gke.2502",
              "1.17.12-gke.1504",
              "1.17.12-gke.1501",
              "1.17.12-gke.500",
              "1.17.9-gke.6300",
              "1.17.9-gke.1504",
              "1.16.15-gke.11800",
              "1.16.15-gke.10600",
              "1.16.15-gke.7800",
              "1.16.15-gke.7300",
              "1.16.15-gke.6900",
              "1.16.15-gke.6000",
              "1.16.15-gke.5500",
              "1.16.15-gke.4901",
              "1.16.15-gke.4301",
              "1.16.15-gke.4300",
              "1.16.15-gke.3500",
              "1.16.15-gke.2601",
              "1.16.15-gke.1600",
              "1.16.15-gke.500",
              "1.16.13-gke.404",
              "1.16.13-gke.403",
              "1.16.13-gke.401",
              "1.16.13-gke.400",
              "1.16.13-gke.1",
              "1.16.11-gke.5",
              "1.16.10-gke.8",
              "1.16.9-gke.6",
              "1.16.9-gke.2",
              "1.16.8-gke.15",
              "1.16.8-gke.12",
              "1.16.8-gke.9",
              "1.15.12-gke.6002",
              "1.15.12-gke.6001",
              "1.15.12-gke.5000",
              "1.15.12-gke.4002",
              "1.15.12-gke.4000",
              "1.15.12-gke.20",
              "1.15.12-gke.17",
              "1.15.12-gke.16",
              "1.15.12-gke.13",
              "1.15.12-gke.9",
              "1.15.12-gke.6",
              "1.15.12-gke.3",
              "1.15.12-gke.2",
              "1.15.11-gke.17",
              "1.15.11-gke.15",
              "1.15.11-gke.13",
              "1.15.11-gke.12",
              "1.15.11-gke.11",
              "1.15.11-gke.9",
              "1.15.11-gke.5",
              "1.15.11-gke.3",
              "1.15.11-gke.1",
              "1.15.9-gke.26",
              "1.15.9-gke.24",
              "1.15.9-gke.22",
              "1.15.9-gke.12",
              "1.15.9-gke.9",
              "1.15.9-gke.8",
              "1.15.8-gke.3",
              "1.15.8-gke.2",
              "1.15.7-gke.23",
              "1.15.7-gke.2",
              "1.15.4-gke.22",
              "1.14.10-gke.1504",
              "1.14.10-gke.902",
              "1.14.10-gke.50",
              "1.14.10-gke.46",
              "1.14.10-gke.45",
              "1.14.10-gke.42",
              "1.14.10-gke.41",
              "1.14.10-gke.40",
              "1.14.10-gke.37",
              "1.14.10-gke.36",
              "1.14.10-gke.34",
              "1.14.10-gke.32",
              "1.14.10-gke.31",
              "1.14.10-gke.27",
              "1.14.10-gke.24",
              "1.14.10-gke.22",
              "1.14.10-gke.21",
              "1.14.10-gke.17",
              "1.14.10-gke.0",
              "1.14.9-gke.23",
              "1.14.9-gke.2",
              "1.14.9-gke.0",
              "1.14.8-gke.33",
              "1.14.8-gke.21",
              "1.14.8-gke.18",
              "1.14.8-gke.17",
              "1.14.8-gke.14",
              "1.14.8-gke.12",
              "1.14.8-gke.7",
              "1.14.8-gke.2",
              "1.14.7-gke.40",
              "1.14.7-gke.25",
              "1.14.7-gke.23",
              "1.14.7-gke.17",
              "1.14.7-gke.14",
              "1.14.7-gke.10",
              "1.14.6-gke.13",
              "1.14.6-gke.2",
              "1.14.6-gke.1",
              "1.14.3-gke.11",
              "1.14.3-gke.10",
              "1.14.3-gke.9",
              "1.14.2-gke.9",
              "1.14.1-gke.5",
              "1.13.12-gke.30",
              "1.13.12-gke.25",
              "1.13.12-gke.17",
              "1.13.12-gke.16",
              "1.13.12-gke.14",
              "1.13.12-gke.13",
              "1.13.12-gke.10",
              "1.13.12-gke.8",
              "1.13.12-gke.4",
              "1.13.12-gke.2",
              "1.13.11-gke.23",
              "1.13.11-gke.15",
              "1.13.11-gke.14",
              "1.13.11-gke.12",
              "1.13.11-gke.11",
              "1.13.11-gke.9",
              "1.13.11-gke.5",
              "1.13.10-gke.7",
              "1.13.10-gke.0",
              "1.13.9-gke.11",
              "1.13.9-gke.3",
              "1.13.7-gke.24",
              "1.13.7-gke.19",
              "1.13.7-gke.15",
              "1.13.7-gke.8",
              "1.13.7-gke.0",
              "1.13.6-gke.13",
              "1.13.6-gke.6",
              "1.13.6-gke.5",
              "1.13.6-gke.0",
              "1.13.5-gke.10",
              "1.12.10-gke.22",
              "1.12.10-gke.20",
              "1.12.10-gke.19",
              "1.12.10-gke.18",
              "1.12.10-gke.17",
              "1.12.10-gke.15",
              "1.12.10-gke.13",
              "1.12.10-gke.11",
              "1.12.10-gke.5",
              "1.12.9-gke.16",
              "1.12.9-gke.15",
              "1.12.9-gke.13",
              "1.12.9-gke.10",
              "1.12.9-gke.7",
              "1.12.9-gke.3",
              "1.12.8-gke.12",
              "1.12.8-gke.10",
              "1.12.8-gke.7",
              "1.12.8-gke.6",
              "1.12.7-gke.26",
              "1.12.7-gke.25",
              "1.12.7-gke.24",
              "1.12.7-gke.22",
              "1.12.7-gke.21",
              "1.12.7-gke.17",
              "1.12.7-gke.10",
              "1.12.7-gke.7",
              "1.12.6-gke.11",
              "1.12.6-gke.10",
              "1.12.6-gke.7",
              "1.12.5-gke.10",
              "1.12.5-gke.5",
              "1.11.10-gke.6",
              "1.11.10-gke.5"
            ],
            "version_prefix": null
          },
          "sensitive_attributes": []
        }
      ]
    },
    {
      "module": "module.client-clusters[0]",
      "mode": "managed",
      "type": "google_container_cluster",
      "name": "primary",
      "provider": "provider[\"registry.terraform.io/hashicorp/google-beta\"]",
      "instances": [
        {
          "schema_version": 1,
          "attributes": {
            "addons_config": [
              {
                "cloudrun_config": [],
                "config_connector_config": [
                  {
                    "enabled": false
                  }
                ],
                "dns_cache_config": [
                  {
                    "enabled": false
                  }
                ],
                "gce_persistent_disk_csi_driver_config": [
                  {
                    "enabled": false
                  }
                ],
                "horizontal_pod_autoscaling": [
                  {
                    "disabled": false
                  }
                ],
                "http_load_balancing": [
                  {
                    "disabled": false
                  }
                ],
                "istio_config": [
                  {
                    "auth": "AUTH_MUTUAL_TLS",
                    "disabled": true
                  }
                ],
                "kalm_config": [
                  {
                    "enabled": false
                  }
                ],
                "network_policy_config": [
                  {
                    "disabled": false
                  }
                ]
              }
            ],
            "authenticator_groups_config": [],
            "cluster_autoscaling": [
              {
                "auto_provisioning_defaults": [],
                "autoscaling_profile": "BALANCED",
                "enabled": false,
                "resource_limits": []
              }
            ],
            "cluster_ipv4_cidr": "10.88.0.0/14",
            "cluster_telemetry": [
              {
                "type": "ENABLED"
              }
            ],
            "confidential_nodes": [],
            "database_encryption": [
              {
                "key_name": "",
                "state": "DECRYPTED"
              }
            ],
            "datapath_provider": "",
            "default_max_pods_per_node": 110,
            "default_snat_status": [
              {
                "disabled": false
              }
            ],
            "description": "",
            "enable_binary_authorization": false,
            "enable_intranode_visibility": false,
            "enable_kubernetes_alpha": false,
            "enable_legacy_abac": false,
            "enable_shielded_nodes": true,
            "enable_tpu": false,
            "endpoint": "35.230.24.123",
            "id": "projects/jk-mlops-dev/locations/us-west1-a/clusters/gke-cluster-client-0",
            "initial_node_count": 0,
            "instance_group_urls": [
              "https://www.googleapis.com/compute/beta/projects/jk-mlops-dev/zones/us-west1-a/instanceGroups/gke-gke-cluster-client-0-default-pool-b42675c8-grp"
            ],
            "ip_allocation_policy": [
              {
                "cluster_ipv4_cidr_block": "10.88.0.0/14",
                "cluster_secondary_range_name": "gke-gke-cluster-client-0-pods-709b3a48",
                "services_ipv4_cidr_block": "10.92.0.0/20",
                "services_secondary_range_name": "gke-gke-cluster-client-0-services-709b3a48"
              }
            ],
            "label_fingerprint": "6affcf98",
            "location": "us-west1-a",
            "logging_service": "logging.googleapis.com/kubernetes",
            "maintenance_policy": [
              {
                "daily_maintenance_window": [
                  {
                    "duration": "PT4H0M0S",
                    "start_time": "05:00"
                  }
                ],
                "maintenance_exclusion": [],
                "recurring_window": []
              }
            ],
            "master_auth": [
              {
                "client_certificate": "",
                "client_certificate_config": [
                  {
                    "issue_client_certificate": false
                  }
                ],
                "client_key": "",
                "cluster_ca_certificate": "LS0tLS1CRUdJTiBDRVJUSUZJQ0FURS0tLS0tCk1JSURLakNDQWhLZ0F3SUJBZ0lRWTEvVDNkSm5kZU9rQmtNaXlWdzVjVEFOQmdrcWhraUc5dzBCQVFzRkFEQXYKTVMwd0t3WURWUVFERXlRd05UUTBNVFV3T0MxbE56WXhMVFF6TWpVdFlUWTBNUzAwTVRaaVpqVTBaV015TkRRdwpIaGNOTWpFd01qSXhNRFV5TVRBMVdoY05Nall3TWpJd01EWXlNVEExV2pBdk1TMHdLd1lEVlFRREV5UXdOVFEwCk1UVXdPQzFsTnpZeExUUXpNalV0WVRZME1TMDBNVFppWmpVMFpXTXlORFF3Z2dFaU1BMEdDU3FHU0liM0RRRUIKQVFVQUE0SUJEd0F3Z2dFS0FvSUJBUUNtNFZYTUwwci9ndTQwTll5L3JmZUQ5VjFmR0pTc2trNDhjdnliQ0RybwpDSGRRZm9oOVBBRUVLbzJhbTNBZ0s5d3pTN0NYRTludDFRWm5BSFZ1cmNWVjkxc2FSbE54WE9XREtoQ3V0UWRzClNWTjhiSWZESHNNUzl1Wm1WMGxJQmlkQUJXSGVFRWFzSU5KOGVEYTlGVFZiWnE4c0U0Nm1ja3I3TWFvRThHR1UKQ3R0WHFIeHRjeTVHdGNYbmEzNzVhSzBackVNWTNha1FwNkZZWWVEcmRTTUF0V1JETlJzYVEvd1l5ZVFOZDF4cgpzS1BReFR4b09hYkpmQzlqVXdxSW5kT0pDUVFyYlJPMThQcVRkUyt6Y01PSGJWYUptdkxjOTJVNHFlNUZNUFhJCmNjMVJvT1pvOXNES0lwc2FWenFJL255Vks3WW5BRGxNOHRSQU9CWVpFVXpyQWdNQkFBR2pRakJBTUE0R0ExVWQKRHdFQi93UUVBd0lDQkRBUEJnTlZIUk1CQWY4RUJUQURBUUgvTUIwR0ExVWREZ1FXQkJRdHYyS0lTQTA4dlhNWQpkbHFOUExnbUp0K1dwREFOQmdrcWhraUc5dzBCQVFzRkFBT0NBUUVBcEs1b3Z3UWlqZndhWlhDNVE5Zm5FSStuCjYzeG9zRmRVRUFWL2pHaysrNnhoa3BIcmFEbnJMWmtFcDJQUmFtaGloUHVOZHVwSHpnMnF5ejFlcE9SelpKTUcKQkJSUjVyRDhDRXY1YUM5YkQyVEZxSUVYeEw0WVVEMzZMdmNrUFJ2SFk4eW5PQlhFTHVCcDYyakg4aE5DQU11ago5TGhPVzRmdzFXUUlSMlJVKzJFeFBBaUxhb0JoMDluU25mZHAxRG4xaEd3b3N0Q3hMVXR1Q04vSkh6eGJld1FhCjFCaFVlY3k3TlNjQlAwL0hzWmt4Si8xd003RUNJaXZ5bnlUTkZWQ014TERkSmNhSk0yVlYrUWVBTFN2enA3SUwKRzNjQUpPQkJ1WTF3OG9jMzUrUDRpNGE3NjRjL21xdVBsSkZrL3lkamdaZVZVVkhKUFl1ZXphU0FHclNZQnc9PQotLS0tLUVORCBDRVJUSUZJQ0FURS0tLS0tCg==",
                "password": "",
                "username": ""
              }
            ],
            "master_authorized_networks_config": [],
            "master_version": "1.18.12-gke.1210",
            "min_master_version": null,
            "monitoring_service": "monitoring.googleapis.com/kubernetes",
            "name": "gke-cluster-client-0",
            "network": "projects/jk-mlops-dev/global/networks/default",
            "network_policy": [
              {
                "enabled": true,
                "provider": "CALICO"
              }
            ],
            "networking_mode": "VPC_NATIVE",
            "node_config": [
              {
                "boot_disk_kms_key": "",
                "disk_size_gb": 100,
                "disk_type": "pd-standard",
                "guest_accelerator": [],
                "image_type": "COS",
                "kubelet_config": [],
                "labels": {},
                "linux_node_config": [],
                "local_ssd_count": 0,
                "machine_type": "e2-medium",
                "metadata": {
                  "disable-legacy-endpoints": "true"
                },
                "min_cpu_platform": "",
                "oauth_scopes": [
                  "https://www.googleapis.com/auth/logging.write",
                  "https://www.googleapis.com/auth/monitoring"
                ],
                "preemptible": false,
                "sandbox_config": [],
                "service_account": "tf-gke-gke-cluster-cli-j6ar@jk-mlops-dev.iam.gserviceaccount.com",
                "shielded_instance_config": [
                  {
                    "enable_integrity_monitoring": true,
                    "enable_secure_boot": false
                  }
                ],
                "tags": [],
                "taint": [],
                "workload_metadata_config": [
                  {
                    "node_metadata": "GKE_METADATA_SERVER"
                  }
                ]
              }
            ],
            "node_locations": [],
            "node_pool": [
              {
                "autoscaling": [],
                "initial_node_count": 0,
                "instance_group_urls": [
                  "https://www.googleapis.com/compute/v1/projects/jk-mlops-dev/zones/us-west1-a/instanceGroupManagers/gke-gke-cluster-client-0-default-pool-b42675c8-grp"
                ],
                "management": [
                  {
                    "auto_repair": true,
                    "auto_upgrade": true
                  }
                ],
                "max_pods_per_node": 110,
                "name": "default-pool",
                "name_prefix": "",
                "node_config": [
                  {
                    "boot_disk_kms_key": "",
                    "disk_size_gb": 100,
                    "disk_type": "pd-standard",
                    "guest_accelerator": [],
                    "image_type": "COS",
                    "kubelet_config": [],
                    "labels": {},
                    "linux_node_config": [],
                    "local_ssd_count": 0,
                    "machine_type": "e2-medium",
                    "metadata": {
                      "disable-legacy-endpoints": "true"
                    },
                    "min_cpu_platform": "",
                    "oauth_scopes": [
                      "https://www.googleapis.com/auth/logging.write",
                      "https://www.googleapis.com/auth/monitoring"
                    ],
                    "preemptible": false,
                    "sandbox_config": [],
                    "service_account": "tf-gke-gke-cluster-cli-j6ar@jk-mlops-dev.iam.gserviceaccount.com",
                    "shielded_instance_config": [
                      {
                        "enable_integrity_monitoring": true,
                        "enable_secure_boot": false
                      }
                    ],
                    "tags": null,
                    "taint": [],
                    "workload_metadata_config": [
                      {
                        "node_metadata": "GKE_METADATA_SERVER"
                      }
                    ]
                  }
                ],
                "node_count": 0,
                "node_locations": [
                  "us-west1-a"
                ],
                "upgrade_settings": [
                  {
                    "max_surge": 1,
                    "max_unavailable": 0
                  }
                ],
                "version": "1.18.12-gke.1210"
              }
            ],
            "node_version": "1.18.12-gke.1210",
            "notification_config": [
              {
                "pubsub": [
                  {
                    "enabled": false,
                    "topic": ""
                  }
                ]
              }
            ],
            "operation": null,
            "pod_security_policy_config": [
              {
                "enabled": false
              }
            ],
            "private_cluster_config": [],
            "project": "jk-mlops-dev",
            "release_channel": [
              {
                "channel": "REGULAR"
              }
            ],
            "remove_default_node_pool": false,
            "resource_labels": {
              "mesh_id": "proj-895222332033"
            },
            "resource_usage_export_config": [],
            "self_link": "https://container.googleapis.com/v1beta1/projects/jk-mlops-dev/zones/us-west1-a/clusters/gke-cluster-client-0",
            "services_ipv4_cidr": "10.92.0.0/20",
            "subnetwork": "projects/jk-mlops-dev/regions/us-west1/subnetworks/default",
            "timeouts": {
              "create": "45m",
              "delete": "45m",
              "read": null,
              "update": "45m"
            },
            "tpu_ipv4_cidr_block": "",
            "vertical_pod_autoscaling": [
              {
                "enabled": false
              }
            ],
            "workload_identity_config": [
              {
                "identity_namespace": "jk-mlops-dev.svc.id.goog"
              }
            ]
          },
          "sensitive_attributes": [],
          "private": "eyJlMmJmYjczMC1lY2FhLTExZTYtOGY4OC0zNDM2M2JjN2M0YzAiOnsiY3JlYXRlIjoyNzAwMDAwMDAwMDAwLCJkZWxldGUiOjI3MDAwMDAwMDAwMDAsInJlYWQiOjI0MDAwMDAwMDAwMDAsInVwZGF0ZSI6MjcwMDAwMDAwMDAwMH0sInNjaGVtYV92ZXJzaW9uIjoiMSJ9",
          "dependencies": [
            "data.google_client_config.current",
            "data.google_project.project",
            "module.client-clusters.data.google_compute_zones.available",
            "module.client-clusters.data.google_container_engine_versions.region",
            "module.client-clusters.data.google_container_engine_versions.zone",
            "module.client-clusters.google_service_account.cluster_service_account",
            "module.client-clusters.random_shuffle.available_zones",
            "module.client-clusters.random_string.cluster_service_account_suffix",
            "module.project-services.google_project_service.project_services"
          ]
        }
      ]
    },
    {
      "module": "module.client-clusters[0]",
      "mode": "managed",
      "type": "google_container_node_pool",
      "name": "pools",
      "provider": "provider[\"registry.terraform.io/hashicorp/google-beta\"]",
      "instances": [
        {
          "index_key": "default-node-pool",
          "schema_version": 1,
          "attributes": {
            "autoscaling": [],
            "cluster": "gke-cluster-client-0",
            "id": "projects/jk-mlops-dev/locations/us-west1-a/clusters/gke-cluster-client-0/nodePools/default-node-pool",
            "initial_node_count": 1,
            "instance_group_urls": [
              "https://www.googleapis.com/compute/v1/projects/jk-mlops-dev/zones/us-west1-a/instanceGroupManagers/gke-gke-cluster-clie-default-node-poo-563433c6-grp"
            ],
            "location": "us-west1-a",
            "management": [
              {
                "auto_repair": true,
                "auto_upgrade": true
              }
            ],
            "max_pods_per_node": 110,
            "name": "default-node-pool",
            "name_prefix": "",
            "node_config": [
              {
                "boot_disk_kms_key": "",
                "disk_size_gb": 100,
                "disk_type": "pd-standard",
                "guest_accelerator": [],
                "image_type": "COS",
                "kubelet_config": [],
                "labels": {
                  "cluster_name": "gke-cluster-client-0",
                  "node_pool": "default-node-pool"
                },
                "linux_node_config": [],
                "local_ssd_count": 0,
                "machine_type": "n1-standard-4",
                "metadata": {
                  "cluster_name": "gke-cluster-client-0",
                  "disable-legacy-endpoints": "true",
                  "node_pool": "default-node-pool"
                },
                "min_cpu_platform": "",
                "oauth_scopes": [
                  "https://www.googleapis.com/auth/cloud-platform"
                ],
                "preemptible": false,
                "sandbox_config": [],
                "service_account": "tf-gke-gke-cluster-cli-j6ar@jk-mlops-dev.iam.gserviceaccount.com",
                "shielded_instance_config": [
                  {
                    "enable_integrity_monitoring": true,
                    "enable_secure_boot": false
                  }
                ],
                "tags": [
                  "gke-gke-cluster-client-0",
                  "gke-gke-cluster-client-0-default-node-pool"
                ],
                "taint": [],
                "workload_metadata_config": [
                  {
                    "node_metadata": "GKE_METADATA_SERVER"
                  }
                ]
              }
            ],
            "node_count": 1,
            "node_locations": [
              "us-west1-a"
            ],
            "project": "jk-mlops-dev",
            "timeouts": {
              "create": "45m",
              "delete": "45m",
              "update": "45m"
            },
            "upgrade_settings": [
              {
                "max_surge": 1,
                "max_unavailable": 0
              }
            ],
            "version": "1.18.12-gke.1210"
          },
          "sensitive_attributes": [],
          "private": "eyJlMmJmYjczMC1lY2FhLTExZTYtOGY4OC0zNDM2M2JjN2M0YzAiOnsiY3JlYXRlIjoyNzAwMDAwMDAwMDAwLCJkZWxldGUiOjI3MDAwMDAwMDAwMDAsInVwZGF0ZSI6MjcwMDAwMDAwMDAwMH0sInNjaGVtYV92ZXJzaW9uIjoiMSJ9",
          "dependencies": [
            "data.google_client_config.current",
            "data.google_project.project",
            "module.client-clusters.data.google_compute_zones.available",
            "module.client-clusters.data.google_container_engine_versions.region",
            "module.client-clusters.data.google_container_engine_versions.zone",
            "module.client-clusters.google_container_cluster.primary",
            "module.client-clusters.google_service_account.cluster_service_account",
            "module.client-clusters.random_shuffle.available_zones",
            "module.client-clusters.random_string.cluster_service_account_suffix",
            "module.project-services.google_project_service.project_services"
          ]
        }
      ]
    },
    {
      "module": "module.client-clusters[0]",
      "mode": "managed",
      "type": "google_project_iam_member",
      "name": "cluster_service_account-log_writer",
      "provider": "provider[\"registry.terraform.io/hashicorp/google\"]",
      "instances": [
        {
          "index_key": 0,
          "schema_version": 0,
          "attributes": {
            "condition": [],
            "etag": "BwW70rD2cb4=",
            "id": "jk-mlops-dev/roles/logging.logWriter/serviceaccount:tf-gke-gke-cluster-cli-j6ar@jk-mlops-dev.iam.gserviceaccount.com",
            "member": "serviceAccount:tf-gke-gke-cluster-cli-j6ar@jk-mlops-dev.iam.gserviceaccount.com",
            "project": "jk-mlops-dev",
            "role": "roles/logging.logWriter"
          },
          "sensitive_attributes": [],
          "private": "bnVsbA==",
          "dependencies": [
            "data.google_client_config.current",
            "module.client-clusters.google_service_account.cluster_service_account",
            "module.client-clusters.random_string.cluster_service_account_suffix",
            "module.project-services.google_project_service.project_services"
          ]
        }
      ]
    },
    {
      "module": "module.client-clusters[0]",
      "mode": "managed",
      "type": "google_project_iam_member",
      "name": "cluster_service_account-metric_writer",
      "provider": "provider[\"registry.terraform.io/hashicorp/google\"]",
      "instances": [
        {
          "index_key": 0,
          "schema_version": 0,
          "attributes": {
            "condition": [],
            "etag": "BwW70rFr47w=",
            "id": "jk-mlops-dev/roles/monitoring.metricWriter/serviceaccount:tf-gke-gke-cluster-cli-j6ar@jk-mlops-dev.iam.gserviceaccount.com",
            "member": "serviceAccount:tf-gke-gke-cluster-cli-j6ar@jk-mlops-dev.iam.gserviceaccount.com",
            "project": "jk-mlops-dev",
            "role": "roles/monitoring.metricWriter"
          },
          "sensitive_attributes": [],
          "private": "bnVsbA==",
          "dependencies": [
            "data.google_client_config.current",
            "module.client-clusters.google_project_iam_member.cluster_service_account-log_writer",
            "module.client-clusters.google_service_account.cluster_service_account",
            "module.client-clusters.random_string.cluster_service_account_suffix",
            "module.project-services.google_project_service.project_services"
          ]
        }
      ]
    },
    {
      "module": "module.client-clusters[0]",
      "mode": "managed",
      "type": "google_project_iam_member",
      "name": "cluster_service_account-monitoring_viewer",
      "provider": "provider[\"registry.terraform.io/hashicorp/google\"]",
      "instances": [
        {
          "index_key": 0,
          "schema_version": 0,
          "attributes": {
            "condition": [],
            "etag": "BwW70rHiKmM=",
            "id": "jk-mlops-dev/roles/monitoring.viewer/serviceaccount:tf-gke-gke-cluster-cli-j6ar@jk-mlops-dev.iam.gserviceaccount.com",
            "member": "serviceAccount:tf-gke-gke-cluster-cli-j6ar@jk-mlops-dev.iam.gserviceaccount.com",
            "project": "jk-mlops-dev",
            "role": "roles/monitoring.viewer"
          },
          "sensitive_attributes": [],
          "private": "bnVsbA==",
          "dependencies": [
            "data.google_client_config.current",
            "module.client-clusters.google_project_iam_member.cluster_service_account-log_writer",
            "module.client-clusters.google_project_iam_member.cluster_service_account-metric_writer",
            "module.client-clusters.google_service_account.cluster_service_account",
            "module.client-clusters.random_string.cluster_service_account_suffix",
            "module.project-services.google_project_service.project_services"
          ]
        }
      ]
    },
    {
      "module": "module.client-clusters[0]",
      "mode": "managed",
      "type": "google_project_iam_member",
      "name": "cluster_service_account-resourceMetadata-writer",
      "provider": "provider[\"registry.terraform.io/hashicorp/google\"]",
      "instances": [
        {
          "index_key": 0,
          "schema_version": 0,
          "attributes": {
            "condition": [],
            "etag": "BwW70rJXEdQ=",
            "id": "jk-mlops-dev/roles/stackdriver.resourceMetadata.writer/serviceaccount:tf-gke-gke-cluster-cli-j6ar@jk-mlops-dev.iam.gserviceaccount.com",
            "member": "serviceAccount:tf-gke-gke-cluster-cli-j6ar@jk-mlops-dev.iam.gserviceaccount.com",
            "project": "jk-mlops-dev",
            "role": "roles/stackdriver.resourceMetadata.writer"
          },
          "sensitive_attributes": [],
          "private": "bnVsbA==",
          "dependencies": [
            "data.google_client_config.current",
            "module.client-clusters.google_project_iam_member.cluster_service_account-log_writer",
            "module.client-clusters.google_project_iam_member.cluster_service_account-metric_writer",
            "module.client-clusters.google_project_iam_member.cluster_service_account-monitoring_viewer",
            "module.client-clusters.google_service_account.cluster_service_account",
            "module.client-clusters.random_string.cluster_service_account_suffix",
            "module.project-services.google_project_service.project_services"
          ]
        }
      ]
    },
    {
      "module": "module.client-clusters[0]",
      "mode": "managed",
      "type": "google_service_account",
      "name": "cluster_service_account",
      "provider": "provider[\"registry.terraform.io/hashicorp/google\"]",
      "instances": [
        {
          "index_key": 0,
          "schema_version": 0,
          "attributes": {
            "account_id": "tf-gke-gke-cluster-cli-j6ar",
            "description": "",
            "display_name": "Terraform-managed service account for cluster gke-cluster-client-0",
            "email": "tf-gke-gke-cluster-cli-j6ar@jk-mlops-dev.iam.gserviceaccount.com",
            "id": "projects/jk-mlops-dev/serviceAccounts/tf-gke-gke-cluster-cli-j6ar@jk-mlops-dev.iam.gserviceaccount.com",
            "name": "projects/jk-mlops-dev/serviceAccounts/tf-gke-gke-cluster-cli-j6ar@jk-mlops-dev.iam.gserviceaccount.com",
            "project": "jk-mlops-dev",
            "timeouts": null,
            "unique_id": "111750956810021519505"
          },
          "sensitive_attributes": [],
          "private": "eyJlMmJmYjczMC1lY2FhLTExZTYtOGY4OC0zNDM2M2JjN2M0YzAiOnsiY3JlYXRlIjozMDAwMDAwMDAwMDB9fQ==",
          "dependencies": [
            "data.google_client_config.current",
            "module.client-clusters.random_string.cluster_service_account_suffix",
            "module.project-services.google_project_service.project_services"
          ]
        }
      ]
    },
    {
      "module": "module.client-clusters[0]",
      "mode": "managed",
      "type": "random_shuffle",
      "name": "available_zones",
      "provider": "provider[\"registry.terraform.io/hashicorp/random\"]",
      "instances": [
        {
          "schema_version": 0,
          "attributes": {
            "id": "-",
            "input": [
              "us-west1-a",
              "us-west1-b",
              "us-west1-c"
            ],
            "keepers": null,
            "result": [
              "us-west1-b",
              "us-west1-c",
              "us-west1-a"
            ],
            "result_count": 3,
            "seed": null
          },
          "sensitive_attributes": [],
          "private": "bnVsbA==",
          "dependencies": [
            "module.client-clusters.data.google_compute_zones.available"
          ]
        }
      ]
    },
    {
      "module": "module.client-clusters[0]",
      "mode": "managed",
      "type": "random_string",
      "name": "cluster_service_account_suffix",
      "provider": "provider[\"registry.terraform.io/hashicorp/random\"]",
      "instances": [
        {
          "schema_version": 1,
          "attributes": {
            "id": "j6ar",
            "keepers": null,
            "length": 4,
            "lower": true,
            "min_lower": 0,
            "min_numeric": 0,
            "min_special": 0,
            "min_upper": 0,
            "number": true,
            "override_special": null,
            "result": "j6ar",
            "special": false,
            "upper": false
          },
          "sensitive_attributes": [],
          "private": "eyJzY2hlbWFfdmVyc2lvbiI6IjEifQ=="
        }
      ]
    },
    {
      "module": "module.client-clusters[0].module.gcloud_delete_default_kube_dns_configmap.module.gcloud_kubectl",
      "mode": "managed",
      "type": "null_resource",
      "name": "module_depends_on",
      "provider": "provider[\"registry.terraform.io/hashicorp/null\"]",
      "instances": [
        {
          "index_key": 0,
          "schema_version": 0,
          "attributes": {
            "id": "1152902491172844576",
            "triggers": {
              "value": "3"
            }
          },
          "sensitive_attributes": [],
          "private": "bnVsbA==",
          "dependencies": [
            "data.google_client_config.current",
            "data.google_project.project",
            "module.client-clusters.data.google_client_config.default",
            "module.client-clusters.data.google_compute_zones.available",
            "module.client-clusters.data.google_container_engine_versions.region",
            "module.client-clusters.data.google_container_engine_versions.zone",
            "module.client-clusters.google_container_cluster.primary",
            "module.client-clusters.google_container_node_pool.pools",
            "module.client-clusters.google_service_account.cluster_service_account",
            "module.client-clusters.random_shuffle.available_zones",
            "module.client-clusters.random_string.cluster_service_account_suffix",
            "module.project-services.google_project_service.project_services"
          ]
        }
      ]
    },
    {
      "module": "module.client-clusters[1]",
      "mode": "data",
      "type": "google_client_config",
      "name": "default",
      "provider": "provider[\"registry.terraform.io/hashicorp/google-beta\"]",
      "instances": [
        {
          "schema_version": 0,
          "attributes": {
            "access_token": "ya29.A0AfH6SMBkdixgQBtxi48yzgIej-R8JscPh9xaRGPi_w0kiQMP3HzZkjSSNX-m5Y8TaCICGbeD6dAgi21l6_1EjWjXtWpVHDXuq2QDr96HGiT7no-9AT-I-OLwJNGnPPqeFc8tTvjj0xZzvmdyFLRlQsHyFvyktUAmQivf1n0O5JLgxsexFyOlFIkDoqYPi8r2XYEIKgaRc3uItKVNeH8J254P5p034U1yQBCQtYbxZcPTOrE2YruVcK9PJyjcl57CZNeKRdQ7tg",
            "id": "projects//regions//zones/",
            "project": "",
            "region": "",
            "zone": ""
          },
          "sensitive_attributes": []
        }
      ]
    },
    {
      "module": "module.client-clusters[1]",
      "mode": "data",
      "type": "google_compute_zones",
      "name": "available",
      "provider": "provider[\"registry.terraform.io/hashicorp/google-beta\"]",
      "instances": [
        {
          "schema_version": 0,
          "attributes": {
            "id": "projects/jk-mlops-dev/regions/us-west1",
            "names": [
              "us-west1-a",
              "us-west1-b",
              "us-west1-c"
            ],
            "project": "jk-mlops-dev",
            "region": "us-west1",
            "status": null
          },
          "sensitive_attributes": []
        }
      ]
    },
    {
      "module": "module.client-clusters[1]",
      "mode": "data",
      "type": "google_container_engine_versions",
      "name": "region",
      "provider": "provider[\"registry.terraform.io/hashicorp/google\"]",
      "instances": [
        {
          "schema_version": 0,
          "attributes": {
            "default_cluster_version": "1.17.15-gke.800",
            "id": "2021-02-21 06:20:37.169442673 +0000 UTC",
            "latest_master_version": "1.18.15-gke.1500",
            "latest_node_version": "1.18.15-gke.1500",
            "location": "us-west1-a",
            "project": "jk-mlops-dev",
            "release_channel_default_version": {
              "RAPID": "1.19.7-gke.1302",
              "REGULAR": "1.18.12-gke.1210",
              "STABLE": "1.17.15-gke.800"
            },
            "valid_master_versions": [
              "1.18.15-gke.1500",
              "1.18.15-gke.1100",
              "1.18.14-gke.1600",
              "1.18.14-gke.1200",
              "1.18.12-gke.1210",
              "1.18.12-gke.1206",
              "1.17.17-gke.1500",
              "1.17.17-gke.1100",
              "1.17.17-gke.600",
              "1.17.16-gke.1600",
              "1.17.16-gke.1300",
              "1.17.15-gke.800",
              "1.16.15-gke.11800",
              "1.16.15-gke.10600",
              "1.16.15-gke.7800",
              "1.15.12-gke.6002"
            ],
            "valid_node_versions": [
              "1.18.15-gke.1500",
              "1.18.15-gke.1100",
              "1.18.15-gke.800",
              "1.18.14-gke.1600",
              "1.18.14-gke.1200",
              "1.18.12-gke.1210",
              "1.18.12-gke.1206",
              "1.18.12-gke.1205",
              "1.18.12-gke.1201",
              "1.18.12-gke.1200",
              "1.18.12-gke.300",
              "1.18.10-gke.2701",
              "1.18.10-gke.2101",
              "1.18.10-gke.1500",
              "1.18.10-gke.601",
              "1.18.9-gke.2501",
              "1.18.9-gke.1501",
              "1.18.9-gke.801",
              "1.18.6-gke.4801",
              "1.18.6-gke.3504",
              "1.18.6-gke.3503",
              "1.17.17-gke.1500",
              "1.17.17-gke.1100",
              "1.17.17-gke.600",
              "1.17.16-gke.1600",
              "1.17.16-gke.1300",
              "1.17.15-gke.800",
              "1.17.15-gke.300",
              "1.17.14-gke.1600",
              "1.17.14-gke.1200",
              "1.17.14-gke.400",
              "1.17.13-gke.2600",
              "1.17.13-gke.2001",
              "1.17.13-gke.1401",
              "1.17.13-gke.1400",
              "1.17.13-gke.600",
              "1.17.12-gke.2502",
              "1.17.12-gke.1504",
              "1.17.12-gke.1501",
              "1.17.12-gke.500",
              "1.17.9-gke.6300",
              "1.17.9-gke.1504",
              "1.16.15-gke.11800",
              "1.16.15-gke.10600",
              "1.16.15-gke.7800",
              "1.16.15-gke.7300",
              "1.16.15-gke.6900",
              "1.16.15-gke.6000",
              "1.16.15-gke.5500",
              "1.16.15-gke.4901",
              "1.16.15-gke.4301",
              "1.16.15-gke.4300",
              "1.16.15-gke.3500",
              "1.16.15-gke.2601",
              "1.16.15-gke.1600",
              "1.16.15-gke.500",
              "1.16.13-gke.404",
              "1.16.13-gke.403",
              "1.16.13-gke.401",
              "1.16.13-gke.400",
              "1.16.13-gke.1",
              "1.16.11-gke.5",
              "1.16.10-gke.8",
              "1.16.9-gke.6",
              "1.16.9-gke.2",
              "1.16.8-gke.15",
              "1.16.8-gke.12",
              "1.16.8-gke.9",
              "1.15.12-gke.6002",
              "1.15.12-gke.6001",
              "1.15.12-gke.5000",
              "1.15.12-gke.4002",
              "1.15.12-gke.4000",
              "1.15.12-gke.20",
              "1.15.12-gke.17",
              "1.15.12-gke.16",
              "1.15.12-gke.13",
              "1.15.12-gke.9",
              "1.15.12-gke.6",
              "1.15.12-gke.3",
              "1.15.12-gke.2",
              "1.15.11-gke.17",
              "1.15.11-gke.15",
              "1.15.11-gke.13",
              "1.15.11-gke.12",
              "1.15.11-gke.11",
              "1.15.11-gke.9",
              "1.15.11-gke.5",
              "1.15.11-gke.3",
              "1.15.11-gke.1",
              "1.15.9-gke.26",
              "1.15.9-gke.24",
              "1.15.9-gke.22",
              "1.15.9-gke.12",
              "1.15.9-gke.9",
              "1.15.9-gke.8",
              "1.15.8-gke.3",
              "1.15.8-gke.2",
              "1.15.7-gke.23",
              "1.15.7-gke.2",
              "1.15.4-gke.22",
              "1.14.10-gke.1504",
              "1.14.10-gke.902",
              "1.14.10-gke.50",
              "1.14.10-gke.46",
              "1.14.10-gke.45",
              "1.14.10-gke.42",
              "1.14.10-gke.41",
              "1.14.10-gke.40",
              "1.14.10-gke.37",
              "1.14.10-gke.36",
              "1.14.10-gke.34",
              "1.14.10-gke.32",
              "1.14.10-gke.31",
              "1.14.10-gke.27",
              "1.14.10-gke.24",
              "1.14.10-gke.22",
              "1.14.10-gke.21",
              "1.14.10-gke.17",
              "1.14.10-gke.0",
              "1.14.9-gke.23",
              "1.14.9-gke.2",
              "1.14.9-gke.0",
              "1.14.8-gke.33",
              "1.14.8-gke.21",
              "1.14.8-gke.18",
              "1.14.8-gke.17",
              "1.14.8-gke.14",
              "1.14.8-gke.12",
              "1.14.8-gke.7",
              "1.14.8-gke.2",
              "1.14.7-gke.40",
              "1.14.7-gke.25",
              "1.14.7-gke.23",
              "1.14.7-gke.17",
              "1.14.7-gke.14",
              "1.14.7-gke.10",
              "1.14.6-gke.13",
              "1.14.6-gke.2",
              "1.14.6-gke.1",
              "1.14.3-gke.11",
              "1.14.3-gke.10",
              "1.14.3-gke.9",
              "1.14.2-gke.9",
              "1.14.1-gke.5",
              "1.13.12-gke.30",
              "1.13.12-gke.25",
              "1.13.12-gke.17",
              "1.13.12-gke.16",
              "1.13.12-gke.14",
              "1.13.12-gke.13",
              "1.13.12-gke.10",
              "1.13.12-gke.8",
              "1.13.12-gke.4",
              "1.13.12-gke.2",
              "1.13.11-gke.23",
              "1.13.11-gke.15",
              "1.13.11-gke.14",
              "1.13.11-gke.12",
              "1.13.11-gke.11",
              "1.13.11-gke.9",
              "1.13.11-gke.5",
              "1.13.10-gke.7",
              "1.13.10-gke.0",
              "1.13.9-gke.11",
              "1.13.9-gke.3",
              "1.13.7-gke.24",
              "1.13.7-gke.19",
              "1.13.7-gke.15",
              "1.13.7-gke.8",
              "1.13.7-gke.0",
              "1.13.6-gke.13",
              "1.13.6-gke.6",
              "1.13.6-gke.5",
              "1.13.6-gke.0",
              "1.13.5-gke.10",
              "1.12.10-gke.22",
              "1.12.10-gke.20",
              "1.12.10-gke.19",
              "1.12.10-gke.18",
              "1.12.10-gke.17",
              "1.12.10-gke.15",
              "1.12.10-gke.13",
              "1.12.10-gke.11",
              "1.12.10-gke.5",
              "1.12.9-gke.16",
              "1.12.9-gke.15",
              "1.12.9-gke.13",
              "1.12.9-gke.10",
              "1.12.9-gke.7",
              "1.12.9-gke.3",
              "1.12.8-gke.12",
              "1.12.8-gke.10",
              "1.12.8-gke.7",
              "1.12.8-gke.6",
              "1.12.7-gke.26",
              "1.12.7-gke.25",
              "1.12.7-gke.24",
              "1.12.7-gke.22",
              "1.12.7-gke.21",
              "1.12.7-gke.17",
              "1.12.7-gke.10",
              "1.12.7-gke.7",
              "1.12.6-gke.11",
              "1.12.6-gke.10",
              "1.12.6-gke.7",
              "1.12.5-gke.10",
              "1.12.5-gke.5",
              "1.11.10-gke.6",
              "1.11.10-gke.5"
            ],
            "version_prefix": null
          },
          "sensitive_attributes": []
        }
      ]
    },
    {
      "module": "module.client-clusters[1]",
      "mode": "data",
      "type": "google_container_engine_versions",
      "name": "zone",
      "provider": "provider[\"registry.terraform.io/hashicorp/google\"]",
      "instances": [
        {
          "schema_version": 0,
          "attributes": {
            "default_cluster_version": "1.17.15-gke.800",
            "id": "2021-02-21 06:20:37.622768977 +0000 UTC",
            "latest_master_version": "1.18.15-gke.1500",
            "latest_node_version": "1.18.15-gke.1500",
            "location": "us-west1-a",
            "project": "jk-mlops-dev",
            "release_channel_default_version": {
              "RAPID": "1.19.7-gke.1302",
              "REGULAR": "1.18.12-gke.1210",
              "STABLE": "1.17.15-gke.800"
            },
            "valid_master_versions": [
              "1.18.15-gke.1500",
              "1.18.15-gke.1100",
              "1.18.14-gke.1600",
              "1.18.14-gke.1200",
              "1.18.12-gke.1210",
              "1.18.12-gke.1206",
              "1.17.17-gke.1500",
              "1.17.17-gke.1100",
              "1.17.17-gke.600",
              "1.17.16-gke.1600",
              "1.17.16-gke.1300",
              "1.17.15-gke.800",
              "1.16.15-gke.11800",
              "1.16.15-gke.10600",
              "1.16.15-gke.7800",
              "1.15.12-gke.6002"
            ],
            "valid_node_versions": [
              "1.18.15-gke.1500",
              "1.18.15-gke.1100",
              "1.18.15-gke.800",
              "1.18.14-gke.1600",
              "1.18.14-gke.1200",
              "1.18.12-gke.1210",
              "1.18.12-gke.1206",
              "1.18.12-gke.1205",
              "1.18.12-gke.1201",
              "1.18.12-gke.1200",
              "1.18.12-gke.300",
              "1.18.10-gke.2701",
              "1.18.10-gke.2101",
              "1.18.10-gke.1500",
              "1.18.10-gke.601",
              "1.18.9-gke.2501",
              "1.18.9-gke.1501",
              "1.18.9-gke.801",
              "1.18.6-gke.4801",
              "1.18.6-gke.3504",
              "1.18.6-gke.3503",
              "1.17.17-gke.1500",
              "1.17.17-gke.1100",
              "1.17.17-gke.600",
              "1.17.16-gke.1600",
              "1.17.16-gke.1300",
              "1.17.15-gke.800",
              "1.17.15-gke.300",
              "1.17.14-gke.1600",
              "1.17.14-gke.1200",
              "1.17.14-gke.400",
              "1.17.13-gke.2600",
              "1.17.13-gke.2001",
              "1.17.13-gke.1401",
              "1.17.13-gke.1400",
              "1.17.13-gke.600",
              "1.17.12-gke.2502",
              "1.17.12-gke.1504",
              "1.17.12-gke.1501",
              "1.17.12-gke.500",
              "1.17.9-gke.6300",
              "1.17.9-gke.1504",
              "1.16.15-gke.11800",
              "1.16.15-gke.10600",
              "1.16.15-gke.7800",
              "1.16.15-gke.7300",
              "1.16.15-gke.6900",
              "1.16.15-gke.6000",
              "1.16.15-gke.5500",
              "1.16.15-gke.4901",
              "1.16.15-gke.4301",
              "1.16.15-gke.4300",
              "1.16.15-gke.3500",
              "1.16.15-gke.2601",
              "1.16.15-gke.1600",
              "1.16.15-gke.500",
              "1.16.13-gke.404",
              "1.16.13-gke.403",
              "1.16.13-gke.401",
              "1.16.13-gke.400",
              "1.16.13-gke.1",
              "1.16.11-gke.5",
              "1.16.10-gke.8",
              "1.16.9-gke.6",
              "1.16.9-gke.2",
              "1.16.8-gke.15",
              "1.16.8-gke.12",
              "1.16.8-gke.9",
              "1.15.12-gke.6002",
              "1.15.12-gke.6001",
              "1.15.12-gke.5000",
              "1.15.12-gke.4002",
              "1.15.12-gke.4000",
              "1.15.12-gke.20",
              "1.15.12-gke.17",
              "1.15.12-gke.16",
              "1.15.12-gke.13",
              "1.15.12-gke.9",
              "1.15.12-gke.6",
              "1.15.12-gke.3",
              "1.15.12-gke.2",
              "1.15.11-gke.17",
              "1.15.11-gke.15",
              "1.15.11-gke.13",
              "1.15.11-gke.12",
              "1.15.11-gke.11",
              "1.15.11-gke.9",
              "1.15.11-gke.5",
              "1.15.11-gke.3",
              "1.15.11-gke.1",
              "1.15.9-gke.26",
              "1.15.9-gke.24",
              "1.15.9-gke.22",
              "1.15.9-gke.12",
              "1.15.9-gke.9",
              "1.15.9-gke.8",
              "1.15.8-gke.3",
              "1.15.8-gke.2",
              "1.15.7-gke.23",
              "1.15.7-gke.2",
              "1.15.4-gke.22",
              "1.14.10-gke.1504",
              "1.14.10-gke.902",
              "1.14.10-gke.50",
              "1.14.10-gke.46",
              "1.14.10-gke.45",
              "1.14.10-gke.42",
              "1.14.10-gke.41",
              "1.14.10-gke.40",
              "1.14.10-gke.37",
              "1.14.10-gke.36",
              "1.14.10-gke.34",
              "1.14.10-gke.32",
              "1.14.10-gke.31",
              "1.14.10-gke.27",
              "1.14.10-gke.24",
              "1.14.10-gke.22",
              "1.14.10-gke.21",
              "1.14.10-gke.17",
              "1.14.10-gke.0",
              "1.14.9-gke.23",
              "1.14.9-gke.2",
              "1.14.9-gke.0",
              "1.14.8-gke.33",
              "1.14.8-gke.21",
              "1.14.8-gke.18",
              "1.14.8-gke.17",
              "1.14.8-gke.14",
              "1.14.8-gke.12",
              "1.14.8-gke.7",
              "1.14.8-gke.2",
              "1.14.7-gke.40",
              "1.14.7-gke.25",
              "1.14.7-gke.23",
              "1.14.7-gke.17",
              "1.14.7-gke.14",
              "1.14.7-gke.10",
              "1.14.6-gke.13",
              "1.14.6-gke.2",
              "1.14.6-gke.1",
              "1.14.3-gke.11",
              "1.14.3-gke.10",
              "1.14.3-gke.9",
              "1.14.2-gke.9",
              "1.14.1-gke.5",
              "1.13.12-gke.30",
              "1.13.12-gke.25",
              "1.13.12-gke.17",
              "1.13.12-gke.16",
              "1.13.12-gke.14",
              "1.13.12-gke.13",
              "1.13.12-gke.10",
              "1.13.12-gke.8",
              "1.13.12-gke.4",
              "1.13.12-gke.2",
              "1.13.11-gke.23",
              "1.13.11-gke.15",
              "1.13.11-gke.14",
              "1.13.11-gke.12",
              "1.13.11-gke.11",
              "1.13.11-gke.9",
              "1.13.11-gke.5",
              "1.13.10-gke.7",
              "1.13.10-gke.0",
              "1.13.9-gke.11",
              "1.13.9-gke.3",
              "1.13.7-gke.24",
              "1.13.7-gke.19",
              "1.13.7-gke.15",
              "1.13.7-gke.8",
              "1.13.7-gke.0",
              "1.13.6-gke.13",
              "1.13.6-gke.6",
              "1.13.6-gke.5",
              "1.13.6-gke.0",
              "1.13.5-gke.10",
              "1.12.10-gke.22",
              "1.12.10-gke.20",
              "1.12.10-gke.19",
              "1.12.10-gke.18",
              "1.12.10-gke.17",
              "1.12.10-gke.15",
              "1.12.10-gke.13",
              "1.12.10-gke.11",
              "1.12.10-gke.5",
              "1.12.9-gke.16",
              "1.12.9-gke.15",
              "1.12.9-gke.13",
              "1.12.9-gke.10",
              "1.12.9-gke.7",
              "1.12.9-gke.3",
              "1.12.8-gke.12",
              "1.12.8-gke.10",
              "1.12.8-gke.7",
              "1.12.8-gke.6",
              "1.12.7-gke.26",
              "1.12.7-gke.25",
              "1.12.7-gke.24",
              "1.12.7-gke.22",
              "1.12.7-gke.21",
              "1.12.7-gke.17",
              "1.12.7-gke.10",
              "1.12.7-gke.7",
              "1.12.6-gke.11",
              "1.12.6-gke.10",
              "1.12.6-gke.7",
              "1.12.5-gke.10",
              "1.12.5-gke.5",
              "1.11.10-gke.6",
              "1.11.10-gke.5"
            ],
            "version_prefix": null
          },
          "sensitive_attributes": []
        }
      ]
    },
    {
      "module": "module.client-clusters[1]",
      "mode": "managed",
      "type": "google_container_cluster",
      "name": "primary",
      "provider": "provider[\"registry.terraform.io/hashicorp/google-beta\"]",
      "instances": [
        {
          "schema_version": 1,
          "attributes": {
            "addons_config": [
              {
                "cloudrun_config": [],
                "config_connector_config": [
                  {
                    "enabled": false
                  }
                ],
                "dns_cache_config": [
                  {
                    "enabled": false
                  }
                ],
                "gce_persistent_disk_csi_driver_config": [
                  {
                    "enabled": false
                  }
                ],
                "horizontal_pod_autoscaling": [
                  {
                    "disabled": false
                  }
                ],
                "http_load_balancing": [
                  {
                    "disabled": false
                  }
                ],
                "istio_config": [
                  {
                    "auth": "AUTH_MUTUAL_TLS",
                    "disabled": true
                  }
                ],
                "kalm_config": [
                  {
                    "enabled": false
                  }
                ],
                "network_policy_config": [
                  {
                    "disabled": false
                  }
                ]
              }
            ],
            "authenticator_groups_config": [],
            "cluster_autoscaling": [
              {
                "auto_provisioning_defaults": [],
                "autoscaling_profile": "BALANCED",
                "enabled": false,
                "resource_limits": []
              }
            ],
            "cluster_ipv4_cidr": "10.56.0.0/14",
            "cluster_telemetry": [
              {
                "type": "ENABLED"
              }
            ],
            "confidential_nodes": [],
            "database_encryption": [
              {
                "key_name": "",
                "state": "DECRYPTED"
              }
            ],
            "datapath_provider": "",
            "default_max_pods_per_node": 110,
            "default_snat_status": [
              {
                "disabled": false
              }
            ],
            "description": "",
            "enable_binary_authorization": false,
            "enable_intranode_visibility": false,
            "enable_kubernetes_alpha": false,
            "enable_legacy_abac": false,
            "enable_shielded_nodes": true,
            "enable_tpu": false,
            "endpoint": "35.199.183.147",
            "id": "projects/jk-mlops-dev/locations/us-west1-a/clusters/gke-cluster-client-1",
            "initial_node_count": 0,
            "instance_group_urls": [
              "https://www.googleapis.com/compute/beta/projects/jk-mlops-dev/zones/us-west1-a/instanceGroups/gke-gke-cluster-client-1-default-pool-93b18b15-grp"
            ],
            "ip_allocation_policy": [
              {
                "cluster_ipv4_cidr_block": "10.56.0.0/14",
                "cluster_secondary_range_name": "gke-gke-cluster-client-1-pods-cd8f7dfc",
                "services_ipv4_cidr_block": "10.60.0.0/20",
                "services_secondary_range_name": "gke-gke-cluster-client-1-services-cd8f7dfc"
              }
            ],
            "label_fingerprint": "6affcf98",
            "location": "us-west1-a",
            "logging_service": "logging.googleapis.com/kubernetes",
            "maintenance_policy": [
              {
                "daily_maintenance_window": [
                  {
                    "duration": "PT4H0M0S",
                    "start_time": "05:00"
                  }
                ],
                "maintenance_exclusion": [],
                "recurring_window": []
              }
            ],
            "master_auth": [
              {
                "client_certificate": "",
                "client_certificate_config": [
                  {
                    "issue_client_certificate": false
                  }
                ],
                "client_key": "",
                "cluster_ca_certificate": "LS0tLS1CRUdJTiBDRVJUSUZJQ0FURS0tLS0tCk1JSURLakNDQWhLZ0F3SUJBZ0lRRU45bFp2aktLYVFFRUpPb25BRW1CakFOQmdrcWhraUc5dzBCQVFzRkFEQXYKTVMwd0t3WURWUVFERXlRNVpqZzJaVEJqWlMxbU1XSmlMVFE0TjJRdFlqTmtaQzFtWmpZd1l6bGxaVEppWmprdwpIaGNOTWpFd01qSXhNRFV5TVRBMVdoY05Nall3TWpJd01EWXlNVEExV2pBdk1TMHdLd1lEVlFRREV5UTVaamcyClpUQmpaUzFtTVdKaUxUUTROMlF0WWpOa1pDMW1aall3WXpsbFpUSmlaamt3Z2dFaU1BMEdDU3FHU0liM0RRRUIKQVFVQUE0SUJEd0F3Z2dFS0FvSUJBUUROMEpueTRTMEVDeGE2NEtKUHZCa09uMFlyenp0K1h2UExJeEczTVdBaApNeW9ncDV6YmNFT3RjYndQZHllOFpORkRDR29XQk9jbXhtd0dYNnY5UzhMTmh6aTJYQkh6VmhrSXZRTUZRZktrClhwcDZQaXVWczVoL2pHVGN2R2R6MjVTcmQwWWFlOUZZamVTZXFFYlRWQlM3TFFoUHhXM2E4MUdiK1N4d2dOcWIKUUMveUpvTUdKTVlMNzdsbGpTSWJFcDIvSVpSSzg2R2ExOEtPcEs2NHBMOU9MQUw1NmpQenJkYUt0SUd0cnZPQQpodEhESWJPVTdEbWlDbGZkc2VVNjA4czRZeHlwYzR1YmtaVnBTT1ZsNTMvS0xrZzVuMit6cTNkNW9uLzNLOEd5CnN2ZGQyZThaTkMzNzBmdFljdngrL0dEVFNDZHdYRDRweFlRV2grQUR6NFNsQWdNQkFBR2pRakJBTUE0R0ExVWQKRHdFQi93UUVBd0lDQkRBUEJnTlZIUk1CQWY4RUJUQURBUUgvTUIwR0ExVWREZ1FXQkJRWWNXTGcxYVljTXUwRwpGLzFldHJ4T0ViSkd3akFOQmdrcWhraUc5dzBCQVFzRkFBT0NBUUVBV3REU2VESzR0c2dyTjllMnUyUkpEcUU2CjdTV0FNRFJEakVPOEF0TnNXYUFLZjhta05kOFhqbXB2UVRUSEVWVHJoQ0FuWWcvQnZtalNmdWsyc3NmRTlLQU8KVW4xcmM1dkRvanlIdHVFcDBTTDBabkVIa1FZcHRVdzNWT2t1OU56eG5zN0VtRGdSN203ZFZJYUo3SjlqblhpSwpCd21FKzhjd0VhWERFbnJPdTBYMG5VTzltUGFmU0dTLytvRXV4S3JyMFBIbThhUC91MG5jdERib0pLRDZGbkowCkhqMjVlZzltVm1sRzFmRWdZcm1NZElwMnF3OC84d2tnREFKMHpNT2lTYjZIWHVXenFEZ0xiZ1BabDFUSCtEN2IKNVJ3WGhYemhwWHNnNVBDZWNCa1pqU29Wd3ZWRitvR25ySXpEei94eitqWGZvVUMrZEtMdVlKK3hCSG5rU2c9PQotLS0tLUVORCBDRVJUSUZJQ0FURS0tLS0tCg==",
                "password": "",
                "username": ""
              }
            ],
            "master_authorized_networks_config": [],
            "master_version": "1.18.12-gke.1210",
            "min_master_version": null,
            "monitoring_service": "monitoring.googleapis.com/kubernetes",
            "name": "gke-cluster-client-1",
            "network": "projects/jk-mlops-dev/global/networks/default",
            "network_policy": [
              {
                "enabled": true,
                "provider": "CALICO"
              }
            ],
            "networking_mode": "VPC_NATIVE",
            "node_config": [
              {
                "boot_disk_kms_key": "",
                "disk_size_gb": 100,
                "disk_type": "pd-standard",
                "guest_accelerator": [],
                "image_type": "COS",
                "kubelet_config": [],
                "labels": {},
                "linux_node_config": [],
                "local_ssd_count": 0,
                "machine_type": "e2-medium",
                "metadata": {
                  "disable-legacy-endpoints": "true"
                },
                "min_cpu_platform": "",
                "oauth_scopes": [
                  "https://www.googleapis.com/auth/logging.write",
                  "https://www.googleapis.com/auth/monitoring"
                ],
                "preemptible": false,
                "sandbox_config": [],
                "service_account": "tf-gke-gke-cluster-cli-jvum@jk-mlops-dev.iam.gserviceaccount.com",
                "shielded_instance_config": [
                  {
                    "enable_integrity_monitoring": true,
                    "enable_secure_boot": false
                  }
                ],
                "tags": [],
                "taint": [],
                "workload_metadata_config": [
                  {
                    "node_metadata": "GKE_METADATA_SERVER"
                  }
                ]
              }
            ],
            "node_locations": [],
            "node_pool": [
              {
                "autoscaling": [],
                "initial_node_count": 0,
                "instance_group_urls": [
                  "https://www.googleapis.com/compute/v1/projects/jk-mlops-dev/zones/us-west1-a/instanceGroupManagers/gke-gke-cluster-client-1-default-pool-93b18b15-grp"
                ],
                "management": [
                  {
                    "auto_repair": true,
                    "auto_upgrade": true
                  }
                ],
                "max_pods_per_node": 110,
                "name": "default-pool",
                "name_prefix": "",
                "node_config": [
                  {
                    "boot_disk_kms_key": "",
                    "disk_size_gb": 100,
                    "disk_type": "pd-standard",
                    "guest_accelerator": [],
                    "image_type": "COS",
                    "kubelet_config": [],
                    "labels": {},
                    "linux_node_config": [],
                    "local_ssd_count": 0,
                    "machine_type": "e2-medium",
                    "metadata": {
                      "disable-legacy-endpoints": "true"
                    },
                    "min_cpu_platform": "",
                    "oauth_scopes": [
                      "https://www.googleapis.com/auth/logging.write",
                      "https://www.googleapis.com/auth/monitoring"
                    ],
                    "preemptible": false,
                    "sandbox_config": [],
                    "service_account": "tf-gke-gke-cluster-cli-jvum@jk-mlops-dev.iam.gserviceaccount.com",
                    "shielded_instance_config": [
                      {
                        "enable_integrity_monitoring": true,
                        "enable_secure_boot": false
                      }
                    ],
                    "tags": null,
                    "taint": [],
                    "workload_metadata_config": [
                      {
                        "node_metadata": "GKE_METADATA_SERVER"
                      }
                    ]
                  }
                ],
                "node_count": 0,
                "node_locations": [
                  "us-west1-a"
                ],
                "upgrade_settings": [
                  {
                    "max_surge": 1,
                    "max_unavailable": 0
                  }
                ],
                "version": "1.18.12-gke.1210"
              }
            ],
            "node_version": "1.18.12-gke.1210",
            "notification_config": [
              {
                "pubsub": [
                  {
                    "enabled": false,
                    "topic": ""
                  }
                ]
              }
            ],
            "operation": null,
            "pod_security_policy_config": [
              {
                "enabled": false
              }
            ],
            "private_cluster_config": [],
            "project": "jk-mlops-dev",
            "release_channel": [
              {
                "channel": "REGULAR"
              }
            ],
            "remove_default_node_pool": false,
            "resource_labels": {
              "mesh_id": "proj-895222332033"
            },
            "resource_usage_export_config": [],
            "self_link": "https://container.googleapis.com/v1beta1/projects/jk-mlops-dev/zones/us-west1-a/clusters/gke-cluster-client-1",
            "services_ipv4_cidr": "10.60.0.0/20",
            "subnetwork": "projects/jk-mlops-dev/regions/us-west1/subnetworks/default",
            "timeouts": {
              "create": "45m",
              "delete": "45m",
              "read": null,
              "update": "45m"
            },
            "tpu_ipv4_cidr_block": "",
            "vertical_pod_autoscaling": [
              {
                "enabled": false
              }
            ],
            "workload_identity_config": [
              {
                "identity_namespace": "jk-mlops-dev.svc.id.goog"
              }
            ]
          },
          "sensitive_attributes": [],
          "private": "eyJlMmJmYjczMC1lY2FhLTExZTYtOGY4OC0zNDM2M2JjN2M0YzAiOnsiY3JlYXRlIjoyNzAwMDAwMDAwMDAwLCJkZWxldGUiOjI3MDAwMDAwMDAwMDAsInJlYWQiOjI0MDAwMDAwMDAwMDAsInVwZGF0ZSI6MjcwMDAwMDAwMDAwMH0sInNjaGVtYV92ZXJzaW9uIjoiMSJ9",
          "dependencies": [
            "data.google_client_config.current",
            "data.google_project.project",
            "module.client-clusters.data.google_compute_zones.available",
            "module.client-clusters.data.google_container_engine_versions.region",
            "module.client-clusters.data.google_container_engine_versions.zone",
            "module.client-clusters.google_service_account.cluster_service_account",
            "module.client-clusters.random_shuffle.available_zones",
            "module.client-clusters.random_string.cluster_service_account_suffix",
            "module.project-services.google_project_service.project_services"
          ]
        }
      ]
    },
    {
      "module": "module.client-clusters[1]",
      "mode": "managed",
      "type": "google_container_node_pool",
      "name": "pools",
      "provider": "provider[\"registry.terraform.io/hashicorp/google-beta\"]",
      "instances": [
        {
          "index_key": "default-node-pool",
          "schema_version": 1,
          "attributes": {
            "autoscaling": [],
            "cluster": "gke-cluster-client-1",
            "id": "projects/jk-mlops-dev/locations/us-west1-a/clusters/gke-cluster-client-1/nodePools/default-node-pool",
            "initial_node_count": 1,
            "instance_group_urls": [
              "https://www.googleapis.com/compute/v1/projects/jk-mlops-dev/zones/us-west1-a/instanceGroupManagers/gke-gke-cluster-clie-default-node-poo-4678eabb-grp"
            ],
            "location": "us-west1-a",
            "management": [
              {
                "auto_repair": true,
                "auto_upgrade": true
              }
            ],
            "max_pods_per_node": 110,
            "name": "default-node-pool",
            "name_prefix": "",
            "node_config": [
              {
                "boot_disk_kms_key": "",
                "disk_size_gb": 100,
                "disk_type": "pd-standard",
                "guest_accelerator": [],
                "image_type": "COS",
                "kubelet_config": [],
                "labels": {
                  "cluster_name": "gke-cluster-client-1",
                  "node_pool": "default-node-pool"
                },
                "linux_node_config": [],
                "local_ssd_count": 0,
                "machine_type": "n1-standard-4",
                "metadata": {
                  "cluster_name": "gke-cluster-client-1",
                  "disable-legacy-endpoints": "true",
                  "node_pool": "default-node-pool"
                },
                "min_cpu_platform": "",
                "oauth_scopes": [
                  "https://www.googleapis.com/auth/cloud-platform"
                ],
                "preemptible": false,
                "sandbox_config": [],
                "service_account": "tf-gke-gke-cluster-cli-jvum@jk-mlops-dev.iam.gserviceaccount.com",
                "shielded_instance_config": [
                  {
                    "enable_integrity_monitoring": true,
                    "enable_secure_boot": false
                  }
                ],
                "tags": [
                  "gke-gke-cluster-client-1",
                  "gke-gke-cluster-client-1-default-node-pool"
                ],
                "taint": [],
                "workload_metadata_config": [
                  {
                    "node_metadata": "GKE_METADATA_SERVER"
                  }
                ]
              }
            ],
            "node_count": 1,
            "node_locations": [
              "us-west1-a"
            ],
            "project": "jk-mlops-dev",
            "timeouts": {
              "create": "45m",
              "delete": "45m",
              "update": "45m"
            },
            "upgrade_settings": [
              {
                "max_surge": 1,
                "max_unavailable": 0
              }
            ],
            "version": "1.18.12-gke.1210"
          },
          "sensitive_attributes": [],
          "private": "eyJlMmJmYjczMC1lY2FhLTExZTYtOGY4OC0zNDM2M2JjN2M0YzAiOnsiY3JlYXRlIjoyNzAwMDAwMDAwMDAwLCJkZWxldGUiOjI3MDAwMDAwMDAwMDAsInVwZGF0ZSI6MjcwMDAwMDAwMDAwMH0sInNjaGVtYV92ZXJzaW9uIjoiMSJ9",
          "dependencies": [
            "data.google_client_config.current",
            "data.google_project.project",
            "module.client-clusters.data.google_compute_zones.available",
            "module.client-clusters.data.google_container_engine_versions.region",
            "module.client-clusters.data.google_container_engine_versions.zone",
            "module.client-clusters.google_container_cluster.primary",
            "module.client-clusters.google_service_account.cluster_service_account",
            "module.client-clusters.random_shuffle.available_zones",
            "module.client-clusters.random_string.cluster_service_account_suffix",
            "module.project-services.google_project_service.project_services"
          ]
        }
      ]
    },
    {
      "module": "module.client-clusters[1]",
      "mode": "managed",
      "type": "google_project_iam_member",
      "name": "cluster_service_account-log_writer",
      "provider": "provider[\"registry.terraform.io/hashicorp/google\"]",
      "instances": [
        {
          "index_key": 0,
          "schema_version": 0,
          "attributes": {
            "condition": [],
            "etag": "BwW70rD2cb4=",
            "id": "jk-mlops-dev/roles/logging.logWriter/serviceaccount:tf-gke-gke-cluster-cli-jvum@jk-mlops-dev.iam.gserviceaccount.com",
            "member": "serviceAccount:tf-gke-gke-cluster-cli-jvum@jk-mlops-dev.iam.gserviceaccount.com",
            "project": "jk-mlops-dev",
            "role": "roles/logging.logWriter"
          },
          "sensitive_attributes": [],
          "private": "bnVsbA==",
          "dependencies": [
            "data.google_client_config.current",
            "module.client-clusters.google_service_account.cluster_service_account",
            "module.client-clusters.random_string.cluster_service_account_suffix",
            "module.project-services.google_project_service.project_services"
          ]
        }
      ]
    },
    {
      "module": "module.client-clusters[1]",
      "mode": "managed",
      "type": "google_project_iam_member",
      "name": "cluster_service_account-metric_writer",
      "provider": "provider[\"registry.terraform.io/hashicorp/google\"]",
      "instances": [
        {
          "index_key": 0,
          "schema_version": 0,
          "attributes": {
            "condition": [],
            "etag": "BwW70rFr47w=",
            "id": "jk-mlops-dev/roles/monitoring.metricWriter/serviceaccount:tf-gke-gke-cluster-cli-jvum@jk-mlops-dev.iam.gserviceaccount.com",
            "member": "serviceAccount:tf-gke-gke-cluster-cli-jvum@jk-mlops-dev.iam.gserviceaccount.com",
            "project": "jk-mlops-dev",
            "role": "roles/monitoring.metricWriter"
          },
          "sensitive_attributes": [],
          "private": "bnVsbA==",
          "dependencies": [
            "data.google_client_config.current",
            "module.client-clusters.google_project_iam_member.cluster_service_account-log_writer",
            "module.client-clusters.google_service_account.cluster_service_account",
            "module.client-clusters.random_string.cluster_service_account_suffix",
            "module.project-services.google_project_service.project_services"
          ]
        }
      ]
    },
    {
      "module": "module.client-clusters[1]",
      "mode": "managed",
      "type": "google_project_iam_member",
      "name": "cluster_service_account-monitoring_viewer",
      "provider": "provider[\"registry.terraform.io/hashicorp/google\"]",
      "instances": [
        {
          "index_key": 0,
          "schema_version": 0,
          "attributes": {
            "condition": [],
            "etag": "BwW70rHiKmM=",
            "id": "jk-mlops-dev/roles/monitoring.viewer/serviceaccount:tf-gke-gke-cluster-cli-jvum@jk-mlops-dev.iam.gserviceaccount.com",
            "member": "serviceAccount:tf-gke-gke-cluster-cli-jvum@jk-mlops-dev.iam.gserviceaccount.com",
            "project": "jk-mlops-dev",
            "role": "roles/monitoring.viewer"
          },
          "sensitive_attributes": [],
          "private": "bnVsbA==",
          "dependencies": [
            "data.google_client_config.current",
            "module.client-clusters.google_project_iam_member.cluster_service_account-log_writer",
            "module.client-clusters.google_project_iam_member.cluster_service_account-metric_writer",
            "module.client-clusters.google_service_account.cluster_service_account",
            "module.client-clusters.random_string.cluster_service_account_suffix",
            "module.project-services.google_project_service.project_services"
          ]
        }
      ]
    },
    {
      "module": "module.client-clusters[1]",
      "mode": "managed",
      "type": "google_project_iam_member",
      "name": "cluster_service_account-resourceMetadata-writer",
      "provider": "provider[\"registry.terraform.io/hashicorp/google\"]",
      "instances": [
        {
          "index_key": 0,
          "schema_version": 0,
          "attributes": {
            "condition": [],
            "etag": "BwW70rJXEdQ=",
            "id": "jk-mlops-dev/roles/stackdriver.resourceMetadata.writer/serviceaccount:tf-gke-gke-cluster-cli-jvum@jk-mlops-dev.iam.gserviceaccount.com",
            "member": "serviceAccount:tf-gke-gke-cluster-cli-jvum@jk-mlops-dev.iam.gserviceaccount.com",
            "project": "jk-mlops-dev",
            "role": "roles/stackdriver.resourceMetadata.writer"
          },
          "sensitive_attributes": [],
          "private": "bnVsbA==",
          "dependencies": [
            "data.google_client_config.current",
            "module.client-clusters.google_project_iam_member.cluster_service_account-log_writer",
            "module.client-clusters.google_project_iam_member.cluster_service_account-metric_writer",
            "module.client-clusters.google_project_iam_member.cluster_service_account-monitoring_viewer",
            "module.client-clusters.google_service_account.cluster_service_account",
            "module.client-clusters.random_string.cluster_service_account_suffix",
            "module.project-services.google_project_service.project_services"
          ]
        }
      ]
    },
    {
      "module": "module.client-clusters[1]",
      "mode": "managed",
      "type": "google_service_account",
      "name": "cluster_service_account",
      "provider": "provider[\"registry.terraform.io/hashicorp/google\"]",
      "instances": [
        {
          "index_key": 0,
          "schema_version": 0,
          "attributes": {
            "account_id": "tf-gke-gke-cluster-cli-jvum",
            "description": "",
            "display_name": "Terraform-managed service account for cluster gke-cluster-client-1",
            "email": "tf-gke-gke-cluster-cli-jvum@jk-mlops-dev.iam.gserviceaccount.com",
            "id": "projects/jk-mlops-dev/serviceAccounts/tf-gke-gke-cluster-cli-jvum@jk-mlops-dev.iam.gserviceaccount.com",
            "name": "projects/jk-mlops-dev/serviceAccounts/tf-gke-gke-cluster-cli-jvum@jk-mlops-dev.iam.gserviceaccount.com",
            "project": "jk-mlops-dev",
            "timeouts": null,
            "unique_id": "108826968736974491516"
          },
          "sensitive_attributes": [],
          "private": "eyJlMmJmYjczMC1lY2FhLTExZTYtOGY4OC0zNDM2M2JjN2M0YzAiOnsiY3JlYXRlIjozMDAwMDAwMDAwMDB9fQ==",
          "dependencies": [
            "data.google_client_config.current",
            "module.client-clusters.random_string.cluster_service_account_suffix",
            "module.project-services.google_project_service.project_services"
          ]
        }
      ]
    },
    {
      "module": "module.client-clusters[1]",
      "mode": "managed",
      "type": "random_shuffle",
      "name": "available_zones",
      "provider": "provider[\"registry.terraform.io/hashicorp/random\"]",
      "instances": [
        {
          "schema_version": 0,
          "attributes": {
            "id": "-",
            "input": [
              "us-west1-a",
              "us-west1-b",
              "us-west1-c"
            ],
            "keepers": null,
            "result": [
              "us-west1-b",
              "us-west1-c",
              "us-west1-a"
            ],
            "result_count": 3,
            "seed": null
          },
          "sensitive_attributes": [],
          "private": "bnVsbA==",
          "dependencies": [
            "module.client-clusters.data.google_compute_zones.available"
          ]
        }
      ]
    },
    {
      "module": "module.client-clusters[1]",
      "mode": "managed",
      "type": "random_string",
      "name": "cluster_service_account_suffix",
      "provider": "provider[\"registry.terraform.io/hashicorp/random\"]",
      "instances": [
        {
          "schema_version": 1,
          "attributes": {
            "id": "jvum",
            "keepers": null,
            "length": 4,
            "lower": true,
            "min_lower": 0,
            "min_numeric": 0,
            "min_special": 0,
            "min_upper": 0,
            "number": true,
            "override_special": null,
            "result": "jvum",
            "special": false,
            "upper": false
          },
          "sensitive_attributes": [],
          "private": "eyJzY2hlbWFfdmVyc2lvbiI6IjEifQ=="
        }
      ]
    },
    {
      "module": "module.client-clusters[1].module.gcloud_delete_default_kube_dns_configmap.module.gcloud_kubectl",
      "mode": "managed",
      "type": "null_resource",
      "name": "module_depends_on",
      "provider": "provider[\"registry.terraform.io/hashicorp/null\"]",
      "instances": [
        {
          "index_key": 0,
          "schema_version": 0,
          "attributes": {
            "id": "8925571342274307715",
            "triggers": {
              "value": "3"
            }
          },
          "sensitive_attributes": [],
          "private": "bnVsbA==",
          "dependencies": [
            "data.google_client_config.current",
            "data.google_project.project",
            "module.client-clusters.data.google_client_config.default",
            "module.client-clusters.data.google_compute_zones.available",
            "module.client-clusters.data.google_container_engine_versions.region",
            "module.client-clusters.data.google_container_engine_versions.zone",
            "module.client-clusters.google_container_cluster.primary",
            "module.client-clusters.google_container_node_pool.pools",
            "module.client-clusters.google_service_account.cluster_service_account",
            "module.client-clusters.random_shuffle.available_zones",
            "module.client-clusters.random_string.cluster_service_account_suffix",
            "module.project-services.google_project_service.project_services"
          ]
        }
      ]
    },
    {
      "module": "module.project-services",
      "mode": "managed",
      "type": "google_project_service",
      "name": "project_services",
      "provider": "provider[\"registry.terraform.io/hashicorp/google\"]",
      "instances": [
        {
          "index_key": "anthos.googleapis.com",
          "schema_version": 0,
          "attributes": {
            "disable_dependent_services": true,
            "disable_on_destroy": false,
            "id": "jk-mlops-dev/anthos.googleapis.com",
            "project": "jk-mlops-dev",
            "service": "anthos.googleapis.com",
            "timeouts": null
          },
          "sensitive_attributes": [],
          "private": "eyJlMmJmYjczMC1lY2FhLTExZTYtOGY4OC0zNDM2M2JjN2M0YzAiOnsiY3JlYXRlIjoxMjAwMDAwMDAwMDAwLCJkZWxldGUiOjEyMDAwMDAwMDAwMDAsInJlYWQiOjYwMDAwMDAwMDAwMCwidXBkYXRlIjoxMjAwMDAwMDAwMDAwfX0=",
          "dependencies": [
            "data.google_client_config.current"
          ]
        },
        {
          "index_key": "cloudresourcemanager.googleapis.com",
          "schema_version": 0,
          "attributes": {
            "disable_dependent_services": true,
            "disable_on_destroy": false,
            "id": "jk-mlops-dev/cloudresourcemanager.googleapis.com",
            "project": "jk-mlops-dev",
            "service": "cloudresourcemanager.googleapis.com",
            "timeouts": null
          },
          "sensitive_attributes": [],
          "private": "eyJlMmJmYjczMC1lY2FhLTExZTYtOGY4OC0zNDM2M2JjN2M0YzAiOnsiY3JlYXRlIjoxMjAwMDAwMDAwMDAwLCJkZWxldGUiOjEyMDAwMDAwMDAwMDAsInJlYWQiOjYwMDAwMDAwMDAwMCwidXBkYXRlIjoxMjAwMDAwMDAwMDAwfX0=",
          "dependencies": [
            "data.google_client_config.current"
          ]
        },
        {
          "index_key": "cloudtrace.googleapis.com",
          "schema_version": 0,
          "attributes": {
            "disable_dependent_services": true,
            "disable_on_destroy": false,
            "id": "jk-mlops-dev/cloudtrace.googleapis.com",
            "project": "jk-mlops-dev",
            "service": "cloudtrace.googleapis.com",
            "timeouts": null
          },
          "sensitive_attributes": [],
          "private": "eyJlMmJmYjczMC1lY2FhLTExZTYtOGY4OC0zNDM2M2JjN2M0YzAiOnsiY3JlYXRlIjoxMjAwMDAwMDAwMDAwLCJkZWxldGUiOjEyMDAwMDAwMDAwMDAsInJlYWQiOjYwMDAwMDAwMDAwMCwidXBkYXRlIjoxMjAwMDAwMDAwMDAwfX0=",
          "dependencies": [
            "data.google_client_config.current"
          ]
        },
        {
          "index_key": "compute.googleapis.com",
          "schema_version": 0,
          "attributes": {
            "disable_dependent_services": true,
            "disable_on_destroy": false,
            "id": "jk-mlops-dev/compute.googleapis.com",
            "project": "jk-mlops-dev",
            "service": "compute.googleapis.com",
            "timeouts": null
          },
          "sensitive_attributes": [],
          "private": "eyJlMmJmYjczMC1lY2FhLTExZTYtOGY4OC0zNDM2M2JjN2M0YzAiOnsiY3JlYXRlIjoxMjAwMDAwMDAwMDAwLCJkZWxldGUiOjEyMDAwMDAwMDAwMDAsInJlYWQiOjYwMDAwMDAwMDAwMCwidXBkYXRlIjoxMjAwMDAwMDAwMDAwfX0=",
          "dependencies": [
            "data.google_client_config.current"
          ]
        },
        {
          "index_key": "container.googleapis.com",
          "schema_version": 0,
          "attributes": {
            "disable_dependent_services": true,
            "disable_on_destroy": false,
            "id": "jk-mlops-dev/container.googleapis.com",
            "project": "jk-mlops-dev",
            "service": "container.googleapis.com",
            "timeouts": null
          },
          "sensitive_attributes": [],
          "private": "eyJlMmJmYjczMC1lY2FhLTExZTYtOGY4OC0zNDM2M2JjN2M0YzAiOnsiY3JlYXRlIjoxMjAwMDAwMDAwMDAwLCJkZWxldGUiOjEyMDAwMDAwMDAwMDAsInJlYWQiOjYwMDAwMDAwMDAwMCwidXBkYXRlIjoxMjAwMDAwMDAwMDAwfX0=",
          "dependencies": [
            "data.google_client_config.current"
          ]
        },
        {
          "index_key": "gkeconnect.googleapis.com",
          "schema_version": 0,
          "attributes": {
            "disable_dependent_services": true,
            "disable_on_destroy": false,
            "id": "jk-mlops-dev/gkeconnect.googleapis.com",
            "project": "jk-mlops-dev",
            "service": "gkeconnect.googleapis.com",
            "timeouts": null
          },
          "sensitive_attributes": [],
          "private": "eyJlMmJmYjczMC1lY2FhLTExZTYtOGY4OC0zNDM2M2JjN2M0YzAiOnsiY3JlYXRlIjoxMjAwMDAwMDAwMDAwLCJkZWxldGUiOjEyMDAwMDAwMDAwMDAsInJlYWQiOjYwMDAwMDAwMDAwMCwidXBkYXRlIjoxMjAwMDAwMDAwMDAwfX0=",
          "dependencies": [
            "data.google_client_config.current"
          ]
        },
        {
          "index_key": "gkehub.googleapis.com",
          "schema_version": 0,
          "attributes": {
            "disable_dependent_services": true,
            "disable_on_destroy": false,
            "id": "jk-mlops-dev/gkehub.googleapis.com",
            "project": "jk-mlops-dev",
            "service": "gkehub.googleapis.com",
            "timeouts": null
          },
          "sensitive_attributes": [],
          "private": "eyJlMmJmYjczMC1lY2FhLTExZTYtOGY4OC0zNDM2M2JjN2M0YzAiOnsiY3JlYXRlIjoxMjAwMDAwMDAwMDAwLCJkZWxldGUiOjEyMDAwMDAwMDAwMDAsInJlYWQiOjYwMDAwMDAwMDAwMCwidXBkYXRlIjoxMjAwMDAwMDAwMDAwfX0=",
          "dependencies": [
            "data.google_client_config.current"
          ]
        },
        {
          "index_key": "iam.googleapis.com",
          "schema_version": 0,
          "attributes": {
            "disable_dependent_services": true,
            "disable_on_destroy": false,
            "id": "jk-mlops-dev/iam.googleapis.com",
            "project": "jk-mlops-dev",
            "service": "iam.googleapis.com",
            "timeouts": null
          },
          "sensitive_attributes": [],
          "private": "eyJlMmJmYjczMC1lY2FhLTExZTYtOGY4OC0zNDM2M2JjN2M0YzAiOnsiY3JlYXRlIjoxMjAwMDAwMDAwMDAwLCJkZWxldGUiOjEyMDAwMDAwMDAwMDAsInJlYWQiOjYwMDAwMDAwMDAwMCwidXBkYXRlIjoxMjAwMDAwMDAwMDAwfX0=",
          "dependencies": [
            "data.google_client_config.current"
          ]
        },
        {
          "index_key": "iamcredentials.googleapis.com",
          "schema_version": 0,
          "attributes": {
            "disable_dependent_services": true,
            "disable_on_destroy": false,
            "id": "jk-mlops-dev/iamcredentials.googleapis.com",
            "project": "jk-mlops-dev",
            "service": "iamcredentials.googleapis.com",
            "timeouts": null
          },
          "sensitive_attributes": [],
          "private": "eyJlMmJmYjczMC1lY2FhLTExZTYtOGY4OC0zNDM2M2JjN2M0YzAiOnsiY3JlYXRlIjoxMjAwMDAwMDAwMDAwLCJkZWxldGUiOjEyMDAwMDAwMDAwMDAsInJlYWQiOjYwMDAwMDAwMDAwMCwidXBkYXRlIjoxMjAwMDAwMDAwMDAwfX0=",
          "dependencies": [
            "data.google_client_config.current"
          ]
        },
        {
          "index_key": "logging.googleapis.com",
          "schema_version": 0,
          "attributes": {
            "disable_dependent_services": true,
            "disable_on_destroy": false,
            "id": "jk-mlops-dev/logging.googleapis.com",
            "project": "jk-mlops-dev",
            "service": "logging.googleapis.com",
            "timeouts": null
          },
          "sensitive_attributes": [],
          "private": "eyJlMmJmYjczMC1lY2FhLTExZTYtOGY4OC0zNDM2M2JjN2M0YzAiOnsiY3JlYXRlIjoxMjAwMDAwMDAwMDAwLCJkZWxldGUiOjEyMDAwMDAwMDAwMDAsInJlYWQiOjYwMDAwMDAwMDAwMCwidXBkYXRlIjoxMjAwMDAwMDAwMDAwfX0=",
          "dependencies": [
            "data.google_client_config.current"
          ]
        },
        {
          "index_key": "meshca.googleapis.com",
          "schema_version": 0,
          "attributes": {
            "disable_dependent_services": true,
            "disable_on_destroy": false,
            "id": "jk-mlops-dev/meshca.googleapis.com",
            "project": "jk-mlops-dev",
            "service": "meshca.googleapis.com",
            "timeouts": null
          },
          "sensitive_attributes": [],
          "private": "eyJlMmJmYjczMC1lY2FhLTExZTYtOGY4OC0zNDM2M2JjN2M0YzAiOnsiY3JlYXRlIjoxMjAwMDAwMDAwMDAwLCJkZWxldGUiOjEyMDAwMDAwMDAwMDAsInJlYWQiOjYwMDAwMDAwMDAwMCwidXBkYXRlIjoxMjAwMDAwMDAwMDAwfX0=",
          "dependencies": [
            "data.google_client_config.current"
          ]
        },
        {
          "index_key": "meshconfig.googleapis.com",
          "schema_version": 0,
          "attributes": {
            "disable_dependent_services": true,
            "disable_on_destroy": false,
            "id": "jk-mlops-dev/meshconfig.googleapis.com",
            "project": "jk-mlops-dev",
            "service": "meshconfig.googleapis.com",
            "timeouts": null
          },
          "sensitive_attributes": [],
          "private": "eyJlMmJmYjczMC1lY2FhLTExZTYtOGY4OC0zNDM2M2JjN2M0YzAiOnsiY3JlYXRlIjoxMjAwMDAwMDAwMDAwLCJkZWxldGUiOjEyMDAwMDAwMDAwMDAsInJlYWQiOjYwMDAwMDAwMDAwMCwidXBkYXRlIjoxMjAwMDAwMDAwMDAwfX0=",
          "dependencies": [
            "data.google_client_config.current"
          ]
        },
        {
          "index_key": "meshtelemetry.googleapis.com",
          "schema_version": 0,
          "attributes": {
            "disable_dependent_services": true,
            "disable_on_destroy": false,
            "id": "jk-mlops-dev/meshtelemetry.googleapis.com",
            "project": "jk-mlops-dev",
            "service": "meshtelemetry.googleapis.com",
            "timeouts": null
          },
          "sensitive_attributes": [],
          "private": "eyJlMmJmYjczMC1lY2FhLTExZTYtOGY4OC0zNDM2M2JjN2M0YzAiOnsiY3JlYXRlIjoxMjAwMDAwMDAwMDAwLCJkZWxldGUiOjEyMDAwMDAwMDAwMDAsInJlYWQiOjYwMDAwMDAwMDAwMCwidXBkYXRlIjoxMjAwMDAwMDAwMDAwfX0=",
          "dependencies": [
            "data.google_client_config.current"
          ]
        },
        {
          "index_key": "monitoring.googleapis.com",
          "schema_version": 0,
          "attributes": {
            "disable_dependent_services": true,
            "disable_on_destroy": false,
            "id": "jk-mlops-dev/monitoring.googleapis.com",
            "project": "jk-mlops-dev",
            "service": "monitoring.googleapis.com",
            "timeouts": null
          },
          "sensitive_attributes": [],
          "private": "eyJlMmJmYjczMC1lY2FhLTExZTYtOGY4OC0zNDM2M2JjN2M0YzAiOnsiY3JlYXRlIjoxMjAwMDAwMDAwMDAwLCJkZWxldGUiOjEyMDAwMDAwMDAwMDAsInJlYWQiOjYwMDAwMDAwMDAwMCwidXBkYXRlIjoxMjAwMDAwMDAwMDAwfX0=",
          "dependencies": [
            "data.google_client_config.current"
          ]
        }
      ]
    },
    {
      "module": "module.server-cluster",
      "mode": "data",
      "type": "google_compute_zones",
      "name": "available",
      "provider": "provider[\"registry.terraform.io/hashicorp/google-beta\"]",
      "instances": [
        {
          "schema_version": 0,
          "attributes": {
            "id": "projects/jk-mlops-dev/regions/us-west1",
            "names": [
              "us-west1-a",
              "us-west1-b",
              "us-west1-c"
            ],
            "project": "jk-mlops-dev",
            "region": "us-west1",
            "status": null
          },
          "sensitive_attributes": []
        }
      ]
    },
    {
      "module": "module.server-cluster",
      "mode": "data",
      "type": "google_container_engine_versions",
      "name": "region",
      "provider": "provider[\"registry.terraform.io/hashicorp/google\"]",
      "instances": [
        {
          "schema_version": 0,
          "attributes": {
            "default_cluster_version": "1.17.15-gke.800",
            "id": "2021-02-21 06:20:37.143047516 +0000 UTC",
            "latest_master_version": "1.18.15-gke.1500",
            "latest_node_version": "1.18.15-gke.1500",
            "location": "us-west1-a",
            "project": "jk-mlops-dev",
            "release_channel_default_version": {
              "RAPID": "1.19.7-gke.1302",
              "REGULAR": "1.18.12-gke.1210",
              "STABLE": "1.17.15-gke.800"
            },
            "valid_master_versions": [
              "1.18.15-gke.1500",
              "1.18.15-gke.1100",
              "1.18.14-gke.1600",
              "1.18.14-gke.1200",
              "1.18.12-gke.1210",
              "1.18.12-gke.1206",
              "1.17.17-gke.1500",
              "1.17.17-gke.1100",
              "1.17.17-gke.600",
              "1.17.16-gke.1600",
              "1.17.16-gke.1300",
              "1.17.15-gke.800",
              "1.16.15-gke.11800",
              "1.16.15-gke.10600",
              "1.16.15-gke.7800",
              "1.15.12-gke.6002"
            ],
            "valid_node_versions": [
              "1.18.15-gke.1500",
              "1.18.15-gke.1100",
              "1.18.15-gke.800",
              "1.18.14-gke.1600",
              "1.18.14-gke.1200",
              "1.18.12-gke.1210",
              "1.18.12-gke.1206",
              "1.18.12-gke.1205",
              "1.18.12-gke.1201",
              "1.18.12-gke.1200",
              "1.18.12-gke.300",
              "1.18.10-gke.2701",
              "1.18.10-gke.2101",
              "1.18.10-gke.1500",
              "1.18.10-gke.601",
              "1.18.9-gke.2501",
              "1.18.9-gke.1501",
              "1.18.9-gke.801",
              "1.18.6-gke.4801",
              "1.18.6-gke.3504",
              "1.18.6-gke.3503",
              "1.17.17-gke.1500",
              "1.17.17-gke.1100",
              "1.17.17-gke.600",
              "1.17.16-gke.1600",
              "1.17.16-gke.1300",
              "1.17.15-gke.800",
              "1.17.15-gke.300",
              "1.17.14-gke.1600",
              "1.17.14-gke.1200",
              "1.17.14-gke.400",
              "1.17.13-gke.2600",
              "1.17.13-gke.2001",
              "1.17.13-gke.1401",
              "1.17.13-gke.1400",
              "1.17.13-gke.600",
              "1.17.12-gke.2502",
              "1.17.12-gke.1504",
              "1.17.12-gke.1501",
              "1.17.12-gke.500",
              "1.17.9-gke.6300",
              "1.17.9-gke.1504",
              "1.16.15-gke.11800",
              "1.16.15-gke.10600",
              "1.16.15-gke.7800",
              "1.16.15-gke.7300",
              "1.16.15-gke.6900",
              "1.16.15-gke.6000",
              "1.16.15-gke.5500",
              "1.16.15-gke.4901",
              "1.16.15-gke.4301",
              "1.16.15-gke.4300",
              "1.16.15-gke.3500",
              "1.16.15-gke.2601",
              "1.16.15-gke.1600",
              "1.16.15-gke.500",
              "1.16.13-gke.404",
              "1.16.13-gke.403",
              "1.16.13-gke.401",
              "1.16.13-gke.400",
              "1.16.13-gke.1",
              "1.16.11-gke.5",
              "1.16.10-gke.8",
              "1.16.9-gke.6",
              "1.16.9-gke.2",
              "1.16.8-gke.15",
              "1.16.8-gke.12",
              "1.16.8-gke.9",
              "1.15.12-gke.6002",
              "1.15.12-gke.6001",
              "1.15.12-gke.5000",
              "1.15.12-gke.4002",
              "1.15.12-gke.4000",
              "1.15.12-gke.20",
              "1.15.12-gke.17",
              "1.15.12-gke.16",
              "1.15.12-gke.13",
              "1.15.12-gke.9",
              "1.15.12-gke.6",
              "1.15.12-gke.3",
              "1.15.12-gke.2",
              "1.15.11-gke.17",
              "1.15.11-gke.15",
              "1.15.11-gke.13",
              "1.15.11-gke.12",
              "1.15.11-gke.11",
              "1.15.11-gke.9",
              "1.15.11-gke.5",
              "1.15.11-gke.3",
              "1.15.11-gke.1",
              "1.15.9-gke.26",
              "1.15.9-gke.24",
              "1.15.9-gke.22",
              "1.15.9-gke.12",
              "1.15.9-gke.9",
              "1.15.9-gke.8",
              "1.15.8-gke.3",
              "1.15.8-gke.2",
              "1.15.7-gke.23",
              "1.15.7-gke.2",
              "1.15.4-gke.22",
              "1.14.10-gke.1504",
              "1.14.10-gke.902",
              "1.14.10-gke.50",
              "1.14.10-gke.46",
              "1.14.10-gke.45",
              "1.14.10-gke.42",
              "1.14.10-gke.41",
              "1.14.10-gke.40",
              "1.14.10-gke.37",
              "1.14.10-gke.36",
              "1.14.10-gke.34",
              "1.14.10-gke.32",
              "1.14.10-gke.31",
              "1.14.10-gke.27",
              "1.14.10-gke.24",
              "1.14.10-gke.22",
              "1.14.10-gke.21",
              "1.14.10-gke.17",
              "1.14.10-gke.0",
              "1.14.9-gke.23",
              "1.14.9-gke.2",
              "1.14.9-gke.0",
              "1.14.8-gke.33",
              "1.14.8-gke.21",
              "1.14.8-gke.18",
              "1.14.8-gke.17",
              "1.14.8-gke.14",
              "1.14.8-gke.12",
              "1.14.8-gke.7",
              "1.14.8-gke.2",
              "1.14.7-gke.40",
              "1.14.7-gke.25",
              "1.14.7-gke.23",
              "1.14.7-gke.17",
              "1.14.7-gke.14",
              "1.14.7-gke.10",
              "1.14.6-gke.13",
              "1.14.6-gke.2",
              "1.14.6-gke.1",
              "1.14.3-gke.11",
              "1.14.3-gke.10",
              "1.14.3-gke.9",
              "1.14.2-gke.9",
              "1.14.1-gke.5",
              "1.13.12-gke.30",
              "1.13.12-gke.25",
              "1.13.12-gke.17",
              "1.13.12-gke.16",
              "1.13.12-gke.14",
              "1.13.12-gke.13",
              "1.13.12-gke.10",
              "1.13.12-gke.8",
              "1.13.12-gke.4",
              "1.13.12-gke.2",
              "1.13.11-gke.23",
              "1.13.11-gke.15",
              "1.13.11-gke.14",
              "1.13.11-gke.12",
              "1.13.11-gke.11",
              "1.13.11-gke.9",
              "1.13.11-gke.5",
              "1.13.10-gke.7",
              "1.13.10-gke.0",
              "1.13.9-gke.11",
              "1.13.9-gke.3",
              "1.13.7-gke.24",
              "1.13.7-gke.19",
              "1.13.7-gke.15",
              "1.13.7-gke.8",
              "1.13.7-gke.0",
              "1.13.6-gke.13",
              "1.13.6-gke.6",
              "1.13.6-gke.5",
              "1.13.6-gke.0",
              "1.13.5-gke.10",
              "1.12.10-gke.22",
              "1.12.10-gke.20",
              "1.12.10-gke.19",
              "1.12.10-gke.18",
              "1.12.10-gke.17",
              "1.12.10-gke.15",
              "1.12.10-gke.13",
              "1.12.10-gke.11",
              "1.12.10-gke.5",
              "1.12.9-gke.16",
              "1.12.9-gke.15",
              "1.12.9-gke.13",
              "1.12.9-gke.10",
              "1.12.9-gke.7",
              "1.12.9-gke.3",
              "1.12.8-gke.12",
              "1.12.8-gke.10",
              "1.12.8-gke.7",
              "1.12.8-gke.6",
              "1.12.7-gke.26",
              "1.12.7-gke.25",
              "1.12.7-gke.24",
              "1.12.7-gke.22",
              "1.12.7-gke.21",
              "1.12.7-gke.17",
              "1.12.7-gke.10",
              "1.12.7-gke.7",
              "1.12.6-gke.11",
              "1.12.6-gke.10",
              "1.12.6-gke.7",
              "1.12.5-gke.10",
              "1.12.5-gke.5",
              "1.11.10-gke.6",
              "1.11.10-gke.5"
            ],
            "version_prefix": null
          },
          "sensitive_attributes": []
        }
      ]
    },
    {
      "module": "module.server-cluster",
      "mode": "data",
      "type": "google_container_engine_versions",
      "name": "zone",
      "provider": "provider[\"registry.terraform.io/hashicorp/google\"]",
      "instances": [
        {
          "schema_version": 0,
          "attributes": {
            "default_cluster_version": "1.17.15-gke.800",
            "id": "2021-02-21 06:20:37.923928021 +0000 UTC",
            "latest_master_version": "1.18.15-gke.1500",
            "latest_node_version": "1.18.15-gke.1500",
            "location": "us-west1-a",
            "project": "jk-mlops-dev",
            "release_channel_default_version": {
              "RAPID": "1.19.7-gke.1302",
              "REGULAR": "1.18.12-gke.1210",
              "STABLE": "1.17.15-gke.800"
            },
            "valid_master_versions": [
              "1.18.15-gke.1500",
              "1.18.15-gke.1100",
              "1.18.14-gke.1600",
              "1.18.14-gke.1200",
              "1.18.12-gke.1210",
              "1.18.12-gke.1206",
              "1.17.17-gke.1500",
              "1.17.17-gke.1100",
              "1.17.17-gke.600",
              "1.17.16-gke.1600",
              "1.17.16-gke.1300",
              "1.17.15-gke.800",
              "1.16.15-gke.11800",
              "1.16.15-gke.10600",
              "1.16.15-gke.7800",
              "1.15.12-gke.6002"
            ],
            "valid_node_versions": [
              "1.18.15-gke.1500",
              "1.18.15-gke.1100",
              "1.18.15-gke.800",
              "1.18.14-gke.1600",
              "1.18.14-gke.1200",
              "1.18.12-gke.1210",
              "1.18.12-gke.1206",
              "1.18.12-gke.1205",
              "1.18.12-gke.1201",
              "1.18.12-gke.1200",
              "1.18.12-gke.300",
              "1.18.10-gke.2701",
              "1.18.10-gke.2101",
              "1.18.10-gke.1500",
              "1.18.10-gke.601",
              "1.18.9-gke.2501",
              "1.18.9-gke.1501",
              "1.18.9-gke.801",
              "1.18.6-gke.4801",
              "1.18.6-gke.3504",
              "1.18.6-gke.3503",
              "1.17.17-gke.1500",
              "1.17.17-gke.1100",
              "1.17.17-gke.600",
              "1.17.16-gke.1600",
              "1.17.16-gke.1300",
              "1.17.15-gke.800",
              "1.17.15-gke.300",
              "1.17.14-gke.1600",
              "1.17.14-gke.1200",
              "1.17.14-gke.400",
              "1.17.13-gke.2600",
              "1.17.13-gke.2001",
              "1.17.13-gke.1401",
              "1.17.13-gke.1400",
              "1.17.13-gke.600",
              "1.17.12-gke.2502",
              "1.17.12-gke.1504",
              "1.17.12-gke.1501",
              "1.17.12-gke.500",
              "1.17.9-gke.6300",
              "1.17.9-gke.1504",
              "1.16.15-gke.11800",
              "1.16.15-gke.10600",
              "1.16.15-gke.7800",
              "1.16.15-gke.7300",
              "1.16.15-gke.6900",
              "1.16.15-gke.6000",
              "1.16.15-gke.5500",
              "1.16.15-gke.4901",
              "1.16.15-gke.4301",
              "1.16.15-gke.4300",
              "1.16.15-gke.3500",
              "1.16.15-gke.2601",
              "1.16.15-gke.1600",
              "1.16.15-gke.500",
              "1.16.13-gke.404",
              "1.16.13-gke.403",
              "1.16.13-gke.401",
              "1.16.13-gke.400",
              "1.16.13-gke.1",
              "1.16.11-gke.5",
              "1.16.10-gke.8",
              "1.16.9-gke.6",
              "1.16.9-gke.2",
              "1.16.8-gke.15",
              "1.16.8-gke.12",
              "1.16.8-gke.9",
              "1.15.12-gke.6002",
              "1.15.12-gke.6001",
              "1.15.12-gke.5000",
              "1.15.12-gke.4002",
              "1.15.12-gke.4000",
              "1.15.12-gke.20",
              "1.15.12-gke.17",
              "1.15.12-gke.16",
              "1.15.12-gke.13",
              "1.15.12-gke.9",
              "1.15.12-gke.6",
              "1.15.12-gke.3",
              "1.15.12-gke.2",
              "1.15.11-gke.17",
              "1.15.11-gke.15",
              "1.15.11-gke.13",
              "1.15.11-gke.12",
              "1.15.11-gke.11",
              "1.15.11-gke.9",
              "1.15.11-gke.5",
              "1.15.11-gke.3",
              "1.15.11-gke.1",
              "1.15.9-gke.26",
              "1.15.9-gke.24",
              "1.15.9-gke.22",
              "1.15.9-gke.12",
              "1.15.9-gke.9",
              "1.15.9-gke.8",
              "1.15.8-gke.3",
              "1.15.8-gke.2",
              "1.15.7-gke.23",
              "1.15.7-gke.2",
              "1.15.4-gke.22",
              "1.14.10-gke.1504",
              "1.14.10-gke.902",
              "1.14.10-gke.50",
              "1.14.10-gke.46",
              "1.14.10-gke.45",
              "1.14.10-gke.42",
              "1.14.10-gke.41",
              "1.14.10-gke.40",
              "1.14.10-gke.37",
              "1.14.10-gke.36",
              "1.14.10-gke.34",
              "1.14.10-gke.32",
              "1.14.10-gke.31",
              "1.14.10-gke.27",
              "1.14.10-gke.24",
              "1.14.10-gke.22",
              "1.14.10-gke.21",
              "1.14.10-gke.17",
              "1.14.10-gke.0",
              "1.14.9-gke.23",
              "1.14.9-gke.2",
              "1.14.9-gke.0",
              "1.14.8-gke.33",
              "1.14.8-gke.21",
              "1.14.8-gke.18",
              "1.14.8-gke.17",
              "1.14.8-gke.14",
              "1.14.8-gke.12",
              "1.14.8-gke.7",
              "1.14.8-gke.2",
              "1.14.7-gke.40",
              "1.14.7-gke.25",
              "1.14.7-gke.23",
              "1.14.7-gke.17",
              "1.14.7-gke.14",
              "1.14.7-gke.10",
              "1.14.6-gke.13",
              "1.14.6-gke.2",
              "1.14.6-gke.1",
              "1.14.3-gke.11",
              "1.14.3-gke.10",
              "1.14.3-gke.9",
              "1.14.2-gke.9",
              "1.14.1-gke.5",
              "1.13.12-gke.30",
              "1.13.12-gke.25",
              "1.13.12-gke.17",
              "1.13.12-gke.16",
              "1.13.12-gke.14",
              "1.13.12-gke.13",
              "1.13.12-gke.10",
              "1.13.12-gke.8",
              "1.13.12-gke.4",
              "1.13.12-gke.2",
              "1.13.11-gke.23",
              "1.13.11-gke.15",
              "1.13.11-gke.14",
              "1.13.11-gke.12",
              "1.13.11-gke.11",
              "1.13.11-gke.9",
              "1.13.11-gke.5",
              "1.13.10-gke.7",
              "1.13.10-gke.0",
              "1.13.9-gke.11",
              "1.13.9-gke.3",
              "1.13.7-gke.24",
              "1.13.7-gke.19",
              "1.13.7-gke.15",
              "1.13.7-gke.8",
              "1.13.7-gke.0",
              "1.13.6-gke.13",
              "1.13.6-gke.6",
              "1.13.6-gke.5",
              "1.13.6-gke.0",
              "1.13.5-gke.10",
              "1.12.10-gke.22",
              "1.12.10-gke.20",
              "1.12.10-gke.19",
              "1.12.10-gke.18",
              "1.12.10-gke.17",
              "1.12.10-gke.15",
              "1.12.10-gke.13",
              "1.12.10-gke.11",
              "1.12.10-gke.5",
              "1.12.9-gke.16",
              "1.12.9-gke.15",
              "1.12.9-gke.13",
              "1.12.9-gke.10",
              "1.12.9-gke.7",
              "1.12.9-gke.3",
              "1.12.8-gke.12",
              "1.12.8-gke.10",
              "1.12.8-gke.7",
              "1.12.8-gke.6",
              "1.12.7-gke.26",
              "1.12.7-gke.25",
              "1.12.7-gke.24",
              "1.12.7-gke.22",
              "1.12.7-gke.21",
              "1.12.7-gke.17",
              "1.12.7-gke.10",
              "1.12.7-gke.7",
              "1.12.6-gke.11",
              "1.12.6-gke.10",
              "1.12.6-gke.7",
              "1.12.5-gke.10",
              "1.12.5-gke.5",
              "1.11.10-gke.6",
              "1.11.10-gke.5"
            ],
            "version_prefix": null
          },
          "sensitive_attributes": []
        }
      ]
    },
    {
      "module": "module.server-cluster",
      "mode": "managed",
      "type": "google_container_cluster",
      "name": "primary",
      "provider": "provider[\"registry.terraform.io/hashicorp/google-beta\"]",
      "instances": [
        {
          "schema_version": 1,
          "attributes": {
            "addons_config": [
              {
                "cloudrun_config": [],
                "config_connector_config": [
                  {
                    "enabled": false
                  }
                ],
                "dns_cache_config": [
                  {
                    "enabled": false
                  }
                ],
                "gce_persistent_disk_csi_driver_config": [
                  {
                    "enabled": false
                  }
                ],
                "horizontal_pod_autoscaling": [
                  {
                    "disabled": false
                  }
                ],
                "http_load_balancing": [
                  {
                    "disabled": false
                  }
                ],
                "istio_config": [
                  {
                    "auth": "AUTH_MUTUAL_TLS",
                    "disabled": true
                  }
                ],
                "kalm_config": [
                  {
                    "enabled": false
                  }
                ],
                "network_policy_config": [
                  {
                    "disabled": false
                  }
                ]
              }
            ],
            "authenticator_groups_config": [],
            "cluster_autoscaling": [
              {
                "auto_provisioning_defaults": [],
                "autoscaling_profile": "BALANCED",
                "enabled": false,
                "resource_limits": []
              }
            ],
            "cluster_ipv4_cidr": "10.12.0.0/14",
            "cluster_telemetry": [
              {
                "type": "ENABLED"
              }
            ],
            "confidential_nodes": [],
            "database_encryption": [
              {
                "key_name": "",
                "state": "DECRYPTED"
              }
            ],
            "datapath_provider": "",
            "default_max_pods_per_node": 110,
            "default_snat_status": [
              {
                "disabled": false
              }
            ],
            "description": "",
            "enable_binary_authorization": false,
            "enable_intranode_visibility": false,
            "enable_kubernetes_alpha": false,
            "enable_legacy_abac": false,
            "enable_shielded_nodes": true,
            "enable_tpu": false,
            "endpoint": "34.105.111.167",
            "id": "projects/jk-mlops-dev/locations/us-west1-a/clusters/gke-cluster-server",
            "initial_node_count": 0,
            "instance_group_urls": [
              "https://www.googleapis.com/compute/beta/projects/jk-mlops-dev/zones/us-west1-a/instanceGroups/gke-gke-cluster-server-default-pool-0d6275e2-grp"
            ],
            "ip_allocation_policy": [
              {
                "cluster_ipv4_cidr_block": "10.12.0.0/14",
                "cluster_secondary_range_name": "gke-gke-cluster-server-pods-8dafaead",
                "services_ipv4_cidr_block": "10.16.0.0/20",
                "services_secondary_range_name": "gke-gke-cluster-server-services-8dafaead"
              }
            ],
            "label_fingerprint": "6affcf98",
            "location": "us-west1-a",
            "logging_service": "logging.googleapis.com/kubernetes",
            "maintenance_policy": [
              {
                "daily_maintenance_window": [
                  {
                    "duration": "PT4H0M0S",
                    "start_time": "05:00"
                  }
                ],
                "maintenance_exclusion": [],
                "recurring_window": []
              }
            ],
            "master_auth": [
              {
                "client_certificate": "",
                "client_certificate_config": [
                  {
                    "issue_client_certificate": false
                  }
                ],
                "client_key": "",
                "cluster_ca_certificate": "LS0tLS1CRUdJTiBDRVJUSUZJQ0FURS0tLS0tCk1JSURLekNDQWhPZ0F3SUJBZ0lSQUtqN2orMloxc0VMUXhYTGZya1NGdVl3RFFZSktvWklodmNOQVFFTEJRQXcKTHpFdE1Dc0dBMVVFQXhNa09XRTJPREJrTldNdFpXRTRZaTAwTnpZMkxUaGlZamN0TXpJeVpqbGpPR1EwTW1FMwpNQjRYRFRJeE1ESXlNVEExTWpFd05Wb1hEVEkyTURJeU1EQTJNakV3TlZvd0x6RXRNQ3NHQTFVRUF4TWtPV0UyCk9EQmtOV010WldFNFlpMDBOelkyTFRoaVlqY3RNekl5Wmpsak9HUTBNbUUzTUlJQklqQU5CZ2txaGtpRzl3MEIKQVFFRkFBT0NBUThBTUlJQkNnS0NBUUVBclorT01DN3FqWk1QS2xiZ1NvU0UzUUVwT3FkWU54QzM3Zk9zWW5nRgpJbG1WaXBuaExDbys4ait1UmY0bU5tSFJUeXdmNm5pK3R0NnlwUFJnK1BXOUNSbXZjYnM4TFdDcFpWSml0YTNjCjl5MytabUliS1JYZDNQOWpHWitBcnRPOXdoWktkRUwyUE9ibHlwemhHZnV4eFdMbEpYWDhPNklnNG1KVXhCQWkKRDJZSWo2YVNsbk5JNkJsaU5WN1BpdTdmbi80dXA1cEFlV2pqVHZCRUhZdDlvTWdGa1NhV2dUMEZoanZCNzNrQwpvMWlOQXNIVVovamN4aGhUZ2p6aXY0K0o3enlSNzI2N0pweWlNU2lpRkthOFBUajNuMjlpTFE2L0wrS2Y3NVRiClRTMytoek0wcXV6alZaTitITlY3cG1hQTUraUFGV3Jheld0VnlRUmZ3UVNWL1FJREFRQUJvMEl3UURBT0JnTlYKSFE4QkFmOEVCQU1DQWdRd0R3WURWUjBUQVFIL0JBVXdBd0VCL3pBZEJnTlZIUTRFRmdRVThMTDQxU2dkcGFlVwpsT1hwWTNXY0ozdFlnRll3RFFZSktvWklodmNOQVFFTEJRQURnZ0VCQUJlUkhLTzBRVTlKcTl5bngrSEFqVTVoCkI1c29yRzBFLzQzWkQ3Y1JhcVI3dUhuWHN6RmRxUVVSL3ZzZmtJN2pxTUNyc0lrdVpkNlUvc1dIa1cydTdyOWoKQ2lnNDNyR05MbmM1ZG1Pb3ZBNEcvTFdPZG1VL0xvZUtySU83bkJTVFE1OURLZytwaXhOL2F3WWU2NWwvSXkrQQpQYjl5ZVZ1VkZNSGpCRDZrQmRzbXlQMlJOOEFCZzJQZGt0MG5ick9yOGI0Mlp1bFFiRjRwVm9YRDl6T3g0QVNNCmpYNnBQVE1BL0pwcHcrUTZXVXI1THpjcEFsM3Q5M0pqRXZhZnh2OFkzODZlbWROZVRHZ3RhUDE4S0pMamZwaE0KeHk5bzU0YzJDaG50TDYxOVNzV0l5dFgwdzcrTDZNTlFId0RZa1NSMkF3eUxQZ0VSMnUyejlVMXJrSnNZMVpVPQotLS0tLUVORCBDRVJUSUZJQ0FURS0tLS0tCg==",
                "password": "",
                "username": ""
              }
            ],
            "master_authorized_networks_config": [],
            "master_version": "1.18.12-gke.1210",
            "min_master_version": null,
            "monitoring_service": "monitoring.googleapis.com/kubernetes",
            "name": "gke-cluster-server",
            "network": "projects/jk-mlops-dev/global/networks/default",
            "network_policy": [
              {
                "enabled": true,
                "provider": "CALICO"
              }
            ],
            "networking_mode": "VPC_NATIVE",
            "node_config": [
              {
                "boot_disk_kms_key": "",
                "disk_size_gb": 100,
                "disk_type": "pd-standard",
                "guest_accelerator": [],
                "image_type": "COS",
                "kubelet_config": [],
                "labels": {},
                "linux_node_config": [],
                "local_ssd_count": 0,
                "machine_type": "e2-medium",
                "metadata": {
                  "disable-legacy-endpoints": "true"
                },
                "min_cpu_platform": "",
                "oauth_scopes": [
                  "https://www.googleapis.com/auth/logging.write",
                  "https://www.googleapis.com/auth/monitoring"
                ],
                "preemptible": false,
                "sandbox_config": [],
                "service_account": "tf-gke-gke-cluster-ser-4uma@jk-mlops-dev.iam.gserviceaccount.com",
                "shielded_instance_config": [
                  {
                    "enable_integrity_monitoring": true,
                    "enable_secure_boot": false
                  }
                ],
                "tags": [],
                "taint": [],
                "workload_metadata_config": [
                  {
                    "node_metadata": "GKE_METADATA_SERVER"
                  }
                ]
              }
            ],
            "node_locations": [],
            "node_pool": [
              {
                "autoscaling": [],
                "initial_node_count": 0,
                "instance_group_urls": [
                  "https://www.googleapis.com/compute/v1/projects/jk-mlops-dev/zones/us-west1-a/instanceGroupManagers/gke-gke-cluster-server-default-pool-0d6275e2-grp"
                ],
                "management": [
                  {
                    "auto_repair": true,
                    "auto_upgrade": true
                  }
                ],
                "max_pods_per_node": 110,
                "name": "default-pool",
                "name_prefix": "",
                "node_config": [
                  {
                    "boot_disk_kms_key": "",
                    "disk_size_gb": 100,
                    "disk_type": "pd-standard",
                    "guest_accelerator": [],
                    "image_type": "COS",
                    "kubelet_config": [],
                    "labels": {},
                    "linux_node_config": [],
                    "local_ssd_count": 0,
                    "machine_type": "e2-medium",
                    "metadata": {
                      "disable-legacy-endpoints": "true"
                    },
                    "min_cpu_platform": "",
                    "oauth_scopes": [
                      "https://www.googleapis.com/auth/logging.write",
                      "https://www.googleapis.com/auth/monitoring"
                    ],
                    "preemptible": false,
                    "sandbox_config": [],
                    "service_account": "tf-gke-gke-cluster-ser-4uma@jk-mlops-dev.iam.gserviceaccount.com",
                    "shielded_instance_config": [
                      {
                        "enable_integrity_monitoring": true,
                        "enable_secure_boot": false
                      }
                    ],
                    "tags": null,
                    "taint": [],
                    "workload_metadata_config": [
                      {
                        "node_metadata": "GKE_METADATA_SERVER"
                      }
                    ]
                  }
                ],
                "node_count": 0,
                "node_locations": [
                  "us-west1-a"
                ],
                "upgrade_settings": [
                  {
                    "max_surge": 1,
                    "max_unavailable": 0
                  }
                ],
                "version": "1.18.12-gke.1210"
              }
            ],
            "node_version": "1.18.12-gke.1210",
            "notification_config": [
              {
                "pubsub": [
                  {
                    "enabled": false,
                    "topic": ""
                  }
                ]
              }
            ],
            "operation": null,
            "pod_security_policy_config": [
              {
                "enabled": false
              }
            ],
            "private_cluster_config": [],
            "project": "jk-mlops-dev",
            "release_channel": [
              {
                "channel": "REGULAR"
              }
            ],
            "remove_default_node_pool": false,
            "resource_labels": {
              "mesh_id": "proj-895222332033"
            },
            "resource_usage_export_config": [],
            "self_link": "https://container.googleapis.com/v1beta1/projects/jk-mlops-dev/zones/us-west1-a/clusters/gke-cluster-server",
            "services_ipv4_cidr": "10.16.0.0/20",
            "subnetwork": "projects/jk-mlops-dev/regions/us-west1/subnetworks/default",
            "timeouts": {
              "create": "45m",
              "delete": "45m",
              "read": null,
              "update": "45m"
            },
            "tpu_ipv4_cidr_block": "",
            "vertical_pod_autoscaling": [
              {
                "enabled": false
              }
            ],
            "workload_identity_config": [
              {
                "identity_namespace": "jk-mlops-dev.svc.id.goog"
              }
            ]
          },
          "sensitive_attributes": [],
          "private": "eyJlMmJmYjczMC1lY2FhLTExZTYtOGY4OC0zNDM2M2JjN2M0YzAiOnsiY3JlYXRlIjoyNzAwMDAwMDAwMDAwLCJkZWxldGUiOjI3MDAwMDAwMDAwMDAsInJlYWQiOjI0MDAwMDAwMDAwMDAsInVwZGF0ZSI6MjcwMDAwMDAwMDAwMH0sInNjaGVtYV92ZXJzaW9uIjoiMSJ9",
          "dependencies": [
            "data.google_client_config.current",
            "data.google_project.project",
            "module.project-services.google_project_service.project_services",
            "module.server-cluster.data.google_compute_zones.available",
            "module.server-cluster.data.google_container_engine_versions.region",
            "module.server-cluster.data.google_container_engine_versions.zone",
            "module.server-cluster.google_service_account.cluster_service_account",
            "module.server-cluster.random_shuffle.available_zones",
            "module.server-cluster.random_string.cluster_service_account_suffix"
          ]
        }
      ]
    },
    {
      "module": "module.server-cluster",
      "mode": "managed",
      "type": "google_container_node_pool",
      "name": "pools",
      "provider": "provider[\"registry.terraform.io/hashicorp/google-beta\"]",
      "instances": [
        {
          "index_key": "default-node-pool",
          "schema_version": 1,
          "attributes": {
            "autoscaling": [],
            "cluster": "gke-cluster-server",
            "id": "projects/jk-mlops-dev/locations/us-west1-a/clusters/gke-cluster-server/nodePools/default-node-pool",
            "initial_node_count": 1,
            "instance_group_urls": [
              "https://www.googleapis.com/compute/v1/projects/jk-mlops-dev/zones/us-west1-a/instanceGroupManagers/gke-gke-cluster-serv-default-node-poo-b3bc12eb-grp"
            ],
            "location": "us-west1-a",
            "management": [
              {
                "auto_repair": true,
                "auto_upgrade": true
              }
            ],
            "max_pods_per_node": 110,
            "name": "default-node-pool",
            "name_prefix": "",
            "node_config": [
              {
                "boot_disk_kms_key": "",
                "disk_size_gb": 100,
                "disk_type": "pd-standard",
                "guest_accelerator": [],
                "image_type": "COS",
                "kubelet_config": [],
                "labels": {
                  "cluster_name": "gke-cluster-server",
                  "node_pool": "default-node-pool"
                },
                "linux_node_config": [],
                "local_ssd_count": 0,
                "machine_type": "n1-standard-4",
                "metadata": {
                  "cluster_name": "gke-cluster-server",
                  "disable-legacy-endpoints": "true",
                  "node_pool": "default-node-pool"
                },
                "min_cpu_platform": "",
                "oauth_scopes": [
                  "https://www.googleapis.com/auth/cloud-platform"
                ],
                "preemptible": false,
                "sandbox_config": [],
                "service_account": "tf-gke-gke-cluster-ser-4uma@jk-mlops-dev.iam.gserviceaccount.com",
                "shielded_instance_config": [
                  {
                    "enable_integrity_monitoring": true,
                    "enable_secure_boot": false
                  }
                ],
                "tags": [
                  "gke-gke-cluster-server",
                  "gke-gke-cluster-server-default-node-pool"
                ],
                "taint": [],
                "workload_metadata_config": [
                  {
                    "node_metadata": "GKE_METADATA_SERVER"
                  }
                ]
              }
            ],
            "node_count": 1,
            "node_locations": [
              "us-west1-a"
            ],
            "project": "jk-mlops-dev",
            "timeouts": {
              "create": "45m",
              "delete": "45m",
              "update": "45m"
            },
            "upgrade_settings": [
              {
                "max_surge": 1,
                "max_unavailable": 0
              }
            ],
            "version": "1.18.12-gke.1210"
          },
          "sensitive_attributes": [],
          "private": "eyJlMmJmYjczMC1lY2FhLTExZTYtOGY4OC0zNDM2M2JjN2M0YzAiOnsiY3JlYXRlIjoyNzAwMDAwMDAwMDAwLCJkZWxldGUiOjI3MDAwMDAwMDAwMDAsInVwZGF0ZSI6MjcwMDAwMDAwMDAwMH0sInNjaGVtYV92ZXJzaW9uIjoiMSJ9",
          "dependencies": [
            "data.google_client_config.current",
            "data.google_project.project",
            "module.project-services.google_project_service.project_services",
            "module.server-cluster.data.google_compute_zones.available",
            "module.server-cluster.data.google_container_engine_versions.region",
            "module.server-cluster.data.google_container_engine_versions.zone",
            "module.server-cluster.google_container_cluster.primary",
            "module.server-cluster.google_service_account.cluster_service_account",
            "module.server-cluster.random_shuffle.available_zones",
            "module.server-cluster.random_string.cluster_service_account_suffix"
          ]
        }
      ]
    },
    {
      "module": "module.server-cluster",
      "mode": "managed",
      "type": "google_service_account",
      "name": "cluster_service_account",
      "provider": "provider[\"registry.terraform.io/hashicorp/google\"]",
      "instances": [
        {
          "index_key": 0,
          "schema_version": 0,
          "attributes": {
            "account_id": "tf-gke-gke-cluster-ser-4uma",
            "description": "",
            "display_name": "Terraform-managed service account for cluster gke-cluster-server",
            "email": "tf-gke-gke-cluster-ser-4uma@jk-mlops-dev.iam.gserviceaccount.com",
            "id": "projects/jk-mlops-dev/serviceAccounts/tf-gke-gke-cluster-ser-4uma@jk-mlops-dev.iam.gserviceaccount.com",
            "name": "projects/jk-mlops-dev/serviceAccounts/tf-gke-gke-cluster-ser-4uma@jk-mlops-dev.iam.gserviceaccount.com",
            "project": "jk-mlops-dev",
            "timeouts": null,
            "unique_id": "107074086802224002153"
          },
          "sensitive_attributes": [],
          "private": "eyJlMmJmYjczMC1lY2FhLTExZTYtOGY4OC0zNDM2M2JjN2M0YzAiOnsiY3JlYXRlIjozMDAwMDAwMDAwMDB9fQ==",
          "dependencies": [
            "data.google_client_config.current",
            "module.project-services.google_project_service.project_services",
            "module.server-cluster.random_string.cluster_service_account_suffix"
          ]
        }
      ]
    },
    {
      "module": "module.server-cluster",
      "mode": "managed",
      "type": "random_shuffle",
      "name": "available_zones",
      "provider": "provider[\"registry.terraform.io/hashicorp/random\"]",
      "instances": [
        {
          "schema_version": 0,
          "attributes": {
            "id": "-",
            "input": [
              "us-west1-a",
              "us-west1-b",
              "us-west1-c"
            ],
            "keepers": null,
            "result": [
              "us-west1-c",
              "us-west1-a",
              "us-west1-b"
            ],
            "result_count": 3,
            "seed": null
          },
          "sensitive_attributes": [],
          "private": "bnVsbA==",
          "dependencies": [
            "module.server-cluster.data.google_compute_zones.available"
          ]
        }
      ]
    },
    {
      "module": "module.server-cluster",
      "mode": "managed",
      "type": "random_string",
      "name": "cluster_service_account_suffix",
      "provider": "provider[\"registry.terraform.io/hashicorp/random\"]",
      "instances": [
        {
          "schema_version": 1,
          "attributes": {
            "id": "4uma",
            "keepers": null,
            "length": 4,
            "lower": true,
            "min_lower": 0,
            "min_numeric": 0,
            "min_special": 0,
            "min_upper": 0,
            "number": true,
            "override_special": null,
            "result": "4uma",
            "special": false,
            "upper": false
          },
          "sensitive_attributes": [],
          "private": "eyJzY2hlbWFfdmVyc2lvbiI6IjEifQ=="
        }
      ]
    }
  ]
}
