{
  "version": 4,
  "terraform_version": "0.14.7",
  "serial": 1472,
  "lineage": "8c3850ff-1fe3-3cab-273e-6d078c57db8e",
  "outputs": {},
  "resources": [
    {
      "mode": "data",
      "type": "google_client_config",
      "name": "current",
      "provider": "provider[\"registry.terraform.io/hashicorp/google\"]",
      "instances": [
        {
          "schema_version": 0,
          "attributes": {
            "access_token": "ya29.A0AfH6SMBkdixgQBtxi48yzgIej-R8JscPh9xaRGPi_w0kiQMP3HzZkjSSNX-m5Y8TaCICGbeD6dAgi21l6_1EjWjXtWpVHDXuq2QDr96HGiT7no-9AT-I-OLwJNGnPPqeFc8tTvjj0xZzvmdyFLRlQsHyFvyktUAmQivf1n0O5JLgxsexFyOlFIkDoqYPi8r2XYEIKgaRc3uItKVNeH8J254P5p034U1yQBCQtYbxZcPTOrE2YruVcK9PJyjcl57CZNeKRdQ7tg",
            "id": "projects/jk-mlops-dev/regions/us-west1/zones/",
            "project": "jk-mlops-dev",
            "region": "us-west1",
            "zone": ""
          },
          "sensitive_attributes": []
        }
      ]
    },
    {
      "mode": "data",
      "type": "google_project",
      "name": "project",
      "provider": "provider[\"registry.terraform.io/hashicorp/google\"]",
      "instances": [
        {
          "schema_version": 0,
          "attributes": {
            "auto_create_network": null,
            "billing_account": "010FB8-631655-447437",
            "folder_id": "",
            "id": "projects/jk-mlops-dev",
            "labels": {},
            "name": "jk-mlops-dev",
            "number": "895222332033",
            "org_id": "29428042487",
            "project_id": "jk-mlops-dev",
            "skip_delete": null
          },
          "sensitive_attributes": []
        }
      ]
    },
    {
      "module": "module.acm-clients[0].module.acm_operator",
      "mode": "data",
      "type": "template_file",
      "name": "k8sop_config",
      "provider": "provider[\"registry.terraform.io/hashicorp/template\"]",
      "instances": [
        {
          "schema_version": 0,
          "attributes": {
            "filename": null,
            "id": "b32c62cb39fd2b309fc5fcd6b2790721ac72409345fc98d8a3493ba069a9d79b",
            "rendered": "apiVersion: configmanagement.gke.io/v1\nkind: ConfigManagement\nmetadata:\n  name: config-management\nspec:\n  # clusterName is required and must be unique among all managed clusters\n  clusterName: gke-cluster-client-0\n  policyController:\n    enabled: true\n    templateLibraryInstalled: true\n    logDeniesEnabled: false\n  git:\n    syncRepo: https://github.com/jarokaz/tff/\n    secretType: ssh\n    policyDir: acm-dir\n    syncBranch: master\n  \n  \n",
            "template": "apiVersion: configmanagement.gke.io/v1\nkind: ConfigManagement\nmetadata:\n  name: config-management\nspec:\n  # clusterName is required and must be unique among all managed clusters\n  clusterName: ${cluster_name}\n  policyController:\n    enabled: ${enable_policy_controller}\n    templateLibraryInstalled: ${install_template_library}\n    logDeniesEnabled: ${enable_log_denies}\n  git:\n    syncRepo: ${sync_repo}\n    secretType: ${secret_type}\n    ${policy_dir_node}\n    ${sync_branch_node}\n  ${source_format_node}\n  ${hierarchy_controller_map_node}\n",
            "vars": {
              "cluster_name": "gke-cluster-client-0",
              "enable_log_denies": "false",
              "enable_policy_controller": "true",
              "hierarchy_controller_map_node": "",
              "install_template_library": "true",
              "policy_dir_node": "policyDir: acm-dir",
              "secret_type": "ssh",
              "source_format_node": "",
              "sync_branch_node": "syncBranch: master",
              "sync_repo": "https://github.com/jarokaz/tff/"
            }
          },
          "sensitive_attributes": []
        }
      ]
    },
    {
      "module": "module.acm-clients[0].module.acm_operator",
      "mode": "managed",
      "type": "tls_private_key",
      "name": "k8sop_creds",
      "provider": "provider[\"registry.terraform.io/hashicorp/tls\"]",
      "instances": [
        {
          "index_key": 0,
          "schema_version": 0,
          "attributes": {
            "algorithm": "RSA",
            "ecdsa_curve": "P224",
            "id": "b44530902cfd647a7d6afb4785a79b8bc59c317a",
            "private_key_pem": "-----BEGIN RSA PRIVATE KEY-----\nMIIJKQIBAAKCAgEAsbFb0JUns38Blh8LtUgG++QecRITpANkAKqcje71uH3AH14H\nNGVcBlpCeZEmi1tw1UPQ5UD+btZJfl1ckYWDccFREXb6nFMvm1fvqg37QKQWM/FM\n/1+EuTCgNRTrKvDOsTCzKJBx9/KdVHCYlaMldYLc8qvmzRYs0trYblusPkpuV46i\n+SPJBsWRXf7sT2ELjQKl9Nc8tMYhtNVGoxlQBSe7+maq6Bk3pAv40ivgEwGZo5SX\nTYv4elLML18MQcEPJ0x7SWdsZ27EuefVrG7RKHxt53OC8EXzZ6VmyM740MxW2QdI\nKFA7E0i4SwDl4UF4dHjkF4KpyhXtj/NpdezJDpvA9WeWTskTMXPU7ldeioHzI+WM\n3dUnT3aHWwX9rRiQf2TTN6LkJJsQoUHuh/5TdHoIyFttxLfz+AcgkijtIJfCdy4I\nSAi6+XWExiAtAA9yj4um8vy/gKRyn7LlwQIl6OUDPo16kSzZtiRBM9YhkC877t7j\nhyRvUAD4m37ElEWo6DqbyKYKtc4QLLaKcty4LO09Ei6jPIN9bXA6EzQXrlOpmDFq\nLV1bC9MW08+upJJnn8rLGFqGx39rYE0udm4691Z/MxlAntCM4AG9Oe1BbfXH+wzv\nhTC549gxnhxVsy2LNjdhK8elAoZh/hxJJXzJrSIJRHMKwnI94rJr/EK1jvMCAwEA\nAQKCAgEAizoibJ5Ryyyae5u7usDC6B7nU0UMqpgVhQgpPnSbh4DQRkOQdZdtsXSL\nXWFDyDFPiWpnhRmVwhaY4zAX1dW9FiaYdIy69D2hsaAHI0FtOkrXMr/Ayt92yPu2\nq6DGWpDwApnb5s623cX1TDIk/ComsZplsKbMYqkbWeMrbdzaarw7FNOoEnndizbG\nHdYeJlwthsEqc1sqL6KGyn/JpwWwUzm86ggDpXQMyrausU67dWjtjuRgYNxpRr8V\nSZC5s9OnIe2lM/CbWbfK4LcsDr2NmKFWI+G4GLdWbkGE9ZZmEoPpEIfKG/wxLXzv\nGaWMeSCpVulaHqm8i6D+0KmyWjm7li291IJsVcVTGnI8U4wKMHGoJCP5cXzJsdvY\noD5LLihLYF63E0uy5fzoWU6/7Oi4Ux52PqYlrYlB9nCLm5JVjv4lcrDUtWBTrEdx\n6xZQsMI1MfPJLUbga3P0q/Kh1Jej7OVTzfBFEnhj3UNwEKbUsQHH72xrJxfHYr4w\nqBIATrZKou95KkO8ZsKy8+BqWWhLuA+bIyEDGH83cSncW+taLwilLB5vQjyrzD2e\nkMyWBUqF07nIG17ItWcqdgqgWv/wSxaX2Vfg9HWGUNgTGI6LotbsTIPcs9XHoPEZ\ns37pkAwSOUdWSvB5+yu5eIiLc9VaVcGtRs91WfSVhlMcef56AOECggEBAONfJq3x\nNam7u+3a+oO/A4lzVSXBKQZiI5sbTjaLIQCUWrGY62bI+Oj9wDiskgBOhU3HNEhk\nn3JkoIZX59RiYFzdLPfHc8vvwTOEZCBRO2y5H6/crpuqGBz6zyUBhoTytrGWiA80\nQovBWYFgoB0DWX5itpP5CZmBZre+ahIITeFhROdLGOANIaXf7zLzMrmVj3Nj1c0Z\npxq5xj7ccZGV9jMb5xKyvmV586JAMcd+hT3uuD+renLI52wiP7o4ogwfW2fiJ4Hz\nl8BfpLCboV6pdqKfVFyqzGu0Te573g4/vL30PzyZNNG+wxf0aC2eAz7pi6NOtyUK\nGdZsFXUr0RM0zUkCggEBAMgQ6ctrKrj6J1DWk8GbdOyhj0tmGL5m+Vt8BdYPmtfV\nz/U6Je7hpAtCwfi/9qWpdorXnQGYXhm9pc0XDhuz7wEnEq7nHGGFXxGK39l98pYm\nxA6V7NXffBHuhwDTbnq5gooMISaBuCmsYUQjXvQHWfcRbd+3l4q3so752asmlHhQ\nfGYhKsnbG3SBm+kfSvjnP04kAM4HSa32O6bBFMTYeSCpga5Rpfet/+ejimAi3y9n\nwON+1QTyHH+6h2rV+Y2Ivoa7rQT6Y1SaM1u4c2hazGNJLbtrcJlAsuT17eCxiDXt\nYoRKV2JbaAORY7WYhDNgHEAWSm/aQ5hNbMxydz955lsCggEAHofISdL5wbDTqzyc\nJtSfRPWXmVo2iATlgw5HkktcQxeolfBSq5qQ0bhA91s0v5XLkIYPHyljv5iDdYaY\nOox7I/0O7LZ7dgbbim9cgnpl4FN7TcH0MDLGyh1jczShO3jbzzzHSENcLCfqPNUc\nqsioW7Alk/j8sQAPKt0GoSU8T+cfuW78CBm7Suqm09CUHxdWC8h8DO5E4fHQDODM\n3x+jz3kPrhMSPc4CSOcVyBPVEFvdoa8E4iTX7k0rAXZZTAdp3qkfZPOwjMRK+Ovs\n3ykiJPP///FvQYcUb9FyH7evQFJrq1dnIELdL3pCAt4U0X3KokMPlImmroQU3Ybk\nrA+LAQKCAQA59LRVijj5FvZWs6Jf/pGzjuW82NmoJpprxxTFuwWHKtgwWOTuO41S\n+cbJMYrY2KuPcwB3mtT/rfGe5OPgYJKHCfOemTKeiY1NvqY0Egk5OAeplgLivffq\nFegj9BvYD29iYDsmNYPNBrOyknCKTqrgKLtkiIGs3KQsSPKmYum1pNM0nr0PdpqQ\neI9azAbi7dJn54QYKwJME72aA+rpTzBfptr7TYm/ozczuit2yANRb0PwYyiAY0ag\nNb/O0ieVuZw/2ZQ4kfQ+aOEh2+AKxerZhDRsS6Z1rslkDF4ZrjQgMyFL42FHC+Wo\nyvBQhdseKuRkKFDt8BOOxjcTTsF+sOhrAoIBAQCoGLjACfp+TPgiUEUdeSXzlYVJ\ny9wvyALOAVl4rrOV11WBe7oA1XephX3YpaZEtXnV8hty8+sRxEjEm8Ok1girGvef\n0M3hOqUESPwsSJ32Oq91epA+tlvLxqlpaj2RvAhrAPz4EMzw0k14RpmjYwD1vtBz\no6WqTjvZ3GURMtWzp4222Cc7rAOzHW6svqEE8Ef/rKnQTLX8docAAhl0Yr+DJFF6\nCQmxpVZFNocbCCKb0PVuX7F3IjBVW3gaeWwYc/JRaNVI2VWS4LeHIulWVwv3aJgt\nrHWO09fmJ0J87wIApAkjKDUBWGJ++upThY/OE9klh9d/WXynQXUFsm/RYA/V\n-----END RSA PRIVATE KEY-----\n",
            "public_key_fingerprint_md5": "ff:53:d2:0d:a6:4d:44:c7:ee:95:85:67:2c:80:b1:4c",
            "public_key_openssh": "ssh-rsa AAAAB3NzaC1yc2EAAAADAQABAAACAQCxsVvQlSezfwGWHwu1SAb75B5xEhOkA2QAqpyN7vW4fcAfXgc0ZVwGWkJ5kSaLW3DVQ9DlQP5u1kl+XVyRhYNxwVERdvqcUy+bV++qDftApBYz8Uz/X4S5MKA1FOsq8M6xMLMokHH38p1UcJiVoyV1gtzyq+bNFizS2thuW6w+Sm5XjqL5I8kGxZFd/uxPYQuNAqX01zy0xiG01UajGVAFJ7v6ZqroGTekC/jSK+ATAZmjlJdNi/h6UswvXwxBwQ8nTHtJZ2xnbsS559WsbtEofG3nc4LwRfNnpWbIzvjQzFbZB0goUDsTSLhLAOXhQXh0eOQXgqnKFe2P82l17MkOm8D1Z5ZOyRMxc9TuV16KgfMj5Yzd1SdPdodbBf2tGJB/ZNM3ouQkmxChQe6H/lN0egjIW23Et/P4ByCSKO0gl8J3LghICLr5dYTGIC0AD3KPi6by/L+ApHKfsuXBAiXo5QM+jXqRLNm2JEEz1iGQLzvu3uOHJG9QAPibfsSURajoOpvIpgq1zhAstopy3Lgs7T0SLqM8g31tcDoTNBeuU6mYMWotXVsL0xbTz66kkmefyssYWobHf2tgTS52bjr3Vn8zGUCe0IzgAb057UFt9cf7DO+FMLnj2DGeHFWzLYs2N2Erx6UChmH+HEklfMmtIglEcwrCcj3ismv8QrWO8w==\n",
            "public_key_pem": "-----BEGIN PUBLIC KEY-----\nMIICIjANBgkqhkiG9w0BAQEFAAOCAg8AMIICCgKCAgEAsbFb0JUns38Blh8LtUgG\n++QecRITpANkAKqcje71uH3AH14HNGVcBlpCeZEmi1tw1UPQ5UD+btZJfl1ckYWD\nccFREXb6nFMvm1fvqg37QKQWM/FM/1+EuTCgNRTrKvDOsTCzKJBx9/KdVHCYlaMl\ndYLc8qvmzRYs0trYblusPkpuV46i+SPJBsWRXf7sT2ELjQKl9Nc8tMYhtNVGoxlQ\nBSe7+maq6Bk3pAv40ivgEwGZo5SXTYv4elLML18MQcEPJ0x7SWdsZ27EuefVrG7R\nKHxt53OC8EXzZ6VmyM740MxW2QdIKFA7E0i4SwDl4UF4dHjkF4KpyhXtj/NpdezJ\nDpvA9WeWTskTMXPU7ldeioHzI+WM3dUnT3aHWwX9rRiQf2TTN6LkJJsQoUHuh/5T\ndHoIyFttxLfz+AcgkijtIJfCdy4ISAi6+XWExiAtAA9yj4um8vy/gKRyn7LlwQIl\n6OUDPo16kSzZtiRBM9YhkC877t7jhyRvUAD4m37ElEWo6DqbyKYKtc4QLLaKcty4\nLO09Ei6jPIN9bXA6EzQXrlOpmDFqLV1bC9MW08+upJJnn8rLGFqGx39rYE0udm46\n91Z/MxlAntCM4AG9Oe1BbfXH+wzvhTC549gxnhxVsy2LNjdhK8elAoZh/hxJJXzJ\nrSIJRHMKwnI94rJr/EK1jvMCAwEAAQ==\n-----END PUBLIC KEY-----\n",
            "rsa_bits": 4096
          },
          "sensitive_attributes": [],
          "private": "bnVsbA=="
        }
      ]
    },
    {
      "module": "module.acm-clients[0].module.acm_operator.module.k8s_operator.module.gcloud_kubectl",
      "mode": "data",
      "type": "external",
      "name": "env_override",
      "provider": "provider[\"registry.terraform.io/hashicorp/external\"]",
      "instances": [
        {
          "index_key": 0,
          "schema_version": 0,
          "attributes": {
            "id": "-",
            "program": [
              ".terraform/modules/acm-clients.acm_operator.k8s_operator/terraform-google-gcloud-2.0.3/scripts/check_env.sh"
            ],
            "query": null,
            "result": {
              "download": ""
            },
            "working_dir": null
          },
          "sensitive_attributes": []
        }
      ]
    },
    {
      "module": "module.acm-clients[0].module.acm_operator.module.k8s_operator.module.gcloud_kubectl",
      "mode": "managed",
      "type": "null_resource",
      "name": "additional_components",
      "provider": "provider[\"registry.terraform.io/hashicorp/null\"]",
      "instances": [
        {
          "index_key": 0,
          "schema_version": 0,
          "attributes": {
            "id": "2485665750704317559",
            "triggers": {
              "additional_components_command": ".terraform/modules/acm-clients.acm_operator.k8s_operator/terraform-google-gcloud-2.0.3/scripts/check_components.sh gcloud kubectl",
              "arguments": "34eb37ff715980fe0fe08cb033488df9",
              "md5": "352ffea85252263f4f6b54fa4bb8ffb3"
            }
          },
          "sensitive_attributes": [],
          "private": "bnVsbA==",
          "dependencies": [
            "data.google_client_config.current",
            "data.google_project.project",
            "module.acm-clients.module.acm_operator.module.k8s_operator.module.gcloud_kubectl.data.external.env_override",
            "module.acm-clients.module.acm_operator.module.k8s_operator.module.gcloud_kubectl.null_resource.upgrade",
            "module.acm-clients.module.acm_operator.module.k8s_operator.module.gcloud_kubectl.random_id.cache",
            "module.client-clusters.data.google_client_config.default",
            "module.client-clusters.data.google_compute_subnetwork.gke_subnetwork",
            "module.client-clusters.data.google_compute_zones.available",
            "module.client-clusters.data.google_container_engine_versions.region",
            "module.client-clusters.data.google_container_engine_versions.zone",
            "module.client-clusters.google_compute_firewall.intra_egress",
            "module.client-clusters.google_compute_firewall.master_webhooks",
            "module.client-clusters.google_compute_firewall.shadow_allow_master",
            "module.client-clusters.google_compute_firewall.shadow_allow_nodes",
            "module.client-clusters.google_compute_firewall.shadow_allow_pods",
            "module.client-clusters.google_container_cluster.primary",
            "module.client-clusters.google_container_node_pool.pools",
            "module.client-clusters.google_project_iam_member.cluster_service_account-artifact-registry",
            "module.client-clusters.google_project_iam_member.cluster_service_account-gcr",
            "module.client-clusters.google_project_iam_member.cluster_service_account-log_writer",
            "module.client-clusters.google_project_iam_member.cluster_service_account-metric_writer",
            "module.client-clusters.google_project_iam_member.cluster_service_account-monitoring_viewer",
            "module.client-clusters.google_project_iam_member.cluster_service_account-resourceMetadata-writer",
            "module.client-clusters.google_service_account.cluster_service_account",
            "module.client-clusters.kubernetes_config_map.ip-masq-agent",
            "module.client-clusters.kubernetes_config_map.kube-dns",
            "module.client-clusters.kubernetes_config_map.kube-dns-upstream-nameservers-and-stub-domains",
            "module.client-clusters.kubernetes_config_map.kube-dns-upstream-namservers",
            "module.client-clusters.module.gcloud_delete_default_kube_dns_configmap.module.gcloud_kubectl.data.external.env_override",
            "module.client-clusters.module.gcloud_delete_default_kube_dns_configmap.module.gcloud_kubectl.null_resource.additional_components",
            "module.client-clusters.module.gcloud_delete_default_kube_dns_configmap.module.gcloud_kubectl.null_resource.additional_components_destroy",
            "module.client-clusters.module.gcloud_delete_default_kube_dns_configmap.module.gcloud_kubectl.null_resource.decompress",
            "module.client-clusters.module.gcloud_delete_default_kube_dns_configmap.module.gcloud_kubectl.null_resource.decompress_destroy",
            "module.client-clusters.module.gcloud_delete_default_kube_dns_configmap.module.gcloud_kubectl.null_resource.download_gcloud",
            "module.client-clusters.module.gcloud_delete_default_kube_dns_configmap.module.gcloud_kubectl.null_resource.download_jq",
            "module.client-clusters.module.gcloud_delete_default_kube_dns_configmap.module.gcloud_kubectl.null_resource.gcloud_auth_google_credentials",
            "module.client-clusters.module.gcloud_delete_default_kube_dns_configmap.module.gcloud_kubectl.null_resource.gcloud_auth_google_credentials_destroy",
            "module.client-clusters.module.gcloud_delete_default_kube_dns_configmap.module.gcloud_kubectl.null_resource.gcloud_auth_service_account_key_file",
            "module.client-clusters.module.gcloud_delete_default_kube_dns_configmap.module.gcloud_kubectl.null_resource.gcloud_auth_service_account_key_file_destroy",
            "module.client-clusters.module.gcloud_delete_default_kube_dns_configmap.module.gcloud_kubectl.null_resource.module_depends_on",
            "module.client-clusters.module.gcloud_delete_default_kube_dns_configmap.module.gcloud_kubectl.null_resource.prepare_cache",
            "module.client-clusters.module.gcloud_delete_default_kube_dns_configmap.module.gcloud_kubectl.null_resource.run_command",
            "module.client-clusters.module.gcloud_delete_default_kube_dns_configmap.module.gcloud_kubectl.null_resource.run_destroy_command",
            "module.client-clusters.module.gcloud_delete_default_kube_dns_configmap.module.gcloud_kubectl.null_resource.upgrade",
            "module.client-clusters.module.gcloud_delete_default_kube_dns_configmap.module.gcloud_kubectl.null_resource.upgrade_destroy",
            "module.client-clusters.module.gcloud_delete_default_kube_dns_configmap.module.gcloud_kubectl.random_id.cache",
            "module.client-clusters.random_shuffle.available_zones",
            "module.client-clusters.random_string.cluster_service_account_suffix",
            "module.project-services.google_project_service.project_services"
          ]
        }
      ]
    },
    {
      "module": "module.acm-clients[0].module.acm_operator.module.k8s_operator.module.gcloud_kubectl",
      "mode": "managed",
      "type": "null_resource",
      "name": "module_depends_on",
      "provider": "provider[\"registry.terraform.io/hashicorp/null\"]",
      "instances": [
        {
          "index_key": 0,
          "schema_version": 0,
          "attributes": {
            "id": "6511401038076895773",
            "triggers": {
              "value": "2"
            }
          },
          "sensitive_attributes": [
            [
              {
                "type": "get_attr",
                "value": "triggers"
              },
              {
                "type": "index",
                "value": {
                  "value": "value",
                  "type": "string"
                }
              }
            ]
          ],
          "private": "bnVsbA==",
          "dependencies": [
            "data.google_client_config.current",
            "data.google_project.project",
            "module.acm-clients.module.acm_operator.module.k8sop_manifest.null_resource.additional_components",
            "module.acm-clients.module.acm_operator.module.k8sop_manifest.null_resource.gcloud_auth_google_credentials",
            "module.acm-clients.module.acm_operator.module.k8sop_manifest.null_resource.gcloud_auth_service_account_key_file",
            "module.acm-clients.module.acm_operator.module.k8sop_manifest.null_resource.run_command",
            "module.acm-clients.module.acm_operator.module.k8sop_manifest.null_resource.run_destroy_command",
            "module.client-clusters.data.google_client_config.default",
            "module.client-clusters.data.google_compute_subnetwork.gke_subnetwork",
            "module.client-clusters.data.google_compute_zones.available",
            "module.client-clusters.data.google_container_engine_versions.region",
            "module.client-clusters.data.google_container_engine_versions.zone",
            "module.client-clusters.google_compute_firewall.intra_egress",
            "module.client-clusters.google_compute_firewall.master_webhooks",
            "module.client-clusters.google_compute_firewall.shadow_allow_master",
            "module.client-clusters.google_compute_firewall.shadow_allow_nodes",
            "module.client-clusters.google_compute_firewall.shadow_allow_pods",
            "module.client-clusters.google_container_cluster.primary",
            "module.client-clusters.google_container_node_pool.pools",
            "module.client-clusters.google_project_iam_member.cluster_service_account-artifact-registry",
            "module.client-clusters.google_project_iam_member.cluster_service_account-gcr",
            "module.client-clusters.google_project_iam_member.cluster_service_account-log_writer",
            "module.client-clusters.google_project_iam_member.cluster_service_account-metric_writer",
            "module.client-clusters.google_project_iam_member.cluster_service_account-monitoring_viewer",
            "module.client-clusters.google_project_iam_member.cluster_service_account-resourceMetadata-writer",
            "module.client-clusters.google_service_account.cluster_service_account",
            "module.client-clusters.kubernetes_config_map.ip-masq-agent",
            "module.client-clusters.kubernetes_config_map.kube-dns",
            "module.client-clusters.kubernetes_config_map.kube-dns-upstream-nameservers-and-stub-domains",
            "module.client-clusters.kubernetes_config_map.kube-dns-upstream-namservers",
            "module.client-clusters.module.gcloud_delete_default_kube_dns_configmap.module.gcloud_kubectl.data.external.env_override",
            "module.client-clusters.module.gcloud_delete_default_kube_dns_configmap.module.gcloud_kubectl.null_resource.additional_components",
            "module.client-clusters.module.gcloud_delete_default_kube_dns_configmap.module.gcloud_kubectl.null_resource.additional_components_destroy",
            "module.client-clusters.module.gcloud_delete_default_kube_dns_configmap.module.gcloud_kubectl.null_resource.decompress",
            "module.client-clusters.module.gcloud_delete_default_kube_dns_configmap.module.gcloud_kubectl.null_resource.decompress_destroy",
            "module.client-clusters.module.gcloud_delete_default_kube_dns_configmap.module.gcloud_kubectl.null_resource.download_gcloud",
            "module.client-clusters.module.gcloud_delete_default_kube_dns_configmap.module.gcloud_kubectl.null_resource.download_jq",
            "module.client-clusters.module.gcloud_delete_default_kube_dns_configmap.module.gcloud_kubectl.null_resource.gcloud_auth_google_credentials",
            "module.client-clusters.module.gcloud_delete_default_kube_dns_configmap.module.gcloud_kubectl.null_resource.gcloud_auth_google_credentials_destroy",
            "module.client-clusters.module.gcloud_delete_default_kube_dns_configmap.module.gcloud_kubectl.null_resource.gcloud_auth_service_account_key_file",
            "module.client-clusters.module.gcloud_delete_default_kube_dns_configmap.module.gcloud_kubectl.null_resource.gcloud_auth_service_account_key_file_destroy",
            "module.client-clusters.module.gcloud_delete_default_kube_dns_configmap.module.gcloud_kubectl.null_resource.module_depends_on",
            "module.client-clusters.module.gcloud_delete_default_kube_dns_configmap.module.gcloud_kubectl.null_resource.prepare_cache",
            "module.client-clusters.module.gcloud_delete_default_kube_dns_configmap.module.gcloud_kubectl.null_resource.run_command",
            "module.client-clusters.module.gcloud_delete_default_kube_dns_configmap.module.gcloud_kubectl.null_resource.run_destroy_command",
            "module.client-clusters.module.gcloud_delete_default_kube_dns_configmap.module.gcloud_kubectl.null_resource.upgrade",
            "module.client-clusters.module.gcloud_delete_default_kube_dns_configmap.module.gcloud_kubectl.null_resource.upgrade_destroy",
            "module.client-clusters.module.gcloud_delete_default_kube_dns_configmap.module.gcloud_kubectl.random_id.cache",
            "module.client-clusters.random_shuffle.available_zones",
            "module.client-clusters.random_string.cluster_service_account_suffix",
            "module.project-services.google_project_service.project_services"
          ]
        }
      ]
    },
    {
      "module": "module.acm-clients[0].module.acm_operator.module.k8s_operator.module.gcloud_kubectl",
      "mode": "managed",
      "type": "null_resource",
      "name": "run_command",
      "provider": "provider[\"registry.terraform.io/hashicorp/null\"]",
      "instances": [
        {
          "index_key": 0,
          "schema_version": 0,
          "attributes": {
            "id": "6786391536466949010",
            "triggers": {
              "arguments": "34eb37ff715980fe0fe08cb033488df9",
              "create_cmd_body": "gke-cluster-client-0 us-west1-a jk-mlops-dev false false kubectl apply -f config-management-operator.yaml",
              "create_cmd_entrypoint": ".terraform/modules/acm-clients.acm_operator.k8s_operator/terraform-google-gcloud-2.0.3/modules/kubectl-wrapper/scripts/kubectl_wrapper.sh",
              "gcloud_bin_abs_path": "/google-cloud-sdk/bin",
              "md5": "352ffea85252263f4f6b54fa4bb8ffb3"
            }
          },
          "sensitive_attributes": [],
          "private": "bnVsbA==",
          "dependencies": [
            "data.google_client_config.current",
            "data.google_project.project",
            "module.acm-clients.module.acm_operator.module.k8s_operator.module.gcloud_kubectl.data.external.env_override",
            "module.acm-clients.module.acm_operator.module.k8s_operator.module.gcloud_kubectl.null_resource.additional_components",
            "module.acm-clients.module.acm_operator.module.k8s_operator.module.gcloud_kubectl.null_resource.decompress",
            "module.acm-clients.module.acm_operator.module.k8s_operator.module.gcloud_kubectl.null_resource.gcloud_auth_google_credentials",
            "module.acm-clients.module.acm_operator.module.k8s_operator.module.gcloud_kubectl.null_resource.gcloud_auth_service_account_key_file",
            "module.acm-clients.module.acm_operator.module.k8s_operator.module.gcloud_kubectl.null_resource.module_depends_on",
            "module.acm-clients.module.acm_operator.module.k8s_operator.module.gcloud_kubectl.null_resource.upgrade",
            "module.acm-clients.module.acm_operator.module.k8s_operator.module.gcloud_kubectl.random_id.cache",
            "module.acm-clients.module.acm_operator.module.k8sop_manifest.null_resource.additional_components",
            "module.acm-clients.module.acm_operator.module.k8sop_manifest.null_resource.gcloud_auth_google_credentials",
            "module.acm-clients.module.acm_operator.module.k8sop_manifest.null_resource.gcloud_auth_service_account_key_file",
            "module.acm-clients.module.acm_operator.module.k8sop_manifest.null_resource.run_command",
            "module.acm-clients.module.acm_operator.module.k8sop_manifest.null_resource.run_destroy_command",
            "module.client-clusters.data.google_client_config.default",
            "module.client-clusters.data.google_compute_subnetwork.gke_subnetwork",
            "module.client-clusters.data.google_compute_zones.available",
            "module.client-clusters.data.google_container_engine_versions.region",
            "module.client-clusters.data.google_container_engine_versions.zone",
            "module.client-clusters.google_compute_firewall.intra_egress",
            "module.client-clusters.google_compute_firewall.master_webhooks",
            "module.client-clusters.google_compute_firewall.shadow_allow_master",
            "module.client-clusters.google_compute_firewall.shadow_allow_nodes",
            "module.client-clusters.google_compute_firewall.shadow_allow_pods",
            "module.client-clusters.google_container_cluster.primary",
            "module.client-clusters.google_container_node_pool.pools",
            "module.client-clusters.google_project_iam_member.cluster_service_account-artifact-registry",
            "module.client-clusters.google_project_iam_member.cluster_service_account-gcr",
            "module.client-clusters.google_project_iam_member.cluster_service_account-log_writer",
            "module.client-clusters.google_project_iam_member.cluster_service_account-metric_writer",
            "module.client-clusters.google_project_iam_member.cluster_service_account-monitoring_viewer",
            "module.client-clusters.google_project_iam_member.cluster_service_account-resourceMetadata-writer",
            "module.client-clusters.google_service_account.cluster_service_account",
            "module.client-clusters.kubernetes_config_map.ip-masq-agent",
            "module.client-clusters.kubernetes_config_map.kube-dns",
            "module.client-clusters.kubernetes_config_map.kube-dns-upstream-nameservers-and-stub-domains",
            "module.client-clusters.kubernetes_config_map.kube-dns-upstream-namservers",
            "module.client-clusters.module.gcloud_delete_default_kube_dns_configmap.module.gcloud_kubectl.data.external.env_override",
            "module.client-clusters.module.gcloud_delete_default_kube_dns_configmap.module.gcloud_kubectl.null_resource.additional_components",
            "module.client-clusters.module.gcloud_delete_default_kube_dns_configmap.module.gcloud_kubectl.null_resource.additional_components_destroy",
            "module.client-clusters.module.gcloud_delete_default_kube_dns_configmap.module.gcloud_kubectl.null_resource.decompress",
            "module.client-clusters.module.gcloud_delete_default_kube_dns_configmap.module.gcloud_kubectl.null_resource.decompress_destroy",
            "module.client-clusters.module.gcloud_delete_default_kube_dns_configmap.module.gcloud_kubectl.null_resource.download_gcloud",
            "module.client-clusters.module.gcloud_delete_default_kube_dns_configmap.module.gcloud_kubectl.null_resource.download_jq",
            "module.client-clusters.module.gcloud_delete_default_kube_dns_configmap.module.gcloud_kubectl.null_resource.gcloud_auth_google_credentials",
            "module.client-clusters.module.gcloud_delete_default_kube_dns_configmap.module.gcloud_kubectl.null_resource.gcloud_auth_google_credentials_destroy",
            "module.client-clusters.module.gcloud_delete_default_kube_dns_configmap.module.gcloud_kubectl.null_resource.gcloud_auth_service_account_key_file",
            "module.client-clusters.module.gcloud_delete_default_kube_dns_configmap.module.gcloud_kubectl.null_resource.gcloud_auth_service_account_key_file_destroy",
            "module.client-clusters.module.gcloud_delete_default_kube_dns_configmap.module.gcloud_kubectl.null_resource.module_depends_on",
            "module.client-clusters.module.gcloud_delete_default_kube_dns_configmap.module.gcloud_kubectl.null_resource.prepare_cache",
            "module.client-clusters.module.gcloud_delete_default_kube_dns_configmap.module.gcloud_kubectl.null_resource.run_command",
            "module.client-clusters.module.gcloud_delete_default_kube_dns_configmap.module.gcloud_kubectl.null_resource.run_destroy_command",
            "module.client-clusters.module.gcloud_delete_default_kube_dns_configmap.module.gcloud_kubectl.null_resource.upgrade",
            "module.client-clusters.module.gcloud_delete_default_kube_dns_configmap.module.gcloud_kubectl.null_resource.upgrade_destroy",
            "module.client-clusters.module.gcloud_delete_default_kube_dns_configmap.module.gcloud_kubectl.random_id.cache",
            "module.client-clusters.random_shuffle.available_zones",
            "module.client-clusters.random_string.cluster_service_account_suffix",
            "module.project-services.google_project_service.project_services"
          ]
        }
      ]
    },
    {
      "module": "module.acm-clients[0].module.acm_operator.module.k8s_operator.module.gcloud_kubectl",
      "mode": "managed",
      "type": "null_resource",
      "name": "run_destroy_command",
      "provider": "provider[\"registry.terraform.io/hashicorp/null\"]",
      "instances": [
        {
          "index_key": 0,
          "schema_version": 0,
          "attributes": {
            "id": "3405666491701075460",
            "triggers": {
              "destroy_cmd_body": "gke-cluster-client-0 us-west1-a jk-mlops-dev false false kubectl delete -f config-management-operator.yaml",
              "destroy_cmd_entrypoint": ".terraform/modules/acm-clients.acm_operator.k8s_operator/terraform-google-gcloud-2.0.3/modules/kubectl-wrapper/scripts/kubectl_wrapper.sh",
              "gcloud_bin_abs_path": "/google-cloud-sdk/bin"
            }
          },
          "sensitive_attributes": [],
          "private": "bnVsbA==",
          "dependencies": [
            "data.google_client_config.current",
            "data.google_project.project",
            "module.acm-clients.module.acm_operator.module.k8s_operator.module.gcloud_kubectl.data.external.env_override",
            "module.acm-clients.module.acm_operator.module.k8s_operator.module.gcloud_kubectl.null_resource.additional_components",
            "module.acm-clients.module.acm_operator.module.k8s_operator.module.gcloud_kubectl.null_resource.decompress",
            "module.acm-clients.module.acm_operator.module.k8s_operator.module.gcloud_kubectl.null_resource.gcloud_auth_google_credentials",
            "module.acm-clients.module.acm_operator.module.k8s_operator.module.gcloud_kubectl.null_resource.gcloud_auth_service_account_key_file",
            "module.acm-clients.module.acm_operator.module.k8s_operator.module.gcloud_kubectl.null_resource.module_depends_on",
            "module.acm-clients.module.acm_operator.module.k8s_operator.module.gcloud_kubectl.null_resource.upgrade",
            "module.acm-clients.module.acm_operator.module.k8s_operator.module.gcloud_kubectl.random_id.cache",
            "module.acm-clients.module.acm_operator.module.k8sop_manifest.null_resource.additional_components",
            "module.acm-clients.module.acm_operator.module.k8sop_manifest.null_resource.gcloud_auth_google_credentials",
            "module.acm-clients.module.acm_operator.module.k8sop_manifest.null_resource.gcloud_auth_service_account_key_file",
            "module.acm-clients.module.acm_operator.module.k8sop_manifest.null_resource.run_command",
            "module.acm-clients.module.acm_operator.module.k8sop_manifest.null_resource.run_destroy_command",
            "module.client-clusters.data.google_client_config.default",
            "module.client-clusters.data.google_compute_subnetwork.gke_subnetwork",
            "module.client-clusters.data.google_compute_zones.available",
            "module.client-clusters.data.google_container_engine_versions.region",
            "module.client-clusters.data.google_container_engine_versions.zone",
            "module.client-clusters.google_compute_firewall.intra_egress",
            "module.client-clusters.google_compute_firewall.master_webhooks",
            "module.client-clusters.google_compute_firewall.shadow_allow_master",
            "module.client-clusters.google_compute_firewall.shadow_allow_nodes",
            "module.client-clusters.google_compute_firewall.shadow_allow_pods",
            "module.client-clusters.google_container_cluster.primary",
            "module.client-clusters.google_container_node_pool.pools",
            "module.client-clusters.google_project_iam_member.cluster_service_account-artifact-registry",
            "module.client-clusters.google_project_iam_member.cluster_service_account-gcr",
            "module.client-clusters.google_project_iam_member.cluster_service_account-log_writer",
            "module.client-clusters.google_project_iam_member.cluster_service_account-metric_writer",
            "module.client-clusters.google_project_iam_member.cluster_service_account-monitoring_viewer",
            "module.client-clusters.google_project_iam_member.cluster_service_account-resourceMetadata-writer",
            "module.client-clusters.google_service_account.cluster_service_account",
            "module.client-clusters.kubernetes_config_map.ip-masq-agent",
            "module.client-clusters.kubernetes_config_map.kube-dns",
            "module.client-clusters.kubernetes_config_map.kube-dns-upstream-nameservers-and-stub-domains",
            "module.client-clusters.kubernetes_config_map.kube-dns-upstream-namservers",
            "module.client-clusters.module.gcloud_delete_default_kube_dns_configmap.module.gcloud_kubectl.data.external.env_override",
            "module.client-clusters.module.gcloud_delete_default_kube_dns_configmap.module.gcloud_kubectl.null_resource.additional_components",
            "module.client-clusters.module.gcloud_delete_default_kube_dns_configmap.module.gcloud_kubectl.null_resource.additional_components_destroy",
            "module.client-clusters.module.gcloud_delete_default_kube_dns_configmap.module.gcloud_kubectl.null_resource.decompress",
            "module.client-clusters.module.gcloud_delete_default_kube_dns_configmap.module.gcloud_kubectl.null_resource.decompress_destroy",
            "module.client-clusters.module.gcloud_delete_default_kube_dns_configmap.module.gcloud_kubectl.null_resource.download_gcloud",
            "module.client-clusters.module.gcloud_delete_default_kube_dns_configmap.module.gcloud_kubectl.null_resource.download_jq",
            "module.client-clusters.module.gcloud_delete_default_kube_dns_configmap.module.gcloud_kubectl.null_resource.gcloud_auth_google_credentials",
            "module.client-clusters.module.gcloud_delete_default_kube_dns_configmap.module.gcloud_kubectl.null_resource.gcloud_auth_google_credentials_destroy",
            "module.client-clusters.module.gcloud_delete_default_kube_dns_configmap.module.gcloud_kubectl.null_resource.gcloud_auth_service_account_key_file",
            "module.client-clusters.module.gcloud_delete_default_kube_dns_configmap.module.gcloud_kubectl.null_resource.gcloud_auth_service_account_key_file_destroy",
            "module.client-clusters.module.gcloud_delete_default_kube_dns_configmap.module.gcloud_kubectl.null_resource.module_depends_on",
            "module.client-clusters.module.gcloud_delete_default_kube_dns_configmap.module.gcloud_kubectl.null_resource.prepare_cache",
            "module.client-clusters.module.gcloud_delete_default_kube_dns_configmap.module.gcloud_kubectl.null_resource.run_command",
            "module.client-clusters.module.gcloud_delete_default_kube_dns_configmap.module.gcloud_kubectl.null_resource.run_destroy_command",
            "module.client-clusters.module.gcloud_delete_default_kube_dns_configmap.module.gcloud_kubectl.null_resource.upgrade",
            "module.client-clusters.module.gcloud_delete_default_kube_dns_configmap.module.gcloud_kubectl.null_resource.upgrade_destroy",
            "module.client-clusters.module.gcloud_delete_default_kube_dns_configmap.module.gcloud_kubectl.random_id.cache",
            "module.client-clusters.random_shuffle.available_zones",
            "module.client-clusters.random_string.cluster_service_account_suffix",
            "module.project-services.google_project_service.project_services"
          ]
        }
      ]
    },
    {
      "module": "module.acm-clients[0].module.acm_operator.module.k8sop_config.module.gcloud_kubectl",
      "mode": "data",
      "type": "external",
      "name": "env_override",
      "provider": "provider[\"registry.terraform.io/hashicorp/external\"]",
      "instances": [
        {
          "index_key": 0,
          "schema_version": 0,
          "attributes": {
            "id": "-",
            "program": [
              ".terraform/modules/acm-clients.acm_operator.k8sop_config/terraform-google-gcloud-2.0.3/scripts/check_env.sh"
            ],
            "query": null,
            "result": {
              "download": ""
            },
            "working_dir": null
          },
          "sensitive_attributes": []
        }
      ]
    },
    {
      "module": "module.acm-clients[0].module.acm_operator.module.k8sop_config.module.gcloud_kubectl",
      "mode": "managed",
      "type": "null_resource",
      "name": "additional_components",
      "provider": "provider[\"registry.terraform.io/hashicorp/null\"]",
      "instances": [
        {
          "index_key": 0,
          "schema_version": 0,
          "attributes": {
            "id": "5728980358578772321",
            "triggers": {
              "additional_components_command": ".terraform/modules/acm-clients.acm_operator.k8sop_config/terraform-google-gcloud-2.0.3/scripts/check_components.sh gcloud kubectl",
              "arguments": "b71f357fb3b6db7690e31c1e757df309",
              "configmanagement": "apiVersion: configmanagement.gke.io/v1\nkind: ConfigManagement\nmetadata:\n  name: config-management\nspec:\n  # clusterName is required and must be unique among all managed clusters\n  clusterName: gke-cluster-client-0\n  policyController:\n    enabled: true\n    templateLibraryInstalled: true\n    logDeniesEnabled: false\n  git:\n    syncRepo: https://github.com/jarokaz/tff/\n    secretType: ssh\n    policyDir: acm-dir\n    syncBranch: master\n  \n  \n",
              "md5": "695569ed0c115609fca6ac38234ed814"
            }
          },
          "sensitive_attributes": [],
          "private": "bnVsbA==",
          "dependencies": [
            "data.google_client_config.current",
            "data.google_project.project",
            "module.acm-clients.module.acm_operator.data.template_file.k8sop_config",
            "module.acm-clients.module.acm_operator.module.k8sop_config.module.gcloud_kubectl.data.external.env_override",
            "module.acm-clients.module.acm_operator.module.k8sop_config.module.gcloud_kubectl.null_resource.upgrade",
            "module.acm-clients.module.acm_operator.module.k8sop_config.module.gcloud_kubectl.random_id.cache",
            "module.client-clusters.data.google_client_config.default",
            "module.client-clusters.data.google_compute_subnetwork.gke_subnetwork",
            "module.client-clusters.data.google_compute_zones.available",
            "module.client-clusters.data.google_container_engine_versions.region",
            "module.client-clusters.data.google_container_engine_versions.zone",
            "module.client-clusters.google_compute_firewall.intra_egress",
            "module.client-clusters.google_compute_firewall.master_webhooks",
            "module.client-clusters.google_compute_firewall.shadow_allow_master",
            "module.client-clusters.google_compute_firewall.shadow_allow_nodes",
            "module.client-clusters.google_compute_firewall.shadow_allow_pods",
            "module.client-clusters.google_container_cluster.primary",
            "module.client-clusters.google_container_node_pool.pools",
            "module.client-clusters.google_project_iam_member.cluster_service_account-artifact-registry",
            "module.client-clusters.google_project_iam_member.cluster_service_account-gcr",
            "module.client-clusters.google_project_iam_member.cluster_service_account-log_writer",
            "module.client-clusters.google_project_iam_member.cluster_service_account-metric_writer",
            "module.client-clusters.google_project_iam_member.cluster_service_account-monitoring_viewer",
            "module.client-clusters.google_project_iam_member.cluster_service_account-resourceMetadata-writer",
            "module.client-clusters.google_service_account.cluster_service_account",
            "module.client-clusters.kubernetes_config_map.ip-masq-agent",
            "module.client-clusters.kubernetes_config_map.kube-dns",
            "module.client-clusters.kubernetes_config_map.kube-dns-upstream-nameservers-and-stub-domains",
            "module.client-clusters.kubernetes_config_map.kube-dns-upstream-namservers",
            "module.client-clusters.module.gcloud_delete_default_kube_dns_configmap.module.gcloud_kubectl.data.external.env_override",
            "module.client-clusters.module.gcloud_delete_default_kube_dns_configmap.module.gcloud_kubectl.null_resource.additional_components",
            "module.client-clusters.module.gcloud_delete_default_kube_dns_configmap.module.gcloud_kubectl.null_resource.additional_components_destroy",
            "module.client-clusters.module.gcloud_delete_default_kube_dns_configmap.module.gcloud_kubectl.null_resource.decompress",
            "module.client-clusters.module.gcloud_delete_default_kube_dns_configmap.module.gcloud_kubectl.null_resource.decompress_destroy",
            "module.client-clusters.module.gcloud_delete_default_kube_dns_configmap.module.gcloud_kubectl.null_resource.download_gcloud",
            "module.client-clusters.module.gcloud_delete_default_kube_dns_configmap.module.gcloud_kubectl.null_resource.download_jq",
            "module.client-clusters.module.gcloud_delete_default_kube_dns_configmap.module.gcloud_kubectl.null_resource.gcloud_auth_google_credentials",
            "module.client-clusters.module.gcloud_delete_default_kube_dns_configmap.module.gcloud_kubectl.null_resource.gcloud_auth_google_credentials_destroy",
            "module.client-clusters.module.gcloud_delete_default_kube_dns_configmap.module.gcloud_kubectl.null_resource.gcloud_auth_service_account_key_file",
            "module.client-clusters.module.gcloud_delete_default_kube_dns_configmap.module.gcloud_kubectl.null_resource.gcloud_auth_service_account_key_file_destroy",
            "module.client-clusters.module.gcloud_delete_default_kube_dns_configmap.module.gcloud_kubectl.null_resource.module_depends_on",
            "module.client-clusters.module.gcloud_delete_default_kube_dns_configmap.module.gcloud_kubectl.null_resource.prepare_cache",
            "module.client-clusters.module.gcloud_delete_default_kube_dns_configmap.module.gcloud_kubectl.null_resource.run_command",
            "module.client-clusters.module.gcloud_delete_default_kube_dns_configmap.module.gcloud_kubectl.null_resource.run_destroy_command",
            "module.client-clusters.module.gcloud_delete_default_kube_dns_configmap.module.gcloud_kubectl.null_resource.upgrade",
            "module.client-clusters.module.gcloud_delete_default_kube_dns_configmap.module.gcloud_kubectl.null_resource.upgrade_destroy",
            "module.client-clusters.module.gcloud_delete_default_kube_dns_configmap.module.gcloud_kubectl.random_id.cache",
            "module.client-clusters.random_shuffle.available_zones",
            "module.client-clusters.random_string.cluster_service_account_suffix",
            "module.project-services.google_project_service.project_services"
          ]
        }
      ]
    },
    {
      "module": "module.acm-clients[0].module.acm_operator.module.k8sop_config.module.gcloud_kubectl",
      "mode": "managed",
      "type": "null_resource",
      "name": "module_depends_on",
      "provider": "provider[\"registry.terraform.io/hashicorp/null\"]",
      "instances": [
        {
          "index_key": 0,
          "schema_version": 0,
          "attributes": {
            "id": "7178751369608619649",
            "triggers": {
              "value": "2"
            }
          },
          "sensitive_attributes": [],
          "private": "bnVsbA==",
          "dependencies": [
            "data.google_client_config.current",
            "data.google_project.project",
            "module.acm-clients.module.acm_operator.module.k8s_operator.module.gcloud_kubectl.data.external.env_override",
            "module.acm-clients.module.acm_operator.module.k8s_operator.module.gcloud_kubectl.null_resource.additional_components",
            "module.acm-clients.module.acm_operator.module.k8s_operator.module.gcloud_kubectl.null_resource.decompress",
            "module.acm-clients.module.acm_operator.module.k8s_operator.module.gcloud_kubectl.null_resource.gcloud_auth_google_credentials",
            "module.acm-clients.module.acm_operator.module.k8s_operator.module.gcloud_kubectl.null_resource.gcloud_auth_service_account_key_file",
            "module.acm-clients.module.acm_operator.module.k8s_operator.module.gcloud_kubectl.null_resource.module_depends_on",
            "module.acm-clients.module.acm_operator.module.k8s_operator.module.gcloud_kubectl.null_resource.run_command",
            "module.acm-clients.module.acm_operator.module.k8s_operator.module.gcloud_kubectl.null_resource.run_destroy_command",
            "module.acm-clients.module.acm_operator.module.k8s_operator.module.gcloud_kubectl.null_resource.upgrade",
            "module.acm-clients.module.acm_operator.module.k8s_operator.module.gcloud_kubectl.random_id.cache",
            "module.acm-clients.module.acm_operator.module.k8sop_creds_secret.module.gcloud_kubectl.data.external.env_override",
            "module.acm-clients.module.acm_operator.module.k8sop_creds_secret.module.gcloud_kubectl.null_resource.additional_components",
            "module.acm-clients.module.acm_operator.module.k8sop_creds_secret.module.gcloud_kubectl.null_resource.decompress",
            "module.acm-clients.module.acm_operator.module.k8sop_creds_secret.module.gcloud_kubectl.null_resource.gcloud_auth_google_credentials",
            "module.acm-clients.module.acm_operator.module.k8sop_creds_secret.module.gcloud_kubectl.null_resource.gcloud_auth_service_account_key_file",
            "module.acm-clients.module.acm_operator.module.k8sop_creds_secret.module.gcloud_kubectl.null_resource.module_depends_on",
            "module.acm-clients.module.acm_operator.module.k8sop_creds_secret.module.gcloud_kubectl.null_resource.run_command",
            "module.acm-clients.module.acm_operator.module.k8sop_creds_secret.module.gcloud_kubectl.null_resource.run_destroy_command",
            "module.acm-clients.module.acm_operator.module.k8sop_creds_secret.module.gcloud_kubectl.null_resource.upgrade",
            "module.acm-clients.module.acm_operator.module.k8sop_creds_secret.module.gcloud_kubectl.random_id.cache",
            "module.acm-clients.module.acm_operator.module.k8sop_manifest.null_resource.additional_components",
            "module.acm-clients.module.acm_operator.module.k8sop_manifest.null_resource.gcloud_auth_google_credentials",
            "module.acm-clients.module.acm_operator.module.k8sop_manifest.null_resource.gcloud_auth_service_account_key_file",
            "module.acm-clients.module.acm_operator.module.k8sop_manifest.null_resource.run_command",
            "module.acm-clients.module.acm_operator.module.k8sop_manifest.null_resource.run_destroy_command",
            "module.acm-clients.module.acm_operator.tls_private_key.k8sop_creds",
            "module.client-clusters.data.google_client_config.default",
            "module.client-clusters.data.google_compute_subnetwork.gke_subnetwork",
            "module.client-clusters.data.google_compute_zones.available",
            "module.client-clusters.data.google_container_engine_versions.region",
            "module.client-clusters.data.google_container_engine_versions.zone",
            "module.client-clusters.google_compute_firewall.intra_egress",
            "module.client-clusters.google_compute_firewall.master_webhooks",
            "module.client-clusters.google_compute_firewall.shadow_allow_master",
            "module.client-clusters.google_compute_firewall.shadow_allow_nodes",
            "module.client-clusters.google_compute_firewall.shadow_allow_pods",
            "module.client-clusters.google_container_cluster.primary",
            "module.client-clusters.google_container_node_pool.pools",
            "module.client-clusters.google_project_iam_member.cluster_service_account-artifact-registry",
            "module.client-clusters.google_project_iam_member.cluster_service_account-gcr",
            "module.client-clusters.google_project_iam_member.cluster_service_account-log_writer",
            "module.client-clusters.google_project_iam_member.cluster_service_account-metric_writer",
            "module.client-clusters.google_project_iam_member.cluster_service_account-monitoring_viewer",
            "module.client-clusters.google_project_iam_member.cluster_service_account-resourceMetadata-writer",
            "module.client-clusters.google_service_account.cluster_service_account",
            "module.client-clusters.kubernetes_config_map.ip-masq-agent",
            "module.client-clusters.kubernetes_config_map.kube-dns",
            "module.client-clusters.kubernetes_config_map.kube-dns-upstream-nameservers-and-stub-domains",
            "module.client-clusters.kubernetes_config_map.kube-dns-upstream-namservers",
            "module.client-clusters.module.gcloud_delete_default_kube_dns_configmap.module.gcloud_kubectl.data.external.env_override",
            "module.client-clusters.module.gcloud_delete_default_kube_dns_configmap.module.gcloud_kubectl.null_resource.additional_components",
            "module.client-clusters.module.gcloud_delete_default_kube_dns_configmap.module.gcloud_kubectl.null_resource.additional_components_destroy",
            "module.client-clusters.module.gcloud_delete_default_kube_dns_configmap.module.gcloud_kubectl.null_resource.decompress",
            "module.client-clusters.module.gcloud_delete_default_kube_dns_configmap.module.gcloud_kubectl.null_resource.decompress_destroy",
            "module.client-clusters.module.gcloud_delete_default_kube_dns_configmap.module.gcloud_kubectl.null_resource.download_gcloud",
            "module.client-clusters.module.gcloud_delete_default_kube_dns_configmap.module.gcloud_kubectl.null_resource.download_jq",
            "module.client-clusters.module.gcloud_delete_default_kube_dns_configmap.module.gcloud_kubectl.null_resource.gcloud_auth_google_credentials",
            "module.client-clusters.module.gcloud_delete_default_kube_dns_configmap.module.gcloud_kubectl.null_resource.gcloud_auth_google_credentials_destroy",
            "module.client-clusters.module.gcloud_delete_default_kube_dns_configmap.module.gcloud_kubectl.null_resource.gcloud_auth_service_account_key_file",
            "module.client-clusters.module.gcloud_delete_default_kube_dns_configmap.module.gcloud_kubectl.null_resource.gcloud_auth_service_account_key_file_destroy",
            "module.client-clusters.module.gcloud_delete_default_kube_dns_configmap.module.gcloud_kubectl.null_resource.module_depends_on",
            "module.client-clusters.module.gcloud_delete_default_kube_dns_configmap.module.gcloud_kubectl.null_resource.prepare_cache",
            "module.client-clusters.module.gcloud_delete_default_kube_dns_configmap.module.gcloud_kubectl.null_resource.run_command",
            "module.client-clusters.module.gcloud_delete_default_kube_dns_configmap.module.gcloud_kubectl.null_resource.run_destroy_command",
            "module.client-clusters.module.gcloud_delete_default_kube_dns_configmap.module.gcloud_kubectl.null_resource.upgrade",
            "module.client-clusters.module.gcloud_delete_default_kube_dns_configmap.module.gcloud_kubectl.null_resource.upgrade_destroy",
            "module.client-clusters.module.gcloud_delete_default_kube_dns_configmap.module.gcloud_kubectl.random_id.cache",
            "module.client-clusters.random_shuffle.available_zones",
            "module.client-clusters.random_string.cluster_service_account_suffix",
            "module.project-services.google_project_service.project_services"
          ]
        }
      ]
    },
    {
      "module": "module.acm-clients[0].module.acm_operator.module.k8sop_config.module.gcloud_kubectl",
      "mode": "managed",
      "type": "null_resource",
      "name": "run_command",
      "provider": "provider[\"registry.terraform.io/hashicorp/null\"]",
      "instances": [
        {
          "index_key": 0,
          "schema_version": 0,
          "attributes": {
            "id": "8177522007775441116",
            "triggers": {
              "arguments": "b71f357fb3b6db7690e31c1e757df309",
              "configmanagement": "apiVersion: configmanagement.gke.io/v1\nkind: ConfigManagement\nmetadata:\n  name: config-management\nspec:\n  # clusterName is required and must be unique among all managed clusters\n  clusterName: gke-cluster-client-0\n  policyController:\n    enabled: true\n    templateLibraryInstalled: true\n    logDeniesEnabled: false\n  git:\n    syncRepo: https://github.com/jarokaz/tff/\n    secretType: ssh\n    policyDir: acm-dir\n    syncBranch: master\n  \n  \n",
              "create_cmd_body": "gke-cluster-client-0 us-west1-a jk-mlops-dev false false kubectl apply -f - \u003c\u003cEOF\napiVersion: configmanagement.gke.io/v1\nkind: ConfigManagement\nmetadata:\n  name: config-management\nspec:\n  # clusterName is required and must be unique among all managed clusters\n  clusterName: gke-cluster-client-0\n  policyController:\n    enabled: true\n    templateLibraryInstalled: true\n    logDeniesEnabled: false\n  git:\n    syncRepo: https://github.com/jarokaz/tff/\n    secretType: ssh\n    policyDir: acm-dir\n    syncBranch: master\n  \n  \nEOF",
              "create_cmd_entrypoint": ".terraform/modules/acm-clients.acm_operator.k8sop_config/terraform-google-gcloud-2.0.3/modules/kubectl-wrapper/scripts/kubectl_wrapper.sh",
              "gcloud_bin_abs_path": "/google-cloud-sdk/bin",
              "md5": "695569ed0c115609fca6ac38234ed814"
            }
          },
          "sensitive_attributes": [],
          "private": "bnVsbA==",
          "dependencies": [
            "data.google_client_config.current",
            "data.google_project.project",
            "module.acm-clients.module.acm_operator.data.template_file.k8sop_config",
            "module.acm-clients.module.acm_operator.module.k8s_operator.module.gcloud_kubectl.data.external.env_override",
            "module.acm-clients.module.acm_operator.module.k8s_operator.module.gcloud_kubectl.null_resource.additional_components",
            "module.acm-clients.module.acm_operator.module.k8s_operator.module.gcloud_kubectl.null_resource.decompress",
            "module.acm-clients.module.acm_operator.module.k8s_operator.module.gcloud_kubectl.null_resource.gcloud_auth_google_credentials",
            "module.acm-clients.module.acm_operator.module.k8s_operator.module.gcloud_kubectl.null_resource.gcloud_auth_service_account_key_file",
            "module.acm-clients.module.acm_operator.module.k8s_operator.module.gcloud_kubectl.null_resource.module_depends_on",
            "module.acm-clients.module.acm_operator.module.k8s_operator.module.gcloud_kubectl.null_resource.run_command",
            "module.acm-clients.module.acm_operator.module.k8s_operator.module.gcloud_kubectl.null_resource.run_destroy_command",
            "module.acm-clients.module.acm_operator.module.k8s_operator.module.gcloud_kubectl.null_resource.upgrade",
            "module.acm-clients.module.acm_operator.module.k8s_operator.module.gcloud_kubectl.random_id.cache",
            "module.acm-clients.module.acm_operator.module.k8sop_config.module.gcloud_kubectl.data.external.env_override",
            "module.acm-clients.module.acm_operator.module.k8sop_config.module.gcloud_kubectl.null_resource.additional_components",
            "module.acm-clients.module.acm_operator.module.k8sop_config.module.gcloud_kubectl.null_resource.decompress",
            "module.acm-clients.module.acm_operator.module.k8sop_config.module.gcloud_kubectl.null_resource.gcloud_auth_google_credentials",
            "module.acm-clients.module.acm_operator.module.k8sop_config.module.gcloud_kubectl.null_resource.gcloud_auth_service_account_key_file",
            "module.acm-clients.module.acm_operator.module.k8sop_config.module.gcloud_kubectl.null_resource.module_depends_on",
            "module.acm-clients.module.acm_operator.module.k8sop_config.module.gcloud_kubectl.null_resource.upgrade",
            "module.acm-clients.module.acm_operator.module.k8sop_config.module.gcloud_kubectl.random_id.cache",
            "module.acm-clients.module.acm_operator.module.k8sop_creds_secret.module.gcloud_kubectl.data.external.env_override",
            "module.acm-clients.module.acm_operator.module.k8sop_creds_secret.module.gcloud_kubectl.null_resource.additional_components",
            "module.acm-clients.module.acm_operator.module.k8sop_creds_secret.module.gcloud_kubectl.null_resource.decompress",
            "module.acm-clients.module.acm_operator.module.k8sop_creds_secret.module.gcloud_kubectl.null_resource.gcloud_auth_google_credentials",
            "module.acm-clients.module.acm_operator.module.k8sop_creds_secret.module.gcloud_kubectl.null_resource.gcloud_auth_service_account_key_file",
            "module.acm-clients.module.acm_operator.module.k8sop_creds_secret.module.gcloud_kubectl.null_resource.module_depends_on",
            "module.acm-clients.module.acm_operator.module.k8sop_creds_secret.module.gcloud_kubectl.null_resource.run_command",
            "module.acm-clients.module.acm_operator.module.k8sop_creds_secret.module.gcloud_kubectl.null_resource.run_destroy_command",
            "module.acm-clients.module.acm_operator.module.k8sop_creds_secret.module.gcloud_kubectl.null_resource.upgrade",
            "module.acm-clients.module.acm_operator.module.k8sop_creds_secret.module.gcloud_kubectl.random_id.cache",
            "module.acm-clients.module.acm_operator.module.k8sop_manifest.null_resource.additional_components",
            "module.acm-clients.module.acm_operator.module.k8sop_manifest.null_resource.gcloud_auth_google_credentials",
            "module.acm-clients.module.acm_operator.module.k8sop_manifest.null_resource.gcloud_auth_service_account_key_file",
            "module.acm-clients.module.acm_operator.module.k8sop_manifest.null_resource.run_command",
            "module.acm-clients.module.acm_operator.module.k8sop_manifest.null_resource.run_destroy_command",
            "module.acm-clients.module.acm_operator.tls_private_key.k8sop_creds",
            "module.client-clusters.data.google_client_config.default",
            "module.client-clusters.data.google_compute_subnetwork.gke_subnetwork",
            "module.client-clusters.data.google_compute_zones.available",
            "module.client-clusters.data.google_container_engine_versions.region",
            "module.client-clusters.data.google_container_engine_versions.zone",
            "module.client-clusters.google_compute_firewall.intra_egress",
            "module.client-clusters.google_compute_firewall.master_webhooks",
            "module.client-clusters.google_compute_firewall.shadow_allow_master",
            "module.client-clusters.google_compute_firewall.shadow_allow_nodes",
            "module.client-clusters.google_compute_firewall.shadow_allow_pods",
            "module.client-clusters.google_container_cluster.primary",
            "module.client-clusters.google_container_node_pool.pools",
            "module.client-clusters.google_project_iam_member.cluster_service_account-artifact-registry",
            "module.client-clusters.google_project_iam_member.cluster_service_account-gcr",
            "module.client-clusters.google_project_iam_member.cluster_service_account-log_writer",
            "module.client-clusters.google_project_iam_member.cluster_service_account-metric_writer",
            "module.client-clusters.google_project_iam_member.cluster_service_account-monitoring_viewer",
            "module.client-clusters.google_project_iam_member.cluster_service_account-resourceMetadata-writer",
            "module.client-clusters.google_service_account.cluster_service_account",
            "module.client-clusters.kubernetes_config_map.ip-masq-agent",
            "module.client-clusters.kubernetes_config_map.kube-dns",
            "module.client-clusters.kubernetes_config_map.kube-dns-upstream-nameservers-and-stub-domains",
            "module.client-clusters.kubernetes_config_map.kube-dns-upstream-namservers",
            "module.client-clusters.module.gcloud_delete_default_kube_dns_configmap.module.gcloud_kubectl.data.external.env_override",
            "module.client-clusters.module.gcloud_delete_default_kube_dns_configmap.module.gcloud_kubectl.null_resource.additional_components",
            "module.client-clusters.module.gcloud_delete_default_kube_dns_configmap.module.gcloud_kubectl.null_resource.additional_components_destroy",
            "module.client-clusters.module.gcloud_delete_default_kube_dns_configmap.module.gcloud_kubectl.null_resource.decompress",
            "module.client-clusters.module.gcloud_delete_default_kube_dns_configmap.module.gcloud_kubectl.null_resource.decompress_destroy",
            "module.client-clusters.module.gcloud_delete_default_kube_dns_configmap.module.gcloud_kubectl.null_resource.download_gcloud",
            "module.client-clusters.module.gcloud_delete_default_kube_dns_configmap.module.gcloud_kubectl.null_resource.download_jq",
            "module.client-clusters.module.gcloud_delete_default_kube_dns_configmap.module.gcloud_kubectl.null_resource.gcloud_auth_google_credentials",
            "module.client-clusters.module.gcloud_delete_default_kube_dns_configmap.module.gcloud_kubectl.null_resource.gcloud_auth_google_credentials_destroy",
            "module.client-clusters.module.gcloud_delete_default_kube_dns_configmap.module.gcloud_kubectl.null_resource.gcloud_auth_service_account_key_file",
            "module.client-clusters.module.gcloud_delete_default_kube_dns_configmap.module.gcloud_kubectl.null_resource.gcloud_auth_service_account_key_file_destroy",
            "module.client-clusters.module.gcloud_delete_default_kube_dns_configmap.module.gcloud_kubectl.null_resource.module_depends_on",
            "module.client-clusters.module.gcloud_delete_default_kube_dns_configmap.module.gcloud_kubectl.null_resource.prepare_cache",
            "module.client-clusters.module.gcloud_delete_default_kube_dns_configmap.module.gcloud_kubectl.null_resource.run_command",
            "module.client-clusters.module.gcloud_delete_default_kube_dns_configmap.module.gcloud_kubectl.null_resource.run_destroy_command",
            "module.client-clusters.module.gcloud_delete_default_kube_dns_configmap.module.gcloud_kubectl.null_resource.upgrade",
            "module.client-clusters.module.gcloud_delete_default_kube_dns_configmap.module.gcloud_kubectl.null_resource.upgrade_destroy",
            "module.client-clusters.module.gcloud_delete_default_kube_dns_configmap.module.gcloud_kubectl.random_id.cache",
            "module.client-clusters.random_shuffle.available_zones",
            "module.client-clusters.random_string.cluster_service_account_suffix",
            "module.project-services.google_project_service.project_services"
          ]
        }
      ]
    },
    {
      "module": "module.acm-clients[0].module.acm_operator.module.k8sop_config.module.gcloud_kubectl",
      "mode": "managed",
      "type": "null_resource",
      "name": "run_destroy_command",
      "provider": "provider[\"registry.terraform.io/hashicorp/null\"]",
      "instances": [
        {
          "index_key": 0,
          "schema_version": 0,
          "attributes": {
            "id": "6039345325837322544",
            "triggers": {
              "configmanagement": "apiVersion: configmanagement.gke.io/v1\nkind: ConfigManagement\nmetadata:\n  name: config-management\nspec:\n  # clusterName is required and must be unique among all managed clusters\n  clusterName: gke-cluster-client-0\n  policyController:\n    enabled: true\n    templateLibraryInstalled: true\n    logDeniesEnabled: false\n  git:\n    syncRepo: https://github.com/jarokaz/tff/\n    secretType: ssh\n    policyDir: acm-dir\n    syncBranch: master\n  \n  \n",
              "destroy_cmd_body": "gke-cluster-client-0 us-west1-a jk-mlops-dev false false kubectl delete -f - \u003c\u003cEOF\napiVersion: configmanagement.gke.io/v1\nkind: ConfigManagement\nmetadata:\n  name: config-management\nspec:\n  # clusterName is required and must be unique among all managed clusters\n  clusterName: gke-cluster-client-0\n  policyController:\n    enabled: true\n    templateLibraryInstalled: true\n    logDeniesEnabled: false\n  git:\n    syncRepo: https://github.com/jarokaz/tff/\n    secretType: ssh\n    policyDir: acm-dir\n    syncBranch: master\n  \n  \nEOF",
              "destroy_cmd_entrypoint": ".terraform/modules/acm-clients.acm_operator.k8sop_config/terraform-google-gcloud-2.0.3/modules/kubectl-wrapper/scripts/kubectl_wrapper.sh",
              "gcloud_bin_abs_path": "/google-cloud-sdk/bin"
            }
          },
          "sensitive_attributes": [],
          "private": "bnVsbA==",
          "dependencies": [
            "data.google_client_config.current",
            "data.google_project.project",
            "module.acm-clients.module.acm_operator.data.template_file.k8sop_config",
            "module.acm-clients.module.acm_operator.module.k8s_operator.module.gcloud_kubectl.data.external.env_override",
            "module.acm-clients.module.acm_operator.module.k8s_operator.module.gcloud_kubectl.null_resource.additional_components",
            "module.acm-clients.module.acm_operator.module.k8s_operator.module.gcloud_kubectl.null_resource.decompress",
            "module.acm-clients.module.acm_operator.module.k8s_operator.module.gcloud_kubectl.null_resource.gcloud_auth_google_credentials",
            "module.acm-clients.module.acm_operator.module.k8s_operator.module.gcloud_kubectl.null_resource.gcloud_auth_service_account_key_file",
            "module.acm-clients.module.acm_operator.module.k8s_operator.module.gcloud_kubectl.null_resource.module_depends_on",
            "module.acm-clients.module.acm_operator.module.k8s_operator.module.gcloud_kubectl.null_resource.run_command",
            "module.acm-clients.module.acm_operator.module.k8s_operator.module.gcloud_kubectl.null_resource.run_destroy_command",
            "module.acm-clients.module.acm_operator.module.k8s_operator.module.gcloud_kubectl.null_resource.upgrade",
            "module.acm-clients.module.acm_operator.module.k8s_operator.module.gcloud_kubectl.random_id.cache",
            "module.acm-clients.module.acm_operator.module.k8sop_config.module.gcloud_kubectl.data.external.env_override",
            "module.acm-clients.module.acm_operator.module.k8sop_config.module.gcloud_kubectl.null_resource.additional_components",
            "module.acm-clients.module.acm_operator.module.k8sop_config.module.gcloud_kubectl.null_resource.decompress",
            "module.acm-clients.module.acm_operator.module.k8sop_config.module.gcloud_kubectl.null_resource.gcloud_auth_google_credentials",
            "module.acm-clients.module.acm_operator.module.k8sop_config.module.gcloud_kubectl.null_resource.gcloud_auth_service_account_key_file",
            "module.acm-clients.module.acm_operator.module.k8sop_config.module.gcloud_kubectl.null_resource.module_depends_on",
            "module.acm-clients.module.acm_operator.module.k8sop_config.module.gcloud_kubectl.null_resource.upgrade",
            "module.acm-clients.module.acm_operator.module.k8sop_config.module.gcloud_kubectl.random_id.cache",
            "module.acm-clients.module.acm_operator.module.k8sop_creds_secret.module.gcloud_kubectl.data.external.env_override",
            "module.acm-clients.module.acm_operator.module.k8sop_creds_secret.module.gcloud_kubectl.null_resource.additional_components",
            "module.acm-clients.module.acm_operator.module.k8sop_creds_secret.module.gcloud_kubectl.null_resource.decompress",
            "module.acm-clients.module.acm_operator.module.k8sop_creds_secret.module.gcloud_kubectl.null_resource.gcloud_auth_google_credentials",
            "module.acm-clients.module.acm_operator.module.k8sop_creds_secret.module.gcloud_kubectl.null_resource.gcloud_auth_service_account_key_file",
            "module.acm-clients.module.acm_operator.module.k8sop_creds_secret.module.gcloud_kubectl.null_resource.module_depends_on",
            "module.acm-clients.module.acm_operator.module.k8sop_creds_secret.module.gcloud_kubectl.null_resource.run_command",
            "module.acm-clients.module.acm_operator.module.k8sop_creds_secret.module.gcloud_kubectl.null_resource.run_destroy_command",
            "module.acm-clients.module.acm_operator.module.k8sop_creds_secret.module.gcloud_kubectl.null_resource.upgrade",
            "module.acm-clients.module.acm_operator.module.k8sop_creds_secret.module.gcloud_kubectl.random_id.cache",
            "module.acm-clients.module.acm_operator.module.k8sop_manifest.null_resource.additional_components",
            "module.acm-clients.module.acm_operator.module.k8sop_manifest.null_resource.gcloud_auth_google_credentials",
            "module.acm-clients.module.acm_operator.module.k8sop_manifest.null_resource.gcloud_auth_service_account_key_file",
            "module.acm-clients.module.acm_operator.module.k8sop_manifest.null_resource.run_command",
            "module.acm-clients.module.acm_operator.module.k8sop_manifest.null_resource.run_destroy_command",
            "module.acm-clients.module.acm_operator.tls_private_key.k8sop_creds",
            "module.client-clusters.data.google_client_config.default",
            "module.client-clusters.data.google_compute_subnetwork.gke_subnetwork",
            "module.client-clusters.data.google_compute_zones.available",
            "module.client-clusters.data.google_container_engine_versions.region",
            "module.client-clusters.data.google_container_engine_versions.zone",
            "module.client-clusters.google_compute_firewall.intra_egress",
            "module.client-clusters.google_compute_firewall.master_webhooks",
            "module.client-clusters.google_compute_firewall.shadow_allow_master",
            "module.client-clusters.google_compute_firewall.shadow_allow_nodes",
            "module.client-clusters.google_compute_firewall.shadow_allow_pods",
            "module.client-clusters.google_container_cluster.primary",
            "module.client-clusters.google_container_node_pool.pools",
            "module.client-clusters.google_project_iam_member.cluster_service_account-artifact-registry",
            "module.client-clusters.google_project_iam_member.cluster_service_account-gcr",
            "module.client-clusters.google_project_iam_member.cluster_service_account-log_writer",
            "module.client-clusters.google_project_iam_member.cluster_service_account-metric_writer",
            "module.client-clusters.google_project_iam_member.cluster_service_account-monitoring_viewer",
            "module.client-clusters.google_project_iam_member.cluster_service_account-resourceMetadata-writer",
            "module.client-clusters.google_service_account.cluster_service_account",
            "module.client-clusters.kubernetes_config_map.ip-masq-agent",
            "module.client-clusters.kubernetes_config_map.kube-dns",
            "module.client-clusters.kubernetes_config_map.kube-dns-upstream-nameservers-and-stub-domains",
            "module.client-clusters.kubernetes_config_map.kube-dns-upstream-namservers",
            "module.client-clusters.module.gcloud_delete_default_kube_dns_configmap.module.gcloud_kubectl.data.external.env_override",
            "module.client-clusters.module.gcloud_delete_default_kube_dns_configmap.module.gcloud_kubectl.null_resource.additional_components",
            "module.client-clusters.module.gcloud_delete_default_kube_dns_configmap.module.gcloud_kubectl.null_resource.additional_components_destroy",
            "module.client-clusters.module.gcloud_delete_default_kube_dns_configmap.module.gcloud_kubectl.null_resource.decompress",
            "module.client-clusters.module.gcloud_delete_default_kube_dns_configmap.module.gcloud_kubectl.null_resource.decompress_destroy",
            "module.client-clusters.module.gcloud_delete_default_kube_dns_configmap.module.gcloud_kubectl.null_resource.download_gcloud",
            "module.client-clusters.module.gcloud_delete_default_kube_dns_configmap.module.gcloud_kubectl.null_resource.download_jq",
            "module.client-clusters.module.gcloud_delete_default_kube_dns_configmap.module.gcloud_kubectl.null_resource.gcloud_auth_google_credentials",
            "module.client-clusters.module.gcloud_delete_default_kube_dns_configmap.module.gcloud_kubectl.null_resource.gcloud_auth_google_credentials_destroy",
            "module.client-clusters.module.gcloud_delete_default_kube_dns_configmap.module.gcloud_kubectl.null_resource.gcloud_auth_service_account_key_file",
            "module.client-clusters.module.gcloud_delete_default_kube_dns_configmap.module.gcloud_kubectl.null_resource.gcloud_auth_service_account_key_file_destroy",
            "module.client-clusters.module.gcloud_delete_default_kube_dns_configmap.module.gcloud_kubectl.null_resource.module_depends_on",
            "module.client-clusters.module.gcloud_delete_default_kube_dns_configmap.module.gcloud_kubectl.null_resource.prepare_cache",
            "module.client-clusters.module.gcloud_delete_default_kube_dns_configmap.module.gcloud_kubectl.null_resource.run_command",
            "module.client-clusters.module.gcloud_delete_default_kube_dns_configmap.module.gcloud_kubectl.null_resource.run_destroy_command",
            "module.client-clusters.module.gcloud_delete_default_kube_dns_configmap.module.gcloud_kubectl.null_resource.upgrade",
            "module.client-clusters.module.gcloud_delete_default_kube_dns_configmap.module.gcloud_kubectl.null_resource.upgrade_destroy",
            "module.client-clusters.module.gcloud_delete_default_kube_dns_configmap.module.gcloud_kubectl.random_id.cache",
            "module.client-clusters.random_shuffle.available_zones",
            "module.client-clusters.random_string.cluster_service_account_suffix",
            "module.project-services.google_project_service.project_services"
          ]
        }
      ]
    },
    {
      "module": "module.acm-clients[0].module.acm_operator.module.k8sop_creds_secret.module.gcloud_kubectl",
      "mode": "data",
      "type": "external",
      "name": "env_override",
      "provider": "provider[\"registry.terraform.io/hashicorp/external\"]",
      "instances": [
        {
          "index_key": 0,
          "schema_version": 0,
          "attributes": {
            "id": "-",
            "program": [
              ".terraform/modules/acm-clients.acm_operator.k8sop_creds_secret/terraform-google-gcloud-2.0.3/scripts/check_env.sh"
            ],
            "query": null,
            "result": {
              "download": ""
            },
            "working_dir": null
          },
          "sensitive_attributes": []
        }
      ]
    },
    {
      "module": "module.acm-clients[0].module.acm_operator.module.k8sop_creds_secret.module.gcloud_kubectl",
      "mode": "managed",
      "type": "null_resource",
      "name": "additional_components",
      "provider": "provider[\"registry.terraform.io/hashicorp/null\"]",
      "instances": [
        {
          "index_key": 0,
          "schema_version": 0,
          "attributes": {
            "id": "1258463097992299673",
            "triggers": {
              "additional_components_command": ".terraform/modules/acm-clients.acm_operator.k8sop_creds_secret/terraform-google-gcloud-2.0.3/scripts/check_components.sh gcloud kubectl",
              "arguments": "4928d7dffeec6e89e49258621f6b5567",
              "md5": "f41e9e4bce1f16c5a7b5479198a8093d"
            }
          },
          "sensitive_attributes": [],
          "private": "bnVsbA==",
          "dependencies": [
            "data.google_client_config.current",
            "data.google_project.project",
            "module.acm-clients.module.acm_operator.module.k8sop_creds_secret.module.gcloud_kubectl.data.external.env_override",
            "module.acm-clients.module.acm_operator.module.k8sop_creds_secret.module.gcloud_kubectl.null_resource.upgrade",
            "module.acm-clients.module.acm_operator.module.k8sop_creds_secret.module.gcloud_kubectl.random_id.cache",
            "module.acm-clients.module.acm_operator.tls_private_key.k8sop_creds",
            "module.client-clusters.data.google_client_config.default",
            "module.client-clusters.data.google_compute_subnetwork.gke_subnetwork",
            "module.client-clusters.data.google_compute_zones.available",
            "module.client-clusters.data.google_container_engine_versions.region",
            "module.client-clusters.data.google_container_engine_versions.zone",
            "module.client-clusters.google_compute_firewall.intra_egress",
            "module.client-clusters.google_compute_firewall.master_webhooks",
            "module.client-clusters.google_compute_firewall.shadow_allow_master",
            "module.client-clusters.google_compute_firewall.shadow_allow_nodes",
            "module.client-clusters.google_compute_firewall.shadow_allow_pods",
            "module.client-clusters.google_container_cluster.primary",
            "module.client-clusters.google_container_node_pool.pools",
            "module.client-clusters.google_project_iam_member.cluster_service_account-artifact-registry",
            "module.client-clusters.google_project_iam_member.cluster_service_account-gcr",
            "module.client-clusters.google_project_iam_member.cluster_service_account-log_writer",
            "module.client-clusters.google_project_iam_member.cluster_service_account-metric_writer",
            "module.client-clusters.google_project_iam_member.cluster_service_account-monitoring_viewer",
            "module.client-clusters.google_project_iam_member.cluster_service_account-resourceMetadata-writer",
            "module.client-clusters.google_service_account.cluster_service_account",
            "module.client-clusters.kubernetes_config_map.ip-masq-agent",
            "module.client-clusters.kubernetes_config_map.kube-dns",
            "module.client-clusters.kubernetes_config_map.kube-dns-upstream-nameservers-and-stub-domains",
            "module.client-clusters.kubernetes_config_map.kube-dns-upstream-namservers",
            "module.client-clusters.module.gcloud_delete_default_kube_dns_configmap.module.gcloud_kubectl.data.external.env_override",
            "module.client-clusters.module.gcloud_delete_default_kube_dns_configmap.module.gcloud_kubectl.null_resource.additional_components",
            "module.client-clusters.module.gcloud_delete_default_kube_dns_configmap.module.gcloud_kubectl.null_resource.additional_components_destroy",
            "module.client-clusters.module.gcloud_delete_default_kube_dns_configmap.module.gcloud_kubectl.null_resource.decompress",
            "module.client-clusters.module.gcloud_delete_default_kube_dns_configmap.module.gcloud_kubectl.null_resource.decompress_destroy",
            "module.client-clusters.module.gcloud_delete_default_kube_dns_configmap.module.gcloud_kubectl.null_resource.download_gcloud",
            "module.client-clusters.module.gcloud_delete_default_kube_dns_configmap.module.gcloud_kubectl.null_resource.download_jq",
            "module.client-clusters.module.gcloud_delete_default_kube_dns_configmap.module.gcloud_kubectl.null_resource.gcloud_auth_google_credentials",
            "module.client-clusters.module.gcloud_delete_default_kube_dns_configmap.module.gcloud_kubectl.null_resource.gcloud_auth_google_credentials_destroy",
            "module.client-clusters.module.gcloud_delete_default_kube_dns_configmap.module.gcloud_kubectl.null_resource.gcloud_auth_service_account_key_file",
            "module.client-clusters.module.gcloud_delete_default_kube_dns_configmap.module.gcloud_kubectl.null_resource.gcloud_auth_service_account_key_file_destroy",
            "module.client-clusters.module.gcloud_delete_default_kube_dns_configmap.module.gcloud_kubectl.null_resource.module_depends_on",
            "module.client-clusters.module.gcloud_delete_default_kube_dns_configmap.module.gcloud_kubectl.null_resource.prepare_cache",
            "module.client-clusters.module.gcloud_delete_default_kube_dns_configmap.module.gcloud_kubectl.null_resource.run_command",
            "module.client-clusters.module.gcloud_delete_default_kube_dns_configmap.module.gcloud_kubectl.null_resource.run_destroy_command",
            "module.client-clusters.module.gcloud_delete_default_kube_dns_configmap.module.gcloud_kubectl.null_resource.upgrade",
            "module.client-clusters.module.gcloud_delete_default_kube_dns_configmap.module.gcloud_kubectl.null_resource.upgrade_destroy",
            "module.client-clusters.module.gcloud_delete_default_kube_dns_configmap.module.gcloud_kubectl.random_id.cache",
            "module.client-clusters.random_shuffle.available_zones",
            "module.client-clusters.random_string.cluster_service_account_suffix",
            "module.project-services.google_project_service.project_services"
          ]
        }
      ]
    },
    {
      "module": "module.acm-clients[0].module.acm_operator.module.k8sop_creds_secret.module.gcloud_kubectl",
      "mode": "managed",
      "type": "null_resource",
      "name": "module_depends_on",
      "provider": "provider[\"registry.terraform.io/hashicorp/null\"]",
      "instances": [
        {
          "index_key": 0,
          "schema_version": 0,
          "attributes": {
            "id": "6495556938432859919",
            "triggers": {
              "value": "1"
            }
          },
          "sensitive_attributes": [],
          "private": "bnVsbA==",
          "dependencies": [
            "data.google_client_config.current",
            "data.google_project.project",
            "module.acm-clients.module.acm_operator.module.k8s_operator.module.gcloud_kubectl.data.external.env_override",
            "module.acm-clients.module.acm_operator.module.k8s_operator.module.gcloud_kubectl.null_resource.additional_components",
            "module.acm-clients.module.acm_operator.module.k8s_operator.module.gcloud_kubectl.null_resource.decompress",
            "module.acm-clients.module.acm_operator.module.k8s_operator.module.gcloud_kubectl.null_resource.gcloud_auth_google_credentials",
            "module.acm-clients.module.acm_operator.module.k8s_operator.module.gcloud_kubectl.null_resource.gcloud_auth_service_account_key_file",
            "module.acm-clients.module.acm_operator.module.k8s_operator.module.gcloud_kubectl.null_resource.module_depends_on",
            "module.acm-clients.module.acm_operator.module.k8s_operator.module.gcloud_kubectl.null_resource.run_command",
            "module.acm-clients.module.acm_operator.module.k8s_operator.module.gcloud_kubectl.null_resource.run_destroy_command",
            "module.acm-clients.module.acm_operator.module.k8s_operator.module.gcloud_kubectl.null_resource.upgrade",
            "module.acm-clients.module.acm_operator.module.k8s_operator.module.gcloud_kubectl.random_id.cache",
            "module.acm-clients.module.acm_operator.module.k8sop_manifest.null_resource.additional_components",
            "module.acm-clients.module.acm_operator.module.k8sop_manifest.null_resource.gcloud_auth_google_credentials",
            "module.acm-clients.module.acm_operator.module.k8sop_manifest.null_resource.gcloud_auth_service_account_key_file",
            "module.acm-clients.module.acm_operator.module.k8sop_manifest.null_resource.run_command",
            "module.acm-clients.module.acm_operator.module.k8sop_manifest.null_resource.run_destroy_command",
            "module.client-clusters.data.google_client_config.default",
            "module.client-clusters.data.google_compute_subnetwork.gke_subnetwork",
            "module.client-clusters.data.google_compute_zones.available",
            "module.client-clusters.data.google_container_engine_versions.region",
            "module.client-clusters.data.google_container_engine_versions.zone",
            "module.client-clusters.google_compute_firewall.intra_egress",
            "module.client-clusters.google_compute_firewall.master_webhooks",
            "module.client-clusters.google_compute_firewall.shadow_allow_master",
            "module.client-clusters.google_compute_firewall.shadow_allow_nodes",
            "module.client-clusters.google_compute_firewall.shadow_allow_pods",
            "module.client-clusters.google_container_cluster.primary",
            "module.client-clusters.google_container_node_pool.pools",
            "module.client-clusters.google_project_iam_member.cluster_service_account-artifact-registry",
            "module.client-clusters.google_project_iam_member.cluster_service_account-gcr",
            "module.client-clusters.google_project_iam_member.cluster_service_account-log_writer",
            "module.client-clusters.google_project_iam_member.cluster_service_account-metric_writer",
            "module.client-clusters.google_project_iam_member.cluster_service_account-monitoring_viewer",
            "module.client-clusters.google_project_iam_member.cluster_service_account-resourceMetadata-writer",
            "module.client-clusters.google_service_account.cluster_service_account",
            "module.client-clusters.kubernetes_config_map.ip-masq-agent",
            "module.client-clusters.kubernetes_config_map.kube-dns",
            "module.client-clusters.kubernetes_config_map.kube-dns-upstream-nameservers-and-stub-domains",
            "module.client-clusters.kubernetes_config_map.kube-dns-upstream-namservers",
            "module.client-clusters.module.gcloud_delete_default_kube_dns_configmap.module.gcloud_kubectl.data.external.env_override",
            "module.client-clusters.module.gcloud_delete_default_kube_dns_configmap.module.gcloud_kubectl.null_resource.additional_components",
            "module.client-clusters.module.gcloud_delete_default_kube_dns_configmap.module.gcloud_kubectl.null_resource.additional_components_destroy",
            "module.client-clusters.module.gcloud_delete_default_kube_dns_configmap.module.gcloud_kubectl.null_resource.decompress",
            "module.client-clusters.module.gcloud_delete_default_kube_dns_configmap.module.gcloud_kubectl.null_resource.decompress_destroy",
            "module.client-clusters.module.gcloud_delete_default_kube_dns_configmap.module.gcloud_kubectl.null_resource.download_gcloud",
            "module.client-clusters.module.gcloud_delete_default_kube_dns_configmap.module.gcloud_kubectl.null_resource.download_jq",
            "module.client-clusters.module.gcloud_delete_default_kube_dns_configmap.module.gcloud_kubectl.null_resource.gcloud_auth_google_credentials",
            "module.client-clusters.module.gcloud_delete_default_kube_dns_configmap.module.gcloud_kubectl.null_resource.gcloud_auth_google_credentials_destroy",
            "module.client-clusters.module.gcloud_delete_default_kube_dns_configmap.module.gcloud_kubectl.null_resource.gcloud_auth_service_account_key_file",
            "module.client-clusters.module.gcloud_delete_default_kube_dns_configmap.module.gcloud_kubectl.null_resource.gcloud_auth_service_account_key_file_destroy",
            "module.client-clusters.module.gcloud_delete_default_kube_dns_configmap.module.gcloud_kubectl.null_resource.module_depends_on",
            "module.client-clusters.module.gcloud_delete_default_kube_dns_configmap.module.gcloud_kubectl.null_resource.prepare_cache",
            "module.client-clusters.module.gcloud_delete_default_kube_dns_configmap.module.gcloud_kubectl.null_resource.run_command",
            "module.client-clusters.module.gcloud_delete_default_kube_dns_configmap.module.gcloud_kubectl.null_resource.run_destroy_command",
            "module.client-clusters.module.gcloud_delete_default_kube_dns_configmap.module.gcloud_kubectl.null_resource.upgrade",
            "module.client-clusters.module.gcloud_delete_default_kube_dns_configmap.module.gcloud_kubectl.null_resource.upgrade_destroy",
            "module.client-clusters.module.gcloud_delete_default_kube_dns_configmap.module.gcloud_kubectl.random_id.cache",
            "module.client-clusters.random_shuffle.available_zones",
            "module.client-clusters.random_string.cluster_service_account_suffix",
            "module.project-services.google_project_service.project_services"
          ]
        }
      ]
    },
    {
      "module": "module.acm-clients[0].module.acm_operator.module.k8sop_creds_secret.module.gcloud_kubectl",
      "mode": "managed",
      "type": "null_resource",
      "name": "run_command",
      "provider": "provider[\"registry.terraform.io/hashicorp/null\"]",
      "instances": [
        {
          "index_key": 0,
          "schema_version": 0,
          "attributes": {
            "id": "3908757602257036681",
            "triggers": {
              "arguments": "4928d7dffeec6e89e49258621f6b5567",
              "create_cmd_body": "gke-cluster-client-0 us-west1-a jk-mlops-dev false false kubectl create secret generic git-creds -n=config-management-system --from-literal=ssh='-----BEGIN RSA PRIVATE KEY-----\nMIIJKQIBAAKCAgEAsbFb0JUns38Blh8LtUgG++QecRITpANkAKqcje71uH3AH14H\nNGVcBlpCeZEmi1tw1UPQ5UD+btZJfl1ckYWDccFREXb6nFMvm1fvqg37QKQWM/FM\n/1+EuTCgNRTrKvDOsTCzKJBx9/KdVHCYlaMldYLc8qvmzRYs0trYblusPkpuV46i\n+SPJBsWRXf7sT2ELjQKl9Nc8tMYhtNVGoxlQBSe7+maq6Bk3pAv40ivgEwGZo5SX\nTYv4elLML18MQcEPJ0x7SWdsZ27EuefVrG7RKHxt53OC8EXzZ6VmyM740MxW2QdI\nKFA7E0i4SwDl4UF4dHjkF4KpyhXtj/NpdezJDpvA9WeWTskTMXPU7ldeioHzI+WM\n3dUnT3aHWwX9rRiQf2TTN6LkJJsQoUHuh/5TdHoIyFttxLfz+AcgkijtIJfCdy4I\nSAi6+XWExiAtAA9yj4um8vy/gKRyn7LlwQIl6OUDPo16kSzZtiRBM9YhkC877t7j\nhyRvUAD4m37ElEWo6DqbyKYKtc4QLLaKcty4LO09Ei6jPIN9bXA6EzQXrlOpmDFq\nLV1bC9MW08+upJJnn8rLGFqGx39rYE0udm4691Z/MxlAntCM4AG9Oe1BbfXH+wzv\nhTC549gxnhxVsy2LNjdhK8elAoZh/hxJJXzJrSIJRHMKwnI94rJr/EK1jvMCAwEA\nAQKCAgEAizoibJ5Ryyyae5u7usDC6B7nU0UMqpgVhQgpPnSbh4DQRkOQdZdtsXSL\nXWFDyDFPiWpnhRmVwhaY4zAX1dW9FiaYdIy69D2hsaAHI0FtOkrXMr/Ayt92yPu2\nq6DGWpDwApnb5s623cX1TDIk/ComsZplsKbMYqkbWeMrbdzaarw7FNOoEnndizbG\nHdYeJlwthsEqc1sqL6KGyn/JpwWwUzm86ggDpXQMyrausU67dWjtjuRgYNxpRr8V\nSZC5s9OnIe2lM/CbWbfK4LcsDr2NmKFWI+G4GLdWbkGE9ZZmEoPpEIfKG/wxLXzv\nGaWMeSCpVulaHqm8i6D+0KmyWjm7li291IJsVcVTGnI8U4wKMHGoJCP5cXzJsdvY\noD5LLihLYF63E0uy5fzoWU6/7Oi4Ux52PqYlrYlB9nCLm5JVjv4lcrDUtWBTrEdx\n6xZQsMI1MfPJLUbga3P0q/Kh1Jej7OVTzfBFEnhj3UNwEKbUsQHH72xrJxfHYr4w\nqBIATrZKou95KkO8ZsKy8+BqWWhLuA+bIyEDGH83cSncW+taLwilLB5vQjyrzD2e\nkMyWBUqF07nIG17ItWcqdgqgWv/wSxaX2Vfg9HWGUNgTGI6LotbsTIPcs9XHoPEZ\ns37pkAwSOUdWSvB5+yu5eIiLc9VaVcGtRs91WfSVhlMcef56AOECggEBAONfJq3x\nNam7u+3a+oO/A4lzVSXBKQZiI5sbTjaLIQCUWrGY62bI+Oj9wDiskgBOhU3HNEhk\nn3JkoIZX59RiYFzdLPfHc8vvwTOEZCBRO2y5H6/crpuqGBz6zyUBhoTytrGWiA80\nQovBWYFgoB0DWX5itpP5CZmBZre+ahIITeFhROdLGOANIaXf7zLzMrmVj3Nj1c0Z\npxq5xj7ccZGV9jMb5xKyvmV586JAMcd+hT3uuD+renLI52wiP7o4ogwfW2fiJ4Hz\nl8BfpLCboV6pdqKfVFyqzGu0Te573g4/vL30PzyZNNG+wxf0aC2eAz7pi6NOtyUK\nGdZsFXUr0RM0zUkCggEBAMgQ6ctrKrj6J1DWk8GbdOyhj0tmGL5m+Vt8BdYPmtfV\nz/U6Je7hpAtCwfi/9qWpdorXnQGYXhm9pc0XDhuz7wEnEq7nHGGFXxGK39l98pYm\nxA6V7NXffBHuhwDTbnq5gooMISaBuCmsYUQjXvQHWfcRbd+3l4q3so752asmlHhQ\nfGYhKsnbG3SBm+kfSvjnP04kAM4HSa32O6bBFMTYeSCpga5Rpfet/+ejimAi3y9n\nwON+1QTyHH+6h2rV+Y2Ivoa7rQT6Y1SaM1u4c2hazGNJLbtrcJlAsuT17eCxiDXt\nYoRKV2JbaAORY7WYhDNgHEAWSm/aQ5hNbMxydz955lsCggEAHofISdL5wbDTqzyc\nJtSfRPWXmVo2iATlgw5HkktcQxeolfBSq5qQ0bhA91s0v5XLkIYPHyljv5iDdYaY\nOox7I/0O7LZ7dgbbim9cgnpl4FN7TcH0MDLGyh1jczShO3jbzzzHSENcLCfqPNUc\nqsioW7Alk/j8sQAPKt0GoSU8T+cfuW78CBm7Suqm09CUHxdWC8h8DO5E4fHQDODM\n3x+jz3kPrhMSPc4CSOcVyBPVEFvdoa8E4iTX7k0rAXZZTAdp3qkfZPOwjMRK+Ovs\n3ykiJPP///FvQYcUb9FyH7evQFJrq1dnIELdL3pCAt4U0X3KokMPlImmroQU3Ybk\nrA+LAQKCAQA59LRVijj5FvZWs6Jf/pGzjuW82NmoJpprxxTFuwWHKtgwWOTuO41S\n+cbJMYrY2KuPcwB3mtT/rfGe5OPgYJKHCfOemTKeiY1NvqY0Egk5OAeplgLivffq\nFegj9BvYD29iYDsmNYPNBrOyknCKTqrgKLtkiIGs3KQsSPKmYum1pNM0nr0PdpqQ\neI9azAbi7dJn54QYKwJME72aA+rpTzBfptr7TYm/ozczuit2yANRb0PwYyiAY0ag\nNb/O0ieVuZw/2ZQ4kfQ+aOEh2+AKxerZhDRsS6Z1rslkDF4ZrjQgMyFL42FHC+Wo\nyvBQhdseKuRkKFDt8BOOxjcTTsF+sOhrAoIBAQCoGLjACfp+TPgiUEUdeSXzlYVJ\ny9wvyALOAVl4rrOV11WBe7oA1XephX3YpaZEtXnV8hty8+sRxEjEm8Ok1girGvef\n0M3hOqUESPwsSJ32Oq91epA+tlvLxqlpaj2RvAhrAPz4EMzw0k14RpmjYwD1vtBz\no6WqTjvZ3GURMtWzp4222Cc7rAOzHW6svqEE8Ef/rKnQTLX8docAAhl0Yr+DJFF6\nCQmxpVZFNocbCCKb0PVuX7F3IjBVW3gaeWwYc/JRaNVI2VWS4LeHIulWVwv3aJgt\nrHWO09fmJ0J87wIApAkjKDUBWGJ++upThY/OE9klh9d/WXynQXUFsm/RYA/V\n-----END RSA PRIVATE KEY-----\n'",
              "create_cmd_entrypoint": ".terraform/modules/acm-clients.acm_operator.k8sop_creds_secret/terraform-google-gcloud-2.0.3/modules/kubectl-wrapper/scripts/kubectl_wrapper.sh",
              "gcloud_bin_abs_path": "/google-cloud-sdk/bin",
              "md5": "f41e9e4bce1f16c5a7b5479198a8093d"
            }
          },
          "sensitive_attributes": [],
          "private": "bnVsbA==",
          "dependencies": [
            "data.google_client_config.current",
            "data.google_project.project",
            "module.acm-clients.module.acm_operator.module.k8s_operator.module.gcloud_kubectl.data.external.env_override",
            "module.acm-clients.module.acm_operator.module.k8s_operator.module.gcloud_kubectl.null_resource.additional_components",
            "module.acm-clients.module.acm_operator.module.k8s_operator.module.gcloud_kubectl.null_resource.decompress",
            "module.acm-clients.module.acm_operator.module.k8s_operator.module.gcloud_kubectl.null_resource.gcloud_auth_google_credentials",
            "module.acm-clients.module.acm_operator.module.k8s_operator.module.gcloud_kubectl.null_resource.gcloud_auth_service_account_key_file",
            "module.acm-clients.module.acm_operator.module.k8s_operator.module.gcloud_kubectl.null_resource.module_depends_on",
            "module.acm-clients.module.acm_operator.module.k8s_operator.module.gcloud_kubectl.null_resource.run_command",
            "module.acm-clients.module.acm_operator.module.k8s_operator.module.gcloud_kubectl.null_resource.run_destroy_command",
            "module.acm-clients.module.acm_operator.module.k8s_operator.module.gcloud_kubectl.null_resource.upgrade",
            "module.acm-clients.module.acm_operator.module.k8s_operator.module.gcloud_kubectl.random_id.cache",
            "module.acm-clients.module.acm_operator.module.k8sop_creds_secret.module.gcloud_kubectl.data.external.env_override",
            "module.acm-clients.module.acm_operator.module.k8sop_creds_secret.module.gcloud_kubectl.null_resource.additional_components",
            "module.acm-clients.module.acm_operator.module.k8sop_creds_secret.module.gcloud_kubectl.null_resource.decompress",
            "module.acm-clients.module.acm_operator.module.k8sop_creds_secret.module.gcloud_kubectl.null_resource.gcloud_auth_google_credentials",
            "module.acm-clients.module.acm_operator.module.k8sop_creds_secret.module.gcloud_kubectl.null_resource.gcloud_auth_service_account_key_file",
            "module.acm-clients.module.acm_operator.module.k8sop_creds_secret.module.gcloud_kubectl.null_resource.module_depends_on",
            "module.acm-clients.module.acm_operator.module.k8sop_creds_secret.module.gcloud_kubectl.null_resource.upgrade",
            "module.acm-clients.module.acm_operator.module.k8sop_creds_secret.module.gcloud_kubectl.random_id.cache",
            "module.acm-clients.module.acm_operator.module.k8sop_manifest.null_resource.additional_components",
            "module.acm-clients.module.acm_operator.module.k8sop_manifest.null_resource.gcloud_auth_google_credentials",
            "module.acm-clients.module.acm_operator.module.k8sop_manifest.null_resource.gcloud_auth_service_account_key_file",
            "module.acm-clients.module.acm_operator.module.k8sop_manifest.null_resource.run_command",
            "module.acm-clients.module.acm_operator.module.k8sop_manifest.null_resource.run_destroy_command",
            "module.acm-clients.module.acm_operator.tls_private_key.k8sop_creds",
            "module.client-clusters.data.google_client_config.default",
            "module.client-clusters.data.google_compute_subnetwork.gke_subnetwork",
            "module.client-clusters.data.google_compute_zones.available",
            "module.client-clusters.data.google_container_engine_versions.region",
            "module.client-clusters.data.google_container_engine_versions.zone",
            "module.client-clusters.google_compute_firewall.intra_egress",
            "module.client-clusters.google_compute_firewall.master_webhooks",
            "module.client-clusters.google_compute_firewall.shadow_allow_master",
            "module.client-clusters.google_compute_firewall.shadow_allow_nodes",
            "module.client-clusters.google_compute_firewall.shadow_allow_pods",
            "module.client-clusters.google_container_cluster.primary",
            "module.client-clusters.google_container_node_pool.pools",
            "module.client-clusters.google_project_iam_member.cluster_service_account-artifact-registry",
            "module.client-clusters.google_project_iam_member.cluster_service_account-gcr",
            "module.client-clusters.google_project_iam_member.cluster_service_account-log_writer",
            "module.client-clusters.google_project_iam_member.cluster_service_account-metric_writer",
            "module.client-clusters.google_project_iam_member.cluster_service_account-monitoring_viewer",
            "module.client-clusters.google_project_iam_member.cluster_service_account-resourceMetadata-writer",
            "module.client-clusters.google_service_account.cluster_service_account",
            "module.client-clusters.kubernetes_config_map.ip-masq-agent",
            "module.client-clusters.kubernetes_config_map.kube-dns",
            "module.client-clusters.kubernetes_config_map.kube-dns-upstream-nameservers-and-stub-domains",
            "module.client-clusters.kubernetes_config_map.kube-dns-upstream-namservers",
            "module.client-clusters.module.gcloud_delete_default_kube_dns_configmap.module.gcloud_kubectl.data.external.env_override",
            "module.client-clusters.module.gcloud_delete_default_kube_dns_configmap.module.gcloud_kubectl.null_resource.additional_components",
            "module.client-clusters.module.gcloud_delete_default_kube_dns_configmap.module.gcloud_kubectl.null_resource.additional_components_destroy",
            "module.client-clusters.module.gcloud_delete_default_kube_dns_configmap.module.gcloud_kubectl.null_resource.decompress",
            "module.client-clusters.module.gcloud_delete_default_kube_dns_configmap.module.gcloud_kubectl.null_resource.decompress_destroy",
            "module.client-clusters.module.gcloud_delete_default_kube_dns_configmap.module.gcloud_kubectl.null_resource.download_gcloud",
            "module.client-clusters.module.gcloud_delete_default_kube_dns_configmap.module.gcloud_kubectl.null_resource.download_jq",
            "module.client-clusters.module.gcloud_delete_default_kube_dns_configmap.module.gcloud_kubectl.null_resource.gcloud_auth_google_credentials",
            "module.client-clusters.module.gcloud_delete_default_kube_dns_configmap.module.gcloud_kubectl.null_resource.gcloud_auth_google_credentials_destroy",
            "module.client-clusters.module.gcloud_delete_default_kube_dns_configmap.module.gcloud_kubectl.null_resource.gcloud_auth_service_account_key_file",
            "module.client-clusters.module.gcloud_delete_default_kube_dns_configmap.module.gcloud_kubectl.null_resource.gcloud_auth_service_account_key_file_destroy",
            "module.client-clusters.module.gcloud_delete_default_kube_dns_configmap.module.gcloud_kubectl.null_resource.module_depends_on",
            "module.client-clusters.module.gcloud_delete_default_kube_dns_configmap.module.gcloud_kubectl.null_resource.prepare_cache",
            "module.client-clusters.module.gcloud_delete_default_kube_dns_configmap.module.gcloud_kubectl.null_resource.run_command",
            "module.client-clusters.module.gcloud_delete_default_kube_dns_configmap.module.gcloud_kubectl.null_resource.run_destroy_command",
            "module.client-clusters.module.gcloud_delete_default_kube_dns_configmap.module.gcloud_kubectl.null_resource.upgrade",
            "module.client-clusters.module.gcloud_delete_default_kube_dns_configmap.module.gcloud_kubectl.null_resource.upgrade_destroy",
            "module.client-clusters.module.gcloud_delete_default_kube_dns_configmap.module.gcloud_kubectl.random_id.cache",
            "module.client-clusters.random_shuffle.available_zones",
            "module.client-clusters.random_string.cluster_service_account_suffix",
            "module.project-services.google_project_service.project_services"
          ]
        }
      ]
    },
    {
      "module": "module.acm-clients[0].module.acm_operator.module.k8sop_creds_secret.module.gcloud_kubectl",
      "mode": "managed",
      "type": "null_resource",
      "name": "run_destroy_command",
      "provider": "provider[\"registry.terraform.io/hashicorp/null\"]",
      "instances": [
        {
          "index_key": 0,
          "schema_version": 0,
          "attributes": {
            "id": "6671264031528783923",
            "triggers": {
              "destroy_cmd_body": "gke-cluster-client-0 us-west1-a jk-mlops-dev false false kubectl delete secret git-creds -n=config-management-system",
              "destroy_cmd_entrypoint": ".terraform/modules/acm-clients.acm_operator.k8sop_creds_secret/terraform-google-gcloud-2.0.3/modules/kubectl-wrapper/scripts/kubectl_wrapper.sh",
              "gcloud_bin_abs_path": "/google-cloud-sdk/bin"
            }
          },
          "sensitive_attributes": [],
          "private": "bnVsbA==",
          "dependencies": [
            "data.google_client_config.current",
            "data.google_project.project",
            "module.acm-clients.module.acm_operator.module.k8s_operator.module.gcloud_kubectl.data.external.env_override",
            "module.acm-clients.module.acm_operator.module.k8s_operator.module.gcloud_kubectl.null_resource.additional_components",
            "module.acm-clients.module.acm_operator.module.k8s_operator.module.gcloud_kubectl.null_resource.decompress",
            "module.acm-clients.module.acm_operator.module.k8s_operator.module.gcloud_kubectl.null_resource.gcloud_auth_google_credentials",
            "module.acm-clients.module.acm_operator.module.k8s_operator.module.gcloud_kubectl.null_resource.gcloud_auth_service_account_key_file",
            "module.acm-clients.module.acm_operator.module.k8s_operator.module.gcloud_kubectl.null_resource.module_depends_on",
            "module.acm-clients.module.acm_operator.module.k8s_operator.module.gcloud_kubectl.null_resource.run_command",
            "module.acm-clients.module.acm_operator.module.k8s_operator.module.gcloud_kubectl.null_resource.run_destroy_command",
            "module.acm-clients.module.acm_operator.module.k8s_operator.module.gcloud_kubectl.null_resource.upgrade",
            "module.acm-clients.module.acm_operator.module.k8s_operator.module.gcloud_kubectl.random_id.cache",
            "module.acm-clients.module.acm_operator.module.k8sop_creds_secret.module.gcloud_kubectl.data.external.env_override",
            "module.acm-clients.module.acm_operator.module.k8sop_creds_secret.module.gcloud_kubectl.null_resource.additional_components",
            "module.acm-clients.module.acm_operator.module.k8sop_creds_secret.module.gcloud_kubectl.null_resource.decompress",
            "module.acm-clients.module.acm_operator.module.k8sop_creds_secret.module.gcloud_kubectl.null_resource.gcloud_auth_google_credentials",
            "module.acm-clients.module.acm_operator.module.k8sop_creds_secret.module.gcloud_kubectl.null_resource.gcloud_auth_service_account_key_file",
            "module.acm-clients.module.acm_operator.module.k8sop_creds_secret.module.gcloud_kubectl.null_resource.module_depends_on",
            "module.acm-clients.module.acm_operator.module.k8sop_creds_secret.module.gcloud_kubectl.null_resource.upgrade",
            "module.acm-clients.module.acm_operator.module.k8sop_creds_secret.module.gcloud_kubectl.random_id.cache",
            "module.acm-clients.module.acm_operator.module.k8sop_manifest.null_resource.additional_components",
            "module.acm-clients.module.acm_operator.module.k8sop_manifest.null_resource.gcloud_auth_google_credentials",
            "module.acm-clients.module.acm_operator.module.k8sop_manifest.null_resource.gcloud_auth_service_account_key_file",
            "module.acm-clients.module.acm_operator.module.k8sop_manifest.null_resource.run_command",
            "module.acm-clients.module.acm_operator.module.k8sop_manifest.null_resource.run_destroy_command",
            "module.acm-clients.module.acm_operator.tls_private_key.k8sop_creds",
            "module.client-clusters.data.google_client_config.default",
            "module.client-clusters.data.google_compute_subnetwork.gke_subnetwork",
            "module.client-clusters.data.google_compute_zones.available",
            "module.client-clusters.data.google_container_engine_versions.region",
            "module.client-clusters.data.google_container_engine_versions.zone",
            "module.client-clusters.google_compute_firewall.intra_egress",
            "module.client-clusters.google_compute_firewall.master_webhooks",
            "module.client-clusters.google_compute_firewall.shadow_allow_master",
            "module.client-clusters.google_compute_firewall.shadow_allow_nodes",
            "module.client-clusters.google_compute_firewall.shadow_allow_pods",
            "module.client-clusters.google_container_cluster.primary",
            "module.client-clusters.google_container_node_pool.pools",
            "module.client-clusters.google_project_iam_member.cluster_service_account-artifact-registry",
            "module.client-clusters.google_project_iam_member.cluster_service_account-gcr",
            "module.client-clusters.google_project_iam_member.cluster_service_account-log_writer",
            "module.client-clusters.google_project_iam_member.cluster_service_account-metric_writer",
            "module.client-clusters.google_project_iam_member.cluster_service_account-monitoring_viewer",
            "module.client-clusters.google_project_iam_member.cluster_service_account-resourceMetadata-writer",
            "module.client-clusters.google_service_account.cluster_service_account",
            "module.client-clusters.kubernetes_config_map.ip-masq-agent",
            "module.client-clusters.kubernetes_config_map.kube-dns",
            "module.client-clusters.kubernetes_config_map.kube-dns-upstream-nameservers-and-stub-domains",
            "module.client-clusters.kubernetes_config_map.kube-dns-upstream-namservers",
            "module.client-clusters.module.gcloud_delete_default_kube_dns_configmap.module.gcloud_kubectl.data.external.env_override",
            "module.client-clusters.module.gcloud_delete_default_kube_dns_configmap.module.gcloud_kubectl.null_resource.additional_components",
            "module.client-clusters.module.gcloud_delete_default_kube_dns_configmap.module.gcloud_kubectl.null_resource.additional_components_destroy",
            "module.client-clusters.module.gcloud_delete_default_kube_dns_configmap.module.gcloud_kubectl.null_resource.decompress",
            "module.client-clusters.module.gcloud_delete_default_kube_dns_configmap.module.gcloud_kubectl.null_resource.decompress_destroy",
            "module.client-clusters.module.gcloud_delete_default_kube_dns_configmap.module.gcloud_kubectl.null_resource.download_gcloud",
            "module.client-clusters.module.gcloud_delete_default_kube_dns_configmap.module.gcloud_kubectl.null_resource.download_jq",
            "module.client-clusters.module.gcloud_delete_default_kube_dns_configmap.module.gcloud_kubectl.null_resource.gcloud_auth_google_credentials",
            "module.client-clusters.module.gcloud_delete_default_kube_dns_configmap.module.gcloud_kubectl.null_resource.gcloud_auth_google_credentials_destroy",
            "module.client-clusters.module.gcloud_delete_default_kube_dns_configmap.module.gcloud_kubectl.null_resource.gcloud_auth_service_account_key_file",
            "module.client-clusters.module.gcloud_delete_default_kube_dns_configmap.module.gcloud_kubectl.null_resource.gcloud_auth_service_account_key_file_destroy",
            "module.client-clusters.module.gcloud_delete_default_kube_dns_configmap.module.gcloud_kubectl.null_resource.module_depends_on",
            "module.client-clusters.module.gcloud_delete_default_kube_dns_configmap.module.gcloud_kubectl.null_resource.prepare_cache",
            "module.client-clusters.module.gcloud_delete_default_kube_dns_configmap.module.gcloud_kubectl.null_resource.run_command",
            "module.client-clusters.module.gcloud_delete_default_kube_dns_configmap.module.gcloud_kubectl.null_resource.run_destroy_command",
            "module.client-clusters.module.gcloud_delete_default_kube_dns_configmap.module.gcloud_kubectl.null_resource.upgrade",
            "module.client-clusters.module.gcloud_delete_default_kube_dns_configmap.module.gcloud_kubectl.null_resource.upgrade_destroy",
            "module.client-clusters.module.gcloud_delete_default_kube_dns_configmap.module.gcloud_kubectl.random_id.cache",
            "module.client-clusters.random_shuffle.available_zones",
            "module.client-clusters.random_string.cluster_service_account_suffix",
            "module.project-services.google_project_service.project_services"
          ]
        }
      ]
    },
    {
      "module": "module.acm-clients[0].module.acm_operator.module.wait_for_gatekeeper.module.gcloud_kubectl",
      "mode": "data",
      "type": "external",
      "name": "env_override",
      "provider": "provider[\"registry.terraform.io/hashicorp/external\"]",
      "instances": [
        {
          "index_key": 0,
          "schema_version": 0,
          "attributes": {
            "id": "-",
            "program": [
              ".terraform/modules/acm-clients.acm_operator.wait_for_gatekeeper/terraform-google-gcloud-2.0.3/scripts/check_env.sh"
            ],
            "query": null,
            "result": {
              "download": ""
            },
            "working_dir": null
          },
          "sensitive_attributes": []
        }
      ]
    },
    {
      "module": "module.acm-clients[0].module.acm_operator.module.wait_for_gatekeeper.module.gcloud_kubectl",
      "mode": "managed",
      "type": "null_resource",
      "name": "additional_components",
      "provider": "provider[\"registry.terraform.io/hashicorp/null\"]",
      "instances": [
        {
          "index_key": 0,
          "schema_version": 0,
          "attributes": {
            "id": "2130075208822747293",
            "triggers": {
              "additional_components_command": ".terraform/modules/acm-clients.acm_operator.wait_for_gatekeeper/terraform-google-gcloud-2.0.3/scripts/check_components.sh gcloud kubectl",
              "arguments": "c9d148ad908c3feb9d21157b294174d6",
              "md5": "f7bf1e982384a57b30dd825d33b979ca",
              "script_sha1": "e1780a62dcd319cb88616007c9c22324f63a6375"
            }
          },
          "sensitive_attributes": [],
          "private": "bnVsbA==",
          "dependencies": [
            "data.google_client_config.current",
            "data.google_project.project",
            "module.acm-clients.module.acm_operator.module.wait_for_gatekeeper.module.gcloud_kubectl.data.external.env_override",
            "module.acm-clients.module.acm_operator.module.wait_for_gatekeeper.module.gcloud_kubectl.null_resource.upgrade",
            "module.acm-clients.module.acm_operator.module.wait_for_gatekeeper.module.gcloud_kubectl.random_id.cache",
            "module.client-clusters.data.google_client_config.default",
            "module.client-clusters.data.google_compute_subnetwork.gke_subnetwork",
            "module.client-clusters.data.google_compute_zones.available",
            "module.client-clusters.data.google_container_engine_versions.region",
            "module.client-clusters.data.google_container_engine_versions.zone",
            "module.client-clusters.google_compute_firewall.intra_egress",
            "module.client-clusters.google_compute_firewall.master_webhooks",
            "module.client-clusters.google_compute_firewall.shadow_allow_master",
            "module.client-clusters.google_compute_firewall.shadow_allow_nodes",
            "module.client-clusters.google_compute_firewall.shadow_allow_pods",
            "module.client-clusters.google_container_cluster.primary",
            "module.client-clusters.google_container_node_pool.pools",
            "module.client-clusters.google_project_iam_member.cluster_service_account-artifact-registry",
            "module.client-clusters.google_project_iam_member.cluster_service_account-gcr",
            "module.client-clusters.google_project_iam_member.cluster_service_account-log_writer",
            "module.client-clusters.google_project_iam_member.cluster_service_account-metric_writer",
            "module.client-clusters.google_project_iam_member.cluster_service_account-monitoring_viewer",
            "module.client-clusters.google_project_iam_member.cluster_service_account-resourceMetadata-writer",
            "module.client-clusters.google_service_account.cluster_service_account",
            "module.client-clusters.kubernetes_config_map.ip-masq-agent",
            "module.client-clusters.kubernetes_config_map.kube-dns",
            "module.client-clusters.kubernetes_config_map.kube-dns-upstream-nameservers-and-stub-domains",
            "module.client-clusters.kubernetes_config_map.kube-dns-upstream-namservers",
            "module.client-clusters.module.gcloud_delete_default_kube_dns_configmap.module.gcloud_kubectl.data.external.env_override",
            "module.client-clusters.module.gcloud_delete_default_kube_dns_configmap.module.gcloud_kubectl.null_resource.additional_components",
            "module.client-clusters.module.gcloud_delete_default_kube_dns_configmap.module.gcloud_kubectl.null_resource.additional_components_destroy",
            "module.client-clusters.module.gcloud_delete_default_kube_dns_configmap.module.gcloud_kubectl.null_resource.decompress",
            "module.client-clusters.module.gcloud_delete_default_kube_dns_configmap.module.gcloud_kubectl.null_resource.decompress_destroy",
            "module.client-clusters.module.gcloud_delete_default_kube_dns_configmap.module.gcloud_kubectl.null_resource.download_gcloud",
            "module.client-clusters.module.gcloud_delete_default_kube_dns_configmap.module.gcloud_kubectl.null_resource.download_jq",
            "module.client-clusters.module.gcloud_delete_default_kube_dns_configmap.module.gcloud_kubectl.null_resource.gcloud_auth_google_credentials",
            "module.client-clusters.module.gcloud_delete_default_kube_dns_configmap.module.gcloud_kubectl.null_resource.gcloud_auth_google_credentials_destroy",
            "module.client-clusters.module.gcloud_delete_default_kube_dns_configmap.module.gcloud_kubectl.null_resource.gcloud_auth_service_account_key_file",
            "module.client-clusters.module.gcloud_delete_default_kube_dns_configmap.module.gcloud_kubectl.null_resource.gcloud_auth_service_account_key_file_destroy",
            "module.client-clusters.module.gcloud_delete_default_kube_dns_configmap.module.gcloud_kubectl.null_resource.module_depends_on",
            "module.client-clusters.module.gcloud_delete_default_kube_dns_configmap.module.gcloud_kubectl.null_resource.prepare_cache",
            "module.client-clusters.module.gcloud_delete_default_kube_dns_configmap.module.gcloud_kubectl.null_resource.run_command",
            "module.client-clusters.module.gcloud_delete_default_kube_dns_configmap.module.gcloud_kubectl.null_resource.run_destroy_command",
            "module.client-clusters.module.gcloud_delete_default_kube_dns_configmap.module.gcloud_kubectl.null_resource.upgrade",
            "module.client-clusters.module.gcloud_delete_default_kube_dns_configmap.module.gcloud_kubectl.null_resource.upgrade_destroy",
            "module.client-clusters.module.gcloud_delete_default_kube_dns_configmap.module.gcloud_kubectl.random_id.cache",
            "module.client-clusters.random_shuffle.available_zones",
            "module.client-clusters.random_string.cluster_service_account_suffix",
            "module.project-services.google_project_service.project_services"
          ]
        }
      ]
    },
    {
      "module": "module.acm-clients[0].module.acm_operator.module.wait_for_gatekeeper.module.gcloud_kubectl",
      "mode": "managed",
      "type": "null_resource",
      "name": "module_depends_on",
      "provider": "provider[\"registry.terraform.io/hashicorp/null\"]",
      "instances": [
        {
          "index_key": 0,
          "schema_version": 0,
          "attributes": {
            "id": "6454205870114972350",
            "triggers": {
              "value": "1"
            }
          },
          "sensitive_attributes": [],
          "private": "bnVsbA==",
          "dependencies": [
            "data.google_client_config.current",
            "data.google_project.project",
            "module.acm-clients.module.acm_operator.data.template_file.k8sop_config",
            "module.acm-clients.module.acm_operator.module.k8s_operator.module.gcloud_kubectl.data.external.env_override",
            "module.acm-clients.module.acm_operator.module.k8s_operator.module.gcloud_kubectl.null_resource.additional_components",
            "module.acm-clients.module.acm_operator.module.k8s_operator.module.gcloud_kubectl.null_resource.decompress",
            "module.acm-clients.module.acm_operator.module.k8s_operator.module.gcloud_kubectl.null_resource.gcloud_auth_google_credentials",
            "module.acm-clients.module.acm_operator.module.k8s_operator.module.gcloud_kubectl.null_resource.gcloud_auth_service_account_key_file",
            "module.acm-clients.module.acm_operator.module.k8s_operator.module.gcloud_kubectl.null_resource.module_depends_on",
            "module.acm-clients.module.acm_operator.module.k8s_operator.module.gcloud_kubectl.null_resource.run_command",
            "module.acm-clients.module.acm_operator.module.k8s_operator.module.gcloud_kubectl.null_resource.run_destroy_command",
            "module.acm-clients.module.acm_operator.module.k8s_operator.module.gcloud_kubectl.null_resource.upgrade",
            "module.acm-clients.module.acm_operator.module.k8s_operator.module.gcloud_kubectl.random_id.cache",
            "module.acm-clients.module.acm_operator.module.k8sop_config.module.gcloud_kubectl.data.external.env_override",
            "module.acm-clients.module.acm_operator.module.k8sop_config.module.gcloud_kubectl.null_resource.additional_components",
            "module.acm-clients.module.acm_operator.module.k8sop_config.module.gcloud_kubectl.null_resource.decompress",
            "module.acm-clients.module.acm_operator.module.k8sop_config.module.gcloud_kubectl.null_resource.gcloud_auth_google_credentials",
            "module.acm-clients.module.acm_operator.module.k8sop_config.module.gcloud_kubectl.null_resource.gcloud_auth_service_account_key_file",
            "module.acm-clients.module.acm_operator.module.k8sop_config.module.gcloud_kubectl.null_resource.module_depends_on",
            "module.acm-clients.module.acm_operator.module.k8sop_config.module.gcloud_kubectl.null_resource.run_command",
            "module.acm-clients.module.acm_operator.module.k8sop_config.module.gcloud_kubectl.null_resource.run_destroy_command",
            "module.acm-clients.module.acm_operator.module.k8sop_config.module.gcloud_kubectl.null_resource.upgrade",
            "module.acm-clients.module.acm_operator.module.k8sop_config.module.gcloud_kubectl.random_id.cache",
            "module.acm-clients.module.acm_operator.module.k8sop_creds_secret.module.gcloud_kubectl.data.external.env_override",
            "module.acm-clients.module.acm_operator.module.k8sop_creds_secret.module.gcloud_kubectl.null_resource.additional_components",
            "module.acm-clients.module.acm_operator.module.k8sop_creds_secret.module.gcloud_kubectl.null_resource.decompress",
            "module.acm-clients.module.acm_operator.module.k8sop_creds_secret.module.gcloud_kubectl.null_resource.gcloud_auth_google_credentials",
            "module.acm-clients.module.acm_operator.module.k8sop_creds_secret.module.gcloud_kubectl.null_resource.gcloud_auth_service_account_key_file",
            "module.acm-clients.module.acm_operator.module.k8sop_creds_secret.module.gcloud_kubectl.null_resource.module_depends_on",
            "module.acm-clients.module.acm_operator.module.k8sop_creds_secret.module.gcloud_kubectl.null_resource.run_command",
            "module.acm-clients.module.acm_operator.module.k8sop_creds_secret.module.gcloud_kubectl.null_resource.run_destroy_command",
            "module.acm-clients.module.acm_operator.module.k8sop_creds_secret.module.gcloud_kubectl.null_resource.upgrade",
            "module.acm-clients.module.acm_operator.module.k8sop_creds_secret.module.gcloud_kubectl.random_id.cache",
            "module.acm-clients.module.acm_operator.module.k8sop_manifest.null_resource.additional_components",
            "module.acm-clients.module.acm_operator.module.k8sop_manifest.null_resource.gcloud_auth_google_credentials",
            "module.acm-clients.module.acm_operator.module.k8sop_manifest.null_resource.gcloud_auth_service_account_key_file",
            "module.acm-clients.module.acm_operator.module.k8sop_manifest.null_resource.run_command",
            "module.acm-clients.module.acm_operator.module.k8sop_manifest.null_resource.run_destroy_command",
            "module.acm-clients.module.acm_operator.tls_private_key.k8sop_creds",
            "module.client-clusters.data.google_client_config.default",
            "module.client-clusters.data.google_compute_subnetwork.gke_subnetwork",
            "module.client-clusters.data.google_compute_zones.available",
            "module.client-clusters.data.google_container_engine_versions.region",
            "module.client-clusters.data.google_container_engine_versions.zone",
            "module.client-clusters.google_compute_firewall.intra_egress",
            "module.client-clusters.google_compute_firewall.master_webhooks",
            "module.client-clusters.google_compute_firewall.shadow_allow_master",
            "module.client-clusters.google_compute_firewall.shadow_allow_nodes",
            "module.client-clusters.google_compute_firewall.shadow_allow_pods",
            "module.client-clusters.google_container_cluster.primary",
            "module.client-clusters.google_container_node_pool.pools",
            "module.client-clusters.google_project_iam_member.cluster_service_account-artifact-registry",
            "module.client-clusters.google_project_iam_member.cluster_service_account-gcr",
            "module.client-clusters.google_project_iam_member.cluster_service_account-log_writer",
            "module.client-clusters.google_project_iam_member.cluster_service_account-metric_writer",
            "module.client-clusters.google_project_iam_member.cluster_service_account-monitoring_viewer",
            "module.client-clusters.google_project_iam_member.cluster_service_account-resourceMetadata-writer",
            "module.client-clusters.google_service_account.cluster_service_account",
            "module.client-clusters.kubernetes_config_map.ip-masq-agent",
            "module.client-clusters.kubernetes_config_map.kube-dns",
            "module.client-clusters.kubernetes_config_map.kube-dns-upstream-nameservers-and-stub-domains",
            "module.client-clusters.kubernetes_config_map.kube-dns-upstream-namservers",
            "module.client-clusters.module.gcloud_delete_default_kube_dns_configmap.module.gcloud_kubectl.data.external.env_override",
            "module.client-clusters.module.gcloud_delete_default_kube_dns_configmap.module.gcloud_kubectl.null_resource.additional_components",
            "module.client-clusters.module.gcloud_delete_default_kube_dns_configmap.module.gcloud_kubectl.null_resource.additional_components_destroy",
            "module.client-clusters.module.gcloud_delete_default_kube_dns_configmap.module.gcloud_kubectl.null_resource.decompress",
            "module.client-clusters.module.gcloud_delete_default_kube_dns_configmap.module.gcloud_kubectl.null_resource.decompress_destroy",
            "module.client-clusters.module.gcloud_delete_default_kube_dns_configmap.module.gcloud_kubectl.null_resource.download_gcloud",
            "module.client-clusters.module.gcloud_delete_default_kube_dns_configmap.module.gcloud_kubectl.null_resource.download_jq",
            "module.client-clusters.module.gcloud_delete_default_kube_dns_configmap.module.gcloud_kubectl.null_resource.gcloud_auth_google_credentials",
            "module.client-clusters.module.gcloud_delete_default_kube_dns_configmap.module.gcloud_kubectl.null_resource.gcloud_auth_google_credentials_destroy",
            "module.client-clusters.module.gcloud_delete_default_kube_dns_configmap.module.gcloud_kubectl.null_resource.gcloud_auth_service_account_key_file",
            "module.client-clusters.module.gcloud_delete_default_kube_dns_configmap.module.gcloud_kubectl.null_resource.gcloud_auth_service_account_key_file_destroy",
            "module.client-clusters.module.gcloud_delete_default_kube_dns_configmap.module.gcloud_kubectl.null_resource.module_depends_on",
            "module.client-clusters.module.gcloud_delete_default_kube_dns_configmap.module.gcloud_kubectl.null_resource.prepare_cache",
            "module.client-clusters.module.gcloud_delete_default_kube_dns_configmap.module.gcloud_kubectl.null_resource.run_command",
            "module.client-clusters.module.gcloud_delete_default_kube_dns_configmap.module.gcloud_kubectl.null_resource.run_destroy_command",
            "module.client-clusters.module.gcloud_delete_default_kube_dns_configmap.module.gcloud_kubectl.null_resource.upgrade",
            "module.client-clusters.module.gcloud_delete_default_kube_dns_configmap.module.gcloud_kubectl.null_resource.upgrade_destroy",
            "module.client-clusters.module.gcloud_delete_default_kube_dns_configmap.module.gcloud_kubectl.random_id.cache",
            "module.client-clusters.random_shuffle.available_zones",
            "module.client-clusters.random_string.cluster_service_account_suffix",
            "module.project-services.google_project_service.project_services"
          ]
        }
      ]
    },
    {
      "module": "module.acm-clients[0].module.acm_operator.module.wait_for_gatekeeper.module.gcloud_kubectl",
      "mode": "managed",
      "type": "null_resource",
      "name": "run_destroy_command",
      "provider": "provider[\"registry.terraform.io/hashicorp/null\"]",
      "instances": [
        {
          "index_key": 0,
          "schema_version": 0,
          "attributes": {
            "id": "7087388102242606095",
            "triggers": {
              "destroy_cmd_body": "gke-cluster-client-0 us-west1-a jk-mlops-dev false false ",
              "destroy_cmd_entrypoint": ".terraform/modules/acm-clients.acm_operator.wait_for_gatekeeper/terraform-google-gcloud-2.0.3/modules/kubectl-wrapper/scripts/kubectl_wrapper.sh",
              "gcloud_bin_abs_path": "/google-cloud-sdk/bin",
              "script_sha1": "e1780a62dcd319cb88616007c9c22324f63a6375"
            }
          },
          "sensitive_attributes": [],
          "private": "bnVsbA==",
          "dependencies": [
            "data.google_client_config.current",
            "data.google_project.project",
            "module.acm-clients.module.acm_operator.data.template_file.k8sop_config",
            "module.acm-clients.module.acm_operator.module.k8s_operator.module.gcloud_kubectl.data.external.env_override",
            "module.acm-clients.module.acm_operator.module.k8s_operator.module.gcloud_kubectl.null_resource.additional_components",
            "module.acm-clients.module.acm_operator.module.k8s_operator.module.gcloud_kubectl.null_resource.decompress",
            "module.acm-clients.module.acm_operator.module.k8s_operator.module.gcloud_kubectl.null_resource.gcloud_auth_google_credentials",
            "module.acm-clients.module.acm_operator.module.k8s_operator.module.gcloud_kubectl.null_resource.gcloud_auth_service_account_key_file",
            "module.acm-clients.module.acm_operator.module.k8s_operator.module.gcloud_kubectl.null_resource.module_depends_on",
            "module.acm-clients.module.acm_operator.module.k8s_operator.module.gcloud_kubectl.null_resource.run_command",
            "module.acm-clients.module.acm_operator.module.k8s_operator.module.gcloud_kubectl.null_resource.run_destroy_command",
            "module.acm-clients.module.acm_operator.module.k8s_operator.module.gcloud_kubectl.null_resource.upgrade",
            "module.acm-clients.module.acm_operator.module.k8s_operator.module.gcloud_kubectl.random_id.cache",
            "module.acm-clients.module.acm_operator.module.k8sop_config.module.gcloud_kubectl.data.external.env_override",
            "module.acm-clients.module.acm_operator.module.k8sop_config.module.gcloud_kubectl.null_resource.additional_components",
            "module.acm-clients.module.acm_operator.module.k8sop_config.module.gcloud_kubectl.null_resource.decompress",
            "module.acm-clients.module.acm_operator.module.k8sop_config.module.gcloud_kubectl.null_resource.gcloud_auth_google_credentials",
            "module.acm-clients.module.acm_operator.module.k8sop_config.module.gcloud_kubectl.null_resource.gcloud_auth_service_account_key_file",
            "module.acm-clients.module.acm_operator.module.k8sop_config.module.gcloud_kubectl.null_resource.module_depends_on",
            "module.acm-clients.module.acm_operator.module.k8sop_config.module.gcloud_kubectl.null_resource.run_command",
            "module.acm-clients.module.acm_operator.module.k8sop_config.module.gcloud_kubectl.null_resource.run_destroy_command",
            "module.acm-clients.module.acm_operator.module.k8sop_config.module.gcloud_kubectl.null_resource.upgrade",
            "module.acm-clients.module.acm_operator.module.k8sop_config.module.gcloud_kubectl.random_id.cache",
            "module.acm-clients.module.acm_operator.module.k8sop_creds_secret.module.gcloud_kubectl.data.external.env_override",
            "module.acm-clients.module.acm_operator.module.k8sop_creds_secret.module.gcloud_kubectl.null_resource.additional_components",
            "module.acm-clients.module.acm_operator.module.k8sop_creds_secret.module.gcloud_kubectl.null_resource.decompress",
            "module.acm-clients.module.acm_operator.module.k8sop_creds_secret.module.gcloud_kubectl.null_resource.gcloud_auth_google_credentials",
            "module.acm-clients.module.acm_operator.module.k8sop_creds_secret.module.gcloud_kubectl.null_resource.gcloud_auth_service_account_key_file",
            "module.acm-clients.module.acm_operator.module.k8sop_creds_secret.module.gcloud_kubectl.null_resource.module_depends_on",
            "module.acm-clients.module.acm_operator.module.k8sop_creds_secret.module.gcloud_kubectl.null_resource.run_command",
            "module.acm-clients.module.acm_operator.module.k8sop_creds_secret.module.gcloud_kubectl.null_resource.run_destroy_command",
            "module.acm-clients.module.acm_operator.module.k8sop_creds_secret.module.gcloud_kubectl.null_resource.upgrade",
            "module.acm-clients.module.acm_operator.module.k8sop_creds_secret.module.gcloud_kubectl.random_id.cache",
            "module.acm-clients.module.acm_operator.module.k8sop_manifest.null_resource.additional_components",
            "module.acm-clients.module.acm_operator.module.k8sop_manifest.null_resource.gcloud_auth_google_credentials",
            "module.acm-clients.module.acm_operator.module.k8sop_manifest.null_resource.gcloud_auth_service_account_key_file",
            "module.acm-clients.module.acm_operator.module.k8sop_manifest.null_resource.run_command",
            "module.acm-clients.module.acm_operator.module.k8sop_manifest.null_resource.run_destroy_command",
            "module.acm-clients.module.acm_operator.module.wait_for_gatekeeper.module.gcloud_kubectl.data.external.env_override",
            "module.acm-clients.module.acm_operator.module.wait_for_gatekeeper.module.gcloud_kubectl.null_resource.additional_components",
            "module.acm-clients.module.acm_operator.module.wait_for_gatekeeper.module.gcloud_kubectl.null_resource.decompress",
            "module.acm-clients.module.acm_operator.module.wait_for_gatekeeper.module.gcloud_kubectl.null_resource.gcloud_auth_google_credentials",
            "module.acm-clients.module.acm_operator.module.wait_for_gatekeeper.module.gcloud_kubectl.null_resource.gcloud_auth_service_account_key_file",
            "module.acm-clients.module.acm_operator.module.wait_for_gatekeeper.module.gcloud_kubectl.null_resource.module_depends_on",
            "module.acm-clients.module.acm_operator.module.wait_for_gatekeeper.module.gcloud_kubectl.null_resource.upgrade",
            "module.acm-clients.module.acm_operator.module.wait_for_gatekeeper.module.gcloud_kubectl.random_id.cache",
            "module.acm-clients.module.acm_operator.tls_private_key.k8sop_creds",
            "module.client-clusters.data.google_client_config.default",
            "module.client-clusters.data.google_compute_subnetwork.gke_subnetwork",
            "module.client-clusters.data.google_compute_zones.available",
            "module.client-clusters.data.google_container_engine_versions.region",
            "module.client-clusters.data.google_container_engine_versions.zone",
            "module.client-clusters.google_compute_firewall.intra_egress",
            "module.client-clusters.google_compute_firewall.master_webhooks",
            "module.client-clusters.google_compute_firewall.shadow_allow_master",
            "module.client-clusters.google_compute_firewall.shadow_allow_nodes",
            "module.client-clusters.google_compute_firewall.shadow_allow_pods",
            "module.client-clusters.google_container_cluster.primary",
            "module.client-clusters.google_container_node_pool.pools",
            "module.client-clusters.google_project_iam_member.cluster_service_account-artifact-registry",
            "module.client-clusters.google_project_iam_member.cluster_service_account-gcr",
            "module.client-clusters.google_project_iam_member.cluster_service_account-log_writer",
            "module.client-clusters.google_project_iam_member.cluster_service_account-metric_writer",
            "module.client-clusters.google_project_iam_member.cluster_service_account-monitoring_viewer",
            "module.client-clusters.google_project_iam_member.cluster_service_account-resourceMetadata-writer",
            "module.client-clusters.google_service_account.cluster_service_account",
            "module.client-clusters.kubernetes_config_map.ip-masq-agent",
            "module.client-clusters.kubernetes_config_map.kube-dns",
            "module.client-clusters.kubernetes_config_map.kube-dns-upstream-nameservers-and-stub-domains",
            "module.client-clusters.kubernetes_config_map.kube-dns-upstream-namservers",
            "module.client-clusters.module.gcloud_delete_default_kube_dns_configmap.module.gcloud_kubectl.data.external.env_override",
            "module.client-clusters.module.gcloud_delete_default_kube_dns_configmap.module.gcloud_kubectl.null_resource.additional_components",
            "module.client-clusters.module.gcloud_delete_default_kube_dns_configmap.module.gcloud_kubectl.null_resource.additional_components_destroy",
            "module.client-clusters.module.gcloud_delete_default_kube_dns_configmap.module.gcloud_kubectl.null_resource.decompress",
            "module.client-clusters.module.gcloud_delete_default_kube_dns_configmap.module.gcloud_kubectl.null_resource.decompress_destroy",
            "module.client-clusters.module.gcloud_delete_default_kube_dns_configmap.module.gcloud_kubectl.null_resource.download_gcloud",
            "module.client-clusters.module.gcloud_delete_default_kube_dns_configmap.module.gcloud_kubectl.null_resource.download_jq",
            "module.client-clusters.module.gcloud_delete_default_kube_dns_configmap.module.gcloud_kubectl.null_resource.gcloud_auth_google_credentials",
            "module.client-clusters.module.gcloud_delete_default_kube_dns_configmap.module.gcloud_kubectl.null_resource.gcloud_auth_google_credentials_destroy",
            "module.client-clusters.module.gcloud_delete_default_kube_dns_configmap.module.gcloud_kubectl.null_resource.gcloud_auth_service_account_key_file",
            "module.client-clusters.module.gcloud_delete_default_kube_dns_configmap.module.gcloud_kubectl.null_resource.gcloud_auth_service_account_key_file_destroy",
            "module.client-clusters.module.gcloud_delete_default_kube_dns_configmap.module.gcloud_kubectl.null_resource.module_depends_on",
            "module.client-clusters.module.gcloud_delete_default_kube_dns_configmap.module.gcloud_kubectl.null_resource.prepare_cache",
            "module.client-clusters.module.gcloud_delete_default_kube_dns_configmap.module.gcloud_kubectl.null_resource.run_command",
            "module.client-clusters.module.gcloud_delete_default_kube_dns_configmap.module.gcloud_kubectl.null_resource.run_destroy_command",
            "module.client-clusters.module.gcloud_delete_default_kube_dns_configmap.module.gcloud_kubectl.null_resource.upgrade",
            "module.client-clusters.module.gcloud_delete_default_kube_dns_configmap.module.gcloud_kubectl.null_resource.upgrade_destroy",
            "module.client-clusters.module.gcloud_delete_default_kube_dns_configmap.module.gcloud_kubectl.random_id.cache",
            "module.client-clusters.random_shuffle.available_zones",
            "module.client-clusters.random_string.cluster_service_account_suffix",
            "module.project-services.google_project_service.project_services"
          ]
        }
      ]
    },
    {
      "module": "module.acm-clients[0].module.enable_acm",
      "mode": "data",
      "type": "external",
      "name": "env_override",
      "provider": "provider[\"registry.terraform.io/hashicorp/external\"]",
      "instances": [
        {
          "index_key": 0,
          "schema_version": 0,
          "attributes": {
            "id": "-",
            "program": [
              ".terraform/modules/acm-clients.enable_acm/terraform-google-gcloud-2.0.3/scripts/check_env.sh"
            ],
            "query": null,
            "result": {
              "download": ""
            },
            "working_dir": null
          },
          "sensitive_attributes": []
        }
      ]
    },
    {
      "module": "module.acm-clients[0].module.enable_acm",
      "mode": "managed",
      "type": "null_resource",
      "name": "additional_components",
      "provider": "provider[\"registry.terraform.io/hashicorp/null\"]",
      "instances": [
        {
          "index_key": 0,
          "schema_version": 0,
          "attributes": {
            "id": "4666693149121395467",
            "triggers": {
              "additional_components_command": ".terraform/modules/acm-clients.enable_acm/terraform-google-gcloud-2.0.3/scripts/check_components.sh gcloud alpha",
              "arguments": "49423d0060e3cf05de8cce2caa496a4e",
              "md5": "7f22bf39aaf5ce5980111c3587bef5b5"
            }
          },
          "sensitive_attributes": [],
          "private": "bnVsbA==",
          "dependencies": [
            "data.google_client_config.current",
            "module.acm-clients.module.enable_acm.data.external.env_override",
            "module.acm-clients.module.enable_acm.null_resource.upgrade",
            "module.acm-clients.module.enable_acm.random_id.cache"
          ]
        }
      ]
    },
    {
      "module": "module.acm-clients[0].module.enable_acm",
      "mode": "managed",
      "type": "null_resource",
      "name": "run_destroy_command",
      "provider": "provider[\"registry.terraform.io/hashicorp/null\"]",
      "instances": [
        {
          "index_key": 0,
          "schema_version": 0,
          "attributes": {
            "id": "6126409299502486599",
            "triggers": {
              "destroy_cmd_body": "alpha container hub config-management disable --force --project jk-mlops-dev",
              "destroy_cmd_entrypoint": "gcloud",
              "gcloud_bin_abs_path": "/google-cloud-sdk/bin"
            }
          },
          "sensitive_attributes": [],
          "private": "bnVsbA==",
          "dependencies": [
            "data.google_client_config.current",
            "module.acm-clients.module.enable_acm.data.external.env_override",
            "module.acm-clients.module.enable_acm.null_resource.additional_components",
            "module.acm-clients.module.enable_acm.null_resource.decompress",
            "module.acm-clients.module.enable_acm.null_resource.gcloud_auth_google_credentials",
            "module.acm-clients.module.enable_acm.null_resource.gcloud_auth_service_account_key_file",
            "module.acm-clients.module.enable_acm.null_resource.module_depends_on",
            "module.acm-clients.module.enable_acm.null_resource.upgrade",
            "module.acm-clients.module.enable_acm.random_id.cache"
          ]
        }
      ]
    },
    {
      "module": "module.acm-clients[1].module.acm_operator",
      "mode": "data",
      "type": "template_file",
      "name": "k8sop_config",
      "provider": "provider[\"registry.terraform.io/hashicorp/template\"]",
      "instances": [
        {
          "schema_version": 0,
          "attributes": {
            "filename": null,
            "id": "162d585d8ff36184bb67516829ac2c9782f1f995ae64df2b3218771cf5ef20b0",
            "rendered": "apiVersion: configmanagement.gke.io/v1\nkind: ConfigManagement\nmetadata:\n  name: config-management\nspec:\n  # clusterName is required and must be unique among all managed clusters\n  clusterName: gke-cluster-client-1\n  policyController:\n    enabled: true\n    templateLibraryInstalled: true\n    logDeniesEnabled: false\n  git:\n    syncRepo: https://github.com/jarokaz/tff/\n    secretType: ssh\n    policyDir: acm-dir\n    syncBranch: master\n  \n  \n",
            "template": "apiVersion: configmanagement.gke.io/v1\nkind: ConfigManagement\nmetadata:\n  name: config-management\nspec:\n  # clusterName is required and must be unique among all managed clusters\n  clusterName: ${cluster_name}\n  policyController:\n    enabled: ${enable_policy_controller}\n    templateLibraryInstalled: ${install_template_library}\n    logDeniesEnabled: ${enable_log_denies}\n  git:\n    syncRepo: ${sync_repo}\n    secretType: ${secret_type}\n    ${policy_dir_node}\n    ${sync_branch_node}\n  ${source_format_node}\n  ${hierarchy_controller_map_node}\n",
            "vars": {
              "cluster_name": "gke-cluster-client-1",
              "enable_log_denies": "false",
              "enable_policy_controller": "true",
              "hierarchy_controller_map_node": "",
              "install_template_library": "true",
              "policy_dir_node": "policyDir: acm-dir",
              "secret_type": "ssh",
              "source_format_node": "",
              "sync_branch_node": "syncBranch: master",
              "sync_repo": "https://github.com/jarokaz/tff/"
            }
          },
          "sensitive_attributes": []
        }
      ]
    },
    {
      "module": "module.acm-clients[1].module.acm_operator",
      "mode": "managed",
      "type": "tls_private_key",
      "name": "k8sop_creds",
      "provider": "provider[\"registry.terraform.io/hashicorp/tls\"]",
      "instances": [
        {
          "index_key": 0,
          "schema_version": 0,
          "attributes": {
            "algorithm": "RSA",
            "ecdsa_curve": "P224",
            "id": "7e7373bbc6a2a3dea3096460c06eb5765684c69d",
            "private_key_pem": "-----BEGIN RSA PRIVATE KEY-----\nMIIJJwIBAAKCAgEAsAw92+ZL5PO6IZHQyD3fK/inO9Y8r2TZ5kDYnBltZhCQ7afr\nkr7pH6sEy2/aByGvOGotVEIBjzBuBMdcHtcEbZhjzPxpxpNNTX8vbaJLdG+Ry9dj\nWmUJACWocE8/noUREbCJmvPDa2JSnMOgNXvFZ81NhEt3+0NQ4szzHLAZgpcHIqik\nkXGEQA7NhT8j/OdJ6dT8MRL1xARFpY4mzHZb464gGwOAyzDzf6AdfMTQR/CidSAI\nLXJ2OK6CWRW6Wh1fdOk3kXM3PgNSMxV+IdYuhbCSV+AVOm8XOrUSJMaZw6sbHw7I\n1/jyMkGiqD5SjzIgcYLYHKGKFpiHu68NzKlQ3/HYLmcHWnGqPckgcrMd49ZnQfZG\n8mbFpWRK8Mv/Kq1AbU3osThfkVXbQCvAwSulMwgPeD/YFC4RfjSmf0+jyv1S13m8\naZuvS8w/Kc5Y+ROvPtp/n9AlT8LHJydgpH4S1mwTgAEoe2lRLiUV1wBsMBgoV9QZ\nGCCsPROrsrubALHaKpqCzxguQfLq768g0CSkt9ahHWHxA/WsvxwyKHwgJd1JlxJL\nXWV1SozR+cdnyO9yxUTE0vCf0zw7b0I9Gp+6fYfQxe7P4lRFaB8bcuML6/En+63O\nuCpltK8+HiNnqxvea2RimBIh43GvFJXgqS5mfDOXlEpqZgiFlAxIxw+7dPUCAwEA\nAQKCAgADKLUTdRZ3jUgRwiQU88dFarjVggqkuxKN5yv74Rjtc+6l1RWNFI/qWY9E\nd0VaS2hxgrY9hNGyWBQhUdJ9Wy5hKRLhYsYjIhGJCnc3aGoiNL5RAhRuUtHOht52\n5XUmywx7XMebWDRxgNoqpfgB/a6VJkH11cTZZWPWLgdOxHowtbUTEiOh2H+fBqT5\ndyCWMTBKWeAMoWJ3mfwF9H8NvDH56+33jiCJhN9Zsu3Uh1OVduPzZhe/eQZWDguY\nvaMSauSDnIu6uG6NVlHrSL9yq/05uOlnWkYHPmcUTpt8vXOU50UdUY6ZEYaHEFZy\n3mts1mFuqAJowR1ROnt1CrccrQ0eb/wXV0lETnIufOtHFzRYNbJjsi4idRSuO7ve\nxJfoaHBBKv1HAHAIPBckk7RMOubtSri8HWUz0HeBtOa6PeeqSs4SszeYags9N3A+\n9sfXjFaB61ugWQdsuyCwykI5YqCKgzZ2yOLZW54jbWCH4e+CarzejmRHlctu7W5G\nqYrxy1/f1TBuoi+e6aU6N2frDdCmx/eXT5Y/c2hydWbKlFZaoui1xstRaiTcyy8n\nUeOMi12gK/W/5kWiNLQx1ZI/esEEtj4K7oqJQI2SVe6W5lS1OSGwc3KgNgz5sAbt\npHAvy3BSrih5cdWQQcMpWGko0kxw0s0f4HqV5bTTfelW8OlkAQKCAQEAxEavsXft\ngiDAmE8FmVOpZm6I/+kH5a/Z+O7bpHQZGYp+4BFHrUj8j5Q8avISZgIMD0jy7A0p\nNZH8X85ob7bU6hr53zG4F+b1yh2wVBZA7sHy6DbPrTUk0oQZjkOegUhkxoVkE0Ue\nWjlE33xbM74SdrgiRcKnjx9/nT/JpT6EHPJpVz3RnkI20aTusdVDZdkXiVJHMMCG\nZpINIiR/bECdfsKSJ3mcABj3abAloxmaDCds+TlYydW85MU/SyrQ9EapCrclZaF2\nWLQG4uMySXDKsqvo0deaFQ5ceBS313916cD2MZtBI/nZnNx9xOvI6/1ZsQWf5uHV\nZ2BK/luR+I4ulQKCAQEA5Z3VDIC2JBxxMizaRlIxSRfEKHjFO5zo70FqYwrZxhHh\niE1mjsgRQ8z28WD7knJZHcbGK3OUZzsdm0e7TvdeBvK/t6XEUHvfAPEPdUvKZAtI\nDq7BMOtuTR9eznGQQEoyIrr0BCwEk46Kdz3H43Oy6P668PxSgvXxhPZW11FPqy51\nRrHfTQXtP7gaGm+V8jvSq7QAKsE+gTHMkUqd7pTfK0uoudG1wgj20+fQbpCzelUG\nGX5yT2F+UpXaP1NdepUI5P2B7r1E/06S+ddrEPvhR23MFMPRT2xMrXMMv1GEg/CW\nnhCRo3zqoZM3/26DNRMfMSqfk8JjSXpbnWtHwcV04QKCAQBWiMuhNLy0KHiBLiXL\nycTf8k/YdAcVTwiM5dJUmRMP3a2+YB/32DvxmWthw0Q1USW7/2+KfuryQWDBZKFK\nz5Lje+06aBNABoXLDHfXOtB582yC0NeTB+EqJy+VN17EpQQ5Oko67LhLEwC4f30+\nPMirKteBZia1xS9gRuVCQ2O/12h2HD00xwCgQVUzdlD2sFXeJzZX2innQvEjYnAD\nbCGD54jEeqs6p8c9A3o0hG8UeLVk09G/esqDGiujmkbxy81vefu06RDiXszCb2SW\nWHIlgAFvstyt99zw3EGJcxqranWgvVBk6hz1OYkBruqwkMxgbZhoFJ0frKajqf+b\nVCRZAoIBAHJ/icV6SVkodam3hACc68au+znTP0bCr8TesdZBiuah8/yr3ABG85UD\nmAA1hD06mAWpIRh5wf7YE6Ni2Zw+7bw5QDCrkIExw7oMetDawkmw9nWb3uot/Aqp\nIfV/25azaNy4rQWHjaCm65UaUZqyDvzwSPfyWpLDYXQUAqnL+hY6THC8McWOtweX\nHi0gh30LJ7pHP+4R/sEdvAyXULmvsrk8OR6v3BqtradtaRo5PcY6r5f23bmHvB4i\na3o4b9y4hH7riucpqkZFQDUlnlYRw/yCW8ne+3jHYFT9kdW1KIdCaVjYmkcT+0wm\nxT2yNes5Zcx2nKxpumjhgt20qUuO0wECggEAJ7e8be/Sm0/nIpGLtlkPqkiOUkTw\n1z7Vz0vK2M2q8qYmMy38fEwN4pz6DjGfGk9J+8rQV1XBrZZpSUPwC96CCxOEihyx\nPcKqRwcOVagRk2Ao0GkyjueFHPjpeTZOP/WDFCcSU6YHmay1BD+diMf5r0i5nOKk\nn/TxGoYCnymBE0XAIIdNXxK/sxduJOQ/+MRjIRoZoIZhLyItRPzbAYVBcMnktr57\nImqQSSnT/895959x1qTAdhU1MfZGmz2FejBVFjSEUkugSUlv/u7GVhgGD3LCGMyn\ncJbsbkM7o/2XaX+s9ROdS3ZUcZAjmBWzVhP2/7oe7XFg0hUuiIAZqL/XkA==\n-----END RSA PRIVATE KEY-----\n",
            "public_key_fingerprint_md5": "74:38:59:aa:6d:42:5b:27:c0:6b:9a:53:a5:22:17:fc",
            "public_key_openssh": "ssh-rsa AAAAB3NzaC1yc2EAAAADAQABAAACAQCwDD3b5kvk87ohkdDIPd8r+Kc71jyvZNnmQNicGW1mEJDtp+uSvukfqwTLb9oHIa84ai1UQgGPMG4Ex1we1wRtmGPM/GnGk01Nfy9tokt0b5HL12NaZQkAJahwTz+ehRERsIma88NrYlKcw6A1e8VnzU2ES3f7Q1DizPMcsBmClwciqKSRcYRADs2FPyP850np1PwxEvXEBEWljibMdlvjriAbA4DLMPN/oB18xNBH8KJ1IAgtcnY4roJZFbpaHV906TeRczc+A1IzFX4h1i6FsJJX4BU6bxc6tRIkxpnDqxsfDsjX+PIyQaKoPlKPMiBxgtgcoYoWmIe7rw3MqVDf8dguZwdacao9ySBysx3j1mdB9kbyZsWlZErwy/8qrUBtTeixOF+RVdtAK8DBK6UzCA94P9gULhF+NKZ/T6PK/VLXebxpm69LzD8pzlj5E68+2n+f0CVPwscnJ2CkfhLWbBOAASh7aVEuJRXXAGwwGChX1BkYIKw9E6uyu5sAsdoqmoLPGC5B8urvryDQJKS31qEdYfED9ay/HDIofCAl3UmXEktdZXVKjNH5x2fI73LFRMTS8J/TPDtvQj0an7p9h9DF7s/iVEVoHxty4wvr8Sf7rc64KmW0rz4eI2erG95rZGKYEiHjca8UleCpLmZ8M5eUSmpmCIWUDEjHD7t09Q==\n",
            "public_key_pem": "-----BEGIN PUBLIC KEY-----\nMIICIjANBgkqhkiG9w0BAQEFAAOCAg8AMIICCgKCAgEAsAw92+ZL5PO6IZHQyD3f\nK/inO9Y8r2TZ5kDYnBltZhCQ7afrkr7pH6sEy2/aByGvOGotVEIBjzBuBMdcHtcE\nbZhjzPxpxpNNTX8vbaJLdG+Ry9djWmUJACWocE8/noUREbCJmvPDa2JSnMOgNXvF\nZ81NhEt3+0NQ4szzHLAZgpcHIqikkXGEQA7NhT8j/OdJ6dT8MRL1xARFpY4mzHZb\n464gGwOAyzDzf6AdfMTQR/CidSAILXJ2OK6CWRW6Wh1fdOk3kXM3PgNSMxV+IdYu\nhbCSV+AVOm8XOrUSJMaZw6sbHw7I1/jyMkGiqD5SjzIgcYLYHKGKFpiHu68NzKlQ\n3/HYLmcHWnGqPckgcrMd49ZnQfZG8mbFpWRK8Mv/Kq1AbU3osThfkVXbQCvAwSul\nMwgPeD/YFC4RfjSmf0+jyv1S13m8aZuvS8w/Kc5Y+ROvPtp/n9AlT8LHJydgpH4S\n1mwTgAEoe2lRLiUV1wBsMBgoV9QZGCCsPROrsrubALHaKpqCzxguQfLq768g0CSk\nt9ahHWHxA/WsvxwyKHwgJd1JlxJLXWV1SozR+cdnyO9yxUTE0vCf0zw7b0I9Gp+6\nfYfQxe7P4lRFaB8bcuML6/En+63OuCpltK8+HiNnqxvea2RimBIh43GvFJXgqS5m\nfDOXlEpqZgiFlAxIxw+7dPUCAwEAAQ==\n-----END PUBLIC KEY-----\n",
            "rsa_bits": 4096
          },
          "sensitive_attributes": [],
          "private": "bnVsbA=="
        }
      ]
    },
    {
      "module": "module.acm-clients[1].module.acm_operator.module.k8s_operator.module.gcloud_kubectl",
      "mode": "data",
      "type": "external",
      "name": "env_override",
      "provider": "provider[\"registry.terraform.io/hashicorp/external\"]",
      "instances": [
        {
          "index_key": 0,
          "schema_version": 0,
          "attributes": {
            "id": "-",
            "program": [
              ".terraform/modules/acm-clients.acm_operator.k8s_operator/terraform-google-gcloud-2.0.3/scripts/check_env.sh"
            ],
            "query": null,
            "result": {
              "download": ""
            },
            "working_dir": null
          },
          "sensitive_attributes": []
        }
      ]
    },
    {
      "module": "module.acm-clients[1].module.acm_operator.module.k8s_operator.module.gcloud_kubectl",
      "mode": "managed",
      "type": "null_resource",
      "name": "additional_components",
      "provider": "provider[\"registry.terraform.io/hashicorp/null\"]",
      "instances": [
        {
          "index_key": 0,
          "schema_version": 0,
          "attributes": {
            "id": "6909748884343919035",
            "triggers": {
              "additional_components_command": ".terraform/modules/acm-clients.acm_operator.k8s_operator/terraform-google-gcloud-2.0.3/scripts/check_components.sh gcloud kubectl",
              "arguments": "35c4dad51d21f548519550d1828ca0ee",
              "md5": "352ffea85252263f4f6b54fa4bb8ffb3"
            }
          },
          "sensitive_attributes": [],
          "private": "bnVsbA==",
          "dependencies": [
            "data.google_client_config.current",
            "data.google_project.project",
            "module.acm-clients.module.acm_operator.module.k8s_operator.module.gcloud_kubectl.data.external.env_override",
            "module.acm-clients.module.acm_operator.module.k8s_operator.module.gcloud_kubectl.null_resource.upgrade",
            "module.acm-clients.module.acm_operator.module.k8s_operator.module.gcloud_kubectl.random_id.cache",
            "module.client-clusters.data.google_client_config.default",
            "module.client-clusters.data.google_compute_subnetwork.gke_subnetwork",
            "module.client-clusters.data.google_compute_zones.available",
            "module.client-clusters.data.google_container_engine_versions.region",
            "module.client-clusters.data.google_container_engine_versions.zone",
            "module.client-clusters.google_compute_firewall.intra_egress",
            "module.client-clusters.google_compute_firewall.master_webhooks",
            "module.client-clusters.google_compute_firewall.shadow_allow_master",
            "module.client-clusters.google_compute_firewall.shadow_allow_nodes",
            "module.client-clusters.google_compute_firewall.shadow_allow_pods",
            "module.client-clusters.google_container_cluster.primary",
            "module.client-clusters.google_container_node_pool.pools",
            "module.client-clusters.google_project_iam_member.cluster_service_account-artifact-registry",
            "module.client-clusters.google_project_iam_member.cluster_service_account-gcr",
            "module.client-clusters.google_project_iam_member.cluster_service_account-log_writer",
            "module.client-clusters.google_project_iam_member.cluster_service_account-metric_writer",
            "module.client-clusters.google_project_iam_member.cluster_service_account-monitoring_viewer",
            "module.client-clusters.google_project_iam_member.cluster_service_account-resourceMetadata-writer",
            "module.client-clusters.google_service_account.cluster_service_account",
            "module.client-clusters.kubernetes_config_map.ip-masq-agent",
            "module.client-clusters.kubernetes_config_map.kube-dns",
            "module.client-clusters.kubernetes_config_map.kube-dns-upstream-nameservers-and-stub-domains",
            "module.client-clusters.kubernetes_config_map.kube-dns-upstream-namservers",
            "module.client-clusters.module.gcloud_delete_default_kube_dns_configmap.module.gcloud_kubectl.data.external.env_override",
            "module.client-clusters.module.gcloud_delete_default_kube_dns_configmap.module.gcloud_kubectl.null_resource.additional_components",
            "module.client-clusters.module.gcloud_delete_default_kube_dns_configmap.module.gcloud_kubectl.null_resource.additional_components_destroy",
            "module.client-clusters.module.gcloud_delete_default_kube_dns_configmap.module.gcloud_kubectl.null_resource.decompress",
            "module.client-clusters.module.gcloud_delete_default_kube_dns_configmap.module.gcloud_kubectl.null_resource.decompress_destroy",
            "module.client-clusters.module.gcloud_delete_default_kube_dns_configmap.module.gcloud_kubectl.null_resource.download_gcloud",
            "module.client-clusters.module.gcloud_delete_default_kube_dns_configmap.module.gcloud_kubectl.null_resource.download_jq",
            "module.client-clusters.module.gcloud_delete_default_kube_dns_configmap.module.gcloud_kubectl.null_resource.gcloud_auth_google_credentials",
            "module.client-clusters.module.gcloud_delete_default_kube_dns_configmap.module.gcloud_kubectl.null_resource.gcloud_auth_google_credentials_destroy",
            "module.client-clusters.module.gcloud_delete_default_kube_dns_configmap.module.gcloud_kubectl.null_resource.gcloud_auth_service_account_key_file",
            "module.client-clusters.module.gcloud_delete_default_kube_dns_configmap.module.gcloud_kubectl.null_resource.gcloud_auth_service_account_key_file_destroy",
            "module.client-clusters.module.gcloud_delete_default_kube_dns_configmap.module.gcloud_kubectl.null_resource.module_depends_on",
            "module.client-clusters.module.gcloud_delete_default_kube_dns_configmap.module.gcloud_kubectl.null_resource.prepare_cache",
            "module.client-clusters.module.gcloud_delete_default_kube_dns_configmap.module.gcloud_kubectl.null_resource.run_command",
            "module.client-clusters.module.gcloud_delete_default_kube_dns_configmap.module.gcloud_kubectl.null_resource.run_destroy_command",
            "module.client-clusters.module.gcloud_delete_default_kube_dns_configmap.module.gcloud_kubectl.null_resource.upgrade",
            "module.client-clusters.module.gcloud_delete_default_kube_dns_configmap.module.gcloud_kubectl.null_resource.upgrade_destroy",
            "module.client-clusters.module.gcloud_delete_default_kube_dns_configmap.module.gcloud_kubectl.random_id.cache",
            "module.client-clusters.random_shuffle.available_zones",
            "module.client-clusters.random_string.cluster_service_account_suffix",
            "module.project-services.google_project_service.project_services"
          ]
        }
      ]
    },
    {
      "module": "module.acm-clients[1].module.acm_operator.module.k8s_operator.module.gcloud_kubectl",
      "mode": "managed",
      "type": "null_resource",
      "name": "module_depends_on",
      "provider": "provider[\"registry.terraform.io/hashicorp/null\"]",
      "instances": [
        {
          "index_key": 0,
          "schema_version": 0,
          "attributes": {
            "id": "531259112991681506",
            "triggers": {
              "value": "2"
            }
          },
          "sensitive_attributes": [
            [
              {
                "type": "get_attr",
                "value": "triggers"
              },
              {
                "type": "index",
                "value": {
                  "value": "value",
                  "type": "string"
                }
              }
            ]
          ],
          "private": "bnVsbA==",
          "dependencies": [
            "data.google_client_config.current",
            "data.google_project.project",
            "module.acm-clients.module.acm_operator.module.k8sop_manifest.null_resource.additional_components",
            "module.acm-clients.module.acm_operator.module.k8sop_manifest.null_resource.gcloud_auth_google_credentials",
            "module.acm-clients.module.acm_operator.module.k8sop_manifest.null_resource.gcloud_auth_service_account_key_file",
            "module.acm-clients.module.acm_operator.module.k8sop_manifest.null_resource.run_command",
            "module.acm-clients.module.acm_operator.module.k8sop_manifest.null_resource.run_destroy_command",
            "module.client-clusters.data.google_client_config.default",
            "module.client-clusters.data.google_compute_subnetwork.gke_subnetwork",
            "module.client-clusters.data.google_compute_zones.available",
            "module.client-clusters.data.google_container_engine_versions.region",
            "module.client-clusters.data.google_container_engine_versions.zone",
            "module.client-clusters.google_compute_firewall.intra_egress",
            "module.client-clusters.google_compute_firewall.master_webhooks",
            "module.client-clusters.google_compute_firewall.shadow_allow_master",
            "module.client-clusters.google_compute_firewall.shadow_allow_nodes",
            "module.client-clusters.google_compute_firewall.shadow_allow_pods",
            "module.client-clusters.google_container_cluster.primary",
            "module.client-clusters.google_container_node_pool.pools",
            "module.client-clusters.google_project_iam_member.cluster_service_account-artifact-registry",
            "module.client-clusters.google_project_iam_member.cluster_service_account-gcr",
            "module.client-clusters.google_project_iam_member.cluster_service_account-log_writer",
            "module.client-clusters.google_project_iam_member.cluster_service_account-metric_writer",
            "module.client-clusters.google_project_iam_member.cluster_service_account-monitoring_viewer",
            "module.client-clusters.google_project_iam_member.cluster_service_account-resourceMetadata-writer",
            "module.client-clusters.google_service_account.cluster_service_account",
            "module.client-clusters.kubernetes_config_map.ip-masq-agent",
            "module.client-clusters.kubernetes_config_map.kube-dns",
            "module.client-clusters.kubernetes_config_map.kube-dns-upstream-nameservers-and-stub-domains",
            "module.client-clusters.kubernetes_config_map.kube-dns-upstream-namservers",
            "module.client-clusters.module.gcloud_delete_default_kube_dns_configmap.module.gcloud_kubectl.data.external.env_override",
            "module.client-clusters.module.gcloud_delete_default_kube_dns_configmap.module.gcloud_kubectl.null_resource.additional_components",
            "module.client-clusters.module.gcloud_delete_default_kube_dns_configmap.module.gcloud_kubectl.null_resource.additional_components_destroy",
            "module.client-clusters.module.gcloud_delete_default_kube_dns_configmap.module.gcloud_kubectl.null_resource.decompress",
            "module.client-clusters.module.gcloud_delete_default_kube_dns_configmap.module.gcloud_kubectl.null_resource.decompress_destroy",
            "module.client-clusters.module.gcloud_delete_default_kube_dns_configmap.module.gcloud_kubectl.null_resource.download_gcloud",
            "module.client-clusters.module.gcloud_delete_default_kube_dns_configmap.module.gcloud_kubectl.null_resource.download_jq",
            "module.client-clusters.module.gcloud_delete_default_kube_dns_configmap.module.gcloud_kubectl.null_resource.gcloud_auth_google_credentials",
            "module.client-clusters.module.gcloud_delete_default_kube_dns_configmap.module.gcloud_kubectl.null_resource.gcloud_auth_google_credentials_destroy",
            "module.client-clusters.module.gcloud_delete_default_kube_dns_configmap.module.gcloud_kubectl.null_resource.gcloud_auth_service_account_key_file",
            "module.client-clusters.module.gcloud_delete_default_kube_dns_configmap.module.gcloud_kubectl.null_resource.gcloud_auth_service_account_key_file_destroy",
            "module.client-clusters.module.gcloud_delete_default_kube_dns_configmap.module.gcloud_kubectl.null_resource.module_depends_on",
            "module.client-clusters.module.gcloud_delete_default_kube_dns_configmap.module.gcloud_kubectl.null_resource.prepare_cache",
            "module.client-clusters.module.gcloud_delete_default_kube_dns_configmap.module.gcloud_kubectl.null_resource.run_command",
            "module.client-clusters.module.gcloud_delete_default_kube_dns_configmap.module.gcloud_kubectl.null_resource.run_destroy_command",
            "module.client-clusters.module.gcloud_delete_default_kube_dns_configmap.module.gcloud_kubectl.null_resource.upgrade",
            "module.client-clusters.module.gcloud_delete_default_kube_dns_configmap.module.gcloud_kubectl.null_resource.upgrade_destroy",
            "module.client-clusters.module.gcloud_delete_default_kube_dns_configmap.module.gcloud_kubectl.random_id.cache",
            "module.client-clusters.random_shuffle.available_zones",
            "module.client-clusters.random_string.cluster_service_account_suffix",
            "module.project-services.google_project_service.project_services"
          ]
        }
      ]
    },
    {
      "module": "module.acm-clients[1].module.acm_operator.module.k8s_operator.module.gcloud_kubectl",
      "mode": "managed",
      "type": "null_resource",
      "name": "run_command",
      "provider": "provider[\"registry.terraform.io/hashicorp/null\"]",
      "instances": [
        {
          "index_key": 0,
          "schema_version": 0,
          "attributes": {
            "id": "7080587452154759382",
            "triggers": {
              "arguments": "35c4dad51d21f548519550d1828ca0ee",
              "create_cmd_body": "gke-cluster-client-1 us-west1-a jk-mlops-dev false false kubectl apply -f config-management-operator.yaml",
              "create_cmd_entrypoint": ".terraform/modules/acm-clients.acm_operator.k8s_operator/terraform-google-gcloud-2.0.3/modules/kubectl-wrapper/scripts/kubectl_wrapper.sh",
              "gcloud_bin_abs_path": "/google-cloud-sdk/bin",
              "md5": "352ffea85252263f4f6b54fa4bb8ffb3"
            }
          },
          "sensitive_attributes": [],
          "private": "bnVsbA==",
          "dependencies": [
            "data.google_client_config.current",
            "data.google_project.project",
            "module.acm-clients.module.acm_operator.module.k8s_operator.module.gcloud_kubectl.data.external.env_override",
            "module.acm-clients.module.acm_operator.module.k8s_operator.module.gcloud_kubectl.null_resource.additional_components",
            "module.acm-clients.module.acm_operator.module.k8s_operator.module.gcloud_kubectl.null_resource.decompress",
            "module.acm-clients.module.acm_operator.module.k8s_operator.module.gcloud_kubectl.null_resource.gcloud_auth_google_credentials",
            "module.acm-clients.module.acm_operator.module.k8s_operator.module.gcloud_kubectl.null_resource.gcloud_auth_service_account_key_file",
            "module.acm-clients.module.acm_operator.module.k8s_operator.module.gcloud_kubectl.null_resource.module_depends_on",
            "module.acm-clients.module.acm_operator.module.k8s_operator.module.gcloud_kubectl.null_resource.upgrade",
            "module.acm-clients.module.acm_operator.module.k8s_operator.module.gcloud_kubectl.random_id.cache",
            "module.acm-clients.module.acm_operator.module.k8sop_manifest.null_resource.additional_components",
            "module.acm-clients.module.acm_operator.module.k8sop_manifest.null_resource.gcloud_auth_google_credentials",
            "module.acm-clients.module.acm_operator.module.k8sop_manifest.null_resource.gcloud_auth_service_account_key_file",
            "module.acm-clients.module.acm_operator.module.k8sop_manifest.null_resource.run_command",
            "module.acm-clients.module.acm_operator.module.k8sop_manifest.null_resource.run_destroy_command",
            "module.client-clusters.data.google_client_config.default",
            "module.client-clusters.data.google_compute_subnetwork.gke_subnetwork",
            "module.client-clusters.data.google_compute_zones.available",
            "module.client-clusters.data.google_container_engine_versions.region",
            "module.client-clusters.data.google_container_engine_versions.zone",
            "module.client-clusters.google_compute_firewall.intra_egress",
            "module.client-clusters.google_compute_firewall.master_webhooks",
            "module.client-clusters.google_compute_firewall.shadow_allow_master",
            "module.client-clusters.google_compute_firewall.shadow_allow_nodes",
            "module.client-clusters.google_compute_firewall.shadow_allow_pods",
            "module.client-clusters.google_container_cluster.primary",
            "module.client-clusters.google_container_node_pool.pools",
            "module.client-clusters.google_project_iam_member.cluster_service_account-artifact-registry",
            "module.client-clusters.google_project_iam_member.cluster_service_account-gcr",
            "module.client-clusters.google_project_iam_member.cluster_service_account-log_writer",
            "module.client-clusters.google_project_iam_member.cluster_service_account-metric_writer",
            "module.client-clusters.google_project_iam_member.cluster_service_account-monitoring_viewer",
            "module.client-clusters.google_project_iam_member.cluster_service_account-resourceMetadata-writer",
            "module.client-clusters.google_service_account.cluster_service_account",
            "module.client-clusters.kubernetes_config_map.ip-masq-agent",
            "module.client-clusters.kubernetes_config_map.kube-dns",
            "module.client-clusters.kubernetes_config_map.kube-dns-upstream-nameservers-and-stub-domains",
            "module.client-clusters.kubernetes_config_map.kube-dns-upstream-namservers",
            "module.client-clusters.module.gcloud_delete_default_kube_dns_configmap.module.gcloud_kubectl.data.external.env_override",
            "module.client-clusters.module.gcloud_delete_default_kube_dns_configmap.module.gcloud_kubectl.null_resource.additional_components",
            "module.client-clusters.module.gcloud_delete_default_kube_dns_configmap.module.gcloud_kubectl.null_resource.additional_components_destroy",
            "module.client-clusters.module.gcloud_delete_default_kube_dns_configmap.module.gcloud_kubectl.null_resource.decompress",
            "module.client-clusters.module.gcloud_delete_default_kube_dns_configmap.module.gcloud_kubectl.null_resource.decompress_destroy",
            "module.client-clusters.module.gcloud_delete_default_kube_dns_configmap.module.gcloud_kubectl.null_resource.download_gcloud",
            "module.client-clusters.module.gcloud_delete_default_kube_dns_configmap.module.gcloud_kubectl.null_resource.download_jq",
            "module.client-clusters.module.gcloud_delete_default_kube_dns_configmap.module.gcloud_kubectl.null_resource.gcloud_auth_google_credentials",
            "module.client-clusters.module.gcloud_delete_default_kube_dns_configmap.module.gcloud_kubectl.null_resource.gcloud_auth_google_credentials_destroy",
            "module.client-clusters.module.gcloud_delete_default_kube_dns_configmap.module.gcloud_kubectl.null_resource.gcloud_auth_service_account_key_file",
            "module.client-clusters.module.gcloud_delete_default_kube_dns_configmap.module.gcloud_kubectl.null_resource.gcloud_auth_service_account_key_file_destroy",
            "module.client-clusters.module.gcloud_delete_default_kube_dns_configmap.module.gcloud_kubectl.null_resource.module_depends_on",
            "module.client-clusters.module.gcloud_delete_default_kube_dns_configmap.module.gcloud_kubectl.null_resource.prepare_cache",
            "module.client-clusters.module.gcloud_delete_default_kube_dns_configmap.module.gcloud_kubectl.null_resource.run_command",
            "module.client-clusters.module.gcloud_delete_default_kube_dns_configmap.module.gcloud_kubectl.null_resource.run_destroy_command",
            "module.client-clusters.module.gcloud_delete_default_kube_dns_configmap.module.gcloud_kubectl.null_resource.upgrade",
            "module.client-clusters.module.gcloud_delete_default_kube_dns_configmap.module.gcloud_kubectl.null_resource.upgrade_destroy",
            "module.client-clusters.module.gcloud_delete_default_kube_dns_configmap.module.gcloud_kubectl.random_id.cache",
            "module.client-clusters.random_shuffle.available_zones",
            "module.client-clusters.random_string.cluster_service_account_suffix",
            "module.project-services.google_project_service.project_services"
          ]
        }
      ]
    },
    {
      "module": "module.acm-clients[1].module.acm_operator.module.k8s_operator.module.gcloud_kubectl",
      "mode": "managed",
      "type": "null_resource",
      "name": "run_destroy_command",
      "provider": "provider[\"registry.terraform.io/hashicorp/null\"]",
      "instances": [
        {
          "index_key": 0,
          "schema_version": 0,
          "attributes": {
            "id": "4675596670789917839",
            "triggers": {
              "destroy_cmd_body": "gke-cluster-client-1 us-west1-a jk-mlops-dev false false kubectl delete -f config-management-operator.yaml",
              "destroy_cmd_entrypoint": ".terraform/modules/acm-clients.acm_operator.k8s_operator/terraform-google-gcloud-2.0.3/modules/kubectl-wrapper/scripts/kubectl_wrapper.sh",
              "gcloud_bin_abs_path": "/google-cloud-sdk/bin"
            }
          },
          "sensitive_attributes": [],
          "private": "bnVsbA==",
          "dependencies": [
            "data.google_client_config.current",
            "data.google_project.project",
            "module.acm-clients.module.acm_operator.module.k8s_operator.module.gcloud_kubectl.data.external.env_override",
            "module.acm-clients.module.acm_operator.module.k8s_operator.module.gcloud_kubectl.null_resource.additional_components",
            "module.acm-clients.module.acm_operator.module.k8s_operator.module.gcloud_kubectl.null_resource.decompress",
            "module.acm-clients.module.acm_operator.module.k8s_operator.module.gcloud_kubectl.null_resource.gcloud_auth_google_credentials",
            "module.acm-clients.module.acm_operator.module.k8s_operator.module.gcloud_kubectl.null_resource.gcloud_auth_service_account_key_file",
            "module.acm-clients.module.acm_operator.module.k8s_operator.module.gcloud_kubectl.null_resource.module_depends_on",
            "module.acm-clients.module.acm_operator.module.k8s_operator.module.gcloud_kubectl.null_resource.upgrade",
            "module.acm-clients.module.acm_operator.module.k8s_operator.module.gcloud_kubectl.random_id.cache",
            "module.acm-clients.module.acm_operator.module.k8sop_manifest.null_resource.additional_components",
            "module.acm-clients.module.acm_operator.module.k8sop_manifest.null_resource.gcloud_auth_google_credentials",
            "module.acm-clients.module.acm_operator.module.k8sop_manifest.null_resource.gcloud_auth_service_account_key_file",
            "module.acm-clients.module.acm_operator.module.k8sop_manifest.null_resource.run_command",
            "module.acm-clients.module.acm_operator.module.k8sop_manifest.null_resource.run_destroy_command",
            "module.client-clusters.data.google_client_config.default",
            "module.client-clusters.data.google_compute_subnetwork.gke_subnetwork",
            "module.client-clusters.data.google_compute_zones.available",
            "module.client-clusters.data.google_container_engine_versions.region",
            "module.client-clusters.data.google_container_engine_versions.zone",
            "module.client-clusters.google_compute_firewall.intra_egress",
            "module.client-clusters.google_compute_firewall.master_webhooks",
            "module.client-clusters.google_compute_firewall.shadow_allow_master",
            "module.client-clusters.google_compute_firewall.shadow_allow_nodes",
            "module.client-clusters.google_compute_firewall.shadow_allow_pods",
            "module.client-clusters.google_container_cluster.primary",
            "module.client-clusters.google_container_node_pool.pools",
            "module.client-clusters.google_project_iam_member.cluster_service_account-artifact-registry",
            "module.client-clusters.google_project_iam_member.cluster_service_account-gcr",
            "module.client-clusters.google_project_iam_member.cluster_service_account-log_writer",
            "module.client-clusters.google_project_iam_member.cluster_service_account-metric_writer",
            "module.client-clusters.google_project_iam_member.cluster_service_account-monitoring_viewer",
            "module.client-clusters.google_project_iam_member.cluster_service_account-resourceMetadata-writer",
            "module.client-clusters.google_service_account.cluster_service_account",
            "module.client-clusters.kubernetes_config_map.ip-masq-agent",
            "module.client-clusters.kubernetes_config_map.kube-dns",
            "module.client-clusters.kubernetes_config_map.kube-dns-upstream-nameservers-and-stub-domains",
            "module.client-clusters.kubernetes_config_map.kube-dns-upstream-namservers",
            "module.client-clusters.module.gcloud_delete_default_kube_dns_configmap.module.gcloud_kubectl.data.external.env_override",
            "module.client-clusters.module.gcloud_delete_default_kube_dns_configmap.module.gcloud_kubectl.null_resource.additional_components",
            "module.client-clusters.module.gcloud_delete_default_kube_dns_configmap.module.gcloud_kubectl.null_resource.additional_components_destroy",
            "module.client-clusters.module.gcloud_delete_default_kube_dns_configmap.module.gcloud_kubectl.null_resource.decompress",
            "module.client-clusters.module.gcloud_delete_default_kube_dns_configmap.module.gcloud_kubectl.null_resource.decompress_destroy",
            "module.client-clusters.module.gcloud_delete_default_kube_dns_configmap.module.gcloud_kubectl.null_resource.download_gcloud",
            "module.client-clusters.module.gcloud_delete_default_kube_dns_configmap.module.gcloud_kubectl.null_resource.download_jq",
            "module.client-clusters.module.gcloud_delete_default_kube_dns_configmap.module.gcloud_kubectl.null_resource.gcloud_auth_google_credentials",
            "module.client-clusters.module.gcloud_delete_default_kube_dns_configmap.module.gcloud_kubectl.null_resource.gcloud_auth_google_credentials_destroy",
            "module.client-clusters.module.gcloud_delete_default_kube_dns_configmap.module.gcloud_kubectl.null_resource.gcloud_auth_service_account_key_file",
            "module.client-clusters.module.gcloud_delete_default_kube_dns_configmap.module.gcloud_kubectl.null_resource.gcloud_auth_service_account_key_file_destroy",
            "module.client-clusters.module.gcloud_delete_default_kube_dns_configmap.module.gcloud_kubectl.null_resource.module_depends_on",
            "module.client-clusters.module.gcloud_delete_default_kube_dns_configmap.module.gcloud_kubectl.null_resource.prepare_cache",
            "module.client-clusters.module.gcloud_delete_default_kube_dns_configmap.module.gcloud_kubectl.null_resource.run_command",
            "module.client-clusters.module.gcloud_delete_default_kube_dns_configmap.module.gcloud_kubectl.null_resource.run_destroy_command",
            "module.client-clusters.module.gcloud_delete_default_kube_dns_configmap.module.gcloud_kubectl.null_resource.upgrade",
            "module.client-clusters.module.gcloud_delete_default_kube_dns_configmap.module.gcloud_kubectl.null_resource.upgrade_destroy",
            "module.client-clusters.module.gcloud_delete_default_kube_dns_configmap.module.gcloud_kubectl.random_id.cache",
            "module.client-clusters.random_shuffle.available_zones",
            "module.client-clusters.random_string.cluster_service_account_suffix",
            "module.project-services.google_project_service.project_services"
          ]
        }
      ]
    },
    {
      "module": "module.acm-clients[1].module.acm_operator.module.k8sop_config.module.gcloud_kubectl",
      "mode": "data",
      "type": "external",
      "name": "env_override",
      "provider": "provider[\"registry.terraform.io/hashicorp/external\"]",
      "instances": [
        {
          "index_key": 0,
          "schema_version": 0,
          "attributes": {
            "id": "-",
            "program": [
              ".terraform/modules/acm-clients.acm_operator.k8sop_config/terraform-google-gcloud-2.0.3/scripts/check_env.sh"
            ],
            "query": null,
            "result": {
              "download": ""
            },
            "working_dir": null
          },
          "sensitive_attributes": []
        }
      ]
    },
    {
      "module": "module.acm-clients[1].module.acm_operator.module.k8sop_config.module.gcloud_kubectl",
      "mode": "managed",
      "type": "null_resource",
      "name": "additional_components",
      "provider": "provider[\"registry.terraform.io/hashicorp/null\"]",
      "instances": [
        {
          "index_key": 0,
          "schema_version": 0,
          "attributes": {
            "id": "5443198150397264703",
            "triggers": {
              "additional_components_command": ".terraform/modules/acm-clients.acm_operator.k8sop_config/terraform-google-gcloud-2.0.3/scripts/check_components.sh gcloud kubectl",
              "arguments": "6c39c228f550abd8a5d45fad68750b32",
              "configmanagement": "apiVersion: configmanagement.gke.io/v1\nkind: ConfigManagement\nmetadata:\n  name: config-management\nspec:\n  # clusterName is required and must be unique among all managed clusters\n  clusterName: gke-cluster-client-1\n  policyController:\n    enabled: true\n    templateLibraryInstalled: true\n    logDeniesEnabled: false\n  git:\n    syncRepo: https://github.com/jarokaz/tff/\n    secretType: ssh\n    policyDir: acm-dir\n    syncBranch: master\n  \n  \n",
              "md5": "695569ed0c115609fca6ac38234ed814"
            }
          },
          "sensitive_attributes": [],
          "private": "bnVsbA==",
          "dependencies": [
            "data.google_client_config.current",
            "data.google_project.project",
            "module.acm-clients.module.acm_operator.data.template_file.k8sop_config",
            "module.acm-clients.module.acm_operator.module.k8sop_config.module.gcloud_kubectl.data.external.env_override",
            "module.acm-clients.module.acm_operator.module.k8sop_config.module.gcloud_kubectl.null_resource.upgrade",
            "module.acm-clients.module.acm_operator.module.k8sop_config.module.gcloud_kubectl.random_id.cache",
            "module.client-clusters.data.google_client_config.default",
            "module.client-clusters.data.google_compute_subnetwork.gke_subnetwork",
            "module.client-clusters.data.google_compute_zones.available",
            "module.client-clusters.data.google_container_engine_versions.region",
            "module.client-clusters.data.google_container_engine_versions.zone",
            "module.client-clusters.google_compute_firewall.intra_egress",
            "module.client-clusters.google_compute_firewall.master_webhooks",
            "module.client-clusters.google_compute_firewall.shadow_allow_master",
            "module.client-clusters.google_compute_firewall.shadow_allow_nodes",
            "module.client-clusters.google_compute_firewall.shadow_allow_pods",
            "module.client-clusters.google_container_cluster.primary",
            "module.client-clusters.google_container_node_pool.pools",
            "module.client-clusters.google_project_iam_member.cluster_service_account-artifact-registry",
            "module.client-clusters.google_project_iam_member.cluster_service_account-gcr",
            "module.client-clusters.google_project_iam_member.cluster_service_account-log_writer",
            "module.client-clusters.google_project_iam_member.cluster_service_account-metric_writer",
            "module.client-clusters.google_project_iam_member.cluster_service_account-monitoring_viewer",
            "module.client-clusters.google_project_iam_member.cluster_service_account-resourceMetadata-writer",
            "module.client-clusters.google_service_account.cluster_service_account",
            "module.client-clusters.kubernetes_config_map.ip-masq-agent",
            "module.client-clusters.kubernetes_config_map.kube-dns",
            "module.client-clusters.kubernetes_config_map.kube-dns-upstream-nameservers-and-stub-domains",
            "module.client-clusters.kubernetes_config_map.kube-dns-upstream-namservers",
            "module.client-clusters.module.gcloud_delete_default_kube_dns_configmap.module.gcloud_kubectl.data.external.env_override",
            "module.client-clusters.module.gcloud_delete_default_kube_dns_configmap.module.gcloud_kubectl.null_resource.additional_components",
            "module.client-clusters.module.gcloud_delete_default_kube_dns_configmap.module.gcloud_kubectl.null_resource.additional_components_destroy",
            "module.client-clusters.module.gcloud_delete_default_kube_dns_configmap.module.gcloud_kubectl.null_resource.decompress",
            "module.client-clusters.module.gcloud_delete_default_kube_dns_configmap.module.gcloud_kubectl.null_resource.decompress_destroy",
            "module.client-clusters.module.gcloud_delete_default_kube_dns_configmap.module.gcloud_kubectl.null_resource.download_gcloud",
            "module.client-clusters.module.gcloud_delete_default_kube_dns_configmap.module.gcloud_kubectl.null_resource.download_jq",
            "module.client-clusters.module.gcloud_delete_default_kube_dns_configmap.module.gcloud_kubectl.null_resource.gcloud_auth_google_credentials",
            "module.client-clusters.module.gcloud_delete_default_kube_dns_configmap.module.gcloud_kubectl.null_resource.gcloud_auth_google_credentials_destroy",
            "module.client-clusters.module.gcloud_delete_default_kube_dns_configmap.module.gcloud_kubectl.null_resource.gcloud_auth_service_account_key_file",
            "module.client-clusters.module.gcloud_delete_default_kube_dns_configmap.module.gcloud_kubectl.null_resource.gcloud_auth_service_account_key_file_destroy",
            "module.client-clusters.module.gcloud_delete_default_kube_dns_configmap.module.gcloud_kubectl.null_resource.module_depends_on",
            "module.client-clusters.module.gcloud_delete_default_kube_dns_configmap.module.gcloud_kubectl.null_resource.prepare_cache",
            "module.client-clusters.module.gcloud_delete_default_kube_dns_configmap.module.gcloud_kubectl.null_resource.run_command",
            "module.client-clusters.module.gcloud_delete_default_kube_dns_configmap.module.gcloud_kubectl.null_resource.run_destroy_command",
            "module.client-clusters.module.gcloud_delete_default_kube_dns_configmap.module.gcloud_kubectl.null_resource.upgrade",
            "module.client-clusters.module.gcloud_delete_default_kube_dns_configmap.module.gcloud_kubectl.null_resource.upgrade_destroy",
            "module.client-clusters.module.gcloud_delete_default_kube_dns_configmap.module.gcloud_kubectl.random_id.cache",
            "module.client-clusters.random_shuffle.available_zones",
            "module.client-clusters.random_string.cluster_service_account_suffix",
            "module.project-services.google_project_service.project_services"
          ]
        }
      ]
    },
    {
      "module": "module.acm-clients[1].module.acm_operator.module.k8sop_config.module.gcloud_kubectl",
      "mode": "managed",
      "type": "null_resource",
      "name": "module_depends_on",
      "provider": "provider[\"registry.terraform.io/hashicorp/null\"]",
      "instances": [
        {
          "index_key": 0,
          "schema_version": 0,
          "attributes": {
            "id": "2427070590432696797",
            "triggers": {
              "value": "2"
            }
          },
          "sensitive_attributes": [],
          "private": "bnVsbA==",
          "dependencies": [
            "data.google_client_config.current",
            "data.google_project.project",
            "module.acm-clients.module.acm_operator.module.k8s_operator.module.gcloud_kubectl.data.external.env_override",
            "module.acm-clients.module.acm_operator.module.k8s_operator.module.gcloud_kubectl.null_resource.additional_components",
            "module.acm-clients.module.acm_operator.module.k8s_operator.module.gcloud_kubectl.null_resource.decompress",
            "module.acm-clients.module.acm_operator.module.k8s_operator.module.gcloud_kubectl.null_resource.gcloud_auth_google_credentials",
            "module.acm-clients.module.acm_operator.module.k8s_operator.module.gcloud_kubectl.null_resource.gcloud_auth_service_account_key_file",
            "module.acm-clients.module.acm_operator.module.k8s_operator.module.gcloud_kubectl.null_resource.module_depends_on",
            "module.acm-clients.module.acm_operator.module.k8s_operator.module.gcloud_kubectl.null_resource.run_command",
            "module.acm-clients.module.acm_operator.module.k8s_operator.module.gcloud_kubectl.null_resource.run_destroy_command",
            "module.acm-clients.module.acm_operator.module.k8s_operator.module.gcloud_kubectl.null_resource.upgrade",
            "module.acm-clients.module.acm_operator.module.k8s_operator.module.gcloud_kubectl.random_id.cache",
            "module.acm-clients.module.acm_operator.module.k8sop_creds_secret.module.gcloud_kubectl.data.external.env_override",
            "module.acm-clients.module.acm_operator.module.k8sop_creds_secret.module.gcloud_kubectl.null_resource.additional_components",
            "module.acm-clients.module.acm_operator.module.k8sop_creds_secret.module.gcloud_kubectl.null_resource.decompress",
            "module.acm-clients.module.acm_operator.module.k8sop_creds_secret.module.gcloud_kubectl.null_resource.gcloud_auth_google_credentials",
            "module.acm-clients.module.acm_operator.module.k8sop_creds_secret.module.gcloud_kubectl.null_resource.gcloud_auth_service_account_key_file",
            "module.acm-clients.module.acm_operator.module.k8sop_creds_secret.module.gcloud_kubectl.null_resource.module_depends_on",
            "module.acm-clients.module.acm_operator.module.k8sop_creds_secret.module.gcloud_kubectl.null_resource.run_command",
            "module.acm-clients.module.acm_operator.module.k8sop_creds_secret.module.gcloud_kubectl.null_resource.run_destroy_command",
            "module.acm-clients.module.acm_operator.module.k8sop_creds_secret.module.gcloud_kubectl.null_resource.upgrade",
            "module.acm-clients.module.acm_operator.module.k8sop_creds_secret.module.gcloud_kubectl.random_id.cache",
            "module.acm-clients.module.acm_operator.module.k8sop_manifest.null_resource.additional_components",
            "module.acm-clients.module.acm_operator.module.k8sop_manifest.null_resource.gcloud_auth_google_credentials",
            "module.acm-clients.module.acm_operator.module.k8sop_manifest.null_resource.gcloud_auth_service_account_key_file",
            "module.acm-clients.module.acm_operator.module.k8sop_manifest.null_resource.run_command",
            "module.acm-clients.module.acm_operator.module.k8sop_manifest.null_resource.run_destroy_command",
            "module.acm-clients.module.acm_operator.tls_private_key.k8sop_creds",
            "module.client-clusters.data.google_client_config.default",
            "module.client-clusters.data.google_compute_subnetwork.gke_subnetwork",
            "module.client-clusters.data.google_compute_zones.available",
            "module.client-clusters.data.google_container_engine_versions.region",
            "module.client-clusters.data.google_container_engine_versions.zone",
            "module.client-clusters.google_compute_firewall.intra_egress",
            "module.client-clusters.google_compute_firewall.master_webhooks",
            "module.client-clusters.google_compute_firewall.shadow_allow_master",
            "module.client-clusters.google_compute_firewall.shadow_allow_nodes",
            "module.client-clusters.google_compute_firewall.shadow_allow_pods",
            "module.client-clusters.google_container_cluster.primary",
            "module.client-clusters.google_container_node_pool.pools",
            "module.client-clusters.google_project_iam_member.cluster_service_account-artifact-registry",
            "module.client-clusters.google_project_iam_member.cluster_service_account-gcr",
            "module.client-clusters.google_project_iam_member.cluster_service_account-log_writer",
            "module.client-clusters.google_project_iam_member.cluster_service_account-metric_writer",
            "module.client-clusters.google_project_iam_member.cluster_service_account-monitoring_viewer",
            "module.client-clusters.google_project_iam_member.cluster_service_account-resourceMetadata-writer",
            "module.client-clusters.google_service_account.cluster_service_account",
            "module.client-clusters.kubernetes_config_map.ip-masq-agent",
            "module.client-clusters.kubernetes_config_map.kube-dns",
            "module.client-clusters.kubernetes_config_map.kube-dns-upstream-nameservers-and-stub-domains",
            "module.client-clusters.kubernetes_config_map.kube-dns-upstream-namservers",
            "module.client-clusters.module.gcloud_delete_default_kube_dns_configmap.module.gcloud_kubectl.data.external.env_override",
            "module.client-clusters.module.gcloud_delete_default_kube_dns_configmap.module.gcloud_kubectl.null_resource.additional_components",
            "module.client-clusters.module.gcloud_delete_default_kube_dns_configmap.module.gcloud_kubectl.null_resource.additional_components_destroy",
            "module.client-clusters.module.gcloud_delete_default_kube_dns_configmap.module.gcloud_kubectl.null_resource.decompress",
            "module.client-clusters.module.gcloud_delete_default_kube_dns_configmap.module.gcloud_kubectl.null_resource.decompress_destroy",
            "module.client-clusters.module.gcloud_delete_default_kube_dns_configmap.module.gcloud_kubectl.null_resource.download_gcloud",
            "module.client-clusters.module.gcloud_delete_default_kube_dns_configmap.module.gcloud_kubectl.null_resource.download_jq",
            "module.client-clusters.module.gcloud_delete_default_kube_dns_configmap.module.gcloud_kubectl.null_resource.gcloud_auth_google_credentials",
            "module.client-clusters.module.gcloud_delete_default_kube_dns_configmap.module.gcloud_kubectl.null_resource.gcloud_auth_google_credentials_destroy",
            "module.client-clusters.module.gcloud_delete_default_kube_dns_configmap.module.gcloud_kubectl.null_resource.gcloud_auth_service_account_key_file",
            "module.client-clusters.module.gcloud_delete_default_kube_dns_configmap.module.gcloud_kubectl.null_resource.gcloud_auth_service_account_key_file_destroy",
            "module.client-clusters.module.gcloud_delete_default_kube_dns_configmap.module.gcloud_kubectl.null_resource.module_depends_on",
            "module.client-clusters.module.gcloud_delete_default_kube_dns_configmap.module.gcloud_kubectl.null_resource.prepare_cache",
            "module.client-clusters.module.gcloud_delete_default_kube_dns_configmap.module.gcloud_kubectl.null_resource.run_command",
            "module.client-clusters.module.gcloud_delete_default_kube_dns_configmap.module.gcloud_kubectl.null_resource.run_destroy_command",
            "module.client-clusters.module.gcloud_delete_default_kube_dns_configmap.module.gcloud_kubectl.null_resource.upgrade",
            "module.client-clusters.module.gcloud_delete_default_kube_dns_configmap.module.gcloud_kubectl.null_resource.upgrade_destroy",
            "module.client-clusters.module.gcloud_delete_default_kube_dns_configmap.module.gcloud_kubectl.random_id.cache",
            "module.client-clusters.random_shuffle.available_zones",
            "module.client-clusters.random_string.cluster_service_account_suffix",
            "module.project-services.google_project_service.project_services"
          ]
        }
      ]
    },
    {
      "module": "module.acm-clients[1].module.acm_operator.module.k8sop_config.module.gcloud_kubectl",
      "mode": "managed",
      "type": "null_resource",
      "name": "run_command",
      "provider": "provider[\"registry.terraform.io/hashicorp/null\"]",
      "instances": [
        {
          "index_key": 0,
          "schema_version": 0,
          "attributes": {
            "id": "5051856765569920207",
            "triggers": {
              "arguments": "6c39c228f550abd8a5d45fad68750b32",
              "configmanagement": "apiVersion: configmanagement.gke.io/v1\nkind: ConfigManagement\nmetadata:\n  name: config-management\nspec:\n  # clusterName is required and must be unique among all managed clusters\n  clusterName: gke-cluster-client-1\n  policyController:\n    enabled: true\n    templateLibraryInstalled: true\n    logDeniesEnabled: false\n  git:\n    syncRepo: https://github.com/jarokaz/tff/\n    secretType: ssh\n    policyDir: acm-dir\n    syncBranch: master\n  \n  \n",
              "create_cmd_body": "gke-cluster-client-1 us-west1-a jk-mlops-dev false false kubectl apply -f - \u003c\u003cEOF\napiVersion: configmanagement.gke.io/v1\nkind: ConfigManagement\nmetadata:\n  name: config-management\nspec:\n  # clusterName is required and must be unique among all managed clusters\n  clusterName: gke-cluster-client-1\n  policyController:\n    enabled: true\n    templateLibraryInstalled: true\n    logDeniesEnabled: false\n  git:\n    syncRepo: https://github.com/jarokaz/tff/\n    secretType: ssh\n    policyDir: acm-dir\n    syncBranch: master\n  \n  \nEOF",
              "create_cmd_entrypoint": ".terraform/modules/acm-clients.acm_operator.k8sop_config/terraform-google-gcloud-2.0.3/modules/kubectl-wrapper/scripts/kubectl_wrapper.sh",
              "gcloud_bin_abs_path": "/google-cloud-sdk/bin",
              "md5": "695569ed0c115609fca6ac38234ed814"
            }
          },
          "sensitive_attributes": [],
          "private": "bnVsbA==",
          "dependencies": [
            "data.google_client_config.current",
            "data.google_project.project",
            "module.acm-clients.module.acm_operator.data.template_file.k8sop_config",
            "module.acm-clients.module.acm_operator.module.k8s_operator.module.gcloud_kubectl.data.external.env_override",
            "module.acm-clients.module.acm_operator.module.k8s_operator.module.gcloud_kubectl.null_resource.additional_components",
            "module.acm-clients.module.acm_operator.module.k8s_operator.module.gcloud_kubectl.null_resource.decompress",
            "module.acm-clients.module.acm_operator.module.k8s_operator.module.gcloud_kubectl.null_resource.gcloud_auth_google_credentials",
            "module.acm-clients.module.acm_operator.module.k8s_operator.module.gcloud_kubectl.null_resource.gcloud_auth_service_account_key_file",
            "module.acm-clients.module.acm_operator.module.k8s_operator.module.gcloud_kubectl.null_resource.module_depends_on",
            "module.acm-clients.module.acm_operator.module.k8s_operator.module.gcloud_kubectl.null_resource.run_command",
            "module.acm-clients.module.acm_operator.module.k8s_operator.module.gcloud_kubectl.null_resource.run_destroy_command",
            "module.acm-clients.module.acm_operator.module.k8s_operator.module.gcloud_kubectl.null_resource.upgrade",
            "module.acm-clients.module.acm_operator.module.k8s_operator.module.gcloud_kubectl.random_id.cache",
            "module.acm-clients.module.acm_operator.module.k8sop_config.module.gcloud_kubectl.data.external.env_override",
            "module.acm-clients.module.acm_operator.module.k8sop_config.module.gcloud_kubectl.null_resource.additional_components",
            "module.acm-clients.module.acm_operator.module.k8sop_config.module.gcloud_kubectl.null_resource.decompress",
            "module.acm-clients.module.acm_operator.module.k8sop_config.module.gcloud_kubectl.null_resource.gcloud_auth_google_credentials",
            "module.acm-clients.module.acm_operator.module.k8sop_config.module.gcloud_kubectl.null_resource.gcloud_auth_service_account_key_file",
            "module.acm-clients.module.acm_operator.module.k8sop_config.module.gcloud_kubectl.null_resource.module_depends_on",
            "module.acm-clients.module.acm_operator.module.k8sop_config.module.gcloud_kubectl.null_resource.upgrade",
            "module.acm-clients.module.acm_operator.module.k8sop_config.module.gcloud_kubectl.random_id.cache",
            "module.acm-clients.module.acm_operator.module.k8sop_creds_secret.module.gcloud_kubectl.data.external.env_override",
            "module.acm-clients.module.acm_operator.module.k8sop_creds_secret.module.gcloud_kubectl.null_resource.additional_components",
            "module.acm-clients.module.acm_operator.module.k8sop_creds_secret.module.gcloud_kubectl.null_resource.decompress",
            "module.acm-clients.module.acm_operator.module.k8sop_creds_secret.module.gcloud_kubectl.null_resource.gcloud_auth_google_credentials",
            "module.acm-clients.module.acm_operator.module.k8sop_creds_secret.module.gcloud_kubectl.null_resource.gcloud_auth_service_account_key_file",
            "module.acm-clients.module.acm_operator.module.k8sop_creds_secret.module.gcloud_kubectl.null_resource.module_depends_on",
            "module.acm-clients.module.acm_operator.module.k8sop_creds_secret.module.gcloud_kubectl.null_resource.run_command",
            "module.acm-clients.module.acm_operator.module.k8sop_creds_secret.module.gcloud_kubectl.null_resource.run_destroy_command",
            "module.acm-clients.module.acm_operator.module.k8sop_creds_secret.module.gcloud_kubectl.null_resource.upgrade",
            "module.acm-clients.module.acm_operator.module.k8sop_creds_secret.module.gcloud_kubectl.random_id.cache",
            "module.acm-clients.module.acm_operator.module.k8sop_manifest.null_resource.additional_components",
            "module.acm-clients.module.acm_operator.module.k8sop_manifest.null_resource.gcloud_auth_google_credentials",
            "module.acm-clients.module.acm_operator.module.k8sop_manifest.null_resource.gcloud_auth_service_account_key_file",
            "module.acm-clients.module.acm_operator.module.k8sop_manifest.null_resource.run_command",
            "module.acm-clients.module.acm_operator.module.k8sop_manifest.null_resource.run_destroy_command",
            "module.acm-clients.module.acm_operator.tls_private_key.k8sop_creds",
            "module.client-clusters.data.google_client_config.default",
            "module.client-clusters.data.google_compute_subnetwork.gke_subnetwork",
            "module.client-clusters.data.google_compute_zones.available",
            "module.client-clusters.data.google_container_engine_versions.region",
            "module.client-clusters.data.google_container_engine_versions.zone",
            "module.client-clusters.google_compute_firewall.intra_egress",
            "module.client-clusters.google_compute_firewall.master_webhooks",
            "module.client-clusters.google_compute_firewall.shadow_allow_master",
            "module.client-clusters.google_compute_firewall.shadow_allow_nodes",
            "module.client-clusters.google_compute_firewall.shadow_allow_pods",
            "module.client-clusters.google_container_cluster.primary",
            "module.client-clusters.google_container_node_pool.pools",
            "module.client-clusters.google_project_iam_member.cluster_service_account-artifact-registry",
            "module.client-clusters.google_project_iam_member.cluster_service_account-gcr",
            "module.client-clusters.google_project_iam_member.cluster_service_account-log_writer",
            "module.client-clusters.google_project_iam_member.cluster_service_account-metric_writer",
            "module.client-clusters.google_project_iam_member.cluster_service_account-monitoring_viewer",
            "module.client-clusters.google_project_iam_member.cluster_service_account-resourceMetadata-writer",
            "module.client-clusters.google_service_account.cluster_service_account",
            "module.client-clusters.kubernetes_config_map.ip-masq-agent",
            "module.client-clusters.kubernetes_config_map.kube-dns",
            "module.client-clusters.kubernetes_config_map.kube-dns-upstream-nameservers-and-stub-domains",
            "module.client-clusters.kubernetes_config_map.kube-dns-upstream-namservers",
            "module.client-clusters.module.gcloud_delete_default_kube_dns_configmap.module.gcloud_kubectl.data.external.env_override",
            "module.client-clusters.module.gcloud_delete_default_kube_dns_configmap.module.gcloud_kubectl.null_resource.additional_components",
            "module.client-clusters.module.gcloud_delete_default_kube_dns_configmap.module.gcloud_kubectl.null_resource.additional_components_destroy",
            "module.client-clusters.module.gcloud_delete_default_kube_dns_configmap.module.gcloud_kubectl.null_resource.decompress",
            "module.client-clusters.module.gcloud_delete_default_kube_dns_configmap.module.gcloud_kubectl.null_resource.decompress_destroy",
            "module.client-clusters.module.gcloud_delete_default_kube_dns_configmap.module.gcloud_kubectl.null_resource.download_gcloud",
            "module.client-clusters.module.gcloud_delete_default_kube_dns_configmap.module.gcloud_kubectl.null_resource.download_jq",
            "module.client-clusters.module.gcloud_delete_default_kube_dns_configmap.module.gcloud_kubectl.null_resource.gcloud_auth_google_credentials",
            "module.client-clusters.module.gcloud_delete_default_kube_dns_configmap.module.gcloud_kubectl.null_resource.gcloud_auth_google_credentials_destroy",
            "module.client-clusters.module.gcloud_delete_default_kube_dns_configmap.module.gcloud_kubectl.null_resource.gcloud_auth_service_account_key_file",
            "module.client-clusters.module.gcloud_delete_default_kube_dns_configmap.module.gcloud_kubectl.null_resource.gcloud_auth_service_account_key_file_destroy",
            "module.client-clusters.module.gcloud_delete_default_kube_dns_configmap.module.gcloud_kubectl.null_resource.module_depends_on",
            "module.client-clusters.module.gcloud_delete_default_kube_dns_configmap.module.gcloud_kubectl.null_resource.prepare_cache",
            "module.client-clusters.module.gcloud_delete_default_kube_dns_configmap.module.gcloud_kubectl.null_resource.run_command",
            "module.client-clusters.module.gcloud_delete_default_kube_dns_configmap.module.gcloud_kubectl.null_resource.run_destroy_command",
            "module.client-clusters.module.gcloud_delete_default_kube_dns_configmap.module.gcloud_kubectl.null_resource.upgrade",
            "module.client-clusters.module.gcloud_delete_default_kube_dns_configmap.module.gcloud_kubectl.null_resource.upgrade_destroy",
            "module.client-clusters.module.gcloud_delete_default_kube_dns_configmap.module.gcloud_kubectl.random_id.cache",
            "module.client-clusters.random_shuffle.available_zones",
            "module.client-clusters.random_string.cluster_service_account_suffix",
            "module.project-services.google_project_service.project_services"
          ]
        }
      ]
    },
    {
      "module": "module.acm-clients[1].module.acm_operator.module.k8sop_config.module.gcloud_kubectl",
      "mode": "managed",
      "type": "null_resource",
      "name": "run_destroy_command",
      "provider": "provider[\"registry.terraform.io/hashicorp/null\"]",
      "instances": [
        {
          "index_key": 0,
          "schema_version": 0,
          "attributes": {
            "id": "9092227237290959018",
            "triggers": {
              "configmanagement": "apiVersion: configmanagement.gke.io/v1\nkind: ConfigManagement\nmetadata:\n  name: config-management\nspec:\n  # clusterName is required and must be unique among all managed clusters\n  clusterName: gke-cluster-client-1\n  policyController:\n    enabled: true\n    templateLibraryInstalled: true\n    logDeniesEnabled: false\n  git:\n    syncRepo: https://github.com/jarokaz/tff/\n    secretType: ssh\n    policyDir: acm-dir\n    syncBranch: master\n  \n  \n",
              "destroy_cmd_body": "gke-cluster-client-1 us-west1-a jk-mlops-dev false false kubectl delete -f - \u003c\u003cEOF\napiVersion: configmanagement.gke.io/v1\nkind: ConfigManagement\nmetadata:\n  name: config-management\nspec:\n  # clusterName is required and must be unique among all managed clusters\n  clusterName: gke-cluster-client-1\n  policyController:\n    enabled: true\n    templateLibraryInstalled: true\n    logDeniesEnabled: false\n  git:\n    syncRepo: https://github.com/jarokaz/tff/\n    secretType: ssh\n    policyDir: acm-dir\n    syncBranch: master\n  \n  \nEOF",
              "destroy_cmd_entrypoint": ".terraform/modules/acm-clients.acm_operator.k8sop_config/terraform-google-gcloud-2.0.3/modules/kubectl-wrapper/scripts/kubectl_wrapper.sh",
              "gcloud_bin_abs_path": "/google-cloud-sdk/bin"
            }
          },
          "sensitive_attributes": [],
          "private": "bnVsbA==",
          "dependencies": [
            "data.google_client_config.current",
            "data.google_project.project",
            "module.acm-clients.module.acm_operator.data.template_file.k8sop_config",
            "module.acm-clients.module.acm_operator.module.k8s_operator.module.gcloud_kubectl.data.external.env_override",
            "module.acm-clients.module.acm_operator.module.k8s_operator.module.gcloud_kubectl.null_resource.additional_components",
            "module.acm-clients.module.acm_operator.module.k8s_operator.module.gcloud_kubectl.null_resource.decompress",
            "module.acm-clients.module.acm_operator.module.k8s_operator.module.gcloud_kubectl.null_resource.gcloud_auth_google_credentials",
            "module.acm-clients.module.acm_operator.module.k8s_operator.module.gcloud_kubectl.null_resource.gcloud_auth_service_account_key_file",
            "module.acm-clients.module.acm_operator.module.k8s_operator.module.gcloud_kubectl.null_resource.module_depends_on",
            "module.acm-clients.module.acm_operator.module.k8s_operator.module.gcloud_kubectl.null_resource.run_command",
            "module.acm-clients.module.acm_operator.module.k8s_operator.module.gcloud_kubectl.null_resource.run_destroy_command",
            "module.acm-clients.module.acm_operator.module.k8s_operator.module.gcloud_kubectl.null_resource.upgrade",
            "module.acm-clients.module.acm_operator.module.k8s_operator.module.gcloud_kubectl.random_id.cache",
            "module.acm-clients.module.acm_operator.module.k8sop_config.module.gcloud_kubectl.data.external.env_override",
            "module.acm-clients.module.acm_operator.module.k8sop_config.module.gcloud_kubectl.null_resource.additional_components",
            "module.acm-clients.module.acm_operator.module.k8sop_config.module.gcloud_kubectl.null_resource.decompress",
            "module.acm-clients.module.acm_operator.module.k8sop_config.module.gcloud_kubectl.null_resource.gcloud_auth_google_credentials",
            "module.acm-clients.module.acm_operator.module.k8sop_config.module.gcloud_kubectl.null_resource.gcloud_auth_service_account_key_file",
            "module.acm-clients.module.acm_operator.module.k8sop_config.module.gcloud_kubectl.null_resource.module_depends_on",
            "module.acm-clients.module.acm_operator.module.k8sop_config.module.gcloud_kubectl.null_resource.upgrade",
            "module.acm-clients.module.acm_operator.module.k8sop_config.module.gcloud_kubectl.random_id.cache",
            "module.acm-clients.module.acm_operator.module.k8sop_creds_secret.module.gcloud_kubectl.data.external.env_override",
            "module.acm-clients.module.acm_operator.module.k8sop_creds_secret.module.gcloud_kubectl.null_resource.additional_components",
            "module.acm-clients.module.acm_operator.module.k8sop_creds_secret.module.gcloud_kubectl.null_resource.decompress",
            "module.acm-clients.module.acm_operator.module.k8sop_creds_secret.module.gcloud_kubectl.null_resource.gcloud_auth_google_credentials",
            "module.acm-clients.module.acm_operator.module.k8sop_creds_secret.module.gcloud_kubectl.null_resource.gcloud_auth_service_account_key_file",
            "module.acm-clients.module.acm_operator.module.k8sop_creds_secret.module.gcloud_kubectl.null_resource.module_depends_on",
            "module.acm-clients.module.acm_operator.module.k8sop_creds_secret.module.gcloud_kubectl.null_resource.run_command",
            "module.acm-clients.module.acm_operator.module.k8sop_creds_secret.module.gcloud_kubectl.null_resource.run_destroy_command",
            "module.acm-clients.module.acm_operator.module.k8sop_creds_secret.module.gcloud_kubectl.null_resource.upgrade",
            "module.acm-clients.module.acm_operator.module.k8sop_creds_secret.module.gcloud_kubectl.random_id.cache",
            "module.acm-clients.module.acm_operator.module.k8sop_manifest.null_resource.additional_components",
            "module.acm-clients.module.acm_operator.module.k8sop_manifest.null_resource.gcloud_auth_google_credentials",
            "module.acm-clients.module.acm_operator.module.k8sop_manifest.null_resource.gcloud_auth_service_account_key_file",
            "module.acm-clients.module.acm_operator.module.k8sop_manifest.null_resource.run_command",
            "module.acm-clients.module.acm_operator.module.k8sop_manifest.null_resource.run_destroy_command",
            "module.acm-clients.module.acm_operator.tls_private_key.k8sop_creds",
            "module.client-clusters.data.google_client_config.default",
            "module.client-clusters.data.google_compute_subnetwork.gke_subnetwork",
            "module.client-clusters.data.google_compute_zones.available",
            "module.client-clusters.data.google_container_engine_versions.region",
            "module.client-clusters.data.google_container_engine_versions.zone",
            "module.client-clusters.google_compute_firewall.intra_egress",
            "module.client-clusters.google_compute_firewall.master_webhooks",
            "module.client-clusters.google_compute_firewall.shadow_allow_master",
            "module.client-clusters.google_compute_firewall.shadow_allow_nodes",
            "module.client-clusters.google_compute_firewall.shadow_allow_pods",
            "module.client-clusters.google_container_cluster.primary",
            "module.client-clusters.google_container_node_pool.pools",
            "module.client-clusters.google_project_iam_member.cluster_service_account-artifact-registry",
            "module.client-clusters.google_project_iam_member.cluster_service_account-gcr",
            "module.client-clusters.google_project_iam_member.cluster_service_account-log_writer",
            "module.client-clusters.google_project_iam_member.cluster_service_account-metric_writer",
            "module.client-clusters.google_project_iam_member.cluster_service_account-monitoring_viewer",
            "module.client-clusters.google_project_iam_member.cluster_service_account-resourceMetadata-writer",
            "module.client-clusters.google_service_account.cluster_service_account",
            "module.client-clusters.kubernetes_config_map.ip-masq-agent",
            "module.client-clusters.kubernetes_config_map.kube-dns",
            "module.client-clusters.kubernetes_config_map.kube-dns-upstream-nameservers-and-stub-domains",
            "module.client-clusters.kubernetes_config_map.kube-dns-upstream-namservers",
            "module.client-clusters.module.gcloud_delete_default_kube_dns_configmap.module.gcloud_kubectl.data.external.env_override",
            "module.client-clusters.module.gcloud_delete_default_kube_dns_configmap.module.gcloud_kubectl.null_resource.additional_components",
            "module.client-clusters.module.gcloud_delete_default_kube_dns_configmap.module.gcloud_kubectl.null_resource.additional_components_destroy",
            "module.client-clusters.module.gcloud_delete_default_kube_dns_configmap.module.gcloud_kubectl.null_resource.decompress",
            "module.client-clusters.module.gcloud_delete_default_kube_dns_configmap.module.gcloud_kubectl.null_resource.decompress_destroy",
            "module.client-clusters.module.gcloud_delete_default_kube_dns_configmap.module.gcloud_kubectl.null_resource.download_gcloud",
            "module.client-clusters.module.gcloud_delete_default_kube_dns_configmap.module.gcloud_kubectl.null_resource.download_jq",
            "module.client-clusters.module.gcloud_delete_default_kube_dns_configmap.module.gcloud_kubectl.null_resource.gcloud_auth_google_credentials",
            "module.client-clusters.module.gcloud_delete_default_kube_dns_configmap.module.gcloud_kubectl.null_resource.gcloud_auth_google_credentials_destroy",
            "module.client-clusters.module.gcloud_delete_default_kube_dns_configmap.module.gcloud_kubectl.null_resource.gcloud_auth_service_account_key_file",
            "module.client-clusters.module.gcloud_delete_default_kube_dns_configmap.module.gcloud_kubectl.null_resource.gcloud_auth_service_account_key_file_destroy",
            "module.client-clusters.module.gcloud_delete_default_kube_dns_configmap.module.gcloud_kubectl.null_resource.module_depends_on",
            "module.client-clusters.module.gcloud_delete_default_kube_dns_configmap.module.gcloud_kubectl.null_resource.prepare_cache",
            "module.client-clusters.module.gcloud_delete_default_kube_dns_configmap.module.gcloud_kubectl.null_resource.run_command",
            "module.client-clusters.module.gcloud_delete_default_kube_dns_configmap.module.gcloud_kubectl.null_resource.run_destroy_command",
            "module.client-clusters.module.gcloud_delete_default_kube_dns_configmap.module.gcloud_kubectl.null_resource.upgrade",
            "module.client-clusters.module.gcloud_delete_default_kube_dns_configmap.module.gcloud_kubectl.null_resource.upgrade_destroy",
            "module.client-clusters.module.gcloud_delete_default_kube_dns_configmap.module.gcloud_kubectl.random_id.cache",
            "module.client-clusters.random_shuffle.available_zones",
            "module.client-clusters.random_string.cluster_service_account_suffix",
            "module.project-services.google_project_service.project_services"
          ]
        }
      ]
    },
    {
      "module": "module.acm-clients[1].module.acm_operator.module.k8sop_creds_secret.module.gcloud_kubectl",
      "mode": "data",
      "type": "external",
      "name": "env_override",
      "provider": "provider[\"registry.terraform.io/hashicorp/external\"]",
      "instances": [
        {
          "index_key": 0,
          "schema_version": 0,
          "attributes": {
            "id": "-",
            "program": [
              ".terraform/modules/acm-clients.acm_operator.k8sop_creds_secret/terraform-google-gcloud-2.0.3/scripts/check_env.sh"
            ],
            "query": null,
            "result": {
              "download": ""
            },
            "working_dir": null
          },
          "sensitive_attributes": []
        }
      ]
    },
    {
      "module": "module.acm-clients[1].module.acm_operator.module.k8sop_creds_secret.module.gcloud_kubectl",
      "mode": "managed",
      "type": "null_resource",
      "name": "additional_components",
      "provider": "provider[\"registry.terraform.io/hashicorp/null\"]",
      "instances": [
        {
          "index_key": 0,
          "schema_version": 0,
          "attributes": {
            "id": "5971928981423022900",
            "triggers": {
              "additional_components_command": ".terraform/modules/acm-clients.acm_operator.k8sop_creds_secret/terraform-google-gcloud-2.0.3/scripts/check_components.sh gcloud kubectl",
              "arguments": "ace08d6683ae0a1fa9dec6806d6e9fe8",
              "md5": "f41e9e4bce1f16c5a7b5479198a8093d"
            }
          },
          "sensitive_attributes": [],
          "private": "bnVsbA==",
          "dependencies": [
            "data.google_client_config.current",
            "data.google_project.project",
            "module.acm-clients.module.acm_operator.module.k8sop_creds_secret.module.gcloud_kubectl.data.external.env_override",
            "module.acm-clients.module.acm_operator.module.k8sop_creds_secret.module.gcloud_kubectl.null_resource.upgrade",
            "module.acm-clients.module.acm_operator.module.k8sop_creds_secret.module.gcloud_kubectl.random_id.cache",
            "module.acm-clients.module.acm_operator.tls_private_key.k8sop_creds",
            "module.client-clusters.data.google_client_config.default",
            "module.client-clusters.data.google_compute_subnetwork.gke_subnetwork",
            "module.client-clusters.data.google_compute_zones.available",
            "module.client-clusters.data.google_container_engine_versions.region",
            "module.client-clusters.data.google_container_engine_versions.zone",
            "module.client-clusters.google_compute_firewall.intra_egress",
            "module.client-clusters.google_compute_firewall.master_webhooks",
            "module.client-clusters.google_compute_firewall.shadow_allow_master",
            "module.client-clusters.google_compute_firewall.shadow_allow_nodes",
            "module.client-clusters.google_compute_firewall.shadow_allow_pods",
            "module.client-clusters.google_container_cluster.primary",
            "module.client-clusters.google_container_node_pool.pools",
            "module.client-clusters.google_project_iam_member.cluster_service_account-artifact-registry",
            "module.client-clusters.google_project_iam_member.cluster_service_account-gcr",
            "module.client-clusters.google_project_iam_member.cluster_service_account-log_writer",
            "module.client-clusters.google_project_iam_member.cluster_service_account-metric_writer",
            "module.client-clusters.google_project_iam_member.cluster_service_account-monitoring_viewer",
            "module.client-clusters.google_project_iam_member.cluster_service_account-resourceMetadata-writer",
            "module.client-clusters.google_service_account.cluster_service_account",
            "module.client-clusters.kubernetes_config_map.ip-masq-agent",
            "module.client-clusters.kubernetes_config_map.kube-dns",
            "module.client-clusters.kubernetes_config_map.kube-dns-upstream-nameservers-and-stub-domains",
            "module.client-clusters.kubernetes_config_map.kube-dns-upstream-namservers",
            "module.client-clusters.module.gcloud_delete_default_kube_dns_configmap.module.gcloud_kubectl.data.external.env_override",
            "module.client-clusters.module.gcloud_delete_default_kube_dns_configmap.module.gcloud_kubectl.null_resource.additional_components",
            "module.client-clusters.module.gcloud_delete_default_kube_dns_configmap.module.gcloud_kubectl.null_resource.additional_components_destroy",
            "module.client-clusters.module.gcloud_delete_default_kube_dns_configmap.module.gcloud_kubectl.null_resource.decompress",
            "module.client-clusters.module.gcloud_delete_default_kube_dns_configmap.module.gcloud_kubectl.null_resource.decompress_destroy",
            "module.client-clusters.module.gcloud_delete_default_kube_dns_configmap.module.gcloud_kubectl.null_resource.download_gcloud",
            "module.client-clusters.module.gcloud_delete_default_kube_dns_configmap.module.gcloud_kubectl.null_resource.download_jq",
            "module.client-clusters.module.gcloud_delete_default_kube_dns_configmap.module.gcloud_kubectl.null_resource.gcloud_auth_google_credentials",
            "module.client-clusters.module.gcloud_delete_default_kube_dns_configmap.module.gcloud_kubectl.null_resource.gcloud_auth_google_credentials_destroy",
            "module.client-clusters.module.gcloud_delete_default_kube_dns_configmap.module.gcloud_kubectl.null_resource.gcloud_auth_service_account_key_file",
            "module.client-clusters.module.gcloud_delete_default_kube_dns_configmap.module.gcloud_kubectl.null_resource.gcloud_auth_service_account_key_file_destroy",
            "module.client-clusters.module.gcloud_delete_default_kube_dns_configmap.module.gcloud_kubectl.null_resource.module_depends_on",
            "module.client-clusters.module.gcloud_delete_default_kube_dns_configmap.module.gcloud_kubectl.null_resource.prepare_cache",
            "module.client-clusters.module.gcloud_delete_default_kube_dns_configmap.module.gcloud_kubectl.null_resource.run_command",
            "module.client-clusters.module.gcloud_delete_default_kube_dns_configmap.module.gcloud_kubectl.null_resource.run_destroy_command",
            "module.client-clusters.module.gcloud_delete_default_kube_dns_configmap.module.gcloud_kubectl.null_resource.upgrade",
            "module.client-clusters.module.gcloud_delete_default_kube_dns_configmap.module.gcloud_kubectl.null_resource.upgrade_destroy",
            "module.client-clusters.module.gcloud_delete_default_kube_dns_configmap.module.gcloud_kubectl.random_id.cache",
            "module.client-clusters.random_shuffle.available_zones",
            "module.client-clusters.random_string.cluster_service_account_suffix",
            "module.project-services.google_project_service.project_services"
          ]
        }
      ]
    },
    {
      "module": "module.acm-clients[1].module.acm_operator.module.k8sop_creds_secret.module.gcloud_kubectl",
      "mode": "managed",
      "type": "null_resource",
      "name": "module_depends_on",
      "provider": "provider[\"registry.terraform.io/hashicorp/null\"]",
      "instances": [
        {
          "index_key": 0,
          "schema_version": 0,
          "attributes": {
            "id": "8399531529298516480",
            "triggers": {
              "value": "1"
            }
          },
          "sensitive_attributes": [],
          "private": "bnVsbA==",
          "dependencies": [
            "data.google_client_config.current",
            "data.google_project.project",
            "module.acm-clients.module.acm_operator.module.k8s_operator.module.gcloud_kubectl.data.external.env_override",
            "module.acm-clients.module.acm_operator.module.k8s_operator.module.gcloud_kubectl.null_resource.additional_components",
            "module.acm-clients.module.acm_operator.module.k8s_operator.module.gcloud_kubectl.null_resource.decompress",
            "module.acm-clients.module.acm_operator.module.k8s_operator.module.gcloud_kubectl.null_resource.gcloud_auth_google_credentials",
            "module.acm-clients.module.acm_operator.module.k8s_operator.module.gcloud_kubectl.null_resource.gcloud_auth_service_account_key_file",
            "module.acm-clients.module.acm_operator.module.k8s_operator.module.gcloud_kubectl.null_resource.module_depends_on",
            "module.acm-clients.module.acm_operator.module.k8s_operator.module.gcloud_kubectl.null_resource.run_command",
            "module.acm-clients.module.acm_operator.module.k8s_operator.module.gcloud_kubectl.null_resource.run_destroy_command",
            "module.acm-clients.module.acm_operator.module.k8s_operator.module.gcloud_kubectl.null_resource.upgrade",
            "module.acm-clients.module.acm_operator.module.k8s_operator.module.gcloud_kubectl.random_id.cache",
            "module.acm-clients.module.acm_operator.module.k8sop_manifest.null_resource.additional_components",
            "module.acm-clients.module.acm_operator.module.k8sop_manifest.null_resource.gcloud_auth_google_credentials",
            "module.acm-clients.module.acm_operator.module.k8sop_manifest.null_resource.gcloud_auth_service_account_key_file",
            "module.acm-clients.module.acm_operator.module.k8sop_manifest.null_resource.run_command",
            "module.acm-clients.module.acm_operator.module.k8sop_manifest.null_resource.run_destroy_command",
            "module.client-clusters.data.google_client_config.default",
            "module.client-clusters.data.google_compute_subnetwork.gke_subnetwork",
            "module.client-clusters.data.google_compute_zones.available",
            "module.client-clusters.data.google_container_engine_versions.region",
            "module.client-clusters.data.google_container_engine_versions.zone",
            "module.client-clusters.google_compute_firewall.intra_egress",
            "module.client-clusters.google_compute_firewall.master_webhooks",
            "module.client-clusters.google_compute_firewall.shadow_allow_master",
            "module.client-clusters.google_compute_firewall.shadow_allow_nodes",
            "module.client-clusters.google_compute_firewall.shadow_allow_pods",
            "module.client-clusters.google_container_cluster.primary",
            "module.client-clusters.google_container_node_pool.pools",
            "module.client-clusters.google_project_iam_member.cluster_service_account-artifact-registry",
            "module.client-clusters.google_project_iam_member.cluster_service_account-gcr",
            "module.client-clusters.google_project_iam_member.cluster_service_account-log_writer",
            "module.client-clusters.google_project_iam_member.cluster_service_account-metric_writer",
            "module.client-clusters.google_project_iam_member.cluster_service_account-monitoring_viewer",
            "module.client-clusters.google_project_iam_member.cluster_service_account-resourceMetadata-writer",
            "module.client-clusters.google_service_account.cluster_service_account",
            "module.client-clusters.kubernetes_config_map.ip-masq-agent",
            "module.client-clusters.kubernetes_config_map.kube-dns",
            "module.client-clusters.kubernetes_config_map.kube-dns-upstream-nameservers-and-stub-domains",
            "module.client-clusters.kubernetes_config_map.kube-dns-upstream-namservers",
            "module.client-clusters.module.gcloud_delete_default_kube_dns_configmap.module.gcloud_kubectl.data.external.env_override",
            "module.client-clusters.module.gcloud_delete_default_kube_dns_configmap.module.gcloud_kubectl.null_resource.additional_components",
            "module.client-clusters.module.gcloud_delete_default_kube_dns_configmap.module.gcloud_kubectl.null_resource.additional_components_destroy",
            "module.client-clusters.module.gcloud_delete_default_kube_dns_configmap.module.gcloud_kubectl.null_resource.decompress",
            "module.client-clusters.module.gcloud_delete_default_kube_dns_configmap.module.gcloud_kubectl.null_resource.decompress_destroy",
            "module.client-clusters.module.gcloud_delete_default_kube_dns_configmap.module.gcloud_kubectl.null_resource.download_gcloud",
            "module.client-clusters.module.gcloud_delete_default_kube_dns_configmap.module.gcloud_kubectl.null_resource.download_jq",
            "module.client-clusters.module.gcloud_delete_default_kube_dns_configmap.module.gcloud_kubectl.null_resource.gcloud_auth_google_credentials",
            "module.client-clusters.module.gcloud_delete_default_kube_dns_configmap.module.gcloud_kubectl.null_resource.gcloud_auth_google_credentials_destroy",
            "module.client-clusters.module.gcloud_delete_default_kube_dns_configmap.module.gcloud_kubectl.null_resource.gcloud_auth_service_account_key_file",
            "module.client-clusters.module.gcloud_delete_default_kube_dns_configmap.module.gcloud_kubectl.null_resource.gcloud_auth_service_account_key_file_destroy",
            "module.client-clusters.module.gcloud_delete_default_kube_dns_configmap.module.gcloud_kubectl.null_resource.module_depends_on",
            "module.client-clusters.module.gcloud_delete_default_kube_dns_configmap.module.gcloud_kubectl.null_resource.prepare_cache",
            "module.client-clusters.module.gcloud_delete_default_kube_dns_configmap.module.gcloud_kubectl.null_resource.run_command",
            "module.client-clusters.module.gcloud_delete_default_kube_dns_configmap.module.gcloud_kubectl.null_resource.run_destroy_command",
            "module.client-clusters.module.gcloud_delete_default_kube_dns_configmap.module.gcloud_kubectl.null_resource.upgrade",
            "module.client-clusters.module.gcloud_delete_default_kube_dns_configmap.module.gcloud_kubectl.null_resource.upgrade_destroy",
            "module.client-clusters.module.gcloud_delete_default_kube_dns_configmap.module.gcloud_kubectl.random_id.cache",
            "module.client-clusters.random_shuffle.available_zones",
            "module.client-clusters.random_string.cluster_service_account_suffix",
            "module.project-services.google_project_service.project_services"
          ]
        }
      ]
    },
    {
      "module": "module.acm-clients[1].module.acm_operator.module.k8sop_creds_secret.module.gcloud_kubectl",
      "mode": "managed",
      "type": "null_resource",
      "name": "run_command",
      "provider": "provider[\"registry.terraform.io/hashicorp/null\"]",
      "instances": [
        {
          "index_key": 0,
          "schema_version": 0,
          "attributes": {
            "id": "129093143315381677",
            "triggers": {
              "arguments": "ace08d6683ae0a1fa9dec6806d6e9fe8",
              "create_cmd_body": "gke-cluster-client-1 us-west1-a jk-mlops-dev false false kubectl create secret generic git-creds -n=config-management-system --from-literal=ssh='-----BEGIN RSA PRIVATE KEY-----\nMIIJJwIBAAKCAgEAsAw92+ZL5PO6IZHQyD3fK/inO9Y8r2TZ5kDYnBltZhCQ7afr\nkr7pH6sEy2/aByGvOGotVEIBjzBuBMdcHtcEbZhjzPxpxpNNTX8vbaJLdG+Ry9dj\nWmUJACWocE8/noUREbCJmvPDa2JSnMOgNXvFZ81NhEt3+0NQ4szzHLAZgpcHIqik\nkXGEQA7NhT8j/OdJ6dT8MRL1xARFpY4mzHZb464gGwOAyzDzf6AdfMTQR/CidSAI\nLXJ2OK6CWRW6Wh1fdOk3kXM3PgNSMxV+IdYuhbCSV+AVOm8XOrUSJMaZw6sbHw7I\n1/jyMkGiqD5SjzIgcYLYHKGKFpiHu68NzKlQ3/HYLmcHWnGqPckgcrMd49ZnQfZG\n8mbFpWRK8Mv/Kq1AbU3osThfkVXbQCvAwSulMwgPeD/YFC4RfjSmf0+jyv1S13m8\naZuvS8w/Kc5Y+ROvPtp/n9AlT8LHJydgpH4S1mwTgAEoe2lRLiUV1wBsMBgoV9QZ\nGCCsPROrsrubALHaKpqCzxguQfLq768g0CSkt9ahHWHxA/WsvxwyKHwgJd1JlxJL\nXWV1SozR+cdnyO9yxUTE0vCf0zw7b0I9Gp+6fYfQxe7P4lRFaB8bcuML6/En+63O\nuCpltK8+HiNnqxvea2RimBIh43GvFJXgqS5mfDOXlEpqZgiFlAxIxw+7dPUCAwEA\nAQKCAgADKLUTdRZ3jUgRwiQU88dFarjVggqkuxKN5yv74Rjtc+6l1RWNFI/qWY9E\nd0VaS2hxgrY9hNGyWBQhUdJ9Wy5hKRLhYsYjIhGJCnc3aGoiNL5RAhRuUtHOht52\n5XUmywx7XMebWDRxgNoqpfgB/a6VJkH11cTZZWPWLgdOxHowtbUTEiOh2H+fBqT5\ndyCWMTBKWeAMoWJ3mfwF9H8NvDH56+33jiCJhN9Zsu3Uh1OVduPzZhe/eQZWDguY\nvaMSauSDnIu6uG6NVlHrSL9yq/05uOlnWkYHPmcUTpt8vXOU50UdUY6ZEYaHEFZy\n3mts1mFuqAJowR1ROnt1CrccrQ0eb/wXV0lETnIufOtHFzRYNbJjsi4idRSuO7ve\nxJfoaHBBKv1HAHAIPBckk7RMOubtSri8HWUz0HeBtOa6PeeqSs4SszeYags9N3A+\n9sfXjFaB61ugWQdsuyCwykI5YqCKgzZ2yOLZW54jbWCH4e+CarzejmRHlctu7W5G\nqYrxy1/f1TBuoi+e6aU6N2frDdCmx/eXT5Y/c2hydWbKlFZaoui1xstRaiTcyy8n\nUeOMi12gK/W/5kWiNLQx1ZI/esEEtj4K7oqJQI2SVe6W5lS1OSGwc3KgNgz5sAbt\npHAvy3BSrih5cdWQQcMpWGko0kxw0s0f4HqV5bTTfelW8OlkAQKCAQEAxEavsXft\ngiDAmE8FmVOpZm6I/+kH5a/Z+O7bpHQZGYp+4BFHrUj8j5Q8avISZgIMD0jy7A0p\nNZH8X85ob7bU6hr53zG4F+b1yh2wVBZA7sHy6DbPrTUk0oQZjkOegUhkxoVkE0Ue\nWjlE33xbM74SdrgiRcKnjx9/nT/JpT6EHPJpVz3RnkI20aTusdVDZdkXiVJHMMCG\nZpINIiR/bECdfsKSJ3mcABj3abAloxmaDCds+TlYydW85MU/SyrQ9EapCrclZaF2\nWLQG4uMySXDKsqvo0deaFQ5ceBS313916cD2MZtBI/nZnNx9xOvI6/1ZsQWf5uHV\nZ2BK/luR+I4ulQKCAQEA5Z3VDIC2JBxxMizaRlIxSRfEKHjFO5zo70FqYwrZxhHh\niE1mjsgRQ8z28WD7knJZHcbGK3OUZzsdm0e7TvdeBvK/t6XEUHvfAPEPdUvKZAtI\nDq7BMOtuTR9eznGQQEoyIrr0BCwEk46Kdz3H43Oy6P668PxSgvXxhPZW11FPqy51\nRrHfTQXtP7gaGm+V8jvSq7QAKsE+gTHMkUqd7pTfK0uoudG1wgj20+fQbpCzelUG\nGX5yT2F+UpXaP1NdepUI5P2B7r1E/06S+ddrEPvhR23MFMPRT2xMrXMMv1GEg/CW\nnhCRo3zqoZM3/26DNRMfMSqfk8JjSXpbnWtHwcV04QKCAQBWiMuhNLy0KHiBLiXL\nycTf8k/YdAcVTwiM5dJUmRMP3a2+YB/32DvxmWthw0Q1USW7/2+KfuryQWDBZKFK\nz5Lje+06aBNABoXLDHfXOtB582yC0NeTB+EqJy+VN17EpQQ5Oko67LhLEwC4f30+\nPMirKteBZia1xS9gRuVCQ2O/12h2HD00xwCgQVUzdlD2sFXeJzZX2innQvEjYnAD\nbCGD54jEeqs6p8c9A3o0hG8UeLVk09G/esqDGiujmkbxy81vefu06RDiXszCb2SW\nWHIlgAFvstyt99zw3EGJcxqranWgvVBk6hz1OYkBruqwkMxgbZhoFJ0frKajqf+b\nVCRZAoIBAHJ/icV6SVkodam3hACc68au+znTP0bCr8TesdZBiuah8/yr3ABG85UD\nmAA1hD06mAWpIRh5wf7YE6Ni2Zw+7bw5QDCrkIExw7oMetDawkmw9nWb3uot/Aqp\nIfV/25azaNy4rQWHjaCm65UaUZqyDvzwSPfyWpLDYXQUAqnL+hY6THC8McWOtweX\nHi0gh30LJ7pHP+4R/sEdvAyXULmvsrk8OR6v3BqtradtaRo5PcY6r5f23bmHvB4i\na3o4b9y4hH7riucpqkZFQDUlnlYRw/yCW8ne+3jHYFT9kdW1KIdCaVjYmkcT+0wm\nxT2yNes5Zcx2nKxpumjhgt20qUuO0wECggEAJ7e8be/Sm0/nIpGLtlkPqkiOUkTw\n1z7Vz0vK2M2q8qYmMy38fEwN4pz6DjGfGk9J+8rQV1XBrZZpSUPwC96CCxOEihyx\nPcKqRwcOVagRk2Ao0GkyjueFHPjpeTZOP/WDFCcSU6YHmay1BD+diMf5r0i5nOKk\nn/TxGoYCnymBE0XAIIdNXxK/sxduJOQ/+MRjIRoZoIZhLyItRPzbAYVBcMnktr57\nImqQSSnT/895959x1qTAdhU1MfZGmz2FejBVFjSEUkugSUlv/u7GVhgGD3LCGMyn\ncJbsbkM7o/2XaX+s9ROdS3ZUcZAjmBWzVhP2/7oe7XFg0hUuiIAZqL/XkA==\n-----END RSA PRIVATE KEY-----\n'",
              "create_cmd_entrypoint": ".terraform/modules/acm-clients.acm_operator.k8sop_creds_secret/terraform-google-gcloud-2.0.3/modules/kubectl-wrapper/scripts/kubectl_wrapper.sh",
              "gcloud_bin_abs_path": "/google-cloud-sdk/bin",
              "md5": "f41e9e4bce1f16c5a7b5479198a8093d"
            }
          },
          "sensitive_attributes": [],
          "private": "bnVsbA==",
          "dependencies": [
            "data.google_client_config.current",
            "data.google_project.project",
            "module.acm-clients.module.acm_operator.module.k8s_operator.module.gcloud_kubectl.data.external.env_override",
            "module.acm-clients.module.acm_operator.module.k8s_operator.module.gcloud_kubectl.null_resource.additional_components",
            "module.acm-clients.module.acm_operator.module.k8s_operator.module.gcloud_kubectl.null_resource.decompress",
            "module.acm-clients.module.acm_operator.module.k8s_operator.module.gcloud_kubectl.null_resource.gcloud_auth_google_credentials",
            "module.acm-clients.module.acm_operator.module.k8s_operator.module.gcloud_kubectl.null_resource.gcloud_auth_service_account_key_file",
            "module.acm-clients.module.acm_operator.module.k8s_operator.module.gcloud_kubectl.null_resource.module_depends_on",
            "module.acm-clients.module.acm_operator.module.k8s_operator.module.gcloud_kubectl.null_resource.run_command",
            "module.acm-clients.module.acm_operator.module.k8s_operator.module.gcloud_kubectl.null_resource.run_destroy_command",
            "module.acm-clients.module.acm_operator.module.k8s_operator.module.gcloud_kubectl.null_resource.upgrade",
            "module.acm-clients.module.acm_operator.module.k8s_operator.module.gcloud_kubectl.random_id.cache",
            "module.acm-clients.module.acm_operator.module.k8sop_creds_secret.module.gcloud_kubectl.data.external.env_override",
            "module.acm-clients.module.acm_operator.module.k8sop_creds_secret.module.gcloud_kubectl.null_resource.additional_components",
            "module.acm-clients.module.acm_operator.module.k8sop_creds_secret.module.gcloud_kubectl.null_resource.decompress",
            "module.acm-clients.module.acm_operator.module.k8sop_creds_secret.module.gcloud_kubectl.null_resource.gcloud_auth_google_credentials",
            "module.acm-clients.module.acm_operator.module.k8sop_creds_secret.module.gcloud_kubectl.null_resource.gcloud_auth_service_account_key_file",
            "module.acm-clients.module.acm_operator.module.k8sop_creds_secret.module.gcloud_kubectl.null_resource.module_depends_on",
            "module.acm-clients.module.acm_operator.module.k8sop_creds_secret.module.gcloud_kubectl.null_resource.upgrade",
            "module.acm-clients.module.acm_operator.module.k8sop_creds_secret.module.gcloud_kubectl.random_id.cache",
            "module.acm-clients.module.acm_operator.module.k8sop_manifest.null_resource.additional_components",
            "module.acm-clients.module.acm_operator.module.k8sop_manifest.null_resource.gcloud_auth_google_credentials",
            "module.acm-clients.module.acm_operator.module.k8sop_manifest.null_resource.gcloud_auth_service_account_key_file",
            "module.acm-clients.module.acm_operator.module.k8sop_manifest.null_resource.run_command",
            "module.acm-clients.module.acm_operator.module.k8sop_manifest.null_resource.run_destroy_command",
            "module.acm-clients.module.acm_operator.tls_private_key.k8sop_creds",
            "module.client-clusters.data.google_client_config.default",
            "module.client-clusters.data.google_compute_subnetwork.gke_subnetwork",
            "module.client-clusters.data.google_compute_zones.available",
            "module.client-clusters.data.google_container_engine_versions.region",
            "module.client-clusters.data.google_container_engine_versions.zone",
            "module.client-clusters.google_compute_firewall.intra_egress",
            "module.client-clusters.google_compute_firewall.master_webhooks",
            "module.client-clusters.google_compute_firewall.shadow_allow_master",
            "module.client-clusters.google_compute_firewall.shadow_allow_nodes",
            "module.client-clusters.google_compute_firewall.shadow_allow_pods",
            "module.client-clusters.google_container_cluster.primary",
            "module.client-clusters.google_container_node_pool.pools",
            "module.client-clusters.google_project_iam_member.cluster_service_account-artifact-registry",
            "module.client-clusters.google_project_iam_member.cluster_service_account-gcr",
            "module.client-clusters.google_project_iam_member.cluster_service_account-log_writer",
            "module.client-clusters.google_project_iam_member.cluster_service_account-metric_writer",
            "module.client-clusters.google_project_iam_member.cluster_service_account-monitoring_viewer",
            "module.client-clusters.google_project_iam_member.cluster_service_account-resourceMetadata-writer",
            "module.client-clusters.google_service_account.cluster_service_account",
            "module.client-clusters.kubernetes_config_map.ip-masq-agent",
            "module.client-clusters.kubernetes_config_map.kube-dns",
            "module.client-clusters.kubernetes_config_map.kube-dns-upstream-nameservers-and-stub-domains",
            "module.client-clusters.kubernetes_config_map.kube-dns-upstream-namservers",
            "module.client-clusters.module.gcloud_delete_default_kube_dns_configmap.module.gcloud_kubectl.data.external.env_override",
            "module.client-clusters.module.gcloud_delete_default_kube_dns_configmap.module.gcloud_kubectl.null_resource.additional_components",
            "module.client-clusters.module.gcloud_delete_default_kube_dns_configmap.module.gcloud_kubectl.null_resource.additional_components_destroy",
            "module.client-clusters.module.gcloud_delete_default_kube_dns_configmap.module.gcloud_kubectl.null_resource.decompress",
            "module.client-clusters.module.gcloud_delete_default_kube_dns_configmap.module.gcloud_kubectl.null_resource.decompress_destroy",
            "module.client-clusters.module.gcloud_delete_default_kube_dns_configmap.module.gcloud_kubectl.null_resource.download_gcloud",
            "module.client-clusters.module.gcloud_delete_default_kube_dns_configmap.module.gcloud_kubectl.null_resource.download_jq",
            "module.client-clusters.module.gcloud_delete_default_kube_dns_configmap.module.gcloud_kubectl.null_resource.gcloud_auth_google_credentials",
            "module.client-clusters.module.gcloud_delete_default_kube_dns_configmap.module.gcloud_kubectl.null_resource.gcloud_auth_google_credentials_destroy",
            "module.client-clusters.module.gcloud_delete_default_kube_dns_configmap.module.gcloud_kubectl.null_resource.gcloud_auth_service_account_key_file",
            "module.client-clusters.module.gcloud_delete_default_kube_dns_configmap.module.gcloud_kubectl.null_resource.gcloud_auth_service_account_key_file_destroy",
            "module.client-clusters.module.gcloud_delete_default_kube_dns_configmap.module.gcloud_kubectl.null_resource.module_depends_on",
            "module.client-clusters.module.gcloud_delete_default_kube_dns_configmap.module.gcloud_kubectl.null_resource.prepare_cache",
            "module.client-clusters.module.gcloud_delete_default_kube_dns_configmap.module.gcloud_kubectl.null_resource.run_command",
            "module.client-clusters.module.gcloud_delete_default_kube_dns_configmap.module.gcloud_kubectl.null_resource.run_destroy_command",
            "module.client-clusters.module.gcloud_delete_default_kube_dns_configmap.module.gcloud_kubectl.null_resource.upgrade",
            "module.client-clusters.module.gcloud_delete_default_kube_dns_configmap.module.gcloud_kubectl.null_resource.upgrade_destroy",
            "module.client-clusters.module.gcloud_delete_default_kube_dns_configmap.module.gcloud_kubectl.random_id.cache",
            "module.client-clusters.random_shuffle.available_zones",
            "module.client-clusters.random_string.cluster_service_account_suffix",
            "module.project-services.google_project_service.project_services"
          ]
        }
      ]
    },
    {
      "module": "module.acm-clients[1].module.acm_operator.module.k8sop_creds_secret.module.gcloud_kubectl",
      "mode": "managed",
      "type": "null_resource",
      "name": "run_destroy_command",
      "provider": "provider[\"registry.terraform.io/hashicorp/null\"]",
      "instances": [
        {
          "index_key": 0,
          "schema_version": 0,
          "attributes": {
            "id": "995250673562786555",
            "triggers": {
              "destroy_cmd_body": "gke-cluster-client-1 us-west1-a jk-mlops-dev false false kubectl delete secret git-creds -n=config-management-system",
              "destroy_cmd_entrypoint": ".terraform/modules/acm-clients.acm_operator.k8sop_creds_secret/terraform-google-gcloud-2.0.3/modules/kubectl-wrapper/scripts/kubectl_wrapper.sh",
              "gcloud_bin_abs_path": "/google-cloud-sdk/bin"
            }
          },
          "sensitive_attributes": [],
          "private": "bnVsbA==",
          "dependencies": [
            "data.google_client_config.current",
            "data.google_project.project",
            "module.acm-clients.module.acm_operator.module.k8s_operator.module.gcloud_kubectl.data.external.env_override",
            "module.acm-clients.module.acm_operator.module.k8s_operator.module.gcloud_kubectl.null_resource.additional_components",
            "module.acm-clients.module.acm_operator.module.k8s_operator.module.gcloud_kubectl.null_resource.decompress",
            "module.acm-clients.module.acm_operator.module.k8s_operator.module.gcloud_kubectl.null_resource.gcloud_auth_google_credentials",
            "module.acm-clients.module.acm_operator.module.k8s_operator.module.gcloud_kubectl.null_resource.gcloud_auth_service_account_key_file",
            "module.acm-clients.module.acm_operator.module.k8s_operator.module.gcloud_kubectl.null_resource.module_depends_on",
            "module.acm-clients.module.acm_operator.module.k8s_operator.module.gcloud_kubectl.null_resource.run_command",
            "module.acm-clients.module.acm_operator.module.k8s_operator.module.gcloud_kubectl.null_resource.run_destroy_command",
            "module.acm-clients.module.acm_operator.module.k8s_operator.module.gcloud_kubectl.null_resource.upgrade",
            "module.acm-clients.module.acm_operator.module.k8s_operator.module.gcloud_kubectl.random_id.cache",
            "module.acm-clients.module.acm_operator.module.k8sop_creds_secret.module.gcloud_kubectl.data.external.env_override",
            "module.acm-clients.module.acm_operator.module.k8sop_creds_secret.module.gcloud_kubectl.null_resource.additional_components",
            "module.acm-clients.module.acm_operator.module.k8sop_creds_secret.module.gcloud_kubectl.null_resource.decompress",
            "module.acm-clients.module.acm_operator.module.k8sop_creds_secret.module.gcloud_kubectl.null_resource.gcloud_auth_google_credentials",
            "module.acm-clients.module.acm_operator.module.k8sop_creds_secret.module.gcloud_kubectl.null_resource.gcloud_auth_service_account_key_file",
            "module.acm-clients.module.acm_operator.module.k8sop_creds_secret.module.gcloud_kubectl.null_resource.module_depends_on",
            "module.acm-clients.module.acm_operator.module.k8sop_creds_secret.module.gcloud_kubectl.null_resource.upgrade",
            "module.acm-clients.module.acm_operator.module.k8sop_creds_secret.module.gcloud_kubectl.random_id.cache",
            "module.acm-clients.module.acm_operator.module.k8sop_manifest.null_resource.additional_components",
            "module.acm-clients.module.acm_operator.module.k8sop_manifest.null_resource.gcloud_auth_google_credentials",
            "module.acm-clients.module.acm_operator.module.k8sop_manifest.null_resource.gcloud_auth_service_account_key_file",
            "module.acm-clients.module.acm_operator.module.k8sop_manifest.null_resource.run_command",
            "module.acm-clients.module.acm_operator.module.k8sop_manifest.null_resource.run_destroy_command",
            "module.acm-clients.module.acm_operator.tls_private_key.k8sop_creds",
            "module.client-clusters.data.google_client_config.default",
            "module.client-clusters.data.google_compute_subnetwork.gke_subnetwork",
            "module.client-clusters.data.google_compute_zones.available",
            "module.client-clusters.data.google_container_engine_versions.region",
            "module.client-clusters.data.google_container_engine_versions.zone",
            "module.client-clusters.google_compute_firewall.intra_egress",
            "module.client-clusters.google_compute_firewall.master_webhooks",
            "module.client-clusters.google_compute_firewall.shadow_allow_master",
            "module.client-clusters.google_compute_firewall.shadow_allow_nodes",
            "module.client-clusters.google_compute_firewall.shadow_allow_pods",
            "module.client-clusters.google_container_cluster.primary",
            "module.client-clusters.google_container_node_pool.pools",
            "module.client-clusters.google_project_iam_member.cluster_service_account-artifact-registry",
            "module.client-clusters.google_project_iam_member.cluster_service_account-gcr",
            "module.client-clusters.google_project_iam_member.cluster_service_account-log_writer",
            "module.client-clusters.google_project_iam_member.cluster_service_account-metric_writer",
            "module.client-clusters.google_project_iam_member.cluster_service_account-monitoring_viewer",
            "module.client-clusters.google_project_iam_member.cluster_service_account-resourceMetadata-writer",
            "module.client-clusters.google_service_account.cluster_service_account",
            "module.client-clusters.kubernetes_config_map.ip-masq-agent",
            "module.client-clusters.kubernetes_config_map.kube-dns",
            "module.client-clusters.kubernetes_config_map.kube-dns-upstream-nameservers-and-stub-domains",
            "module.client-clusters.kubernetes_config_map.kube-dns-upstream-namservers",
            "module.client-clusters.module.gcloud_delete_default_kube_dns_configmap.module.gcloud_kubectl.data.external.env_override",
            "module.client-clusters.module.gcloud_delete_default_kube_dns_configmap.module.gcloud_kubectl.null_resource.additional_components",
            "module.client-clusters.module.gcloud_delete_default_kube_dns_configmap.module.gcloud_kubectl.null_resource.additional_components_destroy",
            "module.client-clusters.module.gcloud_delete_default_kube_dns_configmap.module.gcloud_kubectl.null_resource.decompress",
            "module.client-clusters.module.gcloud_delete_default_kube_dns_configmap.module.gcloud_kubectl.null_resource.decompress_destroy",
            "module.client-clusters.module.gcloud_delete_default_kube_dns_configmap.module.gcloud_kubectl.null_resource.download_gcloud",
            "module.client-clusters.module.gcloud_delete_default_kube_dns_configmap.module.gcloud_kubectl.null_resource.download_jq",
            "module.client-clusters.module.gcloud_delete_default_kube_dns_configmap.module.gcloud_kubectl.null_resource.gcloud_auth_google_credentials",
            "module.client-clusters.module.gcloud_delete_default_kube_dns_configmap.module.gcloud_kubectl.null_resource.gcloud_auth_google_credentials_destroy",
            "module.client-clusters.module.gcloud_delete_default_kube_dns_configmap.module.gcloud_kubectl.null_resource.gcloud_auth_service_account_key_file",
            "module.client-clusters.module.gcloud_delete_default_kube_dns_configmap.module.gcloud_kubectl.null_resource.gcloud_auth_service_account_key_file_destroy",
            "module.client-clusters.module.gcloud_delete_default_kube_dns_configmap.module.gcloud_kubectl.null_resource.module_depends_on",
            "module.client-clusters.module.gcloud_delete_default_kube_dns_configmap.module.gcloud_kubectl.null_resource.prepare_cache",
            "module.client-clusters.module.gcloud_delete_default_kube_dns_configmap.module.gcloud_kubectl.null_resource.run_command",
            "module.client-clusters.module.gcloud_delete_default_kube_dns_configmap.module.gcloud_kubectl.null_resource.run_destroy_command",
            "module.client-clusters.module.gcloud_delete_default_kube_dns_configmap.module.gcloud_kubectl.null_resource.upgrade",
            "module.client-clusters.module.gcloud_delete_default_kube_dns_configmap.module.gcloud_kubectl.null_resource.upgrade_destroy",
            "module.client-clusters.module.gcloud_delete_default_kube_dns_configmap.module.gcloud_kubectl.random_id.cache",
            "module.client-clusters.random_shuffle.available_zones",
            "module.client-clusters.random_string.cluster_service_account_suffix",
            "module.project-services.google_project_service.project_services"
          ]
        }
      ]
    },
    {
      "module": "module.acm-clients[1].module.acm_operator.module.wait_for_gatekeeper.module.gcloud_kubectl",
      "mode": "data",
      "type": "external",
      "name": "env_override",
      "provider": "provider[\"registry.terraform.io/hashicorp/external\"]",
      "instances": [
        {
          "index_key": 0,
          "schema_version": 0,
          "attributes": {
            "id": "-",
            "program": [
              ".terraform/modules/acm-clients.acm_operator.wait_for_gatekeeper/terraform-google-gcloud-2.0.3/scripts/check_env.sh"
            ],
            "query": null,
            "result": {
              "download": ""
            },
            "working_dir": null
          },
          "sensitive_attributes": []
        }
      ]
    },
    {
      "module": "module.acm-clients[1].module.acm_operator.module.wait_for_gatekeeper.module.gcloud_kubectl",
      "mode": "managed",
      "type": "null_resource",
      "name": "additional_components",
      "provider": "provider[\"registry.terraform.io/hashicorp/null\"]",
      "instances": [
        {
          "index_key": 0,
          "schema_version": 0,
          "attributes": {
            "id": "5188348707612073507",
            "triggers": {
              "additional_components_command": ".terraform/modules/acm-clients.acm_operator.wait_for_gatekeeper/terraform-google-gcloud-2.0.3/scripts/check_components.sh gcloud kubectl",
              "arguments": "6f3287ba95504d330beb88980eaa06d4",
              "md5": "f7bf1e982384a57b30dd825d33b979ca",
              "script_sha1": "e1780a62dcd319cb88616007c9c22324f63a6375"
            }
          },
          "sensitive_attributes": [],
          "private": "bnVsbA==",
          "dependencies": [
            "data.google_client_config.current",
            "data.google_project.project",
            "module.acm-clients.module.acm_operator.module.wait_for_gatekeeper.module.gcloud_kubectl.data.external.env_override",
            "module.acm-clients.module.acm_operator.module.wait_for_gatekeeper.module.gcloud_kubectl.null_resource.upgrade",
            "module.acm-clients.module.acm_operator.module.wait_for_gatekeeper.module.gcloud_kubectl.random_id.cache",
            "module.client-clusters.data.google_client_config.default",
            "module.client-clusters.data.google_compute_subnetwork.gke_subnetwork",
            "module.client-clusters.data.google_compute_zones.available",
            "module.client-clusters.data.google_container_engine_versions.region",
            "module.client-clusters.data.google_container_engine_versions.zone",
            "module.client-clusters.google_compute_firewall.intra_egress",
            "module.client-clusters.google_compute_firewall.master_webhooks",
            "module.client-clusters.google_compute_firewall.shadow_allow_master",
            "module.client-clusters.google_compute_firewall.shadow_allow_nodes",
            "module.client-clusters.google_compute_firewall.shadow_allow_pods",
            "module.client-clusters.google_container_cluster.primary",
            "module.client-clusters.google_container_node_pool.pools",
            "module.client-clusters.google_project_iam_member.cluster_service_account-artifact-registry",
            "module.client-clusters.google_project_iam_member.cluster_service_account-gcr",
            "module.client-clusters.google_project_iam_member.cluster_service_account-log_writer",
            "module.client-clusters.google_project_iam_member.cluster_service_account-metric_writer",
            "module.client-clusters.google_project_iam_member.cluster_service_account-monitoring_viewer",
            "module.client-clusters.google_project_iam_member.cluster_service_account-resourceMetadata-writer",
            "module.client-clusters.google_service_account.cluster_service_account",
            "module.client-clusters.kubernetes_config_map.ip-masq-agent",
            "module.client-clusters.kubernetes_config_map.kube-dns",
            "module.client-clusters.kubernetes_config_map.kube-dns-upstream-nameservers-and-stub-domains",
            "module.client-clusters.kubernetes_config_map.kube-dns-upstream-namservers",
            "module.client-clusters.module.gcloud_delete_default_kube_dns_configmap.module.gcloud_kubectl.data.external.env_override",
            "module.client-clusters.module.gcloud_delete_default_kube_dns_configmap.module.gcloud_kubectl.null_resource.additional_components",
            "module.client-clusters.module.gcloud_delete_default_kube_dns_configmap.module.gcloud_kubectl.null_resource.additional_components_destroy",
            "module.client-clusters.module.gcloud_delete_default_kube_dns_configmap.module.gcloud_kubectl.null_resource.decompress",
            "module.client-clusters.module.gcloud_delete_default_kube_dns_configmap.module.gcloud_kubectl.null_resource.decompress_destroy",
            "module.client-clusters.module.gcloud_delete_default_kube_dns_configmap.module.gcloud_kubectl.null_resource.download_gcloud",
            "module.client-clusters.module.gcloud_delete_default_kube_dns_configmap.module.gcloud_kubectl.null_resource.download_jq",
            "module.client-clusters.module.gcloud_delete_default_kube_dns_configmap.module.gcloud_kubectl.null_resource.gcloud_auth_google_credentials",
            "module.client-clusters.module.gcloud_delete_default_kube_dns_configmap.module.gcloud_kubectl.null_resource.gcloud_auth_google_credentials_destroy",
            "module.client-clusters.module.gcloud_delete_default_kube_dns_configmap.module.gcloud_kubectl.null_resource.gcloud_auth_service_account_key_file",
            "module.client-clusters.module.gcloud_delete_default_kube_dns_configmap.module.gcloud_kubectl.null_resource.gcloud_auth_service_account_key_file_destroy",
            "module.client-clusters.module.gcloud_delete_default_kube_dns_configmap.module.gcloud_kubectl.null_resource.module_depends_on",
            "module.client-clusters.module.gcloud_delete_default_kube_dns_configmap.module.gcloud_kubectl.null_resource.prepare_cache",
            "module.client-clusters.module.gcloud_delete_default_kube_dns_configmap.module.gcloud_kubectl.null_resource.run_command",
            "module.client-clusters.module.gcloud_delete_default_kube_dns_configmap.module.gcloud_kubectl.null_resource.run_destroy_command",
            "module.client-clusters.module.gcloud_delete_default_kube_dns_configmap.module.gcloud_kubectl.null_resource.upgrade",
            "module.client-clusters.module.gcloud_delete_default_kube_dns_configmap.module.gcloud_kubectl.null_resource.upgrade_destroy",
            "module.client-clusters.module.gcloud_delete_default_kube_dns_configmap.module.gcloud_kubectl.random_id.cache",
            "module.client-clusters.random_shuffle.available_zones",
            "module.client-clusters.random_string.cluster_service_account_suffix",
            "module.project-services.google_project_service.project_services"
          ]
        }
      ]
    },
    {
      "module": "module.acm-clients[1].module.acm_operator.module.wait_for_gatekeeper.module.gcloud_kubectl",
      "mode": "managed",
      "type": "null_resource",
      "name": "module_depends_on",
      "provider": "provider[\"registry.terraform.io/hashicorp/null\"]",
      "instances": [
        {
          "index_key": 0,
          "schema_version": 0,
          "attributes": {
            "id": "715086519119557430",
            "triggers": {
              "value": "1"
            }
          },
          "sensitive_attributes": [],
          "private": "bnVsbA==",
          "dependencies": [
            "data.google_client_config.current",
            "data.google_project.project",
            "module.acm-clients.module.acm_operator.data.template_file.k8sop_config",
            "module.acm-clients.module.acm_operator.module.k8s_operator.module.gcloud_kubectl.data.external.env_override",
            "module.acm-clients.module.acm_operator.module.k8s_operator.module.gcloud_kubectl.null_resource.additional_components",
            "module.acm-clients.module.acm_operator.module.k8s_operator.module.gcloud_kubectl.null_resource.decompress",
            "module.acm-clients.module.acm_operator.module.k8s_operator.module.gcloud_kubectl.null_resource.gcloud_auth_google_credentials",
            "module.acm-clients.module.acm_operator.module.k8s_operator.module.gcloud_kubectl.null_resource.gcloud_auth_service_account_key_file",
            "module.acm-clients.module.acm_operator.module.k8s_operator.module.gcloud_kubectl.null_resource.module_depends_on",
            "module.acm-clients.module.acm_operator.module.k8s_operator.module.gcloud_kubectl.null_resource.run_command",
            "module.acm-clients.module.acm_operator.module.k8s_operator.module.gcloud_kubectl.null_resource.run_destroy_command",
            "module.acm-clients.module.acm_operator.module.k8s_operator.module.gcloud_kubectl.null_resource.upgrade",
            "module.acm-clients.module.acm_operator.module.k8s_operator.module.gcloud_kubectl.random_id.cache",
            "module.acm-clients.module.acm_operator.module.k8sop_config.module.gcloud_kubectl.data.external.env_override",
            "module.acm-clients.module.acm_operator.module.k8sop_config.module.gcloud_kubectl.null_resource.additional_components",
            "module.acm-clients.module.acm_operator.module.k8sop_config.module.gcloud_kubectl.null_resource.decompress",
            "module.acm-clients.module.acm_operator.module.k8sop_config.module.gcloud_kubectl.null_resource.gcloud_auth_google_credentials",
            "module.acm-clients.module.acm_operator.module.k8sop_config.module.gcloud_kubectl.null_resource.gcloud_auth_service_account_key_file",
            "module.acm-clients.module.acm_operator.module.k8sop_config.module.gcloud_kubectl.null_resource.module_depends_on",
            "module.acm-clients.module.acm_operator.module.k8sop_config.module.gcloud_kubectl.null_resource.run_command",
            "module.acm-clients.module.acm_operator.module.k8sop_config.module.gcloud_kubectl.null_resource.run_destroy_command",
            "module.acm-clients.module.acm_operator.module.k8sop_config.module.gcloud_kubectl.null_resource.upgrade",
            "module.acm-clients.module.acm_operator.module.k8sop_config.module.gcloud_kubectl.random_id.cache",
            "module.acm-clients.module.acm_operator.module.k8sop_creds_secret.module.gcloud_kubectl.data.external.env_override",
            "module.acm-clients.module.acm_operator.module.k8sop_creds_secret.module.gcloud_kubectl.null_resource.additional_components",
            "module.acm-clients.module.acm_operator.module.k8sop_creds_secret.module.gcloud_kubectl.null_resource.decompress",
            "module.acm-clients.module.acm_operator.module.k8sop_creds_secret.module.gcloud_kubectl.null_resource.gcloud_auth_google_credentials",
            "module.acm-clients.module.acm_operator.module.k8sop_creds_secret.module.gcloud_kubectl.null_resource.gcloud_auth_service_account_key_file",
            "module.acm-clients.module.acm_operator.module.k8sop_creds_secret.module.gcloud_kubectl.null_resource.module_depends_on",
            "module.acm-clients.module.acm_operator.module.k8sop_creds_secret.module.gcloud_kubectl.null_resource.run_command",
            "module.acm-clients.module.acm_operator.module.k8sop_creds_secret.module.gcloud_kubectl.null_resource.run_destroy_command",
            "module.acm-clients.module.acm_operator.module.k8sop_creds_secret.module.gcloud_kubectl.null_resource.upgrade",
            "module.acm-clients.module.acm_operator.module.k8sop_creds_secret.module.gcloud_kubectl.random_id.cache",
            "module.acm-clients.module.acm_operator.module.k8sop_manifest.null_resource.additional_components",
            "module.acm-clients.module.acm_operator.module.k8sop_manifest.null_resource.gcloud_auth_google_credentials",
            "module.acm-clients.module.acm_operator.module.k8sop_manifest.null_resource.gcloud_auth_service_account_key_file",
            "module.acm-clients.module.acm_operator.module.k8sop_manifest.null_resource.run_command",
            "module.acm-clients.module.acm_operator.module.k8sop_manifest.null_resource.run_destroy_command",
            "module.acm-clients.module.acm_operator.tls_private_key.k8sop_creds",
            "module.client-clusters.data.google_client_config.default",
            "module.client-clusters.data.google_compute_subnetwork.gke_subnetwork",
            "module.client-clusters.data.google_compute_zones.available",
            "module.client-clusters.data.google_container_engine_versions.region",
            "module.client-clusters.data.google_container_engine_versions.zone",
            "module.client-clusters.google_compute_firewall.intra_egress",
            "module.client-clusters.google_compute_firewall.master_webhooks",
            "module.client-clusters.google_compute_firewall.shadow_allow_master",
            "module.client-clusters.google_compute_firewall.shadow_allow_nodes",
            "module.client-clusters.google_compute_firewall.shadow_allow_pods",
            "module.client-clusters.google_container_cluster.primary",
            "module.client-clusters.google_container_node_pool.pools",
            "module.client-clusters.google_project_iam_member.cluster_service_account-artifact-registry",
            "module.client-clusters.google_project_iam_member.cluster_service_account-gcr",
            "module.client-clusters.google_project_iam_member.cluster_service_account-log_writer",
            "module.client-clusters.google_project_iam_member.cluster_service_account-metric_writer",
            "module.client-clusters.google_project_iam_member.cluster_service_account-monitoring_viewer",
            "module.client-clusters.google_project_iam_member.cluster_service_account-resourceMetadata-writer",
            "module.client-clusters.google_service_account.cluster_service_account",
            "module.client-clusters.kubernetes_config_map.ip-masq-agent",
            "module.client-clusters.kubernetes_config_map.kube-dns",
            "module.client-clusters.kubernetes_config_map.kube-dns-upstream-nameservers-and-stub-domains",
            "module.client-clusters.kubernetes_config_map.kube-dns-upstream-namservers",
            "module.client-clusters.module.gcloud_delete_default_kube_dns_configmap.module.gcloud_kubectl.data.external.env_override",
            "module.client-clusters.module.gcloud_delete_default_kube_dns_configmap.module.gcloud_kubectl.null_resource.additional_components",
            "module.client-clusters.module.gcloud_delete_default_kube_dns_configmap.module.gcloud_kubectl.null_resource.additional_components_destroy",
            "module.client-clusters.module.gcloud_delete_default_kube_dns_configmap.module.gcloud_kubectl.null_resource.decompress",
            "module.client-clusters.module.gcloud_delete_default_kube_dns_configmap.module.gcloud_kubectl.null_resource.decompress_destroy",
            "module.client-clusters.module.gcloud_delete_default_kube_dns_configmap.module.gcloud_kubectl.null_resource.download_gcloud",
            "module.client-clusters.module.gcloud_delete_default_kube_dns_configmap.module.gcloud_kubectl.null_resource.download_jq",
            "module.client-clusters.module.gcloud_delete_default_kube_dns_configmap.module.gcloud_kubectl.null_resource.gcloud_auth_google_credentials",
            "module.client-clusters.module.gcloud_delete_default_kube_dns_configmap.module.gcloud_kubectl.null_resource.gcloud_auth_google_credentials_destroy",
            "module.client-clusters.module.gcloud_delete_default_kube_dns_configmap.module.gcloud_kubectl.null_resource.gcloud_auth_service_account_key_file",
            "module.client-clusters.module.gcloud_delete_default_kube_dns_configmap.module.gcloud_kubectl.null_resource.gcloud_auth_service_account_key_file_destroy",
            "module.client-clusters.module.gcloud_delete_default_kube_dns_configmap.module.gcloud_kubectl.null_resource.module_depends_on",
            "module.client-clusters.module.gcloud_delete_default_kube_dns_configmap.module.gcloud_kubectl.null_resource.prepare_cache",
            "module.client-clusters.module.gcloud_delete_default_kube_dns_configmap.module.gcloud_kubectl.null_resource.run_command",
            "module.client-clusters.module.gcloud_delete_default_kube_dns_configmap.module.gcloud_kubectl.null_resource.run_destroy_command",
            "module.client-clusters.module.gcloud_delete_default_kube_dns_configmap.module.gcloud_kubectl.null_resource.upgrade",
            "module.client-clusters.module.gcloud_delete_default_kube_dns_configmap.module.gcloud_kubectl.null_resource.upgrade_destroy",
            "module.client-clusters.module.gcloud_delete_default_kube_dns_configmap.module.gcloud_kubectl.random_id.cache",
            "module.client-clusters.random_shuffle.available_zones",
            "module.client-clusters.random_string.cluster_service_account_suffix",
            "module.project-services.google_project_service.project_services"
          ]
        }
      ]
    },
    {
      "module": "module.acm-clients[1].module.acm_operator.module.wait_for_gatekeeper.module.gcloud_kubectl",
      "mode": "managed",
      "type": "null_resource",
      "name": "run_destroy_command",
      "provider": "provider[\"registry.terraform.io/hashicorp/null\"]",
      "instances": [
        {
          "index_key": 0,
          "schema_version": 0,
          "attributes": {
            "id": "1284070995705303403",
            "triggers": {
              "destroy_cmd_body": "gke-cluster-client-1 us-west1-a jk-mlops-dev false false ",
              "destroy_cmd_entrypoint": ".terraform/modules/acm-clients.acm_operator.wait_for_gatekeeper/terraform-google-gcloud-2.0.3/modules/kubectl-wrapper/scripts/kubectl_wrapper.sh",
              "gcloud_bin_abs_path": "/google-cloud-sdk/bin",
              "script_sha1": "e1780a62dcd319cb88616007c9c22324f63a6375"
            }
          },
          "sensitive_attributes": [],
          "private": "bnVsbA==",
          "dependencies": [
            "data.google_client_config.current",
            "data.google_project.project",
            "module.acm-clients.module.acm_operator.data.template_file.k8sop_config",
            "module.acm-clients.module.acm_operator.module.k8s_operator.module.gcloud_kubectl.data.external.env_override",
            "module.acm-clients.module.acm_operator.module.k8s_operator.module.gcloud_kubectl.null_resource.additional_components",
            "module.acm-clients.module.acm_operator.module.k8s_operator.module.gcloud_kubectl.null_resource.decompress",
            "module.acm-clients.module.acm_operator.module.k8s_operator.module.gcloud_kubectl.null_resource.gcloud_auth_google_credentials",
            "module.acm-clients.module.acm_operator.module.k8s_operator.module.gcloud_kubectl.null_resource.gcloud_auth_service_account_key_file",
            "module.acm-clients.module.acm_operator.module.k8s_operator.module.gcloud_kubectl.null_resource.module_depends_on",
            "module.acm-clients.module.acm_operator.module.k8s_operator.module.gcloud_kubectl.null_resource.run_command",
            "module.acm-clients.module.acm_operator.module.k8s_operator.module.gcloud_kubectl.null_resource.run_destroy_command",
            "module.acm-clients.module.acm_operator.module.k8s_operator.module.gcloud_kubectl.null_resource.upgrade",
            "module.acm-clients.module.acm_operator.module.k8s_operator.module.gcloud_kubectl.random_id.cache",
            "module.acm-clients.module.acm_operator.module.k8sop_config.module.gcloud_kubectl.data.external.env_override",
            "module.acm-clients.module.acm_operator.module.k8sop_config.module.gcloud_kubectl.null_resource.additional_components",
            "module.acm-clients.module.acm_operator.module.k8sop_config.module.gcloud_kubectl.null_resource.decompress",
            "module.acm-clients.module.acm_operator.module.k8sop_config.module.gcloud_kubectl.null_resource.gcloud_auth_google_credentials",
            "module.acm-clients.module.acm_operator.module.k8sop_config.module.gcloud_kubectl.null_resource.gcloud_auth_service_account_key_file",
            "module.acm-clients.module.acm_operator.module.k8sop_config.module.gcloud_kubectl.null_resource.module_depends_on",
            "module.acm-clients.module.acm_operator.module.k8sop_config.module.gcloud_kubectl.null_resource.run_command",
            "module.acm-clients.module.acm_operator.module.k8sop_config.module.gcloud_kubectl.null_resource.run_destroy_command",
            "module.acm-clients.module.acm_operator.module.k8sop_config.module.gcloud_kubectl.null_resource.upgrade",
            "module.acm-clients.module.acm_operator.module.k8sop_config.module.gcloud_kubectl.random_id.cache",
            "module.acm-clients.module.acm_operator.module.k8sop_creds_secret.module.gcloud_kubectl.data.external.env_override",
            "module.acm-clients.module.acm_operator.module.k8sop_creds_secret.module.gcloud_kubectl.null_resource.additional_components",
            "module.acm-clients.module.acm_operator.module.k8sop_creds_secret.module.gcloud_kubectl.null_resource.decompress",
            "module.acm-clients.module.acm_operator.module.k8sop_creds_secret.module.gcloud_kubectl.null_resource.gcloud_auth_google_credentials",
            "module.acm-clients.module.acm_operator.module.k8sop_creds_secret.module.gcloud_kubectl.null_resource.gcloud_auth_service_account_key_file",
            "module.acm-clients.module.acm_operator.module.k8sop_creds_secret.module.gcloud_kubectl.null_resource.module_depends_on",
            "module.acm-clients.module.acm_operator.module.k8sop_creds_secret.module.gcloud_kubectl.null_resource.run_command",
            "module.acm-clients.module.acm_operator.module.k8sop_creds_secret.module.gcloud_kubectl.null_resource.run_destroy_command",
            "module.acm-clients.module.acm_operator.module.k8sop_creds_secret.module.gcloud_kubectl.null_resource.upgrade",
            "module.acm-clients.module.acm_operator.module.k8sop_creds_secret.module.gcloud_kubectl.random_id.cache",
            "module.acm-clients.module.acm_operator.module.k8sop_manifest.null_resource.additional_components",
            "module.acm-clients.module.acm_operator.module.k8sop_manifest.null_resource.gcloud_auth_google_credentials",
            "module.acm-clients.module.acm_operator.module.k8sop_manifest.null_resource.gcloud_auth_service_account_key_file",
            "module.acm-clients.module.acm_operator.module.k8sop_manifest.null_resource.run_command",
            "module.acm-clients.module.acm_operator.module.k8sop_manifest.null_resource.run_destroy_command",
            "module.acm-clients.module.acm_operator.module.wait_for_gatekeeper.module.gcloud_kubectl.data.external.env_override",
            "module.acm-clients.module.acm_operator.module.wait_for_gatekeeper.module.gcloud_kubectl.null_resource.additional_components",
            "module.acm-clients.module.acm_operator.module.wait_for_gatekeeper.module.gcloud_kubectl.null_resource.decompress",
            "module.acm-clients.module.acm_operator.module.wait_for_gatekeeper.module.gcloud_kubectl.null_resource.gcloud_auth_google_credentials",
            "module.acm-clients.module.acm_operator.module.wait_for_gatekeeper.module.gcloud_kubectl.null_resource.gcloud_auth_service_account_key_file",
            "module.acm-clients.module.acm_operator.module.wait_for_gatekeeper.module.gcloud_kubectl.null_resource.module_depends_on",
            "module.acm-clients.module.acm_operator.module.wait_for_gatekeeper.module.gcloud_kubectl.null_resource.upgrade",
            "module.acm-clients.module.acm_operator.module.wait_for_gatekeeper.module.gcloud_kubectl.random_id.cache",
            "module.acm-clients.module.acm_operator.tls_private_key.k8sop_creds",
            "module.client-clusters.data.google_client_config.default",
            "module.client-clusters.data.google_compute_subnetwork.gke_subnetwork",
            "module.client-clusters.data.google_compute_zones.available",
            "module.client-clusters.data.google_container_engine_versions.region",
            "module.client-clusters.data.google_container_engine_versions.zone",
            "module.client-clusters.google_compute_firewall.intra_egress",
            "module.client-clusters.google_compute_firewall.master_webhooks",
            "module.client-clusters.google_compute_firewall.shadow_allow_master",
            "module.client-clusters.google_compute_firewall.shadow_allow_nodes",
            "module.client-clusters.google_compute_firewall.shadow_allow_pods",
            "module.client-clusters.google_container_cluster.primary",
            "module.client-clusters.google_container_node_pool.pools",
            "module.client-clusters.google_project_iam_member.cluster_service_account-artifact-registry",
            "module.client-clusters.google_project_iam_member.cluster_service_account-gcr",
            "module.client-clusters.google_project_iam_member.cluster_service_account-log_writer",
            "module.client-clusters.google_project_iam_member.cluster_service_account-metric_writer",
            "module.client-clusters.google_project_iam_member.cluster_service_account-monitoring_viewer",
            "module.client-clusters.google_project_iam_member.cluster_service_account-resourceMetadata-writer",
            "module.client-clusters.google_service_account.cluster_service_account",
            "module.client-clusters.kubernetes_config_map.ip-masq-agent",
            "module.client-clusters.kubernetes_config_map.kube-dns",
            "module.client-clusters.kubernetes_config_map.kube-dns-upstream-nameservers-and-stub-domains",
            "module.client-clusters.kubernetes_config_map.kube-dns-upstream-namservers",
            "module.client-clusters.module.gcloud_delete_default_kube_dns_configmap.module.gcloud_kubectl.data.external.env_override",
            "module.client-clusters.module.gcloud_delete_default_kube_dns_configmap.module.gcloud_kubectl.null_resource.additional_components",
            "module.client-clusters.module.gcloud_delete_default_kube_dns_configmap.module.gcloud_kubectl.null_resource.additional_components_destroy",
            "module.client-clusters.module.gcloud_delete_default_kube_dns_configmap.module.gcloud_kubectl.null_resource.decompress",
            "module.client-clusters.module.gcloud_delete_default_kube_dns_configmap.module.gcloud_kubectl.null_resource.decompress_destroy",
            "module.client-clusters.module.gcloud_delete_default_kube_dns_configmap.module.gcloud_kubectl.null_resource.download_gcloud",
            "module.client-clusters.module.gcloud_delete_default_kube_dns_configmap.module.gcloud_kubectl.null_resource.download_jq",
            "module.client-clusters.module.gcloud_delete_default_kube_dns_configmap.module.gcloud_kubectl.null_resource.gcloud_auth_google_credentials",
            "module.client-clusters.module.gcloud_delete_default_kube_dns_configmap.module.gcloud_kubectl.null_resource.gcloud_auth_google_credentials_destroy",
            "module.client-clusters.module.gcloud_delete_default_kube_dns_configmap.module.gcloud_kubectl.null_resource.gcloud_auth_service_account_key_file",
            "module.client-clusters.module.gcloud_delete_default_kube_dns_configmap.module.gcloud_kubectl.null_resource.gcloud_auth_service_account_key_file_destroy",
            "module.client-clusters.module.gcloud_delete_default_kube_dns_configmap.module.gcloud_kubectl.null_resource.module_depends_on",
            "module.client-clusters.module.gcloud_delete_default_kube_dns_configmap.module.gcloud_kubectl.null_resource.prepare_cache",
            "module.client-clusters.module.gcloud_delete_default_kube_dns_configmap.module.gcloud_kubectl.null_resource.run_command",
            "module.client-clusters.module.gcloud_delete_default_kube_dns_configmap.module.gcloud_kubectl.null_resource.run_destroy_command",
            "module.client-clusters.module.gcloud_delete_default_kube_dns_configmap.module.gcloud_kubectl.null_resource.upgrade",
            "module.client-clusters.module.gcloud_delete_default_kube_dns_configmap.module.gcloud_kubectl.null_resource.upgrade_destroy",
            "module.client-clusters.module.gcloud_delete_default_kube_dns_configmap.module.gcloud_kubectl.random_id.cache",
            "module.client-clusters.random_shuffle.available_zones",
            "module.client-clusters.random_string.cluster_service_account_suffix",
            "module.project-services.google_project_service.project_services"
          ]
        }
      ]
    },
    {
      "module": "module.acm-clients[1].module.enable_acm",
      "mode": "data",
      "type": "external",
      "name": "env_override",
      "provider": "provider[\"registry.terraform.io/hashicorp/external\"]",
      "instances": [
        {
          "index_key": 0,
          "schema_version": 0,
          "attributes": {
            "id": "-",
            "program": [
              ".terraform/modules/acm-clients.enable_acm/terraform-google-gcloud-2.0.3/scripts/check_env.sh"
            ],
            "query": null,
            "result": {
              "download": ""
            },
            "working_dir": null
          },
          "sensitive_attributes": []
        }
      ]
    },
    {
      "module": "module.acm-clients[1].module.enable_acm",
      "mode": "managed",
      "type": "null_resource",
      "name": "additional_components",
      "provider": "provider[\"registry.terraform.io/hashicorp/null\"]",
      "instances": [
        {
          "index_key": 0,
          "schema_version": 0,
          "attributes": {
            "id": "6301112482662778301",
            "triggers": {
              "additional_components_command": ".terraform/modules/acm-clients.enable_acm/terraform-google-gcloud-2.0.3/scripts/check_components.sh gcloud alpha",
              "arguments": "49423d0060e3cf05de8cce2caa496a4e",
              "md5": "7f22bf39aaf5ce5980111c3587bef5b5"
            }
          },
          "sensitive_attributes": [],
          "private": "bnVsbA==",
          "dependencies": [
            "data.google_client_config.current",
            "module.acm-clients.module.enable_acm.data.external.env_override",
            "module.acm-clients.module.enable_acm.null_resource.decompress",
            "module.acm-clients.module.enable_acm.null_resource.download_gcloud",
            "module.acm-clients.module.enable_acm.null_resource.download_jq",
            "module.acm-clients.module.enable_acm.null_resource.module_depends_on",
            "module.acm-clients.module.enable_acm.null_resource.prepare_cache",
            "module.acm-clients.module.enable_acm.null_resource.upgrade",
            "module.acm-clients.module.enable_acm.random_id.cache"
          ]
        }
      ]
    },
    {
      "module": "module.acm-clients[1].module.enable_acm",
      "mode": "managed",
      "type": "null_resource",
      "name": "run_destroy_command",
      "provider": "provider[\"registry.terraform.io/hashicorp/null\"]",
      "instances": [
        {
          "index_key": 0,
          "schema_version": 0,
          "attributes": {
            "id": "8886108389144789389",
            "triggers": {
              "destroy_cmd_body": "alpha container hub config-management disable --force --project jk-mlops-dev",
              "destroy_cmd_entrypoint": "gcloud",
              "gcloud_bin_abs_path": "/google-cloud-sdk/bin"
            }
          },
          "sensitive_attributes": [],
          "private": "bnVsbA==",
          "dependencies": [
            "data.google_client_config.current",
            "module.acm-clients.module.enable_acm.data.external.env_override",
            "module.acm-clients.module.enable_acm.null_resource.additional_components",
            "module.acm-clients.module.enable_acm.null_resource.decompress",
            "module.acm-clients.module.enable_acm.null_resource.download_gcloud",
            "module.acm-clients.module.enable_acm.null_resource.download_jq",
            "module.acm-clients.module.enable_acm.null_resource.gcloud_auth_google_credentials",
            "module.acm-clients.module.enable_acm.null_resource.gcloud_auth_service_account_key_file",
            "module.acm-clients.module.enable_acm.null_resource.module_depends_on",
            "module.acm-clients.module.enable_acm.null_resource.prepare_cache",
            "module.acm-clients.module.enable_acm.null_resource.upgrade",
            "module.acm-clients.module.enable_acm.random_id.cache"
          ]
        }
      ]
    },
    {
      "module": "module.acm-server.module.acm_operator",
      "mode": "data",
      "type": "template_file",
      "name": "k8sop_config",
      "provider": "provider[\"registry.terraform.io/hashicorp/template\"]",
      "instances": [
        {
          "schema_version": 0,
          "attributes": {
            "filename": null,
            "id": "bb198234f6e3bd9da8cc9c31855f8a9984cb72a21cbfa7ba2a658e8faed08fd0",
            "rendered": "apiVersion: configmanagement.gke.io/v1\nkind: ConfigManagement\nmetadata:\n  name: config-management\nspec:\n  # clusterName is required and must be unique among all managed clusters\n  clusterName: gke-cluster-server\n  policyController:\n    enabled: true\n    templateLibraryInstalled: true\n    logDeniesEnabled: false\n  git:\n    syncRepo: https://github.com/jarokaz/tff/\n    secretType: ssh\n    policyDir: acm-dir\n    syncBranch: master\n  \n  \n",
            "template": "apiVersion: configmanagement.gke.io/v1\nkind: ConfigManagement\nmetadata:\n  name: config-management\nspec:\n  # clusterName is required and must be unique among all managed clusters\n  clusterName: ${cluster_name}\n  policyController:\n    enabled: ${enable_policy_controller}\n    templateLibraryInstalled: ${install_template_library}\n    logDeniesEnabled: ${enable_log_denies}\n  git:\n    syncRepo: ${sync_repo}\n    secretType: ${secret_type}\n    ${policy_dir_node}\n    ${sync_branch_node}\n  ${source_format_node}\n  ${hierarchy_controller_map_node}\n",
            "vars": {
              "cluster_name": "gke-cluster-server",
              "enable_log_denies": "false",
              "enable_policy_controller": "true",
              "hierarchy_controller_map_node": "",
              "install_template_library": "true",
              "policy_dir_node": "policyDir: acm-dir",
              "secret_type": "ssh",
              "source_format_node": "",
              "sync_branch_node": "syncBranch: master",
              "sync_repo": "https://github.com/jarokaz/tff/"
            }
          },
          "sensitive_attributes": []
        }
      ]
    },
    {
      "module": "module.acm-server.module.acm_operator",
      "mode": "managed",
      "type": "tls_private_key",
      "name": "k8sop_creds",
      "provider": "provider[\"registry.terraform.io/hashicorp/tls\"]",
      "instances": [
        {
          "index_key": 0,
          "schema_version": 0,
          "attributes": {
            "algorithm": "RSA",
            "ecdsa_curve": "P224",
            "id": "0b83f39bff764af98313c489610caa58eca32bba",
            "private_key_pem": "-----BEGIN RSA PRIVATE KEY-----\nMIIJKQIBAAKCAgEAuuB9uqfss1g6fVuzfHeguezqpzOI26kXR04gUSZkFVUcQtGR\nihGfzYjmzGVTmRutJCr4FMo6QwIrGDLVY16bHYQX/KOhMjBdttHhkaxUJwR5pyaI\njzGCG7GpqVXVIO9f6s4eI0M1hrUvtD6LY4OQlAdRmLXCWwG9b7Sr/evyxBqrTb8J\nhOEji78+3uPIQ2QpOO+6AC3fT70HVy4iaDflJEcrRWV2Yab42N+bwMVFwBsmEzJQ\npLmUVL8qcmf4RsEZD6obyrfMTzcvswJs60YpabjmaCNmi52nCUj05b/TaDhzeGoI\nbhYuNl6ciH//gizKTf5/3UHJXzj7N9CosH3f5URkR6Cr9ZfrVCFt6j++CwAaqbGm\nKGsfZs1xUiaWXpUcOBbTSECYU0Orw/LY5XwmdljHaMHm0aF0SuhFopGeRx6VTpQ3\nkj+fXa4Zzmuo4QYQI+qkRINKu4HMMbgAynWnhsiQMFuGRxzkFYI14dniTp68f24+\noXud7M8um+vAmLUpfdrwyKc4P/2wSUZtVF4l6AT1+eUS7oM4q6AbtuSbT7wEZkt3\npReyRLZueuVGgUPkdBM/q59TaftdQqAbH3xmSE4hbKsk4WCXhGFnk5oi5Jsa40Yj\nc8NyUJtDBMcWJjFnBajBvdrts8yB/A/zWxw4O4ln2uUX/LAaT9fPsxwK6rcCAwEA\nAQKCAgAjFCzFsuvdpnwkN+hzPslu3SgXBrdz9EOoYOP0F67FylopuMkHD9PdcwtP\n5t1Qaj+QAHjc/jD9jxSj0Db6FjIr0jXmeJizoRyWSsN64sxRHqfvVm5f4r03kZv1\na2U8b3Kj0tkZaW5MwQoZXXwwy+uBvfX1Ink/OA5lP5bhbT7+zLrHN0sEJHbVrqqQ\nkFVxQQXz6BwUGIhIoYUVOlW/Fm7u5mUa+7bDEeK4YxELmHxFWVNGWzWEFknftpqz\nKw0RywF3TUk2PlYdsJBFm/jyGROBAvJNLgf7wTYvqgA+eEmo0J/sRIscjxFRp2Te\nwpglyV6YUWOTFtxEAaA2k/Z2WsqCHl5/eRtay7CAPhMf29YIvsBFALygyVHq5N2I\nf51Rgtfrr3H8IucCGdu062SbA3uY4ys8qPAYke9EJt3+Mo9bERCql2r/vsq3Ewrl\nSFVV+w5FipJZtRnEJ7K3HtQCmHOfLV0QTVSsCf3o0Fm5YUbUIlgBOJxVGLlefpvc\nC01qXguvJBbGOLtO3UVntsK9oGCV5kBpN3lk6156uOqlOLy0Mqto57/Id1n0cqRq\nJqGJkudjV6iF0RNVyb1Wyu0mwaIg02ynwb6s0ySbj8dADzJS6MbVJVg77iM5rY+f\nPQsMX8/kUkF0tuZOs5CbEIHCAoU5UC6v/GLhjq++F4nkycNeIQKCAQEAxvOyazw8\npXLkKejzxiQfx6Z6RNpciby+rcQbw/PSTiLo49SEVAPsECYwvnU2DHw55A20aJG4\nf14eL1LYEdFXr2qGrnfgh2BJtSxjpGWXTOxhGs4O1UhKz50sfhOKwSgBnoffCPky\nDGwuwY4bR6frSPmboOBUj2W8rgayQYw//GLxb41q9iijAFhjyJKyjxJ5Mi9c5iUM\nRz/ueWahxQLhl5MyDgKSPDzaGoZEPq1Uh81/CQX0KmSoiX9DM2g4EpH5mZ29OF51\n5JFECKkdC/xL2ubtLz3pLq+OHDXV4cy8zfrI7qvDvlu092ZHKN77lby4pG1HP8bV\nE1c/GBW6QC/PyQKCAQEA8HZprufhFocBagbw626famA2kAN+Lain5juwOPpXVY1r\n2LAyZ5++isJ9Sj/XuMb8wzd7PmOXh7lnUdAZmxyvf5IWQ8Z0Nff0GNmZfcAY+pn9\nJP3zRE6+aQpg4aD5BqZmeGWCl2ki6OO4V3jrAkND41jaYiqdjxDfw2FgFszjUzk5\n+fo6szwnfIaylnuwxL/7BWuFES/3hwYOHPtKk0xp/lO/GXE9fk5XE8Con8d+If7F\ncoauebHj7L7QWQOcO5JqJDszn2xtXHJ9BP06cqHpjW7QAQ83oE6QCZMuN0VNsZQF\nvqspbN/KRR67VJq1lpA9vFEZgzZ6XERG6RimKyMmfwKCAQEAp+ZKEI3JcKdBPs1F\nzVX3K/qm/Sx7JBKRqPvzoq9GMILtoDhdZLnaotZYFKO+dVLxWDDoq8cuuO6o8q8r\ngf31zihMeTjZ1+W+zpMjlD3YLibe3ExB4GUeHZA7WDsNwm0M0MlBxMTpI+q4mshe\n5V4lBnUAjghD1LC7RvKHxSGjbk/iCY6DUjKBPW1a6I5E+tFQTrYB5IgnkIm3q+Sd\naTJBSDYE7CXnW8bPGctuFKcay3D1YJwRryU7xq4L/Hpbt/BRgP7KDaRKQhcGH3j4\n9oB5U8fHKzNIcwndGJmmYuTyAbM/l4yFqUSjuJYsP6XPFFMsUDeZBY27jJL4wE61\n3C19YQKCAQAtzD/AokVKhxgL25qTHJScLAr4TtH/XDnuLbwYfgWYM8Ewmg5fkhs2\nTmiSdapedPe7Lpv4e/tmTDeTa3EVC9eZEnfPHMMRbFI/UWJcgvO+9wkxvHRStDSr\nyOA+2OvVCmhF0f+XWtzdQlHfxxXrbmhFqqydOcScdPhJPAiTDx7UwPd71t7LOE/E\n9dqZsqEuN+pVU+8aIOqh+tNBTdMcTtd5KvYgoGK35a/MAUuccuBhFScB8wjUAL+K\nXaVM7tUYu4Afum7QlFQX4W5SPvCc2J2k5FAVg5Jyo8PnLvMEb9ymT6zwbaUMKWta\n0smXCYhATuSTM1cKmJuhaxeeWaV8Xct9AoIBAQCvVVIBDQJhxzqOG/Y9/+nfCGGK\n+tacSZHmhBWr5I0S6aNayhw/0ZsU2gpeVZtIeW74qcGhNvMjLUH4CCz3rnR9SXJw\ngavGXVX23GNWLrP78M5Szzh1fhKaecNX0EEV6kfAa/HNlm+Ljp7A4TCLpk0zW81T\nkOmRx2HYYBipSlXaP2osxRPsN4gHRXoMopZL/VMntTFINvvrk2Sb9evSoGeYqXtq\nCEBrBbxgfenkjtZQn1QXqmVTO353rw7D0oWGBIJ0F3UrFOrvp6FGkVvg89v/d3Dq\n6Ypny3hMMvWn7W6Leh0ZdJhqhwn13XmtrmQ9k18nnoN/E6Pl8C+y7WcjYBPs\n-----END RSA PRIVATE KEY-----\n",
            "public_key_fingerprint_md5": "fd:f3:c4:75:01:0b:f0:66:c2:42:f6:7d:f0:ee:ad:7e",
            "public_key_openssh": "ssh-rsa AAAAB3NzaC1yc2EAAAADAQABAAACAQC64H26p+yzWDp9W7N8d6C57OqnM4jbqRdHTiBRJmQVVRxC0ZGKEZ/NiObMZVOZG60kKvgUyjpDAisYMtVjXpsdhBf8o6EyMF220eGRrFQnBHmnJoiPMYIbsampVdUg71/qzh4jQzWGtS+0Potjg5CUB1GYtcJbAb1vtKv96/LEGqtNvwmE4SOLvz7e48hDZCk477oALd9PvQdXLiJoN+UkRytFZXZhpvjY35vAxUXAGyYTMlCkuZRUvypyZ/hGwRkPqhvKt8xPNy+zAmzrRilpuOZoI2aLnacJSPTlv9NoOHN4aghuFi42XpyIf/+CLMpN/n/dQclfOPs30Kiwfd/lRGRHoKv1l+tUIW3qP74LABqpsaYoax9mzXFSJpZelRw4FtNIQJhTQ6vD8tjlfCZ2WMdowebRoXRK6EWikZ5HHpVOlDeSP59drhnOa6jhBhAj6qREg0q7gcwxuADKdaeGyJAwW4ZHHOQVgjXh2eJOnrx/bj6he53szy6b68CYtSl92vDIpzg//bBJRm1UXiXoBPX55RLugziroBu25JtPvARmS3elF7JEtm565UaBQ+R0Ez+rn1Np+11CoBsffGZITiFsqyThYJeEYWeTmiLkmxrjRiNzw3JQm0MExxYmMWcFqMG92u2zzIH8D/NbHDg7iWfa5Rf8sBpP18+zHArqtw==\n",
            "public_key_pem": "-----BEGIN PUBLIC KEY-----\nMIICIjANBgkqhkiG9w0BAQEFAAOCAg8AMIICCgKCAgEAuuB9uqfss1g6fVuzfHeg\nuezqpzOI26kXR04gUSZkFVUcQtGRihGfzYjmzGVTmRutJCr4FMo6QwIrGDLVY16b\nHYQX/KOhMjBdttHhkaxUJwR5pyaIjzGCG7GpqVXVIO9f6s4eI0M1hrUvtD6LY4OQ\nlAdRmLXCWwG9b7Sr/evyxBqrTb8JhOEji78+3uPIQ2QpOO+6AC3fT70HVy4iaDfl\nJEcrRWV2Yab42N+bwMVFwBsmEzJQpLmUVL8qcmf4RsEZD6obyrfMTzcvswJs60Yp\nabjmaCNmi52nCUj05b/TaDhzeGoIbhYuNl6ciH//gizKTf5/3UHJXzj7N9CosH3f\n5URkR6Cr9ZfrVCFt6j++CwAaqbGmKGsfZs1xUiaWXpUcOBbTSECYU0Orw/LY5Xwm\ndljHaMHm0aF0SuhFopGeRx6VTpQ3kj+fXa4Zzmuo4QYQI+qkRINKu4HMMbgAynWn\nhsiQMFuGRxzkFYI14dniTp68f24+oXud7M8um+vAmLUpfdrwyKc4P/2wSUZtVF4l\n6AT1+eUS7oM4q6AbtuSbT7wEZkt3pReyRLZueuVGgUPkdBM/q59TaftdQqAbH3xm\nSE4hbKsk4WCXhGFnk5oi5Jsa40Yjc8NyUJtDBMcWJjFnBajBvdrts8yB/A/zWxw4\nO4ln2uUX/LAaT9fPsxwK6rcCAwEAAQ==\n-----END PUBLIC KEY-----\n",
            "rsa_bits": 4096
          },
          "sensitive_attributes": [],
          "private": "bnVsbA=="
        }
      ]
    },
    {
      "module": "module.acm-server.module.acm_operator.module.k8s_operator.module.gcloud_kubectl",
      "mode": "data",
      "type": "external",
      "name": "env_override",
      "provider": "provider[\"registry.terraform.io/hashicorp/external\"]",
      "instances": [
        {
          "index_key": 0,
          "schema_version": 0,
          "attributes": {
            "id": "-",
            "program": [
              ".terraform/modules/acm-server.acm_operator.k8s_operator/terraform-google-gcloud-2.0.3/scripts/check_env.sh"
            ],
            "query": null,
            "result": {
              "download": ""
            },
            "working_dir": null
          },
          "sensitive_attributes": []
        }
      ]
    },
    {
      "module": "module.acm-server.module.acm_operator.module.k8s_operator.module.gcloud_kubectl",
      "mode": "managed",
      "type": "null_resource",
      "name": "additional_components",
      "provider": "provider[\"registry.terraform.io/hashicorp/null\"]",
      "instances": [
        {
          "index_key": 0,
          "schema_version": 0,
          "attributes": {
            "id": "5177663372820576256",
            "triggers": {
              "additional_components_command": ".terraform/modules/acm-server.acm_operator.k8s_operator/terraform-google-gcloud-2.0.3/scripts/check_components.sh gcloud kubectl",
              "arguments": "50e993fe06e446f3059d8e38a3463d84",
              "md5": "45876297bd52ae80f2797e941b00f3de"
            }
          },
          "sensitive_attributes": [],
          "private": "bnVsbA==",
          "dependencies": [
            "data.google_client_config.current",
            "data.google_project.project",
            "module.acm-server.module.acm_operator.module.k8s_operator.module.gcloud_kubectl.data.external.env_override",
            "module.acm-server.module.acm_operator.module.k8s_operator.module.gcloud_kubectl.null_resource.upgrade",
            "module.acm-server.module.acm_operator.module.k8s_operator.module.gcloud_kubectl.random_id.cache",
            "module.project-services.google_project_service.project_services",
            "module.server-cluster.data.google_compute_zones.available",
            "module.server-cluster.data.google_container_engine_versions.region",
            "module.server-cluster.data.google_container_engine_versions.zone",
            "module.server-cluster.google_container_cluster.primary",
            "module.server-cluster.google_service_account.cluster_service_account",
            "module.server-cluster.random_shuffle.available_zones",
            "module.server-cluster.random_string.cluster_service_account_suffix"
          ]
        }
      ]
    },
    {
      "module": "module.acm-server.module.acm_operator.module.k8s_operator.module.gcloud_kubectl",
      "mode": "managed",
      "type": "null_resource",
      "name": "module_depends_on",
      "provider": "provider[\"registry.terraform.io/hashicorp/null\"]",
      "instances": [
        {
          "index_key": 0,
          "schema_version": 0,
          "attributes": {
            "id": "5692359632714724743",
            "triggers": {
              "value": "2"
            }
          },
          "sensitive_attributes": [
            [
              {
                "type": "get_attr",
                "value": "triggers"
              },
              {
                "type": "index",
                "value": {
                  "value": "value",
                  "type": "string"
                }
              }
            ]
          ],
          "private": "bnVsbA==",
          "dependencies": [
            "data.google_client_config.current",
            "data.google_project.project",
            "module.acm-server.module.acm_operator.module.k8sop_manifest.null_resource.additional_components",
            "module.acm-server.module.acm_operator.module.k8sop_manifest.null_resource.gcloud_auth_google_credentials",
            "module.acm-server.module.acm_operator.module.k8sop_manifest.null_resource.gcloud_auth_service_account_key_file",
            "module.acm-server.module.acm_operator.module.k8sop_manifest.null_resource.run_command",
            "module.acm-server.module.acm_operator.module.k8sop_manifest.null_resource.run_destroy_command",
            "module.project-services.google_project_service.project_services",
            "module.server-cluster.data.google_compute_zones.available",
            "module.server-cluster.data.google_container_engine_versions.region",
            "module.server-cluster.data.google_container_engine_versions.zone",
            "module.server-cluster.google_container_cluster.primary",
            "module.server-cluster.google_container_node_pool.pools",
            "module.server-cluster.google_service_account.cluster_service_account",
            "module.server-cluster.random_shuffle.available_zones",
            "module.server-cluster.random_string.cluster_service_account_suffix"
          ]
        }
      ]
    },
    {
      "module": "module.acm-server.module.acm_operator.module.k8s_operator.module.gcloud_kubectl",
      "mode": "managed",
      "type": "null_resource",
      "name": "run_command",
      "provider": "provider[\"registry.terraform.io/hashicorp/null\"]",
      "instances": [
        {
          "index_key": 0,
          "schema_version": 0,
          "attributes": {
            "id": "1768984652459723979",
            "triggers": {
              "arguments": "50e993fe06e446f3059d8e38a3463d84",
              "create_cmd_body": "gke-cluster-server us-west1-a jk-mlops-dev false false kubectl apply -f config-management-operator.yaml",
              "create_cmd_entrypoint": ".terraform/modules/acm-server.acm_operator.k8s_operator/terraform-google-gcloud-2.0.3/modules/kubectl-wrapper/scripts/kubectl_wrapper.sh",
              "gcloud_bin_abs_path": "/google-cloud-sdk/bin",
              "md5": "45876297bd52ae80f2797e941b00f3de"
            }
          },
          "sensitive_attributes": [],
          "private": "bnVsbA==",
          "dependencies": [
            "data.google_client_config.current",
            "data.google_project.project",
            "module.acm-server.module.acm_operator.module.k8s_operator.module.gcloud_kubectl.data.external.env_override",
            "module.acm-server.module.acm_operator.module.k8s_operator.module.gcloud_kubectl.null_resource.additional_components",
            "module.acm-server.module.acm_operator.module.k8s_operator.module.gcloud_kubectl.null_resource.decompress",
            "module.acm-server.module.acm_operator.module.k8s_operator.module.gcloud_kubectl.null_resource.gcloud_auth_google_credentials",
            "module.acm-server.module.acm_operator.module.k8s_operator.module.gcloud_kubectl.null_resource.gcloud_auth_service_account_key_file",
            "module.acm-server.module.acm_operator.module.k8s_operator.module.gcloud_kubectl.null_resource.module_depends_on",
            "module.acm-server.module.acm_operator.module.k8s_operator.module.gcloud_kubectl.null_resource.upgrade",
            "module.acm-server.module.acm_operator.module.k8s_operator.module.gcloud_kubectl.random_id.cache",
            "module.acm-server.module.acm_operator.module.k8sop_manifest.null_resource.additional_components",
            "module.acm-server.module.acm_operator.module.k8sop_manifest.null_resource.gcloud_auth_google_credentials",
            "module.acm-server.module.acm_operator.module.k8sop_manifest.null_resource.gcloud_auth_service_account_key_file",
            "module.acm-server.module.acm_operator.module.k8sop_manifest.null_resource.run_command",
            "module.acm-server.module.acm_operator.module.k8sop_manifest.null_resource.run_destroy_command",
            "module.project-services.google_project_service.project_services",
            "module.server-cluster.data.google_compute_zones.available",
            "module.server-cluster.data.google_container_engine_versions.region",
            "module.server-cluster.data.google_container_engine_versions.zone",
            "module.server-cluster.google_container_cluster.primary",
            "module.server-cluster.google_container_node_pool.pools",
            "module.server-cluster.google_service_account.cluster_service_account",
            "module.server-cluster.random_shuffle.available_zones",
            "module.server-cluster.random_string.cluster_service_account_suffix"
          ]
        }
      ]
    },
    {
      "module": "module.acm-server.module.acm_operator.module.k8s_operator.module.gcloud_kubectl",
      "mode": "managed",
      "type": "null_resource",
      "name": "run_destroy_command",
      "provider": "provider[\"registry.terraform.io/hashicorp/null\"]",
      "instances": [
        {
          "index_key": 0,
          "schema_version": 0,
          "attributes": {
            "id": "4821302248725650428",
            "triggers": {
              "destroy_cmd_body": "gke-cluster-server us-west1-a jk-mlops-dev false false kubectl delete -f config-management-operator.yaml",
              "destroy_cmd_entrypoint": ".terraform/modules/acm-server.acm_operator.k8s_operator/terraform-google-gcloud-2.0.3/modules/kubectl-wrapper/scripts/kubectl_wrapper.sh",
              "gcloud_bin_abs_path": "/google-cloud-sdk/bin"
            }
          },
          "sensitive_attributes": [],
          "private": "bnVsbA==",
          "dependencies": [
            "data.google_client_config.current",
            "data.google_project.project",
            "module.acm-server.module.acm_operator.module.k8s_operator.module.gcloud_kubectl.data.external.env_override",
            "module.acm-server.module.acm_operator.module.k8s_operator.module.gcloud_kubectl.null_resource.additional_components",
            "module.acm-server.module.acm_operator.module.k8s_operator.module.gcloud_kubectl.null_resource.decompress",
            "module.acm-server.module.acm_operator.module.k8s_operator.module.gcloud_kubectl.null_resource.gcloud_auth_google_credentials",
            "module.acm-server.module.acm_operator.module.k8s_operator.module.gcloud_kubectl.null_resource.gcloud_auth_service_account_key_file",
            "module.acm-server.module.acm_operator.module.k8s_operator.module.gcloud_kubectl.null_resource.module_depends_on",
            "module.acm-server.module.acm_operator.module.k8s_operator.module.gcloud_kubectl.null_resource.upgrade",
            "module.acm-server.module.acm_operator.module.k8s_operator.module.gcloud_kubectl.random_id.cache",
            "module.acm-server.module.acm_operator.module.k8sop_manifest.null_resource.additional_components",
            "module.acm-server.module.acm_operator.module.k8sop_manifest.null_resource.gcloud_auth_google_credentials",
            "module.acm-server.module.acm_operator.module.k8sop_manifest.null_resource.gcloud_auth_service_account_key_file",
            "module.acm-server.module.acm_operator.module.k8sop_manifest.null_resource.run_command",
            "module.acm-server.module.acm_operator.module.k8sop_manifest.null_resource.run_destroy_command",
            "module.project-services.google_project_service.project_services",
            "module.server-cluster.data.google_compute_zones.available",
            "module.server-cluster.data.google_container_engine_versions.region",
            "module.server-cluster.data.google_container_engine_versions.zone",
            "module.server-cluster.google_container_cluster.primary",
            "module.server-cluster.google_container_node_pool.pools",
            "module.server-cluster.google_service_account.cluster_service_account",
            "module.server-cluster.random_shuffle.available_zones",
            "module.server-cluster.random_string.cluster_service_account_suffix"
          ]
        }
      ]
    },
    {
      "module": "module.acm-server.module.acm_operator.module.k8sop_config.module.gcloud_kubectl",
      "mode": "data",
      "type": "external",
      "name": "env_override",
      "provider": "provider[\"registry.terraform.io/hashicorp/external\"]",
      "instances": [
        {
          "index_key": 0,
          "schema_version": 0,
          "attributes": {
            "id": "-",
            "program": [
              ".terraform/modules/acm-server.acm_operator.k8sop_config/terraform-google-gcloud-2.0.3/scripts/check_env.sh"
            ],
            "query": null,
            "result": {
              "download": ""
            },
            "working_dir": null
          },
          "sensitive_attributes": []
        }
      ]
    },
    {
      "module": "module.acm-server.module.acm_operator.module.k8sop_config.module.gcloud_kubectl",
      "mode": "managed",
      "type": "null_resource",
      "name": "additional_components",
      "provider": "provider[\"registry.terraform.io/hashicorp/null\"]",
      "instances": [
        {
          "index_key": 0,
          "schema_version": 0,
          "attributes": {
            "id": "434355448984382734",
            "triggers": {
              "additional_components_command": ".terraform/modules/acm-server.acm_operator.k8sop_config/terraform-google-gcloud-2.0.3/scripts/check_components.sh gcloud kubectl",
              "arguments": "ac3a63519d38d9c26d4fa9e79c25f7cc",
              "configmanagement": "apiVersion: configmanagement.gke.io/v1\nkind: ConfigManagement\nmetadata:\n  name: config-management\nspec:\n  # clusterName is required and must be unique among all managed clusters\n  clusterName: gke-cluster-server\n  policyController:\n    enabled: true\n    templateLibraryInstalled: true\n    logDeniesEnabled: false\n  git:\n    syncRepo: https://github.com/jarokaz/tff/\n    secretType: ssh\n    policyDir: acm-dir\n    syncBranch: master\n  \n  \n",
              "md5": "dda3f07bbd8f7b8c12d39a6d5efbdef3"
            }
          },
          "sensitive_attributes": [],
          "private": "bnVsbA==",
          "dependencies": [
            "data.google_client_config.current",
            "data.google_project.project",
            "module.acm-server.module.acm_operator.data.template_file.k8sop_config",
            "module.acm-server.module.acm_operator.module.k8sop_config.module.gcloud_kubectl.data.external.env_override",
            "module.acm-server.module.acm_operator.module.k8sop_config.module.gcloud_kubectl.null_resource.upgrade",
            "module.acm-server.module.acm_operator.module.k8sop_config.module.gcloud_kubectl.random_id.cache",
            "module.project-services.google_project_service.project_services",
            "module.server-cluster.data.google_compute_zones.available",
            "module.server-cluster.data.google_container_engine_versions.region",
            "module.server-cluster.data.google_container_engine_versions.zone",
            "module.server-cluster.google_container_cluster.primary",
            "module.server-cluster.google_service_account.cluster_service_account",
            "module.server-cluster.random_shuffle.available_zones",
            "module.server-cluster.random_string.cluster_service_account_suffix"
          ]
        }
      ]
    },
    {
      "module": "module.acm-server.module.acm_operator.module.k8sop_config.module.gcloud_kubectl",
      "mode": "managed",
      "type": "null_resource",
      "name": "module_depends_on",
      "provider": "provider[\"registry.terraform.io/hashicorp/null\"]",
      "instances": [
        {
          "index_key": 0,
          "schema_version": 0,
          "attributes": {
            "id": "6739601086411352445",
            "triggers": {
              "value": "2"
            }
          },
          "sensitive_attributes": [],
          "private": "bnVsbA==",
          "dependencies": [
            "data.google_client_config.current",
            "data.google_project.project",
            "module.acm-server.module.acm_operator.module.k8s_operator.module.gcloud_kubectl.data.external.env_override",
            "module.acm-server.module.acm_operator.module.k8s_operator.module.gcloud_kubectl.null_resource.additional_components",
            "module.acm-server.module.acm_operator.module.k8s_operator.module.gcloud_kubectl.null_resource.decompress",
            "module.acm-server.module.acm_operator.module.k8s_operator.module.gcloud_kubectl.null_resource.gcloud_auth_google_credentials",
            "module.acm-server.module.acm_operator.module.k8s_operator.module.gcloud_kubectl.null_resource.gcloud_auth_service_account_key_file",
            "module.acm-server.module.acm_operator.module.k8s_operator.module.gcloud_kubectl.null_resource.module_depends_on",
            "module.acm-server.module.acm_operator.module.k8s_operator.module.gcloud_kubectl.null_resource.run_command",
            "module.acm-server.module.acm_operator.module.k8s_operator.module.gcloud_kubectl.null_resource.run_destroy_command",
            "module.acm-server.module.acm_operator.module.k8s_operator.module.gcloud_kubectl.null_resource.upgrade",
            "module.acm-server.module.acm_operator.module.k8s_operator.module.gcloud_kubectl.random_id.cache",
            "module.acm-server.module.acm_operator.module.k8sop_creds_secret.module.gcloud_kubectl.data.external.env_override",
            "module.acm-server.module.acm_operator.module.k8sop_creds_secret.module.gcloud_kubectl.null_resource.additional_components",
            "module.acm-server.module.acm_operator.module.k8sop_creds_secret.module.gcloud_kubectl.null_resource.decompress",
            "module.acm-server.module.acm_operator.module.k8sop_creds_secret.module.gcloud_kubectl.null_resource.gcloud_auth_google_credentials",
            "module.acm-server.module.acm_operator.module.k8sop_creds_secret.module.gcloud_kubectl.null_resource.gcloud_auth_service_account_key_file",
            "module.acm-server.module.acm_operator.module.k8sop_creds_secret.module.gcloud_kubectl.null_resource.module_depends_on",
            "module.acm-server.module.acm_operator.module.k8sop_creds_secret.module.gcloud_kubectl.null_resource.run_command",
            "module.acm-server.module.acm_operator.module.k8sop_creds_secret.module.gcloud_kubectl.null_resource.run_destroy_command",
            "module.acm-server.module.acm_operator.module.k8sop_creds_secret.module.gcloud_kubectl.null_resource.upgrade",
            "module.acm-server.module.acm_operator.module.k8sop_creds_secret.module.gcloud_kubectl.random_id.cache",
            "module.acm-server.module.acm_operator.module.k8sop_manifest.null_resource.additional_components",
            "module.acm-server.module.acm_operator.module.k8sop_manifest.null_resource.gcloud_auth_google_credentials",
            "module.acm-server.module.acm_operator.module.k8sop_manifest.null_resource.gcloud_auth_service_account_key_file",
            "module.acm-server.module.acm_operator.module.k8sop_manifest.null_resource.run_command",
            "module.acm-server.module.acm_operator.module.k8sop_manifest.null_resource.run_destroy_command",
            "module.acm-server.module.acm_operator.tls_private_key.k8sop_creds",
            "module.project-services.google_project_service.project_services",
            "module.server-cluster.data.google_compute_zones.available",
            "module.server-cluster.data.google_container_engine_versions.region",
            "module.server-cluster.data.google_container_engine_versions.zone",
            "module.server-cluster.google_container_cluster.primary",
            "module.server-cluster.google_container_node_pool.pools",
            "module.server-cluster.google_service_account.cluster_service_account",
            "module.server-cluster.random_shuffle.available_zones",
            "module.server-cluster.random_string.cluster_service_account_suffix"
          ]
        }
      ]
    },
    {
      "module": "module.acm-server.module.acm_operator.module.k8sop_config.module.gcloud_kubectl",
      "mode": "managed",
      "type": "null_resource",
      "name": "run_command",
      "provider": "provider[\"registry.terraform.io/hashicorp/null\"]",
      "instances": [
        {
          "index_key": 0,
          "schema_version": 0,
          "attributes": {
            "id": "5330292420158687870",
            "triggers": {
              "arguments": "ac3a63519d38d9c26d4fa9e79c25f7cc",
              "configmanagement": "apiVersion: configmanagement.gke.io/v1\nkind: ConfigManagement\nmetadata:\n  name: config-management\nspec:\n  # clusterName is required and must be unique among all managed clusters\n  clusterName: gke-cluster-server\n  policyController:\n    enabled: true\n    templateLibraryInstalled: true\n    logDeniesEnabled: false\n  git:\n    syncRepo: https://github.com/jarokaz/tff/\n    secretType: ssh\n    policyDir: acm-dir\n    syncBranch: master\n  \n  \n",
              "create_cmd_body": "gke-cluster-server us-west1-a jk-mlops-dev false false kubectl apply -f - \u003c\u003cEOF\napiVersion: configmanagement.gke.io/v1\nkind: ConfigManagement\nmetadata:\n  name: config-management\nspec:\n  # clusterName is required and must be unique among all managed clusters\n  clusterName: gke-cluster-server\n  policyController:\n    enabled: true\n    templateLibraryInstalled: true\n    logDeniesEnabled: false\n  git:\n    syncRepo: https://github.com/jarokaz/tff/\n    secretType: ssh\n    policyDir: acm-dir\n    syncBranch: master\n  \n  \nEOF",
              "create_cmd_entrypoint": ".terraform/modules/acm-server.acm_operator.k8sop_config/terraform-google-gcloud-2.0.3/modules/kubectl-wrapper/scripts/kubectl_wrapper.sh",
              "gcloud_bin_abs_path": "/google-cloud-sdk/bin",
              "md5": "dda3f07bbd8f7b8c12d39a6d5efbdef3"
            }
          },
          "sensitive_attributes": [],
          "private": "bnVsbA==",
          "dependencies": [
            "data.google_client_config.current",
            "data.google_project.project",
            "module.acm-server.module.acm_operator.data.template_file.k8sop_config",
            "module.acm-server.module.acm_operator.module.k8s_operator.module.gcloud_kubectl.data.external.env_override",
            "module.acm-server.module.acm_operator.module.k8s_operator.module.gcloud_kubectl.null_resource.additional_components",
            "module.acm-server.module.acm_operator.module.k8s_operator.module.gcloud_kubectl.null_resource.decompress",
            "module.acm-server.module.acm_operator.module.k8s_operator.module.gcloud_kubectl.null_resource.gcloud_auth_google_credentials",
            "module.acm-server.module.acm_operator.module.k8s_operator.module.gcloud_kubectl.null_resource.gcloud_auth_service_account_key_file",
            "module.acm-server.module.acm_operator.module.k8s_operator.module.gcloud_kubectl.null_resource.module_depends_on",
            "module.acm-server.module.acm_operator.module.k8s_operator.module.gcloud_kubectl.null_resource.run_command",
            "module.acm-server.module.acm_operator.module.k8s_operator.module.gcloud_kubectl.null_resource.run_destroy_command",
            "module.acm-server.module.acm_operator.module.k8s_operator.module.gcloud_kubectl.null_resource.upgrade",
            "module.acm-server.module.acm_operator.module.k8s_operator.module.gcloud_kubectl.random_id.cache",
            "module.acm-server.module.acm_operator.module.k8sop_config.module.gcloud_kubectl.data.external.env_override",
            "module.acm-server.module.acm_operator.module.k8sop_config.module.gcloud_kubectl.null_resource.additional_components",
            "module.acm-server.module.acm_operator.module.k8sop_config.module.gcloud_kubectl.null_resource.decompress",
            "module.acm-server.module.acm_operator.module.k8sop_config.module.gcloud_kubectl.null_resource.gcloud_auth_google_credentials",
            "module.acm-server.module.acm_operator.module.k8sop_config.module.gcloud_kubectl.null_resource.gcloud_auth_service_account_key_file",
            "module.acm-server.module.acm_operator.module.k8sop_config.module.gcloud_kubectl.null_resource.module_depends_on",
            "module.acm-server.module.acm_operator.module.k8sop_config.module.gcloud_kubectl.null_resource.upgrade",
            "module.acm-server.module.acm_operator.module.k8sop_config.module.gcloud_kubectl.random_id.cache",
            "module.acm-server.module.acm_operator.module.k8sop_creds_secret.module.gcloud_kubectl.data.external.env_override",
            "module.acm-server.module.acm_operator.module.k8sop_creds_secret.module.gcloud_kubectl.null_resource.additional_components",
            "module.acm-server.module.acm_operator.module.k8sop_creds_secret.module.gcloud_kubectl.null_resource.decompress",
            "module.acm-server.module.acm_operator.module.k8sop_creds_secret.module.gcloud_kubectl.null_resource.gcloud_auth_google_credentials",
            "module.acm-server.module.acm_operator.module.k8sop_creds_secret.module.gcloud_kubectl.null_resource.gcloud_auth_service_account_key_file",
            "module.acm-server.module.acm_operator.module.k8sop_creds_secret.module.gcloud_kubectl.null_resource.module_depends_on",
            "module.acm-server.module.acm_operator.module.k8sop_creds_secret.module.gcloud_kubectl.null_resource.run_command",
            "module.acm-server.module.acm_operator.module.k8sop_creds_secret.module.gcloud_kubectl.null_resource.run_destroy_command",
            "module.acm-server.module.acm_operator.module.k8sop_creds_secret.module.gcloud_kubectl.null_resource.upgrade",
            "module.acm-server.module.acm_operator.module.k8sop_creds_secret.module.gcloud_kubectl.random_id.cache",
            "module.acm-server.module.acm_operator.module.k8sop_manifest.null_resource.additional_components",
            "module.acm-server.module.acm_operator.module.k8sop_manifest.null_resource.gcloud_auth_google_credentials",
            "module.acm-server.module.acm_operator.module.k8sop_manifest.null_resource.gcloud_auth_service_account_key_file",
            "module.acm-server.module.acm_operator.module.k8sop_manifest.null_resource.run_command",
            "module.acm-server.module.acm_operator.module.k8sop_manifest.null_resource.run_destroy_command",
            "module.acm-server.module.acm_operator.tls_private_key.k8sop_creds",
            "module.project-services.google_project_service.project_services",
            "module.server-cluster.data.google_compute_zones.available",
            "module.server-cluster.data.google_container_engine_versions.region",
            "module.server-cluster.data.google_container_engine_versions.zone",
            "module.server-cluster.google_container_cluster.primary",
            "module.server-cluster.google_container_node_pool.pools",
            "module.server-cluster.google_service_account.cluster_service_account",
            "module.server-cluster.random_shuffle.available_zones",
            "module.server-cluster.random_string.cluster_service_account_suffix"
          ]
        }
      ]
    },
    {
      "module": "module.acm-server.module.acm_operator.module.k8sop_config.module.gcloud_kubectl",
      "mode": "managed",
      "type": "null_resource",
      "name": "run_destroy_command",
      "provider": "provider[\"registry.terraform.io/hashicorp/null\"]",
      "instances": [
        {
          "index_key": 0,
          "schema_version": 0,
          "attributes": {
            "id": "7656433303796123040",
            "triggers": {
              "configmanagement": "apiVersion: configmanagement.gke.io/v1\nkind: ConfigManagement\nmetadata:\n  name: config-management\nspec:\n  # clusterName is required and must be unique among all managed clusters\n  clusterName: gke-cluster-server\n  policyController:\n    enabled: true\n    templateLibraryInstalled: true\n    logDeniesEnabled: false\n  git:\n    syncRepo: https://github.com/jarokaz/tff/\n    secretType: ssh\n    policyDir: acm-dir\n    syncBranch: master\n  \n  \n",
              "destroy_cmd_body": "gke-cluster-server us-west1-a jk-mlops-dev false false kubectl delete -f - \u003c\u003cEOF\napiVersion: configmanagement.gke.io/v1\nkind: ConfigManagement\nmetadata:\n  name: config-management\nspec:\n  # clusterName is required and must be unique among all managed clusters\n  clusterName: gke-cluster-server\n  policyController:\n    enabled: true\n    templateLibraryInstalled: true\n    logDeniesEnabled: false\n  git:\n    syncRepo: https://github.com/jarokaz/tff/\n    secretType: ssh\n    policyDir: acm-dir\n    syncBranch: master\n  \n  \nEOF",
              "destroy_cmd_entrypoint": ".terraform/modules/acm-server.acm_operator.k8sop_config/terraform-google-gcloud-2.0.3/modules/kubectl-wrapper/scripts/kubectl_wrapper.sh",
              "gcloud_bin_abs_path": "/google-cloud-sdk/bin"
            }
          },
          "sensitive_attributes": [],
          "private": "bnVsbA==",
          "dependencies": [
            "data.google_client_config.current",
            "data.google_project.project",
            "module.acm-server.module.acm_operator.data.template_file.k8sop_config",
            "module.acm-server.module.acm_operator.module.k8s_operator.module.gcloud_kubectl.data.external.env_override",
            "module.acm-server.module.acm_operator.module.k8s_operator.module.gcloud_kubectl.null_resource.additional_components",
            "module.acm-server.module.acm_operator.module.k8s_operator.module.gcloud_kubectl.null_resource.decompress",
            "module.acm-server.module.acm_operator.module.k8s_operator.module.gcloud_kubectl.null_resource.gcloud_auth_google_credentials",
            "module.acm-server.module.acm_operator.module.k8s_operator.module.gcloud_kubectl.null_resource.gcloud_auth_service_account_key_file",
            "module.acm-server.module.acm_operator.module.k8s_operator.module.gcloud_kubectl.null_resource.module_depends_on",
            "module.acm-server.module.acm_operator.module.k8s_operator.module.gcloud_kubectl.null_resource.run_command",
            "module.acm-server.module.acm_operator.module.k8s_operator.module.gcloud_kubectl.null_resource.run_destroy_command",
            "module.acm-server.module.acm_operator.module.k8s_operator.module.gcloud_kubectl.null_resource.upgrade",
            "module.acm-server.module.acm_operator.module.k8s_operator.module.gcloud_kubectl.random_id.cache",
            "module.acm-server.module.acm_operator.module.k8sop_config.module.gcloud_kubectl.data.external.env_override",
            "module.acm-server.module.acm_operator.module.k8sop_config.module.gcloud_kubectl.null_resource.additional_components",
            "module.acm-server.module.acm_operator.module.k8sop_config.module.gcloud_kubectl.null_resource.decompress",
            "module.acm-server.module.acm_operator.module.k8sop_config.module.gcloud_kubectl.null_resource.gcloud_auth_google_credentials",
            "module.acm-server.module.acm_operator.module.k8sop_config.module.gcloud_kubectl.null_resource.gcloud_auth_service_account_key_file",
            "module.acm-server.module.acm_operator.module.k8sop_config.module.gcloud_kubectl.null_resource.module_depends_on",
            "module.acm-server.module.acm_operator.module.k8sop_config.module.gcloud_kubectl.null_resource.upgrade",
            "module.acm-server.module.acm_operator.module.k8sop_config.module.gcloud_kubectl.random_id.cache",
            "module.acm-server.module.acm_operator.module.k8sop_creds_secret.module.gcloud_kubectl.data.external.env_override",
            "module.acm-server.module.acm_operator.module.k8sop_creds_secret.module.gcloud_kubectl.null_resource.additional_components",
            "module.acm-server.module.acm_operator.module.k8sop_creds_secret.module.gcloud_kubectl.null_resource.decompress",
            "module.acm-server.module.acm_operator.module.k8sop_creds_secret.module.gcloud_kubectl.null_resource.gcloud_auth_google_credentials",
            "module.acm-server.module.acm_operator.module.k8sop_creds_secret.module.gcloud_kubectl.null_resource.gcloud_auth_service_account_key_file",
            "module.acm-server.module.acm_operator.module.k8sop_creds_secret.module.gcloud_kubectl.null_resource.module_depends_on",
            "module.acm-server.module.acm_operator.module.k8sop_creds_secret.module.gcloud_kubectl.null_resource.run_command",
            "module.acm-server.module.acm_operator.module.k8sop_creds_secret.module.gcloud_kubectl.null_resource.run_destroy_command",
            "module.acm-server.module.acm_operator.module.k8sop_creds_secret.module.gcloud_kubectl.null_resource.upgrade",
            "module.acm-server.module.acm_operator.module.k8sop_creds_secret.module.gcloud_kubectl.random_id.cache",
            "module.acm-server.module.acm_operator.module.k8sop_manifest.null_resource.additional_components",
            "module.acm-server.module.acm_operator.module.k8sop_manifest.null_resource.gcloud_auth_google_credentials",
            "module.acm-server.module.acm_operator.module.k8sop_manifest.null_resource.gcloud_auth_service_account_key_file",
            "module.acm-server.module.acm_operator.module.k8sop_manifest.null_resource.run_command",
            "module.acm-server.module.acm_operator.module.k8sop_manifest.null_resource.run_destroy_command",
            "module.acm-server.module.acm_operator.tls_private_key.k8sop_creds",
            "module.project-services.google_project_service.project_services",
            "module.server-cluster.data.google_compute_zones.available",
            "module.server-cluster.data.google_container_engine_versions.region",
            "module.server-cluster.data.google_container_engine_versions.zone",
            "module.server-cluster.google_container_cluster.primary",
            "module.server-cluster.google_container_node_pool.pools",
            "module.server-cluster.google_service_account.cluster_service_account",
            "module.server-cluster.random_shuffle.available_zones",
            "module.server-cluster.random_string.cluster_service_account_suffix"
          ]
        }
      ]
    },
    {
      "module": "module.acm-server.module.acm_operator.module.k8sop_creds_secret.module.gcloud_kubectl",
      "mode": "data",
      "type": "external",
      "name": "env_override",
      "provider": "provider[\"registry.terraform.io/hashicorp/external\"]",
      "instances": [
        {
          "index_key": 0,
          "schema_version": 0,
          "attributes": {
            "id": "-",
            "program": [
              ".terraform/modules/acm-server.acm_operator.k8sop_creds_secret/terraform-google-gcloud-2.0.3/scripts/check_env.sh"
            ],
            "query": null,
            "result": {
              "download": ""
            },
            "working_dir": null
          },
          "sensitive_attributes": []
        }
      ]
    },
    {
      "module": "module.acm-server.module.acm_operator.module.k8sop_creds_secret.module.gcloud_kubectl",
      "mode": "managed",
      "type": "null_resource",
      "name": "additional_components",
      "provider": "provider[\"registry.terraform.io/hashicorp/null\"]",
      "instances": [
        {
          "index_key": 0,
          "schema_version": 0,
          "attributes": {
            "id": "6571533049159865854",
            "triggers": {
              "additional_components_command": ".terraform/modules/acm-server.acm_operator.k8sop_creds_secret/terraform-google-gcloud-2.0.3/scripts/check_components.sh gcloud kubectl",
              "arguments": "c659ba49c6f2a28426677a76a9b21da5",
              "md5": "e8efe35e24653e115aefc418dc03866a"
            }
          },
          "sensitive_attributes": [],
          "private": "bnVsbA==",
          "dependencies": [
            "data.google_client_config.current",
            "data.google_project.project",
            "module.acm-server.module.acm_operator.module.k8sop_creds_secret.module.gcloud_kubectl.data.external.env_override",
            "module.acm-server.module.acm_operator.module.k8sop_creds_secret.module.gcloud_kubectl.null_resource.upgrade",
            "module.acm-server.module.acm_operator.module.k8sop_creds_secret.module.gcloud_kubectl.random_id.cache",
            "module.acm-server.module.acm_operator.tls_private_key.k8sop_creds",
            "module.project-services.google_project_service.project_services",
            "module.server-cluster.data.google_compute_zones.available",
            "module.server-cluster.data.google_container_engine_versions.region",
            "module.server-cluster.data.google_container_engine_versions.zone",
            "module.server-cluster.google_container_cluster.primary",
            "module.server-cluster.google_service_account.cluster_service_account",
            "module.server-cluster.random_shuffle.available_zones",
            "module.server-cluster.random_string.cluster_service_account_suffix"
          ]
        }
      ]
    },
    {
      "module": "module.acm-server.module.acm_operator.module.k8sop_creds_secret.module.gcloud_kubectl",
      "mode": "managed",
      "type": "null_resource",
      "name": "module_depends_on",
      "provider": "provider[\"registry.terraform.io/hashicorp/null\"]",
      "instances": [
        {
          "index_key": 0,
          "schema_version": 0,
          "attributes": {
            "id": "7502987537043688709",
            "triggers": {
              "value": "1"
            }
          },
          "sensitive_attributes": [],
          "private": "bnVsbA==",
          "dependencies": [
            "data.google_client_config.current",
            "data.google_project.project",
            "module.acm-server.module.acm_operator.module.k8s_operator.module.gcloud_kubectl.data.external.env_override",
            "module.acm-server.module.acm_operator.module.k8s_operator.module.gcloud_kubectl.null_resource.additional_components",
            "module.acm-server.module.acm_operator.module.k8s_operator.module.gcloud_kubectl.null_resource.decompress",
            "module.acm-server.module.acm_operator.module.k8s_operator.module.gcloud_kubectl.null_resource.gcloud_auth_google_credentials",
            "module.acm-server.module.acm_operator.module.k8s_operator.module.gcloud_kubectl.null_resource.gcloud_auth_service_account_key_file",
            "module.acm-server.module.acm_operator.module.k8s_operator.module.gcloud_kubectl.null_resource.module_depends_on",
            "module.acm-server.module.acm_operator.module.k8s_operator.module.gcloud_kubectl.null_resource.run_command",
            "module.acm-server.module.acm_operator.module.k8s_operator.module.gcloud_kubectl.null_resource.run_destroy_command",
            "module.acm-server.module.acm_operator.module.k8s_operator.module.gcloud_kubectl.null_resource.upgrade",
            "module.acm-server.module.acm_operator.module.k8s_operator.module.gcloud_kubectl.random_id.cache",
            "module.acm-server.module.acm_operator.module.k8sop_manifest.null_resource.additional_components",
            "module.acm-server.module.acm_operator.module.k8sop_manifest.null_resource.gcloud_auth_google_credentials",
            "module.acm-server.module.acm_operator.module.k8sop_manifest.null_resource.gcloud_auth_service_account_key_file",
            "module.acm-server.module.acm_operator.module.k8sop_manifest.null_resource.run_command",
            "module.acm-server.module.acm_operator.module.k8sop_manifest.null_resource.run_destroy_command",
            "module.project-services.google_project_service.project_services",
            "module.server-cluster.data.google_compute_zones.available",
            "module.server-cluster.data.google_container_engine_versions.region",
            "module.server-cluster.data.google_container_engine_versions.zone",
            "module.server-cluster.google_container_cluster.primary",
            "module.server-cluster.google_container_node_pool.pools",
            "module.server-cluster.google_service_account.cluster_service_account",
            "module.server-cluster.random_shuffle.available_zones",
            "module.server-cluster.random_string.cluster_service_account_suffix"
          ]
        }
      ]
    },
    {
      "module": "module.acm-server.module.acm_operator.module.k8sop_creds_secret.module.gcloud_kubectl",
      "mode": "managed",
      "type": "null_resource",
      "name": "run_command",
      "provider": "provider[\"registry.terraform.io/hashicorp/null\"]",
      "instances": [
        {
          "index_key": 0,
          "schema_version": 0,
          "attributes": {
            "id": "1830369139129696388",
            "triggers": {
              "arguments": "c659ba49c6f2a28426677a76a9b21da5",
              "create_cmd_body": "gke-cluster-server us-west1-a jk-mlops-dev false false kubectl create secret generic git-creds -n=config-management-system --from-literal=ssh='-----BEGIN RSA PRIVATE KEY-----\nMIIJKQIBAAKCAgEAuuB9uqfss1g6fVuzfHeguezqpzOI26kXR04gUSZkFVUcQtGR\nihGfzYjmzGVTmRutJCr4FMo6QwIrGDLVY16bHYQX/KOhMjBdttHhkaxUJwR5pyaI\njzGCG7GpqVXVIO9f6s4eI0M1hrUvtD6LY4OQlAdRmLXCWwG9b7Sr/evyxBqrTb8J\nhOEji78+3uPIQ2QpOO+6AC3fT70HVy4iaDflJEcrRWV2Yab42N+bwMVFwBsmEzJQ\npLmUVL8qcmf4RsEZD6obyrfMTzcvswJs60YpabjmaCNmi52nCUj05b/TaDhzeGoI\nbhYuNl6ciH//gizKTf5/3UHJXzj7N9CosH3f5URkR6Cr9ZfrVCFt6j++CwAaqbGm\nKGsfZs1xUiaWXpUcOBbTSECYU0Orw/LY5XwmdljHaMHm0aF0SuhFopGeRx6VTpQ3\nkj+fXa4Zzmuo4QYQI+qkRINKu4HMMbgAynWnhsiQMFuGRxzkFYI14dniTp68f24+\noXud7M8um+vAmLUpfdrwyKc4P/2wSUZtVF4l6AT1+eUS7oM4q6AbtuSbT7wEZkt3\npReyRLZueuVGgUPkdBM/q59TaftdQqAbH3xmSE4hbKsk4WCXhGFnk5oi5Jsa40Yj\nc8NyUJtDBMcWJjFnBajBvdrts8yB/A/zWxw4O4ln2uUX/LAaT9fPsxwK6rcCAwEA\nAQKCAgAjFCzFsuvdpnwkN+hzPslu3SgXBrdz9EOoYOP0F67FylopuMkHD9PdcwtP\n5t1Qaj+QAHjc/jD9jxSj0Db6FjIr0jXmeJizoRyWSsN64sxRHqfvVm5f4r03kZv1\na2U8b3Kj0tkZaW5MwQoZXXwwy+uBvfX1Ink/OA5lP5bhbT7+zLrHN0sEJHbVrqqQ\nkFVxQQXz6BwUGIhIoYUVOlW/Fm7u5mUa+7bDEeK4YxELmHxFWVNGWzWEFknftpqz\nKw0RywF3TUk2PlYdsJBFm/jyGROBAvJNLgf7wTYvqgA+eEmo0J/sRIscjxFRp2Te\nwpglyV6YUWOTFtxEAaA2k/Z2WsqCHl5/eRtay7CAPhMf29YIvsBFALygyVHq5N2I\nf51Rgtfrr3H8IucCGdu062SbA3uY4ys8qPAYke9EJt3+Mo9bERCql2r/vsq3Ewrl\nSFVV+w5FipJZtRnEJ7K3HtQCmHOfLV0QTVSsCf3o0Fm5YUbUIlgBOJxVGLlefpvc\nC01qXguvJBbGOLtO3UVntsK9oGCV5kBpN3lk6156uOqlOLy0Mqto57/Id1n0cqRq\nJqGJkudjV6iF0RNVyb1Wyu0mwaIg02ynwb6s0ySbj8dADzJS6MbVJVg77iM5rY+f\nPQsMX8/kUkF0tuZOs5CbEIHCAoU5UC6v/GLhjq++F4nkycNeIQKCAQEAxvOyazw8\npXLkKejzxiQfx6Z6RNpciby+rcQbw/PSTiLo49SEVAPsECYwvnU2DHw55A20aJG4\nf14eL1LYEdFXr2qGrnfgh2BJtSxjpGWXTOxhGs4O1UhKz50sfhOKwSgBnoffCPky\nDGwuwY4bR6frSPmboOBUj2W8rgayQYw//GLxb41q9iijAFhjyJKyjxJ5Mi9c5iUM\nRz/ueWahxQLhl5MyDgKSPDzaGoZEPq1Uh81/CQX0KmSoiX9DM2g4EpH5mZ29OF51\n5JFECKkdC/xL2ubtLz3pLq+OHDXV4cy8zfrI7qvDvlu092ZHKN77lby4pG1HP8bV\nE1c/GBW6QC/PyQKCAQEA8HZprufhFocBagbw626famA2kAN+Lain5juwOPpXVY1r\n2LAyZ5++isJ9Sj/XuMb8wzd7PmOXh7lnUdAZmxyvf5IWQ8Z0Nff0GNmZfcAY+pn9\nJP3zRE6+aQpg4aD5BqZmeGWCl2ki6OO4V3jrAkND41jaYiqdjxDfw2FgFszjUzk5\n+fo6szwnfIaylnuwxL/7BWuFES/3hwYOHPtKk0xp/lO/GXE9fk5XE8Con8d+If7F\ncoauebHj7L7QWQOcO5JqJDszn2xtXHJ9BP06cqHpjW7QAQ83oE6QCZMuN0VNsZQF\nvqspbN/KRR67VJq1lpA9vFEZgzZ6XERG6RimKyMmfwKCAQEAp+ZKEI3JcKdBPs1F\nzVX3K/qm/Sx7JBKRqPvzoq9GMILtoDhdZLnaotZYFKO+dVLxWDDoq8cuuO6o8q8r\ngf31zihMeTjZ1+W+zpMjlD3YLibe3ExB4GUeHZA7WDsNwm0M0MlBxMTpI+q4mshe\n5V4lBnUAjghD1LC7RvKHxSGjbk/iCY6DUjKBPW1a6I5E+tFQTrYB5IgnkIm3q+Sd\naTJBSDYE7CXnW8bPGctuFKcay3D1YJwRryU7xq4L/Hpbt/BRgP7KDaRKQhcGH3j4\n9oB5U8fHKzNIcwndGJmmYuTyAbM/l4yFqUSjuJYsP6XPFFMsUDeZBY27jJL4wE61\n3C19YQKCAQAtzD/AokVKhxgL25qTHJScLAr4TtH/XDnuLbwYfgWYM8Ewmg5fkhs2\nTmiSdapedPe7Lpv4e/tmTDeTa3EVC9eZEnfPHMMRbFI/UWJcgvO+9wkxvHRStDSr\nyOA+2OvVCmhF0f+XWtzdQlHfxxXrbmhFqqydOcScdPhJPAiTDx7UwPd71t7LOE/E\n9dqZsqEuN+pVU+8aIOqh+tNBTdMcTtd5KvYgoGK35a/MAUuccuBhFScB8wjUAL+K\nXaVM7tUYu4Afum7QlFQX4W5SPvCc2J2k5FAVg5Jyo8PnLvMEb9ymT6zwbaUMKWta\n0smXCYhATuSTM1cKmJuhaxeeWaV8Xct9AoIBAQCvVVIBDQJhxzqOG/Y9/+nfCGGK\n+tacSZHmhBWr5I0S6aNayhw/0ZsU2gpeVZtIeW74qcGhNvMjLUH4CCz3rnR9SXJw\ngavGXVX23GNWLrP78M5Szzh1fhKaecNX0EEV6kfAa/HNlm+Ljp7A4TCLpk0zW81T\nkOmRx2HYYBipSlXaP2osxRPsN4gHRXoMopZL/VMntTFINvvrk2Sb9evSoGeYqXtq\nCEBrBbxgfenkjtZQn1QXqmVTO353rw7D0oWGBIJ0F3UrFOrvp6FGkVvg89v/d3Dq\n6Ypny3hMMvWn7W6Leh0ZdJhqhwn13XmtrmQ9k18nnoN/E6Pl8C+y7WcjYBPs\n-----END RSA PRIVATE KEY-----\n'",
              "create_cmd_entrypoint": ".terraform/modules/acm-server.acm_operator.k8sop_creds_secret/terraform-google-gcloud-2.0.3/modules/kubectl-wrapper/scripts/kubectl_wrapper.sh",
              "gcloud_bin_abs_path": "/google-cloud-sdk/bin",
              "md5": "e8efe35e24653e115aefc418dc03866a"
            }
          },
          "sensitive_attributes": [],
          "private": "bnVsbA==",
          "dependencies": [
            "data.google_client_config.current",
            "data.google_project.project",
            "module.acm-server.module.acm_operator.module.k8s_operator.module.gcloud_kubectl.data.external.env_override",
            "module.acm-server.module.acm_operator.module.k8s_operator.module.gcloud_kubectl.null_resource.additional_components",
            "module.acm-server.module.acm_operator.module.k8s_operator.module.gcloud_kubectl.null_resource.decompress",
            "module.acm-server.module.acm_operator.module.k8s_operator.module.gcloud_kubectl.null_resource.gcloud_auth_google_credentials",
            "module.acm-server.module.acm_operator.module.k8s_operator.module.gcloud_kubectl.null_resource.gcloud_auth_service_account_key_file",
            "module.acm-server.module.acm_operator.module.k8s_operator.module.gcloud_kubectl.null_resource.module_depends_on",
            "module.acm-server.module.acm_operator.module.k8s_operator.module.gcloud_kubectl.null_resource.run_command",
            "module.acm-server.module.acm_operator.module.k8s_operator.module.gcloud_kubectl.null_resource.run_destroy_command",
            "module.acm-server.module.acm_operator.module.k8s_operator.module.gcloud_kubectl.null_resource.upgrade",
            "module.acm-server.module.acm_operator.module.k8s_operator.module.gcloud_kubectl.random_id.cache",
            "module.acm-server.module.acm_operator.module.k8sop_creds_secret.module.gcloud_kubectl.data.external.env_override",
            "module.acm-server.module.acm_operator.module.k8sop_creds_secret.module.gcloud_kubectl.null_resource.additional_components",
            "module.acm-server.module.acm_operator.module.k8sop_creds_secret.module.gcloud_kubectl.null_resource.decompress",
            "module.acm-server.module.acm_operator.module.k8sop_creds_secret.module.gcloud_kubectl.null_resource.gcloud_auth_google_credentials",
            "module.acm-server.module.acm_operator.module.k8sop_creds_secret.module.gcloud_kubectl.null_resource.gcloud_auth_service_account_key_file",
            "module.acm-server.module.acm_operator.module.k8sop_creds_secret.module.gcloud_kubectl.null_resource.module_depends_on",
            "module.acm-server.module.acm_operator.module.k8sop_creds_secret.module.gcloud_kubectl.null_resource.upgrade",
            "module.acm-server.module.acm_operator.module.k8sop_creds_secret.module.gcloud_kubectl.random_id.cache",
            "module.acm-server.module.acm_operator.module.k8sop_manifest.null_resource.additional_components",
            "module.acm-server.module.acm_operator.module.k8sop_manifest.null_resource.gcloud_auth_google_credentials",
            "module.acm-server.module.acm_operator.module.k8sop_manifest.null_resource.gcloud_auth_service_account_key_file",
            "module.acm-server.module.acm_operator.module.k8sop_manifest.null_resource.run_command",
            "module.acm-server.module.acm_operator.module.k8sop_manifest.null_resource.run_destroy_command",
            "module.acm-server.module.acm_operator.tls_private_key.k8sop_creds",
            "module.project-services.google_project_service.project_services",
            "module.server-cluster.data.google_compute_zones.available",
            "module.server-cluster.data.google_container_engine_versions.region",
            "module.server-cluster.data.google_container_engine_versions.zone",
            "module.server-cluster.google_container_cluster.primary",
            "module.server-cluster.google_container_node_pool.pools",
            "module.server-cluster.google_service_account.cluster_service_account",
            "module.server-cluster.random_shuffle.available_zones",
            "module.server-cluster.random_string.cluster_service_account_suffix"
          ]
        }
      ]
    },
    {
      "module": "module.acm-server.module.acm_operator.module.k8sop_creds_secret.module.gcloud_kubectl",
      "mode": "managed",
      "type": "null_resource",
      "name": "run_destroy_command",
      "provider": "provider[\"registry.terraform.io/hashicorp/null\"]",
      "instances": [
        {
          "index_key": 0,
          "schema_version": 0,
          "attributes": {
            "id": "7424707890282392023",
            "triggers": {
              "destroy_cmd_body": "gke-cluster-server us-west1-a jk-mlops-dev false false kubectl delete secret git-creds -n=config-management-system",
              "destroy_cmd_entrypoint": ".terraform/modules/acm-server.acm_operator.k8sop_creds_secret/terraform-google-gcloud-2.0.3/modules/kubectl-wrapper/scripts/kubectl_wrapper.sh",
              "gcloud_bin_abs_path": "/google-cloud-sdk/bin"
            }
          },
          "sensitive_attributes": [],
          "private": "bnVsbA==",
          "dependencies": [
            "data.google_client_config.current",
            "data.google_project.project",
            "module.acm-server.module.acm_operator.module.k8s_operator.module.gcloud_kubectl.data.external.env_override",
            "module.acm-server.module.acm_operator.module.k8s_operator.module.gcloud_kubectl.null_resource.additional_components",
            "module.acm-server.module.acm_operator.module.k8s_operator.module.gcloud_kubectl.null_resource.decompress",
            "module.acm-server.module.acm_operator.module.k8s_operator.module.gcloud_kubectl.null_resource.gcloud_auth_google_credentials",
            "module.acm-server.module.acm_operator.module.k8s_operator.module.gcloud_kubectl.null_resource.gcloud_auth_service_account_key_file",
            "module.acm-server.module.acm_operator.module.k8s_operator.module.gcloud_kubectl.null_resource.module_depends_on",
            "module.acm-server.module.acm_operator.module.k8s_operator.module.gcloud_kubectl.null_resource.run_command",
            "module.acm-server.module.acm_operator.module.k8s_operator.module.gcloud_kubectl.null_resource.run_destroy_command",
            "module.acm-server.module.acm_operator.module.k8s_operator.module.gcloud_kubectl.null_resource.upgrade",
            "module.acm-server.module.acm_operator.module.k8s_operator.module.gcloud_kubectl.random_id.cache",
            "module.acm-server.module.acm_operator.module.k8sop_creds_secret.module.gcloud_kubectl.data.external.env_override",
            "module.acm-server.module.acm_operator.module.k8sop_creds_secret.module.gcloud_kubectl.null_resource.additional_components",
            "module.acm-server.module.acm_operator.module.k8sop_creds_secret.module.gcloud_kubectl.null_resource.decompress",
            "module.acm-server.module.acm_operator.module.k8sop_creds_secret.module.gcloud_kubectl.null_resource.gcloud_auth_google_credentials",
            "module.acm-server.module.acm_operator.module.k8sop_creds_secret.module.gcloud_kubectl.null_resource.gcloud_auth_service_account_key_file",
            "module.acm-server.module.acm_operator.module.k8sop_creds_secret.module.gcloud_kubectl.null_resource.module_depends_on",
            "module.acm-server.module.acm_operator.module.k8sop_creds_secret.module.gcloud_kubectl.null_resource.upgrade",
            "module.acm-server.module.acm_operator.module.k8sop_creds_secret.module.gcloud_kubectl.random_id.cache",
            "module.acm-server.module.acm_operator.module.k8sop_manifest.null_resource.additional_components",
            "module.acm-server.module.acm_operator.module.k8sop_manifest.null_resource.gcloud_auth_google_credentials",
            "module.acm-server.module.acm_operator.module.k8sop_manifest.null_resource.gcloud_auth_service_account_key_file",
            "module.acm-server.module.acm_operator.module.k8sop_manifest.null_resource.run_command",
            "module.acm-server.module.acm_operator.module.k8sop_manifest.null_resource.run_destroy_command",
            "module.acm-server.module.acm_operator.tls_private_key.k8sop_creds",
            "module.project-services.google_project_service.project_services",
            "module.server-cluster.data.google_compute_zones.available",
            "module.server-cluster.data.google_container_engine_versions.region",
            "module.server-cluster.data.google_container_engine_versions.zone",
            "module.server-cluster.google_container_cluster.primary",
            "module.server-cluster.google_container_node_pool.pools",
            "module.server-cluster.google_service_account.cluster_service_account",
            "module.server-cluster.random_shuffle.available_zones",
            "module.server-cluster.random_string.cluster_service_account_suffix"
          ]
        }
      ]
    },
    {
      "module": "module.acm-server.module.acm_operator.module.wait_for_gatekeeper.module.gcloud_kubectl",
      "mode": "data",
      "type": "external",
      "name": "env_override",
      "provider": "provider[\"registry.terraform.io/hashicorp/external\"]",
      "instances": [
        {
          "index_key": 0,
          "schema_version": 0,
          "attributes": {
            "id": "-",
            "program": [
              ".terraform/modules/acm-server.acm_operator.wait_for_gatekeeper/terraform-google-gcloud-2.0.3/scripts/check_env.sh"
            ],
            "query": null,
            "result": {
              "download": ""
            },
            "working_dir": null
          },
          "sensitive_attributes": []
        }
      ]
    },
    {
      "module": "module.acm-server.module.acm_operator.module.wait_for_gatekeeper.module.gcloud_kubectl",
      "mode": "managed",
      "type": "null_resource",
      "name": "additional_components",
      "provider": "provider[\"registry.terraform.io/hashicorp/null\"]",
      "instances": [
        {
          "index_key": 0,
          "schema_version": 0,
          "attributes": {
            "id": "247309744577667309",
            "triggers": {
              "additional_components_command": ".terraform/modules/acm-server.acm_operator.wait_for_gatekeeper/terraform-google-gcloud-2.0.3/scripts/check_components.sh gcloud kubectl",
              "arguments": "907e77b875e8765a4899e1aefc49435e",
              "md5": "1e09762adc225405f3a0dd9dcf25d370",
              "script_sha1": "e1780a62dcd319cb88616007c9c22324f63a6375"
            }
          },
          "sensitive_attributes": [],
          "private": "bnVsbA==",
          "dependencies": [
            "data.google_client_config.current",
            "data.google_project.project",
            "module.acm-server.module.acm_operator.module.wait_for_gatekeeper.module.gcloud_kubectl.data.external.env_override",
            "module.acm-server.module.acm_operator.module.wait_for_gatekeeper.module.gcloud_kubectl.null_resource.upgrade",
            "module.acm-server.module.acm_operator.module.wait_for_gatekeeper.module.gcloud_kubectl.random_id.cache",
            "module.project-services.google_project_service.project_services",
            "module.server-cluster.data.google_compute_zones.available",
            "module.server-cluster.data.google_container_engine_versions.region",
            "module.server-cluster.data.google_container_engine_versions.zone",
            "module.server-cluster.google_container_cluster.primary",
            "module.server-cluster.google_service_account.cluster_service_account",
            "module.server-cluster.random_shuffle.available_zones",
            "module.server-cluster.random_string.cluster_service_account_suffix"
          ]
        }
      ]
    },
    {
      "module": "module.acm-server.module.acm_operator.module.wait_for_gatekeeper.module.gcloud_kubectl",
      "mode": "managed",
      "type": "null_resource",
      "name": "module_depends_on",
      "provider": "provider[\"registry.terraform.io/hashicorp/null\"]",
      "instances": [
        {
          "index_key": 0,
          "schema_version": 0,
          "attributes": {
            "id": "1732138446028555251",
            "triggers": {
              "value": "1"
            }
          },
          "sensitive_attributes": [],
          "private": "bnVsbA==",
          "dependencies": [
            "data.google_client_config.current",
            "data.google_project.project",
            "module.acm-server.module.acm_operator.data.template_file.k8sop_config",
            "module.acm-server.module.acm_operator.module.k8s_operator.module.gcloud_kubectl.data.external.env_override",
            "module.acm-server.module.acm_operator.module.k8s_operator.module.gcloud_kubectl.null_resource.additional_components",
            "module.acm-server.module.acm_operator.module.k8s_operator.module.gcloud_kubectl.null_resource.decompress",
            "module.acm-server.module.acm_operator.module.k8s_operator.module.gcloud_kubectl.null_resource.gcloud_auth_google_credentials",
            "module.acm-server.module.acm_operator.module.k8s_operator.module.gcloud_kubectl.null_resource.gcloud_auth_service_account_key_file",
            "module.acm-server.module.acm_operator.module.k8s_operator.module.gcloud_kubectl.null_resource.module_depends_on",
            "module.acm-server.module.acm_operator.module.k8s_operator.module.gcloud_kubectl.null_resource.run_command",
            "module.acm-server.module.acm_operator.module.k8s_operator.module.gcloud_kubectl.null_resource.run_destroy_command",
            "module.acm-server.module.acm_operator.module.k8s_operator.module.gcloud_kubectl.null_resource.upgrade",
            "module.acm-server.module.acm_operator.module.k8s_operator.module.gcloud_kubectl.random_id.cache",
            "module.acm-server.module.acm_operator.module.k8sop_config.module.gcloud_kubectl.data.external.env_override",
            "module.acm-server.module.acm_operator.module.k8sop_config.module.gcloud_kubectl.null_resource.additional_components",
            "module.acm-server.module.acm_operator.module.k8sop_config.module.gcloud_kubectl.null_resource.decompress",
            "module.acm-server.module.acm_operator.module.k8sop_config.module.gcloud_kubectl.null_resource.gcloud_auth_google_credentials",
            "module.acm-server.module.acm_operator.module.k8sop_config.module.gcloud_kubectl.null_resource.gcloud_auth_service_account_key_file",
            "module.acm-server.module.acm_operator.module.k8sop_config.module.gcloud_kubectl.null_resource.module_depends_on",
            "module.acm-server.module.acm_operator.module.k8sop_config.module.gcloud_kubectl.null_resource.run_command",
            "module.acm-server.module.acm_operator.module.k8sop_config.module.gcloud_kubectl.null_resource.run_destroy_command",
            "module.acm-server.module.acm_operator.module.k8sop_config.module.gcloud_kubectl.null_resource.upgrade",
            "module.acm-server.module.acm_operator.module.k8sop_config.module.gcloud_kubectl.random_id.cache",
            "module.acm-server.module.acm_operator.module.k8sop_creds_secret.module.gcloud_kubectl.data.external.env_override",
            "module.acm-server.module.acm_operator.module.k8sop_creds_secret.module.gcloud_kubectl.null_resource.additional_components",
            "module.acm-server.module.acm_operator.module.k8sop_creds_secret.module.gcloud_kubectl.null_resource.decompress",
            "module.acm-server.module.acm_operator.module.k8sop_creds_secret.module.gcloud_kubectl.null_resource.gcloud_auth_google_credentials",
            "module.acm-server.module.acm_operator.module.k8sop_creds_secret.module.gcloud_kubectl.null_resource.gcloud_auth_service_account_key_file",
            "module.acm-server.module.acm_operator.module.k8sop_creds_secret.module.gcloud_kubectl.null_resource.module_depends_on",
            "module.acm-server.module.acm_operator.module.k8sop_creds_secret.module.gcloud_kubectl.null_resource.run_command",
            "module.acm-server.module.acm_operator.module.k8sop_creds_secret.module.gcloud_kubectl.null_resource.run_destroy_command",
            "module.acm-server.module.acm_operator.module.k8sop_creds_secret.module.gcloud_kubectl.null_resource.upgrade",
            "module.acm-server.module.acm_operator.module.k8sop_creds_secret.module.gcloud_kubectl.random_id.cache",
            "module.acm-server.module.acm_operator.module.k8sop_manifest.null_resource.additional_components",
            "module.acm-server.module.acm_operator.module.k8sop_manifest.null_resource.gcloud_auth_google_credentials",
            "module.acm-server.module.acm_operator.module.k8sop_manifest.null_resource.gcloud_auth_service_account_key_file",
            "module.acm-server.module.acm_operator.module.k8sop_manifest.null_resource.run_command",
            "module.acm-server.module.acm_operator.module.k8sop_manifest.null_resource.run_destroy_command",
            "module.acm-server.module.acm_operator.tls_private_key.k8sop_creds",
            "module.project-services.google_project_service.project_services",
            "module.server-cluster.data.google_compute_zones.available",
            "module.server-cluster.data.google_container_engine_versions.region",
            "module.server-cluster.data.google_container_engine_versions.zone",
            "module.server-cluster.google_container_cluster.primary",
            "module.server-cluster.google_container_node_pool.pools",
            "module.server-cluster.google_service_account.cluster_service_account",
            "module.server-cluster.random_shuffle.available_zones",
            "module.server-cluster.random_string.cluster_service_account_suffix"
          ]
        }
      ]
    },
    {
      "module": "module.acm-server.module.acm_operator.module.wait_for_gatekeeper.module.gcloud_kubectl",
      "mode": "managed",
      "type": "null_resource",
      "name": "run_destroy_command",
      "provider": "provider[\"registry.terraform.io/hashicorp/null\"]",
      "instances": [
        {
          "index_key": 0,
          "schema_version": 0,
          "attributes": {
            "id": "6643209047984600409",
            "triggers": {
              "destroy_cmd_body": "gke-cluster-server us-west1-a jk-mlops-dev false false ",
              "destroy_cmd_entrypoint": ".terraform/modules/acm-server.acm_operator.wait_for_gatekeeper/terraform-google-gcloud-2.0.3/modules/kubectl-wrapper/scripts/kubectl_wrapper.sh",
              "gcloud_bin_abs_path": "/google-cloud-sdk/bin",
              "script_sha1": "e1780a62dcd319cb88616007c9c22324f63a6375"
            }
          },
          "sensitive_attributes": [],
          "private": "bnVsbA==",
          "dependencies": [
            "data.google_client_config.current",
            "data.google_project.project",
            "module.acm-server.module.acm_operator.data.template_file.k8sop_config",
            "module.acm-server.module.acm_operator.module.k8s_operator.module.gcloud_kubectl.data.external.env_override",
            "module.acm-server.module.acm_operator.module.k8s_operator.module.gcloud_kubectl.null_resource.additional_components",
            "module.acm-server.module.acm_operator.module.k8s_operator.module.gcloud_kubectl.null_resource.decompress",
            "module.acm-server.module.acm_operator.module.k8s_operator.module.gcloud_kubectl.null_resource.gcloud_auth_google_credentials",
            "module.acm-server.module.acm_operator.module.k8s_operator.module.gcloud_kubectl.null_resource.gcloud_auth_service_account_key_file",
            "module.acm-server.module.acm_operator.module.k8s_operator.module.gcloud_kubectl.null_resource.module_depends_on",
            "module.acm-server.module.acm_operator.module.k8s_operator.module.gcloud_kubectl.null_resource.run_command",
            "module.acm-server.module.acm_operator.module.k8s_operator.module.gcloud_kubectl.null_resource.run_destroy_command",
            "module.acm-server.module.acm_operator.module.k8s_operator.module.gcloud_kubectl.null_resource.upgrade",
            "module.acm-server.module.acm_operator.module.k8s_operator.module.gcloud_kubectl.random_id.cache",
            "module.acm-server.module.acm_operator.module.k8sop_config.module.gcloud_kubectl.data.external.env_override",
            "module.acm-server.module.acm_operator.module.k8sop_config.module.gcloud_kubectl.null_resource.additional_components",
            "module.acm-server.module.acm_operator.module.k8sop_config.module.gcloud_kubectl.null_resource.decompress",
            "module.acm-server.module.acm_operator.module.k8sop_config.module.gcloud_kubectl.null_resource.gcloud_auth_google_credentials",
            "module.acm-server.module.acm_operator.module.k8sop_config.module.gcloud_kubectl.null_resource.gcloud_auth_service_account_key_file",
            "module.acm-server.module.acm_operator.module.k8sop_config.module.gcloud_kubectl.null_resource.module_depends_on",
            "module.acm-server.module.acm_operator.module.k8sop_config.module.gcloud_kubectl.null_resource.run_command",
            "module.acm-server.module.acm_operator.module.k8sop_config.module.gcloud_kubectl.null_resource.run_destroy_command",
            "module.acm-server.module.acm_operator.module.k8sop_config.module.gcloud_kubectl.null_resource.upgrade",
            "module.acm-server.module.acm_operator.module.k8sop_config.module.gcloud_kubectl.random_id.cache",
            "module.acm-server.module.acm_operator.module.k8sop_creds_secret.module.gcloud_kubectl.data.external.env_override",
            "module.acm-server.module.acm_operator.module.k8sop_creds_secret.module.gcloud_kubectl.null_resource.additional_components",
            "module.acm-server.module.acm_operator.module.k8sop_creds_secret.module.gcloud_kubectl.null_resource.decompress",
            "module.acm-server.module.acm_operator.module.k8sop_creds_secret.module.gcloud_kubectl.null_resource.gcloud_auth_google_credentials",
            "module.acm-server.module.acm_operator.module.k8sop_creds_secret.module.gcloud_kubectl.null_resource.gcloud_auth_service_account_key_file",
            "module.acm-server.module.acm_operator.module.k8sop_creds_secret.module.gcloud_kubectl.null_resource.module_depends_on",
            "module.acm-server.module.acm_operator.module.k8sop_creds_secret.module.gcloud_kubectl.null_resource.run_command",
            "module.acm-server.module.acm_operator.module.k8sop_creds_secret.module.gcloud_kubectl.null_resource.run_destroy_command",
            "module.acm-server.module.acm_operator.module.k8sop_creds_secret.module.gcloud_kubectl.null_resource.upgrade",
            "module.acm-server.module.acm_operator.module.k8sop_creds_secret.module.gcloud_kubectl.random_id.cache",
            "module.acm-server.module.acm_operator.module.k8sop_manifest.null_resource.additional_components",
            "module.acm-server.module.acm_operator.module.k8sop_manifest.null_resource.gcloud_auth_google_credentials",
            "module.acm-server.module.acm_operator.module.k8sop_manifest.null_resource.gcloud_auth_service_account_key_file",
            "module.acm-server.module.acm_operator.module.k8sop_manifest.null_resource.run_command",
            "module.acm-server.module.acm_operator.module.k8sop_manifest.null_resource.run_destroy_command",
            "module.acm-server.module.acm_operator.module.wait_for_gatekeeper.module.gcloud_kubectl.data.external.env_override",
            "module.acm-server.module.acm_operator.module.wait_for_gatekeeper.module.gcloud_kubectl.null_resource.additional_components",
            "module.acm-server.module.acm_operator.module.wait_for_gatekeeper.module.gcloud_kubectl.null_resource.decompress",
            "module.acm-server.module.acm_operator.module.wait_for_gatekeeper.module.gcloud_kubectl.null_resource.gcloud_auth_google_credentials",
            "module.acm-server.module.acm_operator.module.wait_for_gatekeeper.module.gcloud_kubectl.null_resource.gcloud_auth_service_account_key_file",
            "module.acm-server.module.acm_operator.module.wait_for_gatekeeper.module.gcloud_kubectl.null_resource.module_depends_on",
            "module.acm-server.module.acm_operator.module.wait_for_gatekeeper.module.gcloud_kubectl.null_resource.upgrade",
            "module.acm-server.module.acm_operator.module.wait_for_gatekeeper.module.gcloud_kubectl.random_id.cache",
            "module.acm-server.module.acm_operator.tls_private_key.k8sop_creds",
            "module.project-services.google_project_service.project_services",
            "module.server-cluster.data.google_compute_zones.available",
            "module.server-cluster.data.google_container_engine_versions.region",
            "module.server-cluster.data.google_container_engine_versions.zone",
            "module.server-cluster.google_container_cluster.primary",
            "module.server-cluster.google_container_node_pool.pools",
            "module.server-cluster.google_service_account.cluster_service_account",
            "module.server-cluster.random_shuffle.available_zones",
            "module.server-cluster.random_string.cluster_service_account_suffix"
          ]
        }
      ]
    },
    {
      "module": "module.acm-server.module.enable_acm",
      "mode": "data",
      "type": "external",
      "name": "env_override",
      "provider": "provider[\"registry.terraform.io/hashicorp/external\"]",
      "instances": [
        {
          "index_key": 0,
          "schema_version": 0,
          "attributes": {
            "id": "-",
            "program": [
              ".terraform/modules/acm-server.enable_acm/terraform-google-gcloud-2.0.3/scripts/check_env.sh"
            ],
            "query": null,
            "result": {
              "download": ""
            },
            "working_dir": null
          },
          "sensitive_attributes": []
        }
      ]
    },
    {
      "module": "module.acm-server.module.enable_acm",
      "mode": "managed",
      "type": "null_resource",
      "name": "additional_components",
      "provider": "provider[\"registry.terraform.io/hashicorp/null\"]",
      "instances": [
        {
          "index_key": 0,
          "schema_version": 0,
          "attributes": {
            "id": "5156184164404517438",
            "triggers": {
              "additional_components_command": ".terraform/modules/acm-server.enable_acm/terraform-google-gcloud-2.0.3/scripts/check_components.sh gcloud alpha",
              "arguments": "49423d0060e3cf05de8cce2caa496a4e",
              "md5": "7f22bf39aaf5ce5980111c3587bef5b5"
            }
          },
          "sensitive_attributes": [],
          "private": "bnVsbA==",
          "dependencies": [
            "data.google_client_config.current",
            "module.acm-server.module.enable_acm.data.external.env_override",
            "module.acm-server.module.enable_acm.null_resource.upgrade",
            "module.acm-server.module.enable_acm.random_id.cache"
          ]
        }
      ]
    },
    {
      "module": "module.acm-server.module.enable_acm",
      "mode": "managed",
      "type": "null_resource",
      "name": "run_destroy_command",
      "provider": "provider[\"registry.terraform.io/hashicorp/null\"]",
      "instances": [
        {
          "index_key": 0,
          "schema_version": 0,
          "attributes": {
            "id": "1020164414525101809",
            "triggers": {
              "destroy_cmd_body": "alpha container hub config-management disable --force --project jk-mlops-dev",
              "destroy_cmd_entrypoint": "gcloud",
              "gcloud_bin_abs_path": "/google-cloud-sdk/bin"
            }
          },
          "sensitive_attributes": [],
          "private": "bnVsbA==",
          "dependencies": [
            "data.google_client_config.current",
            "module.acm-server.module.enable_acm.data.external.env_override",
            "module.acm-server.module.enable_acm.null_resource.additional_components",
            "module.acm-server.module.enable_acm.null_resource.decompress",
            "module.acm-server.module.enable_acm.null_resource.gcloud_auth_google_credentials",
            "module.acm-server.module.enable_acm.null_resource.gcloud_auth_service_account_key_file",
            "module.acm-server.module.enable_acm.null_resource.module_depends_on",
            "module.acm-server.module.enable_acm.null_resource.upgrade",
            "module.acm-server.module.enable_acm.random_id.cache"
          ]
        }
      ]
    },
    {
      "module": "module.client-clusters[0]",
      "mode": "data",
      "type": "google_client_config",
      "name": "default",
      "provider": "provider[\"registry.terraform.io/hashicorp/google-beta\"]",
      "instances": [
        {
          "schema_version": 0,
          "attributes": {
            "access_token": "ya29.A0AfH6SMBkdixgQBtxi48yzgIej-R8JscPh9xaRGPi_w0kiQMP3HzZkjSSNX-m5Y8TaCICGbeD6dAgi21l6_1EjWjXtWpVHDXuq2QDr96HGiT7no-9AT-I-OLwJNGnPPqeFc8tTvjj0xZzvmdyFLRlQsHyFvyktUAmQivf1n0O5JLgxsexFyOlFIkDoqYPi8r2XYEIKgaRc3uItKVNeH8J254P5p034U1yQBCQtYbxZcPTOrE2YruVcK9PJyjcl57CZNeKRdQ7tg",
            "id": "projects//regions//zones/",
            "project": "",
            "region": "",
            "zone": ""
          },
          "sensitive_attributes": []
        }
      ]
    },
    {
      "module": "module.client-clusters[0]",
      "mode": "data",
      "type": "google_compute_zones",
      "name": "available",
      "provider": "provider[\"registry.terraform.io/hashicorp/google-beta\"]",
      "instances": [
        {
          "schema_version": 0,
          "attributes": {
            "id": "projects/jk-mlops-dev/regions/us-west1",
            "names": [
              "us-west1-a",
              "us-west1-b",
              "us-west1-c"
            ],
            "project": "jk-mlops-dev",
            "region": "us-west1",
            "status": null
          },
          "sensitive_attributes": []
        }
      ]
    },
    {
      "module": "module.client-clusters[0]",
      "mode": "data",
      "type": "google_container_engine_versions",
      "name": "region",
      "provider": "provider[\"registry.terraform.io/hashicorp/google\"]",
      "instances": [
        {
          "schema_version": 0,
          "attributes": {
            "default_cluster_version": "1.17.15-gke.800",
            "id": "2021-02-21 06:51:50.268180819 +0000 UTC",
            "latest_master_version": "1.18.15-gke.1500",
            "latest_node_version": "1.18.15-gke.1500",
            "location": "us-west1-a",
            "project": "jk-mlops-dev",
            "release_channel_default_version": {
              "RAPID": "1.19.7-gke.1302",
              "REGULAR": "1.18.12-gke.1210",
              "STABLE": "1.17.15-gke.800"
            },
            "valid_master_versions": [
              "1.18.15-gke.1500",
              "1.18.15-gke.1100",
              "1.18.14-gke.1600",
              "1.18.14-gke.1200",
              "1.18.12-gke.1210",
              "1.18.12-gke.1206",
              "1.17.17-gke.1500",
              "1.17.17-gke.1100",
              "1.17.17-gke.600",
              "1.17.16-gke.1600",
              "1.17.16-gke.1300",
              "1.17.15-gke.800",
              "1.16.15-gke.11800",
              "1.16.15-gke.10600",
              "1.16.15-gke.7800",
              "1.15.12-gke.6002"
            ],
            "valid_node_versions": [
              "1.18.15-gke.1500",
              "1.18.15-gke.1100",
              "1.18.15-gke.800",
              "1.18.14-gke.1600",
              "1.18.14-gke.1200",
              "1.18.12-gke.1210",
              "1.18.12-gke.1206",
              "1.18.12-gke.1205",
              "1.18.12-gke.1201",
              "1.18.12-gke.1200",
              "1.18.12-gke.300",
              "1.18.10-gke.2701",
              "1.18.10-gke.2101",
              "1.18.10-gke.1500",
              "1.18.10-gke.601",
              "1.18.9-gke.2501",
              "1.18.9-gke.1501",
              "1.18.9-gke.801",
              "1.18.6-gke.4801",
              "1.18.6-gke.3504",
              "1.18.6-gke.3503",
              "1.17.17-gke.1500",
              "1.17.17-gke.1100",
              "1.17.17-gke.600",
              "1.17.16-gke.1600",
              "1.17.16-gke.1300",
              "1.17.15-gke.800",
              "1.17.15-gke.300",
              "1.17.14-gke.1600",
              "1.17.14-gke.1200",
              "1.17.14-gke.400",
              "1.17.13-gke.2600",
              "1.17.13-gke.2001",
              "1.17.13-gke.1401",
              "1.17.13-gke.1400",
              "1.17.13-gke.600",
              "1.17.12-gke.2502",
              "1.17.12-gke.1504",
              "1.17.12-gke.1501",
              "1.17.12-gke.500",
              "1.17.9-gke.6300",
              "1.17.9-gke.1504",
              "1.16.15-gke.11800",
              "1.16.15-gke.10600",
              "1.16.15-gke.7800",
              "1.16.15-gke.7300",
              "1.16.15-gke.6900",
              "1.16.15-gke.6000",
              "1.16.15-gke.5500",
              "1.16.15-gke.4901",
              "1.16.15-gke.4301",
              "1.16.15-gke.4300",
              "1.16.15-gke.3500",
              "1.16.15-gke.2601",
              "1.16.15-gke.1600",
              "1.16.15-gke.500",
              "1.16.13-gke.404",
              "1.16.13-gke.403",
              "1.16.13-gke.401",
              "1.16.13-gke.400",
              "1.16.13-gke.1",
              "1.16.11-gke.5",
              "1.16.10-gke.8",
              "1.16.9-gke.6",
              "1.16.9-gke.2",
              "1.16.8-gke.15",
              "1.16.8-gke.12",
              "1.16.8-gke.9",
              "1.15.12-gke.6002",
              "1.15.12-gke.6001",
              "1.15.12-gke.5000",
              "1.15.12-gke.4002",
              "1.15.12-gke.4000",
              "1.15.12-gke.20",
              "1.15.12-gke.17",
              "1.15.12-gke.16",
              "1.15.12-gke.13",
              "1.15.12-gke.9",
              "1.15.12-gke.6",
              "1.15.12-gke.3",
              "1.15.12-gke.2",
              "1.15.11-gke.17",
              "1.15.11-gke.15",
              "1.15.11-gke.13",
              "1.15.11-gke.12",
              "1.15.11-gke.11",
              "1.15.11-gke.9",
              "1.15.11-gke.5",
              "1.15.11-gke.3",
              "1.15.11-gke.1",
              "1.15.9-gke.26",
              "1.15.9-gke.24",
              "1.15.9-gke.22",
              "1.15.9-gke.12",
              "1.15.9-gke.9",
              "1.15.9-gke.8",
              "1.15.8-gke.3",
              "1.15.8-gke.2",
              "1.15.7-gke.23",
              "1.15.7-gke.2",
              "1.15.4-gke.22",
              "1.14.10-gke.1504",
              "1.14.10-gke.902",
              "1.14.10-gke.50",
              "1.14.10-gke.46",
              "1.14.10-gke.45",
              "1.14.10-gke.42",
              "1.14.10-gke.41",
              "1.14.10-gke.40",
              "1.14.10-gke.37",
              "1.14.10-gke.36",
              "1.14.10-gke.34",
              "1.14.10-gke.32",
              "1.14.10-gke.31",
              "1.14.10-gke.27",
              "1.14.10-gke.24",
              "1.14.10-gke.22",
              "1.14.10-gke.21",
              "1.14.10-gke.17",
              "1.14.10-gke.0",
              "1.14.9-gke.23",
              "1.14.9-gke.2",
              "1.14.9-gke.0",
              "1.14.8-gke.33",
              "1.14.8-gke.21",
              "1.14.8-gke.18",
              "1.14.8-gke.17",
              "1.14.8-gke.14",
              "1.14.8-gke.12",
              "1.14.8-gke.7",
              "1.14.8-gke.2",
              "1.14.7-gke.40",
              "1.14.7-gke.25",
              "1.14.7-gke.23",
              "1.14.7-gke.17",
              "1.14.7-gke.14",
              "1.14.7-gke.10",
              "1.14.6-gke.13",
              "1.14.6-gke.2",
              "1.14.6-gke.1",
              "1.14.3-gke.11",
              "1.14.3-gke.10",
              "1.14.3-gke.9",
              "1.14.2-gke.9",
              "1.14.1-gke.5",
              "1.13.12-gke.30",
              "1.13.12-gke.25",
              "1.13.12-gke.17",
              "1.13.12-gke.16",
              "1.13.12-gke.14",
              "1.13.12-gke.13",
              "1.13.12-gke.10",
              "1.13.12-gke.8",
              "1.13.12-gke.4",
              "1.13.12-gke.2",
              "1.13.11-gke.23",
              "1.13.11-gke.15",
              "1.13.11-gke.14",
              "1.13.11-gke.12",
              "1.13.11-gke.11",
              "1.13.11-gke.9",
              "1.13.11-gke.5",
              "1.13.10-gke.7",
              "1.13.10-gke.0",
              "1.13.9-gke.11",
              "1.13.9-gke.3",
              "1.13.7-gke.24",
              "1.13.7-gke.19",
              "1.13.7-gke.15",
              "1.13.7-gke.8",
              "1.13.7-gke.0",
              "1.13.6-gke.13",
              "1.13.6-gke.6",
              "1.13.6-gke.5",
              "1.13.6-gke.0",
              "1.13.5-gke.10",
              "1.12.10-gke.22",
              "1.12.10-gke.20",
              "1.12.10-gke.19",
              "1.12.10-gke.18",
              "1.12.10-gke.17",
              "1.12.10-gke.15",
              "1.12.10-gke.13",
              "1.12.10-gke.11",
              "1.12.10-gke.5",
              "1.12.9-gke.16",
              "1.12.9-gke.15",
              "1.12.9-gke.13",
              "1.12.9-gke.10",
              "1.12.9-gke.7",
              "1.12.9-gke.3",
              "1.12.8-gke.12",
              "1.12.8-gke.10",
              "1.12.8-gke.7",
              "1.12.8-gke.6",
              "1.12.7-gke.26",
              "1.12.7-gke.25",
              "1.12.7-gke.24",
              "1.12.7-gke.22",
              "1.12.7-gke.21",
              "1.12.7-gke.17",
              "1.12.7-gke.10",
              "1.12.7-gke.7",
              "1.12.6-gke.11",
              "1.12.6-gke.10",
              "1.12.6-gke.7",
              "1.12.5-gke.10",
              "1.12.5-gke.5",
              "1.11.10-gke.6",
              "1.11.10-gke.5"
            ],
            "version_prefix": null
          },
          "sensitive_attributes": []
        }
      ]
    },
    {
      "module": "module.client-clusters[0]",
      "mode": "data",
      "type": "google_container_engine_versions",
      "name": "zone",
      "provider": "provider[\"registry.terraform.io/hashicorp/google\"]",
      "instances": [
        {
          "schema_version": 0,
          "attributes": {
            "default_cluster_version": "1.17.15-gke.800",
            "id": "2021-02-21 06:51:50.540604864 +0000 UTC",
            "latest_master_version": "1.18.15-gke.1500",
            "latest_node_version": "1.18.15-gke.1500",
            "location": "us-west1-a",
            "project": "jk-mlops-dev",
            "release_channel_default_version": {
              "RAPID": "1.19.7-gke.1302",
              "REGULAR": "1.18.12-gke.1210",
              "STABLE": "1.17.15-gke.800"
            },
            "valid_master_versions": [
              "1.18.15-gke.1500",
              "1.18.15-gke.1100",
              "1.18.14-gke.1600",
              "1.18.14-gke.1200",
              "1.18.12-gke.1210",
              "1.18.12-gke.1206",
              "1.17.17-gke.1500",
              "1.17.17-gke.1100",
              "1.17.17-gke.600",
              "1.17.16-gke.1600",
              "1.17.16-gke.1300",
              "1.17.15-gke.800",
              "1.16.15-gke.11800",
              "1.16.15-gke.10600",
              "1.16.15-gke.7800",
              "1.15.12-gke.6002"
            ],
            "valid_node_versions": [
              "1.18.15-gke.1500",
              "1.18.15-gke.1100",
              "1.18.15-gke.800",
              "1.18.14-gke.1600",
              "1.18.14-gke.1200",
              "1.18.12-gke.1210",
              "1.18.12-gke.1206",
              "1.18.12-gke.1205",
              "1.18.12-gke.1201",
              "1.18.12-gke.1200",
              "1.18.12-gke.300",
              "1.18.10-gke.2701",
              "1.18.10-gke.2101",
              "1.18.10-gke.1500",
              "1.18.10-gke.601",
              "1.18.9-gke.2501",
              "1.18.9-gke.1501",
              "1.18.9-gke.801",
              "1.18.6-gke.4801",
              "1.18.6-gke.3504",
              "1.18.6-gke.3503",
              "1.17.17-gke.1500",
              "1.17.17-gke.1100",
              "1.17.17-gke.600",
              "1.17.16-gke.1600",
              "1.17.16-gke.1300",
              "1.17.15-gke.800",
              "1.17.15-gke.300",
              "1.17.14-gke.1600",
              "1.17.14-gke.1200",
              "1.17.14-gke.400",
              "1.17.13-gke.2600",
              "1.17.13-gke.2001",
              "1.17.13-gke.1401",
              "1.17.13-gke.1400",
              "1.17.13-gke.600",
              "1.17.12-gke.2502",
              "1.17.12-gke.1504",
              "1.17.12-gke.1501",
              "1.17.12-gke.500",
              "1.17.9-gke.6300",
              "1.17.9-gke.1504",
              "1.16.15-gke.11800",
              "1.16.15-gke.10600",
              "1.16.15-gke.7800",
              "1.16.15-gke.7300",
              "1.16.15-gke.6900",
              "1.16.15-gke.6000",
              "1.16.15-gke.5500",
              "1.16.15-gke.4901",
              "1.16.15-gke.4301",
              "1.16.15-gke.4300",
              "1.16.15-gke.3500",
              "1.16.15-gke.2601",
              "1.16.15-gke.1600",
              "1.16.15-gke.500",
              "1.16.13-gke.404",
              "1.16.13-gke.403",
              "1.16.13-gke.401",
              "1.16.13-gke.400",
              "1.16.13-gke.1",
              "1.16.11-gke.5",
              "1.16.10-gke.8",
              "1.16.9-gke.6",
              "1.16.9-gke.2",
              "1.16.8-gke.15",
              "1.16.8-gke.12",
              "1.16.8-gke.9",
              "1.15.12-gke.6002",
              "1.15.12-gke.6001",
              "1.15.12-gke.5000",
              "1.15.12-gke.4002",
              "1.15.12-gke.4000",
              "1.15.12-gke.20",
              "1.15.12-gke.17",
              "1.15.12-gke.16",
              "1.15.12-gke.13",
              "1.15.12-gke.9",
              "1.15.12-gke.6",
              "1.15.12-gke.3",
              "1.15.12-gke.2",
              "1.15.11-gke.17",
              "1.15.11-gke.15",
              "1.15.11-gke.13",
              "1.15.11-gke.12",
              "1.15.11-gke.11",
              "1.15.11-gke.9",
              "1.15.11-gke.5",
              "1.15.11-gke.3",
              "1.15.11-gke.1",
              "1.15.9-gke.26",
              "1.15.9-gke.24",
              "1.15.9-gke.22",
              "1.15.9-gke.12",
              "1.15.9-gke.9",
              "1.15.9-gke.8",
              "1.15.8-gke.3",
              "1.15.8-gke.2",
              "1.15.7-gke.23",
              "1.15.7-gke.2",
              "1.15.4-gke.22",
              "1.14.10-gke.1504",
              "1.14.10-gke.902",
              "1.14.10-gke.50",
              "1.14.10-gke.46",
              "1.14.10-gke.45",
              "1.14.10-gke.42",
              "1.14.10-gke.41",
              "1.14.10-gke.40",
              "1.14.10-gke.37",
              "1.14.10-gke.36",
              "1.14.10-gke.34",
              "1.14.10-gke.32",
              "1.14.10-gke.31",
              "1.14.10-gke.27",
              "1.14.10-gke.24",
              "1.14.10-gke.22",
              "1.14.10-gke.21",
              "1.14.10-gke.17",
              "1.14.10-gke.0",
              "1.14.9-gke.23",
              "1.14.9-gke.2",
              "1.14.9-gke.0",
              "1.14.8-gke.33",
              "1.14.8-gke.21",
              "1.14.8-gke.18",
              "1.14.8-gke.17",
              "1.14.8-gke.14",
              "1.14.8-gke.12",
              "1.14.8-gke.7",
              "1.14.8-gke.2",
              "1.14.7-gke.40",
              "1.14.7-gke.25",
              "1.14.7-gke.23",
              "1.14.7-gke.17",
              "1.14.7-gke.14",
              "1.14.7-gke.10",
              "1.14.6-gke.13",
              "1.14.6-gke.2",
              "1.14.6-gke.1",
              "1.14.3-gke.11",
              "1.14.3-gke.10",
              "1.14.3-gke.9",
              "1.14.2-gke.9",
              "1.14.1-gke.5",
              "1.13.12-gke.30",
              "1.13.12-gke.25",
              "1.13.12-gke.17",
              "1.13.12-gke.16",
              "1.13.12-gke.14",
              "1.13.12-gke.13",
              "1.13.12-gke.10",
              "1.13.12-gke.8",
              "1.13.12-gke.4",
              "1.13.12-gke.2",
              "1.13.11-gke.23",
              "1.13.11-gke.15",
              "1.13.11-gke.14",
              "1.13.11-gke.12",
              "1.13.11-gke.11",
              "1.13.11-gke.9",
              "1.13.11-gke.5",
              "1.13.10-gke.7",
              "1.13.10-gke.0",
              "1.13.9-gke.11",
              "1.13.9-gke.3",
              "1.13.7-gke.24",
              "1.13.7-gke.19",
              "1.13.7-gke.15",
              "1.13.7-gke.8",
              "1.13.7-gke.0",
              "1.13.6-gke.13",
              "1.13.6-gke.6",
              "1.13.6-gke.5",
              "1.13.6-gke.0",
              "1.13.5-gke.10",
              "1.12.10-gke.22",
              "1.12.10-gke.20",
              "1.12.10-gke.19",
              "1.12.10-gke.18",
              "1.12.10-gke.17",
              "1.12.10-gke.15",
              "1.12.10-gke.13",
              "1.12.10-gke.11",
              "1.12.10-gke.5",
              "1.12.9-gke.16",
              "1.12.9-gke.15",
              "1.12.9-gke.13",
              "1.12.9-gke.10",
              "1.12.9-gke.7",
              "1.12.9-gke.3",
              "1.12.8-gke.12",
              "1.12.8-gke.10",
              "1.12.8-gke.7",
              "1.12.8-gke.6",
              "1.12.7-gke.26",
              "1.12.7-gke.25",
              "1.12.7-gke.24",
              "1.12.7-gke.22",
              "1.12.7-gke.21",
              "1.12.7-gke.17",
              "1.12.7-gke.10",
              "1.12.7-gke.7",
              "1.12.6-gke.11",
              "1.12.6-gke.10",
              "1.12.6-gke.7",
              "1.12.5-gke.10",
              "1.12.5-gke.5",
              "1.11.10-gke.6",
              "1.11.10-gke.5"
            ],
            "version_prefix": null
          },
          "sensitive_attributes": []
        }
      ]
    },
    {
      "module": "module.client-clusters[0]",
      "mode": "managed",
      "type": "google_container_cluster",
      "name": "primary",
      "provider": "provider[\"registry.terraform.io/hashicorp/google-beta\"]",
      "instances": [
        {
          "schema_version": 1,
          "attributes": {
            "addons_config": [
              {
                "cloudrun_config": [],
                "config_connector_config": [
                  {
                    "enabled": false
                  }
                ],
                "dns_cache_config": [
                  {
                    "enabled": false
                  }
                ],
                "gce_persistent_disk_csi_driver_config": [
                  {
                    "enabled": false
                  }
                ],
                "horizontal_pod_autoscaling": [
                  {
                    "disabled": false
                  }
                ],
                "http_load_balancing": [
                  {
                    "disabled": false
                  }
                ],
                "istio_config": [
                  {
                    "auth": "AUTH_MUTUAL_TLS",
                    "disabled": true
                  }
                ],
                "kalm_config": [
                  {
                    "enabled": false
                  }
                ],
                "network_policy_config": [
                  {
                    "disabled": false
                  }
                ]
              }
            ],
            "authenticator_groups_config": [],
            "cluster_autoscaling": [
              {
                "auto_provisioning_defaults": [],
                "autoscaling_profile": "BALANCED",
                "enabled": false,
                "resource_limits": []
              }
            ],
            "cluster_ipv4_cidr": "10.88.0.0/14",
            "cluster_telemetry": [
              {
                "type": "ENABLED"
              }
            ],
            "confidential_nodes": [],
            "database_encryption": [
              {
                "key_name": "",
                "state": "DECRYPTED"
              }
            ],
            "datapath_provider": "",
            "default_max_pods_per_node": 110,
            "default_snat_status": [
              {
                "disabled": false
              }
            ],
            "description": "",
            "enable_binary_authorization": false,
            "enable_intranode_visibility": false,
            "enable_kubernetes_alpha": false,
            "enable_legacy_abac": false,
            "enable_shielded_nodes": true,
            "enable_tpu": false,
            "endpoint": "35.230.25.107",
            "id": "projects/jk-mlops-dev/locations/us-west1-a/clusters/gke-cluster-client-0",
            "initial_node_count": 0,
            "instance_group_urls": [
              "https://www.googleapis.com/compute/beta/projects/jk-mlops-dev/zones/us-west1-a/instanceGroups/gke-gke-cluster-client-0-default-pool-8f6f8f0a-grp"
            ],
            "ip_allocation_policy": [
              {
                "cluster_ipv4_cidr_block": "10.88.0.0/14",
                "cluster_secondary_range_name": "gke-gke-cluster-client-0-pods-1bedd8c3",
                "services_ipv4_cidr_block": "10.92.0.0/20",
                "services_secondary_range_name": "gke-gke-cluster-client-0-services-1bedd8c3"
              }
            ],
            "label_fingerprint": "6affcf98",
            "location": "us-west1-a",
            "logging_service": "logging.googleapis.com/kubernetes",
            "maintenance_policy": [
              {
                "daily_maintenance_window": [
                  {
                    "duration": "PT4H0M0S",
                    "start_time": "05:00"
                  }
                ],
                "maintenance_exclusion": [],
                "recurring_window": []
              }
            ],
            "master_auth": [
              {
                "client_certificate": "",
                "client_certificate_config": [
                  {
                    "issue_client_certificate": false
                  }
                ],
                "client_key": "",
                "cluster_ca_certificate": "LS0tLS1CRUdJTiBDRVJUSUZJQ0FURS0tLS0tCk1JSURLakNDQWhLZ0F3SUJBZ0lRWmxRTHhKalJDKzVjMEVEemlPcDRSVEFOQmdrcWhraUc5dzBCQVFzRkFEQXYKTVMwd0t3WURWUVFERXlSa1pUbGlPVGd3WlMwM05XRTFMVFF4Wm1VdFlqTXdaaTB4TVdWa05ESTBaV1ZsWmpBdwpIaGNOTWpFd01qSXhNRFUxTWpBMldoY05Nall3TWpJd01EWTFNakEyV2pBdk1TMHdLd1lEVlFRREV5UmtaVGxpCk9UZ3daUzAzTldFMUxUUXhabVV0WWpNd1ppMHhNV1ZrTkRJMFpXVmxaakF3Z2dFaU1BMEdDU3FHU0liM0RRRUIKQVFVQUE0SUJEd0F3Z2dFS0FvSUJBUUNmQmtpMjkrOG9CdGZEclpNWlJJWE1OSWVpKy9EbENBWjVHTU5CMmRaZgoyTUJNdDlHbmpVcXlzdWt6a2ZBUTdQdjBhZTVySlozLzNhc2x1MGZVUjNzeFZPVXI1d040ZzNuem9GMVdlWEhmCjdYOWI1cS9yLzhXSXJRWXkzc3p6OUZoU2g2MWQ0bXBZaWd4c1hINFpEVWpoUzdxVnJ0NUpFYlk1Y1FDWmYrTS8Kbk8vN1o4MDN4bXduNFY1K3V0c3E1YVhycUx1ZmU5U0pHbUxpY2laaHpvMzRTeXBsaDVleGF4U3Z0c2lOaEZ0eApYMXJWazdCUHhma3dKdlBxdTBtZGNIZFFQbnBrTllnVFlmUThrVTZFV0dnbUJHaWlTZUN6d0VRRzhnYks1clYyCk00bERySkZhMkpDQzVIczM0U2MwWVZSSjNTNGVHSVRKcDk3dFFXTW4rSlhWQWdNQkFBR2pRakJBTUE0R0ExVWQKRHdFQi93UUVBd0lDQkRBUEJnTlZIUk1CQWY4RUJUQURBUUgvTUIwR0ExVWREZ1FXQkJUS2J1TlkwcXdYOGp2YwozWW1rVzg1UlR4d0tsVEFOQmdrcWhraUc5dzBCQVFzRkFBT0NBUUVBV00vTTJnb3Fnay9JZWJtVlZWZ20zdDFDCnNMMlZwNENuOVBSM0JFREU0TEdLV2Z5S0NhNnVMdWx4WnYxSDk5ck1kZW41NEFKbWRDNmIwUzhCc3FSNk1jVTkKSkJWd1VSSGxDWWczaE83U2F2b3k3K1I5N1FkRVdOMGxKSzJuWmlVb3VTMmpCcHZnV1pjWTU2cnVlVlg2aHpPcgpuc1g1T2ZrZUI1ajNYbGdhT1AyWlZpSzY0YW0wcmEyTEJNaW5ESUJCTXRkZFZRZTRqb09mQW1wcDJRdUNZaW4zClV6RkRlcis0U0dMTldqMTR5SkpCNis0WFZqS29aWXFLaDFnYWRYNUFjbnhHQ3RqemxnL0FWT1dKU3Q5clNNTFUKWjY4bzBTSjNyWkhKcDhXa2c1SlpzQS91bksxWHJFMkFPcnN2K2tReEZSWWNuM0ZpR3p5V3FFdVE5UWZFQVE9PQotLS0tLUVORCBDRVJUSUZJQ0FURS0tLS0tCg==",
                "password": "",
                "username": ""
              }
            ],
            "master_authorized_networks_config": [],
            "master_version": "1.18.12-gke.1210",
            "min_master_version": null,
            "monitoring_service": "monitoring.googleapis.com/kubernetes",
            "name": "gke-cluster-client-0",
            "network": "projects/jk-mlops-dev/global/networks/default",
            "network_policy": [
              {
                "enabled": true,
                "provider": "CALICO"
              }
            ],
            "networking_mode": "VPC_NATIVE",
            "node_config": [
              {
                "boot_disk_kms_key": "",
                "disk_size_gb": 100,
                "disk_type": "pd-standard",
                "guest_accelerator": [],
                "image_type": "COS",
                "kubelet_config": [],
                "labels": {},
                "linux_node_config": [],
                "local_ssd_count": 0,
                "machine_type": "e2-medium",
                "metadata": {
                  "disable-legacy-endpoints": "true"
                },
                "min_cpu_platform": "",
                "oauth_scopes": [
                  "https://www.googleapis.com/auth/logging.write",
                  "https://www.googleapis.com/auth/monitoring"
                ],
                "preemptible": false,
                "sandbox_config": [],
                "service_account": "tf-gke-gke-cluster-cli-ljl7@jk-mlops-dev.iam.gserviceaccount.com",
                "shielded_instance_config": [
                  {
                    "enable_integrity_monitoring": true,
                    "enable_secure_boot": false
                  }
                ],
                "tags": [],
                "taint": [],
                "workload_metadata_config": [
                  {
                    "node_metadata": "GKE_METADATA_SERVER"
                  }
                ]
              }
            ],
            "node_locations": [],
            "node_pool": [
              {
                "autoscaling": [],
                "initial_node_count": 0,
                "instance_group_urls": [
                  "https://www.googleapis.com/compute/v1/projects/jk-mlops-dev/zones/us-west1-a/instanceGroupManagers/gke-gke-cluster-client-0-default-pool-8f6f8f0a-grp"
                ],
                "management": [
                  {
                    "auto_repair": true,
                    "auto_upgrade": true
                  }
                ],
                "max_pods_per_node": 110,
                "name": "default-pool",
                "name_prefix": "",
                "node_config": [
                  {
                    "boot_disk_kms_key": "",
                    "disk_size_gb": 100,
                    "disk_type": "pd-standard",
                    "guest_accelerator": [],
                    "image_type": "COS",
                    "kubelet_config": [],
                    "labels": {},
                    "linux_node_config": [],
                    "local_ssd_count": 0,
                    "machine_type": "e2-medium",
                    "metadata": {
                      "disable-legacy-endpoints": "true"
                    },
                    "min_cpu_platform": "",
                    "oauth_scopes": [
                      "https://www.googleapis.com/auth/logging.write",
                      "https://www.googleapis.com/auth/monitoring"
                    ],
                    "preemptible": false,
                    "sandbox_config": [],
                    "service_account": "tf-gke-gke-cluster-cli-ljl7@jk-mlops-dev.iam.gserviceaccount.com",
                    "shielded_instance_config": [
                      {
                        "enable_integrity_monitoring": true,
                        "enable_secure_boot": false
                      }
                    ],
                    "tags": null,
                    "taint": [],
                    "workload_metadata_config": [
                      {
                        "node_metadata": "GKE_METADATA_SERVER"
                      }
                    ]
                  }
                ],
                "node_count": 0,
                "node_locations": [
                  "us-west1-a"
                ],
                "upgrade_settings": [
                  {
                    "max_surge": 1,
                    "max_unavailable": 0
                  }
                ],
                "version": "1.18.12-gke.1210"
              }
            ],
            "node_version": "1.18.12-gke.1210",
            "notification_config": [
              {
                "pubsub": [
                  {
                    "enabled": false,
                    "topic": ""
                  }
                ]
              }
            ],
            "operation": null,
            "pod_security_policy_config": [
              {
                "enabled": false
              }
            ],
            "private_cluster_config": [],
            "project": "jk-mlops-dev",
            "release_channel": [
              {
                "channel": "REGULAR"
              }
            ],
            "remove_default_node_pool": false,
            "resource_labels": {
              "mesh_id": "proj-895222332033"
            },
            "resource_usage_export_config": [],
            "self_link": "https://container.googleapis.com/v1beta1/projects/jk-mlops-dev/zones/us-west1-a/clusters/gke-cluster-client-0",
            "services_ipv4_cidr": "10.92.0.0/20",
            "subnetwork": "projects/jk-mlops-dev/regions/us-west1/subnetworks/default",
            "timeouts": {
              "create": "45m",
              "delete": "45m",
              "read": null,
              "update": "45m"
            },
            "tpu_ipv4_cidr_block": "",
            "vertical_pod_autoscaling": [
              {
                "enabled": false
              }
            ],
            "workload_identity_config": [
              {
                "identity_namespace": "jk-mlops-dev.svc.id.goog"
              }
            ]
          },
          "sensitive_attributes": [],
          "private": "eyJlMmJmYjczMC1lY2FhLTExZTYtOGY4OC0zNDM2M2JjN2M0YzAiOnsiY3JlYXRlIjoyNzAwMDAwMDAwMDAwLCJkZWxldGUiOjI3MDAwMDAwMDAwMDAsInJlYWQiOjI0MDAwMDAwMDAwMDAsInVwZGF0ZSI6MjcwMDAwMDAwMDAwMH0sInNjaGVtYV92ZXJzaW9uIjoiMSJ9",
          "dependencies": [
            "data.google_client_config.current",
            "data.google_project.project",
            "module.client-clusters.data.google_compute_zones.available",
            "module.client-clusters.data.google_container_engine_versions.region",
            "module.client-clusters.data.google_container_engine_versions.zone",
            "module.client-clusters.google_service_account.cluster_service_account",
            "module.client-clusters.random_shuffle.available_zones",
            "module.client-clusters.random_string.cluster_service_account_suffix",
            "module.project-services.google_project_service.project_services"
          ]
        }
      ]
    },
    {
      "module": "module.client-clusters[0]",
      "mode": "managed",
      "type": "google_container_node_pool",
      "name": "pools",
      "provider": "provider[\"registry.terraform.io/hashicorp/google-beta\"]",
      "instances": [
        {
          "index_key": "default-node-pool",
          "schema_version": 1,
          "attributes": {
            "autoscaling": [],
            "cluster": "gke-cluster-client-0",
            "id": "projects/jk-mlops-dev/locations/us-west1-a/clusters/gke-cluster-client-0/nodePools/default-node-pool",
            "initial_node_count": 1,
            "instance_group_urls": [
              "https://www.googleapis.com/compute/v1/projects/jk-mlops-dev/zones/us-west1-a/instanceGroupManagers/gke-gke-cluster-clie-default-node-poo-e522fac7-grp"
            ],
            "location": "us-west1-a",
            "management": [
              {
                "auto_repair": true,
                "auto_upgrade": true
              }
            ],
            "max_pods_per_node": 110,
            "name": "default-node-pool",
            "name_prefix": "",
            "node_config": [
              {
                "boot_disk_kms_key": "",
                "disk_size_gb": 100,
                "disk_type": "pd-standard",
                "guest_accelerator": [],
                "image_type": "COS",
                "kubelet_config": [],
                "labels": {
                  "cluster_name": "gke-cluster-client-0",
                  "node_pool": "default-node-pool"
                },
                "linux_node_config": [],
                "local_ssd_count": 0,
                "machine_type": "n1-standard-4",
                "metadata": {
                  "cluster_name": "gke-cluster-client-0",
                  "disable-legacy-endpoints": "true",
                  "node_pool": "default-node-pool"
                },
                "min_cpu_platform": "",
                "oauth_scopes": [
                  "https://www.googleapis.com/auth/cloud-platform"
                ],
                "preemptible": false,
                "sandbox_config": [],
                "service_account": "tf-gke-gke-cluster-cli-ljl7@jk-mlops-dev.iam.gserviceaccount.com",
                "shielded_instance_config": [
                  {
                    "enable_integrity_monitoring": true,
                    "enable_secure_boot": false
                  }
                ],
                "tags": [
                  "gke-gke-cluster-client-0",
                  "gke-gke-cluster-client-0-default-node-pool"
                ],
                "taint": [],
                "workload_metadata_config": [
                  {
                    "node_metadata": "GKE_METADATA_SERVER"
                  }
                ]
              }
            ],
            "node_count": 1,
            "node_locations": [
              "us-west1-a"
            ],
            "project": "jk-mlops-dev",
            "timeouts": {
              "create": "45m",
              "delete": "45m",
              "update": "45m"
            },
            "upgrade_settings": [
              {
                "max_surge": 1,
                "max_unavailable": 0
              }
            ],
            "version": "1.18.12-gke.1210"
          },
          "sensitive_attributes": [],
          "private": "eyJlMmJmYjczMC1lY2FhLTExZTYtOGY4OC0zNDM2M2JjN2M0YzAiOnsiY3JlYXRlIjoyNzAwMDAwMDAwMDAwLCJkZWxldGUiOjI3MDAwMDAwMDAwMDAsInVwZGF0ZSI6MjcwMDAwMDAwMDAwMH0sInNjaGVtYV92ZXJzaW9uIjoiMSJ9",
          "dependencies": [
            "data.google_client_config.current",
            "data.google_project.project",
            "module.client-clusters.data.google_compute_zones.available",
            "module.client-clusters.data.google_container_engine_versions.region",
            "module.client-clusters.data.google_container_engine_versions.zone",
            "module.client-clusters.google_container_cluster.primary",
            "module.client-clusters.google_service_account.cluster_service_account",
            "module.client-clusters.random_shuffle.available_zones",
            "module.client-clusters.random_string.cluster_service_account_suffix",
            "module.project-services.google_project_service.project_services"
          ]
        }
      ]
    },
    {
      "module": "module.client-clusters[0]",
      "mode": "managed",
      "type": "google_project_iam_member",
      "name": "cluster_service_account-log_writer",
      "provider": "provider[\"registry.terraform.io/hashicorp/google\"]",
      "instances": [
        {
          "index_key": 0,
          "schema_version": 0,
          "attributes": {
            "condition": [],
            "etag": "BwW70x/nqIs=",
            "id": "jk-mlops-dev/roles/logging.logWriter/serviceaccount:tf-gke-gke-cluster-cli-ljl7@jk-mlops-dev.iam.gserviceaccount.com",
            "member": "serviceAccount:tf-gke-gke-cluster-cli-ljl7@jk-mlops-dev.iam.gserviceaccount.com",
            "project": "jk-mlops-dev",
            "role": "roles/logging.logWriter"
          },
          "sensitive_attributes": [],
          "private": "bnVsbA==",
          "dependencies": [
            "data.google_client_config.current",
            "module.client-clusters.google_service_account.cluster_service_account",
            "module.client-clusters.random_string.cluster_service_account_suffix",
            "module.project-services.google_project_service.project_services"
          ]
        }
      ]
    },
    {
      "module": "module.client-clusters[0]",
      "mode": "managed",
      "type": "google_project_iam_member",
      "name": "cluster_service_account-metric_writer",
      "provider": "provider[\"registry.terraform.io/hashicorp/google\"]",
      "instances": [
        {
          "index_key": 0,
          "schema_version": 0,
          "attributes": {
            "condition": [],
            "etag": "BwW70yBdZ9o=",
            "id": "jk-mlops-dev/roles/monitoring.metricWriter/serviceaccount:tf-gke-gke-cluster-cli-ljl7@jk-mlops-dev.iam.gserviceaccount.com",
            "member": "serviceAccount:tf-gke-gke-cluster-cli-ljl7@jk-mlops-dev.iam.gserviceaccount.com",
            "project": "jk-mlops-dev",
            "role": "roles/monitoring.metricWriter"
          },
          "sensitive_attributes": [],
          "private": "bnVsbA==",
          "dependencies": [
            "data.google_client_config.current",
            "module.client-clusters.google_project_iam_member.cluster_service_account-log_writer",
            "module.client-clusters.google_service_account.cluster_service_account",
            "module.client-clusters.random_string.cluster_service_account_suffix",
            "module.project-services.google_project_service.project_services"
          ]
        }
      ]
    },
    {
      "module": "module.client-clusters[0]",
      "mode": "managed",
      "type": "google_project_iam_member",
      "name": "cluster_service_account-monitoring_viewer",
      "provider": "provider[\"registry.terraform.io/hashicorp/google\"]",
      "instances": [
        {
          "index_key": 0,
          "schema_version": 0,
          "attributes": {
            "condition": [],
            "etag": "BwW70yDSlmU=",
            "id": "jk-mlops-dev/roles/monitoring.viewer/serviceaccount:tf-gke-gke-cluster-cli-ljl7@jk-mlops-dev.iam.gserviceaccount.com",
            "member": "serviceAccount:tf-gke-gke-cluster-cli-ljl7@jk-mlops-dev.iam.gserviceaccount.com",
            "project": "jk-mlops-dev",
            "role": "roles/monitoring.viewer"
          },
          "sensitive_attributes": [],
          "private": "bnVsbA==",
          "dependencies": [
            "data.google_client_config.current",
            "module.client-clusters.google_project_iam_member.cluster_service_account-log_writer",
            "module.client-clusters.google_project_iam_member.cluster_service_account-metric_writer",
            "module.client-clusters.google_service_account.cluster_service_account",
            "module.client-clusters.random_string.cluster_service_account_suffix",
            "module.project-services.google_project_service.project_services"
          ]
        }
      ]
    },
    {
      "module": "module.client-clusters[0]",
      "mode": "managed",
      "type": "google_project_iam_member",
      "name": "cluster_service_account-resourceMetadata-writer",
      "provider": "provider[\"registry.terraform.io/hashicorp/google\"]",
      "instances": [
        {
          "index_key": 0,
          "schema_version": 0,
          "attributes": {
            "condition": [],
            "etag": "BwW70yFJ9HA=",
            "id": "jk-mlops-dev/roles/stackdriver.resourceMetadata.writer/serviceaccount:tf-gke-gke-cluster-cli-ljl7@jk-mlops-dev.iam.gserviceaccount.com",
            "member": "serviceAccount:tf-gke-gke-cluster-cli-ljl7@jk-mlops-dev.iam.gserviceaccount.com",
            "project": "jk-mlops-dev",
            "role": "roles/stackdriver.resourceMetadata.writer"
          },
          "sensitive_attributes": [],
          "private": "bnVsbA==",
          "dependencies": [
            "data.google_client_config.current",
            "module.client-clusters.google_project_iam_member.cluster_service_account-log_writer",
            "module.client-clusters.google_project_iam_member.cluster_service_account-metric_writer",
            "module.client-clusters.google_project_iam_member.cluster_service_account-monitoring_viewer",
            "module.client-clusters.google_service_account.cluster_service_account",
            "module.client-clusters.random_string.cluster_service_account_suffix",
            "module.project-services.google_project_service.project_services"
          ]
        }
      ]
    },
    {
      "module": "module.client-clusters[0]",
      "mode": "managed",
      "type": "google_service_account",
      "name": "cluster_service_account",
      "provider": "provider[\"registry.terraform.io/hashicorp/google\"]",
      "instances": [
        {
          "index_key": 0,
          "schema_version": 0,
          "attributes": {
            "account_id": "tf-gke-gke-cluster-cli-ljl7",
            "description": "",
            "display_name": "Terraform-managed service account for cluster gke-cluster-client-0",
            "email": "tf-gke-gke-cluster-cli-ljl7@jk-mlops-dev.iam.gserviceaccount.com",
            "id": "projects/jk-mlops-dev/serviceAccounts/tf-gke-gke-cluster-cli-ljl7@jk-mlops-dev.iam.gserviceaccount.com",
            "name": "projects/jk-mlops-dev/serviceAccounts/tf-gke-gke-cluster-cli-ljl7@jk-mlops-dev.iam.gserviceaccount.com",
            "project": "jk-mlops-dev",
            "timeouts": null,
            "unique_id": "112407070850126390528"
          },
          "sensitive_attributes": [],
          "private": "eyJlMmJmYjczMC1lY2FhLTExZTYtOGY4OC0zNDM2M2JjN2M0YzAiOnsiY3JlYXRlIjozMDAwMDAwMDAwMDB9fQ==",
          "dependencies": [
            "data.google_client_config.current",
            "module.client-clusters.random_string.cluster_service_account_suffix",
            "module.project-services.google_project_service.project_services"
          ]
        }
      ]
    },
    {
      "module": "module.client-clusters[0]",
      "mode": "managed",
      "type": "random_shuffle",
      "name": "available_zones",
      "provider": "provider[\"registry.terraform.io/hashicorp/random\"]",
      "instances": [
        {
          "schema_version": 0,
          "attributes": {
            "id": "-",
            "input": [
              "us-west1-a",
              "us-west1-b",
              "us-west1-c"
            ],
            "keepers": null,
            "result": [
              "us-west1-a",
              "us-west1-b",
              "us-west1-c"
            ],
            "result_count": 3,
            "seed": null
          },
          "sensitive_attributes": [],
          "private": "bnVsbA==",
          "dependencies": [
            "module.client-clusters.data.google_compute_zones.available"
          ]
        }
      ]
    },
    {
      "module": "module.client-clusters[0]",
      "mode": "managed",
      "type": "random_string",
      "name": "cluster_service_account_suffix",
      "provider": "provider[\"registry.terraform.io/hashicorp/random\"]",
      "instances": [
        {
          "schema_version": 1,
          "attributes": {
            "id": "ljl7",
            "keepers": null,
            "length": 4,
            "lower": true,
            "min_lower": 0,
            "min_numeric": 0,
            "min_special": 0,
            "min_upper": 0,
            "number": true,
            "override_special": null,
            "result": "ljl7",
            "special": false,
            "upper": false
          },
          "sensitive_attributes": [],
          "private": "eyJzY2hlbWFfdmVyc2lvbiI6IjEifQ=="
        }
      ]
    },
    {
      "module": "module.client-clusters[0].module.gcloud_delete_default_kube_dns_configmap.module.gcloud_kubectl",
      "mode": "managed",
      "type": "null_resource",
      "name": "module_depends_on",
      "provider": "provider[\"registry.terraform.io/hashicorp/null\"]",
      "instances": [
        {
          "index_key": 0,
          "schema_version": 0,
          "attributes": {
            "id": "3091907027147146380",
            "triggers": {
              "value": "3"
            }
          },
          "sensitive_attributes": [],
          "private": "bnVsbA==",
          "dependencies": [
            "data.google_client_config.current",
            "data.google_project.project",
            "module.client-clusters.data.google_client_config.default",
            "module.client-clusters.data.google_compute_zones.available",
            "module.client-clusters.data.google_container_engine_versions.region",
            "module.client-clusters.data.google_container_engine_versions.zone",
            "module.client-clusters.google_container_cluster.primary",
            "module.client-clusters.google_container_node_pool.pools",
            "module.client-clusters.google_service_account.cluster_service_account",
            "module.client-clusters.random_shuffle.available_zones",
            "module.client-clusters.random_string.cluster_service_account_suffix",
            "module.project-services.google_project_service.project_services"
          ]
        }
      ]
    },
    {
      "module": "module.client-clusters[1]",
      "mode": "data",
      "type": "google_client_config",
      "name": "default",
      "provider": "provider[\"registry.terraform.io/hashicorp/google-beta\"]",
      "instances": [
        {
          "schema_version": 0,
          "attributes": {
            "access_token": "ya29.A0AfH6SMBkdixgQBtxi48yzgIej-R8JscPh9xaRGPi_w0kiQMP3HzZkjSSNX-m5Y8TaCICGbeD6dAgi21l6_1EjWjXtWpVHDXuq2QDr96HGiT7no-9AT-I-OLwJNGnPPqeFc8tTvjj0xZzvmdyFLRlQsHyFvyktUAmQivf1n0O5JLgxsexFyOlFIkDoqYPi8r2XYEIKgaRc3uItKVNeH8J254P5p034U1yQBCQtYbxZcPTOrE2YruVcK9PJyjcl57CZNeKRdQ7tg",
            "id": "projects//regions//zones/",
            "project": "",
            "region": "",
            "zone": ""
          },
          "sensitive_attributes": []
        }
      ]
    },
    {
      "module": "module.client-clusters[1]",
      "mode": "data",
      "type": "google_compute_zones",
      "name": "available",
      "provider": "provider[\"registry.terraform.io/hashicorp/google-beta\"]",
      "instances": [
        {
          "schema_version": 0,
          "attributes": {
            "id": "projects/jk-mlops-dev/regions/us-west1",
            "names": [
              "us-west1-a",
              "us-west1-b",
              "us-west1-c"
            ],
            "project": "jk-mlops-dev",
            "region": "us-west1",
            "status": null
          },
          "sensitive_attributes": []
        }
      ]
    },
    {
      "module": "module.client-clusters[1]",
      "mode": "data",
      "type": "google_container_engine_versions",
      "name": "region",
      "provider": "provider[\"registry.terraform.io/hashicorp/google\"]",
      "instances": [
        {
          "schema_version": 0,
          "attributes": {
            "default_cluster_version": "1.17.15-gke.800",
            "id": "2021-02-21 06:51:50.282119581 +0000 UTC",
            "latest_master_version": "1.18.15-gke.1500",
            "latest_node_version": "1.18.15-gke.1500",
            "location": "us-west1-a",
            "project": "jk-mlops-dev",
            "release_channel_default_version": {
              "RAPID": "1.19.7-gke.1302",
              "REGULAR": "1.18.12-gke.1210",
              "STABLE": "1.17.15-gke.800"
            },
            "valid_master_versions": [
              "1.18.15-gke.1500",
              "1.18.15-gke.1100",
              "1.18.14-gke.1600",
              "1.18.14-gke.1200",
              "1.18.12-gke.1210",
              "1.18.12-gke.1206",
              "1.17.17-gke.1500",
              "1.17.17-gke.1100",
              "1.17.17-gke.600",
              "1.17.16-gke.1600",
              "1.17.16-gke.1300",
              "1.17.15-gke.800",
              "1.16.15-gke.11800",
              "1.16.15-gke.10600",
              "1.16.15-gke.7800",
              "1.15.12-gke.6002"
            ],
            "valid_node_versions": [
              "1.18.15-gke.1500",
              "1.18.15-gke.1100",
              "1.18.15-gke.800",
              "1.18.14-gke.1600",
              "1.18.14-gke.1200",
              "1.18.12-gke.1210",
              "1.18.12-gke.1206",
              "1.18.12-gke.1205",
              "1.18.12-gke.1201",
              "1.18.12-gke.1200",
              "1.18.12-gke.300",
              "1.18.10-gke.2701",
              "1.18.10-gke.2101",
              "1.18.10-gke.1500",
              "1.18.10-gke.601",
              "1.18.9-gke.2501",
              "1.18.9-gke.1501",
              "1.18.9-gke.801",
              "1.18.6-gke.4801",
              "1.18.6-gke.3504",
              "1.18.6-gke.3503",
              "1.17.17-gke.1500",
              "1.17.17-gke.1100",
              "1.17.17-gke.600",
              "1.17.16-gke.1600",
              "1.17.16-gke.1300",
              "1.17.15-gke.800",
              "1.17.15-gke.300",
              "1.17.14-gke.1600",
              "1.17.14-gke.1200",
              "1.17.14-gke.400",
              "1.17.13-gke.2600",
              "1.17.13-gke.2001",
              "1.17.13-gke.1401",
              "1.17.13-gke.1400",
              "1.17.13-gke.600",
              "1.17.12-gke.2502",
              "1.17.12-gke.1504",
              "1.17.12-gke.1501",
              "1.17.12-gke.500",
              "1.17.9-gke.6300",
              "1.17.9-gke.1504",
              "1.16.15-gke.11800",
              "1.16.15-gke.10600",
              "1.16.15-gke.7800",
              "1.16.15-gke.7300",
              "1.16.15-gke.6900",
              "1.16.15-gke.6000",
              "1.16.15-gke.5500",
              "1.16.15-gke.4901",
              "1.16.15-gke.4301",
              "1.16.15-gke.4300",
              "1.16.15-gke.3500",
              "1.16.15-gke.2601",
              "1.16.15-gke.1600",
              "1.16.15-gke.500",
              "1.16.13-gke.404",
              "1.16.13-gke.403",
              "1.16.13-gke.401",
              "1.16.13-gke.400",
              "1.16.13-gke.1",
              "1.16.11-gke.5",
              "1.16.10-gke.8",
              "1.16.9-gke.6",
              "1.16.9-gke.2",
              "1.16.8-gke.15",
              "1.16.8-gke.12",
              "1.16.8-gke.9",
              "1.15.12-gke.6002",
              "1.15.12-gke.6001",
              "1.15.12-gke.5000",
              "1.15.12-gke.4002",
              "1.15.12-gke.4000",
              "1.15.12-gke.20",
              "1.15.12-gke.17",
              "1.15.12-gke.16",
              "1.15.12-gke.13",
              "1.15.12-gke.9",
              "1.15.12-gke.6",
              "1.15.12-gke.3",
              "1.15.12-gke.2",
              "1.15.11-gke.17",
              "1.15.11-gke.15",
              "1.15.11-gke.13",
              "1.15.11-gke.12",
              "1.15.11-gke.11",
              "1.15.11-gke.9",
              "1.15.11-gke.5",
              "1.15.11-gke.3",
              "1.15.11-gke.1",
              "1.15.9-gke.26",
              "1.15.9-gke.24",
              "1.15.9-gke.22",
              "1.15.9-gke.12",
              "1.15.9-gke.9",
              "1.15.9-gke.8",
              "1.15.8-gke.3",
              "1.15.8-gke.2",
              "1.15.7-gke.23",
              "1.15.7-gke.2",
              "1.15.4-gke.22",
              "1.14.10-gke.1504",
              "1.14.10-gke.902",
              "1.14.10-gke.50",
              "1.14.10-gke.46",
              "1.14.10-gke.45",
              "1.14.10-gke.42",
              "1.14.10-gke.41",
              "1.14.10-gke.40",
              "1.14.10-gke.37",
              "1.14.10-gke.36",
              "1.14.10-gke.34",
              "1.14.10-gke.32",
              "1.14.10-gke.31",
              "1.14.10-gke.27",
              "1.14.10-gke.24",
              "1.14.10-gke.22",
              "1.14.10-gke.21",
              "1.14.10-gke.17",
              "1.14.10-gke.0",
              "1.14.9-gke.23",
              "1.14.9-gke.2",
              "1.14.9-gke.0",
              "1.14.8-gke.33",
              "1.14.8-gke.21",
              "1.14.8-gke.18",
              "1.14.8-gke.17",
              "1.14.8-gke.14",
              "1.14.8-gke.12",
              "1.14.8-gke.7",
              "1.14.8-gke.2",
              "1.14.7-gke.40",
              "1.14.7-gke.25",
              "1.14.7-gke.23",
              "1.14.7-gke.17",
              "1.14.7-gke.14",
              "1.14.7-gke.10",
              "1.14.6-gke.13",
              "1.14.6-gke.2",
              "1.14.6-gke.1",
              "1.14.3-gke.11",
              "1.14.3-gke.10",
              "1.14.3-gke.9",
              "1.14.2-gke.9",
              "1.14.1-gke.5",
              "1.13.12-gke.30",
              "1.13.12-gke.25",
              "1.13.12-gke.17",
              "1.13.12-gke.16",
              "1.13.12-gke.14",
              "1.13.12-gke.13",
              "1.13.12-gke.10",
              "1.13.12-gke.8",
              "1.13.12-gke.4",
              "1.13.12-gke.2",
              "1.13.11-gke.23",
              "1.13.11-gke.15",
              "1.13.11-gke.14",
              "1.13.11-gke.12",
              "1.13.11-gke.11",
              "1.13.11-gke.9",
              "1.13.11-gke.5",
              "1.13.10-gke.7",
              "1.13.10-gke.0",
              "1.13.9-gke.11",
              "1.13.9-gke.3",
              "1.13.7-gke.24",
              "1.13.7-gke.19",
              "1.13.7-gke.15",
              "1.13.7-gke.8",
              "1.13.7-gke.0",
              "1.13.6-gke.13",
              "1.13.6-gke.6",
              "1.13.6-gke.5",
              "1.13.6-gke.0",
              "1.13.5-gke.10",
              "1.12.10-gke.22",
              "1.12.10-gke.20",
              "1.12.10-gke.19",
              "1.12.10-gke.18",
              "1.12.10-gke.17",
              "1.12.10-gke.15",
              "1.12.10-gke.13",
              "1.12.10-gke.11",
              "1.12.10-gke.5",
              "1.12.9-gke.16",
              "1.12.9-gke.15",
              "1.12.9-gke.13",
              "1.12.9-gke.10",
              "1.12.9-gke.7",
              "1.12.9-gke.3",
              "1.12.8-gke.12",
              "1.12.8-gke.10",
              "1.12.8-gke.7",
              "1.12.8-gke.6",
              "1.12.7-gke.26",
              "1.12.7-gke.25",
              "1.12.7-gke.24",
              "1.12.7-gke.22",
              "1.12.7-gke.21",
              "1.12.7-gke.17",
              "1.12.7-gke.10",
              "1.12.7-gke.7",
              "1.12.6-gke.11",
              "1.12.6-gke.10",
              "1.12.6-gke.7",
              "1.12.5-gke.10",
              "1.12.5-gke.5",
              "1.11.10-gke.6",
              "1.11.10-gke.5"
            ],
            "version_prefix": null
          },
          "sensitive_attributes": []
        }
      ]
    },
    {
      "module": "module.client-clusters[1]",
      "mode": "data",
      "type": "google_container_engine_versions",
      "name": "zone",
      "provider": "provider[\"registry.terraform.io/hashicorp/google\"]",
      "instances": [
        {
          "schema_version": 0,
          "attributes": {
            "default_cluster_version": "1.17.15-gke.800",
            "id": "2021-02-21 06:51:50.552048423 +0000 UTC",
            "latest_master_version": "1.18.15-gke.1500",
            "latest_node_version": "1.18.15-gke.1500",
            "location": "us-west1-a",
            "project": "jk-mlops-dev",
            "release_channel_default_version": {
              "RAPID": "1.19.7-gke.1302",
              "REGULAR": "1.18.12-gke.1210",
              "STABLE": "1.17.15-gke.800"
            },
            "valid_master_versions": [
              "1.18.15-gke.1500",
              "1.18.15-gke.1100",
              "1.18.14-gke.1600",
              "1.18.14-gke.1200",
              "1.18.12-gke.1210",
              "1.18.12-gke.1206",
              "1.17.17-gke.1500",
              "1.17.17-gke.1100",
              "1.17.17-gke.600",
              "1.17.16-gke.1600",
              "1.17.16-gke.1300",
              "1.17.15-gke.800",
              "1.16.15-gke.11800",
              "1.16.15-gke.10600",
              "1.16.15-gke.7800",
              "1.15.12-gke.6002"
            ],
            "valid_node_versions": [
              "1.18.15-gke.1500",
              "1.18.15-gke.1100",
              "1.18.15-gke.800",
              "1.18.14-gke.1600",
              "1.18.14-gke.1200",
              "1.18.12-gke.1210",
              "1.18.12-gke.1206",
              "1.18.12-gke.1205",
              "1.18.12-gke.1201",
              "1.18.12-gke.1200",
              "1.18.12-gke.300",
              "1.18.10-gke.2701",
              "1.18.10-gke.2101",
              "1.18.10-gke.1500",
              "1.18.10-gke.601",
              "1.18.9-gke.2501",
              "1.18.9-gke.1501",
              "1.18.9-gke.801",
              "1.18.6-gke.4801",
              "1.18.6-gke.3504",
              "1.18.6-gke.3503",
              "1.17.17-gke.1500",
              "1.17.17-gke.1100",
              "1.17.17-gke.600",
              "1.17.16-gke.1600",
              "1.17.16-gke.1300",
              "1.17.15-gke.800",
              "1.17.15-gke.300",
              "1.17.14-gke.1600",
              "1.17.14-gke.1200",
              "1.17.14-gke.400",
              "1.17.13-gke.2600",
              "1.17.13-gke.2001",
              "1.17.13-gke.1401",
              "1.17.13-gke.1400",
              "1.17.13-gke.600",
              "1.17.12-gke.2502",
              "1.17.12-gke.1504",
              "1.17.12-gke.1501",
              "1.17.12-gke.500",
              "1.17.9-gke.6300",
              "1.17.9-gke.1504",
              "1.16.15-gke.11800",
              "1.16.15-gke.10600",
              "1.16.15-gke.7800",
              "1.16.15-gke.7300",
              "1.16.15-gke.6900",
              "1.16.15-gke.6000",
              "1.16.15-gke.5500",
              "1.16.15-gke.4901",
              "1.16.15-gke.4301",
              "1.16.15-gke.4300",
              "1.16.15-gke.3500",
              "1.16.15-gke.2601",
              "1.16.15-gke.1600",
              "1.16.15-gke.500",
              "1.16.13-gke.404",
              "1.16.13-gke.403",
              "1.16.13-gke.401",
              "1.16.13-gke.400",
              "1.16.13-gke.1",
              "1.16.11-gke.5",
              "1.16.10-gke.8",
              "1.16.9-gke.6",
              "1.16.9-gke.2",
              "1.16.8-gke.15",
              "1.16.8-gke.12",
              "1.16.8-gke.9",
              "1.15.12-gke.6002",
              "1.15.12-gke.6001",
              "1.15.12-gke.5000",
              "1.15.12-gke.4002",
              "1.15.12-gke.4000",
              "1.15.12-gke.20",
              "1.15.12-gke.17",
              "1.15.12-gke.16",
              "1.15.12-gke.13",
              "1.15.12-gke.9",
              "1.15.12-gke.6",
              "1.15.12-gke.3",
              "1.15.12-gke.2",
              "1.15.11-gke.17",
              "1.15.11-gke.15",
              "1.15.11-gke.13",
              "1.15.11-gke.12",
              "1.15.11-gke.11",
              "1.15.11-gke.9",
              "1.15.11-gke.5",
              "1.15.11-gke.3",
              "1.15.11-gke.1",
              "1.15.9-gke.26",
              "1.15.9-gke.24",
              "1.15.9-gke.22",
              "1.15.9-gke.12",
              "1.15.9-gke.9",
              "1.15.9-gke.8",
              "1.15.8-gke.3",
              "1.15.8-gke.2",
              "1.15.7-gke.23",
              "1.15.7-gke.2",
              "1.15.4-gke.22",
              "1.14.10-gke.1504",
              "1.14.10-gke.902",
              "1.14.10-gke.50",
              "1.14.10-gke.46",
              "1.14.10-gke.45",
              "1.14.10-gke.42",
              "1.14.10-gke.41",
              "1.14.10-gke.40",
              "1.14.10-gke.37",
              "1.14.10-gke.36",
              "1.14.10-gke.34",
              "1.14.10-gke.32",
              "1.14.10-gke.31",
              "1.14.10-gke.27",
              "1.14.10-gke.24",
              "1.14.10-gke.22",
              "1.14.10-gke.21",
              "1.14.10-gke.17",
              "1.14.10-gke.0",
              "1.14.9-gke.23",
              "1.14.9-gke.2",
              "1.14.9-gke.0",
              "1.14.8-gke.33",
              "1.14.8-gke.21",
              "1.14.8-gke.18",
              "1.14.8-gke.17",
              "1.14.8-gke.14",
              "1.14.8-gke.12",
              "1.14.8-gke.7",
              "1.14.8-gke.2",
              "1.14.7-gke.40",
              "1.14.7-gke.25",
              "1.14.7-gke.23",
              "1.14.7-gke.17",
              "1.14.7-gke.14",
              "1.14.7-gke.10",
              "1.14.6-gke.13",
              "1.14.6-gke.2",
              "1.14.6-gke.1",
              "1.14.3-gke.11",
              "1.14.3-gke.10",
              "1.14.3-gke.9",
              "1.14.2-gke.9",
              "1.14.1-gke.5",
              "1.13.12-gke.30",
              "1.13.12-gke.25",
              "1.13.12-gke.17",
              "1.13.12-gke.16",
              "1.13.12-gke.14",
              "1.13.12-gke.13",
              "1.13.12-gke.10",
              "1.13.12-gke.8",
              "1.13.12-gke.4",
              "1.13.12-gke.2",
              "1.13.11-gke.23",
              "1.13.11-gke.15",
              "1.13.11-gke.14",
              "1.13.11-gke.12",
              "1.13.11-gke.11",
              "1.13.11-gke.9",
              "1.13.11-gke.5",
              "1.13.10-gke.7",
              "1.13.10-gke.0",
              "1.13.9-gke.11",
              "1.13.9-gke.3",
              "1.13.7-gke.24",
              "1.13.7-gke.19",
              "1.13.7-gke.15",
              "1.13.7-gke.8",
              "1.13.7-gke.0",
              "1.13.6-gke.13",
              "1.13.6-gke.6",
              "1.13.6-gke.5",
              "1.13.6-gke.0",
              "1.13.5-gke.10",
              "1.12.10-gke.22",
              "1.12.10-gke.20",
              "1.12.10-gke.19",
              "1.12.10-gke.18",
              "1.12.10-gke.17",
              "1.12.10-gke.15",
              "1.12.10-gke.13",
              "1.12.10-gke.11",
              "1.12.10-gke.5",
              "1.12.9-gke.16",
              "1.12.9-gke.15",
              "1.12.9-gke.13",
              "1.12.9-gke.10",
              "1.12.9-gke.7",
              "1.12.9-gke.3",
              "1.12.8-gke.12",
              "1.12.8-gke.10",
              "1.12.8-gke.7",
              "1.12.8-gke.6",
              "1.12.7-gke.26",
              "1.12.7-gke.25",
              "1.12.7-gke.24",
              "1.12.7-gke.22",
              "1.12.7-gke.21",
              "1.12.7-gke.17",
              "1.12.7-gke.10",
              "1.12.7-gke.7",
              "1.12.6-gke.11",
              "1.12.6-gke.10",
              "1.12.6-gke.7",
              "1.12.5-gke.10",
              "1.12.5-gke.5",
              "1.11.10-gke.6",
              "1.11.10-gke.5"
            ],
            "version_prefix": null
          },
          "sensitive_attributes": []
        }
      ]
    },
    {
      "module": "module.client-clusters[1]",
      "mode": "managed",
      "type": "google_container_cluster",
      "name": "primary",
      "provider": "provider[\"registry.terraform.io/hashicorp/google-beta\"]",
      "instances": [
        {
          "schema_version": 1,
          "attributes": {
            "addons_config": [
              {
                "cloudrun_config": [],
                "config_connector_config": [
                  {
                    "enabled": false
                  }
                ],
                "dns_cache_config": [
                  {
                    "enabled": false
                  }
                ],
                "gce_persistent_disk_csi_driver_config": [
                  {
                    "enabled": false
                  }
                ],
                "horizontal_pod_autoscaling": [
                  {
                    "disabled": false
                  }
                ],
                "http_load_balancing": [
                  {
                    "disabled": false
                  }
                ],
                "istio_config": [
                  {
                    "auth": "AUTH_MUTUAL_TLS",
                    "disabled": true
                  }
                ],
                "kalm_config": [
                  {
                    "enabled": false
                  }
                ],
                "network_policy_config": [
                  {
                    "disabled": false
                  }
                ]
              }
            ],
            "authenticator_groups_config": [],
            "cluster_autoscaling": [
              {
                "auto_provisioning_defaults": [],
                "autoscaling_profile": "BALANCED",
                "enabled": false,
                "resource_limits": []
              }
            ],
            "cluster_ipv4_cidr": "10.56.0.0/14",
            "cluster_telemetry": [
              {
                "type": "ENABLED"
              }
            ],
            "confidential_nodes": [],
            "database_encryption": [
              {
                "key_name": "",
                "state": "DECRYPTED"
              }
            ],
            "datapath_provider": "",
            "default_max_pods_per_node": 110,
            "default_snat_status": [
              {
                "disabled": false
              }
            ],
            "description": "",
            "enable_binary_authorization": false,
            "enable_intranode_visibility": false,
            "enable_kubernetes_alpha": false,
            "enable_legacy_abac": false,
            "enable_shielded_nodes": true,
            "enable_tpu": false,
            "endpoint": "35.197.21.228",
            "id": "projects/jk-mlops-dev/locations/us-west1-a/clusters/gke-cluster-client-1",
            "initial_node_count": 0,
            "instance_group_urls": [
              "https://www.googleapis.com/compute/beta/projects/jk-mlops-dev/zones/us-west1-a/instanceGroups/gke-gke-cluster-client-1-default-pool-b94f8998-grp"
            ],
            "ip_allocation_policy": [
              {
                "cluster_ipv4_cidr_block": "10.56.0.0/14",
                "cluster_secondary_range_name": "gke-gke-cluster-client-1-pods-951ee61f",
                "services_ipv4_cidr_block": "10.60.0.0/20",
                "services_secondary_range_name": "gke-gke-cluster-client-1-services-951ee61f"
              }
            ],
            "label_fingerprint": "6affcf98",
            "location": "us-west1-a",
            "logging_service": "logging.googleapis.com/kubernetes",
            "maintenance_policy": [
              {
                "daily_maintenance_window": [
                  {
                    "duration": "PT4H0M0S",
                    "start_time": "05:00"
                  }
                ],
                "maintenance_exclusion": [],
                "recurring_window": []
              }
            ],
            "master_auth": [
              {
                "client_certificate": "",
                "client_certificate_config": [
                  {
                    "issue_client_certificate": false
                  }
                ],
                "client_key": "",
                "cluster_ca_certificate": "LS0tLS1CRUdJTiBDRVJUSUZJQ0FURS0tLS0tCk1JSURLakNDQWhLZ0F3SUJBZ0lRR0hCVHpWdG4rcHlEWTVmTXJjdVZ1akFOQmdrcWhraUc5dzBCQVFzRkFEQXYKTVMwd0t3WURWUVFERXlSak1qTTFZelE1Wmkxa01tUXpMVFE1WkRjdE9UQTJaUzAyT0RZNFpEbGpOVFZrTmpJdwpIaGNOTWpFd01qSXhNRFUxTWpBMVdoY05Nall3TWpJd01EWTFNakExV2pBdk1TMHdLd1lEVlFRREV5UmpNak0xCll6UTVaaTFrTW1RekxUUTVaRGN0T1RBMlpTMDJPRFk0WkRsak5UVmtOakl3Z2dFaU1BMEdDU3FHU0liM0RRRUIKQVFVQUE0SUJEd0F3Z2dFS0FvSUJBUUM2WCs3SmM5TFNMVk9oS3ZER1I0ejFpUWJKU0cyV3k5d0R6MWpzNzNTVApicHpxQTFQcTgxd1pUVExndnJNMW1JQmltOUUxYWxSRDQwTEVueStjcmdlTDRSUEJRUU1YTHhqZ2tJY1JhaVRpCjFFa1hOUzhjL2wzbDEwWXFJWVVONEpRL094VzN0dnVGWkc3d3ZpQVVkUnpMZ1ZpSzU4N3pUYlpOSTUxS2tvcngKM0xDbElPNzZ1RC9yN3ljRG5lS0ptOS9OZ0FLQmVNRkV0bnFiRGtZamRJbk5nMUcvVEc1YlhFMldRRlNrRTNEagphemMyVkZGZ05CZ29qZVFESGkrTEtMNmswQ3ZLWnBoL3FST1hNdDFxTVdTL3Evc05ndFN4Z2xVSERmK0FRQm01CjlsTjFydXVXaW1zRngybm5oZzBvSXNrdW1iR3Vxbmt0VzNpNWYzTlpWSllmQWdNQkFBR2pRakJBTUE0R0ExVWQKRHdFQi93UUVBd0lDQkRBUEJnTlZIUk1CQWY4RUJUQURBUUgvTUIwR0ExVWREZ1FXQkJTT1dKekhxdVlNVDlYMgpKV3VyZktxZnBnODM4REFOQmdrcWhraUc5dzBCQVFzRkFBT0NBUUVBamJUTTZWem96T2ppWTBsYnFkU0RRQzMxCmZMaEJWVGdjb2M5NG5UdytVVUZPMHVvNFU0Y2gwbHRqa2Y3QnladFRpS1ZmMEhQa0VsRHBxUHF6dXAzMmp2ajIKLzlVR2tBb1VHYXpVUU1WaS9hc0M0ZWZLQnBsSU9QUExBZ2JHUytuREx5NGRXY1F1NHpERjlnTmRXNVJPUlhpcwova1YxK0Y5OG9sbXQ0MGFoMVJIYWV3dFo0NzNGVDBRWGtZTHB5dUwrZmNuaU41bGZXeDdDNndpcy9pSEJJa0NuCkpnaEtEcTQ1c21KUDhjTnN1SUc1STZLVTlRWi80ZzA4eHJNbXMxMGFxUmh6TEgrckJ1aVZ3SXRCcktHbTBjck8KSmRKRmdEV0hTWEhOTnJHWGl2S1FCbWsvWmNZVnZLTlE3dVk4WnhIK0JnSXE5TjI5aExFZmZQbU1mSXZZTUE9PQotLS0tLUVORCBDRVJUSUZJQ0FURS0tLS0tCg==",
                "password": "",
                "username": ""
              }
            ],
            "master_authorized_networks_config": [],
            "master_version": "1.18.12-gke.1210",
            "min_master_version": null,
            "monitoring_service": "monitoring.googleapis.com/kubernetes",
            "name": "gke-cluster-client-1",
            "network": "projects/jk-mlops-dev/global/networks/default",
            "network_policy": [
              {
                "enabled": true,
                "provider": "CALICO"
              }
            ],
            "networking_mode": "VPC_NATIVE",
            "node_config": [
              {
                "boot_disk_kms_key": "",
                "disk_size_gb": 100,
                "disk_type": "pd-standard",
                "guest_accelerator": [],
                "image_type": "COS",
                "kubelet_config": [],
                "labels": {},
                "linux_node_config": [],
                "local_ssd_count": 0,
                "machine_type": "e2-medium",
                "metadata": {
                  "disable-legacy-endpoints": "true"
                },
                "min_cpu_platform": "",
                "oauth_scopes": [
                  "https://www.googleapis.com/auth/logging.write",
                  "https://www.googleapis.com/auth/monitoring"
                ],
                "preemptible": false,
                "sandbox_config": [],
                "service_account": "tf-gke-gke-cluster-cli-wl15@jk-mlops-dev.iam.gserviceaccount.com",
                "shielded_instance_config": [
                  {
                    "enable_integrity_monitoring": true,
                    "enable_secure_boot": false
                  }
                ],
                "tags": [],
                "taint": [],
                "workload_metadata_config": [
                  {
                    "node_metadata": "GKE_METADATA_SERVER"
                  }
                ]
              }
            ],
            "node_locations": [],
            "node_pool": [
              {
                "autoscaling": [],
                "initial_node_count": 0,
                "instance_group_urls": [
                  "https://www.googleapis.com/compute/v1/projects/jk-mlops-dev/zones/us-west1-a/instanceGroupManagers/gke-gke-cluster-client-1-default-pool-b94f8998-grp"
                ],
                "management": [
                  {
                    "auto_repair": true,
                    "auto_upgrade": true
                  }
                ],
                "max_pods_per_node": 110,
                "name": "default-pool",
                "name_prefix": "",
                "node_config": [
                  {
                    "boot_disk_kms_key": "",
                    "disk_size_gb": 100,
                    "disk_type": "pd-standard",
                    "guest_accelerator": [],
                    "image_type": "COS",
                    "kubelet_config": [],
                    "labels": {},
                    "linux_node_config": [],
                    "local_ssd_count": 0,
                    "machine_type": "e2-medium",
                    "metadata": {
                      "disable-legacy-endpoints": "true"
                    },
                    "min_cpu_platform": "",
                    "oauth_scopes": [
                      "https://www.googleapis.com/auth/logging.write",
                      "https://www.googleapis.com/auth/monitoring"
                    ],
                    "preemptible": false,
                    "sandbox_config": [],
                    "service_account": "tf-gke-gke-cluster-cli-wl15@jk-mlops-dev.iam.gserviceaccount.com",
                    "shielded_instance_config": [
                      {
                        "enable_integrity_monitoring": true,
                        "enable_secure_boot": false
                      }
                    ],
                    "tags": null,
                    "taint": [],
                    "workload_metadata_config": [
                      {
                        "node_metadata": "GKE_METADATA_SERVER"
                      }
                    ]
                  }
                ],
                "node_count": 0,
                "node_locations": [
                  "us-west1-a"
                ],
                "upgrade_settings": [
                  {
                    "max_surge": 1,
                    "max_unavailable": 0
                  }
                ],
                "version": "1.18.12-gke.1210"
              }
            ],
            "node_version": "1.18.12-gke.1210",
            "notification_config": [
              {
                "pubsub": [
                  {
                    "enabled": false,
                    "topic": ""
                  }
                ]
              }
            ],
            "operation": null,
            "pod_security_policy_config": [
              {
                "enabled": false
              }
            ],
            "private_cluster_config": [],
            "project": "jk-mlops-dev",
            "release_channel": [
              {
                "channel": "REGULAR"
              }
            ],
            "remove_default_node_pool": false,
            "resource_labels": {
              "mesh_id": "proj-895222332033"
            },
            "resource_usage_export_config": [],
            "self_link": "https://container.googleapis.com/v1beta1/projects/jk-mlops-dev/zones/us-west1-a/clusters/gke-cluster-client-1",
            "services_ipv4_cidr": "10.60.0.0/20",
            "subnetwork": "projects/jk-mlops-dev/regions/us-west1/subnetworks/default",
            "timeouts": {
              "create": "45m",
              "delete": "45m",
              "read": null,
              "update": "45m"
            },
            "tpu_ipv4_cidr_block": "",
            "vertical_pod_autoscaling": [
              {
                "enabled": false
              }
            ],
            "workload_identity_config": [
              {
                "identity_namespace": "jk-mlops-dev.svc.id.goog"
              }
            ]
          },
          "sensitive_attributes": [],
          "private": "eyJlMmJmYjczMC1lY2FhLTExZTYtOGY4OC0zNDM2M2JjN2M0YzAiOnsiY3JlYXRlIjoyNzAwMDAwMDAwMDAwLCJkZWxldGUiOjI3MDAwMDAwMDAwMDAsInJlYWQiOjI0MDAwMDAwMDAwMDAsInVwZGF0ZSI6MjcwMDAwMDAwMDAwMH0sInNjaGVtYV92ZXJzaW9uIjoiMSJ9",
          "dependencies": [
            "data.google_client_config.current",
            "data.google_project.project",
            "module.client-clusters.data.google_compute_zones.available",
            "module.client-clusters.data.google_container_engine_versions.region",
            "module.client-clusters.data.google_container_engine_versions.zone",
            "module.client-clusters.google_service_account.cluster_service_account",
            "module.client-clusters.random_shuffle.available_zones",
            "module.client-clusters.random_string.cluster_service_account_suffix",
            "module.project-services.google_project_service.project_services"
          ]
        }
      ]
    },
    {
      "module": "module.client-clusters[1]",
      "mode": "managed",
      "type": "google_container_node_pool",
      "name": "pools",
      "provider": "provider[\"registry.terraform.io/hashicorp/google-beta\"]",
      "instances": [
        {
          "index_key": "default-node-pool",
          "schema_version": 1,
          "attributes": {
            "autoscaling": [],
            "cluster": "gke-cluster-client-1",
            "id": "projects/jk-mlops-dev/locations/us-west1-a/clusters/gke-cluster-client-1/nodePools/default-node-pool",
            "initial_node_count": 1,
            "instance_group_urls": [
              "https://www.googleapis.com/compute/v1/projects/jk-mlops-dev/zones/us-west1-a/instanceGroupManagers/gke-gke-cluster-clie-default-node-poo-17e41243-grp"
            ],
            "location": "us-west1-a",
            "management": [
              {
                "auto_repair": true,
                "auto_upgrade": true
              }
            ],
            "max_pods_per_node": 110,
            "name": "default-node-pool",
            "name_prefix": "",
            "node_config": [
              {
                "boot_disk_kms_key": "",
                "disk_size_gb": 100,
                "disk_type": "pd-standard",
                "guest_accelerator": [],
                "image_type": "COS",
                "kubelet_config": [],
                "labels": {
                  "cluster_name": "gke-cluster-client-1",
                  "node_pool": "default-node-pool"
                },
                "linux_node_config": [],
                "local_ssd_count": 0,
                "machine_type": "n1-standard-4",
                "metadata": {
                  "cluster_name": "gke-cluster-client-1",
                  "disable-legacy-endpoints": "true",
                  "node_pool": "default-node-pool"
                },
                "min_cpu_platform": "",
                "oauth_scopes": [
                  "https://www.googleapis.com/auth/cloud-platform"
                ],
                "preemptible": false,
                "sandbox_config": [],
                "service_account": "tf-gke-gke-cluster-cli-wl15@jk-mlops-dev.iam.gserviceaccount.com",
                "shielded_instance_config": [
                  {
                    "enable_integrity_monitoring": true,
                    "enable_secure_boot": false
                  }
                ],
                "tags": [
                  "gke-gke-cluster-client-1",
                  "gke-gke-cluster-client-1-default-node-pool"
                ],
                "taint": [],
                "workload_metadata_config": [
                  {
                    "node_metadata": "GKE_METADATA_SERVER"
                  }
                ]
              }
            ],
            "node_count": 1,
            "node_locations": [
              "us-west1-a"
            ],
            "project": "jk-mlops-dev",
            "timeouts": {
              "create": "45m",
              "delete": "45m",
              "update": "45m"
            },
            "upgrade_settings": [
              {
                "max_surge": 1,
                "max_unavailable": 0
              }
            ],
            "version": "1.18.12-gke.1210"
          },
          "sensitive_attributes": [],
          "private": "eyJlMmJmYjczMC1lY2FhLTExZTYtOGY4OC0zNDM2M2JjN2M0YzAiOnsiY3JlYXRlIjoyNzAwMDAwMDAwMDAwLCJkZWxldGUiOjI3MDAwMDAwMDAwMDAsInVwZGF0ZSI6MjcwMDAwMDAwMDAwMH0sInNjaGVtYV92ZXJzaW9uIjoiMSJ9",
          "dependencies": [
            "data.google_client_config.current",
            "data.google_project.project",
            "module.client-clusters.data.google_compute_zones.available",
            "module.client-clusters.data.google_container_engine_versions.region",
            "module.client-clusters.data.google_container_engine_versions.zone",
            "module.client-clusters.google_container_cluster.primary",
            "module.client-clusters.google_service_account.cluster_service_account",
            "module.client-clusters.random_shuffle.available_zones",
            "module.client-clusters.random_string.cluster_service_account_suffix",
            "module.project-services.google_project_service.project_services"
          ]
        }
      ]
    },
    {
      "module": "module.client-clusters[1]",
      "mode": "managed",
      "type": "google_project_iam_member",
      "name": "cluster_service_account-log_writer",
      "provider": "provider[\"registry.terraform.io/hashicorp/google\"]",
      "instances": [
        {
          "index_key": 0,
          "schema_version": 0,
          "attributes": {
            "condition": [],
            "etag": "BwW70x/nqIs=",
            "id": "jk-mlops-dev/roles/logging.logWriter/serviceaccount:tf-gke-gke-cluster-cli-wl15@jk-mlops-dev.iam.gserviceaccount.com",
            "member": "serviceAccount:tf-gke-gke-cluster-cli-wl15@jk-mlops-dev.iam.gserviceaccount.com",
            "project": "jk-mlops-dev",
            "role": "roles/logging.logWriter"
          },
          "sensitive_attributes": [],
          "private": "bnVsbA==",
          "dependencies": [
            "data.google_client_config.current",
            "module.client-clusters.google_service_account.cluster_service_account",
            "module.client-clusters.random_string.cluster_service_account_suffix",
            "module.project-services.google_project_service.project_services"
          ]
        }
      ]
    },
    {
      "module": "module.client-clusters[1]",
      "mode": "managed",
      "type": "google_project_iam_member",
      "name": "cluster_service_account-metric_writer",
      "provider": "provider[\"registry.terraform.io/hashicorp/google\"]",
      "instances": [
        {
          "index_key": 0,
          "schema_version": 0,
          "attributes": {
            "condition": [],
            "etag": "BwW70yBdZ9o=",
            "id": "jk-mlops-dev/roles/monitoring.metricWriter/serviceaccount:tf-gke-gke-cluster-cli-wl15@jk-mlops-dev.iam.gserviceaccount.com",
            "member": "serviceAccount:tf-gke-gke-cluster-cli-wl15@jk-mlops-dev.iam.gserviceaccount.com",
            "project": "jk-mlops-dev",
            "role": "roles/monitoring.metricWriter"
          },
          "sensitive_attributes": [],
          "private": "bnVsbA==",
          "dependencies": [
            "data.google_client_config.current",
            "module.client-clusters.google_project_iam_member.cluster_service_account-log_writer",
            "module.client-clusters.google_service_account.cluster_service_account",
            "module.client-clusters.random_string.cluster_service_account_suffix",
            "module.project-services.google_project_service.project_services"
          ]
        }
      ]
    },
    {
      "module": "module.client-clusters[1]",
      "mode": "managed",
      "type": "google_project_iam_member",
      "name": "cluster_service_account-monitoring_viewer",
      "provider": "provider[\"registry.terraform.io/hashicorp/google\"]",
      "instances": [
        {
          "index_key": 0,
          "schema_version": 0,
          "attributes": {
            "condition": [],
            "etag": "BwW70yDSlmU=",
            "id": "jk-mlops-dev/roles/monitoring.viewer/serviceaccount:tf-gke-gke-cluster-cli-wl15@jk-mlops-dev.iam.gserviceaccount.com",
            "member": "serviceAccount:tf-gke-gke-cluster-cli-wl15@jk-mlops-dev.iam.gserviceaccount.com",
            "project": "jk-mlops-dev",
            "role": "roles/monitoring.viewer"
          },
          "sensitive_attributes": [],
          "private": "bnVsbA==",
          "dependencies": [
            "data.google_client_config.current",
            "module.client-clusters.google_project_iam_member.cluster_service_account-log_writer",
            "module.client-clusters.google_project_iam_member.cluster_service_account-metric_writer",
            "module.client-clusters.google_service_account.cluster_service_account",
            "module.client-clusters.random_string.cluster_service_account_suffix",
            "module.project-services.google_project_service.project_services"
          ]
        }
      ]
    },
    {
      "module": "module.client-clusters[1]",
      "mode": "managed",
      "type": "google_project_iam_member",
      "name": "cluster_service_account-resourceMetadata-writer",
      "provider": "provider[\"registry.terraform.io/hashicorp/google\"]",
      "instances": [
        {
          "index_key": 0,
          "schema_version": 0,
          "attributes": {
            "condition": [],
            "etag": "BwW70yFJ9HA=",
            "id": "jk-mlops-dev/roles/stackdriver.resourceMetadata.writer/serviceaccount:tf-gke-gke-cluster-cli-wl15@jk-mlops-dev.iam.gserviceaccount.com",
            "member": "serviceAccount:tf-gke-gke-cluster-cli-wl15@jk-mlops-dev.iam.gserviceaccount.com",
            "project": "jk-mlops-dev",
            "role": "roles/stackdriver.resourceMetadata.writer"
          },
          "sensitive_attributes": [],
          "private": "bnVsbA==",
          "dependencies": [
            "data.google_client_config.current",
            "module.client-clusters.google_project_iam_member.cluster_service_account-log_writer",
            "module.client-clusters.google_project_iam_member.cluster_service_account-metric_writer",
            "module.client-clusters.google_project_iam_member.cluster_service_account-monitoring_viewer",
            "module.client-clusters.google_service_account.cluster_service_account",
            "module.client-clusters.random_string.cluster_service_account_suffix",
            "module.project-services.google_project_service.project_services"
          ]
        }
      ]
    },
    {
      "module": "module.client-clusters[1]",
      "mode": "managed",
      "type": "google_service_account",
      "name": "cluster_service_account",
      "provider": "provider[\"registry.terraform.io/hashicorp/google\"]",
      "instances": [
        {
          "index_key": 0,
          "schema_version": 0,
          "attributes": {
            "account_id": "tf-gke-gke-cluster-cli-wl15",
            "description": "",
            "display_name": "Terraform-managed service account for cluster gke-cluster-client-1",
            "email": "tf-gke-gke-cluster-cli-wl15@jk-mlops-dev.iam.gserviceaccount.com",
            "id": "projects/jk-mlops-dev/serviceAccounts/tf-gke-gke-cluster-cli-wl15@jk-mlops-dev.iam.gserviceaccount.com",
            "name": "projects/jk-mlops-dev/serviceAccounts/tf-gke-gke-cluster-cli-wl15@jk-mlops-dev.iam.gserviceaccount.com",
            "project": "jk-mlops-dev",
            "timeouts": null,
            "unique_id": "118192460146917127363"
          },
          "sensitive_attributes": [],
          "private": "eyJlMmJmYjczMC1lY2FhLTExZTYtOGY4OC0zNDM2M2JjN2M0YzAiOnsiY3JlYXRlIjozMDAwMDAwMDAwMDB9fQ==",
          "dependencies": [
            "data.google_client_config.current",
            "module.client-clusters.random_string.cluster_service_account_suffix",
            "module.project-services.google_project_service.project_services"
          ]
        }
      ]
    },
    {
      "module": "module.client-clusters[1]",
      "mode": "managed",
      "type": "random_shuffle",
      "name": "available_zones",
      "provider": "provider[\"registry.terraform.io/hashicorp/random\"]",
      "instances": [
        {
          "schema_version": 0,
          "attributes": {
            "id": "-",
            "input": [
              "us-west1-a",
              "us-west1-b",
              "us-west1-c"
            ],
            "keepers": null,
            "result": [
              "us-west1-b",
              "us-west1-c",
              "us-west1-a"
            ],
            "result_count": 3,
            "seed": null
          },
          "sensitive_attributes": [],
          "private": "bnVsbA==",
          "dependencies": [
            "module.client-clusters.data.google_compute_zones.available"
          ]
        }
      ]
    },
    {
      "module": "module.client-clusters[1]",
      "mode": "managed",
      "type": "random_string",
      "name": "cluster_service_account_suffix",
      "provider": "provider[\"registry.terraform.io/hashicorp/random\"]",
      "instances": [
        {
          "schema_version": 1,
          "attributes": {
            "id": "wl15",
            "keepers": null,
            "length": 4,
            "lower": true,
            "min_lower": 0,
            "min_numeric": 0,
            "min_special": 0,
            "min_upper": 0,
            "number": true,
            "override_special": null,
            "result": "wl15",
            "special": false,
            "upper": false
          },
          "sensitive_attributes": [],
          "private": "eyJzY2hlbWFfdmVyc2lvbiI6IjEifQ=="
        }
      ]
    },
    {
      "module": "module.client-clusters[1].module.gcloud_delete_default_kube_dns_configmap.module.gcloud_kubectl",
      "mode": "managed",
      "type": "null_resource",
      "name": "module_depends_on",
      "provider": "provider[\"registry.terraform.io/hashicorp/null\"]",
      "instances": [
        {
          "index_key": 0,
          "schema_version": 0,
          "attributes": {
            "id": "9048060512773715369",
            "triggers": {
              "value": "3"
            }
          },
          "sensitive_attributes": [],
          "private": "bnVsbA==",
          "dependencies": [
            "data.google_client_config.current",
            "data.google_project.project",
            "module.client-clusters.data.google_client_config.default",
            "module.client-clusters.data.google_compute_zones.available",
            "module.client-clusters.data.google_container_engine_versions.region",
            "module.client-clusters.data.google_container_engine_versions.zone",
            "module.client-clusters.google_container_cluster.primary",
            "module.client-clusters.google_container_node_pool.pools",
            "module.client-clusters.google_service_account.cluster_service_account",
            "module.client-clusters.random_shuffle.available_zones",
            "module.client-clusters.random_string.cluster_service_account_suffix",
            "module.project-services.google_project_service.project_services"
          ]
        }
      ]
    },
    {
      "module": "module.hub-clients[0]",
      "mode": "managed",
      "type": "google_project_iam_member",
      "name": "gke_hub_member",
      "provider": "provider[\"registry.terraform.io/hashicorp/google\"]",
      "instances": [
        {
          "index_key": 0,
          "schema_version": 0,
          "attributes": {
            "condition": [],
            "etag": "BwW70x/nqIs=",
            "id": "jk-mlops-dev/roles/gkehub.connect/serviceaccount:client-0@jk-mlops-dev.iam.gserviceaccount.com",
            "member": "serviceAccount:client-0@jk-mlops-dev.iam.gserviceaccount.com",
            "project": "jk-mlops-dev",
            "role": "roles/gkehub.connect"
          },
          "sensitive_attributes": []
        }
      ]
    },
    {
      "module": "module.hub-clients[0]",
      "mode": "managed",
      "type": "google_service_account",
      "name": "gke_hub_sa",
      "provider": "provider[\"registry.terraform.io/hashicorp/google\"]",
      "instances": [
        {
          "index_key": 0,
          "schema_version": 0,
          "attributes": {
            "account_id": "client-0",
            "description": "",
            "display_name": "Service Account for GKE Hub Registration",
            "email": "client-0@jk-mlops-dev.iam.gserviceaccount.com",
            "id": "projects/jk-mlops-dev/serviceAccounts/client-0@jk-mlops-dev.iam.gserviceaccount.com",
            "name": "projects/jk-mlops-dev/serviceAccounts/client-0@jk-mlops-dev.iam.gserviceaccount.com",
            "project": "jk-mlops-dev",
            "timeouts": null,
            "unique_id": "101767987105704193047"
          },
          "sensitive_attributes": [],
          "private": "eyJlMmJmYjczMC1lY2FhLTExZTYtOGY4OC0zNDM2M2JjN2M0YzAiOnsiY3JlYXRlIjozMDAwMDAwMDAwMDB9fQ==",
          "dependencies": [
            "data.google_client_config.current"
          ]
        }
      ]
    },
    {
      "module": "module.hub-clients[0]",
      "mode": "managed",
      "type": "google_service_account_key",
      "name": "gke_hub_key",
      "provider": "provider[\"registry.terraform.io/hashicorp/google\"]",
      "instances": [
        {
          "index_key": 0,
          "schema_version": 0,
          "attributes": {
            "id": "projects/jk-mlops-dev/serviceAccounts/client-0@jk-mlops-dev.iam.gserviceaccount.com/keys/f0efd37183e9b8b8f6f96509f09b1e51da78e1ce",
            "keepers": null,
            "key_algorithm": "KEY_ALG_RSA_2048",
            "name": "projects/jk-mlops-dev/serviceAccounts/client-0@jk-mlops-dev.iam.gserviceaccount.com/keys/f0efd37183e9b8b8f6f96509f09b1e51da78e1ce",
            "private_key": "ewogICJ0eXBlIjogInNlcnZpY2VfYWNjb3VudCIsCiAgInByb2plY3RfaWQiOiAiamstbWxvcHMtZGV2IiwKICAicHJpdmF0ZV9rZXlfaWQiOiAiZjBlZmQzNzE4M2U5YjhiOGY2Zjk2NTA5ZjA5YjFlNTFkYTc4ZTFjZSIsCiAgInByaXZhdGVfa2V5IjogIi0tLS0tQkVHSU4gUFJJVkFURSBLRVktLS0tLVxuTUlJRXZBSUJBREFOQmdrcWhraUc5dzBCQVFFRkFBU0NCS1l3Z2dTaUFnRUFBb0lCQVFDN0F1MmZycTVhNkNjZFxubTF1RWlrbE9ZNE9QL3puODU4ckgvMmdwSUQ0WjNSQ0hLMjRHNEg1SHUxd3d6cFBoNEdVbXlKTDhoQ3hsTmxINFxuT1BlZmxMZ0NCc1NHRUFoRSthaGJwRldBVHlOMXFsYVA3ckUrU0svWXB0M0xQZTlYOG5jTC81aGYwRVlsQ0ZJRVxuQkk0cWdCQUJKWTg1TjQyY2dBZ2NOb2xQckhQZ085ZVo5V1E0SGYzbnN2NlNiL0tvOEVYeDY0K3hESUsxZzlsTVxucWo1QVRGUldxZ0o2eUZNbzhFUlRuY3FiQTUrc1ZadUdqRTBNcTlBL0VPaGsrU0hzVktsMlhJb3ZmUzNYSitZaVxuTk5qVjQxSXNmU0ZhZW9UVmdzM1p5b1FuNThEaGpTb3YweGkyd1NyU0FxLzRLaTI2czlKZGFKbU9WV1Y5alZKc1xuajBNNWxzMDVBZ01CQUFFQ2dnRUFKeWhSVGlhNjNsRU80NjJraDRlWEd1Rk9hbWZVSWdiODJFeTc2Q1NXckQ2MFxuRjhGNXU5bmt4eXROZmZDN1dVZnRsaVhZVlNSdDBWR0M3MWtxVEZGTkNDdVhtY1NnbnFTeDRtSngvcmhUWWU5bFxuU2FUK210NklaM0psTFluTjVGbmlJSEtIMnNRVzgra2VselhHK05Jd3g3U3dIUmhyUC9JMUFJZFEwQXg1aE9GV1xucUNia1ZqbUNQSFl5ZEY3UEdFZ3d5RU9zWWs3MU9nQjVReDg1L2Jyd2wzNEJ6cVlBMENxejBrcDgyVUpsR1hiTFxuS2NZaGhkUzBvWDhLTFpZY0xlMy92NGdLRnl1L0pkSFJxRlFIZVpXbDdRSVBUcEJhQ1F6YnYyOWFxTFdhUy9ycVxudG9oSVM0RUxWOGxSaWozaFloenpTdFN2ZFBKRmtVOFdsVDFwL3FjUEd3S0JnUUQwOW1EOThHeWIwWEYvVTZYdlxuZ1RzdWRNS0lObmF4V2ZaMG9Fc1BTWDBUYklhZUZ4UTlUOHNqYVkvRkNSWWRJVGVkblEyZ2xIVFZVWU1vNi8zZlxuZkRsWVVacnlyNVZLRG5iZWcxeVEvcmEwdXgvVHFXY2Vid0tMYWlML1dhY3dTaVdLTWtlL2lhZDBGclpKcWRqVFxubG1zYUVwMm5kM0ZhK3pBSVBWa1JBcTJVbXdLQmdRRERjQmJ4Q1pVUy9QcVpNWjBJMmtnaUZnaVZwTFAwZ1Z6K1xuK0p1UnRWdXEzcWRwVnUvemwvUC80b1dCOFF3dXBKcEE4d2dZQjA2MTc2aVphYndNdk1KQW1IaUxQNVd3RDNQU1xuVDBhVFdMVFdWSEI4R3JEZWdad0RhWlNCejI2VUZua0NIb2IrMmFxd1FJT3BFcVB0cHAxTDNIYnZRcm9ZQ3RPUlxuVDhzbjUvWEF1d0tCZ0d5L0s5UFA5Z2MrZGFwVzBpVi9NMnl1UE9ZSGQ2M0lDRmRDQ2RCaGlYc2tCS2NPQzlna1xuSWtRNFNyRG9GYjhjemZuVWpRWXFvYXRKb25aNlBad0hJOVlIZEVna2xwdm55L0dBVTRteTZoMVZyUTFqK1BsVFxud3NkdGVOZnZUdjlyQ3p0TWt2bCsvSzNXbjFvWVlyK2IyVFFiNjQwNncwSG1uUzRyUGUwRlNWWGRBb0dBSlNMV1xuYVNTOSsrYXdJNDNtM2ZqRVBoM2JzYnVqS2pHdW54QlVWMEtUMFlzUFdwZlhibjBRTXk0eTJqY1lib0IrZ3hyclxuRGMzTnFncUpDZVdxZ3UwWEtEa1FwcjBGVDNnUU5RVTFUdWhMTEhMTkVQZnRaY3BRLytEL0JBK0xYbjVLcmhsb1xuNDJJdTZlRElZOGNUK1NOd3ZpcDlPd2Q5M3ZXbnIvUHVrWDJsRitNQ2dZQlJYL0dZMVBIZ2x2WVVpR29hQTIrQlxuQ1lxNVo0N1BscGhWWFFZUERMMndyd3YrTmJFSVJrZUZ2SDB6QnkyakhmTElWMFR3dGZoZ3VMSXVybTdqZVhnTFxuMUVMN3dINzZuanBUWGNuUWFuRCsyaUhyWWFGWjJzM1N3NUtadXNROG9mYkYyODRrWkpZR1R3RU15dDV1MFpqNVxuQVI5WE1MaDR4NjdLeGd4U0MwQThRQT09XG4tLS0tLUVORCBQUklWQVRFIEtFWS0tLS0tXG4iLAogICJjbGllbnRfZW1haWwiOiAiY2xpZW50LTBAamstbWxvcHMtZGV2LmlhbS5nc2VydmljZWFjY291bnQuY29tIiwKICAiY2xpZW50X2lkIjogIjEwMTc2Nzk4NzEwNTcwNDE5MzA0NyIsCiAgImF1dGhfdXJpIjogImh0dHBzOi8vYWNjb3VudHMuZ29vZ2xlLmNvbS9vL29hdXRoMi9hdXRoIiwKICAidG9rZW5fdXJpIjogImh0dHBzOi8vb2F1dGgyLmdvb2dsZWFwaXMuY29tL3Rva2VuIiwKICAiYXV0aF9wcm92aWRlcl94NTA5X2NlcnRfdXJsIjogImh0dHBzOi8vd3d3Lmdvb2dsZWFwaXMuY29tL29hdXRoMi92MS9jZXJ0cyIsCiAgImNsaWVudF94NTA5X2NlcnRfdXJsIjogImh0dHBzOi8vd3d3Lmdvb2dsZWFwaXMuY29tL3JvYm90L3YxL21ldGFkYXRhL3g1MDkvY2xpZW50LTAlNDBqay1tbG9wcy1kZXYuaWFtLmdzZXJ2aWNlYWNjb3VudC5jb20iCn0K",
            "private_key_type": "TYPE_GOOGLE_CREDENTIALS_FILE",
            "public_key": "LS0tLS1CRUdJTiBDRVJUSUZJQ0FURS0tLS0tCk1JSUMvRENDQWVTZ0F3SUJBZ0lJTWZqRkpuOTlLVkl3RFFZSktvWklodmNOQVFFRkJRQXdJREVlTUJ3R0ExVUUKQXhNVk1UQXhOelkzT1RnM01UQTFOekEwTVRrek1EUTNNQ0FYRFRJeE1ESXlNVEEyTlRJd00xb1lEems1T1RreApNak14TWpNMU9UVTVXakFnTVI0d0hBWURWUVFERXhVeE1ERTNOamM1T0RjeE1EVTNNRFF4T1RNd05EY3dnZ0VpCk1BMEdDU3FHU0liM0RRRUJBUVVBQTRJQkR3QXdnZ0VLQW9JQkFRQzdBdTJmcnE1YTZDY2RtMXVFaWtsT1k0T1AKL3puODU4ckgvMmdwSUQ0WjNSQ0hLMjRHNEg1SHUxd3d6cFBoNEdVbXlKTDhoQ3hsTmxINE9QZWZsTGdDQnNTRwpFQWhFK2FoYnBGV0FUeU4xcWxhUDdyRStTSy9ZcHQzTFBlOVg4bmNMLzVoZjBFWWxDRklFQkk0cWdCQUJKWTg1Ck40MmNnQWdjTm9sUHJIUGdPOWVaOVdRNEhmM25zdjZTYi9LbzhFWHg2NCt4RElLMWc5bE1xajVBVEZSV3FnSjYKeUZNbzhFUlRuY3FiQTUrc1ZadUdqRTBNcTlBL0VPaGsrU0hzVktsMlhJb3ZmUzNYSitZaU5OalY0MUlzZlNGYQplb1RWZ3MzWnlvUW41OERoalNvdjB4aTJ3U3JTQXEvNEtpMjZzOUpkYUptT1ZXVjlqVkpzajBNNWxzMDVBZ01CCkFBR2pPREEyTUF3R0ExVWRFd0VCL3dRQ01BQXdEZ1lEVlIwUEFRSC9CQVFEQWdlQU1CWUdBMVVkSlFFQi93UU0KTUFvR0NDc0dBUVVGQndNQ01BMEdDU3FHU0liM0RRRUJCUVVBQTRJQkFRQU9vVmUvTE1jSDJoRzV0bUhoUVJCcApCSE13NkNna054YjVvczFsbFdIWTFTQm54OFlKTnJWSFVyakhDbFQ3TXQ5cGlvaGhNWlc0eFdFVVFQenY1R3lDCjB5Z1pDMmNRZkpkV0VXblF6SzdacCtNWVV2WXd0amNxRVpnSlNHSnhLVndVOVBhSFVvL3NQUHhOZUcwQ0swL0cKZzA2WU5qQlpkcTl0MWZVS0VyckxPZVdOL3oyUlljWUJOQ3BERFkzUzF2VVRWbGJKSTA0eTcvZWNPOWdyblVBeApaMlo5c2d1K0EvM3pydExSSkkrSlpsM3h3ZHJhUG9maXNFWFJqYzlPbmVncnFUUTNWOWN2ZHE5c2lud0s1L0RlCkl4UHRLU2ZUczBCMU9WZWttT3hlUm9lS0crOGQwckl4alFybjdVNnhWazRBRCt3MG9ydHJLbE51dGZMWjB3MGEKLS0tLS1FTkQgQ0VSVElGSUNBVEUtLS0tLQo=",
            "public_key_data": null,
            "public_key_type": "TYPE_X509_PEM_FILE",
            "service_account_id": "projects/jk-mlops-dev/serviceAccounts/client-0@jk-mlops-dev.iam.gserviceaccount.com",
            "valid_after": "2021-02-21T06:52:03Z",
            "valid_before": "9999-12-31T23:59:59Z"
          },
          "sensitive_attributes": []
        }
      ]
    },
    {
      "module": "module.hub-clients[0].module.gke_hub_registration",
      "mode": "data",
      "type": "external",
      "name": "env_override",
      "provider": "provider[\"registry.terraform.io/hashicorp/external\"]",
      "instances": [
        {
          "index_key": 0,
          "schema_version": 0,
          "attributes": {
            "id": "-",
            "program": [
              ".terraform/modules/hub-clients.gke_hub_registration/terraform-google-gcloud-2.0.3/scripts/check_env.sh"
            ],
            "query": null,
            "result": {
              "download": ""
            },
            "working_dir": null
          },
          "sensitive_attributes": []
        }
      ]
    },
    {
      "module": "module.hub-clients[0].module.gke_hub_registration",
      "mode": "managed",
      "type": "null_resource",
      "name": "module_depends_on",
      "provider": "provider[\"registry.terraform.io/hashicorp/null\"]",
      "instances": [
        {
          "index_key": 0,
          "schema_version": 0,
          "attributes": {
            "id": "6717641889246197016",
            "triggers": {
              "value": "1"
            }
          },
          "sensitive_attributes": [
            [
              {
                "type": "get_attr",
                "value": "triggers"
              },
              {
                "type": "index",
                "value": {
                  "value": "value",
                  "type": "string"
                }
              }
            ]
          ],
          "private": "bnVsbA==",
          "dependencies": [
            "data.google_client_config.current",
            "data.google_project.project",
            "module.client-clusters.data.google_client_config.default",
            "module.client-clusters.data.google_compute_subnetwork.gke_subnetwork",
            "module.client-clusters.data.google_compute_zones.available",
            "module.client-clusters.data.google_container_engine_versions.region",
            "module.client-clusters.data.google_container_engine_versions.zone",
            "module.client-clusters.google_compute_firewall.intra_egress",
            "module.client-clusters.google_compute_firewall.master_webhooks",
            "module.client-clusters.google_compute_firewall.shadow_allow_master",
            "module.client-clusters.google_compute_firewall.shadow_allow_nodes",
            "module.client-clusters.google_compute_firewall.shadow_allow_pods",
            "module.client-clusters.google_container_cluster.primary",
            "module.client-clusters.google_container_node_pool.pools",
            "module.client-clusters.google_project_iam_member.cluster_service_account-artifact-registry",
            "module.client-clusters.google_project_iam_member.cluster_service_account-gcr",
            "module.client-clusters.google_project_iam_member.cluster_service_account-log_writer",
            "module.client-clusters.google_project_iam_member.cluster_service_account-metric_writer",
            "module.client-clusters.google_project_iam_member.cluster_service_account-monitoring_viewer",
            "module.client-clusters.google_project_iam_member.cluster_service_account-resourceMetadata-writer",
            "module.client-clusters.google_service_account.cluster_service_account",
            "module.client-clusters.kubernetes_config_map.ip-masq-agent",
            "module.client-clusters.kubernetes_config_map.kube-dns",
            "module.client-clusters.kubernetes_config_map.kube-dns-upstream-nameservers-and-stub-domains",
            "module.client-clusters.kubernetes_config_map.kube-dns-upstream-namservers",
            "module.client-clusters.module.gcloud_delete_default_kube_dns_configmap.module.gcloud_kubectl.data.external.env_override",
            "module.client-clusters.module.gcloud_delete_default_kube_dns_configmap.module.gcloud_kubectl.null_resource.additional_components",
            "module.client-clusters.module.gcloud_delete_default_kube_dns_configmap.module.gcloud_kubectl.null_resource.additional_components_destroy",
            "module.client-clusters.module.gcloud_delete_default_kube_dns_configmap.module.gcloud_kubectl.null_resource.decompress",
            "module.client-clusters.module.gcloud_delete_default_kube_dns_configmap.module.gcloud_kubectl.null_resource.decompress_destroy",
            "module.client-clusters.module.gcloud_delete_default_kube_dns_configmap.module.gcloud_kubectl.null_resource.download_gcloud",
            "module.client-clusters.module.gcloud_delete_default_kube_dns_configmap.module.gcloud_kubectl.null_resource.download_jq",
            "module.client-clusters.module.gcloud_delete_default_kube_dns_configmap.module.gcloud_kubectl.null_resource.gcloud_auth_google_credentials",
            "module.client-clusters.module.gcloud_delete_default_kube_dns_configmap.module.gcloud_kubectl.null_resource.gcloud_auth_google_credentials_destroy",
            "module.client-clusters.module.gcloud_delete_default_kube_dns_configmap.module.gcloud_kubectl.null_resource.gcloud_auth_service_account_key_file",
            "module.client-clusters.module.gcloud_delete_default_kube_dns_configmap.module.gcloud_kubectl.null_resource.gcloud_auth_service_account_key_file_destroy",
            "module.client-clusters.module.gcloud_delete_default_kube_dns_configmap.module.gcloud_kubectl.null_resource.module_depends_on",
            "module.client-clusters.module.gcloud_delete_default_kube_dns_configmap.module.gcloud_kubectl.null_resource.prepare_cache",
            "module.client-clusters.module.gcloud_delete_default_kube_dns_configmap.module.gcloud_kubectl.null_resource.run_command",
            "module.client-clusters.module.gcloud_delete_default_kube_dns_configmap.module.gcloud_kubectl.null_resource.run_destroy_command",
            "module.client-clusters.module.gcloud_delete_default_kube_dns_configmap.module.gcloud_kubectl.null_resource.upgrade",
            "module.client-clusters.module.gcloud_delete_default_kube_dns_configmap.module.gcloud_kubectl.null_resource.upgrade_destroy",
            "module.client-clusters.module.gcloud_delete_default_kube_dns_configmap.module.gcloud_kubectl.random_id.cache",
            "module.client-clusters.random_shuffle.available_zones",
            "module.client-clusters.random_string.cluster_service_account_suffix",
            "module.project-services.google_project_service.project_services"
          ]
        }
      ]
    },
    {
      "module": "module.hub-clients[0].module.gke_hub_registration",
      "mode": "managed",
      "type": "null_resource",
      "name": "run_destroy_command",
      "provider": "provider[\"registry.terraform.io/hashicorp/null\"]",
      "instances": [
        {
          "index_key": 0,
          "schema_version": 0,
          "attributes": {
            "id": "3863710256539141253",
            "triggers": {
              "destroy_cmd_body": "1 client-0 us-west1-a gke-cluster-client-0 jk-mlops-dev",
              "destroy_cmd_entrypoint": ".terraform/modules/hub-clients/modules/hub/scripts/gke_hub_unregister.sh",
              "gcloud_bin_abs_path": "/google-cloud-sdk/bin"
            }
          },
          "sensitive_attributes": [],
          "private": "bnVsbA==",
          "dependencies": [
            "data.google_client_config.current",
            "data.google_project.project",
            "module.client-clusters.data.google_client_config.default",
            "module.client-clusters.data.google_compute_subnetwork.gke_subnetwork",
            "module.client-clusters.data.google_compute_zones.available",
            "module.client-clusters.data.google_container_engine_versions.region",
            "module.client-clusters.data.google_container_engine_versions.zone",
            "module.client-clusters.google_compute_firewall.intra_egress",
            "module.client-clusters.google_compute_firewall.master_webhooks",
            "module.client-clusters.google_compute_firewall.shadow_allow_master",
            "module.client-clusters.google_compute_firewall.shadow_allow_nodes",
            "module.client-clusters.google_compute_firewall.shadow_allow_pods",
            "module.client-clusters.google_container_cluster.primary",
            "module.client-clusters.google_container_node_pool.pools",
            "module.client-clusters.google_project_iam_member.cluster_service_account-artifact-registry",
            "module.client-clusters.google_project_iam_member.cluster_service_account-gcr",
            "module.client-clusters.google_project_iam_member.cluster_service_account-log_writer",
            "module.client-clusters.google_project_iam_member.cluster_service_account-metric_writer",
            "module.client-clusters.google_project_iam_member.cluster_service_account-monitoring_viewer",
            "module.client-clusters.google_project_iam_member.cluster_service_account-resourceMetadata-writer",
            "module.client-clusters.google_service_account.cluster_service_account",
            "module.client-clusters.kubernetes_config_map.ip-masq-agent",
            "module.client-clusters.kubernetes_config_map.kube-dns",
            "module.client-clusters.kubernetes_config_map.kube-dns-upstream-nameservers-and-stub-domains",
            "module.client-clusters.kubernetes_config_map.kube-dns-upstream-namservers",
            "module.client-clusters.module.gcloud_delete_default_kube_dns_configmap.module.gcloud_kubectl.data.external.env_override",
            "module.client-clusters.module.gcloud_delete_default_kube_dns_configmap.module.gcloud_kubectl.null_resource.additional_components",
            "module.client-clusters.module.gcloud_delete_default_kube_dns_configmap.module.gcloud_kubectl.null_resource.additional_components_destroy",
            "module.client-clusters.module.gcloud_delete_default_kube_dns_configmap.module.gcloud_kubectl.null_resource.decompress",
            "module.client-clusters.module.gcloud_delete_default_kube_dns_configmap.module.gcloud_kubectl.null_resource.decompress_destroy",
            "module.client-clusters.module.gcloud_delete_default_kube_dns_configmap.module.gcloud_kubectl.null_resource.download_gcloud",
            "module.client-clusters.module.gcloud_delete_default_kube_dns_configmap.module.gcloud_kubectl.null_resource.download_jq",
            "module.client-clusters.module.gcloud_delete_default_kube_dns_configmap.module.gcloud_kubectl.null_resource.gcloud_auth_google_credentials",
            "module.client-clusters.module.gcloud_delete_default_kube_dns_configmap.module.gcloud_kubectl.null_resource.gcloud_auth_google_credentials_destroy",
            "module.client-clusters.module.gcloud_delete_default_kube_dns_configmap.module.gcloud_kubectl.null_resource.gcloud_auth_service_account_key_file",
            "module.client-clusters.module.gcloud_delete_default_kube_dns_configmap.module.gcloud_kubectl.null_resource.gcloud_auth_service_account_key_file_destroy",
            "module.client-clusters.module.gcloud_delete_default_kube_dns_configmap.module.gcloud_kubectl.null_resource.module_depends_on",
            "module.client-clusters.module.gcloud_delete_default_kube_dns_configmap.module.gcloud_kubectl.null_resource.prepare_cache",
            "module.client-clusters.module.gcloud_delete_default_kube_dns_configmap.module.gcloud_kubectl.null_resource.run_command",
            "module.client-clusters.module.gcloud_delete_default_kube_dns_configmap.module.gcloud_kubectl.null_resource.run_destroy_command",
            "module.client-clusters.module.gcloud_delete_default_kube_dns_configmap.module.gcloud_kubectl.null_resource.upgrade",
            "module.client-clusters.module.gcloud_delete_default_kube_dns_configmap.module.gcloud_kubectl.null_resource.upgrade_destroy",
            "module.client-clusters.module.gcloud_delete_default_kube_dns_configmap.module.gcloud_kubectl.random_id.cache",
            "module.client-clusters.random_shuffle.available_zones",
            "module.client-clusters.random_string.cluster_service_account_suffix",
            "module.hub-clients.module.gke_hub_registration.data.external.env_override",
            "module.hub-clients.module.gke_hub_registration.null_resource.additional_components",
            "module.hub-clients.module.gke_hub_registration.null_resource.decompress",
            "module.hub-clients.module.gke_hub_registration.null_resource.gcloud_auth_google_credentials",
            "module.hub-clients.module.gke_hub_registration.null_resource.gcloud_auth_service_account_key_file",
            "module.hub-clients.module.gke_hub_registration.null_resource.module_depends_on",
            "module.hub-clients.module.gke_hub_registration.random_id.cache",
            "module.project-services.google_project_service.project_services"
          ]
        }
      ]
    },
    {
      "module": "module.hub-clients[1]",
      "mode": "managed",
      "type": "google_project_iam_member",
      "name": "gke_hub_member",
      "provider": "provider[\"registry.terraform.io/hashicorp/google\"]",
      "instances": [
        {
          "index_key": 0,
          "schema_version": 0,
          "attributes": {
            "condition": [],
            "etag": "BwW70x+dLcM=",
            "id": "jk-mlops-dev/roles/gkehub.connect/serviceaccount:client-1@jk-mlops-dev.iam.gserviceaccount.com",
            "member": "serviceAccount:client-1@jk-mlops-dev.iam.gserviceaccount.com",
            "project": "jk-mlops-dev",
            "role": "roles/gkehub.connect"
          },
          "sensitive_attributes": []
        }
      ]
    },
    {
      "module": "module.hub-clients[1]",
      "mode": "managed",
      "type": "google_service_account",
      "name": "gke_hub_sa",
      "provider": "provider[\"registry.terraform.io/hashicorp/google\"]",
      "instances": [
        {
          "index_key": 0,
          "schema_version": 0,
          "attributes": {
            "account_id": "client-1",
            "description": "",
            "display_name": "Service Account for GKE Hub Registration",
            "email": "client-1@jk-mlops-dev.iam.gserviceaccount.com",
            "id": "projects/jk-mlops-dev/serviceAccounts/client-1@jk-mlops-dev.iam.gserviceaccount.com",
            "name": "projects/jk-mlops-dev/serviceAccounts/client-1@jk-mlops-dev.iam.gserviceaccount.com",
            "project": "jk-mlops-dev",
            "timeouts": null,
            "unique_id": "114569373487765302475"
          },
          "sensitive_attributes": [],
          "private": "eyJlMmJmYjczMC1lY2FhLTExZTYtOGY4OC0zNDM2M2JjN2M0YzAiOnsiY3JlYXRlIjozMDAwMDAwMDAwMDB9fQ==",
          "dependencies": [
            "data.google_client_config.current"
          ]
        }
      ]
    },
    {
      "module": "module.hub-clients[1]",
      "mode": "managed",
      "type": "google_service_account_key",
      "name": "gke_hub_key",
      "provider": "provider[\"registry.terraform.io/hashicorp/google\"]",
      "instances": [
        {
          "index_key": 0,
          "schema_version": 0,
          "attributes": {
            "id": "projects/jk-mlops-dev/serviceAccounts/client-1@jk-mlops-dev.iam.gserviceaccount.com/keys/c2678adeeefc1a8411d4580efc4117d854c827da",
            "keepers": null,
            "key_algorithm": "KEY_ALG_RSA_2048",
            "name": "projects/jk-mlops-dev/serviceAccounts/client-1@jk-mlops-dev.iam.gserviceaccount.com/keys/c2678adeeefc1a8411d4580efc4117d854c827da",
            "private_key": "ewogICJ0eXBlIjogInNlcnZpY2VfYWNjb3VudCIsCiAgInByb2plY3RfaWQiOiAiamstbWxvcHMtZGV2IiwKICAicHJpdmF0ZV9rZXlfaWQiOiAiYzI2NzhhZGVlZWZjMWE4NDExZDQ1ODBlZmM0MTE3ZDg1NGM4MjdkYSIsCiAgInByaXZhdGVfa2V5IjogIi0tLS0tQkVHSU4gUFJJVkFURSBLRVktLS0tLVxuTUlJRXZBSUJBREFOQmdrcWhraUc5dzBCQVFFRkFBU0NCS1l3Z2dTaUFnRUFBb0lCQVFEYzBlaE1mZ2lWTDNPa1xuK3RWWnFWVG9zNlIrckJIVFg3K0NVLzU1TlN2aTg5ODlUbU1GZWd4a1J2WGkyODJtdnFpZms1L3JZbGpDZi9UblxuTGdRZmY3QmVqVllneVhPQi9KQmsxNUl0alZqMFFKb0hUMXkxYzZYSjJ4S1RZSHJVbjdpK2NBczVOYmlQUm1TUlxud0hRYWY3RmExSzR1LzJyUnorTThlYmtuVm1KWjJlZUdFOGdKTXdpRlhIUTM0TGVrcXZNb0xybDVjMFdjYXlRaVxuSzJaMTRmMGRuUjdIVUt5T0tHMU55b2ZYRVUrMDhWTTZ0aFJVaEd1dUFYNXhjS3BZTURxUG43U1N1UTF0T2Y3SVxuVUswUGFmazRXaHFQRk9DRWt4ME54V0xYeTRKQmpYOGhuSVV0eWd2YjNLY0E1V2NrNnhsa1FEd2VhTUpZbFNQVFxuTjFXWlIvbkJBZ01CQUFFQ2dnRUFFVWlHcDVJSHh2RjNXamJkd3c1TFhJbE8rekVwbGdNOUFJemxjb1EwWXFlV1xuMWZ3UUtRb1Q5VGRPb0lwMnJySG1qZExtcGV4RktUZ05xWmlDN3hvMTZqaWl3Sjh6NEwwdGFnOHJYRkJmWVlLNlxuNjQ2TklaQ2pMY2p0UzhhMTVuVjM1c1ByUlBlTThmM2UrajkzZHVsK3JxN04wVlRoZmZtSS9oOUMzQzdaTk5JQlxubmFLZHFHVG5FUWY3d29qclU0RnY1bXhGRTNBK2VtVzFzVmtsYkpQbkpvQ1BqYUZyU1hCWFN0bzJjdW81aFViaVxuVTdYWDdsWEVVRDI3Nk9mUCtyekdyaS9lK0srNThYN1k2d2FFRzZXa2s5RFBIWElUNGtQMDQzL1ZjQ3hvT2FrL1xuY1FpYjZmdlBUbTBsYmlGb3AweDBvUnpvTE1md0FRMUllUlJicC94ZnlRS0JnUUQxZkVOcTVkeStRZmtOZ1RVRVxudTdTak15QW9KVlA2VzNQcklZVTJuZGhXMFhsTnZUamJIVjFlV2gwRkxMTTROVW1pbitSV2V3aUVIODFzOGRxSlxuZlhhQkVtam1PL2lyOTlnS0d4KytaN1V1K2FVaisxSXAwOFhTZUNESzZ2Rm1oSEh4eTBKdFFJekVUc0NwNTVOeVxudFhZZFNaaWpJa2crb1RjQTYwdTlrNTNmelFLQmdRRG1SekEvQ3hxZ3RNYUF0dUxuUkVFdG1sM2UzOUp3MDdXRFxuM0ZsOWxxU0duR2ZKcE1Ib0d3dkFkbndjckdGUVpKd245QjY5M1pkcnlPUmlOM1dMWjNuL05pc1lSaGoxdU9yMFxudFRSZWc2OTlGeFlKV3NnY3RZMFQ2Y2FWWVNzODVoVTcweEZuN0hSalExTFlGQ21xVm1Ya01lOUdkQit0UThTUlxuN29xY3E5ckZ4UUtCZ0dlaVBRZmM0RkxGb1RHTlVXZWRJb1lmS0QwcWZRaGRJVk9yUkFTcG9GSU9mcXBON3JtNVxuN05mUExSOHBIc1BrNHlBdlpnTUlUN0VQaC9hdEozZ1JxanlWSEFuT1dZMm54T0dIVCtCZkFjTkNDdkJrd2V2OFxuaGkvekhNenRZRm5LSWh4VWxjZHZqNzIwRFd2czRuZHptZGlGWUZYR1BEK01hWjhPdGx2aS9Ld2xBb0dBY0xkaFxuejBvUkk1NjVGMkh0MlFQWTM0aVM4RGdnbXVlV0R0QTU0Ylp1SEJITTM2L00xbDcrdHB1SWpzUjE4ZEw5ZUxVT1xub3lNbkxqUXNUa01WUDBKTVBmYjJ5eS9zb2NKOUI0RDIvRmg2K3NEbElYa1ZRTEJCT1FFU0dpWnc4cU13dTVMS1xuRDFOM2VPc0lUd28zaHRBNW1hUXptZ25YUTRsTFc1OG1yQitXdTMwQ2dZQVVLTTlybHkxR1Exd1pSTnJ4cllRZFxublNFZTVLY29TbWxGRU5KOExoRWcvTEt1YVFLaSttVjJxb3lSN1VsVXRHelRCeFdJd2RYaDhEWVAzUUI2b3lKdVxubHlDQlJ4OExjSGV4ZVpwL0FhelZQM3k1eTBBMXZkY1N6REZUdXA2UE9tTzFxTTc1aEZWNlNaVlZOZXhBclBGL1xuWFpIR2RHdXk2VFZIei9lUGNMN0M5UT09XG4tLS0tLUVORCBQUklWQVRFIEtFWS0tLS0tXG4iLAogICJjbGllbnRfZW1haWwiOiAiY2xpZW50LTFAamstbWxvcHMtZGV2LmlhbS5nc2VydmljZWFjY291bnQuY29tIiwKICAiY2xpZW50X2lkIjogIjExNDU2OTM3MzQ4Nzc2NTMwMjQ3NSIsCiAgImF1dGhfdXJpIjogImh0dHBzOi8vYWNjb3VudHMuZ29vZ2xlLmNvbS9vL29hdXRoMi9hdXRoIiwKICAidG9rZW5fdXJpIjogImh0dHBzOi8vb2F1dGgyLmdvb2dsZWFwaXMuY29tL3Rva2VuIiwKICAiYXV0aF9wcm92aWRlcl94NTA5X2NlcnRfdXJsIjogImh0dHBzOi8vd3d3Lmdvb2dsZWFwaXMuY29tL29hdXRoMi92MS9jZXJ0cyIsCiAgImNsaWVudF94NTA5X2NlcnRfdXJsIjogImh0dHBzOi8vd3d3Lmdvb2dsZWFwaXMuY29tL3JvYm90L3YxL21ldGFkYXRhL3g1MDkvY2xpZW50LTElNDBqay1tbG9wcy1kZXYuaWFtLmdzZXJ2aWNlYWNjb3VudC5jb20iCn0K",
            "private_key_type": "TYPE_GOOGLE_CREDENTIALS_FILE",
            "public_key": "LS0tLS1CRUdJTiBDRVJUSUZJQ0FURS0tLS0tCk1JSUMvRENDQWVTZ0F3SUJBZ0lJU1ArMDdBSUIrUDB3RFFZSktvWklodmNOQVFFRkJRQXdJREVlTUJ3R0ExVUUKQXhNVk1URTBOVFk1TXpjek5EZzNOelkxTXpBeU5EYzFNQ0FYRFRJeE1ESXlNVEEyTlRJd05Gb1lEems1T1RreApNak14TWpNMU9UVTVXakFnTVI0d0hBWURWUVFERXhVeE1UUTFOamt6TnpNME9EYzNOalV6TURJME56VXdnZ0VpCk1BMEdDU3FHU0liM0RRRUJBUVVBQTRJQkR3QXdnZ0VLQW9JQkFRRGMwZWhNZmdpVkwzT2srdFZacVZUb3M2UisKckJIVFg3K0NVLzU1TlN2aTg5ODlUbU1GZWd4a1J2WGkyODJtdnFpZms1L3JZbGpDZi9UbkxnUWZmN0JlalZZZwp5WE9CL0pCazE1SXRqVmowUUpvSFQxeTFjNlhKMnhLVFlIclVuN2krY0FzNU5iaVBSbVNSd0hRYWY3RmExSzR1Ci8yclJ6K004ZWJrblZtSloyZWVHRThnSk13aUZYSFEzNExla3F2TW9Mcmw1YzBXY2F5UWlLMloxNGYwZG5SN0gKVUt5T0tHMU55b2ZYRVUrMDhWTTZ0aFJVaEd1dUFYNXhjS3BZTURxUG43U1N1UTF0T2Y3SVVLMFBhZms0V2hxUApGT0NFa3gwTnhXTFh5NEpCalg4aG5JVXR5Z3ZiM0tjQTVXY2s2eGxrUUR3ZWFNSllsU1BUTjFXWlIvbkJBZ01CCkFBR2pPREEyTUF3R0ExVWRFd0VCL3dRQ01BQXdEZ1lEVlIwUEFRSC9CQVFEQWdlQU1CWUdBMVVkSlFFQi93UU0KTUFvR0NDc0dBUVVGQndNQ01BMEdDU3FHU0liM0RRRUJCUVVBQTRJQkFRREFsMW43Q3JTcCtuWTZjNlo5Yk54ZQoydUJLa0w3dmxaK1oxQWJDK2JjbFp6dFN6WE5yU1VxcE0rVU5mcmxrRjFaMldScU5ZM015d2ZzdjdIN2Q0UGFVCis5OXY1OTlSZHVqTi9xeEhCaWZ5RDZmdFFNZUhHcjV0cFFVMGlyVzB5ZDlXQWVqL3g1Nk1MVXBpNFAyMjhIUHMKM0NKV1RUdlVTbHBkWm84S21TN0JnSk1TRjFvMndZNkRQQnJFcGZqUi9vT0tuOEJGaWtRUjFyTUZvZTBUUWIyaQpweU9HQUh4QVZvdXJsWFJkQVBOYVFaUEdSUUNFUCtMMUdvNE1xOVVpcUdIWURQd2Rxd1ZLV0I3T2NkVE5RS2VmCi9idGhRQzdSL2JhQVY2Q1FsOTdhMDRJVlBsZ1J5SGRVNlE4QlRJZWNlby9NbldXbjlkUHVhYkVhYmphcDVKN0kKLS0tLS1FTkQgQ0VSVElGSUNBVEUtLS0tLQo=",
            "public_key_data": null,
            "public_key_type": "TYPE_X509_PEM_FILE",
            "service_account_id": "projects/jk-mlops-dev/serviceAccounts/client-1@jk-mlops-dev.iam.gserviceaccount.com",
            "valid_after": "2021-02-21T06:52:04Z",
            "valid_before": "9999-12-31T23:59:59Z"
          },
          "sensitive_attributes": []
        }
      ]
    },
    {
      "module": "module.hub-clients[1].module.gke_hub_registration",
      "mode": "data",
      "type": "external",
      "name": "env_override",
      "provider": "provider[\"registry.terraform.io/hashicorp/external\"]",
      "instances": [
        {
          "index_key": 0,
          "schema_version": 0,
          "attributes": {
            "id": "-",
            "program": [
              ".terraform/modules/hub-clients.gke_hub_registration/terraform-google-gcloud-2.0.3/scripts/check_env.sh"
            ],
            "query": null,
            "result": {
              "download": ""
            },
            "working_dir": null
          },
          "sensitive_attributes": []
        }
      ]
    },
    {
      "module": "module.hub-clients[1].module.gke_hub_registration",
      "mode": "managed",
      "type": "null_resource",
      "name": "module_depends_on",
      "provider": "provider[\"registry.terraform.io/hashicorp/null\"]",
      "instances": [
        {
          "index_key": 0,
          "schema_version": 0,
          "attributes": {
            "id": "2979643261877780022",
            "triggers": {
              "value": "1"
            }
          },
          "sensitive_attributes": [
            [
              {
                "type": "get_attr",
                "value": "triggers"
              },
              {
                "type": "index",
                "value": {
                  "value": "value",
                  "type": "string"
                }
              }
            ]
          ],
          "private": "bnVsbA==",
          "dependencies": [
            "data.google_client_config.current",
            "data.google_project.project",
            "module.client-clusters.data.google_client_config.default",
            "module.client-clusters.data.google_compute_subnetwork.gke_subnetwork",
            "module.client-clusters.data.google_compute_zones.available",
            "module.client-clusters.data.google_container_engine_versions.region",
            "module.client-clusters.data.google_container_engine_versions.zone",
            "module.client-clusters.google_compute_firewall.intra_egress",
            "module.client-clusters.google_compute_firewall.master_webhooks",
            "module.client-clusters.google_compute_firewall.shadow_allow_master",
            "module.client-clusters.google_compute_firewall.shadow_allow_nodes",
            "module.client-clusters.google_compute_firewall.shadow_allow_pods",
            "module.client-clusters.google_container_cluster.primary",
            "module.client-clusters.google_container_node_pool.pools",
            "module.client-clusters.google_project_iam_member.cluster_service_account-artifact-registry",
            "module.client-clusters.google_project_iam_member.cluster_service_account-gcr",
            "module.client-clusters.google_project_iam_member.cluster_service_account-log_writer",
            "module.client-clusters.google_project_iam_member.cluster_service_account-metric_writer",
            "module.client-clusters.google_project_iam_member.cluster_service_account-monitoring_viewer",
            "module.client-clusters.google_project_iam_member.cluster_service_account-resourceMetadata-writer",
            "module.client-clusters.google_service_account.cluster_service_account",
            "module.client-clusters.kubernetes_config_map.ip-masq-agent",
            "module.client-clusters.kubernetes_config_map.kube-dns",
            "module.client-clusters.kubernetes_config_map.kube-dns-upstream-nameservers-and-stub-domains",
            "module.client-clusters.kubernetes_config_map.kube-dns-upstream-namservers",
            "module.client-clusters.module.gcloud_delete_default_kube_dns_configmap.module.gcloud_kubectl.data.external.env_override",
            "module.client-clusters.module.gcloud_delete_default_kube_dns_configmap.module.gcloud_kubectl.null_resource.additional_components",
            "module.client-clusters.module.gcloud_delete_default_kube_dns_configmap.module.gcloud_kubectl.null_resource.additional_components_destroy",
            "module.client-clusters.module.gcloud_delete_default_kube_dns_configmap.module.gcloud_kubectl.null_resource.decompress",
            "module.client-clusters.module.gcloud_delete_default_kube_dns_configmap.module.gcloud_kubectl.null_resource.decompress_destroy",
            "module.client-clusters.module.gcloud_delete_default_kube_dns_configmap.module.gcloud_kubectl.null_resource.download_gcloud",
            "module.client-clusters.module.gcloud_delete_default_kube_dns_configmap.module.gcloud_kubectl.null_resource.download_jq",
            "module.client-clusters.module.gcloud_delete_default_kube_dns_configmap.module.gcloud_kubectl.null_resource.gcloud_auth_google_credentials",
            "module.client-clusters.module.gcloud_delete_default_kube_dns_configmap.module.gcloud_kubectl.null_resource.gcloud_auth_google_credentials_destroy",
            "module.client-clusters.module.gcloud_delete_default_kube_dns_configmap.module.gcloud_kubectl.null_resource.gcloud_auth_service_account_key_file",
            "module.client-clusters.module.gcloud_delete_default_kube_dns_configmap.module.gcloud_kubectl.null_resource.gcloud_auth_service_account_key_file_destroy",
            "module.client-clusters.module.gcloud_delete_default_kube_dns_configmap.module.gcloud_kubectl.null_resource.module_depends_on",
            "module.client-clusters.module.gcloud_delete_default_kube_dns_configmap.module.gcloud_kubectl.null_resource.prepare_cache",
            "module.client-clusters.module.gcloud_delete_default_kube_dns_configmap.module.gcloud_kubectl.null_resource.run_command",
            "module.client-clusters.module.gcloud_delete_default_kube_dns_configmap.module.gcloud_kubectl.null_resource.run_destroy_command",
            "module.client-clusters.module.gcloud_delete_default_kube_dns_configmap.module.gcloud_kubectl.null_resource.upgrade",
            "module.client-clusters.module.gcloud_delete_default_kube_dns_configmap.module.gcloud_kubectl.null_resource.upgrade_destroy",
            "module.client-clusters.module.gcloud_delete_default_kube_dns_configmap.module.gcloud_kubectl.random_id.cache",
            "module.client-clusters.random_shuffle.available_zones",
            "module.client-clusters.random_string.cluster_service_account_suffix",
            "module.project-services.google_project_service.project_services"
          ]
        }
      ]
    },
    {
      "module": "module.hub-clients[1].module.gke_hub_registration",
      "mode": "managed",
      "type": "null_resource",
      "name": "run_destroy_command",
      "provider": "provider[\"registry.terraform.io/hashicorp/null\"]",
      "instances": [
        {
          "index_key": 0,
          "schema_version": 0,
          "attributes": {
            "id": "8323816991190963357",
            "triggers": {
              "destroy_cmd_body": "1 client-1 us-west1-a gke-cluster-client-1 jk-mlops-dev",
              "destroy_cmd_entrypoint": ".terraform/modules/hub-clients/modules/hub/scripts/gke_hub_unregister.sh",
              "gcloud_bin_abs_path": "/google-cloud-sdk/bin"
            }
          },
          "sensitive_attributes": [],
          "private": "bnVsbA==",
          "dependencies": [
            "data.google_client_config.current",
            "data.google_project.project",
            "module.client-clusters.data.google_client_config.default",
            "module.client-clusters.data.google_compute_subnetwork.gke_subnetwork",
            "module.client-clusters.data.google_compute_zones.available",
            "module.client-clusters.data.google_container_engine_versions.region",
            "module.client-clusters.data.google_container_engine_versions.zone",
            "module.client-clusters.google_compute_firewall.intra_egress",
            "module.client-clusters.google_compute_firewall.master_webhooks",
            "module.client-clusters.google_compute_firewall.shadow_allow_master",
            "module.client-clusters.google_compute_firewall.shadow_allow_nodes",
            "module.client-clusters.google_compute_firewall.shadow_allow_pods",
            "module.client-clusters.google_container_cluster.primary",
            "module.client-clusters.google_container_node_pool.pools",
            "module.client-clusters.google_project_iam_member.cluster_service_account-artifact-registry",
            "module.client-clusters.google_project_iam_member.cluster_service_account-gcr",
            "module.client-clusters.google_project_iam_member.cluster_service_account-log_writer",
            "module.client-clusters.google_project_iam_member.cluster_service_account-metric_writer",
            "module.client-clusters.google_project_iam_member.cluster_service_account-monitoring_viewer",
            "module.client-clusters.google_project_iam_member.cluster_service_account-resourceMetadata-writer",
            "module.client-clusters.google_service_account.cluster_service_account",
            "module.client-clusters.kubernetes_config_map.ip-masq-agent",
            "module.client-clusters.kubernetes_config_map.kube-dns",
            "module.client-clusters.kubernetes_config_map.kube-dns-upstream-nameservers-and-stub-domains",
            "module.client-clusters.kubernetes_config_map.kube-dns-upstream-namservers",
            "module.client-clusters.module.gcloud_delete_default_kube_dns_configmap.module.gcloud_kubectl.data.external.env_override",
            "module.client-clusters.module.gcloud_delete_default_kube_dns_configmap.module.gcloud_kubectl.null_resource.additional_components",
            "module.client-clusters.module.gcloud_delete_default_kube_dns_configmap.module.gcloud_kubectl.null_resource.additional_components_destroy",
            "module.client-clusters.module.gcloud_delete_default_kube_dns_configmap.module.gcloud_kubectl.null_resource.decompress",
            "module.client-clusters.module.gcloud_delete_default_kube_dns_configmap.module.gcloud_kubectl.null_resource.decompress_destroy",
            "module.client-clusters.module.gcloud_delete_default_kube_dns_configmap.module.gcloud_kubectl.null_resource.download_gcloud",
            "module.client-clusters.module.gcloud_delete_default_kube_dns_configmap.module.gcloud_kubectl.null_resource.download_jq",
            "module.client-clusters.module.gcloud_delete_default_kube_dns_configmap.module.gcloud_kubectl.null_resource.gcloud_auth_google_credentials",
            "module.client-clusters.module.gcloud_delete_default_kube_dns_configmap.module.gcloud_kubectl.null_resource.gcloud_auth_google_credentials_destroy",
            "module.client-clusters.module.gcloud_delete_default_kube_dns_configmap.module.gcloud_kubectl.null_resource.gcloud_auth_service_account_key_file",
            "module.client-clusters.module.gcloud_delete_default_kube_dns_configmap.module.gcloud_kubectl.null_resource.gcloud_auth_service_account_key_file_destroy",
            "module.client-clusters.module.gcloud_delete_default_kube_dns_configmap.module.gcloud_kubectl.null_resource.module_depends_on",
            "module.client-clusters.module.gcloud_delete_default_kube_dns_configmap.module.gcloud_kubectl.null_resource.prepare_cache",
            "module.client-clusters.module.gcloud_delete_default_kube_dns_configmap.module.gcloud_kubectl.null_resource.run_command",
            "module.client-clusters.module.gcloud_delete_default_kube_dns_configmap.module.gcloud_kubectl.null_resource.run_destroy_command",
            "module.client-clusters.module.gcloud_delete_default_kube_dns_configmap.module.gcloud_kubectl.null_resource.upgrade",
            "module.client-clusters.module.gcloud_delete_default_kube_dns_configmap.module.gcloud_kubectl.null_resource.upgrade_destroy",
            "module.client-clusters.module.gcloud_delete_default_kube_dns_configmap.module.gcloud_kubectl.random_id.cache",
            "module.client-clusters.random_shuffle.available_zones",
            "module.client-clusters.random_string.cluster_service_account_suffix",
            "module.hub-clients.module.gke_hub_registration.data.external.env_override",
            "module.hub-clients.module.gke_hub_registration.null_resource.additional_components",
            "module.hub-clients.module.gke_hub_registration.null_resource.decompress",
            "module.hub-clients.module.gke_hub_registration.null_resource.gcloud_auth_google_credentials",
            "module.hub-clients.module.gke_hub_registration.null_resource.gcloud_auth_service_account_key_file",
            "module.hub-clients.module.gke_hub_registration.null_resource.module_depends_on",
            "module.hub-clients.module.gke_hub_registration.random_id.cache",
            "module.project-services.google_project_service.project_services"
          ]
        }
      ]
    },
    {
      "module": "module.hub-server",
      "mode": "managed",
      "type": "google_project_iam_member",
      "name": "gke_hub_member",
      "provider": "provider[\"registry.terraform.io/hashicorp/google\"]",
      "instances": [
        {
          "index_key": 0,
          "schema_version": 0,
          "attributes": {
            "condition": [],
            "etag": "BwW70x+dLcM=",
            "id": "jk-mlops-dev/roles/gkehub.connect/serviceaccount:server@jk-mlops-dev.iam.gserviceaccount.com",
            "member": "serviceAccount:server@jk-mlops-dev.iam.gserviceaccount.com",
            "project": "jk-mlops-dev",
            "role": "roles/gkehub.connect"
          },
          "sensitive_attributes": []
        }
      ]
    },
    {
      "module": "module.hub-server",
      "mode": "managed",
      "type": "google_service_account",
      "name": "gke_hub_sa",
      "provider": "provider[\"registry.terraform.io/hashicorp/google\"]",
      "instances": [
        {
          "index_key": 0,
          "schema_version": 0,
          "attributes": {
            "account_id": "server",
            "description": "",
            "display_name": "Service Account for GKE Hub Registration",
            "email": "server@jk-mlops-dev.iam.gserviceaccount.com",
            "id": "projects/jk-mlops-dev/serviceAccounts/server@jk-mlops-dev.iam.gserviceaccount.com",
            "name": "projects/jk-mlops-dev/serviceAccounts/server@jk-mlops-dev.iam.gserviceaccount.com",
            "project": "jk-mlops-dev",
            "timeouts": null,
            "unique_id": "113788779104909273656"
          },
          "sensitive_attributes": [],
          "private": "eyJlMmJmYjczMC1lY2FhLTExZTYtOGY4OC0zNDM2M2JjN2M0YzAiOnsiY3JlYXRlIjozMDAwMDAwMDAwMDB9fQ==",
          "dependencies": [
            "data.google_client_config.current"
          ]
        }
      ]
    },
    {
      "module": "module.hub-server",
      "mode": "managed",
      "type": "google_service_account_key",
      "name": "gke_hub_key",
      "provider": "provider[\"registry.terraform.io/hashicorp/google\"]",
      "instances": [
        {
          "index_key": 0,
          "schema_version": 0,
          "attributes": {
            "id": "projects/jk-mlops-dev/serviceAccounts/server@jk-mlops-dev.iam.gserviceaccount.com/keys/d9bd62e543c141bfb1965ab86a8b2b033ff97b9f",
            "keepers": null,
            "key_algorithm": "KEY_ALG_RSA_2048",
            "name": "projects/jk-mlops-dev/serviceAccounts/server@jk-mlops-dev.iam.gserviceaccount.com/keys/d9bd62e543c141bfb1965ab86a8b2b033ff97b9f",
            "private_key": "ewogICJ0eXBlIjogInNlcnZpY2VfYWNjb3VudCIsCiAgInByb2plY3RfaWQiOiAiamstbWxvcHMtZGV2IiwKICAicHJpdmF0ZV9rZXlfaWQiOiAiZDliZDYyZTU0M2MxNDFiZmIxOTY1YWI4NmE4YjJiMDMzZmY5N2I5ZiIsCiAgInByaXZhdGVfa2V5IjogIi0tLS0tQkVHSU4gUFJJVkFURSBLRVktLS0tLVxuTUlJRXZBSUJBREFOQmdrcWhraUc5dzBCQVFFRkFBU0NCS1l3Z2dTaUFnRUFBb0lCQVFEWkUzTm5hUmhCUWR0cVxuT1FrOVA2Q3kvMFQ2SnY3WHVva2VRcThFbThIeW5YUGs5Y3g0WlM0eWlOTUNFNXpwT3AxOFBOeDNyQ2NHUWNKR1xuenlXSjhLUHhsVDYvRzIwTGRQbnF1NFhQKzVaUjhBbXZWT3cra0N1b25vN25ZSGNuRWxteGZOelBGYW54Y01USlxuaUdOd3lmRkR0bXVGckc2Y054cjJRNk1DZE84cG02UGNmSUREdy9xdEtnbkZZU3B4OVdIdGtZN3RjYTljUkZSQ1xuL2tHYTJLMnE3T3ZtdkRrcUdhNVBEdyt5R2h2Z280aFE0WC9LN2greUxQTnR4aVZRMG1ITFlpT1NQSHpsb25keVxuODFWVGNQeGhVWnRFOThBZk9IQm1SUG9OYmZRMzJURVM1NU85SFdjS2VGMTR4SzNvQmRPZzRrYi9mS2FpVEJOelxuenBjTExXdWpBZ01CQUFFQ2dnRUFFdDBwQlFrSEpidEgzOUlTQy9rSXRDcTd2MGlwUFJld043N1FGUm53cWtQbFxuaTRyb0F3OE9peTladFk5U2JrVjg1R0YrUDl0b0pCZmpLVTBjdEN2WWRnak9ydTUrdE9WVzhkVHNSWGZWc2N3bVxudzA1TUhnbTFudU1jaEYzZExPVGdMTmVFSEJqWldsVVVQTXZna2E5eTRHYXNyd0tlTlc2OUpla1lkQ3V6a1kxcFxueHNqM3R1Z2g5RE1yRW4vVTVOK3lyaU54MS9iUzVMVG5DNS9xME9mb001YkQwdXpQK1RCU2Vhbjd4ZU9RenVHZ1xudGdxSkRQczk2aGtpSFcwT3hQV1U4YlRYVVRkYWZyaUIwck43WDVUcEV6RjJ5clFOTlIwSUFQV2UzUzQ5djZJS1xuQm0xeFBlRFMvWUovUmdqbnlSZlBuakk0UURUS2FPZldqVWVKSWNIVW9RS0JnUUR5Mk00RHRqNkJyRVhXanlGc1xuOVI0VDZ1Y2Jjd2Zac0w2SEJPL2pRRzFCWFBXSll3c1BiM0ZzQk9tQ25FaDRxL0VKTTY1T2U1NnJTVVVXKzdXM1xudnVkanJneWMwMHUzWkpBSWZqVEs5QmpteHUrKzJOUmxZOGxMK0FFSHA3ZW9mTnVVOXIwK3lpekkzekE0VEkzc1xueS81bk80eFpIUTV5YXZOWXF2NmtQWU5jd3dLQmdRRGsxVkc3dmVZTUlFeDY4QTVHN2VNYitSWDFVR0oveUk0SVxuQTRvMXBxenBOUGZMRlQ0bmpJb3p4WEtOMFZKZDJZcHROVzZndmJmR09CNE40WDcxc2FySElKWnc3MUpxcjZJT1xuTXN5eVVNUno1NElHRWFVZmE1R3NocVU2T3IvdzNJSys2d2s1eXNJLys2UjMwOXNYOUNkV0VmWEF0SWJhb3Q4dFxubk1lS0NuSkhvUUtCZ0MweE00VjFVTVNJN3FZekZLRldMRGJBckNscmlyWjBNY0NtcG8yLzI1VWlXMzhwczFFNFxuQi85MkdvNTN6dlRGNnFFdndPeFNEUUVMTFpSTlcwL0tjdjBWMHJzTWh6YWx2RGdZWkhLd1lrSHdHNFdFakdJaFxuNDhBRGN3MmRwSXZ5VUZxMFlCdGpQRnBWVG4vcm55M0YrSjMxY3ZUU2QzSExmV1d1ekp4NzVncEpBb0dBYldJbVxudXFad2M3Vnd1WWRNVzgxVXRVZGducTI1RjdubllwOUdqcFRJcklVY09hQkM0S2JHWFM3eHJpYXp4NWE0RzdIaFxuMnNZMU5YUVhzYXpyZ2toV0NPOWoya0liMUZGMkZuRmo5WXkwQzI5TGNOazRaQWVJVDc3ZzlpK2xGbDVoeFI4V1xuZnVDVDcvKzZ3MmlxbncyZlMvNHp5ZFRCYlh0VFVUdFRDb0lwMUdFQ2dZQW03MUdYWE0zcHJGdWJiVEtrVzMzSVxucTM5aTFUS0ZlRzI4ckhnalFEeHRBcUQvb1JwWUlNQjZXbzN2WmcwL1lVWDUxSXgzMmRNdEYrcm9UUzQ0YUxQSVxuU0xRR1N6dEgzRGU4YlNoamwxZjI4OWFxUVVRWHBhRTVXNVlza2FvdVA3cmxLOFRHcHd2Tjhjd1BuaWRUVDd2RFxuVlg1eG1FcXV2Z2NGOUlxWHhldzJCZz09XG4tLS0tLUVORCBQUklWQVRFIEtFWS0tLS0tXG4iLAogICJjbGllbnRfZW1haWwiOiAic2VydmVyQGprLW1sb3BzLWRldi5pYW0uZ3NlcnZpY2VhY2NvdW50LmNvbSIsCiAgImNsaWVudF9pZCI6ICIxMTM3ODg3NzkxMDQ5MDkyNzM2NTYiLAogICJhdXRoX3VyaSI6ICJodHRwczovL2FjY291bnRzLmdvb2dsZS5jb20vby9vYXV0aDIvYXV0aCIsCiAgInRva2VuX3VyaSI6ICJodHRwczovL29hdXRoMi5nb29nbGVhcGlzLmNvbS90b2tlbiIsCiAgImF1dGhfcHJvdmlkZXJfeDUwOV9jZXJ0X3VybCI6ICJodHRwczovL3d3dy5nb29nbGVhcGlzLmNvbS9vYXV0aDIvdjEvY2VydHMiLAogICJjbGllbnRfeDUwOV9jZXJ0X3VybCI6ICJodHRwczovL3d3dy5nb29nbGVhcGlzLmNvbS9yb2JvdC92MS9tZXRhZGF0YS94NTA5L3NlcnZlciU0MGprLW1sb3BzLWRldi5pYW0uZ3NlcnZpY2VhY2NvdW50LmNvbSIKfQo=",
            "private_key_type": "TYPE_GOOGLE_CREDENTIALS_FILE",
            "public_key": "LS0tLS1CRUdJTiBDRVJUSUZJQ0FURS0tLS0tCk1JSUMvRENDQWVTZ0F3SUJBZ0lJSTlaaXBIVFZlQmN3RFFZSktvWklodmNOQVFFRkJRQXdJREVlTUJ3R0ExVUUKQXhNVk1URXpOemc0TnpjNU1UQTBPVEE1TWpjek5qVTJNQ0FYRFRJeE1ESXlNVEEyTlRJd01Wb1lEems1T1RreApNak14TWpNMU9UVTVXakFnTVI0d0hBWURWUVFERXhVeE1UTTNPRGczTnpreE1EUTVNRGt5TnpNMk5UWXdnZ0VpCk1BMEdDU3FHU0liM0RRRUJBUVVBQTRJQkR3QXdnZ0VLQW9JQkFRRFpFM05uYVJoQlFkdHFPUWs5UDZDeS8wVDYKSnY3WHVva2VRcThFbThIeW5YUGs5Y3g0WlM0eWlOTUNFNXpwT3AxOFBOeDNyQ2NHUWNKR3p5V0o4S1B4bFQ2LwpHMjBMZFBucXU0WFArNVpSOEFtdlZPdytrQ3Vvbm83bllIY25FbG14Zk56UEZhbnhjTVRKaUdOd3lmRkR0bXVGCnJHNmNOeHIyUTZNQ2RPOHBtNlBjZklERHcvcXRLZ25GWVNweDlXSHRrWTd0Y2E5Y1JGUkMva0dhMksycTdPdm0KdkRrcUdhNVBEdyt5R2h2Z280aFE0WC9LN2greUxQTnR4aVZRMG1ITFlpT1NQSHpsb25keTgxVlRjUHhoVVp0RQo5OEFmT0hCbVJQb05iZlEzMlRFUzU1TzlIV2NLZUYxNHhLM29CZE9nNGtiL2ZLYWlUQk56enBjTExXdWpBZ01CCkFBR2pPREEyTUF3R0ExVWRFd0VCL3dRQ01BQXdEZ1lEVlIwUEFRSC9CQVFEQWdlQU1CWUdBMVVkSlFFQi93UU0KTUFvR0NDc0dBUVVGQndNQ01BMEdDU3FHU0liM0RRRUJCUVVBQTRJQkFRQXMvOSt5QS9mOUNSZC9Jbmpqck11VgpLVU5WL25jOUhSYUxhUjNQKys4SUJubCt0NytVZ1RFM0kzeDZvczZjK09jS0JuZDNpQStpRmtFa0Z0SFdxN0pFCmE0S0V3RFNYVGN1QU9LcjZVSm93OERXSGdLSUhTOHoyc3ZkSUQ5d01RT1lWTTJ5WUlKclNpQlJoeGUxMVV1NUgKRUlObEg1K0tuTFRNV3RCNTJvakptT1YvNmRLZ3JMRjk3WFplU2h2SDNGcGlrUlVUc05CVUZsYkxtOHZGREJvKwpYTU5ubXJiZ0E3cHBLQmFiUkJWZXRKcXJaZ1MrcjV4OGQyaVYrYkpEMEhBckVsckpsMDlKRmhzdlRvUHZNZ0F6Clg4NXN2Q01SNmp5eHplWnRXSFFvMU9IZEd4Q3hjanlGdC9TbmNHWmV2dVpyK080OXZOVWFENFcxdE1OMm5iV1MKLS0tLS1FTkQgQ0VSVElGSUNBVEUtLS0tLQo=",
            "public_key_data": null,
            "public_key_type": "TYPE_X509_PEM_FILE",
            "service_account_id": "projects/jk-mlops-dev/serviceAccounts/server@jk-mlops-dev.iam.gserviceaccount.com",
            "valid_after": "2021-02-21T06:52:01Z",
            "valid_before": "9999-12-31T23:59:59Z"
          },
          "sensitive_attributes": []
        }
      ]
    },
    {
      "module": "module.hub-server.module.gke_hub_registration",
      "mode": "data",
      "type": "external",
      "name": "env_override",
      "provider": "provider[\"registry.terraform.io/hashicorp/external\"]",
      "instances": [
        {
          "index_key": 0,
          "schema_version": 0,
          "attributes": {
            "id": "-",
            "program": [
              ".terraform/modules/hub-server.gke_hub_registration/terraform-google-gcloud-2.0.3/scripts/check_env.sh"
            ],
            "query": null,
            "result": {
              "download": ""
            },
            "working_dir": null
          },
          "sensitive_attributes": []
        }
      ]
    },
    {
      "module": "module.hub-server.module.gke_hub_registration",
      "mode": "managed",
      "type": "null_resource",
      "name": "module_depends_on",
      "provider": "provider[\"registry.terraform.io/hashicorp/null\"]",
      "instances": [
        {
          "index_key": 0,
          "schema_version": 0,
          "attributes": {
            "id": "2321593486688376230",
            "triggers": {
              "value": "1"
            }
          },
          "sensitive_attributes": [
            [
              {
                "type": "get_attr",
                "value": "triggers"
              },
              {
                "type": "index",
                "value": {
                  "value": "value",
                  "type": "string"
                }
              }
            ]
          ],
          "private": "bnVsbA==",
          "dependencies": [
            "data.google_client_config.current",
            "data.google_project.project",
            "module.project-services.google_project_service.project_services",
            "module.server-cluster.data.google_compute_zones.available",
            "module.server-cluster.data.google_container_engine_versions.region",
            "module.server-cluster.data.google_container_engine_versions.zone",
            "module.server-cluster.google_container_cluster.primary",
            "module.server-cluster.google_container_node_pool.pools",
            "module.server-cluster.google_service_account.cluster_service_account",
            "module.server-cluster.random_shuffle.available_zones",
            "module.server-cluster.random_string.cluster_service_account_suffix"
          ]
        }
      ]
    },
    {
      "module": "module.hub-server.module.gke_hub_registration",
      "mode": "managed",
      "type": "null_resource",
      "name": "run_destroy_command",
      "provider": "provider[\"registry.terraform.io/hashicorp/null\"]",
      "instances": [
        {
          "index_key": 0,
          "schema_version": 0,
          "attributes": {
            "id": "4497976109794020516",
            "triggers": {
              "destroy_cmd_body": "1 server us-west1-a gke-cluster-server jk-mlops-dev",
              "destroy_cmd_entrypoint": ".terraform/modules/hub-server/modules/hub/scripts/gke_hub_unregister.sh",
              "gcloud_bin_abs_path": "/google-cloud-sdk/bin"
            }
          },
          "sensitive_attributes": [],
          "private": "bnVsbA==",
          "dependencies": [
            "data.google_client_config.current",
            "data.google_project.project",
            "module.hub-server.module.gke_hub_registration.data.external.env_override",
            "module.hub-server.module.gke_hub_registration.null_resource.additional_components",
            "module.hub-server.module.gke_hub_registration.null_resource.decompress",
            "module.hub-server.module.gke_hub_registration.null_resource.gcloud_auth_google_credentials",
            "module.hub-server.module.gke_hub_registration.null_resource.gcloud_auth_service_account_key_file",
            "module.hub-server.module.gke_hub_registration.null_resource.module_depends_on",
            "module.hub-server.module.gke_hub_registration.random_id.cache",
            "module.project-services.google_project_service.project_services",
            "module.server-cluster.data.google_compute_zones.available",
            "module.server-cluster.data.google_container_engine_versions.region",
            "module.server-cluster.data.google_container_engine_versions.zone",
            "module.server-cluster.google_container_cluster.primary",
            "module.server-cluster.google_container_node_pool.pools",
            "module.server-cluster.google_service_account.cluster_service_account",
            "module.server-cluster.random_shuffle.available_zones",
            "module.server-cluster.random_string.cluster_service_account_suffix"
          ]
        }
      ]
    },
    {
      "module": "module.project-services",
      "mode": "managed",
      "type": "google_project_service",
      "name": "project_services",
      "provider": "provider[\"registry.terraform.io/hashicorp/google\"]",
      "instances": [
        {
          "index_key": "anthos.googleapis.com",
          "schema_version": 0,
          "attributes": {
            "disable_dependent_services": true,
            "disable_on_destroy": false,
            "id": "jk-mlops-dev/anthos.googleapis.com",
            "project": "jk-mlops-dev",
            "service": "anthos.googleapis.com",
            "timeouts": null
          },
          "sensitive_attributes": [],
          "private": "eyJlMmJmYjczMC1lY2FhLTExZTYtOGY4OC0zNDM2M2JjN2M0YzAiOnsiY3JlYXRlIjoxMjAwMDAwMDAwMDAwLCJkZWxldGUiOjEyMDAwMDAwMDAwMDAsInJlYWQiOjYwMDAwMDAwMDAwMCwidXBkYXRlIjoxMjAwMDAwMDAwMDAwfX0=",
          "dependencies": [
            "data.google_client_config.current"
          ]
        },
        {
          "index_key": "cloudresourcemanager.googleapis.com",
          "schema_version": 0,
          "attributes": {
            "disable_dependent_services": true,
            "disable_on_destroy": false,
            "id": "jk-mlops-dev/cloudresourcemanager.googleapis.com",
            "project": "jk-mlops-dev",
            "service": "cloudresourcemanager.googleapis.com",
            "timeouts": null
          },
          "sensitive_attributes": [],
          "private": "eyJlMmJmYjczMC1lY2FhLTExZTYtOGY4OC0zNDM2M2JjN2M0YzAiOnsiY3JlYXRlIjoxMjAwMDAwMDAwMDAwLCJkZWxldGUiOjEyMDAwMDAwMDAwMDAsInJlYWQiOjYwMDAwMDAwMDAwMCwidXBkYXRlIjoxMjAwMDAwMDAwMDAwfX0=",
          "dependencies": [
            "data.google_client_config.current"
          ]
        },
        {
          "index_key": "cloudtrace.googleapis.com",
          "schema_version": 0,
          "attributes": {
            "disable_dependent_services": true,
            "disable_on_destroy": false,
            "id": "jk-mlops-dev/cloudtrace.googleapis.com",
            "project": "jk-mlops-dev",
            "service": "cloudtrace.googleapis.com",
            "timeouts": null
          },
          "sensitive_attributes": [],
          "private": "eyJlMmJmYjczMC1lY2FhLTExZTYtOGY4OC0zNDM2M2JjN2M0YzAiOnsiY3JlYXRlIjoxMjAwMDAwMDAwMDAwLCJkZWxldGUiOjEyMDAwMDAwMDAwMDAsInJlYWQiOjYwMDAwMDAwMDAwMCwidXBkYXRlIjoxMjAwMDAwMDAwMDAwfX0=",
          "dependencies": [
            "data.google_client_config.current"
          ]
        },
        {
          "index_key": "compute.googleapis.com",
          "schema_version": 0,
          "attributes": {
            "disable_dependent_services": true,
            "disable_on_destroy": false,
            "id": "jk-mlops-dev/compute.googleapis.com",
            "project": "jk-mlops-dev",
            "service": "compute.googleapis.com",
            "timeouts": null
          },
          "sensitive_attributes": [],
          "private": "eyJlMmJmYjczMC1lY2FhLTExZTYtOGY4OC0zNDM2M2JjN2M0YzAiOnsiY3JlYXRlIjoxMjAwMDAwMDAwMDAwLCJkZWxldGUiOjEyMDAwMDAwMDAwMDAsInJlYWQiOjYwMDAwMDAwMDAwMCwidXBkYXRlIjoxMjAwMDAwMDAwMDAwfX0=",
          "dependencies": [
            "data.google_client_config.current"
          ]
        },
        {
          "index_key": "container.googleapis.com",
          "schema_version": 0,
          "attributes": {
            "disable_dependent_services": true,
            "disable_on_destroy": false,
            "id": "jk-mlops-dev/container.googleapis.com",
            "project": "jk-mlops-dev",
            "service": "container.googleapis.com",
            "timeouts": null
          },
          "sensitive_attributes": [],
          "private": "eyJlMmJmYjczMC1lY2FhLTExZTYtOGY4OC0zNDM2M2JjN2M0YzAiOnsiY3JlYXRlIjoxMjAwMDAwMDAwMDAwLCJkZWxldGUiOjEyMDAwMDAwMDAwMDAsInJlYWQiOjYwMDAwMDAwMDAwMCwidXBkYXRlIjoxMjAwMDAwMDAwMDAwfX0=",
          "dependencies": [
            "data.google_client_config.current"
          ]
        },
        {
          "index_key": "gkeconnect.googleapis.com",
          "schema_version": 0,
          "attributes": {
            "disable_dependent_services": true,
            "disable_on_destroy": false,
            "id": "jk-mlops-dev/gkeconnect.googleapis.com",
            "project": "jk-mlops-dev",
            "service": "gkeconnect.googleapis.com",
            "timeouts": null
          },
          "sensitive_attributes": [],
          "private": "eyJlMmJmYjczMC1lY2FhLTExZTYtOGY4OC0zNDM2M2JjN2M0YzAiOnsiY3JlYXRlIjoxMjAwMDAwMDAwMDAwLCJkZWxldGUiOjEyMDAwMDAwMDAwMDAsInJlYWQiOjYwMDAwMDAwMDAwMCwidXBkYXRlIjoxMjAwMDAwMDAwMDAwfX0=",
          "dependencies": [
            "data.google_client_config.current"
          ]
        },
        {
          "index_key": "gkehub.googleapis.com",
          "schema_version": 0,
          "attributes": {
            "disable_dependent_services": true,
            "disable_on_destroy": false,
            "id": "jk-mlops-dev/gkehub.googleapis.com",
            "project": "jk-mlops-dev",
            "service": "gkehub.googleapis.com",
            "timeouts": null
          },
          "sensitive_attributes": [],
          "private": "eyJlMmJmYjczMC1lY2FhLTExZTYtOGY4OC0zNDM2M2JjN2M0YzAiOnsiY3JlYXRlIjoxMjAwMDAwMDAwMDAwLCJkZWxldGUiOjEyMDAwMDAwMDAwMDAsInJlYWQiOjYwMDAwMDAwMDAwMCwidXBkYXRlIjoxMjAwMDAwMDAwMDAwfX0=",
          "dependencies": [
            "data.google_client_config.current"
          ]
        },
        {
          "index_key": "iam.googleapis.com",
          "schema_version": 0,
          "attributes": {
            "disable_dependent_services": true,
            "disable_on_destroy": false,
            "id": "jk-mlops-dev/iam.googleapis.com",
            "project": "jk-mlops-dev",
            "service": "iam.googleapis.com",
            "timeouts": null
          },
          "sensitive_attributes": [],
          "private": "eyJlMmJmYjczMC1lY2FhLTExZTYtOGY4OC0zNDM2M2JjN2M0YzAiOnsiY3JlYXRlIjoxMjAwMDAwMDAwMDAwLCJkZWxldGUiOjEyMDAwMDAwMDAwMDAsInJlYWQiOjYwMDAwMDAwMDAwMCwidXBkYXRlIjoxMjAwMDAwMDAwMDAwfX0=",
          "dependencies": [
            "data.google_client_config.current"
          ]
        },
        {
          "index_key": "iamcredentials.googleapis.com",
          "schema_version": 0,
          "attributes": {
            "disable_dependent_services": true,
            "disable_on_destroy": false,
            "id": "jk-mlops-dev/iamcredentials.googleapis.com",
            "project": "jk-mlops-dev",
            "service": "iamcredentials.googleapis.com",
            "timeouts": null
          },
          "sensitive_attributes": [],
          "private": "eyJlMmJmYjczMC1lY2FhLTExZTYtOGY4OC0zNDM2M2JjN2M0YzAiOnsiY3JlYXRlIjoxMjAwMDAwMDAwMDAwLCJkZWxldGUiOjEyMDAwMDAwMDAwMDAsInJlYWQiOjYwMDAwMDAwMDAwMCwidXBkYXRlIjoxMjAwMDAwMDAwMDAwfX0=",
          "dependencies": [
            "data.google_client_config.current"
          ]
        },
        {
          "index_key": "logging.googleapis.com",
          "schema_version": 0,
          "attributes": {
            "disable_dependent_services": true,
            "disable_on_destroy": false,
            "id": "jk-mlops-dev/logging.googleapis.com",
            "project": "jk-mlops-dev",
            "service": "logging.googleapis.com",
            "timeouts": null
          },
          "sensitive_attributes": [],
          "private": "eyJlMmJmYjczMC1lY2FhLTExZTYtOGY4OC0zNDM2M2JjN2M0YzAiOnsiY3JlYXRlIjoxMjAwMDAwMDAwMDAwLCJkZWxldGUiOjEyMDAwMDAwMDAwMDAsInJlYWQiOjYwMDAwMDAwMDAwMCwidXBkYXRlIjoxMjAwMDAwMDAwMDAwfX0=",
          "dependencies": [
            "data.google_client_config.current"
          ]
        },
        {
          "index_key": "meshca.googleapis.com",
          "schema_version": 0,
          "attributes": {
            "disable_dependent_services": true,
            "disable_on_destroy": false,
            "id": "jk-mlops-dev/meshca.googleapis.com",
            "project": "jk-mlops-dev",
            "service": "meshca.googleapis.com",
            "timeouts": null
          },
          "sensitive_attributes": [],
          "private": "eyJlMmJmYjczMC1lY2FhLTExZTYtOGY4OC0zNDM2M2JjN2M0YzAiOnsiY3JlYXRlIjoxMjAwMDAwMDAwMDAwLCJkZWxldGUiOjEyMDAwMDAwMDAwMDAsInJlYWQiOjYwMDAwMDAwMDAwMCwidXBkYXRlIjoxMjAwMDAwMDAwMDAwfX0=",
          "dependencies": [
            "data.google_client_config.current"
          ]
        },
        {
          "index_key": "meshconfig.googleapis.com",
          "schema_version": 0,
          "attributes": {
            "disable_dependent_services": true,
            "disable_on_destroy": false,
            "id": "jk-mlops-dev/meshconfig.googleapis.com",
            "project": "jk-mlops-dev",
            "service": "meshconfig.googleapis.com",
            "timeouts": null
          },
          "sensitive_attributes": [],
          "private": "eyJlMmJmYjczMC1lY2FhLTExZTYtOGY4OC0zNDM2M2JjN2M0YzAiOnsiY3JlYXRlIjoxMjAwMDAwMDAwMDAwLCJkZWxldGUiOjEyMDAwMDAwMDAwMDAsInJlYWQiOjYwMDAwMDAwMDAwMCwidXBkYXRlIjoxMjAwMDAwMDAwMDAwfX0=",
          "dependencies": [
            "data.google_client_config.current"
          ]
        },
        {
          "index_key": "meshtelemetry.googleapis.com",
          "schema_version": 0,
          "attributes": {
            "disable_dependent_services": true,
            "disable_on_destroy": false,
            "id": "jk-mlops-dev/meshtelemetry.googleapis.com",
            "project": "jk-mlops-dev",
            "service": "meshtelemetry.googleapis.com",
            "timeouts": null
          },
          "sensitive_attributes": [],
          "private": "eyJlMmJmYjczMC1lY2FhLTExZTYtOGY4OC0zNDM2M2JjN2M0YzAiOnsiY3JlYXRlIjoxMjAwMDAwMDAwMDAwLCJkZWxldGUiOjEyMDAwMDAwMDAwMDAsInJlYWQiOjYwMDAwMDAwMDAwMCwidXBkYXRlIjoxMjAwMDAwMDAwMDAwfX0=",
          "dependencies": [
            "data.google_client_config.current"
          ]
        },
        {
          "index_key": "monitoring.googleapis.com",
          "schema_version": 0,
          "attributes": {
            "disable_dependent_services": true,
            "disable_on_destroy": false,
            "id": "jk-mlops-dev/monitoring.googleapis.com",
            "project": "jk-mlops-dev",
            "service": "monitoring.googleapis.com",
            "timeouts": null
          },
          "sensitive_attributes": [],
          "private": "eyJlMmJmYjczMC1lY2FhLTExZTYtOGY4OC0zNDM2M2JjN2M0YzAiOnsiY3JlYXRlIjoxMjAwMDAwMDAwMDAwLCJkZWxldGUiOjEyMDAwMDAwMDAwMDAsInJlYWQiOjYwMDAwMDAwMDAwMCwidXBkYXRlIjoxMjAwMDAwMDAwMDAwfX0=",
          "dependencies": [
            "data.google_client_config.current"
          ]
        }
      ]
    },
    {
      "module": "module.server-cluster",
      "mode": "data",
      "type": "google_compute_zones",
      "name": "available",
      "provider": "provider[\"registry.terraform.io/hashicorp/google-beta\"]",
      "instances": [
        {
          "schema_version": 0,
          "attributes": {
            "id": "projects/jk-mlops-dev/regions/us-west1",
            "names": [
              "us-west1-a",
              "us-west1-b",
              "us-west1-c"
            ],
            "project": "jk-mlops-dev",
            "region": "us-west1",
            "status": null
          },
          "sensitive_attributes": []
        }
      ]
    },
    {
      "module": "module.server-cluster",
      "mode": "data",
      "type": "google_container_engine_versions",
      "name": "region",
      "provider": "provider[\"registry.terraform.io/hashicorp/google\"]",
      "instances": [
        {
          "schema_version": 0,
          "attributes": {
            "default_cluster_version": "1.17.15-gke.800",
            "id": "2021-02-21 06:51:50.267597873 +0000 UTC",
            "latest_master_version": "1.18.15-gke.1500",
            "latest_node_version": "1.18.15-gke.1500",
            "location": "us-west1-a",
            "project": "jk-mlops-dev",
            "release_channel_default_version": {
              "RAPID": "1.19.7-gke.1302",
              "REGULAR": "1.18.12-gke.1210",
              "STABLE": "1.17.15-gke.800"
            },
            "valid_master_versions": [
              "1.18.15-gke.1500",
              "1.18.15-gke.1100",
              "1.18.14-gke.1600",
              "1.18.14-gke.1200",
              "1.18.12-gke.1210",
              "1.18.12-gke.1206",
              "1.17.17-gke.1500",
              "1.17.17-gke.1100",
              "1.17.17-gke.600",
              "1.17.16-gke.1600",
              "1.17.16-gke.1300",
              "1.17.15-gke.800",
              "1.16.15-gke.11800",
              "1.16.15-gke.10600",
              "1.16.15-gke.7800",
              "1.15.12-gke.6002"
            ],
            "valid_node_versions": [
              "1.18.15-gke.1500",
              "1.18.15-gke.1100",
              "1.18.15-gke.800",
              "1.18.14-gke.1600",
              "1.18.14-gke.1200",
              "1.18.12-gke.1210",
              "1.18.12-gke.1206",
              "1.18.12-gke.1205",
              "1.18.12-gke.1201",
              "1.18.12-gke.1200",
              "1.18.12-gke.300",
              "1.18.10-gke.2701",
              "1.18.10-gke.2101",
              "1.18.10-gke.1500",
              "1.18.10-gke.601",
              "1.18.9-gke.2501",
              "1.18.9-gke.1501",
              "1.18.9-gke.801",
              "1.18.6-gke.4801",
              "1.18.6-gke.3504",
              "1.18.6-gke.3503",
              "1.17.17-gke.1500",
              "1.17.17-gke.1100",
              "1.17.17-gke.600",
              "1.17.16-gke.1600",
              "1.17.16-gke.1300",
              "1.17.15-gke.800",
              "1.17.15-gke.300",
              "1.17.14-gke.1600",
              "1.17.14-gke.1200",
              "1.17.14-gke.400",
              "1.17.13-gke.2600",
              "1.17.13-gke.2001",
              "1.17.13-gke.1401",
              "1.17.13-gke.1400",
              "1.17.13-gke.600",
              "1.17.12-gke.2502",
              "1.17.12-gke.1504",
              "1.17.12-gke.1501",
              "1.17.12-gke.500",
              "1.17.9-gke.6300",
              "1.17.9-gke.1504",
              "1.16.15-gke.11800",
              "1.16.15-gke.10600",
              "1.16.15-gke.7800",
              "1.16.15-gke.7300",
              "1.16.15-gke.6900",
              "1.16.15-gke.6000",
              "1.16.15-gke.5500",
              "1.16.15-gke.4901",
              "1.16.15-gke.4301",
              "1.16.15-gke.4300",
              "1.16.15-gke.3500",
              "1.16.15-gke.2601",
              "1.16.15-gke.1600",
              "1.16.15-gke.500",
              "1.16.13-gke.404",
              "1.16.13-gke.403",
              "1.16.13-gke.401",
              "1.16.13-gke.400",
              "1.16.13-gke.1",
              "1.16.11-gke.5",
              "1.16.10-gke.8",
              "1.16.9-gke.6",
              "1.16.9-gke.2",
              "1.16.8-gke.15",
              "1.16.8-gke.12",
              "1.16.8-gke.9",
              "1.15.12-gke.6002",
              "1.15.12-gke.6001",
              "1.15.12-gke.5000",
              "1.15.12-gke.4002",
              "1.15.12-gke.4000",
              "1.15.12-gke.20",
              "1.15.12-gke.17",
              "1.15.12-gke.16",
              "1.15.12-gke.13",
              "1.15.12-gke.9",
              "1.15.12-gke.6",
              "1.15.12-gke.3",
              "1.15.12-gke.2",
              "1.15.11-gke.17",
              "1.15.11-gke.15",
              "1.15.11-gke.13",
              "1.15.11-gke.12",
              "1.15.11-gke.11",
              "1.15.11-gke.9",
              "1.15.11-gke.5",
              "1.15.11-gke.3",
              "1.15.11-gke.1",
              "1.15.9-gke.26",
              "1.15.9-gke.24",
              "1.15.9-gke.22",
              "1.15.9-gke.12",
              "1.15.9-gke.9",
              "1.15.9-gke.8",
              "1.15.8-gke.3",
              "1.15.8-gke.2",
              "1.15.7-gke.23",
              "1.15.7-gke.2",
              "1.15.4-gke.22",
              "1.14.10-gke.1504",
              "1.14.10-gke.902",
              "1.14.10-gke.50",
              "1.14.10-gke.46",
              "1.14.10-gke.45",
              "1.14.10-gke.42",
              "1.14.10-gke.41",
              "1.14.10-gke.40",
              "1.14.10-gke.37",
              "1.14.10-gke.36",
              "1.14.10-gke.34",
              "1.14.10-gke.32",
              "1.14.10-gke.31",
              "1.14.10-gke.27",
              "1.14.10-gke.24",
              "1.14.10-gke.22",
              "1.14.10-gke.21",
              "1.14.10-gke.17",
              "1.14.10-gke.0",
              "1.14.9-gke.23",
              "1.14.9-gke.2",
              "1.14.9-gke.0",
              "1.14.8-gke.33",
              "1.14.8-gke.21",
              "1.14.8-gke.18",
              "1.14.8-gke.17",
              "1.14.8-gke.14",
              "1.14.8-gke.12",
              "1.14.8-gke.7",
              "1.14.8-gke.2",
              "1.14.7-gke.40",
              "1.14.7-gke.25",
              "1.14.7-gke.23",
              "1.14.7-gke.17",
              "1.14.7-gke.14",
              "1.14.7-gke.10",
              "1.14.6-gke.13",
              "1.14.6-gke.2",
              "1.14.6-gke.1",
              "1.14.3-gke.11",
              "1.14.3-gke.10",
              "1.14.3-gke.9",
              "1.14.2-gke.9",
              "1.14.1-gke.5",
              "1.13.12-gke.30",
              "1.13.12-gke.25",
              "1.13.12-gke.17",
              "1.13.12-gke.16",
              "1.13.12-gke.14",
              "1.13.12-gke.13",
              "1.13.12-gke.10",
              "1.13.12-gke.8",
              "1.13.12-gke.4",
              "1.13.12-gke.2",
              "1.13.11-gke.23",
              "1.13.11-gke.15",
              "1.13.11-gke.14",
              "1.13.11-gke.12",
              "1.13.11-gke.11",
              "1.13.11-gke.9",
              "1.13.11-gke.5",
              "1.13.10-gke.7",
              "1.13.10-gke.0",
              "1.13.9-gke.11",
              "1.13.9-gke.3",
              "1.13.7-gke.24",
              "1.13.7-gke.19",
              "1.13.7-gke.15",
              "1.13.7-gke.8",
              "1.13.7-gke.0",
              "1.13.6-gke.13",
              "1.13.6-gke.6",
              "1.13.6-gke.5",
              "1.13.6-gke.0",
              "1.13.5-gke.10",
              "1.12.10-gke.22",
              "1.12.10-gke.20",
              "1.12.10-gke.19",
              "1.12.10-gke.18",
              "1.12.10-gke.17",
              "1.12.10-gke.15",
              "1.12.10-gke.13",
              "1.12.10-gke.11",
              "1.12.10-gke.5",
              "1.12.9-gke.16",
              "1.12.9-gke.15",
              "1.12.9-gke.13",
              "1.12.9-gke.10",
              "1.12.9-gke.7",
              "1.12.9-gke.3",
              "1.12.8-gke.12",
              "1.12.8-gke.10",
              "1.12.8-gke.7",
              "1.12.8-gke.6",
              "1.12.7-gke.26",
              "1.12.7-gke.25",
              "1.12.7-gke.24",
              "1.12.7-gke.22",
              "1.12.7-gke.21",
              "1.12.7-gke.17",
              "1.12.7-gke.10",
              "1.12.7-gke.7",
              "1.12.6-gke.11",
              "1.12.6-gke.10",
              "1.12.6-gke.7",
              "1.12.5-gke.10",
              "1.12.5-gke.5",
              "1.11.10-gke.6",
              "1.11.10-gke.5"
            ],
            "version_prefix": null
          },
          "sensitive_attributes": []
        }
      ]
    },
    {
      "module": "module.server-cluster",
      "mode": "data",
      "type": "google_container_engine_versions",
      "name": "zone",
      "provider": "provider[\"registry.terraform.io/hashicorp/google\"]",
      "instances": [
        {
          "schema_version": 0,
          "attributes": {
            "default_cluster_version": "1.17.15-gke.800",
            "id": "2021-02-21 06:51:50.576743187 +0000 UTC",
            "latest_master_version": "1.18.15-gke.1500",
            "latest_node_version": "1.18.15-gke.1500",
            "location": "us-west1-a",
            "project": "jk-mlops-dev",
            "release_channel_default_version": {
              "RAPID": "1.19.7-gke.1302",
              "REGULAR": "1.18.12-gke.1210",
              "STABLE": "1.17.15-gke.800"
            },
            "valid_master_versions": [
              "1.18.15-gke.1500",
              "1.18.15-gke.1100",
              "1.18.14-gke.1600",
              "1.18.14-gke.1200",
              "1.18.12-gke.1210",
              "1.18.12-gke.1206",
              "1.17.17-gke.1500",
              "1.17.17-gke.1100",
              "1.17.17-gke.600",
              "1.17.16-gke.1600",
              "1.17.16-gke.1300",
              "1.17.15-gke.800",
              "1.16.15-gke.11800",
              "1.16.15-gke.10600",
              "1.16.15-gke.7800",
              "1.15.12-gke.6002"
            ],
            "valid_node_versions": [
              "1.18.15-gke.1500",
              "1.18.15-gke.1100",
              "1.18.15-gke.800",
              "1.18.14-gke.1600",
              "1.18.14-gke.1200",
              "1.18.12-gke.1210",
              "1.18.12-gke.1206",
              "1.18.12-gke.1205",
              "1.18.12-gke.1201",
              "1.18.12-gke.1200",
              "1.18.12-gke.300",
              "1.18.10-gke.2701",
              "1.18.10-gke.2101",
              "1.18.10-gke.1500",
              "1.18.10-gke.601",
              "1.18.9-gke.2501",
              "1.18.9-gke.1501",
              "1.18.9-gke.801",
              "1.18.6-gke.4801",
              "1.18.6-gke.3504",
              "1.18.6-gke.3503",
              "1.17.17-gke.1500",
              "1.17.17-gke.1100",
              "1.17.17-gke.600",
              "1.17.16-gke.1600",
              "1.17.16-gke.1300",
              "1.17.15-gke.800",
              "1.17.15-gke.300",
              "1.17.14-gke.1600",
              "1.17.14-gke.1200",
              "1.17.14-gke.400",
              "1.17.13-gke.2600",
              "1.17.13-gke.2001",
              "1.17.13-gke.1401",
              "1.17.13-gke.1400",
              "1.17.13-gke.600",
              "1.17.12-gke.2502",
              "1.17.12-gke.1504",
              "1.17.12-gke.1501",
              "1.17.12-gke.500",
              "1.17.9-gke.6300",
              "1.17.9-gke.1504",
              "1.16.15-gke.11800",
              "1.16.15-gke.10600",
              "1.16.15-gke.7800",
              "1.16.15-gke.7300",
              "1.16.15-gke.6900",
              "1.16.15-gke.6000",
              "1.16.15-gke.5500",
              "1.16.15-gke.4901",
              "1.16.15-gke.4301",
              "1.16.15-gke.4300",
              "1.16.15-gke.3500",
              "1.16.15-gke.2601",
              "1.16.15-gke.1600",
              "1.16.15-gke.500",
              "1.16.13-gke.404",
              "1.16.13-gke.403",
              "1.16.13-gke.401",
              "1.16.13-gke.400",
              "1.16.13-gke.1",
              "1.16.11-gke.5",
              "1.16.10-gke.8",
              "1.16.9-gke.6",
              "1.16.9-gke.2",
              "1.16.8-gke.15",
              "1.16.8-gke.12",
              "1.16.8-gke.9",
              "1.15.12-gke.6002",
              "1.15.12-gke.6001",
              "1.15.12-gke.5000",
              "1.15.12-gke.4002",
              "1.15.12-gke.4000",
              "1.15.12-gke.20",
              "1.15.12-gke.17",
              "1.15.12-gke.16",
              "1.15.12-gke.13",
              "1.15.12-gke.9",
              "1.15.12-gke.6",
              "1.15.12-gke.3",
              "1.15.12-gke.2",
              "1.15.11-gke.17",
              "1.15.11-gke.15",
              "1.15.11-gke.13",
              "1.15.11-gke.12",
              "1.15.11-gke.11",
              "1.15.11-gke.9",
              "1.15.11-gke.5",
              "1.15.11-gke.3",
              "1.15.11-gke.1",
              "1.15.9-gke.26",
              "1.15.9-gke.24",
              "1.15.9-gke.22",
              "1.15.9-gke.12",
              "1.15.9-gke.9",
              "1.15.9-gke.8",
              "1.15.8-gke.3",
              "1.15.8-gke.2",
              "1.15.7-gke.23",
              "1.15.7-gke.2",
              "1.15.4-gke.22",
              "1.14.10-gke.1504",
              "1.14.10-gke.902",
              "1.14.10-gke.50",
              "1.14.10-gke.46",
              "1.14.10-gke.45",
              "1.14.10-gke.42",
              "1.14.10-gke.41",
              "1.14.10-gke.40",
              "1.14.10-gke.37",
              "1.14.10-gke.36",
              "1.14.10-gke.34",
              "1.14.10-gke.32",
              "1.14.10-gke.31",
              "1.14.10-gke.27",
              "1.14.10-gke.24",
              "1.14.10-gke.22",
              "1.14.10-gke.21",
              "1.14.10-gke.17",
              "1.14.10-gke.0",
              "1.14.9-gke.23",
              "1.14.9-gke.2",
              "1.14.9-gke.0",
              "1.14.8-gke.33",
              "1.14.8-gke.21",
              "1.14.8-gke.18",
              "1.14.8-gke.17",
              "1.14.8-gke.14",
              "1.14.8-gke.12",
              "1.14.8-gke.7",
              "1.14.8-gke.2",
              "1.14.7-gke.40",
              "1.14.7-gke.25",
              "1.14.7-gke.23",
              "1.14.7-gke.17",
              "1.14.7-gke.14",
              "1.14.7-gke.10",
              "1.14.6-gke.13",
              "1.14.6-gke.2",
              "1.14.6-gke.1",
              "1.14.3-gke.11",
              "1.14.3-gke.10",
              "1.14.3-gke.9",
              "1.14.2-gke.9",
              "1.14.1-gke.5",
              "1.13.12-gke.30",
              "1.13.12-gke.25",
              "1.13.12-gke.17",
              "1.13.12-gke.16",
              "1.13.12-gke.14",
              "1.13.12-gke.13",
              "1.13.12-gke.10",
              "1.13.12-gke.8",
              "1.13.12-gke.4",
              "1.13.12-gke.2",
              "1.13.11-gke.23",
              "1.13.11-gke.15",
              "1.13.11-gke.14",
              "1.13.11-gke.12",
              "1.13.11-gke.11",
              "1.13.11-gke.9",
              "1.13.11-gke.5",
              "1.13.10-gke.7",
              "1.13.10-gke.0",
              "1.13.9-gke.11",
              "1.13.9-gke.3",
              "1.13.7-gke.24",
              "1.13.7-gke.19",
              "1.13.7-gke.15",
              "1.13.7-gke.8",
              "1.13.7-gke.0",
              "1.13.6-gke.13",
              "1.13.6-gke.6",
              "1.13.6-gke.5",
              "1.13.6-gke.0",
              "1.13.5-gke.10",
              "1.12.10-gke.22",
              "1.12.10-gke.20",
              "1.12.10-gke.19",
              "1.12.10-gke.18",
              "1.12.10-gke.17",
              "1.12.10-gke.15",
              "1.12.10-gke.13",
              "1.12.10-gke.11",
              "1.12.10-gke.5",
              "1.12.9-gke.16",
              "1.12.9-gke.15",
              "1.12.9-gke.13",
              "1.12.9-gke.10",
              "1.12.9-gke.7",
              "1.12.9-gke.3",
              "1.12.8-gke.12",
              "1.12.8-gke.10",
              "1.12.8-gke.7",
              "1.12.8-gke.6",
              "1.12.7-gke.26",
              "1.12.7-gke.25",
              "1.12.7-gke.24",
              "1.12.7-gke.22",
              "1.12.7-gke.21",
              "1.12.7-gke.17",
              "1.12.7-gke.10",
              "1.12.7-gke.7",
              "1.12.6-gke.11",
              "1.12.6-gke.10",
              "1.12.6-gke.7",
              "1.12.5-gke.10",
              "1.12.5-gke.5",
              "1.11.10-gke.6",
              "1.11.10-gke.5"
            ],
            "version_prefix": null
          },
          "sensitive_attributes": []
        }
      ]
    },
    {
      "module": "module.server-cluster",
      "mode": "managed",
      "type": "google_container_cluster",
      "name": "primary",
      "provider": "provider[\"registry.terraform.io/hashicorp/google-beta\"]",
      "instances": [
        {
          "schema_version": 1,
          "attributes": {
            "addons_config": [
              {
                "cloudrun_config": [],
                "config_connector_config": [
                  {
                    "enabled": false
                  }
                ],
                "dns_cache_config": [
                  {
                    "enabled": false
                  }
                ],
                "gce_persistent_disk_csi_driver_config": [
                  {
                    "enabled": false
                  }
                ],
                "horizontal_pod_autoscaling": [
                  {
                    "disabled": false
                  }
                ],
                "http_load_balancing": [
                  {
                    "disabled": false
                  }
                ],
                "istio_config": [
                  {
                    "auth": "AUTH_MUTUAL_TLS",
                    "disabled": true
                  }
                ],
                "kalm_config": [
                  {
                    "enabled": false
                  }
                ],
                "network_policy_config": [
                  {
                    "disabled": false
                  }
                ]
              }
            ],
            "authenticator_groups_config": [],
            "cluster_autoscaling": [
              {
                "auto_provisioning_defaults": [],
                "autoscaling_profile": "BALANCED",
                "enabled": false,
                "resource_limits": []
              }
            ],
            "cluster_ipv4_cidr": "10.12.0.0/14",
            "cluster_telemetry": [
              {
                "type": "ENABLED"
              }
            ],
            "confidential_nodes": [],
            "database_encryption": [
              {
                "key_name": "",
                "state": "DECRYPTED"
              }
            ],
            "datapath_provider": "",
            "default_max_pods_per_node": 110,
            "default_snat_status": [
              {
                "disabled": false
              }
            ],
            "description": "",
            "enable_binary_authorization": false,
            "enable_intranode_visibility": false,
            "enable_kubernetes_alpha": false,
            "enable_legacy_abac": false,
            "enable_shielded_nodes": true,
            "enable_tpu": false,
            "endpoint": "34.83.9.70",
            "id": "projects/jk-mlops-dev/locations/us-west1-a/clusters/gke-cluster-server",
            "initial_node_count": 0,
            "instance_group_urls": [
              "https://www.googleapis.com/compute/beta/projects/jk-mlops-dev/zones/us-west1-a/instanceGroups/gke-gke-cluster-server-default-pool-8630c271-grp"
            ],
            "ip_allocation_policy": [
              {
                "cluster_ipv4_cidr_block": "10.12.0.0/14",
                "cluster_secondary_range_name": "gke-gke-cluster-server-pods-1cb014cd",
                "services_ipv4_cidr_block": "10.16.0.0/20",
                "services_secondary_range_name": "gke-gke-cluster-server-services-1cb014cd"
              }
            ],
            "label_fingerprint": "6affcf98",
            "location": "us-west1-a",
            "logging_service": "logging.googleapis.com/kubernetes",
            "maintenance_policy": [
              {
                "daily_maintenance_window": [
                  {
                    "duration": "PT4H0M0S",
                    "start_time": "05:00"
                  }
                ],
                "maintenance_exclusion": [],
                "recurring_window": []
              }
            ],
            "master_auth": [
              {
                "client_certificate": "",
                "client_certificate_config": [
                  {
                    "issue_client_certificate": false
                  }
                ],
                "client_key": "",
                "cluster_ca_certificate": "LS0tLS1CRUdJTiBDRVJUSUZJQ0FURS0tLS0tCk1JSURLekNDQWhPZ0F3SUJBZ0lSQUtQRXoyNlJMd1dRYUcwNHVwQ2s1eWt3RFFZSktvWklodmNOQVFFTEJRQXcKTHpFdE1Dc0dBMVVFQXhNa1pqYzNOR1ZqWkRZdFkyWTBaUzAwWmpnMUxXRmtaamt0WVRCbFkyTXlOR0ZsTVRBMwpNQjRYRFRJeE1ESXlNVEExTlRJd05sb1hEVEkyTURJeU1EQTJOVEl3Tmxvd0x6RXRNQ3NHQTFVRUF4TWtaamMzCk5HVmpaRFl0WTJZMFpTMDBaamcxTFdGa1pqa3RZVEJsWTJNeU5HRmxNVEEzTUlJQklqQU5CZ2txaGtpRzl3MEIKQVFFRkFBT0NBUThBTUlJQkNnS0NBUUVBb0d6Mk8wOHV0eTYyRXVSTVcvcHF3SVd1SU9kaXVxQ3U4TkFtSUdINApKbTd6cDR1WWVjL0d1czd6aFRTWi9TNzhGNUl5TkFUTWphM0N3UlRYRkR4K2hOQ2F5S0J2WDFYamFXeWpZOUpZCjZtT3ByWmhYVldEaHgzKzNjLzYyM08wNmorejhyTlk5YW1DNUZ2YUxYa0tSUEo1SUtPaXJkdk9TckhJTzYyR2UKWktDN3JiMWQ3V0wxY01MS0Zmb05pZldIMzdsOUlSaGF3T2FTZzR3Y3RrV1A3QkF3UkkwRE5acFBMR1RDOHZGZgpPZitLeUl0M2IyaVU1WDVGUVVXM1BEd0krYTRWWHdNeXFpMHVXb3VRSVo4ZCtTdmFSNG53N2NwMjJicWM0RU8xCmdFa1g3WVFMSHhkdzIvQ0FpemRQa2xMZDExaVR4UVpJamsyZkN1Ny9TYW5IaFFJREFRQUJvMEl3UURBT0JnTlYKSFE4QkFmOEVCQU1DQWdRd0R3WURWUjBUQVFIL0JBVXdBd0VCL3pBZEJnTlZIUTRFRmdRVXk4VndoVlY3TXFHVgphcjFoVTY2TTJxeHdkZ0l3RFFZSktvWklodmNOQVFFTEJRQURnZ0VCQURvRWtTMjQ2cWtUelZwRnZDWnhjTzkxCldONERZREU4VjdSS2hKL2svY1pqMzFRak1NVHFmUlZ5akJyc2lZUWxFb2JNYTByQm10eU9kUlB2S0lHU3NQS04KMms1ZTVFdm9UQ1U0NThKemdmeEZSZUFRcUxlL3hLbVh2YkJyZ2ZpWUVMR2Z4ZlBNWktWSk1KZE42NWVKTlhtegpTaHkwWmVLdlVaa1JZWU00RkU1dGdKMDJjb1ZXeGdBbFY5VGVRK3BrUmxoaGd1UVptUHVoY29ad3FGMDc3VzRkCmxtdzZTbTZoNkdKdzJ0VXNFZ0daY3J1MjdqT3Q5TEtVNmowMWpaUWdWQkNjTHZJVDhkWE5zU1k1RXIydGQ0SXAKYXJFT1Axbi9YTXJqaWxoUU43Sk82TWJuZnNUamJ3N2Y4cE16VWptT2w1MWt2UDJXS1lJK1ExVnU4UnJHZ1VjPQotLS0tLUVORCBDRVJUSUZJQ0FURS0tLS0tCg==",
                "password": "",
                "username": ""
              }
            ],
            "master_authorized_networks_config": [],
            "master_version": "1.18.12-gke.1210",
            "min_master_version": null,
            "monitoring_service": "monitoring.googleapis.com/kubernetes",
            "name": "gke-cluster-server",
            "network": "projects/jk-mlops-dev/global/networks/default",
            "network_policy": [
              {
                "enabled": true,
                "provider": "CALICO"
              }
            ],
            "networking_mode": "VPC_NATIVE",
            "node_config": [
              {
                "boot_disk_kms_key": "",
                "disk_size_gb": 100,
                "disk_type": "pd-standard",
                "guest_accelerator": [],
                "image_type": "COS",
                "kubelet_config": [],
                "labels": {},
                "linux_node_config": [],
                "local_ssd_count": 0,
                "machine_type": "e2-medium",
                "metadata": {
                  "disable-legacy-endpoints": "true"
                },
                "min_cpu_platform": "",
                "oauth_scopes": [
                  "https://www.googleapis.com/auth/logging.write",
                  "https://www.googleapis.com/auth/monitoring"
                ],
                "preemptible": false,
                "sandbox_config": [],
                "service_account": "tf-gke-gke-cluster-ser-ng37@jk-mlops-dev.iam.gserviceaccount.com",
                "shielded_instance_config": [
                  {
                    "enable_integrity_monitoring": true,
                    "enable_secure_boot": false
                  }
                ],
                "tags": [],
                "taint": [],
                "workload_metadata_config": [
                  {
                    "node_metadata": "GKE_METADATA_SERVER"
                  }
                ]
              }
            ],
            "node_locations": [],
            "node_pool": [
              {
                "autoscaling": [],
                "initial_node_count": 0,
                "instance_group_urls": [
                  "https://www.googleapis.com/compute/v1/projects/jk-mlops-dev/zones/us-west1-a/instanceGroupManagers/gke-gke-cluster-server-default-pool-8630c271-grp"
                ],
                "management": [
                  {
                    "auto_repair": true,
                    "auto_upgrade": true
                  }
                ],
                "max_pods_per_node": 110,
                "name": "default-pool",
                "name_prefix": "",
                "node_config": [
                  {
                    "boot_disk_kms_key": "",
                    "disk_size_gb": 100,
                    "disk_type": "pd-standard",
                    "guest_accelerator": [],
                    "image_type": "COS",
                    "kubelet_config": [],
                    "labels": {},
                    "linux_node_config": [],
                    "local_ssd_count": 0,
                    "machine_type": "e2-medium",
                    "metadata": {
                      "disable-legacy-endpoints": "true"
                    },
                    "min_cpu_platform": "",
                    "oauth_scopes": [
                      "https://www.googleapis.com/auth/logging.write",
                      "https://www.googleapis.com/auth/monitoring"
                    ],
                    "preemptible": false,
                    "sandbox_config": [],
                    "service_account": "tf-gke-gke-cluster-ser-ng37@jk-mlops-dev.iam.gserviceaccount.com",
                    "shielded_instance_config": [
                      {
                        "enable_integrity_monitoring": true,
                        "enable_secure_boot": false
                      }
                    ],
                    "tags": null,
                    "taint": [],
                    "workload_metadata_config": [
                      {
                        "node_metadata": "GKE_METADATA_SERVER"
                      }
                    ]
                  }
                ],
                "node_count": 0,
                "node_locations": [
                  "us-west1-a"
                ],
                "upgrade_settings": [
                  {
                    "max_surge": 1,
                    "max_unavailable": 0
                  }
                ],
                "version": "1.18.12-gke.1210"
              }
            ],
            "node_version": "1.18.12-gke.1210",
            "notification_config": [
              {
                "pubsub": [
                  {
                    "enabled": false,
                    "topic": ""
                  }
                ]
              }
            ],
            "operation": null,
            "pod_security_policy_config": [
              {
                "enabled": false
              }
            ],
            "private_cluster_config": [],
            "project": "jk-mlops-dev",
            "release_channel": [
              {
                "channel": "REGULAR"
              }
            ],
            "remove_default_node_pool": false,
            "resource_labels": {
              "mesh_id": "proj-895222332033"
            },
            "resource_usage_export_config": [],
            "self_link": "https://container.googleapis.com/v1beta1/projects/jk-mlops-dev/zones/us-west1-a/clusters/gke-cluster-server",
            "services_ipv4_cidr": "10.16.0.0/20",
            "subnetwork": "projects/jk-mlops-dev/regions/us-west1/subnetworks/default",
            "timeouts": {
              "create": "45m",
              "delete": "45m",
              "read": null,
              "update": "45m"
            },
            "tpu_ipv4_cidr_block": "",
            "vertical_pod_autoscaling": [
              {
                "enabled": false
              }
            ],
            "workload_identity_config": [
              {
                "identity_namespace": "jk-mlops-dev.svc.id.goog"
              }
            ]
          },
          "sensitive_attributes": [],
          "private": "eyJlMmJmYjczMC1lY2FhLTExZTYtOGY4OC0zNDM2M2JjN2M0YzAiOnsiY3JlYXRlIjoyNzAwMDAwMDAwMDAwLCJkZWxldGUiOjI3MDAwMDAwMDAwMDAsInJlYWQiOjI0MDAwMDAwMDAwMDAsInVwZGF0ZSI6MjcwMDAwMDAwMDAwMH0sInNjaGVtYV92ZXJzaW9uIjoiMSJ9",
          "dependencies": [
            "data.google_client_config.current",
            "data.google_project.project",
            "module.project-services.google_project_service.project_services",
            "module.server-cluster.data.google_compute_zones.available",
            "module.server-cluster.data.google_container_engine_versions.region",
            "module.server-cluster.data.google_container_engine_versions.zone",
            "module.server-cluster.google_service_account.cluster_service_account",
            "module.server-cluster.random_shuffle.available_zones",
            "module.server-cluster.random_string.cluster_service_account_suffix"
          ]
        }
      ]
    },
    {
      "module": "module.server-cluster",
      "mode": "managed",
      "type": "google_container_node_pool",
      "name": "pools",
      "provider": "provider[\"registry.terraform.io/hashicorp/google-beta\"]",
      "instances": [
        {
          "index_key": "default-node-pool",
          "schema_version": 1,
          "attributes": {
            "autoscaling": [],
            "cluster": "gke-cluster-server",
            "id": "projects/jk-mlops-dev/locations/us-west1-a/clusters/gke-cluster-server/nodePools/default-node-pool",
            "initial_node_count": 1,
            "instance_group_urls": [
              "https://www.googleapis.com/compute/v1/projects/jk-mlops-dev/zones/us-west1-a/instanceGroupManagers/gke-gke-cluster-serv-default-node-poo-2d15d826-grp"
            ],
            "location": "us-west1-a",
            "management": [
              {
                "auto_repair": true,
                "auto_upgrade": true
              }
            ],
            "max_pods_per_node": 110,
            "name": "default-node-pool",
            "name_prefix": "",
            "node_config": [
              {
                "boot_disk_kms_key": "",
                "disk_size_gb": 100,
                "disk_type": "pd-standard",
                "guest_accelerator": [],
                "image_type": "COS",
                "kubelet_config": [],
                "labels": {
                  "cluster_name": "gke-cluster-server",
                  "node_pool": "default-node-pool"
                },
                "linux_node_config": [],
                "local_ssd_count": 0,
                "machine_type": "n1-standard-4",
                "metadata": {
                  "cluster_name": "gke-cluster-server",
                  "disable-legacy-endpoints": "true",
                  "node_pool": "default-node-pool"
                },
                "min_cpu_platform": "",
                "oauth_scopes": [
                  "https://www.googleapis.com/auth/cloud-platform"
                ],
                "preemptible": false,
                "sandbox_config": [],
                "service_account": "tf-gke-gke-cluster-ser-ng37@jk-mlops-dev.iam.gserviceaccount.com",
                "shielded_instance_config": [
                  {
                    "enable_integrity_monitoring": true,
                    "enable_secure_boot": false
                  }
                ],
                "tags": [
                  "gke-gke-cluster-server",
                  "gke-gke-cluster-server-default-node-pool"
                ],
                "taint": [],
                "workload_metadata_config": [
                  {
                    "node_metadata": "GKE_METADATA_SERVER"
                  }
                ]
              }
            ],
            "node_count": 1,
            "node_locations": [
              "us-west1-a"
            ],
            "project": "jk-mlops-dev",
            "timeouts": {
              "create": "45m",
              "delete": "45m",
              "update": "45m"
            },
            "upgrade_settings": [
              {
                "max_surge": 1,
                "max_unavailable": 0
              }
            ],
            "version": "1.18.12-gke.1210"
          },
          "sensitive_attributes": [],
          "private": "eyJlMmJmYjczMC1lY2FhLTExZTYtOGY4OC0zNDM2M2JjN2M0YzAiOnsiY3JlYXRlIjoyNzAwMDAwMDAwMDAwLCJkZWxldGUiOjI3MDAwMDAwMDAwMDAsInVwZGF0ZSI6MjcwMDAwMDAwMDAwMH0sInNjaGVtYV92ZXJzaW9uIjoiMSJ9",
          "dependencies": [
            "data.google_client_config.current",
            "data.google_project.project",
            "module.project-services.google_project_service.project_services",
            "module.server-cluster.data.google_compute_zones.available",
            "module.server-cluster.data.google_container_engine_versions.region",
            "module.server-cluster.data.google_container_engine_versions.zone",
            "module.server-cluster.google_container_cluster.primary",
            "module.server-cluster.google_service_account.cluster_service_account",
            "module.server-cluster.random_shuffle.available_zones",
            "module.server-cluster.random_string.cluster_service_account_suffix"
          ]
        }
      ]
    },
    {
      "module": "module.server-cluster",
      "mode": "managed",
      "type": "google_project_iam_member",
      "name": "cluster_service_account-log_writer",
      "provider": "provider[\"registry.terraform.io/hashicorp/google\"]",
      "instances": [
        {
          "index_key": 0,
          "schema_version": 0,
          "attributes": {
            "condition": [],
            "etag": "BwW70x/nqIs=",
            "id": "jk-mlops-dev/roles/logging.logWriter/serviceaccount:tf-gke-gke-cluster-ser-ng37@jk-mlops-dev.iam.gserviceaccount.com",
            "member": "serviceAccount:tf-gke-gke-cluster-ser-ng37@jk-mlops-dev.iam.gserviceaccount.com",
            "project": "jk-mlops-dev",
            "role": "roles/logging.logWriter"
          },
          "sensitive_attributes": [],
          "private": "bnVsbA==",
          "dependencies": [
            "data.google_client_config.current",
            "module.project-services.google_project_service.project_services",
            "module.server-cluster.google_service_account.cluster_service_account",
            "module.server-cluster.random_string.cluster_service_account_suffix"
          ]
        }
      ]
    },
    {
      "module": "module.server-cluster",
      "mode": "managed",
      "type": "google_project_iam_member",
      "name": "cluster_service_account-metric_writer",
      "provider": "provider[\"registry.terraform.io/hashicorp/google\"]",
      "instances": [
        {
          "index_key": 0,
          "schema_version": 0,
          "attributes": {
            "condition": [],
            "etag": "BwW70yBdZ9o=",
            "id": "jk-mlops-dev/roles/monitoring.metricWriter/serviceaccount:tf-gke-gke-cluster-ser-ng37@jk-mlops-dev.iam.gserviceaccount.com",
            "member": "serviceAccount:tf-gke-gke-cluster-ser-ng37@jk-mlops-dev.iam.gserviceaccount.com",
            "project": "jk-mlops-dev",
            "role": "roles/monitoring.metricWriter"
          },
          "sensitive_attributes": [],
          "private": "bnVsbA==",
          "dependencies": [
            "data.google_client_config.current",
            "module.project-services.google_project_service.project_services",
            "module.server-cluster.google_project_iam_member.cluster_service_account-log_writer",
            "module.server-cluster.google_service_account.cluster_service_account",
            "module.server-cluster.random_string.cluster_service_account_suffix"
          ]
        }
      ]
    },
    {
      "module": "module.server-cluster",
      "mode": "managed",
      "type": "google_project_iam_member",
      "name": "cluster_service_account-monitoring_viewer",
      "provider": "provider[\"registry.terraform.io/hashicorp/google\"]",
      "instances": [
        {
          "index_key": 0,
          "schema_version": 0,
          "attributes": {
            "condition": [],
            "etag": "BwW70yDSlmU=",
            "id": "jk-mlops-dev/roles/monitoring.viewer/serviceaccount:tf-gke-gke-cluster-ser-ng37@jk-mlops-dev.iam.gserviceaccount.com",
            "member": "serviceAccount:tf-gke-gke-cluster-ser-ng37@jk-mlops-dev.iam.gserviceaccount.com",
            "project": "jk-mlops-dev",
            "role": "roles/monitoring.viewer"
          },
          "sensitive_attributes": [],
          "private": "bnVsbA==",
          "dependencies": [
            "data.google_client_config.current",
            "module.project-services.google_project_service.project_services",
            "module.server-cluster.google_project_iam_member.cluster_service_account-log_writer",
            "module.server-cluster.google_project_iam_member.cluster_service_account-metric_writer",
            "module.server-cluster.google_service_account.cluster_service_account",
            "module.server-cluster.random_string.cluster_service_account_suffix"
          ]
        }
      ]
    },
    {
      "module": "module.server-cluster",
      "mode": "managed",
      "type": "google_project_iam_member",
      "name": "cluster_service_account-resourceMetadata-writer",
      "provider": "provider[\"registry.terraform.io/hashicorp/google\"]",
      "instances": [
        {
          "index_key": 0,
          "schema_version": 0,
          "attributes": {
            "condition": [],
            "etag": "BwW70yFJ9HA=",
            "id": "jk-mlops-dev/roles/stackdriver.resourceMetadata.writer/serviceaccount:tf-gke-gke-cluster-ser-ng37@jk-mlops-dev.iam.gserviceaccount.com",
            "member": "serviceAccount:tf-gke-gke-cluster-ser-ng37@jk-mlops-dev.iam.gserviceaccount.com",
            "project": "jk-mlops-dev",
            "role": "roles/stackdriver.resourceMetadata.writer"
          },
          "sensitive_attributes": []
        }
      ]
    },
    {
      "module": "module.server-cluster",
      "mode": "managed",
      "type": "google_service_account",
      "name": "cluster_service_account",
      "provider": "provider[\"registry.terraform.io/hashicorp/google\"]",
      "instances": [
        {
          "index_key": 0,
          "schema_version": 0,
          "attributes": {
            "account_id": "tf-gke-gke-cluster-ser-ng37",
            "description": "",
            "display_name": "Terraform-managed service account for cluster gke-cluster-server",
            "email": "tf-gke-gke-cluster-ser-ng37@jk-mlops-dev.iam.gserviceaccount.com",
            "id": "projects/jk-mlops-dev/serviceAccounts/tf-gke-gke-cluster-ser-ng37@jk-mlops-dev.iam.gserviceaccount.com",
            "name": "projects/jk-mlops-dev/serviceAccounts/tf-gke-gke-cluster-ser-ng37@jk-mlops-dev.iam.gserviceaccount.com",
            "project": "jk-mlops-dev",
            "timeouts": null,
            "unique_id": "106854290240690421214"
          },
          "sensitive_attributes": [],
          "private": "eyJlMmJmYjczMC1lY2FhLTExZTYtOGY4OC0zNDM2M2JjN2M0YzAiOnsiY3JlYXRlIjozMDAwMDAwMDAwMDB9fQ==",
          "dependencies": [
            "data.google_client_config.current",
            "module.project-services.google_project_service.project_services",
            "module.server-cluster.random_string.cluster_service_account_suffix"
          ]
        }
      ]
    },
    {
      "module": "module.server-cluster",
      "mode": "managed",
      "type": "random_shuffle",
      "name": "available_zones",
      "provider": "provider[\"registry.terraform.io/hashicorp/random\"]",
      "instances": [
        {
          "schema_version": 0,
          "attributes": {
            "id": "-",
            "input": [
              "us-west1-a",
              "us-west1-b",
              "us-west1-c"
            ],
            "keepers": null,
            "result": [
              "us-west1-b",
              "us-west1-c",
              "us-west1-a"
            ],
            "result_count": 3,
            "seed": null
          },
          "sensitive_attributes": [],
          "private": "bnVsbA==",
          "dependencies": [
            "module.server-cluster.data.google_compute_zones.available"
          ]
        }
      ]
    },
    {
      "module": "module.server-cluster",
      "mode": "managed",
      "type": "random_string",
      "name": "cluster_service_account_suffix",
      "provider": "provider[\"registry.terraform.io/hashicorp/random\"]",
      "instances": [
        {
          "schema_version": 1,
          "attributes": {
            "id": "ng37",
            "keepers": null,
            "length": 4,
            "lower": true,
            "min_lower": 0,
            "min_numeric": 0,
            "min_special": 0,
            "min_upper": 0,
            "number": true,
            "override_special": null,
            "result": "ng37",
            "special": false,
            "upper": false
          },
          "sensitive_attributes": [],
          "private": "eyJzY2hlbWFfdmVyc2lvbiI6IjEifQ=="
        }
      ]
    }
  ]
}
