{
  "version": 4,
  "terraform_version": "0.14.7",
  "serial": 303,
  "lineage": "8c3850ff-1fe3-3cab-273e-6d078c57db8e",
  "outputs": {
    "project": {
      "value": "jk-mlops-dev",
      "type": "string"
    },
    "server_cluster_name": {
      "value": "gke-cluster-server",
      "type": "string"
    }
  },
  "resources": [
    {
      "mode": "data",
      "type": "google_client_config",
      "name": "current",
      "provider": "provider[\"registry.terraform.io/hashicorp/google\"]",
      "instances": [
        {
          "schema_version": 0,
          "attributes": {
            "access_token": "ya29.A0AfH6SMC_6XB54mc6OOKOh7Mb23TSVtiX8hS68twLHZGux5bcqrn4Klcyf3pBGNVFZx_tEqr2bFYlMVm6Or5i4vyNakCDx6WtWCQB0MbBYaUPRc8xO_Dw7-zcDaV_drQZWIG8ikJHGKG8ir5LMjqNheyCX2IpFGNXz1QwcUcvm_ymGerrlfappwfyj7l3KOpuyhXoBl6C6VXpCLzdqMn1culDnt0nSFg8A3Uypl72XbJLGwCAaJDxbTBeU-G5tdx-cpHzz_HPcA",
            "id": "projects/jk-mlops-dev/regions/us-west1/zones/",
            "project": "jk-mlops-dev",
            "region": "us-west1",
            "zone": ""
          },
          "sensitive_attributes": []
        }
      ]
    },
    {
      "mode": "data",
      "type": "google_project",
      "name": "project",
      "provider": "provider[\"registry.terraform.io/hashicorp/google\"]",
      "instances": [
        {
          "schema_version": 0,
          "attributes": {
            "auto_create_network": null,
            "billing_account": "010FB8-631655-447437",
            "folder_id": "",
            "id": "projects/jk-mlops-dev",
            "labels": {},
            "name": "jk-mlops-dev",
            "number": "895222332033",
            "org_id": "29428042487",
            "project_id": "jk-mlops-dev",
            "skip_delete": null
          },
          "sensitive_attributes": []
        }
      ]
    },
    {
      "module": "module.client-clusters[0]",
      "mode": "data",
      "type": "google_client_config",
      "name": "default",
      "provider": "provider[\"registry.terraform.io/hashicorp/google-beta\"]",
      "instances": [
        {
          "schema_version": 0,
          "attributes": {
            "access_token": "ya29.A0AfH6SMC_6XB54mc6OOKOh7Mb23TSVtiX8hS68twLHZGux5bcqrn4Klcyf3pBGNVFZx_tEqr2bFYlMVm6Or5i4vyNakCDx6WtWCQB0MbBYaUPRc8xO_Dw7-zcDaV_drQZWIG8ikJHGKG8ir5LMjqNheyCX2IpFGNXz1QwcUcvm_ymGerrlfappwfyj7l3KOpuyhXoBl6C6VXpCLzdqMn1culDnt0nSFg8A3Uypl72XbJLGwCAaJDxbTBeU-G5tdx-cpHzz_HPcA",
            "id": "projects//regions//zones/",
            "project": "",
            "region": "",
            "zone": ""
          },
          "sensitive_attributes": []
        }
      ]
    },
    {
      "module": "module.client-clusters[0]",
      "mode": "data",
      "type": "google_compute_zones",
      "name": "available",
      "provider": "provider[\"registry.terraform.io/hashicorp/google-beta\"]",
      "instances": [
        {
          "schema_version": 0,
          "attributes": {
            "id": "projects/jk-mlops-dev/regions/us-west1",
            "names": [
              "us-west1-a",
              "us-west1-b",
              "us-west1-c"
            ],
            "project": "jk-mlops-dev",
            "region": "us-west1",
            "status": null
          },
          "sensitive_attributes": []
        }
      ]
    },
    {
      "module": "module.client-clusters[0]",
      "mode": "data",
      "type": "google_container_engine_versions",
      "name": "region",
      "provider": "provider[\"registry.terraform.io/hashicorp/google\"]",
      "instances": [
        {
          "schema_version": 0,
          "attributes": {
            "default_cluster_version": "1.17.15-gke.800",
            "id": "2021-02-21 00:33:23.956164359 +0000 UTC",
            "latest_master_version": "1.18.15-gke.1500",
            "latest_node_version": "1.18.15-gke.1500",
            "location": "us-west1-a",
            "project": "jk-mlops-dev",
            "release_channel_default_version": {
              "RAPID": "1.19.7-gke.1302",
              "REGULAR": "1.18.12-gke.1210",
              "STABLE": "1.17.15-gke.800"
            },
            "valid_master_versions": [
              "1.18.15-gke.1500",
              "1.18.15-gke.1100",
              "1.18.14-gke.1600",
              "1.18.14-gke.1200",
              "1.18.12-gke.1210",
              "1.18.12-gke.1206",
              "1.17.17-gke.1500",
              "1.17.17-gke.1100",
              "1.17.17-gke.600",
              "1.17.16-gke.1600",
              "1.17.16-gke.1300",
              "1.17.15-gke.800",
              "1.16.15-gke.11800",
              "1.16.15-gke.10600",
              "1.16.15-gke.7800",
              "1.15.12-gke.6002"
            ],
            "valid_node_versions": [
              "1.18.15-gke.1500",
              "1.18.15-gke.1100",
              "1.18.15-gke.800",
              "1.18.14-gke.1600",
              "1.18.14-gke.1200",
              "1.18.12-gke.1210",
              "1.18.12-gke.1206",
              "1.18.12-gke.1205",
              "1.18.12-gke.1201",
              "1.18.12-gke.1200",
              "1.18.12-gke.300",
              "1.18.10-gke.2701",
              "1.18.10-gke.2101",
              "1.18.10-gke.1500",
              "1.18.10-gke.601",
              "1.18.9-gke.2501",
              "1.18.9-gke.1501",
              "1.18.9-gke.801",
              "1.18.6-gke.4801",
              "1.18.6-gke.3504",
              "1.18.6-gke.3503",
              "1.17.17-gke.1500",
              "1.17.17-gke.1100",
              "1.17.17-gke.600",
              "1.17.16-gke.1600",
              "1.17.16-gke.1300",
              "1.17.15-gke.800",
              "1.17.15-gke.300",
              "1.17.14-gke.1600",
              "1.17.14-gke.1200",
              "1.17.14-gke.400",
              "1.17.13-gke.2600",
              "1.17.13-gke.2001",
              "1.17.13-gke.1401",
              "1.17.13-gke.1400",
              "1.17.13-gke.600",
              "1.17.12-gke.2502",
              "1.17.12-gke.1504",
              "1.17.12-gke.1501",
              "1.17.12-gke.500",
              "1.17.9-gke.6300",
              "1.17.9-gke.1504",
              "1.16.15-gke.11800",
              "1.16.15-gke.10600",
              "1.16.15-gke.7800",
              "1.16.15-gke.7300",
              "1.16.15-gke.6900",
              "1.16.15-gke.6000",
              "1.16.15-gke.5500",
              "1.16.15-gke.4901",
              "1.16.15-gke.4301",
              "1.16.15-gke.4300",
              "1.16.15-gke.3500",
              "1.16.15-gke.2601",
              "1.16.15-gke.1600",
              "1.16.15-gke.500",
              "1.16.13-gke.404",
              "1.16.13-gke.403",
              "1.16.13-gke.401",
              "1.16.13-gke.400",
              "1.16.13-gke.1",
              "1.16.11-gke.5",
              "1.16.10-gke.8",
              "1.16.9-gke.6",
              "1.16.9-gke.2",
              "1.16.8-gke.15",
              "1.16.8-gke.12",
              "1.16.8-gke.9",
              "1.15.12-gke.6002",
              "1.15.12-gke.6001",
              "1.15.12-gke.5000",
              "1.15.12-gke.4002",
              "1.15.12-gke.4000",
              "1.15.12-gke.20",
              "1.15.12-gke.17",
              "1.15.12-gke.16",
              "1.15.12-gke.13",
              "1.15.12-gke.9",
              "1.15.12-gke.6",
              "1.15.12-gke.3",
              "1.15.12-gke.2",
              "1.15.11-gke.17",
              "1.15.11-gke.15",
              "1.15.11-gke.13",
              "1.15.11-gke.12",
              "1.15.11-gke.11",
              "1.15.11-gke.9",
              "1.15.11-gke.5",
              "1.15.11-gke.3",
              "1.15.11-gke.1",
              "1.15.9-gke.26",
              "1.15.9-gke.24",
              "1.15.9-gke.22",
              "1.15.9-gke.12",
              "1.15.9-gke.9",
              "1.15.9-gke.8",
              "1.15.8-gke.3",
              "1.15.8-gke.2",
              "1.15.7-gke.23",
              "1.15.7-gke.2",
              "1.15.4-gke.22",
              "1.14.10-gke.1504",
              "1.14.10-gke.902",
              "1.14.10-gke.50",
              "1.14.10-gke.46",
              "1.14.10-gke.45",
              "1.14.10-gke.42",
              "1.14.10-gke.41",
              "1.14.10-gke.40",
              "1.14.10-gke.37",
              "1.14.10-gke.36",
              "1.14.10-gke.34",
              "1.14.10-gke.32",
              "1.14.10-gke.31",
              "1.14.10-gke.27",
              "1.14.10-gke.24",
              "1.14.10-gke.22",
              "1.14.10-gke.21",
              "1.14.10-gke.17",
              "1.14.10-gke.0",
              "1.14.9-gke.23",
              "1.14.9-gke.2",
              "1.14.9-gke.0",
              "1.14.8-gke.33",
              "1.14.8-gke.21",
              "1.14.8-gke.18",
              "1.14.8-gke.17",
              "1.14.8-gke.14",
              "1.14.8-gke.12",
              "1.14.8-gke.7",
              "1.14.8-gke.2",
              "1.14.7-gke.40",
              "1.14.7-gke.25",
              "1.14.7-gke.23",
              "1.14.7-gke.17",
              "1.14.7-gke.14",
              "1.14.7-gke.10",
              "1.14.6-gke.13",
              "1.14.6-gke.2",
              "1.14.6-gke.1",
              "1.14.3-gke.11",
              "1.14.3-gke.10",
              "1.14.3-gke.9",
              "1.14.2-gke.9",
              "1.14.1-gke.5",
              "1.13.12-gke.30",
              "1.13.12-gke.25",
              "1.13.12-gke.17",
              "1.13.12-gke.16",
              "1.13.12-gke.14",
              "1.13.12-gke.13",
              "1.13.12-gke.10",
              "1.13.12-gke.8",
              "1.13.12-gke.4",
              "1.13.12-gke.2",
              "1.13.11-gke.23",
              "1.13.11-gke.15",
              "1.13.11-gke.14",
              "1.13.11-gke.12",
              "1.13.11-gke.11",
              "1.13.11-gke.9",
              "1.13.11-gke.5",
              "1.13.10-gke.7",
              "1.13.10-gke.0",
              "1.13.9-gke.11",
              "1.13.9-gke.3",
              "1.13.7-gke.24",
              "1.13.7-gke.19",
              "1.13.7-gke.15",
              "1.13.7-gke.8",
              "1.13.7-gke.0",
              "1.13.6-gke.13",
              "1.13.6-gke.6",
              "1.13.6-gke.5",
              "1.13.6-gke.0",
              "1.13.5-gke.10",
              "1.12.10-gke.22",
              "1.12.10-gke.20",
              "1.12.10-gke.19",
              "1.12.10-gke.18",
              "1.12.10-gke.17",
              "1.12.10-gke.15",
              "1.12.10-gke.13",
              "1.12.10-gke.11",
              "1.12.10-gke.5",
              "1.12.9-gke.16",
              "1.12.9-gke.15",
              "1.12.9-gke.13",
              "1.12.9-gke.10",
              "1.12.9-gke.7",
              "1.12.9-gke.3",
              "1.12.8-gke.12",
              "1.12.8-gke.10",
              "1.12.8-gke.7",
              "1.12.8-gke.6",
              "1.12.7-gke.26",
              "1.12.7-gke.25",
              "1.12.7-gke.24",
              "1.12.7-gke.22",
              "1.12.7-gke.21",
              "1.12.7-gke.17",
              "1.12.7-gke.10",
              "1.12.7-gke.7",
              "1.12.6-gke.11",
              "1.12.6-gke.10",
              "1.12.6-gke.7",
              "1.12.5-gke.10",
              "1.12.5-gke.5",
              "1.11.10-gke.6",
              "1.11.10-gke.5"
            ],
            "version_prefix": null
          },
          "sensitive_attributes": []
        }
      ]
    },
    {
      "module": "module.client-clusters[0]",
      "mode": "data",
      "type": "google_container_engine_versions",
      "name": "zone",
      "provider": "provider[\"registry.terraform.io/hashicorp/google\"]",
      "instances": [
        {
          "schema_version": 0,
          "attributes": {
            "default_cluster_version": "1.17.15-gke.800",
            "id": "2021-02-21 00:33:24.364974093 +0000 UTC",
            "latest_master_version": "1.18.15-gke.1500",
            "latest_node_version": "1.18.15-gke.1500",
            "location": "us-west1-a",
            "project": "jk-mlops-dev",
            "release_channel_default_version": {
              "RAPID": "1.19.7-gke.1302",
              "REGULAR": "1.18.12-gke.1210",
              "STABLE": "1.17.15-gke.800"
            },
            "valid_master_versions": [
              "1.18.15-gke.1500",
              "1.18.15-gke.1100",
              "1.18.14-gke.1600",
              "1.18.14-gke.1200",
              "1.18.12-gke.1210",
              "1.18.12-gke.1206",
              "1.17.17-gke.1500",
              "1.17.17-gke.1100",
              "1.17.17-gke.600",
              "1.17.16-gke.1600",
              "1.17.16-gke.1300",
              "1.17.15-gke.800",
              "1.16.15-gke.11800",
              "1.16.15-gke.10600",
              "1.16.15-gke.7800",
              "1.15.12-gke.6002"
            ],
            "valid_node_versions": [
              "1.18.15-gke.1500",
              "1.18.15-gke.1100",
              "1.18.15-gke.800",
              "1.18.14-gke.1600",
              "1.18.14-gke.1200",
              "1.18.12-gke.1210",
              "1.18.12-gke.1206",
              "1.18.12-gke.1205",
              "1.18.12-gke.1201",
              "1.18.12-gke.1200",
              "1.18.12-gke.300",
              "1.18.10-gke.2701",
              "1.18.10-gke.2101",
              "1.18.10-gke.1500",
              "1.18.10-gke.601",
              "1.18.9-gke.2501",
              "1.18.9-gke.1501",
              "1.18.9-gke.801",
              "1.18.6-gke.4801",
              "1.18.6-gke.3504",
              "1.18.6-gke.3503",
              "1.17.17-gke.1500",
              "1.17.17-gke.1100",
              "1.17.17-gke.600",
              "1.17.16-gke.1600",
              "1.17.16-gke.1300",
              "1.17.15-gke.800",
              "1.17.15-gke.300",
              "1.17.14-gke.1600",
              "1.17.14-gke.1200",
              "1.17.14-gke.400",
              "1.17.13-gke.2600",
              "1.17.13-gke.2001",
              "1.17.13-gke.1401",
              "1.17.13-gke.1400",
              "1.17.13-gke.600",
              "1.17.12-gke.2502",
              "1.17.12-gke.1504",
              "1.17.12-gke.1501",
              "1.17.12-gke.500",
              "1.17.9-gke.6300",
              "1.17.9-gke.1504",
              "1.16.15-gke.11800",
              "1.16.15-gke.10600",
              "1.16.15-gke.7800",
              "1.16.15-gke.7300",
              "1.16.15-gke.6900",
              "1.16.15-gke.6000",
              "1.16.15-gke.5500",
              "1.16.15-gke.4901",
              "1.16.15-gke.4301",
              "1.16.15-gke.4300",
              "1.16.15-gke.3500",
              "1.16.15-gke.2601",
              "1.16.15-gke.1600",
              "1.16.15-gke.500",
              "1.16.13-gke.404",
              "1.16.13-gke.403",
              "1.16.13-gke.401",
              "1.16.13-gke.400",
              "1.16.13-gke.1",
              "1.16.11-gke.5",
              "1.16.10-gke.8",
              "1.16.9-gke.6",
              "1.16.9-gke.2",
              "1.16.8-gke.15",
              "1.16.8-gke.12",
              "1.16.8-gke.9",
              "1.15.12-gke.6002",
              "1.15.12-gke.6001",
              "1.15.12-gke.5000",
              "1.15.12-gke.4002",
              "1.15.12-gke.4000",
              "1.15.12-gke.20",
              "1.15.12-gke.17",
              "1.15.12-gke.16",
              "1.15.12-gke.13",
              "1.15.12-gke.9",
              "1.15.12-gke.6",
              "1.15.12-gke.3",
              "1.15.12-gke.2",
              "1.15.11-gke.17",
              "1.15.11-gke.15",
              "1.15.11-gke.13",
              "1.15.11-gke.12",
              "1.15.11-gke.11",
              "1.15.11-gke.9",
              "1.15.11-gke.5",
              "1.15.11-gke.3",
              "1.15.11-gke.1",
              "1.15.9-gke.26",
              "1.15.9-gke.24",
              "1.15.9-gke.22",
              "1.15.9-gke.12",
              "1.15.9-gke.9",
              "1.15.9-gke.8",
              "1.15.8-gke.3",
              "1.15.8-gke.2",
              "1.15.7-gke.23",
              "1.15.7-gke.2",
              "1.15.4-gke.22",
              "1.14.10-gke.1504",
              "1.14.10-gke.902",
              "1.14.10-gke.50",
              "1.14.10-gke.46",
              "1.14.10-gke.45",
              "1.14.10-gke.42",
              "1.14.10-gke.41",
              "1.14.10-gke.40",
              "1.14.10-gke.37",
              "1.14.10-gke.36",
              "1.14.10-gke.34",
              "1.14.10-gke.32",
              "1.14.10-gke.31",
              "1.14.10-gke.27",
              "1.14.10-gke.24",
              "1.14.10-gke.22",
              "1.14.10-gke.21",
              "1.14.10-gke.17",
              "1.14.10-gke.0",
              "1.14.9-gke.23",
              "1.14.9-gke.2",
              "1.14.9-gke.0",
              "1.14.8-gke.33",
              "1.14.8-gke.21",
              "1.14.8-gke.18",
              "1.14.8-gke.17",
              "1.14.8-gke.14",
              "1.14.8-gke.12",
              "1.14.8-gke.7",
              "1.14.8-gke.2",
              "1.14.7-gke.40",
              "1.14.7-gke.25",
              "1.14.7-gke.23",
              "1.14.7-gke.17",
              "1.14.7-gke.14",
              "1.14.7-gke.10",
              "1.14.6-gke.13",
              "1.14.6-gke.2",
              "1.14.6-gke.1",
              "1.14.3-gke.11",
              "1.14.3-gke.10",
              "1.14.3-gke.9",
              "1.14.2-gke.9",
              "1.14.1-gke.5",
              "1.13.12-gke.30",
              "1.13.12-gke.25",
              "1.13.12-gke.17",
              "1.13.12-gke.16",
              "1.13.12-gke.14",
              "1.13.12-gke.13",
              "1.13.12-gke.10",
              "1.13.12-gke.8",
              "1.13.12-gke.4",
              "1.13.12-gke.2",
              "1.13.11-gke.23",
              "1.13.11-gke.15",
              "1.13.11-gke.14",
              "1.13.11-gke.12",
              "1.13.11-gke.11",
              "1.13.11-gke.9",
              "1.13.11-gke.5",
              "1.13.10-gke.7",
              "1.13.10-gke.0",
              "1.13.9-gke.11",
              "1.13.9-gke.3",
              "1.13.7-gke.24",
              "1.13.7-gke.19",
              "1.13.7-gke.15",
              "1.13.7-gke.8",
              "1.13.7-gke.0",
              "1.13.6-gke.13",
              "1.13.6-gke.6",
              "1.13.6-gke.5",
              "1.13.6-gke.0",
              "1.13.5-gke.10",
              "1.12.10-gke.22",
              "1.12.10-gke.20",
              "1.12.10-gke.19",
              "1.12.10-gke.18",
              "1.12.10-gke.17",
              "1.12.10-gke.15",
              "1.12.10-gke.13",
              "1.12.10-gke.11",
              "1.12.10-gke.5",
              "1.12.9-gke.16",
              "1.12.9-gke.15",
              "1.12.9-gke.13",
              "1.12.9-gke.10",
              "1.12.9-gke.7",
              "1.12.9-gke.3",
              "1.12.8-gke.12",
              "1.12.8-gke.10",
              "1.12.8-gke.7",
              "1.12.8-gke.6",
              "1.12.7-gke.26",
              "1.12.7-gke.25",
              "1.12.7-gke.24",
              "1.12.7-gke.22",
              "1.12.7-gke.21",
              "1.12.7-gke.17",
              "1.12.7-gke.10",
              "1.12.7-gke.7",
              "1.12.6-gke.11",
              "1.12.6-gke.10",
              "1.12.6-gke.7",
              "1.12.5-gke.10",
              "1.12.5-gke.5",
              "1.11.10-gke.6",
              "1.11.10-gke.5"
            ],
            "version_prefix": null
          },
          "sensitive_attributes": []
        }
      ]
    },
    {
      "module": "module.client-clusters[0]",
      "mode": "managed",
      "type": "google_container_cluster",
      "name": "primary",
      "provider": "provider[\"registry.terraform.io/hashicorp/google-beta\"]",
      "instances": [
        {
          "schema_version": 1,
          "attributes": {
            "addons_config": [
              {
                "cloudrun_config": [],
                "config_connector_config": [
                  {
                    "enabled": false
                  }
                ],
                "dns_cache_config": [
                  {
                    "enabled": false
                  }
                ],
                "gce_persistent_disk_csi_driver_config": [
                  {
                    "enabled": false
                  }
                ],
                "horizontal_pod_autoscaling": [
                  {
                    "disabled": false
                  }
                ],
                "http_load_balancing": [
                  {
                    "disabled": false
                  }
                ],
                "istio_config": [
                  {
                    "auth": "AUTH_MUTUAL_TLS",
                    "disabled": true
                  }
                ],
                "kalm_config": [
                  {
                    "enabled": false
                  }
                ],
                "network_policy_config": [
                  {
                    "disabled": false
                  }
                ]
              }
            ],
            "authenticator_groups_config": [],
            "cluster_autoscaling": [
              {
                "auto_provisioning_defaults": [],
                "autoscaling_profile": "BALANCED",
                "enabled": false,
                "resource_limits": []
              }
            ],
            "cluster_ipv4_cidr": "10.88.0.0/14",
            "cluster_telemetry": [
              {
                "type": "ENABLED"
              }
            ],
            "confidential_nodes": [],
            "database_encryption": [
              {
                "key_name": "",
                "state": "DECRYPTED"
              }
            ],
            "datapath_provider": "",
            "default_max_pods_per_node": 110,
            "default_snat_status": [
              {
                "disabled": false
              }
            ],
            "description": "",
            "enable_binary_authorization": false,
            "enable_intranode_visibility": false,
            "enable_kubernetes_alpha": false,
            "enable_legacy_abac": false,
            "enable_shielded_nodes": true,
            "enable_tpu": false,
            "endpoint": "34.83.15.153",
            "id": "projects/jk-mlops-dev/locations/us-west1-a/clusters/gke-cluster-client-0",
            "initial_node_count": 0,
            "instance_group_urls": [
              "https://www.googleapis.com/compute/beta/projects/jk-mlops-dev/zones/us-west1-a/instanceGroups/gke-gke-cluster-client-0-default-pool-8c30891d-grp"
            ],
            "ip_allocation_policy": [
              {
                "cluster_ipv4_cidr_block": "10.88.0.0/14",
                "cluster_secondary_range_name": "gke-gke-cluster-client-0-pods-d887ecad",
                "services_ipv4_cidr_block": "10.92.0.0/20",
                "services_secondary_range_name": "gke-gke-cluster-client-0-services-d887ecad"
              }
            ],
            "label_fingerprint": "6affcf98",
            "location": "us-west1-a",
            "logging_service": "logging.googleapis.com/kubernetes",
            "maintenance_policy": [
              {
                "daily_maintenance_window": [
                  {
                    "duration": "PT4H0M0S",
                    "start_time": "05:00"
                  }
                ],
                "maintenance_exclusion": [],
                "recurring_window": []
              }
            ],
            "master_auth": [
              {
                "client_certificate": "",
                "client_certificate_config": [
                  {
                    "issue_client_certificate": false
                  }
                ],
                "client_key": "",
                "cluster_ca_certificate": "LS0tLS1CRUdJTiBDRVJUSUZJQ0FURS0tLS0tCk1JSURLakNDQWhLZ0F3SUJBZ0lRV2ROUGdKVVcxS0JqYkJ2dTVyc3huREFOQmdrcWhraUc5dzBCQVFzRkFEQXYKTVMwd0t3WURWUVFERXlRME5qZ3dOemMwWlMwME0yTXlMVFF5WVRndFlUa3lZeTA0WTJabE56QTNOR1ZsTmpndwpIaGNOTWpFd01qSXdNak16TXpNM1doY05Nall3TWpJd01EQXpNek0zV2pBdk1TMHdLd1lEVlFRREV5UTBOamd3Ck56YzBaUzAwTTJNeUxUUXlZVGd0WVRreVl5MDRZMlpsTnpBM05HVmxOamd3Z2dFaU1BMEdDU3FHU0liM0RRRUIKQVFVQUE0SUJEd0F3Z2dFS0FvSUJBUUNnOHVTT1FhZ1U5VkRCem52RXlVckZnVVRoM09YVmFvdzh0S0RZamYyZgphSzRYanNQWUg1bTM5Z2RZM0dyTzZVMTBLVTNxRVo2VWRPSytXZEJUOThrM3RVbUtyK0xLemVMdlJDV1VrTWQxClZmYXlFTi9Zdy9nYXRXbFU4c1pJd0hrOFlUc2Jva00vNHVyb3dBQiswNmh3OWFxQjNpL3huVnluM3F3R2J5UDAKNUxYQlZreEQxSy8wMllNWHlrQ29Fa3U4Z0xIK3ZDZVRIUGl0czJGM3JRVDFJWkVFdTFyS1VBa05aWTU4cGkwZQpBdTJaZ0ZCQ3hndmwvYlgxZElwUmxNblk5RC85Y0tYcllwRlI2UlJXY0J4dERuSlU0d2FVQkhndnNIZjFlaWxjCk1ic2xQRVlLVUorUWNML0o0V2FRdi9obHlLZ0lXV3QyRzJ3Zi9QanVQYlpMQWdNQkFBR2pRakJBTUE0R0ExVWQKRHdFQi93UUVBd0lDQkRBUEJnTlZIUk1CQWY4RUJUQURBUUgvTUIwR0ExVWREZ1FXQkJUQ0xZSFNGbzBGb2QweApiMGhMVjg5aUY0amhJekFOQmdrcWhraUc5dzBCQVFzRkFBT0NBUUVBa25reUFEMjhtUGFQVjcxVS9TK2doZVljCkxnbTdKSVh3VjNwMW9jTmI1b0JCRG1MMGVtaE5tYXcyNDdYZFVyRUFQeG51cDdSejNTclQ0N1BxSStVMzZ3eWMKak5LcWJKYTl3bWFZc3RNdTZaejYxdml2UTFSWUVadTcvR2p3a0kxUlYwK3FrOThnYnNsZEowWlY0MGVmT3RWcwo2SWVFalBlN1plcWpZbFdubkxUa2QyY3QxR2RteWx1MjN6ZmxWUndGSWpDbFhQdGJwNkk5a1ExN3grWlMyYlpDCkc0T3NkZGdjS2UxM1ZwdXBFWlhZOHROdGxnSFdRWkhrYXhaRXZkZGU1SEY0ZXB3dkxPQWN2VCtDeXBkVlZKZDYKcVROTnZvUVRmbGhLYnN0VW5Sbm5rRlFKK3FjSUp2bnJlWFdHejdkUTc5aWtpSGFWbnpHc3lRQWhlNVNqZnc9PQotLS0tLUVORCBDRVJUSUZJQ0FURS0tLS0tCg==",
                "password": "",
                "username": ""
              }
            ],
            "master_authorized_networks_config": [],
            "master_version": "1.18.12-gke.1210",
            "min_master_version": null,
            "monitoring_service": "monitoring.googleapis.com/kubernetes",
            "name": "gke-cluster-client-0",
            "network": "projects/jk-mlops-dev/global/networks/default",
            "network_policy": [
              {
                "enabled": true,
                "provider": "CALICO"
              }
            ],
            "networking_mode": "VPC_NATIVE",
            "node_config": [
              {
                "boot_disk_kms_key": "",
                "disk_size_gb": 100,
                "disk_type": "pd-standard",
                "guest_accelerator": [],
                "image_type": "COS",
                "kubelet_config": [],
                "labels": {},
                "linux_node_config": [],
                "local_ssd_count": 0,
                "machine_type": "e2-medium",
                "metadata": {
                  "disable-legacy-endpoints": "true"
                },
                "min_cpu_platform": "",
                "oauth_scopes": [
                  "https://www.googleapis.com/auth/logging.write",
                  "https://www.googleapis.com/auth/monitoring"
                ],
                "preemptible": false,
                "sandbox_config": [],
                "service_account": "tf-gke-gke-cluster-cli-30al@jk-mlops-dev.iam.gserviceaccount.com",
                "shielded_instance_config": [
                  {
                    "enable_integrity_monitoring": true,
                    "enable_secure_boot": false
                  }
                ],
                "tags": [],
                "taint": [],
                "workload_metadata_config": [
                  {
                    "node_metadata": "GKE_METADATA_SERVER"
                  }
                ]
              }
            ],
            "node_locations": [],
            "node_pool": [
              {
                "autoscaling": [],
                "initial_node_count": 0,
                "instance_group_urls": [
                  "https://www.googleapis.com/compute/v1/projects/jk-mlops-dev/zones/us-west1-a/instanceGroupManagers/gke-gke-cluster-client-0-default-pool-8c30891d-grp"
                ],
                "management": [
                  {
                    "auto_repair": true,
                    "auto_upgrade": true
                  }
                ],
                "max_pods_per_node": 110,
                "name": "default-pool",
                "name_prefix": "",
                "node_config": [
                  {
                    "boot_disk_kms_key": "",
                    "disk_size_gb": 100,
                    "disk_type": "pd-standard",
                    "guest_accelerator": [],
                    "image_type": "COS",
                    "kubelet_config": [],
                    "labels": {},
                    "linux_node_config": [],
                    "local_ssd_count": 0,
                    "machine_type": "e2-medium",
                    "metadata": {
                      "disable-legacy-endpoints": "true"
                    },
                    "min_cpu_platform": "",
                    "oauth_scopes": [
                      "https://www.googleapis.com/auth/logging.write",
                      "https://www.googleapis.com/auth/monitoring"
                    ],
                    "preemptible": false,
                    "sandbox_config": [],
                    "service_account": "tf-gke-gke-cluster-cli-30al@jk-mlops-dev.iam.gserviceaccount.com",
                    "shielded_instance_config": [
                      {
                        "enable_integrity_monitoring": true,
                        "enable_secure_boot": false
                      }
                    ],
                    "tags": null,
                    "taint": [],
                    "workload_metadata_config": [
                      {
                        "node_metadata": "GKE_METADATA_SERVER"
                      }
                    ]
                  }
                ],
                "node_count": 0,
                "node_locations": [
                  "us-west1-a"
                ],
                "upgrade_settings": [
                  {
                    "max_surge": 1,
                    "max_unavailable": 0
                  }
                ],
                "version": "1.18.12-gke.1210"
              }
            ],
            "node_version": "1.18.12-gke.1210",
            "notification_config": [
              {
                "pubsub": [
                  {
                    "enabled": false,
                    "topic": ""
                  }
                ]
              }
            ],
            "operation": null,
            "pod_security_policy_config": [
              {
                "enabled": false
              }
            ],
            "private_cluster_config": [],
            "project": "jk-mlops-dev",
            "release_channel": [
              {
                "channel": "REGULAR"
              }
            ],
            "remove_default_node_pool": false,
            "resource_labels": {
              "mesh_id": "proj-895222332033"
            },
            "resource_usage_export_config": [],
            "self_link": "https://container.googleapis.com/v1beta1/projects/jk-mlops-dev/zones/us-west1-a/clusters/gke-cluster-client-0",
            "services_ipv4_cidr": "10.92.0.0/20",
            "subnetwork": "projects/jk-mlops-dev/regions/us-west1/subnetworks/default",
            "timeouts": {
              "create": "45m",
              "delete": "45m",
              "read": null,
              "update": "45m"
            },
            "tpu_ipv4_cidr_block": "",
            "vertical_pod_autoscaling": [
              {
                "enabled": false
              }
            ],
            "workload_identity_config": [
              {
                "identity_namespace": "jk-mlops-dev.svc.id.goog"
              }
            ]
          },
          "sensitive_attributes": [],
          "private": "eyJlMmJmYjczMC1lY2FhLTExZTYtOGY4OC0zNDM2M2JjN2M0YzAiOnsiY3JlYXRlIjoyNzAwMDAwMDAwMDAwLCJkZWxldGUiOjI3MDAwMDAwMDAwMDAsInJlYWQiOjI0MDAwMDAwMDAwMDAsInVwZGF0ZSI6MjcwMDAwMDAwMDAwMH0sInNjaGVtYV92ZXJzaW9uIjoiMSJ9",
          "dependencies": [
            "data.google_client_config.current",
            "data.google_project.project",
            "module.client-clusters.data.google_compute_zones.available",
            "module.client-clusters.data.google_container_engine_versions.region",
            "module.client-clusters.data.google_container_engine_versions.zone",
            "module.client-clusters.google_service_account.cluster_service_account",
            "module.client-clusters.random_shuffle.available_zones",
            "module.client-clusters.random_string.cluster_service_account_suffix",
            "module.project-services.google_project_service.project_services"
          ]
        }
      ]
    },
    {
      "module": "module.client-clusters[0]",
      "mode": "managed",
      "type": "google_container_node_pool",
      "name": "pools",
      "provider": "provider[\"registry.terraform.io/hashicorp/google-beta\"]",
      "instances": [
        {
          "index_key": "default-node-pool",
          "schema_version": 1,
          "attributes": {
            "autoscaling": [],
            "cluster": "gke-cluster-client-0",
            "id": "projects/jk-mlops-dev/locations/us-west1-a/clusters/gke-cluster-client-0/nodePools/default-node-pool",
            "initial_node_count": 1,
            "instance_group_urls": [
              "https://www.googleapis.com/compute/v1/projects/jk-mlops-dev/zones/us-west1-a/instanceGroupManagers/gke-gke-cluster-clie-default-node-poo-37a34393-grp"
            ],
            "location": "us-west1-a",
            "management": [
              {
                "auto_repair": true,
                "auto_upgrade": true
              }
            ],
            "max_pods_per_node": 110,
            "name": "default-node-pool",
            "name_prefix": "",
            "node_config": [
              {
                "boot_disk_kms_key": "",
                "disk_size_gb": 100,
                "disk_type": "pd-standard",
                "guest_accelerator": [],
                "image_type": "COS",
                "kubelet_config": [],
                "labels": {
                  "cluster_name": "gke-cluster-client-0",
                  "node_pool": "default-node-pool"
                },
                "linux_node_config": [],
                "local_ssd_count": 0,
                "machine_type": "n1-standard-4",
                "metadata": {
                  "cluster_name": "gke-cluster-client-0",
                  "disable-legacy-endpoints": "true",
                  "node_pool": "default-node-pool"
                },
                "min_cpu_platform": "",
                "oauth_scopes": [
                  "https://www.googleapis.com/auth/cloud-platform"
                ],
                "preemptible": false,
                "sandbox_config": [],
                "service_account": "tf-gke-gke-cluster-cli-30al@jk-mlops-dev.iam.gserviceaccount.com",
                "shielded_instance_config": [
                  {
                    "enable_integrity_monitoring": true,
                    "enable_secure_boot": false
                  }
                ],
                "tags": [
                  "gke-gke-cluster-client-0",
                  "gke-gke-cluster-client-0-default-node-pool"
                ],
                "taint": [],
                "workload_metadata_config": [
                  {
                    "node_metadata": "GKE_METADATA_SERVER"
                  }
                ]
              }
            ],
            "node_count": 1,
            "node_locations": [
              "us-west1-a"
            ],
            "project": "jk-mlops-dev",
            "timeouts": {
              "create": "45m",
              "delete": "45m",
              "update": "45m"
            },
            "upgrade_settings": [
              {
                "max_surge": 1,
                "max_unavailable": 0
              }
            ],
            "version": "1.18.12-gke.1210"
          },
          "sensitive_attributes": [],
          "private": "eyJlMmJmYjczMC1lY2FhLTExZTYtOGY4OC0zNDM2M2JjN2M0YzAiOnsiY3JlYXRlIjoyNzAwMDAwMDAwMDAwLCJkZWxldGUiOjI3MDAwMDAwMDAwMDAsInVwZGF0ZSI6MjcwMDAwMDAwMDAwMH0sInNjaGVtYV92ZXJzaW9uIjoiMSJ9",
          "dependencies": [
            "data.google_client_config.current",
            "data.google_project.project",
            "module.client-clusters.data.google_compute_zones.available",
            "module.client-clusters.data.google_container_engine_versions.region",
            "module.client-clusters.data.google_container_engine_versions.zone",
            "module.client-clusters.google_container_cluster.primary",
            "module.client-clusters.google_service_account.cluster_service_account",
            "module.client-clusters.random_shuffle.available_zones",
            "module.client-clusters.random_string.cluster_service_account_suffix",
            "module.project-services.google_project_service.project_services"
          ]
        }
      ]
    },
    {
      "module": "module.client-clusters[0]",
      "mode": "managed",
      "type": "google_project_iam_member",
      "name": "cluster_service_account-log_writer",
      "provider": "provider[\"registry.terraform.io/hashicorp/google\"]",
      "instances": [
        {
          "index_key": 0,
          "schema_version": 0,
          "attributes": {
            "condition": [],
            "etag": "BwW7zdZSERE=",
            "id": "jk-mlops-dev/roles/logging.logWriter/serviceaccount:tf-gke-gke-cluster-cli-30al@jk-mlops-dev.iam.gserviceaccount.com",
            "member": "serviceAccount:tf-gke-gke-cluster-cli-30al@jk-mlops-dev.iam.gserviceaccount.com",
            "project": "jk-mlops-dev",
            "role": "roles/logging.logWriter"
          },
          "sensitive_attributes": [],
          "private": "bnVsbA==",
          "dependencies": [
            "data.google_client_config.current",
            "module.client-clusters.google_service_account.cluster_service_account",
            "module.client-clusters.random_string.cluster_service_account_suffix",
            "module.project-services.google_project_service.project_services"
          ]
        }
      ]
    },
    {
      "module": "module.client-clusters[0]",
      "mode": "managed",
      "type": "google_project_iam_member",
      "name": "cluster_service_account-metric_writer",
      "provider": "provider[\"registry.terraform.io/hashicorp/google\"]",
      "instances": [
        {
          "index_key": 0,
          "schema_version": 0,
          "attributes": {
            "condition": [],
            "etag": "BwW7zdbNeio=",
            "id": "jk-mlops-dev/roles/monitoring.metricWriter/serviceaccount:tf-gke-gke-cluster-cli-30al@jk-mlops-dev.iam.gserviceaccount.com",
            "member": "serviceAccount:tf-gke-gke-cluster-cli-30al@jk-mlops-dev.iam.gserviceaccount.com",
            "project": "jk-mlops-dev",
            "role": "roles/monitoring.metricWriter"
          },
          "sensitive_attributes": [],
          "private": "bnVsbA==",
          "dependencies": [
            "data.google_client_config.current",
            "module.client-clusters.google_project_iam_member.cluster_service_account-log_writer",
            "module.client-clusters.google_service_account.cluster_service_account",
            "module.client-clusters.random_string.cluster_service_account_suffix",
            "module.project-services.google_project_service.project_services"
          ]
        }
      ]
    },
    {
      "module": "module.client-clusters[0]",
      "mode": "managed",
      "type": "google_project_iam_member",
      "name": "cluster_service_account-monitoring_viewer",
      "provider": "provider[\"registry.terraform.io/hashicorp/google\"]",
      "instances": [
        {
          "index_key": 0,
          "schema_version": 0,
          "attributes": {
            "condition": [],
            "etag": "BwW7zddDRPs=",
            "id": "jk-mlops-dev/roles/monitoring.viewer/serviceaccount:tf-gke-gke-cluster-cli-30al@jk-mlops-dev.iam.gserviceaccount.com",
            "member": "serviceAccount:tf-gke-gke-cluster-cli-30al@jk-mlops-dev.iam.gserviceaccount.com",
            "project": "jk-mlops-dev",
            "role": "roles/monitoring.viewer"
          },
          "sensitive_attributes": [],
          "private": "bnVsbA==",
          "dependencies": [
            "data.google_client_config.current",
            "module.client-clusters.google_project_iam_member.cluster_service_account-log_writer",
            "module.client-clusters.google_project_iam_member.cluster_service_account-metric_writer",
            "module.client-clusters.google_service_account.cluster_service_account",
            "module.client-clusters.random_string.cluster_service_account_suffix",
            "module.project-services.google_project_service.project_services"
          ]
        }
      ]
    },
    {
      "module": "module.client-clusters[0]",
      "mode": "managed",
      "type": "google_project_iam_member",
      "name": "cluster_service_account-resourceMetadata-writer",
      "provider": "provider[\"registry.terraform.io/hashicorp/google\"]",
      "instances": [
        {
          "index_key": 0,
          "schema_version": 0,
          "attributes": {
            "condition": [],
            "etag": "BwW7zde40KE=",
            "id": "jk-mlops-dev/roles/stackdriver.resourceMetadata.writer/serviceaccount:tf-gke-gke-cluster-cli-30al@jk-mlops-dev.iam.gserviceaccount.com",
            "member": "serviceAccount:tf-gke-gke-cluster-cli-30al@jk-mlops-dev.iam.gserviceaccount.com",
            "project": "jk-mlops-dev",
            "role": "roles/stackdriver.resourceMetadata.writer"
          },
          "sensitive_attributes": [],
          "private": "bnVsbA==",
          "dependencies": [
            "data.google_client_config.current",
            "module.client-clusters.google_project_iam_member.cluster_service_account-log_writer",
            "module.client-clusters.google_project_iam_member.cluster_service_account-metric_writer",
            "module.client-clusters.google_project_iam_member.cluster_service_account-monitoring_viewer",
            "module.client-clusters.google_service_account.cluster_service_account",
            "module.client-clusters.random_string.cluster_service_account_suffix",
            "module.project-services.google_project_service.project_services"
          ]
        }
      ]
    },
    {
      "module": "module.client-clusters[0]",
      "mode": "managed",
      "type": "google_service_account",
      "name": "cluster_service_account",
      "provider": "provider[\"registry.terraform.io/hashicorp/google\"]",
      "instances": [
        {
          "index_key": 0,
          "schema_version": 0,
          "attributes": {
            "account_id": "tf-gke-gke-cluster-cli-30al",
            "description": "",
            "display_name": "Terraform-managed service account for cluster gke-cluster-client-0",
            "email": "tf-gke-gke-cluster-cli-30al@jk-mlops-dev.iam.gserviceaccount.com",
            "id": "projects/jk-mlops-dev/serviceAccounts/tf-gke-gke-cluster-cli-30al@jk-mlops-dev.iam.gserviceaccount.com",
            "name": "projects/jk-mlops-dev/serviceAccounts/tf-gke-gke-cluster-cli-30al@jk-mlops-dev.iam.gserviceaccount.com",
            "project": "jk-mlops-dev",
            "timeouts": null,
            "unique_id": "107948903599819911526"
          },
          "sensitive_attributes": [],
          "private": "eyJlMmJmYjczMC1lY2FhLTExZTYtOGY4OC0zNDM2M2JjN2M0YzAiOnsiY3JlYXRlIjozMDAwMDAwMDAwMDB9fQ==",
          "dependencies": [
            "data.google_client_config.current",
            "module.client-clusters.random_string.cluster_service_account_suffix",
            "module.project-services.google_project_service.project_services"
          ]
        }
      ]
    },
    {
      "module": "module.client-clusters[0]",
      "mode": "managed",
      "type": "random_shuffle",
      "name": "available_zones",
      "provider": "provider[\"registry.terraform.io/hashicorp/random\"]",
      "instances": [
        {
          "schema_version": 0,
          "attributes": {
            "id": "-",
            "input": [
              "us-west1-a",
              "us-west1-b",
              "us-west1-c"
            ],
            "keepers": null,
            "result": [
              "us-west1-b",
              "us-west1-a",
              "us-west1-c"
            ],
            "result_count": 3,
            "seed": null
          },
          "sensitive_attributes": [],
          "private": "bnVsbA==",
          "dependencies": [
            "module.client-clusters.data.google_compute_zones.available"
          ]
        }
      ]
    },
    {
      "module": "module.client-clusters[0]",
      "mode": "managed",
      "type": "random_string",
      "name": "cluster_service_account_suffix",
      "provider": "provider[\"registry.terraform.io/hashicorp/random\"]",
      "instances": [
        {
          "schema_version": 1,
          "attributes": {
            "id": "30al",
            "keepers": null,
            "length": 4,
            "lower": true,
            "min_lower": 0,
            "min_numeric": 0,
            "min_special": 0,
            "min_upper": 0,
            "number": true,
            "override_special": null,
            "result": "30al",
            "special": false,
            "upper": false
          },
          "sensitive_attributes": [],
          "private": "eyJzY2hlbWFfdmVyc2lvbiI6IjEifQ=="
        }
      ]
    },
    {
      "module": "module.client-clusters[0].module.gcloud_delete_default_kube_dns_configmap.module.gcloud_kubectl",
      "mode": "managed",
      "type": "null_resource",
      "name": "module_depends_on",
      "provider": "provider[\"registry.terraform.io/hashicorp/null\"]",
      "instances": [
        {
          "index_key": 0,
          "schema_version": 0,
          "attributes": {
            "id": "6941537449324327800",
            "triggers": {
              "value": "3"
            }
          },
          "sensitive_attributes": [],
          "private": "bnVsbA==",
          "dependencies": [
            "data.google_client_config.current",
            "data.google_project.project",
            "module.client-clusters.data.google_client_config.default",
            "module.client-clusters.data.google_compute_zones.available",
            "module.client-clusters.data.google_container_engine_versions.region",
            "module.client-clusters.data.google_container_engine_versions.zone",
            "module.client-clusters.google_container_cluster.primary",
            "module.client-clusters.google_container_node_pool.pools",
            "module.client-clusters.google_service_account.cluster_service_account",
            "module.client-clusters.random_shuffle.available_zones",
            "module.client-clusters.random_string.cluster_service_account_suffix",
            "module.project-services.google_project_service.project_services"
          ]
        }
      ]
    },
    {
      "module": "module.client-clusters[1]",
      "mode": "data",
      "type": "google_client_config",
      "name": "default",
      "provider": "provider[\"registry.terraform.io/hashicorp/google-beta\"]",
      "instances": [
        {
          "schema_version": 0,
          "attributes": {
            "access_token": "ya29.A0AfH6SMC_6XB54mc6OOKOh7Mb23TSVtiX8hS68twLHZGux5bcqrn4Klcyf3pBGNVFZx_tEqr2bFYlMVm6Or5i4vyNakCDx6WtWCQB0MbBYaUPRc8xO_Dw7-zcDaV_drQZWIG8ikJHGKG8ir5LMjqNheyCX2IpFGNXz1QwcUcvm_ymGerrlfappwfyj7l3KOpuyhXoBl6C6VXpCLzdqMn1culDnt0nSFg8A3Uypl72XbJLGwCAaJDxbTBeU-G5tdx-cpHzz_HPcA",
            "id": "projects//regions//zones/",
            "project": "",
            "region": "",
            "zone": ""
          },
          "sensitive_attributes": []
        }
      ]
    },
    {
      "module": "module.client-clusters[1]",
      "mode": "data",
      "type": "google_compute_zones",
      "name": "available",
      "provider": "provider[\"registry.terraform.io/hashicorp/google-beta\"]",
      "instances": [
        {
          "schema_version": 0,
          "attributes": {
            "id": "projects/jk-mlops-dev/regions/us-west1",
            "names": [
              "us-west1-a",
              "us-west1-b",
              "us-west1-c"
            ],
            "project": "jk-mlops-dev",
            "region": "us-west1",
            "status": null
          },
          "sensitive_attributes": []
        }
      ]
    },
    {
      "module": "module.client-clusters[1]",
      "mode": "data",
      "type": "google_container_engine_versions",
      "name": "region",
      "provider": "provider[\"registry.terraform.io/hashicorp/google\"]",
      "instances": [
        {
          "schema_version": 0,
          "attributes": {
            "default_cluster_version": "1.17.15-gke.800",
            "id": "2021-02-21 00:33:23.950247208 +0000 UTC",
            "latest_master_version": "1.18.15-gke.1500",
            "latest_node_version": "1.18.15-gke.1500",
            "location": "us-west1-a",
            "project": "jk-mlops-dev",
            "release_channel_default_version": {
              "RAPID": "1.19.7-gke.1302",
              "REGULAR": "1.18.12-gke.1210",
              "STABLE": "1.17.15-gke.800"
            },
            "valid_master_versions": [
              "1.18.15-gke.1500",
              "1.18.15-gke.1100",
              "1.18.14-gke.1600",
              "1.18.14-gke.1200",
              "1.18.12-gke.1210",
              "1.18.12-gke.1206",
              "1.17.17-gke.1500",
              "1.17.17-gke.1100",
              "1.17.17-gke.600",
              "1.17.16-gke.1600",
              "1.17.16-gke.1300",
              "1.17.15-gke.800",
              "1.16.15-gke.11800",
              "1.16.15-gke.10600",
              "1.16.15-gke.7800",
              "1.15.12-gke.6002"
            ],
            "valid_node_versions": [
              "1.18.15-gke.1500",
              "1.18.15-gke.1100",
              "1.18.15-gke.800",
              "1.18.14-gke.1600",
              "1.18.14-gke.1200",
              "1.18.12-gke.1210",
              "1.18.12-gke.1206",
              "1.18.12-gke.1205",
              "1.18.12-gke.1201",
              "1.18.12-gke.1200",
              "1.18.12-gke.300",
              "1.18.10-gke.2701",
              "1.18.10-gke.2101",
              "1.18.10-gke.1500",
              "1.18.10-gke.601",
              "1.18.9-gke.2501",
              "1.18.9-gke.1501",
              "1.18.9-gke.801",
              "1.18.6-gke.4801",
              "1.18.6-gke.3504",
              "1.18.6-gke.3503",
              "1.17.17-gke.1500",
              "1.17.17-gke.1100",
              "1.17.17-gke.600",
              "1.17.16-gke.1600",
              "1.17.16-gke.1300",
              "1.17.15-gke.800",
              "1.17.15-gke.300",
              "1.17.14-gke.1600",
              "1.17.14-gke.1200",
              "1.17.14-gke.400",
              "1.17.13-gke.2600",
              "1.17.13-gke.2001",
              "1.17.13-gke.1401",
              "1.17.13-gke.1400",
              "1.17.13-gke.600",
              "1.17.12-gke.2502",
              "1.17.12-gke.1504",
              "1.17.12-gke.1501",
              "1.17.12-gke.500",
              "1.17.9-gke.6300",
              "1.17.9-gke.1504",
              "1.16.15-gke.11800",
              "1.16.15-gke.10600",
              "1.16.15-gke.7800",
              "1.16.15-gke.7300",
              "1.16.15-gke.6900",
              "1.16.15-gke.6000",
              "1.16.15-gke.5500",
              "1.16.15-gke.4901",
              "1.16.15-gke.4301",
              "1.16.15-gke.4300",
              "1.16.15-gke.3500",
              "1.16.15-gke.2601",
              "1.16.15-gke.1600",
              "1.16.15-gke.500",
              "1.16.13-gke.404",
              "1.16.13-gke.403",
              "1.16.13-gke.401",
              "1.16.13-gke.400",
              "1.16.13-gke.1",
              "1.16.11-gke.5",
              "1.16.10-gke.8",
              "1.16.9-gke.6",
              "1.16.9-gke.2",
              "1.16.8-gke.15",
              "1.16.8-gke.12",
              "1.16.8-gke.9",
              "1.15.12-gke.6002",
              "1.15.12-gke.6001",
              "1.15.12-gke.5000",
              "1.15.12-gke.4002",
              "1.15.12-gke.4000",
              "1.15.12-gke.20",
              "1.15.12-gke.17",
              "1.15.12-gke.16",
              "1.15.12-gke.13",
              "1.15.12-gke.9",
              "1.15.12-gke.6",
              "1.15.12-gke.3",
              "1.15.12-gke.2",
              "1.15.11-gke.17",
              "1.15.11-gke.15",
              "1.15.11-gke.13",
              "1.15.11-gke.12",
              "1.15.11-gke.11",
              "1.15.11-gke.9",
              "1.15.11-gke.5",
              "1.15.11-gke.3",
              "1.15.11-gke.1",
              "1.15.9-gke.26",
              "1.15.9-gke.24",
              "1.15.9-gke.22",
              "1.15.9-gke.12",
              "1.15.9-gke.9",
              "1.15.9-gke.8",
              "1.15.8-gke.3",
              "1.15.8-gke.2",
              "1.15.7-gke.23",
              "1.15.7-gke.2",
              "1.15.4-gke.22",
              "1.14.10-gke.1504",
              "1.14.10-gke.902",
              "1.14.10-gke.50",
              "1.14.10-gke.46",
              "1.14.10-gke.45",
              "1.14.10-gke.42",
              "1.14.10-gke.41",
              "1.14.10-gke.40",
              "1.14.10-gke.37",
              "1.14.10-gke.36",
              "1.14.10-gke.34",
              "1.14.10-gke.32",
              "1.14.10-gke.31",
              "1.14.10-gke.27",
              "1.14.10-gke.24",
              "1.14.10-gke.22",
              "1.14.10-gke.21",
              "1.14.10-gke.17",
              "1.14.10-gke.0",
              "1.14.9-gke.23",
              "1.14.9-gke.2",
              "1.14.9-gke.0",
              "1.14.8-gke.33",
              "1.14.8-gke.21",
              "1.14.8-gke.18",
              "1.14.8-gke.17",
              "1.14.8-gke.14",
              "1.14.8-gke.12",
              "1.14.8-gke.7",
              "1.14.8-gke.2",
              "1.14.7-gke.40",
              "1.14.7-gke.25",
              "1.14.7-gke.23",
              "1.14.7-gke.17",
              "1.14.7-gke.14",
              "1.14.7-gke.10",
              "1.14.6-gke.13",
              "1.14.6-gke.2",
              "1.14.6-gke.1",
              "1.14.3-gke.11",
              "1.14.3-gke.10",
              "1.14.3-gke.9",
              "1.14.2-gke.9",
              "1.14.1-gke.5",
              "1.13.12-gke.30",
              "1.13.12-gke.25",
              "1.13.12-gke.17",
              "1.13.12-gke.16",
              "1.13.12-gke.14",
              "1.13.12-gke.13",
              "1.13.12-gke.10",
              "1.13.12-gke.8",
              "1.13.12-gke.4",
              "1.13.12-gke.2",
              "1.13.11-gke.23",
              "1.13.11-gke.15",
              "1.13.11-gke.14",
              "1.13.11-gke.12",
              "1.13.11-gke.11",
              "1.13.11-gke.9",
              "1.13.11-gke.5",
              "1.13.10-gke.7",
              "1.13.10-gke.0",
              "1.13.9-gke.11",
              "1.13.9-gke.3",
              "1.13.7-gke.24",
              "1.13.7-gke.19",
              "1.13.7-gke.15",
              "1.13.7-gke.8",
              "1.13.7-gke.0",
              "1.13.6-gke.13",
              "1.13.6-gke.6",
              "1.13.6-gke.5",
              "1.13.6-gke.0",
              "1.13.5-gke.10",
              "1.12.10-gke.22",
              "1.12.10-gke.20",
              "1.12.10-gke.19",
              "1.12.10-gke.18",
              "1.12.10-gke.17",
              "1.12.10-gke.15",
              "1.12.10-gke.13",
              "1.12.10-gke.11",
              "1.12.10-gke.5",
              "1.12.9-gke.16",
              "1.12.9-gke.15",
              "1.12.9-gke.13",
              "1.12.9-gke.10",
              "1.12.9-gke.7",
              "1.12.9-gke.3",
              "1.12.8-gke.12",
              "1.12.8-gke.10",
              "1.12.8-gke.7",
              "1.12.8-gke.6",
              "1.12.7-gke.26",
              "1.12.7-gke.25",
              "1.12.7-gke.24",
              "1.12.7-gke.22",
              "1.12.7-gke.21",
              "1.12.7-gke.17",
              "1.12.7-gke.10",
              "1.12.7-gke.7",
              "1.12.6-gke.11",
              "1.12.6-gke.10",
              "1.12.6-gke.7",
              "1.12.5-gke.10",
              "1.12.5-gke.5",
              "1.11.10-gke.6",
              "1.11.10-gke.5"
            ],
            "version_prefix": null
          },
          "sensitive_attributes": []
        }
      ]
    },
    {
      "module": "module.client-clusters[1]",
      "mode": "data",
      "type": "google_container_engine_versions",
      "name": "zone",
      "provider": "provider[\"registry.terraform.io/hashicorp/google\"]",
      "instances": [
        {
          "schema_version": 0,
          "attributes": {
            "default_cluster_version": "1.17.15-gke.800",
            "id": "2021-02-21 00:33:24.378601286 +0000 UTC",
            "latest_master_version": "1.18.15-gke.1500",
            "latest_node_version": "1.18.15-gke.1500",
            "location": "us-west1-a",
            "project": "jk-mlops-dev",
            "release_channel_default_version": {
              "RAPID": "1.19.7-gke.1302",
              "REGULAR": "1.18.12-gke.1210",
              "STABLE": "1.17.15-gke.800"
            },
            "valid_master_versions": [
              "1.18.15-gke.1500",
              "1.18.15-gke.1100",
              "1.18.14-gke.1600",
              "1.18.14-gke.1200",
              "1.18.12-gke.1210",
              "1.18.12-gke.1206",
              "1.17.17-gke.1500",
              "1.17.17-gke.1100",
              "1.17.17-gke.600",
              "1.17.16-gke.1600",
              "1.17.16-gke.1300",
              "1.17.15-gke.800",
              "1.16.15-gke.11800",
              "1.16.15-gke.10600",
              "1.16.15-gke.7800",
              "1.15.12-gke.6002"
            ],
            "valid_node_versions": [
              "1.18.15-gke.1500",
              "1.18.15-gke.1100",
              "1.18.15-gke.800",
              "1.18.14-gke.1600",
              "1.18.14-gke.1200",
              "1.18.12-gke.1210",
              "1.18.12-gke.1206",
              "1.18.12-gke.1205",
              "1.18.12-gke.1201",
              "1.18.12-gke.1200",
              "1.18.12-gke.300",
              "1.18.10-gke.2701",
              "1.18.10-gke.2101",
              "1.18.10-gke.1500",
              "1.18.10-gke.601",
              "1.18.9-gke.2501",
              "1.18.9-gke.1501",
              "1.18.9-gke.801",
              "1.18.6-gke.4801",
              "1.18.6-gke.3504",
              "1.18.6-gke.3503",
              "1.17.17-gke.1500",
              "1.17.17-gke.1100",
              "1.17.17-gke.600",
              "1.17.16-gke.1600",
              "1.17.16-gke.1300",
              "1.17.15-gke.800",
              "1.17.15-gke.300",
              "1.17.14-gke.1600",
              "1.17.14-gke.1200",
              "1.17.14-gke.400",
              "1.17.13-gke.2600",
              "1.17.13-gke.2001",
              "1.17.13-gke.1401",
              "1.17.13-gke.1400",
              "1.17.13-gke.600",
              "1.17.12-gke.2502",
              "1.17.12-gke.1504",
              "1.17.12-gke.1501",
              "1.17.12-gke.500",
              "1.17.9-gke.6300",
              "1.17.9-gke.1504",
              "1.16.15-gke.11800",
              "1.16.15-gke.10600",
              "1.16.15-gke.7800",
              "1.16.15-gke.7300",
              "1.16.15-gke.6900",
              "1.16.15-gke.6000",
              "1.16.15-gke.5500",
              "1.16.15-gke.4901",
              "1.16.15-gke.4301",
              "1.16.15-gke.4300",
              "1.16.15-gke.3500",
              "1.16.15-gke.2601",
              "1.16.15-gke.1600",
              "1.16.15-gke.500",
              "1.16.13-gke.404",
              "1.16.13-gke.403",
              "1.16.13-gke.401",
              "1.16.13-gke.400",
              "1.16.13-gke.1",
              "1.16.11-gke.5",
              "1.16.10-gke.8",
              "1.16.9-gke.6",
              "1.16.9-gke.2",
              "1.16.8-gke.15",
              "1.16.8-gke.12",
              "1.16.8-gke.9",
              "1.15.12-gke.6002",
              "1.15.12-gke.6001",
              "1.15.12-gke.5000",
              "1.15.12-gke.4002",
              "1.15.12-gke.4000",
              "1.15.12-gke.20",
              "1.15.12-gke.17",
              "1.15.12-gke.16",
              "1.15.12-gke.13",
              "1.15.12-gke.9",
              "1.15.12-gke.6",
              "1.15.12-gke.3",
              "1.15.12-gke.2",
              "1.15.11-gke.17",
              "1.15.11-gke.15",
              "1.15.11-gke.13",
              "1.15.11-gke.12",
              "1.15.11-gke.11",
              "1.15.11-gke.9",
              "1.15.11-gke.5",
              "1.15.11-gke.3",
              "1.15.11-gke.1",
              "1.15.9-gke.26",
              "1.15.9-gke.24",
              "1.15.9-gke.22",
              "1.15.9-gke.12",
              "1.15.9-gke.9",
              "1.15.9-gke.8",
              "1.15.8-gke.3",
              "1.15.8-gke.2",
              "1.15.7-gke.23",
              "1.15.7-gke.2",
              "1.15.4-gke.22",
              "1.14.10-gke.1504",
              "1.14.10-gke.902",
              "1.14.10-gke.50",
              "1.14.10-gke.46",
              "1.14.10-gke.45",
              "1.14.10-gke.42",
              "1.14.10-gke.41",
              "1.14.10-gke.40",
              "1.14.10-gke.37",
              "1.14.10-gke.36",
              "1.14.10-gke.34",
              "1.14.10-gke.32",
              "1.14.10-gke.31",
              "1.14.10-gke.27",
              "1.14.10-gke.24",
              "1.14.10-gke.22",
              "1.14.10-gke.21",
              "1.14.10-gke.17",
              "1.14.10-gke.0",
              "1.14.9-gke.23",
              "1.14.9-gke.2",
              "1.14.9-gke.0",
              "1.14.8-gke.33",
              "1.14.8-gke.21",
              "1.14.8-gke.18",
              "1.14.8-gke.17",
              "1.14.8-gke.14",
              "1.14.8-gke.12",
              "1.14.8-gke.7",
              "1.14.8-gke.2",
              "1.14.7-gke.40",
              "1.14.7-gke.25",
              "1.14.7-gke.23",
              "1.14.7-gke.17",
              "1.14.7-gke.14",
              "1.14.7-gke.10",
              "1.14.6-gke.13",
              "1.14.6-gke.2",
              "1.14.6-gke.1",
              "1.14.3-gke.11",
              "1.14.3-gke.10",
              "1.14.3-gke.9",
              "1.14.2-gke.9",
              "1.14.1-gke.5",
              "1.13.12-gke.30",
              "1.13.12-gke.25",
              "1.13.12-gke.17",
              "1.13.12-gke.16",
              "1.13.12-gke.14",
              "1.13.12-gke.13",
              "1.13.12-gke.10",
              "1.13.12-gke.8",
              "1.13.12-gke.4",
              "1.13.12-gke.2",
              "1.13.11-gke.23",
              "1.13.11-gke.15",
              "1.13.11-gke.14",
              "1.13.11-gke.12",
              "1.13.11-gke.11",
              "1.13.11-gke.9",
              "1.13.11-gke.5",
              "1.13.10-gke.7",
              "1.13.10-gke.0",
              "1.13.9-gke.11",
              "1.13.9-gke.3",
              "1.13.7-gke.24",
              "1.13.7-gke.19",
              "1.13.7-gke.15",
              "1.13.7-gke.8",
              "1.13.7-gke.0",
              "1.13.6-gke.13",
              "1.13.6-gke.6",
              "1.13.6-gke.5",
              "1.13.6-gke.0",
              "1.13.5-gke.10",
              "1.12.10-gke.22",
              "1.12.10-gke.20",
              "1.12.10-gke.19",
              "1.12.10-gke.18",
              "1.12.10-gke.17",
              "1.12.10-gke.15",
              "1.12.10-gke.13",
              "1.12.10-gke.11",
              "1.12.10-gke.5",
              "1.12.9-gke.16",
              "1.12.9-gke.15",
              "1.12.9-gke.13",
              "1.12.9-gke.10",
              "1.12.9-gke.7",
              "1.12.9-gke.3",
              "1.12.8-gke.12",
              "1.12.8-gke.10",
              "1.12.8-gke.7",
              "1.12.8-gke.6",
              "1.12.7-gke.26",
              "1.12.7-gke.25",
              "1.12.7-gke.24",
              "1.12.7-gke.22",
              "1.12.7-gke.21",
              "1.12.7-gke.17",
              "1.12.7-gke.10",
              "1.12.7-gke.7",
              "1.12.6-gke.11",
              "1.12.6-gke.10",
              "1.12.6-gke.7",
              "1.12.5-gke.10",
              "1.12.5-gke.5",
              "1.11.10-gke.6",
              "1.11.10-gke.5"
            ],
            "version_prefix": null
          },
          "sensitive_attributes": []
        }
      ]
    },
    {
      "module": "module.client-clusters[1]",
      "mode": "managed",
      "type": "google_container_cluster",
      "name": "primary",
      "provider": "provider[\"registry.terraform.io/hashicorp/google-beta\"]",
      "instances": [
        {
          "schema_version": 1,
          "attributes": {
            "addons_config": [
              {
                "cloudrun_config": [],
                "config_connector_config": [
                  {
                    "enabled": false
                  }
                ],
                "dns_cache_config": [
                  {
                    "enabled": false
                  }
                ],
                "gce_persistent_disk_csi_driver_config": [
                  {
                    "enabled": false
                  }
                ],
                "horizontal_pod_autoscaling": [
                  {
                    "disabled": false
                  }
                ],
                "http_load_balancing": [
                  {
                    "disabled": false
                  }
                ],
                "istio_config": [
                  {
                    "auth": "AUTH_MUTUAL_TLS",
                    "disabled": true
                  }
                ],
                "kalm_config": [
                  {
                    "enabled": false
                  }
                ],
                "network_policy_config": [
                  {
                    "disabled": false
                  }
                ]
              }
            ],
            "authenticator_groups_config": [],
            "cluster_autoscaling": [
              {
                "auto_provisioning_defaults": [],
                "autoscaling_profile": "BALANCED",
                "enabled": false,
                "resource_limits": []
              }
            ],
            "cluster_ipv4_cidr": "10.56.0.0/14",
            "cluster_telemetry": [
              {
                "type": "ENABLED"
              }
            ],
            "confidential_nodes": [],
            "database_encryption": [
              {
                "key_name": "",
                "state": "DECRYPTED"
              }
            ],
            "datapath_provider": "",
            "default_max_pods_per_node": 110,
            "default_snat_status": [
              {
                "disabled": false
              }
            ],
            "description": "",
            "enable_binary_authorization": false,
            "enable_intranode_visibility": false,
            "enable_kubernetes_alpha": false,
            "enable_legacy_abac": false,
            "enable_shielded_nodes": true,
            "enable_tpu": false,
            "endpoint": "35.230.114.180",
            "id": "projects/jk-mlops-dev/locations/us-west1-a/clusters/gke-cluster-client-1",
            "initial_node_count": 0,
            "instance_group_urls": [
              "https://www.googleapis.com/compute/beta/projects/jk-mlops-dev/zones/us-west1-a/instanceGroups/gke-gke-cluster-client-1-default-pool-5f90d635-grp"
            ],
            "ip_allocation_policy": [
              {
                "cluster_ipv4_cidr_block": "10.56.0.0/14",
                "cluster_secondary_range_name": "gke-gke-cluster-client-1-pods-93d2ead7",
                "services_ipv4_cidr_block": "10.60.0.0/20",
                "services_secondary_range_name": "gke-gke-cluster-client-1-services-93d2ead7"
              }
            ],
            "label_fingerprint": "6affcf98",
            "location": "us-west1-a",
            "logging_service": "logging.googleapis.com/kubernetes",
            "maintenance_policy": [
              {
                "daily_maintenance_window": [
                  {
                    "duration": "PT4H0M0S",
                    "start_time": "05:00"
                  }
                ],
                "maintenance_exclusion": [],
                "recurring_window": []
              }
            ],
            "master_auth": [
              {
                "client_certificate": "",
                "client_certificate_config": [
                  {
                    "issue_client_certificate": false
                  }
                ],
                "client_key": "",
                "cluster_ca_certificate": "LS0tLS1CRUdJTiBDRVJUSUZJQ0FURS0tLS0tCk1JSURLekNDQWhPZ0F3SUJBZ0lSQUp0eHIzZGhXS2VXbnZTdCtsekhjMEV3RFFZSktvWklodmNOQVFFTEJRQXcKTHpFdE1Dc0dBMVVFQXhNa01qTTROV1kzTkRRdE5tTmxOaTAwTlROaUxXSXdORE10TVRGbFpXUmlNall5WVRrNApNQjRYRFRJeE1ESXlNREl6TXpNek4xb1hEVEkyTURJeU1EQXdNek16TjFvd0x6RXRNQ3NHQTFVRUF4TWtNak00Ck5XWTNORFF0Tm1ObE5pMDBOVE5pTFdJd05ETXRNVEZsWldSaU1qWXlZVGs0TUlJQklqQU5CZ2txaGtpRzl3MEIKQVFFRkFBT0NBUThBTUlJQkNnS0NBUUVBcnhJZStnNEJJNDkrbHU4d3RoYVJRL1Q5ZjN3V1dreTAvOTRKU0V4MwpUd085RXRwakdRLzloOXRBMW50cWZmV3NwMkxXUVo0YjRCYUplK2VCRml0cE1nSVU5aG45dXViTlJvOTd3bDRQCklSckg4MHhxRElzRVVJcHpCYXRNVzMrbUM4ZjlycnczZzRaUTIzeWNWVHBrbkdSWVUyakcvbFplRThLYWpjeEUKNytLdUhOcUNjQVU0TEI0aDlIN2NUdmp6MnNjNmEwdWNyUmRac0tyV2ttU0RBZkFJaUNNNFRzNWdGeVhXZ2g1Sgo3ZnVZczB0SEVLNVpqMHRna1B3U2NRVnoyQjJJclgrYnM0U2tSU0FwUTNNR3Y1TEtXMGZ6RDZ5VCswZjlsK3JsCktNbzg4aWttK2FDYnh6TjhlMEYrT0luSWFKVm02c014TDA1b1hXNGZPM1IvY1FJREFRQUJvMEl3UURBT0JnTlYKSFE4QkFmOEVCQU1DQWdRd0R3WURWUjBUQVFIL0JBVXdBd0VCL3pBZEJnTlZIUTRFRmdRVW93NFhhcVd1MDhZZApka0k1K21WNWlCcFFKbXd3RFFZSktvWklodmNOQVFFTEJRQURnZ0VCQUNRYm9WNE1ZNDBFK2x0Y0xWYUpNWUZECisvOUltdktEbGRQSHA3NVVEaHFma1Jid0RRdm43ckNZRTYrR3E4ZEREaGpsWjMrOXkzUHM3V3hmclhKeUVHMCsKY05mMzA4Ty9UdkJCS0JSNzFnSmVtSFVESitkWGZPNDBRS0dmTmxhaGhVU1hoUGZsLzdreUlKMmVGNVl2a2dGcwplOXZ2cWdGS3JIWFJKOFNQcldITjdaMndLcWpoV1pSZE1oLzFMRCtYWDJsc0tXQ1BiOFpqWHFSZEJUYUowVWxvCkkxaTVWc0R4NkpyenM4MktUU1VkazhqS09Yb1c1TUdkM05aZ0N5cmlBL3NaMS9PUnJOb2xWV05idndINkFBQnEKK2l0L3ZVMjZEbytiVzhZT0NYM3BzektLeFFBTUtMekpjelVvQTYrc1ZRRzRhMGVlN2pBZERRdVJMeUFxYndFPQotLS0tLUVORCBDRVJUSUZJQ0FURS0tLS0tCg==",
                "password": "",
                "username": ""
              }
            ],
            "master_authorized_networks_config": [],
            "master_version": "1.18.12-gke.1210",
            "min_master_version": null,
            "monitoring_service": "monitoring.googleapis.com/kubernetes",
            "name": "gke-cluster-client-1",
            "network": "projects/jk-mlops-dev/global/networks/default",
            "network_policy": [
              {
                "enabled": true,
                "provider": "CALICO"
              }
            ],
            "networking_mode": "VPC_NATIVE",
            "node_config": [
              {
                "boot_disk_kms_key": "",
                "disk_size_gb": 100,
                "disk_type": "pd-standard",
                "guest_accelerator": [],
                "image_type": "COS",
                "kubelet_config": [],
                "labels": {},
                "linux_node_config": [],
                "local_ssd_count": 0,
                "machine_type": "e2-medium",
                "metadata": {
                  "disable-legacy-endpoints": "true"
                },
                "min_cpu_platform": "",
                "oauth_scopes": [
                  "https://www.googleapis.com/auth/logging.write",
                  "https://www.googleapis.com/auth/monitoring"
                ],
                "preemptible": false,
                "sandbox_config": [],
                "service_account": "tf-gke-gke-cluster-cli-viol@jk-mlops-dev.iam.gserviceaccount.com",
                "shielded_instance_config": [
                  {
                    "enable_integrity_monitoring": true,
                    "enable_secure_boot": false
                  }
                ],
                "tags": [],
                "taint": [],
                "workload_metadata_config": [
                  {
                    "node_metadata": "GKE_METADATA_SERVER"
                  }
                ]
              }
            ],
            "node_locations": [],
            "node_pool": [
              {
                "autoscaling": [],
                "initial_node_count": 0,
                "instance_group_urls": [
                  "https://www.googleapis.com/compute/v1/projects/jk-mlops-dev/zones/us-west1-a/instanceGroupManagers/gke-gke-cluster-client-1-default-pool-5f90d635-grp"
                ],
                "management": [
                  {
                    "auto_repair": true,
                    "auto_upgrade": true
                  }
                ],
                "max_pods_per_node": 110,
                "name": "default-pool",
                "name_prefix": "",
                "node_config": [
                  {
                    "boot_disk_kms_key": "",
                    "disk_size_gb": 100,
                    "disk_type": "pd-standard",
                    "guest_accelerator": [],
                    "image_type": "COS",
                    "kubelet_config": [],
                    "labels": {},
                    "linux_node_config": [],
                    "local_ssd_count": 0,
                    "machine_type": "e2-medium",
                    "metadata": {
                      "disable-legacy-endpoints": "true"
                    },
                    "min_cpu_platform": "",
                    "oauth_scopes": [
                      "https://www.googleapis.com/auth/logging.write",
                      "https://www.googleapis.com/auth/monitoring"
                    ],
                    "preemptible": false,
                    "sandbox_config": [],
                    "service_account": "tf-gke-gke-cluster-cli-viol@jk-mlops-dev.iam.gserviceaccount.com",
                    "shielded_instance_config": [
                      {
                        "enable_integrity_monitoring": true,
                        "enable_secure_boot": false
                      }
                    ],
                    "tags": null,
                    "taint": [],
                    "workload_metadata_config": [
                      {
                        "node_metadata": "GKE_METADATA_SERVER"
                      }
                    ]
                  }
                ],
                "node_count": 0,
                "node_locations": [
                  "us-west1-a"
                ],
                "upgrade_settings": [
                  {
                    "max_surge": 1,
                    "max_unavailable": 0
                  }
                ],
                "version": "1.18.12-gke.1210"
              }
            ],
            "node_version": "1.18.12-gke.1210",
            "notification_config": [
              {
                "pubsub": [
                  {
                    "enabled": false,
                    "topic": ""
                  }
                ]
              }
            ],
            "operation": null,
            "pod_security_policy_config": [
              {
                "enabled": false
              }
            ],
            "private_cluster_config": [],
            "project": "jk-mlops-dev",
            "release_channel": [
              {
                "channel": "REGULAR"
              }
            ],
            "remove_default_node_pool": false,
            "resource_labels": {
              "mesh_id": "proj-895222332033"
            },
            "resource_usage_export_config": [],
            "self_link": "https://container.googleapis.com/v1beta1/projects/jk-mlops-dev/zones/us-west1-a/clusters/gke-cluster-client-1",
            "services_ipv4_cidr": "10.60.0.0/20",
            "subnetwork": "projects/jk-mlops-dev/regions/us-west1/subnetworks/default",
            "timeouts": {
              "create": "45m",
              "delete": "45m",
              "read": null,
              "update": "45m"
            },
            "tpu_ipv4_cidr_block": "",
            "vertical_pod_autoscaling": [
              {
                "enabled": false
              }
            ],
            "workload_identity_config": [
              {
                "identity_namespace": "jk-mlops-dev.svc.id.goog"
              }
            ]
          },
          "sensitive_attributes": [],
          "private": "eyJlMmJmYjczMC1lY2FhLTExZTYtOGY4OC0zNDM2M2JjN2M0YzAiOnsiY3JlYXRlIjoyNzAwMDAwMDAwMDAwLCJkZWxldGUiOjI3MDAwMDAwMDAwMDAsInJlYWQiOjI0MDAwMDAwMDAwMDAsInVwZGF0ZSI6MjcwMDAwMDAwMDAwMH0sInNjaGVtYV92ZXJzaW9uIjoiMSJ9",
          "dependencies": [
            "data.google_client_config.current",
            "data.google_project.project",
            "module.client-clusters.data.google_compute_zones.available",
            "module.client-clusters.data.google_container_engine_versions.region",
            "module.client-clusters.data.google_container_engine_versions.zone",
            "module.client-clusters.google_service_account.cluster_service_account",
            "module.client-clusters.random_shuffle.available_zones",
            "module.client-clusters.random_string.cluster_service_account_suffix",
            "module.project-services.google_project_service.project_services"
          ]
        }
      ]
    },
    {
      "module": "module.client-clusters[1]",
      "mode": "managed",
      "type": "google_container_node_pool",
      "name": "pools",
      "provider": "provider[\"registry.terraform.io/hashicorp/google-beta\"]",
      "instances": [
        {
          "index_key": "default-node-pool",
          "schema_version": 1,
          "attributes": {
            "autoscaling": [],
            "cluster": "gke-cluster-client-1",
            "id": "projects/jk-mlops-dev/locations/us-west1-a/clusters/gke-cluster-client-1/nodePools/default-node-pool",
            "initial_node_count": 1,
            "instance_group_urls": [
              "https://www.googleapis.com/compute/v1/projects/jk-mlops-dev/zones/us-west1-a/instanceGroupManagers/gke-gke-cluster-clie-default-node-poo-125d1609-grp"
            ],
            "location": "us-west1-a",
            "management": [
              {
                "auto_repair": true,
                "auto_upgrade": true
              }
            ],
            "max_pods_per_node": 110,
            "name": "default-node-pool",
            "name_prefix": "",
            "node_config": [
              {
                "boot_disk_kms_key": "",
                "disk_size_gb": 100,
                "disk_type": "pd-standard",
                "guest_accelerator": [],
                "image_type": "COS",
                "kubelet_config": [],
                "labels": {
                  "cluster_name": "gke-cluster-client-1",
                  "node_pool": "default-node-pool"
                },
                "linux_node_config": [],
                "local_ssd_count": 0,
                "machine_type": "n1-standard-4",
                "metadata": {
                  "cluster_name": "gke-cluster-client-1",
                  "disable-legacy-endpoints": "true",
                  "node_pool": "default-node-pool"
                },
                "min_cpu_platform": "",
                "oauth_scopes": [
                  "https://www.googleapis.com/auth/cloud-platform"
                ],
                "preemptible": false,
                "sandbox_config": [],
                "service_account": "tf-gke-gke-cluster-cli-viol@jk-mlops-dev.iam.gserviceaccount.com",
                "shielded_instance_config": [
                  {
                    "enable_integrity_monitoring": true,
                    "enable_secure_boot": false
                  }
                ],
                "tags": [
                  "gke-gke-cluster-client-1",
                  "gke-gke-cluster-client-1-default-node-pool"
                ],
                "taint": [],
                "workload_metadata_config": [
                  {
                    "node_metadata": "GKE_METADATA_SERVER"
                  }
                ]
              }
            ],
            "node_count": 1,
            "node_locations": [
              "us-west1-a"
            ],
            "project": "jk-mlops-dev",
            "timeouts": {
              "create": "45m",
              "delete": "45m",
              "update": "45m"
            },
            "upgrade_settings": [
              {
                "max_surge": 1,
                "max_unavailable": 0
              }
            ],
            "version": "1.18.12-gke.1210"
          },
          "sensitive_attributes": [],
          "private": "eyJlMmJmYjczMC1lY2FhLTExZTYtOGY4OC0zNDM2M2JjN2M0YzAiOnsiY3JlYXRlIjoyNzAwMDAwMDAwMDAwLCJkZWxldGUiOjI3MDAwMDAwMDAwMDAsInVwZGF0ZSI6MjcwMDAwMDAwMDAwMH0sInNjaGVtYV92ZXJzaW9uIjoiMSJ9",
          "dependencies": [
            "data.google_client_config.current",
            "data.google_project.project",
            "module.client-clusters.data.google_compute_zones.available",
            "module.client-clusters.data.google_container_engine_versions.region",
            "module.client-clusters.data.google_container_engine_versions.zone",
            "module.client-clusters.google_container_cluster.primary",
            "module.client-clusters.google_service_account.cluster_service_account",
            "module.client-clusters.random_shuffle.available_zones",
            "module.client-clusters.random_string.cluster_service_account_suffix",
            "module.project-services.google_project_service.project_services"
          ]
        }
      ]
    },
    {
      "module": "module.client-clusters[1]",
      "mode": "managed",
      "type": "google_project_iam_member",
      "name": "cluster_service_account-log_writer",
      "provider": "provider[\"registry.terraform.io/hashicorp/google\"]",
      "instances": [
        {
          "index_key": 0,
          "schema_version": 0,
          "attributes": {
            "condition": [],
            "etag": "BwW7zdZSERE=",
            "id": "jk-mlops-dev/roles/logging.logWriter/serviceaccount:tf-gke-gke-cluster-cli-viol@jk-mlops-dev.iam.gserviceaccount.com",
            "member": "serviceAccount:tf-gke-gke-cluster-cli-viol@jk-mlops-dev.iam.gserviceaccount.com",
            "project": "jk-mlops-dev",
            "role": "roles/logging.logWriter"
          },
          "sensitive_attributes": [],
          "private": "bnVsbA==",
          "dependencies": [
            "data.google_client_config.current",
            "module.client-clusters.google_service_account.cluster_service_account",
            "module.client-clusters.random_string.cluster_service_account_suffix",
            "module.project-services.google_project_service.project_services"
          ]
        }
      ]
    },
    {
      "module": "module.client-clusters[1]",
      "mode": "managed",
      "type": "google_project_iam_member",
      "name": "cluster_service_account-metric_writer",
      "provider": "provider[\"registry.terraform.io/hashicorp/google\"]",
      "instances": [
        {
          "index_key": 0,
          "schema_version": 0,
          "attributes": {
            "condition": [],
            "etag": "BwW7zdbNeio=",
            "id": "jk-mlops-dev/roles/monitoring.metricWriter/serviceaccount:tf-gke-gke-cluster-cli-viol@jk-mlops-dev.iam.gserviceaccount.com",
            "member": "serviceAccount:tf-gke-gke-cluster-cli-viol@jk-mlops-dev.iam.gserviceaccount.com",
            "project": "jk-mlops-dev",
            "role": "roles/monitoring.metricWriter"
          },
          "sensitive_attributes": [],
          "private": "bnVsbA==",
          "dependencies": [
            "data.google_client_config.current",
            "module.client-clusters.google_project_iam_member.cluster_service_account-log_writer",
            "module.client-clusters.google_service_account.cluster_service_account",
            "module.client-clusters.random_string.cluster_service_account_suffix",
            "module.project-services.google_project_service.project_services"
          ]
        }
      ]
    },
    {
      "module": "module.client-clusters[1]",
      "mode": "managed",
      "type": "google_project_iam_member",
      "name": "cluster_service_account-monitoring_viewer",
      "provider": "provider[\"registry.terraform.io/hashicorp/google\"]",
      "instances": [
        {
          "index_key": 0,
          "schema_version": 0,
          "attributes": {
            "condition": [],
            "etag": "BwW7zddDRPs=",
            "id": "jk-mlops-dev/roles/monitoring.viewer/serviceaccount:tf-gke-gke-cluster-cli-viol@jk-mlops-dev.iam.gserviceaccount.com",
            "member": "serviceAccount:tf-gke-gke-cluster-cli-viol@jk-mlops-dev.iam.gserviceaccount.com",
            "project": "jk-mlops-dev",
            "role": "roles/monitoring.viewer"
          },
          "sensitive_attributes": [],
          "private": "bnVsbA==",
          "dependencies": [
            "data.google_client_config.current",
            "module.client-clusters.google_project_iam_member.cluster_service_account-log_writer",
            "module.client-clusters.google_project_iam_member.cluster_service_account-metric_writer",
            "module.client-clusters.google_service_account.cluster_service_account",
            "module.client-clusters.random_string.cluster_service_account_suffix",
            "module.project-services.google_project_service.project_services"
          ]
        }
      ]
    },
    {
      "module": "module.client-clusters[1]",
      "mode": "managed",
      "type": "google_project_iam_member",
      "name": "cluster_service_account-resourceMetadata-writer",
      "provider": "provider[\"registry.terraform.io/hashicorp/google\"]",
      "instances": [
        {
          "index_key": 0,
          "schema_version": 0,
          "attributes": {
            "condition": [],
            "etag": "BwW7zde40KE=",
            "id": "jk-mlops-dev/roles/stackdriver.resourceMetadata.writer/serviceaccount:tf-gke-gke-cluster-cli-viol@jk-mlops-dev.iam.gserviceaccount.com",
            "member": "serviceAccount:tf-gke-gke-cluster-cli-viol@jk-mlops-dev.iam.gserviceaccount.com",
            "project": "jk-mlops-dev",
            "role": "roles/stackdriver.resourceMetadata.writer"
          },
          "sensitive_attributes": [],
          "private": "bnVsbA==",
          "dependencies": [
            "data.google_client_config.current",
            "module.client-clusters.google_project_iam_member.cluster_service_account-log_writer",
            "module.client-clusters.google_project_iam_member.cluster_service_account-metric_writer",
            "module.client-clusters.google_project_iam_member.cluster_service_account-monitoring_viewer",
            "module.client-clusters.google_service_account.cluster_service_account",
            "module.client-clusters.random_string.cluster_service_account_suffix",
            "module.project-services.google_project_service.project_services"
          ]
        }
      ]
    },
    {
      "module": "module.client-clusters[1]",
      "mode": "managed",
      "type": "google_service_account",
      "name": "cluster_service_account",
      "provider": "provider[\"registry.terraform.io/hashicorp/google\"]",
      "instances": [
        {
          "index_key": 0,
          "schema_version": 0,
          "attributes": {
            "account_id": "tf-gke-gke-cluster-cli-viol",
            "description": "",
            "display_name": "Terraform-managed service account for cluster gke-cluster-client-1",
            "email": "tf-gke-gke-cluster-cli-viol@jk-mlops-dev.iam.gserviceaccount.com",
            "id": "projects/jk-mlops-dev/serviceAccounts/tf-gke-gke-cluster-cli-viol@jk-mlops-dev.iam.gserviceaccount.com",
            "name": "projects/jk-mlops-dev/serviceAccounts/tf-gke-gke-cluster-cli-viol@jk-mlops-dev.iam.gserviceaccount.com",
            "project": "jk-mlops-dev",
            "timeouts": null,
            "unique_id": "113681954117852957640"
          },
          "sensitive_attributes": [],
          "private": "eyJlMmJmYjczMC1lY2FhLTExZTYtOGY4OC0zNDM2M2JjN2M0YzAiOnsiY3JlYXRlIjozMDAwMDAwMDAwMDB9fQ==",
          "dependencies": [
            "data.google_client_config.current",
            "module.client-clusters.random_string.cluster_service_account_suffix",
            "module.project-services.google_project_service.project_services"
          ]
        }
      ]
    },
    {
      "module": "module.client-clusters[1]",
      "mode": "managed",
      "type": "random_shuffle",
      "name": "available_zones",
      "provider": "provider[\"registry.terraform.io/hashicorp/random\"]",
      "instances": [
        {
          "schema_version": 0,
          "attributes": {
            "id": "-",
            "input": [
              "us-west1-a",
              "us-west1-b",
              "us-west1-c"
            ],
            "keepers": null,
            "result": [
              "us-west1-c",
              "us-west1-a",
              "us-west1-b"
            ],
            "result_count": 3,
            "seed": null
          },
          "sensitive_attributes": [],
          "private": "bnVsbA==",
          "dependencies": [
            "module.client-clusters.data.google_compute_zones.available"
          ]
        }
      ]
    },
    {
      "module": "module.client-clusters[1]",
      "mode": "managed",
      "type": "random_string",
      "name": "cluster_service_account_suffix",
      "provider": "provider[\"registry.terraform.io/hashicorp/random\"]",
      "instances": [
        {
          "schema_version": 1,
          "attributes": {
            "id": "viol",
            "keepers": null,
            "length": 4,
            "lower": true,
            "min_lower": 0,
            "min_numeric": 0,
            "min_special": 0,
            "min_upper": 0,
            "number": true,
            "override_special": null,
            "result": "viol",
            "special": false,
            "upper": false
          },
          "sensitive_attributes": [],
          "private": "eyJzY2hlbWFfdmVyc2lvbiI6IjEifQ=="
        }
      ]
    },
    {
      "module": "module.client-clusters[1].module.gcloud_delete_default_kube_dns_configmap.module.gcloud_kubectl",
      "mode": "managed",
      "type": "null_resource",
      "name": "module_depends_on",
      "provider": "provider[\"registry.terraform.io/hashicorp/null\"]",
      "instances": [
        {
          "index_key": 0,
          "schema_version": 0,
          "attributes": {
            "id": "2946416562043185427",
            "triggers": {
              "value": "3"
            }
          },
          "sensitive_attributes": [],
          "private": "bnVsbA==",
          "dependencies": [
            "data.google_client_config.current",
            "data.google_project.project",
            "module.client-clusters.data.google_client_config.default",
            "module.client-clusters.data.google_compute_zones.available",
            "module.client-clusters.data.google_container_engine_versions.region",
            "module.client-clusters.data.google_container_engine_versions.zone",
            "module.client-clusters.google_container_cluster.primary",
            "module.client-clusters.google_container_node_pool.pools",
            "module.client-clusters.google_service_account.cluster_service_account",
            "module.client-clusters.random_shuffle.available_zones",
            "module.client-clusters.random_string.cluster_service_account_suffix",
            "module.project-services.google_project_service.project_services"
          ]
        }
      ]
    },
    {
      "module": "module.hub-clients[0]",
      "mode": "data",
      "type": "google_client_config",
      "name": "default",
      "provider": "provider[\"registry.terraform.io/hashicorp/google\"]",
      "instances": [
        {
          "schema_version": 0,
          "attributes": {
            "access_token": "ya29.A0AfH6SMC_6XB54mc6OOKOh7Mb23TSVtiX8hS68twLHZGux5bcqrn4Klcyf3pBGNVFZx_tEqr2bFYlMVm6Or5i4vyNakCDx6WtWCQB0MbBYaUPRc8xO_Dw7-zcDaV_drQZWIG8ikJHGKG8ir5LMjqNheyCX2IpFGNXz1QwcUcvm_ymGerrlfappwfyj7l3KOpuyhXoBl6C6VXpCLzdqMn1culDnt0nSFg8A3Uypl72XbJLGwCAaJDxbTBeU-G5tdx-cpHzz_HPcA",
            "id": "projects/jk-mlops-dev/regions/us-west1/zones/",
            "project": "jk-mlops-dev",
            "region": "us-west1",
            "zone": ""
          },
          "sensitive_attributes": []
        }
      ]
    },
    {
      "module": "module.hub-clients[0]",
      "mode": "managed",
      "type": "google_project_iam_member",
      "name": "gke_hub_member",
      "provider": "provider[\"registry.terraform.io/hashicorp/google\"]",
      "instances": [
        {
          "index_key": 0,
          "schema_version": 0,
          "attributes": {
            "condition": [],
            "etag": "BwW7zdZSERE=",
            "id": "jk-mlops-dev/roles/gkehub.connect/serviceaccount:client-0@jk-mlops-dev.iam.gserviceaccount.com",
            "member": "serviceAccount:client-0@jk-mlops-dev.iam.gserviceaccount.com",
            "project": "jk-mlops-dev",
            "role": "roles/gkehub.connect"
          },
          "sensitive_attributes": [],
          "private": "bnVsbA==",
          "dependencies": [
            "data.google_client_config.current",
            "module.hub-clients.google_service_account.gke_hub_sa"
          ]
        }
      ]
    },
    {
      "module": "module.hub-clients[0]",
      "mode": "managed",
      "type": "google_service_account",
      "name": "gke_hub_sa",
      "provider": "provider[\"registry.terraform.io/hashicorp/google\"]",
      "instances": [
        {
          "index_key": 0,
          "schema_version": 0,
          "attributes": {
            "account_id": "client-0",
            "description": "",
            "display_name": "Service Account for GKE Hub Registration",
            "email": "client-0@jk-mlops-dev.iam.gserviceaccount.com",
            "id": "projects/jk-mlops-dev/serviceAccounts/client-0@jk-mlops-dev.iam.gserviceaccount.com",
            "name": "projects/jk-mlops-dev/serviceAccounts/client-0@jk-mlops-dev.iam.gserviceaccount.com",
            "project": "jk-mlops-dev",
            "timeouts": null,
            "unique_id": "106860658289199289131"
          },
          "sensitive_attributes": [],
          "private": "eyJlMmJmYjczMC1lY2FhLTExZTYtOGY4OC0zNDM2M2JjN2M0YzAiOnsiY3JlYXRlIjozMDAwMDAwMDAwMDB9fQ==",
          "dependencies": [
            "data.google_client_config.current"
          ]
        }
      ]
    },
    {
      "module": "module.hub-clients[0]",
      "mode": "managed",
      "type": "google_service_account_key",
      "name": "gke_hub_key",
      "provider": "provider[\"registry.terraform.io/hashicorp/google\"]",
      "instances": [
        {
          "index_key": 0,
          "schema_version": 0,
          "attributes": {
            "id": "projects/jk-mlops-dev/serviceAccounts/client-0@jk-mlops-dev.iam.gserviceaccount.com/keys/f03da2d93fa5fa40ba86243a6af335a4e23d9946",
            "keepers": null,
            "key_algorithm": "KEY_ALG_RSA_2048",
            "name": "projects/jk-mlops-dev/serviceAccounts/client-0@jk-mlops-dev.iam.gserviceaccount.com/keys/f03da2d93fa5fa40ba86243a6af335a4e23d9946",
            "private_key": "ewogICJ0eXBlIjogInNlcnZpY2VfYWNjb3VudCIsCiAgInByb2plY3RfaWQiOiAiamstbWxvcHMtZGV2IiwKICAicHJpdmF0ZV9rZXlfaWQiOiAiZjAzZGEyZDkzZmE1ZmE0MGJhODYyNDNhNmFmMzM1YTRlMjNkOTk0NiIsCiAgInByaXZhdGVfa2V5IjogIi0tLS0tQkVHSU4gUFJJVkFURSBLRVktLS0tLVxuTUlJRXZBSUJBREFOQmdrcWhraUc5dzBCQVFFRkFBU0NCS1l3Z2dTaUFnRUFBb0lCQVFEaGpJcDNSaEhFbFZZZlxuajNRWFJuWTRBRlJkNWR4TW95VVN1a0pQV0pQd0pKY0FjNDAxeUF5dWJJbDhiN2wzVmJlb1lTMFdHMUFGZk4zU1xuMDlJWGxXT1FSTnpTd24zeWFldDAvSm9hNklVU3dudktqSWJ4aGRaWTczeTRNNWJvdVhZRy9VV2ZPTmRiYy9NZ1xuYzFTUWRlMTA4YXFXbjJYays5TWxObThnSWFETFF6MTBHODcySVlPbTdnUU9UTkVsT2xDcFJRbnZ0SXR3TittbVxuQms1alYyVkVtd2J0cGRTZVlJSUZKNHpUM1hXamxjQnV3VWZaRGExVGRvRWphQkdJWnlwNVk1SDY3akhKbmRhRFxuNWhFLzRUQ0dTWDd3ZHBxZnBiSHZCU1lxYmRHOTlGaUlXaHpvOU5adEVCSWt1ZmFyK3BTZzFCWEJiVEgyL1NkVVxuT2JsNlN1Uy9BZ01CQUFFQ2dnRUFHSHBnc3FZYm1vcWNnS3RZYllnN24wTkY1TFRrRGpzc2RGWmJpUEh6aUQzb1xuVjJleS9SRzdjcGliNlRIVTNvTWlmZmNoNWdMTDBmU2x2Rkk1dkU1OXNqUVBCUjZQZmFZS0pEV2Y0ZWkzUEh4M1xuNDlrUmNoZlUxZTBUeTRmcHlsTUtZS0xQRWdNZ3VDK2l4TFJQaXFnSnY4WFVmaWxKYlNyNVZOSU9DRjR0N2JFblxueHcrNHVuaC9XMGJicW9vWitoeGp4ekVDMUtwcVdGU2tkRnpma1lpSlA5V3haVGQ1MUM1YU1DUlp6bFd3NUVjc1xueWgvdFQ0cEFHaEpZQisyRkpFcGNYZWdtVTVnbHYrNzFIZFdHc1pFMmYrTjkyMzVCWno0cWJiQUgwdTdSSld3VVxueFVtS25iNXU4SzZJRUpFa0psNEtTWnZmRGlFNXRQNklLU25BYlhxV0VRS0JnUUQybGdYQlRBdHBBSVdCWmN5bFxuenE1dStwUWV2QWtoWXFTaXVWUzBuOWVpZFZUZjdtYittL0VpTzlkRVhiSWdMaHpoWG00QlFkbzB5ZnpQdmlraVxuZjJpMXBheUwrRWNKMmQ1V2V2ZXJuV2ZXZkRMSkEvTldrdFhMN29HQ2pja1YwSGxmNXNpMmNpeVZnQnVGbnR5SFxucE80bnh1dFBCR1RiT3VFUGNCWG9WQUZOY1FLQmdRRHFLT3BpSzBISnJJbU4wZGpSd3cxUStFQVVlcnFWdlZqd1xucjJ3Q3ZaTVBuNUZDNmJDM1VlSU5iMGFhVWlpTjRRUkpwV3NhL0lCR1ZVNDFzaVNhTk42Sy9USThyTVpRUTRPa1xuVy9yWmZoL2U2L3NjK09pRWpLeTFpdkhVeDVQNS9TcEVuZlVhc0VMZ0FxajVDY1dVbnpPMHVVcy9SMkVqcTc0Slxud2NVUDdsWDlMd0tCZ0ZwWHJyWWFNVmdBRytuRHJVM1dRbXhnbkNJQ2pHblI1VFhGSnZhaVZYT3MvektuK3M0dlxudmhIbjBMKzRnRWx2KzU3S1pRMUszakpYQ3F2bUpOWUJ6aEEzS2RlQ1dDeVF5UGZ3UjR0MXVSU0pIbVl0YjFyNVxub3lEN09qSGwxcFdLY3QyakJVaHEzbERMeGNtWDRYNUUvQWhReGVlR1dabEVvaTV3eDJYK1dSZlJBb0dBV0pLOVxuaGdEQzA5eDE4N1ZMQkoxNWJnVlpoK1djcW9PREh4ZmNEWFZVS1hhOFpja3IxVXdkNitNSm05bzBDT2J5emtES1xuTU4wT1VJeDRGd3VabU5NaTB3UlBlbkFJVzlnTjlaL3RWVlBHRG5iSTkvNlhSWHhJNENyOHF2WUxYV2FNRklTRFxuY0dMNENQQTRwbXN4MTdRWXhPWEtOdGR6UVNEM3M0MGVVNVpkNUhVQ2dZQm51dmhvRUhSczVrcTZ1WTVoVGlyblxuenRQVEtRZ2kySU9vZHU4NGZWNTFsWHFUdlVWZ1NEa3FmeldsZUMzaHd3SUxnMDZFcDNaQ01OODNpODBZMnROMlxuN3h4MDN3WkZBTXFzaStmQWxkdGZiK2xyQkZuK2JFTkVCcVkrZ2VRb0p3bVdzV0pjY0p4bndpUEJ4OHY4Ty9UUFxuSXVHZW5CV3B3TWd2Y29YVm1RNmhrUT09XG4tLS0tLUVORCBQUklWQVRFIEtFWS0tLS0tXG4iLAogICJjbGllbnRfZW1haWwiOiAiY2xpZW50LTBAamstbWxvcHMtZGV2LmlhbS5nc2VydmljZWFjY291bnQuY29tIiwKICAiY2xpZW50X2lkIjogIjEwNjg2MDY1ODI4OTE5OTI4OTEzMSIsCiAgImF1dGhfdXJpIjogImh0dHBzOi8vYWNjb3VudHMuZ29vZ2xlLmNvbS9vL29hdXRoMi9hdXRoIiwKICAidG9rZW5fdXJpIjogImh0dHBzOi8vb2F1dGgyLmdvb2dsZWFwaXMuY29tL3Rva2VuIiwKICAiYXV0aF9wcm92aWRlcl94NTA5X2NlcnRfdXJsIjogImh0dHBzOi8vd3d3Lmdvb2dsZWFwaXMuY29tL29hdXRoMi92MS9jZXJ0cyIsCiAgImNsaWVudF94NTA5X2NlcnRfdXJsIjogImh0dHBzOi8vd3d3Lmdvb2dsZWFwaXMuY29tL3JvYm90L3YxL21ldGFkYXRhL3g1MDkvY2xpZW50LTAlNDBqay1tbG9wcy1kZXYuaWFtLmdzZXJ2aWNlYWNjb3VudC5jb20iCn0K",
            "private_key_type": "TYPE_GOOGLE_CREDENTIALS_FILE",
            "public_key": "LS0tLS1CRUdJTiBDRVJUSUZJQ0FURS0tLS0tCk1JSUMvRENDQWVTZ0F3SUJBZ0lJZFhDS3MzVGdXQzR3RFFZSktvWklodmNOQVFFRkJRQXdJREVlTUJ3R0ExVUUKQXhNVk1UQTJPRFl3TmpVNE1qZzVNVGs1TWpnNU1UTXhNQ0FYRFRJeE1ESXlNVEF3TXpNek5Gb1lEems1T1RreApNak14TWpNMU9UVTVXakFnTVI0d0hBWURWUVFERXhVeE1EWTROakEyTlRneU9Ea3hPVGt5T0RreE16RXdnZ0VpCk1BMEdDU3FHU0liM0RRRUJBUVVBQTRJQkR3QXdnZ0VLQW9JQkFRRGhqSXAzUmhIRWxWWWZqM1FYUm5ZNEFGUmQKNWR4TW95VVN1a0pQV0pQd0pKY0FjNDAxeUF5dWJJbDhiN2wzVmJlb1lTMFdHMUFGZk4zUzA5SVhsV09RUk56Uwp3bjN5YWV0MC9Kb2E2SVVTd252S2pJYnhoZFpZNzN5NE01Ym91WFlHL1VXZk9OZGJjL01nYzFTUWRlMTA4YXFXCm4yWGsrOU1sTm04Z0lhRExRejEwRzg3MklZT203Z1FPVE5FbE9sQ3BSUW52dEl0d04rbW1CazVqVjJWRW13YnQKcGRTZVlJSUZKNHpUM1hXamxjQnV3VWZaRGExVGRvRWphQkdJWnlwNVk1SDY3akhKbmRhRDVoRS80VENHU1g3dwpkcHFmcGJIdkJTWXFiZEc5OUZpSVdoem85Tlp0RUJJa3VmYXIrcFNnMUJYQmJUSDIvU2RVT2JsNlN1Uy9BZ01CCkFBR2pPREEyTUF3R0ExVWRFd0VCL3dRQ01BQXdEZ1lEVlIwUEFRSC9CQVFEQWdlQU1CWUdBMVVkSlFFQi93UU0KTUFvR0NDc0dBUVVGQndNQ01BMEdDU3FHU0liM0RRRUJCUVVBQTRJQkFRQWc5elBvMlZiTkNaY3gwNnhlQkR0bgp0L21Nakd2cG9XRWpkczVuV0dXVXNCU3BLNEJhZmE1anFqTTdtUTZOTTU2R1dmdGVaSlJKcmlNbDlZR0VCczEvCkY3dkcvcWFKS0ZnbHlxN3FoSUxRNmRLeDZrcXRSWmdXNlVPOTRIQkJsTlBxTGJVYndPNTdmbUdiSVEwR2NKNFQKTVd0VTlORTZ4MFo2amY5S0F2WEV2QmwxWWVQVXMwVDhzZUY1VG5PaXExMnJZZE90dDRxZFc2amtLNTcrVUpLcwo1clJZa0c1ZHI1bENaSXo4MVJZbUNLV1Vvbm1iRVdCYVdUeWtITnRRRWJBVjNjL2FMcVNvSU1mR0E4ZVN6bjhCCjJXWnd6UWlhUTB1NGt1ZitHblRnYU1qN3kxa2RXZFVOdUVhaW9ZK1k1OFc3M1NlT2JWMmJZeWlrRmQwcTZUK1AKLS0tLS1FTkQgQ0VSVElGSUNBVEUtLS0tLQo=",
            "public_key_data": null,
            "public_key_type": "TYPE_X509_PEM_FILE",
            "service_account_id": "projects/jk-mlops-dev/serviceAccounts/client-0@jk-mlops-dev.iam.gserviceaccount.com",
            "valid_after": "2021-02-21T00:33:34Z",
            "valid_before": "9999-12-31T23:59:59Z"
          },
          "sensitive_attributes": [],
          "private": "bnVsbA==",
          "dependencies": [
            "data.google_client_config.current",
            "module.hub-clients.google_service_account.gke_hub_sa"
          ]
        }
      ]
    },
    {
      "module": "module.hub-clients[0].module.gke_hub_registration",
      "mode": "data",
      "type": "external",
      "name": "env_override",
      "provider": "provider[\"registry.terraform.io/hashicorp/external\"]",
      "instances": [
        {
          "index_key": 0,
          "schema_version": 0,
          "attributes": {
            "id": "-",
            "program": [
              ".terraform/modules/hub-clients.gke_hub_registration/terraform-google-gcloud-2.0.3/scripts/check_env.sh"
            ],
            "query": null,
            "result": {
              "download": ""
            },
            "working_dir": null
          },
          "sensitive_attributes": []
        }
      ]
    },
    {
      "module": "module.hub-clients[0].module.gke_hub_registration",
      "mode": "managed",
      "type": "null_resource",
      "name": "module_depends_on",
      "provider": "provider[\"registry.terraform.io/hashicorp/null\"]",
      "instances": [
        {
          "index_key": 0,
          "schema_version": 0,
          "attributes": {
            "id": "3901864257511501208",
            "triggers": {
              "value": "1"
            }
          },
          "sensitive_attributes": [
            [
              {
                "type": "get_attr",
                "value": "triggers"
              },
              {
                "type": "index",
                "value": {
                  "value": "value",
                  "type": "string"
                }
              }
            ]
          ],
          "private": "bnVsbA==",
          "dependencies": [
            "data.google_client_config.current",
            "data.google_project.project",
            "module.client-clusters.data.google_client_config.default",
            "module.client-clusters.data.google_compute_subnetwork.gke_subnetwork",
            "module.client-clusters.data.google_compute_zones.available",
            "module.client-clusters.data.google_container_engine_versions.region",
            "module.client-clusters.data.google_container_engine_versions.zone",
            "module.client-clusters.google_compute_firewall.intra_egress",
            "module.client-clusters.google_compute_firewall.master_webhooks",
            "module.client-clusters.google_compute_firewall.shadow_allow_master",
            "module.client-clusters.google_compute_firewall.shadow_allow_nodes",
            "module.client-clusters.google_compute_firewall.shadow_allow_pods",
            "module.client-clusters.google_container_cluster.primary",
            "module.client-clusters.google_container_node_pool.pools",
            "module.client-clusters.google_project_iam_member.cluster_service_account-artifact-registry",
            "module.client-clusters.google_project_iam_member.cluster_service_account-gcr",
            "module.client-clusters.google_project_iam_member.cluster_service_account-log_writer",
            "module.client-clusters.google_project_iam_member.cluster_service_account-metric_writer",
            "module.client-clusters.google_project_iam_member.cluster_service_account-monitoring_viewer",
            "module.client-clusters.google_project_iam_member.cluster_service_account-resourceMetadata-writer",
            "module.client-clusters.google_service_account.cluster_service_account",
            "module.client-clusters.kubernetes_config_map.ip-masq-agent",
            "module.client-clusters.kubernetes_config_map.kube-dns",
            "module.client-clusters.kubernetes_config_map.kube-dns-upstream-nameservers-and-stub-domains",
            "module.client-clusters.kubernetes_config_map.kube-dns-upstream-namservers",
            "module.client-clusters.module.gcloud_delete_default_kube_dns_configmap.module.gcloud_kubectl.data.external.env_override",
            "module.client-clusters.module.gcloud_delete_default_kube_dns_configmap.module.gcloud_kubectl.null_resource.additional_components",
            "module.client-clusters.module.gcloud_delete_default_kube_dns_configmap.module.gcloud_kubectl.null_resource.additional_components_destroy",
            "module.client-clusters.module.gcloud_delete_default_kube_dns_configmap.module.gcloud_kubectl.null_resource.decompress",
            "module.client-clusters.module.gcloud_delete_default_kube_dns_configmap.module.gcloud_kubectl.null_resource.decompress_destroy",
            "module.client-clusters.module.gcloud_delete_default_kube_dns_configmap.module.gcloud_kubectl.null_resource.download_gcloud",
            "module.client-clusters.module.gcloud_delete_default_kube_dns_configmap.module.gcloud_kubectl.null_resource.download_jq",
            "module.client-clusters.module.gcloud_delete_default_kube_dns_configmap.module.gcloud_kubectl.null_resource.gcloud_auth_google_credentials",
            "module.client-clusters.module.gcloud_delete_default_kube_dns_configmap.module.gcloud_kubectl.null_resource.gcloud_auth_google_credentials_destroy",
            "module.client-clusters.module.gcloud_delete_default_kube_dns_configmap.module.gcloud_kubectl.null_resource.gcloud_auth_service_account_key_file",
            "module.client-clusters.module.gcloud_delete_default_kube_dns_configmap.module.gcloud_kubectl.null_resource.gcloud_auth_service_account_key_file_destroy",
            "module.client-clusters.module.gcloud_delete_default_kube_dns_configmap.module.gcloud_kubectl.null_resource.module_depends_on",
            "module.client-clusters.module.gcloud_delete_default_kube_dns_configmap.module.gcloud_kubectl.null_resource.prepare_cache",
            "module.client-clusters.module.gcloud_delete_default_kube_dns_configmap.module.gcloud_kubectl.null_resource.run_command",
            "module.client-clusters.module.gcloud_delete_default_kube_dns_configmap.module.gcloud_kubectl.null_resource.run_destroy_command",
            "module.client-clusters.module.gcloud_delete_default_kube_dns_configmap.module.gcloud_kubectl.null_resource.upgrade",
            "module.client-clusters.module.gcloud_delete_default_kube_dns_configmap.module.gcloud_kubectl.null_resource.upgrade_destroy",
            "module.client-clusters.module.gcloud_delete_default_kube_dns_configmap.module.gcloud_kubectl.random_id.cache",
            "module.client-clusters.random_shuffle.available_zones",
            "module.client-clusters.random_string.cluster_service_account_suffix",
            "module.project-services.google_project_service.project_services"
          ]
        }
      ]
    },
    {
      "module": "module.hub-clients[0].module.gke_hub_registration",
      "mode": "managed",
      "type": "null_resource",
      "name": "run_command",
      "provider": "provider[\"registry.terraform.io/hashicorp/null\"]",
      "instances": [
        {
          "index_key": 0,
          "schema_version": 0,
          "attributes": {
            "id": "2107143053786020724",
            "triggers": {
              "arguments": "b359f439a1fddc8707dbc35e709bd21a",
              "create_cmd_body": "1 client-0 us-west1-a gke-cluster-client-0 ewogICJ0eXBlIjogInNlcnZpY2VfYWNjb3VudCIsCiAgInByb2plY3RfaWQiOiAiamstbWxvcHMtZGV2IiwKICAicHJpdmF0ZV9rZXlfaWQiOiAiZjAzZGEyZDkzZmE1ZmE0MGJhODYyNDNhNmFmMzM1YTRlMjNkOTk0NiIsCiAgInByaXZhdGVfa2V5IjogIi0tLS0tQkVHSU4gUFJJVkFURSBLRVktLS0tLVxuTUlJRXZBSUJBREFOQmdrcWhraUc5dzBCQVFFRkFBU0NCS1l3Z2dTaUFnRUFBb0lCQVFEaGpJcDNSaEhFbFZZZlxuajNRWFJuWTRBRlJkNWR4TW95VVN1a0pQV0pQd0pKY0FjNDAxeUF5dWJJbDhiN2wzVmJlb1lTMFdHMUFGZk4zU1xuMDlJWGxXT1FSTnpTd24zeWFldDAvSm9hNklVU3dudktqSWJ4aGRaWTczeTRNNWJvdVhZRy9VV2ZPTmRiYy9NZ1xuYzFTUWRlMTA4YXFXbjJYays5TWxObThnSWFETFF6MTBHODcySVlPbTdnUU9UTkVsT2xDcFJRbnZ0SXR3TittbVxuQms1alYyVkVtd2J0cGRTZVlJSUZKNHpUM1hXamxjQnV3VWZaRGExVGRvRWphQkdJWnlwNVk1SDY3akhKbmRhRFxuNWhFLzRUQ0dTWDd3ZHBxZnBiSHZCU1lxYmRHOTlGaUlXaHpvOU5adEVCSWt1ZmFyK3BTZzFCWEJiVEgyL1NkVVxuT2JsNlN1Uy9BZ01CQUFFQ2dnRUFHSHBnc3FZYm1vcWNnS3RZYllnN24wTkY1TFRrRGpzc2RGWmJpUEh6aUQzb1xuVjJleS9SRzdjcGliNlRIVTNvTWlmZmNoNWdMTDBmU2x2Rkk1dkU1OXNqUVBCUjZQZmFZS0pEV2Y0ZWkzUEh4M1xuNDlrUmNoZlUxZTBUeTRmcHlsTUtZS0xQRWdNZ3VDK2l4TFJQaXFnSnY4WFVmaWxKYlNyNVZOSU9DRjR0N2JFblxueHcrNHVuaC9XMGJicW9vWitoeGp4ekVDMUtwcVdGU2tkRnpma1lpSlA5V3haVGQ1MUM1YU1DUlp6bFd3NUVjc1xueWgvdFQ0cEFHaEpZQisyRkpFcGNYZWdtVTVnbHYrNzFIZFdHc1pFMmYrTjkyMzVCWno0cWJiQUgwdTdSSld3VVxueFVtS25iNXU4SzZJRUpFa0psNEtTWnZmRGlFNXRQNklLU25BYlhxV0VRS0JnUUQybGdYQlRBdHBBSVdCWmN5bFxuenE1dStwUWV2QWtoWXFTaXVWUzBuOWVpZFZUZjdtYittL0VpTzlkRVhiSWdMaHpoWG00QlFkbzB5ZnpQdmlraVxuZjJpMXBheUwrRWNKMmQ1V2V2ZXJuV2ZXZkRMSkEvTldrdFhMN29HQ2pja1YwSGxmNXNpMmNpeVZnQnVGbnR5SFxucE80bnh1dFBCR1RiT3VFUGNCWG9WQUZOY1FLQmdRRHFLT3BpSzBISnJJbU4wZGpSd3cxUStFQVVlcnFWdlZqd1xucjJ3Q3ZaTVBuNUZDNmJDM1VlSU5iMGFhVWlpTjRRUkpwV3NhL0lCR1ZVNDFzaVNhTk42Sy9USThyTVpRUTRPa1xuVy9yWmZoL2U2L3NjK09pRWpLeTFpdkhVeDVQNS9TcEVuZlVhc0VMZ0FxajVDY1dVbnpPMHVVcy9SMkVqcTc0Slxud2NVUDdsWDlMd0tCZ0ZwWHJyWWFNVmdBRytuRHJVM1dRbXhnbkNJQ2pHblI1VFhGSnZhaVZYT3MvektuK3M0dlxudmhIbjBMKzRnRWx2KzU3S1pRMUszakpYQ3F2bUpOWUJ6aEEzS2RlQ1dDeVF5UGZ3UjR0MXVSU0pIbVl0YjFyNVxub3lEN09qSGwxcFdLY3QyakJVaHEzbERMeGNtWDRYNUUvQWhReGVlR1dabEVvaTV3eDJYK1dSZlJBb0dBV0pLOVxuaGdEQzA5eDE4N1ZMQkoxNWJnVlpoK1djcW9PREh4ZmNEWFZVS1hhOFpja3IxVXdkNitNSm05bzBDT2J5emtES1xuTU4wT1VJeDRGd3VabU5NaTB3UlBlbkFJVzlnTjlaL3RWVlBHRG5iSTkvNlhSWHhJNENyOHF2WUxYV2FNRklTRFxuY0dMNENQQTRwbXN4MTdRWXhPWEtOdGR6UVNEM3M0MGVVNVpkNUhVQ2dZQm51dmhvRUhSczVrcTZ1WTVoVGlyblxuenRQVEtRZ2kySU9vZHU4NGZWNTFsWHFUdlVWZ1NEa3FmeldsZUMzaHd3SUxnMDZFcDNaQ01OODNpODBZMnROMlxuN3h4MDN3WkZBTXFzaStmQWxkdGZiK2xyQkZuK2JFTkVCcVkrZ2VRb0p3bVdzV0pjY0p4bndpUEJ4OHY4Ty9UUFxuSXVHZW5CV3B3TWd2Y29YVm1RNmhrUT09XG4tLS0tLUVORCBQUklWQVRFIEtFWS0tLS0tXG4iLAogICJjbGllbnRfZW1haWwiOiAiY2xpZW50LTBAamstbWxvcHMtZGV2LmlhbS5nc2VydmljZWFjY291bnQuY29tIiwKICAiY2xpZW50X2lkIjogIjEwNjg2MDY1ODI4OTE5OTI4OTEzMSIsCiAgImF1dGhfdXJpIjogImh0dHBzOi8vYWNjb3VudHMuZ29vZ2xlLmNvbS9vL29hdXRoMi9hdXRoIiwKICAidG9rZW5fdXJpIjogImh0dHBzOi8vb2F1dGgyLmdvb2dsZWFwaXMuY29tL3Rva2VuIiwKICAiYXV0aF9wcm92aWRlcl94NTA5X2NlcnRfdXJsIjogImh0dHBzOi8vd3d3Lmdvb2dsZWFwaXMuY29tL29hdXRoMi92MS9jZXJ0cyIsCiAgImNsaWVudF94NTA5X2NlcnRfdXJsIjogImh0dHBzOi8vd3d3Lmdvb2dsZWFwaXMuY29tL3JvYm90L3YxL21ldGFkYXRhL3g1MDkvY2xpZW50LTAlNDBqay1tbG9wcy1kZXYuaWFtLmdzZXJ2aWNlYWNjb3VudC5jb20iCn0K jk-mlops-dev ",
              "create_cmd_entrypoint": ".terraform/modules/hub-clients/modules/hub/scripts/gke_hub_registration.sh",
              "gcloud_bin_abs_path": "/google-cloud-sdk/bin",
              "md5": "c7f8d676e78d2980d877f39f691b8824"
            }
          },
          "sensitive_attributes": [],
          "private": "bnVsbA==",
          "dependencies": [
            "data.google_client_config.current",
            "data.google_project.project",
            "module.client-clusters.data.google_client_config.default",
            "module.client-clusters.data.google_compute_subnetwork.gke_subnetwork",
            "module.client-clusters.data.google_compute_zones.available",
            "module.client-clusters.data.google_container_engine_versions.region",
            "module.client-clusters.data.google_container_engine_versions.zone",
            "module.client-clusters.google_compute_firewall.intra_egress",
            "module.client-clusters.google_compute_firewall.master_webhooks",
            "module.client-clusters.google_compute_firewall.shadow_allow_master",
            "module.client-clusters.google_compute_firewall.shadow_allow_nodes",
            "module.client-clusters.google_compute_firewall.shadow_allow_pods",
            "module.client-clusters.google_container_cluster.primary",
            "module.client-clusters.google_container_node_pool.pools",
            "module.client-clusters.google_project_iam_member.cluster_service_account-artifact-registry",
            "module.client-clusters.google_project_iam_member.cluster_service_account-gcr",
            "module.client-clusters.google_project_iam_member.cluster_service_account-log_writer",
            "module.client-clusters.google_project_iam_member.cluster_service_account-metric_writer",
            "module.client-clusters.google_project_iam_member.cluster_service_account-monitoring_viewer",
            "module.client-clusters.google_project_iam_member.cluster_service_account-resourceMetadata-writer",
            "module.client-clusters.google_service_account.cluster_service_account",
            "module.client-clusters.kubernetes_config_map.ip-masq-agent",
            "module.client-clusters.kubernetes_config_map.kube-dns",
            "module.client-clusters.kubernetes_config_map.kube-dns-upstream-nameservers-and-stub-domains",
            "module.client-clusters.kubernetes_config_map.kube-dns-upstream-namservers",
            "module.client-clusters.module.gcloud_delete_default_kube_dns_configmap.module.gcloud_kubectl.data.external.env_override",
            "module.client-clusters.module.gcloud_delete_default_kube_dns_configmap.module.gcloud_kubectl.null_resource.additional_components",
            "module.client-clusters.module.gcloud_delete_default_kube_dns_configmap.module.gcloud_kubectl.null_resource.additional_components_destroy",
            "module.client-clusters.module.gcloud_delete_default_kube_dns_configmap.module.gcloud_kubectl.null_resource.decompress",
            "module.client-clusters.module.gcloud_delete_default_kube_dns_configmap.module.gcloud_kubectl.null_resource.decompress_destroy",
            "module.client-clusters.module.gcloud_delete_default_kube_dns_configmap.module.gcloud_kubectl.null_resource.download_gcloud",
            "module.client-clusters.module.gcloud_delete_default_kube_dns_configmap.module.gcloud_kubectl.null_resource.download_jq",
            "module.client-clusters.module.gcloud_delete_default_kube_dns_configmap.module.gcloud_kubectl.null_resource.gcloud_auth_google_credentials",
            "module.client-clusters.module.gcloud_delete_default_kube_dns_configmap.module.gcloud_kubectl.null_resource.gcloud_auth_google_credentials_destroy",
            "module.client-clusters.module.gcloud_delete_default_kube_dns_configmap.module.gcloud_kubectl.null_resource.gcloud_auth_service_account_key_file",
            "module.client-clusters.module.gcloud_delete_default_kube_dns_configmap.module.gcloud_kubectl.null_resource.gcloud_auth_service_account_key_file_destroy",
            "module.client-clusters.module.gcloud_delete_default_kube_dns_configmap.module.gcloud_kubectl.null_resource.module_depends_on",
            "module.client-clusters.module.gcloud_delete_default_kube_dns_configmap.module.gcloud_kubectl.null_resource.prepare_cache",
            "module.client-clusters.module.gcloud_delete_default_kube_dns_configmap.module.gcloud_kubectl.null_resource.run_command",
            "module.client-clusters.module.gcloud_delete_default_kube_dns_configmap.module.gcloud_kubectl.null_resource.run_destroy_command",
            "module.client-clusters.module.gcloud_delete_default_kube_dns_configmap.module.gcloud_kubectl.null_resource.upgrade",
            "module.client-clusters.module.gcloud_delete_default_kube_dns_configmap.module.gcloud_kubectl.null_resource.upgrade_destroy",
            "module.client-clusters.module.gcloud_delete_default_kube_dns_configmap.module.gcloud_kubectl.random_id.cache",
            "module.client-clusters.random_shuffle.available_zones",
            "module.client-clusters.random_string.cluster_service_account_suffix",
            "module.hub-clients.google_service_account.gke_hub_sa",
            "module.hub-clients.google_service_account_key.gke_hub_key",
            "module.hub-clients.module.gke_hub_registration.data.external.env_override",
            "module.hub-clients.module.gke_hub_registration.null_resource.additional_components",
            "module.hub-clients.module.gke_hub_registration.null_resource.decompress",
            "module.hub-clients.module.gke_hub_registration.null_resource.gcloud_auth_google_credentials",
            "module.hub-clients.module.gke_hub_registration.null_resource.gcloud_auth_service_account_key_file",
            "module.hub-clients.module.gke_hub_registration.null_resource.module_depends_on",
            "module.hub-clients.module.gke_hub_registration.random_id.cache",
            "module.project-services.google_project_service.project_services"
          ]
        }
      ]
    },
    {
      "module": "module.hub-clients[0].module.gke_hub_registration",
      "mode": "managed",
      "type": "null_resource",
      "name": "run_destroy_command",
      "provider": "provider[\"registry.terraform.io/hashicorp/null\"]",
      "instances": [
        {
          "index_key": 0,
          "schema_version": 0,
          "attributes": {
            "id": "3356648873632568444",
            "triggers": {
              "destroy_cmd_body": "1 client-0 us-west1-a gke-cluster-client-0 jk-mlops-dev",
              "destroy_cmd_entrypoint": ".terraform/modules/hub-clients/modules/hub/scripts/gke_hub_unregister.sh",
              "gcloud_bin_abs_path": "/google-cloud-sdk/bin"
            }
          },
          "sensitive_attributes": [],
          "private": "bnVsbA==",
          "dependencies": [
            "data.google_client_config.current",
            "data.google_project.project",
            "module.client-clusters.data.google_client_config.default",
            "module.client-clusters.data.google_compute_subnetwork.gke_subnetwork",
            "module.client-clusters.data.google_compute_zones.available",
            "module.client-clusters.data.google_container_engine_versions.region",
            "module.client-clusters.data.google_container_engine_versions.zone",
            "module.client-clusters.google_compute_firewall.intra_egress",
            "module.client-clusters.google_compute_firewall.master_webhooks",
            "module.client-clusters.google_compute_firewall.shadow_allow_master",
            "module.client-clusters.google_compute_firewall.shadow_allow_nodes",
            "module.client-clusters.google_compute_firewall.shadow_allow_pods",
            "module.client-clusters.google_container_cluster.primary",
            "module.client-clusters.google_container_node_pool.pools",
            "module.client-clusters.google_project_iam_member.cluster_service_account-artifact-registry",
            "module.client-clusters.google_project_iam_member.cluster_service_account-gcr",
            "module.client-clusters.google_project_iam_member.cluster_service_account-log_writer",
            "module.client-clusters.google_project_iam_member.cluster_service_account-metric_writer",
            "module.client-clusters.google_project_iam_member.cluster_service_account-monitoring_viewer",
            "module.client-clusters.google_project_iam_member.cluster_service_account-resourceMetadata-writer",
            "module.client-clusters.google_service_account.cluster_service_account",
            "module.client-clusters.kubernetes_config_map.ip-masq-agent",
            "module.client-clusters.kubernetes_config_map.kube-dns",
            "module.client-clusters.kubernetes_config_map.kube-dns-upstream-nameservers-and-stub-domains",
            "module.client-clusters.kubernetes_config_map.kube-dns-upstream-namservers",
            "module.client-clusters.module.gcloud_delete_default_kube_dns_configmap.module.gcloud_kubectl.data.external.env_override",
            "module.client-clusters.module.gcloud_delete_default_kube_dns_configmap.module.gcloud_kubectl.null_resource.additional_components",
            "module.client-clusters.module.gcloud_delete_default_kube_dns_configmap.module.gcloud_kubectl.null_resource.additional_components_destroy",
            "module.client-clusters.module.gcloud_delete_default_kube_dns_configmap.module.gcloud_kubectl.null_resource.decompress",
            "module.client-clusters.module.gcloud_delete_default_kube_dns_configmap.module.gcloud_kubectl.null_resource.decompress_destroy",
            "module.client-clusters.module.gcloud_delete_default_kube_dns_configmap.module.gcloud_kubectl.null_resource.download_gcloud",
            "module.client-clusters.module.gcloud_delete_default_kube_dns_configmap.module.gcloud_kubectl.null_resource.download_jq",
            "module.client-clusters.module.gcloud_delete_default_kube_dns_configmap.module.gcloud_kubectl.null_resource.gcloud_auth_google_credentials",
            "module.client-clusters.module.gcloud_delete_default_kube_dns_configmap.module.gcloud_kubectl.null_resource.gcloud_auth_google_credentials_destroy",
            "module.client-clusters.module.gcloud_delete_default_kube_dns_configmap.module.gcloud_kubectl.null_resource.gcloud_auth_service_account_key_file",
            "module.client-clusters.module.gcloud_delete_default_kube_dns_configmap.module.gcloud_kubectl.null_resource.gcloud_auth_service_account_key_file_destroy",
            "module.client-clusters.module.gcloud_delete_default_kube_dns_configmap.module.gcloud_kubectl.null_resource.module_depends_on",
            "module.client-clusters.module.gcloud_delete_default_kube_dns_configmap.module.gcloud_kubectl.null_resource.prepare_cache",
            "module.client-clusters.module.gcloud_delete_default_kube_dns_configmap.module.gcloud_kubectl.null_resource.run_command",
            "module.client-clusters.module.gcloud_delete_default_kube_dns_configmap.module.gcloud_kubectl.null_resource.run_destroy_command",
            "module.client-clusters.module.gcloud_delete_default_kube_dns_configmap.module.gcloud_kubectl.null_resource.upgrade",
            "module.client-clusters.module.gcloud_delete_default_kube_dns_configmap.module.gcloud_kubectl.null_resource.upgrade_destroy",
            "module.client-clusters.module.gcloud_delete_default_kube_dns_configmap.module.gcloud_kubectl.random_id.cache",
            "module.client-clusters.random_shuffle.available_zones",
            "module.client-clusters.random_string.cluster_service_account_suffix",
            "module.hub-clients.module.gke_hub_registration.data.external.env_override",
            "module.hub-clients.module.gke_hub_registration.null_resource.additional_components",
            "module.hub-clients.module.gke_hub_registration.null_resource.decompress",
            "module.hub-clients.module.gke_hub_registration.null_resource.gcloud_auth_google_credentials",
            "module.hub-clients.module.gke_hub_registration.null_resource.gcloud_auth_service_account_key_file",
            "module.hub-clients.module.gke_hub_registration.null_resource.module_depends_on",
            "module.hub-clients.module.gke_hub_registration.random_id.cache",
            "module.project-services.google_project_service.project_services"
          ]
        }
      ]
    },
    {
      "module": "module.hub-clients[1]",
      "mode": "data",
      "type": "google_client_config",
      "name": "default",
      "provider": "provider[\"registry.terraform.io/hashicorp/google\"]",
      "instances": [
        {
          "schema_version": 0,
          "attributes": {
            "access_token": "ya29.A0AfH6SMC_6XB54mc6OOKOh7Mb23TSVtiX8hS68twLHZGux5bcqrn4Klcyf3pBGNVFZx_tEqr2bFYlMVm6Or5i4vyNakCDx6WtWCQB0MbBYaUPRc8xO_Dw7-zcDaV_drQZWIG8ikJHGKG8ir5LMjqNheyCX2IpFGNXz1QwcUcvm_ymGerrlfappwfyj7l3KOpuyhXoBl6C6VXpCLzdqMn1culDnt0nSFg8A3Uypl72XbJLGwCAaJDxbTBeU-G5tdx-cpHzz_HPcA",
            "id": "projects/jk-mlops-dev/regions/us-west1/zones/",
            "project": "jk-mlops-dev",
            "region": "us-west1",
            "zone": ""
          },
          "sensitive_attributes": []
        }
      ]
    },
    {
      "module": "module.hub-clients[1]",
      "mode": "managed",
      "type": "google_project_iam_member",
      "name": "gke_hub_member",
      "provider": "provider[\"registry.terraform.io/hashicorp/google\"]",
      "instances": [
        {
          "index_key": 0,
          "schema_version": 0,
          "attributes": {
            "condition": [],
            "etag": "BwW7zdYKhNo=",
            "id": "jk-mlops-dev/roles/gkehub.connect/serviceaccount:client-1@jk-mlops-dev.iam.gserviceaccount.com",
            "member": "serviceAccount:client-1@jk-mlops-dev.iam.gserviceaccount.com",
            "project": "jk-mlops-dev",
            "role": "roles/gkehub.connect"
          },
          "sensitive_attributes": [],
          "private": "bnVsbA==",
          "dependencies": [
            "data.google_client_config.current",
            "module.hub-clients.google_service_account.gke_hub_sa"
          ]
        }
      ]
    },
    {
      "module": "module.hub-clients[1]",
      "mode": "managed",
      "type": "google_service_account",
      "name": "gke_hub_sa",
      "provider": "provider[\"registry.terraform.io/hashicorp/google\"]",
      "instances": [
        {
          "index_key": 0,
          "schema_version": 0,
          "attributes": {
            "account_id": "client-1",
            "description": "",
            "display_name": "Service Account for GKE Hub Registration",
            "email": "client-1@jk-mlops-dev.iam.gserviceaccount.com",
            "id": "projects/jk-mlops-dev/serviceAccounts/client-1@jk-mlops-dev.iam.gserviceaccount.com",
            "name": "projects/jk-mlops-dev/serviceAccounts/client-1@jk-mlops-dev.iam.gserviceaccount.com",
            "project": "jk-mlops-dev",
            "timeouts": null,
            "unique_id": "102794362684369656026"
          },
          "sensitive_attributes": [],
          "private": "eyJlMmJmYjczMC1lY2FhLTExZTYtOGY4OC0zNDM2M2JjN2M0YzAiOnsiY3JlYXRlIjozMDAwMDAwMDAwMDB9fQ==",
          "dependencies": [
            "data.google_client_config.current"
          ]
        }
      ]
    },
    {
      "module": "module.hub-clients[1]",
      "mode": "managed",
      "type": "google_service_account_key",
      "name": "gke_hub_key",
      "provider": "provider[\"registry.terraform.io/hashicorp/google\"]",
      "instances": [
        {
          "index_key": 0,
          "schema_version": 0,
          "attributes": {
            "id": "projects/jk-mlops-dev/serviceAccounts/client-1@jk-mlops-dev.iam.gserviceaccount.com/keys/1594cbe2cf4b689ce45cc4d490f1852e136ead66",
            "keepers": null,
            "key_algorithm": "KEY_ALG_RSA_2048",
            "name": "projects/jk-mlops-dev/serviceAccounts/client-1@jk-mlops-dev.iam.gserviceaccount.com/keys/1594cbe2cf4b689ce45cc4d490f1852e136ead66",
            "private_key": "ewogICJ0eXBlIjogInNlcnZpY2VfYWNjb3VudCIsCiAgInByb2plY3RfaWQiOiAiamstbWxvcHMtZGV2IiwKICAicHJpdmF0ZV9rZXlfaWQiOiAiMTU5NGNiZTJjZjRiNjg5Y2U0NWNjNGQ0OTBmMTg1MmUxMzZlYWQ2NiIsCiAgInByaXZhdGVfa2V5IjogIi0tLS0tQkVHSU4gUFJJVkFURSBLRVktLS0tLVxuTUlJRXZRSUJBREFOQmdrcWhraUc5dzBCQVFFRkFBU0NCS2N3Z2dTakFnRUFBb0lCQVFEQ2N1NnN5VVlaZ2hIWlxudE9acEowNVBxbEV2dlZUa2g1S3p3MDJ4eURiL2UrOVlBaHUyWWdNdFNlSmZkQ0lZOEJUcFplV2JFNGs0RDYyRFxuRUdPeEh3ZXJGT2FFTkdpalVlZ3JLWk1nVUNuK0NzSzFQZUpybndNVXhtMDE5SUdNeFRsTSs3NkxnVW96a1BWVFxuUG1vdjZXblBtNlJwdVlDRkZaMDZXWXNnZW5KMmFxSzFZUUIvRko5Z3kvZWhPMjJPcFJQNjVJN3pVRXI4cmRic1xuOEFuaWpVcHRxTUREbk9qL1F2THJHblVMMHY2OVRLVjdQUXp4R09EVTR0YVRyVHNlY0I5cWdGZ0RQY0RSUWNadFxudnlLdVFVZVUvaGc2cjVxTFg4S3l5L3J4WE9abUkvbW9nSGd1Y1lQUFZ2YUxWa2w2WC81V2ZYOUZVK2dLVkdvZ1xuUDNYaC9tOW5BZ01CQUFFQ2dnRUFBN2VHUkNlMHM1WjdrZ2RTQjFGMlB1OWx4ai93b0ordmhteUI2cllwbjNOdVxueEVLRjVadXlUQXkrVXZTbzdJUXdrUzZjSEt0cWx4WS9FcFBBVXlIcnNXeVkvaFArVGczZEkzb1R5aVdzMjFYRFxuQ3NPL1NiUmJtblc0VGNqZHhRSVNsdjFGQVdLVnJVTGRDTmJTQWpWSjB0YlpheURUbTk0S3VOREE3VWt2cThjclxuUEFKQWpiSytWdTlLTUhHSGo5R20wTzZVUytlZVU2WVFvK1V4c0FkNUdqMHFxYUEyMjVyQ1ZFS093bENRY3I4ZFxuQ255OEJyMTdRMzlmZ3lBdG9JZ2tvM0VuRHZaK0JvbjNEcXhibmhYT1MyWjU3UTE1b3hSN21LZG1XYUcyazRrdFxuRXBwZTF5RlhPbkQxZEUzbDY0NGhtWUZ0N0RBYVNWNTBSUWZndXJYSHJRS0JnUURpSGkvRTJFK2QvbEdyWlhPTVxuRThHU1VWY0VkQUhicTJTY0t4S1RoN2M4ODg0NWF3L21iQ0FKY1k0WkhqL01iQjc2eHc2dlp6a3lhYjRscjR0b1xuT3hIV0NvL0tkM0h2SytaZ1FvdExiUWxLaFlTZmZjQW1mR2JwdytwYmRXd1BBa2pZYjU0TnVHQ2xaZkpaQlJUZFxub0NOZ0pMeWhPb1JRYkVYOW5CS3FsZkc2VXdLQmdRRGNKVm04TU52bzNldTVnWXJ4SWJUcldDUFZBTk5rWVE5RFxuNllYVzg0MXBTT3JveENKMzQ3Rk5QbVl6NG4rWlBTVy9xWHR2bi9SV0lXVzlBM2dzRTkzOCs1ckpTSUEzRWwxS1xueTBudTVNSERRcUF0d0ZMRExCM2xyVnplK0VyY1pBaUV5bmZoNG1lcmNBMnZVN05OUE9JazZIQXQ1MUJaL1psVVxubUFZeU11L2NIUUtCZ0dELzlob0plVTRibFVsamdnZnJTYlRNOC9sVEVxRDdpM042L3NNUEMwbzRoSlVaR244TVxuajBtOXp1bHprb2JOTXhUOVk0MVhTTEFac0pwV0RnV3VvVjRpdGNCek1Rc2ExLzhmVE1ZVWhsSFRxU3NLTk8zTlxubkJCWUhTY1Mza0lxQnJuaVYva215VDdxMXVYZFNqQXd6RHdvUmtzYjRUcm0xN2VOeG13cldzRkZBb0dCQUkxSFxuQXdGOHNZUU45eHNEZ1hFaDJvTTErempVNE5TSVhVMk43YkIyZUlmYW5iWm5PRitNSmRxV2N1eFZMT0hnbGZzYlxuL3ZVeHg1SUd1TTNHRGpiclFRajdSdWhwdUs2ZkFIUGhaajhEV3oyOTRpRzZUT0tueXovOE01OTc1RDd2aTIvOFxucDFhMC95Yk1NRndWOFBsZVd4cW9lR1ZkRHZuUmY3Y0VJT1hTUHBBWkFvR0FUck5YbXJBRTIxTU5YQUl1RWxDSFxuYzl1ckg4b1l4N0VoZURwRnZZOTcrN3FFUjB6b0RSSkluT1pRRlJmemt3T2svaXFMbzBmdVpZYnBkR2xVWDZQeVxud1I5cEZiZVk0T1ZnM0xONGJvZzRMWGkvOVBra3FUQUJ5UDJRNTE4c254dlMrblQzNGcrSERjenNsRDZ3R2hZOVxuRW5mZkVsMS9zWllsYWEzZFhMUllsTXM9XG4tLS0tLUVORCBQUklWQVRFIEtFWS0tLS0tXG4iLAogICJjbGllbnRfZW1haWwiOiAiY2xpZW50LTFAamstbWxvcHMtZGV2LmlhbS5nc2VydmljZWFjY291bnQuY29tIiwKICAiY2xpZW50X2lkIjogIjEwMjc5NDM2MjY4NDM2OTY1NjAyNiIsCiAgImF1dGhfdXJpIjogImh0dHBzOi8vYWNjb3VudHMuZ29vZ2xlLmNvbS9vL29hdXRoMi9hdXRoIiwKICAidG9rZW5fdXJpIjogImh0dHBzOi8vb2F1dGgyLmdvb2dsZWFwaXMuY29tL3Rva2VuIiwKICAiYXV0aF9wcm92aWRlcl94NTA5X2NlcnRfdXJsIjogImh0dHBzOi8vd3d3Lmdvb2dsZWFwaXMuY29tL29hdXRoMi92MS9jZXJ0cyIsCiAgImNsaWVudF94NTA5X2NlcnRfdXJsIjogImh0dHBzOi8vd3d3Lmdvb2dsZWFwaXMuY29tL3JvYm90L3YxL21ldGFkYXRhL3g1MDkvY2xpZW50LTElNDBqay1tbG9wcy1kZXYuaWFtLmdzZXJ2aWNlYWNjb3VudC5jb20iCn0K",
            "private_key_type": "TYPE_GOOGLE_CREDENTIALS_FILE",
            "public_key": "LS0tLS1CRUdJTiBDRVJUSUZJQ0FURS0tLS0tCk1JSUMvRENDQWVTZ0F3SUJBZ0lJSHF0eXlvY1F6elV3RFFZSktvWklodmNOQVFFRkJRQXdJREVlTUJ3R0ExVUUKQXhNVk1UQXlOemswTXpZeU5qZzBNelk1TmpVMk1ESTJNQ0FYRFRJeE1ESXlNVEF3TXpNek5Gb1lEems1T1RreApNak14TWpNMU9UVTVXakFnTVI0d0hBWURWUVFERXhVeE1ESTNPVFF6TmpJMk9EUXpOamsyTlRZd01qWXdnZ0VpCk1BMEdDU3FHU0liM0RRRUJBUVVBQTRJQkR3QXdnZ0VLQW9JQkFRRENjdTZzeVVZWmdoSFp0T1pwSjA1UHFsRXYKdlZUa2g1S3p3MDJ4eURiL2UrOVlBaHUyWWdNdFNlSmZkQ0lZOEJUcFplV2JFNGs0RDYyREVHT3hId2VyRk9hRQpOR2lqVWVncktaTWdVQ24rQ3NLMVBlSnJud01VeG0wMTlJR014VGxNKzc2TGdVb3prUFZUUG1vdjZXblBtNlJwCnVZQ0ZGWjA2V1lzZ2VuSjJhcUsxWVFCL0ZKOWd5L2VoTzIyT3BSUDY1STd6VUVyOHJkYnM4QW5palVwdHFNREQKbk9qL1F2THJHblVMMHY2OVRLVjdQUXp4R09EVTR0YVRyVHNlY0I5cWdGZ0RQY0RSUWNadHZ5S3VRVWVVL2hnNgpyNXFMWDhLeXkvcnhYT1ptSS9tb2dIZ3VjWVBQVnZhTFZrbDZYLzVXZlg5RlUrZ0tWR29nUDNYaC9tOW5BZ01CCkFBR2pPREEyTUF3R0ExVWRFd0VCL3dRQ01BQXdEZ1lEVlIwUEFRSC9CQVFEQWdlQU1CWUdBMVVkSlFFQi93UU0KTUFvR0NDc0dBUVVGQndNQ01BMEdDU3FHU0liM0RRRUJCUVVBQTRJQkFRQVhSQk00aVRzN1pCeis5Tk9wOVBKYgpCVSs4RXI2U1BIa3NNTTQxSzhNZ25LenIvUGNQSElNblMyaXltckN1NjJKU2dyb2xKN1ZRNWdwaG1nNkd0SWZJCnA1dkhCanBQc0oxczBCME1HZWRwaS9ST0RRQ1ZCUzZteVVoVjFuRHVyZW50cmpTVkdNVy9mYzlkUTd0bm9wcDQKK1BCTUtPMnZZMXhXOTZ5UWNJdU8wczY3VTk5SEZsZWNVczRTSUFGREVZbElQVlFObFhteVNMOElhNk1HYncwaApUMVJCZG1xTDJXcGg4ZWNCRTlZRE0zdkJOd2RleDI1eXIxbnhVVnY5NEs0N1pYQ2NBTlJacnRJbHRpdy9oL3QwCnZqMHh0YU5kM2VSNVVNa2t5alFDNVN6eVRrdWM3SkJYckdlQUZKaENIcWMrMFBQbHNwMy8rM1ZrLzRRaVlaYzIKLS0tLS1FTkQgQ0VSVElGSUNBVEUtLS0tLQo=",
            "public_key_data": null,
            "public_key_type": "TYPE_X509_PEM_FILE",
            "service_account_id": "projects/jk-mlops-dev/serviceAccounts/client-1@jk-mlops-dev.iam.gserviceaccount.com",
            "valid_after": "2021-02-21T00:33:34Z",
            "valid_before": "9999-12-31T23:59:59Z"
          },
          "sensitive_attributes": [],
          "private": "bnVsbA==",
          "dependencies": [
            "data.google_client_config.current",
            "module.hub-clients.google_service_account.gke_hub_sa"
          ]
        }
      ]
    },
    {
      "module": "module.hub-clients[1].module.gke_hub_registration",
      "mode": "data",
      "type": "external",
      "name": "env_override",
      "provider": "provider[\"registry.terraform.io/hashicorp/external\"]",
      "instances": [
        {
          "index_key": 0,
          "schema_version": 0,
          "attributes": {
            "id": "-",
            "program": [
              ".terraform/modules/hub-clients.gke_hub_registration/terraform-google-gcloud-2.0.3/scripts/check_env.sh"
            ],
            "query": null,
            "result": {
              "download": ""
            },
            "working_dir": null
          },
          "sensitive_attributes": []
        }
      ]
    },
    {
      "module": "module.hub-clients[1].module.gke_hub_registration",
      "mode": "managed",
      "type": "null_resource",
      "name": "module_depends_on",
      "provider": "provider[\"registry.terraform.io/hashicorp/null\"]",
      "instances": [
        {
          "index_key": 0,
          "schema_version": 0,
          "attributes": {
            "id": "9206307915244779029",
            "triggers": {
              "value": "1"
            }
          },
          "sensitive_attributes": [
            [
              {
                "type": "get_attr",
                "value": "triggers"
              },
              {
                "type": "index",
                "value": {
                  "value": "value",
                  "type": "string"
                }
              }
            ]
          ],
          "private": "bnVsbA==",
          "dependencies": [
            "data.google_client_config.current",
            "data.google_project.project",
            "module.client-clusters.data.google_client_config.default",
            "module.client-clusters.data.google_compute_subnetwork.gke_subnetwork",
            "module.client-clusters.data.google_compute_zones.available",
            "module.client-clusters.data.google_container_engine_versions.region",
            "module.client-clusters.data.google_container_engine_versions.zone",
            "module.client-clusters.google_compute_firewall.intra_egress",
            "module.client-clusters.google_compute_firewall.master_webhooks",
            "module.client-clusters.google_compute_firewall.shadow_allow_master",
            "module.client-clusters.google_compute_firewall.shadow_allow_nodes",
            "module.client-clusters.google_compute_firewall.shadow_allow_pods",
            "module.client-clusters.google_container_cluster.primary",
            "module.client-clusters.google_container_node_pool.pools",
            "module.client-clusters.google_project_iam_member.cluster_service_account-artifact-registry",
            "module.client-clusters.google_project_iam_member.cluster_service_account-gcr",
            "module.client-clusters.google_project_iam_member.cluster_service_account-log_writer",
            "module.client-clusters.google_project_iam_member.cluster_service_account-metric_writer",
            "module.client-clusters.google_project_iam_member.cluster_service_account-monitoring_viewer",
            "module.client-clusters.google_project_iam_member.cluster_service_account-resourceMetadata-writer",
            "module.client-clusters.google_service_account.cluster_service_account",
            "module.client-clusters.kubernetes_config_map.ip-masq-agent",
            "module.client-clusters.kubernetes_config_map.kube-dns",
            "module.client-clusters.kubernetes_config_map.kube-dns-upstream-nameservers-and-stub-domains",
            "module.client-clusters.kubernetes_config_map.kube-dns-upstream-namservers",
            "module.client-clusters.module.gcloud_delete_default_kube_dns_configmap.module.gcloud_kubectl.data.external.env_override",
            "module.client-clusters.module.gcloud_delete_default_kube_dns_configmap.module.gcloud_kubectl.null_resource.additional_components",
            "module.client-clusters.module.gcloud_delete_default_kube_dns_configmap.module.gcloud_kubectl.null_resource.additional_components_destroy",
            "module.client-clusters.module.gcloud_delete_default_kube_dns_configmap.module.gcloud_kubectl.null_resource.decompress",
            "module.client-clusters.module.gcloud_delete_default_kube_dns_configmap.module.gcloud_kubectl.null_resource.decompress_destroy",
            "module.client-clusters.module.gcloud_delete_default_kube_dns_configmap.module.gcloud_kubectl.null_resource.download_gcloud",
            "module.client-clusters.module.gcloud_delete_default_kube_dns_configmap.module.gcloud_kubectl.null_resource.download_jq",
            "module.client-clusters.module.gcloud_delete_default_kube_dns_configmap.module.gcloud_kubectl.null_resource.gcloud_auth_google_credentials",
            "module.client-clusters.module.gcloud_delete_default_kube_dns_configmap.module.gcloud_kubectl.null_resource.gcloud_auth_google_credentials_destroy",
            "module.client-clusters.module.gcloud_delete_default_kube_dns_configmap.module.gcloud_kubectl.null_resource.gcloud_auth_service_account_key_file",
            "module.client-clusters.module.gcloud_delete_default_kube_dns_configmap.module.gcloud_kubectl.null_resource.gcloud_auth_service_account_key_file_destroy",
            "module.client-clusters.module.gcloud_delete_default_kube_dns_configmap.module.gcloud_kubectl.null_resource.module_depends_on",
            "module.client-clusters.module.gcloud_delete_default_kube_dns_configmap.module.gcloud_kubectl.null_resource.prepare_cache",
            "module.client-clusters.module.gcloud_delete_default_kube_dns_configmap.module.gcloud_kubectl.null_resource.run_command",
            "module.client-clusters.module.gcloud_delete_default_kube_dns_configmap.module.gcloud_kubectl.null_resource.run_destroy_command",
            "module.client-clusters.module.gcloud_delete_default_kube_dns_configmap.module.gcloud_kubectl.null_resource.upgrade",
            "module.client-clusters.module.gcloud_delete_default_kube_dns_configmap.module.gcloud_kubectl.null_resource.upgrade_destroy",
            "module.client-clusters.module.gcloud_delete_default_kube_dns_configmap.module.gcloud_kubectl.random_id.cache",
            "module.client-clusters.random_shuffle.available_zones",
            "module.client-clusters.random_string.cluster_service_account_suffix",
            "module.project-services.google_project_service.project_services"
          ]
        }
      ]
    },
    {
      "module": "module.hub-clients[1].module.gke_hub_registration",
      "mode": "managed",
      "type": "null_resource",
      "name": "run_command",
      "provider": "provider[\"registry.terraform.io/hashicorp/null\"]",
      "instances": [
        {
          "index_key": 0,
          "schema_version": 0,
          "attributes": {
            "id": "7328830909377648363",
            "triggers": {
              "arguments": "efe05ad2104c44b2d02c4cd5081a7181",
              "create_cmd_body": "1 client-1 us-west1-a gke-cluster-client-1 ewogICJ0eXBlIjogInNlcnZpY2VfYWNjb3VudCIsCiAgInByb2plY3RfaWQiOiAiamstbWxvcHMtZGV2IiwKICAicHJpdmF0ZV9rZXlfaWQiOiAiMTU5NGNiZTJjZjRiNjg5Y2U0NWNjNGQ0OTBmMTg1MmUxMzZlYWQ2NiIsCiAgInByaXZhdGVfa2V5IjogIi0tLS0tQkVHSU4gUFJJVkFURSBLRVktLS0tLVxuTUlJRXZRSUJBREFOQmdrcWhraUc5dzBCQVFFRkFBU0NCS2N3Z2dTakFnRUFBb0lCQVFEQ2N1NnN5VVlaZ2hIWlxudE9acEowNVBxbEV2dlZUa2g1S3p3MDJ4eURiL2UrOVlBaHUyWWdNdFNlSmZkQ0lZOEJUcFplV2JFNGs0RDYyRFxuRUdPeEh3ZXJGT2FFTkdpalVlZ3JLWk1nVUNuK0NzSzFQZUpybndNVXhtMDE5SUdNeFRsTSs3NkxnVW96a1BWVFxuUG1vdjZXblBtNlJwdVlDRkZaMDZXWXNnZW5KMmFxSzFZUUIvRko5Z3kvZWhPMjJPcFJQNjVJN3pVRXI4cmRic1xuOEFuaWpVcHRxTUREbk9qL1F2THJHblVMMHY2OVRLVjdQUXp4R09EVTR0YVRyVHNlY0I5cWdGZ0RQY0RSUWNadFxudnlLdVFVZVUvaGc2cjVxTFg4S3l5L3J4WE9abUkvbW9nSGd1Y1lQUFZ2YUxWa2w2WC81V2ZYOUZVK2dLVkdvZ1xuUDNYaC9tOW5BZ01CQUFFQ2dnRUFBN2VHUkNlMHM1WjdrZ2RTQjFGMlB1OWx4ai93b0ordmhteUI2cllwbjNOdVxueEVLRjVadXlUQXkrVXZTbzdJUXdrUzZjSEt0cWx4WS9FcFBBVXlIcnNXeVkvaFArVGczZEkzb1R5aVdzMjFYRFxuQ3NPL1NiUmJtblc0VGNqZHhRSVNsdjFGQVdLVnJVTGRDTmJTQWpWSjB0YlpheURUbTk0S3VOREE3VWt2cThjclxuUEFKQWpiSytWdTlLTUhHSGo5R20wTzZVUytlZVU2WVFvK1V4c0FkNUdqMHFxYUEyMjVyQ1ZFS093bENRY3I4ZFxuQ255OEJyMTdRMzlmZ3lBdG9JZ2tvM0VuRHZaK0JvbjNEcXhibmhYT1MyWjU3UTE1b3hSN21LZG1XYUcyazRrdFxuRXBwZTF5RlhPbkQxZEUzbDY0NGhtWUZ0N0RBYVNWNTBSUWZndXJYSHJRS0JnUURpSGkvRTJFK2QvbEdyWlhPTVxuRThHU1VWY0VkQUhicTJTY0t4S1RoN2M4ODg0NWF3L21iQ0FKY1k0WkhqL01iQjc2eHc2dlp6a3lhYjRscjR0b1xuT3hIV0NvL0tkM0h2SytaZ1FvdExiUWxLaFlTZmZjQW1mR2JwdytwYmRXd1BBa2pZYjU0TnVHQ2xaZkpaQlJUZFxub0NOZ0pMeWhPb1JRYkVYOW5CS3FsZkc2VXdLQmdRRGNKVm04TU52bzNldTVnWXJ4SWJUcldDUFZBTk5rWVE5RFxuNllYVzg0MXBTT3JveENKMzQ3Rk5QbVl6NG4rWlBTVy9xWHR2bi9SV0lXVzlBM2dzRTkzOCs1ckpTSUEzRWwxS1xueTBudTVNSERRcUF0d0ZMRExCM2xyVnplK0VyY1pBaUV5bmZoNG1lcmNBMnZVN05OUE9JazZIQXQ1MUJaL1psVVxubUFZeU11L2NIUUtCZ0dELzlob0plVTRibFVsamdnZnJTYlRNOC9sVEVxRDdpM042L3NNUEMwbzRoSlVaR244TVxuajBtOXp1bHprb2JOTXhUOVk0MVhTTEFac0pwV0RnV3VvVjRpdGNCek1Rc2ExLzhmVE1ZVWhsSFRxU3NLTk8zTlxubkJCWUhTY1Mza0lxQnJuaVYva215VDdxMXVYZFNqQXd6RHdvUmtzYjRUcm0xN2VOeG13cldzRkZBb0dCQUkxSFxuQXdGOHNZUU45eHNEZ1hFaDJvTTErempVNE5TSVhVMk43YkIyZUlmYW5iWm5PRitNSmRxV2N1eFZMT0hnbGZzYlxuL3ZVeHg1SUd1TTNHRGpiclFRajdSdWhwdUs2ZkFIUGhaajhEV3oyOTRpRzZUT0tueXovOE01OTc1RDd2aTIvOFxucDFhMC95Yk1NRndWOFBsZVd4cW9lR1ZkRHZuUmY3Y0VJT1hTUHBBWkFvR0FUck5YbXJBRTIxTU5YQUl1RWxDSFxuYzl1ckg4b1l4N0VoZURwRnZZOTcrN3FFUjB6b0RSSkluT1pRRlJmemt3T2svaXFMbzBmdVpZYnBkR2xVWDZQeVxud1I5cEZiZVk0T1ZnM0xONGJvZzRMWGkvOVBra3FUQUJ5UDJRNTE4c254dlMrblQzNGcrSERjenNsRDZ3R2hZOVxuRW5mZkVsMS9zWllsYWEzZFhMUllsTXM9XG4tLS0tLUVORCBQUklWQVRFIEtFWS0tLS0tXG4iLAogICJjbGllbnRfZW1haWwiOiAiY2xpZW50LTFAamstbWxvcHMtZGV2LmlhbS5nc2VydmljZWFjY291bnQuY29tIiwKICAiY2xpZW50X2lkIjogIjEwMjc5NDM2MjY4NDM2OTY1NjAyNiIsCiAgImF1dGhfdXJpIjogImh0dHBzOi8vYWNjb3VudHMuZ29vZ2xlLmNvbS9vL29hdXRoMi9hdXRoIiwKICAidG9rZW5fdXJpIjogImh0dHBzOi8vb2F1dGgyLmdvb2dsZWFwaXMuY29tL3Rva2VuIiwKICAiYXV0aF9wcm92aWRlcl94NTA5X2NlcnRfdXJsIjogImh0dHBzOi8vd3d3Lmdvb2dsZWFwaXMuY29tL29hdXRoMi92MS9jZXJ0cyIsCiAgImNsaWVudF94NTA5X2NlcnRfdXJsIjogImh0dHBzOi8vd3d3Lmdvb2dsZWFwaXMuY29tL3JvYm90L3YxL21ldGFkYXRhL3g1MDkvY2xpZW50LTElNDBqay1tbG9wcy1kZXYuaWFtLmdzZXJ2aWNlYWNjb3VudC5jb20iCn0K jk-mlops-dev ",
              "create_cmd_entrypoint": ".terraform/modules/hub-clients/modules/hub/scripts/gke_hub_registration.sh",
              "gcloud_bin_abs_path": "/google-cloud-sdk/bin",
              "md5": "c7f8d676e78d2980d877f39f691b8824"
            }
          },
          "sensitive_attributes": [],
          "private": "bnVsbA==",
          "dependencies": [
            "data.google_client_config.current",
            "data.google_project.project",
            "module.client-clusters.data.google_client_config.default",
            "module.client-clusters.data.google_compute_subnetwork.gke_subnetwork",
            "module.client-clusters.data.google_compute_zones.available",
            "module.client-clusters.data.google_container_engine_versions.region",
            "module.client-clusters.data.google_container_engine_versions.zone",
            "module.client-clusters.google_compute_firewall.intra_egress",
            "module.client-clusters.google_compute_firewall.master_webhooks",
            "module.client-clusters.google_compute_firewall.shadow_allow_master",
            "module.client-clusters.google_compute_firewall.shadow_allow_nodes",
            "module.client-clusters.google_compute_firewall.shadow_allow_pods",
            "module.client-clusters.google_container_cluster.primary",
            "module.client-clusters.google_container_node_pool.pools",
            "module.client-clusters.google_project_iam_member.cluster_service_account-artifact-registry",
            "module.client-clusters.google_project_iam_member.cluster_service_account-gcr",
            "module.client-clusters.google_project_iam_member.cluster_service_account-log_writer",
            "module.client-clusters.google_project_iam_member.cluster_service_account-metric_writer",
            "module.client-clusters.google_project_iam_member.cluster_service_account-monitoring_viewer",
            "module.client-clusters.google_project_iam_member.cluster_service_account-resourceMetadata-writer",
            "module.client-clusters.google_service_account.cluster_service_account",
            "module.client-clusters.kubernetes_config_map.ip-masq-agent",
            "module.client-clusters.kubernetes_config_map.kube-dns",
            "module.client-clusters.kubernetes_config_map.kube-dns-upstream-nameservers-and-stub-domains",
            "module.client-clusters.kubernetes_config_map.kube-dns-upstream-namservers",
            "module.client-clusters.module.gcloud_delete_default_kube_dns_configmap.module.gcloud_kubectl.data.external.env_override",
            "module.client-clusters.module.gcloud_delete_default_kube_dns_configmap.module.gcloud_kubectl.null_resource.additional_components",
            "module.client-clusters.module.gcloud_delete_default_kube_dns_configmap.module.gcloud_kubectl.null_resource.additional_components_destroy",
            "module.client-clusters.module.gcloud_delete_default_kube_dns_configmap.module.gcloud_kubectl.null_resource.decompress",
            "module.client-clusters.module.gcloud_delete_default_kube_dns_configmap.module.gcloud_kubectl.null_resource.decompress_destroy",
            "module.client-clusters.module.gcloud_delete_default_kube_dns_configmap.module.gcloud_kubectl.null_resource.download_gcloud",
            "module.client-clusters.module.gcloud_delete_default_kube_dns_configmap.module.gcloud_kubectl.null_resource.download_jq",
            "module.client-clusters.module.gcloud_delete_default_kube_dns_configmap.module.gcloud_kubectl.null_resource.gcloud_auth_google_credentials",
            "module.client-clusters.module.gcloud_delete_default_kube_dns_configmap.module.gcloud_kubectl.null_resource.gcloud_auth_google_credentials_destroy",
            "module.client-clusters.module.gcloud_delete_default_kube_dns_configmap.module.gcloud_kubectl.null_resource.gcloud_auth_service_account_key_file",
            "module.client-clusters.module.gcloud_delete_default_kube_dns_configmap.module.gcloud_kubectl.null_resource.gcloud_auth_service_account_key_file_destroy",
            "module.client-clusters.module.gcloud_delete_default_kube_dns_configmap.module.gcloud_kubectl.null_resource.module_depends_on",
            "module.client-clusters.module.gcloud_delete_default_kube_dns_configmap.module.gcloud_kubectl.null_resource.prepare_cache",
            "module.client-clusters.module.gcloud_delete_default_kube_dns_configmap.module.gcloud_kubectl.null_resource.run_command",
            "module.client-clusters.module.gcloud_delete_default_kube_dns_configmap.module.gcloud_kubectl.null_resource.run_destroy_command",
            "module.client-clusters.module.gcloud_delete_default_kube_dns_configmap.module.gcloud_kubectl.null_resource.upgrade",
            "module.client-clusters.module.gcloud_delete_default_kube_dns_configmap.module.gcloud_kubectl.null_resource.upgrade_destroy",
            "module.client-clusters.module.gcloud_delete_default_kube_dns_configmap.module.gcloud_kubectl.random_id.cache",
            "module.client-clusters.random_shuffle.available_zones",
            "module.client-clusters.random_string.cluster_service_account_suffix",
            "module.hub-clients.google_service_account.gke_hub_sa",
            "module.hub-clients.google_service_account_key.gke_hub_key",
            "module.hub-clients.module.gke_hub_registration.data.external.env_override",
            "module.hub-clients.module.gke_hub_registration.null_resource.additional_components",
            "module.hub-clients.module.gke_hub_registration.null_resource.decompress",
            "module.hub-clients.module.gke_hub_registration.null_resource.gcloud_auth_google_credentials",
            "module.hub-clients.module.gke_hub_registration.null_resource.gcloud_auth_service_account_key_file",
            "module.hub-clients.module.gke_hub_registration.null_resource.module_depends_on",
            "module.hub-clients.module.gke_hub_registration.random_id.cache",
            "module.project-services.google_project_service.project_services"
          ]
        }
      ]
    },
    {
      "module": "module.hub-clients[1].module.gke_hub_registration",
      "mode": "managed",
      "type": "null_resource",
      "name": "run_destroy_command",
      "provider": "provider[\"registry.terraform.io/hashicorp/null\"]",
      "instances": [
        {
          "index_key": 0,
          "schema_version": 0,
          "attributes": {
            "id": "5155363735430933533",
            "triggers": {
              "destroy_cmd_body": "1 client-1 us-west1-a gke-cluster-client-1 jk-mlops-dev",
              "destroy_cmd_entrypoint": ".terraform/modules/hub-clients/modules/hub/scripts/gke_hub_unregister.sh",
              "gcloud_bin_abs_path": "/google-cloud-sdk/bin"
            }
          },
          "sensitive_attributes": [],
          "private": "bnVsbA==",
          "dependencies": [
            "data.google_client_config.current",
            "data.google_project.project",
            "module.client-clusters.data.google_client_config.default",
            "module.client-clusters.data.google_compute_subnetwork.gke_subnetwork",
            "module.client-clusters.data.google_compute_zones.available",
            "module.client-clusters.data.google_container_engine_versions.region",
            "module.client-clusters.data.google_container_engine_versions.zone",
            "module.client-clusters.google_compute_firewall.intra_egress",
            "module.client-clusters.google_compute_firewall.master_webhooks",
            "module.client-clusters.google_compute_firewall.shadow_allow_master",
            "module.client-clusters.google_compute_firewall.shadow_allow_nodes",
            "module.client-clusters.google_compute_firewall.shadow_allow_pods",
            "module.client-clusters.google_container_cluster.primary",
            "module.client-clusters.google_container_node_pool.pools",
            "module.client-clusters.google_project_iam_member.cluster_service_account-artifact-registry",
            "module.client-clusters.google_project_iam_member.cluster_service_account-gcr",
            "module.client-clusters.google_project_iam_member.cluster_service_account-log_writer",
            "module.client-clusters.google_project_iam_member.cluster_service_account-metric_writer",
            "module.client-clusters.google_project_iam_member.cluster_service_account-monitoring_viewer",
            "module.client-clusters.google_project_iam_member.cluster_service_account-resourceMetadata-writer",
            "module.client-clusters.google_service_account.cluster_service_account",
            "module.client-clusters.kubernetes_config_map.ip-masq-agent",
            "module.client-clusters.kubernetes_config_map.kube-dns",
            "module.client-clusters.kubernetes_config_map.kube-dns-upstream-nameservers-and-stub-domains",
            "module.client-clusters.kubernetes_config_map.kube-dns-upstream-namservers",
            "module.client-clusters.module.gcloud_delete_default_kube_dns_configmap.module.gcloud_kubectl.data.external.env_override",
            "module.client-clusters.module.gcloud_delete_default_kube_dns_configmap.module.gcloud_kubectl.null_resource.additional_components",
            "module.client-clusters.module.gcloud_delete_default_kube_dns_configmap.module.gcloud_kubectl.null_resource.additional_components_destroy",
            "module.client-clusters.module.gcloud_delete_default_kube_dns_configmap.module.gcloud_kubectl.null_resource.decompress",
            "module.client-clusters.module.gcloud_delete_default_kube_dns_configmap.module.gcloud_kubectl.null_resource.decompress_destroy",
            "module.client-clusters.module.gcloud_delete_default_kube_dns_configmap.module.gcloud_kubectl.null_resource.download_gcloud",
            "module.client-clusters.module.gcloud_delete_default_kube_dns_configmap.module.gcloud_kubectl.null_resource.download_jq",
            "module.client-clusters.module.gcloud_delete_default_kube_dns_configmap.module.gcloud_kubectl.null_resource.gcloud_auth_google_credentials",
            "module.client-clusters.module.gcloud_delete_default_kube_dns_configmap.module.gcloud_kubectl.null_resource.gcloud_auth_google_credentials_destroy",
            "module.client-clusters.module.gcloud_delete_default_kube_dns_configmap.module.gcloud_kubectl.null_resource.gcloud_auth_service_account_key_file",
            "module.client-clusters.module.gcloud_delete_default_kube_dns_configmap.module.gcloud_kubectl.null_resource.gcloud_auth_service_account_key_file_destroy",
            "module.client-clusters.module.gcloud_delete_default_kube_dns_configmap.module.gcloud_kubectl.null_resource.module_depends_on",
            "module.client-clusters.module.gcloud_delete_default_kube_dns_configmap.module.gcloud_kubectl.null_resource.prepare_cache",
            "module.client-clusters.module.gcloud_delete_default_kube_dns_configmap.module.gcloud_kubectl.null_resource.run_command",
            "module.client-clusters.module.gcloud_delete_default_kube_dns_configmap.module.gcloud_kubectl.null_resource.run_destroy_command",
            "module.client-clusters.module.gcloud_delete_default_kube_dns_configmap.module.gcloud_kubectl.null_resource.upgrade",
            "module.client-clusters.module.gcloud_delete_default_kube_dns_configmap.module.gcloud_kubectl.null_resource.upgrade_destroy",
            "module.client-clusters.module.gcloud_delete_default_kube_dns_configmap.module.gcloud_kubectl.random_id.cache",
            "module.client-clusters.random_shuffle.available_zones",
            "module.client-clusters.random_string.cluster_service_account_suffix",
            "module.hub-clients.module.gke_hub_registration.data.external.env_override",
            "module.hub-clients.module.gke_hub_registration.null_resource.additional_components",
            "module.hub-clients.module.gke_hub_registration.null_resource.decompress",
            "module.hub-clients.module.gke_hub_registration.null_resource.gcloud_auth_google_credentials",
            "module.hub-clients.module.gke_hub_registration.null_resource.gcloud_auth_service_account_key_file",
            "module.hub-clients.module.gke_hub_registration.null_resource.module_depends_on",
            "module.hub-clients.module.gke_hub_registration.random_id.cache",
            "module.project-services.google_project_service.project_services"
          ]
        }
      ]
    },
    {
      "module": "module.hub-server",
      "mode": "data",
      "type": "google_client_config",
      "name": "default",
      "provider": "provider[\"registry.terraform.io/hashicorp/google\"]",
      "instances": [
        {
          "schema_version": 0,
          "attributes": {
            "access_token": "ya29.A0AfH6SMC_6XB54mc6OOKOh7Mb23TSVtiX8hS68twLHZGux5bcqrn4Klcyf3pBGNVFZx_tEqr2bFYlMVm6Or5i4vyNakCDx6WtWCQB0MbBYaUPRc8xO_Dw7-zcDaV_drQZWIG8ikJHGKG8ir5LMjqNheyCX2IpFGNXz1QwcUcvm_ymGerrlfappwfyj7l3KOpuyhXoBl6C6VXpCLzdqMn1culDnt0nSFg8A3Uypl72XbJLGwCAaJDxbTBeU-G5tdx-cpHzz_HPcA",
            "id": "projects/jk-mlops-dev/regions/us-west1/zones/",
            "project": "jk-mlops-dev",
            "region": "us-west1",
            "zone": ""
          },
          "sensitive_attributes": []
        }
      ]
    },
    {
      "module": "module.hub-server",
      "mode": "managed",
      "type": "google_project_iam_member",
      "name": "gke_hub_member",
      "provider": "provider[\"registry.terraform.io/hashicorp/google\"]",
      "instances": [
        {
          "index_key": 0,
          "schema_version": 0,
          "attributes": {
            "condition": [],
            "etag": "BwW7zdZSERE=",
            "id": "jk-mlops-dev/roles/gkehub.connect/serviceaccount:server@jk-mlops-dev.iam.gserviceaccount.com",
            "member": "serviceAccount:server@jk-mlops-dev.iam.gserviceaccount.com",
            "project": "jk-mlops-dev",
            "role": "roles/gkehub.connect"
          },
          "sensitive_attributes": [],
          "private": "bnVsbA==",
          "dependencies": [
            "data.google_client_config.current",
            "module.hub-server.google_service_account.gke_hub_sa"
          ]
        }
      ]
    },
    {
      "module": "module.hub-server",
      "mode": "managed",
      "type": "google_service_account",
      "name": "gke_hub_sa",
      "provider": "provider[\"registry.terraform.io/hashicorp/google\"]",
      "instances": [
        {
          "index_key": 0,
          "schema_version": 0,
          "attributes": {
            "account_id": "server",
            "description": "",
            "display_name": "Service Account for GKE Hub Registration",
            "email": "server@jk-mlops-dev.iam.gserviceaccount.com",
            "id": "projects/jk-mlops-dev/serviceAccounts/server@jk-mlops-dev.iam.gserviceaccount.com",
            "name": "projects/jk-mlops-dev/serviceAccounts/server@jk-mlops-dev.iam.gserviceaccount.com",
            "project": "jk-mlops-dev",
            "timeouts": null,
            "unique_id": "102146150273623487805"
          },
          "sensitive_attributes": [],
          "private": "eyJlMmJmYjczMC1lY2FhLTExZTYtOGY4OC0zNDM2M2JjN2M0YzAiOnsiY3JlYXRlIjozMDAwMDAwMDAwMDB9fQ==",
          "dependencies": [
            "data.google_client_config.current"
          ]
        }
      ]
    },
    {
      "module": "module.hub-server",
      "mode": "managed",
      "type": "google_service_account_key",
      "name": "gke_hub_key",
      "provider": "provider[\"registry.terraform.io/hashicorp/google\"]",
      "instances": [
        {
          "index_key": 0,
          "schema_version": 0,
          "attributes": {
            "id": "projects/jk-mlops-dev/serviceAccounts/server@jk-mlops-dev.iam.gserviceaccount.com/keys/2540471fb5ed44feeac30ca77cafa8bd40f89865",
            "keepers": null,
            "key_algorithm": "KEY_ALG_RSA_2048",
            "name": "projects/jk-mlops-dev/serviceAccounts/server@jk-mlops-dev.iam.gserviceaccount.com/keys/2540471fb5ed44feeac30ca77cafa8bd40f89865",
            "private_key": "ewogICJ0eXBlIjogInNlcnZpY2VfYWNjb3VudCIsCiAgInByb2plY3RfaWQiOiAiamstbWxvcHMtZGV2IiwKICAicHJpdmF0ZV9rZXlfaWQiOiAiMjU0MDQ3MWZiNWVkNDRmZWVhYzMwY2E3N2NhZmE4YmQ0MGY4OTg2NSIsCiAgInByaXZhdGVfa2V5IjogIi0tLS0tQkVHSU4gUFJJVkFURSBLRVktLS0tLVxuTUlJRXZBSUJBREFOQmdrcWhraUc5dzBCQVFFRkFBU0NCS1l3Z2dTaUFnRUFBb0lCQVFDbStZb0VFbVRoV25QSlxuYTZWNGZJV01xcElwY0sxV3h0Q1BUZ1hmNzdhbzk4cnFxVjdBVGxHcEdVYVV0VmRoeGF0bUxPT0tGSFVSbkpocVxuSHJHLytmQnB4bE9kbG1hbEhKV0JHS2w1S0hVcytEMHJITHh2OEh5S0Fub3VjbmpONDlZOUxwWmZERnhlcHkwVlxuSmZMNWgxTXJmTU90T0QxUjdBbytRdElZRGtJM2RIeGJ1RHNVZVZvSXN6VzMweDRObE9ydWxLYzFTUStSWmRJQlxuYTV0Z0JzRVc1cXVtV055Z2R4ZzQrZzRMRytLcWJGMFNNNFZqT0dGQ0tPa3dISmdIM0NNdCtWNlZiMmw1a0E4c1xuWTY1ZUxSYXl5Znh6cTdGRm9Wc2J5aFVWTFpRc2JSTXVKRGpPdXNoSFhVVm1aT2x6WEs0ZlJ0MmFSbHhDZVRpYlxucDFJRlh4ZjdBZ01CQUFFQ2dnRUFLTHRJeXJOOS9tY2xSYVpIeUR1QURJOXpkajV4V25ESFlaM2oydnZMOEMzNlxuUndJb0JmdFUrazRiSkoyVUFsckk4L1RSVU5hcXREQWlFZ2tJelU3NE1hVmFzbCtGREpRTGVHRit2ZnA3a3d1L1xuU0N3TFg3Y25lamNlZlFRWnFnZ0JOQTJRU3dGbDZ3VVcvMGl4bStOQ0M2SzB6U1doOThEL3dxNWtOOUFLb1NJWlxuVGY0dG9HbWVGeEJ4R3VHYUhoZEhNRFowYk45VzBiSDBOcEkxV2h1dzJlbTVMdUdVVDl4c3dUYTFiWUlkWDRBWFxuMUF5M3h5b2RmcTVRMDhSZnJpTEZSenE5SFVCWHk0MHVIaVpuRmFWVFhUeVJ0d1ZiKy92NlF3eG9rVWNScjFhQ1xuM3pOcDJBSStvVllrNHNOdGswb3JqaGdWdGprS1ZHcmJwc1I3QitKeEtRS0JnUURaMWxUOWMzSExPUGJlc2xaWlxuTVAwV2MxWVk4S2p2azY5OWowUlVLZEZPTFRGMmQ0L2xVRnBsYldaWEJ6N0d4aGsvNXQ1VG1WcnBqQjBhNWEzN1xuNjR0NUx2d0s3U0N0d2R3VnNBbnZtRWxlQm9obERCOFB4Znppb3ExdDRVNnlSb0t6VTRwekNsWndoRVRzQVJBUlxuNHV3TFN4RnpxQVczUVNOQ2E4anhSZmp3bndLQmdRREVPaHBPdk1yTDQrTTNnSzRmQVB2OHBuUURVV1JCMjZmN1xuMGs0SDZFRzdSQnVzWit4YUNzZXM3SnE3L2QyOFFKbWxYNmVSYzcrMGM2U29heXpxMG9rekNRKzhlcEVycG5VWVxueFJiZkFhUzk5dFJ5a0t0b1pBVklCRzR1ZURRM1lwTGNKc2szNXJDL0poZFdPZ3NRangxdlY4Yjl3ZW5IK0dYRFxuOGJROEl0VVBKUUtCZ0dXN0VLbmtsZ29BS2xwS0VzVkllWWxZaDZiU0RUTUZWM2xkeE4xQlFqd3VJdUZlYU5jQVxudFphVWhxeXg5NEZBMWwzZlpZakpING5lSTJHQ1RjUk9kaTQ3NFAwQlRMZVl4ejFobnVKRHprK1k0VzIvUVdwT1xuWGhGQlE1a0RGWXR3SG0yODMvVmxxSVNYWU5DT2xvQ2o1dlJITkhrOHlKNlNUdk1mL3hHZVNlbWxBb0dBWXB5c1xuY2R0UXN1eEFXTGt6UitOdnYwVkxVZ3VLTGNxY2ZlSHZVdXYyZEl6Q3QzNjJlWDJuWVJDNnBqVHJSTnJXSEJTWlxuR25DbjY2Q2VKQUZRWG1ZVml1OUgyRGxrVVNKakFHS3pucml0dU1XZGVFR1owbWxKZWlxMzBHU2FJU2RKbEpkdFxuVWNsK0UyR3FJcXdpdVZ5aXR6ek9oT0g1Z1lRa2FEZEVrMkFSNEgwQ2dZQjU5ZUF4MlcraElXQXdLaGZrU0kyTVxuREtEcHQ1S3VBMHVlNlRsa09haDRXbTZuZVVHR1QvMFdud0d6Q2w2M0VGRnpWRTlORnlMSHlHTzV4ZjVFbFVsNFxuMmdSMGU5S1NHdmpSRFVDMHdpRTZqbElxOFZ4QjlkeTBna2tBNzlZMmxKdDk1ZVJjU3RXblVac2FodlpGbGxqWVxudFZnSXdLN2x6UWRkcHFETFhyRjZzQT09XG4tLS0tLUVORCBQUklWQVRFIEtFWS0tLS0tXG4iLAogICJjbGllbnRfZW1haWwiOiAic2VydmVyQGprLW1sb3BzLWRldi5pYW0uZ3NlcnZpY2VhY2NvdW50LmNvbSIsCiAgImNsaWVudF9pZCI6ICIxMDIxNDYxNTAyNzM2MjM0ODc4MDUiLAogICJhdXRoX3VyaSI6ICJodHRwczovL2FjY291bnRzLmdvb2dsZS5jb20vby9vYXV0aDIvYXV0aCIsCiAgInRva2VuX3VyaSI6ICJodHRwczovL29hdXRoMi5nb29nbGVhcGlzLmNvbS90b2tlbiIsCiAgImF1dGhfcHJvdmlkZXJfeDUwOV9jZXJ0X3VybCI6ICJodHRwczovL3d3dy5nb29nbGVhcGlzLmNvbS9vYXV0aDIvdjEvY2VydHMiLAogICJjbGllbnRfeDUwOV9jZXJ0X3VybCI6ICJodHRwczovL3d3dy5nb29nbGVhcGlzLmNvbS9yb2JvdC92MS9tZXRhZGF0YS94NTA5L3NlcnZlciU0MGprLW1sb3BzLWRldi5pYW0uZ3NlcnZpY2VhY2NvdW50LmNvbSIKfQo=",
            "private_key_type": "TYPE_GOOGLE_CREDENTIALS_FILE",
            "public_key": "LS0tLS1CRUdJTiBDRVJUSUZJQ0FURS0tLS0tCk1JSUMvRENDQWVTZ0F3SUJBZ0lJQXVFOHRqVDd5Nzh3RFFZSktvWklodmNOQVFFRkJRQXdJREVlTUJ3R0ExVUUKQXhNVk1UQXlNVFEyTVRVd01qY3pOakl6TkRnM09EQTFNQ0FYRFRJeE1ESXlNVEF3TXpNek0xb1lEems1T1RreApNak14TWpNMU9UVTVXakFnTVI0d0hBWURWUVFERXhVeE1ESXhORFl4TlRBeU56TTJNak0wT0RjNE1EVXdnZ0VpCk1BMEdDU3FHU0liM0RRRUJBUVVBQTRJQkR3QXdnZ0VLQW9JQkFRQ20rWW9FRW1UaFduUEphNlY0ZklXTXFwSXAKY0sxV3h0Q1BUZ1hmNzdhbzk4cnFxVjdBVGxHcEdVYVV0VmRoeGF0bUxPT0tGSFVSbkpocUhyRy8rZkJweGxPZApsbWFsSEpXQkdLbDVLSFVzK0QwckhMeHY4SHlLQW5vdWNuak40OVk5THBaZkRGeGVweTBWSmZMNWgxTXJmTU90Ck9EMVI3QW8rUXRJWURrSTNkSHhidURzVWVWb0lzelczMHg0TmxPcnVsS2MxU1ErUlpkSUJhNXRnQnNFVzVxdW0KV055Z2R4ZzQrZzRMRytLcWJGMFNNNFZqT0dGQ0tPa3dISmdIM0NNdCtWNlZiMmw1a0E4c1k2NWVMUmF5eWZ4egpxN0ZGb1ZzYnloVVZMWlFzYlJNdUpEak91c2hIWFVWbVpPbHpYSzRmUnQyYVJseENlVGlicDFJRlh4ZjdBZ01CCkFBR2pPREEyTUF3R0ExVWRFd0VCL3dRQ01BQXdEZ1lEVlIwUEFRSC9CQVFEQWdlQU1CWUdBMVVkSlFFQi93UU0KTUFvR0NDc0dBUVVGQndNQ01BMEdDU3FHU0liM0RRRUJCUVVBQTRJQkFRQ2NNYWR3Z09nOWNzdDlSaFRzWG9tQgovcEVINndjeGpEcHNZUUlyajlWdHg3ajliUHZRWTFmYTJHRWFDR1B2Q0xIaWJLd0xrRzNuYlRRYytQNDJHZDN2Cnp5SWRhSGpHaTk0RVNxbndYTGduOGNNdXZxd0RudWdFT0VSYUtZRmJWUFdGbnRSbDJmVHNtK3VHa3cweXBMQUIKSm84QzZrTlQwVUVuakt1U3hzN3d0bTVYRlo5RlIzOFdTVFRDdTRqdFdrMC9xM1FjMkZwOE5zbHc4ZFNhV0lTbgpQN3ZDVlg4VWxOUzBWU3hUUjJhWDhXNkxveStwSmVjUkVSRGVPR3hxbUFueDlMT2prU1pwZVRmUzNmejF0RjZWClU3SkJKa29nOUpLRk41SElLdmlzaXB1blJPQm5NRVFKM3RrV1UyRlBiejdCeDREVkhKc1c2Wm5oSzh1WElyamwKLS0tLS1FTkQgQ0VSVElGSUNBVEUtLS0tLQo=",
            "public_key_data": null,
            "public_key_type": "TYPE_X509_PEM_FILE",
            "service_account_id": "projects/jk-mlops-dev/serviceAccounts/server@jk-mlops-dev.iam.gserviceaccount.com",
            "valid_after": "2021-02-21T00:33:33Z",
            "valid_before": "9999-12-31T23:59:59Z"
          },
          "sensitive_attributes": [],
          "private": "bnVsbA==",
          "dependencies": [
            "data.google_client_config.current",
            "module.hub-server.google_service_account.gke_hub_sa"
          ]
        }
      ]
    },
    {
      "module": "module.hub-server.module.gke_hub_registration",
      "mode": "data",
      "type": "external",
      "name": "env_override",
      "provider": "provider[\"registry.terraform.io/hashicorp/external\"]",
      "instances": [
        {
          "index_key": 0,
          "schema_version": 0,
          "attributes": {
            "id": "-",
            "program": [
              ".terraform/modules/hub-server.gke_hub_registration/terraform-google-gcloud-2.0.3/scripts/check_env.sh"
            ],
            "query": null,
            "result": {
              "download": ""
            },
            "working_dir": null
          },
          "sensitive_attributes": []
        }
      ]
    },
    {
      "module": "module.hub-server.module.gke_hub_registration",
      "mode": "managed",
      "type": "null_resource",
      "name": "module_depends_on",
      "provider": "provider[\"registry.terraform.io/hashicorp/null\"]",
      "instances": [
        {
          "index_key": 0,
          "schema_version": 0,
          "attributes": {
            "id": "8701276232340553854",
            "triggers": {
              "value": "1"
            }
          },
          "sensitive_attributes": [
            [
              {
                "type": "get_attr",
                "value": "triggers"
              },
              {
                "type": "index",
                "value": {
                  "value": "value",
                  "type": "string"
                }
              }
            ]
          ],
          "private": "bnVsbA==",
          "dependencies": [
            "data.google_client_config.current",
            "data.google_project.project",
            "module.project-services.google_project_service.project_services",
            "module.server-cluster.data.google_compute_zones.available",
            "module.server-cluster.data.google_container_engine_versions.region",
            "module.server-cluster.data.google_container_engine_versions.zone",
            "module.server-cluster.google_container_cluster.primary",
            "module.server-cluster.google_container_node_pool.pools",
            "module.server-cluster.google_service_account.cluster_service_account",
            "module.server-cluster.random_shuffle.available_zones",
            "module.server-cluster.random_string.cluster_service_account_suffix"
          ]
        }
      ]
    },
    {
      "module": "module.hub-server.module.gke_hub_registration",
      "mode": "managed",
      "type": "null_resource",
      "name": "run_command",
      "provider": "provider[\"registry.terraform.io/hashicorp/null\"]",
      "instances": [
        {
          "index_key": 0,
          "schema_version": 0,
          "attributes": {
            "id": "4734042598699910097",
            "triggers": {
              "arguments": "ba622f4151d6ab06322a2d8db8e47ac3",
              "create_cmd_body": "1 server us-west1-a gke-cluster-server ewogICJ0eXBlIjogInNlcnZpY2VfYWNjb3VudCIsCiAgInByb2plY3RfaWQiOiAiamstbWxvcHMtZGV2IiwKICAicHJpdmF0ZV9rZXlfaWQiOiAiMjU0MDQ3MWZiNWVkNDRmZWVhYzMwY2E3N2NhZmE4YmQ0MGY4OTg2NSIsCiAgInByaXZhdGVfa2V5IjogIi0tLS0tQkVHSU4gUFJJVkFURSBLRVktLS0tLVxuTUlJRXZBSUJBREFOQmdrcWhraUc5dzBCQVFFRkFBU0NCS1l3Z2dTaUFnRUFBb0lCQVFDbStZb0VFbVRoV25QSlxuYTZWNGZJV01xcElwY0sxV3h0Q1BUZ1hmNzdhbzk4cnFxVjdBVGxHcEdVYVV0VmRoeGF0bUxPT0tGSFVSbkpocVxuSHJHLytmQnB4bE9kbG1hbEhKV0JHS2w1S0hVcytEMHJITHh2OEh5S0Fub3VjbmpONDlZOUxwWmZERnhlcHkwVlxuSmZMNWgxTXJmTU90T0QxUjdBbytRdElZRGtJM2RIeGJ1RHNVZVZvSXN6VzMweDRObE9ydWxLYzFTUStSWmRJQlxuYTV0Z0JzRVc1cXVtV055Z2R4ZzQrZzRMRytLcWJGMFNNNFZqT0dGQ0tPa3dISmdIM0NNdCtWNlZiMmw1a0E4c1xuWTY1ZUxSYXl5Znh6cTdGRm9Wc2J5aFVWTFpRc2JSTXVKRGpPdXNoSFhVVm1aT2x6WEs0ZlJ0MmFSbHhDZVRpYlxucDFJRlh4ZjdBZ01CQUFFQ2dnRUFLTHRJeXJOOS9tY2xSYVpIeUR1QURJOXpkajV4V25ESFlaM2oydnZMOEMzNlxuUndJb0JmdFUrazRiSkoyVUFsckk4L1RSVU5hcXREQWlFZ2tJelU3NE1hVmFzbCtGREpRTGVHRit2ZnA3a3d1L1xuU0N3TFg3Y25lamNlZlFRWnFnZ0JOQTJRU3dGbDZ3VVcvMGl4bStOQ0M2SzB6U1doOThEL3dxNWtOOUFLb1NJWlxuVGY0dG9HbWVGeEJ4R3VHYUhoZEhNRFowYk45VzBiSDBOcEkxV2h1dzJlbTVMdUdVVDl4c3dUYTFiWUlkWDRBWFxuMUF5M3h5b2RmcTVRMDhSZnJpTEZSenE5SFVCWHk0MHVIaVpuRmFWVFhUeVJ0d1ZiKy92NlF3eG9rVWNScjFhQ1xuM3pOcDJBSStvVllrNHNOdGswb3JqaGdWdGprS1ZHcmJwc1I3QitKeEtRS0JnUURaMWxUOWMzSExPUGJlc2xaWlxuTVAwV2MxWVk4S2p2azY5OWowUlVLZEZPTFRGMmQ0L2xVRnBsYldaWEJ6N0d4aGsvNXQ1VG1WcnBqQjBhNWEzN1xuNjR0NUx2d0s3U0N0d2R3VnNBbnZtRWxlQm9obERCOFB4Znppb3ExdDRVNnlSb0t6VTRwekNsWndoRVRzQVJBUlxuNHV3TFN4RnpxQVczUVNOQ2E4anhSZmp3bndLQmdRREVPaHBPdk1yTDQrTTNnSzRmQVB2OHBuUURVV1JCMjZmN1xuMGs0SDZFRzdSQnVzWit4YUNzZXM3SnE3L2QyOFFKbWxYNmVSYzcrMGM2U29heXpxMG9rekNRKzhlcEVycG5VWVxueFJiZkFhUzk5dFJ5a0t0b1pBVklCRzR1ZURRM1lwTGNKc2szNXJDL0poZFdPZ3NRangxdlY4Yjl3ZW5IK0dYRFxuOGJROEl0VVBKUUtCZ0dXN0VLbmtsZ29BS2xwS0VzVkllWWxZaDZiU0RUTUZWM2xkeE4xQlFqd3VJdUZlYU5jQVxudFphVWhxeXg5NEZBMWwzZlpZakpING5lSTJHQ1RjUk9kaTQ3NFAwQlRMZVl4ejFobnVKRHprK1k0VzIvUVdwT1xuWGhGQlE1a0RGWXR3SG0yODMvVmxxSVNYWU5DT2xvQ2o1dlJITkhrOHlKNlNUdk1mL3hHZVNlbWxBb0dBWXB5c1xuY2R0UXN1eEFXTGt6UitOdnYwVkxVZ3VLTGNxY2ZlSHZVdXYyZEl6Q3QzNjJlWDJuWVJDNnBqVHJSTnJXSEJTWlxuR25DbjY2Q2VKQUZRWG1ZVml1OUgyRGxrVVNKakFHS3pucml0dU1XZGVFR1owbWxKZWlxMzBHU2FJU2RKbEpkdFxuVWNsK0UyR3FJcXdpdVZ5aXR6ek9oT0g1Z1lRa2FEZEVrMkFSNEgwQ2dZQjU5ZUF4MlcraElXQXdLaGZrU0kyTVxuREtEcHQ1S3VBMHVlNlRsa09haDRXbTZuZVVHR1QvMFdud0d6Q2w2M0VGRnpWRTlORnlMSHlHTzV4ZjVFbFVsNFxuMmdSMGU5S1NHdmpSRFVDMHdpRTZqbElxOFZ4QjlkeTBna2tBNzlZMmxKdDk1ZVJjU3RXblVac2FodlpGbGxqWVxudFZnSXdLN2x6UWRkcHFETFhyRjZzQT09XG4tLS0tLUVORCBQUklWQVRFIEtFWS0tLS0tXG4iLAogICJjbGllbnRfZW1haWwiOiAic2VydmVyQGprLW1sb3BzLWRldi5pYW0uZ3NlcnZpY2VhY2NvdW50LmNvbSIsCiAgImNsaWVudF9pZCI6ICIxMDIxNDYxNTAyNzM2MjM0ODc4MDUiLAogICJhdXRoX3VyaSI6ICJodHRwczovL2FjY291bnRzLmdvb2dsZS5jb20vby9vYXV0aDIvYXV0aCIsCiAgInRva2VuX3VyaSI6ICJodHRwczovL29hdXRoMi5nb29nbGVhcGlzLmNvbS90b2tlbiIsCiAgImF1dGhfcHJvdmlkZXJfeDUwOV9jZXJ0X3VybCI6ICJodHRwczovL3d3dy5nb29nbGVhcGlzLmNvbS9vYXV0aDIvdjEvY2VydHMiLAogICJjbGllbnRfeDUwOV9jZXJ0X3VybCI6ICJodHRwczovL3d3dy5nb29nbGVhcGlzLmNvbS9yb2JvdC92MS9tZXRhZGF0YS94NTA5L3NlcnZlciU0MGprLW1sb3BzLWRldi5pYW0uZ3NlcnZpY2VhY2NvdW50LmNvbSIKfQo= jk-mlops-dev ",
              "create_cmd_entrypoint": ".terraform/modules/hub-server/modules/hub/scripts/gke_hub_registration.sh",
              "gcloud_bin_abs_path": "/google-cloud-sdk/bin",
              "md5": "d4192b8475717e029a8a2e7094fabb99"
            }
          },
          "sensitive_attributes": [],
          "private": "bnVsbA==",
          "dependencies": [
            "data.google_client_config.current",
            "data.google_project.project",
            "module.hub-server.google_service_account.gke_hub_sa",
            "module.hub-server.google_service_account_key.gke_hub_key",
            "module.hub-server.module.gke_hub_registration.data.external.env_override",
            "module.hub-server.module.gke_hub_registration.null_resource.additional_components",
            "module.hub-server.module.gke_hub_registration.null_resource.decompress",
            "module.hub-server.module.gke_hub_registration.null_resource.gcloud_auth_google_credentials",
            "module.hub-server.module.gke_hub_registration.null_resource.gcloud_auth_service_account_key_file",
            "module.hub-server.module.gke_hub_registration.null_resource.module_depends_on",
            "module.hub-server.module.gke_hub_registration.random_id.cache",
            "module.project-services.google_project_service.project_services",
            "module.server-cluster.data.google_compute_zones.available",
            "module.server-cluster.data.google_container_engine_versions.region",
            "module.server-cluster.data.google_container_engine_versions.zone",
            "module.server-cluster.google_container_cluster.primary",
            "module.server-cluster.google_container_node_pool.pools",
            "module.server-cluster.google_service_account.cluster_service_account",
            "module.server-cluster.random_shuffle.available_zones",
            "module.server-cluster.random_string.cluster_service_account_suffix"
          ]
        }
      ]
    },
    {
      "module": "module.hub-server.module.gke_hub_registration",
      "mode": "managed",
      "type": "null_resource",
      "name": "run_destroy_command",
      "provider": "provider[\"registry.terraform.io/hashicorp/null\"]",
      "instances": [
        {
          "index_key": 0,
          "schema_version": 0,
          "attributes": {
            "id": "5218528716109225735",
            "triggers": {
              "destroy_cmd_body": "1 server us-west1-a gke-cluster-server jk-mlops-dev",
              "destroy_cmd_entrypoint": ".terraform/modules/hub-server/modules/hub/scripts/gke_hub_unregister.sh",
              "gcloud_bin_abs_path": "/google-cloud-sdk/bin"
            }
          },
          "sensitive_attributes": [],
          "private": "bnVsbA==",
          "dependencies": [
            "data.google_client_config.current",
            "data.google_project.project",
            "module.hub-server.module.gke_hub_registration.data.external.env_override",
            "module.hub-server.module.gke_hub_registration.null_resource.additional_components",
            "module.hub-server.module.gke_hub_registration.null_resource.decompress",
            "module.hub-server.module.gke_hub_registration.null_resource.gcloud_auth_google_credentials",
            "module.hub-server.module.gke_hub_registration.null_resource.gcloud_auth_service_account_key_file",
            "module.hub-server.module.gke_hub_registration.null_resource.module_depends_on",
            "module.hub-server.module.gke_hub_registration.random_id.cache",
            "module.project-services.google_project_service.project_services",
            "module.server-cluster.data.google_compute_zones.available",
            "module.server-cluster.data.google_container_engine_versions.region",
            "module.server-cluster.data.google_container_engine_versions.zone",
            "module.server-cluster.google_container_cluster.primary",
            "module.server-cluster.google_container_node_pool.pools",
            "module.server-cluster.google_service_account.cluster_service_account",
            "module.server-cluster.random_shuffle.available_zones",
            "module.server-cluster.random_string.cluster_service_account_suffix"
          ]
        }
      ]
    },
    {
      "module": "module.project-services",
      "mode": "managed",
      "type": "google_project_service",
      "name": "project_services",
      "provider": "provider[\"registry.terraform.io/hashicorp/google\"]",
      "instances": [
        {
          "index_key": "anthos.googleapis.com",
          "schema_version": 0,
          "attributes": {
            "disable_dependent_services": true,
            "disable_on_destroy": false,
            "id": "jk-mlops-dev/anthos.googleapis.com",
            "project": "jk-mlops-dev",
            "service": "anthos.googleapis.com",
            "timeouts": null
          },
          "sensitive_attributes": [],
          "private": "eyJlMmJmYjczMC1lY2FhLTExZTYtOGY4OC0zNDM2M2JjN2M0YzAiOnsiY3JlYXRlIjoxMjAwMDAwMDAwMDAwLCJkZWxldGUiOjEyMDAwMDAwMDAwMDAsInJlYWQiOjYwMDAwMDAwMDAwMCwidXBkYXRlIjoxMjAwMDAwMDAwMDAwfX0=",
          "dependencies": [
            "data.google_client_config.current"
          ]
        },
        {
          "index_key": "cloudresourcemanager.googleapis.com",
          "schema_version": 0,
          "attributes": {
            "disable_dependent_services": true,
            "disable_on_destroy": false,
            "id": "jk-mlops-dev/cloudresourcemanager.googleapis.com",
            "project": "jk-mlops-dev",
            "service": "cloudresourcemanager.googleapis.com",
            "timeouts": null
          },
          "sensitive_attributes": [],
          "private": "eyJlMmJmYjczMC1lY2FhLTExZTYtOGY4OC0zNDM2M2JjN2M0YzAiOnsiY3JlYXRlIjoxMjAwMDAwMDAwMDAwLCJkZWxldGUiOjEyMDAwMDAwMDAwMDAsInJlYWQiOjYwMDAwMDAwMDAwMCwidXBkYXRlIjoxMjAwMDAwMDAwMDAwfX0=",
          "dependencies": [
            "data.google_client_config.current"
          ]
        },
        {
          "index_key": "cloudtrace.googleapis.com",
          "schema_version": 0,
          "attributes": {
            "disable_dependent_services": true,
            "disable_on_destroy": false,
            "id": "jk-mlops-dev/cloudtrace.googleapis.com",
            "project": "jk-mlops-dev",
            "service": "cloudtrace.googleapis.com",
            "timeouts": null
          },
          "sensitive_attributes": [],
          "private": "eyJlMmJmYjczMC1lY2FhLTExZTYtOGY4OC0zNDM2M2JjN2M0YzAiOnsiY3JlYXRlIjoxMjAwMDAwMDAwMDAwLCJkZWxldGUiOjEyMDAwMDAwMDAwMDAsInJlYWQiOjYwMDAwMDAwMDAwMCwidXBkYXRlIjoxMjAwMDAwMDAwMDAwfX0=",
          "dependencies": [
            "data.google_client_config.current"
          ]
        },
        {
          "index_key": "compute.googleapis.com",
          "schema_version": 0,
          "attributes": {
            "disable_dependent_services": true,
            "disable_on_destroy": false,
            "id": "jk-mlops-dev/compute.googleapis.com",
            "project": "jk-mlops-dev",
            "service": "compute.googleapis.com",
            "timeouts": null
          },
          "sensitive_attributes": [],
          "private": "eyJlMmJmYjczMC1lY2FhLTExZTYtOGY4OC0zNDM2M2JjN2M0YzAiOnsiY3JlYXRlIjoxMjAwMDAwMDAwMDAwLCJkZWxldGUiOjEyMDAwMDAwMDAwMDAsInJlYWQiOjYwMDAwMDAwMDAwMCwidXBkYXRlIjoxMjAwMDAwMDAwMDAwfX0=",
          "dependencies": [
            "data.google_client_config.current"
          ]
        },
        {
          "index_key": "container.googleapis.com",
          "schema_version": 0,
          "attributes": {
            "disable_dependent_services": true,
            "disable_on_destroy": false,
            "id": "jk-mlops-dev/container.googleapis.com",
            "project": "jk-mlops-dev",
            "service": "container.googleapis.com",
            "timeouts": null
          },
          "sensitive_attributes": [],
          "private": "eyJlMmJmYjczMC1lY2FhLTExZTYtOGY4OC0zNDM2M2JjN2M0YzAiOnsiY3JlYXRlIjoxMjAwMDAwMDAwMDAwLCJkZWxldGUiOjEyMDAwMDAwMDAwMDAsInJlYWQiOjYwMDAwMDAwMDAwMCwidXBkYXRlIjoxMjAwMDAwMDAwMDAwfX0=",
          "dependencies": [
            "data.google_client_config.current"
          ]
        },
        {
          "index_key": "gkeconnect.googleapis.com",
          "schema_version": 0,
          "attributes": {
            "disable_dependent_services": true,
            "disable_on_destroy": false,
            "id": "jk-mlops-dev/gkeconnect.googleapis.com",
            "project": "jk-mlops-dev",
            "service": "gkeconnect.googleapis.com",
            "timeouts": null
          },
          "sensitive_attributes": [],
          "private": "eyJlMmJmYjczMC1lY2FhLTExZTYtOGY4OC0zNDM2M2JjN2M0YzAiOnsiY3JlYXRlIjoxMjAwMDAwMDAwMDAwLCJkZWxldGUiOjEyMDAwMDAwMDAwMDAsInJlYWQiOjYwMDAwMDAwMDAwMCwidXBkYXRlIjoxMjAwMDAwMDAwMDAwfX0=",
          "dependencies": [
            "data.google_client_config.current"
          ]
        },
        {
          "index_key": "gkehub.googleapis.com",
          "schema_version": 0,
          "attributes": {
            "disable_dependent_services": true,
            "disable_on_destroy": false,
            "id": "jk-mlops-dev/gkehub.googleapis.com",
            "project": "jk-mlops-dev",
            "service": "gkehub.googleapis.com",
            "timeouts": null
          },
          "sensitive_attributes": [],
          "private": "eyJlMmJmYjczMC1lY2FhLTExZTYtOGY4OC0zNDM2M2JjN2M0YzAiOnsiY3JlYXRlIjoxMjAwMDAwMDAwMDAwLCJkZWxldGUiOjEyMDAwMDAwMDAwMDAsInJlYWQiOjYwMDAwMDAwMDAwMCwidXBkYXRlIjoxMjAwMDAwMDAwMDAwfX0=",
          "dependencies": [
            "data.google_client_config.current"
          ]
        },
        {
          "index_key": "iam.googleapis.com",
          "schema_version": 0,
          "attributes": {
            "disable_dependent_services": true,
            "disable_on_destroy": false,
            "id": "jk-mlops-dev/iam.googleapis.com",
            "project": "jk-mlops-dev",
            "service": "iam.googleapis.com",
            "timeouts": null
          },
          "sensitive_attributes": [],
          "private": "eyJlMmJmYjczMC1lY2FhLTExZTYtOGY4OC0zNDM2M2JjN2M0YzAiOnsiY3JlYXRlIjoxMjAwMDAwMDAwMDAwLCJkZWxldGUiOjEyMDAwMDAwMDAwMDAsInJlYWQiOjYwMDAwMDAwMDAwMCwidXBkYXRlIjoxMjAwMDAwMDAwMDAwfX0=",
          "dependencies": [
            "data.google_client_config.current"
          ]
        },
        {
          "index_key": "iamcredentials.googleapis.com",
          "schema_version": 0,
          "attributes": {
            "disable_dependent_services": true,
            "disable_on_destroy": false,
            "id": "jk-mlops-dev/iamcredentials.googleapis.com",
            "project": "jk-mlops-dev",
            "service": "iamcredentials.googleapis.com",
            "timeouts": null
          },
          "sensitive_attributes": [],
          "private": "eyJlMmJmYjczMC1lY2FhLTExZTYtOGY4OC0zNDM2M2JjN2M0YzAiOnsiY3JlYXRlIjoxMjAwMDAwMDAwMDAwLCJkZWxldGUiOjEyMDAwMDAwMDAwMDAsInJlYWQiOjYwMDAwMDAwMDAwMCwidXBkYXRlIjoxMjAwMDAwMDAwMDAwfX0=",
          "dependencies": [
            "data.google_client_config.current"
          ]
        },
        {
          "index_key": "logging.googleapis.com",
          "schema_version": 0,
          "attributes": {
            "disable_dependent_services": true,
            "disable_on_destroy": false,
            "id": "jk-mlops-dev/logging.googleapis.com",
            "project": "jk-mlops-dev",
            "service": "logging.googleapis.com",
            "timeouts": null
          },
          "sensitive_attributes": [],
          "private": "eyJlMmJmYjczMC1lY2FhLTExZTYtOGY4OC0zNDM2M2JjN2M0YzAiOnsiY3JlYXRlIjoxMjAwMDAwMDAwMDAwLCJkZWxldGUiOjEyMDAwMDAwMDAwMDAsInJlYWQiOjYwMDAwMDAwMDAwMCwidXBkYXRlIjoxMjAwMDAwMDAwMDAwfX0=",
          "dependencies": [
            "data.google_client_config.current"
          ]
        },
        {
          "index_key": "meshca.googleapis.com",
          "schema_version": 0,
          "attributes": {
            "disable_dependent_services": true,
            "disable_on_destroy": false,
            "id": "jk-mlops-dev/meshca.googleapis.com",
            "project": "jk-mlops-dev",
            "service": "meshca.googleapis.com",
            "timeouts": null
          },
          "sensitive_attributes": [],
          "private": "eyJlMmJmYjczMC1lY2FhLTExZTYtOGY4OC0zNDM2M2JjN2M0YzAiOnsiY3JlYXRlIjoxMjAwMDAwMDAwMDAwLCJkZWxldGUiOjEyMDAwMDAwMDAwMDAsInJlYWQiOjYwMDAwMDAwMDAwMCwidXBkYXRlIjoxMjAwMDAwMDAwMDAwfX0=",
          "dependencies": [
            "data.google_client_config.current"
          ]
        },
        {
          "index_key": "meshconfig.googleapis.com",
          "schema_version": 0,
          "attributes": {
            "disable_dependent_services": true,
            "disable_on_destroy": false,
            "id": "jk-mlops-dev/meshconfig.googleapis.com",
            "project": "jk-mlops-dev",
            "service": "meshconfig.googleapis.com",
            "timeouts": null
          },
          "sensitive_attributes": [],
          "private": "eyJlMmJmYjczMC1lY2FhLTExZTYtOGY4OC0zNDM2M2JjN2M0YzAiOnsiY3JlYXRlIjoxMjAwMDAwMDAwMDAwLCJkZWxldGUiOjEyMDAwMDAwMDAwMDAsInJlYWQiOjYwMDAwMDAwMDAwMCwidXBkYXRlIjoxMjAwMDAwMDAwMDAwfX0=",
          "dependencies": [
            "data.google_client_config.current"
          ]
        },
        {
          "index_key": "meshtelemetry.googleapis.com",
          "schema_version": 0,
          "attributes": {
            "disable_dependent_services": true,
            "disable_on_destroy": false,
            "id": "jk-mlops-dev/meshtelemetry.googleapis.com",
            "project": "jk-mlops-dev",
            "service": "meshtelemetry.googleapis.com",
            "timeouts": null
          },
          "sensitive_attributes": [],
          "private": "eyJlMmJmYjczMC1lY2FhLTExZTYtOGY4OC0zNDM2M2JjN2M0YzAiOnsiY3JlYXRlIjoxMjAwMDAwMDAwMDAwLCJkZWxldGUiOjEyMDAwMDAwMDAwMDAsInJlYWQiOjYwMDAwMDAwMDAwMCwidXBkYXRlIjoxMjAwMDAwMDAwMDAwfX0=",
          "dependencies": [
            "data.google_client_config.current"
          ]
        },
        {
          "index_key": "monitoring.googleapis.com",
          "schema_version": 0,
          "attributes": {
            "disable_dependent_services": true,
            "disable_on_destroy": false,
            "id": "jk-mlops-dev/monitoring.googleapis.com",
            "project": "jk-mlops-dev",
            "service": "monitoring.googleapis.com",
            "timeouts": null
          },
          "sensitive_attributes": [],
          "private": "eyJlMmJmYjczMC1lY2FhLTExZTYtOGY4OC0zNDM2M2JjN2M0YzAiOnsiY3JlYXRlIjoxMjAwMDAwMDAwMDAwLCJkZWxldGUiOjEyMDAwMDAwMDAwMDAsInJlYWQiOjYwMDAwMDAwMDAwMCwidXBkYXRlIjoxMjAwMDAwMDAwMDAwfX0=",
          "dependencies": [
            "data.google_client_config.current"
          ]
        }
      ]
    },
    {
      "module": "module.server-cluster",
      "mode": "data",
      "type": "google_client_config",
      "name": "default",
      "provider": "provider[\"registry.terraform.io/hashicorp/google-beta\"]",
      "instances": [
        {
          "schema_version": 0,
          "attributes": {
            "access_token": "ya29.A0AfH6SMC_6XB54mc6OOKOh7Mb23TSVtiX8hS68twLHZGux5bcqrn4Klcyf3pBGNVFZx_tEqr2bFYlMVm6Or5i4vyNakCDx6WtWCQB0MbBYaUPRc8xO_Dw7-zcDaV_drQZWIG8ikJHGKG8ir5LMjqNheyCX2IpFGNXz1QwcUcvm_ymGerrlfappwfyj7l3KOpuyhXoBl6C6VXpCLzdqMn1culDnt0nSFg8A3Uypl72XbJLGwCAaJDxbTBeU-G5tdx-cpHzz_HPcA",
            "id": "projects//regions//zones/",
            "project": "",
            "region": "",
            "zone": ""
          },
          "sensitive_attributes": []
        }
      ]
    },
    {
      "module": "module.server-cluster",
      "mode": "data",
      "type": "google_compute_zones",
      "name": "available",
      "provider": "provider[\"registry.terraform.io/hashicorp/google-beta\"]",
      "instances": [
        {
          "schema_version": 0,
          "attributes": {
            "id": "projects/jk-mlops-dev/regions/us-west1",
            "names": [
              "us-west1-a",
              "us-west1-b",
              "us-west1-c"
            ],
            "project": "jk-mlops-dev",
            "region": "us-west1",
            "status": null
          },
          "sensitive_attributes": []
        }
      ]
    },
    {
      "module": "module.server-cluster",
      "mode": "data",
      "type": "google_container_engine_versions",
      "name": "region",
      "provider": "provider[\"registry.terraform.io/hashicorp/google\"]",
      "instances": [
        {
          "schema_version": 0,
          "attributes": {
            "default_cluster_version": "1.17.15-gke.800",
            "id": "2021-02-21 00:33:23.964242393 +0000 UTC",
            "latest_master_version": "1.18.15-gke.1500",
            "latest_node_version": "1.18.15-gke.1500",
            "location": "us-west1-a",
            "project": "jk-mlops-dev",
            "release_channel_default_version": {
              "RAPID": "1.19.7-gke.1302",
              "REGULAR": "1.18.12-gke.1210",
              "STABLE": "1.17.15-gke.800"
            },
            "valid_master_versions": [
              "1.18.15-gke.1500",
              "1.18.15-gke.1100",
              "1.18.14-gke.1600",
              "1.18.14-gke.1200",
              "1.18.12-gke.1210",
              "1.18.12-gke.1206",
              "1.17.17-gke.1500",
              "1.17.17-gke.1100",
              "1.17.17-gke.600",
              "1.17.16-gke.1600",
              "1.17.16-gke.1300",
              "1.17.15-gke.800",
              "1.16.15-gke.11800",
              "1.16.15-gke.10600",
              "1.16.15-gke.7800",
              "1.15.12-gke.6002"
            ],
            "valid_node_versions": [
              "1.18.15-gke.1500",
              "1.18.15-gke.1100",
              "1.18.15-gke.800",
              "1.18.14-gke.1600",
              "1.18.14-gke.1200",
              "1.18.12-gke.1210",
              "1.18.12-gke.1206",
              "1.18.12-gke.1205",
              "1.18.12-gke.1201",
              "1.18.12-gke.1200",
              "1.18.12-gke.300",
              "1.18.10-gke.2701",
              "1.18.10-gke.2101",
              "1.18.10-gke.1500",
              "1.18.10-gke.601",
              "1.18.9-gke.2501",
              "1.18.9-gke.1501",
              "1.18.9-gke.801",
              "1.18.6-gke.4801",
              "1.18.6-gke.3504",
              "1.18.6-gke.3503",
              "1.17.17-gke.1500",
              "1.17.17-gke.1100",
              "1.17.17-gke.600",
              "1.17.16-gke.1600",
              "1.17.16-gke.1300",
              "1.17.15-gke.800",
              "1.17.15-gke.300",
              "1.17.14-gke.1600",
              "1.17.14-gke.1200",
              "1.17.14-gke.400",
              "1.17.13-gke.2600",
              "1.17.13-gke.2001",
              "1.17.13-gke.1401",
              "1.17.13-gke.1400",
              "1.17.13-gke.600",
              "1.17.12-gke.2502",
              "1.17.12-gke.1504",
              "1.17.12-gke.1501",
              "1.17.12-gke.500",
              "1.17.9-gke.6300",
              "1.17.9-gke.1504",
              "1.16.15-gke.11800",
              "1.16.15-gke.10600",
              "1.16.15-gke.7800",
              "1.16.15-gke.7300",
              "1.16.15-gke.6900",
              "1.16.15-gke.6000",
              "1.16.15-gke.5500",
              "1.16.15-gke.4901",
              "1.16.15-gke.4301",
              "1.16.15-gke.4300",
              "1.16.15-gke.3500",
              "1.16.15-gke.2601",
              "1.16.15-gke.1600",
              "1.16.15-gke.500",
              "1.16.13-gke.404",
              "1.16.13-gke.403",
              "1.16.13-gke.401",
              "1.16.13-gke.400",
              "1.16.13-gke.1",
              "1.16.11-gke.5",
              "1.16.10-gke.8",
              "1.16.9-gke.6",
              "1.16.9-gke.2",
              "1.16.8-gke.15",
              "1.16.8-gke.12",
              "1.16.8-gke.9",
              "1.15.12-gke.6002",
              "1.15.12-gke.6001",
              "1.15.12-gke.5000",
              "1.15.12-gke.4002",
              "1.15.12-gke.4000",
              "1.15.12-gke.20",
              "1.15.12-gke.17",
              "1.15.12-gke.16",
              "1.15.12-gke.13",
              "1.15.12-gke.9",
              "1.15.12-gke.6",
              "1.15.12-gke.3",
              "1.15.12-gke.2",
              "1.15.11-gke.17",
              "1.15.11-gke.15",
              "1.15.11-gke.13",
              "1.15.11-gke.12",
              "1.15.11-gke.11",
              "1.15.11-gke.9",
              "1.15.11-gke.5",
              "1.15.11-gke.3",
              "1.15.11-gke.1",
              "1.15.9-gke.26",
              "1.15.9-gke.24",
              "1.15.9-gke.22",
              "1.15.9-gke.12",
              "1.15.9-gke.9",
              "1.15.9-gke.8",
              "1.15.8-gke.3",
              "1.15.8-gke.2",
              "1.15.7-gke.23",
              "1.15.7-gke.2",
              "1.15.4-gke.22",
              "1.14.10-gke.1504",
              "1.14.10-gke.902",
              "1.14.10-gke.50",
              "1.14.10-gke.46",
              "1.14.10-gke.45",
              "1.14.10-gke.42",
              "1.14.10-gke.41",
              "1.14.10-gke.40",
              "1.14.10-gke.37",
              "1.14.10-gke.36",
              "1.14.10-gke.34",
              "1.14.10-gke.32",
              "1.14.10-gke.31",
              "1.14.10-gke.27",
              "1.14.10-gke.24",
              "1.14.10-gke.22",
              "1.14.10-gke.21",
              "1.14.10-gke.17",
              "1.14.10-gke.0",
              "1.14.9-gke.23",
              "1.14.9-gke.2",
              "1.14.9-gke.0",
              "1.14.8-gke.33",
              "1.14.8-gke.21",
              "1.14.8-gke.18",
              "1.14.8-gke.17",
              "1.14.8-gke.14",
              "1.14.8-gke.12",
              "1.14.8-gke.7",
              "1.14.8-gke.2",
              "1.14.7-gke.40",
              "1.14.7-gke.25",
              "1.14.7-gke.23",
              "1.14.7-gke.17",
              "1.14.7-gke.14",
              "1.14.7-gke.10",
              "1.14.6-gke.13",
              "1.14.6-gke.2",
              "1.14.6-gke.1",
              "1.14.3-gke.11",
              "1.14.3-gke.10",
              "1.14.3-gke.9",
              "1.14.2-gke.9",
              "1.14.1-gke.5",
              "1.13.12-gke.30",
              "1.13.12-gke.25",
              "1.13.12-gke.17",
              "1.13.12-gke.16",
              "1.13.12-gke.14",
              "1.13.12-gke.13",
              "1.13.12-gke.10",
              "1.13.12-gke.8",
              "1.13.12-gke.4",
              "1.13.12-gke.2",
              "1.13.11-gke.23",
              "1.13.11-gke.15",
              "1.13.11-gke.14",
              "1.13.11-gke.12",
              "1.13.11-gke.11",
              "1.13.11-gke.9",
              "1.13.11-gke.5",
              "1.13.10-gke.7",
              "1.13.10-gke.0",
              "1.13.9-gke.11",
              "1.13.9-gke.3",
              "1.13.7-gke.24",
              "1.13.7-gke.19",
              "1.13.7-gke.15",
              "1.13.7-gke.8",
              "1.13.7-gke.0",
              "1.13.6-gke.13",
              "1.13.6-gke.6",
              "1.13.6-gke.5",
              "1.13.6-gke.0",
              "1.13.5-gke.10",
              "1.12.10-gke.22",
              "1.12.10-gke.20",
              "1.12.10-gke.19",
              "1.12.10-gke.18",
              "1.12.10-gke.17",
              "1.12.10-gke.15",
              "1.12.10-gke.13",
              "1.12.10-gke.11",
              "1.12.10-gke.5",
              "1.12.9-gke.16",
              "1.12.9-gke.15",
              "1.12.9-gke.13",
              "1.12.9-gke.10",
              "1.12.9-gke.7",
              "1.12.9-gke.3",
              "1.12.8-gke.12",
              "1.12.8-gke.10",
              "1.12.8-gke.7",
              "1.12.8-gke.6",
              "1.12.7-gke.26",
              "1.12.7-gke.25",
              "1.12.7-gke.24",
              "1.12.7-gke.22",
              "1.12.7-gke.21",
              "1.12.7-gke.17",
              "1.12.7-gke.10",
              "1.12.7-gke.7",
              "1.12.6-gke.11",
              "1.12.6-gke.10",
              "1.12.6-gke.7",
              "1.12.5-gke.10",
              "1.12.5-gke.5",
              "1.11.10-gke.6",
              "1.11.10-gke.5"
            ],
            "version_prefix": null
          },
          "sensitive_attributes": []
        }
      ]
    },
    {
      "module": "module.server-cluster",
      "mode": "data",
      "type": "google_container_engine_versions",
      "name": "zone",
      "provider": "provider[\"registry.terraform.io/hashicorp/google\"]",
      "instances": [
        {
          "schema_version": 0,
          "attributes": {
            "default_cluster_version": "1.17.15-gke.800",
            "id": "2021-02-21 00:33:24.238109749 +0000 UTC",
            "latest_master_version": "1.18.15-gke.1500",
            "latest_node_version": "1.18.15-gke.1500",
            "location": "us-west1-a",
            "project": "jk-mlops-dev",
            "release_channel_default_version": {
              "RAPID": "1.19.7-gke.1302",
              "REGULAR": "1.18.12-gke.1210",
              "STABLE": "1.17.15-gke.800"
            },
            "valid_master_versions": [
              "1.18.15-gke.1500",
              "1.18.15-gke.1100",
              "1.18.14-gke.1600",
              "1.18.14-gke.1200",
              "1.18.12-gke.1210",
              "1.18.12-gke.1206",
              "1.17.17-gke.1500",
              "1.17.17-gke.1100",
              "1.17.17-gke.600",
              "1.17.16-gke.1600",
              "1.17.16-gke.1300",
              "1.17.15-gke.800",
              "1.16.15-gke.11800",
              "1.16.15-gke.10600",
              "1.16.15-gke.7800",
              "1.15.12-gke.6002"
            ],
            "valid_node_versions": [
              "1.18.15-gke.1500",
              "1.18.15-gke.1100",
              "1.18.15-gke.800",
              "1.18.14-gke.1600",
              "1.18.14-gke.1200",
              "1.18.12-gke.1210",
              "1.18.12-gke.1206",
              "1.18.12-gke.1205",
              "1.18.12-gke.1201",
              "1.18.12-gke.1200",
              "1.18.12-gke.300",
              "1.18.10-gke.2701",
              "1.18.10-gke.2101",
              "1.18.10-gke.1500",
              "1.18.10-gke.601",
              "1.18.9-gke.2501",
              "1.18.9-gke.1501",
              "1.18.9-gke.801",
              "1.18.6-gke.4801",
              "1.18.6-gke.3504",
              "1.18.6-gke.3503",
              "1.17.17-gke.1500",
              "1.17.17-gke.1100",
              "1.17.17-gke.600",
              "1.17.16-gke.1600",
              "1.17.16-gke.1300",
              "1.17.15-gke.800",
              "1.17.15-gke.300",
              "1.17.14-gke.1600",
              "1.17.14-gke.1200",
              "1.17.14-gke.400",
              "1.17.13-gke.2600",
              "1.17.13-gke.2001",
              "1.17.13-gke.1401",
              "1.17.13-gke.1400",
              "1.17.13-gke.600",
              "1.17.12-gke.2502",
              "1.17.12-gke.1504",
              "1.17.12-gke.1501",
              "1.17.12-gke.500",
              "1.17.9-gke.6300",
              "1.17.9-gke.1504",
              "1.16.15-gke.11800",
              "1.16.15-gke.10600",
              "1.16.15-gke.7800",
              "1.16.15-gke.7300",
              "1.16.15-gke.6900",
              "1.16.15-gke.6000",
              "1.16.15-gke.5500",
              "1.16.15-gke.4901",
              "1.16.15-gke.4301",
              "1.16.15-gke.4300",
              "1.16.15-gke.3500",
              "1.16.15-gke.2601",
              "1.16.15-gke.1600",
              "1.16.15-gke.500",
              "1.16.13-gke.404",
              "1.16.13-gke.403",
              "1.16.13-gke.401",
              "1.16.13-gke.400",
              "1.16.13-gke.1",
              "1.16.11-gke.5",
              "1.16.10-gke.8",
              "1.16.9-gke.6",
              "1.16.9-gke.2",
              "1.16.8-gke.15",
              "1.16.8-gke.12",
              "1.16.8-gke.9",
              "1.15.12-gke.6002",
              "1.15.12-gke.6001",
              "1.15.12-gke.5000",
              "1.15.12-gke.4002",
              "1.15.12-gke.4000",
              "1.15.12-gke.20",
              "1.15.12-gke.17",
              "1.15.12-gke.16",
              "1.15.12-gke.13",
              "1.15.12-gke.9",
              "1.15.12-gke.6",
              "1.15.12-gke.3",
              "1.15.12-gke.2",
              "1.15.11-gke.17",
              "1.15.11-gke.15",
              "1.15.11-gke.13",
              "1.15.11-gke.12",
              "1.15.11-gke.11",
              "1.15.11-gke.9",
              "1.15.11-gke.5",
              "1.15.11-gke.3",
              "1.15.11-gke.1",
              "1.15.9-gke.26",
              "1.15.9-gke.24",
              "1.15.9-gke.22",
              "1.15.9-gke.12",
              "1.15.9-gke.9",
              "1.15.9-gke.8",
              "1.15.8-gke.3",
              "1.15.8-gke.2",
              "1.15.7-gke.23",
              "1.15.7-gke.2",
              "1.15.4-gke.22",
              "1.14.10-gke.1504",
              "1.14.10-gke.902",
              "1.14.10-gke.50",
              "1.14.10-gke.46",
              "1.14.10-gke.45",
              "1.14.10-gke.42",
              "1.14.10-gke.41",
              "1.14.10-gke.40",
              "1.14.10-gke.37",
              "1.14.10-gke.36",
              "1.14.10-gke.34",
              "1.14.10-gke.32",
              "1.14.10-gke.31",
              "1.14.10-gke.27",
              "1.14.10-gke.24",
              "1.14.10-gke.22",
              "1.14.10-gke.21",
              "1.14.10-gke.17",
              "1.14.10-gke.0",
              "1.14.9-gke.23",
              "1.14.9-gke.2",
              "1.14.9-gke.0",
              "1.14.8-gke.33",
              "1.14.8-gke.21",
              "1.14.8-gke.18",
              "1.14.8-gke.17",
              "1.14.8-gke.14",
              "1.14.8-gke.12",
              "1.14.8-gke.7",
              "1.14.8-gke.2",
              "1.14.7-gke.40",
              "1.14.7-gke.25",
              "1.14.7-gke.23",
              "1.14.7-gke.17",
              "1.14.7-gke.14",
              "1.14.7-gke.10",
              "1.14.6-gke.13",
              "1.14.6-gke.2",
              "1.14.6-gke.1",
              "1.14.3-gke.11",
              "1.14.3-gke.10",
              "1.14.3-gke.9",
              "1.14.2-gke.9",
              "1.14.1-gke.5",
              "1.13.12-gke.30",
              "1.13.12-gke.25",
              "1.13.12-gke.17",
              "1.13.12-gke.16",
              "1.13.12-gke.14",
              "1.13.12-gke.13",
              "1.13.12-gke.10",
              "1.13.12-gke.8",
              "1.13.12-gke.4",
              "1.13.12-gke.2",
              "1.13.11-gke.23",
              "1.13.11-gke.15",
              "1.13.11-gke.14",
              "1.13.11-gke.12",
              "1.13.11-gke.11",
              "1.13.11-gke.9",
              "1.13.11-gke.5",
              "1.13.10-gke.7",
              "1.13.10-gke.0",
              "1.13.9-gke.11",
              "1.13.9-gke.3",
              "1.13.7-gke.24",
              "1.13.7-gke.19",
              "1.13.7-gke.15",
              "1.13.7-gke.8",
              "1.13.7-gke.0",
              "1.13.6-gke.13",
              "1.13.6-gke.6",
              "1.13.6-gke.5",
              "1.13.6-gke.0",
              "1.13.5-gke.10",
              "1.12.10-gke.22",
              "1.12.10-gke.20",
              "1.12.10-gke.19",
              "1.12.10-gke.18",
              "1.12.10-gke.17",
              "1.12.10-gke.15",
              "1.12.10-gke.13",
              "1.12.10-gke.11",
              "1.12.10-gke.5",
              "1.12.9-gke.16",
              "1.12.9-gke.15",
              "1.12.9-gke.13",
              "1.12.9-gke.10",
              "1.12.9-gke.7",
              "1.12.9-gke.3",
              "1.12.8-gke.12",
              "1.12.8-gke.10",
              "1.12.8-gke.7",
              "1.12.8-gke.6",
              "1.12.7-gke.26",
              "1.12.7-gke.25",
              "1.12.7-gke.24",
              "1.12.7-gke.22",
              "1.12.7-gke.21",
              "1.12.7-gke.17",
              "1.12.7-gke.10",
              "1.12.7-gke.7",
              "1.12.6-gke.11",
              "1.12.6-gke.10",
              "1.12.6-gke.7",
              "1.12.5-gke.10",
              "1.12.5-gke.5",
              "1.11.10-gke.6",
              "1.11.10-gke.5"
            ],
            "version_prefix": null
          },
          "sensitive_attributes": []
        }
      ]
    },
    {
      "module": "module.server-cluster",
      "mode": "managed",
      "type": "google_container_cluster",
      "name": "primary",
      "provider": "provider[\"registry.terraform.io/hashicorp/google-beta\"]",
      "instances": [
        {
          "schema_version": 1,
          "attributes": {
            "addons_config": [
              {
                "cloudrun_config": [],
                "config_connector_config": [
                  {
                    "enabled": false
                  }
                ],
                "dns_cache_config": [
                  {
                    "enabled": false
                  }
                ],
                "gce_persistent_disk_csi_driver_config": [
                  {
                    "enabled": false
                  }
                ],
                "horizontal_pod_autoscaling": [
                  {
                    "disabled": false
                  }
                ],
                "http_load_balancing": [
                  {
                    "disabled": false
                  }
                ],
                "istio_config": [
                  {
                    "auth": "AUTH_MUTUAL_TLS",
                    "disabled": true
                  }
                ],
                "kalm_config": [
                  {
                    "enabled": false
                  }
                ],
                "network_policy_config": [
                  {
                    "disabled": false
                  }
                ]
              }
            ],
            "authenticator_groups_config": [],
            "cluster_autoscaling": [
              {
                "auto_provisioning_defaults": [],
                "autoscaling_profile": "BALANCED",
                "enabled": false,
                "resource_limits": []
              }
            ],
            "cluster_ipv4_cidr": "10.12.0.0/14",
            "cluster_telemetry": [
              {
                "type": "ENABLED"
              }
            ],
            "confidential_nodes": [],
            "database_encryption": [
              {
                "key_name": "",
                "state": "DECRYPTED"
              }
            ],
            "datapath_provider": "",
            "default_max_pods_per_node": 110,
            "default_snat_status": [
              {
                "disabled": false
              }
            ],
            "description": "",
            "enable_binary_authorization": false,
            "enable_intranode_visibility": false,
            "enable_kubernetes_alpha": false,
            "enable_legacy_abac": false,
            "enable_shielded_nodes": true,
            "enable_tpu": false,
            "endpoint": "35.203.142.238",
            "id": "projects/jk-mlops-dev/locations/us-west1-a/clusters/gke-cluster-server",
            "initial_node_count": 0,
            "instance_group_urls": [
              "https://www.googleapis.com/compute/beta/projects/jk-mlops-dev/zones/us-west1-a/instanceGroups/gke-gke-cluster-server-default-pool-7069469c-grp"
            ],
            "ip_allocation_policy": [
              {
                "cluster_ipv4_cidr_block": "10.12.0.0/14",
                "cluster_secondary_range_name": "gke-gke-cluster-server-pods-df8e005d",
                "services_ipv4_cidr_block": "10.16.0.0/20",
                "services_secondary_range_name": "gke-gke-cluster-server-services-df8e005d"
              }
            ],
            "label_fingerprint": "6affcf98",
            "location": "us-west1-a",
            "logging_service": "logging.googleapis.com/kubernetes",
            "maintenance_policy": [
              {
                "daily_maintenance_window": [
                  {
                    "duration": "PT4H0M0S",
                    "start_time": "05:00"
                  }
                ],
                "maintenance_exclusion": [],
                "recurring_window": []
              }
            ],
            "master_auth": [
              {
                "client_certificate": "",
                "client_certificate_config": [
                  {
                    "issue_client_certificate": false
                  }
                ],
                "client_key": "",
                "cluster_ca_certificate": "LS0tLS1CRUdJTiBDRVJUSUZJQ0FURS0tLS0tCk1JSURLakNDQWhLZ0F3SUJBZ0lRWVRZWVVuMTh2RDdQaHNHcnV4TWVSREFOQmdrcWhraUc5dzBCQVFzRkFEQXYKTVMwd0t3WURWUVFERXlRNE1qUXdOemd3WWkxa01qRmhMVFJqTkRndE9EQXdOQzFtTnpSbU56WXlPVFF3WmpJdwpIaGNOTWpFd01qSXdNak16TXpNM1doY05Nall3TWpJd01EQXpNek0zV2pBdk1TMHdLd1lEVlFRREV5UTRNalF3Ck56Z3dZaTFrTWpGaExUUmpORGd0T0RBd05DMW1OelJtTnpZeU9UUXdaakl3Z2dFaU1BMEdDU3FHU0liM0RRRUIKQVFVQUE0SUJEd0F3Z2dFS0FvSUJBUURBS3hJNHBoa28xQkE5WmlXL2Zva2NJbG5mNjRDSnhXcXl3d2txZXlISgpNNTQydWd4Y2xIcWx5Y0pOYUZWbVJHb3N1dHRKQTErZzFxN1BjWDZFRUxnYUM3cTlFdjZTM3d5U295R1hUYThoCnUyb2JzR0N0VkNTQWtqTmVVTlVpTlIraEs4bGJqc1Y0cVovQ3pFclJ4SDluTjJzM2lmSHlyLzNESXUvUnl2aTIKcHRnUHQzYy82WDUxdnU4UmpHbTRORmlESlZRSGRNaWVVU21RVWd6S3hKelZWR2UwYk0zL005REhEY1VqNlh0cgprQUVEZWhqZjMxRzFnSDZwQkZybFFJdFo0Z0tlQ0RDZkdWMjFiaTJQbUlqQkNIUnFlbnBQSW9uWGlGTWM3L0lOCnJ2Vno0OCt2TEdmNkVtaWZiaEppeHpWdlltb2NmNmUyODZ5Uks1WUZnVG1yQWdNQkFBR2pRakJBTUE0R0ExVWQKRHdFQi93UUVBd0lDQkRBUEJnTlZIUk1CQWY4RUJUQURBUUgvTUIwR0ExVWREZ1FXQkJRV0pJRVVNT3V0cjQ0bQpHMkFXMUpZaWRjWWRtVEFOQmdrcWhraUc5dzBCQVFzRkFBT0NBUUVBRjRVS0hyaFUvU1ZzNVlhRndpcGl0VmVyCmR6NzNmOXJKNVJhNkNmNFYycEQrSUZlUitSODZiNVJvZDYzbDFicmJ3cUFpQjkyMkpuVnArb0kvZVd3L1NndHMKZ0lCUk5veFhaWFcwbFpKTWMwS3QxRGVNVjZ5MUJVU0pNVmFmMDBvQzRXU1Y1SG1maUtOSmk5VTlleWhnOTdYRgp4bFVvbG91bEJOZC9SazBETFZsSmt1bkJ5ZkgrYWI5a1pJelpFRlBqdm56VnBMTmV6QU1NbmpGYlJMMXExSkVEClRhaGh3akxSU3Z2OHNMMEFNa1E3ZVNpY3FIZ1BiUGVsK3VaeHhCTFhZSDhrSUI1L09FbHNGNGQ3bzFqVUJ4WnAKVytGaHJRa2g1VWlvVnQwWWpvV3NQT29iblhwZE1ETDNQUVpWVmpBMm9hQWsrU2RMTzA4YXZkcElFK1NpbkE9PQotLS0tLUVORCBDRVJUSUZJQ0FURS0tLS0tCg==",
                "password": "",
                "username": ""
              }
            ],
            "master_authorized_networks_config": [],
            "master_version": "1.18.12-gke.1210",
            "min_master_version": null,
            "monitoring_service": "monitoring.googleapis.com/kubernetes",
            "name": "gke-cluster-server",
            "network": "projects/jk-mlops-dev/global/networks/default",
            "network_policy": [
              {
                "enabled": true,
                "provider": "CALICO"
              }
            ],
            "networking_mode": "VPC_NATIVE",
            "node_config": [
              {
                "boot_disk_kms_key": "",
                "disk_size_gb": 100,
                "disk_type": "pd-standard",
                "guest_accelerator": [],
                "image_type": "COS",
                "kubelet_config": [],
                "labels": {},
                "linux_node_config": [],
                "local_ssd_count": 0,
                "machine_type": "e2-medium",
                "metadata": {
                  "disable-legacy-endpoints": "true"
                },
                "min_cpu_platform": "",
                "oauth_scopes": [
                  "https://www.googleapis.com/auth/logging.write",
                  "https://www.googleapis.com/auth/monitoring"
                ],
                "preemptible": false,
                "sandbox_config": [],
                "service_account": "tf-gke-gke-cluster-ser-hiaq@jk-mlops-dev.iam.gserviceaccount.com",
                "shielded_instance_config": [
                  {
                    "enable_integrity_monitoring": true,
                    "enable_secure_boot": false
                  }
                ],
                "tags": [],
                "taint": [],
                "workload_metadata_config": [
                  {
                    "node_metadata": "GKE_METADATA_SERVER"
                  }
                ]
              }
            ],
            "node_locations": [],
            "node_pool": [
              {
                "autoscaling": [],
                "initial_node_count": 0,
                "instance_group_urls": [
                  "https://www.googleapis.com/compute/v1/projects/jk-mlops-dev/zones/us-west1-a/instanceGroupManagers/gke-gke-cluster-server-default-pool-7069469c-grp"
                ],
                "management": [
                  {
                    "auto_repair": true,
                    "auto_upgrade": true
                  }
                ],
                "max_pods_per_node": 110,
                "name": "default-pool",
                "name_prefix": "",
                "node_config": [
                  {
                    "boot_disk_kms_key": "",
                    "disk_size_gb": 100,
                    "disk_type": "pd-standard",
                    "guest_accelerator": [],
                    "image_type": "COS",
                    "kubelet_config": [],
                    "labels": {},
                    "linux_node_config": [],
                    "local_ssd_count": 0,
                    "machine_type": "e2-medium",
                    "metadata": {
                      "disable-legacy-endpoints": "true"
                    },
                    "min_cpu_platform": "",
                    "oauth_scopes": [
                      "https://www.googleapis.com/auth/logging.write",
                      "https://www.googleapis.com/auth/monitoring"
                    ],
                    "preemptible": false,
                    "sandbox_config": [],
                    "service_account": "tf-gke-gke-cluster-ser-hiaq@jk-mlops-dev.iam.gserviceaccount.com",
                    "shielded_instance_config": [
                      {
                        "enable_integrity_monitoring": true,
                        "enable_secure_boot": false
                      }
                    ],
                    "tags": null,
                    "taint": [],
                    "workload_metadata_config": [
                      {
                        "node_metadata": "GKE_METADATA_SERVER"
                      }
                    ]
                  }
                ],
                "node_count": 0,
                "node_locations": [
                  "us-west1-a"
                ],
                "upgrade_settings": [
                  {
                    "max_surge": 1,
                    "max_unavailable": 0
                  }
                ],
                "version": "1.18.12-gke.1210"
              }
            ],
            "node_version": "1.18.12-gke.1210",
            "notification_config": [
              {
                "pubsub": [
                  {
                    "enabled": false,
                    "topic": ""
                  }
                ]
              }
            ],
            "operation": null,
            "pod_security_policy_config": [
              {
                "enabled": false
              }
            ],
            "private_cluster_config": [],
            "project": "jk-mlops-dev",
            "release_channel": [
              {
                "channel": "REGULAR"
              }
            ],
            "remove_default_node_pool": false,
            "resource_labels": {
              "mesh_id": "proj-895222332033"
            },
            "resource_usage_export_config": [],
            "self_link": "https://container.googleapis.com/v1beta1/projects/jk-mlops-dev/zones/us-west1-a/clusters/gke-cluster-server",
            "services_ipv4_cidr": "10.16.0.0/20",
            "subnetwork": "projects/jk-mlops-dev/regions/us-west1/subnetworks/default",
            "timeouts": {
              "create": "45m",
              "delete": "45m",
              "read": null,
              "update": "45m"
            },
            "tpu_ipv4_cidr_block": "",
            "vertical_pod_autoscaling": [
              {
                "enabled": false
              }
            ],
            "workload_identity_config": [
              {
                "identity_namespace": "jk-mlops-dev.svc.id.goog"
              }
            ]
          },
          "sensitive_attributes": [],
          "private": "eyJlMmJmYjczMC1lY2FhLTExZTYtOGY4OC0zNDM2M2JjN2M0YzAiOnsiY3JlYXRlIjoyNzAwMDAwMDAwMDAwLCJkZWxldGUiOjI3MDAwMDAwMDAwMDAsInJlYWQiOjI0MDAwMDAwMDAwMDAsInVwZGF0ZSI6MjcwMDAwMDAwMDAwMH0sInNjaGVtYV92ZXJzaW9uIjoiMSJ9",
          "dependencies": [
            "data.google_client_config.current",
            "data.google_project.project",
            "module.project-services.google_project_service.project_services",
            "module.server-cluster.data.google_compute_zones.available",
            "module.server-cluster.data.google_container_engine_versions.region",
            "module.server-cluster.data.google_container_engine_versions.zone",
            "module.server-cluster.google_service_account.cluster_service_account",
            "module.server-cluster.random_shuffle.available_zones",
            "module.server-cluster.random_string.cluster_service_account_suffix"
          ]
        }
      ]
    },
    {
      "module": "module.server-cluster",
      "mode": "managed",
      "type": "google_container_node_pool",
      "name": "pools",
      "provider": "provider[\"registry.terraform.io/hashicorp/google-beta\"]",
      "instances": [
        {
          "index_key": "default-node-pool",
          "schema_version": 1,
          "attributes": {
            "autoscaling": [],
            "cluster": "gke-cluster-server",
            "id": "projects/jk-mlops-dev/locations/us-west1-a/clusters/gke-cluster-server/nodePools/default-node-pool",
            "initial_node_count": 1,
            "instance_group_urls": [
              "https://www.googleapis.com/compute/v1/projects/jk-mlops-dev/zones/us-west1-a/instanceGroupManagers/gke-gke-cluster-serv-default-node-poo-dc28674d-grp"
            ],
            "location": "us-west1-a",
            "management": [
              {
                "auto_repair": true,
                "auto_upgrade": true
              }
            ],
            "max_pods_per_node": 110,
            "name": "default-node-pool",
            "name_prefix": "",
            "node_config": [
              {
                "boot_disk_kms_key": "",
                "disk_size_gb": 100,
                "disk_type": "pd-standard",
                "guest_accelerator": [],
                "image_type": "COS",
                "kubelet_config": [],
                "labels": {
                  "cluster_name": "gke-cluster-server",
                  "node_pool": "default-node-pool"
                },
                "linux_node_config": [],
                "local_ssd_count": 0,
                "machine_type": "n1-standard-4",
                "metadata": {
                  "cluster_name": "gke-cluster-server",
                  "disable-legacy-endpoints": "true",
                  "node_pool": "default-node-pool"
                },
                "min_cpu_platform": "",
                "oauth_scopes": [
                  "https://www.googleapis.com/auth/cloud-platform"
                ],
                "preemptible": false,
                "sandbox_config": [],
                "service_account": "tf-gke-gke-cluster-ser-hiaq@jk-mlops-dev.iam.gserviceaccount.com",
                "shielded_instance_config": [
                  {
                    "enable_integrity_monitoring": true,
                    "enable_secure_boot": false
                  }
                ],
                "tags": [
                  "gke-gke-cluster-server",
                  "gke-gke-cluster-server-default-node-pool"
                ],
                "taint": [],
                "workload_metadata_config": [
                  {
                    "node_metadata": "GKE_METADATA_SERVER"
                  }
                ]
              }
            ],
            "node_count": 1,
            "node_locations": [
              "us-west1-a"
            ],
            "project": "jk-mlops-dev",
            "timeouts": {
              "create": "45m",
              "delete": "45m",
              "update": "45m"
            },
            "upgrade_settings": [
              {
                "max_surge": 1,
                "max_unavailable": 0
              }
            ],
            "version": "1.18.12-gke.1210"
          },
          "sensitive_attributes": [],
          "private": "eyJlMmJmYjczMC1lY2FhLTExZTYtOGY4OC0zNDM2M2JjN2M0YzAiOnsiY3JlYXRlIjoyNzAwMDAwMDAwMDAwLCJkZWxldGUiOjI3MDAwMDAwMDAwMDAsInVwZGF0ZSI6MjcwMDAwMDAwMDAwMH0sInNjaGVtYV92ZXJzaW9uIjoiMSJ9",
          "dependencies": [
            "data.google_client_config.current",
            "data.google_project.project",
            "module.project-services.google_project_service.project_services",
            "module.server-cluster.data.google_compute_zones.available",
            "module.server-cluster.data.google_container_engine_versions.region",
            "module.server-cluster.data.google_container_engine_versions.zone",
            "module.server-cluster.google_container_cluster.primary",
            "module.server-cluster.google_service_account.cluster_service_account",
            "module.server-cluster.random_shuffle.available_zones",
            "module.server-cluster.random_string.cluster_service_account_suffix"
          ]
        }
      ]
    },
    {
      "module": "module.server-cluster",
      "mode": "managed",
      "type": "google_project_iam_member",
      "name": "cluster_service_account-log_writer",
      "provider": "provider[\"registry.terraform.io/hashicorp/google\"]",
      "instances": [
        {
          "index_key": 0,
          "schema_version": 0,
          "attributes": {
            "condition": [],
            "etag": "BwW7zdZSERE=",
            "id": "jk-mlops-dev/roles/logging.logWriter/serviceaccount:tf-gke-gke-cluster-ser-hiaq@jk-mlops-dev.iam.gserviceaccount.com",
            "member": "serviceAccount:tf-gke-gke-cluster-ser-hiaq@jk-mlops-dev.iam.gserviceaccount.com",
            "project": "jk-mlops-dev",
            "role": "roles/logging.logWriter"
          },
          "sensitive_attributes": [],
          "private": "bnVsbA==",
          "dependencies": [
            "data.google_client_config.current",
            "module.project-services.google_project_service.project_services",
            "module.server-cluster.google_service_account.cluster_service_account",
            "module.server-cluster.random_string.cluster_service_account_suffix"
          ]
        }
      ]
    },
    {
      "module": "module.server-cluster",
      "mode": "managed",
      "type": "google_project_iam_member",
      "name": "cluster_service_account-metric_writer",
      "provider": "provider[\"registry.terraform.io/hashicorp/google\"]",
      "instances": [
        {
          "index_key": 0,
          "schema_version": 0,
          "attributes": {
            "condition": [],
            "etag": "BwW7zdbNeio=",
            "id": "jk-mlops-dev/roles/monitoring.metricWriter/serviceaccount:tf-gke-gke-cluster-ser-hiaq@jk-mlops-dev.iam.gserviceaccount.com",
            "member": "serviceAccount:tf-gke-gke-cluster-ser-hiaq@jk-mlops-dev.iam.gserviceaccount.com",
            "project": "jk-mlops-dev",
            "role": "roles/monitoring.metricWriter"
          },
          "sensitive_attributes": [],
          "private": "bnVsbA==",
          "dependencies": [
            "data.google_client_config.current",
            "module.project-services.google_project_service.project_services",
            "module.server-cluster.google_project_iam_member.cluster_service_account-log_writer",
            "module.server-cluster.google_service_account.cluster_service_account",
            "module.server-cluster.random_string.cluster_service_account_suffix"
          ]
        }
      ]
    },
    {
      "module": "module.server-cluster",
      "mode": "managed",
      "type": "google_project_iam_member",
      "name": "cluster_service_account-monitoring_viewer",
      "provider": "provider[\"registry.terraform.io/hashicorp/google\"]",
      "instances": [
        {
          "index_key": 0,
          "schema_version": 0,
          "attributes": {
            "condition": [],
            "etag": "BwW7zddDRPs=",
            "id": "jk-mlops-dev/roles/monitoring.viewer/serviceaccount:tf-gke-gke-cluster-ser-hiaq@jk-mlops-dev.iam.gserviceaccount.com",
            "member": "serviceAccount:tf-gke-gke-cluster-ser-hiaq@jk-mlops-dev.iam.gserviceaccount.com",
            "project": "jk-mlops-dev",
            "role": "roles/monitoring.viewer"
          },
          "sensitive_attributes": [],
          "private": "bnVsbA==",
          "dependencies": [
            "data.google_client_config.current",
            "module.project-services.google_project_service.project_services",
            "module.server-cluster.google_project_iam_member.cluster_service_account-log_writer",
            "module.server-cluster.google_project_iam_member.cluster_service_account-metric_writer",
            "module.server-cluster.google_service_account.cluster_service_account",
            "module.server-cluster.random_string.cluster_service_account_suffix"
          ]
        }
      ]
    },
    {
      "module": "module.server-cluster",
      "mode": "managed",
      "type": "google_project_iam_member",
      "name": "cluster_service_account-resourceMetadata-writer",
      "provider": "provider[\"registry.terraform.io/hashicorp/google\"]",
      "instances": [
        {
          "index_key": 0,
          "schema_version": 0,
          "attributes": {
            "condition": [],
            "etag": "BwW7zde40KE=",
            "id": "jk-mlops-dev/roles/stackdriver.resourceMetadata.writer/serviceaccount:tf-gke-gke-cluster-ser-hiaq@jk-mlops-dev.iam.gserviceaccount.com",
            "member": "serviceAccount:tf-gke-gke-cluster-ser-hiaq@jk-mlops-dev.iam.gserviceaccount.com",
            "project": "jk-mlops-dev",
            "role": "roles/stackdriver.resourceMetadata.writer"
          },
          "sensitive_attributes": [],
          "private": "bnVsbA==",
          "dependencies": [
            "data.google_client_config.current",
            "module.project-services.google_project_service.project_services",
            "module.server-cluster.google_project_iam_member.cluster_service_account-log_writer",
            "module.server-cluster.google_project_iam_member.cluster_service_account-metric_writer",
            "module.server-cluster.google_project_iam_member.cluster_service_account-monitoring_viewer",
            "module.server-cluster.google_service_account.cluster_service_account",
            "module.server-cluster.random_string.cluster_service_account_suffix"
          ]
        }
      ]
    },
    {
      "module": "module.server-cluster",
      "mode": "managed",
      "type": "google_service_account",
      "name": "cluster_service_account",
      "provider": "provider[\"registry.terraform.io/hashicorp/google\"]",
      "instances": [
        {
          "index_key": 0,
          "schema_version": 0,
          "attributes": {
            "account_id": "tf-gke-gke-cluster-ser-hiaq",
            "description": "",
            "display_name": "Terraform-managed service account for cluster gke-cluster-server",
            "email": "tf-gke-gke-cluster-ser-hiaq@jk-mlops-dev.iam.gserviceaccount.com",
            "id": "projects/jk-mlops-dev/serviceAccounts/tf-gke-gke-cluster-ser-hiaq@jk-mlops-dev.iam.gserviceaccount.com",
            "name": "projects/jk-mlops-dev/serviceAccounts/tf-gke-gke-cluster-ser-hiaq@jk-mlops-dev.iam.gserviceaccount.com",
            "project": "jk-mlops-dev",
            "timeouts": null,
            "unique_id": "117352943029246413531"
          },
          "sensitive_attributes": [],
          "private": "eyJlMmJmYjczMC1lY2FhLTExZTYtOGY4OC0zNDM2M2JjN2M0YzAiOnsiY3JlYXRlIjozMDAwMDAwMDAwMDB9fQ==",
          "dependencies": [
            "data.google_client_config.current",
            "module.project-services.google_project_service.project_services",
            "module.server-cluster.random_string.cluster_service_account_suffix"
          ]
        }
      ]
    },
    {
      "module": "module.server-cluster",
      "mode": "managed",
      "type": "random_shuffle",
      "name": "available_zones",
      "provider": "provider[\"registry.terraform.io/hashicorp/random\"]",
      "instances": [
        {
          "schema_version": 0,
          "attributes": {
            "id": "-",
            "input": [
              "us-west1-a",
              "us-west1-b",
              "us-west1-c"
            ],
            "keepers": null,
            "result": [
              "us-west1-a",
              "us-west1-c",
              "us-west1-b"
            ],
            "result_count": 3,
            "seed": null
          },
          "sensitive_attributes": [],
          "private": "bnVsbA==",
          "dependencies": [
            "module.server-cluster.data.google_compute_zones.available"
          ]
        }
      ]
    },
    {
      "module": "module.server-cluster",
      "mode": "managed",
      "type": "random_string",
      "name": "cluster_service_account_suffix",
      "provider": "provider[\"registry.terraform.io/hashicorp/random\"]",
      "instances": [
        {
          "schema_version": 1,
          "attributes": {
            "id": "hiaq",
            "keepers": null,
            "length": 4,
            "lower": true,
            "min_lower": 0,
            "min_numeric": 0,
            "min_special": 0,
            "min_upper": 0,
            "number": true,
            "override_special": null,
            "result": "hiaq",
            "special": false,
            "upper": false
          },
          "sensitive_attributes": [],
          "private": "eyJzY2hlbWFfdmVyc2lvbiI6IjEifQ=="
        }
      ]
    },
    {
      "module": "module.server-cluster.module.gcloud_delete_default_kube_dns_configmap.module.gcloud_kubectl",
      "mode": "managed",
      "type": "null_resource",
      "name": "module_depends_on",
      "provider": "provider[\"registry.terraform.io/hashicorp/null\"]",
      "instances": [
        {
          "index_key": 0,
          "schema_version": 0,
          "attributes": {
            "id": "6099514850800765688",
            "triggers": {
              "value": "3"
            }
          },
          "sensitive_attributes": [],
          "private": "bnVsbA==",
          "dependencies": [
            "data.google_client_config.current",
            "data.google_project.project",
            "module.project-services.google_project_service.project_services",
            "module.server-cluster.data.google_client_config.default",
            "module.server-cluster.data.google_compute_zones.available",
            "module.server-cluster.data.google_container_engine_versions.region",
            "module.server-cluster.data.google_container_engine_versions.zone",
            "module.server-cluster.google_container_cluster.primary",
            "module.server-cluster.google_container_node_pool.pools",
            "module.server-cluster.google_service_account.cluster_service_account",
            "module.server-cluster.random_shuffle.available_zones",
            "module.server-cluster.random_string.cluster_service_account_suffix"
          ]
        }
      ]
    }
  ]
}
